{
  "version": 4,
  "terraform_version": "1.3.6",
  "serial": 349,
  "lineage": "07b68ee9-6600-4988-66bd-49605f7a0e91",
  "outputs": {},
  "resources": [
    {
      "mode": "data",
      "type": "pagerduty_escalation_policy",
      "name": "default",
      "provider": "provider[\"registry.terraform.io/pagerduty/pagerduty\"]",
      "instances": [
        {
          "schema_version": 0,
          "attributes": {
            "id": "PA57YI4",
            "name": "Default"
          },
          "sensitive_attributes": []
        }
      ]
    },
    {
      "mode": "data",
      "type": "pagerduty_service",
      "name": "devops",
      "provider": "provider[\"registry.terraform.io/pagerduty/pagerduty\"]",
      "instances": [
        {
          "schema_version": 0,
          "attributes": {
            "id": "PQ6EG8U",
            "name": "Devops",
            "type": "service"
          },
          "sensitive_attributes": []
        }
      ]
    },
    {
      "mode": "managed",
      "type": "pagerduty_event_orchestration",
      "name": "devops",
      "provider": "provider[\"registry.terraform.io/pagerduty/pagerduty\"]",
      "instances": [
        {
          "schema_version": 0,
          "attributes": {
            "description": "Send events from DevOps to a list of services",
            "id": "c9e62a85-8fa6-4c36-ac49-cfeadfb8ad53",
            "integration": [
              {
                "id": "103f2df1-59bb-4edc-8f4e-3ac9a3bd76ea",
                "parameters": [
                  {
                    "routing_key": "R02J1SDSN2HD6O5CBVALE470P1YTERJH",
                    "type": "global"
                  }
                ]
              }
            ],
            "name": "Devops",
            "routes": 0,
            "team": null
          },
          "sensitive_attributes": [],
          "private": "bnVsbA=="
        }
      ]
    },
    {
      "mode": "managed",
      "type": "pagerduty_event_orchestration_router",
      "name": "router",
      "provider": "provider[\"registry.terraform.io/pagerduty/pagerduty\"]",
      "instances": [
        {
          "schema_version": 0,
          "attributes": {
            "catch_all": [
              {
                "actions": [
                  {
                    "route_to": "unrouted"
                  }
                ]
              }
            ],
            "event_orchestration": "c9e62a85-8fa6-4c36-ac49-cfeadfb8ad53",
            "id": "c9e62a85-8fa6-4c36-ac49-cfeadfb8ad53",
            "set": [
              {
                "id": "start",
                "rule": [
                  {
                    "actions": [
                      {
                        "route_to": "PUHOH9U"
                      }
                    ],
                    "condition": [
                      {
                        "expression": "event.summary matches regex 'cecomhostprojectproduction\\\\b'"
                      }
                    ],
                    "disabled": false,
                    "id": "",
                    "label": "Events relating to Cecomhostprojectproduction"
                  },
                  {
                    "actions": [
                      {
                        "route_to": "PUACNA7"
                      }
                    ],
                    "condition": [
                      {
                        "expression": "event.summary matches regex 'agcpartn724293144879715090\\\\b'"
                      }
                    ],
                    "disabled": false,
                    "id": "",
                    "label": "Events relating to Agcpartn724293144879715090"
                  },
                  {
                    "actions": [
                      {
                        "route_to": "PJ2Z3I1"
                      }
                    ],
                    "condition": [
                      {
                        "expression": "event.summary matches regex 'americane82018410522879632\\\\b'"
                      }
                    ],
                    "disabled": false,
                    "id": "",
                    "label": "Events relating to Americane82018410522879632"
                  },
                  {
                    "actions": [
                      {
                        "route_to": "P3Q3ET1"
                      }
                    ],
                    "condition": [
                      {
                        "expression": "event.summary matches regex 'appviewx816140081204059790\\\\b'"
                      }
                    ],
                    "disabled": false,
                    "id": "",
                    "label": "Events relating to Appviewx816140081204059790"
                  },
                  {
                    "actions": [
                      {
                        "route_to": "PQWVAV2"
                      }
                    ],
                    "condition": [
                      {
                        "expression": "event.summary matches regex 'bigimmer281521707765566363\\\\b'"
                      }
                    ],
                    "disabled": false,
                    "id": "",
                    "label": "Events relating to Bigimmer281521707765566363"
                  },
                  {
                    "actions": [
                      {
                        "route_to": "PX3ZVHD"
                      }
                    ],
                    "condition": [
                      {
                        "expression": "event.summary matches regex 'datagovp633462572263654780\\\\b'"
                      }
                    ],
                    "disabled": false,
                    "id": "",
                    "label": "Events relating to Datagovp633462572263654780"
                  },
                  {
                    "actions": [
                      {
                        "route_to": "PW0CZEO"
                      }
                    ],
                    "condition": [
                      {
                        "expression": "event.summary matches regex 'elefftest64895039768164394\\\\b'"
                      }
                    ],
                    "disabled": false,
                    "id": "",
                    "label": "Events relating to Elefftest64895039768164394"
                  },
                  {
                    "actions": [
                      {
                        "route_to": "PKTF2EL"
                      }
                    ],
                    "condition": [
                      {
                        "expression": "event.summary matches regex 'formativ718648307850097729\\\\b'"
                      }
                    ],
                    "disabled": false,
                    "id": "",
                    "label": "Events relating to Formativ718648307850097729"
                  },
                  {
                    "actions": [
                      {
                        "route_to": "P6EZYDO"
                      }
                    ],
                    "condition": [
                      {
                        "expression": "event.summary matches regex 'inetwebs152061635206655917\\\\b'"
                      }
                    ],
                    "disabled": false,
                    "id": "",
                    "label": "Events relating to Inetwebs152061635206655917"
                  },
                  {
                    "actions": [
                      {
                        "route_to": "PLZ08TM"
                      }
                    ],
                    "condition": [
                      {
                        "expression": "event.summary matches regex 'israelrai27963377783270403\\\\b'"
                      }
                    ],
                    "disabled": false,
                    "id": "",
                    "label": "Events relating to Israelrai27963377783270403"
                  },
                  {
                    "actions": [
                      {
                        "route_to": "PRAY6RN"
                      }
                    ],
                    "condition": [
                      {
                        "expression": "event.summary matches regex 'newrbzqa103306614922995878\\\\b'"
                      }
                    ],
                    "disabled": false,
                    "id": "",
                    "label": "Events relating to Newrbzqa103306614922995878"
                  },
                  {
                    "actions": [
                      {
                        "route_to": "PPI0UT0"
                      }
                    ],
                    "condition": [
                      {
                        "expression": "event.summary matches regex 'opencuri696928180841517713\\\\b'"
                      }
                    ],
                    "disabled": false,
                    "id": "",
                    "label": "Events relating to Opencuri696928180841517713"
                  },
                  {
                    "actions": [
                      {
                        "route_to": "PN4MG7F"
                      }
                    ],
                    "condition": [
                      {
                        "expression": "event.summary matches regex 'rbzaws78972580297192148311\\\\b'"
                      }
                    ],
                    "disabled": false,
                    "id": "",
                    "label": "Events relating to Rbzaws78972580297192148311"
                  },
                  {
                    "actions": [
                      {
                        "route_to": "PYKPHYG"
                      }
                    ],
                    "condition": [
                      {
                        "expression": "event.summary matches regex 'rbzqamp0030160679959478244\\\\b'"
                      }
                    ],
                    "disabled": false,
                    "id": "",
                    "label": "Events relating to Rbzqamp0030160679959478244"
                  },
                  {
                    "actions": [
                      {
                        "route_to": "P1XW2UE"
                      }
                    ],
                    "condition": [
                      {
                        "expression": "event.summary matches regex 'rbzqamp0073595184297896571\\\\b'"
                      }
                    ],
                    "disabled": false,
                    "id": "",
                    "label": "Events relating to Rbzqamp0073595184297896571"
                  },
                  {
                    "actions": [
                      {
                        "route_to": "PM9PED8"
                      }
                    ],
                    "condition": [
                      {
                        "expression": "event.summary matches regex 'reblazed706840781522387801\\\\b'"
                      }
                    ],
                    "disabled": false,
                    "id": "",
                    "label": "Events relating to Reblazed706840781522387801"
                  },
                  {
                    "actions": [
                      {
                        "route_to": "P4KJ9M8"
                      }
                    ],
                    "condition": [
                      {
                        "expression": "event.summary matches regex 'reblazede37304730316182808\\\\b'"
                      }
                    ],
                    "disabled": false,
                    "id": "",
                    "label": "Events relating to Reblazede37304730316182808"
                  },
                  {
                    "actions": [
                      {
                        "route_to": "PZHFGIE"
                      }
                    ],
                    "condition": [
                      {
                        "expression": "event.summary matches regex 'va2devqvn57129192392208814\\\\b'"
                      }
                    ],
                    "disabled": false,
                    "id": "",
                    "label": "Events relating to Va2Devqvn57129192392208814"
                  },
                  {
                    "actions": [
                      {
                        "route_to": "PAKCCM6"
                      }
                    ],
                    "condition": [
                      {
                        "expression": "event.summary matches regex 'bluegrid92868745751327215\\\\b'"
                      }
                    ],
                    "disabled": false,
                    "id": "",
                    "label": "Events relating to Bluegrid92868745751327215"
                  },
                  {
                    "actions": [
                      {
                        "route_to": "PGRJC8S"
                      }
                    ],
                    "condition": [
                      {
                        "expression": "event.summary matches regex 'cotohacfgwservice6epszaaf\\\\b'"
                      }
                    ],
                    "disabled": false,
                    "id": "",
                    "label": "Events relating to Cotohacfgwservice6Epszaaf"
                  },
                  {
                    "actions": [
                      {
                        "route_to": "PSZ6FU1"
                      }
                    ],
                    "condition": [
                      {
                        "expression": "event.summary matches regex 'qavadim847914756549420121\\\\b'"
                      }
                    ],
                    "disabled": false,
                    "id": "",
                    "label": "Events relating to Qavadim847914756549420121"
                  },
                  {
                    "actions": [
                      {
                        "route_to": "P634SB9"
                      }
                    ],
                    "condition": [
                      {
                        "expression": "event.summary matches regex 'rbzolga753103565707641934\\\\b'"
                      }
                    ],
                    "disabled": false,
                    "id": "",
                    "label": "Events relating to Rbzolga753103565707641934"
                  },
                  {
                    "actions": [
                      {
                        "route_to": "PN65T0Y"
                      }
                    ],
                    "condition": [
                      {
                        "expression": "event.summary matches regex 'chiper639237995632723462\\\\b'"
                      }
                    ],
                    "disabled": false,
                    "id": "",
                    "label": "Events relating to Chiper639237995632723462"
                  },
                  {
                    "actions": [
                      {
                        "route_to": "PS4O619"
                      }
                    ],
                    "condition": [
                      {
                        "expression": "event.summary matches regex 'cyqurex52970321352494334\\\\b'"
                      }
                    ],
                    "disabled": false,
                    "id": "",
                    "label": "Events relating to Cyqurex52970321352494334"
                  },
                  {
                    "actions": [
                      {
                        "route_to": "PMVNXL4"
                      }
                    ],
                    "condition": [
                      {
                        "expression": "event.summary matches regex 'reblaze74690738161970604\\\\b'"
                      }
                    ],
                    "disabled": false,
                    "id": "",
                    "label": "Events relating to Reblaze74690738161970604"
                  },
                  {
                    "actions": [
                      {
                        "route_to": "P57MCMK"
                      }
                    ],
                    "condition": [
                      {
                        "expression": "event.summary matches regex 'searce597402607595260740\\\\b'"
                      }
                    ],
                    "disabled": false,
                    "id": "",
                    "label": "Events relating to Searce597402607595260740"
                  },
                  {
                    "actions": [
                      {
                        "route_to": "PT0YVVR"
                      }
                    ],
                    "condition": [
                      {
                        "expression": "event.summary matches regex 'israel69595972334368573\\\\b'"
                      }
                    ],
                    "disabled": false,
                    "id": "",
                    "label": "Events relating to Israel69595972334368573"
                  },
                  {
                    "actions": [
                      {
                        "route_to": "PC43VU0"
                      }
                    ],
                    "condition": [
                      {
                        "expression": "event.summary matches regex 'estoreproduction194504\\\\b'"
                      }
                    ],
                    "disabled": false,
                    "id": "",
                    "label": "Events relating to Estoreproduction194504"
                  },
                  {
                    "actions": [
                      {
                        "route_to": "P6P28J5"
                      }
                    ],
                    "condition": [
                      {
                        "expression": "event.summary matches regex 'qaolga3953602350965345\\\\b'"
                      }
                    ],
                    "disabled": false,
                    "id": "",
                    "label": "Events relating to Qaolga3953602350965345"
                  },
                  {
                    "actions": [
                      {
                        "route_to": "P6WHSO8"
                      }
                    ],
                    "condition": [
                      {
                        "expression": "event.summary matches regex 'mpprodreblazeteststg\\\\b'"
                      }
                    ],
                    "disabled": false,
                    "id": "",
                    "label": "Events relating to Mpprodreblazeteststg"
                  },
                  {
                    "actions": [
                      {
                        "route_to": "P8YPKUR"
                      }
                    ],
                    "condition": [
                      {
                        "expression": "event.summary matches regex 'cecomhostproject01\\\\b'"
                      }
                    ],
                    "disabled": false,
                    "id": "",
                    "label": "Events relating to Cecomhostproject01"
                  },
                  {
                    "actions": [
                      {
                        "route_to": "P1FO8JH"
                      }
                    ],
                    "condition": [
                      {
                        "expression": "event.summary matches regex 'rbzaws221986932086\\\\b'"
                      }
                    ],
                    "disabled": false,
                    "id": "",
                    "label": "Events relating to Rbzaws221986932086"
                  },
                  {
                    "actions": [
                      {
                        "route_to": "P2UM1EC"
                      }
                    ],
                    "condition": [
                      {
                        "expression": "event.summary matches regex 'rbzaws232079419768\\\\b'"
                      }
                    ],
                    "disabled": false,
                    "id": "",
                    "label": "Events relating to Rbzaws232079419768"
                  },
                  {
                    "actions": [
                      {
                        "route_to": "P3XIKI4"
                      }
                    ],
                    "condition": [
                      {
                        "expression": "event.summary matches regex 'rbzaws479335881964\\\\b'"
                      }
                    ],
                    "disabled": false,
                    "id": "",
                    "label": "Events relating to Rbzaws479335881964"
                  },
                  {
                    "actions": [
                      {
                        "route_to": "PV39AUQ"
                      }
                    ],
                    "condition": [
                      {
                        "expression": "event.summary matches regex 'rbzaws589416701894\\\\b'"
                      }
                    ],
                    "disabled": false,
                    "id": "",
                    "label": "Events relating to Rbzaws589416701894"
                  },
                  {
                    "actions": [
                      {
                        "route_to": "P2918WG"
                      }
                    ],
                    "condition": [
                      {
                        "expression": "event.summary matches regex 'rbzaws667713386313\\\\b'"
                      }
                    ],
                    "disabled": false,
                    "id": "",
                    "label": "Events relating to Rbzaws667713386313"
                  },
                  {
                    "actions": [
                      {
                        "route_to": "PI6OEQJ"
                      }
                    ],
                    "condition": [
                      {
                        "expression": "event.summary matches regex 'rbzaws789809902545\\\\b'"
                      }
                    ],
                    "disabled": false,
                    "id": "",
                    "label": "Events relating to Rbzaws789809902545"
                  },
                  {
                    "actions": [
                      {
                        "route_to": "P0K6W8V"
                      }
                    ],
                    "condition": [
                      {
                        "expression": "event.summary matches regex 'cth2prod1zxnri8x8\\\\b'"
                      }
                    ],
                    "disabled": false,
                    "id": "",
                    "label": "Events relating to Cth2Prod1Zxnri8X8"
                  },
                  {
                    "actions": [
                      {
                        "route_to": "P2BYYQM"
                      }
                    ],
                    "condition": [
                      {
                        "expression": "event.summary matches regex 'forbesdevelopment\\\\b'"
                      }
                    ],
                    "disabled": false,
                    "id": "",
                    "label": "Events relating to Forbesdevelopment"
                  },
                  {
                    "actions": [
                      {
                        "route_to": "P5H6ZTQ"
                      }
                    ],
                    "condition": [
                      {
                        "expression": "event.summary matches regex 'notrbztestproject\\\\b'"
                      }
                    ],
                    "disabled": false,
                    "id": "",
                    "label": "Events relating to Notrbztestproject"
                  },
                  {
                    "actions": [
                      {
                        "route_to": "PDSL7FO"
                      }
                    ],
                    "condition": [
                      {
                        "expression": "event.summary matches regex 'prefectprode1e512\\\\b'"
                      }
                    ],
                    "disabled": false,
                    "id": "",
                    "label": "Events relating to Prefectprode1E512"
                  },
                  {
                    "actions": [
                      {
                        "route_to": "P7C2Y09"
                      }
                    ],
                    "condition": [
                      {
                        "expression": "event.summary matches regex 'betfaircasinostg\\\\b'"
                      }
                    ],
                    "disabled": false,
                    "id": "",
                    "label": "Events relating to Betfaircasinostg"
                  },
                  {
                    "actions": [
                      {
                        "route_to": "P922K4Q"
                      }
                    ],
                    "condition": [
                      {
                        "expression": "event.summary matches regex 'forbesproduction\\\\b'"
                      }
                    ],
                    "disabled": false,
                    "id": "",
                    "label": "Events relating to Forbesproduction"
                  },
                  {
                    "actions": [
                      {
                        "route_to": "PH298UB"
                      }
                    ],
                    "condition": [
                      {
                        "expression": "event.summary matches regex 'lvpn527370280444\\\\b'"
                      }
                    ],
                    "disabled": false,
                    "id": "",
                    "label": "Events relating to Lvpn527370280444"
                  },
                  {
                    "actions": [
                      {
                        "route_to": "PK0234M"
                      }
                    ],
                    "condition": [
                      {
                        "expression": "event.summary matches regex 'pnivpd7k5tsndoom\\\\b'"
                      }
                    ],
                    "disabled": false,
                    "id": "",
                    "label": "Events relating to Pnivpd7K5Tsndoom"
                  },
                  {
                    "actions": [
                      {
                        "route_to": "PV9J73A"
                      }
                    ],
                    "condition": [
                      {
                        "expression": "event.summary matches regex 'rbzdevbratislava\\\\b'"
                      }
                    ],
                    "disabled": false,
                    "id": "",
                    "label": "Events relating to Rbzdevbratislava"
                  },
                  {
                    "actions": [
                      {
                        "route_to": "PU5GB7S"
                      }
                    ],
                    "condition": [
                      {
                        "expression": "event.summary matches regex 'rbzdevtzury2202\\\\b'"
                      }
                    ],
                    "disabled": false,
                    "id": "",
                    "label": "Events relating to Rbzdevtzury2202"
                  },
                  {
                    "actions": [
                      {
                        "route_to": "PR80GX4"
                      }
                    ],
                    "condition": [
                      {
                        "expression": "event.summary matches regex 'va2prodgisxiq15\\\\b'"
                      }
                    ],
                    "disabled": false,
                    "id": "",
                    "label": "Events relating to Va2Prodgisxiq15"
                  },
                  {
                    "actions": [
                      {
                        "route_to": "PD70RXS"
                      }
                    ],
                    "condition": [
                      {
                        "expression": "event.summary matches regex 'chargeafterstg\\\\b'"
                      }
                    ],
                    "disabled": false,
                    "id": "",
                    "label": "Events relating to Chargeafterstg"
                  },
                  {
                    "actions": [
                      {
                        "route_to": "PCND23N"
                      }
                    ],
                    "condition": [
                      {
                        "expression": "event.summary matches regex 'gtaureblazestg\\\\b'"
                      }
                    ],
                    "disabled": false,
                    "id": "",
                    "label": "Events relating to Gtaureblazestg"
                  },
                  {
                    "actions": [
                      {
                        "route_to": "P9DY36S"
                      }
                    ],
                    "condition": [
                      {
                        "expression": "event.summary matches regex 'leonardohotels\\\\b'"
                      }
                    ],
                    "disabled": false,
                    "id": "",
                    "label": "Events relating to Leonardohotels"
                  },
                  {
                    "actions": [
                      {
                        "route_to": "PT9WODN"
                      }
                    ],
                    "condition": [
                      {
                        "expression": "event.summary matches regex 'rbcompliance2\\\\b'"
                      }
                    ],
                    "disabled": false,
                    "id": "",
                    "label": "Events relating to Rbcompliance2"
                  },
                  {
                    "actions": [
                      {
                        "route_to": "PYN0OPX"
                      }
                    ],
                    "condition": [
                      {
                        "expression": "event.summary matches regex 'rbzdevmerge001\\\\b'"
                      }
                    ],
                    "disabled": false,
                    "id": "",
                    "label": "Events relating to Rbzdevmerge001"
                  },
                  {
                    "actions": [
                      {
                        "route_to": "PY7C1DL"
                      }
                    ],
                    "condition": [
                      {
                        "expression": "event.summary matches regex 'rbzqasomething\\\\b'"
                      }
                    ],
                    "disabled": false,
                    "id": "",
                    "label": "Events relating to Rbzqasomething"
                  },
                  {
                    "actions": [
                      {
                        "route_to": "PWS4PFB"
                      }
                    ],
                    "condition": [
                      {
                        "expression": "event.summary matches regex 'va2devqvnx6mz0\\\\b'"
                      }
                    ],
                    "disabled": false,
                    "id": "",
                    "label": "Events relating to Va2Devqvnx6Mz0"
                  },
                  {
                    "actions": [
                      {
                        "route_to": "PO1N5BK"
                      }
                    ],
                    "condition": [
                      {
                        "expression": "event.summary matches regex 'betfaircasino\\\\b'"
                      }
                    ],
                    "disabled": false,
                    "id": "",
                    "label": "Events relating to Betfaircasino"
                  },
                  {
                    "actions": [
                      {
                        "route_to": "PA97WK4"
                      }
                    ],
                    "condition": [
                      {
                        "expression": "event.summary matches regex 'defaultstuff2\\\\b'"
                      }
                    ],
                    "disabled": false,
                    "id": "",
                    "label": "Events relating to Defaultstuff2"
                  },
                  {
                    "actions": [
                      {
                        "route_to": "P14LCAY"
                      }
                    ],
                    "condition": [
                      {
                        "expression": "event.summary matches regex 'hzreblazeprod\\\\b'"
                      }
                    ],
                    "disabled": false,
                    "id": "",
                    "label": "Events relating to Hzreblazeprod"
                  },
                  {
                    "actions": [
                      {
                        "route_to": "PHEK1PW"
                      }
                    ],
                    "condition": [
                      {
                        "expression": "event.summary matches regex 'ironsolutions\\\\b'"
                      }
                    ],
                    "disabled": false,
                    "id": "",
                    "label": "Events relating to Ironsolutions"
                  },
                  {
                    "actions": [
                      {
                        "route_to": "PTNBLW3"
                      }
                    ],
                    "condition": [
                      {
                        "expression": "event.summary matches regex 'machinerypete\\\\b'"
                      }
                    ],
                    "disabled": false,
                    "id": "",
                    "label": "Events relating to Machinerypete"
                  },
                  {
                    "actions": [
                      {
                        "route_to": "PLQ2S93"
                      }
                    ],
                    "condition": [
                      {
                        "expression": "event.summary matches regex 'pplprodfephx2\\\\b'"
                      }
                    ],
                    "disabled": false,
                    "id": "",
                    "label": "Events relating to Pplprodfephx2"
                  },
                  {
                    "actions": [
                      {
                        "route_to": "PJ4KQTA"
                      }
                    ],
                    "condition": [
                      {
                        "expression": "event.summary matches regex 'zoomanalytics\\\\b'"
                      }
                    ],
                    "disabled": false,
                    "id": "",
                    "label": "Events relating to Zoomanalytics"
                  },
                  {
                    "actions": [
                      {
                        "route_to": "P90KNOX"
                      }
                    ],
                    "condition": [
                      {
                        "expression": "event.summary matches regex 'adtorqueedge\\\\b'"
                      }
                    ],
                    "disabled": false,
                    "id": "",
                    "label": "Events relating to AdTorqueEdgecom"
                  },
                  {
                    "actions": [
                      {
                        "route_to": "PMNVRW1"
                      }
                    ],
                    "condition": [
                      {
                        "expression": "event.summary matches regex 'hzreblazestg\\\\b'"
                      }
                    ],
                    "disabled": false,
                    "id": "",
                    "label": "Events relating to Hzreblazestg"
                  },
                  {
                    "actions": [
                      {
                        "route_to": "PR96TPK"
                      }
                    ],
                    "condition": [
                      {
                        "expression": "event.summary matches regex 'payoneerxstg\\\\b'"
                      }
                    ],
                    "disabled": false,
                    "id": "",
                    "label": "Events relating to Payoneerxstg"
                  },
                  {
                    "actions": [
                      {
                        "route_to": "P1YBCNX"
                      }
                    ],
                    "condition": [
                      {
                        "expression": "event.summary matches regex 'ppluatfephx2\\\\b'"
                      }
                    ],
                    "disabled": false,
                    "id": "",
                    "label": "Events relating to Ppluatfephx2"
                  },
                  {
                    "actions": [
                      {
                        "route_to": "PHLWXLG"
                      }
                    ],
                    "condition": [
                      {
                        "expression": "event.summary matches regex 'rbzqaprod001\\\\b'"
                      }
                    ],
                    "disabled": false,
                    "id": "",
                    "label": "Events relating to Rbzqaprod001"
                  },
                  {
                    "actions": [
                      {
                        "route_to": "P0HI9ZJ"
                      }
                    ],
                    "condition": [
                      {
                        "expression": "event.summary matches regex 'rbzqaprod220\\\\b'"
                      }
                    ],
                    "disabled": false,
                    "id": "",
                    "label": "Events relating to Rbzqaprod220"
                  },
                  {
                    "actions": [
                      {
                        "route_to": "PQ3LNAJ"
                      }
                    ],
                    "condition": [
                      {
                        "expression": "event.summary matches regex 'stormferrero\\\\b'"
                      }
                    ],
                    "disabled": false,
                    "id": "",
                    "label": "Events relating to Stormferrero"
                  },
                  {
                    "actions": [
                      {
                        "route_to": "P2CE86F"
                      }
                    ],
                    "condition": [
                      {
                        "expression": "event.summary matches regex 'stormreplymt\\\\b'"
                      }
                    ],
                    "disabled": false,
                    "id": "",
                    "label": "Events relating to Stormreplymt"
                  },
                  {
                    "actions": [
                      {
                        "route_to": "PVWMA4P"
                      }
                    ],
                    "condition": [
                      {
                        "expression": "event.summary matches regex 'threelayerst\\\\b'"
                      }
                    ],
                    "disabled": false,
                    "id": "",
                    "label": "Events relating to Threelayerst"
                  },
                  {
                    "actions": [
                      {
                        "route_to": "P56H374"
                      }
                    ],
                    "condition": [
                      {
                        "expression": "event.summary matches regex 'tmprotection\\\\b'"
                      }
                    ],
                    "disabled": false,
                    "id": "",
                    "label": "Events relating to Tmprotection"
                  },
                  {
                    "actions": [
                      {
                        "route_to": "P9TUA5D"
                      }
                    ],
                    "condition": [
                      {
                        "expression": "event.summary matches regex 'twobsecure02\\\\b'"
                      }
                    ],
                    "disabled": false,
                    "id": "",
                    "label": "Events relating to Twobsecure02"
                  },
                  {
                    "actions": [
                      {
                        "route_to": "PIHGKSL"
                      }
                    ],
                    "condition": [
                      {
                        "expression": "event.summary matches regex 'backlotcars\\\\b'"
                      }
                    ],
                    "disabled": false,
                    "id": "",
                    "label": "Events relating to Backlotcars"
                  },
                  {
                    "actions": [
                      {
                        "route_to": "PH3RINU"
                      }
                    ],
                    "condition": [
                      {
                        "expression": "event.summary matches regex 'boltreblaze\\\\b'"
                      }
                    ],
                    "disabled": false,
                    "id": "",
                    "label": "Events relating to Boltreblaze"
                  },
                  {
                    "actions": [
                      {
                        "route_to": "PRBDG73"
                      }
                    ],
                    "condition": [
                      {
                        "expression": "event.summary matches regex 'careblazeqa\\\\b'"
                      }
                    ],
                    "disabled": false,
                    "id": "",
                    "label": "Events relating to Careblazeqa"
                  },
                  {
                    "actions": [
                      {
                        "route_to": "PR08A51"
                      }
                    ],
                    "condition": [
                      {
                        "expression": "event.summary matches regex 'cellexpertx\\\\b'"
                      }
                    ],
                    "disabled": false,
                    "id": "",
                    "label": "Events relating to Cellexpertx"
                  },
                  {
                    "actions": [
                      {
                        "route_to": "PBZ7J18"
                      }
                    ],
                    "condition": [
                      {
                        "expression": "event.summary matches regex 'chargeafter\\\\b'"
                      }
                    ],
                    "disabled": false,
                    "id": "",
                    "label": "Events relating to Chargeafter"
                  },
                  {
                    "actions": [
                      {
                        "route_to": "P9UA9LW"
                      }
                    ],
                    "condition": [
                      {
                        "expression": "event.summary matches regex 'datagovtest\\\\b'"
                      }
                    ],
                    "disabled": false,
                    "id": "",
                    "label": "Events relating to Datagovtest"
                  },
                  {
                    "actions": [
                      {
                        "route_to": "PZR2H8F"
                      }
                    ],
                    "condition": [
                      {
                        "expression": "event.summary matches regex 'flashcoffee\\\\b'"
                      }
                    ],
                    "disabled": false,
                    "id": "",
                    "label": "Events relating to Flashcoffee"
                  },
                  {
                    "actions": [
                      {
                        "route_to": "PB6AW72"
                      }
                    ],
                    "condition": [
                      {
                        "expression": "event.summary matches regex 'gearlaunchx\\\\b'"
                      }
                    ],
                    "disabled": false,
                    "id": "",
                    "label": "Events relating to Gearlaunchx"
                  },
                  {
                    "actions": [
                      {
                        "route_to": "PYCXB6D"
                      }
                    ],
                    "condition": [
                      {
                        "expression": "event.summary matches regex 'gokturkteam\\\\b'"
                      }
                    ],
                    "disabled": false,
                    "id": "",
                    "label": "Events relating to Gokturkteam"
                  },
                  {
                    "actions": [
                      {
                        "route_to": "PP6VOQL"
                      }
                    ],
                    "condition": [
                      {
                        "expression": "event.summary matches regex 'gtaureblaze\\\\b'"
                      }
                    ],
                    "disabled": false,
                    "id": "",
                    "label": "Events relating to Gtaureblaze"
                  },
                  {
                    "actions": [
                      {
                        "route_to": "PY12V4B"
                      }
                    ],
                    "condition": [
                      {
                        "expression": "event.summary matches regex 'iolpbsalute\\\\b'"
                      }
                    ],
                    "disabled": false,
                    "id": "",
                    "label": "Events relating to Iolpbsalute"
                  },
                  {
                    "actions": [
                      {
                        "route_to": "PU6MO08"
                      }
                    ],
                    "condition": [
                      {
                        "expression": "event.summary matches regex 'israelhayom\\\\b'"
                      }
                    ],
                    "disabled": false,
                    "id": "",
                    "label": "Events relating to Israelhayom"
                  },
                  {
                    "actions": [
                      {
                        "route_to": "PRTLZF0"
                      }
                    ],
                    "condition": [
                      {
                        "expression": "event.summary matches regex 'lifefitness\\\\b'"
                      }
                    ],
                    "disabled": false,
                    "id": "",
                    "label": "Events relating to Lifefitness"
                  },
                  {
                    "actions": [
                      {
                        "route_to": "PZ5510J"
                      }
                    ],
                    "condition": [
                      {
                        "expression": "event.summary matches regex 'mifinitypay\\\\b'"
                      }
                    ],
                    "disabled": false,
                    "id": "",
                    "label": "Events relating to Mifinitypay"
                  },
                  {
                    "actions": [
                      {
                        "route_to": "PWJMM8T"
                      }
                    ],
                    "condition": [
                      {
                        "expression": "event.summary matches regex 'movereblaze\\\\b'"
                      }
                    ],
                    "disabled": false,
                    "id": "",
                    "label": "Events relating to Movereblaze"
                  },
                  {
                    "actions": [
                      {
                        "route_to": "PTL1UFP"
                      }
                    ],
                    "condition": [
                      {
                        "expression": "event.summary matches regex 'openfintech\\\\b'"
                      }
                    ],
                    "disabled": false,
                    "id": "",
                    "label": "Events relating to Openfintech"
                  },
                  {
                    "actions": [
                      {
                        "route_to": "P36U7GE"
                      }
                    ],
                    "condition": [
                      {
                        "expression": "event.summary matches regex 'rbzdevmp004\\\\b'"
                      }
                    ],
                    "disabled": false,
                    "id": "",
                    "label": "Events relating to Rbzdevmp004"
                  },
                  {
                    "actions": [
                      {
                        "route_to": "PE5Z0A6"
                      }
                    ],
                    "condition": [
                      {
                        "expression": "event.summary matches regex 'rbzdevqnomy\\\\b'"
                      }
                    ],
                    "disabled": false,
                    "id": "",
                    "label": "Events relating to Rbzdevqnomy"
                  },
                  {
                    "actions": [
                      {
                        "route_to": "PFTO35B"
                      }
                    ],
                    "condition": [
                      {
                        "expression": "event.summary matches regex 'rbzopsazr01\\\\b'"
                      }
                    ],
                    "disabled": false,
                    "id": "",
                    "label": "Events relating to Rbzopsazr01"
                  },
                  {
                    "actions": [
                      {
                        "route_to": "PAV5Q50"
                      }
                    ],
                    "condition": [
                      {
                        "expression": "event.summary matches regex 'samanageeur\\\\b'"
                      }
                    ],
                    "disabled": false,
                    "id": "",
                    "label": "Events relating to Samanageeur"
                  },
                  {
                    "actions": [
                      {
                        "route_to": "P203SOK"
                      }
                    ],
                    "condition": [
                      {
                        "expression": "event.summary matches regex 'shikunbinui\\\\b'"
                      }
                    ],
                    "disabled": false,
                    "id": "",
                    "label": "Events relating to Shikunbinui"
                  },
                  {
                    "actions": [
                      {
                        "route_to": "PKKV2RK"
                      }
                    ],
                    "condition": [
                      {
                        "expression": "event.summary matches regex 'tipranksstg\\\\b'"
                      }
                    ],
                    "disabled": false,
                    "id": "",
                    "label": "Events relating to Tipranksstg"
                  },
                  {
                    "actions": [
                      {
                        "route_to": "PYBS1QK"
                      }
                    ],
                    "condition": [
                      {
                        "expression": "event.summary matches regex 'ventureslab\\\\b'"
                      }
                    ],
                    "disabled": false,
                    "id": "",
                    "label": "Events relating to Ventureslab"
                  },
                  {
                    "actions": [
                      {
                        "route_to": "PGQE2SZ"
                      }
                    ],
                    "condition": [
                      {
                        "expression": "event.summary matches regex 'aerolineas\\\\b'"
                      }
                    ],
                    "disabled": false,
                    "id": "",
                    "label": "Events relating to AeroLines"
                  },
                  {
                    "actions": [
                      {
                        "route_to": "PP7AL6E"
                      }
                    ],
                    "condition": [
                      {
                        "expression": "event.summary matches regex 'betfairstg\\\\b'"
                      }
                    ],
                    "disabled": false,
                    "id": "",
                    "label": "Events relating to Betfairstg"
                  },
                  {
                    "actions": [
                      {
                        "route_to": "PEX0DBW"
                      }
                    ],
                    "condition": [
                      {
                        "expression": "event.summary matches regex 'bitsofgold\\\\b'"
                      }
                    ],
                    "disabled": false,
                    "id": "",
                    "label": "Events relating to Bitsofgold"
                  },
                  {
                    "actions": [
                      {
                        "route_to": "PIIMX8E"
                      }
                    ],
                    "condition": [
                      {
                        "expression": "event.summary matches regex 'callkeysys\\\\b'"
                      }
                    ],
                    "disabled": false,
                    "id": "",
                    "label": "Events relating to Callkeysys"
                  },
                  {
                    "actions": [
                      {
                        "route_to": "P7AJL7T"
                      }
                    ],
                    "condition": [
                      {
                        "expression": "event.summary matches regex 'carrefoure\\\\b'"
                      }
                    ],
                    "disabled": false,
                    "id": "",
                    "label": "Events relating to Carrefoure"
                  },
                  {
                    "actions": [
                      {
                        "route_to": "PCFYBW2"
                      }
                    ],
                    "condition": [
                      {
                        "expression": "event.summary matches regex 'cettesting\\\\b'"
                      }
                    ],
                    "disabled": false,
                    "id": "",
                    "label": "Events relating to Cettesting"
                  },
                  {
                    "actions": [
                      {
                        "route_to": "PUIUU2N"
                      }
                    ],
                    "condition": [
                      {
                        "expression": "event.summary matches regex 'digicenter\\\\b'"
                      }
                    ],
                    "disabled": false,
                    "id": "",
                    "label": "Events relating to Digicenter"
                  },
                  {
                    "actions": [
                      {
                        "route_to": "PEH46C8"
                      }
                    ],
                    "condition": [
                      {
                        "expression": "event.summary matches regex 'dstuff2200\\\\b'"
                      }
                    ],
                    "disabled": false,
                    "id": "",
                    "label": "Events relating to Dstuff2200"
                  },
                  {
                    "actions": [
                      {
                        "route_to": "POOQYCZ"
                      }
                    ],
                    "condition": [
                      {
                        "expression": "event.summary matches regex 'eshettours\\\\b'"
                      }
                    ],
                    "disabled": false,
                    "id": "",
                    "label": "Events relating to Eshettours"
                  },
                  {
                    "actions": [
                      {
                        "route_to": "PVDZ6DZ"
                      }
                    ],
                    "condition": [
                      {
                        "expression": "event.summary matches regex 'glassesusa\\\\b'"
                      }
                    ],
                    "disabled": false,
                    "id": "",
                    "label": "Events relating to Glassesusa"
                  },
                  {
                    "actions": [
                      {
                        "route_to": "P8X7NBY"
                      }
                    ],
                    "condition": [
                      {
                        "expression": "event.summary matches regex 'iectesttls\\\\b'"
                      }
                    ],
                    "disabled": false,
                    "id": "",
                    "label": "Events relating to Iectesttls"
                  },
                  {
                    "actions": [
                      {
                        "route_to": "PUQYHZV"
                      }
                    ],
                    "condition": [
                      {
                        "expression": "event.summary matches regex 'mcureblaze\\\\b'"
                      }
                    ],
                    "disabled": false,
                    "id": "",
                    "label": "Events relating to Mcureblaze"
                  },
                  {
                    "actions": [
                      {
                        "route_to": "PPBQKGD"
                      }
                    ],
                    "condition": [
                      {
                        "expression": "event.summary matches regex 'megazonesb\\\\b'"
                      }
                    ],
                    "disabled": false,
                    "id": "",
                    "label": "Events relating to Megazonesb"
                  },
                  {
                    "actions": [
                      {
                        "route_to": "PIB7QGB"
                      }
                    ],
                    "condition": [
                      {
                        "expression": "event.summary matches regex 'menoramivt\\\\b'"
                      }
                    ],
                    "disabled": false,
                    "id": "",
                    "label": "Events relating to Menoramivt"
                  },
                  {
                    "actions": [
                      {
                        "route_to": "PBSYPRL"
                      }
                    ],
                    "condition": [
                      {
                        "expression": "event.summary matches regex 'platformsh\\\\b'"
                      }
                    ],
                    "disabled": false,
                    "id": "",
                    "label": "Events relating to Platformsh"
                  },
                  {
                    "actions": [
                      {
                        "route_to": "PWZJW7E"
                      }
                    ],
                    "condition": [
                      {
                        "expression": "event.summary matches regex 'rbzacademy\\\\b'"
                      }
                    ],
                    "disabled": false,
                    "id": "",
                    "label": "Events relating to Rbzacademy"
                  },
                  {
                    "actions": [
                      {
                        "route_to": "PSRRZ1L"
                      }
                    ],
                    "condition": [
                      {
                        "expression": "event.summary matches regex 'rbzdevtest\\\\b'"
                      }
                    ],
                    "disabled": false,
                    "id": "",
                    "label": "Events relating to Rbzdevtest"
                  },
                  {
                    "actions": [
                      {
                        "route_to": "POV05OJ"
                      }
                    ],
                    "condition": [
                      {
                        "expression": "event.summary matches regex 'rbzwebsite\\\\b'"
                      }
                    ],
                    "disabled": false,
                    "id": "",
                    "label": "Events relating to Rbzwebsite"
                  },
                  {
                    "actions": [
                      {
                        "route_to": "PXGNOCY"
                      }
                    ],
                    "condition": [
                      {
                        "expression": "event.summary matches regex 'rbzwizprod\\\\b'"
                      }
                    ],
                    "disabled": false,
                    "id": "",
                    "label": "Events relating to Rbzwizprod"
                  },
                  {
                    "actions": [
                      {
                        "route_to": "P2KWRYI"
                      }
                    ],
                    "condition": [
                      {
                        "expression": "event.summary matches regex 'salefreaks\\\\b'"
                      }
                    ],
                    "disabled": false,
                    "id": "",
                    "label": "Events relating to Salefreaks"
                  },
                  {
                    "actions": [
                      {
                        "route_to": "PYTZHLH"
                      }
                    ],
                    "condition": [
                      {
                        "expression": "event.summary matches regex 'stormreply\\\\b'"
                      }
                    ],
                    "disabled": false,
                    "id": "",
                    "label": "Events relating to Stormreply"
                  },
                  {
                    "actions": [
                      {
                        "route_to": "P6FF8W4"
                      }
                    ],
                    "condition": [
                      {
                        "expression": "event.summary matches regex 'superpharm\\\\b'"
                      }
                    ],
                    "disabled": false,
                    "id": "",
                    "label": "Events relating to Superpharm"
                  },
                  {
                    "actions": [
                      {
                        "route_to": "P98CTDA"
                      }
                    ],
                    "condition": [
                      {
                        "expression": "event.summary matches regex 'twobsecure\\\\b'"
                      }
                    ],
                    "disabled": false,
                    "id": "",
                    "label": "Events relating to Twobsecure"
                  },
                  {
                    "actions": [
                      {
                        "route_to": "P6NJZ3P"
                      }
                    ],
                    "condition": [
                      {
                        "expression": "event.summary matches regex 'wallashops\\\\b'"
                      }
                    ],
                    "disabled": false,
                    "id": "",
                    "label": "Events relating to Wallashops"
                  },
                  {
                    "actions": [
                      {
                        "route_to": "P1PDJ2B"
                      }
                    ],
                    "condition": [
                      {
                        "expression": "event.summary matches regex 'wallatours\\\\b'"
                      }
                    ],
                    "disabled": false,
                    "id": "",
                    "label": "Events relating to Wallatours"
                  },
                  {
                    "actions": [
                      {
                        "route_to": "PCM885P"
                      }
                    ],
                    "condition": [
                      {
                        "expression": "event.summary matches regex 'bdirector\\\\b'"
                      }
                    ],
                    "disabled": false,
                    "id": "",
                    "label": "Events relating to Bdirector"
                  },
                  {
                    "actions": [
                      {
                        "route_to": "PM1XYO5"
                      }
                    ],
                    "condition": [
                      {
                        "expression": "event.summary matches regex 'brasilseg\\\\b'"
                      }
                    ],
                    "disabled": false,
                    "id": "",
                    "label": "Events relating to Brasilseg"
                  },
                  {
                    "actions": [
                      {
                        "route_to": "PUZWAHR"
                      }
                    ],
                    "condition": [
                      {
                        "expression": "event.summary matches regex 'careblaze\\\\b'"
                      }
                    ],
                    "disabled": false,
                    "id": "",
                    "label": "Events relating to Careblaze"
                  },
                  {
                    "actions": [
                      {
                        "route_to": "PQM30P8"
                      }
                    ],
                    "condition": [
                      {
                        "expression": "event.summary matches regex 'cleartrip\\\\b'"
                      }
                    ],
                    "disabled": false,
                    "id": "",
                    "label": "Events relating to Cleartrip"
                  },
                  {
                    "actions": [
                      {
                        "route_to": "PAE36PJ"
                      }
                    ],
                    "condition": [
                      {
                        "expression": "event.summary matches regex 'coinberry\\\\b'"
                      }
                    ],
                    "disabled": false,
                    "id": "",
                    "label": "Events relating to Coinberry"
                  },
                  {
                    "actions": [
                      {
                        "route_to": "PSY15B8"
                      }
                    ],
                    "condition": [
                      {
                        "expression": "event.summary matches regex 'datanomik\\\\b'"
                      }
                    ],
                    "disabled": false,
                    "id": "",
                    "label": "Events relating to Datanomik"
                  },
                  {
                    "actions": [
                      {
                        "route_to": "PXF4BJF"
                      }
                    ],
                    "condition": [
                      {
                        "expression": "event.summary matches regex 'delasport\\\\b'"
                      }
                    ],
                    "disabled": false,
                    "id": "",
                    "label": "Events relating to Delasport"
                  },
                  {
                    "actions": [
                      {
                        "route_to": "PHDERWD"
                      }
                    ],
                    "condition": [
                      {
                        "expression": "event.summary matches regex 'directa24\\\\b'"
                      }
                    ],
                    "disabled": false,
                    "id": "",
                    "label": "Events relating to Directa24"
                  },
                  {
                    "actions": [
                      {
                        "route_to": "PX4F5AW"
                      }
                    ],
                    "condition": [
                      {
                        "expression": "event.summary matches regex 'dlocalapi\\\\b'"
                      }
                    ],
                    "disabled": false,
                    "id": "",
                    "label": "Events relating to Dlocalapi"
                  },
                  {
                    "actions": [
                      {
                        "route_to": "P27IYE0"
                      }
                    ],
                    "condition": [
                      {
                        "expression": "event.summary matches regex 'dshepherd\\\\b'"
                      }
                    ],
                    "disabled": false,
                    "id": "",
                    "label": "Events relating to Dshepherd"
                  },
                  {
                    "actions": [
                      {
                        "route_to": "PVO1GJT"
                      }
                    ],
                    "condition": [
                      {
                        "expression": "event.summary matches regex 'efimatica\\\\b'"
                      }
                    ],
                    "disabled": false,
                    "id": "",
                    "label": "Events relating to Efimatica"
                  },
                  {
                    "actions": [
                      {
                        "route_to": "POMIEEB"
                      }
                    ],
                    "condition": [
                      {
                        "expression": "event.summary matches regex 'ekreblaze\\\\b'"
                      }
                    ],
                    "disabled": false,
                    "id": "",
                    "label": "Events relating to Ekreblaze"
                  },
                  {
                    "actions": [
                      {
                        "route_to": "PYJ77G0"
                      }
                    ],
                    "condition": [
                      {
                        "expression": "event.summary matches regex 'elalstage\\\\b'"
                      }
                    ],
                    "disabled": false,
                    "id": "",
                    "label": "Events relating to Elalstage"
                  },
                  {
                    "actions": [
                      {
                        "route_to": "PAWNMKG"
                      }
                    ],
                    "condition": [
                      {
                        "expression": "event.summary matches regex 'erosgroup\\\\b'"
                      }
                    ],
                    "disabled": false,
                    "id": "",
                    "label": "Events relating to Erosgroup"
                  },
                  {
                    "actions": [
                      {
                        "route_to": "P8PS49V"
                      }
                    ],
                    "condition": [
                      {
                        "expression": "event.summary matches regex 'fishbrain\\\\b'"
                      }
                    ],
                    "disabled": false,
                    "id": "",
                    "label": "Events relating to Fishbrain"
                  },
                  {
                    "actions": [
                      {
                        "route_to": "P0SNJFD"
                      }
                    ],
                    "condition": [
                      {
                        "expression": "event.summary matches regex 'formatemp\\\\b'"
                      }
                    ],
                    "disabled": false,
                    "id": "",
                    "label": "Events relating to Formatemp"
                  },
                  {
                    "actions": [
                      {
                        "route_to": "PQPJ3IF"
                      }
                    ],
                    "condition": [
                      {
                        "expression": "event.summary matches regex 'gtreblaze\\\\b'"
                      }
                    ],
                    "disabled": false,
                    "id": "",
                    "label": "Events relating to Gtreblaze"
                  },
                  {
                    "actions": [
                      {
                        "route_to": "PON7LJG"
                      }
                    ],
                    "condition": [
                      {
                        "expression": "event.summary matches regex 'haifamuni\\\\b'"
                      }
                    ],
                    "disabled": false,
                    "id": "",
                    "label": "Events relating to Haifamuni"
                  },
                  {
                    "actions": [
                      {
                        "route_to": "PPA8O0K"
                      }
                    ],
                    "condition": [
                      {
                        "expression": "event.summary matches regex 'hirematic\\\\b'"
                      }
                    ],
                    "disabled": false,
                    "id": "",
                    "label": "Events relating to Hirematic"
                  },
                  {
                    "actions": [
                      {
                        "route_to": "P3HMQIG"
                      }
                    ],
                    "condition": [
                      {
                        "expression": "event.summary matches regex 'hmnetwork\\\\b'"
                      }
                    ],
                    "disabled": false,
                    "id": "",
                    "label": "Events relating to Hmnetwork"
                  },
                  {
                    "actions": [
                      {
                        "route_to": "P6VBFVS"
                      }
                    ],
                    "condition": [
                      {
                        "expression": "event.summary matches regex 'hyposwiss\\\\b'"
                      }
                    ],
                    "disabled": false,
                    "id": "",
                    "label": "Events relating to Hyposwiss"
                  },
                  {
                    "actions": [
                      {
                        "route_to": "P42EXNJ"
                      }
                    ],
                    "condition": [
                      {
                        "expression": "event.summary matches regex 'idreblaze\\\\b'"
                      }
                    ],
                    "disabled": false,
                    "id": "",
                    "label": "Events relating to Idreblaze"
                  },
                  {
                    "actions": [
                      {
                        "route_to": "PDIVXZU"
                      }
                    ],
                    "condition": [
                      {
                        "expression": "event.summary matches regex 'mfsafrica\\\\b'"
                      }
                    ],
                    "disabled": false,
                    "id": "",
                    "label": "Events relating to Mfsafrica"
                  },
                  {
                    "actions": [
                      {
                        "route_to": "PCOIBJ3"
                      }
                    ],
                    "condition": [
                      {
                        "expression": "event.summary matches regex 'moovitstg\\\\b'"
                      }
                    ],
                    "disabled": false,
                    "id": "",
                    "label": "Events relating to Moovitstg"
                  },
                  {
                    "actions": [
                      {
                        "route_to": "PDU3HY4"
                      }
                    ],
                    "condition": [
                      {
                        "expression": "event.summary matches regex 'multipass\\\\b'"
                      }
                    ],
                    "disabled": false,
                    "id": "",
                    "label": "Events relating to Multipass"
                  },
                  {
                    "actions": [
                      {
                        "route_to": "P4M1JF1"
                      }
                    ],
                    "condition": [
                      {
                        "expression": "event.summary matches regex 'northgate\\\\b'"
                      }
                    ],
                    "disabled": false,
                    "id": "",
                    "label": "Events relating to Northgate"
                  },
                  {
                    "actions": [
                      {
                        "route_to": "P9LQ9YV"
                      }
                    ],
                    "condition": [
                      {
                        "expression": "event.summary matches regex 'olga12345\\\\b'"
                      }
                    ],
                    "disabled": false,
                    "id": "",
                    "label": "Events relating to Olga12345"
                  },
                  {
                    "actions": [
                      {
                        "route_to": "PXPXP2Z"
                      }
                    ],
                    "condition": [
                      {
                        "expression": "event.summary matches regex 'orbograph\\\\b'"
                      }
                    ],
                    "disabled": false,
                    "id": "",
                    "label": "Events relating to Orbograph"
                  },
                  {
                    "actions": [
                      {
                        "route_to": "PW7P6QY"
                      }
                    ],
                    "condition": [
                      {
                        "expression": "event.summary matches regex 'payoneerx\\\\b'"
                      }
                    ],
                    "disabled": false,
                    "id": "",
                    "label": "Events relating to Payoneerx"
                  },
                  {
                    "actions": [
                      {
                        "route_to": "PNZISAX"
                      }
                    ],
                    "condition": [
                      {
                        "expression": "event.summary matches regex 'smartpldt\\\\b'"
                      }
                    ],
                    "disabled": false,
                    "id": "",
                    "label": "Events relating to Smartpldt"
                  },
                  {
                    "actions": [
                      {
                        "route_to": "PYUFUEA"
                      }
                    ],
                    "condition": [
                      {
                        "expression": "event.summary matches regex 'stg2202xa\\\\b'"
                      }
                    ],
                    "disabled": false,
                    "id": "",
                    "label": "Events relating to Stg2202Xa"
                  },
                  {
                    "actions": [
                      {
                        "route_to": "PBI5C94"
                      }
                    ],
                    "condition": [
                      {
                        "expression": "event.summary matches regex 'tkgbridge\\\\b'"
                      }
                    ],
                    "disabled": false,
                    "id": "",
                    "label": "Events relating to Tkgbridge"
                  },
                  {
                    "actions": [
                      {
                        "route_to": "PK17CKF"
                      }
                    ],
                    "condition": [
                      {
                        "expression": "event.summary matches regex 'wesureusa\\\\b'"
                      }
                    ],
                    "disabled": false,
                    "id": "",
                    "label": "Events relating to Wesureusa"
                  },
                  {
                    "actions": [
                      {
                        "route_to": "P4D43X5"
                      }
                    ],
                    "condition": [
                      {
                        "expression": "event.summary matches regex 'wscsports\\\\b'"
                      }
                    ],
                    "disabled": false,
                    "id": "",
                    "label": "Events relating to Wscsports"
                  },
                  {
                    "actions": [
                      {
                        "route_to": "P5AX2H3"
                      }
                    ],
                    "condition": [
                      {
                        "expression": "event.summary matches regex 'betterup\\\\b'"
                      }
                    ],
                    "disabled": false,
                    "id": "",
                    "label": "Events relating to Betterup"
                  },
                  {
                    "actions": [
                      {
                        "route_to": "PD9OB61"
                      }
                    ],
                    "condition": [
                      {
                        "expression": "event.summary matches regex 'bookaway\\\\b'"
                      }
                    ],
                    "disabled": false,
                    "id": "",
                    "label": "Events relating to Bookaway"
                  },
                  {
                    "actions": [
                      {
                        "route_to": "PW8UG6R"
                      }
                    ],
                    "condition": [
                      {
                        "expression": "event.summary matches regex 'champion\\\\b'"
                      }
                    ],
                    "disabled": false,
                    "id": "",
                    "label": "Events relating to Champion"
                  },
                  {
                    "actions": [
                      {
                        "route_to": "PZGA72L"
                      }
                    ],
                    "condition": [
                      {
                        "expression": "event.summary matches regex 'chingari\\\\b'"
                      }
                    ],
                    "disabled": false,
                    "id": "",
                    "label": "Events relating to Chingari"
                  },
                  {
                    "actions": [
                      {
                        "route_to": "PKSZSM5"
                      }
                    ],
                    "condition": [
                      {
                        "expression": "event.summary matches regex 'cruiseit\\\\b'"
                      }
                    ],
                    "disabled": false,
                    "id": "",
                    "label": "Events relating to Cruiseit"
                  },
                  {
                    "actions": [
                      {
                        "route_to": "PIS9XYF"
                      }
                    ],
                    "condition": [
                      {
                        "expression": "event.summary matches regex 'demossdk\\\\b'"
                      }
                    ],
                    "disabled": false,
                    "id": "",
                    "label": "Events relating to Demossdk"
                  },
                  {
                    "actions": [
                      {
                        "route_to": "PJXUDNG"
                      }
                    ],
                    "condition": [
                      {
                        "expression": "event.summary matches regex 'flexport\\\\b'"
                      }
                    ],
                    "disabled": false,
                    "id": "",
                    "label": "Events relating to Flexport"
                  },
                  {
                    "actions": [
                      {
                        "route_to": "PWIHPSA"
                      }
                    ],
                    "condition": [
                      {
                        "expression": "event.summary matches regex 'flipkart\\\\b'"
                      }
                    ],
                    "disabled": false,
                    "id": "",
                    "label": "Events relating to Flipkart"
                  },
                  {
                    "actions": [
                      {
                        "route_to": "PNPEMZI"
                      }
                    ],
                    "condition": [
                      {
                        "expression": "event.summary matches regex 'holdprod\\\\b'"
                      }
                    ],
                    "disabled": false,
                    "id": "",
                    "label": "Events relating to Holdprod"
                  },
                  {
                    "actions": [
                      {
                        "route_to": "PJPCWID"
                      }
                    ],
                    "condition": [
                      {
                        "expression": "event.summary matches regex 'iclgroup\\\\b'"
                      }
                    ],
                    "disabled": false,
                    "id": "",
                    "label": "Events relating to Iclgroup"
                  },
                  {
                    "actions": [
                      {
                        "route_to": "PQENGK5"
                      }
                    ],
                    "condition": [
                      {
                        "expression": "event.summary matches regex 'iconnect\\\\b'"
                      }
                    ],
                    "disabled": false,
                    "id": "",
                    "label": "Events relating to Iconnect"
                  },
                  {
                    "actions": [
                      {
                        "route_to": "PCWAIO6"
                      }
                    ],
                    "condition": [
                      {
                        "expression": "event.summary matches regex 'ituranar\\\\b'"
                      }
                    ],
                    "disabled": false,
                    "id": "",
                    "label": "Events relating to Ituranar"
                  },
                  {
                    "actions": [
                      {
                        "route_to": "PJ3EDAH"
                      }
                    ],
                    "condition": [
                      {
                        "expression": "event.summary matches regex 'ituranbr\\\\b'"
                      }
                    ],
                    "disabled": false,
                    "id": "",
                    "label": "Events relating to Ituranbr"
                  },
                  {
                    "actions": [
                      {
                        "route_to": "PACKWX3"
                      }
                    ],
                    "condition": [
                      {
                        "expression": "event.summary matches regex 'liveustg\\\\b'"
                      }
                    ],
                    "disabled": false,
                    "id": "",
                    "label": "Events relating to Liveustg"
                  },
                  {
                    "actions": [
                      {
                        "route_to": "PDADR7R"
                      }
                    ],
                    "condition": [
                      {
                        "expression": "event.summary matches regex 'luzzatto\\\\b'"
                      }
                    ],
                    "disabled": false,
                    "id": "",
                    "label": "Events relating to Luzzatto"
                  },
                  {
                    "actions": [
                      {
                        "route_to": "PMU4L5O"
                      }
                    ],
                    "condition": [
                      {
                        "expression": "event.summary matches regex 'mellanox\\\\b'"
                      }
                    ],
                    "disabled": false,
                    "id": "",
                    "label": "Events relating to Mellanox"
                  },
                  {
                    "actions": [
                      {
                        "route_to": "PTC3BXT"
                      }
                    ],
                    "condition": [
                      {
                        "expression": "event.summary matches regex 'meteorit\\\\b'"
                      }
                    ],
                    "disabled": false,
                    "id": "",
                    "label": "Events relating to Meteorit"
                  },
                  {
                    "actions": [
                      {
                        "route_to": "PKUKCXE"
                      }
                    ],
                    "condition": [
                      {
                        "expression": "event.summary matches regex 'meuhedet\\\\b'"
                      }
                    ],
                    "disabled": false,
                    "id": "",
                    "label": "Events relating to Meuhedet"
                  },
                  {
                    "actions": [
                      {
                        "route_to": "P7UNRY6"
                      }
                    ],
                    "condition": [
                      {
                        "expression": "event.summary matches regex 'mindgeek\\\\b'"
                      }
                    ],
                    "disabled": false,
                    "id": "",
                    "label": "Events relating to Mindgeek"
                  },
                  {
                    "actions": [
                      {
                        "route_to": "POCFODM"
                      }
                    ],
                    "condition": [
                      {
                        "expression": "event.summary matches regex 'moovitqa\\\\b'"
                      }
                    ],
                    "disabled": false,
                    "id": "",
                    "label": "Events relating to Moovitqa"
                  },
                  {
                    "actions": [
                      {
                        "route_to": "PT1E5O7"
                      }
                    ],
                    "condition": [
                      {
                        "expression": "event.summary matches regex 'musicbuk\\\\b'"
                      }
                    ],
                    "disabled": false,
                    "id": "",
                    "label": "Events relating to Musicbuk"
                  },
                  {
                    "actions": [
                      {
                        "route_to": "PHN1RJE"
                      }
                    ],
                    "condition": [
                      {
                        "expression": "event.summary matches regex 'opaltech\\\\b'"
                      }
                    ],
                    "disabled": false,
                    "id": "",
                    "label": "Events relating to Opaltech"
                  },
                  {
                    "actions": [
                      {
                        "route_to": "PPJ648G"
                      }
                    ],
                    "condition": [
                      {
                        "expression": "event.summary matches regex 'p4refuel\\\\b'"
                      }
                    ],
                    "disabled": false,
                    "id": "",
                    "label": "Events relating to P4Refuel"
                  },
                  {
                    "actions": [
                      {
                        "route_to": "PF1JQ4O"
                      }
                    ],
                    "condition": [
                      {
                        "expression": "event.summary matches regex 'payoneer\\\\b'"
                      }
                    ],
                    "disabled": false,
                    "id": "",
                    "label": "Events relating to Payoneer"
                  },
                  {
                    "actions": [
                      {
                        "route_to": "PZXCQI2"
                      }
                    ],
                    "condition": [
                      {
                        "expression": "event.summary matches regex 'priority\\\\b'"
                      }
                    ],
                    "disabled": false,
                    "id": "",
                    "label": "Events relating to Priority"
                  },
                  {
                    "actions": [
                      {
                        "route_to": "PQXBNNI"
                      }
                    ],
                    "condition": [
                      {
                        "expression": "event.summary matches regex 'proficio\\\\b'"
                      }
                    ],
                    "disabled": false,
                    "id": "",
                    "label": "Events relating to Proficio"
                  },
                  {
                    "actions": [
                      {
                        "route_to": "PZYI0AI"
                      }
                    ],
                    "condition": [
                      {
                        "expression": "event.summary matches regex 'qa21210y\\\\b'"
                      }
                    ],
                    "disabled": false,
                    "id": "",
                    "label": "Events relating to Qa21210Y"
                  },
                  {
                    "actions": [
                      {
                        "route_to": "PQFTTCL"
                      }
                    ],
                    "condition": [
                      {
                        "expression": "event.summary matches regex 'qa21260g\\\\b'"
                      }
                    ],
                    "disabled": false,
                    "id": "",
                    "label": "Events relating to Qa21260G"
                  },
                  {
                    "actions": [
                      {
                        "route_to": "PRKBZRM"
                      }
                    ],
                    "condition": [
                      {
                        "expression": "event.summary matches regex 'samanage\\\\b'"
                      }
                    ],
                    "disabled": false,
                    "id": "",
                    "label": "Events relating to Samanage"
                  },
                  {
                    "actions": [
                      {
                        "route_to": "PVEEGWS"
                      }
                    ],
                    "condition": [
                      {
                        "expression": "event.summary matches regex 'smartnpv\\\\b'"
                      }
                    ],
                    "disabled": false,
                    "id": "",
                    "label": "Events relating to Smartnpv"
                  },
                  {
                    "actions": [
                      {
                        "route_to": "PF0DDOV"
                      }
                    ],
                    "condition": [
                      {
                        "expression": "event.summary matches regex 'sodexoin\\\\b'"
                      }
                    ],
                    "disabled": false,
                    "id": "",
                    "label": "Events relating to Sodexoin"
                  },
                  {
                    "actions": [
                      {
                        "route_to": "PKBX971"
                      }
                    ],
                    "condition": [
                      {
                        "expression": "event.summary matches regex 'stg2160e\\\\b'"
                      }
                    ],
                    "disabled": false,
                    "id": "",
                    "label": "Events relating to Stg2160E"
                  },
                  {
                    "actions": [
                      {
                        "route_to": "PNHAZ2A"
                      }
                    ],
                    "condition": [
                      {
                        "expression": "event.summary matches regex 'stg2161b\\\\b'"
                      }
                    ],
                    "disabled": false,
                    "id": "",
                    "label": "Events relating to Stg2161B"
                  },
                  {
                    "actions": [
                      {
                        "route_to": "P7RM4MX"
                      }
                    ],
                    "condition": [
                      {
                        "expression": "event.summary matches regex 'stg2180b\\\\b'"
                      }
                    ],
                    "disabled": false,
                    "id": "",
                    "label": "Events relating to Stg2180B"
                  },
                  {
                    "actions": [
                      {
                        "route_to": "P70XRL7"
                      }
                    ],
                    "condition": [
                      {
                        "expression": "event.summary matches regex 'stg2180c\\\\b'"
                      }
                    ],
                    "disabled": false,
                    "id": "",
                    "label": "Events relating to Stg2180C"
                  },
                  {
                    "actions": [
                      {
                        "route_to": "PEP8X9T"
                      }
                    ],
                    "condition": [
                      {
                        "expression": "event.summary matches regex 'stg2201b\\\\b'"
                      }
                    ],
                    "disabled": false,
                    "id": "",
                    "label": "Events relating to Stg2201B"
                  },
                  {
                    "actions": [
                      {
                        "route_to": "P55BTRO"
                      }
                    ],
                    "condition": [
                      {
                        "expression": "event.summary matches regex 'stg2202a\\\\b'"
                      }
                    ],
                    "disabled": false,
                    "id": "",
                    "label": "Events relating to Stg2202A"
                  },
                  {
                    "actions": [
                      {
                        "route_to": "P21924D"
                      }
                    ],
                    "condition": [
                      {
                        "expression": "event.summary matches regex 'stg2202x\\\\b'"
                      }
                    ],
                    "disabled": false,
                    "id": "",
                    "label": "Events relating to Stg2202X"
                  },
                  {
                    "actions": [
                      {
                        "route_to": "P35OY0L"
                      }
                    ],
                    "condition": [
                      {
                        "expression": "event.summary matches regex 'tipranks\\\\b'"
                      }
                    ],
                    "disabled": false,
                    "id": "",
                    "label": "Events relating to Tipranks"
                  },
                  {
                    "actions": [
                      {
                        "route_to": "P5RZ9Z7"
                      }
                    ],
                    "condition": [
                      {
                        "expression": "event.summary matches regex 'tradairx\\\\b'"
                      }
                    ],
                    "disabled": false,
                    "id": "",
                    "label": "Events relating to Tradairx"
                  },
                  {
                    "actions": [
                      {
                        "route_to": "POF3YPY"
                      }
                    ],
                    "condition": [
                      {
                        "expression": "event.summary matches regex 'virtisus\\\\b'"
                      }
                    ],
                    "disabled": false,
                    "id": "",
                    "label": "Events relating to Virtisus"
                  },
                  {
                    "actions": [
                      {
                        "route_to": "P0TTWYW"
                      }
                    ],
                    "condition": [
                      {
                        "expression": "event.summary matches regex 'wavesuat\\\\b'"
                      }
                    ],
                    "disabled": false,
                    "id": "",
                    "label": "Events relating to Wavesuat"
                  },
                  {
                    "actions": [
                      {
                        "route_to": "PGIZBIR"
                      }
                    ],
                    "condition": [
                      {
                        "expression": "event.summary matches regex 'zegnarow\\\\b'"
                      }
                    ],
                    "disabled": false,
                    "id": "",
                    "label": "Events relating to Zegnarow"
                  },
                  {
                    "actions": [
                      {
                        "route_to": "PM2D83L"
                      }
                    ],
                    "condition": [
                      {
                        "expression": "event.summary matches regex 'alljobs\\\\b'"
                      }
                    ],
                    "disabled": false,
                    "id": "",
                    "label": "Events relating to Alljobs"
                  },
                  {
                    "actions": [
                      {
                        "route_to": "P4NWDCM"
                      }
                    ],
                    "condition": [
                      {
                        "expression": "event.summary matches regex 'betfair\\\\b'"
                      }
                    ],
                    "disabled": false,
                    "id": "",
                    "label": "Events relating to Betfair"
                  },
                  {
                    "actions": [
                      {
                        "route_to": "PCET1D9"
                      }
                    ],
                    "condition": [
                      {
                        "expression": "event.summary matches regex 'biodata\\\\b'"
                      }
                    ],
                    "disabled": false,
                    "id": "",
                    "label": "Events relating to Biodata"
                  },
                  {
                    "actions": [
                      {
                        "route_to": "PRCJSMJ"
                      }
                    ],
                    "condition": [
                      {
                        "expression": "event.summary matches regex 'bnology\\\\b'"
                      }
                    ],
                    "disabled": false,
                    "id": "",
                    "label": "Events relating to Bnology"
                  },
                  {
                    "actions": [
                      {
                        "route_to": "PBRSCZ5"
                      }
                    ],
                    "condition": [
                      {
                        "expression": "event.summary matches regex 'cachcow\\\\b'"
                      }
                    ],
                    "disabled": false,
                    "id": "",
                    "label": "Events relating to Cachcow"
                  },
                  {
                    "actions": [
                      {
                        "route_to": "PRSFMM7"
                      }
                    ],
                    "condition": [
                      {
                        "expression": "event.summary matches regex 'cashcow\\\\b'"
                      }
                    ],
                    "disabled": false,
                    "id": "",
                    "label": "Events relating to Cashcow"
                  },
                  {
                    "actions": [
                      {
                        "route_to": "PIA1E0I"
                      }
                    ],
                    "condition": [
                      {
                        "expression": "event.summary matches regex 'cellp02\\\\b'"
                      }
                    ],
                    "disabled": false,
                    "id": "",
                    "label": "Events relating to Cellp02"
                  },
                  {
                    "actions": [
                      {
                        "route_to": "PWT9MYU"
                      }
                    ],
                    "condition": [
                      {
                        "expression": "event.summary matches regex 'cetprep\\\\b'"
                      }
                    ],
                    "disabled": false,
                    "id": "",
                    "label": "Events relating to Cetprep"
                  },
                  {
                    "actions": [
                      {
                        "route_to": "P8QXE2O"
                      }
                    ],
                    "condition": [
                      {
                        "expression": "event.summary matches regex 'cloudmd\\\\b'"
                      }
                    ],
                    "disabled": false,
                    "id": "",
                    "label": "Events relating to Cloudmd"
                  },
                  {
                    "actions": [
                      {
                        "route_to": "POLD4LI"
                      }
                    ],
                    "condition": [
                      {
                        "expression": "event.summary matches regex 'cloudwm\\\\b'"
                      }
                    ],
                    "disabled": false,
                    "id": "",
                    "label": "Events relating to Cloudwm"
                  },
                  {
                    "actions": [
                      {
                        "route_to": "P0A337G"
                      }
                    ],
                    "condition": [
                      {
                        "expression": "event.summary matches regex 'datasec\\\\b'"
                      }
                    ],
                    "disabled": false,
                    "id": "",
                    "label": "Events relating to Datasec"
                  },
                  {
                    "actions": [
                      {
                        "route_to": "PTVU4L6"
                      }
                    ],
                    "condition": [
                      {
                        "expression": "event.summary matches regex 'dermpro\\\\b'"
                      }
                    ],
                    "disabled": false,
                    "id": "",
                    "label": "Events relating to Dermpro"
                  },
                  {
                    "actions": [
                      {
                        "route_to": "P4VOK52"
                      }
                    ],
                    "condition": [
                      {
                        "expression": "event.summary matches regex 'doralon\\\\b'"
                      }
                    ],
                    "disabled": false,
                    "id": "",
                    "label": "Events relating to Doralon"
                  },
                  {
                    "actions": [
                      {
                        "route_to": "PJWP3V0"
                      }
                    ],
                    "condition": [
                      {
                        "expression": "event.summary matches regex 'electra\\\\b'"
                      }
                    ],
                    "disabled": false,
                    "id": "",
                    "label": "Events relating to Electra"
                  },
                  {
                    "actions": [
                      {
                        "route_to": "P78PYQN"
                      }
                    ],
                    "condition": [
                      {
                        "expression": "event.summary matches regex 'gazprom\\\\b'"
                      }
                    ],
                    "disabled": false,
                    "id": "",
                    "label": "Events relating to Gazprom"
                  },
                  {
                    "actions": [
                      {
                        "route_to": "PJGSWVC"
                      }
                    ],
                    "condition": [
                      {
                        "expression": "event.summary matches regex 'hagihon\\\\b'"
                      }
                    ],
                    "disabled": false,
                    "id": "",
                    "label": "Events relating to Hagihon"
                  },
                  {
                    "actions": [
                      {
                        "route_to": "P41YKV3"
                      }
                    ],
                    "condition": [
                      {
                        "expression": "event.summary matches regex 'horizon\\\\b'"
                      }
                    ],
                    "disabled": false,
                    "id": "",
                    "label": "Events relating to Horizon"
                  },
                  {
                    "actions": [
                      {
                        "route_to": "PXORC9G"
                      }
                    ],
                    "condition": [
                      {
                        "expression": "event.summary matches regex 'ituranx\\\\b'"
                      }
                    ],
                    "disabled": false,
                    "id": "",
                    "label": "Events relating to Ituranx"
                  },
                  {
                    "actions": [
                      {
                        "route_to": "PLFZF39"
                      }
                    ],
                    "condition": [
                      {
                        "expression": "event.summary matches regex 'knesset\\\\b'"
                      }
                    ],
                    "disabled": false,
                    "id": "",
                    "label": "Events relating to Knesset"
                  },
                  {
                    "actions": [
                      {
                        "route_to": "PSQ8M95"
                      }
                    ],
                    "condition": [
                      {
                        "expression": "event.summary matches regex 'matrixc\\\\b'"
                      }
                    ],
                    "disabled": false,
                    "id": "",
                    "label": "Events relating to Matrixc"
                  },
                  {
                    "actions": [
                      {
                        "route_to": "PHUGYOH"
                      }
                    ],
                    "condition": [
                      {
                        "expression": "event.summary matches regex 'mycheck\\\\b'"
                      }
                    ],
                    "disabled": false,
                    "id": "",
                    "label": "Events relating to Mycheck"
                  },
                  {
                    "actions": [
                      {
                        "route_to": "PO3YSNW"
                      }
                    ],
                    "condition": [
                      {
                        "expression": "event.summary matches regex 'openpay\\\\b'"
                      }
                    ],
                    "disabled": false,
                    "id": "",
                    "label": "Events relating to Openpay"
                  },
                  {
                    "actions": [
                      {
                        "route_to": "P13G2HF"
                      }
                    ],
                    "condition": [
                      {
                        "expression": "event.summary matches regex 'pointer\\\\b'"
                      }
                    ],
                    "disabled": false,
                    "id": "",
                    "label": "Events relating to Pointer"
                  },
                  {
                    "actions": [
                      {
                        "route_to": "PSFGP3O"
                      }
                    ],
                    "condition": [
                      {
                        "expression": "event.summary matches regex 'popmart\\\\b'"
                      }
                    ],
                    "disabled": false,
                    "id": "",
                    "label": "Events relating to Popmart"
                  },
                  {
                    "actions": [
                      {
                        "route_to": "P2TGRLJ"
                      }
                    ],
                    "condition": [
                      {
                        "expression": "event.summary matches regex 'prudent\\\\b'"
                      }
                    ],
                    "disabled": false,
                    "id": "",
                    "label": "Events relating to Prudent"
                  },
                  {
                    "actions": [
                      {
                        "route_to": "P99I3WT"
                      }
                    ],
                    "condition": [
                      {
                        "expression": "event.summary matches regex 'purplle\\\\b'"
                      }
                    ],
                    "disabled": false,
                    "id": "",
                    "label": "Events relating to Purplle"
                  },
                  {
                    "actions": [
                      {
                        "route_to": "PITS7RY"
                      }
                    ],
                    "condition": [
                      {
                        "expression": "event.summary matches regex 'qa21210\\\\b'"
                      }
                    ],
                    "disabled": false,
                    "id": "",
                    "label": "Events relating to Qa21210"
                  },
                  {
                    "actions": [
                      {
                        "route_to": "PZ6NAGC"
                      }
                    ],
                    "condition": [
                      {
                        "expression": "event.summary matches regex 'qa21212\\\\b'"
                      }
                    ],
                    "disabled": false,
                    "id": "",
                    "label": "Events relating to Qa21212"
                  },
                  {
                    "actions": [
                      {
                        "route_to": "P0B8D0Z"
                      }
                    ],
                    "condition": [
                      {
                        "expression": "event.summary matches regex 'qa2140d\\\\b'"
                      }
                    ],
                    "disabled": false,
                    "id": "",
                    "label": "Events relating to Qa2140D"
                  },
                  {
                    "actions": [
                      {
                        "route_to": "PFL6CYT"
                      }
                    ],
                    "condition": [
                      {
                        "expression": "event.summary matches regex 'qa2140e\\\\b'"
                      }
                    ],
                    "disabled": false,
                    "id": "",
                    "label": "Events relating to Qa2140E"
                  },
                  {
                    "actions": [
                      {
                        "route_to": "PGGOS9F"
                      }
                    ],
                    "condition": [
                      {
                        "expression": "event.summary matches regex 'quacom\\\\b'"
                      }
                    ],
                    "disabled": false,
                    "id": "",
                    "label": "Events relating to Quacom"
                  },
                  {
                    "actions": [
                      {
                        "route_to": "P3FB4N7"
                      }
                    ],
                    "condition": [
                      {
                        "expression": "event.summary matches regex 'rbztest\\\\b'"
                      }
                    ],
                    "disabled": false,
                    "id": "",
                    "label": "Events relating to Rbztest"
                  },
                  {
                    "actions": [
                      {
                        "route_to": "P7IC4ZW"
                      }
                    ],
                    "condition": [
                      {
                        "expression": "event.summary matches regex 'rentoza\\\\b'"
                      }
                    ],
                    "disabled": false,
                    "id": "",
                    "label": "Events relating to Rentoza"
                  },
                  {
                    "actions": [
                      {
                        "route_to": "PS5TFH2"
                      }
                    ],
                    "condition": [
                      {
                        "expression": "event.summary matches regex 'segment\\\\b'"
                      }
                    ],
                    "disabled": false,
                    "id": "",
                    "label": "Events relating to Segment"
                  },
                  {
                    "actions": [
                      {
                        "route_to": "PBJOP1K"
                      }
                    ],
                    "condition": [
                      {
                        "expression": "event.summary matches regex 'shostak\\\\b'"
                      }
                    ],
                    "disabled": false,
                    "id": "",
                    "label": "Events relating to Shostak"
                  },
                  {
                    "actions": [
                      {
                        "route_to": "PA2Y0NH"
                      }
                    ],
                    "condition": [
                      {
                        "expression": "event.summary matches regex 'skylabs\\\\b'"
                      }
                    ],
                    "disabled": false,
                    "id": "",
                    "label": "Events relating to Skylabs"
                  },
                  {
                    "actions": [
                      {
                        "route_to": "P1WQSBL"
                      }
                    ],
                    "condition": [
                      {
                        "expression": "event.summary matches regex 'sonaefs\\\\b'"
                      }
                    ],
                    "disabled": false,
                    "id": "",
                    "label": "Events relating to Sonaefs"
                  },
                  {
                    "actions": [
                      {
                        "route_to": "PKH160V"
                      }
                    ],
                    "condition": [
                      {
                        "expression": "event.summary matches regex 'sonaemc\\\\b'"
                      }
                    ],
                    "disabled": false,
                    "id": "",
                    "label": "Events relating to Sonaemc"
                  },
                  {
                    "actions": [
                      {
                        "route_to": "PJF9JCJ"
                      }
                    ],
                    "condition": [
                      {
                        "expression": "event.summary matches regex 'sphereo\\\\b'"
                      }
                    ],
                    "disabled": false,
                    "id": "",
                    "label": "Events relating to Sphereo"
                  },
                  {
                    "actions": [
                      {
                        "route_to": "PPST4YH"
                      }
                    ],
                    "condition": [
                      {
                        "expression": "event.summary matches regex 'stg2200\\\\b'"
                      }
                    ],
                    "disabled": false,
                    "id": "",
                    "label": "Events relating to Stg2200"
                  },
                  {
                    "actions": [
                      {
                        "route_to": "P5IP996"
                      }
                    ],
                    "condition": [
                      {
                        "expression": "event.summary matches regex 'strauss\\\\b'"
                      }
                    ],
                    "disabled": false,
                    "id": "",
                    "label": "Events relating to Strauss"
                  },
                  {
                    "actions": [
                      {
                        "route_to": "PV240BX"
                      }
                    ],
                    "condition": [
                      {
                        "expression": "event.summary matches regex 'sysbind\\\\b'"
                      }
                    ],
                    "disabled": false,
                    "id": "",
                    "label": "Events relating to Sysbind"
                  },
                  {
                    "actions": [
                      {
                        "route_to": "PO2SFUD"
                      }
                    ],
                    "condition": [
                      {
                        "expression": "event.summary matches regex 'taasuka\\\\b'"
                      }
                    ],
                    "disabled": false,
                    "id": "",
                    "label": "Events relating to Taasuka"
                  },
                  {
                    "actions": [
                      {
                        "route_to": "P7JHESP"
                      }
                    ],
                    "condition": [
                      {
                        "expression": "event.summary matches regex 'tenurex\\\\b'"
                      }
                    ],
                    "disabled": false,
                    "id": "",
                    "label": "Events relating to Tenurex"
                  },
                  {
                    "actions": [
                      {
                        "route_to": "PTD9OQ9"
                      }
                    ],
                    "condition": [
                      {
                        "expression": "event.summary matches regex 'amidar\\\\b'"
                      }
                    ],
                    "disabled": false,
                    "id": "",
                    "label": "Events relating to Amidar"
                  },
                  {
                    "actions": [
                      {
                        "route_to": "PFC8JQX"
                      }
                    ],
                    "condition": [
                      {
                        "expression": "event.summary matches regex 'armyph\\\\b'"
                      }
                    ],
                    "disabled": false,
                    "id": "",
                    "label": "Events relating to Armyph"
                  },
                  {
                    "actions": [
                      {
                        "route_to": "P85FXA8"
                      }
                    ],
                    "condition": [
                      {
                        "expression": "event.summary matches regex 'avesta\\\\b'"
                      }
                    ],
                    "disabled": false,
                    "id": "",
                    "label": "Events relating to Avesta"
                  },
                  {
                    "actions": [
                      {
                        "route_to": "P9CSTQZ"
                      }
                    ],
                    "condition": [
                      {
                        "expression": "event.summary matches regex 'cetnew\\\\b'"
                      }
                    ],
                    "disabled": false,
                    "id": "",
                    "label": "Events relating to Cetnew"
                  },
                  {
                    "actions": [
                      {
                        "route_to": "PEQR729"
                      }
                    ],
                    "condition": [
                      {
                        "expression": "event.summary matches regex 'colman\\\\b'"
                      }
                    ],
                    "disabled": false,
                    "id": "",
                    "label": "Events relating to Colman"
                  },
                  {
                    "actions": [
                      {
                        "route_to": "PODKLWF"
                      }
                    ],
                    "condition": [
                      {
                        "expression": "event.summary matches regex 'cycura\\\\b'"
                      }
                    ],
                    "disabled": false,
                    "id": "",
                    "label": "Events relating to Cycura"
                  },
                  {
                    "actions": [
                      {
                        "route_to": "PHMC7EZ"
                      }
                    ],
                    "condition": [
                      {
                        "expression": "event.summary matches regex 'demos2\\\\b'"
                      }
                    ],
                    "disabled": false,
                    "id": "",
                    "label": "Events relating to Demos2"
                  },
                  {
                    "actions": [
                      {
                        "route_to": "PJOWK2K"
                      }
                    ],
                    "condition": [
                      {
                        "expression": "event.summary matches regex 'fattal\\\\b'"
                      }
                    ],
                    "disabled": false,
                    "id": "",
                    "label": "Events relating to Fattal"
                  },
                  {
                    "actions": [
                      {
                        "route_to": "PANQ6CK"
                      }
                    ],
                    "condition": [
                      {
                        "expression": "event.summary matches regex 'goniyo\\\\b'"
                      }
                    ],
                    "disabled": false,
                    "id": "",
                    "label": "Events relating to Goniyo"
                  },
                  {
                    "actions": [
                      {
                        "route_to": "PQ2FAI3"
                      }
                    ],
                    "condition": [
                      {
                        "expression": "event.summary matches regex 'halman\\\\b'"
                      }
                    ],
                    "disabled": false,
                    "id": "",
                    "label": "Events relating to Halman"
                  },
                  {
                    "actions": [
                      {
                        "route_to": "PKCCIMH"
                      }
                    ],
                    "condition": [
                      {
                        "expression": "event.summary matches regex 'inatec\\\\b'"
                      }
                    ],
                    "disabled": false,
                    "id": "",
                    "label": "Events relating to Inatec"
                  },
                  {
                    "actions": [
                      {
                        "route_to": "PNGUM9H"
                      }
                    ],
                    "condition": [
                      {
                        "expression": "event.summary matches regex 'iremit\\\\b'"
                      }
                    ],
                    "disabled": false,
                    "id": "",
                    "label": "Events relating to Iremit"
                  },
                  {
                    "actions": [
                      {
                        "route_to": "PTUOV5Q"
                      }
                    ],
                    "condition": [
                      {
                        "expression": "event.summary matches regex 'isstax\\\\b'"
                      }
                    ],
                    "disabled": false,
                    "id": "",
                    "label": "Events relating to Isstax"
                  },
                  {
                    "actions": [
                      {
                        "route_to": "PI7UR6C"
                      }
                    ],
                    "condition": [
                      {
                        "expression": "event.summary matches regex 'kahane\\\\b'"
                      }
                    ],
                    "disabled": false,
                    "id": "",
                    "label": "Events relating to Kahane"
                  },
                  {
                    "actions": [
                      {
                        "route_to": "POW5F4C"
                      }
                    ],
                    "condition": [
                      {
                        "expression": "event.summary matches regex 'mohawk\\\\b'"
                      }
                    ],
                    "disabled": false,
                    "id": "",
                    "label": "Events relating to Mohawk"
                  },
                  {
                    "actions": [
                      {
                        "route_to": "PR1R9KH"
                      }
                    ],
                    "condition": [
                      {
                        "expression": "event.summary matches regex 'moovit\\\\b'"
                      }
                    ],
                    "disabled": false,
                    "id": "",
                    "label": "Events relating to Moovit"
                  },
                  {
                    "actions": [
                      {
                        "route_to": "PHVM84A"
                      }
                    ],
                    "condition": [
                      {
                        "expression": "event.summary matches regex 'pnistg\\\\b'"
                      }
                    ],
                    "disabled": false,
                    "id": "",
                    "label": "Events relating to Pnistg"
                  },
                  {
                    "actions": [
                      {
                        "route_to": "P0J0JSC"
                      }
                    ],
                    "condition": [
                      {
                        "expression": "event.summary matches regex 'qa2126\\\\b'"
                      }
                    ],
                    "disabled": false,
                    "id": "",
                    "label": "Events relating to Qa2126"
                  },
                  {
                    "actions": [
                      {
                        "route_to": "PWB260X"
                      }
                    ],
                    "condition": [
                      {
                        "expression": "event.summary matches regex 'qa2128\\\\b'"
                      }
                    ],
                    "disabled": false,
                    "id": "",
                    "label": "Events relating to Qa2128"
                  },
                  {
                    "actions": [
                      {
                        "route_to": "PB7G5MI"
                      }
                    ],
                    "condition": [
                      {
                        "expression": "event.summary matches regex 'rafael\\\\b'"
                      }
                    ],
                    "disabled": false,
                    "id": "",
                    "label": "Events relating to Rafael"
                  },
                  {
                    "actions": [
                      {
                        "route_to": "P06Q3XH"
                      }
                    ],
                    "condition": [
                      {
                        "expression": "event.summary matches regex 'ruppin\\\\b'"
                      }
                    ],
                    "disabled": false,
                    "id": "",
                    "label": "Events relating to Ruppin"
                  },
                  {
                    "actions": [
                      {
                        "route_to": "PVMWMLV"
                      }
                    ],
                    "condition": [
                      {
                        "expression": "event.summary matches regex 'sodexo\\\\b'"
                      }
                    ],
                    "disabled": false,
                    "id": "",
                    "label": "Events relating to Sodexo"
                  },
                  {
                    "actions": [
                      {
                        "route_to": "PFVZPEN"
                      }
                    ],
                    "condition": [
                      {
                        "expression": "event.summary matches regex 'tchain\\\\b'"
                      }
                    ],
                    "disabled": false,
                    "id": "",
                    "label": "Events relating to Tchain"
                  },
                  {
                    "actions": [
                      {
                        "route_to": "PD861Q8"
                      }
                    ],
                    "condition": [
                      {
                        "expression": "event.summary matches regex 'viaaus\\\\b'"
                      }
                    ],
                    "disabled": false,
                    "id": "",
                    "label": "Events relating to Viaaus"
                  },
                  {
                    "actions": [
                      {
                        "route_to": "PE4TQHQ"
                      }
                    ],
                    "condition": [
                      {
                        "expression": "event.summary matches regex 'viastg\\\\b'"
                      }
                    ],
                    "disabled": false,
                    "id": "",
                    "label": "Events relating to Viastg"
                  },
                  {
                    "actions": [
                      {
                        "route_to": "PJE49K3"
                      }
                    ],
                    "condition": [
                      {
                        "expression": "event.summary matches regex 'viatyo\\\\b'"
                      }
                    ],
                    "disabled": false,
                    "id": "",
                    "label": "Events relating to Viatyo"
                  },
                  {
                    "actions": [
                      {
                        "route_to": "P9K7ZFC"
                      }
                    ],
                    "condition": [
                      {
                        "expression": "event.summary matches regex 'virtis\\\\b'"
                      }
                    ],
                    "disabled": false,
                    "id": "",
                    "label": "Events relating to Virtis"
                  },
                  {
                    "actions": [
                      {
                        "route_to": "PXMJIOI"
                      }
                    ],
                    "condition": [
                      {
                        "expression": "event.summary matches regex 'wellht\\\\b'"
                      }
                    ],
                    "disabled": false,
                    "id": "",
                    "label": "Events relating to Wellht"
                  },
                  {
                    "actions": [
                      {
                        "route_to": "P5ZRT1N"
                      }
                    ],
                    "condition": [
                      {
                        "expression": "event.summary matches regex 'wesure\\\\b'"
                      }
                    ],
                    "disabled": false,
                    "id": "",
                    "label": "Events relating to Wesure"
                  },
                  {
                    "actions": [
                      {
                        "route_to": "PF9BWWR"
                      }
                    ],
                    "condition": [
                      {
                        "expression": "event.summary matches regex 'yarkon\\\\b'"
                      }
                    ],
                    "disabled": false,
                    "id": "",
                    "label": "Events relating to Yarkon"
                  },
                  {
                    "actions": [
                      {
                        "route_to": "PRJVMZ6"
                      }
                    ],
                    "condition": [
                      {
                        "expression": "event.summary matches regex 'zimmer\\\\b'"
                      }
                    ],
                    "disabled": false,
                    "id": "",
                    "label": "Events relating to Zimmer"
                  },
                  {
                    "actions": [
                      {
                        "route_to": "PHO71CX"
                      }
                    ],
                    "condition": [
                      {
                        "expression": "event.summary matches regex 'adama\\\\b'"
                      }
                    ],
                    "disabled": false,
                    "id": "",
                    "label": "Events relating to Adama"
                  },
                  {
                    "actions": [
                      {
                        "route_to": "PVLRQ5C"
                      }
                    ],
                    "condition": [
                      {
                        "expression": "event.summary matches regex 'alice\\\\b'"
                      }
                    ],
                    "disabled": false,
                    "id": "",
                    "label": "Events relating to Alice"
                  },
                  {
                    "actions": [
                      {
                        "route_to": "P6MRF5R"
                      }
                    ],
                    "condition": [
                      {
                        "expression": "event.summary matches regex 'allot\\\\b'"
                      }
                    ],
                    "disabled": false,
                    "id": "",
                    "label": "Events relating to Allot"
                  },
                  {
                    "actions": [
                      {
                        "route_to": "PNS398U"
                      }
                    ],
                    "condition": [
                      {
                        "expression": "event.summary matches regex 'alpha\\\\b'"
                      }
                    ],
                    "disabled": false,
                    "id": "",
                    "label": "Events relating to Alpha"
                  },
                  {
                    "actions": [
                      {
                        "route_to": "P8G53JU"
                      }
                    ],
                    "condition": [
                      {
                        "expression": "event.summary matches regex 'ariel\\\\b'"
                      }
                    ],
                    "disabled": false,
                    "id": "",
                    "label": "Events relating to Ariel"
                  },
                  {
                    "actions": [
                      {
                        "route_to": "P776LXU"
                      }
                    ],
                    "condition": [
                      {
                        "expression": "event.summary matches regex 'astro\\\\b'"
                      }
                    ],
                    "disabled": false,
                    "id": "",
                    "label": "Events relating to Astro"
                  },
                  {
                    "actions": [
                      {
                        "route_to": "PG4G97D"
                      }
                    ],
                    "condition": [
                      {
                        "expression": "event.summary matches regex 'baoyi\\\\b'"
                      }
                    ],
                    "disabled": false,
                    "id": "",
                    "label": "Events relating to Baoyi"
                  },
                  {
                    "actions": [
                      {
                        "route_to": "PGYW8HC"
                      }
                    ],
                    "condition": [
                      {
                        "expression": "event.summary matches regex 'cetqa\\\\b'"
                      }
                    ],
                    "disabled": false,
                    "id": "",
                    "label": "Events relating to Cetqa"
                  },
                  {
                    "actions": [
                      {
                        "route_to": "P1OY99I"
                      }
                    ],
                    "condition": [
                      {
                        "expression": "event.summary matches regex 'comda\\\\b'"
                      }
                    ],
                    "disabled": false,
                    "id": "",
                    "label": "Events relating to Comda"
                  },
                  {
                    "actions": [
                      {
                        "route_to": "PY8HBWE"
                      }
                    ],
                    "condition": [
                      {
                        "expression": "event.summary matches regex 'copia\\\\b'"
                      }
                    ],
                    "disabled": false,
                    "id": "",
                    "label": "Events relating to Copia"
                  },
                  {
                    "actions": [
                      {
                        "route_to": "PA1SQV1"
                      }
                    ],
                    "condition": [
                      {
                        "expression": "event.summary matches regex 'csirt\\\\b'"
                      }
                    ],
                    "disabled": false,
                    "id": "",
                    "label": "Events relating to Csirt"
                  },
                  {
                    "actions": [
                      {
                        "route_to": "PTM74Y5"
                      }
                    ],
                    "condition": [
                      {
                        "expression": "event.summary matches regex 'demos\\\\b'"
                      }
                    ],
                    "disabled": false,
                    "id": "",
                    "label": "Events relating to Demos"
                  },
                  {
                    "actions": [
                      {
                        "route_to": "P1GTICA"
                      }
                    ],
                    "condition": [
                      {
                        "expression": "event.summary matches regex 'eloan\\\\b'"
                      }
                    ],
                    "disabled": false,
                    "id": "",
                    "label": "Events relating to Eloan"
                  },
                  {
                    "actions": [
                      {
                        "route_to": "PGHU22Y"
                      }
                    ],
                    "condition": [
                      {
                        "expression": "event.summary matches regex 'epldt\\\\b'"
                      }
                    ],
                    "disabled": false,
                    "id": "",
                    "label": "Events relating to Epldt"
                  },
                  {
                    "actions": [
                      {
                        "route_to": "P49R3K6"
                      }
                    ],
                    "condition": [
                      {
                        "expression": "event.summary matches regex 'flink\\\\b'"
                      }
                    ],
                    "disabled": false,
                    "id": "",
                    "label": "Events relating to Flink"
                  },
                  {
                    "actions": [
                      {
                        "route_to": "P3Z1XAK"
                      }
                    ],
                    "condition": [
                      {
                        "expression": "event.summary matches regex 'katzd\\\\b'"
                      }
                    ],
                    "disabled": false,
                    "id": "",
                    "label": "Events relating to Katzd"
                  },
                  {
                    "actions": [
                      {
                        "route_to": "PL5N8H0"
                      }
                    ],
                    "condition": [
                      {
                        "expression": "event.summary matches regex 'liveu\\\\b'"
                      }
                    ],
                    "disabled": false,
                    "id": "",
                    "label": "Events relating to Liveu"
                  },
                  {
                    "actions": [
                      {
                        "route_to": "PVVH0OW"
                      }
                    ],
                    "condition": [
                      {
                        "expression": "event.summary matches regex 'lusha\\\\b'"
                      }
                    ],
                    "disabled": false,
                    "id": "",
                    "label": "Events relating to Lusha"
                  },
                  {
                    "actions": [
                      {
                        "route_to": "PK7H9X2"
                      }
                    ],
                    "condition": [
                      {
                        "expression": "event.summary matches regex 'maman\\\\b'"
                      }
                    ],
                    "disabled": false,
                    "id": "",
                    "label": "Events relating to Maman"
                  },
                  {
                    "actions": [
                      {
                        "route_to": "PCXGV3M"
                      }
                    ],
                    "condition": [
                      {
                        "expression": "event.summary matches regex 'matav\\\\b'"
                      }
                    ],
                    "disabled": false,
                    "id": "",
                    "label": "Events relating to Matav"
                  },
                  {
                    "actions": [
                      {
                        "route_to": "P7T4EFQ"
                      }
                    ],
                    "condition": [
                      {
                        "expression": "event.summary matches regex 'metro\\\\b'"
                      }
                    ],
                    "disabled": false,
                    "id": "",
                    "label": "Events relating to Metro"
                  },
                  {
                    "actions": [
                      {
                        "route_to": "PG74VGP"
                      }
                    ],
                    "condition": [
                      {
                        "expression": "event.summary matches regex 'mwell\\\\b'"
                      }
                    ],
                    "disabled": false,
                    "id": "",
                    "label": "Events relating to Mwell"
                  },
                  {
                    "actions": [
                      {
                        "route_to": "PALIPEM"
                      }
                    ],
                    "condition": [
                      {
                        "expression": "event.summary matches regex 'nsure\\\\b'"
                      }
                    ],
                    "disabled": false,
                    "id": "",
                    "label": "Events relating to Nsure"
                  },
                  {
                    "actions": [
                      {
                        "route_to": "PEFLWJS"
                      }
                    ],
                    "condition": [
                      {
                        "expression": "event.summary matches regex 'ortil\\\\b'"
                      }
                    ],
                    "disabled": false,
                    "id": "",
                    "label": "Events relating to Ortil"
                  },
                  {
                    "actions": [
                      {
                        "route_to": "P08BQ6T"
                      }
                    ],
                    "condition": [
                      {
                        "expression": "event.summary matches regex 'panda\\\\b'"
                      }
                    ],
                    "disabled": false,
                    "id": "",
                    "label": "Events relating to Panda"
                  },
                  {
                    "actions": [
                      {
                        "route_to": "PQODU2M"
                      }
                    ],
                    "condition": [
                      {
                        "expression": "event.summary matches regex 'pango\\\\b'"
                      }
                    ],
                    "disabled": false,
                    "id": "",
                    "label": "Events relating to Pango"
                  },
                  {
                    "actions": [
                      {
                        "route_to": "PGZBIAV"
                      }
                    ],
                    "condition": [
                      {
                        "expression": "event.summary matches regex 'qnomy\\\\b'"
                      }
                    ],
                    "disabled": false,
                    "id": "",
                    "label": "Events relating to Qnomy"
                  },
                  {
                    "actions": [
                      {
                        "route_to": "P8EMU3B"
                      }
                    ],
                    "condition": [
                      {
                        "expression": "event.summary matches regex 'reali\\\\b'"
                      }
                    ],
                    "disabled": false,
                    "id": "",
                    "label": "Events relating to Reali"
                  },
                  {
                    "actions": [
                      {
                        "route_to": "PVP7TC9"
                      }
                    ],
                    "condition": [
                      {
                        "expression": "event.summary matches regex 'reign\\\\b'"
                      }
                    ],
                    "disabled": false,
                    "id": "",
                    "label": "Events relating to Reign"
                  },
                  {
                    "actions": [
                      {
                        "route_to": "PK8MJPI"
                      }
                    ],
                    "condition": [
                      {
                        "expression": "event.summary matches regex 'ronbs\\\\b'"
                      }
                    ],
                    "disabled": false,
                    "id": "",
                    "label": "Events relating to Ronbs"
                  },
                  {
                    "actions": [
                      {
                        "route_to": "PC2KIB7"
                      }
                    ],
                    "condition": [
                      {
                        "expression": "event.summary matches regex 'synel\\\\b'"
                      }
                    ],
                    "disabled": false,
                    "id": "",
                    "label": "Events relating to Synel"
                  },
                  {
                    "actions": [
                      {
                        "route_to": "PFK12FA"
                      }
                    ],
                    "condition": [
                      {
                        "expression": "event.summary matches regex 'tomax\\\\b'"
                      }
                    ],
                    "disabled": false,
                    "id": "",
                    "label": "Events relating to Tomax"
                  },
                  {
                    "actions": [
                      {
                        "route_to": "PFDRW6Q"
                      }
                    ],
                    "condition": [
                      {
                        "expression": "event.summary matches regex 'waves\\\\b'"
                      }
                    ],
                    "disabled": false,
                    "id": "",
                    "label": "Events relating to Waves"
                  },
                  {
                    "actions": [
                      {
                        "route_to": "PLR821J"
                      }
                    ],
                    "condition": [
                      {
                        "expression": "event.summary matches regex 'zegna\\\\b'"
                      }
                    ],
                    "disabled": false,
                    "id": "",
                    "label": "Events relating to Zegna"
                  },
                  {
                    "actions": [
                      {
                        "route_to": "PDJB7SN"
                      }
                    ],
                    "condition": [
                      {
                        "expression": "event.summary matches regex 'alef\\\\b'"
                      }
                    ],
                    "disabled": false,
                    "id": "",
                    "label": "Events relating to Alef"
                  },
                  {
                    "actions": [
                      {
                        "route_to": "PLXHYB6"
                      }
                    ],
                    "condition": [
                      {
                        "expression": "event.summary matches regex 'apna\\\\b'"
                      }
                    ],
                    "disabled": false,
                    "id": "",
                    "label": "Events relating to Apna"
                  },
                  {
                    "actions": [
                      {
                        "route_to": "P83UO1Z"
                      }
                    ],
                    "condition": [
                      {
                        "expression": "event.summary matches regex 'berl\\\\b'"
                      }
                    ],
                    "disabled": false,
                    "id": "",
                    "label": "Events relating to Berl"
                  },
                  {
                    "actions": [
                      {
                        "route_to": "P4WUWKI"
                      }
                    ],
                    "condition": [
                      {
                        "expression": "event.summary matches regex 'bnhp\\\\b'"
                      }
                    ],
                    "disabled": false,
                    "id": "",
                    "label": "Events relating to Bnhp"
                  },
                  {
                    "actions": [
                      {
                        "route_to": "PKJPSZ4"
                      }
                    ],
                    "condition": [
                      {
                        "expression": "event.summary matches regex 'cams\\\\b'"
                      }
                    ],
                    "disabled": false,
                    "id": "",
                    "label": "Events relating to Cams"
                  },
                  {
                    "actions": [
                      {
                        "route_to": "PBH02TO"
                      }
                    ],
                    "condition": [
                      {
                        "expression": "event.summary matches regex 'como\\\\b'"
                      }
                    ],
                    "disabled": false,
                    "id": "",
                    "label": "Events relating to Como"
                  },
                  {
                    "actions": [
                      {
                        "route_to": "PFUTCLU"
                      }
                    ],
                    "condition": [
                      {
                        "expression": "event.summary matches regex 'elal\\\\b'"
                      }
                    ],
                    "disabled": false,
                    "id": "",
                    "label": "Events relating to Elal"
                  },
                  {
                    "actions": [
                      {
                        "route_to": "PPRNUG1"
                      }
                    ],
                    "condition": [
                      {
                        "expression": "event.summary matches regex 'fibi\\\\b'"
                      }
                    ],
                    "disabled": false,
                    "id": "",
                    "label": "Events relating to Fibi"
                  },
                  {
                    "actions": [
                      {
                        "route_to": "P2JQEG2"
                      }
                    ],
                    "condition": [
                      {
                        "expression": "event.summary matches regex 'inss\\\\b'"
                      }
                    ],
                    "disabled": false,
                    "id": "",
                    "label": "Events relating to Inss"
                  },
                  {
                    "actions": [
                      {
                        "route_to": "PLGFRJ2"
                      }
                    ],
                    "condition": [
                      {
                        "expression": "event.summary matches regex 'itgx\\\\b'"
                      }
                    ],
                    "disabled": false,
                    "id": "",
                    "label": "Events relating to Itgx"
                  },
                  {
                    "actions": [
                      {
                        "route_to": "P64N2U2"
                      }
                    ],
                    "condition": [
                      {
                        "expression": "event.summary matches regex 'kolh\\\\b'"
                      }
                    ],
                    "disabled": false,
                    "id": "",
                    "label": "Events relating to Kolh"
                  },
                  {
                    "actions": [
                      {
                        "route_to": "PDBJ107"
                      }
                    ],
                    "condition": [
                      {
                        "expression": "event.summary matches regex 'mako\\\\b'"
                      }
                    ],
                    "disabled": false,
                    "id": "",
                    "label": "Events relating to Mako"
                  },
                  {
                    "actions": [
                      {
                        "route_to": "PSP3PTP"
                      }
                    ],
                    "condition": [
                      {
                        "expression": "event.summary matches regex 'mchp\\\\b'"
                      }
                    ],
                    "disabled": false,
                    "id": "",
                    "label": "Events relating to Mchp"
                  },
                  {
                    "actions": [
                      {
                        "route_to": "PXXPVUC"
                      }
                    ],
                    "condition": [
                      {
                        "expression": "event.summary matches regex 'mgar\\\\b'"
                      }
                    ],
                    "disabled": false,
                    "id": "",
                    "label": "Events relating to Mgar"
                  },
                  {
                    "actions": [
                      {
                        "route_to": "PEY6QUP"
                      }
                    ],
                    "condition": [
                      {
                        "expression": "event.summary matches regex 'moch\\\\b'"
                      }
                    ],
                    "disabled": false,
                    "id": "",
                    "label": "Events relating to Moch"
                  },
                  {
                    "actions": [
                      {
                        "route_to": "P3GGE30"
                      }
                    ],
                    "condition": [
                      {
                        "expression": "event.summary matches regex 'ntuc\\\\b'"
                      }
                    ],
                    "disabled": false,
                    "id": "",
                    "label": "Events relating to Ntuc"
                  },
                  {
                    "actions": [
                      {
                        "route_to": "P07VDQA"
                      }
                    ],
                    "condition": [
                      {
                        "expression": "event.summary matches regex 'sidn\\\\b'"
                      }
                    ],
                    "disabled": false,
                    "id": "",
                    "label": "Events relating to Sidn"
                  },
                  {
                    "actions": [
                      {
                        "route_to": "PF8VJDY"
                      }
                    ],
                    "condition": [
                      {
                        "expression": "event.summary matches regex 'umtb\\\\b'"
                      }
                    ],
                    "disabled": false,
                    "id": "",
                    "label": "Events relating to Umtb"
                  },
                  {
                    "actions": [
                      {
                        "route_to": "PD0QHL5"
                      }
                    ],
                    "condition": [
                      {
                        "expression": "event.summary matches regex 'wego\\\\b'"
                      }
                    ],
                    "disabled": false,
                    "id": "",
                    "label": "Events relating to Wego"
                  },
                  {
                    "actions": [
                      {
                        "route_to": "PXYV5NV"
                      }
                    ],
                    "condition": [
                      {
                        "expression": "event.summary matches regex 'wisp\\\\b'"
                      }
                    ],
                    "disabled": false,
                    "id": "",
                    "label": "Events relating to Wisp"
                  },
                  {
                    "actions": [
                      {
                        "route_to": "PL44Z17"
                      }
                    ],
                    "condition": [
                      {
                        "expression": "event.summary matches regex 'wobi\\\\b'"
                      }
                    ],
                    "disabled": false,
                    "id": "",
                    "label": "Events relating to Wobi"
                  },
                  {
                    "actions": [
                      {
                        "route_to": "PZA0ATB"
                      }
                    ],
                    "condition": [
                      {
                        "expression": "event.summary matches regex 'xnes\\\\b'"
                      }
                    ],
                    "disabled": false,
                    "id": "",
                    "label": "Events relating to Xnes"
                  },
                  {
                    "actions": [
                      {
                        "route_to": "PYLVURZ"
                      }
                    ],
                    "condition": [
                      {
                        "expression": "event.summary matches regex 'ace\\\\b'"
                      }
                    ],
                    "disabled": false,
                    "id": "",
                    "label": "Events relating to Ace"
                  },
                  {
                    "actions": [
                      {
                        "route_to": "PNQKZSB"
                      }
                    ],
                    "condition": [
                      {
                        "expression": "event.summary matches regex 'box\\\\b'"
                      }
                    ],
                    "disabled": false,
                    "id": "",
                    "label": "Events relating to Box"
                  },
                  {
                    "actions": [
                      {
                        "route_to": "PSGLLJ4"
                      }
                    ],
                    "condition": [
                      {
                        "expression": "event.summary matches regex 'fwd\\\\b'"
                      }
                    ],
                    "disabled": false,
                    "id": "",
                    "label": "Events relating to Fwd"
                  },
                  {
                    "actions": [
                      {
                        "route_to": "PNYCFHE"
                      }
                    ],
                    "condition": [
                      {
                        "expression": "event.summary matches regex 'gmc\\\\b'"
                      }
                    ],
                    "disabled": false,
                    "id": "",
                    "label": "Events relating to Gmc"
                  },
                  {
                    "actions": [
                      {
                        "route_to": "P4U6NP9"
                      }
                    ],
                    "condition": [
                      {
                        "expression": "event.summary matches regex 'iai\\\\b'"
                      }
                    ],
                    "disabled": false,
                    "id": "",
                    "label": "Events relating to Iai"
                  },
                  {
                    "actions": [
                      {
                        "route_to": "P5SEJS0"
                      }
                    ],
                    "condition": [
                      {
                        "expression": "event.summary matches regex 'iec\\\\b'"
                      }
                    ],
                    "disabled": false,
                    "id": "",
                    "label": "Events relating to Iec"
                  },
                  {
                    "actions": [
                      {
                        "route_to": "PBAQVH1"
                      }
                    ],
                    "condition": [
                      {
                        "expression": "event.summary matches regex 'mda\\\\b'"
                      }
                    ],
                    "disabled": false,
                    "id": "",
                    "label": "Events relating to Mda"
                  },
                  {
                    "actions": [
                      {
                        "route_to": "P84ZKHS"
                      }
                    ],
                    "condition": [
                      {
                        "expression": "event.summary matches regex 'ort\\\\b'"
                      }
                    ],
                    "disabled": false,
                    "id": "",
                    "label": "Events relating to Ort"
                  },
                  {
                    "actions": [
                      {
                        "route_to": "PCVV8VQ"
                      }
                    ],
                    "condition": [
                      {
                        "expression": "event.summary matches regex 'rpx\\\\b'"
                      }
                    ],
                    "disabled": false,
                    "id": "",
                    "label": "Events relating to Rpx"
                  },
                  {
                    "actions": [
                      {
                        "route_to": "P4E9DPL"
                      }
                    ],
                    "condition": [
                      {
                        "expression": "event.summary matches regex 's21\\\\b'"
                      }
                    ],
                    "disabled": false,
                    "id": "",
                    "label": "Events relating to S21"
                  },
                  {
                    "actions": [
                      {
                        "route_to": "PUREUSO"
                      }
                    ],
                    "condition": [
                      {
                        "expression": "event.summary matches regex 'stm\\\\b'"
                      }
                    ],
                    "disabled": false,
                    "id": "",
                    "label": "Events relating to Stm"
                  },
                  {
                    "actions": [
                      {
                        "route_to": "PZPK7SM"
                      }
                    ],
                    "condition": [
                      {
                        "expression": "event.summary matches regex 'tlv\\\\b'"
                      }
                    ],
                    "disabled": false,
                    "id": "",
                    "label": "Events relating to Tlv"
                  },
                  {
                    "actions": [
                      {
                        "route_to": "PUYR11Y"
                      }
                    ],
                    "condition": [
                      {
                        "expression": "event.summary matches regex 'ubi\\\\b'"
                      }
                    ],
                    "disabled": false,
                    "id": "",
                    "label": "Events relating to Ubi"
                  },
                  {
                    "actions": [
                      {
                        "route_to": "PG5LJ0W"
                      }
                    ],
                    "condition": [
                      {
                        "expression": "event.summary matches regex 'via\\\\b'"
                      }
                    ],
                    "disabled": false,
                    "id": "",
                    "label": "Events relating to Via"
                  },
                  {
                    "actions": [
                      {
                        "route_to": "P3R9R8H"
                      }
                    ],
                    "condition": [
                      {
                        "expression": "event.summary matches regex 'pm\\\\b'"
                      }
                    ],
                    "disabled": false,
                    "id": "",
                    "label": "Events relating to Pm"
                  }
                ]
              }
            ]
          },
          "sensitive_attributes": [],
          "private": "bnVsbA==",
          "dependencies": [
            "data.pagerduty_escalation_policy.default",
            "pagerduty_event_orchestration.devops",
            "pagerduty_service.Ace",
            "pagerduty_service.AdTorqueEdgecom",
            "pagerduty_service.Adama",
            "pagerduty_service.AeroLines",
            "pagerduty_service.Agcpartn724293144879715090",
            "pagerduty_service.Alef",
            "pagerduty_service.Alice",
            "pagerduty_service.Alljobs",
            "pagerduty_service.Allot",
            "pagerduty_service.Alpha",
            "pagerduty_service.Americane82018410522879632",
            "pagerduty_service.Amidar",
            "pagerduty_service.Apna",
            "pagerduty_service.Appviewx816140081204059790",
            "pagerduty_service.Ariel",
            "pagerduty_service.Armyph",
            "pagerduty_service.Astro",
            "pagerduty_service.Avesta",
            "pagerduty_service.Backlotcars",
            "pagerduty_service.Baoyi",
            "pagerduty_service.Bdirector",
            "pagerduty_service.Berl",
            "pagerduty_service.Betfair",
            "pagerduty_service.Betfaircasino",
            "pagerduty_service.Betfaircasinostg",
            "pagerduty_service.Betfairstg",
            "pagerduty_service.Betterup",
            "pagerduty_service.Bigimmer281521707765566363",
            "pagerduty_service.Biodata",
            "pagerduty_service.Bitsofgold",
            "pagerduty_service.Bluegrid92868745751327215",
            "pagerduty_service.Bnhp",
            "pagerduty_service.Bnology",
            "pagerduty_service.Boltreblaze",
            "pagerduty_service.Bookaway",
            "pagerduty_service.Box",
            "pagerduty_service.Brasilseg",
            "pagerduty_service.Cachcow",
            "pagerduty_service.Callkeysys",
            "pagerduty_service.Cams",
            "pagerduty_service.Careblaze",
            "pagerduty_service.Careblazeqa",
            "pagerduty_service.Carrefoure",
            "pagerduty_service.Cashcow",
            "pagerduty_service.Cecomhostproject01",
            "pagerduty_service.Cecomhostprojectproduction",
            "pagerduty_service.Cellexpertx",
            "pagerduty_service.Cellp02",
            "pagerduty_service.Cetnew",
            "pagerduty_service.Cetprep",
            "pagerduty_service.Cetqa",
            "pagerduty_service.Cettesting",
            "pagerduty_service.Champion",
            "pagerduty_service.Chargeafter",
            "pagerduty_service.Chargeafterstg",
            "pagerduty_service.Chingari",
            "pagerduty_service.Chiper639237995632723462",
            "pagerduty_service.Cleartrip",
            "pagerduty_service.Cloudmd",
            "pagerduty_service.Cloudwm",
            "pagerduty_service.Coinberry",
            "pagerduty_service.Colman",
            "pagerduty_service.Comda",
            "pagerduty_service.Como",
            "pagerduty_service.Copia",
            "pagerduty_service.Cotohacfgwservice6Epszaaf",
            "pagerduty_service.Cruiseit",
            "pagerduty_service.Csirt",
            "pagerduty_service.Cth2Prod1Zxnri8X8",
            "pagerduty_service.Cycura",
            "pagerduty_service.Cyqurex52970321352494334",
            "pagerduty_service.Datagovp633462572263654780",
            "pagerduty_service.Datagovtest",
            "pagerduty_service.Datanomik",
            "pagerduty_service.Datasec",
            "pagerduty_service.Defaultstuff2",
            "pagerduty_service.Delasport",
            "pagerduty_service.Demos",
            "pagerduty_service.Demos2",
            "pagerduty_service.Demossdk",
            "pagerduty_service.Dermpro",
            "pagerduty_service.Digicenter",
            "pagerduty_service.Directa24",
            "pagerduty_service.Dlocalapi",
            "pagerduty_service.Doralon",
            "pagerduty_service.Dshepherd",
            "pagerduty_service.Dstuff2200",
            "pagerduty_service.Efimatica",
            "pagerduty_service.Ekreblaze",
            "pagerduty_service.Elal",
            "pagerduty_service.Elalstage",
            "pagerduty_service.Electra",
            "pagerduty_service.Elefftest64895039768164394",
            "pagerduty_service.Eloan",
            "pagerduty_service.Epldt",
            "pagerduty_service.Erosgroup",
            "pagerduty_service.Eshettours",
            "pagerduty_service.Estoreproduction194504",
            "pagerduty_service.Fattal",
            "pagerduty_service.Fibi",
            "pagerduty_service.Fishbrain",
            "pagerduty_service.Flashcoffee",
            "pagerduty_service.Flexport",
            "pagerduty_service.Flink",
            "pagerduty_service.Flipkart",
            "pagerduty_service.Forbesdevelopment",
            "pagerduty_service.Forbesproduction",
            "pagerduty_service.Formatemp",
            "pagerduty_service.Formativ718648307850097729",
            "pagerduty_service.Fwd",
            "pagerduty_service.Gazprom",
            "pagerduty_service.Gearlaunchx",
            "pagerduty_service.Glassesusa",
            "pagerduty_service.Gmc",
            "pagerduty_service.Gokturkteam",
            "pagerduty_service.Goniyo",
            "pagerduty_service.Gtaureblaze",
            "pagerduty_service.Gtaureblazestg",
            "pagerduty_service.Gtreblaze",
            "pagerduty_service.Hagihon",
            "pagerduty_service.Haifamuni",
            "pagerduty_service.Halman",
            "pagerduty_service.Hirematic",
            "pagerduty_service.Hmnetwork",
            "pagerduty_service.Holdprod",
            "pagerduty_service.Horizon",
            "pagerduty_service.Hyposwiss",
            "pagerduty_service.Hzreblazeprod",
            "pagerduty_service.Hzreblazestg",
            "pagerduty_service.Iai",
            "pagerduty_service.Iclgroup",
            "pagerduty_service.Iconnect",
            "pagerduty_service.Idreblaze",
            "pagerduty_service.Iec",
            "pagerduty_service.Iectesttls",
            "pagerduty_service.Inatec",
            "pagerduty_service.Inetwebs152061635206655917",
            "pagerduty_service.Inss",
            "pagerduty_service.Iolpbsalute",
            "pagerduty_service.Iremit",
            "pagerduty_service.Ironsolutions",
            "pagerduty_service.Israel69595972334368573",
            "pagerduty_service.Israelhayom",
            "pagerduty_service.Israelrai27963377783270403",
            "pagerduty_service.Isstax",
            "pagerduty_service.Itgx",
            "pagerduty_service.Ituranar",
            "pagerduty_service.Ituranbr",
            "pagerduty_service.Ituranx",
            "pagerduty_service.Kahane",
            "pagerduty_service.Katzd",
            "pagerduty_service.Knesset",
            "pagerduty_service.Kolh",
            "pagerduty_service.Leonardohotels",
            "pagerduty_service.Lifefitness",
            "pagerduty_service.Liveu",
            "pagerduty_service.Liveustg",
            "pagerduty_service.Lusha",
            "pagerduty_service.Luzzatto",
            "pagerduty_service.Lvpn527370280444",
            "pagerduty_service.Machinerypete",
            "pagerduty_service.Mako",
            "pagerduty_service.Maman",
            "pagerduty_service.Matav",
            "pagerduty_service.Matrixc",
            "pagerduty_service.Mchp",
            "pagerduty_service.Mcureblaze",
            "pagerduty_service.Mda",
            "pagerduty_service.Megazonesb",
            "pagerduty_service.Mellanox",
            "pagerduty_service.Menoramivt",
            "pagerduty_service.Meteorit",
            "pagerduty_service.Metro",
            "pagerduty_service.Meuhedet",
            "pagerduty_service.Mfsafrica",
            "pagerduty_service.Mgar",
            "pagerduty_service.Mifinitypay",
            "pagerduty_service.Mindgeek",
            "pagerduty_service.Moch",
            "pagerduty_service.Mohawk",
            "pagerduty_service.Moovit",
            "pagerduty_service.Moovitqa",
            "pagerduty_service.Moovitstg",
            "pagerduty_service.Movereblaze",
            "pagerduty_service.Mpprodreblazeteststg",
            "pagerduty_service.Multipass",
            "pagerduty_service.Musicbuk",
            "pagerduty_service.Mwell",
            "pagerduty_service.Mycheck",
            "pagerduty_service.Newrbzqa103306614922995878",
            "pagerduty_service.Northgate",
            "pagerduty_service.Notrbztestproject",
            "pagerduty_service.Nsure",
            "pagerduty_service.Ntuc",
            "pagerduty_service.Olga12345",
            "pagerduty_service.Opaltech",
            "pagerduty_service.Opencuri696928180841517713",
            "pagerduty_service.Openfintech",
            "pagerduty_service.Openpay",
            "pagerduty_service.Orbograph",
            "pagerduty_service.Ort",
            "pagerduty_service.Ortil",
            "pagerduty_service.P4Refuel",
            "pagerduty_service.Panda",
            "pagerduty_service.Pango",
            "pagerduty_service.Payoneer",
            "pagerduty_service.Payoneerx",
            "pagerduty_service.Payoneerxstg",
            "pagerduty_service.Platformsh",
            "pagerduty_service.Pm",
            "pagerduty_service.Pnistg",
            "pagerduty_service.Pnivpd7K5Tsndoom",
            "pagerduty_service.Pointer",
            "pagerduty_service.Popmart",
            "pagerduty_service.Pplprodfephx2",
            "pagerduty_service.Ppluatfephx2",
            "pagerduty_service.Prefectprode1E512",
            "pagerduty_service.Priority",
            "pagerduty_service.Proficio",
            "pagerduty_service.Prudent",
            "pagerduty_service.Purplle",
            "pagerduty_service.Qa21210",
            "pagerduty_service.Qa21210Y",
            "pagerduty_service.Qa21212",
            "pagerduty_service.Qa2126",
            "pagerduty_service.Qa21260G",
            "pagerduty_service.Qa2128",
            "pagerduty_service.Qa2140D",
            "pagerduty_service.Qa2140E",
            "pagerduty_service.Qaolga3953602350965345",
            "pagerduty_service.Qavadim847914756549420121",
            "pagerduty_service.Qnomy",
            "pagerduty_service.Quacom",
            "pagerduty_service.Rafael",
            "pagerduty_service.Rbcompliance2",
            "pagerduty_service.Rbzacademy",
            "pagerduty_service.Rbzaws221986932086",
            "pagerduty_service.Rbzaws232079419768",
            "pagerduty_service.Rbzaws479335881964",
            "pagerduty_service.Rbzaws589416701894",
            "pagerduty_service.Rbzaws667713386313",
            "pagerduty_service.Rbzaws78972580297192148311",
            "pagerduty_service.Rbzaws789809902545",
            "pagerduty_service.Rbzdevbratislava",
            "pagerduty_service.Rbzdevmerge001",
            "pagerduty_service.Rbzdevmp004",
            "pagerduty_service.Rbzdevqnomy",
            "pagerduty_service.Rbzdevtest",
            "pagerduty_service.Rbzdevtzury2202",
            "pagerduty_service.Rbzolga753103565707641934",
            "pagerduty_service.Rbzopsazr01",
            "pagerduty_service.Rbzqamp0030160679959478244",
            "pagerduty_service.Rbzqamp0073595184297896571",
            "pagerduty_service.Rbzqaprod001",
            "pagerduty_service.Rbzqaprod220",
            "pagerduty_service.Rbzqasomething",
            "pagerduty_service.Rbztest",
            "pagerduty_service.Rbzwebsite",
            "pagerduty_service.Rbzwizprod",
            "pagerduty_service.Reali",
            "pagerduty_service.Reblaze74690738161970604",
            "pagerduty_service.Reblazed706840781522387801",
            "pagerduty_service.Reblazede37304730316182808",
            "pagerduty_service.Reign",
            "pagerduty_service.Rentoza",
            "pagerduty_service.Ronbs",
            "pagerduty_service.Rpx",
            "pagerduty_service.Ruppin",
            "pagerduty_service.S21",
            "pagerduty_service.Salefreaks",
            "pagerduty_service.Samanage",
            "pagerduty_service.Samanageeur",
            "pagerduty_service.Searce597402607595260740",
            "pagerduty_service.Segment",
            "pagerduty_service.Shikunbinui",
            "pagerduty_service.Shostak",
            "pagerduty_service.Sidn",
            "pagerduty_service.Skylabs",
            "pagerduty_service.Smartnpv",
            "pagerduty_service.Smartpldt",
            "pagerduty_service.Sodexo",
            "pagerduty_service.Sodexoin",
            "pagerduty_service.Sonaefs",
            "pagerduty_service.Sonaemc",
            "pagerduty_service.Sphereo",
            "pagerduty_service.Stg2160E",
            "pagerduty_service.Stg2161B",
            "pagerduty_service.Stg2180B",
            "pagerduty_service.Stg2180C",
            "pagerduty_service.Stg2200",
            "pagerduty_service.Stg2201B",
            "pagerduty_service.Stg2202A",
            "pagerduty_service.Stg2202X",
            "pagerduty_service.Stg2202Xa",
            "pagerduty_service.Stm",
            "pagerduty_service.Stormferrero",
            "pagerduty_service.Stormreply",
            "pagerduty_service.Stormreplymt",
            "pagerduty_service.Strauss",
            "pagerduty_service.Superpharm",
            "pagerduty_service.Synel",
            "pagerduty_service.Sysbind",
            "pagerduty_service.Taasuka",
            "pagerduty_service.Tchain",
            "pagerduty_service.Tenurex",
            "pagerduty_service.Threelayerst",
            "pagerduty_service.Tipranks",
            "pagerduty_service.Tipranksstg",
            "pagerduty_service.Tkgbridge",
            "pagerduty_service.Tlv",
            "pagerduty_service.Tmprotection",
            "pagerduty_service.Tomax",
            "pagerduty_service.Tradairx",
            "pagerduty_service.Twobsecure",
            "pagerduty_service.Twobsecure02",
            "pagerduty_service.Ubi",
            "pagerduty_service.Umtb",
            "pagerduty_service.Va2Devqvn57129192392208814",
            "pagerduty_service.Va2Devqvnx6Mz0",
            "pagerduty_service.Va2Prodgisxiq15",
            "pagerduty_service.Ventureslab",
            "pagerduty_service.Via",
            "pagerduty_service.Viaaus",
            "pagerduty_service.Viastg",
            "pagerduty_service.Viatyo",
            "pagerduty_service.Virtis",
            "pagerduty_service.Virtisus",
            "pagerduty_service.Wallashops",
            "pagerduty_service.Wallatours",
            "pagerduty_service.Waves",
            "pagerduty_service.Wavesuat",
            "pagerduty_service.Wego",
            "pagerduty_service.Wellht",
            "pagerduty_service.Wesure",
            "pagerduty_service.Wesureusa",
            "pagerduty_service.Wisp",
            "pagerduty_service.Wobi",
            "pagerduty_service.Wscsports",
            "pagerduty_service.Xnes",
            "pagerduty_service.Yarkon",
            "pagerduty_service.Zegna",
            "pagerduty_service.Zegnarow",
            "pagerduty_service.Zimmer",
            "pagerduty_service.Zoomanalytics"
          ]
        }
      ]
    },
    {
      "mode": "managed",
      "type": "pagerduty_service",
      "name": "Ace",
      "provider": "provider[\"registry.terraform.io/pagerduty/pagerduty\"]",
      "instances": [
        {
          "schema_version": 0,
          "attributes": {
            "acknowledgement_timeout": "1800",
            "alert_creation": "create_incidents",
            "alert_grouping": null,
            "alert_grouping_parameters": [],
            "alert_grouping_timeout": "null",
            "auto_pause_notifications_parameters": [],
            "auto_resolve_timeout": "14400",
            "created_at": "2023-02-26T18:00:29+02:00",
            "description": "Ace (ace)",
            "escalation_policy": "PA57YI4",
            "html_url": "https://reblaze.pagerduty.com/service-directory/PYLVURZ",
            "id": "PYLVURZ",
            "incident_urgency_rule": [
              {
                "during_support_hours": [],
                "outside_support_hours": [],
                "type": "constant",
                "urgency": "high"
              }
            ],
            "last_incident_timestamp": "",
            "name": "Ace",
            "response_play": null,
            "scheduled_actions": [],
            "status": "active",
            "support_hours": [],
            "type": "service"
          },
          "sensitive_attributes": [],
          "private": "bnVsbA==",
          "dependencies": [
            "data.pagerduty_escalation_policy.default"
          ]
        }
      ]
    },
    {
      "mode": "managed",
      "type": "pagerduty_service",
      "name": "AdTorqueEdgecom",
      "provider": "provider[\"registry.terraform.io/pagerduty/pagerduty\"]",
      "instances": [
        {
          "schema_version": 0,
          "attributes": {
            "acknowledgement_timeout": "1800",
            "alert_creation": "create_incidents",
            "alert_grouping": null,
            "alert_grouping_parameters": [],
            "alert_grouping_timeout": "null",
            "auto_pause_notifications_parameters": [],
            "auto_resolve_timeout": "14400",
            "created_at": "2023-02-26T18:00:56+02:00",
            "description": "AdTorqueEdgecom (adtorqueedge)",
            "escalation_policy": "PA57YI4",
            "html_url": "https://reblaze.pagerduty.com/service-directory/P90KNOX",
            "id": "P90KNOX",
            "incident_urgency_rule": [
              {
                "during_support_hours": [],
                "outside_support_hours": [],
                "type": "constant",
                "urgency": "high"
              }
            ],
            "last_incident_timestamp": "",
            "name": "AdTorqueEdgecom",
            "response_play": null,
            "scheduled_actions": [],
            "status": "active",
            "support_hours": [],
            "type": "service"
          },
          "sensitive_attributes": [],
          "private": "bnVsbA==",
          "dependencies": [
            "data.pagerduty_escalation_policy.default"
          ]
        }
      ]
    },
    {
      "mode": "managed",
      "type": "pagerduty_service",
      "name": "Adama",
      "provider": "provider[\"registry.terraform.io/pagerduty/pagerduty\"]",
      "instances": [
        {
          "schema_version": 0,
          "attributes": {
            "acknowledgement_timeout": "1800",
            "alert_creation": "create_incidents",
            "alert_grouping": null,
            "alert_grouping_parameters": [],
            "alert_grouping_timeout": "null",
            "auto_pause_notifications_parameters": [],
            "auto_resolve_timeout": "14400",
            "created_at": "2023-02-26T18:00:41+02:00",
            "description": "Adama (adama)",
            "escalation_policy": "PA57YI4",
            "html_url": "https://reblaze.pagerduty.com/service-directory/PHO71CX",
            "id": "PHO71CX",
            "incident_urgency_rule": [
              {
                "during_support_hours": [],
                "outside_support_hours": [],
                "type": "constant",
                "urgency": "high"
              }
            ],
            "last_incident_timestamp": "",
            "name": "Adama",
            "response_play": null,
            "scheduled_actions": [],
            "status": "active",
            "support_hours": [],
            "type": "service"
          },
          "sensitive_attributes": [],
          "private": "bnVsbA==",
          "dependencies": [
            "data.pagerduty_escalation_policy.default"
          ]
        }
      ]
    },
    {
      "mode": "managed",
      "type": "pagerduty_service",
      "name": "AeroLines",
      "provider": "provider[\"registry.terraform.io/pagerduty/pagerduty\"]",
      "instances": [
        {
          "schema_version": 0,
          "attributes": {
            "acknowledgement_timeout": "1800",
            "alert_creation": "create_incidents",
            "alert_grouping": null,
            "alert_grouping_parameters": [],
            "alert_grouping_timeout": "null",
            "auto_pause_notifications_parameters": [],
            "auto_resolve_timeout": "14400",
            "created_at": "2023-02-26T18:00:58+02:00",
            "description": "AeroLines (aerolineas)",
            "escalation_policy": "PA57YI4",
            "html_url": "https://reblaze.pagerduty.com/service-directory/PGQE2SZ",
            "id": "PGQE2SZ",
            "incident_urgency_rule": [
              {
                "during_support_hours": [],
                "outside_support_hours": [],
                "type": "constant",
                "urgency": "high"
              }
            ],
            "last_incident_timestamp": "",
            "name": "AeroLines",
            "response_play": null,
            "scheduled_actions": [],
            "status": "active",
            "support_hours": [],
            "type": "service"
          },
          "sensitive_attributes": [],
          "private": "bnVsbA==",
          "dependencies": [
            "data.pagerduty_escalation_policy.default"
          ]
        }
      ]
    },
    {
      "mode": "managed",
      "type": "pagerduty_service",
      "name": "Agcpartn724293144879715090",
      "provider": "provider[\"registry.terraform.io/pagerduty/pagerduty\"]",
      "instances": [
        {
          "schema_version": 0,
          "attributes": {
            "acknowledgement_timeout": "1800",
            "alert_creation": "create_incidents",
            "alert_grouping": null,
            "alert_grouping_parameters": [],
            "alert_grouping_timeout": "null",
            "auto_pause_notifications_parameters": [],
            "auto_resolve_timeout": "14400",
            "created_at": "2023-02-26T18:00:30+02:00",
            "description": "Agcpartn724293144879715090 (agcpartn724293144879715090)",
            "escalation_policy": "PA57YI4",
            "html_url": "https://reblaze.pagerduty.com/service-directory/PUACNA7",
            "id": "PUACNA7",
            "incident_urgency_rule": [
              {
                "during_support_hours": [],
                "outside_support_hours": [],
                "type": "constant",
                "urgency": "high"
              }
            ],
            "last_incident_timestamp": "",
            "name": "Agcpartn724293144879715090",
            "response_play": null,
            "scheduled_actions": [],
            "status": "active",
            "support_hours": [],
            "type": "service"
          },
          "sensitive_attributes": [],
          "private": "bnVsbA==",
          "dependencies": [
            "data.pagerduty_escalation_policy.default"
          ]
        }
      ]
    },
    {
      "mode": "managed",
      "type": "pagerduty_service",
      "name": "Alef",
      "provider": "provider[\"registry.terraform.io/pagerduty/pagerduty\"]",
      "instances": [
        {
          "schema_version": 0,
          "attributes": {
            "acknowledgement_timeout": "1800",
            "alert_creation": "create_incidents",
            "alert_grouping": null,
            "alert_grouping_parameters": [],
            "alert_grouping_timeout": "null",
            "auto_pause_notifications_parameters": [],
            "auto_resolve_timeout": "14400",
            "created_at": "2023-02-26T18:00:48+02:00",
            "description": "Alef (alef)",
            "escalation_policy": "PA57YI4",
            "html_url": "https://reblaze.pagerduty.com/service-directory/PDJB7SN",
            "id": "PDJB7SN",
            "incident_urgency_rule": [
              {
                "during_support_hours": [],
                "outside_support_hours": [],
                "type": "constant",
                "urgency": "high"
              }
            ],
            "last_incident_timestamp": "",
            "name": "Alef",
            "response_play": null,
            "scheduled_actions": [],
            "status": "active",
            "support_hours": [],
            "type": "service"
          },
          "sensitive_attributes": [],
          "private": "bnVsbA==",
          "dependencies": [
            "data.pagerduty_escalation_policy.default"
          ]
        }
      ]
    },
    {
      "mode": "managed",
      "type": "pagerduty_service",
      "name": "Alice",
      "provider": "provider[\"registry.terraform.io/pagerduty/pagerduty\"]",
      "instances": [
        {
          "schema_version": 0,
          "attributes": {
            "acknowledgement_timeout": "1800",
            "alert_creation": "create_incidents",
            "alert_grouping": null,
            "alert_grouping_parameters": [],
            "alert_grouping_timeout": "null",
            "auto_pause_notifications_parameters": [],
            "auto_resolve_timeout": "14400",
            "created_at": "2023-02-26T18:01:12+02:00",
            "description": "Alice (alice)",
            "escalation_policy": "PA57YI4",
            "html_url": "https://reblaze.pagerduty.com/service-directory/PVLRQ5C",
            "id": "PVLRQ5C",
            "incident_urgency_rule": [
              {
                "during_support_hours": [],
                "outside_support_hours": [],
                "type": "constant",
                "urgency": "high"
              }
            ],
            "last_incident_timestamp": "",
            "name": "Alice",
            "response_play": null,
            "scheduled_actions": [],
            "status": "active",
            "support_hours": [],
            "type": "service"
          },
          "sensitive_attributes": [],
          "private": "bnVsbA==",
          "dependencies": [
            "data.pagerduty_escalation_policy.default"
          ]
        }
      ]
    },
    {
      "mode": "managed",
      "type": "pagerduty_service",
      "name": "Alljobs",
      "provider": "provider[\"registry.terraform.io/pagerduty/pagerduty\"]",
      "instances": [
        {
          "schema_version": 0,
          "attributes": {
            "acknowledgement_timeout": "1800",
            "alert_creation": "create_incidents",
            "alert_grouping": null,
            "alert_grouping_parameters": [],
            "alert_grouping_timeout": "null",
            "auto_pause_notifications_parameters": [],
            "auto_resolve_timeout": "14400",
            "created_at": "2023-02-26T18:00:31+02:00",
            "description": "Alljobs (alljobs)",
            "escalation_policy": "PA57YI4",
            "html_url": "https://reblaze.pagerduty.com/service-directory/PM2D83L",
            "id": "PM2D83L",
            "incident_urgency_rule": [
              {
                "during_support_hours": [],
                "outside_support_hours": [],
                "type": "constant",
                "urgency": "high"
              }
            ],
            "last_incident_timestamp": "",
            "name": "Alljobs",
            "response_play": null,
            "scheduled_actions": [],
            "status": "active",
            "support_hours": [],
            "type": "service"
          },
          "sensitive_attributes": [],
          "private": "bnVsbA==",
          "dependencies": [
            "data.pagerduty_escalation_policy.default"
          ]
        }
      ]
    },
    {
      "mode": "managed",
      "type": "pagerduty_service",
      "name": "Allot",
      "provider": "provider[\"registry.terraform.io/pagerduty/pagerduty\"]",
      "instances": [
        {
          "schema_version": 0,
          "attributes": {
            "acknowledgement_timeout": "1800",
            "alert_creation": "create_incidents",
            "alert_grouping": null,
            "alert_grouping_parameters": [],
            "alert_grouping_timeout": "null",
            "auto_pause_notifications_parameters": [],
            "auto_resolve_timeout": "14400",
            "created_at": "2023-02-26T18:01:00+02:00",
            "description": "Allot (allot)",
            "escalation_policy": "PA57YI4",
            "html_url": "https://reblaze.pagerduty.com/service-directory/P6MRF5R",
            "id": "P6MRF5R",
            "incident_urgency_rule": [
              {
                "during_support_hours": [],
                "outside_support_hours": [],
                "type": "constant",
                "urgency": "high"
              }
            ],
            "last_incident_timestamp": "",
            "name": "Allot",
            "response_play": null,
            "scheduled_actions": [],
            "status": "active",
            "support_hours": [],
            "type": "service"
          },
          "sensitive_attributes": [],
          "private": "bnVsbA==",
          "dependencies": [
            "data.pagerduty_escalation_policy.default"
          ]
        }
      ]
    },
    {
      "mode": "managed",
      "type": "pagerduty_service",
      "name": "Alpha",
      "provider": "provider[\"registry.terraform.io/pagerduty/pagerduty\"]",
      "instances": [
        {
          "schema_version": 0,
          "attributes": {
            "acknowledgement_timeout": "1800",
            "alert_creation": "create_incidents",
            "alert_grouping": null,
            "alert_grouping_parameters": [],
            "alert_grouping_timeout": "null",
            "auto_pause_notifications_parameters": [],
            "auto_resolve_timeout": "14400",
            "created_at": "2023-02-26T18:00:30+02:00",
            "description": "Alpha (alpha)",
            "escalation_policy": "PA57YI4",
            "html_url": "https://reblaze.pagerduty.com/service-directory/PNS398U",
            "id": "PNS398U",
            "incident_urgency_rule": [
              {
                "during_support_hours": [],
                "outside_support_hours": [],
                "type": "constant",
                "urgency": "high"
              }
            ],
            "last_incident_timestamp": "",
            "name": "Alpha",
            "response_play": null,
            "scheduled_actions": [],
            "status": "active",
            "support_hours": [],
            "type": "service"
          },
          "sensitive_attributes": [],
          "private": "bnVsbA==",
          "dependencies": [
            "data.pagerduty_escalation_policy.default"
          ]
        }
      ]
    },
    {
      "mode": "managed",
      "type": "pagerduty_service",
      "name": "Americane82018410522879632",
      "provider": "provider[\"registry.terraform.io/pagerduty/pagerduty\"]",
      "instances": [
        {
          "schema_version": 0,
          "attributes": {
            "acknowledgement_timeout": "1800",
            "alert_creation": "create_incidents",
            "alert_grouping": null,
            "alert_grouping_parameters": [],
            "alert_grouping_timeout": "null",
            "auto_pause_notifications_parameters": [],
            "auto_resolve_timeout": "14400",
            "created_at": "2023-02-26T18:01:14+02:00",
            "description": "Americane82018410522879632 (americane82018410522879632)",
            "escalation_policy": "PA57YI4",
            "html_url": "https://reblaze.pagerduty.com/service-directory/PJ2Z3I1",
            "id": "PJ2Z3I1",
            "incident_urgency_rule": [
              {
                "during_support_hours": [],
                "outside_support_hours": [],
                "type": "constant",
                "urgency": "high"
              }
            ],
            "last_incident_timestamp": "",
            "name": "Americane82018410522879632",
            "response_play": null,
            "scheduled_actions": [],
            "status": "active",
            "support_hours": [],
            "type": "service"
          },
          "sensitive_attributes": [],
          "private": "bnVsbA==",
          "dependencies": [
            "data.pagerduty_escalation_policy.default"
          ]
        }
      ]
    },
    {
      "mode": "managed",
      "type": "pagerduty_service",
      "name": "Amidar",
      "provider": "provider[\"registry.terraform.io/pagerduty/pagerduty\"]",
      "instances": [
        {
          "schema_version": 0,
          "attributes": {
            "acknowledgement_timeout": "1800",
            "alert_creation": "create_incidents",
            "alert_grouping": null,
            "alert_grouping_parameters": [],
            "alert_grouping_timeout": "null",
            "auto_pause_notifications_parameters": [],
            "auto_resolve_timeout": "14400",
            "created_at": "2023-02-26T18:00:47+02:00",
            "description": "Amidar (amidar)",
            "escalation_policy": "PA57YI4",
            "html_url": "https://reblaze.pagerduty.com/service-directory/PTD9OQ9",
            "id": "PTD9OQ9",
            "incident_urgency_rule": [
              {
                "during_support_hours": [],
                "outside_support_hours": [],
                "type": "constant",
                "urgency": "high"
              }
            ],
            "last_incident_timestamp": "",
            "name": "Amidar",
            "response_play": null,
            "scheduled_actions": [],
            "status": "active",
            "support_hours": [],
            "type": "service"
          },
          "sensitive_attributes": [],
          "private": "bnVsbA==",
          "dependencies": [
            "data.pagerduty_escalation_policy.default"
          ]
        }
      ]
    },
    {
      "mode": "managed",
      "type": "pagerduty_service",
      "name": "Apna",
      "provider": "provider[\"registry.terraform.io/pagerduty/pagerduty\"]",
      "instances": [
        {
          "schema_version": 0,
          "attributes": {
            "acknowledgement_timeout": "1800",
            "alert_creation": "create_incidents",
            "alert_grouping": null,
            "alert_grouping_parameters": [],
            "alert_grouping_timeout": "null",
            "auto_pause_notifications_parameters": [],
            "auto_resolve_timeout": "14400",
            "created_at": "2023-02-26T18:01:01+02:00",
            "description": "Apna (apna)",
            "escalation_policy": "PA57YI4",
            "html_url": "https://reblaze.pagerduty.com/service-directory/PLXHYB6",
            "id": "PLXHYB6",
            "incident_urgency_rule": [
              {
                "during_support_hours": [],
                "outside_support_hours": [],
                "type": "constant",
                "urgency": "high"
              }
            ],
            "last_incident_timestamp": "",
            "name": "Apna",
            "response_play": null,
            "scheduled_actions": [],
            "status": "active",
            "support_hours": [],
            "type": "service"
          },
          "sensitive_attributes": [],
          "private": "bnVsbA==",
          "dependencies": [
            "data.pagerduty_escalation_policy.default"
          ]
        }
      ]
    },
    {
      "mode": "managed",
      "type": "pagerduty_service",
      "name": "Appviewx816140081204059790",
      "provider": "provider[\"registry.terraform.io/pagerduty/pagerduty\"]",
      "instances": [
        {
          "schema_version": 0,
          "attributes": {
            "acknowledgement_timeout": "1800",
            "alert_creation": "create_incidents",
            "alert_grouping": null,
            "alert_grouping_parameters": [],
            "alert_grouping_timeout": "null",
            "auto_pause_notifications_parameters": [],
            "auto_resolve_timeout": "14400",
            "created_at": "2023-02-26T18:01:00+02:00",
            "description": "Appviewx816140081204059790 (appviewx816140081204059790)",
            "escalation_policy": "PA57YI4",
            "html_url": "https://reblaze.pagerduty.com/service-directory/P3Q3ET1",
            "id": "P3Q3ET1",
            "incident_urgency_rule": [
              {
                "during_support_hours": [],
                "outside_support_hours": [],
                "type": "constant",
                "urgency": "high"
              }
            ],
            "last_incident_timestamp": "",
            "name": "Appviewx816140081204059790",
            "response_play": null,
            "scheduled_actions": [],
            "status": "active",
            "support_hours": [],
            "type": "service"
          },
          "sensitive_attributes": [],
          "private": "bnVsbA==",
          "dependencies": [
            "data.pagerduty_escalation_policy.default"
          ]
        }
      ]
    },
    {
      "mode": "managed",
      "type": "pagerduty_service",
      "name": "Ariel",
      "provider": "provider[\"registry.terraform.io/pagerduty/pagerduty\"]",
      "instances": [
        {
          "schema_version": 0,
          "attributes": {
            "acknowledgement_timeout": "1800",
            "alert_creation": "create_incidents",
            "alert_grouping": null,
            "alert_grouping_parameters": [],
            "alert_grouping_timeout": "null",
            "auto_pause_notifications_parameters": [],
            "auto_resolve_timeout": "14400",
            "created_at": "2023-02-26T18:00:49+02:00",
            "description": "Ariel (ariel)",
            "escalation_policy": "PA57YI4",
            "html_url": "https://reblaze.pagerduty.com/service-directory/P8G53JU",
            "id": "P8G53JU",
            "incident_urgency_rule": [
              {
                "during_support_hours": [],
                "outside_support_hours": [],
                "type": "constant",
                "urgency": "high"
              }
            ],
            "last_incident_timestamp": "",
            "name": "Ariel",
            "response_play": null,
            "scheduled_actions": [],
            "status": "active",
            "support_hours": [],
            "type": "service"
          },
          "sensitive_attributes": [],
          "private": "bnVsbA==",
          "dependencies": [
            "data.pagerduty_escalation_policy.default"
          ]
        }
      ]
    },
    {
      "mode": "managed",
      "type": "pagerduty_service",
      "name": "Armyph",
      "provider": "provider[\"registry.terraform.io/pagerduty/pagerduty\"]",
      "instances": [
        {
          "schema_version": 0,
          "attributes": {
            "acknowledgement_timeout": "1800",
            "alert_creation": "create_incidents",
            "alert_grouping": null,
            "alert_grouping_parameters": [],
            "alert_grouping_timeout": "null",
            "auto_pause_notifications_parameters": [],
            "auto_resolve_timeout": "14400",
            "created_at": "2023-02-26T18:00:59+02:00",
            "description": "Armyph (armyph)",
            "escalation_policy": "PA57YI4",
            "html_url": "https://reblaze.pagerduty.com/service-directory/PFC8JQX",
            "id": "PFC8JQX",
            "incident_urgency_rule": [
              {
                "during_support_hours": [],
                "outside_support_hours": [],
                "type": "constant",
                "urgency": "high"
              }
            ],
            "last_incident_timestamp": "",
            "name": "Armyph",
            "response_play": null,
            "scheduled_actions": [],
            "status": "active",
            "support_hours": [],
            "type": "service"
          },
          "sensitive_attributes": [],
          "private": "bnVsbA==",
          "dependencies": [
            "data.pagerduty_escalation_policy.default"
          ]
        }
      ]
    },
    {
      "mode": "managed",
      "type": "pagerduty_service",
      "name": "Astro",
      "provider": "provider[\"registry.terraform.io/pagerduty/pagerduty\"]",
      "instances": [
        {
          "schema_version": 0,
          "attributes": {
            "acknowledgement_timeout": "1800",
            "alert_creation": "create_incidents",
            "alert_grouping": null,
            "alert_grouping_parameters": [],
            "alert_grouping_timeout": "null",
            "auto_pause_notifications_parameters": [],
            "auto_resolve_timeout": "14400",
            "created_at": "2023-02-26T18:01:07+02:00",
            "description": "Astro (astro)",
            "escalation_policy": "PA57YI4",
            "html_url": "https://reblaze.pagerduty.com/service-directory/P776LXU",
            "id": "P776LXU",
            "incident_urgency_rule": [
              {
                "during_support_hours": [],
                "outside_support_hours": [],
                "type": "constant",
                "urgency": "high"
              }
            ],
            "last_incident_timestamp": "",
            "name": "Astro",
            "response_play": null,
            "scheduled_actions": [],
            "status": "active",
            "support_hours": [],
            "type": "service"
          },
          "sensitive_attributes": [],
          "private": "bnVsbA==",
          "dependencies": [
            "data.pagerduty_escalation_policy.default"
          ]
        }
      ]
    },
    {
      "mode": "managed",
      "type": "pagerduty_service",
      "name": "Avesta",
      "provider": "provider[\"registry.terraform.io/pagerduty/pagerduty\"]",
      "instances": [
        {
          "schema_version": 0,
          "attributes": {
            "acknowledgement_timeout": "1800",
            "alert_creation": "create_incidents",
            "alert_grouping": null,
            "alert_grouping_parameters": [],
            "alert_grouping_timeout": "null",
            "auto_pause_notifications_parameters": [],
            "auto_resolve_timeout": "14400",
            "created_at": "2023-02-26T18:00:28+02:00",
            "description": "Avesta (avesta)",
            "escalation_policy": "PA57YI4",
            "html_url": "https://reblaze.pagerduty.com/service-directory/P85FXA8",
            "id": "P85FXA8",
            "incident_urgency_rule": [
              {
                "during_support_hours": [],
                "outside_support_hours": [],
                "type": "constant",
                "urgency": "high"
              }
            ],
            "last_incident_timestamp": "",
            "name": "Avesta",
            "response_play": null,
            "scheduled_actions": [],
            "status": "active",
            "support_hours": [],
            "type": "service"
          },
          "sensitive_attributes": [],
          "private": "bnVsbA==",
          "dependencies": [
            "data.pagerduty_escalation_policy.default"
          ]
        }
      ]
    },
    {
      "mode": "managed",
      "type": "pagerduty_service",
      "name": "Backlotcars",
      "provider": "provider[\"registry.terraform.io/pagerduty/pagerduty\"]",
      "instances": [
        {
          "schema_version": 0,
          "attributes": {
            "acknowledgement_timeout": "1800",
            "alert_creation": "create_incidents",
            "alert_grouping": null,
            "alert_grouping_parameters": [],
            "alert_grouping_timeout": "null",
            "auto_pause_notifications_parameters": [],
            "auto_resolve_timeout": "14400",
            "created_at": "2023-02-26T18:01:07+02:00",
            "description": "Backlotcars (backlotcars)",
            "escalation_policy": "PA57YI4",
            "html_url": "https://reblaze.pagerduty.com/service-directory/PIHGKSL",
            "id": "PIHGKSL",
            "incident_urgency_rule": [
              {
                "during_support_hours": [],
                "outside_support_hours": [],
                "type": "constant",
                "urgency": "high"
              }
            ],
            "last_incident_timestamp": "",
            "name": "Backlotcars",
            "response_play": null,
            "scheduled_actions": [],
            "status": "active",
            "support_hours": [],
            "type": "service"
          },
          "sensitive_attributes": [],
          "private": "bnVsbA==",
          "dependencies": [
            "data.pagerduty_escalation_policy.default"
          ]
        }
      ]
    },
    {
      "mode": "managed",
      "type": "pagerduty_service",
      "name": "Baoyi",
      "provider": "provider[\"registry.terraform.io/pagerduty/pagerduty\"]",
      "instances": [
        {
          "schema_version": 0,
          "attributes": {
            "acknowledgement_timeout": "1800",
            "alert_creation": "create_incidents",
            "alert_grouping": null,
            "alert_grouping_parameters": [],
            "alert_grouping_timeout": "null",
            "auto_pause_notifications_parameters": [],
            "auto_resolve_timeout": "14400",
            "created_at": "2023-02-26T18:01:13+02:00",
            "description": "Baoyi (baoyi)",
            "escalation_policy": "PA57YI4",
            "html_url": "https://reblaze.pagerduty.com/service-directory/PG4G97D",
            "id": "PG4G97D",
            "incident_urgency_rule": [
              {
                "during_support_hours": [],
                "outside_support_hours": [],
                "type": "constant",
                "urgency": "high"
              }
            ],
            "last_incident_timestamp": "",
            "name": "Baoyi",
            "response_play": null,
            "scheduled_actions": [],
            "status": "active",
            "support_hours": [],
            "type": "service"
          },
          "sensitive_attributes": [],
          "private": "bnVsbA==",
          "dependencies": [
            "data.pagerduty_escalation_policy.default"
          ]
        }
      ]
    },
    {
      "mode": "managed",
      "type": "pagerduty_service",
      "name": "Bdirector",
      "provider": "provider[\"registry.terraform.io/pagerduty/pagerduty\"]",
      "instances": [
        {
          "schema_version": 0,
          "attributes": {
            "acknowledgement_timeout": "1800",
            "alert_creation": "create_incidents",
            "alert_grouping": null,
            "alert_grouping_parameters": [],
            "alert_grouping_timeout": "null",
            "auto_pause_notifications_parameters": [],
            "auto_resolve_timeout": "14400",
            "created_at": "2023-02-26T18:01:05+02:00",
            "description": "Bdirector (bdirector)",
            "escalation_policy": "PA57YI4",
            "html_url": "https://reblaze.pagerduty.com/service-directory/PCM885P",
            "id": "PCM885P",
            "incident_urgency_rule": [
              {
                "during_support_hours": [],
                "outside_support_hours": [],
                "type": "constant",
                "urgency": "high"
              }
            ],
            "last_incident_timestamp": "",
            "name": "Bdirector",
            "response_play": null,
            "scheduled_actions": [],
            "status": "active",
            "support_hours": [],
            "type": "service"
          },
          "sensitive_attributes": [],
          "private": "bnVsbA==",
          "dependencies": [
            "data.pagerduty_escalation_policy.default"
          ]
        }
      ]
    },
    {
      "mode": "managed",
      "type": "pagerduty_service",
      "name": "Berl",
      "provider": "provider[\"registry.terraform.io/pagerduty/pagerduty\"]",
      "instances": [
        {
          "schema_version": 0,
          "attributes": {
            "acknowledgement_timeout": "1800",
            "alert_creation": "create_incidents",
            "alert_grouping": null,
            "alert_grouping_parameters": [],
            "alert_grouping_timeout": "null",
            "auto_pause_notifications_parameters": [],
            "auto_resolve_timeout": "14400",
            "created_at": "2023-02-26T18:01:12+02:00",
            "description": "Berl (berl)",
            "escalation_policy": "PA57YI4",
            "html_url": "https://reblaze.pagerduty.com/service-directory/P83UO1Z",
            "id": "P83UO1Z",
            "incident_urgency_rule": [
              {
                "during_support_hours": [],
                "outside_support_hours": [],
                "type": "constant",
                "urgency": "high"
              }
            ],
            "last_incident_timestamp": "",
            "name": "Berl",
            "response_play": null,
            "scheduled_actions": [],
            "status": "active",
            "support_hours": [],
            "type": "service"
          },
          "sensitive_attributes": [],
          "private": "bnVsbA==",
          "dependencies": [
            "data.pagerduty_escalation_policy.default"
          ]
        }
      ]
    },
    {
      "mode": "managed",
      "type": "pagerduty_service",
      "name": "Betfair",
      "provider": "provider[\"registry.terraform.io/pagerduty/pagerduty\"]",
      "instances": [
        {
          "schema_version": 0,
          "attributes": {
            "acknowledgement_timeout": "1800",
            "alert_creation": "create_incidents",
            "alert_grouping": null,
            "alert_grouping_parameters": [],
            "alert_grouping_timeout": "null",
            "auto_pause_notifications_parameters": [],
            "auto_resolve_timeout": "14400",
            "created_at": "2023-02-26T18:00:43+02:00",
            "description": "Betfair (betfair)",
            "escalation_policy": "PA57YI4",
            "html_url": "https://reblaze.pagerduty.com/service-directory/P4NWDCM",
            "id": "P4NWDCM",
            "incident_urgency_rule": [
              {
                "during_support_hours": [],
                "outside_support_hours": [],
                "type": "constant",
                "urgency": "high"
              }
            ],
            "last_incident_timestamp": "",
            "name": "Betfair",
            "response_play": null,
            "scheduled_actions": [],
            "status": "active",
            "support_hours": [],
            "type": "service"
          },
          "sensitive_attributes": [],
          "private": "bnVsbA==",
          "dependencies": [
            "data.pagerduty_escalation_policy.default"
          ]
        }
      ]
    },
    {
      "mode": "managed",
      "type": "pagerduty_service",
      "name": "Betfaircasino",
      "provider": "provider[\"registry.terraform.io/pagerduty/pagerduty\"]",
      "instances": [
        {
          "schema_version": 0,
          "attributes": {
            "acknowledgement_timeout": "1800",
            "alert_creation": "create_incidents",
            "alert_grouping": null,
            "alert_grouping_parameters": [],
            "alert_grouping_timeout": "null",
            "auto_pause_notifications_parameters": [],
            "auto_resolve_timeout": "14400",
            "created_at": "2023-02-26T18:01:14+02:00",
            "description": "Betfaircasino (betfaircasino)",
            "escalation_policy": "PA57YI4",
            "html_url": "https://reblaze.pagerduty.com/service-directory/PO1N5BK",
            "id": "PO1N5BK",
            "incident_urgency_rule": [
              {
                "during_support_hours": [],
                "outside_support_hours": [],
                "type": "constant",
                "urgency": "high"
              }
            ],
            "last_incident_timestamp": "",
            "name": "Betfaircasino",
            "response_play": null,
            "scheduled_actions": [],
            "status": "active",
            "support_hours": [],
            "type": "service"
          },
          "sensitive_attributes": [],
          "private": "bnVsbA==",
          "dependencies": [
            "data.pagerduty_escalation_policy.default"
          ]
        }
      ]
    },
    {
      "mode": "managed",
      "type": "pagerduty_service",
      "name": "Betfaircasinostg",
      "provider": "provider[\"registry.terraform.io/pagerduty/pagerduty\"]",
      "instances": [
        {
          "schema_version": 0,
          "attributes": {
            "acknowledgement_timeout": "1800",
            "alert_creation": "create_incidents",
            "alert_grouping": null,
            "alert_grouping_parameters": [],
            "alert_grouping_timeout": "null",
            "auto_pause_notifications_parameters": [],
            "auto_resolve_timeout": "14400",
            "created_at": "2023-02-26T18:00:36+02:00",
            "description": "Betfaircasinostg (betfaircasinostg)",
            "escalation_policy": "PA57YI4",
            "html_url": "https://reblaze.pagerduty.com/service-directory/P7C2Y09",
            "id": "P7C2Y09",
            "incident_urgency_rule": [
              {
                "during_support_hours": [],
                "outside_support_hours": [],
                "type": "constant",
                "urgency": "high"
              }
            ],
            "last_incident_timestamp": "",
            "name": "Betfaircasinostg",
            "response_play": null,
            "scheduled_actions": [],
            "status": "active",
            "support_hours": [],
            "type": "service"
          },
          "sensitive_attributes": [],
          "private": "bnVsbA==",
          "dependencies": [
            "data.pagerduty_escalation_policy.default"
          ]
        }
      ]
    },
    {
      "mode": "managed",
      "type": "pagerduty_service",
      "name": "Betfairstg",
      "provider": "provider[\"registry.terraform.io/pagerduty/pagerduty\"]",
      "instances": [
        {
          "schema_version": 0,
          "attributes": {
            "acknowledgement_timeout": "1800",
            "alert_creation": "create_incidents",
            "alert_grouping": null,
            "alert_grouping_parameters": [],
            "alert_grouping_timeout": "null",
            "auto_pause_notifications_parameters": [],
            "auto_resolve_timeout": "14400",
            "created_at": "2023-02-26T18:00:42+02:00",
            "description": "Betfairstg (betfairstg)",
            "escalation_policy": "PA57YI4",
            "html_url": "https://reblaze.pagerduty.com/service-directory/PP7AL6E",
            "id": "PP7AL6E",
            "incident_urgency_rule": [
              {
                "during_support_hours": [],
                "outside_support_hours": [],
                "type": "constant",
                "urgency": "high"
              }
            ],
            "last_incident_timestamp": "",
            "name": "Betfairstg",
            "response_play": null,
            "scheduled_actions": [],
            "status": "active",
            "support_hours": [],
            "type": "service"
          },
          "sensitive_attributes": [],
          "private": "bnVsbA==",
          "dependencies": [
            "data.pagerduty_escalation_policy.default"
          ]
        }
      ]
    },
    {
      "mode": "managed",
      "type": "pagerduty_service",
      "name": "Betterup",
      "provider": "provider[\"registry.terraform.io/pagerduty/pagerduty\"]",
      "instances": [
        {
          "schema_version": 0,
          "attributes": {
            "acknowledgement_timeout": "1800",
            "alert_creation": "create_incidents",
            "alert_grouping": null,
            "alert_grouping_parameters": [],
            "alert_grouping_timeout": "null",
            "auto_pause_notifications_parameters": [],
            "auto_resolve_timeout": "14400",
            "created_at": "2023-02-26T18:00:40+02:00",
            "description": "Betterup (betterup)",
            "escalation_policy": "PA57YI4",
            "html_url": "https://reblaze.pagerduty.com/service-directory/P5AX2H3",
            "id": "P5AX2H3",
            "incident_urgency_rule": [
              {
                "during_support_hours": [],
                "outside_support_hours": [],
                "type": "constant",
                "urgency": "high"
              }
            ],
            "last_incident_timestamp": "",
            "name": "Betterup",
            "response_play": null,
            "scheduled_actions": [],
            "status": "active",
            "support_hours": [],
            "type": "service"
          },
          "sensitive_attributes": [],
          "private": "bnVsbA==",
          "dependencies": [
            "data.pagerduty_escalation_policy.default"
          ]
        }
      ]
    },
    {
      "mode": "managed",
      "type": "pagerduty_service",
      "name": "Bigimmer281521707765566363",
      "provider": "provider[\"registry.terraform.io/pagerduty/pagerduty\"]",
      "instances": [
        {
          "schema_version": 0,
          "attributes": {
            "acknowledgement_timeout": "1800",
            "alert_creation": "create_incidents",
            "alert_grouping": null,
            "alert_grouping_parameters": [],
            "alert_grouping_timeout": "null",
            "auto_pause_notifications_parameters": [],
            "auto_resolve_timeout": "14400",
            "created_at": "2023-02-26T18:01:01+02:00",
            "description": "Bigimmer281521707765566363 (bigimmer281521707765566363)",
            "escalation_policy": "PA57YI4",
            "html_url": "https://reblaze.pagerduty.com/service-directory/PQWVAV2",
            "id": "PQWVAV2",
            "incident_urgency_rule": [
              {
                "during_support_hours": [],
                "outside_support_hours": [],
                "type": "constant",
                "urgency": "high"
              }
            ],
            "last_incident_timestamp": "",
            "name": "Bigimmer281521707765566363",
            "response_play": null,
            "scheduled_actions": [],
            "status": "active",
            "support_hours": [],
            "type": "service"
          },
          "sensitive_attributes": [],
          "private": "bnVsbA==",
          "dependencies": [
            "data.pagerduty_escalation_policy.default"
          ]
        }
      ]
    },
    {
      "mode": "managed",
      "type": "pagerduty_service",
      "name": "Biodata",
      "provider": "provider[\"registry.terraform.io/pagerduty/pagerduty\"]",
      "instances": [
        {
          "schema_version": 0,
          "attributes": {
            "acknowledgement_timeout": "1800",
            "alert_creation": "create_incidents",
            "alert_grouping": null,
            "alert_grouping_parameters": [],
            "alert_grouping_timeout": "null",
            "auto_pause_notifications_parameters": [],
            "auto_resolve_timeout": "14400",
            "created_at": "2023-02-26T18:00:58+02:00",
            "description": "Biodata (biodata)",
            "escalation_policy": "PA57YI4",
            "html_url": "https://reblaze.pagerduty.com/service-directory/PCET1D9",
            "id": "PCET1D9",
            "incident_urgency_rule": [
              {
                "during_support_hours": [],
                "outside_support_hours": [],
                "type": "constant",
                "urgency": "high"
              }
            ],
            "last_incident_timestamp": "",
            "name": "Biodata",
            "response_play": null,
            "scheduled_actions": [],
            "status": "active",
            "support_hours": [],
            "type": "service"
          },
          "sensitive_attributes": [],
          "private": "bnVsbA==",
          "dependencies": [
            "data.pagerduty_escalation_policy.default"
          ]
        }
      ]
    },
    {
      "mode": "managed",
      "type": "pagerduty_service",
      "name": "Bitsofgold",
      "provider": "provider[\"registry.terraform.io/pagerduty/pagerduty\"]",
      "instances": [
        {
          "schema_version": 0,
          "attributes": {
            "acknowledgement_timeout": "1800",
            "alert_creation": "create_incidents",
            "alert_grouping": null,
            "alert_grouping_parameters": [],
            "alert_grouping_timeout": "null",
            "auto_pause_notifications_parameters": [],
            "auto_resolve_timeout": "14400",
            "created_at": "2023-02-26T18:01:09+02:00",
            "description": "Bitsofgold (bitsofgold)",
            "escalation_policy": "PA57YI4",
            "html_url": "https://reblaze.pagerduty.com/service-directory/PEX0DBW",
            "id": "PEX0DBW",
            "incident_urgency_rule": [
              {
                "during_support_hours": [],
                "outside_support_hours": [],
                "type": "constant",
                "urgency": "high"
              }
            ],
            "last_incident_timestamp": "",
            "name": "Bitsofgold",
            "response_play": null,
            "scheduled_actions": [],
            "status": "active",
            "support_hours": [],
            "type": "service"
          },
          "sensitive_attributes": [],
          "private": "bnVsbA==",
          "dependencies": [
            "data.pagerduty_escalation_policy.default"
          ]
        }
      ]
    },
    {
      "mode": "managed",
      "type": "pagerduty_service",
      "name": "Bluegrid92868745751327215",
      "provider": "provider[\"registry.terraform.io/pagerduty/pagerduty\"]",
      "instances": [
        {
          "schema_version": 0,
          "attributes": {
            "acknowledgement_timeout": "1800",
            "alert_creation": "create_incidents",
            "alert_grouping": null,
            "alert_grouping_parameters": [],
            "alert_grouping_timeout": "null",
            "auto_pause_notifications_parameters": [],
            "auto_resolve_timeout": "14400",
            "created_at": "2023-02-26T18:01:09+02:00",
            "description": "Bluegrid92868745751327215 (bluegrid92868745751327215)",
            "escalation_policy": "PA57YI4",
            "html_url": "https://reblaze.pagerduty.com/service-directory/PAKCCM6",
            "id": "PAKCCM6",
            "incident_urgency_rule": [
              {
                "during_support_hours": [],
                "outside_support_hours": [],
                "type": "constant",
                "urgency": "high"
              }
            ],
            "last_incident_timestamp": "",
            "name": "Bluegrid92868745751327215",
            "response_play": null,
            "scheduled_actions": [],
            "status": "active",
            "support_hours": [],
            "type": "service"
          },
          "sensitive_attributes": [],
          "private": "bnVsbA==",
          "dependencies": [
            "data.pagerduty_escalation_policy.default"
          ]
        }
      ]
    },
    {
      "mode": "managed",
      "type": "pagerduty_service",
      "name": "Bnhp",
      "provider": "provider[\"registry.terraform.io/pagerduty/pagerduty\"]",
      "instances": [
        {
          "schema_version": 0,
          "attributes": {
            "acknowledgement_timeout": "1800",
            "alert_creation": "create_incidents",
            "alert_grouping": null,
            "alert_grouping_parameters": [],
            "alert_grouping_timeout": "null",
            "auto_pause_notifications_parameters": [],
            "auto_resolve_timeout": "14400",
            "created_at": "2023-02-26T18:00:28+02:00",
            "description": "Bnhp (bnhp)",
            "escalation_policy": "PA57YI4",
            "html_url": "https://reblaze.pagerduty.com/service-directory/P4WUWKI",
            "id": "P4WUWKI",
            "incident_urgency_rule": [
              {
                "during_support_hours": [],
                "outside_support_hours": [],
                "type": "constant",
                "urgency": "high"
              }
            ],
            "last_incident_timestamp": "",
            "name": "Bnhp",
            "response_play": null,
            "scheduled_actions": [],
            "status": "active",
            "support_hours": [],
            "type": "service"
          },
          "sensitive_attributes": [],
          "private": "bnVsbA==",
          "dependencies": [
            "data.pagerduty_escalation_policy.default"
          ]
        }
      ]
    },
    {
      "mode": "managed",
      "type": "pagerduty_service",
      "name": "Bnology",
      "provider": "provider[\"registry.terraform.io/pagerduty/pagerduty\"]",
      "instances": [
        {
          "schema_version": 0,
          "attributes": {
            "acknowledgement_timeout": "1800",
            "alert_creation": "create_incidents",
            "alert_grouping": null,
            "alert_grouping_parameters": [],
            "alert_grouping_timeout": "null",
            "auto_pause_notifications_parameters": [],
            "auto_resolve_timeout": "14400",
            "created_at": "2023-02-26T18:00:29+02:00",
            "description": "Bnology (bnology)",
            "escalation_policy": "PA57YI4",
            "html_url": "https://reblaze.pagerduty.com/service-directory/PRCJSMJ",
            "id": "PRCJSMJ",
            "incident_urgency_rule": [
              {
                "during_support_hours": [],
                "outside_support_hours": [],
                "type": "constant",
                "urgency": "high"
              }
            ],
            "last_incident_timestamp": "",
            "name": "Bnology",
            "response_play": null,
            "scheduled_actions": [],
            "status": "active",
            "support_hours": [],
            "type": "service"
          },
          "sensitive_attributes": [],
          "private": "bnVsbA==",
          "dependencies": [
            "data.pagerduty_escalation_policy.default"
          ]
        }
      ]
    },
    {
      "mode": "managed",
      "type": "pagerduty_service",
      "name": "Boltreblaze",
      "provider": "provider[\"registry.terraform.io/pagerduty/pagerduty\"]",
      "instances": [
        {
          "schema_version": 0,
          "attributes": {
            "acknowledgement_timeout": "1800",
            "alert_creation": "create_incidents",
            "alert_grouping": null,
            "alert_grouping_parameters": [],
            "alert_grouping_timeout": "null",
            "auto_pause_notifications_parameters": [],
            "auto_resolve_timeout": "14400",
            "created_at": "2023-02-26T18:00:34+02:00",
            "description": "Boltreblaze (boltreblaze)",
            "escalation_policy": "PA57YI4",
            "html_url": "https://reblaze.pagerduty.com/service-directory/PH3RINU",
            "id": "PH3RINU",
            "incident_urgency_rule": [
              {
                "during_support_hours": [],
                "outside_support_hours": [],
                "type": "constant",
                "urgency": "high"
              }
            ],
            "last_incident_timestamp": "",
            "name": "Boltreblaze",
            "response_play": null,
            "scheduled_actions": [],
            "status": "active",
            "support_hours": [],
            "type": "service"
          },
          "sensitive_attributes": [],
          "private": "bnVsbA==",
          "dependencies": [
            "data.pagerduty_escalation_policy.default"
          ]
        }
      ]
    },
    {
      "mode": "managed",
      "type": "pagerduty_service",
      "name": "Bookaway",
      "provider": "provider[\"registry.terraform.io/pagerduty/pagerduty\"]",
      "instances": [
        {
          "schema_version": 0,
          "attributes": {
            "acknowledgement_timeout": "1800",
            "alert_creation": "create_incidents",
            "alert_grouping": null,
            "alert_grouping_parameters": [],
            "alert_grouping_timeout": "null",
            "auto_pause_notifications_parameters": [],
            "auto_resolve_timeout": "14400",
            "created_at": "2023-02-26T18:00:27+02:00",
            "description": "Bookaway (bookaway)",
            "escalation_policy": "PA57YI4",
            "html_url": "https://reblaze.pagerduty.com/service-directory/PD9OB61",
            "id": "PD9OB61",
            "incident_urgency_rule": [
              {
                "during_support_hours": [],
                "outside_support_hours": [],
                "type": "constant",
                "urgency": "high"
              }
            ],
            "last_incident_timestamp": "",
            "name": "Bookaway",
            "response_play": null,
            "scheduled_actions": [],
            "status": "active",
            "support_hours": [],
            "type": "service"
          },
          "sensitive_attributes": [],
          "private": "bnVsbA==",
          "dependencies": [
            "data.pagerduty_escalation_policy.default"
          ]
        }
      ]
    },
    {
      "mode": "managed",
      "type": "pagerduty_service",
      "name": "Box",
      "provider": "provider[\"registry.terraform.io/pagerduty/pagerduty\"]",
      "instances": [
        {
          "schema_version": 0,
          "attributes": {
            "acknowledgement_timeout": "1800",
            "alert_creation": "create_incidents",
            "alert_grouping": null,
            "alert_grouping_parameters": [],
            "alert_grouping_timeout": "null",
            "auto_pause_notifications_parameters": [],
            "auto_resolve_timeout": "14400",
            "created_at": "2023-02-26T18:00:53+02:00",
            "description": "Box (box)",
            "escalation_policy": "PA57YI4",
            "html_url": "https://reblaze.pagerduty.com/service-directory/PNQKZSB",
            "id": "PNQKZSB",
            "incident_urgency_rule": [
              {
                "during_support_hours": [],
                "outside_support_hours": [],
                "type": "constant",
                "urgency": "high"
              }
            ],
            "last_incident_timestamp": "",
            "name": "Box",
            "response_play": null,
            "scheduled_actions": [],
            "status": "active",
            "support_hours": [],
            "type": "service"
          },
          "sensitive_attributes": [],
          "private": "bnVsbA==",
          "dependencies": [
            "data.pagerduty_escalation_policy.default"
          ]
        }
      ]
    },
    {
      "mode": "managed",
      "type": "pagerduty_service",
      "name": "Brasilseg",
      "provider": "provider[\"registry.terraform.io/pagerduty/pagerduty\"]",
      "instances": [
        {
          "schema_version": 0,
          "attributes": {
            "acknowledgement_timeout": "1800",
            "alert_creation": "create_incidents",
            "alert_grouping": null,
            "alert_grouping_parameters": [],
            "alert_grouping_timeout": "null",
            "auto_pause_notifications_parameters": [],
            "auto_resolve_timeout": "14400",
            "created_at": "2023-02-26T18:00:53+02:00",
            "description": "Brasilseg (brasilseg)",
            "escalation_policy": "PA57YI4",
            "html_url": "https://reblaze.pagerduty.com/service-directory/PM1XYO5",
            "id": "PM1XYO5",
            "incident_urgency_rule": [
              {
                "during_support_hours": [],
                "outside_support_hours": [],
                "type": "constant",
                "urgency": "high"
              }
            ],
            "last_incident_timestamp": "",
            "name": "Brasilseg",
            "response_play": null,
            "scheduled_actions": [],
            "status": "active",
            "support_hours": [],
            "type": "service"
          },
          "sensitive_attributes": [],
          "private": "bnVsbA==",
          "dependencies": [
            "data.pagerduty_escalation_policy.default"
          ]
        }
      ]
    },
    {
      "mode": "managed",
      "type": "pagerduty_service",
      "name": "Cachcow",
      "provider": "provider[\"registry.terraform.io/pagerduty/pagerduty\"]",
      "instances": [
        {
          "schema_version": 0,
          "attributes": {
            "acknowledgement_timeout": "1800",
            "alert_creation": "create_incidents",
            "alert_grouping": null,
            "alert_grouping_parameters": [],
            "alert_grouping_timeout": "null",
            "auto_pause_notifications_parameters": [],
            "auto_resolve_timeout": "14400",
            "created_at": "2023-02-26T18:01:00+02:00",
            "description": "Cachcow (cachcow)",
            "escalation_policy": "PA57YI4",
            "html_url": "https://reblaze.pagerduty.com/service-directory/PBRSCZ5",
            "id": "PBRSCZ5",
            "incident_urgency_rule": [
              {
                "during_support_hours": [],
                "outside_support_hours": [],
                "type": "constant",
                "urgency": "high"
              }
            ],
            "last_incident_timestamp": "",
            "name": "Cachcow",
            "response_play": null,
            "scheduled_actions": [],
            "status": "active",
            "support_hours": [],
            "type": "service"
          },
          "sensitive_attributes": [],
          "private": "bnVsbA==",
          "dependencies": [
            "data.pagerduty_escalation_policy.default"
          ]
        }
      ]
    },
    {
      "mode": "managed",
      "type": "pagerduty_service",
      "name": "Callkeysys",
      "provider": "provider[\"registry.terraform.io/pagerduty/pagerduty\"]",
      "instances": [
        {
          "schema_version": 0,
          "attributes": {
            "acknowledgement_timeout": "1800",
            "alert_creation": "create_incidents",
            "alert_grouping": null,
            "alert_grouping_parameters": [],
            "alert_grouping_timeout": "null",
            "auto_pause_notifications_parameters": [],
            "auto_resolve_timeout": "14400",
            "created_at": "2023-02-26T18:00:45+02:00",
            "description": "Callkeysys (callkeysys)",
            "escalation_policy": "PA57YI4",
            "html_url": "https://reblaze.pagerduty.com/service-directory/PIIMX8E",
            "id": "PIIMX8E",
            "incident_urgency_rule": [
              {
                "during_support_hours": [],
                "outside_support_hours": [],
                "type": "constant",
                "urgency": "high"
              }
            ],
            "last_incident_timestamp": "",
            "name": "Callkeysys",
            "response_play": null,
            "scheduled_actions": [],
            "status": "active",
            "support_hours": [],
            "type": "service"
          },
          "sensitive_attributes": [],
          "private": "bnVsbA==",
          "dependencies": [
            "data.pagerduty_escalation_policy.default"
          ]
        }
      ]
    },
    {
      "mode": "managed",
      "type": "pagerduty_service",
      "name": "Cams",
      "provider": "provider[\"registry.terraform.io/pagerduty/pagerduty\"]",
      "instances": [
        {
          "schema_version": 0,
          "attributes": {
            "acknowledgement_timeout": "1800",
            "alert_creation": "create_incidents",
            "alert_grouping": null,
            "alert_grouping_parameters": [],
            "alert_grouping_timeout": "null",
            "auto_pause_notifications_parameters": [],
            "auto_resolve_timeout": "14400",
            "created_at": "2023-02-26T18:01:03+02:00",
            "description": "Cams (cams)",
            "escalation_policy": "PA57YI4",
            "html_url": "https://reblaze.pagerduty.com/service-directory/PKJPSZ4",
            "id": "PKJPSZ4",
            "incident_urgency_rule": [
              {
                "during_support_hours": [],
                "outside_support_hours": [],
                "type": "constant",
                "urgency": "high"
              }
            ],
            "last_incident_timestamp": "",
            "name": "Cams",
            "response_play": null,
            "scheduled_actions": [],
            "status": "active",
            "support_hours": [],
            "type": "service"
          },
          "sensitive_attributes": [],
          "private": "bnVsbA==",
          "dependencies": [
            "data.pagerduty_escalation_policy.default"
          ]
        }
      ]
    },
    {
      "mode": "managed",
      "type": "pagerduty_service",
      "name": "Careblaze",
      "provider": "provider[\"registry.terraform.io/pagerduty/pagerduty\"]",
      "instances": [
        {
          "schema_version": 0,
          "attributes": {
            "acknowledgement_timeout": "1800",
            "alert_creation": "create_incidents",
            "alert_grouping": null,
            "alert_grouping_parameters": [],
            "alert_grouping_timeout": "null",
            "auto_pause_notifications_parameters": [],
            "auto_resolve_timeout": "14400",
            "created_at": "2023-02-26T18:00:53+02:00",
            "description": "Careblaze (careblaze)",
            "escalation_policy": "PA57YI4",
            "html_url": "https://reblaze.pagerduty.com/service-directory/PUZWAHR",
            "id": "PUZWAHR",
            "incident_urgency_rule": [
              {
                "during_support_hours": [],
                "outside_support_hours": [],
                "type": "constant",
                "urgency": "high"
              }
            ],
            "last_incident_timestamp": "",
            "name": "Careblaze",
            "response_play": null,
            "scheduled_actions": [],
            "status": "active",
            "support_hours": [],
            "type": "service"
          },
          "sensitive_attributes": [],
          "private": "bnVsbA==",
          "dependencies": [
            "data.pagerduty_escalation_policy.default"
          ]
        }
      ]
    },
    {
      "mode": "managed",
      "type": "pagerduty_service",
      "name": "Careblazeqa",
      "provider": "provider[\"registry.terraform.io/pagerduty/pagerduty\"]",
      "instances": [
        {
          "schema_version": 0,
          "attributes": {
            "acknowledgement_timeout": "1800",
            "alert_creation": "create_incidents",
            "alert_grouping": null,
            "alert_grouping_parameters": [],
            "alert_grouping_timeout": "null",
            "auto_pause_notifications_parameters": [],
            "auto_resolve_timeout": "14400",
            "created_at": "2023-02-26T18:00:51+02:00",
            "description": "Careblazeqa (careblazeqa)",
            "escalation_policy": "PA57YI4",
            "html_url": "https://reblaze.pagerduty.com/service-directory/PRBDG73",
            "id": "PRBDG73",
            "incident_urgency_rule": [
              {
                "during_support_hours": [],
                "outside_support_hours": [],
                "type": "constant",
                "urgency": "high"
              }
            ],
            "last_incident_timestamp": "",
            "name": "Careblazeqa",
            "response_play": null,
            "scheduled_actions": [],
            "status": "active",
            "support_hours": [],
            "type": "service"
          },
          "sensitive_attributes": [],
          "private": "bnVsbA==",
          "dependencies": [
            "data.pagerduty_escalation_policy.default"
          ]
        }
      ]
    },
    {
      "mode": "managed",
      "type": "pagerduty_service",
      "name": "Carrefoure",
      "provider": "provider[\"registry.terraform.io/pagerduty/pagerduty\"]",
      "instances": [
        {
          "schema_version": 0,
          "attributes": {
            "acknowledgement_timeout": "1800",
            "alert_creation": "create_incidents",
            "alert_grouping": null,
            "alert_grouping_parameters": [],
            "alert_grouping_timeout": "null",
            "auto_pause_notifications_parameters": [],
            "auto_resolve_timeout": "14400",
            "created_at": "2023-02-26T18:00:58+02:00",
            "description": "Carrefoure (carrefoure)",
            "escalation_policy": "PA57YI4",
            "html_url": "https://reblaze.pagerduty.com/service-directory/P7AJL7T",
            "id": "P7AJL7T",
            "incident_urgency_rule": [
              {
                "during_support_hours": [],
                "outside_support_hours": [],
                "type": "constant",
                "urgency": "high"
              }
            ],
            "last_incident_timestamp": "",
            "name": "Carrefoure",
            "response_play": null,
            "scheduled_actions": [],
            "status": "active",
            "support_hours": [],
            "type": "service"
          },
          "sensitive_attributes": [],
          "private": "bnVsbA==",
          "dependencies": [
            "data.pagerduty_escalation_policy.default"
          ]
        }
      ]
    },
    {
      "mode": "managed",
      "type": "pagerduty_service",
      "name": "Cashcow",
      "provider": "provider[\"registry.terraform.io/pagerduty/pagerduty\"]",
      "instances": [
        {
          "schema_version": 0,
          "attributes": {
            "acknowledgement_timeout": "1800",
            "alert_creation": "create_incidents",
            "alert_grouping": null,
            "alert_grouping_parameters": [],
            "alert_grouping_timeout": "null",
            "auto_pause_notifications_parameters": [],
            "auto_resolve_timeout": "14400",
            "created_at": "2023-02-26T18:01:06+02:00",
            "description": "Cashcow (cashcow)",
            "escalation_policy": "PA57YI4",
            "html_url": "https://reblaze.pagerduty.com/service-directory/PRSFMM7",
            "id": "PRSFMM7",
            "incident_urgency_rule": [
              {
                "during_support_hours": [],
                "outside_support_hours": [],
                "type": "constant",
                "urgency": "high"
              }
            ],
            "last_incident_timestamp": "",
            "name": "Cashcow",
            "response_play": null,
            "scheduled_actions": [],
            "status": "active",
            "support_hours": [],
            "type": "service"
          },
          "sensitive_attributes": [],
          "private": "bnVsbA==",
          "dependencies": [
            "data.pagerduty_escalation_policy.default"
          ]
        }
      ]
    },
    {
      "mode": "managed",
      "type": "pagerduty_service",
      "name": "Cecomhostproject01",
      "provider": "provider[\"registry.terraform.io/pagerduty/pagerduty\"]",
      "instances": [
        {
          "schema_version": 0,
          "attributes": {
            "acknowledgement_timeout": "1800",
            "alert_creation": "create_incidents",
            "alert_grouping": null,
            "alert_grouping_parameters": [],
            "alert_grouping_timeout": "null",
            "auto_pause_notifications_parameters": [],
            "auto_resolve_timeout": "14400",
            "created_at": "2023-02-26T18:00:42+02:00",
            "description": "Cecomhostproject01 (cecomhostproject01)",
            "escalation_policy": "PA57YI4",
            "html_url": "https://reblaze.pagerduty.com/service-directory/P8YPKUR",
            "id": "P8YPKUR",
            "incident_urgency_rule": [
              {
                "during_support_hours": [],
                "outside_support_hours": [],
                "type": "constant",
                "urgency": "high"
              }
            ],
            "last_incident_timestamp": "",
            "name": "Cecomhostproject01",
            "response_play": null,
            "scheduled_actions": [],
            "status": "active",
            "support_hours": [],
            "type": "service"
          },
          "sensitive_attributes": [],
          "private": "bnVsbA==",
          "dependencies": [
            "data.pagerduty_escalation_policy.default"
          ]
        }
      ]
    },
    {
      "mode": "managed",
      "type": "pagerduty_service",
      "name": "Cecomhostprojectproduction",
      "provider": "provider[\"registry.terraform.io/pagerduty/pagerduty\"]",
      "instances": [
        {
          "schema_version": 0,
          "attributes": {
            "acknowledgement_timeout": "1800",
            "alert_creation": "create_incidents",
            "alert_grouping": null,
            "alert_grouping_parameters": [],
            "alert_grouping_timeout": "null",
            "auto_pause_notifications_parameters": [],
            "auto_resolve_timeout": "14400",
            "created_at": "2023-02-26T18:00:59+02:00",
            "description": "Cecomhostprojectproduction (cecomhostprojectproduction)",
            "escalation_policy": "PA57YI4",
            "html_url": "https://reblaze.pagerduty.com/service-directory/PUHOH9U",
            "id": "PUHOH9U",
            "incident_urgency_rule": [
              {
                "during_support_hours": [],
                "outside_support_hours": [],
                "type": "constant",
                "urgency": "high"
              }
            ],
            "last_incident_timestamp": "",
            "name": "Cecomhostprojectproduction",
            "response_play": null,
            "scheduled_actions": [],
            "status": "active",
            "support_hours": [],
            "type": "service"
          },
          "sensitive_attributes": [],
          "private": "bnVsbA==",
          "dependencies": [
            "data.pagerduty_escalation_policy.default"
          ]
        }
      ]
    },
    {
      "mode": "managed",
      "type": "pagerduty_service",
      "name": "Cellexpertx",
      "provider": "provider[\"registry.terraform.io/pagerduty/pagerduty\"]",
      "instances": [
        {
          "schema_version": 0,
          "attributes": {
            "acknowledgement_timeout": "1800",
            "alert_creation": "create_incidents",
            "alert_grouping": null,
            "alert_grouping_parameters": [],
            "alert_grouping_timeout": "null",
            "auto_pause_notifications_parameters": [],
            "auto_resolve_timeout": "14400",
            "created_at": "2023-02-26T18:00:53+02:00",
            "description": "Cellexpertx (cellexpertx)",
            "escalation_policy": "PA57YI4",
            "html_url": "https://reblaze.pagerduty.com/service-directory/PR08A51",
            "id": "PR08A51",
            "incident_urgency_rule": [
              {
                "during_support_hours": [],
                "outside_support_hours": [],
                "type": "constant",
                "urgency": "high"
              }
            ],
            "last_incident_timestamp": "",
            "name": "Cellexpertx",
            "response_play": null,
            "scheduled_actions": [],
            "status": "active",
            "support_hours": [],
            "type": "service"
          },
          "sensitive_attributes": [],
          "private": "bnVsbA==",
          "dependencies": [
            "data.pagerduty_escalation_policy.default"
          ]
        }
      ]
    },
    {
      "mode": "managed",
      "type": "pagerduty_service",
      "name": "Cellp02",
      "provider": "provider[\"registry.terraform.io/pagerduty/pagerduty\"]",
      "instances": [
        {
          "schema_version": 0,
          "attributes": {
            "acknowledgement_timeout": "1800",
            "alert_creation": "create_incidents",
            "alert_grouping": null,
            "alert_grouping_parameters": [],
            "alert_grouping_timeout": "null",
            "auto_pause_notifications_parameters": [],
            "auto_resolve_timeout": "14400",
            "created_at": "2023-02-26T18:01:00+02:00",
            "description": "Cellp02 (cellp02)",
            "escalation_policy": "PA57YI4",
            "html_url": "https://reblaze.pagerduty.com/service-directory/PIA1E0I",
            "id": "PIA1E0I",
            "incident_urgency_rule": [
              {
                "during_support_hours": [],
                "outside_support_hours": [],
                "type": "constant",
                "urgency": "high"
              }
            ],
            "last_incident_timestamp": "",
            "name": "Cellp02",
            "response_play": null,
            "scheduled_actions": [],
            "status": "active",
            "support_hours": [],
            "type": "service"
          },
          "sensitive_attributes": [],
          "private": "bnVsbA==",
          "dependencies": [
            "data.pagerduty_escalation_policy.default"
          ]
        }
      ]
    },
    {
      "mode": "managed",
      "type": "pagerduty_service",
      "name": "Cetnew",
      "provider": "provider[\"registry.terraform.io/pagerduty/pagerduty\"]",
      "instances": [
        {
          "schema_version": 0,
          "attributes": {
            "acknowledgement_timeout": "1800",
            "alert_creation": "create_incidents",
            "alert_grouping": null,
            "alert_grouping_parameters": [],
            "alert_grouping_timeout": "null",
            "auto_pause_notifications_parameters": [],
            "auto_resolve_timeout": "14400",
            "created_at": "2023-02-26T18:00:54+02:00",
            "description": "Cetnew (cetnew)",
            "escalation_policy": "PA57YI4",
            "html_url": "https://reblaze.pagerduty.com/service-directory/P9CSTQZ",
            "id": "P9CSTQZ",
            "incident_urgency_rule": [
              {
                "during_support_hours": [],
                "outside_support_hours": [],
                "type": "constant",
                "urgency": "high"
              }
            ],
            "last_incident_timestamp": "",
            "name": "Cetnew",
            "response_play": null,
            "scheduled_actions": [],
            "status": "active",
            "support_hours": [],
            "type": "service"
          },
          "sensitive_attributes": [],
          "private": "bnVsbA==",
          "dependencies": [
            "data.pagerduty_escalation_policy.default"
          ]
        }
      ]
    },
    {
      "mode": "managed",
      "type": "pagerduty_service",
      "name": "Cetprep",
      "provider": "provider[\"registry.terraform.io/pagerduty/pagerduty\"]",
      "instances": [
        {
          "schema_version": 0,
          "attributes": {
            "acknowledgement_timeout": "1800",
            "alert_creation": "create_incidents",
            "alert_grouping": null,
            "alert_grouping_parameters": [],
            "alert_grouping_timeout": "null",
            "auto_pause_notifications_parameters": [],
            "auto_resolve_timeout": "14400",
            "created_at": "2023-02-26T18:00:41+02:00",
            "description": "Cetprep (cetprep)",
            "escalation_policy": "PA57YI4",
            "html_url": "https://reblaze.pagerduty.com/service-directory/PWT9MYU",
            "id": "PWT9MYU",
            "incident_urgency_rule": [
              {
                "during_support_hours": [],
                "outside_support_hours": [],
                "type": "constant",
                "urgency": "high"
              }
            ],
            "last_incident_timestamp": "",
            "name": "Cetprep",
            "response_play": null,
            "scheduled_actions": [],
            "status": "active",
            "support_hours": [],
            "type": "service"
          },
          "sensitive_attributes": [],
          "private": "bnVsbA==",
          "dependencies": [
            "data.pagerduty_escalation_policy.default"
          ]
        }
      ]
    },
    {
      "mode": "managed",
      "type": "pagerduty_service",
      "name": "Cetqa",
      "provider": "provider[\"registry.terraform.io/pagerduty/pagerduty\"]",
      "instances": [
        {
          "schema_version": 0,
          "attributes": {
            "acknowledgement_timeout": "1800",
            "alert_creation": "create_incidents",
            "alert_grouping": null,
            "alert_grouping_parameters": [],
            "alert_grouping_timeout": "null",
            "auto_pause_notifications_parameters": [],
            "auto_resolve_timeout": "14400",
            "created_at": "2023-02-26T18:01:05+02:00",
            "description": "Cetqa (cetqa)",
            "escalation_policy": "PA57YI4",
            "html_url": "https://reblaze.pagerduty.com/service-directory/PGYW8HC",
            "id": "PGYW8HC",
            "incident_urgency_rule": [
              {
                "during_support_hours": [],
                "outside_support_hours": [],
                "type": "constant",
                "urgency": "high"
              }
            ],
            "last_incident_timestamp": "",
            "name": "Cetqa",
            "response_play": null,
            "scheduled_actions": [],
            "status": "active",
            "support_hours": [],
            "type": "service"
          },
          "sensitive_attributes": [],
          "private": "bnVsbA==",
          "dependencies": [
            "data.pagerduty_escalation_policy.default"
          ]
        }
      ]
    },
    {
      "mode": "managed",
      "type": "pagerduty_service",
      "name": "Cettesting",
      "provider": "provider[\"registry.terraform.io/pagerduty/pagerduty\"]",
      "instances": [
        {
          "schema_version": 0,
          "attributes": {
            "acknowledgement_timeout": "1800",
            "alert_creation": "create_incidents",
            "alert_grouping": null,
            "alert_grouping_parameters": [],
            "alert_grouping_timeout": "null",
            "auto_pause_notifications_parameters": [],
            "auto_resolve_timeout": "14400",
            "created_at": "2023-02-26T18:00:36+02:00",
            "description": "Cettesting (cettesting)",
            "escalation_policy": "PA57YI4",
            "html_url": "https://reblaze.pagerduty.com/service-directory/PCFYBW2",
            "id": "PCFYBW2",
            "incident_urgency_rule": [
              {
                "during_support_hours": [],
                "outside_support_hours": [],
                "type": "constant",
                "urgency": "high"
              }
            ],
            "last_incident_timestamp": "",
            "name": "Cettesting",
            "response_play": null,
            "scheduled_actions": [],
            "status": "active",
            "support_hours": [],
            "type": "service"
          },
          "sensitive_attributes": [],
          "private": "bnVsbA==",
          "dependencies": [
            "data.pagerduty_escalation_policy.default"
          ]
        }
      ]
    },
    {
      "mode": "managed",
      "type": "pagerduty_service",
      "name": "Champion",
      "provider": "provider[\"registry.terraform.io/pagerduty/pagerduty\"]",
      "instances": [
        {
          "schema_version": 0,
          "attributes": {
            "acknowledgement_timeout": "1800",
            "alert_creation": "create_incidents",
            "alert_grouping": null,
            "alert_grouping_parameters": [],
            "alert_grouping_timeout": "null",
            "auto_pause_notifications_parameters": [],
            "auto_resolve_timeout": "14400",
            "created_at": "2023-02-26T18:00:34+02:00",
            "description": "Champion (champion)",
            "escalation_policy": "PA57YI4",
            "html_url": "https://reblaze.pagerduty.com/service-directory/PW8UG6R",
            "id": "PW8UG6R",
            "incident_urgency_rule": [
              {
                "during_support_hours": [],
                "outside_support_hours": [],
                "type": "constant",
                "urgency": "high"
              }
            ],
            "last_incident_timestamp": "",
            "name": "Champion",
            "response_play": null,
            "scheduled_actions": [],
            "status": "active",
            "support_hours": [],
            "type": "service"
          },
          "sensitive_attributes": [],
          "private": "bnVsbA==",
          "dependencies": [
            "data.pagerduty_escalation_policy.default"
          ]
        }
      ]
    },
    {
      "mode": "managed",
      "type": "pagerduty_service",
      "name": "Chargeafter",
      "provider": "provider[\"registry.terraform.io/pagerduty/pagerduty\"]",
      "instances": [
        {
          "schema_version": 0,
          "attributes": {
            "acknowledgement_timeout": "1800",
            "alert_creation": "create_incidents",
            "alert_grouping": null,
            "alert_grouping_parameters": [],
            "alert_grouping_timeout": "null",
            "auto_pause_notifications_parameters": [],
            "auto_resolve_timeout": "14400",
            "created_at": "2023-02-26T18:01:07+02:00",
            "description": "Chargeafter (chargeafter)",
            "escalation_policy": "PA57YI4",
            "html_url": "https://reblaze.pagerduty.com/service-directory/PBZ7J18",
            "id": "PBZ7J18",
            "incident_urgency_rule": [
              {
                "during_support_hours": [],
                "outside_support_hours": [],
                "type": "constant",
                "urgency": "high"
              }
            ],
            "last_incident_timestamp": "",
            "name": "Chargeafter",
            "response_play": null,
            "scheduled_actions": [],
            "status": "active",
            "support_hours": [],
            "type": "service"
          },
          "sensitive_attributes": [],
          "private": "bnVsbA==",
          "dependencies": [
            "data.pagerduty_escalation_policy.default"
          ]
        }
      ]
    },
    {
      "mode": "managed",
      "type": "pagerduty_service",
      "name": "Chargeafterstg",
      "provider": "provider[\"registry.terraform.io/pagerduty/pagerduty\"]",
      "instances": [
        {
          "schema_version": 0,
          "attributes": {
            "acknowledgement_timeout": "1800",
            "alert_creation": "create_incidents",
            "alert_grouping": null,
            "alert_grouping_parameters": [],
            "alert_grouping_timeout": "null",
            "auto_pause_notifications_parameters": [],
            "auto_resolve_timeout": "14400",
            "created_at": "2023-02-26T18:01:11+02:00",
            "description": "Chargeafterstg (chargeafterstg)",
            "escalation_policy": "PA57YI4",
            "html_url": "https://reblaze.pagerduty.com/service-directory/PD70RXS",
            "id": "PD70RXS",
            "incident_urgency_rule": [
              {
                "during_support_hours": [],
                "outside_support_hours": [],
                "type": "constant",
                "urgency": "high"
              }
            ],
            "last_incident_timestamp": "",
            "name": "Chargeafterstg",
            "response_play": null,
            "scheduled_actions": [],
            "status": "active",
            "support_hours": [],
            "type": "service"
          },
          "sensitive_attributes": [],
          "private": "bnVsbA==",
          "dependencies": [
            "data.pagerduty_escalation_policy.default"
          ]
        }
      ]
    },
    {
      "mode": "managed",
      "type": "pagerduty_service",
      "name": "Chingari",
      "provider": "provider[\"registry.terraform.io/pagerduty/pagerduty\"]",
      "instances": [
        {
          "schema_version": 0,
          "attributes": {
            "acknowledgement_timeout": "1800",
            "alert_creation": "create_incidents",
            "alert_grouping": null,
            "alert_grouping_parameters": [],
            "alert_grouping_timeout": "null",
            "auto_pause_notifications_parameters": [],
            "auto_resolve_timeout": "14400",
            "created_at": "2023-02-26T18:00:57+02:00",
            "description": "Chingari (chingari)",
            "escalation_policy": "PA57YI4",
            "html_url": "https://reblaze.pagerduty.com/service-directory/PZGA72L",
            "id": "PZGA72L",
            "incident_urgency_rule": [
              {
                "during_support_hours": [],
                "outside_support_hours": [],
                "type": "constant",
                "urgency": "high"
              }
            ],
            "last_incident_timestamp": "",
            "name": "Chingari",
            "response_play": null,
            "scheduled_actions": [],
            "status": "active",
            "support_hours": [],
            "type": "service"
          },
          "sensitive_attributes": [],
          "private": "bnVsbA==",
          "dependencies": [
            "data.pagerduty_escalation_policy.default"
          ]
        }
      ]
    },
    {
      "mode": "managed",
      "type": "pagerduty_service",
      "name": "Chiper639237995632723462",
      "provider": "provider[\"registry.terraform.io/pagerduty/pagerduty\"]",
      "instances": [
        {
          "schema_version": 0,
          "attributes": {
            "acknowledgement_timeout": "1800",
            "alert_creation": "create_incidents",
            "alert_grouping": null,
            "alert_grouping_parameters": [],
            "alert_grouping_timeout": "null",
            "auto_pause_notifications_parameters": [],
            "auto_resolve_timeout": "14400",
            "created_at": "2023-02-26T18:00:46+02:00",
            "description": "Chiper639237995632723462 (chiper639237995632723462)",
            "escalation_policy": "PA57YI4",
            "html_url": "https://reblaze.pagerduty.com/service-directory/PN65T0Y",
            "id": "PN65T0Y",
            "incident_urgency_rule": [
              {
                "during_support_hours": [],
                "outside_support_hours": [],
                "type": "constant",
                "urgency": "high"
              }
            ],
            "last_incident_timestamp": "",
            "name": "Chiper639237995632723462",
            "response_play": null,
            "scheduled_actions": [],
            "status": "active",
            "support_hours": [],
            "type": "service"
          },
          "sensitive_attributes": [],
          "private": "bnVsbA==",
          "dependencies": [
            "data.pagerduty_escalation_policy.default"
          ]
        }
      ]
    },
    {
      "mode": "managed",
      "type": "pagerduty_service",
      "name": "Cleartrip",
      "provider": "provider[\"registry.terraform.io/pagerduty/pagerduty\"]",
      "instances": [
        {
          "schema_version": 0,
          "attributes": {
            "acknowledgement_timeout": "1800",
            "alert_creation": "create_incidents",
            "alert_grouping": null,
            "alert_grouping_parameters": [],
            "alert_grouping_timeout": "null",
            "auto_pause_notifications_parameters": [],
            "auto_resolve_timeout": "14400",
            "created_at": "2023-02-26T18:01:15+02:00",
            "description": "Cleartrip (cleartrip)",
            "escalation_policy": "PA57YI4",
            "html_url": "https://reblaze.pagerduty.com/service-directory/PQM30P8",
            "id": "PQM30P8",
            "incident_urgency_rule": [
              {
                "during_support_hours": [],
                "outside_support_hours": [],
                "type": "constant",
                "urgency": "high"
              }
            ],
            "last_incident_timestamp": "",
            "name": "Cleartrip",
            "response_play": null,
            "scheduled_actions": [],
            "status": "active",
            "support_hours": [],
            "type": "service"
          },
          "sensitive_attributes": [],
          "private": "bnVsbA==",
          "dependencies": [
            "data.pagerduty_escalation_policy.default"
          ]
        }
      ]
    },
    {
      "mode": "managed",
      "type": "pagerduty_service",
      "name": "Cloudmd",
      "provider": "provider[\"registry.terraform.io/pagerduty/pagerduty\"]",
      "instances": [
        {
          "schema_version": 0,
          "attributes": {
            "acknowledgement_timeout": "1800",
            "alert_creation": "create_incidents",
            "alert_grouping": null,
            "alert_grouping_parameters": [],
            "alert_grouping_timeout": "null",
            "auto_pause_notifications_parameters": [],
            "auto_resolve_timeout": "14400",
            "created_at": "2023-02-26T18:00:35+02:00",
            "description": "Cloudmd (cloudmd)",
            "escalation_policy": "PA57YI4",
            "html_url": "https://reblaze.pagerduty.com/service-directory/P8QXE2O",
            "id": "P8QXE2O",
            "incident_urgency_rule": [
              {
                "during_support_hours": [],
                "outside_support_hours": [],
                "type": "constant",
                "urgency": "high"
              }
            ],
            "last_incident_timestamp": "",
            "name": "Cloudmd",
            "response_play": null,
            "scheduled_actions": [],
            "status": "active",
            "support_hours": [],
            "type": "service"
          },
          "sensitive_attributes": [],
          "private": "bnVsbA==",
          "dependencies": [
            "data.pagerduty_escalation_policy.default"
          ]
        }
      ]
    },
    {
      "mode": "managed",
      "type": "pagerduty_service",
      "name": "Cloudwm",
      "provider": "provider[\"registry.terraform.io/pagerduty/pagerduty\"]",
      "instances": [
        {
          "schema_version": 0,
          "attributes": {
            "acknowledgement_timeout": "1800",
            "alert_creation": "create_incidents",
            "alert_grouping": null,
            "alert_grouping_parameters": [],
            "alert_grouping_timeout": "null",
            "auto_pause_notifications_parameters": [],
            "auto_resolve_timeout": "14400",
            "created_at": "2023-02-26T18:00:57+02:00",
            "description": "Cloudwm (cloudwm)",
            "escalation_policy": "PA57YI4",
            "html_url": "https://reblaze.pagerduty.com/service-directory/POLD4LI",
            "id": "POLD4LI",
            "incident_urgency_rule": [
              {
                "during_support_hours": [],
                "outside_support_hours": [],
                "type": "constant",
                "urgency": "high"
              }
            ],
            "last_incident_timestamp": "",
            "name": "Cloudwm",
            "response_play": null,
            "scheduled_actions": [],
            "status": "active",
            "support_hours": [],
            "type": "service"
          },
          "sensitive_attributes": [],
          "private": "bnVsbA==",
          "dependencies": [
            "data.pagerduty_escalation_policy.default"
          ]
        }
      ]
    },
    {
      "mode": "managed",
      "type": "pagerduty_service",
      "name": "Coinberry",
      "provider": "provider[\"registry.terraform.io/pagerduty/pagerduty\"]",
      "instances": [
        {
          "schema_version": 0,
          "attributes": {
            "acknowledgement_timeout": "1800",
            "alert_creation": "create_incidents",
            "alert_grouping": null,
            "alert_grouping_parameters": [],
            "alert_grouping_timeout": "null",
            "auto_pause_notifications_parameters": [],
            "auto_resolve_timeout": "14400",
            "created_at": "2023-02-26T18:00:40+02:00",
            "description": "Coinberry (coinberry)",
            "escalation_policy": "PA57YI4",
            "html_url": "https://reblaze.pagerduty.com/service-directory/PAE36PJ",
            "id": "PAE36PJ",
            "incident_urgency_rule": [
              {
                "during_support_hours": [],
                "outside_support_hours": [],
                "type": "constant",
                "urgency": "high"
              }
            ],
            "last_incident_timestamp": "",
            "name": "Coinberry",
            "response_play": null,
            "scheduled_actions": [],
            "status": "active",
            "support_hours": [],
            "type": "service"
          },
          "sensitive_attributes": [],
          "private": "bnVsbA==",
          "dependencies": [
            "data.pagerduty_escalation_policy.default"
          ]
        }
      ]
    },
    {
      "mode": "managed",
      "type": "pagerduty_service",
      "name": "Colman",
      "provider": "provider[\"registry.terraform.io/pagerduty/pagerduty\"]",
      "instances": [
        {
          "schema_version": 0,
          "attributes": {
            "acknowledgement_timeout": "1800",
            "alert_creation": "create_incidents",
            "alert_grouping": null,
            "alert_grouping_parameters": [],
            "alert_grouping_timeout": "null",
            "auto_pause_notifications_parameters": [],
            "auto_resolve_timeout": "14400",
            "created_at": "2023-02-26T18:00:40+02:00",
            "description": "Colman (colman)",
            "escalation_policy": "PA57YI4",
            "html_url": "https://reblaze.pagerduty.com/service-directory/PEQR729",
            "id": "PEQR729",
            "incident_urgency_rule": [
              {
                "during_support_hours": [],
                "outside_support_hours": [],
                "type": "constant",
                "urgency": "high"
              }
            ],
            "last_incident_timestamp": "",
            "name": "Colman",
            "response_play": null,
            "scheduled_actions": [],
            "status": "active",
            "support_hours": [],
            "type": "service"
          },
          "sensitive_attributes": [],
          "private": "bnVsbA==",
          "dependencies": [
            "data.pagerduty_escalation_policy.default"
          ]
        }
      ]
    },
    {
      "mode": "managed",
      "type": "pagerduty_service",
      "name": "Comda",
      "provider": "provider[\"registry.terraform.io/pagerduty/pagerduty\"]",
      "instances": [
        {
          "schema_version": 0,
          "attributes": {
            "acknowledgement_timeout": "1800",
            "alert_creation": "create_incidents",
            "alert_grouping": null,
            "alert_grouping_parameters": [],
            "alert_grouping_timeout": "null",
            "auto_pause_notifications_parameters": [],
            "auto_resolve_timeout": "14400",
            "created_at": "2023-02-26T18:01:04+02:00",
            "description": "Comda comda)",
            "escalation_policy": "PA57YI4",
            "html_url": "https://reblaze.pagerduty.com/service-directory/P1OY99I",
            "id": "P1OY99I",
            "incident_urgency_rule": [
              {
                "during_support_hours": [],
                "outside_support_hours": [],
                "type": "constant",
                "urgency": "high"
              }
            ],
            "last_incident_timestamp": "",
            "name": "Comda",
            "response_play": null,
            "scheduled_actions": [],
            "status": "active",
            "support_hours": [],
            "type": "service"
          },
          "sensitive_attributes": [],
          "private": "bnVsbA==",
          "dependencies": [
            "data.pagerduty_escalation_policy.default"
          ]
        }
      ]
    },
    {
      "mode": "managed",
      "type": "pagerduty_service",
      "name": "Como",
      "provider": "provider[\"registry.terraform.io/pagerduty/pagerduty\"]",
      "instances": [
        {
          "schema_version": 0,
          "attributes": {
            "acknowledgement_timeout": "1800",
            "alert_creation": "create_incidents",
            "alert_grouping": null,
            "alert_grouping_parameters": [],
            "alert_grouping_timeout": "null",
            "auto_pause_notifications_parameters": [],
            "auto_resolve_timeout": "14400",
            "created_at": "2023-02-26T18:01:14+02:00",
            "description": "Como como)",
            "escalation_policy": "PA57YI4",
            "html_url": "https://reblaze.pagerduty.com/service-directory/PBH02TO",
            "id": "PBH02TO",
            "incident_urgency_rule": [
              {
                "during_support_hours": [],
                "outside_support_hours": [],
                "type": "constant",
                "urgency": "high"
              }
            ],
            "last_incident_timestamp": "",
            "name": "Como",
            "response_play": null,
            "scheduled_actions": [],
            "status": "active",
            "support_hours": [],
            "type": "service"
          },
          "sensitive_attributes": [],
          "private": "bnVsbA==",
          "dependencies": [
            "data.pagerduty_escalation_policy.default"
          ]
        }
      ]
    },
    {
      "mode": "managed",
      "type": "pagerduty_service",
      "name": "Copia",
      "provider": "provider[\"registry.terraform.io/pagerduty/pagerduty\"]",
      "instances": [
        {
          "schema_version": 0,
          "attributes": {
            "acknowledgement_timeout": "1800",
            "alert_creation": "create_incidents",
            "alert_grouping": null,
            "alert_grouping_parameters": [],
            "alert_grouping_timeout": "null",
            "auto_pause_notifications_parameters": [],
            "auto_resolve_timeout": "14400",
            "created_at": "2023-02-26T18:00:52+02:00",
            "description": "Copia (copia)",
            "escalation_policy": "PA57YI4",
            "html_url": "https://reblaze.pagerduty.com/service-directory/PY8HBWE",
            "id": "PY8HBWE",
            "incident_urgency_rule": [
              {
                "during_support_hours": [],
                "outside_support_hours": [],
                "type": "constant",
                "urgency": "high"
              }
            ],
            "last_incident_timestamp": "",
            "name": "Copia",
            "response_play": null,
            "scheduled_actions": [],
            "status": "active",
            "support_hours": [],
            "type": "service"
          },
          "sensitive_attributes": [],
          "private": "bnVsbA==",
          "dependencies": [
            "data.pagerduty_escalation_policy.default"
          ]
        }
      ]
    },
    {
      "mode": "managed",
      "type": "pagerduty_service",
      "name": "Cotohacfgwservice6Epszaaf",
      "provider": "provider[\"registry.terraform.io/pagerduty/pagerduty\"]",
      "instances": [
        {
          "schema_version": 0,
          "attributes": {
            "acknowledgement_timeout": "1800",
            "alert_creation": "create_incidents",
            "alert_grouping": null,
            "alert_grouping_parameters": [],
            "alert_grouping_timeout": "null",
            "auto_pause_notifications_parameters": [],
            "auto_resolve_timeout": "14400",
            "created_at": "2023-02-26T18:00:36+02:00",
            "description": "Cotohacfgwservice6Epszaaf (cotohacfgwservice6epszaaf)",
            "escalation_policy": "PA57YI4",
            "html_url": "https://reblaze.pagerduty.com/service-directory/PGRJC8S",
            "id": "PGRJC8S",
            "incident_urgency_rule": [
              {
                "during_support_hours": [],
                "outside_support_hours": [],
                "type": "constant",
                "urgency": "high"
              }
            ],
            "last_incident_timestamp": "",
            "name": "Cotohacfgwservice6Epszaaf",
            "response_play": null,
            "scheduled_actions": [],
            "status": "active",
            "support_hours": [],
            "type": "service"
          },
          "sensitive_attributes": [],
          "private": "bnVsbA==",
          "dependencies": [
            "data.pagerduty_escalation_policy.default"
          ]
        }
      ]
    },
    {
      "mode": "managed",
      "type": "pagerduty_service",
      "name": "Cruiseit",
      "provider": "provider[\"registry.terraform.io/pagerduty/pagerduty\"]",
      "instances": [
        {
          "schema_version": 0,
          "attributes": {
            "acknowledgement_timeout": "1800",
            "alert_creation": "create_incidents",
            "alert_grouping": null,
            "alert_grouping_parameters": [],
            "alert_grouping_timeout": "null",
            "auto_pause_notifications_parameters": [],
            "auto_resolve_timeout": "14400",
            "created_at": "2023-02-26T18:01:11+02:00",
            "description": "Cruiseit (cruiseit)",
            "escalation_policy": "PA57YI4",
            "html_url": "https://reblaze.pagerduty.com/service-directory/PKSZSM5",
            "id": "PKSZSM5",
            "incident_urgency_rule": [
              {
                "during_support_hours": [],
                "outside_support_hours": [],
                "type": "constant",
                "urgency": "high"
              }
            ],
            "last_incident_timestamp": "",
            "name": "Cruiseit",
            "response_play": null,
            "scheduled_actions": [],
            "status": "active",
            "support_hours": [],
            "type": "service"
          },
          "sensitive_attributes": [],
          "private": "bnVsbA==",
          "dependencies": [
            "data.pagerduty_escalation_policy.default"
          ]
        }
      ]
    },
    {
      "mode": "managed",
      "type": "pagerduty_service",
      "name": "Csirt",
      "provider": "provider[\"registry.terraform.io/pagerduty/pagerduty\"]",
      "instances": [
        {
          "schema_version": 0,
          "attributes": {
            "acknowledgement_timeout": "1800",
            "alert_creation": "create_incidents",
            "alert_grouping": null,
            "alert_grouping_parameters": [],
            "alert_grouping_timeout": "null",
            "auto_pause_notifications_parameters": [],
            "auto_resolve_timeout": "14400",
            "created_at": "2023-02-26T18:01:04+02:00",
            "description": "Csirt (csirt)",
            "escalation_policy": "PA57YI4",
            "html_url": "https://reblaze.pagerduty.com/service-directory/PA1SQV1",
            "id": "PA1SQV1",
            "incident_urgency_rule": [
              {
                "during_support_hours": [],
                "outside_support_hours": [],
                "type": "constant",
                "urgency": "high"
              }
            ],
            "last_incident_timestamp": "",
            "name": "Csirt",
            "response_play": null,
            "scheduled_actions": [],
            "status": "active",
            "support_hours": [],
            "type": "service"
          },
          "sensitive_attributes": [],
          "private": "bnVsbA==",
          "dependencies": [
            "data.pagerduty_escalation_policy.default"
          ]
        }
      ]
    },
    {
      "mode": "managed",
      "type": "pagerduty_service",
      "name": "Cth2Prod1Zxnri8X8",
      "provider": "provider[\"registry.terraform.io/pagerduty/pagerduty\"]",
      "instances": [
        {
          "schema_version": 0,
          "attributes": {
            "acknowledgement_timeout": "1800",
            "alert_creation": "create_incidents",
            "alert_grouping": null,
            "alert_grouping_parameters": [],
            "alert_grouping_timeout": "null",
            "auto_pause_notifications_parameters": [],
            "auto_resolve_timeout": "14400",
            "created_at": "2023-02-26T18:00:28+02:00",
            "description": "Cth2Prod1Zxnri8X8 (cth2prod1zxnri8x8)",
            "escalation_policy": "PA57YI4",
            "html_url": "https://reblaze.pagerduty.com/service-directory/P0K6W8V",
            "id": "P0K6W8V",
            "incident_urgency_rule": [
              {
                "during_support_hours": [],
                "outside_support_hours": [],
                "type": "constant",
                "urgency": "high"
              }
            ],
            "last_incident_timestamp": "",
            "name": "Cth2Prod1Zxnri8X8",
            "response_play": null,
            "scheduled_actions": [],
            "status": "active",
            "support_hours": [],
            "type": "service"
          },
          "sensitive_attributes": [],
          "private": "bnVsbA==",
          "dependencies": [
            "data.pagerduty_escalation_policy.default"
          ]
        }
      ]
    },
    {
      "mode": "managed",
      "type": "pagerduty_service",
      "name": "Cycura",
      "provider": "provider[\"registry.terraform.io/pagerduty/pagerduty\"]",
      "instances": [
        {
          "schema_version": 0,
          "attributes": {
            "acknowledgement_timeout": "1800",
            "alert_creation": "create_incidents",
            "alert_grouping": null,
            "alert_grouping_parameters": [],
            "alert_grouping_timeout": "null",
            "auto_pause_notifications_parameters": [],
            "auto_resolve_timeout": "14400",
            "created_at": "2023-02-26T18:00:50+02:00",
            "description": "Cycura (cycura)",
            "escalation_policy": "PA57YI4",
            "html_url": "https://reblaze.pagerduty.com/service-directory/PODKLWF",
            "id": "PODKLWF",
            "incident_urgency_rule": [
              {
                "during_support_hours": [],
                "outside_support_hours": [],
                "type": "constant",
                "urgency": "high"
              }
            ],
            "last_incident_timestamp": "",
            "name": "Cycura",
            "response_play": null,
            "scheduled_actions": [],
            "status": "active",
            "support_hours": [],
            "type": "service"
          },
          "sensitive_attributes": [],
          "private": "bnVsbA==",
          "dependencies": [
            "data.pagerduty_escalation_policy.default"
          ]
        }
      ]
    },
    {
      "mode": "managed",
      "type": "pagerduty_service",
      "name": "Cyqurex52970321352494334",
      "provider": "provider[\"registry.terraform.io/pagerduty/pagerduty\"]",
      "instances": [
        {
          "schema_version": 0,
          "attributes": {
            "acknowledgement_timeout": "1800",
            "alert_creation": "create_incidents",
            "alert_grouping": null,
            "alert_grouping_parameters": [],
            "alert_grouping_timeout": "null",
            "auto_pause_notifications_parameters": [],
            "auto_resolve_timeout": "14400",
            "created_at": "2023-02-26T18:01:05+02:00",
            "description": "Cyqurex52970321352494334 (cyqurex52970321352494334)",
            "escalation_policy": "PA57YI4",
            "html_url": "https://reblaze.pagerduty.com/service-directory/PS4O619",
            "id": "PS4O619",
            "incident_urgency_rule": [
              {
                "during_support_hours": [],
                "outside_support_hours": [],
                "type": "constant",
                "urgency": "high"
              }
            ],
            "last_incident_timestamp": "",
            "name": "Cyqurex52970321352494334",
            "response_play": null,
            "scheduled_actions": [],
            "status": "active",
            "support_hours": [],
            "type": "service"
          },
          "sensitive_attributes": [],
          "private": "bnVsbA==",
          "dependencies": [
            "data.pagerduty_escalation_policy.default"
          ]
        }
      ]
    },
    {
      "mode": "managed",
      "type": "pagerduty_service",
      "name": "Datagovp633462572263654780",
      "provider": "provider[\"registry.terraform.io/pagerduty/pagerduty\"]",
      "instances": [
        {
          "schema_version": 0,
          "attributes": {
            "acknowledgement_timeout": "1800",
            "alert_creation": "create_incidents",
            "alert_grouping": null,
            "alert_grouping_parameters": [],
            "alert_grouping_timeout": "null",
            "auto_pause_notifications_parameters": [],
            "auto_resolve_timeout": "14400",
            "created_at": "2023-02-26T18:01:02+02:00",
            "description": "Datagovp633462572263654780 (datagovp633462572263654780)",
            "escalation_policy": "PA57YI4",
            "html_url": "https://reblaze.pagerduty.com/service-directory/PX3ZVHD",
            "id": "PX3ZVHD",
            "incident_urgency_rule": [
              {
                "during_support_hours": [],
                "outside_support_hours": [],
                "type": "constant",
                "urgency": "high"
              }
            ],
            "last_incident_timestamp": "",
            "name": "Datagovp633462572263654780",
            "response_play": null,
            "scheduled_actions": [],
            "status": "active",
            "support_hours": [],
            "type": "service"
          },
          "sensitive_attributes": [],
          "private": "bnVsbA==",
          "dependencies": [
            "data.pagerduty_escalation_policy.default"
          ]
        }
      ]
    },
    {
      "mode": "managed",
      "type": "pagerduty_service",
      "name": "Datagovtest",
      "provider": "provider[\"registry.terraform.io/pagerduty/pagerduty\"]",
      "instances": [
        {
          "schema_version": 0,
          "attributes": {
            "acknowledgement_timeout": "1800",
            "alert_creation": "create_incidents",
            "alert_grouping": null,
            "alert_grouping_parameters": [],
            "alert_grouping_timeout": "null",
            "auto_pause_notifications_parameters": [],
            "auto_resolve_timeout": "14400",
            "created_at": "2023-02-26T18:00:47+02:00",
            "description": "Datagovtest (datagovtest)",
            "escalation_policy": "PA57YI4",
            "html_url": "https://reblaze.pagerduty.com/service-directory/P9UA9LW",
            "id": "P9UA9LW",
            "incident_urgency_rule": [
              {
                "during_support_hours": [],
                "outside_support_hours": [],
                "type": "constant",
                "urgency": "high"
              }
            ],
            "last_incident_timestamp": "",
            "name": "Datagovtest",
            "response_play": null,
            "scheduled_actions": [],
            "status": "active",
            "support_hours": [],
            "type": "service"
          },
          "sensitive_attributes": [],
          "private": "bnVsbA==",
          "dependencies": [
            "data.pagerduty_escalation_policy.default"
          ]
        }
      ]
    },
    {
      "mode": "managed",
      "type": "pagerduty_service",
      "name": "Datanomik",
      "provider": "provider[\"registry.terraform.io/pagerduty/pagerduty\"]",
      "instances": [
        {
          "schema_version": 0,
          "attributes": {
            "acknowledgement_timeout": "1800",
            "alert_creation": "create_incidents",
            "alert_grouping": null,
            "alert_grouping_parameters": [],
            "alert_grouping_timeout": "null",
            "auto_pause_notifications_parameters": [],
            "auto_resolve_timeout": "14400",
            "created_at": "2023-02-26T18:00:57+02:00",
            "description": "Datanomik (datanomik)",
            "escalation_policy": "PA57YI4",
            "html_url": "https://reblaze.pagerduty.com/service-directory/PSY15B8",
            "id": "PSY15B8",
            "incident_urgency_rule": [
              {
                "during_support_hours": [],
                "outside_support_hours": [],
                "type": "constant",
                "urgency": "high"
              }
            ],
            "last_incident_timestamp": "",
            "name": "Datanomik",
            "response_play": null,
            "scheduled_actions": [],
            "status": "active",
            "support_hours": [],
            "type": "service"
          },
          "sensitive_attributes": [],
          "private": "bnVsbA==",
          "dependencies": [
            "data.pagerduty_escalation_policy.default"
          ]
        }
      ]
    },
    {
      "mode": "managed",
      "type": "pagerduty_service",
      "name": "Datasec",
      "provider": "provider[\"registry.terraform.io/pagerduty/pagerduty\"]",
      "instances": [
        {
          "schema_version": 0,
          "attributes": {
            "acknowledgement_timeout": "1800",
            "alert_creation": "create_incidents",
            "alert_grouping": null,
            "alert_grouping_parameters": [],
            "alert_grouping_timeout": "null",
            "auto_pause_notifications_parameters": [],
            "auto_resolve_timeout": "14400",
            "created_at": "2023-02-26T18:01:05+02:00",
            "description": "Datasec (datasec)",
            "escalation_policy": "PA57YI4",
            "html_url": "https://reblaze.pagerduty.com/service-directory/P0A337G",
            "id": "P0A337G",
            "incident_urgency_rule": [
              {
                "during_support_hours": [],
                "outside_support_hours": [],
                "type": "constant",
                "urgency": "high"
              }
            ],
            "last_incident_timestamp": "",
            "name": "Datasec",
            "response_play": null,
            "scheduled_actions": [],
            "status": "active",
            "support_hours": [],
            "type": "service"
          },
          "sensitive_attributes": [],
          "private": "bnVsbA==",
          "dependencies": [
            "data.pagerduty_escalation_policy.default"
          ]
        }
      ]
    },
    {
      "mode": "managed",
      "type": "pagerduty_service",
      "name": "Defaultstuff2",
      "provider": "provider[\"registry.terraform.io/pagerduty/pagerduty\"]",
      "instances": [
        {
          "schema_version": 0,
          "attributes": {
            "acknowledgement_timeout": "1800",
            "alert_creation": "create_incidents",
            "alert_grouping": null,
            "alert_grouping_parameters": [],
            "alert_grouping_timeout": "null",
            "auto_pause_notifications_parameters": [],
            "auto_resolve_timeout": "14400",
            "created_at": "2023-02-26T18:01:11+02:00",
            "description": "Defaultstuff2 (defaultstuff2)",
            "escalation_policy": "PA57YI4",
            "html_url": "https://reblaze.pagerduty.com/service-directory/PA97WK4",
            "id": "PA97WK4",
            "incident_urgency_rule": [
              {
                "during_support_hours": [],
                "outside_support_hours": [],
                "type": "constant",
                "urgency": "high"
              }
            ],
            "last_incident_timestamp": "",
            "name": "Defaultstuff2",
            "response_play": null,
            "scheduled_actions": [],
            "status": "active",
            "support_hours": [],
            "type": "service"
          },
          "sensitive_attributes": [],
          "private": "bnVsbA==",
          "dependencies": [
            "data.pagerduty_escalation_policy.default"
          ]
        }
      ]
    },
    {
      "mode": "managed",
      "type": "pagerduty_service",
      "name": "Delasport",
      "provider": "provider[\"registry.terraform.io/pagerduty/pagerduty\"]",
      "instances": [
        {
          "schema_version": 0,
          "attributes": {
            "acknowledgement_timeout": "1800",
            "alert_creation": "create_incidents",
            "alert_grouping": null,
            "alert_grouping_parameters": [],
            "alert_grouping_timeout": "null",
            "auto_pause_notifications_parameters": [],
            "auto_resolve_timeout": "14400",
            "created_at": "2023-02-26T18:01:01+02:00",
            "description": "Delasport (delasport)",
            "escalation_policy": "PA57YI4",
            "html_url": "https://reblaze.pagerduty.com/service-directory/PXF4BJF",
            "id": "PXF4BJF",
            "incident_urgency_rule": [
              {
                "during_support_hours": [],
                "outside_support_hours": [],
                "type": "constant",
                "urgency": "high"
              }
            ],
            "last_incident_timestamp": "",
            "name": "Delasport",
            "response_play": null,
            "scheduled_actions": [],
            "status": "active",
            "support_hours": [],
            "type": "service"
          },
          "sensitive_attributes": [],
          "private": "bnVsbA==",
          "dependencies": [
            "data.pagerduty_escalation_policy.default"
          ]
        }
      ]
    },
    {
      "mode": "managed",
      "type": "pagerduty_service",
      "name": "Demos",
      "provider": "provider[\"registry.terraform.io/pagerduty/pagerduty\"]",
      "instances": [
        {
          "schema_version": 0,
          "attributes": {
            "acknowledgement_timeout": "1800",
            "alert_creation": "create_incidents",
            "alert_grouping": null,
            "alert_grouping_parameters": [],
            "alert_grouping_timeout": "null",
            "auto_pause_notifications_parameters": [],
            "auto_resolve_timeout": "14400",
            "created_at": "2023-02-26T18:00:31+02:00",
            "description": "Demos (demos)",
            "escalation_policy": "PA57YI4",
            "html_url": "https://reblaze.pagerduty.com/service-directory/PTM74Y5",
            "id": "PTM74Y5",
            "incident_urgency_rule": [
              {
                "during_support_hours": [],
                "outside_support_hours": [],
                "type": "constant",
                "urgency": "high"
              }
            ],
            "last_incident_timestamp": "",
            "name": "Demos",
            "response_play": null,
            "scheduled_actions": [],
            "status": "active",
            "support_hours": [],
            "type": "service"
          },
          "sensitive_attributes": [],
          "private": "bnVsbA==",
          "dependencies": [
            "data.pagerduty_escalation_policy.default"
          ]
        }
      ]
    },
    {
      "mode": "managed",
      "type": "pagerduty_service",
      "name": "Demos2",
      "provider": "provider[\"registry.terraform.io/pagerduty/pagerduty\"]",
      "instances": [
        {
          "schema_version": 0,
          "attributes": {
            "acknowledgement_timeout": "1800",
            "alert_creation": "create_incidents",
            "alert_grouping": null,
            "alert_grouping_parameters": [],
            "alert_grouping_timeout": "null",
            "auto_pause_notifications_parameters": [],
            "auto_resolve_timeout": "14400",
            "created_at": "2023-02-26T18:00:39+02:00",
            "description": "Demos2 (demos2)",
            "escalation_policy": "PA57YI4",
            "html_url": "https://reblaze.pagerduty.com/service-directory/PHMC7EZ",
            "id": "PHMC7EZ",
            "incident_urgency_rule": [
              {
                "during_support_hours": [],
                "outside_support_hours": [],
                "type": "constant",
                "urgency": "high"
              }
            ],
            "last_incident_timestamp": "",
            "name": "Demos2",
            "response_play": null,
            "scheduled_actions": [],
            "status": "active",
            "support_hours": [],
            "type": "service"
          },
          "sensitive_attributes": [],
          "private": "bnVsbA==",
          "dependencies": [
            "data.pagerduty_escalation_policy.default"
          ]
        }
      ]
    },
    {
      "mode": "managed",
      "type": "pagerduty_service",
      "name": "Demossdk",
      "provider": "provider[\"registry.terraform.io/pagerduty/pagerduty\"]",
      "instances": [
        {
          "schema_version": 0,
          "attributes": {
            "acknowledgement_timeout": "1800",
            "alert_creation": "create_incidents",
            "alert_grouping": null,
            "alert_grouping_parameters": [],
            "alert_grouping_timeout": "null",
            "auto_pause_notifications_parameters": [],
            "auto_resolve_timeout": "14400",
            "created_at": "2023-02-26T18:00:53+02:00",
            "description": "Demossdk (demossdk)",
            "escalation_policy": "PA57YI4",
            "html_url": "https://reblaze.pagerduty.com/service-directory/PIS9XYF",
            "id": "PIS9XYF",
            "incident_urgency_rule": [
              {
                "during_support_hours": [],
                "outside_support_hours": [],
                "type": "constant",
                "urgency": "high"
              }
            ],
            "last_incident_timestamp": "",
            "name": "Demossdk",
            "response_play": null,
            "scheduled_actions": [],
            "status": "active",
            "support_hours": [],
            "type": "service"
          },
          "sensitive_attributes": [],
          "private": "bnVsbA==",
          "dependencies": [
            "data.pagerduty_escalation_policy.default"
          ]
        }
      ]
    },
    {
      "mode": "managed",
      "type": "pagerduty_service",
      "name": "Dermpro",
      "provider": "provider[\"registry.terraform.io/pagerduty/pagerduty\"]",
      "instances": [
        {
          "schema_version": 0,
          "attributes": {
            "acknowledgement_timeout": "1800",
            "alert_creation": "create_incidents",
            "alert_grouping": null,
            "alert_grouping_parameters": [],
            "alert_grouping_timeout": "null",
            "auto_pause_notifications_parameters": [],
            "auto_resolve_timeout": "14400",
            "created_at": "2023-02-26T18:00:40+02:00",
            "description": "Dermpro (dermpro)",
            "escalation_policy": "PA57YI4",
            "html_url": "https://reblaze.pagerduty.com/service-directory/PTVU4L6",
            "id": "PTVU4L6",
            "incident_urgency_rule": [
              {
                "during_support_hours": [],
                "outside_support_hours": [],
                "type": "constant",
                "urgency": "high"
              }
            ],
            "last_incident_timestamp": "",
            "name": "Dermpro",
            "response_play": null,
            "scheduled_actions": [],
            "status": "active",
            "support_hours": [],
            "type": "service"
          },
          "sensitive_attributes": [],
          "private": "bnVsbA==",
          "dependencies": [
            "data.pagerduty_escalation_policy.default"
          ]
        }
      ]
    },
    {
      "mode": "managed",
      "type": "pagerduty_service",
      "name": "Digicenter",
      "provider": "provider[\"registry.terraform.io/pagerduty/pagerduty\"]",
      "instances": [
        {
          "schema_version": 0,
          "attributes": {
            "acknowledgement_timeout": "1800",
            "alert_creation": "create_incidents",
            "alert_grouping": null,
            "alert_grouping_parameters": [],
            "alert_grouping_timeout": "null",
            "auto_pause_notifications_parameters": [],
            "auto_resolve_timeout": "14400",
            "created_at": "2023-02-26T18:00:37+02:00",
            "description": "Digicenter (digicenter)",
            "escalation_policy": "PA57YI4",
            "html_url": "https://reblaze.pagerduty.com/service-directory/PUIUU2N",
            "id": "PUIUU2N",
            "incident_urgency_rule": [
              {
                "during_support_hours": [],
                "outside_support_hours": [],
                "type": "constant",
                "urgency": "high"
              }
            ],
            "last_incident_timestamp": "",
            "name": "Digicenter",
            "response_play": null,
            "scheduled_actions": [],
            "status": "active",
            "support_hours": [],
            "type": "service"
          },
          "sensitive_attributes": [],
          "private": "bnVsbA==",
          "dependencies": [
            "data.pagerduty_escalation_policy.default"
          ]
        }
      ]
    },
    {
      "mode": "managed",
      "type": "pagerduty_service",
      "name": "Directa24",
      "provider": "provider[\"registry.terraform.io/pagerduty/pagerduty\"]",
      "instances": [
        {
          "schema_version": 0,
          "attributes": {
            "acknowledgement_timeout": "1800",
            "alert_creation": "create_incidents",
            "alert_grouping": null,
            "alert_grouping_parameters": [],
            "alert_grouping_timeout": "null",
            "auto_pause_notifications_parameters": [],
            "auto_resolve_timeout": "14400",
            "created_at": "2023-02-26T18:00:55+02:00",
            "description": "Directa24 (directa24)",
            "escalation_policy": "PA57YI4",
            "html_url": "https://reblaze.pagerduty.com/service-directory/PHDERWD",
            "id": "PHDERWD",
            "incident_urgency_rule": [
              {
                "during_support_hours": [],
                "outside_support_hours": [],
                "type": "constant",
                "urgency": "high"
              }
            ],
            "last_incident_timestamp": "",
            "name": "Directa24",
            "response_play": null,
            "scheduled_actions": [],
            "status": "active",
            "support_hours": [],
            "type": "service"
          },
          "sensitive_attributes": [],
          "private": "bnVsbA==",
          "dependencies": [
            "data.pagerduty_escalation_policy.default"
          ]
        }
      ]
    },
    {
      "mode": "managed",
      "type": "pagerduty_service",
      "name": "Dlocalapi",
      "provider": "provider[\"registry.terraform.io/pagerduty/pagerduty\"]",
      "instances": [
        {
          "schema_version": 0,
          "attributes": {
            "acknowledgement_timeout": "1800",
            "alert_creation": "create_incidents",
            "alert_grouping": null,
            "alert_grouping_parameters": [],
            "alert_grouping_timeout": "null",
            "auto_pause_notifications_parameters": [],
            "auto_resolve_timeout": "14400",
            "created_at": "2023-02-26T18:00:40+02:00",
            "description": "Dlocalapi (dlocalapi)",
            "escalation_policy": "PA57YI4",
            "html_url": "https://reblaze.pagerduty.com/service-directory/PX4F5AW",
            "id": "PX4F5AW",
            "incident_urgency_rule": [
              {
                "during_support_hours": [],
                "outside_support_hours": [],
                "type": "constant",
                "urgency": "high"
              }
            ],
            "last_incident_timestamp": "",
            "name": "Dlocalapi",
            "response_play": null,
            "scheduled_actions": [],
            "status": "active",
            "support_hours": [],
            "type": "service"
          },
          "sensitive_attributes": [],
          "private": "bnVsbA==",
          "dependencies": [
            "data.pagerduty_escalation_policy.default"
          ]
        }
      ]
    },
    {
      "mode": "managed",
      "type": "pagerduty_service",
      "name": "Doralon",
      "provider": "provider[\"registry.terraform.io/pagerduty/pagerduty\"]",
      "instances": [
        {
          "schema_version": 0,
          "attributes": {
            "acknowledgement_timeout": "1800",
            "alert_creation": "create_incidents",
            "alert_grouping": null,
            "alert_grouping_parameters": [],
            "alert_grouping_timeout": "null",
            "auto_pause_notifications_parameters": [],
            "auto_resolve_timeout": "14400",
            "created_at": "2023-02-26T18:00:50+02:00",
            "description": "Doralon (doralon)",
            "escalation_policy": "PA57YI4",
            "html_url": "https://reblaze.pagerduty.com/service-directory/P4VOK52",
            "id": "P4VOK52",
            "incident_urgency_rule": [
              {
                "during_support_hours": [],
                "outside_support_hours": [],
                "type": "constant",
                "urgency": "high"
              }
            ],
            "last_incident_timestamp": "",
            "name": "Doralon",
            "response_play": null,
            "scheduled_actions": [],
            "status": "active",
            "support_hours": [],
            "type": "service"
          },
          "sensitive_attributes": [],
          "private": "bnVsbA==",
          "dependencies": [
            "data.pagerduty_escalation_policy.default"
          ]
        }
      ]
    },
    {
      "mode": "managed",
      "type": "pagerduty_service",
      "name": "Dshepherd",
      "provider": "provider[\"registry.terraform.io/pagerduty/pagerduty\"]",
      "instances": [
        {
          "schema_version": 0,
          "attributes": {
            "acknowledgement_timeout": "1800",
            "alert_creation": "create_incidents",
            "alert_grouping": null,
            "alert_grouping_parameters": [],
            "alert_grouping_timeout": "null",
            "auto_pause_notifications_parameters": [],
            "auto_resolve_timeout": "14400",
            "created_at": "2023-02-26T18:01:10+02:00",
            "description": "Dshepherd (dshepherd)",
            "escalation_policy": "PA57YI4",
            "html_url": "https://reblaze.pagerduty.com/service-directory/P27IYE0",
            "id": "P27IYE0",
            "incident_urgency_rule": [
              {
                "during_support_hours": [],
                "outside_support_hours": [],
                "type": "constant",
                "urgency": "high"
              }
            ],
            "last_incident_timestamp": "",
            "name": "Dshepherd",
            "response_play": null,
            "scheduled_actions": [],
            "status": "active",
            "support_hours": [],
            "type": "service"
          },
          "sensitive_attributes": [],
          "private": "bnVsbA==",
          "dependencies": [
            "data.pagerduty_escalation_policy.default"
          ]
        }
      ]
    },
    {
      "mode": "managed",
      "type": "pagerduty_service",
      "name": "Dstuff2200",
      "provider": "provider[\"registry.terraform.io/pagerduty/pagerduty\"]",
      "instances": [
        {
          "schema_version": 0,
          "attributes": {
            "acknowledgement_timeout": "1800",
            "alert_creation": "create_incidents",
            "alert_grouping": null,
            "alert_grouping_parameters": [],
            "alert_grouping_timeout": "null",
            "auto_pause_notifications_parameters": [],
            "auto_resolve_timeout": "14400",
            "created_at": "2023-02-26T18:00:31+02:00",
            "description": "Dstuff2200 (dstuff2200)",
            "escalation_policy": "PA57YI4",
            "html_url": "https://reblaze.pagerduty.com/service-directory/PEH46C8",
            "id": "PEH46C8",
            "incident_urgency_rule": [
              {
                "during_support_hours": [],
                "outside_support_hours": [],
                "type": "constant",
                "urgency": "high"
              }
            ],
            "last_incident_timestamp": "",
            "name": "Dstuff2200",
            "response_play": null,
            "scheduled_actions": [],
            "status": "active",
            "support_hours": [],
            "type": "service"
          },
          "sensitive_attributes": [],
          "private": "bnVsbA==",
          "dependencies": [
            "data.pagerduty_escalation_policy.default"
          ]
        }
      ]
    },
    {
      "mode": "managed",
      "type": "pagerduty_service",
      "name": "Efimatica",
      "provider": "provider[\"registry.terraform.io/pagerduty/pagerduty\"]",
      "instances": [
        {
          "schema_version": 0,
          "attributes": {
            "acknowledgement_timeout": "1800",
            "alert_creation": "create_incidents",
            "alert_grouping": null,
            "alert_grouping_parameters": [],
            "alert_grouping_timeout": "null",
            "auto_pause_notifications_parameters": [],
            "auto_resolve_timeout": "14400",
            "created_at": "2023-02-26T18:00:51+02:00",
            "description": "Efimatica (efimatica)",
            "escalation_policy": "PA57YI4",
            "html_url": "https://reblaze.pagerduty.com/service-directory/PVO1GJT",
            "id": "PVO1GJT",
            "incident_urgency_rule": [
              {
                "during_support_hours": [],
                "outside_support_hours": [],
                "type": "constant",
                "urgency": "high"
              }
            ],
            "last_incident_timestamp": "",
            "name": "Efimatica",
            "response_play": null,
            "scheduled_actions": [],
            "status": "active",
            "support_hours": [],
            "type": "service"
          },
          "sensitive_attributes": [],
          "private": "bnVsbA==",
          "dependencies": [
            "data.pagerduty_escalation_policy.default"
          ]
        }
      ]
    },
    {
      "mode": "managed",
      "type": "pagerduty_service",
      "name": "Ekreblaze",
      "provider": "provider[\"registry.terraform.io/pagerduty/pagerduty\"]",
      "instances": [
        {
          "schema_version": 0,
          "attributes": {
            "acknowledgement_timeout": "1800",
            "alert_creation": "create_incidents",
            "alert_grouping": null,
            "alert_grouping_parameters": [],
            "alert_grouping_timeout": "null",
            "auto_pause_notifications_parameters": [],
            "auto_resolve_timeout": "14400",
            "created_at": "2023-02-26T18:00:35+02:00",
            "description": "Ekreblaze (ekreblaze)",
            "escalation_policy": "PA57YI4",
            "html_url": "https://reblaze.pagerduty.com/service-directory/POMIEEB",
            "id": "POMIEEB",
            "incident_urgency_rule": [
              {
                "during_support_hours": [],
                "outside_support_hours": [],
                "type": "constant",
                "urgency": "high"
              }
            ],
            "last_incident_timestamp": "",
            "name": "Ekreblaze",
            "response_play": null,
            "scheduled_actions": [],
            "status": "active",
            "support_hours": [],
            "type": "service"
          },
          "sensitive_attributes": [],
          "private": "bnVsbA==",
          "dependencies": [
            "data.pagerduty_escalation_policy.default"
          ]
        }
      ]
    },
    {
      "mode": "managed",
      "type": "pagerduty_service",
      "name": "Elal",
      "provider": "provider[\"registry.terraform.io/pagerduty/pagerduty\"]",
      "instances": [
        {
          "schema_version": 0,
          "attributes": {
            "acknowledgement_timeout": "1800",
            "alert_creation": "create_incidents",
            "alert_grouping": null,
            "alert_grouping_parameters": [],
            "alert_grouping_timeout": "null",
            "auto_pause_notifications_parameters": [],
            "auto_resolve_timeout": "14400",
            "created_at": "2023-02-26T18:00:52+02:00",
            "description": "Elal (elal)",
            "escalation_policy": "PA57YI4",
            "html_url": "https://reblaze.pagerduty.com/service-directory/PFUTCLU",
            "id": "PFUTCLU",
            "incident_urgency_rule": [
              {
                "during_support_hours": [],
                "outside_support_hours": [],
                "type": "constant",
                "urgency": "high"
              }
            ],
            "last_incident_timestamp": "",
            "name": "Elal",
            "response_play": null,
            "scheduled_actions": [],
            "status": "active",
            "support_hours": [],
            "type": "service"
          },
          "sensitive_attributes": [],
          "private": "bnVsbA==",
          "dependencies": [
            "data.pagerduty_escalation_policy.default"
          ]
        }
      ]
    },
    {
      "mode": "managed",
      "type": "pagerduty_service",
      "name": "Elalstage",
      "provider": "provider[\"registry.terraform.io/pagerduty/pagerduty\"]",
      "instances": [
        {
          "schema_version": 0,
          "attributes": {
            "acknowledgement_timeout": "1800",
            "alert_creation": "create_incidents",
            "alert_grouping": null,
            "alert_grouping_parameters": [],
            "alert_grouping_timeout": "null",
            "auto_pause_notifications_parameters": [],
            "auto_resolve_timeout": "14400",
            "created_at": "2023-02-26T18:01:13+02:00",
            "description": "Elalstage (elalstage)",
            "escalation_policy": "PA57YI4",
            "html_url": "https://reblaze.pagerduty.com/service-directory/PYJ77G0",
            "id": "PYJ77G0",
            "incident_urgency_rule": [
              {
                "during_support_hours": [],
                "outside_support_hours": [],
                "type": "constant",
                "urgency": "high"
              }
            ],
            "last_incident_timestamp": "",
            "name": "Elalstage",
            "response_play": null,
            "scheduled_actions": [],
            "status": "active",
            "support_hours": [],
            "type": "service"
          },
          "sensitive_attributes": [],
          "private": "bnVsbA==",
          "dependencies": [
            "data.pagerduty_escalation_policy.default"
          ]
        }
      ]
    },
    {
      "mode": "managed",
      "type": "pagerduty_service",
      "name": "Electra",
      "provider": "provider[\"registry.terraform.io/pagerduty/pagerduty\"]",
      "instances": [
        {
          "schema_version": 0,
          "attributes": {
            "acknowledgement_timeout": "1800",
            "alert_creation": "create_incidents",
            "alert_grouping": null,
            "alert_grouping_parameters": [],
            "alert_grouping_timeout": "null",
            "auto_pause_notifications_parameters": [],
            "auto_resolve_timeout": "14400",
            "created_at": "2023-02-26T18:01:06+02:00",
            "description": "Electra (electra)",
            "escalation_policy": "PA57YI4",
            "html_url": "https://reblaze.pagerduty.com/service-directory/PJWP3V0",
            "id": "PJWP3V0",
            "incident_urgency_rule": [
              {
                "during_support_hours": [],
                "outside_support_hours": [],
                "type": "constant",
                "urgency": "high"
              }
            ],
            "last_incident_timestamp": "",
            "name": "Electra",
            "response_play": null,
            "scheduled_actions": [],
            "status": "active",
            "support_hours": [],
            "type": "service"
          },
          "sensitive_attributes": [],
          "private": "bnVsbA==",
          "dependencies": [
            "data.pagerduty_escalation_policy.default"
          ]
        }
      ]
    },
    {
      "mode": "managed",
      "type": "pagerduty_service",
      "name": "Elefftest64895039768164394",
      "provider": "provider[\"registry.terraform.io/pagerduty/pagerduty\"]",
      "instances": [
        {
          "schema_version": 0,
          "attributes": {
            "acknowledgement_timeout": "1800",
            "alert_creation": "create_incidents",
            "alert_grouping": null,
            "alert_grouping_parameters": [],
            "alert_grouping_timeout": "null",
            "auto_pause_notifications_parameters": [],
            "auto_resolve_timeout": "14400",
            "created_at": "2023-02-26T18:00:27+02:00",
            "description": "Elefftest64895039768164394 (elefftest64895039768164394)",
            "escalation_policy": "PA57YI4",
            "html_url": "https://reblaze.pagerduty.com/service-directory/PW0CZEO",
            "id": "PW0CZEO",
            "incident_urgency_rule": [
              {
                "during_support_hours": [],
                "outside_support_hours": [],
                "type": "constant",
                "urgency": "high"
              }
            ],
            "last_incident_timestamp": "",
            "name": "Elefftest64895039768164394",
            "response_play": null,
            "scheduled_actions": [],
            "status": "active",
            "support_hours": [],
            "type": "service"
          },
          "sensitive_attributes": [],
          "private": "bnVsbA==",
          "dependencies": [
            "data.pagerduty_escalation_policy.default"
          ]
        }
      ]
    },
    {
      "mode": "managed",
      "type": "pagerduty_service",
      "name": "Eloan",
      "provider": "provider[\"registry.terraform.io/pagerduty/pagerduty\"]",
      "instances": [
        {
          "schema_version": 0,
          "attributes": {
            "acknowledgement_timeout": "1800",
            "alert_creation": "create_incidents",
            "alert_grouping": null,
            "alert_grouping_parameters": [],
            "alert_grouping_timeout": "null",
            "auto_pause_notifications_parameters": [],
            "auto_resolve_timeout": "14400",
            "created_at": "2023-02-26T18:00:34+02:00",
            "description": "Eloan (eloan)",
            "escalation_policy": "PA57YI4",
            "html_url": "https://reblaze.pagerduty.com/service-directory/P1GTICA",
            "id": "P1GTICA",
            "incident_urgency_rule": [
              {
                "during_support_hours": [],
                "outside_support_hours": [],
                "type": "constant",
                "urgency": "high"
              }
            ],
            "last_incident_timestamp": "",
            "name": "Eloan",
            "response_play": null,
            "scheduled_actions": [],
            "status": "active",
            "support_hours": [],
            "type": "service"
          },
          "sensitive_attributes": [],
          "private": "bnVsbA==",
          "dependencies": [
            "data.pagerduty_escalation_policy.default"
          ]
        }
      ]
    },
    {
      "mode": "managed",
      "type": "pagerduty_service",
      "name": "Epldt",
      "provider": "provider[\"registry.terraform.io/pagerduty/pagerduty\"]",
      "instances": [
        {
          "schema_version": 0,
          "attributes": {
            "acknowledgement_timeout": "1800",
            "alert_creation": "create_incidents",
            "alert_grouping": null,
            "alert_grouping_parameters": [],
            "alert_grouping_timeout": "null",
            "auto_pause_notifications_parameters": [],
            "auto_resolve_timeout": "14400",
            "created_at": "2023-02-26T18:00:49+02:00",
            "description": "Epldt (epldt)",
            "escalation_policy": "PA57YI4",
            "html_url": "https://reblaze.pagerduty.com/service-directory/PGHU22Y",
            "id": "PGHU22Y",
            "incident_urgency_rule": [
              {
                "during_support_hours": [],
                "outside_support_hours": [],
                "type": "constant",
                "urgency": "high"
              }
            ],
            "last_incident_timestamp": "",
            "name": "Epldt",
            "response_play": null,
            "scheduled_actions": [],
            "status": "active",
            "support_hours": [],
            "type": "service"
          },
          "sensitive_attributes": [],
          "private": "bnVsbA==",
          "dependencies": [
            "data.pagerduty_escalation_policy.default"
          ]
        }
      ]
    },
    {
      "mode": "managed",
      "type": "pagerduty_service",
      "name": "Erosgroup",
      "provider": "provider[\"registry.terraform.io/pagerduty/pagerduty\"]",
      "instances": [
        {
          "schema_version": 0,
          "attributes": {
            "acknowledgement_timeout": "1800",
            "alert_creation": "create_incidents",
            "alert_grouping": null,
            "alert_grouping_parameters": [],
            "alert_grouping_timeout": "null",
            "auto_pause_notifications_parameters": [],
            "auto_resolve_timeout": "14400",
            "created_at": "2023-02-26T18:00:33+02:00",
            "description": "Erosgroup (erosgroup)",
            "escalation_policy": "PA57YI4",
            "html_url": "https://reblaze.pagerduty.com/service-directory/PAWNMKG",
            "id": "PAWNMKG",
            "incident_urgency_rule": [
              {
                "during_support_hours": [],
                "outside_support_hours": [],
                "type": "constant",
                "urgency": "high"
              }
            ],
            "last_incident_timestamp": "",
            "name": "Erosgroup",
            "response_play": null,
            "scheduled_actions": [],
            "status": "active",
            "support_hours": [],
            "type": "service"
          },
          "sensitive_attributes": [],
          "private": "bnVsbA==",
          "dependencies": [
            "data.pagerduty_escalation_policy.default"
          ]
        }
      ]
    },
    {
      "mode": "managed",
      "type": "pagerduty_service",
      "name": "Eshettours",
      "provider": "provider[\"registry.terraform.io/pagerduty/pagerduty\"]",
      "instances": [
        {
          "schema_version": 0,
          "attributes": {
            "acknowledgement_timeout": "1800",
            "alert_creation": "create_incidents",
            "alert_grouping": null,
            "alert_grouping_parameters": [],
            "alert_grouping_timeout": "null",
            "auto_pause_notifications_parameters": [],
            "auto_resolve_timeout": "14400",
            "created_at": "2023-02-26T18:00:36+02:00",
            "description": "Eshettours (eshettours)",
            "escalation_policy": "PA57YI4",
            "html_url": "https://reblaze.pagerduty.com/service-directory/POOQYCZ",
            "id": "POOQYCZ",
            "incident_urgency_rule": [
              {
                "during_support_hours": [],
                "outside_support_hours": [],
                "type": "constant",
                "urgency": "high"
              }
            ],
            "last_incident_timestamp": "",
            "name": "Eshettours",
            "response_play": null,
            "scheduled_actions": [],
            "status": "active",
            "support_hours": [],
            "type": "service"
          },
          "sensitive_attributes": [],
          "private": "bnVsbA==",
          "dependencies": [
            "data.pagerduty_escalation_policy.default"
          ]
        }
      ]
    },
    {
      "mode": "managed",
      "type": "pagerduty_service",
      "name": "Estoreproduction194504",
      "provider": "provider[\"registry.terraform.io/pagerduty/pagerduty\"]",
      "instances": [
        {
          "schema_version": 0,
          "attributes": {
            "acknowledgement_timeout": "1800",
            "alert_creation": "create_incidents",
            "alert_grouping": null,
            "alert_grouping_parameters": [],
            "alert_grouping_timeout": "null",
            "auto_pause_notifications_parameters": [],
            "auto_resolve_timeout": "14400",
            "created_at": "2023-02-26T18:00:37+02:00",
            "description": "Estoreproduction194504 (estoreproduction194504)",
            "escalation_policy": "PA57YI4",
            "html_url": "https://reblaze.pagerduty.com/service-directory/PC43VU0",
            "id": "PC43VU0",
            "incident_urgency_rule": [
              {
                "during_support_hours": [],
                "outside_support_hours": [],
                "type": "constant",
                "urgency": "high"
              }
            ],
            "last_incident_timestamp": "",
            "name": "Estoreproduction194504",
            "response_play": null,
            "scheduled_actions": [],
            "status": "active",
            "support_hours": [],
            "type": "service"
          },
          "sensitive_attributes": [],
          "private": "bnVsbA==",
          "dependencies": [
            "data.pagerduty_escalation_policy.default"
          ]
        }
      ]
    },
    {
      "mode": "managed",
      "type": "pagerduty_service",
      "name": "Fattal",
      "provider": "provider[\"registry.terraform.io/pagerduty/pagerduty\"]",
      "instances": [
        {
          "schema_version": 0,
          "attributes": {
            "acknowledgement_timeout": "1800",
            "alert_creation": "create_incidents",
            "alert_grouping": null,
            "alert_grouping_parameters": [],
            "alert_grouping_timeout": "null",
            "auto_pause_notifications_parameters": [],
            "auto_resolve_timeout": "14400",
            "created_at": "2023-02-26T18:00:59+02:00",
            "description": "Fattal (fattal)",
            "escalation_policy": "PA57YI4",
            "html_url": "https://reblaze.pagerduty.com/service-directory/PJOWK2K",
            "id": "PJOWK2K",
            "incident_urgency_rule": [
              {
                "during_support_hours": [],
                "outside_support_hours": [],
                "type": "constant",
                "urgency": "high"
              }
            ],
            "last_incident_timestamp": "",
            "name": "Fattal",
            "response_play": null,
            "scheduled_actions": [],
            "status": "active",
            "support_hours": [],
            "type": "service"
          },
          "sensitive_attributes": [],
          "private": "bnVsbA==",
          "dependencies": [
            "data.pagerduty_escalation_policy.default"
          ]
        }
      ]
    },
    {
      "mode": "managed",
      "type": "pagerduty_service",
      "name": "Fibi",
      "provider": "provider[\"registry.terraform.io/pagerduty/pagerduty\"]",
      "instances": [
        {
          "schema_version": 0,
          "attributes": {
            "acknowledgement_timeout": "1800",
            "alert_creation": "create_incidents",
            "alert_grouping": null,
            "alert_grouping_parameters": [],
            "alert_grouping_timeout": "null",
            "auto_pause_notifications_parameters": [],
            "auto_resolve_timeout": "14400",
            "created_at": "2023-02-26T18:01:11+02:00",
            "description": "Fibi (fibi)",
            "escalation_policy": "PA57YI4",
            "html_url": "https://reblaze.pagerduty.com/service-directory/PPRNUG1",
            "id": "PPRNUG1",
            "incident_urgency_rule": [
              {
                "during_support_hours": [],
                "outside_support_hours": [],
                "type": "constant",
                "urgency": "high"
              }
            ],
            "last_incident_timestamp": "",
            "name": "Fibi",
            "response_play": null,
            "scheduled_actions": [],
            "status": "active",
            "support_hours": [],
            "type": "service"
          },
          "sensitive_attributes": [],
          "private": "bnVsbA==",
          "dependencies": [
            "data.pagerduty_escalation_policy.default"
          ]
        }
      ]
    },
    {
      "mode": "managed",
      "type": "pagerduty_service",
      "name": "Fishbrain",
      "provider": "provider[\"registry.terraform.io/pagerduty/pagerduty\"]",
      "instances": [
        {
          "schema_version": 0,
          "attributes": {
            "acknowledgement_timeout": "1800",
            "alert_creation": "create_incidents",
            "alert_grouping": null,
            "alert_grouping_parameters": [],
            "alert_grouping_timeout": "null",
            "auto_pause_notifications_parameters": [],
            "auto_resolve_timeout": "14400",
            "created_at": "2023-02-26T18:00:57+02:00",
            "description": "Fishbrain (fishbrain)",
            "escalation_policy": "PA57YI4",
            "html_url": "https://reblaze.pagerduty.com/service-directory/P8PS49V",
            "id": "P8PS49V",
            "incident_urgency_rule": [
              {
                "during_support_hours": [],
                "outside_support_hours": [],
                "type": "constant",
                "urgency": "high"
              }
            ],
            "last_incident_timestamp": "",
            "name": "Fishbrain",
            "response_play": null,
            "scheduled_actions": [],
            "status": "active",
            "support_hours": [],
            "type": "service"
          },
          "sensitive_attributes": [],
          "private": "bnVsbA==",
          "dependencies": [
            "data.pagerduty_escalation_policy.default"
          ]
        }
      ]
    },
    {
      "mode": "managed",
      "type": "pagerduty_service",
      "name": "Flashcoffee",
      "provider": "provider[\"registry.terraform.io/pagerduty/pagerduty\"]",
      "instances": [
        {
          "schema_version": 0,
          "attributes": {
            "acknowledgement_timeout": "1800",
            "alert_creation": "create_incidents",
            "alert_grouping": null,
            "alert_grouping_parameters": [],
            "alert_grouping_timeout": "null",
            "auto_pause_notifications_parameters": [],
            "auto_resolve_timeout": "14400",
            "created_at": "2023-02-26T18:00:43+02:00",
            "description": "Flashcoffee (flashcoffee)",
            "escalation_policy": "PA57YI4",
            "html_url": "https://reblaze.pagerduty.com/service-directory/PZR2H8F",
            "id": "PZR2H8F",
            "incident_urgency_rule": [
              {
                "during_support_hours": [],
                "outside_support_hours": [],
                "type": "constant",
                "urgency": "high"
              }
            ],
            "last_incident_timestamp": "",
            "name": "Flashcoffee",
            "response_play": null,
            "scheduled_actions": [],
            "status": "active",
            "support_hours": [],
            "type": "service"
          },
          "sensitive_attributes": [],
          "private": "bnVsbA==",
          "dependencies": [
            "data.pagerduty_escalation_policy.default"
          ]
        }
      ]
    },
    {
      "mode": "managed",
      "type": "pagerduty_service",
      "name": "Flexport",
      "provider": "provider[\"registry.terraform.io/pagerduty/pagerduty\"]",
      "instances": [
        {
          "schema_version": 0,
          "attributes": {
            "acknowledgement_timeout": "1800",
            "alert_creation": "create_incidents",
            "alert_grouping": null,
            "alert_grouping_parameters": [],
            "alert_grouping_timeout": "null",
            "auto_pause_notifications_parameters": [],
            "auto_resolve_timeout": "14400",
            "created_at": "2023-02-26T18:00:44+02:00",
            "description": "Flexport (flexport)",
            "escalation_policy": "PA57YI4",
            "html_url": "https://reblaze.pagerduty.com/service-directory/PJXUDNG",
            "id": "PJXUDNG",
            "incident_urgency_rule": [
              {
                "during_support_hours": [],
                "outside_support_hours": [],
                "type": "constant",
                "urgency": "high"
              }
            ],
            "last_incident_timestamp": "",
            "name": "Flexport",
            "response_play": null,
            "scheduled_actions": [],
            "status": "active",
            "support_hours": [],
            "type": "service"
          },
          "sensitive_attributes": [],
          "private": "bnVsbA==",
          "dependencies": [
            "data.pagerduty_escalation_policy.default"
          ]
        }
      ]
    },
    {
      "mode": "managed",
      "type": "pagerduty_service",
      "name": "Flink",
      "provider": "provider[\"registry.terraform.io/pagerduty/pagerduty\"]",
      "instances": [
        {
          "schema_version": 0,
          "attributes": {
            "acknowledgement_timeout": "1800",
            "alert_creation": "create_incidents",
            "alert_grouping": null,
            "alert_grouping_parameters": [],
            "alert_grouping_timeout": "null",
            "auto_pause_notifications_parameters": [],
            "auto_resolve_timeout": "14400",
            "created_at": "2023-02-26T18:01:05+02:00",
            "description": "Flink (flink)",
            "escalation_policy": "PA57YI4",
            "html_url": "https://reblaze.pagerduty.com/service-directory/P49R3K6",
            "id": "P49R3K6",
            "incident_urgency_rule": [
              {
                "during_support_hours": [],
                "outside_support_hours": [],
                "type": "constant",
                "urgency": "high"
              }
            ],
            "last_incident_timestamp": "",
            "name": "Flink",
            "response_play": null,
            "scheduled_actions": [],
            "status": "active",
            "support_hours": [],
            "type": "service"
          },
          "sensitive_attributes": [],
          "private": "bnVsbA==",
          "dependencies": [
            "data.pagerduty_escalation_policy.default"
          ]
        }
      ]
    },
    {
      "mode": "managed",
      "type": "pagerduty_service",
      "name": "Flipkart",
      "provider": "provider[\"registry.terraform.io/pagerduty/pagerduty\"]",
      "instances": [
        {
          "schema_version": 0,
          "attributes": {
            "acknowledgement_timeout": "1800",
            "alert_creation": "create_incidents",
            "alert_grouping": null,
            "alert_grouping_parameters": [],
            "alert_grouping_timeout": "null",
            "auto_pause_notifications_parameters": [],
            "auto_resolve_timeout": "14400",
            "created_at": "2023-02-26T18:00:55+02:00",
            "description": "Flipkart (flipkart)",
            "escalation_policy": "PA57YI4",
            "html_url": "https://reblaze.pagerduty.com/service-directory/PWIHPSA",
            "id": "PWIHPSA",
            "incident_urgency_rule": [
              {
                "during_support_hours": [],
                "outside_support_hours": [],
                "type": "constant",
                "urgency": "high"
              }
            ],
            "last_incident_timestamp": "",
            "name": "Flipkart",
            "response_play": null,
            "scheduled_actions": [],
            "status": "active",
            "support_hours": [],
            "type": "service"
          },
          "sensitive_attributes": [],
          "private": "bnVsbA==",
          "dependencies": [
            "data.pagerduty_escalation_policy.default"
          ]
        }
      ]
    },
    {
      "mode": "managed",
      "type": "pagerduty_service",
      "name": "Forbesdevelopment",
      "provider": "provider[\"registry.terraform.io/pagerduty/pagerduty\"]",
      "instances": [
        {
          "schema_version": 0,
          "attributes": {
            "acknowledgement_timeout": "1800",
            "alert_creation": "create_incidents",
            "alert_grouping": null,
            "alert_grouping_parameters": [],
            "alert_grouping_timeout": "null",
            "auto_pause_notifications_parameters": [],
            "auto_resolve_timeout": "14400",
            "created_at": "2023-02-26T18:01:01+02:00",
            "description": "Forbesdevelopment (forbesdevelopment)",
            "escalation_policy": "PA57YI4",
            "html_url": "https://reblaze.pagerduty.com/service-directory/P2BYYQM",
            "id": "P2BYYQM",
            "incident_urgency_rule": [
              {
                "during_support_hours": [],
                "outside_support_hours": [],
                "type": "constant",
                "urgency": "high"
              }
            ],
            "last_incident_timestamp": "",
            "name": "Forbesdevelopment",
            "response_play": null,
            "scheduled_actions": [],
            "status": "active",
            "support_hours": [],
            "type": "service"
          },
          "sensitive_attributes": [],
          "private": "bnVsbA==",
          "dependencies": [
            "data.pagerduty_escalation_policy.default"
          ]
        }
      ]
    },
    {
      "mode": "managed",
      "type": "pagerduty_service",
      "name": "Forbesproduction",
      "provider": "provider[\"registry.terraform.io/pagerduty/pagerduty\"]",
      "instances": [
        {
          "schema_version": 0,
          "attributes": {
            "acknowledgement_timeout": "1800",
            "alert_creation": "create_incidents",
            "alert_grouping": null,
            "alert_grouping_parameters": [],
            "alert_grouping_timeout": "null",
            "auto_pause_notifications_parameters": [],
            "auto_resolve_timeout": "14400",
            "created_at": "2023-02-26T18:00:33+02:00",
            "description": "Forbesproduction (forbesproduction)",
            "escalation_policy": "PA57YI4",
            "html_url": "https://reblaze.pagerduty.com/service-directory/P922K4Q",
            "id": "P922K4Q",
            "incident_urgency_rule": [
              {
                "during_support_hours": [],
                "outside_support_hours": [],
                "type": "constant",
                "urgency": "high"
              }
            ],
            "last_incident_timestamp": "",
            "name": "Forbesproduction",
            "response_play": null,
            "scheduled_actions": [],
            "status": "active",
            "support_hours": [],
            "type": "service"
          },
          "sensitive_attributes": [],
          "private": "bnVsbA==",
          "dependencies": [
            "data.pagerduty_escalation_policy.default"
          ]
        }
      ]
    },
    {
      "mode": "managed",
      "type": "pagerduty_service",
      "name": "Formatemp",
      "provider": "provider[\"registry.terraform.io/pagerduty/pagerduty\"]",
      "instances": [
        {
          "schema_version": 0,
          "attributes": {
            "acknowledgement_timeout": "1800",
            "alert_creation": "create_incidents",
            "alert_grouping": null,
            "alert_grouping_parameters": [],
            "alert_grouping_timeout": "null",
            "auto_pause_notifications_parameters": [],
            "auto_resolve_timeout": "14400",
            "created_at": "2023-02-26T18:00:59+02:00",
            "description": "Formatemp (formatemp)",
            "escalation_policy": "PA57YI4",
            "html_url": "https://reblaze.pagerduty.com/service-directory/P0SNJFD",
            "id": "P0SNJFD",
            "incident_urgency_rule": [
              {
                "during_support_hours": [],
                "outside_support_hours": [],
                "type": "constant",
                "urgency": "high"
              }
            ],
            "last_incident_timestamp": "",
            "name": "Formatemp",
            "response_play": null,
            "scheduled_actions": [],
            "status": "active",
            "support_hours": [],
            "type": "service"
          },
          "sensitive_attributes": [],
          "private": "bnVsbA==",
          "dependencies": [
            "data.pagerduty_escalation_policy.default"
          ]
        }
      ]
    },
    {
      "mode": "managed",
      "type": "pagerduty_service",
      "name": "Formativ718648307850097729",
      "provider": "provider[\"registry.terraform.io/pagerduty/pagerduty\"]",
      "instances": [
        {
          "schema_version": 0,
          "attributes": {
            "acknowledgement_timeout": "1800",
            "alert_creation": "create_incidents",
            "alert_grouping": null,
            "alert_grouping_parameters": [],
            "alert_grouping_timeout": "null",
            "auto_pause_notifications_parameters": [],
            "auto_resolve_timeout": "14400",
            "created_at": "2023-02-26T18:00:49+02:00",
            "description": "Formativ718648307850097729 (formativ718648307850097729)",
            "escalation_policy": "PA57YI4",
            "html_url": "https://reblaze.pagerduty.com/service-directory/PKTF2EL",
            "id": "PKTF2EL",
            "incident_urgency_rule": [
              {
                "during_support_hours": [],
                "outside_support_hours": [],
                "type": "constant",
                "urgency": "high"
              }
            ],
            "last_incident_timestamp": "",
            "name": "Formativ718648307850097729",
            "response_play": null,
            "scheduled_actions": [],
            "status": "active",
            "support_hours": [],
            "type": "service"
          },
          "sensitive_attributes": [],
          "private": "bnVsbA==",
          "dependencies": [
            "data.pagerduty_escalation_policy.default"
          ]
        }
      ]
    },
    {
      "mode": "managed",
      "type": "pagerduty_service",
      "name": "Fwd",
      "provider": "provider[\"registry.terraform.io/pagerduty/pagerduty\"]",
      "instances": [
        {
          "schema_version": 0,
          "attributes": {
            "acknowledgement_timeout": "1800",
            "alert_creation": "create_incidents",
            "alert_grouping": null,
            "alert_grouping_parameters": [],
            "alert_grouping_timeout": "null",
            "auto_pause_notifications_parameters": [],
            "auto_resolve_timeout": "14400",
            "created_at": "2023-02-26T18:00:42+02:00",
            "description": "Fwd (fwd)",
            "escalation_policy": "PA57YI4",
            "html_url": "https://reblaze.pagerduty.com/service-directory/PSGLLJ4",
            "id": "PSGLLJ4",
            "incident_urgency_rule": [
              {
                "during_support_hours": [],
                "outside_support_hours": [],
                "type": "constant",
                "urgency": "high"
              }
            ],
            "last_incident_timestamp": "",
            "name": "Fwd",
            "response_play": null,
            "scheduled_actions": [],
            "status": "active",
            "support_hours": [],
            "type": "service"
          },
          "sensitive_attributes": [],
          "private": "bnVsbA==",
          "dependencies": [
            "data.pagerduty_escalation_policy.default"
          ]
        }
      ]
    },
    {
      "mode": "managed",
      "type": "pagerduty_service",
      "name": "Gazprom",
      "provider": "provider[\"registry.terraform.io/pagerduty/pagerduty\"]",
      "instances": [
        {
          "schema_version": 0,
          "attributes": {
            "acknowledgement_timeout": "1800",
            "alert_creation": "create_incidents",
            "alert_grouping": null,
            "alert_grouping_parameters": [],
            "alert_grouping_timeout": "null",
            "auto_pause_notifications_parameters": [],
            "auto_resolve_timeout": "14400",
            "created_at": "2023-02-26T18:00:44+02:00",
            "description": "Gazprom (gazprom)",
            "escalation_policy": "PA57YI4",
            "html_url": "https://reblaze.pagerduty.com/service-directory/P78PYQN",
            "id": "P78PYQN",
            "incident_urgency_rule": [
              {
                "during_support_hours": [],
                "outside_support_hours": [],
                "type": "constant",
                "urgency": "high"
              }
            ],
            "last_incident_timestamp": "",
            "name": "Gazprom",
            "response_play": null,
            "scheduled_actions": [],
            "status": "active",
            "support_hours": [],
            "type": "service"
          },
          "sensitive_attributes": [],
          "private": "bnVsbA==",
          "dependencies": [
            "data.pagerduty_escalation_policy.default"
          ]
        }
      ]
    },
    {
      "mode": "managed",
      "type": "pagerduty_service",
      "name": "Gearlaunchx",
      "provider": "provider[\"registry.terraform.io/pagerduty/pagerduty\"]",
      "instances": [
        {
          "schema_version": 0,
          "attributes": {
            "acknowledgement_timeout": "1800",
            "alert_creation": "create_incidents",
            "alert_grouping": null,
            "alert_grouping_parameters": [],
            "alert_grouping_timeout": "null",
            "auto_pause_notifications_parameters": [],
            "auto_resolve_timeout": "14400",
            "created_at": "2023-02-26T18:00:54+02:00",
            "description": "Gearlaunchx (gearlaunchx)",
            "escalation_policy": "PA57YI4",
            "html_url": "https://reblaze.pagerduty.com/service-directory/PB6AW72",
            "id": "PB6AW72",
            "incident_urgency_rule": [
              {
                "during_support_hours": [],
                "outside_support_hours": [],
                "type": "constant",
                "urgency": "high"
              }
            ],
            "last_incident_timestamp": "",
            "name": "Gearlaunchx",
            "response_play": null,
            "scheduled_actions": [],
            "status": "active",
            "support_hours": [],
            "type": "service"
          },
          "sensitive_attributes": [],
          "private": "bnVsbA==",
          "dependencies": [
            "data.pagerduty_escalation_policy.default"
          ]
        }
      ]
    },
    {
      "mode": "managed",
      "type": "pagerduty_service",
      "name": "Glassesusa",
      "provider": "provider[\"registry.terraform.io/pagerduty/pagerduty\"]",
      "instances": [
        {
          "schema_version": 0,
          "attributes": {
            "acknowledgement_timeout": "1800",
            "alert_creation": "create_incidents",
            "alert_grouping": null,
            "alert_grouping_parameters": [],
            "alert_grouping_timeout": "null",
            "auto_pause_notifications_parameters": [],
            "auto_resolve_timeout": "14400",
            "created_at": "2023-02-26T18:01:05+02:00",
            "description": "Glassesusa (glassesusa)",
            "escalation_policy": "PA57YI4",
            "html_url": "https://reblaze.pagerduty.com/service-directory/PVDZ6DZ",
            "id": "PVDZ6DZ",
            "incident_urgency_rule": [
              {
                "during_support_hours": [],
                "outside_support_hours": [],
                "type": "constant",
                "urgency": "high"
              }
            ],
            "last_incident_timestamp": "",
            "name": "Glassesusa",
            "response_play": null,
            "scheduled_actions": [],
            "status": "active",
            "support_hours": [],
            "type": "service"
          },
          "sensitive_attributes": [],
          "private": "bnVsbA==",
          "dependencies": [
            "data.pagerduty_escalation_policy.default"
          ]
        }
      ]
    },
    {
      "mode": "managed",
      "type": "pagerduty_service",
      "name": "Gmc",
      "provider": "provider[\"registry.terraform.io/pagerduty/pagerduty\"]",
      "instances": [
        {
          "schema_version": 0,
          "attributes": {
            "acknowledgement_timeout": "1800",
            "alert_creation": "create_incidents",
            "alert_grouping": null,
            "alert_grouping_parameters": [],
            "alert_grouping_timeout": "null",
            "auto_pause_notifications_parameters": [],
            "auto_resolve_timeout": "14400",
            "created_at": "2023-02-26T18:01:00+02:00",
            "description": "Gmc (gmc)",
            "escalation_policy": "PA57YI4",
            "html_url": "https://reblaze.pagerduty.com/service-directory/PNYCFHE",
            "id": "PNYCFHE",
            "incident_urgency_rule": [
              {
                "during_support_hours": [],
                "outside_support_hours": [],
                "type": "constant",
                "urgency": "high"
              }
            ],
            "last_incident_timestamp": "",
            "name": "Gmc",
            "response_play": null,
            "scheduled_actions": [],
            "status": "active",
            "support_hours": [],
            "type": "service"
          },
          "sensitive_attributes": [],
          "private": "bnVsbA==",
          "dependencies": [
            "data.pagerduty_escalation_policy.default"
          ]
        }
      ]
    },
    {
      "mode": "managed",
      "type": "pagerduty_service",
      "name": "Gokturkteam",
      "provider": "provider[\"registry.terraform.io/pagerduty/pagerduty\"]",
      "instances": [
        {
          "schema_version": 0,
          "attributes": {
            "acknowledgement_timeout": "1800",
            "alert_creation": "create_incidents",
            "alert_grouping": null,
            "alert_grouping_parameters": [],
            "alert_grouping_timeout": "null",
            "auto_pause_notifications_parameters": [],
            "auto_resolve_timeout": "14400",
            "created_at": "2023-02-26T18:00:44+02:00",
            "description": "Gokturkteam (gokturkteam)",
            "escalation_policy": "PA57YI4",
            "html_url": "https://reblaze.pagerduty.com/service-directory/PYCXB6D",
            "id": "PYCXB6D",
            "incident_urgency_rule": [
              {
                "during_support_hours": [],
                "outside_support_hours": [],
                "type": "constant",
                "urgency": "high"
              }
            ],
            "last_incident_timestamp": "",
            "name": "Gokturkteam",
            "response_play": null,
            "scheduled_actions": [],
            "status": "active",
            "support_hours": [],
            "type": "service"
          },
          "sensitive_attributes": [],
          "private": "bnVsbA==",
          "dependencies": [
            "data.pagerduty_escalation_policy.default"
          ]
        }
      ]
    },
    {
      "mode": "managed",
      "type": "pagerduty_service",
      "name": "Goniyo",
      "provider": "provider[\"registry.terraform.io/pagerduty/pagerduty\"]",
      "instances": [
        {
          "schema_version": 0,
          "attributes": {
            "acknowledgement_timeout": "1800",
            "alert_creation": "create_incidents",
            "alert_grouping": null,
            "alert_grouping_parameters": [],
            "alert_grouping_timeout": "null",
            "auto_pause_notifications_parameters": [],
            "auto_resolve_timeout": "14400",
            "created_at": "2023-02-26T18:00:48+02:00",
            "description": "Goniyo (goniyo)",
            "escalation_policy": "PA57YI4",
            "html_url": "https://reblaze.pagerduty.com/service-directory/PANQ6CK",
            "id": "PANQ6CK",
            "incident_urgency_rule": [
              {
                "during_support_hours": [],
                "outside_support_hours": [],
                "type": "constant",
                "urgency": "high"
              }
            ],
            "last_incident_timestamp": "",
            "name": "Goniyo",
            "response_play": null,
            "scheduled_actions": [],
            "status": "active",
            "support_hours": [],
            "type": "service"
          },
          "sensitive_attributes": [],
          "private": "bnVsbA==",
          "dependencies": [
            "data.pagerduty_escalation_policy.default"
          ]
        }
      ]
    },
    {
      "mode": "managed",
      "type": "pagerduty_service",
      "name": "Gtaureblaze",
      "provider": "provider[\"registry.terraform.io/pagerduty/pagerduty\"]",
      "instances": [
        {
          "schema_version": 0,
          "attributes": {
            "acknowledgement_timeout": "1800",
            "alert_creation": "create_incidents",
            "alert_grouping": null,
            "alert_grouping_parameters": [],
            "alert_grouping_timeout": "null",
            "auto_pause_notifications_parameters": [],
            "auto_resolve_timeout": "14400",
            "created_at": "2023-02-26T18:01:04+02:00",
            "description": "Gtaureblaze (gtaureblaze)",
            "escalation_policy": "PA57YI4",
            "html_url": "https://reblaze.pagerduty.com/service-directory/PP6VOQL",
            "id": "PP6VOQL",
            "incident_urgency_rule": [
              {
                "during_support_hours": [],
                "outside_support_hours": [],
                "type": "constant",
                "urgency": "high"
              }
            ],
            "last_incident_timestamp": "",
            "name": "Gtaureblaze",
            "response_play": null,
            "scheduled_actions": [],
            "status": "active",
            "support_hours": [],
            "type": "service"
          },
          "sensitive_attributes": [],
          "private": "bnVsbA==",
          "dependencies": [
            "data.pagerduty_escalation_policy.default"
          ]
        }
      ]
    },
    {
      "mode": "managed",
      "type": "pagerduty_service",
      "name": "Gtaureblazestg",
      "provider": "provider[\"registry.terraform.io/pagerduty/pagerduty\"]",
      "instances": [
        {
          "schema_version": 0,
          "attributes": {
            "acknowledgement_timeout": "1800",
            "alert_creation": "create_incidents",
            "alert_grouping": null,
            "alert_grouping_parameters": [],
            "alert_grouping_timeout": "null",
            "auto_pause_notifications_parameters": [],
            "auto_resolve_timeout": "14400",
            "created_at": "2023-02-26T18:01:06+02:00",
            "description": "Gtaureblazestg (gtaureblazestg)",
            "escalation_policy": "PA57YI4",
            "html_url": "https://reblaze.pagerduty.com/service-directory/PCND23N",
            "id": "PCND23N",
            "incident_urgency_rule": [
              {
                "during_support_hours": [],
                "outside_support_hours": [],
                "type": "constant",
                "urgency": "high"
              }
            ],
            "last_incident_timestamp": "",
            "name": "Gtaureblazestg",
            "response_play": null,
            "scheduled_actions": [],
            "status": "active",
            "support_hours": [],
            "type": "service"
          },
          "sensitive_attributes": [],
          "private": "bnVsbA==",
          "dependencies": [
            "data.pagerduty_escalation_policy.default"
          ]
        }
      ]
    },
    {
      "mode": "managed",
      "type": "pagerduty_service",
      "name": "Gtreblaze",
      "provider": "provider[\"registry.terraform.io/pagerduty/pagerduty\"]",
      "instances": [
        {
          "schema_version": 0,
          "attributes": {
            "acknowledgement_timeout": "1800",
            "alert_creation": "create_incidents",
            "alert_grouping": null,
            "alert_grouping_parameters": [],
            "alert_grouping_timeout": "null",
            "auto_pause_notifications_parameters": [],
            "auto_resolve_timeout": "14400",
            "created_at": "2023-02-26T18:00:31+02:00",
            "description": "Gtreblaze (gtreblaze)",
            "escalation_policy": "PA57YI4",
            "html_url": "https://reblaze.pagerduty.com/service-directory/PQPJ3IF",
            "id": "PQPJ3IF",
            "incident_urgency_rule": [
              {
                "during_support_hours": [],
                "outside_support_hours": [],
                "type": "constant",
                "urgency": "high"
              }
            ],
            "last_incident_timestamp": "",
            "name": "Gtreblaze",
            "response_play": null,
            "scheduled_actions": [],
            "status": "active",
            "support_hours": [],
            "type": "service"
          },
          "sensitive_attributes": [],
          "private": "bnVsbA==",
          "dependencies": [
            "data.pagerduty_escalation_policy.default"
          ]
        }
      ]
    },
    {
      "mode": "managed",
      "type": "pagerduty_service",
      "name": "Hagihon",
      "provider": "provider[\"registry.terraform.io/pagerduty/pagerduty\"]",
      "instances": [
        {
          "schema_version": 0,
          "attributes": {
            "acknowledgement_timeout": "1800",
            "alert_creation": "create_incidents",
            "alert_grouping": null,
            "alert_grouping_parameters": [],
            "alert_grouping_timeout": "null",
            "auto_pause_notifications_parameters": [],
            "auto_resolve_timeout": "14400",
            "created_at": "2023-02-26T18:00:28+02:00",
            "description": "Hagihon (hagihon)",
            "escalation_policy": "PA57YI4",
            "html_url": "https://reblaze.pagerduty.com/service-directory/PJGSWVC",
            "id": "PJGSWVC",
            "incident_urgency_rule": [
              {
                "during_support_hours": [],
                "outside_support_hours": [],
                "type": "constant",
                "urgency": "high"
              }
            ],
            "last_incident_timestamp": "",
            "name": "Hagihon",
            "response_play": null,
            "scheduled_actions": [],
            "status": "active",
            "support_hours": [],
            "type": "service"
          },
          "sensitive_attributes": [],
          "private": "bnVsbA==",
          "dependencies": [
            "data.pagerduty_escalation_policy.default"
          ]
        }
      ]
    },
    {
      "mode": "managed",
      "type": "pagerduty_service",
      "name": "Haifamuni",
      "provider": "provider[\"registry.terraform.io/pagerduty/pagerduty\"]",
      "instances": [
        {
          "schema_version": 0,
          "attributes": {
            "acknowledgement_timeout": "1800",
            "alert_creation": "create_incidents",
            "alert_grouping": null,
            "alert_grouping_parameters": [],
            "alert_grouping_timeout": "null",
            "auto_pause_notifications_parameters": [],
            "auto_resolve_timeout": "14400",
            "created_at": "2023-02-26T18:00:58+02:00",
            "description": "Haifamuni (haifamuni)",
            "escalation_policy": "PA57YI4",
            "html_url": "https://reblaze.pagerduty.com/service-directory/PON7LJG",
            "id": "PON7LJG",
            "incident_urgency_rule": [
              {
                "during_support_hours": [],
                "outside_support_hours": [],
                "type": "constant",
                "urgency": "high"
              }
            ],
            "last_incident_timestamp": "",
            "name": "Haifamuni",
            "response_play": null,
            "scheduled_actions": [],
            "status": "active",
            "support_hours": [],
            "type": "service"
          },
          "sensitive_attributes": [],
          "private": "bnVsbA==",
          "dependencies": [
            "data.pagerduty_escalation_policy.default"
          ]
        }
      ]
    },
    {
      "mode": "managed",
      "type": "pagerduty_service",
      "name": "Halman",
      "provider": "provider[\"registry.terraform.io/pagerduty/pagerduty\"]",
      "instances": [
        {
          "schema_version": 0,
          "attributes": {
            "acknowledgement_timeout": "1800",
            "alert_creation": "create_incidents",
            "alert_grouping": null,
            "alert_grouping_parameters": [],
            "alert_grouping_timeout": "null",
            "auto_pause_notifications_parameters": [],
            "auto_resolve_timeout": "14400",
            "created_at": "2023-02-26T18:01:10+02:00",
            "description": "Halman (halman)",
            "escalation_policy": "PA57YI4",
            "html_url": "https://reblaze.pagerduty.com/service-directory/PQ2FAI3",
            "id": "PQ2FAI3",
            "incident_urgency_rule": [
              {
                "during_support_hours": [],
                "outside_support_hours": [],
                "type": "constant",
                "urgency": "high"
              }
            ],
            "last_incident_timestamp": "",
            "name": "Halman",
            "response_play": null,
            "scheduled_actions": [],
            "status": "active",
            "support_hours": [],
            "type": "service"
          },
          "sensitive_attributes": [],
          "private": "bnVsbA==",
          "dependencies": [
            "data.pagerduty_escalation_policy.default"
          ]
        }
      ]
    },
    {
      "mode": "managed",
      "type": "pagerduty_service",
      "name": "Hirematic",
      "provider": "provider[\"registry.terraform.io/pagerduty/pagerduty\"]",
      "instances": [
        {
          "schema_version": 0,
          "attributes": {
            "acknowledgement_timeout": "1800",
            "alert_creation": "create_incidents",
            "alert_grouping": null,
            "alert_grouping_parameters": [],
            "alert_grouping_timeout": "null",
            "auto_pause_notifications_parameters": [],
            "auto_resolve_timeout": "14400",
            "created_at": "2023-02-26T18:00:56+02:00",
            "description": "Hirematic (hirematic)",
            "escalation_policy": "PA57YI4",
            "html_url": "https://reblaze.pagerduty.com/service-directory/PPA8O0K",
            "id": "PPA8O0K",
            "incident_urgency_rule": [
              {
                "during_support_hours": [],
                "outside_support_hours": [],
                "type": "constant",
                "urgency": "high"
              }
            ],
            "last_incident_timestamp": "",
            "name": "Hirematic",
            "response_play": null,
            "scheduled_actions": [],
            "status": "active",
            "support_hours": [],
            "type": "service"
          },
          "sensitive_attributes": [],
          "private": "bnVsbA==",
          "dependencies": [
            "data.pagerduty_escalation_policy.default"
          ]
        }
      ]
    },
    {
      "mode": "managed",
      "type": "pagerduty_service",
      "name": "Hmnetwork",
      "provider": "provider[\"registry.terraform.io/pagerduty/pagerduty\"]",
      "instances": [
        {
          "schema_version": 0,
          "attributes": {
            "acknowledgement_timeout": "1800",
            "alert_creation": "create_incidents",
            "alert_grouping": null,
            "alert_grouping_parameters": [],
            "alert_grouping_timeout": "null",
            "auto_pause_notifications_parameters": [],
            "auto_resolve_timeout": "14400",
            "created_at": "2023-02-26T18:00:30+02:00",
            "description": "Hmnetwork (hmnetwork)",
            "escalation_policy": "PA57YI4",
            "html_url": "https://reblaze.pagerduty.com/service-directory/P3HMQIG",
            "id": "P3HMQIG",
            "incident_urgency_rule": [
              {
                "during_support_hours": [],
                "outside_support_hours": [],
                "type": "constant",
                "urgency": "high"
              }
            ],
            "last_incident_timestamp": "",
            "name": "Hmnetwork",
            "response_play": null,
            "scheduled_actions": [],
            "status": "active",
            "support_hours": [],
            "type": "service"
          },
          "sensitive_attributes": [],
          "private": "bnVsbA==",
          "dependencies": [
            "data.pagerduty_escalation_policy.default"
          ]
        }
      ]
    },
    {
      "mode": "managed",
      "type": "pagerduty_service",
      "name": "Holdprod",
      "provider": "provider[\"registry.terraform.io/pagerduty/pagerduty\"]",
      "instances": [
        {
          "schema_version": 0,
          "attributes": {
            "acknowledgement_timeout": "1800",
            "alert_creation": "create_incidents",
            "alert_grouping": null,
            "alert_grouping_parameters": [],
            "alert_grouping_timeout": "null",
            "auto_pause_notifications_parameters": [],
            "auto_resolve_timeout": "14400",
            "created_at": "2023-02-26T18:01:15+02:00",
            "description": "Holdprod (holdprod)",
            "escalation_policy": "PA57YI4",
            "html_url": "https://reblaze.pagerduty.com/service-directory/PNPEMZI",
            "id": "PNPEMZI",
            "incident_urgency_rule": [
              {
                "during_support_hours": [],
                "outside_support_hours": [],
                "type": "constant",
                "urgency": "high"
              }
            ],
            "last_incident_timestamp": "",
            "name": "Holdprod",
            "response_play": null,
            "scheduled_actions": [],
            "status": "active",
            "support_hours": [],
            "type": "service"
          },
          "sensitive_attributes": [],
          "private": "bnVsbA==",
          "dependencies": [
            "data.pagerduty_escalation_policy.default"
          ]
        }
      ]
    },
    {
      "mode": "managed",
      "type": "pagerduty_service",
      "name": "Horizon",
      "provider": "provider[\"registry.terraform.io/pagerduty/pagerduty\"]",
      "instances": [
        {
          "schema_version": 0,
          "attributes": {
            "acknowledgement_timeout": "1800",
            "alert_creation": "create_incidents",
            "alert_grouping": null,
            "alert_grouping_parameters": [],
            "alert_grouping_timeout": "null",
            "auto_pause_notifications_parameters": [],
            "auto_resolve_timeout": "14400",
            "created_at": "2023-02-26T18:00:59+02:00",
            "description": "Horizon (horizon)",
            "escalation_policy": "PA57YI4",
            "html_url": "https://reblaze.pagerduty.com/service-directory/P41YKV3",
            "id": "P41YKV3",
            "incident_urgency_rule": [
              {
                "during_support_hours": [],
                "outside_support_hours": [],
                "type": "constant",
                "urgency": "high"
              }
            ],
            "last_incident_timestamp": "",
            "name": "Horizon",
            "response_play": null,
            "scheduled_actions": [],
            "status": "active",
            "support_hours": [],
            "type": "service"
          },
          "sensitive_attributes": [],
          "private": "bnVsbA==",
          "dependencies": [
            "data.pagerduty_escalation_policy.default"
          ]
        }
      ]
    },
    {
      "mode": "managed",
      "type": "pagerduty_service",
      "name": "Hyposwiss",
      "provider": "provider[\"registry.terraform.io/pagerduty/pagerduty\"]",
      "instances": [
        {
          "schema_version": 0,
          "attributes": {
            "acknowledgement_timeout": "1800",
            "alert_creation": "create_incidents",
            "alert_grouping": null,
            "alert_grouping_parameters": [],
            "alert_grouping_timeout": "null",
            "auto_pause_notifications_parameters": [],
            "auto_resolve_timeout": "14400",
            "created_at": "2023-02-26T18:01:08+02:00",
            "description": "Hyposwiss (hyposwiss)",
            "escalation_policy": "PA57YI4",
            "html_url": "https://reblaze.pagerduty.com/service-directory/P6VBFVS",
            "id": "P6VBFVS",
            "incident_urgency_rule": [
              {
                "during_support_hours": [],
                "outside_support_hours": [],
                "type": "constant",
                "urgency": "high"
              }
            ],
            "last_incident_timestamp": "",
            "name": "Hyposwiss",
            "response_play": null,
            "scheduled_actions": [],
            "status": "active",
            "support_hours": [],
            "type": "service"
          },
          "sensitive_attributes": [],
          "private": "bnVsbA==",
          "dependencies": [
            "data.pagerduty_escalation_policy.default"
          ]
        }
      ]
    },
    {
      "mode": "managed",
      "type": "pagerduty_service",
      "name": "Hzreblazeprod",
      "provider": "provider[\"registry.terraform.io/pagerduty/pagerduty\"]",
      "instances": [
        {
          "schema_version": 0,
          "attributes": {
            "acknowledgement_timeout": "1800",
            "alert_creation": "create_incidents",
            "alert_grouping": null,
            "alert_grouping_parameters": [],
            "alert_grouping_timeout": "null",
            "auto_pause_notifications_parameters": [],
            "auto_resolve_timeout": "14400",
            "created_at": "2023-02-26T18:00:35+02:00",
            "description": "Hzreblazeprod (hzreblazeprod)",
            "escalation_policy": "PA57YI4",
            "html_url": "https://reblaze.pagerduty.com/service-directory/P14LCAY",
            "id": "P14LCAY",
            "incident_urgency_rule": [
              {
                "during_support_hours": [],
                "outside_support_hours": [],
                "type": "constant",
                "urgency": "high"
              }
            ],
            "last_incident_timestamp": "",
            "name": "Hzreblazeprod",
            "response_play": null,
            "scheduled_actions": [],
            "status": "active",
            "support_hours": [],
            "type": "service"
          },
          "sensitive_attributes": [],
          "private": "bnVsbA==",
          "dependencies": [
            "data.pagerduty_escalation_policy.default"
          ]
        }
      ]
    },
    {
      "mode": "managed",
      "type": "pagerduty_service",
      "name": "Hzreblazestg",
      "provider": "provider[\"registry.terraform.io/pagerduty/pagerduty\"]",
      "instances": [
        {
          "schema_version": 0,
          "attributes": {
            "acknowledgement_timeout": "1800",
            "alert_creation": "create_incidents",
            "alert_grouping": null,
            "alert_grouping_parameters": [],
            "alert_grouping_timeout": "null",
            "auto_pause_notifications_parameters": [],
            "auto_resolve_timeout": "14400",
            "created_at": "2023-02-26T18:00:38+02:00",
            "description": "Hzreblazestg (hzreblazestg)",
            "escalation_policy": "PA57YI4",
            "html_url": "https://reblaze.pagerduty.com/service-directory/PMNVRW1",
            "id": "PMNVRW1",
            "incident_urgency_rule": [
              {
                "during_support_hours": [],
                "outside_support_hours": [],
                "type": "constant",
                "urgency": "high"
              }
            ],
            "last_incident_timestamp": "",
            "name": "Hzreblazestg",
            "response_play": null,
            "scheduled_actions": [],
            "status": "active",
            "support_hours": [],
            "type": "service"
          },
          "sensitive_attributes": [],
          "private": "bnVsbA==",
          "dependencies": [
            "data.pagerduty_escalation_policy.default"
          ]
        }
      ]
    },
    {
      "mode": "managed",
      "type": "pagerduty_service",
      "name": "Iai",
      "provider": "provider[\"registry.terraform.io/pagerduty/pagerduty\"]",
      "instances": [
        {
          "schema_version": 0,
          "attributes": {
            "acknowledgement_timeout": "1800",
            "alert_creation": "create_incidents",
            "alert_grouping": null,
            "alert_grouping_parameters": [],
            "alert_grouping_timeout": "null",
            "auto_pause_notifications_parameters": [],
            "auto_resolve_timeout": "14400",
            "created_at": "2023-02-26T18:01:12+02:00",
            "description": "Iai (iai)",
            "escalation_policy": "PA57YI4",
            "html_url": "https://reblaze.pagerduty.com/service-directory/P4U6NP9",
            "id": "P4U6NP9",
            "incident_urgency_rule": [
              {
                "during_support_hours": [],
                "outside_support_hours": [],
                "type": "constant",
                "urgency": "high"
              }
            ],
            "last_incident_timestamp": "",
            "name": "Iai",
            "response_play": null,
            "scheduled_actions": [],
            "status": "active",
            "support_hours": [],
            "type": "service"
          },
          "sensitive_attributes": [],
          "private": "bnVsbA==",
          "dependencies": [
            "data.pagerduty_escalation_policy.default"
          ]
        }
      ]
    },
    {
      "mode": "managed",
      "type": "pagerduty_service",
      "name": "Iclgroup",
      "provider": "provider[\"registry.terraform.io/pagerduty/pagerduty\"]",
      "instances": [
        {
          "schema_version": 0,
          "attributes": {
            "acknowledgement_timeout": "1800",
            "alert_creation": "create_incidents",
            "alert_grouping": null,
            "alert_grouping_parameters": [],
            "alert_grouping_timeout": "null",
            "auto_pause_notifications_parameters": [],
            "auto_resolve_timeout": "14400",
            "created_at": "2023-02-26T18:00:37+02:00",
            "description": "Iclgroup (iclgroup)",
            "escalation_policy": "PA57YI4",
            "html_url": "https://reblaze.pagerduty.com/service-directory/PJPCWID",
            "id": "PJPCWID",
            "incident_urgency_rule": [
              {
                "during_support_hours": [],
                "outside_support_hours": [],
                "type": "constant",
                "urgency": "high"
              }
            ],
            "last_incident_timestamp": "",
            "name": "Iclgroup",
            "response_play": null,
            "scheduled_actions": [],
            "status": "active",
            "support_hours": [],
            "type": "service"
          },
          "sensitive_attributes": [],
          "private": "bnVsbA==",
          "dependencies": [
            "data.pagerduty_escalation_policy.default"
          ]
        }
      ]
    },
    {
      "mode": "managed",
      "type": "pagerduty_service",
      "name": "Iconnect",
      "provider": "provider[\"registry.terraform.io/pagerduty/pagerduty\"]",
      "instances": [
        {
          "schema_version": 0,
          "attributes": {
            "acknowledgement_timeout": "1800",
            "alert_creation": "create_incidents",
            "alert_grouping": null,
            "alert_grouping_parameters": [],
            "alert_grouping_timeout": "null",
            "auto_pause_notifications_parameters": [],
            "auto_resolve_timeout": "14400",
            "created_at": "2023-02-26T18:01:08+02:00",
            "description": "Iconnect (iconnect)",
            "escalation_policy": "PA57YI4",
            "html_url": "https://reblaze.pagerduty.com/service-directory/PQENGK5",
            "id": "PQENGK5",
            "incident_urgency_rule": [
              {
                "during_support_hours": [],
                "outside_support_hours": [],
                "type": "constant",
                "urgency": "high"
              }
            ],
            "last_incident_timestamp": "",
            "name": "Iconnect",
            "response_play": null,
            "scheduled_actions": [],
            "status": "active",
            "support_hours": [],
            "type": "service"
          },
          "sensitive_attributes": [],
          "private": "bnVsbA==",
          "dependencies": [
            "data.pagerduty_escalation_policy.default"
          ]
        }
      ]
    },
    {
      "mode": "managed",
      "type": "pagerduty_service",
      "name": "Idreblaze",
      "provider": "provider[\"registry.terraform.io/pagerduty/pagerduty\"]",
      "instances": [
        {
          "schema_version": 0,
          "attributes": {
            "acknowledgement_timeout": "1800",
            "alert_creation": "create_incidents",
            "alert_grouping": null,
            "alert_grouping_parameters": [],
            "alert_grouping_timeout": "null",
            "auto_pause_notifications_parameters": [],
            "auto_resolve_timeout": "14400",
            "created_at": "2023-02-26T18:00:36+02:00",
            "description": "Idreblaze (idreblaze)",
            "escalation_policy": "PA57YI4",
            "html_url": "https://reblaze.pagerduty.com/service-directory/P42EXNJ",
            "id": "P42EXNJ",
            "incident_urgency_rule": [
              {
                "during_support_hours": [],
                "outside_support_hours": [],
                "type": "constant",
                "urgency": "high"
              }
            ],
            "last_incident_timestamp": "",
            "name": "Idreblaze",
            "response_play": null,
            "scheduled_actions": [],
            "status": "active",
            "support_hours": [],
            "type": "service"
          },
          "sensitive_attributes": [],
          "private": "bnVsbA==",
          "dependencies": [
            "data.pagerduty_escalation_policy.default"
          ]
        }
      ]
    },
    {
      "mode": "managed",
      "type": "pagerduty_service",
      "name": "Iec",
      "provider": "provider[\"registry.terraform.io/pagerduty/pagerduty\"]",
      "instances": [
        {
          "schema_version": 0,
          "attributes": {
            "acknowledgement_timeout": "1800",
            "alert_creation": "create_incidents",
            "alert_grouping": null,
            "alert_grouping_parameters": [],
            "alert_grouping_timeout": "null",
            "auto_pause_notifications_parameters": [],
            "auto_resolve_timeout": "14400",
            "created_at": "2023-02-26T18:00:33+02:00",
            "description": "Iec (iec)",
            "escalation_policy": "PA57YI4",
            "html_url": "https://reblaze.pagerduty.com/service-directory/P5SEJS0",
            "id": "P5SEJS0",
            "incident_urgency_rule": [
              {
                "during_support_hours": [],
                "outside_support_hours": [],
                "type": "constant",
                "urgency": "high"
              }
            ],
            "last_incident_timestamp": "",
            "name": "Iec",
            "response_play": null,
            "scheduled_actions": [],
            "status": "active",
            "support_hours": [],
            "type": "service"
          },
          "sensitive_attributes": [],
          "private": "bnVsbA==",
          "dependencies": [
            "data.pagerduty_escalation_policy.default"
          ]
        }
      ]
    },
    {
      "mode": "managed",
      "type": "pagerduty_service",
      "name": "Iectesttls",
      "provider": "provider[\"registry.terraform.io/pagerduty/pagerduty\"]",
      "instances": [
        {
          "schema_version": 0,
          "attributes": {
            "acknowledgement_timeout": "1800",
            "alert_creation": "create_incidents",
            "alert_grouping": null,
            "alert_grouping_parameters": [],
            "alert_grouping_timeout": "null",
            "auto_pause_notifications_parameters": [],
            "auto_resolve_timeout": "14400",
            "created_at": "2023-02-26T18:01:04+02:00",
            "description": "Iectesttls (iectesttls)",
            "escalation_policy": "PA57YI4",
            "html_url": "https://reblaze.pagerduty.com/service-directory/P8X7NBY",
            "id": "P8X7NBY",
            "incident_urgency_rule": [
              {
                "during_support_hours": [],
                "outside_support_hours": [],
                "type": "constant",
                "urgency": "high"
              }
            ],
            "last_incident_timestamp": "",
            "name": "Iectesttls",
            "response_play": null,
            "scheduled_actions": [],
            "status": "active",
            "support_hours": [],
            "type": "service"
          },
          "sensitive_attributes": [],
          "private": "bnVsbA==",
          "dependencies": [
            "data.pagerduty_escalation_policy.default"
          ]
        }
      ]
    },
    {
      "mode": "managed",
      "type": "pagerduty_service",
      "name": "Inatec",
      "provider": "provider[\"registry.terraform.io/pagerduty/pagerduty\"]",
      "instances": [
        {
          "schema_version": 0,
          "attributes": {
            "acknowledgement_timeout": "1800",
            "alert_creation": "create_incidents",
            "alert_grouping": null,
            "alert_grouping_parameters": [],
            "alert_grouping_timeout": "null",
            "auto_pause_notifications_parameters": [],
            "auto_resolve_timeout": "14400",
            "created_at": "2023-02-26T18:00:34+02:00",
            "description": "Inatec (inatec)",
            "escalation_policy": "PA57YI4",
            "html_url": "https://reblaze.pagerduty.com/service-directory/PKCCIMH",
            "id": "PKCCIMH",
            "incident_urgency_rule": [
              {
                "during_support_hours": [],
                "outside_support_hours": [],
                "type": "constant",
                "urgency": "high"
              }
            ],
            "last_incident_timestamp": "",
            "name": "Inatec",
            "response_play": null,
            "scheduled_actions": [],
            "status": "active",
            "support_hours": [],
            "type": "service"
          },
          "sensitive_attributes": [],
          "private": "bnVsbA==",
          "dependencies": [
            "data.pagerduty_escalation_policy.default"
          ]
        }
      ]
    },
    {
      "mode": "managed",
      "type": "pagerduty_service",
      "name": "Inetwebs152061635206655917",
      "provider": "provider[\"registry.terraform.io/pagerduty/pagerduty\"]",
      "instances": [
        {
          "schema_version": 0,
          "attributes": {
            "acknowledgement_timeout": "1800",
            "alert_creation": "create_incidents",
            "alert_grouping": null,
            "alert_grouping_parameters": [],
            "alert_grouping_timeout": "null",
            "auto_pause_notifications_parameters": [],
            "auto_resolve_timeout": "14400",
            "created_at": "2023-02-26T18:00:53+02:00",
            "description": "Inetwebs152061635206655917 (inetwebs152061635206655917)",
            "escalation_policy": "PA57YI4",
            "html_url": "https://reblaze.pagerduty.com/service-directory/P6EZYDO",
            "id": "P6EZYDO",
            "incident_urgency_rule": [
              {
                "during_support_hours": [],
                "outside_support_hours": [],
                "type": "constant",
                "urgency": "high"
              }
            ],
            "last_incident_timestamp": "",
            "name": "Inetwebs152061635206655917",
            "response_play": null,
            "scheduled_actions": [],
            "status": "active",
            "support_hours": [],
            "type": "service"
          },
          "sensitive_attributes": [],
          "private": "bnVsbA==",
          "dependencies": [
            "data.pagerduty_escalation_policy.default"
          ]
        }
      ]
    },
    {
      "mode": "managed",
      "type": "pagerduty_service",
      "name": "Inss",
      "provider": "provider[\"registry.terraform.io/pagerduty/pagerduty\"]",
      "instances": [
        {
          "schema_version": 0,
          "attributes": {
            "acknowledgement_timeout": "1800",
            "alert_creation": "create_incidents",
            "alert_grouping": null,
            "alert_grouping_parameters": [],
            "alert_grouping_timeout": "null",
            "auto_pause_notifications_parameters": [],
            "auto_resolve_timeout": "14400",
            "created_at": "2023-02-26T18:01:08+02:00",
            "description": "Inss (inss)",
            "escalation_policy": "PA57YI4",
            "html_url": "https://reblaze.pagerduty.com/service-directory/P2JQEG2",
            "id": "P2JQEG2",
            "incident_urgency_rule": [
              {
                "during_support_hours": [],
                "outside_support_hours": [],
                "type": "constant",
                "urgency": "high"
              }
            ],
            "last_incident_timestamp": "",
            "name": "Inss",
            "response_play": null,
            "scheduled_actions": [],
            "status": "active",
            "support_hours": [],
            "type": "service"
          },
          "sensitive_attributes": [],
          "private": "bnVsbA==",
          "dependencies": [
            "data.pagerduty_escalation_policy.default"
          ]
        }
      ]
    },
    {
      "mode": "managed",
      "type": "pagerduty_service",
      "name": "Iolpbsalute",
      "provider": "provider[\"registry.terraform.io/pagerduty/pagerduty\"]",
      "instances": [
        {
          "schema_version": 0,
          "attributes": {
            "acknowledgement_timeout": "1800",
            "alert_creation": "create_incidents",
            "alert_grouping": null,
            "alert_grouping_parameters": [],
            "alert_grouping_timeout": "null",
            "auto_pause_notifications_parameters": [],
            "auto_resolve_timeout": "14400",
            "created_at": "2023-02-26T18:00:45+02:00",
            "description": "Iolpbsalute (iolpbsalute)",
            "escalation_policy": "PA57YI4",
            "html_url": "https://reblaze.pagerduty.com/service-directory/PY12V4B",
            "id": "PY12V4B",
            "incident_urgency_rule": [
              {
                "during_support_hours": [],
                "outside_support_hours": [],
                "type": "constant",
                "urgency": "high"
              }
            ],
            "last_incident_timestamp": "",
            "name": "Iolpbsalute",
            "response_play": null,
            "scheduled_actions": [],
            "status": "active",
            "support_hours": [],
            "type": "service"
          },
          "sensitive_attributes": [],
          "private": "bnVsbA==",
          "dependencies": [
            "data.pagerduty_escalation_policy.default"
          ]
        }
      ]
    },
    {
      "mode": "managed",
      "type": "pagerduty_service",
      "name": "Iremit",
      "provider": "provider[\"registry.terraform.io/pagerduty/pagerduty\"]",
      "instances": [
        {
          "schema_version": 0,
          "attributes": {
            "acknowledgement_timeout": "1800",
            "alert_creation": "create_incidents",
            "alert_grouping": null,
            "alert_grouping_parameters": [],
            "alert_grouping_timeout": "null",
            "auto_pause_notifications_parameters": [],
            "auto_resolve_timeout": "14400",
            "created_at": "2023-02-26T18:01:06+02:00",
            "description": "Iremit (iremit)",
            "escalation_policy": "PA57YI4",
            "html_url": "https://reblaze.pagerduty.com/service-directory/PNGUM9H",
            "id": "PNGUM9H",
            "incident_urgency_rule": [
              {
                "during_support_hours": [],
                "outside_support_hours": [],
                "type": "constant",
                "urgency": "high"
              }
            ],
            "last_incident_timestamp": "",
            "name": "Iremit",
            "response_play": null,
            "scheduled_actions": [],
            "status": "active",
            "support_hours": [],
            "type": "service"
          },
          "sensitive_attributes": [],
          "private": "bnVsbA==",
          "dependencies": [
            "data.pagerduty_escalation_policy.default"
          ]
        }
      ]
    },
    {
      "mode": "managed",
      "type": "pagerduty_service",
      "name": "Ironsolutions",
      "provider": "provider[\"registry.terraform.io/pagerduty/pagerduty\"]",
      "instances": [
        {
          "schema_version": 0,
          "attributes": {
            "acknowledgement_timeout": "1800",
            "alert_creation": "create_incidents",
            "alert_grouping": null,
            "alert_grouping_parameters": [],
            "alert_grouping_timeout": "null",
            "auto_pause_notifications_parameters": [],
            "auto_resolve_timeout": "14400",
            "created_at": "2023-02-26T18:00:32+02:00",
            "description": "Ironsolutions (ironsolutions)",
            "escalation_policy": "PA57YI4",
            "html_url": "https://reblaze.pagerduty.com/service-directory/PHEK1PW",
            "id": "PHEK1PW",
            "incident_urgency_rule": [
              {
                "during_support_hours": [],
                "outside_support_hours": [],
                "type": "constant",
                "urgency": "high"
              }
            ],
            "last_incident_timestamp": "",
            "name": "Ironsolutions",
            "response_play": null,
            "scheduled_actions": [],
            "status": "active",
            "support_hours": [],
            "type": "service"
          },
          "sensitive_attributes": [],
          "private": "bnVsbA==",
          "dependencies": [
            "data.pagerduty_escalation_policy.default"
          ]
        }
      ]
    },
    {
      "mode": "managed",
      "type": "pagerduty_service",
      "name": "Israel69595972334368573",
      "provider": "provider[\"registry.terraform.io/pagerduty/pagerduty\"]",
      "instances": [
        {
          "schema_version": 0,
          "attributes": {
            "acknowledgement_timeout": "1800",
            "alert_creation": "create_incidents",
            "alert_grouping": null,
            "alert_grouping_parameters": [],
            "alert_grouping_timeout": "null",
            "auto_pause_notifications_parameters": [],
            "auto_resolve_timeout": "14400",
            "created_at": "2023-02-26T18:01:11+02:00",
            "description": "Israel69595972334368573 (israel69595972334368573)",
            "escalation_policy": "PA57YI4",
            "html_url": "https://reblaze.pagerduty.com/service-directory/PT0YVVR",
            "id": "PT0YVVR",
            "incident_urgency_rule": [
              {
                "during_support_hours": [],
                "outside_support_hours": [],
                "type": "constant",
                "urgency": "high"
              }
            ],
            "last_incident_timestamp": "",
            "name": "Israel69595972334368573",
            "response_play": null,
            "scheduled_actions": [],
            "status": "active",
            "support_hours": [],
            "type": "service"
          },
          "sensitive_attributes": [],
          "private": "bnVsbA==",
          "dependencies": [
            "data.pagerduty_escalation_policy.default"
          ]
        }
      ]
    },
    {
      "mode": "managed",
      "type": "pagerduty_service",
      "name": "Israelhayom",
      "provider": "provider[\"registry.terraform.io/pagerduty/pagerduty\"]",
      "instances": [
        {
          "schema_version": 0,
          "attributes": {
            "acknowledgement_timeout": "1800",
            "alert_creation": "create_incidents",
            "alert_grouping": null,
            "alert_grouping_parameters": [],
            "alert_grouping_timeout": "null",
            "auto_pause_notifications_parameters": [],
            "auto_resolve_timeout": "14400",
            "created_at": "2023-02-26T18:00:38+02:00",
            "description": "Israelhayom (israelhayom)",
            "escalation_policy": "PA57YI4",
            "html_url": "https://reblaze.pagerduty.com/service-directory/PU6MO08",
            "id": "PU6MO08",
            "incident_urgency_rule": [
              {
                "during_support_hours": [],
                "outside_support_hours": [],
                "type": "constant",
                "urgency": "high"
              }
            ],
            "last_incident_timestamp": "",
            "name": "Israelhayom",
            "response_play": null,
            "scheduled_actions": [],
            "status": "active",
            "support_hours": [],
            "type": "service"
          },
          "sensitive_attributes": [],
          "private": "bnVsbA==",
          "dependencies": [
            "data.pagerduty_escalation_policy.default"
          ]
        }
      ]
    },
    {
      "mode": "managed",
      "type": "pagerduty_service",
      "name": "Israelrai27963377783270403",
      "provider": "provider[\"registry.terraform.io/pagerduty/pagerduty\"]",
      "instances": [
        {
          "schema_version": 0,
          "attributes": {
            "acknowledgement_timeout": "1800",
            "alert_creation": "create_incidents",
            "alert_grouping": null,
            "alert_grouping_parameters": [],
            "alert_grouping_timeout": "null",
            "auto_pause_notifications_parameters": [],
            "auto_resolve_timeout": "14400",
            "created_at": "2023-02-26T18:00:39+02:00",
            "description": "Israelrai27963377783270403 (israelrai27963377783270403)",
            "escalation_policy": "PA57YI4",
            "html_url": "https://reblaze.pagerduty.com/service-directory/PLZ08TM",
            "id": "PLZ08TM",
            "incident_urgency_rule": [
              {
                "during_support_hours": [],
                "outside_support_hours": [],
                "type": "constant",
                "urgency": "high"
              }
            ],
            "last_incident_timestamp": "",
            "name": "Israelrai27963377783270403",
            "response_play": null,
            "scheduled_actions": [],
            "status": "active",
            "support_hours": [],
            "type": "service"
          },
          "sensitive_attributes": [],
          "private": "bnVsbA==",
          "dependencies": [
            "data.pagerduty_escalation_policy.default"
          ]
        }
      ]
    },
    {
      "mode": "managed",
      "type": "pagerduty_service",
      "name": "Isstax",
      "provider": "provider[\"registry.terraform.io/pagerduty/pagerduty\"]",
      "instances": [
        {
          "schema_version": 0,
          "attributes": {
            "acknowledgement_timeout": "1800",
            "alert_creation": "create_incidents",
            "alert_grouping": null,
            "alert_grouping_parameters": [],
            "alert_grouping_timeout": "null",
            "auto_pause_notifications_parameters": [],
            "auto_resolve_timeout": "14400",
            "created_at": "2023-02-26T18:01:02+02:00",
            "description": "Isstax (isstax)",
            "escalation_policy": "PA57YI4",
            "html_url": "https://reblaze.pagerduty.com/service-directory/PTUOV5Q",
            "id": "PTUOV5Q",
            "incident_urgency_rule": [
              {
                "during_support_hours": [],
                "outside_support_hours": [],
                "type": "constant",
                "urgency": "high"
              }
            ],
            "last_incident_timestamp": "",
            "name": "Isstax",
            "response_play": null,
            "scheduled_actions": [],
            "status": "active",
            "support_hours": [],
            "type": "service"
          },
          "sensitive_attributes": [],
          "private": "bnVsbA==",
          "dependencies": [
            "data.pagerduty_escalation_policy.default"
          ]
        }
      ]
    },
    {
      "mode": "managed",
      "type": "pagerduty_service",
      "name": "Itgx",
      "provider": "provider[\"registry.terraform.io/pagerduty/pagerduty\"]",
      "instances": [
        {
          "schema_version": 0,
          "attributes": {
            "acknowledgement_timeout": "1800",
            "alert_creation": "create_incidents",
            "alert_grouping": null,
            "alert_grouping_parameters": [],
            "alert_grouping_timeout": "null",
            "auto_pause_notifications_parameters": [],
            "auto_resolve_timeout": "14400",
            "created_at": "2023-02-26T18:00:46+02:00",
            "description": "Itgx (itgx)",
            "escalation_policy": "PA57YI4",
            "html_url": "https://reblaze.pagerduty.com/service-directory/PLGFRJ2",
            "id": "PLGFRJ2",
            "incident_urgency_rule": [
              {
                "during_support_hours": [],
                "outside_support_hours": [],
                "type": "constant",
                "urgency": "high"
              }
            ],
            "last_incident_timestamp": "",
            "name": "Itgx",
            "response_play": null,
            "scheduled_actions": [],
            "status": "active",
            "support_hours": [],
            "type": "service"
          },
          "sensitive_attributes": [],
          "private": "bnVsbA==",
          "dependencies": [
            "data.pagerduty_escalation_policy.default"
          ]
        }
      ]
    },
    {
      "mode": "managed",
      "type": "pagerduty_service",
      "name": "Ituranar",
      "provider": "provider[\"registry.terraform.io/pagerduty/pagerduty\"]",
      "instances": [
        {
          "schema_version": 0,
          "attributes": {
            "acknowledgement_timeout": "1800",
            "alert_creation": "create_incidents",
            "alert_grouping": null,
            "alert_grouping_parameters": [],
            "alert_grouping_timeout": "null",
            "auto_pause_notifications_parameters": [],
            "auto_resolve_timeout": "14400",
            "created_at": "2023-02-26T18:00:51+02:00",
            "description": "Ituranar (ituranar)",
            "escalation_policy": "PA57YI4",
            "html_url": "https://reblaze.pagerduty.com/service-directory/PCWAIO6",
            "id": "PCWAIO6",
            "incident_urgency_rule": [
              {
                "during_support_hours": [],
                "outside_support_hours": [],
                "type": "constant",
                "urgency": "high"
              }
            ],
            "last_incident_timestamp": "",
            "name": "Ituranar",
            "response_play": null,
            "scheduled_actions": [],
            "status": "active",
            "support_hours": [],
            "type": "service"
          },
          "sensitive_attributes": [],
          "private": "bnVsbA==",
          "dependencies": [
            "data.pagerduty_escalation_policy.default"
          ]
        }
      ]
    },
    {
      "mode": "managed",
      "type": "pagerduty_service",
      "name": "Ituranbr",
      "provider": "provider[\"registry.terraform.io/pagerduty/pagerduty\"]",
      "instances": [
        {
          "schema_version": 0,
          "attributes": {
            "acknowledgement_timeout": "1800",
            "alert_creation": "create_incidents",
            "alert_grouping": null,
            "alert_grouping_parameters": [],
            "alert_grouping_timeout": "null",
            "auto_pause_notifications_parameters": [],
            "auto_resolve_timeout": "14400",
            "created_at": "2023-02-26T18:00:52+02:00",
            "description": "Ituranbr (ituranbr)",
            "escalation_policy": "PA57YI4",
            "html_url": "https://reblaze.pagerduty.com/service-directory/PJ3EDAH",
            "id": "PJ3EDAH",
            "incident_urgency_rule": [
              {
                "during_support_hours": [],
                "outside_support_hours": [],
                "type": "constant",
                "urgency": "high"
              }
            ],
            "last_incident_timestamp": "",
            "name": "Ituranbr",
            "response_play": null,
            "scheduled_actions": [],
            "status": "active",
            "support_hours": [],
            "type": "service"
          },
          "sensitive_attributes": [],
          "private": "bnVsbA==",
          "dependencies": [
            "data.pagerduty_escalation_policy.default"
          ]
        }
      ]
    },
    {
      "mode": "managed",
      "type": "pagerduty_service",
      "name": "Ituranx",
      "provider": "provider[\"registry.terraform.io/pagerduty/pagerduty\"]",
      "instances": [
        {
          "schema_version": 0,
          "attributes": {
            "acknowledgement_timeout": "1800",
            "alert_creation": "create_incidents",
            "alert_grouping": null,
            "alert_grouping_parameters": [],
            "alert_grouping_timeout": "null",
            "auto_pause_notifications_parameters": [],
            "auto_resolve_timeout": "14400",
            "created_at": "2023-02-26T18:01:09+02:00",
            "description": "Ituranx (ituranx)",
            "escalation_policy": "PA57YI4",
            "html_url": "https://reblaze.pagerduty.com/service-directory/PXORC9G",
            "id": "PXORC9G",
            "incident_urgency_rule": [
              {
                "during_support_hours": [],
                "outside_support_hours": [],
                "type": "constant",
                "urgency": "high"
              }
            ],
            "last_incident_timestamp": "",
            "name": "Ituranx",
            "response_play": null,
            "scheduled_actions": [],
            "status": "active",
            "support_hours": [],
            "type": "service"
          },
          "sensitive_attributes": [],
          "private": "bnVsbA==",
          "dependencies": [
            "data.pagerduty_escalation_policy.default"
          ]
        }
      ]
    },
    {
      "mode": "managed",
      "type": "pagerduty_service",
      "name": "Kahane",
      "provider": "provider[\"registry.terraform.io/pagerduty/pagerduty\"]",
      "instances": [
        {
          "schema_version": 0,
          "attributes": {
            "acknowledgement_timeout": "1800",
            "alert_creation": "create_incidents",
            "alert_grouping": null,
            "alert_grouping_parameters": [],
            "alert_grouping_timeout": "null",
            "auto_pause_notifications_parameters": [],
            "auto_resolve_timeout": "14400",
            "created_at": "2023-02-26T18:00:46+02:00",
            "description": "Kahane (kahane)",
            "escalation_policy": "PA57YI4",
            "html_url": "https://reblaze.pagerduty.com/service-directory/PI7UR6C",
            "id": "PI7UR6C",
            "incident_urgency_rule": [
              {
                "during_support_hours": [],
                "outside_support_hours": [],
                "type": "constant",
                "urgency": "high"
              }
            ],
            "last_incident_timestamp": "",
            "name": "Kahane",
            "response_play": null,
            "scheduled_actions": [],
            "status": "active",
            "support_hours": [],
            "type": "service"
          },
          "sensitive_attributes": [],
          "private": "bnVsbA==",
          "dependencies": [
            "data.pagerduty_escalation_policy.default"
          ]
        }
      ]
    },
    {
      "mode": "managed",
      "type": "pagerduty_service",
      "name": "Katzd",
      "provider": "provider[\"registry.terraform.io/pagerduty/pagerduty\"]",
      "instances": [
        {
          "schema_version": 0,
          "attributes": {
            "acknowledgement_timeout": "1800",
            "alert_creation": "create_incidents",
            "alert_grouping": null,
            "alert_grouping_parameters": [],
            "alert_grouping_timeout": "null",
            "auto_pause_notifications_parameters": [],
            "auto_resolve_timeout": "14400",
            "created_at": "2023-02-26T18:00:44+02:00",
            "description": "Katzd (katzd)",
            "escalation_policy": "PA57YI4",
            "html_url": "https://reblaze.pagerduty.com/service-directory/P3Z1XAK",
            "id": "P3Z1XAK",
            "incident_urgency_rule": [
              {
                "during_support_hours": [],
                "outside_support_hours": [],
                "type": "constant",
                "urgency": "high"
              }
            ],
            "last_incident_timestamp": "",
            "name": "Katzd",
            "response_play": null,
            "scheduled_actions": [],
            "status": "active",
            "support_hours": [],
            "type": "service"
          },
          "sensitive_attributes": [],
          "private": "bnVsbA==",
          "dependencies": [
            "data.pagerduty_escalation_policy.default"
          ]
        }
      ]
    },
    {
      "mode": "managed",
      "type": "pagerduty_service",
      "name": "Knesset",
      "provider": "provider[\"registry.terraform.io/pagerduty/pagerduty\"]",
      "instances": [
        {
          "schema_version": 0,
          "attributes": {
            "acknowledgement_timeout": "1800",
            "alert_creation": "create_incidents",
            "alert_grouping": null,
            "alert_grouping_parameters": [],
            "alert_grouping_timeout": "null",
            "auto_pause_notifications_parameters": [],
            "auto_resolve_timeout": "14400",
            "created_at": "2023-02-26T18:01:08+02:00",
            "description": "Knesset (knesset)",
            "escalation_policy": "PA57YI4",
            "html_url": "https://reblaze.pagerduty.com/service-directory/PLFZF39",
            "id": "PLFZF39",
            "incident_urgency_rule": [
              {
                "during_support_hours": [],
                "outside_support_hours": [],
                "type": "constant",
                "urgency": "high"
              }
            ],
            "last_incident_timestamp": "",
            "name": "Knesset",
            "response_play": null,
            "scheduled_actions": [],
            "status": "active",
            "support_hours": [],
            "type": "service"
          },
          "sensitive_attributes": [],
          "private": "bnVsbA==",
          "dependencies": [
            "data.pagerduty_escalation_policy.default"
          ]
        }
      ]
    },
    {
      "mode": "managed",
      "type": "pagerduty_service",
      "name": "Kolh",
      "provider": "provider[\"registry.terraform.io/pagerduty/pagerduty\"]",
      "instances": [
        {
          "schema_version": 0,
          "attributes": {
            "acknowledgement_timeout": "1800",
            "alert_creation": "create_incidents",
            "alert_grouping": null,
            "alert_grouping_parameters": [],
            "alert_grouping_timeout": "null",
            "auto_pause_notifications_parameters": [],
            "auto_resolve_timeout": "14400",
            "created_at": "2023-02-26T18:00:32+02:00",
            "description": "Kolh (kolh)",
            "escalation_policy": "PA57YI4",
            "html_url": "https://reblaze.pagerduty.com/service-directory/P64N2U2",
            "id": "P64N2U2",
            "incident_urgency_rule": [
              {
                "during_support_hours": [],
                "outside_support_hours": [],
                "type": "constant",
                "urgency": "high"
              }
            ],
            "last_incident_timestamp": "",
            "name": "Kolh",
            "response_play": null,
            "scheduled_actions": [],
            "status": "active",
            "support_hours": [],
            "type": "service"
          },
          "sensitive_attributes": [],
          "private": "bnVsbA==",
          "dependencies": [
            "data.pagerduty_escalation_policy.default"
          ]
        }
      ]
    },
    {
      "mode": "managed",
      "type": "pagerduty_service",
      "name": "Leonardohotels",
      "provider": "provider[\"registry.terraform.io/pagerduty/pagerduty\"]",
      "instances": [
        {
          "schema_version": 0,
          "attributes": {
            "acknowledgement_timeout": "1800",
            "alert_creation": "create_incidents",
            "alert_grouping": null,
            "alert_grouping_parameters": [],
            "alert_grouping_timeout": "null",
            "auto_pause_notifications_parameters": [],
            "auto_resolve_timeout": "14400",
            "created_at": "2023-02-26T18:00:32+02:00",
            "description": "Leonardohotels (leonardohotels)",
            "escalation_policy": "PA57YI4",
            "html_url": "https://reblaze.pagerduty.com/service-directory/P9DY36S",
            "id": "P9DY36S",
            "incident_urgency_rule": [
              {
                "during_support_hours": [],
                "outside_support_hours": [],
                "type": "constant",
                "urgency": "high"
              }
            ],
            "last_incident_timestamp": "",
            "name": "Leonardohotels",
            "response_play": null,
            "scheduled_actions": [],
            "status": "active",
            "support_hours": [],
            "type": "service"
          },
          "sensitive_attributes": [],
          "private": "bnVsbA==",
          "dependencies": [
            "data.pagerduty_escalation_policy.default"
          ]
        }
      ]
    },
    {
      "mode": "managed",
      "type": "pagerduty_service",
      "name": "Lifefitness",
      "provider": "provider[\"registry.terraform.io/pagerduty/pagerduty\"]",
      "instances": [
        {
          "schema_version": 0,
          "attributes": {
            "acknowledgement_timeout": "1800",
            "alert_creation": "create_incidents",
            "alert_grouping": null,
            "alert_grouping_parameters": [],
            "alert_grouping_timeout": "null",
            "auto_pause_notifications_parameters": [],
            "auto_resolve_timeout": "14400",
            "created_at": "2023-02-26T18:00:44+02:00",
            "description": "Lifefitness (lifefitness)",
            "escalation_policy": "PA57YI4",
            "html_url": "https://reblaze.pagerduty.com/service-directory/PRTLZF0",
            "id": "PRTLZF0",
            "incident_urgency_rule": [
              {
                "during_support_hours": [],
                "outside_support_hours": [],
                "type": "constant",
                "urgency": "high"
              }
            ],
            "last_incident_timestamp": "",
            "name": "Lifefitness",
            "response_play": null,
            "scheduled_actions": [],
            "status": "active",
            "support_hours": [],
            "type": "service"
          },
          "sensitive_attributes": [],
          "private": "bnVsbA==",
          "dependencies": [
            "data.pagerduty_escalation_policy.default"
          ]
        }
      ]
    },
    {
      "mode": "managed",
      "type": "pagerduty_service",
      "name": "Liveu",
      "provider": "provider[\"registry.terraform.io/pagerduty/pagerduty\"]",
      "instances": [
        {
          "schema_version": 0,
          "attributes": {
            "acknowledgement_timeout": "1800",
            "alert_creation": "create_incidents",
            "alert_grouping": null,
            "alert_grouping_parameters": [],
            "alert_grouping_timeout": "null",
            "auto_pause_notifications_parameters": [],
            "auto_resolve_timeout": "14400",
            "created_at": "2023-02-26T18:00:48+02:00",
            "description": "Liveu (liveu)",
            "escalation_policy": "PA57YI4",
            "html_url": "https://reblaze.pagerduty.com/service-directory/PL5N8H0",
            "id": "PL5N8H0",
            "incident_urgency_rule": [
              {
                "during_support_hours": [],
                "outside_support_hours": [],
                "type": "constant",
                "urgency": "high"
              }
            ],
            "last_incident_timestamp": "",
            "name": "Liveu",
            "response_play": null,
            "scheduled_actions": [],
            "status": "active",
            "support_hours": [],
            "type": "service"
          },
          "sensitive_attributes": [],
          "private": "bnVsbA==",
          "dependencies": [
            "data.pagerduty_escalation_policy.default"
          ]
        }
      ]
    },
    {
      "mode": "managed",
      "type": "pagerduty_service",
      "name": "Liveustg",
      "provider": "provider[\"registry.terraform.io/pagerduty/pagerduty\"]",
      "instances": [
        {
          "schema_version": 0,
          "attributes": {
            "acknowledgement_timeout": "1800",
            "alert_creation": "create_incidents",
            "alert_grouping": null,
            "alert_grouping_parameters": [],
            "alert_grouping_timeout": "null",
            "auto_pause_notifications_parameters": [],
            "auto_resolve_timeout": "14400",
            "created_at": "2023-02-26T18:01:02+02:00",
            "description": "Liveustg (liveustg)",
            "escalation_policy": "PA57YI4",
            "html_url": "https://reblaze.pagerduty.com/service-directory/PACKWX3",
            "id": "PACKWX3",
            "incident_urgency_rule": [
              {
                "during_support_hours": [],
                "outside_support_hours": [],
                "type": "constant",
                "urgency": "high"
              }
            ],
            "last_incident_timestamp": "",
            "name": "Liveustg",
            "response_play": null,
            "scheduled_actions": [],
            "status": "active",
            "support_hours": [],
            "type": "service"
          },
          "sensitive_attributes": [],
          "private": "bnVsbA==",
          "dependencies": [
            "data.pagerduty_escalation_policy.default"
          ]
        }
      ]
    },
    {
      "mode": "managed",
      "type": "pagerduty_service",
      "name": "Lusha",
      "provider": "provider[\"registry.terraform.io/pagerduty/pagerduty\"]",
      "instances": [
        {
          "schema_version": 0,
          "attributes": {
            "acknowledgement_timeout": "1800",
            "alert_creation": "create_incidents",
            "alert_grouping": null,
            "alert_grouping_parameters": [],
            "alert_grouping_timeout": "null",
            "auto_pause_notifications_parameters": [],
            "auto_resolve_timeout": "14400",
            "created_at": "2023-02-26T18:00:58+02:00",
            "description": "Lusha (lusha)",
            "escalation_policy": "PA57YI4",
            "html_url": "https://reblaze.pagerduty.com/service-directory/PVVH0OW",
            "id": "PVVH0OW",
            "incident_urgency_rule": [
              {
                "during_support_hours": [],
                "outside_support_hours": [],
                "type": "constant",
                "urgency": "high"
              }
            ],
            "last_incident_timestamp": "",
            "name": "Lusha",
            "response_play": null,
            "scheduled_actions": [],
            "status": "active",
            "support_hours": [],
            "type": "service"
          },
          "sensitive_attributes": [],
          "private": "bnVsbA==",
          "dependencies": [
            "data.pagerduty_escalation_policy.default"
          ]
        }
      ]
    },
    {
      "mode": "managed",
      "type": "pagerduty_service",
      "name": "Luzzatto",
      "provider": "provider[\"registry.terraform.io/pagerduty/pagerduty\"]",
      "instances": [
        {
          "schema_version": 0,
          "attributes": {
            "acknowledgement_timeout": "1800",
            "alert_creation": "create_incidents",
            "alert_grouping": null,
            "alert_grouping_parameters": [],
            "alert_grouping_timeout": "null",
            "auto_pause_notifications_parameters": [],
            "auto_resolve_timeout": "14400",
            "created_at": "2023-02-26T18:01:03+02:00",
            "description": "Luzzatto (luzzatto)",
            "escalation_policy": "PA57YI4",
            "html_url": "https://reblaze.pagerduty.com/service-directory/PDADR7R",
            "id": "PDADR7R",
            "incident_urgency_rule": [
              {
                "during_support_hours": [],
                "outside_support_hours": [],
                "type": "constant",
                "urgency": "high"
              }
            ],
            "last_incident_timestamp": "",
            "name": "Luzzatto",
            "response_play": null,
            "scheduled_actions": [],
            "status": "active",
            "support_hours": [],
            "type": "service"
          },
          "sensitive_attributes": [],
          "private": "bnVsbA==",
          "dependencies": [
            "data.pagerduty_escalation_policy.default"
          ]
        }
      ]
    },
    {
      "mode": "managed",
      "type": "pagerduty_service",
      "name": "Lvpn527370280444",
      "provider": "provider[\"registry.terraform.io/pagerduty/pagerduty\"]",
      "instances": [
        {
          "schema_version": 0,
          "attributes": {
            "acknowledgement_timeout": "1800",
            "alert_creation": "create_incidents",
            "alert_grouping": null,
            "alert_grouping_parameters": [],
            "alert_grouping_timeout": "null",
            "auto_pause_notifications_parameters": [],
            "auto_resolve_timeout": "14400",
            "created_at": "2023-02-26T18:00:56+02:00",
            "description": "Lvpn527370280444 (lvpn527370280444)",
            "escalation_policy": "PA57YI4",
            "html_url": "https://reblaze.pagerduty.com/service-directory/PH298UB",
            "id": "PH298UB",
            "incident_urgency_rule": [
              {
                "during_support_hours": [],
                "outside_support_hours": [],
                "type": "constant",
                "urgency": "high"
              }
            ],
            "last_incident_timestamp": "",
            "name": "Lvpn527370280444",
            "response_play": null,
            "scheduled_actions": [],
            "status": "active",
            "support_hours": [],
            "type": "service"
          },
          "sensitive_attributes": [],
          "private": "bnVsbA==",
          "dependencies": [
            "data.pagerduty_escalation_policy.default"
          ]
        }
      ]
    },
    {
      "mode": "managed",
      "type": "pagerduty_service",
      "name": "Machinerypete",
      "provider": "provider[\"registry.terraform.io/pagerduty/pagerduty\"]",
      "instances": [
        {
          "schema_version": 0,
          "attributes": {
            "acknowledgement_timeout": "1800",
            "alert_creation": "create_incidents",
            "alert_grouping": null,
            "alert_grouping_parameters": [],
            "alert_grouping_timeout": "null",
            "auto_pause_notifications_parameters": [],
            "auto_resolve_timeout": "14400",
            "created_at": "2023-02-26T18:00:33+02:00",
            "description": "Machinerypete (machinerypete)",
            "escalation_policy": "PA57YI4",
            "html_url": "https://reblaze.pagerduty.com/service-directory/PTNBLW3",
            "id": "PTNBLW3",
            "incident_urgency_rule": [
              {
                "during_support_hours": [],
                "outside_support_hours": [],
                "type": "constant",
                "urgency": "high"
              }
            ],
            "last_incident_timestamp": "",
            "name": "Machinerypete",
            "response_play": null,
            "scheduled_actions": [],
            "status": "active",
            "support_hours": [],
            "type": "service"
          },
          "sensitive_attributes": [],
          "private": "bnVsbA==",
          "dependencies": [
            "data.pagerduty_escalation_policy.default"
          ]
        }
      ]
    },
    {
      "mode": "managed",
      "type": "pagerduty_service",
      "name": "Mako",
      "provider": "provider[\"registry.terraform.io/pagerduty/pagerduty\"]",
      "instances": [
        {
          "schema_version": 0,
          "attributes": {
            "acknowledgement_timeout": "1800",
            "alert_creation": "create_incidents",
            "alert_grouping": null,
            "alert_grouping_parameters": [],
            "alert_grouping_timeout": "null",
            "auto_pause_notifications_parameters": [],
            "auto_resolve_timeout": "14400",
            "created_at": "2023-02-26T18:00:41+02:00",
            "description": "Mako (mako)",
            "escalation_policy": "PA57YI4",
            "html_url": "https://reblaze.pagerduty.com/service-directory/PDBJ107",
            "id": "PDBJ107",
            "incident_urgency_rule": [
              {
                "during_support_hours": [],
                "outside_support_hours": [],
                "type": "constant",
                "urgency": "high"
              }
            ],
            "last_incident_timestamp": "",
            "name": "Mako",
            "response_play": null,
            "scheduled_actions": [],
            "status": "active",
            "support_hours": [],
            "type": "service"
          },
          "sensitive_attributes": [],
          "private": "bnVsbA==",
          "dependencies": [
            "data.pagerduty_escalation_policy.default"
          ]
        }
      ]
    },
    {
      "mode": "managed",
      "type": "pagerduty_service",
      "name": "Maman",
      "provider": "provider[\"registry.terraform.io/pagerduty/pagerduty\"]",
      "instances": [
        {
          "schema_version": 0,
          "attributes": {
            "acknowledgement_timeout": "1800",
            "alert_creation": "create_incidents",
            "alert_grouping": null,
            "alert_grouping_parameters": [],
            "alert_grouping_timeout": "null",
            "auto_pause_notifications_parameters": [],
            "auto_resolve_timeout": "14400",
            "created_at": "2023-02-26T18:01:04+02:00",
            "description": "Maman (maman)",
            "escalation_policy": "PA57YI4",
            "html_url": "https://reblaze.pagerduty.com/service-directory/PK7H9X2",
            "id": "PK7H9X2",
            "incident_urgency_rule": [
              {
                "during_support_hours": [],
                "outside_support_hours": [],
                "type": "constant",
                "urgency": "high"
              }
            ],
            "last_incident_timestamp": "",
            "name": "Maman",
            "response_play": null,
            "scheduled_actions": [],
            "status": "active",
            "support_hours": [],
            "type": "service"
          },
          "sensitive_attributes": [],
          "private": "bnVsbA==",
          "dependencies": [
            "data.pagerduty_escalation_policy.default"
          ]
        }
      ]
    },
    {
      "mode": "managed",
      "type": "pagerduty_service",
      "name": "Matav",
      "provider": "provider[\"registry.terraform.io/pagerduty/pagerduty\"]",
      "instances": [
        {
          "schema_version": 0,
          "attributes": {
            "acknowledgement_timeout": "1800",
            "alert_creation": "create_incidents",
            "alert_grouping": null,
            "alert_grouping_parameters": [],
            "alert_grouping_timeout": "null",
            "auto_pause_notifications_parameters": [],
            "auto_resolve_timeout": "14400",
            "created_at": "2023-02-26T18:00:29+02:00",
            "description": "Matav (matav)",
            "escalation_policy": "PA57YI4",
            "html_url": "https://reblaze.pagerduty.com/service-directory/PCXGV3M",
            "id": "PCXGV3M",
            "incident_urgency_rule": [
              {
                "during_support_hours": [],
                "outside_support_hours": [],
                "type": "constant",
                "urgency": "high"
              }
            ],
            "last_incident_timestamp": "",
            "name": "Matav",
            "response_play": null,
            "scheduled_actions": [],
            "status": "active",
            "support_hours": [],
            "type": "service"
          },
          "sensitive_attributes": [],
          "private": "bnVsbA==",
          "dependencies": [
            "data.pagerduty_escalation_policy.default"
          ]
        }
      ]
    },
    {
      "mode": "managed",
      "type": "pagerduty_service",
      "name": "Matrixc",
      "provider": "provider[\"registry.terraform.io/pagerduty/pagerduty\"]",
      "instances": [
        {
          "schema_version": 0,
          "attributes": {
            "acknowledgement_timeout": "1800",
            "alert_creation": "create_incidents",
            "alert_grouping": null,
            "alert_grouping_parameters": [],
            "alert_grouping_timeout": "null",
            "auto_pause_notifications_parameters": [],
            "auto_resolve_timeout": "14400",
            "created_at": "2023-02-26T18:00:50+02:00",
            "description": "Matrixc (matrixc)",
            "escalation_policy": "PA57YI4",
            "html_url": "https://reblaze.pagerduty.com/service-directory/PSQ8M95",
            "id": "PSQ8M95",
            "incident_urgency_rule": [
              {
                "during_support_hours": [],
                "outside_support_hours": [],
                "type": "constant",
                "urgency": "high"
              }
            ],
            "last_incident_timestamp": "",
            "name": "Matrixc",
            "response_play": null,
            "scheduled_actions": [],
            "status": "active",
            "support_hours": [],
            "type": "service"
          },
          "sensitive_attributes": [],
          "private": "bnVsbA==",
          "dependencies": [
            "data.pagerduty_escalation_policy.default"
          ]
        }
      ]
    },
    {
      "mode": "managed",
      "type": "pagerduty_service",
      "name": "Mchp",
      "provider": "provider[\"registry.terraform.io/pagerduty/pagerduty\"]",
      "instances": [
        {
          "schema_version": 0,
          "attributes": {
            "acknowledgement_timeout": "1800",
            "alert_creation": "create_incidents",
            "alert_grouping": null,
            "alert_grouping_parameters": [],
            "alert_grouping_timeout": "null",
            "auto_pause_notifications_parameters": [],
            "auto_resolve_timeout": "14400",
            "created_at": "2023-02-26T18:01:12+02:00",
            "description": "Mchp (mchp)",
            "escalation_policy": "PA57YI4",
            "html_url": "https://reblaze.pagerduty.com/service-directory/PSP3PTP",
            "id": "PSP3PTP",
            "incident_urgency_rule": [
              {
                "during_support_hours": [],
                "outside_support_hours": [],
                "type": "constant",
                "urgency": "high"
              }
            ],
            "last_incident_timestamp": "",
            "name": "Mchp",
            "response_play": null,
            "scheduled_actions": [],
            "status": "active",
            "support_hours": [],
            "type": "service"
          },
          "sensitive_attributes": [],
          "private": "bnVsbA==",
          "dependencies": [
            "data.pagerduty_escalation_policy.default"
          ]
        }
      ]
    },
    {
      "mode": "managed",
      "type": "pagerduty_service",
      "name": "Mcureblaze",
      "provider": "provider[\"registry.terraform.io/pagerduty/pagerduty\"]",
      "instances": [
        {
          "schema_version": 0,
          "attributes": {
            "acknowledgement_timeout": "1800",
            "alert_creation": "create_incidents",
            "alert_grouping": null,
            "alert_grouping_parameters": [],
            "alert_grouping_timeout": "null",
            "auto_pause_notifications_parameters": [],
            "auto_resolve_timeout": "14400",
            "created_at": "2023-02-26T18:01:08+02:00",
            "description": "Mcureblaze (mcureblaze)",
            "escalation_policy": "PA57YI4",
            "html_url": "https://reblaze.pagerduty.com/service-directory/PUQYHZV",
            "id": "PUQYHZV",
            "incident_urgency_rule": [
              {
                "during_support_hours": [],
                "outside_support_hours": [],
                "type": "constant",
                "urgency": "high"
              }
            ],
            "last_incident_timestamp": "",
            "name": "Mcureblaze",
            "response_play": null,
            "scheduled_actions": [],
            "status": "active",
            "support_hours": [],
            "type": "service"
          },
          "sensitive_attributes": [],
          "private": "bnVsbA==",
          "dependencies": [
            "data.pagerduty_escalation_policy.default"
          ]
        }
      ]
    },
    {
      "mode": "managed",
      "type": "pagerduty_service",
      "name": "Mda",
      "provider": "provider[\"registry.terraform.io/pagerduty/pagerduty\"]",
      "instances": [
        {
          "schema_version": 0,
          "attributes": {
            "acknowledgement_timeout": "1800",
            "alert_creation": "create_incidents",
            "alert_grouping": null,
            "alert_grouping_parameters": [],
            "alert_grouping_timeout": "null",
            "auto_pause_notifications_parameters": [],
            "auto_resolve_timeout": "14400",
            "created_at": "2023-02-26T18:00:45+02:00",
            "description": "Mda (mda)",
            "escalation_policy": "PA57YI4",
            "html_url": "https://reblaze.pagerduty.com/service-directory/PBAQVH1",
            "id": "PBAQVH1",
            "incident_urgency_rule": [
              {
                "during_support_hours": [],
                "outside_support_hours": [],
                "type": "constant",
                "urgency": "high"
              }
            ],
            "last_incident_timestamp": "",
            "name": "Mda",
            "response_play": null,
            "scheduled_actions": [],
            "status": "active",
            "support_hours": [],
            "type": "service"
          },
          "sensitive_attributes": [],
          "private": "bnVsbA==",
          "dependencies": [
            "data.pagerduty_escalation_policy.default"
          ]
        }
      ]
    },
    {
      "mode": "managed",
      "type": "pagerduty_service",
      "name": "Megazonesb",
      "provider": "provider[\"registry.terraform.io/pagerduty/pagerduty\"]",
      "instances": [
        {
          "schema_version": 0,
          "attributes": {
            "acknowledgement_timeout": "1800",
            "alert_creation": "create_incidents",
            "alert_grouping": null,
            "alert_grouping_parameters": [],
            "alert_grouping_timeout": "null",
            "auto_pause_notifications_parameters": [],
            "auto_resolve_timeout": "14400",
            "created_at": "2023-02-26T18:00:33+02:00",
            "description": "Megazonesb (megazonesb)",
            "escalation_policy": "PA57YI4",
            "html_url": "https://reblaze.pagerduty.com/service-directory/PPBQKGD",
            "id": "PPBQKGD",
            "incident_urgency_rule": [
              {
                "during_support_hours": [],
                "outside_support_hours": [],
                "type": "constant",
                "urgency": "high"
              }
            ],
            "last_incident_timestamp": "",
            "name": "Megazonesb",
            "response_play": null,
            "scheduled_actions": [],
            "status": "active",
            "support_hours": [],
            "type": "service"
          },
          "sensitive_attributes": [],
          "private": "bnVsbA==",
          "dependencies": [
            "data.pagerduty_escalation_policy.default"
          ]
        }
      ]
    },
    {
      "mode": "managed",
      "type": "pagerduty_service",
      "name": "Mellanox",
      "provider": "provider[\"registry.terraform.io/pagerduty/pagerduty\"]",
      "instances": [
        {
          "schema_version": 0,
          "attributes": {
            "acknowledgement_timeout": "1800",
            "alert_creation": "create_incidents",
            "alert_grouping": null,
            "alert_grouping_parameters": [],
            "alert_grouping_timeout": "null",
            "auto_pause_notifications_parameters": [],
            "auto_resolve_timeout": "14400",
            "created_at": "2023-02-26T18:01:07+02:00",
            "description": "Mellanox (mellanox)",
            "escalation_policy": "PA57YI4",
            "html_url": "https://reblaze.pagerduty.com/service-directory/PMU4L5O",
            "id": "PMU4L5O",
            "incident_urgency_rule": [
              {
                "during_support_hours": [],
                "outside_support_hours": [],
                "type": "constant",
                "urgency": "high"
              }
            ],
            "last_incident_timestamp": "",
            "name": "Mellanox",
            "response_play": null,
            "scheduled_actions": [],
            "status": "active",
            "support_hours": [],
            "type": "service"
          },
          "sensitive_attributes": [],
          "private": "bnVsbA==",
          "dependencies": [
            "data.pagerduty_escalation_policy.default"
          ]
        }
      ]
    },
    {
      "mode": "managed",
      "type": "pagerduty_service",
      "name": "Menoramivt",
      "provider": "provider[\"registry.terraform.io/pagerduty/pagerduty\"]",
      "instances": [
        {
          "schema_version": 0,
          "attributes": {
            "acknowledgement_timeout": "1800",
            "alert_creation": "create_incidents",
            "alert_grouping": null,
            "alert_grouping_parameters": [],
            "alert_grouping_timeout": "null",
            "auto_pause_notifications_parameters": [],
            "auto_resolve_timeout": "14400",
            "created_at": "2023-02-26T18:00:38+02:00",
            "description": "Menoramivt (menoramivt)",
            "escalation_policy": "PA57YI4",
            "html_url": "https://reblaze.pagerduty.com/service-directory/PIB7QGB",
            "id": "PIB7QGB",
            "incident_urgency_rule": [
              {
                "during_support_hours": [],
                "outside_support_hours": [],
                "type": "constant",
                "urgency": "high"
              }
            ],
            "last_incident_timestamp": "",
            "name": "Menoramivt",
            "response_play": null,
            "scheduled_actions": [],
            "status": "active",
            "support_hours": [],
            "type": "service"
          },
          "sensitive_attributes": [],
          "private": "bnVsbA==",
          "dependencies": [
            "data.pagerduty_escalation_policy.default"
          ]
        }
      ]
    },
    {
      "mode": "managed",
      "type": "pagerduty_service",
      "name": "Meteorit",
      "provider": "provider[\"registry.terraform.io/pagerduty/pagerduty\"]",
      "instances": [
        {
          "schema_version": 0,
          "attributes": {
            "acknowledgement_timeout": "1800",
            "alert_creation": "create_incidents",
            "alert_grouping": null,
            "alert_grouping_parameters": [],
            "alert_grouping_timeout": "null",
            "auto_pause_notifications_parameters": [],
            "auto_resolve_timeout": "14400",
            "created_at": "2023-02-26T18:01:10+02:00",
            "description": "Meteorit (meteorit)",
            "escalation_policy": "PA57YI4",
            "html_url": "https://reblaze.pagerduty.com/service-directory/PTC3BXT",
            "id": "PTC3BXT",
            "incident_urgency_rule": [
              {
                "during_support_hours": [],
                "outside_support_hours": [],
                "type": "constant",
                "urgency": "high"
              }
            ],
            "last_incident_timestamp": "",
            "name": "Meteorit",
            "response_play": null,
            "scheduled_actions": [],
            "status": "active",
            "support_hours": [],
            "type": "service"
          },
          "sensitive_attributes": [],
          "private": "bnVsbA==",
          "dependencies": [
            "data.pagerduty_escalation_policy.default"
          ]
        }
      ]
    },
    {
      "mode": "managed",
      "type": "pagerduty_service",
      "name": "Metro",
      "provider": "provider[\"registry.terraform.io/pagerduty/pagerduty\"]",
      "instances": [
        {
          "schema_version": 0,
          "attributes": {
            "acknowledgement_timeout": "1800",
            "alert_creation": "create_incidents",
            "alert_grouping": null,
            "alert_grouping_parameters": [],
            "alert_grouping_timeout": "null",
            "auto_pause_notifications_parameters": [],
            "auto_resolve_timeout": "14400",
            "created_at": "2023-02-26T18:00:51+02:00",
            "description": "Metro (metro)",
            "escalation_policy": "PA57YI4",
            "html_url": "https://reblaze.pagerduty.com/service-directory/P7T4EFQ",
            "id": "P7T4EFQ",
            "incident_urgency_rule": [
              {
                "during_support_hours": [],
                "outside_support_hours": [],
                "type": "constant",
                "urgency": "high"
              }
            ],
            "last_incident_timestamp": "",
            "name": "Metro",
            "response_play": null,
            "scheduled_actions": [],
            "status": "active",
            "support_hours": [],
            "type": "service"
          },
          "sensitive_attributes": [],
          "private": "bnVsbA==",
          "dependencies": [
            "data.pagerduty_escalation_policy.default"
          ]
        }
      ]
    },
    {
      "mode": "managed",
      "type": "pagerduty_service",
      "name": "Meuhedet",
      "provider": "provider[\"registry.terraform.io/pagerduty/pagerduty\"]",
      "instances": [
        {
          "schema_version": 0,
          "attributes": {
            "acknowledgement_timeout": "1800",
            "alert_creation": "create_incidents",
            "alert_grouping": null,
            "alert_grouping_parameters": [],
            "alert_grouping_timeout": "null",
            "auto_pause_notifications_parameters": [],
            "auto_resolve_timeout": "14400",
            "created_at": "2023-02-26T18:00:27+02:00",
            "description": "Meuhedet (meuhedet)",
            "escalation_policy": "PA57YI4",
            "html_url": "https://reblaze.pagerduty.com/service-directory/PKUKCXE",
            "id": "PKUKCXE",
            "incident_urgency_rule": [
              {
                "during_support_hours": [],
                "outside_support_hours": [],
                "type": "constant",
                "urgency": "high"
              }
            ],
            "last_incident_timestamp": "",
            "name": "Meuhedet",
            "response_play": null,
            "scheduled_actions": [],
            "status": "active",
            "support_hours": [],
            "type": "service"
          },
          "sensitive_attributes": [],
          "private": "bnVsbA==",
          "dependencies": [
            "data.pagerduty_escalation_policy.default"
          ]
        }
      ]
    },
    {
      "mode": "managed",
      "type": "pagerduty_service",
      "name": "Mfsafrica",
      "provider": "provider[\"registry.terraform.io/pagerduty/pagerduty\"]",
      "instances": [
        {
          "schema_version": 0,
          "attributes": {
            "acknowledgement_timeout": "1800",
            "alert_creation": "create_incidents",
            "alert_grouping": null,
            "alert_grouping_parameters": [],
            "alert_grouping_timeout": "null",
            "auto_pause_notifications_parameters": [],
            "auto_resolve_timeout": "14400",
            "created_at": "2023-02-26T18:01:10+02:00",
            "description": "Mfsafrica (mfsafrica)",
            "escalation_policy": "PA57YI4",
            "html_url": "https://reblaze.pagerduty.com/service-directory/PDIVXZU",
            "id": "PDIVXZU",
            "incident_urgency_rule": [
              {
                "during_support_hours": [],
                "outside_support_hours": [],
                "type": "constant",
                "urgency": "high"
              }
            ],
            "last_incident_timestamp": "",
            "name": "Mfsafrica",
            "response_play": null,
            "scheduled_actions": [],
            "status": "active",
            "support_hours": [],
            "type": "service"
          },
          "sensitive_attributes": [],
          "private": "bnVsbA==",
          "dependencies": [
            "data.pagerduty_escalation_policy.default"
          ]
        }
      ]
    },
    {
      "mode": "managed",
      "type": "pagerduty_service",
      "name": "Mgar",
      "provider": "provider[\"registry.terraform.io/pagerduty/pagerduty\"]",
      "instances": [
        {
          "schema_version": 0,
          "attributes": {
            "acknowledgement_timeout": "1800",
            "alert_creation": "create_incidents",
            "alert_grouping": null,
            "alert_grouping_parameters": [],
            "alert_grouping_timeout": "null",
            "auto_pause_notifications_parameters": [],
            "auto_resolve_timeout": "14400",
            "created_at": "2023-02-26T18:00:54+02:00",
            "description": "Mgar (mgar)",
            "escalation_policy": "PA57YI4",
            "html_url": "https://reblaze.pagerduty.com/service-directory/PXXPVUC",
            "id": "PXXPVUC",
            "incident_urgency_rule": [
              {
                "during_support_hours": [],
                "outside_support_hours": [],
                "type": "constant",
                "urgency": "high"
              }
            ],
            "last_incident_timestamp": "",
            "name": "Mgar",
            "response_play": null,
            "scheduled_actions": [],
            "status": "active",
            "support_hours": [],
            "type": "service"
          },
          "sensitive_attributes": [],
          "private": "bnVsbA==",
          "dependencies": [
            "data.pagerduty_escalation_policy.default"
          ]
        }
      ]
    },
    {
      "mode": "managed",
      "type": "pagerduty_service",
      "name": "Mifinitypay",
      "provider": "provider[\"registry.terraform.io/pagerduty/pagerduty\"]",
      "instances": [
        {
          "schema_version": 0,
          "attributes": {
            "acknowledgement_timeout": "1800",
            "alert_creation": "create_incidents",
            "alert_grouping": null,
            "alert_grouping_parameters": [],
            "alert_grouping_timeout": "null",
            "auto_pause_notifications_parameters": [],
            "auto_resolve_timeout": "14400",
            "created_at": "2023-02-26T18:00:58+02:00",
            "description": "Mifinitypay (mifinitypay)",
            "escalation_policy": "PA57YI4",
            "html_url": "https://reblaze.pagerduty.com/service-directory/PZ5510J",
            "id": "PZ5510J",
            "incident_urgency_rule": [
              {
                "during_support_hours": [],
                "outside_support_hours": [],
                "type": "constant",
                "urgency": "high"
              }
            ],
            "last_incident_timestamp": "",
            "name": "Mifinitypay",
            "response_play": null,
            "scheduled_actions": [],
            "status": "active",
            "support_hours": [],
            "type": "service"
          },
          "sensitive_attributes": [],
          "private": "bnVsbA==",
          "dependencies": [
            "data.pagerduty_escalation_policy.default"
          ]
        }
      ]
    },
    {
      "mode": "managed",
      "type": "pagerduty_service",
      "name": "Mindgeek",
      "provider": "provider[\"registry.terraform.io/pagerduty/pagerduty\"]",
      "instances": [
        {
          "schema_version": 0,
          "attributes": {
            "acknowledgement_timeout": "1800",
            "alert_creation": "create_incidents",
            "alert_grouping": null,
            "alert_grouping_parameters": [],
            "alert_grouping_timeout": "null",
            "auto_pause_notifications_parameters": [],
            "auto_resolve_timeout": "14400",
            "created_at": "2023-02-26T18:00:29+02:00",
            "description": "Mindgeek (mindgeek)",
            "escalation_policy": "PA57YI4",
            "html_url": "https://reblaze.pagerduty.com/service-directory/P7UNRY6",
            "id": "P7UNRY6",
            "incident_urgency_rule": [
              {
                "during_support_hours": [],
                "outside_support_hours": [],
                "type": "constant",
                "urgency": "high"
              }
            ],
            "last_incident_timestamp": "",
            "name": "Mindgeek",
            "response_play": null,
            "scheduled_actions": [],
            "status": "active",
            "support_hours": [],
            "type": "service"
          },
          "sensitive_attributes": [],
          "private": "bnVsbA==",
          "dependencies": [
            "data.pagerduty_escalation_policy.default"
          ]
        }
      ]
    },
    {
      "mode": "managed",
      "type": "pagerduty_service",
      "name": "Moch",
      "provider": "provider[\"registry.terraform.io/pagerduty/pagerduty\"]",
      "instances": [
        {
          "schema_version": 0,
          "attributes": {
            "acknowledgement_timeout": "1800",
            "alert_creation": "create_incidents",
            "alert_grouping": null,
            "alert_grouping_parameters": [],
            "alert_grouping_timeout": "null",
            "auto_pause_notifications_parameters": [],
            "auto_resolve_timeout": "14400",
            "created_at": "2023-02-26T18:00:47+02:00",
            "description": "Moch (moch)",
            "escalation_policy": "PA57YI4",
            "html_url": "https://reblaze.pagerduty.com/service-directory/PEY6QUP",
            "id": "PEY6QUP",
            "incident_urgency_rule": [
              {
                "during_support_hours": [],
                "outside_support_hours": [],
                "type": "constant",
                "urgency": "high"
              }
            ],
            "last_incident_timestamp": "",
            "name": "Moch",
            "response_play": null,
            "scheduled_actions": [],
            "status": "active",
            "support_hours": [],
            "type": "service"
          },
          "sensitive_attributes": [],
          "private": "bnVsbA==",
          "dependencies": [
            "data.pagerduty_escalation_policy.default"
          ]
        }
      ]
    },
    {
      "mode": "managed",
      "type": "pagerduty_service",
      "name": "Mohawk",
      "provider": "provider[\"registry.terraform.io/pagerduty/pagerduty\"]",
      "instances": [
        {
          "schema_version": 0,
          "attributes": {
            "acknowledgement_timeout": "1800",
            "alert_creation": "create_incidents",
            "alert_grouping": null,
            "alert_grouping_parameters": [],
            "alert_grouping_timeout": "null",
            "auto_pause_notifications_parameters": [],
            "auto_resolve_timeout": "14400",
            "created_at": "2023-02-26T18:00:43+02:00",
            "description": "Mohawk (mohawk)",
            "escalation_policy": "PA57YI4",
            "html_url": "https://reblaze.pagerduty.com/service-directory/POW5F4C",
            "id": "POW5F4C",
            "incident_urgency_rule": [
              {
                "during_support_hours": [],
                "outside_support_hours": [],
                "type": "constant",
                "urgency": "high"
              }
            ],
            "last_incident_timestamp": "",
            "name": "Mohawk",
            "response_play": null,
            "scheduled_actions": [],
            "status": "active",
            "support_hours": [],
            "type": "service"
          },
          "sensitive_attributes": [],
          "private": "bnVsbA==",
          "dependencies": [
            "data.pagerduty_escalation_policy.default"
          ]
        }
      ]
    },
    {
      "mode": "managed",
      "type": "pagerduty_service",
      "name": "Moovit",
      "provider": "provider[\"registry.terraform.io/pagerduty/pagerduty\"]",
      "instances": [
        {
          "schema_version": 0,
          "attributes": {
            "acknowledgement_timeout": "1800",
            "alert_creation": "create_incidents",
            "alert_grouping": null,
            "alert_grouping_parameters": [],
            "alert_grouping_timeout": "null",
            "auto_pause_notifications_parameters": [],
            "auto_resolve_timeout": "14400",
            "created_at": "2023-02-26T18:00:30+02:00",
            "description": "Moovit (moovit)",
            "escalation_policy": "PA57YI4",
            "html_url": "https://reblaze.pagerduty.com/service-directory/PR1R9KH",
            "id": "PR1R9KH",
            "incident_urgency_rule": [
              {
                "during_support_hours": [],
                "outside_support_hours": [],
                "type": "constant",
                "urgency": "high"
              }
            ],
            "last_incident_timestamp": "",
            "name": "Moovit",
            "response_play": null,
            "scheduled_actions": [],
            "status": "active",
            "support_hours": [],
            "type": "service"
          },
          "sensitive_attributes": [],
          "private": "bnVsbA==",
          "dependencies": [
            "data.pagerduty_escalation_policy.default"
          ]
        }
      ]
    },
    {
      "mode": "managed",
      "type": "pagerduty_service",
      "name": "Moovitqa",
      "provider": "provider[\"registry.terraform.io/pagerduty/pagerduty\"]",
      "instances": [
        {
          "schema_version": 0,
          "attributes": {
            "acknowledgement_timeout": "1800",
            "alert_creation": "create_incidents",
            "alert_grouping": null,
            "alert_grouping_parameters": [],
            "alert_grouping_timeout": "null",
            "auto_pause_notifications_parameters": [],
            "auto_resolve_timeout": "14400",
            "created_at": "2023-02-26T18:01:12+02:00",
            "description": "Moovitqa (moovitqa)",
            "escalation_policy": "PA57YI4",
            "html_url": "https://reblaze.pagerduty.com/service-directory/POCFODM",
            "id": "POCFODM",
            "incident_urgency_rule": [
              {
                "during_support_hours": [],
                "outside_support_hours": [],
                "type": "constant",
                "urgency": "high"
              }
            ],
            "last_incident_timestamp": "",
            "name": "Moovitqa",
            "response_play": null,
            "scheduled_actions": [],
            "status": "active",
            "support_hours": [],
            "type": "service"
          },
          "sensitive_attributes": [],
          "private": "bnVsbA==",
          "dependencies": [
            "data.pagerduty_escalation_policy.default"
          ]
        }
      ]
    },
    {
      "mode": "managed",
      "type": "pagerduty_service",
      "name": "Moovitstg",
      "provider": "provider[\"registry.terraform.io/pagerduty/pagerduty\"]",
      "instances": [
        {
          "schema_version": 0,
          "attributes": {
            "acknowledgement_timeout": "1800",
            "alert_creation": "create_incidents",
            "alert_grouping": null,
            "alert_grouping_parameters": [],
            "alert_grouping_timeout": "null",
            "auto_pause_notifications_parameters": [],
            "auto_resolve_timeout": "14400",
            "created_at": "2023-02-26T18:00:44+02:00",
            "description": "Moovitstg (moovitstg)",
            "escalation_policy": "PA57YI4",
            "html_url": "https://reblaze.pagerduty.com/service-directory/PCOIBJ3",
            "id": "PCOIBJ3",
            "incident_urgency_rule": [
              {
                "during_support_hours": [],
                "outside_support_hours": [],
                "type": "constant",
                "urgency": "high"
              }
            ],
            "last_incident_timestamp": "",
            "name": "Moovitstg",
            "response_play": null,
            "scheduled_actions": [],
            "status": "active",
            "support_hours": [],
            "type": "service"
          },
          "sensitive_attributes": [],
          "private": "bnVsbA==",
          "dependencies": [
            "data.pagerduty_escalation_policy.default"
          ]
        }
      ]
    },
    {
      "mode": "managed",
      "type": "pagerduty_service",
      "name": "Movereblaze",
      "provider": "provider[\"registry.terraform.io/pagerduty/pagerduty\"]",
      "instances": [
        {
          "schema_version": 0,
          "attributes": {
            "acknowledgement_timeout": "1800",
            "alert_creation": "create_incidents",
            "alert_grouping": null,
            "alert_grouping_parameters": [],
            "alert_grouping_timeout": "null",
            "auto_pause_notifications_parameters": [],
            "auto_resolve_timeout": "14400",
            "created_at": "2023-02-26T18:00:33+02:00",
            "description": "Movereblaze (movereblaze)",
            "escalation_policy": "PA57YI4",
            "html_url": "https://reblaze.pagerduty.com/service-directory/PWJMM8T",
            "id": "PWJMM8T",
            "incident_urgency_rule": [
              {
                "during_support_hours": [],
                "outside_support_hours": [],
                "type": "constant",
                "urgency": "high"
              }
            ],
            "last_incident_timestamp": "",
            "name": "Movereblaze",
            "response_play": null,
            "scheduled_actions": [],
            "status": "active",
            "support_hours": [],
            "type": "service"
          },
          "sensitive_attributes": [],
          "private": "bnVsbA==",
          "dependencies": [
            "data.pagerduty_escalation_policy.default"
          ]
        }
      ]
    },
    {
      "mode": "managed",
      "type": "pagerduty_service",
      "name": "Mpprodreblazeteststg",
      "provider": "provider[\"registry.terraform.io/pagerduty/pagerduty\"]",
      "instances": [
        {
          "schema_version": 0,
          "attributes": {
            "acknowledgement_timeout": "1800",
            "alert_creation": "create_incidents",
            "alert_grouping": null,
            "alert_grouping_parameters": [],
            "alert_grouping_timeout": "null",
            "auto_pause_notifications_parameters": [],
            "auto_resolve_timeout": "14400",
            "created_at": "2023-02-26T18:00:46+02:00",
            "description": "Mpprodreblazeteststg (mpprodreblazeteststg)",
            "escalation_policy": "PA57YI4",
            "html_url": "https://reblaze.pagerduty.com/service-directory/P6WHSO8",
            "id": "P6WHSO8",
            "incident_urgency_rule": [
              {
                "during_support_hours": [],
                "outside_support_hours": [],
                "type": "constant",
                "urgency": "high"
              }
            ],
            "last_incident_timestamp": "",
            "name": "Mpprodreblazeteststg",
            "response_play": null,
            "scheduled_actions": [],
            "status": "active",
            "support_hours": [],
            "type": "service"
          },
          "sensitive_attributes": [],
          "private": "bnVsbA==",
          "dependencies": [
            "data.pagerduty_escalation_policy.default"
          ]
        }
      ]
    },
    {
      "mode": "managed",
      "type": "pagerduty_service",
      "name": "Multipass",
      "provider": "provider[\"registry.terraform.io/pagerduty/pagerduty\"]",
      "instances": [
        {
          "schema_version": 0,
          "attributes": {
            "acknowledgement_timeout": "1800",
            "alert_creation": "create_incidents",
            "alert_grouping": null,
            "alert_grouping_parameters": [],
            "alert_grouping_timeout": "null",
            "auto_pause_notifications_parameters": [],
            "auto_resolve_timeout": "14400",
            "created_at": "2023-02-26T18:00:34+02:00",
            "description": "Multipass (multipass)",
            "escalation_policy": "PA57YI4",
            "html_url": "https://reblaze.pagerduty.com/service-directory/PDU3HY4",
            "id": "PDU3HY4",
            "incident_urgency_rule": [
              {
                "during_support_hours": [],
                "outside_support_hours": [],
                "type": "constant",
                "urgency": "high"
              }
            ],
            "last_incident_timestamp": "",
            "name": "Multipass",
            "response_play": null,
            "scheduled_actions": [],
            "status": "active",
            "support_hours": [],
            "type": "service"
          },
          "sensitive_attributes": [],
          "private": "bnVsbA==",
          "dependencies": [
            "data.pagerduty_escalation_policy.default"
          ]
        }
      ]
    },
    {
      "mode": "managed",
      "type": "pagerduty_service",
      "name": "Musicbuk",
      "provider": "provider[\"registry.terraform.io/pagerduty/pagerduty\"]",
      "instances": [
        {
          "schema_version": 0,
          "attributes": {
            "acknowledgement_timeout": "1800",
            "alert_creation": "create_incidents",
            "alert_grouping": null,
            "alert_grouping_parameters": [],
            "alert_grouping_timeout": "null",
            "auto_pause_notifications_parameters": [],
            "auto_resolve_timeout": "14400",
            "created_at": "2023-02-26T18:00:49+02:00",
            "description": "Musicbuk (musicbuk)",
            "escalation_policy": "PA57YI4",
            "html_url": "https://reblaze.pagerduty.com/service-directory/PT1E5O7",
            "id": "PT1E5O7",
            "incident_urgency_rule": [
              {
                "during_support_hours": [],
                "outside_support_hours": [],
                "type": "constant",
                "urgency": "high"
              }
            ],
            "last_incident_timestamp": "",
            "name": "Musicbuk",
            "response_play": null,
            "scheduled_actions": [],
            "status": "active",
            "support_hours": [],
            "type": "service"
          },
          "sensitive_attributes": [],
          "private": "bnVsbA==",
          "dependencies": [
            "data.pagerduty_escalation_policy.default"
          ]
        }
      ]
    },
    {
      "mode": "managed",
      "type": "pagerduty_service",
      "name": "Mwell",
      "provider": "provider[\"registry.terraform.io/pagerduty/pagerduty\"]",
      "instances": [
        {
          "schema_version": 0,
          "attributes": {
            "acknowledgement_timeout": "1800",
            "alert_creation": "create_incidents",
            "alert_grouping": null,
            "alert_grouping_parameters": [],
            "alert_grouping_timeout": "null",
            "auto_pause_notifications_parameters": [],
            "auto_resolve_timeout": "14400",
            "created_at": "2023-02-26T18:00:29+02:00",
            "description": "Mwell (mwell)",
            "escalation_policy": "PA57YI4",
            "html_url": "https://reblaze.pagerduty.com/service-directory/PG74VGP",
            "id": "PG74VGP",
            "incident_urgency_rule": [
              {
                "during_support_hours": [],
                "outside_support_hours": [],
                "type": "constant",
                "urgency": "high"
              }
            ],
            "last_incident_timestamp": "",
            "name": "Mwell",
            "response_play": null,
            "scheduled_actions": [],
            "status": "active",
            "support_hours": [],
            "type": "service"
          },
          "sensitive_attributes": [],
          "private": "bnVsbA==",
          "dependencies": [
            "data.pagerduty_escalation_policy.default"
          ]
        }
      ]
    },
    {
      "mode": "managed",
      "type": "pagerduty_service",
      "name": "Mycheck",
      "provider": "provider[\"registry.terraform.io/pagerduty/pagerduty\"]",
      "instances": [
        {
          "schema_version": 0,
          "attributes": {
            "acknowledgement_timeout": "1800",
            "alert_creation": "create_incidents",
            "alert_grouping": null,
            "alert_grouping_parameters": [],
            "alert_grouping_timeout": "null",
            "auto_pause_notifications_parameters": [],
            "auto_resolve_timeout": "14400",
            "created_at": "2023-02-26T18:01:10+02:00",
            "description": "Mycheck (mycheck)",
            "escalation_policy": "PA57YI4",
            "html_url": "https://reblaze.pagerduty.com/service-directory/PHUGYOH",
            "id": "PHUGYOH",
            "incident_urgency_rule": [
              {
                "during_support_hours": [],
                "outside_support_hours": [],
                "type": "constant",
                "urgency": "high"
              }
            ],
            "last_incident_timestamp": "",
            "name": "Mycheck",
            "response_play": null,
            "scheduled_actions": [],
            "status": "active",
            "support_hours": [],
            "type": "service"
          },
          "sensitive_attributes": [],
          "private": "bnVsbA==",
          "dependencies": [
            "data.pagerduty_escalation_policy.default"
          ]
        }
      ]
    },
    {
      "mode": "managed",
      "type": "pagerduty_service",
      "name": "Newrbzqa103306614922995878",
      "provider": "provider[\"registry.terraform.io/pagerduty/pagerduty\"]",
      "instances": [
        {
          "schema_version": 0,
          "attributes": {
            "acknowledgement_timeout": "1800",
            "alert_creation": "create_incidents",
            "alert_grouping": null,
            "alert_grouping_parameters": [],
            "alert_grouping_timeout": "null",
            "auto_pause_notifications_parameters": [],
            "auto_resolve_timeout": "14400",
            "created_at": "2023-02-26T18:01:14+02:00",
            "description": "Newrbzqa103306614922995878 (newrbzqa103306614922995878)",
            "escalation_policy": "PA57YI4",
            "html_url": "https://reblaze.pagerduty.com/service-directory/PRAY6RN",
            "id": "PRAY6RN",
            "incident_urgency_rule": [
              {
                "during_support_hours": [],
                "outside_support_hours": [],
                "type": "constant",
                "urgency": "high"
              }
            ],
            "last_incident_timestamp": "",
            "name": "Newrbzqa103306614922995878",
            "response_play": null,
            "scheduled_actions": [],
            "status": "active",
            "support_hours": [],
            "type": "service"
          },
          "sensitive_attributes": [],
          "private": "bnVsbA==",
          "dependencies": [
            "data.pagerduty_escalation_policy.default"
          ]
        }
      ]
    },
    {
      "mode": "managed",
      "type": "pagerduty_service",
      "name": "Northgate",
      "provider": "provider[\"registry.terraform.io/pagerduty/pagerduty\"]",
      "instances": [
        {
          "schema_version": 0,
          "attributes": {
            "acknowledgement_timeout": "1800",
            "alert_creation": "create_incidents",
            "alert_grouping": null,
            "alert_grouping_parameters": [],
            "alert_grouping_timeout": "null",
            "auto_pause_notifications_parameters": [],
            "auto_resolve_timeout": "14400",
            "created_at": "2023-02-26T18:00:42+02:00",
            "description": "Northgate (northgate)",
            "escalation_policy": "PA57YI4",
            "html_url": "https://reblaze.pagerduty.com/service-directory/P4M1JF1",
            "id": "P4M1JF1",
            "incident_urgency_rule": [
              {
                "during_support_hours": [],
                "outside_support_hours": [],
                "type": "constant",
                "urgency": "high"
              }
            ],
            "last_incident_timestamp": "",
            "name": "Northgate",
            "response_play": null,
            "scheduled_actions": [],
            "status": "active",
            "support_hours": [],
            "type": "service"
          },
          "sensitive_attributes": [],
          "private": "bnVsbA==",
          "dependencies": [
            "data.pagerduty_escalation_policy.default"
          ]
        }
      ]
    },
    {
      "mode": "managed",
      "type": "pagerduty_service",
      "name": "Notrbztestproject",
      "provider": "provider[\"registry.terraform.io/pagerduty/pagerduty\"]",
      "instances": [
        {
          "schema_version": 0,
          "attributes": {
            "acknowledgement_timeout": "1800",
            "alert_creation": "create_incidents",
            "alert_grouping": null,
            "alert_grouping_parameters": [],
            "alert_grouping_timeout": "null",
            "auto_pause_notifications_parameters": [],
            "auto_resolve_timeout": "14400",
            "created_at": "2023-02-26T18:01:10+02:00",
            "description": "Notrbztestproject (notrbztestproject)",
            "escalation_policy": "PA57YI4",
            "html_url": "https://reblaze.pagerduty.com/service-directory/P5H6ZTQ",
            "id": "P5H6ZTQ",
            "incident_urgency_rule": [
              {
                "during_support_hours": [],
                "outside_support_hours": [],
                "type": "constant",
                "urgency": "high"
              }
            ],
            "last_incident_timestamp": "",
            "name": "Notrbztestproject",
            "response_play": null,
            "scheduled_actions": [],
            "status": "active",
            "support_hours": [],
            "type": "service"
          },
          "sensitive_attributes": [],
          "private": "bnVsbA==",
          "dependencies": [
            "data.pagerduty_escalation_policy.default"
          ]
        }
      ]
    },
    {
      "mode": "managed",
      "type": "pagerduty_service",
      "name": "Nsure",
      "provider": "provider[\"registry.terraform.io/pagerduty/pagerduty\"]",
      "instances": [
        {
          "schema_version": 0,
          "attributes": {
            "acknowledgement_timeout": "1800",
            "alert_creation": "create_incidents",
            "alert_grouping": null,
            "alert_grouping_parameters": [],
            "alert_grouping_timeout": "null",
            "auto_pause_notifications_parameters": [],
            "auto_resolve_timeout": "14400",
            "created_at": "2023-02-26T18:00:47+02:00",
            "description": "Nsure (nsure)",
            "escalation_policy": "PA57YI4",
            "html_url": "https://reblaze.pagerduty.com/service-directory/PALIPEM",
            "id": "PALIPEM",
            "incident_urgency_rule": [
              {
                "during_support_hours": [],
                "outside_support_hours": [],
                "type": "constant",
                "urgency": "high"
              }
            ],
            "last_incident_timestamp": "",
            "name": "Nsure",
            "response_play": null,
            "scheduled_actions": [],
            "status": "active",
            "support_hours": [],
            "type": "service"
          },
          "sensitive_attributes": [],
          "private": "bnVsbA==",
          "dependencies": [
            "data.pagerduty_escalation_policy.default"
          ]
        }
      ]
    },
    {
      "mode": "managed",
      "type": "pagerduty_service",
      "name": "Ntuc",
      "provider": "provider[\"registry.terraform.io/pagerduty/pagerduty\"]",
      "instances": [
        {
          "schema_version": 0,
          "attributes": {
            "acknowledgement_timeout": "1800",
            "alert_creation": "create_incidents",
            "alert_grouping": null,
            "alert_grouping_parameters": [],
            "alert_grouping_timeout": "null",
            "auto_pause_notifications_parameters": [],
            "auto_resolve_timeout": "14400",
            "created_at": "2023-02-26T18:00:52+02:00",
            "description": "Ntuc (ntuc)",
            "escalation_policy": "PA57YI4",
            "html_url": "https://reblaze.pagerduty.com/service-directory/P3GGE30",
            "id": "P3GGE30",
            "incident_urgency_rule": [
              {
                "during_support_hours": [],
                "outside_support_hours": [],
                "type": "constant",
                "urgency": "high"
              }
            ],
            "last_incident_timestamp": "",
            "name": "Ntuc",
            "response_play": null,
            "scheduled_actions": [],
            "status": "active",
            "support_hours": [],
            "type": "service"
          },
          "sensitive_attributes": [],
          "private": "bnVsbA==",
          "dependencies": [
            "data.pagerduty_escalation_policy.default"
          ]
        }
      ]
    },
    {
      "mode": "managed",
      "type": "pagerduty_service",
      "name": "Olga12345",
      "provider": "provider[\"registry.terraform.io/pagerduty/pagerduty\"]",
      "instances": [
        {
          "schema_version": 0,
          "attributes": {
            "acknowledgement_timeout": "1800",
            "alert_creation": "create_incidents",
            "alert_grouping": null,
            "alert_grouping_parameters": [],
            "alert_grouping_timeout": "null",
            "auto_pause_notifications_parameters": [],
            "auto_resolve_timeout": "14400",
            "created_at": "2023-02-26T18:00:39+02:00",
            "description": "Olga12345 (olga12345)",
            "escalation_policy": "PA57YI4",
            "html_url": "https://reblaze.pagerduty.com/service-directory/P9LQ9YV",
            "id": "P9LQ9YV",
            "incident_urgency_rule": [
              {
                "during_support_hours": [],
                "outside_support_hours": [],
                "type": "constant",
                "urgency": "high"
              }
            ],
            "last_incident_timestamp": "",
            "name": "Olga12345",
            "response_play": null,
            "scheduled_actions": [],
            "status": "active",
            "support_hours": [],
            "type": "service"
          },
          "sensitive_attributes": [],
          "private": "bnVsbA==",
          "dependencies": [
            "data.pagerduty_escalation_policy.default"
          ]
        }
      ]
    },
    {
      "mode": "managed",
      "type": "pagerduty_service",
      "name": "Opaltech",
      "provider": "provider[\"registry.terraform.io/pagerduty/pagerduty\"]",
      "instances": [
        {
          "schema_version": 0,
          "attributes": {
            "acknowledgement_timeout": "1800",
            "alert_creation": "create_incidents",
            "alert_grouping": null,
            "alert_grouping_parameters": [],
            "alert_grouping_timeout": "null",
            "auto_pause_notifications_parameters": [],
            "auto_resolve_timeout": "14400",
            "created_at": "2023-02-26T18:01:03+02:00",
            "description": "Opaltech (opaltech)",
            "escalation_policy": "PA57YI4",
            "html_url": "https://reblaze.pagerduty.com/service-directory/PHN1RJE",
            "id": "PHN1RJE",
            "incident_urgency_rule": [
              {
                "during_support_hours": [],
                "outside_support_hours": [],
                "type": "constant",
                "urgency": "high"
              }
            ],
            "last_incident_timestamp": "",
            "name": "Opaltech",
            "response_play": null,
            "scheduled_actions": [],
            "status": "active",
            "support_hours": [],
            "type": "service"
          },
          "sensitive_attributes": [],
          "private": "bnVsbA==",
          "dependencies": [
            "data.pagerduty_escalation_policy.default"
          ]
        }
      ]
    },
    {
      "mode": "managed",
      "type": "pagerduty_service",
      "name": "Opencuri696928180841517713",
      "provider": "provider[\"registry.terraform.io/pagerduty/pagerduty\"]",
      "instances": [
        {
          "schema_version": 0,
          "attributes": {
            "acknowledgement_timeout": "1800",
            "alert_creation": "create_incidents",
            "alert_grouping": null,
            "alert_grouping_parameters": [],
            "alert_grouping_timeout": "null",
            "auto_pause_notifications_parameters": [],
            "auto_resolve_timeout": "14400",
            "created_at": "2023-02-26T18:01:02+02:00",
            "description": "Opencuri696928180841517713 (opencuri696928180841517713)",
            "escalation_policy": "PA57YI4",
            "html_url": "https://reblaze.pagerduty.com/service-directory/PPI0UT0",
            "id": "PPI0UT0",
            "incident_urgency_rule": [
              {
                "during_support_hours": [],
                "outside_support_hours": [],
                "type": "constant",
                "urgency": "high"
              }
            ],
            "last_incident_timestamp": "",
            "name": "Opencuri696928180841517713",
            "response_play": null,
            "scheduled_actions": [],
            "status": "active",
            "support_hours": [],
            "type": "service"
          },
          "sensitive_attributes": [],
          "private": "bnVsbA==",
          "dependencies": [
            "data.pagerduty_escalation_policy.default"
          ]
        }
      ]
    },
    {
      "mode": "managed",
      "type": "pagerduty_service",
      "name": "Openfintech",
      "provider": "provider[\"registry.terraform.io/pagerduty/pagerduty\"]",
      "instances": [
        {
          "schema_version": 0,
          "attributes": {
            "acknowledgement_timeout": "1800",
            "alert_creation": "create_incidents",
            "alert_grouping": null,
            "alert_grouping_parameters": [],
            "alert_grouping_timeout": "null",
            "auto_pause_notifications_parameters": [],
            "auto_resolve_timeout": "14400",
            "created_at": "2023-02-26T18:00:54+02:00",
            "description": "Openfintech (openfintech)",
            "escalation_policy": "PA57YI4",
            "html_url": "https://reblaze.pagerduty.com/service-directory/PTL1UFP",
            "id": "PTL1UFP",
            "incident_urgency_rule": [
              {
                "during_support_hours": [],
                "outside_support_hours": [],
                "type": "constant",
                "urgency": "high"
              }
            ],
            "last_incident_timestamp": "",
            "name": "Openfintech",
            "response_play": null,
            "scheduled_actions": [],
            "status": "active",
            "support_hours": [],
            "type": "service"
          },
          "sensitive_attributes": [],
          "private": "bnVsbA==",
          "dependencies": [
            "data.pagerduty_escalation_policy.default"
          ]
        }
      ]
    },
    {
      "mode": "managed",
      "type": "pagerduty_service",
      "name": "Openpay",
      "provider": "provider[\"registry.terraform.io/pagerduty/pagerduty\"]",
      "instances": [
        {
          "schema_version": 0,
          "attributes": {
            "acknowledgement_timeout": "1800",
            "alert_creation": "create_incidents",
            "alert_grouping": null,
            "alert_grouping_parameters": [],
            "alert_grouping_timeout": "null",
            "auto_pause_notifications_parameters": [],
            "auto_resolve_timeout": "14400",
            "created_at": "2023-02-26T18:00:29+02:00",
            "description": "Openpay (openpay)",
            "escalation_policy": "PA57YI4",
            "html_url": "https://reblaze.pagerduty.com/service-directory/PO3YSNW",
            "id": "PO3YSNW",
            "incident_urgency_rule": [
              {
                "during_support_hours": [],
                "outside_support_hours": [],
                "type": "constant",
                "urgency": "high"
              }
            ],
            "last_incident_timestamp": "",
            "name": "Openpay",
            "response_play": null,
            "scheduled_actions": [],
            "status": "active",
            "support_hours": [],
            "type": "service"
          },
          "sensitive_attributes": [],
          "private": "bnVsbA==",
          "dependencies": [
            "data.pagerduty_escalation_policy.default"
          ]
        }
      ]
    },
    {
      "mode": "managed",
      "type": "pagerduty_service",
      "name": "Orbograph",
      "provider": "provider[\"registry.terraform.io/pagerduty/pagerduty\"]",
      "instances": [
        {
          "schema_version": 0,
          "attributes": {
            "acknowledgement_timeout": "1800",
            "alert_creation": "create_incidents",
            "alert_grouping": null,
            "alert_grouping_parameters": [],
            "alert_grouping_timeout": "null",
            "auto_pause_notifications_parameters": [],
            "auto_resolve_timeout": "14400",
            "created_at": "2023-02-26T18:00:47+02:00",
            "description": "Orbograph (orbograph)",
            "escalation_policy": "PA57YI4",
            "html_url": "https://reblaze.pagerduty.com/service-directory/PXPXP2Z",
            "id": "PXPXP2Z",
            "incident_urgency_rule": [
              {
                "during_support_hours": [],
                "outside_support_hours": [],
                "type": "constant",
                "urgency": "high"
              }
            ],
            "last_incident_timestamp": "",
            "name": "Orbograph",
            "response_play": null,
            "scheduled_actions": [],
            "status": "active",
            "support_hours": [],
            "type": "service"
          },
          "sensitive_attributes": [],
          "private": "bnVsbA==",
          "dependencies": [
            "data.pagerduty_escalation_policy.default"
          ]
        }
      ]
    },
    {
      "mode": "managed",
      "type": "pagerduty_service",
      "name": "Ort",
      "provider": "provider[\"registry.terraform.io/pagerduty/pagerduty\"]",
      "instances": [
        {
          "schema_version": 0,
          "attributes": {
            "acknowledgement_timeout": "1800",
            "alert_creation": "create_incidents",
            "alert_grouping": null,
            "alert_grouping_parameters": [],
            "alert_grouping_timeout": "null",
            "auto_pause_notifications_parameters": [],
            "auto_resolve_timeout": "14400",
            "created_at": "2023-02-26T18:00:50+02:00",
            "description": "Ort (ort)",
            "escalation_policy": "PA57YI4",
            "html_url": "https://reblaze.pagerduty.com/service-directory/P84ZKHS",
            "id": "P84ZKHS",
            "incident_urgency_rule": [
              {
                "during_support_hours": [],
                "outside_support_hours": [],
                "type": "constant",
                "urgency": "high"
              }
            ],
            "last_incident_timestamp": "",
            "name": "Ort",
            "response_play": null,
            "scheduled_actions": [],
            "status": "active",
            "support_hours": [],
            "type": "service"
          },
          "sensitive_attributes": [],
          "private": "bnVsbA==",
          "dependencies": [
            "data.pagerduty_escalation_policy.default"
          ]
        }
      ]
    },
    {
      "mode": "managed",
      "type": "pagerduty_service",
      "name": "Ortil",
      "provider": "provider[\"registry.terraform.io/pagerduty/pagerduty\"]",
      "instances": [
        {
          "schema_version": 0,
          "attributes": {
            "acknowledgement_timeout": "1800",
            "alert_creation": "create_incidents",
            "alert_grouping": null,
            "alert_grouping_parameters": [],
            "alert_grouping_timeout": "null",
            "auto_pause_notifications_parameters": [],
            "auto_resolve_timeout": "14400",
            "created_at": "2023-02-26T18:00:53+02:00",
            "description": "Ortil (ortil)",
            "escalation_policy": "PA57YI4",
            "html_url": "https://reblaze.pagerduty.com/service-directory/PEFLWJS",
            "id": "PEFLWJS",
            "incident_urgency_rule": [
              {
                "during_support_hours": [],
                "outside_support_hours": [],
                "type": "constant",
                "urgency": "high"
              }
            ],
            "last_incident_timestamp": "",
            "name": "Ortil",
            "response_play": null,
            "scheduled_actions": [],
            "status": "active",
            "support_hours": [],
            "type": "service"
          },
          "sensitive_attributes": [],
          "private": "bnVsbA==",
          "dependencies": [
            "data.pagerduty_escalation_policy.default"
          ]
        }
      ]
    },
    {
      "mode": "managed",
      "type": "pagerduty_service",
      "name": "P4Refuel",
      "provider": "provider[\"registry.terraform.io/pagerduty/pagerduty\"]",
      "instances": [
        {
          "schema_version": 0,
          "attributes": {
            "acknowledgement_timeout": "1800",
            "alert_creation": "create_incidents",
            "alert_grouping": null,
            "alert_grouping_parameters": [],
            "alert_grouping_timeout": "null",
            "auto_pause_notifications_parameters": [],
            "auto_resolve_timeout": "14400",
            "created_at": "2023-02-26T18:00:40+02:00",
            "description": "P4Refuel (p4refuel)",
            "escalation_policy": "PA57YI4",
            "html_url": "https://reblaze.pagerduty.com/service-directory/PPJ648G",
            "id": "PPJ648G",
            "incident_urgency_rule": [
              {
                "during_support_hours": [],
                "outside_support_hours": [],
                "type": "constant",
                "urgency": "high"
              }
            ],
            "last_incident_timestamp": "",
            "name": "P4Refuel",
            "response_play": null,
            "scheduled_actions": [],
            "status": "active",
            "support_hours": [],
            "type": "service"
          },
          "sensitive_attributes": [],
          "private": "bnVsbA==",
          "dependencies": [
            "data.pagerduty_escalation_policy.default"
          ]
        }
      ]
    },
    {
      "mode": "managed",
      "type": "pagerduty_service",
      "name": "Panda",
      "provider": "provider[\"registry.terraform.io/pagerduty/pagerduty\"]",
      "instances": [
        {
          "schema_version": 0,
          "attributes": {
            "acknowledgement_timeout": "1800",
            "alert_creation": "create_incidents",
            "alert_grouping": null,
            "alert_grouping_parameters": [],
            "alert_grouping_timeout": "null",
            "auto_pause_notifications_parameters": [],
            "auto_resolve_timeout": "14400",
            "created_at": "2023-02-26T18:00:30+02:00",
            "description": "Panda (panda)",
            "escalation_policy": "PA57YI4",
            "html_url": "https://reblaze.pagerduty.com/service-directory/P08BQ6T",
            "id": "P08BQ6T",
            "incident_urgency_rule": [
              {
                "during_support_hours": [],
                "outside_support_hours": [],
                "type": "constant",
                "urgency": "high"
              }
            ],
            "last_incident_timestamp": "",
            "name": "Panda",
            "response_play": null,
            "scheduled_actions": [],
            "status": "active",
            "support_hours": [],
            "type": "service"
          },
          "sensitive_attributes": [],
          "private": "bnVsbA==",
          "dependencies": [
            "data.pagerduty_escalation_policy.default"
          ]
        }
      ]
    },
    {
      "mode": "managed",
      "type": "pagerduty_service",
      "name": "Pango",
      "provider": "provider[\"registry.terraform.io/pagerduty/pagerduty\"]",
      "instances": [
        {
          "schema_version": 0,
          "attributes": {
            "acknowledgement_timeout": "1800",
            "alert_creation": "create_incidents",
            "alert_grouping": null,
            "alert_grouping_parameters": [],
            "alert_grouping_timeout": "null",
            "auto_pause_notifications_parameters": [],
            "auto_resolve_timeout": "14400",
            "created_at": "2023-02-26T18:00:54+02:00",
            "description": "Pango (pango)",
            "escalation_policy": "PA57YI4",
            "html_url": "https://reblaze.pagerduty.com/service-directory/PQODU2M",
            "id": "PQODU2M",
            "incident_urgency_rule": [
              {
                "during_support_hours": [],
                "outside_support_hours": [],
                "type": "constant",
                "urgency": "high"
              }
            ],
            "last_incident_timestamp": "",
            "name": "Pango",
            "response_play": null,
            "scheduled_actions": [],
            "status": "active",
            "support_hours": [],
            "type": "service"
          },
          "sensitive_attributes": [],
          "private": "bnVsbA==",
          "dependencies": [
            "data.pagerduty_escalation_policy.default"
          ]
        }
      ]
    },
    {
      "mode": "managed",
      "type": "pagerduty_service",
      "name": "Payoneer",
      "provider": "provider[\"registry.terraform.io/pagerduty/pagerduty\"]",
      "instances": [
        {
          "schema_version": 0,
          "attributes": {
            "acknowledgement_timeout": "1800",
            "alert_creation": "create_incidents",
            "alert_grouping": null,
            "alert_grouping_parameters": [],
            "alert_grouping_timeout": "null",
            "auto_pause_notifications_parameters": [],
            "auto_resolve_timeout": "14400",
            "created_at": "2023-02-26T18:00:38+02:00",
            "description": "Payoneer (payoneer)",
            "escalation_policy": "PA57YI4",
            "html_url": "https://reblaze.pagerduty.com/service-directory/PF1JQ4O",
            "id": "PF1JQ4O",
            "incident_urgency_rule": [
              {
                "during_support_hours": [],
                "outside_support_hours": [],
                "type": "constant",
                "urgency": "high"
              }
            ],
            "last_incident_timestamp": "",
            "name": "Payoneer",
            "response_play": null,
            "scheduled_actions": [],
            "status": "active",
            "support_hours": [],
            "type": "service"
          },
          "sensitive_attributes": [],
          "private": "bnVsbA==",
          "dependencies": [
            "data.pagerduty_escalation_policy.default"
          ]
        }
      ]
    },
    {
      "mode": "managed",
      "type": "pagerduty_service",
      "name": "Payoneerx",
      "provider": "provider[\"registry.terraform.io/pagerduty/pagerduty\"]",
      "instances": [
        {
          "schema_version": 0,
          "attributes": {
            "acknowledgement_timeout": "1800",
            "alert_creation": "create_incidents",
            "alert_grouping": null,
            "alert_grouping_parameters": [],
            "alert_grouping_timeout": "null",
            "auto_pause_notifications_parameters": [],
            "auto_resolve_timeout": "14400",
            "created_at": "2023-02-26T18:00:57+02:00",
            "description": "Payoneerx (payoneerx)",
            "escalation_policy": "PA57YI4",
            "html_url": "https://reblaze.pagerduty.com/service-directory/PW7P6QY",
            "id": "PW7P6QY",
            "incident_urgency_rule": [
              {
                "during_support_hours": [],
                "outside_support_hours": [],
                "type": "constant",
                "urgency": "high"
              }
            ],
            "last_incident_timestamp": "",
            "name": "Payoneerx",
            "response_play": null,
            "scheduled_actions": [],
            "status": "active",
            "support_hours": [],
            "type": "service"
          },
          "sensitive_attributes": [],
          "private": "bnVsbA==",
          "dependencies": [
            "data.pagerduty_escalation_policy.default"
          ]
        }
      ]
    },
    {
      "mode": "managed",
      "type": "pagerduty_service",
      "name": "Payoneerxstg",
      "provider": "provider[\"registry.terraform.io/pagerduty/pagerduty\"]",
      "instances": [
        {
          "schema_version": 0,
          "attributes": {
            "acknowledgement_timeout": "1800",
            "alert_creation": "create_incidents",
            "alert_grouping": null,
            "alert_grouping_parameters": [],
            "alert_grouping_timeout": "null",
            "auto_pause_notifications_parameters": [],
            "auto_resolve_timeout": "14400",
            "created_at": "2023-02-26T18:00:37+02:00",
            "description": "Payoneerxstg (payoneerxstg)",
            "escalation_policy": "PA57YI4",
            "html_url": "https://reblaze.pagerduty.com/service-directory/PR96TPK",
            "id": "PR96TPK",
            "incident_urgency_rule": [
              {
                "during_support_hours": [],
                "outside_support_hours": [],
                "type": "constant",
                "urgency": "high"
              }
            ],
            "last_incident_timestamp": "",
            "name": "Payoneerxstg",
            "response_play": null,
            "scheduled_actions": [],
            "status": "active",
            "support_hours": [],
            "type": "service"
          },
          "sensitive_attributes": [],
          "private": "bnVsbA==",
          "dependencies": [
            "data.pagerduty_escalation_policy.default"
          ]
        }
      ]
    },
    {
      "mode": "managed",
      "type": "pagerduty_service",
      "name": "Platformsh",
      "provider": "provider[\"registry.terraform.io/pagerduty/pagerduty\"]",
      "instances": [
        {
          "schema_version": 0,
          "attributes": {
            "acknowledgement_timeout": "1800",
            "alert_creation": "create_incidents",
            "alert_grouping": null,
            "alert_grouping_parameters": [],
            "alert_grouping_timeout": "null",
            "auto_pause_notifications_parameters": [],
            "auto_resolve_timeout": "14400",
            "created_at": "2023-02-26T18:00:38+02:00",
            "description": "Platformsh (platformsh)",
            "escalation_policy": "PA57YI4",
            "html_url": "https://reblaze.pagerduty.com/service-directory/PBSYPRL",
            "id": "PBSYPRL",
            "incident_urgency_rule": [
              {
                "during_support_hours": [],
                "outside_support_hours": [],
                "type": "constant",
                "urgency": "high"
              }
            ],
            "last_incident_timestamp": "",
            "name": "Platformsh",
            "response_play": null,
            "scheduled_actions": [],
            "status": "active",
            "support_hours": [],
            "type": "service"
          },
          "sensitive_attributes": [],
          "private": "bnVsbA==",
          "dependencies": [
            "data.pagerduty_escalation_policy.default"
          ]
        }
      ]
    },
    {
      "mode": "managed",
      "type": "pagerduty_service",
      "name": "Pm",
      "provider": "provider[\"registry.terraform.io/pagerduty/pagerduty\"]",
      "instances": [
        {
          "schema_version": 0,
          "attributes": {
            "acknowledgement_timeout": "1800",
            "alert_creation": "create_incidents",
            "alert_grouping": null,
            "alert_grouping_parameters": [],
            "alert_grouping_timeout": "null",
            "auto_pause_notifications_parameters": [],
            "auto_resolve_timeout": "14400",
            "created_at": "2023-02-26T18:00:38+02:00",
            "description": "Pm (pm)",
            "escalation_policy": "PA57YI4",
            "html_url": "https://reblaze.pagerduty.com/service-directory/P3R9R8H",
            "id": "P3R9R8H",
            "incident_urgency_rule": [
              {
                "during_support_hours": [],
                "outside_support_hours": [],
                "type": "constant",
                "urgency": "high"
              }
            ],
            "last_incident_timestamp": "",
            "name": "Pm",
            "response_play": null,
            "scheduled_actions": [],
            "status": "active",
            "support_hours": [],
            "type": "service"
          },
          "sensitive_attributes": [],
          "private": "bnVsbA==",
          "dependencies": [
            "data.pagerduty_escalation_policy.default"
          ]
        }
      ]
    },
    {
      "mode": "managed",
      "type": "pagerduty_service",
      "name": "Pnistg",
      "provider": "provider[\"registry.terraform.io/pagerduty/pagerduty\"]",
      "instances": [
        {
          "schema_version": 0,
          "attributes": {
            "acknowledgement_timeout": "1800",
            "alert_creation": "create_incidents",
            "alert_grouping": null,
            "alert_grouping_parameters": [],
            "alert_grouping_timeout": "null",
            "auto_pause_notifications_parameters": [],
            "auto_resolve_timeout": "14400",
            "created_at": "2023-02-26T18:00:48+02:00",
            "description": "Pnistg (pnistg)",
            "escalation_policy": "PA57YI4",
            "html_url": "https://reblaze.pagerduty.com/service-directory/PHVM84A",
            "id": "PHVM84A",
            "incident_urgency_rule": [
              {
                "during_support_hours": [],
                "outside_support_hours": [],
                "type": "constant",
                "urgency": "high"
              }
            ],
            "last_incident_timestamp": "",
            "name": "Pnistg",
            "response_play": null,
            "scheduled_actions": [],
            "status": "active",
            "support_hours": [],
            "type": "service"
          },
          "sensitive_attributes": [],
          "private": "bnVsbA==",
          "dependencies": [
            "data.pagerduty_escalation_policy.default"
          ]
        }
      ]
    },
    {
      "mode": "managed",
      "type": "pagerduty_service",
      "name": "Pnivpd7K5Tsndoom",
      "provider": "provider[\"registry.terraform.io/pagerduty/pagerduty\"]",
      "instances": [
        {
          "schema_version": 0,
          "attributes": {
            "acknowledgement_timeout": "1800",
            "alert_creation": "create_incidents",
            "alert_grouping": null,
            "alert_grouping_parameters": [],
            "alert_grouping_timeout": "null",
            "auto_pause_notifications_parameters": [],
            "auto_resolve_timeout": "14400",
            "created_at": "2023-02-26T18:00:57+02:00",
            "description": "Pnivpd7K5Tsndoom (pnivpd7k5tsndoom)",
            "escalation_policy": "PA57YI4",
            "html_url": "https://reblaze.pagerduty.com/service-directory/PK0234M",
            "id": "PK0234M",
            "incident_urgency_rule": [
              {
                "during_support_hours": [],
                "outside_support_hours": [],
                "type": "constant",
                "urgency": "high"
              }
            ],
            "last_incident_timestamp": "",
            "name": "Pnivpd7K5Tsndoom",
            "response_play": null,
            "scheduled_actions": [],
            "status": "active",
            "support_hours": [],
            "type": "service"
          },
          "sensitive_attributes": [],
          "private": "bnVsbA==",
          "dependencies": [
            "data.pagerduty_escalation_policy.default"
          ]
        }
      ]
    },
    {
      "mode": "managed",
      "type": "pagerduty_service",
      "name": "Pointer",
      "provider": "provider[\"registry.terraform.io/pagerduty/pagerduty\"]",
      "instances": [
        {
          "schema_version": 0,
          "attributes": {
            "acknowledgement_timeout": "1800",
            "alert_creation": "create_incidents",
            "alert_grouping": null,
            "alert_grouping_parameters": [],
            "alert_grouping_timeout": "null",
            "auto_pause_notifications_parameters": [],
            "auto_resolve_timeout": "14400",
            "created_at": "2023-02-26T18:00:57+02:00",
            "description": "Pointer (pointer)",
            "escalation_policy": "PA57YI4",
            "html_url": "https://reblaze.pagerduty.com/service-directory/P13G2HF",
            "id": "P13G2HF",
            "incident_urgency_rule": [
              {
                "during_support_hours": [],
                "outside_support_hours": [],
                "type": "constant",
                "urgency": "high"
              }
            ],
            "last_incident_timestamp": "",
            "name": "Pointer",
            "response_play": null,
            "scheduled_actions": [],
            "status": "active",
            "support_hours": [],
            "type": "service"
          },
          "sensitive_attributes": [],
          "private": "bnVsbA==",
          "dependencies": [
            "data.pagerduty_escalation_policy.default"
          ]
        }
      ]
    },
    {
      "mode": "managed",
      "type": "pagerduty_service",
      "name": "Popmart",
      "provider": "provider[\"registry.terraform.io/pagerduty/pagerduty\"]",
      "instances": [
        {
          "schema_version": 0,
          "attributes": {
            "acknowledgement_timeout": "1800",
            "alert_creation": "create_incidents",
            "alert_grouping": null,
            "alert_grouping_parameters": [],
            "alert_grouping_timeout": "null",
            "auto_pause_notifications_parameters": [],
            "auto_resolve_timeout": "14400",
            "created_at": "2023-02-26T18:01:04+02:00",
            "description": "Popmart (popmart)",
            "escalation_policy": "PA57YI4",
            "html_url": "https://reblaze.pagerduty.com/service-directory/PSFGP3O",
            "id": "PSFGP3O",
            "incident_urgency_rule": [
              {
                "during_support_hours": [],
                "outside_support_hours": [],
                "type": "constant",
                "urgency": "high"
              }
            ],
            "last_incident_timestamp": "",
            "name": "Popmart",
            "response_play": null,
            "scheduled_actions": [],
            "status": "active",
            "support_hours": [],
            "type": "service"
          },
          "sensitive_attributes": [],
          "private": "bnVsbA==",
          "dependencies": [
            "data.pagerduty_escalation_policy.default"
          ]
        }
      ]
    },
    {
      "mode": "managed",
      "type": "pagerduty_service",
      "name": "Pplprodfephx2",
      "provider": "provider[\"registry.terraform.io/pagerduty/pagerduty\"]",
      "instances": [
        {
          "schema_version": 0,
          "attributes": {
            "acknowledgement_timeout": "1800",
            "alert_creation": "create_incidents",
            "alert_grouping": null,
            "alert_grouping_parameters": [],
            "alert_grouping_timeout": "null",
            "auto_pause_notifications_parameters": [],
            "auto_resolve_timeout": "14400",
            "created_at": "2023-02-26T18:00:54+02:00",
            "description": "Pplprodfephx2 (pplprodfephx2)",
            "escalation_policy": "PA57YI4",
            "html_url": "https://reblaze.pagerduty.com/service-directory/PLQ2S93",
            "id": "PLQ2S93",
            "incident_urgency_rule": [
              {
                "during_support_hours": [],
                "outside_support_hours": [],
                "type": "constant",
                "urgency": "high"
              }
            ],
            "last_incident_timestamp": "",
            "name": "Pplprodfephx2",
            "response_play": null,
            "scheduled_actions": [],
            "status": "active",
            "support_hours": [],
            "type": "service"
          },
          "sensitive_attributes": [],
          "private": "bnVsbA==",
          "dependencies": [
            "data.pagerduty_escalation_policy.default"
          ]
        }
      ]
    },
    {
      "mode": "managed",
      "type": "pagerduty_service",
      "name": "Ppluatfephx2",
      "provider": "provider[\"registry.terraform.io/pagerduty/pagerduty\"]",
      "instances": [
        {
          "schema_version": 0,
          "attributes": {
            "acknowledgement_timeout": "1800",
            "alert_creation": "create_incidents",
            "alert_grouping": null,
            "alert_grouping_parameters": [],
            "alert_grouping_timeout": "null",
            "auto_pause_notifications_parameters": [],
            "auto_resolve_timeout": "14400",
            "created_at": "2023-02-26T18:00:27+02:00",
            "description": "Ppluatfephx2 (ppluatfephx2)",
            "escalation_policy": "PA57YI4",
            "html_url": "https://reblaze.pagerduty.com/service-directory/P1YBCNX",
            "id": "P1YBCNX",
            "incident_urgency_rule": [
              {
                "during_support_hours": [],
                "outside_support_hours": [],
                "type": "constant",
                "urgency": "high"
              }
            ],
            "last_incident_timestamp": "",
            "name": "Ppluatfephx2",
            "response_play": null,
            "scheduled_actions": [],
            "status": "active",
            "support_hours": [],
            "type": "service"
          },
          "sensitive_attributes": [],
          "private": "bnVsbA==",
          "dependencies": [
            "data.pagerduty_escalation_policy.default"
          ]
        }
      ]
    },
    {
      "mode": "managed",
      "type": "pagerduty_service",
      "name": "Prefectprode1E512",
      "provider": "provider[\"registry.terraform.io/pagerduty/pagerduty\"]",
      "instances": [
        {
          "schema_version": 0,
          "attributes": {
            "acknowledgement_timeout": "1800",
            "alert_creation": "create_incidents",
            "alert_grouping": null,
            "alert_grouping_parameters": [],
            "alert_grouping_timeout": "null",
            "auto_pause_notifications_parameters": [],
            "auto_resolve_timeout": "14400",
            "created_at": "2023-02-26T18:00:56+02:00",
            "description": "Prefectprode1E512 (prefectprode1e512)",
            "escalation_policy": "PA57YI4",
            "html_url": "https://reblaze.pagerduty.com/service-directory/PDSL7FO",
            "id": "PDSL7FO",
            "incident_urgency_rule": [
              {
                "during_support_hours": [],
                "outside_support_hours": [],
                "type": "constant",
                "urgency": "high"
              }
            ],
            "last_incident_timestamp": "",
            "name": "Prefectprode1E512",
            "response_play": null,
            "scheduled_actions": [],
            "status": "active",
            "support_hours": [],
            "type": "service"
          },
          "sensitive_attributes": [],
          "private": "bnVsbA==",
          "dependencies": [
            "data.pagerduty_escalation_policy.default"
          ]
        }
      ]
    },
    {
      "mode": "managed",
      "type": "pagerduty_service",
      "name": "Priority",
      "provider": "provider[\"registry.terraform.io/pagerduty/pagerduty\"]",
      "instances": [
        {
          "schema_version": 0,
          "attributes": {
            "acknowledgement_timeout": "1800",
            "alert_creation": "create_incidents",
            "alert_grouping": null,
            "alert_grouping_parameters": [],
            "alert_grouping_timeout": "null",
            "auto_pause_notifications_parameters": [],
            "auto_resolve_timeout": "14400",
            "created_at": "2023-02-26T18:01:12+02:00",
            "description": "Priority (priority)",
            "escalation_policy": "PA57YI4",
            "html_url": "https://reblaze.pagerduty.com/service-directory/PZXCQI2",
            "id": "PZXCQI2",
            "incident_urgency_rule": [
              {
                "during_support_hours": [],
                "outside_support_hours": [],
                "type": "constant",
                "urgency": "high"
              }
            ],
            "last_incident_timestamp": "",
            "name": "Priority",
            "response_play": null,
            "scheduled_actions": [],
            "status": "active",
            "support_hours": [],
            "type": "service"
          },
          "sensitive_attributes": [],
          "private": "bnVsbA==",
          "dependencies": [
            "data.pagerduty_escalation_policy.default"
          ]
        }
      ]
    },
    {
      "mode": "managed",
      "type": "pagerduty_service",
      "name": "Proficio",
      "provider": "provider[\"registry.terraform.io/pagerduty/pagerduty\"]",
      "instances": [
        {
          "schema_version": 0,
          "attributes": {
            "acknowledgement_timeout": "1800",
            "alert_creation": "create_incidents",
            "alert_grouping": null,
            "alert_grouping_parameters": [],
            "alert_grouping_timeout": "null",
            "auto_pause_notifications_parameters": [],
            "auto_resolve_timeout": "14400",
            "created_at": "2023-02-26T18:00:39+02:00",
            "description": "Proficio (proficio)",
            "escalation_policy": "PA57YI4",
            "html_url": "https://reblaze.pagerduty.com/service-directory/PQXBNNI",
            "id": "PQXBNNI",
            "incident_urgency_rule": [
              {
                "during_support_hours": [],
                "outside_support_hours": [],
                "type": "constant",
                "urgency": "high"
              }
            ],
            "last_incident_timestamp": "",
            "name": "Proficio",
            "response_play": null,
            "scheduled_actions": [],
            "status": "active",
            "support_hours": [],
            "type": "service"
          },
          "sensitive_attributes": [],
          "private": "bnVsbA==",
          "dependencies": [
            "data.pagerduty_escalation_policy.default"
          ]
        }
      ]
    },
    {
      "mode": "managed",
      "type": "pagerduty_service",
      "name": "Prudent",
      "provider": "provider[\"registry.terraform.io/pagerduty/pagerduty\"]",
      "instances": [
        {
          "schema_version": 0,
          "attributes": {
            "acknowledgement_timeout": "1800",
            "alert_creation": "create_incidents",
            "alert_grouping": null,
            "alert_grouping_parameters": [],
            "alert_grouping_timeout": "null",
            "auto_pause_notifications_parameters": [],
            "auto_resolve_timeout": "14400",
            "created_at": "2023-02-26T18:00:54+02:00",
            "description": "Prudent (prudent)",
            "escalation_policy": "PA57YI4",
            "html_url": "https://reblaze.pagerduty.com/service-directory/P2TGRLJ",
            "id": "P2TGRLJ",
            "incident_urgency_rule": [
              {
                "during_support_hours": [],
                "outside_support_hours": [],
                "type": "constant",
                "urgency": "high"
              }
            ],
            "last_incident_timestamp": "",
            "name": "Prudent",
            "response_play": null,
            "scheduled_actions": [],
            "status": "active",
            "support_hours": [],
            "type": "service"
          },
          "sensitive_attributes": [],
          "private": "bnVsbA==",
          "dependencies": [
            "data.pagerduty_escalation_policy.default"
          ]
        }
      ]
    },
    {
      "mode": "managed",
      "type": "pagerduty_service",
      "name": "Purplle",
      "provider": "provider[\"registry.terraform.io/pagerduty/pagerduty\"]",
      "instances": [
        {
          "schema_version": 0,
          "attributes": {
            "acknowledgement_timeout": "1800",
            "alert_creation": "create_incidents",
            "alert_grouping": null,
            "alert_grouping_parameters": [],
            "alert_grouping_timeout": "null",
            "auto_pause_notifications_parameters": [],
            "auto_resolve_timeout": "14400",
            "created_at": "2023-02-26T18:00:40+02:00",
            "description": "Purplle (purplle)",
            "escalation_policy": "PA57YI4",
            "html_url": "https://reblaze.pagerduty.com/service-directory/P99I3WT",
            "id": "P99I3WT",
            "incident_urgency_rule": [
              {
                "during_support_hours": [],
                "outside_support_hours": [],
                "type": "constant",
                "urgency": "high"
              }
            ],
            "last_incident_timestamp": "",
            "name": "Purplle",
            "response_play": null,
            "scheduled_actions": [],
            "status": "active",
            "support_hours": [],
            "type": "service"
          },
          "sensitive_attributes": [],
          "private": "bnVsbA==",
          "dependencies": [
            "data.pagerduty_escalation_policy.default"
          ]
        }
      ]
    },
    {
      "mode": "managed",
      "type": "pagerduty_service",
      "name": "Qa21210",
      "provider": "provider[\"registry.terraform.io/pagerduty/pagerduty\"]",
      "instances": [
        {
          "schema_version": 0,
          "attributes": {
            "acknowledgement_timeout": "1800",
            "alert_creation": "create_incidents",
            "alert_grouping": null,
            "alert_grouping_parameters": [],
            "alert_grouping_timeout": "null",
            "auto_pause_notifications_parameters": [],
            "auto_resolve_timeout": "14400",
            "created_at": "2023-02-26T18:00:31+02:00",
            "description": "Qa21210 (qa21210)",
            "escalation_policy": "PA57YI4",
            "html_url": "https://reblaze.pagerduty.com/service-directory/PITS7RY",
            "id": "PITS7RY",
            "incident_urgency_rule": [
              {
                "during_support_hours": [],
                "outside_support_hours": [],
                "type": "constant",
                "urgency": "high"
              }
            ],
            "last_incident_timestamp": "",
            "name": "Qa21210",
            "response_play": null,
            "scheduled_actions": [],
            "status": "active",
            "support_hours": [],
            "type": "service"
          },
          "sensitive_attributes": [],
          "private": "bnVsbA==",
          "dependencies": [
            "data.pagerduty_escalation_policy.default"
          ]
        }
      ]
    },
    {
      "mode": "managed",
      "type": "pagerduty_service",
      "name": "Qa21210Y",
      "provider": "provider[\"registry.terraform.io/pagerduty/pagerduty\"]",
      "instances": [
        {
          "schema_version": 0,
          "attributes": {
            "acknowledgement_timeout": "1800",
            "alert_creation": "create_incidents",
            "alert_grouping": null,
            "alert_grouping_parameters": [],
            "alert_grouping_timeout": "null",
            "auto_pause_notifications_parameters": [],
            "auto_resolve_timeout": "14400",
            "created_at": "2023-02-26T18:00:50+02:00",
            "description": "Qa21210Y (qa21210y)",
            "escalation_policy": "PA57YI4",
            "html_url": "https://reblaze.pagerduty.com/service-directory/PZYI0AI",
            "id": "PZYI0AI",
            "incident_urgency_rule": [
              {
                "during_support_hours": [],
                "outside_support_hours": [],
                "type": "constant",
                "urgency": "high"
              }
            ],
            "last_incident_timestamp": "",
            "name": "Qa21210Y",
            "response_play": null,
            "scheduled_actions": [],
            "status": "active",
            "support_hours": [],
            "type": "service"
          },
          "sensitive_attributes": [],
          "private": "bnVsbA==",
          "dependencies": [
            "data.pagerduty_escalation_policy.default"
          ]
        }
      ]
    },
    {
      "mode": "managed",
      "type": "pagerduty_service",
      "name": "Qa21212",
      "provider": "provider[\"registry.terraform.io/pagerduty/pagerduty\"]",
      "instances": [
        {
          "schema_version": 0,
          "attributes": {
            "acknowledgement_timeout": "1800",
            "alert_creation": "create_incidents",
            "alert_grouping": null,
            "alert_grouping_parameters": [],
            "alert_grouping_timeout": "null",
            "auto_pause_notifications_parameters": [],
            "auto_resolve_timeout": "14400",
            "created_at": "2023-02-26T18:00:36+02:00",
            "description": "Qa21212 (qa21212)",
            "escalation_policy": "PA57YI4",
            "html_url": "https://reblaze.pagerduty.com/service-directory/PZ6NAGC",
            "id": "PZ6NAGC",
            "incident_urgency_rule": [
              {
                "during_support_hours": [],
                "outside_support_hours": [],
                "type": "constant",
                "urgency": "high"
              }
            ],
            "last_incident_timestamp": "",
            "name": "Qa21212",
            "response_play": null,
            "scheduled_actions": [],
            "status": "active",
            "support_hours": [],
            "type": "service"
          },
          "sensitive_attributes": [],
          "private": "bnVsbA==",
          "dependencies": [
            "data.pagerduty_escalation_policy.default"
          ]
        }
      ]
    },
    {
      "mode": "managed",
      "type": "pagerduty_service",
      "name": "Qa2126",
      "provider": "provider[\"registry.terraform.io/pagerduty/pagerduty\"]",
      "instances": [
        {
          "schema_version": 0,
          "attributes": {
            "acknowledgement_timeout": "1800",
            "alert_creation": "create_incidents",
            "alert_grouping": null,
            "alert_grouping_parameters": [],
            "alert_grouping_timeout": "null",
            "auto_pause_notifications_parameters": [],
            "auto_resolve_timeout": "14400",
            "created_at": "2023-02-26T18:00:50+02:00",
            "description": "Qa2126 (qa2126)",
            "escalation_policy": "PA57YI4",
            "html_url": "https://reblaze.pagerduty.com/service-directory/P0J0JSC",
            "id": "P0J0JSC",
            "incident_urgency_rule": [
              {
                "during_support_hours": [],
                "outside_support_hours": [],
                "type": "constant",
                "urgency": "high"
              }
            ],
            "last_incident_timestamp": "",
            "name": "Qa2126",
            "response_play": null,
            "scheduled_actions": [],
            "status": "active",
            "support_hours": [],
            "type": "service"
          },
          "sensitive_attributes": [],
          "private": "bnVsbA==",
          "dependencies": [
            "data.pagerduty_escalation_policy.default"
          ]
        }
      ]
    },
    {
      "mode": "managed",
      "type": "pagerduty_service",
      "name": "Qa21260G",
      "provider": "provider[\"registry.terraform.io/pagerduty/pagerduty\"]",
      "instances": [
        {
          "schema_version": 0,
          "attributes": {
            "acknowledgement_timeout": "1800",
            "alert_creation": "create_incidents",
            "alert_grouping": null,
            "alert_grouping_parameters": [],
            "alert_grouping_timeout": "null",
            "auto_pause_notifications_parameters": [],
            "auto_resolve_timeout": "14400",
            "created_at": "2023-02-26T18:00:46+02:00",
            "description": "Qa21260G (qa21260g)",
            "escalation_policy": "PA57YI4",
            "html_url": "https://reblaze.pagerduty.com/service-directory/PQFTTCL",
            "id": "PQFTTCL",
            "incident_urgency_rule": [
              {
                "during_support_hours": [],
                "outside_support_hours": [],
                "type": "constant",
                "urgency": "high"
              }
            ],
            "last_incident_timestamp": "",
            "name": "Qa21260G",
            "response_play": null,
            "scheduled_actions": [],
            "status": "active",
            "support_hours": [],
            "type": "service"
          },
          "sensitive_attributes": [],
          "private": "bnVsbA==",
          "dependencies": [
            "data.pagerduty_escalation_policy.default"
          ]
        }
      ]
    },
    {
      "mode": "managed",
      "type": "pagerduty_service",
      "name": "Qa2128",
      "provider": "provider[\"registry.terraform.io/pagerduty/pagerduty\"]",
      "instances": [
        {
          "schema_version": 0,
          "attributes": {
            "acknowledgement_timeout": "1800",
            "alert_creation": "create_incidents",
            "alert_grouping": null,
            "alert_grouping_parameters": [],
            "alert_grouping_timeout": "null",
            "auto_pause_notifications_parameters": [],
            "auto_resolve_timeout": "14400",
            "created_at": "2023-02-26T18:00:48+02:00",
            "description": "Qa2128 (qa2128)",
            "escalation_policy": "PA57YI4",
            "html_url": "https://reblaze.pagerduty.com/service-directory/PWB260X",
            "id": "PWB260X",
            "incident_urgency_rule": [
              {
                "during_support_hours": [],
                "outside_support_hours": [],
                "type": "constant",
                "urgency": "high"
              }
            ],
            "last_incident_timestamp": "",
            "name": "Qa2128",
            "response_play": null,
            "scheduled_actions": [],
            "status": "active",
            "support_hours": [],
            "type": "service"
          },
          "sensitive_attributes": [],
          "private": "bnVsbA==",
          "dependencies": [
            "data.pagerduty_escalation_policy.default"
          ]
        }
      ]
    },
    {
      "mode": "managed",
      "type": "pagerduty_service",
      "name": "Qa2140D",
      "provider": "provider[\"registry.terraform.io/pagerduty/pagerduty\"]",
      "instances": [
        {
          "schema_version": 0,
          "attributes": {
            "acknowledgement_timeout": "1800",
            "alert_creation": "create_incidents",
            "alert_grouping": null,
            "alert_grouping_parameters": [],
            "alert_grouping_timeout": "null",
            "auto_pause_notifications_parameters": [],
            "auto_resolve_timeout": "14400",
            "created_at": "2023-02-26T18:00:43+02:00",
            "description": "Qa2140D (qa2140d)",
            "escalation_policy": "PA57YI4",
            "html_url": "https://reblaze.pagerduty.com/service-directory/P0B8D0Z",
            "id": "P0B8D0Z",
            "incident_urgency_rule": [
              {
                "during_support_hours": [],
                "outside_support_hours": [],
                "type": "constant",
                "urgency": "high"
              }
            ],
            "last_incident_timestamp": "",
            "name": "Qa2140D",
            "response_play": null,
            "scheduled_actions": [],
            "status": "active",
            "support_hours": [],
            "type": "service"
          },
          "sensitive_attributes": [],
          "private": "bnVsbA==",
          "dependencies": [
            "data.pagerduty_escalation_policy.default"
          ]
        }
      ]
    },
    {
      "mode": "managed",
      "type": "pagerduty_service",
      "name": "Qa2140E",
      "provider": "provider[\"registry.terraform.io/pagerduty/pagerduty\"]",
      "instances": [
        {
          "schema_version": 0,
          "attributes": {
            "acknowledgement_timeout": "1800",
            "alert_creation": "create_incidents",
            "alert_grouping": null,
            "alert_grouping_parameters": [],
            "alert_grouping_timeout": "null",
            "auto_pause_notifications_parameters": [],
            "auto_resolve_timeout": "14400",
            "created_at": "2023-02-26T18:00:44+02:00",
            "description": "Qa2140E (qa2140e)",
            "escalation_policy": "PA57YI4",
            "html_url": "https://reblaze.pagerduty.com/service-directory/PFL6CYT",
            "id": "PFL6CYT",
            "incident_urgency_rule": [
              {
                "during_support_hours": [],
                "outside_support_hours": [],
                "type": "constant",
                "urgency": "high"
              }
            ],
            "last_incident_timestamp": "",
            "name": "Qa2140E",
            "response_play": null,
            "scheduled_actions": [],
            "status": "active",
            "support_hours": [],
            "type": "service"
          },
          "sensitive_attributes": [],
          "private": "bnVsbA==",
          "dependencies": [
            "data.pagerduty_escalation_policy.default"
          ]
        }
      ]
    },
    {
      "mode": "managed",
      "type": "pagerduty_service",
      "name": "Qaolga3953602350965345",
      "provider": "provider[\"registry.terraform.io/pagerduty/pagerduty\"]",
      "instances": [
        {
          "schema_version": 0,
          "attributes": {
            "acknowledgement_timeout": "1800",
            "alert_creation": "create_incidents",
            "alert_grouping": null,
            "alert_grouping_parameters": [],
            "alert_grouping_timeout": "null",
            "auto_pause_notifications_parameters": [],
            "auto_resolve_timeout": "14400",
            "created_at": "2023-02-26T18:00:39+02:00",
            "description": "Qaolga3953602350965345 (qaolga3953602350965345)",
            "escalation_policy": "PA57YI4",
            "html_url": "https://reblaze.pagerduty.com/service-directory/P6P28J5",
            "id": "P6P28J5",
            "incident_urgency_rule": [
              {
                "during_support_hours": [],
                "outside_support_hours": [],
                "type": "constant",
                "urgency": "high"
              }
            ],
            "last_incident_timestamp": "",
            "name": "Qaolga3953602350965345",
            "response_play": null,
            "scheduled_actions": [],
            "status": "active",
            "support_hours": [],
            "type": "service"
          },
          "sensitive_attributes": [],
          "private": "bnVsbA==",
          "dependencies": [
            "data.pagerduty_escalation_policy.default"
          ]
        }
      ]
    },
    {
      "mode": "managed",
      "type": "pagerduty_service",
      "name": "Qavadim847914756549420121",
      "provider": "provider[\"registry.terraform.io/pagerduty/pagerduty\"]",
      "instances": [
        {
          "schema_version": 0,
          "attributes": {
            "acknowledgement_timeout": "1800",
            "alert_creation": "create_incidents",
            "alert_grouping": null,
            "alert_grouping_parameters": [],
            "alert_grouping_timeout": "null",
            "auto_pause_notifications_parameters": [],
            "auto_resolve_timeout": "14400",
            "created_at": "2023-02-26T18:00:35+02:00",
            "description": "Qavadim847914756549420121 (qavadim847914756549420121)",
            "escalation_policy": "PA57YI4",
            "html_url": "https://reblaze.pagerduty.com/service-directory/PSZ6FU1",
            "id": "PSZ6FU1",
            "incident_urgency_rule": [
              {
                "during_support_hours": [],
                "outside_support_hours": [],
                "type": "constant",
                "urgency": "high"
              }
            ],
            "last_incident_timestamp": "",
            "name": "Qavadim847914756549420121",
            "response_play": null,
            "scheduled_actions": [],
            "status": "active",
            "support_hours": [],
            "type": "service"
          },
          "sensitive_attributes": [],
          "private": "bnVsbA==",
          "dependencies": [
            "data.pagerduty_escalation_policy.default"
          ]
        }
      ]
    },
    {
      "mode": "managed",
      "type": "pagerduty_service",
      "name": "Qnomy",
      "provider": "provider[\"registry.terraform.io/pagerduty/pagerduty\"]",
      "instances": [
        {
          "schema_version": 0,
          "attributes": {
            "acknowledgement_timeout": "1800",
            "alert_creation": "create_incidents",
            "alert_grouping": null,
            "alert_grouping_parameters": [],
            "alert_grouping_timeout": "null",
            "auto_pause_notifications_parameters": [],
            "auto_resolve_timeout": "14400",
            "created_at": "2023-02-26T18:00:43+02:00",
            "description": "Qnomy (qnomy)",
            "escalation_policy": "PA57YI4",
            "html_url": "https://reblaze.pagerduty.com/service-directory/PGZBIAV",
            "id": "PGZBIAV",
            "incident_urgency_rule": [
              {
                "during_support_hours": [],
                "outside_support_hours": [],
                "type": "constant",
                "urgency": "high"
              }
            ],
            "last_incident_timestamp": "",
            "name": "Qnomy",
            "response_play": null,
            "scheduled_actions": [],
            "status": "active",
            "support_hours": [],
            "type": "service"
          },
          "sensitive_attributes": [],
          "private": "bnVsbA==",
          "dependencies": [
            "data.pagerduty_escalation_policy.default"
          ]
        }
      ]
    },
    {
      "mode": "managed",
      "type": "pagerduty_service",
      "name": "Quacom",
      "provider": "provider[\"registry.terraform.io/pagerduty/pagerduty\"]",
      "instances": [
        {
          "schema_version": 0,
          "attributes": {
            "acknowledgement_timeout": "1800",
            "alert_creation": "create_incidents",
            "alert_grouping": null,
            "alert_grouping_parameters": [],
            "alert_grouping_timeout": "null",
            "auto_pause_notifications_parameters": [],
            "auto_resolve_timeout": "14400",
            "created_at": "2023-02-26T18:01:11+02:00",
            "description": "Quacom (quacom)",
            "escalation_policy": "PA57YI4",
            "html_url": "https://reblaze.pagerduty.com/service-directory/PGGOS9F",
            "id": "PGGOS9F",
            "incident_urgency_rule": [
              {
                "during_support_hours": [],
                "outside_support_hours": [],
                "type": "constant",
                "urgency": "high"
              }
            ],
            "last_incident_timestamp": "",
            "name": "Quacom",
            "response_play": null,
            "scheduled_actions": [],
            "status": "active",
            "support_hours": [],
            "type": "service"
          },
          "sensitive_attributes": [],
          "private": "bnVsbA==",
          "dependencies": [
            "data.pagerduty_escalation_policy.default"
          ]
        }
      ]
    },
    {
      "mode": "managed",
      "type": "pagerduty_service",
      "name": "Rafael",
      "provider": "provider[\"registry.terraform.io/pagerduty/pagerduty\"]",
      "instances": [
        {
          "schema_version": 0,
          "attributes": {
            "acknowledgement_timeout": "1800",
            "alert_creation": "create_incidents",
            "alert_grouping": null,
            "alert_grouping_parameters": [],
            "alert_grouping_timeout": "null",
            "auto_pause_notifications_parameters": [],
            "auto_resolve_timeout": "14400",
            "created_at": "2023-02-26T18:00:31+02:00",
            "description": "Rafael (rafael)",
            "escalation_policy": "PA57YI4",
            "html_url": "https://reblaze.pagerduty.com/service-directory/PB7G5MI",
            "id": "PB7G5MI",
            "incident_urgency_rule": [
              {
                "during_support_hours": [],
                "outside_support_hours": [],
                "type": "constant",
                "urgency": "high"
              }
            ],
            "last_incident_timestamp": "",
            "name": "Rafael",
            "response_play": null,
            "scheduled_actions": [],
            "status": "active",
            "support_hours": [],
            "type": "service"
          },
          "sensitive_attributes": [],
          "private": "bnVsbA==",
          "dependencies": [
            "data.pagerduty_escalation_policy.default"
          ]
        }
      ]
    },
    {
      "mode": "managed",
      "type": "pagerduty_service",
      "name": "Rbcompliance2",
      "provider": "provider[\"registry.terraform.io/pagerduty/pagerduty\"]",
      "instances": [
        {
          "schema_version": 0,
          "attributes": {
            "acknowledgement_timeout": "1800",
            "alert_creation": "create_incidents",
            "alert_grouping": null,
            "alert_grouping_parameters": [],
            "alert_grouping_timeout": "null",
            "auto_pause_notifications_parameters": [],
            "auto_resolve_timeout": "14400",
            "created_at": "2023-02-26T18:00:56+02:00",
            "description": "Rbcompliance2 (rbcompliance2)",
            "escalation_policy": "PA57YI4",
            "html_url": "https://reblaze.pagerduty.com/service-directory/PT9WODN",
            "id": "PT9WODN",
            "incident_urgency_rule": [
              {
                "during_support_hours": [],
                "outside_support_hours": [],
                "type": "constant",
                "urgency": "high"
              }
            ],
            "last_incident_timestamp": "",
            "name": "Rbcompliance2",
            "response_play": null,
            "scheduled_actions": [],
            "status": "active",
            "support_hours": [],
            "type": "service"
          },
          "sensitive_attributes": [],
          "private": "bnVsbA==",
          "dependencies": [
            "data.pagerduty_escalation_policy.default"
          ]
        }
      ]
    },
    {
      "mode": "managed",
      "type": "pagerduty_service",
      "name": "Rbzacademy",
      "provider": "provider[\"registry.terraform.io/pagerduty/pagerduty\"]",
      "instances": [
        {
          "schema_version": 0,
          "attributes": {
            "acknowledgement_timeout": "1800",
            "alert_creation": "create_incidents",
            "alert_grouping": null,
            "alert_grouping_parameters": [],
            "alert_grouping_timeout": "null",
            "auto_pause_notifications_parameters": [],
            "auto_resolve_timeout": "14400",
            "created_at": "2023-02-26T18:01:11+02:00",
            "description": "Rbzacademy (rbzacademy)",
            "escalation_policy": "PA57YI4",
            "html_url": "https://reblaze.pagerduty.com/service-directory/PWZJW7E",
            "id": "PWZJW7E",
            "incident_urgency_rule": [
              {
                "during_support_hours": [],
                "outside_support_hours": [],
                "type": "constant",
                "urgency": "high"
              }
            ],
            "last_incident_timestamp": "",
            "name": "Rbzacademy",
            "response_play": null,
            "scheduled_actions": [],
            "status": "active",
            "support_hours": [],
            "type": "service"
          },
          "sensitive_attributes": [],
          "private": "bnVsbA==",
          "dependencies": [
            "data.pagerduty_escalation_policy.default"
          ]
        }
      ]
    },
    {
      "mode": "managed",
      "type": "pagerduty_service",
      "name": "Rbzaws221986932086",
      "provider": "provider[\"registry.terraform.io/pagerduty/pagerduty\"]",
      "instances": [
        {
          "schema_version": 0,
          "attributes": {
            "acknowledgement_timeout": "1800",
            "alert_creation": "create_incidents",
            "alert_grouping": null,
            "alert_grouping_parameters": [],
            "alert_grouping_timeout": "null",
            "auto_pause_notifications_parameters": [],
            "auto_resolve_timeout": "14400",
            "created_at": "2023-02-26T18:00:56+02:00",
            "description": "Rbzaws221986932086 (rbzaws221986932086)",
            "escalation_policy": "PA57YI4",
            "html_url": "https://reblaze.pagerduty.com/service-directory/P1FO8JH",
            "id": "P1FO8JH",
            "incident_urgency_rule": [
              {
                "during_support_hours": [],
                "outside_support_hours": [],
                "type": "constant",
                "urgency": "high"
              }
            ],
            "last_incident_timestamp": "",
            "name": "Rbzaws221986932086",
            "response_play": null,
            "scheduled_actions": [],
            "status": "active",
            "support_hours": [],
            "type": "service"
          },
          "sensitive_attributes": [],
          "private": "bnVsbA==",
          "dependencies": [
            "data.pagerduty_escalation_policy.default"
          ]
        }
      ]
    },
    {
      "mode": "managed",
      "type": "pagerduty_service",
      "name": "Rbzaws232079419768",
      "provider": "provider[\"registry.terraform.io/pagerduty/pagerduty\"]",
      "instances": [
        {
          "schema_version": 0,
          "attributes": {
            "acknowledgement_timeout": "1800",
            "alert_creation": "create_incidents",
            "alert_grouping": null,
            "alert_grouping_parameters": [],
            "alert_grouping_timeout": "null",
            "auto_pause_notifications_parameters": [],
            "auto_resolve_timeout": "14400",
            "created_at": "2023-02-26T18:00:32+02:00",
            "description": "Rbzaws232079419768 (rbzaws232079419768)",
            "escalation_policy": "PA57YI4",
            "html_url": "https://reblaze.pagerduty.com/service-directory/P2UM1EC",
            "id": "P2UM1EC",
            "incident_urgency_rule": [
              {
                "during_support_hours": [],
                "outside_support_hours": [],
                "type": "constant",
                "urgency": "high"
              }
            ],
            "last_incident_timestamp": "",
            "name": "Rbzaws232079419768",
            "response_play": null,
            "scheduled_actions": [],
            "status": "active",
            "support_hours": [],
            "type": "service"
          },
          "sensitive_attributes": [],
          "private": "bnVsbA==",
          "dependencies": [
            "data.pagerduty_escalation_policy.default"
          ]
        }
      ]
    },
    {
      "mode": "managed",
      "type": "pagerduty_service",
      "name": "Rbzaws479335881964",
      "provider": "provider[\"registry.terraform.io/pagerduty/pagerduty\"]",
      "instances": [
        {
          "schema_version": 0,
          "attributes": {
            "acknowledgement_timeout": "1800",
            "alert_creation": "create_incidents",
            "alert_grouping": null,
            "alert_grouping_parameters": [],
            "alert_grouping_timeout": "null",
            "auto_pause_notifications_parameters": [],
            "auto_resolve_timeout": "14400",
            "created_at": "2023-02-26T18:01:07+02:00",
            "description": "Rbzaws479335881964 (rbzaws479335881964)",
            "escalation_policy": "PA57YI4",
            "html_url": "https://reblaze.pagerduty.com/service-directory/P3XIKI4",
            "id": "P3XIKI4",
            "incident_urgency_rule": [
              {
                "during_support_hours": [],
                "outside_support_hours": [],
                "type": "constant",
                "urgency": "high"
              }
            ],
            "last_incident_timestamp": "",
            "name": "Rbzaws479335881964",
            "response_play": null,
            "scheduled_actions": [],
            "status": "active",
            "support_hours": [],
            "type": "service"
          },
          "sensitive_attributes": [],
          "private": "bnVsbA==",
          "dependencies": [
            "data.pagerduty_escalation_policy.default"
          ]
        }
      ]
    },
    {
      "mode": "managed",
      "type": "pagerduty_service",
      "name": "Rbzaws589416701894",
      "provider": "provider[\"registry.terraform.io/pagerduty/pagerduty\"]",
      "instances": [
        {
          "schema_version": 0,
          "attributes": {
            "acknowledgement_timeout": "1800",
            "alert_creation": "create_incidents",
            "alert_grouping": null,
            "alert_grouping_parameters": [],
            "alert_grouping_timeout": "null",
            "auto_pause_notifications_parameters": [],
            "auto_resolve_timeout": "14400",
            "created_at": "2023-02-26T18:00:44+02:00",
            "description": "Rbzaws589416701894 (rbzaws589416701894)",
            "escalation_policy": "PA57YI4",
            "html_url": "https://reblaze.pagerduty.com/service-directory/PV39AUQ",
            "id": "PV39AUQ",
            "incident_urgency_rule": [
              {
                "during_support_hours": [],
                "outside_support_hours": [],
                "type": "constant",
                "urgency": "high"
              }
            ],
            "last_incident_timestamp": "",
            "name": "Rbzaws589416701894",
            "response_play": null,
            "scheduled_actions": [],
            "status": "active",
            "support_hours": [],
            "type": "service"
          },
          "sensitive_attributes": [],
          "private": "bnVsbA==",
          "dependencies": [
            "data.pagerduty_escalation_policy.default"
          ]
        }
      ]
    },
    {
      "mode": "managed",
      "type": "pagerduty_service",
      "name": "Rbzaws667713386313",
      "provider": "provider[\"registry.terraform.io/pagerduty/pagerduty\"]",
      "instances": [
        {
          "schema_version": 0,
          "attributes": {
            "acknowledgement_timeout": "1800",
            "alert_creation": "create_incidents",
            "alert_grouping": null,
            "alert_grouping_parameters": [],
            "alert_grouping_timeout": "null",
            "auto_pause_notifications_parameters": [],
            "auto_resolve_timeout": "14400",
            "created_at": "2023-02-26T18:00:47+02:00",
            "description": "Rbzaws667713386313 (rbzaws667713386313)",
            "escalation_policy": "PA57YI4",
            "html_url": "https://reblaze.pagerduty.com/service-directory/P2918WG",
            "id": "P2918WG",
            "incident_urgency_rule": [
              {
                "during_support_hours": [],
                "outside_support_hours": [],
                "type": "constant",
                "urgency": "high"
              }
            ],
            "last_incident_timestamp": "",
            "name": "Rbzaws667713386313",
            "response_play": null,
            "scheduled_actions": [],
            "status": "active",
            "support_hours": [],
            "type": "service"
          },
          "sensitive_attributes": [],
          "private": "bnVsbA==",
          "dependencies": [
            "data.pagerduty_escalation_policy.default"
          ]
        }
      ]
    },
    {
      "mode": "managed",
      "type": "pagerduty_service",
      "name": "Rbzaws78972580297192148311",
      "provider": "provider[\"registry.terraform.io/pagerduty/pagerduty\"]",
      "instances": [
        {
          "schema_version": 0,
          "attributes": {
            "acknowledgement_timeout": "1800",
            "alert_creation": "create_incidents",
            "alert_grouping": null,
            "alert_grouping_parameters": [],
            "alert_grouping_timeout": "null",
            "auto_pause_notifications_parameters": [],
            "auto_resolve_timeout": "14400",
            "created_at": "2023-02-26T18:01:08+02:00",
            "description": "Rbzaws78972580297192148311 (rbzaws78972580297192148311)",
            "escalation_policy": "PA57YI4",
            "html_url": "https://reblaze.pagerduty.com/service-directory/PN4MG7F",
            "id": "PN4MG7F",
            "incident_urgency_rule": [
              {
                "during_support_hours": [],
                "outside_support_hours": [],
                "type": "constant",
                "urgency": "high"
              }
            ],
            "last_incident_timestamp": "",
            "name": "Rbzaws78972580297192148311",
            "response_play": null,
            "scheduled_actions": [],
            "status": "active",
            "support_hours": [],
            "type": "service"
          },
          "sensitive_attributes": [],
          "private": "bnVsbA==",
          "dependencies": [
            "data.pagerduty_escalation_policy.default"
          ]
        }
      ]
    },
    {
      "mode": "managed",
      "type": "pagerduty_service",
      "name": "Rbzaws789809902545",
      "provider": "provider[\"registry.terraform.io/pagerduty/pagerduty\"]",
      "instances": [
        {
          "schema_version": 0,
          "attributes": {
            "acknowledgement_timeout": "1800",
            "alert_creation": "create_incidents",
            "alert_grouping": null,
            "alert_grouping_parameters": [],
            "alert_grouping_timeout": "null",
            "auto_pause_notifications_parameters": [],
            "auto_resolve_timeout": "14400",
            "created_at": "2023-02-26T18:01:09+02:00",
            "description": "Rbzaws789809902545 (rbzaws789809902545)",
            "escalation_policy": "PA57YI4",
            "html_url": "https://reblaze.pagerduty.com/service-directory/PI6OEQJ",
            "id": "PI6OEQJ",
            "incident_urgency_rule": [
              {
                "during_support_hours": [],
                "outside_support_hours": [],
                "type": "constant",
                "urgency": "high"
              }
            ],
            "last_incident_timestamp": "",
            "name": "Rbzaws789809902545",
            "response_play": null,
            "scheduled_actions": [],
            "status": "active",
            "support_hours": [],
            "type": "service"
          },
          "sensitive_attributes": [],
          "private": "bnVsbA==",
          "dependencies": [
            "data.pagerduty_escalation_policy.default"
          ]
        }
      ]
    },
    {
      "mode": "managed",
      "type": "pagerduty_service",
      "name": "Rbzdevbratislava",
      "provider": "provider[\"registry.terraform.io/pagerduty/pagerduty\"]",
      "instances": [
        {
          "schema_version": 0,
          "attributes": {
            "acknowledgement_timeout": "1800",
            "alert_creation": "create_incidents",
            "alert_grouping": null,
            "alert_grouping_parameters": [],
            "alert_grouping_timeout": "null",
            "auto_pause_notifications_parameters": [],
            "auto_resolve_timeout": "14400",
            "created_at": "2023-02-26T18:01:13+02:00",
            "description": "Rbzdevbratislava (rbzdevbratislava)",
            "escalation_policy": "PA57YI4",
            "html_url": "https://reblaze.pagerduty.com/service-directory/PV9J73A",
            "id": "PV9J73A",
            "incident_urgency_rule": [
              {
                "during_support_hours": [],
                "outside_support_hours": [],
                "type": "constant",
                "urgency": "high"
              }
            ],
            "last_incident_timestamp": "",
            "name": "Rbzdevbratislava",
            "response_play": null,
            "scheduled_actions": [],
            "status": "active",
            "support_hours": [],
            "type": "service"
          },
          "sensitive_attributes": [],
          "private": "bnVsbA==",
          "dependencies": [
            "data.pagerduty_escalation_policy.default"
          ]
        }
      ]
    },
    {
      "mode": "managed",
      "type": "pagerduty_service",
      "name": "Rbzdevmerge001",
      "provider": "provider[\"registry.terraform.io/pagerduty/pagerduty\"]",
      "instances": [
        {
          "schema_version": 0,
          "attributes": {
            "acknowledgement_timeout": "1800",
            "alert_creation": "create_incidents",
            "alert_grouping": null,
            "alert_grouping_parameters": [],
            "alert_grouping_timeout": "null",
            "auto_pause_notifications_parameters": [],
            "auto_resolve_timeout": "14400",
            "created_at": "2023-02-26T18:00:30+02:00",
            "description": "Rbzdevmerge001 (rbzdevmerge001)",
            "escalation_policy": "PA57YI4",
            "html_url": "https://reblaze.pagerduty.com/service-directory/PYN0OPX",
            "id": "PYN0OPX",
            "incident_urgency_rule": [
              {
                "during_support_hours": [],
                "outside_support_hours": [],
                "type": "constant",
                "urgency": "high"
              }
            ],
            "last_incident_timestamp": "",
            "name": "Rbzdevmerge001",
            "response_play": null,
            "scheduled_actions": [],
            "status": "active",
            "support_hours": [],
            "type": "service"
          },
          "sensitive_attributes": [],
          "private": "bnVsbA==",
          "dependencies": [
            "data.pagerduty_escalation_policy.default"
          ]
        }
      ]
    },
    {
      "mode": "managed",
      "type": "pagerduty_service",
      "name": "Rbzdevmp004",
      "provider": "provider[\"registry.terraform.io/pagerduty/pagerduty\"]",
      "instances": [
        {
          "schema_version": 0,
          "attributes": {
            "acknowledgement_timeout": "1800",
            "alert_creation": "create_incidents",
            "alert_grouping": null,
            "alert_grouping_parameters": [],
            "alert_grouping_timeout": "null",
            "auto_pause_notifications_parameters": [],
            "auto_resolve_timeout": "14400",
            "created_at": "2023-02-26T18:00:31+02:00",
            "description": "Rbzdevmp004 (rbzdevmp004)",
            "escalation_policy": "PA57YI4",
            "html_url": "https://reblaze.pagerduty.com/service-directory/P36U7GE",
            "id": "P36U7GE",
            "incident_urgency_rule": [
              {
                "during_support_hours": [],
                "outside_support_hours": [],
                "type": "constant",
                "urgency": "high"
              }
            ],
            "last_incident_timestamp": "",
            "name": "Rbzdevmp004",
            "response_play": null,
            "scheduled_actions": [],
            "status": "active",
            "support_hours": [],
            "type": "service"
          },
          "sensitive_attributes": [],
          "private": "bnVsbA==",
          "dependencies": [
            "data.pagerduty_escalation_policy.default"
          ]
        }
      ]
    },
    {
      "mode": "managed",
      "type": "pagerduty_service",
      "name": "Rbzdevqnomy",
      "provider": "provider[\"registry.terraform.io/pagerduty/pagerduty\"]",
      "instances": [
        {
          "schema_version": 0,
          "attributes": {
            "acknowledgement_timeout": "1800",
            "alert_creation": "create_incidents",
            "alert_grouping": null,
            "alert_grouping_parameters": [],
            "alert_grouping_timeout": "null",
            "auto_pause_notifications_parameters": [],
            "auto_resolve_timeout": "14400",
            "created_at": "2023-02-26T18:00:33+02:00",
            "description": "Rbzdevqnomy (rbzdevqnomy)",
            "escalation_policy": "PA57YI4",
            "html_url": "https://reblaze.pagerduty.com/service-directory/PE5Z0A6",
            "id": "PE5Z0A6",
            "incident_urgency_rule": [
              {
                "during_support_hours": [],
                "outside_support_hours": [],
                "type": "constant",
                "urgency": "high"
              }
            ],
            "last_incident_timestamp": "",
            "name": "Rbzdevqnomy",
            "response_play": null,
            "scheduled_actions": [],
            "status": "active",
            "support_hours": [],
            "type": "service"
          },
          "sensitive_attributes": [],
          "private": "bnVsbA==",
          "dependencies": [
            "data.pagerduty_escalation_policy.default"
          ]
        }
      ]
    },
    {
      "mode": "managed",
      "type": "pagerduty_service",
      "name": "Rbzdevtest",
      "provider": "provider[\"registry.terraform.io/pagerduty/pagerduty\"]",
      "instances": [
        {
          "schema_version": 0,
          "attributes": {
            "acknowledgement_timeout": "1800",
            "alert_creation": "create_incidents",
            "alert_grouping": null,
            "alert_grouping_parameters": [],
            "alert_grouping_timeout": "null",
            "auto_pause_notifications_parameters": [],
            "auto_resolve_timeout": "14400",
            "created_at": "2023-02-26T18:00:28+02:00",
            "description": "Rbzdevtest (rbzdevtest)",
            "escalation_policy": "PA57YI4",
            "html_url": "https://reblaze.pagerduty.com/service-directory/PSRRZ1L",
            "id": "PSRRZ1L",
            "incident_urgency_rule": [
              {
                "during_support_hours": [],
                "outside_support_hours": [],
                "type": "constant",
                "urgency": "high"
              }
            ],
            "last_incident_timestamp": "",
            "name": "Rbzdevtest",
            "response_play": null,
            "scheduled_actions": [],
            "status": "active",
            "support_hours": [],
            "type": "service"
          },
          "sensitive_attributes": [],
          "private": "bnVsbA==",
          "dependencies": [
            "data.pagerduty_escalation_policy.default"
          ]
        }
      ]
    },
    {
      "mode": "managed",
      "type": "pagerduty_service",
      "name": "Rbzdevtzury2202",
      "provider": "provider[\"registry.terraform.io/pagerduty/pagerduty\"]",
      "instances": [
        {
          "schema_version": 0,
          "attributes": {
            "acknowledgement_timeout": "1800",
            "alert_creation": "create_incidents",
            "alert_grouping": null,
            "alert_grouping_parameters": [],
            "alert_grouping_timeout": "null",
            "auto_pause_notifications_parameters": [],
            "auto_resolve_timeout": "14400",
            "created_at": "2023-02-26T18:01:01+02:00",
            "description": "Rbzdevtzury2202 (rbzdevtzury2202)",
            "escalation_policy": "PA57YI4",
            "html_url": "https://reblaze.pagerduty.com/service-directory/PU5GB7S",
            "id": "PU5GB7S",
            "incident_urgency_rule": [
              {
                "during_support_hours": [],
                "outside_support_hours": [],
                "type": "constant",
                "urgency": "high"
              }
            ],
            "last_incident_timestamp": "",
            "name": "Rbzdevtzury2202",
            "response_play": null,
            "scheduled_actions": [],
            "status": "active",
            "support_hours": [],
            "type": "service"
          },
          "sensitive_attributes": [],
          "private": "bnVsbA==",
          "dependencies": [
            "data.pagerduty_escalation_policy.default"
          ]
        }
      ]
    },
    {
      "mode": "managed",
      "type": "pagerduty_service",
      "name": "Rbzolga753103565707641934",
      "provider": "provider[\"registry.terraform.io/pagerduty/pagerduty\"]",
      "instances": [
        {
          "schema_version": 0,
          "attributes": {
            "acknowledgement_timeout": "1800",
            "alert_creation": "create_incidents",
            "alert_grouping": null,
            "alert_grouping_parameters": [],
            "alert_grouping_timeout": "null",
            "auto_pause_notifications_parameters": [],
            "auto_resolve_timeout": "14400",
            "created_at": "2023-02-26T18:00:54+02:00",
            "description": "Rbzolga753103565707641934 (rbzolga753103565707641934)",
            "escalation_policy": "PA57YI4",
            "html_url": "https://reblaze.pagerduty.com/service-directory/P634SB9",
            "id": "P634SB9",
            "incident_urgency_rule": [
              {
                "during_support_hours": [],
                "outside_support_hours": [],
                "type": "constant",
                "urgency": "high"
              }
            ],
            "last_incident_timestamp": "",
            "name": "Rbzolga753103565707641934",
            "response_play": null,
            "scheduled_actions": [],
            "status": "active",
            "support_hours": [],
            "type": "service"
          },
          "sensitive_attributes": [],
          "private": "bnVsbA==",
          "dependencies": [
            "data.pagerduty_escalation_policy.default"
          ]
        }
      ]
    },
    {
      "mode": "managed",
      "type": "pagerduty_service",
      "name": "Rbzopsazr01",
      "provider": "provider[\"registry.terraform.io/pagerduty/pagerduty\"]",
      "instances": [
        {
          "schema_version": 0,
          "attributes": {
            "acknowledgement_timeout": "1800",
            "alert_creation": "create_incidents",
            "alert_grouping": null,
            "alert_grouping_parameters": [],
            "alert_grouping_timeout": "null",
            "auto_pause_notifications_parameters": [],
            "auto_resolve_timeout": "14400",
            "created_at": "2023-02-26T18:01:14+02:00",
            "description": "Rbzopsazr01 (rbzopsazr01)",
            "escalation_policy": "PA57YI4",
            "html_url": "https://reblaze.pagerduty.com/service-directory/PFTO35B",
            "id": "PFTO35B",
            "incident_urgency_rule": [
              {
                "during_support_hours": [],
                "outside_support_hours": [],
                "type": "constant",
                "urgency": "high"
              }
            ],
            "last_incident_timestamp": "",
            "name": "Rbzopsazr01",
            "response_play": null,
            "scheduled_actions": [],
            "status": "active",
            "support_hours": [],
            "type": "service"
          },
          "sensitive_attributes": [],
          "private": "bnVsbA==",
          "dependencies": [
            "data.pagerduty_escalation_policy.default"
          ]
        }
      ]
    },
    {
      "mode": "managed",
      "type": "pagerduty_service",
      "name": "Rbzqamp0030160679959478244",
      "provider": "provider[\"registry.terraform.io/pagerduty/pagerduty\"]",
      "instances": [
        {
          "schema_version": 0,
          "attributes": {
            "acknowledgement_timeout": "1800",
            "alert_creation": "create_incidents",
            "alert_grouping": null,
            "alert_grouping_parameters": [],
            "alert_grouping_timeout": "null",
            "auto_pause_notifications_parameters": [],
            "auto_resolve_timeout": "14400",
            "created_at": "2023-02-26T18:00:51+02:00",
            "description": "Rbzqamp0030160679959478244 (rbzqamp0030160679959478244)",
            "escalation_policy": "PA57YI4",
            "html_url": "https://reblaze.pagerduty.com/service-directory/PYKPHYG",
            "id": "PYKPHYG",
            "incident_urgency_rule": [
              {
                "during_support_hours": [],
                "outside_support_hours": [],
                "type": "constant",
                "urgency": "high"
              }
            ],
            "last_incident_timestamp": "",
            "name": "Rbzqamp0030160679959478244",
            "response_play": null,
            "scheduled_actions": [],
            "status": "active",
            "support_hours": [],
            "type": "service"
          },
          "sensitive_attributes": [],
          "private": "bnVsbA==",
          "dependencies": [
            "data.pagerduty_escalation_policy.default"
          ]
        }
      ]
    },
    {
      "mode": "managed",
      "type": "pagerduty_service",
      "name": "Rbzqamp0073595184297896571",
      "provider": "provider[\"registry.terraform.io/pagerduty/pagerduty\"]",
      "instances": [
        {
          "schema_version": 0,
          "attributes": {
            "acknowledgement_timeout": "1800",
            "alert_creation": "create_incidents",
            "alert_grouping": null,
            "alert_grouping_parameters": [],
            "alert_grouping_timeout": "null",
            "auto_pause_notifications_parameters": [],
            "auto_resolve_timeout": "14400",
            "created_at": "2023-02-26T18:00:49+02:00",
            "description": "Rbzqamp0073595184297896571 (rbzqamp0073595184297896571)",
            "escalation_policy": "PA57YI4",
            "html_url": "https://reblaze.pagerduty.com/service-directory/P1XW2UE",
            "id": "P1XW2UE",
            "incident_urgency_rule": [
              {
                "during_support_hours": [],
                "outside_support_hours": [],
                "type": "constant",
                "urgency": "high"
              }
            ],
            "last_incident_timestamp": "",
            "name": "Rbzqamp0073595184297896571",
            "response_play": null,
            "scheduled_actions": [],
            "status": "active",
            "support_hours": [],
            "type": "service"
          },
          "sensitive_attributes": [],
          "private": "bnVsbA==",
          "dependencies": [
            "data.pagerduty_escalation_policy.default"
          ]
        }
      ]
    },
    {
      "mode": "managed",
      "type": "pagerduty_service",
      "name": "Rbzqaprod001",
      "provider": "provider[\"registry.terraform.io/pagerduty/pagerduty\"]",
      "instances": [
        {
          "schema_version": 0,
          "attributes": {
            "acknowledgement_timeout": "1800",
            "alert_creation": "create_incidents",
            "alert_grouping": null,
            "alert_grouping_parameters": [],
            "alert_grouping_timeout": "null",
            "auto_pause_notifications_parameters": [],
            "auto_resolve_timeout": "14400",
            "created_at": "2023-02-26T18:01:01+02:00",
            "description": "Rbzqaprod001 (rbzqaprod001)",
            "escalation_policy": "PA57YI4",
            "html_url": "https://reblaze.pagerduty.com/service-directory/PHLWXLG",
            "id": "PHLWXLG",
            "incident_urgency_rule": [
              {
                "during_support_hours": [],
                "outside_support_hours": [],
                "type": "constant",
                "urgency": "high"
              }
            ],
            "last_incident_timestamp": "",
            "name": "Rbzqaprod001",
            "response_play": null,
            "scheduled_actions": [],
            "status": "active",
            "support_hours": [],
            "type": "service"
          },
          "sensitive_attributes": [],
          "private": "bnVsbA==",
          "dependencies": [
            "data.pagerduty_escalation_policy.default"
          ]
        }
      ]
    },
    {
      "mode": "managed",
      "type": "pagerduty_service",
      "name": "Rbzqaprod220",
      "provider": "provider[\"registry.terraform.io/pagerduty/pagerduty\"]",
      "instances": [
        {
          "schema_version": 0,
          "attributes": {
            "acknowledgement_timeout": "1800",
            "alert_creation": "create_incidents",
            "alert_grouping": null,
            "alert_grouping_parameters": [],
            "alert_grouping_timeout": "null",
            "auto_pause_notifications_parameters": [],
            "auto_resolve_timeout": "14400",
            "created_at": "2023-02-26T18:01:12+02:00",
            "description": "Rbzqaprod220 (rbzqaprod220)",
            "escalation_policy": "PA57YI4",
            "html_url": "https://reblaze.pagerduty.com/service-directory/P0HI9ZJ",
            "id": "P0HI9ZJ",
            "incident_urgency_rule": [
              {
                "during_support_hours": [],
                "outside_support_hours": [],
                "type": "constant",
                "urgency": "high"
              }
            ],
            "last_incident_timestamp": "",
            "name": "Rbzqaprod220",
            "response_play": null,
            "scheduled_actions": [],
            "status": "active",
            "support_hours": [],
            "type": "service"
          },
          "sensitive_attributes": [],
          "private": "bnVsbA==",
          "dependencies": [
            "data.pagerduty_escalation_policy.default"
          ]
        }
      ]
    },
    {
      "mode": "managed",
      "type": "pagerduty_service",
      "name": "Rbzqasomething",
      "provider": "provider[\"registry.terraform.io/pagerduty/pagerduty\"]",
      "instances": [
        {
          "schema_version": 0,
          "attributes": {
            "acknowledgement_timeout": "1800",
            "alert_creation": "create_incidents",
            "alert_grouping": null,
            "alert_grouping_parameters": [],
            "alert_grouping_timeout": "null",
            "auto_pause_notifications_parameters": [],
            "auto_resolve_timeout": "14400",
            "created_at": "2023-02-26T18:01:15+02:00",
            "description": "Rbzqasomething (rbzqasomething)",
            "escalation_policy": "PA57YI4",
            "html_url": "https://reblaze.pagerduty.com/service-directory/PY7C1DL",
            "id": "PY7C1DL",
            "incident_urgency_rule": [
              {
                "during_support_hours": [],
                "outside_support_hours": [],
                "type": "constant",
                "urgency": "high"
              }
            ],
            "last_incident_timestamp": "",
            "name": "Rbzqasomething",
            "response_play": null,
            "scheduled_actions": [],
            "status": "active",
            "support_hours": [],
            "type": "service"
          },
          "sensitive_attributes": [],
          "private": "bnVsbA==",
          "dependencies": [
            "data.pagerduty_escalation_policy.default"
          ]
        }
      ]
    },
    {
      "mode": "managed",
      "type": "pagerduty_service",
      "name": "Rbztest",
      "provider": "provider[\"registry.terraform.io/pagerduty/pagerduty\"]",
      "instances": [
        {
          "schema_version": 0,
          "attributes": {
            "acknowledgement_timeout": "1800",
            "alert_creation": "create_incidents",
            "alert_grouping": null,
            "alert_grouping_parameters": [],
            "alert_grouping_timeout": "null",
            "auto_pause_notifications_parameters": [],
            "auto_resolve_timeout": "14400",
            "created_at": "2023-02-26T18:01:14+02:00",
            "description": "Rbztest (rbztest)",
            "escalation_policy": "PA57YI4",
            "html_url": "https://reblaze.pagerduty.com/service-directory/P3FB4N7",
            "id": "P3FB4N7",
            "incident_urgency_rule": [
              {
                "during_support_hours": [],
                "outside_support_hours": [],
                "type": "constant",
                "urgency": "high"
              }
            ],
            "last_incident_timestamp": "",
            "name": "Rbztest",
            "response_play": null,
            "scheduled_actions": [],
            "status": "active",
            "support_hours": [],
            "type": "service"
          },
          "sensitive_attributes": [],
          "private": "bnVsbA==",
          "dependencies": [
            "data.pagerduty_escalation_policy.default"
          ]
        }
      ]
    },
    {
      "mode": "managed",
      "type": "pagerduty_service",
      "name": "Rbzwebsite",
      "provider": "provider[\"registry.terraform.io/pagerduty/pagerduty\"]",
      "instances": [
        {
          "schema_version": 0,
          "attributes": {
            "acknowledgement_timeout": "1800",
            "alert_creation": "create_incidents",
            "alert_grouping": null,
            "alert_grouping_parameters": [],
            "alert_grouping_timeout": "null",
            "auto_pause_notifications_parameters": [],
            "auto_resolve_timeout": "14400",
            "created_at": "2023-02-26T18:01:05+02:00",
            "description": "Rbzwebsite (rbzwebsite)",
            "escalation_policy": "PA57YI4",
            "html_url": "https://reblaze.pagerduty.com/service-directory/POV05OJ",
            "id": "POV05OJ",
            "incident_urgency_rule": [
              {
                "during_support_hours": [],
                "outside_support_hours": [],
                "type": "constant",
                "urgency": "high"
              }
            ],
            "last_incident_timestamp": "",
            "name": "Rbzwebsite",
            "response_play": null,
            "scheduled_actions": [],
            "status": "active",
            "support_hours": [],
            "type": "service"
          },
          "sensitive_attributes": [],
          "private": "bnVsbA==",
          "dependencies": [
            "data.pagerduty_escalation_policy.default"
          ]
        }
      ]
    },
    {
      "mode": "managed",
      "type": "pagerduty_service",
      "name": "Rbzwizprod",
      "provider": "provider[\"registry.terraform.io/pagerduty/pagerduty\"]",
      "instances": [
        {
          "schema_version": 0,
          "attributes": {
            "acknowledgement_timeout": "1800",
            "alert_creation": "create_incidents",
            "alert_grouping": null,
            "alert_grouping_parameters": [],
            "alert_grouping_timeout": "null",
            "auto_pause_notifications_parameters": [],
            "auto_resolve_timeout": "14400",
            "created_at": "2023-02-26T18:00:38+02:00",
            "description": "Rbzwizprod (rbzwizprod)",
            "escalation_policy": "PA57YI4",
            "html_url": "https://reblaze.pagerduty.com/service-directory/PXGNOCY",
            "id": "PXGNOCY",
            "incident_urgency_rule": [
              {
                "during_support_hours": [],
                "outside_support_hours": [],
                "type": "constant",
                "urgency": "high"
              }
            ],
            "last_incident_timestamp": "",
            "name": "Rbzwizprod",
            "response_play": null,
            "scheduled_actions": [],
            "status": "active",
            "support_hours": [],
            "type": "service"
          },
          "sensitive_attributes": [],
          "private": "bnVsbA==",
          "dependencies": [
            "data.pagerduty_escalation_policy.default"
          ]
        }
      ]
    },
    {
      "mode": "managed",
      "type": "pagerduty_service",
      "name": "Reali",
      "provider": "provider[\"registry.terraform.io/pagerduty/pagerduty\"]",
      "instances": [
        {
          "schema_version": 0,
          "attributes": {
            "acknowledgement_timeout": "1800",
            "alert_creation": "create_incidents",
            "alert_grouping": null,
            "alert_grouping_parameters": [],
            "alert_grouping_timeout": "null",
            "auto_pause_notifications_parameters": [],
            "auto_resolve_timeout": "14400",
            "created_at": "2023-02-26T18:01:11+02:00",
            "description": "Reali (reali)",
            "escalation_policy": "PA57YI4",
            "html_url": "https://reblaze.pagerduty.com/service-directory/P8EMU3B",
            "id": "P8EMU3B",
            "incident_urgency_rule": [
              {
                "during_support_hours": [],
                "outside_support_hours": [],
                "type": "constant",
                "urgency": "high"
              }
            ],
            "last_incident_timestamp": "",
            "name": "Reali",
            "response_play": null,
            "scheduled_actions": [],
            "status": "active",
            "support_hours": [],
            "type": "service"
          },
          "sensitive_attributes": [],
          "private": "bnVsbA==",
          "dependencies": [
            "data.pagerduty_escalation_policy.default"
          ]
        }
      ]
    },
    {
      "mode": "managed",
      "type": "pagerduty_service",
      "name": "Reblaze74690738161970604",
      "provider": "provider[\"registry.terraform.io/pagerduty/pagerduty\"]",
      "instances": [
        {
          "schema_version": 0,
          "attributes": {
            "acknowledgement_timeout": "1800",
            "alert_creation": "create_incidents",
            "alert_grouping": null,
            "alert_grouping_parameters": [],
            "alert_grouping_timeout": "null",
            "auto_pause_notifications_parameters": [],
            "auto_resolve_timeout": "14400",
            "created_at": "2023-02-26T18:00:45+02:00",
            "description": "Reblaze74690738161970604 (reblaze74690738161970604)",
            "escalation_policy": "PA57YI4",
            "html_url": "https://reblaze.pagerduty.com/service-directory/PMVNXL4",
            "id": "PMVNXL4",
            "incident_urgency_rule": [
              {
                "during_support_hours": [],
                "outside_support_hours": [],
                "type": "constant",
                "urgency": "high"
              }
            ],
            "last_incident_timestamp": "",
            "name": "Reblaze74690738161970604",
            "response_play": null,
            "scheduled_actions": [],
            "status": "active",
            "support_hours": [],
            "type": "service"
          },
          "sensitive_attributes": [],
          "private": "bnVsbA==",
          "dependencies": [
            "data.pagerduty_escalation_policy.default"
          ]
        }
      ]
    },
    {
      "mode": "managed",
      "type": "pagerduty_service",
      "name": "Reblazed706840781522387801",
      "provider": "provider[\"registry.terraform.io/pagerduty/pagerduty\"]",
      "instances": [
        {
          "schema_version": 0,
          "attributes": {
            "acknowledgement_timeout": "1800",
            "alert_creation": "create_incidents",
            "alert_grouping": null,
            "alert_grouping_parameters": [],
            "alert_grouping_timeout": "null",
            "auto_pause_notifications_parameters": [],
            "auto_resolve_timeout": "14400",
            "created_at": "2023-02-26T18:01:00+02:00",
            "description": "Reblazed706840781522387801 (reblazed706840781522387801)",
            "escalation_policy": "PA57YI4",
            "html_url": "https://reblaze.pagerduty.com/service-directory/PM9PED8",
            "id": "PM9PED8",
            "incident_urgency_rule": [
              {
                "during_support_hours": [],
                "outside_support_hours": [],
                "type": "constant",
                "urgency": "high"
              }
            ],
            "last_incident_timestamp": "",
            "name": "Reblazed706840781522387801",
            "response_play": null,
            "scheduled_actions": [],
            "status": "active",
            "support_hours": [],
            "type": "service"
          },
          "sensitive_attributes": [],
          "private": "bnVsbA==",
          "dependencies": [
            "data.pagerduty_escalation_policy.default"
          ]
        }
      ]
    },
    {
      "mode": "managed",
      "type": "pagerduty_service",
      "name": "Reblazede37304730316182808",
      "provider": "provider[\"registry.terraform.io/pagerduty/pagerduty\"]",
      "instances": [
        {
          "schema_version": 0,
          "attributes": {
            "acknowledgement_timeout": "1800",
            "alert_creation": "create_incidents",
            "alert_grouping": null,
            "alert_grouping_parameters": [],
            "alert_grouping_timeout": "null",
            "auto_pause_notifications_parameters": [],
            "auto_resolve_timeout": "14400",
            "created_at": "2023-02-26T18:01:04+02:00",
            "description": "Reblazede37304730316182808 (reblazede37304730316182808)",
            "escalation_policy": "PA57YI4",
            "html_url": "https://reblaze.pagerduty.com/service-directory/P4KJ9M8",
            "id": "P4KJ9M8",
            "incident_urgency_rule": [
              {
                "during_support_hours": [],
                "outside_support_hours": [],
                "type": "constant",
                "urgency": "high"
              }
            ],
            "last_incident_timestamp": "",
            "name": "Reblazede37304730316182808",
            "response_play": null,
            "scheduled_actions": [],
            "status": "active",
            "support_hours": [],
            "type": "service"
          },
          "sensitive_attributes": [],
          "private": "bnVsbA==",
          "dependencies": [
            "data.pagerduty_escalation_policy.default"
          ]
        }
      ]
    },
    {
      "mode": "managed",
      "type": "pagerduty_service",
      "name": "Reign",
      "provider": "provider[\"registry.terraform.io/pagerduty/pagerduty\"]",
      "instances": [
        {
          "schema_version": 0,
          "attributes": {
            "acknowledgement_timeout": "1800",
            "alert_creation": "create_incidents",
            "alert_grouping": null,
            "alert_grouping_parameters": [],
            "alert_grouping_timeout": "null",
            "auto_pause_notifications_parameters": [],
            "auto_resolve_timeout": "14400",
            "created_at": "2023-02-26T18:00:29+02:00",
            "description": "Reign (reign)",
            "escalation_policy": "PA57YI4",
            "html_url": "https://reblaze.pagerduty.com/service-directory/PVP7TC9",
            "id": "PVP7TC9",
            "incident_urgency_rule": [
              {
                "during_support_hours": [],
                "outside_support_hours": [],
                "type": "constant",
                "urgency": "high"
              }
            ],
            "last_incident_timestamp": "",
            "name": "Reign",
            "response_play": null,
            "scheduled_actions": [],
            "status": "active",
            "support_hours": [],
            "type": "service"
          },
          "sensitive_attributes": [],
          "private": "bnVsbA==",
          "dependencies": [
            "data.pagerduty_escalation_policy.default"
          ]
        }
      ]
    },
    {
      "mode": "managed",
      "type": "pagerduty_service",
      "name": "Rentoza",
      "provider": "provider[\"registry.terraform.io/pagerduty/pagerduty\"]",
      "instances": [
        {
          "schema_version": 0,
          "attributes": {
            "acknowledgement_timeout": "1800",
            "alert_creation": "create_incidents",
            "alert_grouping": null,
            "alert_grouping_parameters": [],
            "alert_grouping_timeout": "null",
            "auto_pause_notifications_parameters": [],
            "auto_resolve_timeout": "14400",
            "created_at": "2023-02-26T18:01:05+02:00",
            "description": "Rentoza (rentoza)",
            "escalation_policy": "PA57YI4",
            "html_url": "https://reblaze.pagerduty.com/service-directory/P7IC4ZW",
            "id": "P7IC4ZW",
            "incident_urgency_rule": [
              {
                "during_support_hours": [],
                "outside_support_hours": [],
                "type": "constant",
                "urgency": "high"
              }
            ],
            "last_incident_timestamp": "",
            "name": "Rentoza",
            "response_play": null,
            "scheduled_actions": [],
            "status": "active",
            "support_hours": [],
            "type": "service"
          },
          "sensitive_attributes": [],
          "private": "bnVsbA==",
          "dependencies": [
            "data.pagerduty_escalation_policy.default"
          ]
        }
      ]
    },
    {
      "mode": "managed",
      "type": "pagerduty_service",
      "name": "Ronbs",
      "provider": "provider[\"registry.terraform.io/pagerduty/pagerduty\"]",
      "instances": [
        {
          "schema_version": 0,
          "attributes": {
            "acknowledgement_timeout": "1800",
            "alert_creation": "create_incidents",
            "alert_grouping": null,
            "alert_grouping_parameters": [],
            "alert_grouping_timeout": "null",
            "auto_pause_notifications_parameters": [],
            "auto_resolve_timeout": "14400",
            "created_at": "2023-02-26T18:00:42+02:00",
            "description": "Ronbs (ronbs)",
            "escalation_policy": "PA57YI4",
            "html_url": "https://reblaze.pagerduty.com/service-directory/PK8MJPI",
            "id": "PK8MJPI",
            "incident_urgency_rule": [
              {
                "during_support_hours": [],
                "outside_support_hours": [],
                "type": "constant",
                "urgency": "high"
              }
            ],
            "last_incident_timestamp": "",
            "name": "Ronbs",
            "response_play": null,
            "scheduled_actions": [],
            "status": "active",
            "support_hours": [],
            "type": "service"
          },
          "sensitive_attributes": [],
          "private": "bnVsbA==",
          "dependencies": [
            "data.pagerduty_escalation_policy.default"
          ]
        }
      ]
    },
    {
      "mode": "managed",
      "type": "pagerduty_service",
      "name": "Rpx",
      "provider": "provider[\"registry.terraform.io/pagerduty/pagerduty\"]",
      "instances": [
        {
          "schema_version": 0,
          "attributes": {
            "acknowledgement_timeout": "1800",
            "alert_creation": "create_incidents",
            "alert_grouping": null,
            "alert_grouping_parameters": [],
            "alert_grouping_timeout": "null",
            "auto_pause_notifications_parameters": [],
            "auto_resolve_timeout": "14400",
            "created_at": "2023-02-26T18:01:13+02:00",
            "description": "Rpx (rpx)",
            "escalation_policy": "PA57YI4",
            "html_url": "https://reblaze.pagerduty.com/service-directory/PCVV8VQ",
            "id": "PCVV8VQ",
            "incident_urgency_rule": [
              {
                "during_support_hours": [],
                "outside_support_hours": [],
                "type": "constant",
                "urgency": "high"
              }
            ],
            "last_incident_timestamp": "",
            "name": "Rpx",
            "response_play": null,
            "scheduled_actions": [],
            "status": "active",
            "support_hours": [],
            "type": "service"
          },
          "sensitive_attributes": [],
          "private": "bnVsbA==",
          "dependencies": [
            "data.pagerduty_escalation_policy.default"
          ]
        }
      ]
    },
    {
      "mode": "managed",
      "type": "pagerduty_service",
      "name": "Ruppin",
      "provider": "provider[\"registry.terraform.io/pagerduty/pagerduty\"]",
      "instances": [
        {
          "schema_version": 0,
          "attributes": {
            "acknowledgement_timeout": "1800",
            "alert_creation": "create_incidents",
            "alert_grouping": null,
            "alert_grouping_parameters": [],
            "alert_grouping_timeout": "null",
            "auto_pause_notifications_parameters": [],
            "auto_resolve_timeout": "14400",
            "created_at": "2023-02-26T18:01:14+02:00",
            "description": "Ruppin (ruppin)",
            "escalation_policy": "PA57YI4",
            "html_url": "https://reblaze.pagerduty.com/service-directory/P06Q3XH",
            "id": "P06Q3XH",
            "incident_urgency_rule": [
              {
                "during_support_hours": [],
                "outside_support_hours": [],
                "type": "constant",
                "urgency": "high"
              }
            ],
            "last_incident_timestamp": "",
            "name": "Ruppin",
            "response_play": null,
            "scheduled_actions": [],
            "status": "active",
            "support_hours": [],
            "type": "service"
          },
          "sensitive_attributes": [],
          "private": "bnVsbA==",
          "dependencies": [
            "data.pagerduty_escalation_policy.default"
          ]
        }
      ]
    },
    {
      "mode": "managed",
      "type": "pagerduty_service",
      "name": "S21",
      "provider": "provider[\"registry.terraform.io/pagerduty/pagerduty\"]",
      "instances": [
        {
          "schema_version": 0,
          "attributes": {
            "acknowledgement_timeout": "1800",
            "alert_creation": "create_incidents",
            "alert_grouping": null,
            "alert_grouping_parameters": [],
            "alert_grouping_timeout": "null",
            "auto_pause_notifications_parameters": [],
            "auto_resolve_timeout": "14400",
            "created_at": "2023-02-26T18:00:35+02:00",
            "description": "S21 (s21)",
            "escalation_policy": "PA57YI4",
            "html_url": "https://reblaze.pagerduty.com/service-directory/P4E9DPL",
            "id": "P4E9DPL",
            "incident_urgency_rule": [
              {
                "during_support_hours": [],
                "outside_support_hours": [],
                "type": "constant",
                "urgency": "high"
              }
            ],
            "last_incident_timestamp": "",
            "name": "S21",
            "response_play": null,
            "scheduled_actions": [],
            "status": "active",
            "support_hours": [],
            "type": "service"
          },
          "sensitive_attributes": [],
          "private": "bnVsbA==",
          "dependencies": [
            "data.pagerduty_escalation_policy.default"
          ]
        }
      ]
    },
    {
      "mode": "managed",
      "type": "pagerduty_service",
      "name": "Salefreaks",
      "provider": "provider[\"registry.terraform.io/pagerduty/pagerduty\"]",
      "instances": [
        {
          "schema_version": 0,
          "attributes": {
            "acknowledgement_timeout": "1800",
            "alert_creation": "create_incidents",
            "alert_grouping": null,
            "alert_grouping_parameters": [],
            "alert_grouping_timeout": "null",
            "auto_pause_notifications_parameters": [],
            "auto_resolve_timeout": "14400",
            "created_at": "2023-02-26T18:00:46+02:00",
            "description": "Salefreaks (salefreaks)",
            "escalation_policy": "PA57YI4",
            "html_url": "https://reblaze.pagerduty.com/service-directory/P2KWRYI",
            "id": "P2KWRYI",
            "incident_urgency_rule": [
              {
                "during_support_hours": [],
                "outside_support_hours": [],
                "type": "constant",
                "urgency": "high"
              }
            ],
            "last_incident_timestamp": "",
            "name": "Salefreaks",
            "response_play": null,
            "scheduled_actions": [],
            "status": "active",
            "support_hours": [],
            "type": "service"
          },
          "sensitive_attributes": [],
          "private": "bnVsbA==",
          "dependencies": [
            "data.pagerduty_escalation_policy.default"
          ]
        }
      ]
    },
    {
      "mode": "managed",
      "type": "pagerduty_service",
      "name": "Samanage",
      "provider": "provider[\"registry.terraform.io/pagerduty/pagerduty\"]",
      "instances": [
        {
          "schema_version": 0,
          "attributes": {
            "acknowledgement_timeout": "1800",
            "alert_creation": "create_incidents",
            "alert_grouping": null,
            "alert_grouping_parameters": [],
            "alert_grouping_timeout": "null",
            "auto_pause_notifications_parameters": [],
            "auto_resolve_timeout": "14400",
            "created_at": "2023-02-26T18:00:36+02:00",
            "description": "Samanage (samanage)",
            "escalation_policy": "PA57YI4",
            "html_url": "https://reblaze.pagerduty.com/service-directory/PRKBZRM",
            "id": "PRKBZRM",
            "incident_urgency_rule": [
              {
                "during_support_hours": [],
                "outside_support_hours": [],
                "type": "constant",
                "urgency": "high"
              }
            ],
            "last_incident_timestamp": "",
            "name": "Samanage",
            "response_play": null,
            "scheduled_actions": [],
            "status": "active",
            "support_hours": [],
            "type": "service"
          },
          "sensitive_attributes": [],
          "private": "bnVsbA==",
          "dependencies": [
            "data.pagerduty_escalation_policy.default"
          ]
        }
      ]
    },
    {
      "mode": "managed",
      "type": "pagerduty_service",
      "name": "Samanageeur",
      "provider": "provider[\"registry.terraform.io/pagerduty/pagerduty\"]",
      "instances": [
        {
          "schema_version": 0,
          "attributes": {
            "acknowledgement_timeout": "1800",
            "alert_creation": "create_incidents",
            "alert_grouping": null,
            "alert_grouping_parameters": [],
            "alert_grouping_timeout": "null",
            "auto_pause_notifications_parameters": [],
            "auto_resolve_timeout": "14400",
            "created_at": "2023-02-26T18:00:55+02:00",
            "description": "Samanageeur (samanageeur)",
            "escalation_policy": "PA57YI4",
            "html_url": "https://reblaze.pagerduty.com/service-directory/PAV5Q50",
            "id": "PAV5Q50",
            "incident_urgency_rule": [
              {
                "during_support_hours": [],
                "outside_support_hours": [],
                "type": "constant",
                "urgency": "high"
              }
            ],
            "last_incident_timestamp": "",
            "name": "Samanageeur",
            "response_play": null,
            "scheduled_actions": [],
            "status": "active",
            "support_hours": [],
            "type": "service"
          },
          "sensitive_attributes": [],
          "private": "bnVsbA==",
          "dependencies": [
            "data.pagerduty_escalation_policy.default"
          ]
        }
      ]
    },
    {
      "mode": "managed",
      "type": "pagerduty_service",
      "name": "Searce597402607595260740",
      "provider": "provider[\"registry.terraform.io/pagerduty/pagerduty\"]",
      "instances": [
        {
          "schema_version": 0,
          "attributes": {
            "acknowledgement_timeout": "1800",
            "alert_creation": "create_incidents",
            "alert_grouping": null,
            "alert_grouping_parameters": [],
            "alert_grouping_timeout": "null",
            "auto_pause_notifications_parameters": [],
            "auto_resolve_timeout": "14400",
            "created_at": "2023-02-26T18:00:27+02:00",
            "description": "Searce597402607595260740 (searce597402607595260740)",
            "escalation_policy": "PA57YI4",
            "html_url": "https://reblaze.pagerduty.com/service-directory/P57MCMK",
            "id": "P57MCMK",
            "incident_urgency_rule": [
              {
                "during_support_hours": [],
                "outside_support_hours": [],
                "type": "constant",
                "urgency": "high"
              }
            ],
            "last_incident_timestamp": "",
            "name": "Searce597402607595260740",
            "response_play": null,
            "scheduled_actions": [],
            "status": "active",
            "support_hours": [],
            "type": "service"
          },
          "sensitive_attributes": [],
          "private": "bnVsbA==",
          "dependencies": [
            "data.pagerduty_escalation_policy.default"
          ]
        }
      ]
    },
    {
      "mode": "managed",
      "type": "pagerduty_service",
      "name": "Segment",
      "provider": "provider[\"registry.terraform.io/pagerduty/pagerduty\"]",
      "instances": [
        {
          "schema_version": 0,
          "attributes": {
            "acknowledgement_timeout": "1800",
            "alert_creation": "create_incidents",
            "alert_grouping": null,
            "alert_grouping_parameters": [],
            "alert_grouping_timeout": "null",
            "auto_pause_notifications_parameters": [],
            "auto_resolve_timeout": "14400",
            "created_at": "2023-02-26T18:00:43+02:00",
            "description": "Segment (segment)",
            "escalation_policy": "PA57YI4",
            "html_url": "https://reblaze.pagerduty.com/service-directory/PS5TFH2",
            "id": "PS5TFH2",
            "incident_urgency_rule": [
              {
                "during_support_hours": [],
                "outside_support_hours": [],
                "type": "constant",
                "urgency": "high"
              }
            ],
            "last_incident_timestamp": "",
            "name": "Segment",
            "response_play": null,
            "scheduled_actions": [],
            "status": "active",
            "support_hours": [],
            "type": "service"
          },
          "sensitive_attributes": [],
          "private": "bnVsbA==",
          "dependencies": [
            "data.pagerduty_escalation_policy.default"
          ]
        }
      ]
    },
    {
      "mode": "managed",
      "type": "pagerduty_service",
      "name": "Shikunbinui",
      "provider": "provider[\"registry.terraform.io/pagerduty/pagerduty\"]",
      "instances": [
        {
          "schema_version": 0,
          "attributes": {
            "acknowledgement_timeout": "1800",
            "alert_creation": "create_incidents",
            "alert_grouping": null,
            "alert_grouping_parameters": [],
            "alert_grouping_timeout": "null",
            "auto_pause_notifications_parameters": [],
            "auto_resolve_timeout": "14400",
            "created_at": "2023-02-26T18:01:03+02:00",
            "description": "Shikunbinui (shikunbinui)",
            "escalation_policy": "PA57YI4",
            "html_url": "https://reblaze.pagerduty.com/service-directory/P203SOK",
            "id": "P203SOK",
            "incident_urgency_rule": [
              {
                "during_support_hours": [],
                "outside_support_hours": [],
                "type": "constant",
                "urgency": "high"
              }
            ],
            "last_incident_timestamp": "",
            "name": "Shikunbinui",
            "response_play": null,
            "scheduled_actions": [],
            "status": "active",
            "support_hours": [],
            "type": "service"
          },
          "sensitive_attributes": [],
          "private": "bnVsbA==",
          "dependencies": [
            "data.pagerduty_escalation_policy.default"
          ]
        }
      ]
    },
    {
      "mode": "managed",
      "type": "pagerduty_service",
      "name": "Shostak",
      "provider": "provider[\"registry.terraform.io/pagerduty/pagerduty\"]",
      "instances": [
        {
          "schema_version": 0,
          "attributes": {
            "acknowledgement_timeout": "1800",
            "alert_creation": "create_incidents",
            "alert_grouping": null,
            "alert_grouping_parameters": [],
            "alert_grouping_timeout": "null",
            "auto_pause_notifications_parameters": [],
            "auto_resolve_timeout": "14400",
            "created_at": "2023-02-26T18:00:30+02:00",
            "description": "Shostak (shostak)",
            "escalation_policy": "PA57YI4",
            "html_url": "https://reblaze.pagerduty.com/service-directory/PBJOP1K",
            "id": "PBJOP1K",
            "incident_urgency_rule": [
              {
                "during_support_hours": [],
                "outside_support_hours": [],
                "type": "constant",
                "urgency": "high"
              }
            ],
            "last_incident_timestamp": "",
            "name": "Shostak",
            "response_play": null,
            "scheduled_actions": [],
            "status": "active",
            "support_hours": [],
            "type": "service"
          },
          "sensitive_attributes": [],
          "private": "bnVsbA==",
          "dependencies": [
            "data.pagerduty_escalation_policy.default"
          ]
        }
      ]
    },
    {
      "mode": "managed",
      "type": "pagerduty_service",
      "name": "Sidn",
      "provider": "provider[\"registry.terraform.io/pagerduty/pagerduty\"]",
      "instances": [
        {
          "schema_version": 0,
          "attributes": {
            "acknowledgement_timeout": "1800",
            "alert_creation": "create_incidents",
            "alert_grouping": null,
            "alert_grouping_parameters": [],
            "alert_grouping_timeout": "null",
            "auto_pause_notifications_parameters": [],
            "auto_resolve_timeout": "14400",
            "created_at": "2023-02-26T18:00:52+02:00",
            "description": "Sidn (sidn)",
            "escalation_policy": "PA57YI4",
            "html_url": "https://reblaze.pagerduty.com/service-directory/P07VDQA",
            "id": "P07VDQA",
            "incident_urgency_rule": [
              {
                "during_support_hours": [],
                "outside_support_hours": [],
                "type": "constant",
                "urgency": "high"
              }
            ],
            "last_incident_timestamp": "",
            "name": "Sidn",
            "response_play": null,
            "scheduled_actions": [],
            "status": "active",
            "support_hours": [],
            "type": "service"
          },
          "sensitive_attributes": [],
          "private": "bnVsbA==",
          "dependencies": [
            "data.pagerduty_escalation_policy.default"
          ]
        }
      ]
    },
    {
      "mode": "managed",
      "type": "pagerduty_service",
      "name": "Skylabs",
      "provider": "provider[\"registry.terraform.io/pagerduty/pagerduty\"]",
      "instances": [
        {
          "schema_version": 0,
          "attributes": {
            "acknowledgement_timeout": "1800",
            "alert_creation": "create_incidents",
            "alert_grouping": null,
            "alert_grouping_parameters": [],
            "alert_grouping_timeout": "null",
            "auto_pause_notifications_parameters": [],
            "auto_resolve_timeout": "14400",
            "created_at": "2023-02-26T18:00:41+02:00",
            "description": "Skylabs (skylabs)",
            "escalation_policy": "PA57YI4",
            "html_url": "https://reblaze.pagerduty.com/service-directory/PA2Y0NH",
            "id": "PA2Y0NH",
            "incident_urgency_rule": [
              {
                "during_support_hours": [],
                "outside_support_hours": [],
                "type": "constant",
                "urgency": "high"
              }
            ],
            "last_incident_timestamp": "",
            "name": "Skylabs",
            "response_play": null,
            "scheduled_actions": [],
            "status": "active",
            "support_hours": [],
            "type": "service"
          },
          "sensitive_attributes": [],
          "private": "bnVsbA==",
          "dependencies": [
            "data.pagerduty_escalation_policy.default"
          ]
        }
      ]
    },
    {
      "mode": "managed",
      "type": "pagerduty_service",
      "name": "Smartnpv",
      "provider": "provider[\"registry.terraform.io/pagerduty/pagerduty\"]",
      "instances": [
        {
          "schema_version": 0,
          "attributes": {
            "acknowledgement_timeout": "1800",
            "alert_creation": "create_incidents",
            "alert_grouping": null,
            "alert_grouping_parameters": [],
            "alert_grouping_timeout": "null",
            "auto_pause_notifications_parameters": [],
            "auto_resolve_timeout": "14400",
            "created_at": "2023-02-26T18:00:43+02:00",
            "description": "Smartnpv (smartnpv)",
            "escalation_policy": "PA57YI4",
            "html_url": "https://reblaze.pagerduty.com/service-directory/PVEEGWS",
            "id": "PVEEGWS",
            "incident_urgency_rule": [
              {
                "during_support_hours": [],
                "outside_support_hours": [],
                "type": "constant",
                "urgency": "high"
              }
            ],
            "last_incident_timestamp": "",
            "name": "Smartnpv",
            "response_play": null,
            "scheduled_actions": [],
            "status": "active",
            "support_hours": [],
            "type": "service"
          },
          "sensitive_attributes": [],
          "private": "bnVsbA==",
          "dependencies": [
            "data.pagerduty_escalation_policy.default"
          ]
        }
      ]
    },
    {
      "mode": "managed",
      "type": "pagerduty_service",
      "name": "Smartpldt",
      "provider": "provider[\"registry.terraform.io/pagerduty/pagerduty\"]",
      "instances": [
        {
          "schema_version": 0,
          "attributes": {
            "acknowledgement_timeout": "1800",
            "alert_creation": "create_incidents",
            "alert_grouping": null,
            "alert_grouping_parameters": [],
            "alert_grouping_timeout": "null",
            "auto_pause_notifications_parameters": [],
            "auto_resolve_timeout": "14400",
            "created_at": "2023-02-26T18:00:37+02:00",
            "description": "Smartpldt (smartpldt)",
            "escalation_policy": "PA57YI4",
            "html_url": "https://reblaze.pagerduty.com/service-directory/PNZISAX",
            "id": "PNZISAX",
            "incident_urgency_rule": [
              {
                "during_support_hours": [],
                "outside_support_hours": [],
                "type": "constant",
                "urgency": "high"
              }
            ],
            "last_incident_timestamp": "",
            "name": "Smartpldt",
            "response_play": null,
            "scheduled_actions": [],
            "status": "active",
            "support_hours": [],
            "type": "service"
          },
          "sensitive_attributes": [],
          "private": "bnVsbA==",
          "dependencies": [
            "data.pagerduty_escalation_policy.default"
          ]
        }
      ]
    },
    {
      "mode": "managed",
      "type": "pagerduty_service",
      "name": "Sodexo",
      "provider": "provider[\"registry.terraform.io/pagerduty/pagerduty\"]",
      "instances": [
        {
          "schema_version": 0,
          "attributes": {
            "acknowledgement_timeout": "1800",
            "alert_creation": "create_incidents",
            "alert_grouping": null,
            "alert_grouping_parameters": [],
            "alert_grouping_timeout": "null",
            "auto_pause_notifications_parameters": [],
            "auto_resolve_timeout": "14400",
            "created_at": "2023-02-26T18:00:50+02:00",
            "description": "Sodexo (sodexo)",
            "escalation_policy": "PA57YI4",
            "html_url": "https://reblaze.pagerduty.com/service-directory/PVMWMLV",
            "id": "PVMWMLV",
            "incident_urgency_rule": [
              {
                "during_support_hours": [],
                "outside_support_hours": [],
                "type": "constant",
                "urgency": "high"
              }
            ],
            "last_incident_timestamp": "",
            "name": "Sodexo",
            "response_play": null,
            "scheduled_actions": [],
            "status": "active",
            "support_hours": [],
            "type": "service"
          },
          "sensitive_attributes": [],
          "private": "bnVsbA==",
          "dependencies": [
            "data.pagerduty_escalation_policy.default"
          ]
        }
      ]
    },
    {
      "mode": "managed",
      "type": "pagerduty_service",
      "name": "Sodexoin",
      "provider": "provider[\"registry.terraform.io/pagerduty/pagerduty\"]",
      "instances": [
        {
          "schema_version": 0,
          "attributes": {
            "acknowledgement_timeout": "1800",
            "alert_creation": "create_incidents",
            "alert_grouping": null,
            "alert_grouping_parameters": [],
            "alert_grouping_timeout": "null",
            "auto_pause_notifications_parameters": [],
            "auto_resolve_timeout": "14400",
            "created_at": "2023-02-26T18:01:00+02:00",
            "description": "Sodexoin (sodexoin)",
            "escalation_policy": "PA57YI4",
            "html_url": "https://reblaze.pagerduty.com/service-directory/PF0DDOV",
            "id": "PF0DDOV",
            "incident_urgency_rule": [
              {
                "during_support_hours": [],
                "outside_support_hours": [],
                "type": "constant",
                "urgency": "high"
              }
            ],
            "last_incident_timestamp": "",
            "name": "Sodexoin",
            "response_play": null,
            "scheduled_actions": [],
            "status": "active",
            "support_hours": [],
            "type": "service"
          },
          "sensitive_attributes": [],
          "private": "bnVsbA==",
          "dependencies": [
            "data.pagerduty_escalation_policy.default"
          ]
        }
      ]
    },
    {
      "mode": "managed",
      "type": "pagerduty_service",
      "name": "Sonaefs",
      "provider": "provider[\"registry.terraform.io/pagerduty/pagerduty\"]",
      "instances": [
        {
          "schema_version": 0,
          "attributes": {
            "acknowledgement_timeout": "1800",
            "alert_creation": "create_incidents",
            "alert_grouping": null,
            "alert_grouping_parameters": [],
            "alert_grouping_timeout": "null",
            "auto_pause_notifications_parameters": [],
            "auto_resolve_timeout": "14400",
            "created_at": "2023-02-26T18:01:11+02:00",
            "description": "Sonaefs (sonaefs)",
            "escalation_policy": "PA57YI4",
            "html_url": "https://reblaze.pagerduty.com/service-directory/P1WQSBL",
            "id": "P1WQSBL",
            "incident_urgency_rule": [
              {
                "during_support_hours": [],
                "outside_support_hours": [],
                "type": "constant",
                "urgency": "high"
              }
            ],
            "last_incident_timestamp": "",
            "name": "Sonaefs",
            "response_play": null,
            "scheduled_actions": [],
            "status": "active",
            "support_hours": [],
            "type": "service"
          },
          "sensitive_attributes": [],
          "private": "bnVsbA==",
          "dependencies": [
            "data.pagerduty_escalation_policy.default"
          ]
        }
      ]
    },
    {
      "mode": "managed",
      "type": "pagerduty_service",
      "name": "Sonaemc",
      "provider": "provider[\"registry.terraform.io/pagerduty/pagerduty\"]",
      "instances": [
        {
          "schema_version": 0,
          "attributes": {
            "acknowledgement_timeout": "1800",
            "alert_creation": "create_incidents",
            "alert_grouping": null,
            "alert_grouping_parameters": [],
            "alert_grouping_timeout": "null",
            "auto_pause_notifications_parameters": null,
            "auto_resolve_timeout": "14400",
            "created_at": "2023-02-26T18:04:43+02:00",
            "description": "Sonaemc (sonaemc)",
            "escalation_policy": "PA57YI4",
            "html_url": "https://reblaze.pagerduty.com/service-directory/PKH160V",
            "id": "PKH160V",
            "incident_urgency_rule": [
              {
                "during_support_hours": [],
                "outside_support_hours": [],
                "type": "constant",
                "urgency": "high"
              }
            ],
            "last_incident_timestamp": "",
            "name": "Sonaemc",
            "response_play": null,
            "scheduled_actions": [],
            "status": "active",
            "support_hours": [],
            "type": "service"
          },
          "sensitive_attributes": [],
          "private": "bnVsbA==",
          "dependencies": [
            "data.pagerduty_escalation_policy.default"
          ]
        }
      ]
    },
    {
      "mode": "managed",
      "type": "pagerduty_service",
      "name": "Sphereo",
      "provider": "provider[\"registry.terraform.io/pagerduty/pagerduty\"]",
      "instances": [
        {
          "schema_version": 0,
          "attributes": {
            "acknowledgement_timeout": "1800",
            "alert_creation": "create_incidents",
            "alert_grouping": null,
            "alert_grouping_parameters": [],
            "alert_grouping_timeout": "null",
            "auto_pause_notifications_parameters": [],
            "auto_resolve_timeout": "14400",
            "created_at": "2023-02-26T18:00:51+02:00",
            "description": "Sphereo (sphereo)",
            "escalation_policy": "PA57YI4",
            "html_url": "https://reblaze.pagerduty.com/service-directory/PJF9JCJ",
            "id": "PJF9JCJ",
            "incident_urgency_rule": [
              {
                "during_support_hours": [],
                "outside_support_hours": [],
                "type": "constant",
                "urgency": "high"
              }
            ],
            "last_incident_timestamp": "",
            "name": "Sphereo",
            "response_play": null,
            "scheduled_actions": [],
            "status": "active",
            "support_hours": [],
            "type": "service"
          },
          "sensitive_attributes": [],
          "private": "bnVsbA==",
          "dependencies": [
            "data.pagerduty_escalation_policy.default"
          ]
        }
      ]
    },
    {
      "mode": "managed",
      "type": "pagerduty_service",
      "name": "Stg2160E",
      "provider": "provider[\"registry.terraform.io/pagerduty/pagerduty\"]",
      "instances": [
        {
          "schema_version": 0,
          "attributes": {
            "acknowledgement_timeout": "1800",
            "alert_creation": "create_incidents",
            "alert_grouping": null,
            "alert_grouping_parameters": [],
            "alert_grouping_timeout": "null",
            "auto_pause_notifications_parameters": [],
            "auto_resolve_timeout": "14400",
            "created_at": "2023-02-26T18:00:56+02:00",
            "description": "Stg2160E (stg2160e)",
            "escalation_policy": "PA57YI4",
            "html_url": "https://reblaze.pagerduty.com/service-directory/PKBX971",
            "id": "PKBX971",
            "incident_urgency_rule": [
              {
                "during_support_hours": [],
                "outside_support_hours": [],
                "type": "constant",
                "urgency": "high"
              }
            ],
            "last_incident_timestamp": "",
            "name": "Stg2160E",
            "response_play": null,
            "scheduled_actions": [],
            "status": "active",
            "support_hours": [],
            "type": "service"
          },
          "sensitive_attributes": [],
          "private": "bnVsbA==",
          "dependencies": [
            "data.pagerduty_escalation_policy.default"
          ]
        }
      ]
    },
    {
      "mode": "managed",
      "type": "pagerduty_service",
      "name": "Stg2161B",
      "provider": "provider[\"registry.terraform.io/pagerduty/pagerduty\"]",
      "instances": [
        {
          "schema_version": 0,
          "attributes": {
            "acknowledgement_timeout": "1800",
            "alert_creation": "create_incidents",
            "alert_grouping": null,
            "alert_grouping_parameters": [],
            "alert_grouping_timeout": "null",
            "auto_pause_notifications_parameters": [],
            "auto_resolve_timeout": "14400",
            "created_at": "2023-02-26T18:00:44+02:00",
            "description": "Stg2161B (stg2161b)",
            "escalation_policy": "PA57YI4",
            "html_url": "https://reblaze.pagerduty.com/service-directory/PNHAZ2A",
            "id": "PNHAZ2A",
            "incident_urgency_rule": [
              {
                "during_support_hours": [],
                "outside_support_hours": [],
                "type": "constant",
                "urgency": "high"
              }
            ],
            "last_incident_timestamp": "",
            "name": "Stg2161B",
            "response_play": null,
            "scheduled_actions": [],
            "status": "active",
            "support_hours": [],
            "type": "service"
          },
          "sensitive_attributes": [],
          "private": "bnVsbA==",
          "dependencies": [
            "data.pagerduty_escalation_policy.default"
          ]
        }
      ]
    },
    {
      "mode": "managed",
      "type": "pagerduty_service",
      "name": "Stg2180B",
      "provider": "provider[\"registry.terraform.io/pagerduty/pagerduty\"]",
      "instances": [
        {
          "schema_version": 0,
          "attributes": {
            "acknowledgement_timeout": "1800",
            "alert_creation": "create_incidents",
            "alert_grouping": null,
            "alert_grouping_parameters": [],
            "alert_grouping_timeout": "null",
            "auto_pause_notifications_parameters": [],
            "auto_resolve_timeout": "14400",
            "created_at": "2023-02-26T18:01:14+02:00",
            "description": "Stg2180B (stg2180b)",
            "escalation_policy": "PA57YI4",
            "html_url": "https://reblaze.pagerduty.com/service-directory/P7RM4MX",
            "id": "P7RM4MX",
            "incident_urgency_rule": [
              {
                "during_support_hours": [],
                "outside_support_hours": [],
                "type": "constant",
                "urgency": "high"
              }
            ],
            "last_incident_timestamp": "",
            "name": "Stg2180B",
            "response_play": null,
            "scheduled_actions": [],
            "status": "active",
            "support_hours": [],
            "type": "service"
          },
          "sensitive_attributes": [],
          "private": "bnVsbA==",
          "dependencies": [
            "data.pagerduty_escalation_policy.default"
          ]
        }
      ]
    },
    {
      "mode": "managed",
      "type": "pagerduty_service",
      "name": "Stg2180C",
      "provider": "provider[\"registry.terraform.io/pagerduty/pagerduty\"]",
      "instances": [
        {
          "schema_version": 0,
          "attributes": {
            "acknowledgement_timeout": "1800",
            "alert_creation": "create_incidents",
            "alert_grouping": null,
            "alert_grouping_parameters": [],
            "alert_grouping_timeout": "null",
            "auto_pause_notifications_parameters": [],
            "auto_resolve_timeout": "14400",
            "created_at": "2023-02-26T18:00:37+02:00",
            "description": "Stg2180C (stg2180c)",
            "escalation_policy": "PA57YI4",
            "html_url": "https://reblaze.pagerduty.com/service-directory/P70XRL7",
            "id": "P70XRL7",
            "incident_urgency_rule": [
              {
                "during_support_hours": [],
                "outside_support_hours": [],
                "type": "constant",
                "urgency": "high"
              }
            ],
            "last_incident_timestamp": "",
            "name": "Stg2180C",
            "response_play": null,
            "scheduled_actions": [],
            "status": "active",
            "support_hours": [],
            "type": "service"
          },
          "sensitive_attributes": [],
          "private": "bnVsbA==",
          "dependencies": [
            "data.pagerduty_escalation_policy.default"
          ]
        }
      ]
    },
    {
      "mode": "managed",
      "type": "pagerduty_service",
      "name": "Stg2200",
      "provider": "provider[\"registry.terraform.io/pagerduty/pagerduty\"]",
      "instances": [
        {
          "schema_version": 0,
          "attributes": {
            "acknowledgement_timeout": "1800",
            "alert_creation": "create_incidents",
            "alert_grouping": null,
            "alert_grouping_parameters": [],
            "alert_grouping_timeout": "null",
            "auto_pause_notifications_parameters": [],
            "auto_resolve_timeout": "14400",
            "created_at": "2023-02-26T18:00:49+02:00",
            "description": "Stg2200 (stg2200)",
            "escalation_policy": "PA57YI4",
            "html_url": "https://reblaze.pagerduty.com/service-directory/PPST4YH",
            "id": "PPST4YH",
            "incident_urgency_rule": [
              {
                "during_support_hours": [],
                "outside_support_hours": [],
                "type": "constant",
                "urgency": "high"
              }
            ],
            "last_incident_timestamp": "",
            "name": "Stg2200",
            "response_play": null,
            "scheduled_actions": [],
            "status": "active",
            "support_hours": [],
            "type": "service"
          },
          "sensitive_attributes": [],
          "private": "bnVsbA==",
          "dependencies": [
            "data.pagerduty_escalation_policy.default"
          ]
        }
      ]
    },
    {
      "mode": "managed",
      "type": "pagerduty_service",
      "name": "Stg2201B",
      "provider": "provider[\"registry.terraform.io/pagerduty/pagerduty\"]",
      "instances": [
        {
          "schema_version": 0,
          "attributes": {
            "acknowledgement_timeout": "1800",
            "alert_creation": "create_incidents",
            "alert_grouping": null,
            "alert_grouping_parameters": [],
            "alert_grouping_timeout": "null",
            "auto_pause_notifications_parameters": [],
            "auto_resolve_timeout": "14400",
            "created_at": "2023-02-26T18:01:02+02:00",
            "description": "Stg2201B (stg2201b)",
            "escalation_policy": "PA57YI4",
            "html_url": "https://reblaze.pagerduty.com/service-directory/PEP8X9T",
            "id": "PEP8X9T",
            "incident_urgency_rule": [
              {
                "during_support_hours": [],
                "outside_support_hours": [],
                "type": "constant",
                "urgency": "high"
              }
            ],
            "last_incident_timestamp": "",
            "name": "Stg2201B",
            "response_play": null,
            "scheduled_actions": [],
            "status": "active",
            "support_hours": [],
            "type": "service"
          },
          "sensitive_attributes": [],
          "private": "bnVsbA==",
          "dependencies": [
            "data.pagerduty_escalation_policy.default"
          ]
        }
      ]
    },
    {
      "mode": "managed",
      "type": "pagerduty_service",
      "name": "Stg2202A",
      "provider": "provider[\"registry.terraform.io/pagerduty/pagerduty\"]",
      "instances": [
        {
          "schema_version": 0,
          "attributes": {
            "acknowledgement_timeout": "1800",
            "alert_creation": "create_incidents",
            "alert_grouping": null,
            "alert_grouping_parameters": [],
            "alert_grouping_timeout": "null",
            "auto_pause_notifications_parameters": [],
            "auto_resolve_timeout": "14400",
            "created_at": "2023-02-26T18:01:11+02:00",
            "description": "Stg2202A (stg2202a)",
            "escalation_policy": "PA57YI4",
            "html_url": "https://reblaze.pagerduty.com/service-directory/P55BTRO",
            "id": "P55BTRO",
            "incident_urgency_rule": [
              {
                "during_support_hours": [],
                "outside_support_hours": [],
                "type": "constant",
                "urgency": "high"
              }
            ],
            "last_incident_timestamp": "",
            "name": "Stg2202A",
            "response_play": null,
            "scheduled_actions": [],
            "status": "active",
            "support_hours": [],
            "type": "service"
          },
          "sensitive_attributes": [],
          "private": "bnVsbA==",
          "dependencies": [
            "data.pagerduty_escalation_policy.default"
          ]
        }
      ]
    },
    {
      "mode": "managed",
      "type": "pagerduty_service",
      "name": "Stg2202X",
      "provider": "provider[\"registry.terraform.io/pagerduty/pagerduty\"]",
      "instances": [
        {
          "schema_version": 0,
          "attributes": {
            "acknowledgement_timeout": "1800",
            "alert_creation": "create_incidents",
            "alert_grouping": null,
            "alert_grouping_parameters": [],
            "alert_grouping_timeout": "null",
            "auto_pause_notifications_parameters": [],
            "auto_resolve_timeout": "14400",
            "created_at": "2023-02-26T18:00:40+02:00",
            "description": "Stg2202X (stg2202x)",
            "escalation_policy": "PA57YI4",
            "html_url": "https://reblaze.pagerduty.com/service-directory/P21924D",
            "id": "P21924D",
            "incident_urgency_rule": [
              {
                "during_support_hours": [],
                "outside_support_hours": [],
                "type": "constant",
                "urgency": "high"
              }
            ],
            "last_incident_timestamp": "",
            "name": "Stg2202X",
            "response_play": null,
            "scheduled_actions": [],
            "status": "active",
            "support_hours": [],
            "type": "service"
          },
          "sensitive_attributes": [],
          "private": "bnVsbA==",
          "dependencies": [
            "data.pagerduty_escalation_policy.default"
          ]
        }
      ]
    },
    {
      "mode": "managed",
      "type": "pagerduty_service",
      "name": "Stg2202Xa",
      "provider": "provider[\"registry.terraform.io/pagerduty/pagerduty\"]",
      "instances": [
        {
          "schema_version": 0,
          "attributes": {
            "acknowledgement_timeout": "1800",
            "alert_creation": "create_incidents",
            "alert_grouping": null,
            "alert_grouping_parameters": [],
            "alert_grouping_timeout": "null",
            "auto_pause_notifications_parameters": [],
            "auto_resolve_timeout": "14400",
            "created_at": "2023-02-26T18:00:37+02:00",
            "description": "Stg2202Xa (stg2202xa)",
            "escalation_policy": "PA57YI4",
            "html_url": "https://reblaze.pagerduty.com/service-directory/PYUFUEA",
            "id": "PYUFUEA",
            "incident_urgency_rule": [
              {
                "during_support_hours": [],
                "outside_support_hours": [],
                "type": "constant",
                "urgency": "high"
              }
            ],
            "last_incident_timestamp": "",
            "name": "Stg2202Xa",
            "response_play": null,
            "scheduled_actions": [],
            "status": "active",
            "support_hours": [],
            "type": "service"
          },
          "sensitive_attributes": [],
          "private": "bnVsbA==",
          "dependencies": [
            "data.pagerduty_escalation_policy.default"
          ]
        }
      ]
    },
    {
      "mode": "managed",
      "type": "pagerduty_service",
      "name": "Stm",
      "provider": "provider[\"registry.terraform.io/pagerduty/pagerduty\"]",
      "instances": [
        {
          "schema_version": 0,
          "attributes": {
            "acknowledgement_timeout": "1800",
            "alert_creation": "create_incidents",
            "alert_grouping": null,
            "alert_grouping_parameters": [],
            "alert_grouping_timeout": "null",
            "auto_pause_notifications_parameters": [],
            "auto_resolve_timeout": "14400",
            "created_at": "2023-02-26T18:00:45+02:00",
            "description": "Stm (stm)",
            "escalation_policy": "PA57YI4",
            "html_url": "https://reblaze.pagerduty.com/service-directory/PUREUSO",
            "id": "PUREUSO",
            "incident_urgency_rule": [
              {
                "during_support_hours": [],
                "outside_support_hours": [],
                "type": "constant",
                "urgency": "high"
              }
            ],
            "last_incident_timestamp": "",
            "name": "Stm",
            "response_play": null,
            "scheduled_actions": [],
            "status": "active",
            "support_hours": [],
            "type": "service"
          },
          "sensitive_attributes": [],
          "private": "bnVsbA==",
          "dependencies": [
            "data.pagerduty_escalation_policy.default"
          ]
        }
      ]
    },
    {
      "mode": "managed",
      "type": "pagerduty_service",
      "name": "Stormferrero",
      "provider": "provider[\"registry.terraform.io/pagerduty/pagerduty\"]",
      "instances": [
        {
          "schema_version": 0,
          "attributes": {
            "acknowledgement_timeout": "1800",
            "alert_creation": "create_incidents",
            "alert_grouping": null,
            "alert_grouping_parameters": [],
            "alert_grouping_timeout": "null",
            "auto_pause_notifications_parameters": [],
            "auto_resolve_timeout": "14400",
            "created_at": "2023-02-26T18:00:47+02:00",
            "description": "Stormferrero (stormferrero)",
            "escalation_policy": "PA57YI4",
            "html_url": "https://reblaze.pagerduty.com/service-directory/PQ3LNAJ",
            "id": "PQ3LNAJ",
            "incident_urgency_rule": [
              {
                "during_support_hours": [],
                "outside_support_hours": [],
                "type": "constant",
                "urgency": "high"
              }
            ],
            "last_incident_timestamp": "",
            "name": "Stormferrero",
            "response_play": null,
            "scheduled_actions": [],
            "status": "active",
            "support_hours": [],
            "type": "service"
          },
          "sensitive_attributes": [],
          "private": "bnVsbA==",
          "dependencies": [
            "data.pagerduty_escalation_policy.default"
          ]
        }
      ]
    },
    {
      "mode": "managed",
      "type": "pagerduty_service",
      "name": "Stormreply",
      "provider": "provider[\"registry.terraform.io/pagerduty/pagerduty\"]",
      "instances": [
        {
          "schema_version": 0,
          "attributes": {
            "acknowledgement_timeout": "1800",
            "alert_creation": "create_incidents",
            "alert_grouping": null,
            "alert_grouping_parameters": [],
            "alert_grouping_timeout": "null",
            "auto_pause_notifications_parameters": [],
            "auto_resolve_timeout": "14400",
            "created_at": "2023-02-26T18:00:59+02:00",
            "description": "Stormreply (stormreply)",
            "escalation_policy": "PA57YI4",
            "html_url": "https://reblaze.pagerduty.com/service-directory/PYTZHLH",
            "id": "PYTZHLH",
            "incident_urgency_rule": [
              {
                "during_support_hours": [],
                "outside_support_hours": [],
                "type": "constant",
                "urgency": "high"
              }
            ],
            "last_incident_timestamp": "",
            "name": "Stormreply",
            "response_play": null,
            "scheduled_actions": [],
            "status": "active",
            "support_hours": [],
            "type": "service"
          },
          "sensitive_attributes": [],
          "private": "bnVsbA==",
          "dependencies": [
            "data.pagerduty_escalation_policy.default"
          ]
        }
      ]
    },
    {
      "mode": "managed",
      "type": "pagerduty_service",
      "name": "Stormreplymt",
      "provider": "provider[\"registry.terraform.io/pagerduty/pagerduty\"]",
      "instances": [
        {
          "schema_version": 0,
          "attributes": {
            "acknowledgement_timeout": "1800",
            "alert_creation": "create_incidents",
            "alert_grouping": null,
            "alert_grouping_parameters": [],
            "alert_grouping_timeout": "null",
            "auto_pause_notifications_parameters": [],
            "auto_resolve_timeout": "14400",
            "created_at": "2023-02-26T18:00:39+02:00",
            "description": "Stormreplymt (stormreplymt)",
            "escalation_policy": "PA57YI4",
            "html_url": "https://reblaze.pagerduty.com/service-directory/P2CE86F",
            "id": "P2CE86F",
            "incident_urgency_rule": [
              {
                "during_support_hours": [],
                "outside_support_hours": [],
                "type": "constant",
                "urgency": "high"
              }
            ],
            "last_incident_timestamp": "",
            "name": "Stormreplymt",
            "response_play": null,
            "scheduled_actions": [],
            "status": "active",
            "support_hours": [],
            "type": "service"
          },
          "sensitive_attributes": [],
          "private": "bnVsbA==",
          "dependencies": [
            "data.pagerduty_escalation_policy.default"
          ]
        }
      ]
    },
    {
      "mode": "managed",
      "type": "pagerduty_service",
      "name": "Strauss",
      "provider": "provider[\"registry.terraform.io/pagerduty/pagerduty\"]",
      "instances": [
        {
          "schema_version": 0,
          "attributes": {
            "acknowledgement_timeout": "1800",
            "alert_creation": "create_incidents",
            "alert_grouping": null,
            "alert_grouping_parameters": [],
            "alert_grouping_timeout": "null",
            "auto_pause_notifications_parameters": [],
            "auto_resolve_timeout": "14400",
            "created_at": "2023-02-26T18:00:47+02:00",
            "description": "Strauss (strauss)",
            "escalation_policy": "PA57YI4",
            "html_url": "https://reblaze.pagerduty.com/service-directory/P5IP996",
            "id": "P5IP996",
            "incident_urgency_rule": [
              {
                "during_support_hours": [],
                "outside_support_hours": [],
                "type": "constant",
                "urgency": "high"
              }
            ],
            "last_incident_timestamp": "",
            "name": "Strauss",
            "response_play": null,
            "scheduled_actions": [],
            "status": "active",
            "support_hours": [],
            "type": "service"
          },
          "sensitive_attributes": [],
          "private": "bnVsbA==",
          "dependencies": [
            "data.pagerduty_escalation_policy.default"
          ]
        }
      ]
    },
    {
      "mode": "managed",
      "type": "pagerduty_service",
      "name": "Superpharm",
      "provider": "provider[\"registry.terraform.io/pagerduty/pagerduty\"]",
      "instances": [
        {
          "schema_version": 0,
          "attributes": {
            "acknowledgement_timeout": "1800",
            "alert_creation": "create_incidents",
            "alert_grouping": null,
            "alert_grouping_parameters": [],
            "alert_grouping_timeout": "null",
            "auto_pause_notifications_parameters": [],
            "auto_resolve_timeout": "14400",
            "created_at": "2023-02-26T18:00:30+02:00",
            "description": "Superpharm (superpharm)",
            "escalation_policy": "PA57YI4",
            "html_url": "https://reblaze.pagerduty.com/service-directory/P6FF8W4",
            "id": "P6FF8W4",
            "incident_urgency_rule": [
              {
                "during_support_hours": [],
                "outside_support_hours": [],
                "type": "constant",
                "urgency": "high"
              }
            ],
            "last_incident_timestamp": "",
            "name": "Superpharm",
            "response_play": null,
            "scheduled_actions": [],
            "status": "active",
            "support_hours": [],
            "type": "service"
          },
          "sensitive_attributes": [],
          "private": "bnVsbA==",
          "dependencies": [
            "data.pagerduty_escalation_policy.default"
          ]
        }
      ]
    },
    {
      "mode": "managed",
      "type": "pagerduty_service",
      "name": "Synel",
      "provider": "provider[\"registry.terraform.io/pagerduty/pagerduty\"]",
      "instances": [
        {
          "schema_version": 0,
          "attributes": {
            "acknowledgement_timeout": "1800",
            "alert_creation": "create_incidents",
            "alert_grouping": null,
            "alert_grouping_parameters": [],
            "alert_grouping_timeout": "null",
            "auto_pause_notifications_parameters": [],
            "auto_resolve_timeout": "14400",
            "created_at": "2023-02-26T18:00:59+02:00",
            "description": "Synel (synel)",
            "escalation_policy": "PA57YI4",
            "html_url": "https://reblaze.pagerduty.com/service-directory/PC2KIB7",
            "id": "PC2KIB7",
            "incident_urgency_rule": [
              {
                "during_support_hours": [],
                "outside_support_hours": [],
                "type": "constant",
                "urgency": "high"
              }
            ],
            "last_incident_timestamp": "",
            "name": "Synel",
            "response_play": null,
            "scheduled_actions": [],
            "status": "active",
            "support_hours": [],
            "type": "service"
          },
          "sensitive_attributes": [],
          "private": "bnVsbA==",
          "dependencies": [
            "data.pagerduty_escalation_policy.default"
          ]
        }
      ]
    },
    {
      "mode": "managed",
      "type": "pagerduty_service",
      "name": "Sysbind",
      "provider": "provider[\"registry.terraform.io/pagerduty/pagerduty\"]",
      "instances": [
        {
          "schema_version": 0,
          "attributes": {
            "acknowledgement_timeout": "1800",
            "alert_creation": "create_incidents",
            "alert_grouping": null,
            "alert_grouping_parameters": [],
            "alert_grouping_timeout": "null",
            "auto_pause_notifications_parameters": [],
            "auto_resolve_timeout": "14400",
            "created_at": "2023-02-26T18:01:06+02:00",
            "description": "Sysbind (sysbind)",
            "escalation_policy": "PA57YI4",
            "html_url": "https://reblaze.pagerduty.com/service-directory/PV240BX",
            "id": "PV240BX",
            "incident_urgency_rule": [
              {
                "during_support_hours": [],
                "outside_support_hours": [],
                "type": "constant",
                "urgency": "high"
              }
            ],
            "last_incident_timestamp": "",
            "name": "Sysbind",
            "response_play": null,
            "scheduled_actions": [],
            "status": "active",
            "support_hours": [],
            "type": "service"
          },
          "sensitive_attributes": [],
          "private": "bnVsbA==",
          "dependencies": [
            "data.pagerduty_escalation_policy.default"
          ]
        }
      ]
    },
    {
      "mode": "managed",
      "type": "pagerduty_service",
      "name": "Taasuka",
      "provider": "provider[\"registry.terraform.io/pagerduty/pagerduty\"]",
      "instances": [
        {
          "schema_version": 0,
          "attributes": {
            "acknowledgement_timeout": "1800",
            "alert_creation": "create_incidents",
            "alert_grouping": null,
            "alert_grouping_parameters": [],
            "alert_grouping_timeout": "null",
            "auto_pause_notifications_parameters": [],
            "auto_resolve_timeout": "14400",
            "created_at": "2023-02-26T18:00:51+02:00",
            "description": "Taasuka (taasuka)",
            "escalation_policy": "PA57YI4",
            "html_url": "https://reblaze.pagerduty.com/service-directory/PO2SFUD",
            "id": "PO2SFUD",
            "incident_urgency_rule": [
              {
                "during_support_hours": [],
                "outside_support_hours": [],
                "type": "constant",
                "urgency": "high"
              }
            ],
            "last_incident_timestamp": "",
            "name": "Taasuka",
            "response_play": null,
            "scheduled_actions": [],
            "status": "active",
            "support_hours": [],
            "type": "service"
          },
          "sensitive_attributes": [],
          "private": "bnVsbA==",
          "dependencies": [
            "data.pagerduty_escalation_policy.default"
          ]
        }
      ]
    },
    {
      "mode": "managed",
      "type": "pagerduty_service",
      "name": "Tchain",
      "provider": "provider[\"registry.terraform.io/pagerduty/pagerduty\"]",
      "instances": [
        {
          "schema_version": 0,
          "attributes": {
            "acknowledgement_timeout": "1800",
            "alert_creation": "create_incidents",
            "alert_grouping": null,
            "alert_grouping_parameters": [],
            "alert_grouping_timeout": "null",
            "auto_pause_notifications_parameters": [],
            "auto_resolve_timeout": "14400",
            "created_at": "2023-02-26T18:00:30+02:00",
            "description": "Tchain (tchain)",
            "escalation_policy": "PA57YI4",
            "html_url": "https://reblaze.pagerduty.com/service-directory/PFVZPEN",
            "id": "PFVZPEN",
            "incident_urgency_rule": [
              {
                "during_support_hours": [],
                "outside_support_hours": [],
                "type": "constant",
                "urgency": "high"
              }
            ],
            "last_incident_timestamp": "",
            "name": "Tchain",
            "response_play": null,
            "scheduled_actions": [],
            "status": "active",
            "support_hours": [],
            "type": "service"
          },
          "sensitive_attributes": [],
          "private": "bnVsbA==",
          "dependencies": [
            "data.pagerduty_escalation_policy.default"
          ]
        }
      ]
    },
    {
      "mode": "managed",
      "type": "pagerduty_service",
      "name": "Tenurex",
      "provider": "provider[\"registry.terraform.io/pagerduty/pagerduty\"]",
      "instances": [
        {
          "schema_version": 0,
          "attributes": {
            "acknowledgement_timeout": "1800",
            "alert_creation": "create_incidents",
            "alert_grouping": null,
            "alert_grouping_parameters": [],
            "alert_grouping_timeout": "null",
            "auto_pause_notifications_parameters": [],
            "auto_resolve_timeout": "14400",
            "created_at": "2023-02-26T18:00:43+02:00",
            "description": "Tenurex (tenurex)",
            "escalation_policy": "PA57YI4",
            "html_url": "https://reblaze.pagerduty.com/service-directory/P7JHESP",
            "id": "P7JHESP",
            "incident_urgency_rule": [
              {
                "during_support_hours": [],
                "outside_support_hours": [],
                "type": "constant",
                "urgency": "high"
              }
            ],
            "last_incident_timestamp": "",
            "name": "Tenurex",
            "response_play": null,
            "scheduled_actions": [],
            "status": "active",
            "support_hours": [],
            "type": "service"
          },
          "sensitive_attributes": [],
          "private": "bnVsbA==",
          "dependencies": [
            "data.pagerduty_escalation_policy.default"
          ]
        }
      ]
    },
    {
      "mode": "managed",
      "type": "pagerduty_service",
      "name": "Threelayerst",
      "provider": "provider[\"registry.terraform.io/pagerduty/pagerduty\"]",
      "instances": [
        {
          "schema_version": 0,
          "attributes": {
            "acknowledgement_timeout": "1800",
            "alert_creation": "create_incidents",
            "alert_grouping": null,
            "alert_grouping_parameters": [],
            "alert_grouping_timeout": "null",
            "auto_pause_notifications_parameters": [],
            "auto_resolve_timeout": "14400",
            "created_at": "2023-02-26T18:00:36+02:00",
            "description": "Threelayerst (threelayerst)",
            "escalation_policy": "PA57YI4",
            "html_url": "https://reblaze.pagerduty.com/service-directory/PVWMA4P",
            "id": "PVWMA4P",
            "incident_urgency_rule": [
              {
                "during_support_hours": [],
                "outside_support_hours": [],
                "type": "constant",
                "urgency": "high"
              }
            ],
            "last_incident_timestamp": "",
            "name": "Threelayerst",
            "response_play": null,
            "scheduled_actions": [],
            "status": "active",
            "support_hours": [],
            "type": "service"
          },
          "sensitive_attributes": [],
          "private": "bnVsbA==",
          "dependencies": [
            "data.pagerduty_escalation_policy.default"
          ]
        }
      ]
    },
    {
      "mode": "managed",
      "type": "pagerduty_service",
      "name": "Tipranks",
      "provider": "provider[\"registry.terraform.io/pagerduty/pagerduty\"]",
      "instances": [
        {
          "schema_version": 0,
          "attributes": {
            "acknowledgement_timeout": "1800",
            "alert_creation": "create_incidents",
            "alert_grouping": null,
            "alert_grouping_parameters": [],
            "alert_grouping_timeout": "null",
            "auto_pause_notifications_parameters": [],
            "auto_resolve_timeout": "14400",
            "created_at": "2023-02-26T18:00:53+02:00",
            "description": "Tipranks (tipranks)",
            "escalation_policy": "PA57YI4",
            "html_url": "https://reblaze.pagerduty.com/service-directory/P35OY0L",
            "id": "P35OY0L",
            "incident_urgency_rule": [
              {
                "during_support_hours": [],
                "outside_support_hours": [],
                "type": "constant",
                "urgency": "high"
              }
            ],
            "last_incident_timestamp": "",
            "name": "Tipranks",
            "response_play": null,
            "scheduled_actions": [],
            "status": "active",
            "support_hours": [],
            "type": "service"
          },
          "sensitive_attributes": [],
          "private": "bnVsbA==",
          "dependencies": [
            "data.pagerduty_escalation_policy.default"
          ]
        }
      ]
    },
    {
      "mode": "managed",
      "type": "pagerduty_service",
      "name": "Tipranksstg",
      "provider": "provider[\"registry.terraform.io/pagerduty/pagerduty\"]",
      "instances": [
        {
          "schema_version": 0,
          "attributes": {
            "acknowledgement_timeout": "1800",
            "alert_creation": "create_incidents",
            "alert_grouping": null,
            "alert_grouping_parameters": [],
            "alert_grouping_timeout": "null",
            "auto_pause_notifications_parameters": [],
            "auto_resolve_timeout": "14400",
            "created_at": "2023-02-26T18:00:41+02:00",
            "description": "Tipranksstg (tipranksstg)",
            "escalation_policy": "PA57YI4",
            "html_url": "https://reblaze.pagerduty.com/service-directory/PKKV2RK",
            "id": "PKKV2RK",
            "incident_urgency_rule": [
              {
                "during_support_hours": [],
                "outside_support_hours": [],
                "type": "constant",
                "urgency": "high"
              }
            ],
            "last_incident_timestamp": "",
            "name": "Tipranksstg",
            "response_play": null,
            "scheduled_actions": [],
            "status": "active",
            "support_hours": [],
            "type": "service"
          },
          "sensitive_attributes": [],
          "private": "bnVsbA==",
          "dependencies": [
            "data.pagerduty_escalation_policy.default"
          ]
        }
      ]
    },
    {
      "mode": "managed",
      "type": "pagerduty_service",
      "name": "Tkgbridge",
      "provider": "provider[\"registry.terraform.io/pagerduty/pagerduty\"]",
      "instances": [
        {
          "schema_version": 0,
          "attributes": {
            "acknowledgement_timeout": "1800",
            "alert_creation": "create_incidents",
            "alert_grouping": null,
            "alert_grouping_parameters": [],
            "alert_grouping_timeout": "null",
            "auto_pause_notifications_parameters": [],
            "auto_resolve_timeout": "14400",
            "created_at": "2023-02-26T18:00:52+02:00",
            "description": "Tkgbridge (tkgbridge)",
            "escalation_policy": "PA57YI4",
            "html_url": "https://reblaze.pagerduty.com/service-directory/PBI5C94",
            "id": "PBI5C94",
            "incident_urgency_rule": [
              {
                "during_support_hours": [],
                "outside_support_hours": [],
                "type": "constant",
                "urgency": "high"
              }
            ],
            "last_incident_timestamp": "",
            "name": "Tkgbridge",
            "response_play": null,
            "scheduled_actions": [],
            "status": "active",
            "support_hours": [],
            "type": "service"
          },
          "sensitive_attributes": [],
          "private": "bnVsbA==",
          "dependencies": [
            "data.pagerduty_escalation_policy.default"
          ]
        }
      ]
    },
    {
      "mode": "managed",
      "type": "pagerduty_service",
      "name": "Tlv",
      "provider": "provider[\"registry.terraform.io/pagerduty/pagerduty\"]",
      "instances": [
        {
          "schema_version": 0,
          "attributes": {
            "acknowledgement_timeout": "1800",
            "alert_creation": "create_incidents",
            "alert_grouping": null,
            "alert_grouping_parameters": [],
            "alert_grouping_timeout": "null",
            "auto_pause_notifications_parameters": [],
            "auto_resolve_timeout": "14400",
            "created_at": "2023-02-26T18:01:05+02:00",
            "description": "Tlv (tlv)",
            "escalation_policy": "PA57YI4",
            "html_url": "https://reblaze.pagerduty.com/service-directory/PZPK7SM",
            "id": "PZPK7SM",
            "incident_urgency_rule": [
              {
                "during_support_hours": [],
                "outside_support_hours": [],
                "type": "constant",
                "urgency": "high"
              }
            ],
            "last_incident_timestamp": "",
            "name": "Tlv",
            "response_play": null,
            "scheduled_actions": [],
            "status": "active",
            "support_hours": [],
            "type": "service"
          },
          "sensitive_attributes": [],
          "private": "bnVsbA==",
          "dependencies": [
            "data.pagerduty_escalation_policy.default"
          ]
        }
      ]
    },
    {
      "mode": "managed",
      "type": "pagerduty_service",
      "name": "Tmprotection",
      "provider": "provider[\"registry.terraform.io/pagerduty/pagerduty\"]",
      "instances": [
        {
          "schema_version": 0,
          "attributes": {
            "acknowledgement_timeout": "1800",
            "alert_creation": "create_incidents",
            "alert_grouping": null,
            "alert_grouping_parameters": [],
            "alert_grouping_timeout": "null",
            "auto_pause_notifications_parameters": [],
            "auto_resolve_timeout": "14400",
            "created_at": "2023-02-26T18:00:49+02:00",
            "description": "Tmprotection (tmprotection)",
            "escalation_policy": "PA57YI4",
            "html_url": "https://reblaze.pagerduty.com/service-directory/P56H374",
            "id": "P56H374",
            "incident_urgency_rule": [
              {
                "during_support_hours": [],
                "outside_support_hours": [],
                "type": "constant",
                "urgency": "high"
              }
            ],
            "last_incident_timestamp": "",
            "name": "Tmprotection",
            "response_play": null,
            "scheduled_actions": [],
            "status": "active",
            "support_hours": [],
            "type": "service"
          },
          "sensitive_attributes": [],
          "private": "bnVsbA==",
          "dependencies": [
            "data.pagerduty_escalation_policy.default"
          ]
        }
      ]
    },
    {
      "mode": "managed",
      "type": "pagerduty_service",
      "name": "Tomax",
      "provider": "provider[\"registry.terraform.io/pagerduty/pagerduty\"]",
      "instances": [
        {
          "schema_version": 0,
          "attributes": {
            "acknowledgement_timeout": "1800",
            "alert_creation": "create_incidents",
            "alert_grouping": null,
            "alert_grouping_parameters": [],
            "alert_grouping_timeout": "null",
            "auto_pause_notifications_parameters": [],
            "auto_resolve_timeout": "14400",
            "created_at": "2023-02-26T18:01:06+02:00",
            "description": "Tomax (tomax)",
            "escalation_policy": "PA57YI4",
            "html_url": "https://reblaze.pagerduty.com/service-directory/PFK12FA",
            "id": "PFK12FA",
            "incident_urgency_rule": [
              {
                "during_support_hours": [],
                "outside_support_hours": [],
                "type": "constant",
                "urgency": "high"
              }
            ],
            "last_incident_timestamp": "",
            "name": "Tomax",
            "response_play": null,
            "scheduled_actions": [],
            "status": "active",
            "support_hours": [],
            "type": "service"
          },
          "sensitive_attributes": [],
          "private": "bnVsbA==",
          "dependencies": [
            "data.pagerduty_escalation_policy.default"
          ]
        }
      ]
    },
    {
      "mode": "managed",
      "type": "pagerduty_service",
      "name": "Tradairx",
      "provider": "provider[\"registry.terraform.io/pagerduty/pagerduty\"]",
      "instances": [
        {
          "schema_version": 0,
          "attributes": {
            "acknowledgement_timeout": "1800",
            "alert_creation": "create_incidents",
            "alert_grouping": null,
            "alert_grouping_parameters": [],
            "alert_grouping_timeout": "null",
            "auto_pause_notifications_parameters": [],
            "auto_resolve_timeout": "14400",
            "created_at": "2023-02-26T18:00:56+02:00",
            "description": "Tradairx (tradairx)",
            "escalation_policy": "PA57YI4",
            "html_url": "https://reblaze.pagerduty.com/service-directory/P5RZ9Z7",
            "id": "P5RZ9Z7",
            "incident_urgency_rule": [
              {
                "during_support_hours": [],
                "outside_support_hours": [],
                "type": "constant",
                "urgency": "high"
              }
            ],
            "last_incident_timestamp": "",
            "name": "Tradairx",
            "response_play": null,
            "scheduled_actions": [],
            "status": "active",
            "support_hours": [],
            "type": "service"
          },
          "sensitive_attributes": [],
          "private": "bnVsbA==",
          "dependencies": [
            "data.pagerduty_escalation_policy.default"
          ]
        }
      ]
    },
    {
      "mode": "managed",
      "type": "pagerduty_service",
      "name": "Twobsecure",
      "provider": "provider[\"registry.terraform.io/pagerduty/pagerduty\"]",
      "instances": [
        {
          "schema_version": 0,
          "attributes": {
            "acknowledgement_timeout": "1800",
            "alert_creation": "create_incidents",
            "alert_grouping": null,
            "alert_grouping_parameters": [],
            "alert_grouping_timeout": "null",
            "auto_pause_notifications_parameters": [],
            "auto_resolve_timeout": "14400",
            "created_at": "2023-02-26T18:01:03+02:00",
            "description": "Twobsecure (twobsecure)",
            "escalation_policy": "PA57YI4",
            "html_url": "https://reblaze.pagerduty.com/service-directory/P98CTDA",
            "id": "P98CTDA",
            "incident_urgency_rule": [
              {
                "during_support_hours": [],
                "outside_support_hours": [],
                "type": "constant",
                "urgency": "high"
              }
            ],
            "last_incident_timestamp": "",
            "name": "Twobsecure",
            "response_play": null,
            "scheduled_actions": [],
            "status": "active",
            "support_hours": [],
            "type": "service"
          },
          "sensitive_attributes": [],
          "private": "bnVsbA==",
          "dependencies": [
            "data.pagerduty_escalation_policy.default"
          ]
        }
      ]
    },
    {
      "mode": "managed",
      "type": "pagerduty_service",
      "name": "Twobsecure02",
      "provider": "provider[\"registry.terraform.io/pagerduty/pagerduty\"]",
      "instances": [
        {
          "schema_version": 0,
          "attributes": {
            "acknowledgement_timeout": "1800",
            "alert_creation": "create_incidents",
            "alert_grouping": null,
            "alert_grouping_parameters": [],
            "alert_grouping_timeout": "null",
            "auto_pause_notifications_parameters": [],
            "auto_resolve_timeout": "14400",
            "created_at": "2023-02-26T18:01:10+02:00",
            "description": "Twobsecure02 (twobsecure02)",
            "escalation_policy": "PA57YI4",
            "html_url": "https://reblaze.pagerduty.com/service-directory/P9TUA5D",
            "id": "P9TUA5D",
            "incident_urgency_rule": [
              {
                "during_support_hours": [],
                "outside_support_hours": [],
                "type": "constant",
                "urgency": "high"
              }
            ],
            "last_incident_timestamp": "",
            "name": "Twobsecure02",
            "response_play": null,
            "scheduled_actions": [],
            "status": "active",
            "support_hours": [],
            "type": "service"
          },
          "sensitive_attributes": [],
          "private": "bnVsbA==",
          "dependencies": [
            "data.pagerduty_escalation_policy.default"
          ]
        }
      ]
    },
    {
      "mode": "managed",
      "type": "pagerduty_service",
      "name": "Ubi",
      "provider": "provider[\"registry.terraform.io/pagerduty/pagerduty\"]",
      "instances": [
        {
          "schema_version": 0,
          "attributes": {
            "acknowledgement_timeout": "1800",
            "alert_creation": "create_incidents",
            "alert_grouping": null,
            "alert_grouping_parameters": [],
            "alert_grouping_timeout": "null",
            "auto_pause_notifications_parameters": [],
            "auto_resolve_timeout": "14400",
            "created_at": "2023-02-26T18:01:15+02:00",
            "description": "Ubi (ubi)",
            "escalation_policy": "PA57YI4",
            "html_url": "https://reblaze.pagerduty.com/service-directory/PUYR11Y",
            "id": "PUYR11Y",
            "incident_urgency_rule": [
              {
                "during_support_hours": [],
                "outside_support_hours": [],
                "type": "constant",
                "urgency": "high"
              }
            ],
            "last_incident_timestamp": "",
            "name": "Ubi",
            "response_play": null,
            "scheduled_actions": [],
            "status": "active",
            "support_hours": [],
            "type": "service"
          },
          "sensitive_attributes": [],
          "private": "bnVsbA==",
          "dependencies": [
            "data.pagerduty_escalation_policy.default"
          ]
        }
      ]
    },
    {
      "mode": "managed",
      "type": "pagerduty_service",
      "name": "Umtb",
      "provider": "provider[\"registry.terraform.io/pagerduty/pagerduty\"]",
      "instances": [
        {
          "schema_version": 0,
          "attributes": {
            "acknowledgement_timeout": "1800",
            "alert_creation": "create_incidents",
            "alert_grouping": null,
            "alert_grouping_parameters": [],
            "alert_grouping_timeout": "null",
            "auto_pause_notifications_parameters": [],
            "auto_resolve_timeout": "14400",
            "created_at": "2023-02-26T18:01:07+02:00",
            "description": "Umtb (umtb)",
            "escalation_policy": "PA57YI4",
            "html_url": "https://reblaze.pagerduty.com/service-directory/PF8VJDY",
            "id": "PF8VJDY",
            "incident_urgency_rule": [
              {
                "during_support_hours": [],
                "outside_support_hours": [],
                "type": "constant",
                "urgency": "high"
              }
            ],
            "last_incident_timestamp": "",
            "name": "Umtb",
            "response_play": null,
            "scheduled_actions": [],
            "status": "active",
            "support_hours": [],
            "type": "service"
          },
          "sensitive_attributes": [],
          "private": "bnVsbA==",
          "dependencies": [
            "data.pagerduty_escalation_policy.default"
          ]
        }
      ]
    },
    {
      "mode": "managed",
      "type": "pagerduty_service",
      "name": "Va2Devqvn57129192392208814",
      "provider": "provider[\"registry.terraform.io/pagerduty/pagerduty\"]",
      "instances": [
        {
          "schema_version": 0,
          "attributes": {
            "acknowledgement_timeout": "1800",
            "alert_creation": "create_incidents",
            "alert_grouping": null,
            "alert_grouping_parameters": [],
            "alert_grouping_timeout": "null",
            "auto_pause_notifications_parameters": [],
            "auto_resolve_timeout": "14400",
            "created_at": "2023-02-26T18:00:34+02:00",
            "description": "Va2Devqvn57129192392208814 (va2devqvn57129192392208814)",
            "escalation_policy": "PA57YI4",
            "html_url": "https://reblaze.pagerduty.com/service-directory/PZHFGIE",
            "id": "PZHFGIE",
            "incident_urgency_rule": [
              {
                "during_support_hours": [],
                "outside_support_hours": [],
                "type": "constant",
                "urgency": "high"
              }
            ],
            "last_incident_timestamp": "",
            "name": "Va2Devqvn57129192392208814",
            "response_play": null,
            "scheduled_actions": [],
            "status": "active",
            "support_hours": [],
            "type": "service"
          },
          "sensitive_attributes": [],
          "private": "bnVsbA==",
          "dependencies": [
            "data.pagerduty_escalation_policy.default"
          ]
        }
      ]
    },
    {
      "mode": "managed",
      "type": "pagerduty_service",
      "name": "Va2Devqvnx6Mz0",
      "provider": "provider[\"registry.terraform.io/pagerduty/pagerduty\"]",
      "instances": [
        {
          "schema_version": 0,
          "attributes": {
            "acknowledgement_timeout": "1800",
            "alert_creation": "create_incidents",
            "alert_grouping": null,
            "alert_grouping_parameters": [],
            "alert_grouping_timeout": "null",
            "auto_pause_notifications_parameters": [],
            "auto_resolve_timeout": "14400",
            "created_at": "2023-02-26T18:01:04+02:00",
            "description": "Va2Devqvnx6Mz0 (va2devqvnx6mz0)",
            "escalation_policy": "PA57YI4",
            "html_url": "https://reblaze.pagerduty.com/service-directory/PWS4PFB",
            "id": "PWS4PFB",
            "incident_urgency_rule": [
              {
                "during_support_hours": [],
                "outside_support_hours": [],
                "type": "constant",
                "urgency": "high"
              }
            ],
            "last_incident_timestamp": "",
            "name": "Va2Devqvnx6Mz0",
            "response_play": null,
            "scheduled_actions": [],
            "status": "active",
            "support_hours": [],
            "type": "service"
          },
          "sensitive_attributes": [],
          "private": "bnVsbA==",
          "dependencies": [
            "data.pagerduty_escalation_policy.default"
          ]
        }
      ]
    },
    {
      "mode": "managed",
      "type": "pagerduty_service",
      "name": "Va2Prodgisxiq15",
      "provider": "provider[\"registry.terraform.io/pagerduty/pagerduty\"]",
      "instances": [
        {
          "schema_version": 0,
          "attributes": {
            "acknowledgement_timeout": "1800",
            "alert_creation": "create_incidents",
            "alert_grouping": null,
            "alert_grouping_parameters": [],
            "alert_grouping_timeout": "null",
            "auto_pause_notifications_parameters": [],
            "auto_resolve_timeout": "14400",
            "created_at": "2023-02-26T18:01:00+02:00",
            "description": "Va2Prodgisxiq15 (va2prodgisxiq15)",
            "escalation_policy": "PA57YI4",
            "html_url": "https://reblaze.pagerduty.com/service-directory/PR80GX4",
            "id": "PR80GX4",
            "incident_urgency_rule": [
              {
                "during_support_hours": [],
                "outside_support_hours": [],
                "type": "constant",
                "urgency": "high"
              }
            ],
            "last_incident_timestamp": "",
            "name": "Va2Prodgisxiq15",
            "response_play": null,
            "scheduled_actions": [],
            "status": "active",
            "support_hours": [],
            "type": "service"
          },
          "sensitive_attributes": [],
          "private": "bnVsbA==",
          "dependencies": [
            "data.pagerduty_escalation_policy.default"
          ]
        }
      ]
    },
    {
      "mode": "managed",
      "type": "pagerduty_service",
      "name": "Ventureslab",
      "provider": "provider[\"registry.terraform.io/pagerduty/pagerduty\"]",
      "instances": [
        {
          "schema_version": 0,
          "attributes": {
            "acknowledgement_timeout": "1800",
            "alert_creation": "create_incidents",
            "alert_grouping": null,
            "alert_grouping_parameters": [],
            "alert_grouping_timeout": "null",
            "auto_pause_notifications_parameters": [],
            "auto_resolve_timeout": "14400",
            "created_at": "2023-02-26T18:01:06+02:00",
            "description": "Ventureslab (ventureslab)",
            "escalation_policy": "PA57YI4",
            "html_url": "https://reblaze.pagerduty.com/service-directory/PYBS1QK",
            "id": "PYBS1QK",
            "incident_urgency_rule": [
              {
                "during_support_hours": [],
                "outside_support_hours": [],
                "type": "constant",
                "urgency": "high"
              }
            ],
            "last_incident_timestamp": "",
            "name": "Ventureslab",
            "response_play": null,
            "scheduled_actions": [],
            "status": "active",
            "support_hours": [],
            "type": "service"
          },
          "sensitive_attributes": [],
          "private": "bnVsbA==",
          "dependencies": [
            "data.pagerduty_escalation_policy.default"
          ]
        }
      ]
    },
    {
      "mode": "managed",
      "type": "pagerduty_service",
      "name": "Via",
      "provider": "provider[\"registry.terraform.io/pagerduty/pagerduty\"]",
      "instances": [
        {
          "schema_version": 0,
          "attributes": {
            "acknowledgement_timeout": "1800",
            "alert_creation": "create_incidents",
            "alert_grouping": null,
            "alert_grouping_parameters": [],
            "alert_grouping_timeout": "null",
            "auto_pause_notifications_parameters": [],
            "auto_resolve_timeout": "14400",
            "created_at": "2023-02-26T18:00:51+02:00",
            "description": "Via (via)",
            "escalation_policy": "PA57YI4",
            "html_url": "https://reblaze.pagerduty.com/service-directory/PG5LJ0W",
            "id": "PG5LJ0W",
            "incident_urgency_rule": [
              {
                "during_support_hours": [],
                "outside_support_hours": [],
                "type": "constant",
                "urgency": "high"
              }
            ],
            "last_incident_timestamp": "",
            "name": "Via",
            "response_play": null,
            "scheduled_actions": [],
            "status": "active",
            "support_hours": [],
            "type": "service"
          },
          "sensitive_attributes": [],
          "private": "bnVsbA==",
          "dependencies": [
            "data.pagerduty_escalation_policy.default"
          ]
        }
      ]
    },
    {
      "mode": "managed",
      "type": "pagerduty_service",
      "name": "Viaaus",
      "provider": "provider[\"registry.terraform.io/pagerduty/pagerduty\"]",
      "instances": [
        {
          "schema_version": 0,
          "attributes": {
            "acknowledgement_timeout": "1800",
            "alert_creation": "create_incidents",
            "alert_grouping": null,
            "alert_grouping_parameters": [],
            "alert_grouping_timeout": "null",
            "auto_pause_notifications_parameters": [],
            "auto_resolve_timeout": "14400",
            "created_at": "2023-02-26T18:00:50+02:00",
            "description": "Viaaus (viaaus)",
            "escalation_policy": "PA57YI4",
            "html_url": "https://reblaze.pagerduty.com/service-directory/PD861Q8",
            "id": "PD861Q8",
            "incident_urgency_rule": [
              {
                "during_support_hours": [],
                "outside_support_hours": [],
                "type": "constant",
                "urgency": "high"
              }
            ],
            "last_incident_timestamp": "",
            "name": "Viaaus",
            "response_play": null,
            "scheduled_actions": [],
            "status": "active",
            "support_hours": [],
            "type": "service"
          },
          "sensitive_attributes": [],
          "private": "bnVsbA==",
          "dependencies": [
            "data.pagerduty_escalation_policy.default"
          ]
        }
      ]
    },
    {
      "mode": "managed",
      "type": "pagerduty_service",
      "name": "Viastg",
      "provider": "provider[\"registry.terraform.io/pagerduty/pagerduty\"]",
      "instances": [
        {
          "schema_version": 0,
          "attributes": {
            "acknowledgement_timeout": "1800",
            "alert_creation": "create_incidents",
            "alert_grouping": null,
            "alert_grouping_parameters": [],
            "alert_grouping_timeout": "null",
            "auto_pause_notifications_parameters": [],
            "auto_resolve_timeout": "14400",
            "created_at": "2023-02-26T18:00:55+02:00",
            "description": "Viastg (viastg)",
            "escalation_policy": "PA57YI4",
            "html_url": "https://reblaze.pagerduty.com/service-directory/PE4TQHQ",
            "id": "PE4TQHQ",
            "incident_urgency_rule": [
              {
                "during_support_hours": [],
                "outside_support_hours": [],
                "type": "constant",
                "urgency": "high"
              }
            ],
            "last_incident_timestamp": "",
            "name": "Viastg",
            "response_play": null,
            "scheduled_actions": [],
            "status": "active",
            "support_hours": [],
            "type": "service"
          },
          "sensitive_attributes": [],
          "private": "bnVsbA==",
          "dependencies": [
            "data.pagerduty_escalation_policy.default"
          ]
        }
      ]
    },
    {
      "mode": "managed",
      "type": "pagerduty_service",
      "name": "Viatyo",
      "provider": "provider[\"registry.terraform.io/pagerduty/pagerduty\"]",
      "instances": [
        {
          "schema_version": 0,
          "attributes": {
            "acknowledgement_timeout": "1800",
            "alert_creation": "create_incidents",
            "alert_grouping": null,
            "alert_grouping_parameters": [],
            "alert_grouping_timeout": "null",
            "auto_pause_notifications_parameters": [],
            "auto_resolve_timeout": "14400",
            "created_at": "2023-02-26T18:01:13+02:00",
            "description": "Viatyo (viatyo)",
            "escalation_policy": "PA57YI4",
            "html_url": "https://reblaze.pagerduty.com/service-directory/PJE49K3",
            "id": "PJE49K3",
            "incident_urgency_rule": [
              {
                "during_support_hours": [],
                "outside_support_hours": [],
                "type": "constant",
                "urgency": "high"
              }
            ],
            "last_incident_timestamp": "",
            "name": "Viatyo",
            "response_play": null,
            "scheduled_actions": [],
            "status": "active",
            "support_hours": [],
            "type": "service"
          },
          "sensitive_attributes": [],
          "private": "bnVsbA==",
          "dependencies": [
            "data.pagerduty_escalation_policy.default"
          ]
        }
      ]
    },
    {
      "mode": "managed",
      "type": "pagerduty_service",
      "name": "Virtis",
      "provider": "provider[\"registry.terraform.io/pagerduty/pagerduty\"]",
      "instances": [
        {
          "schema_version": 0,
          "attributes": {
            "acknowledgement_timeout": "1800",
            "alert_creation": "create_incidents",
            "alert_grouping": null,
            "alert_grouping_parameters": [],
            "alert_grouping_timeout": "null",
            "auto_pause_notifications_parameters": [],
            "auto_resolve_timeout": "14400",
            "created_at": "2023-02-26T18:01:01+02:00",
            "description": "Virtis (virtis)",
            "escalation_policy": "PA57YI4",
            "html_url": "https://reblaze.pagerduty.com/service-directory/P9K7ZFC",
            "id": "P9K7ZFC",
            "incident_urgency_rule": [
              {
                "during_support_hours": [],
                "outside_support_hours": [],
                "type": "constant",
                "urgency": "high"
              }
            ],
            "last_incident_timestamp": "",
            "name": "Virtis",
            "response_play": null,
            "scheduled_actions": [],
            "status": "active",
            "support_hours": [],
            "type": "service"
          },
          "sensitive_attributes": [],
          "private": "bnVsbA==",
          "dependencies": [
            "data.pagerduty_escalation_policy.default"
          ]
        }
      ]
    },
    {
      "mode": "managed",
      "type": "pagerduty_service",
      "name": "Virtisus",
      "provider": "provider[\"registry.terraform.io/pagerduty/pagerduty\"]",
      "instances": [
        {
          "schema_version": 0,
          "attributes": {
            "acknowledgement_timeout": "1800",
            "alert_creation": "create_incidents",
            "alert_grouping": null,
            "alert_grouping_parameters": [],
            "alert_grouping_timeout": "null",
            "auto_pause_notifications_parameters": [],
            "auto_resolve_timeout": "14400",
            "created_at": "2023-02-26T18:00:28+02:00",
            "description": "Virtisus (virtisus)",
            "escalation_policy": "PA57YI4",
            "html_url": "https://reblaze.pagerduty.com/service-directory/POF3YPY",
            "id": "POF3YPY",
            "incident_urgency_rule": [
              {
                "during_support_hours": [],
                "outside_support_hours": [],
                "type": "constant",
                "urgency": "high"
              }
            ],
            "last_incident_timestamp": "",
            "name": "Virtisus",
            "response_play": null,
            "scheduled_actions": [],
            "status": "active",
            "support_hours": [],
            "type": "service"
          },
          "sensitive_attributes": [],
          "private": "bnVsbA==",
          "dependencies": [
            "data.pagerduty_escalation_policy.default"
          ]
        }
      ]
    },
    {
      "mode": "managed",
      "type": "pagerduty_service",
      "name": "Wallashops",
      "provider": "provider[\"registry.terraform.io/pagerduty/pagerduty\"]",
      "instances": [
        {
          "schema_version": 0,
          "attributes": {
            "acknowledgement_timeout": "1800",
            "alert_creation": "create_incidents",
            "alert_grouping": null,
            "alert_grouping_parameters": [],
            "alert_grouping_timeout": "null",
            "auto_pause_notifications_parameters": [],
            "auto_resolve_timeout": "14400",
            "created_at": "2023-02-26T18:01:01+02:00",
            "description": "Wallashops (wallashops)",
            "escalation_policy": "PA57YI4",
            "html_url": "https://reblaze.pagerduty.com/service-directory/P6NJZ3P",
            "id": "P6NJZ3P",
            "incident_urgency_rule": [
              {
                "during_support_hours": [],
                "outside_support_hours": [],
                "type": "constant",
                "urgency": "high"
              }
            ],
            "last_incident_timestamp": "",
            "name": "Wallashops",
            "response_play": null,
            "scheduled_actions": [],
            "status": "active",
            "support_hours": [],
            "type": "service"
          },
          "sensitive_attributes": [],
          "private": "bnVsbA==",
          "dependencies": [
            "data.pagerduty_escalation_policy.default"
          ]
        }
      ]
    },
    {
      "mode": "managed",
      "type": "pagerduty_service",
      "name": "Wallatours",
      "provider": "provider[\"registry.terraform.io/pagerduty/pagerduty\"]",
      "instances": [
        {
          "schema_version": 0,
          "attributes": {
            "acknowledgement_timeout": "1800",
            "alert_creation": "create_incidents",
            "alert_grouping": null,
            "alert_grouping_parameters": [],
            "alert_grouping_timeout": "null",
            "auto_pause_notifications_parameters": [],
            "auto_resolve_timeout": "14400",
            "created_at": "2023-02-26T18:00:42+02:00",
            "description": "Wallatours (wallatours)",
            "escalation_policy": "PA57YI4",
            "html_url": "https://reblaze.pagerduty.com/service-directory/P1PDJ2B",
            "id": "P1PDJ2B",
            "incident_urgency_rule": [
              {
                "during_support_hours": [],
                "outside_support_hours": [],
                "type": "constant",
                "urgency": "high"
              }
            ],
            "last_incident_timestamp": "",
            "name": "Wallatours",
            "response_play": null,
            "scheduled_actions": [],
            "status": "active",
            "support_hours": [],
            "type": "service"
          },
          "sensitive_attributes": [],
          "private": "bnVsbA==",
          "dependencies": [
            "data.pagerduty_escalation_policy.default"
          ]
        }
      ]
    },
    {
      "mode": "managed",
      "type": "pagerduty_service",
      "name": "Waves",
      "provider": "provider[\"registry.terraform.io/pagerduty/pagerduty\"]",
      "instances": [
        {
          "schema_version": 0,
          "attributes": {
            "acknowledgement_timeout": "1800",
            "alert_creation": "create_incidents",
            "alert_grouping": null,
            "alert_grouping_parameters": [],
            "alert_grouping_timeout": "null",
            "auto_pause_notifications_parameters": [],
            "auto_resolve_timeout": "14400",
            "created_at": "2023-02-26T18:00:37+02:00",
            "description": "Waves (waves)",
            "escalation_policy": "PA57YI4",
            "html_url": "https://reblaze.pagerduty.com/service-directory/PFDRW6Q",
            "id": "PFDRW6Q",
            "incident_urgency_rule": [
              {
                "during_support_hours": [],
                "outside_support_hours": [],
                "type": "constant",
                "urgency": "high"
              }
            ],
            "last_incident_timestamp": "",
            "name": "Waves",
            "response_play": null,
            "scheduled_actions": [],
            "status": "active",
            "support_hours": [],
            "type": "service"
          },
          "sensitive_attributes": [],
          "private": "bnVsbA==",
          "dependencies": [
            "data.pagerduty_escalation_policy.default"
          ]
        }
      ]
    },
    {
      "mode": "managed",
      "type": "pagerduty_service",
      "name": "Wavesuat",
      "provider": "provider[\"registry.terraform.io/pagerduty/pagerduty\"]",
      "instances": [
        {
          "schema_version": 0,
          "attributes": {
            "acknowledgement_timeout": "1800",
            "alert_creation": "create_incidents",
            "alert_grouping": null,
            "alert_grouping_parameters": [],
            "alert_grouping_timeout": "null",
            "auto_pause_notifications_parameters": [],
            "auto_resolve_timeout": "14400",
            "created_at": "2023-02-26T18:00:37+02:00",
            "description": "Wavesuat (wavesuat)",
            "escalation_policy": "PA57YI4",
            "html_url": "https://reblaze.pagerduty.com/service-directory/P0TTWYW",
            "id": "P0TTWYW",
            "incident_urgency_rule": [
              {
                "during_support_hours": [],
                "outside_support_hours": [],
                "type": "constant",
                "urgency": "high"
              }
            ],
            "last_incident_timestamp": "",
            "name": "Wavesuat",
            "response_play": null,
            "scheduled_actions": [],
            "status": "active",
            "support_hours": [],
            "type": "service"
          },
          "sensitive_attributes": [],
          "private": "bnVsbA==",
          "dependencies": [
            "data.pagerduty_escalation_policy.default"
          ]
        }
      ]
    },
    {
      "mode": "managed",
      "type": "pagerduty_service",
      "name": "Wego",
      "provider": "provider[\"registry.terraform.io/pagerduty/pagerduty\"]",
      "instances": [
        {
          "schema_version": 0,
          "attributes": {
            "acknowledgement_timeout": "1800",
            "alert_creation": "create_incidents",
            "alert_grouping": null,
            "alert_grouping_parameters": [],
            "alert_grouping_timeout": "null",
            "auto_pause_notifications_parameters": [],
            "auto_resolve_timeout": "14400",
            "created_at": "2023-02-26T18:00:43+02:00",
            "description": "Wego (wego)",
            "escalation_policy": "PA57YI4",
            "html_url": "https://reblaze.pagerduty.com/service-directory/PD0QHL5",
            "id": "PD0QHL5",
            "incident_urgency_rule": [
              {
                "during_support_hours": [],
                "outside_support_hours": [],
                "type": "constant",
                "urgency": "high"
              }
            ],
            "last_incident_timestamp": "",
            "name": "Wego",
            "response_play": null,
            "scheduled_actions": [],
            "status": "active",
            "support_hours": [],
            "type": "service"
          },
          "sensitive_attributes": [],
          "private": "bnVsbA==",
          "dependencies": [
            "data.pagerduty_escalation_policy.default"
          ]
        }
      ]
    },
    {
      "mode": "managed",
      "type": "pagerduty_service",
      "name": "Wellht",
      "provider": "provider[\"registry.terraform.io/pagerduty/pagerduty\"]",
      "instances": [
        {
          "schema_version": 0,
          "attributes": {
            "acknowledgement_timeout": "1800",
            "alert_creation": "create_incidents",
            "alert_grouping": null,
            "alert_grouping_parameters": [],
            "alert_grouping_timeout": "null",
            "auto_pause_notifications_parameters": [],
            "auto_resolve_timeout": "14400",
            "created_at": "2023-02-26T18:01:08+02:00",
            "description": "Wellht (wellht)",
            "escalation_policy": "PA57YI4",
            "html_url": "https://reblaze.pagerduty.com/service-directory/PXMJIOI",
            "id": "PXMJIOI",
            "incident_urgency_rule": [
              {
                "during_support_hours": [],
                "outside_support_hours": [],
                "type": "constant",
                "urgency": "high"
              }
            ],
            "last_incident_timestamp": "",
            "name": "Wellht",
            "response_play": null,
            "scheduled_actions": [],
            "status": "active",
            "support_hours": [],
            "type": "service"
          },
          "sensitive_attributes": [],
          "private": "bnVsbA==",
          "dependencies": [
            "data.pagerduty_escalation_policy.default"
          ]
        }
      ]
    },
    {
      "mode": "managed",
      "type": "pagerduty_service",
      "name": "Wesure",
      "provider": "provider[\"registry.terraform.io/pagerduty/pagerduty\"]",
      "instances": [
        {
          "schema_version": 0,
          "attributes": {
            "acknowledgement_timeout": "1800",
            "alert_creation": "create_incidents",
            "alert_grouping": null,
            "alert_grouping_parameters": [],
            "alert_grouping_timeout": "null",
            "auto_pause_notifications_parameters": [],
            "auto_resolve_timeout": "14400",
            "created_at": "2023-02-26T18:01:03+02:00",
            "description": "Wesure (wesure)",
            "escalation_policy": "PA57YI4",
            "html_url": "https://reblaze.pagerduty.com/service-directory/P5ZRT1N",
            "id": "P5ZRT1N",
            "incident_urgency_rule": [
              {
                "during_support_hours": [],
                "outside_support_hours": [],
                "type": "constant",
                "urgency": "high"
              }
            ],
            "last_incident_timestamp": "",
            "name": "Wesure",
            "response_play": null,
            "scheduled_actions": [],
            "status": "active",
            "support_hours": [],
            "type": "service"
          },
          "sensitive_attributes": [],
          "private": "bnVsbA==",
          "dependencies": [
            "data.pagerduty_escalation_policy.default"
          ]
        }
      ]
    },
    {
      "mode": "managed",
      "type": "pagerduty_service",
      "name": "Wesureusa",
      "provider": "provider[\"registry.terraform.io/pagerduty/pagerduty\"]",
      "instances": [
        {
          "schema_version": 0,
          "attributes": {
            "acknowledgement_timeout": "1800",
            "alert_creation": "create_incidents",
            "alert_grouping": null,
            "alert_grouping_parameters": [],
            "alert_grouping_timeout": "null",
            "auto_pause_notifications_parameters": [],
            "auto_resolve_timeout": "14400",
            "created_at": "2023-02-26T18:00:35+02:00",
            "description": "Wesureusa (wesureusa)",
            "escalation_policy": "PA57YI4",
            "html_url": "https://reblaze.pagerduty.com/service-directory/PK17CKF",
            "id": "PK17CKF",
            "incident_urgency_rule": [
              {
                "during_support_hours": [],
                "outside_support_hours": [],
                "type": "constant",
                "urgency": "high"
              }
            ],
            "last_incident_timestamp": "",
            "name": "Wesureusa",
            "response_play": null,
            "scheduled_actions": [],
            "status": "active",
            "support_hours": [],
            "type": "service"
          },
          "sensitive_attributes": [],
          "private": "bnVsbA==",
          "dependencies": [
            "data.pagerduty_escalation_policy.default"
          ]
        }
      ]
    },
    {
      "mode": "managed",
      "type": "pagerduty_service",
      "name": "Wisp",
      "provider": "provider[\"registry.terraform.io/pagerduty/pagerduty\"]",
      "instances": [
        {
          "schema_version": 0,
          "attributes": {
            "acknowledgement_timeout": "1800",
            "alert_creation": "create_incidents",
            "alert_grouping": null,
            "alert_grouping_parameters": [],
            "alert_grouping_timeout": "null",
            "auto_pause_notifications_parameters": [],
            "auto_resolve_timeout": "14400",
            "created_at": "2023-02-26T18:00:31+02:00",
            "description": "Wisp (wisp)",
            "escalation_policy": "PA57YI4",
            "html_url": "https://reblaze.pagerduty.com/service-directory/PXYV5NV",
            "id": "PXYV5NV",
            "incident_urgency_rule": [
              {
                "during_support_hours": [],
                "outside_support_hours": [],
                "type": "constant",
                "urgency": "high"
              }
            ],
            "last_incident_timestamp": "",
            "name": "Wisp",
            "response_play": null,
            "scheduled_actions": [],
            "status": "active",
            "support_hours": [],
            "type": "service"
          },
          "sensitive_attributes": [],
          "private": "bnVsbA==",
          "dependencies": [
            "data.pagerduty_escalation_policy.default"
          ]
        }
      ]
    },
    {
      "mode": "managed",
      "type": "pagerduty_service",
      "name": "Wobi",
      "provider": "provider[\"registry.terraform.io/pagerduty/pagerduty\"]",
      "instances": [
        {
          "schema_version": 0,
          "attributes": {
            "acknowledgement_timeout": "1800",
            "alert_creation": "create_incidents",
            "alert_grouping": null,
            "alert_grouping_parameters": [],
            "alert_grouping_timeout": "null",
            "auto_pause_notifications_parameters": [],
            "auto_resolve_timeout": "14400",
            "created_at": "2023-02-26T18:01:10+02:00",
            "description": "Wobi (wobi)",
            "escalation_policy": "PA57YI4",
            "html_url": "https://reblaze.pagerduty.com/service-directory/PL44Z17",
            "id": "PL44Z17",
            "incident_urgency_rule": [
              {
                "during_support_hours": [],
                "outside_support_hours": [],
                "type": "constant",
                "urgency": "high"
              }
            ],
            "last_incident_timestamp": "",
            "name": "Wobi",
            "response_play": null,
            "scheduled_actions": [],
            "status": "active",
            "support_hours": [],
            "type": "service"
          },
          "sensitive_attributes": [],
          "private": "bnVsbA==",
          "dependencies": [
            "data.pagerduty_escalation_policy.default"
          ]
        }
      ]
    },
    {
      "mode": "managed",
      "type": "pagerduty_service",
      "name": "Wscsports",
      "provider": "provider[\"registry.terraform.io/pagerduty/pagerduty\"]",
      "instances": [
        {
          "schema_version": 0,
          "attributes": {
            "acknowledgement_timeout": "1800",
            "alert_creation": "create_incidents",
            "alert_grouping": null,
            "alert_grouping_parameters": [],
            "alert_grouping_timeout": "null",
            "auto_pause_notifications_parameters": [],
            "auto_resolve_timeout": "14400",
            "created_at": "2023-02-26T18:00:57+02:00",
            "description": "Wscsports (wscsports)",
            "escalation_policy": "PA57YI4",
            "html_url": "https://reblaze.pagerduty.com/service-directory/P4D43X5",
            "id": "P4D43X5",
            "incident_urgency_rule": [
              {
                "during_support_hours": [],
                "outside_support_hours": [],
                "type": "constant",
                "urgency": "high"
              }
            ],
            "last_incident_timestamp": "",
            "name": "Wscsports",
            "response_play": null,
            "scheduled_actions": [],
            "status": "active",
            "support_hours": [],
            "type": "service"
          },
          "sensitive_attributes": [],
          "private": "bnVsbA==",
          "dependencies": [
            "data.pagerduty_escalation_policy.default"
          ]
        }
      ]
    },
    {
      "mode": "managed",
      "type": "pagerduty_service",
      "name": "Xnes",
      "provider": "provider[\"registry.terraform.io/pagerduty/pagerduty\"]",
      "instances": [
        {
          "schema_version": 0,
          "attributes": {
            "acknowledgement_timeout": "1800",
            "alert_creation": "create_incidents",
            "alert_grouping": null,
            "alert_grouping_parameters": [],
            "alert_grouping_timeout": "null",
            "auto_pause_notifications_parameters": [],
            "auto_resolve_timeout": "14400",
            "created_at": "2023-02-26T18:00:27+02:00",
            "description": "Xnes (xnes)",
            "escalation_policy": "PA57YI4",
            "html_url": "https://reblaze.pagerduty.com/service-directory/PZA0ATB",
            "id": "PZA0ATB",
            "incident_urgency_rule": [
              {
                "during_support_hours": [],
                "outside_support_hours": [],
                "type": "constant",
                "urgency": "high"
              }
            ],
            "last_incident_timestamp": "",
            "name": "Xnes",
            "response_play": null,
            "scheduled_actions": [],
            "status": "active",
            "support_hours": [],
            "type": "service"
          },
          "sensitive_attributes": [],
          "private": "bnVsbA==",
          "dependencies": [
            "data.pagerduty_escalation_policy.default"
          ]
        }
      ]
    },
    {
      "mode": "managed",
      "type": "pagerduty_service",
      "name": "Yarkon",
      "provider": "provider[\"registry.terraform.io/pagerduty/pagerduty\"]",
      "instances": [
        {
          "schema_version": 0,
          "attributes": {
            "acknowledgement_timeout": "1800",
            "alert_creation": "create_incidents",
            "alert_grouping": null,
            "alert_grouping_parameters": [],
            "alert_grouping_timeout": "null",
            "auto_pause_notifications_parameters": [],
            "auto_resolve_timeout": "14400",
            "created_at": "2023-02-26T18:00:45+02:00",
            "description": "Yarkon (yarkon)",
            "escalation_policy": "PA57YI4",
            "html_url": "https://reblaze.pagerduty.com/service-directory/PF9BWWR",
            "id": "PF9BWWR",
            "incident_urgency_rule": [
              {
                "during_support_hours": [],
                "outside_support_hours": [],
                "type": "constant",
                "urgency": "high"
              }
            ],
            "last_incident_timestamp": "",
            "name": "Yarkon",
            "response_play": null,
            "scheduled_actions": [],
            "status": "active",
            "support_hours": [],
            "type": "service"
          },
          "sensitive_attributes": [],
          "private": "bnVsbA==",
          "dependencies": [
            "data.pagerduty_escalation_policy.default"
          ]
        }
      ]
    },
    {
      "mode": "managed",
      "type": "pagerduty_service",
      "name": "Zegna",
      "provider": "provider[\"registry.terraform.io/pagerduty/pagerduty\"]",
      "instances": [
        {
          "schema_version": 0,
          "attributes": {
            "acknowledgement_timeout": "1800",
            "alert_creation": "create_incidents",
            "alert_grouping": null,
            "alert_grouping_parameters": [],
            "alert_grouping_timeout": "null",
            "auto_pause_notifications_parameters": [],
            "auto_resolve_timeout": "14400",
            "created_at": "2023-02-26T18:00:32+02:00",
            "description": "Zegna (zegna)",
            "escalation_policy": "PA57YI4",
            "html_url": "https://reblaze.pagerduty.com/service-directory/PLR821J",
            "id": "PLR821J",
            "incident_urgency_rule": [
              {
                "during_support_hours": [],
                "outside_support_hours": [],
                "type": "constant",
                "urgency": "high"
              }
            ],
            "last_incident_timestamp": "",
            "name": "Zegna",
            "response_play": null,
            "scheduled_actions": [],
            "status": "active",
            "support_hours": [],
            "type": "service"
          },
          "sensitive_attributes": [],
          "private": "bnVsbA==",
          "dependencies": [
            "data.pagerduty_escalation_policy.default"
          ]
        }
      ]
    },
    {
      "mode": "managed",
      "type": "pagerduty_service",
      "name": "Zegnarow",
      "provider": "provider[\"registry.terraform.io/pagerduty/pagerduty\"]",
      "instances": [
        {
          "schema_version": 0,
          "attributes": {
            "acknowledgement_timeout": "1800",
            "alert_creation": "create_incidents",
            "alert_grouping": null,
            "alert_grouping_parameters": [],
            "alert_grouping_timeout": "null",
            "auto_pause_notifications_parameters": [],
            "auto_resolve_timeout": "14400",
            "created_at": "2023-02-26T18:00:27+02:00",
            "description": "Zegnarow (zegnarow)",
            "escalation_policy": "PA57YI4",
            "html_url": "https://reblaze.pagerduty.com/service-directory/PGIZBIR",
            "id": "PGIZBIR",
            "incident_urgency_rule": [
              {
                "during_support_hours": [],
                "outside_support_hours": [],
                "type": "constant",
                "urgency": "high"
              }
            ],
            "last_incident_timestamp": "",
            "name": "Zegnarow",
            "response_play": null,
            "scheduled_actions": [],
            "status": "active",
            "support_hours": [],
            "type": "service"
          },
          "sensitive_attributes": [],
          "private": "bnVsbA==",
          "dependencies": [
            "data.pagerduty_escalation_policy.default"
          ]
        }
      ]
    },
    {
      "mode": "managed",
      "type": "pagerduty_service",
      "name": "Zimmer",
      "provider": "provider[\"registry.terraform.io/pagerduty/pagerduty\"]",
      "instances": [
        {
          "schema_version": 0,
          "attributes": {
            "acknowledgement_timeout": "1800",
            "alert_creation": "create_incidents",
            "alert_grouping": null,
            "alert_grouping_parameters": [],
            "alert_grouping_timeout": "null",
            "auto_pause_notifications_parameters": [],
            "auto_resolve_timeout": "14400",
            "created_at": "2023-02-26T18:00:58+02:00",
            "description": "Zimmer (zimmer)",
            "escalation_policy": "PA57YI4",
            "html_url": "https://reblaze.pagerduty.com/service-directory/PRJVMZ6",
            "id": "PRJVMZ6",
            "incident_urgency_rule": [
              {
                "during_support_hours": [],
                "outside_support_hours": [],
                "type": "constant",
                "urgency": "high"
              }
            ],
            "last_incident_timestamp": "",
            "name": "Zimmer",
            "response_play": null,
            "scheduled_actions": [],
            "status": "active",
            "support_hours": [],
            "type": "service"
          },
          "sensitive_attributes": [],
          "private": "bnVsbA==",
          "dependencies": [
            "data.pagerduty_escalation_policy.default"
          ]
        }
      ]
    },
    {
      "mode": "managed",
      "type": "pagerduty_service",
      "name": "Zoomanalytics",
      "provider": "provider[\"registry.terraform.io/pagerduty/pagerduty\"]",
      "instances": [
        {
          "schema_version": 0,
          "attributes": {
            "acknowledgement_timeout": "1800",
            "alert_creation": "create_incidents",
            "alert_grouping": null,
            "alert_grouping_parameters": [],
            "alert_grouping_timeout": "null",
            "auto_pause_notifications_parameters": [],
            "auto_resolve_timeout": "14400",
            "created_at": "2023-02-26T18:00:30+02:00",
            "description": "Zoomanalytics (zoomanalytics)",
            "escalation_policy": "PA57YI4",
            "html_url": "https://reblaze.pagerduty.com/service-directory/PJ4KQTA",
            "id": "PJ4KQTA",
            "incident_urgency_rule": [
              {
                "during_support_hours": [],
                "outside_support_hours": [],
                "type": "constant",
                "urgency": "high"
              }
            ],
            "last_incident_timestamp": "",
            "name": "Zoomanalytics",
            "response_play": null,
            "scheduled_actions": [],
            "status": "active",
            "support_hours": [],
            "type": "service"
          },
          "sensitive_attributes": [],
          "private": "bnVsbA==",
          "dependencies": [
            "data.pagerduty_escalation_policy.default"
          ]
        }
      ]
    }
  ],
  "check_results": null
}
