{
  "version": 4,
  "terraform_version": "1.3.6",
  "serial": 349,
  "lineage": "2692e54b-4dbf-3d34-6b62-22628a568ad6",
  "outputs": {},
  "resources": [
    {
      "mode": "data",
      "type": "pagerduty_escalation_policy",
      "name": "default",
      "provider": "provider[\"registry.terraform.io/pagerduty/pagerduty\"]",
      "instances": [
        {
          "schema_version": 0,
          "attributes": {
            "id": "PQAH7SD",
            "name": "Default"
          },
          "sensitive_attributes": []
        }
      ]
    },
    {
      "mode": "data",
      "type": "pagerduty_service",
      "name": "devops",
      "provider": "provider[\"registry.terraform.io/pagerduty/pagerduty\"]",
      "instances": [
        {
          "schema_version": 0,
          "attributes": {
            "id": "PQ5NTX1",
            "name": "Devops",
            "type": "service"
          },
          "sensitive_attributes": []
        }
      ]
    },
    {
      "mode": "managed",
      "type": "pagerduty_event_orchestration",
      "name": "devops",
      "provider": "provider[\"registry.terraform.io/pagerduty/pagerduty\"]",
      "instances": [
        {
          "schema_version": 0,
          "attributes": {
            "description": "Send events from DevOps to a list of services",
            "id": "ef517705-fb2b-4e97-a53f-264f7c458b90",
            "integration": [
              {
                "id": "2eb31f39-6fc8-43ab-8960-b3a70f230dfc",
                "parameters": [
                  {
                    "routing_key": "R03DRKXW33T6M0ADHRL53NPPZQ16ZID9",
                    "type": "global"
                  }
                ]
              }
            ],
            "name": "Devops",
            "routes": 0,
            "team": null
          },
          "sensitive_attributes": [],
          "private": "bnVsbA=="
        }
      ]
    },
    {
      "mode": "managed",
      "type": "pagerduty_event_orchestration_router",
      "name": "router",
      "provider": "provider[\"registry.terraform.io/pagerduty/pagerduty\"]",
      "instances": [
        {
          "schema_version": 0,
          "attributes": {
            "catch_all": [
              {
                "actions": [
                  {
                    "route_to": "unrouted"
                  }
                ]
              }
            ],
            "event_orchestration": "ef517705-fb2b-4e97-a53f-264f7c458b90",
            "id": "ef517705-fb2b-4e97-a53f-264f7c458b90",
            "set": [
              {
                "id": "start",
                "rule": [
                  {
                    "actions": [
                      {
                        "route_to": "PPN6HN0"
                      }
                    ],
                    "condition": [
                      {
                        "expression": "event.summary matches part 'cecomhostprojectproduction\\\\b'"
                      }
                    ],
                    "disabled": false,
                    "id": "",
                    "label": "Events relating to Cecomhostprojectproduction"
                  },
                  {
                    "actions": [
                      {
                        "route_to": "P875GKB"
                      }
                    ],
                    "condition": [
                      {
                        "expression": "event.summary matches part 'agcpartn724293144879715090\\\\b'"
                      }
                    ],
                    "disabled": false,
                    "id": "",
                    "label": "Events relating to Agcpartn724293144879715090"
                  },
                  {
                    "actions": [
                      {
                        "route_to": "PCQ8L6W"
                      }
                    ],
                    "condition": [
                      {
                        "expression": "event.summary matches part 'americane82018410522879632\\\\b'"
                      }
                    ],
                    "disabled": false,
                    "id": "",
                    "label": "Events relating to Americane82018410522879632"
                  },
                  {
                    "actions": [
                      {
                        "route_to": "PK2XM88"
                      }
                    ],
                    "condition": [
                      {
                        "expression": "event.summary matches part 'appviewx816140081204059790\\\\b'"
                      }
                    ],
                    "disabled": false,
                    "id": "",
                    "label": "Events relating to Appviewx816140081204059790"
                  },
                  {
                    "actions": [
                      {
                        "route_to": "PNSNID4"
                      }
                    ],
                    "condition": [
                      {
                        "expression": "event.summary matches part 'bigimmer281521707765566363\\\\b'"
                      }
                    ],
                    "disabled": false,
                    "id": "",
                    "label": "Events relating to Bigimmer281521707765566363"
                  },
                  {
                    "actions": [
                      {
                        "route_to": "PEZWZEF"
                      }
                    ],
                    "condition": [
                      {
                        "expression": "event.summary matches part 'datagovp633462572263654780\\\\b'"
                      }
                    ],
                    "disabled": false,
                    "id": "",
                    "label": "Events relating to Datagovp633462572263654780"
                  },
                  {
                    "actions": [
                      {
                        "route_to": "PPDJGJM"
                      }
                    ],
                    "condition": [
                      {
                        "expression": "event.summary matches part 'elefftest64895039768164394\\\\b'"
                      }
                    ],
                    "disabled": false,
                    "id": "",
                    "label": "Events relating to Elefftest64895039768164394"
                  },
                  {
                    "actions": [
                      {
                        "route_to": "PQ6U6E5"
                      }
                    ],
                    "condition": [
                      {
                        "expression": "event.summary matches part 'formativ718648307850097729\\\\b'"
                      }
                    ],
                    "disabled": false,
                    "id": "",
                    "label": "Events relating to Formativ718648307850097729"
                  },
                  {
                    "actions": [
                      {
                        "route_to": "PPBYXOQ"
                      }
                    ],
                    "condition": [
                      {
                        "expression": "event.summary matches part 'inetwebs152061635206655917\\\\b'"
                      }
                    ],
                    "disabled": false,
                    "id": "",
                    "label": "Events relating to Inetwebs152061635206655917"
                  },
                  {
                    "actions": [
                      {
                        "route_to": "P9W0W8M"
                      }
                    ],
                    "condition": [
                      {
                        "expression": "event.summary matches part 'israelrai27963377783270403\\\\b'"
                      }
                    ],
                    "disabled": false,
                    "id": "",
                    "label": "Events relating to Israelrai27963377783270403"
                  },
                  {
                    "actions": [
                      {
                        "route_to": "PN0J5BE"
                      }
                    ],
                    "condition": [
                      {
                        "expression": "event.summary matches part 'newrbzqa103306614922995878\\\\b'"
                      }
                    ],
                    "disabled": false,
                    "id": "",
                    "label": "Events relating to Newrbzqa103306614922995878"
                  },
                  {
                    "actions": [
                      {
                        "route_to": "PWDY23G"
                      }
                    ],
                    "condition": [
                      {
                        "expression": "event.summary matches part 'opencuri696928180841517713\\\\b'"
                      }
                    ],
                    "disabled": false,
                    "id": "",
                    "label": "Events relating to Opencuri696928180841517713"
                  },
                  {
                    "actions": [
                      {
                        "route_to": "P2NRUH9"
                      }
                    ],
                    "condition": [
                      {
                        "expression": "event.summary matches part 'rbzaws78972580297192148311\\\\b'"
                      }
                    ],
                    "disabled": false,
                    "id": "",
                    "label": "Events relating to Rbzaws78972580297192148311"
                  },
                  {
                    "actions": [
                      {
                        "route_to": "P0KR5D5"
                      }
                    ],
                    "condition": [
                      {
                        "expression": "event.summary matches part 'rbzqamp0030160679959478244\\\\b'"
                      }
                    ],
                    "disabled": false,
                    "id": "",
                    "label": "Events relating to Rbzqamp0030160679959478244"
                  },
                  {
                    "actions": [
                      {
                        "route_to": "PHPXO00"
                      }
                    ],
                    "condition": [
                      {
                        "expression": "event.summary matches part 'rbzqamp0073595184297896571\\\\b'"
                      }
                    ],
                    "disabled": false,
                    "id": "",
                    "label": "Events relating to Rbzqamp0073595184297896571"
                  },
                  {
                    "actions": [
                      {
                        "route_to": "PZBQJE4"
                      }
                    ],
                    "condition": [
                      {
                        "expression": "event.summary matches part 'reblazed706840781522387801\\\\b'"
                      }
                    ],
                    "disabled": false,
                    "id": "",
                    "label": "Events relating to Reblazed706840781522387801"
                  },
                  {
                    "actions": [
                      {
                        "route_to": "PEHOG6I"
                      }
                    ],
                    "condition": [
                      {
                        "expression": "event.summary matches part 'reblazede37304730316182808\\\\b'"
                      }
                    ],
                    "disabled": false,
                    "id": "",
                    "label": "Events relating to Reblazede37304730316182808"
                  },
                  {
                    "actions": [
                      {
                        "route_to": "PP03R9O"
                      }
                    ],
                    "condition": [
                      {
                        "expression": "event.summary matches part 'va2devqvn57129192392208814\\\\b'"
                      }
                    ],
                    "disabled": false,
                    "id": "",
                    "label": "Events relating to Va2Devqvn57129192392208814"
                  },
                  {
                    "actions": [
                      {
                        "route_to": "P6QSV6Y"
                      }
                    ],
                    "condition": [
                      {
                        "expression": "event.summary matches part 'bluegrid92868745751327215\\\\b'"
                      }
                    ],
                    "disabled": false,
                    "id": "",
                    "label": "Events relating to Bluegrid92868745751327215"
                  },
                  {
                    "actions": [
                      {
                        "route_to": "PF4S97X"
                      }
                    ],
                    "condition": [
                      {
                        "expression": "event.summary matches part 'cotohacfgwservice6epszaaf\\\\b'"
                      }
                    ],
                    "disabled": false,
                    "id": "",
                    "label": "Events relating to Cotohacfgwservice6Epszaaf"
                  },
                  {
                    "actions": [
                      {
                        "route_to": "PPCE746"
                      }
                    ],
                    "condition": [
                      {
                        "expression": "event.summary matches part 'qavadim847914756549420121\\\\b'"
                      }
                    ],
                    "disabled": false,
                    "id": "",
                    "label": "Events relating to Qavadim847914756549420121"
                  },
                  {
                    "actions": [
                      {
                        "route_to": "PTY011S"
                      }
                    ],
                    "condition": [
                      {
                        "expression": "event.summary matches part 'rbzolga753103565707641934\\\\b'"
                      }
                    ],
                    "disabled": false,
                    "id": "",
                    "label": "Events relating to Rbzolga753103565707641934"
                  },
                  {
                    "actions": [
                      {
                        "route_to": "POFO7H8"
                      }
                    ],
                    "condition": [
                      {
                        "expression": "event.summary matches part 'chiper639237995632723462\\\\b'"
                      }
                    ],
                    "disabled": false,
                    "id": "",
                    "label": "Events relating to Chiper639237995632723462"
                  },
                  {
                    "actions": [
                      {
                        "route_to": "PVQXCMC"
                      }
                    ],
                    "condition": [
                      {
                        "expression": "event.summary matches part 'cyqurex52970321352494334\\\\b'"
                      }
                    ],
                    "disabled": false,
                    "id": "",
                    "label": "Events relating to Cyqurex52970321352494334"
                  },
                  {
                    "actions": [
                      {
                        "route_to": "PZ8GWJL"
                      }
                    ],
                    "condition": [
                      {
                        "expression": "event.summary matches part 'reblaze74690738161970604\\\\b'"
                      }
                    ],
                    "disabled": false,
                    "id": "",
                    "label": "Events relating to Reblaze74690738161970604"
                  },
                  {
                    "actions": [
                      {
                        "route_to": "PE5GA4G"
                      }
                    ],
                    "condition": [
                      {
                        "expression": "event.summary matches part 'searce597402607595260740\\\\b'"
                      }
                    ],
                    "disabled": false,
                    "id": "",
                    "label": "Events relating to Searce597402607595260740"
                  },
                  {
                    "actions": [
                      {
                        "route_to": "PCZ6ERS"
                      }
                    ],
                    "condition": [
                      {
                        "expression": "event.summary matches part 'israel69595972334368573\\\\b'"
                      }
                    ],
                    "disabled": false,
                    "id": "",
                    "label": "Events relating to Israel69595972334368573"
                  },
                  {
                    "actions": [
                      {
                        "route_to": "PAWVZST"
                      }
                    ],
                    "condition": [
                      {
                        "expression": "event.summary matches part 'estoreproduction194504\\\\b'"
                      }
                    ],
                    "disabled": false,
                    "id": "",
                    "label": "Events relating to Estoreproduction194504"
                  },
                  {
                    "actions": [
                      {
                        "route_to": "PNTTVVK"
                      }
                    ],
                    "condition": [
                      {
                        "expression": "event.summary matches part 'qaolga3953602350965345\\\\b'"
                      }
                    ],
                    "disabled": false,
                    "id": "",
                    "label": "Events relating to Qaolga3953602350965345"
                  },
                  {
                    "actions": [
                      {
                        "route_to": "PAYGJ12"
                      }
                    ],
                    "condition": [
                      {
                        "expression": "event.summary matches part 'mpprodreblazeteststg\\\\b'"
                      }
                    ],
                    "disabled": false,
                    "id": "",
                    "label": "Events relating to Mpprodreblazeteststg"
                  },
                  {
                    "actions": [
                      {
                        "route_to": "P6FMI0E"
                      }
                    ],
                    "condition": [
                      {
                        "expression": "event.summary matches part 'cecomhostproject01\\\\b'"
                      }
                    ],
                    "disabled": false,
                    "id": "",
                    "label": "Events relating to Cecomhostproject01"
                  },
                  {
                    "actions": [
                      {
                        "route_to": "P8RL0PE"
                      }
                    ],
                    "condition": [
                      {
                        "expression": "event.summary matches part 'rbzaws221986932086\\\\b'"
                      }
                    ],
                    "disabled": false,
                    "id": "",
                    "label": "Events relating to Rbzaws221986932086"
                  },
                  {
                    "actions": [
                      {
                        "route_to": "PM43URR"
                      }
                    ],
                    "condition": [
                      {
                        "expression": "event.summary matches part 'rbzaws232079419768\\\\b'"
                      }
                    ],
                    "disabled": false,
                    "id": "",
                    "label": "Events relating to Rbzaws232079419768"
                  },
                  {
                    "actions": [
                      {
                        "route_to": "PXHAY01"
                      }
                    ],
                    "condition": [
                      {
                        "expression": "event.summary matches part 'rbzaws479335881964\\\\b'"
                      }
                    ],
                    "disabled": false,
                    "id": "",
                    "label": "Events relating to Rbzaws479335881964"
                  },
                  {
                    "actions": [
                      {
                        "route_to": "PU0XQIY"
                      }
                    ],
                    "condition": [
                      {
                        "expression": "event.summary matches part 'rbzaws589416701894\\\\b'"
                      }
                    ],
                    "disabled": false,
                    "id": "",
                    "label": "Events relating to Rbzaws589416701894"
                  },
                  {
                    "actions": [
                      {
                        "route_to": "P42M6FW"
                      }
                    ],
                    "condition": [
                      {
                        "expression": "event.summary matches part 'rbzaws667713386313\\\\b'"
                      }
                    ],
                    "disabled": false,
                    "id": "",
                    "label": "Events relating to Rbzaws667713386313"
                  },
                  {
                    "actions": [
                      {
                        "route_to": "PHQCKFG"
                      }
                    ],
                    "condition": [
                      {
                        "expression": "event.summary matches part 'rbzaws789809902545\\\\b'"
                      }
                    ],
                    "disabled": false,
                    "id": "",
                    "label": "Events relating to Rbzaws789809902545"
                  },
                  {
                    "actions": [
                      {
                        "route_to": "P0LWFVL"
                      }
                    ],
                    "condition": [
                      {
                        "expression": "event.summary matches part 'cth2prod1zxnri8x8\\\\b'"
                      }
                    ],
                    "disabled": false,
                    "id": "",
                    "label": "Events relating to Cth2Prod1Zxnri8X8"
                  },
                  {
                    "actions": [
                      {
                        "route_to": "P23EL7M"
                      }
                    ],
                    "condition": [
                      {
                        "expression": "event.summary matches part 'forbesdevelopment\\\\b'"
                      }
                    ],
                    "disabled": false,
                    "id": "",
                    "label": "Events relating to Forbesdevelopment"
                  },
                  {
                    "actions": [
                      {
                        "route_to": "PGB24KL"
                      }
                    ],
                    "condition": [
                      {
                        "expression": "event.summary matches part 'notrbztestproject\\\\b'"
                      }
                    ],
                    "disabled": false,
                    "id": "",
                    "label": "Events relating to Notrbztestproject"
                  },
                  {
                    "actions": [
                      {
                        "route_to": "PIKPGW7"
                      }
                    ],
                    "condition": [
                      {
                        "expression": "event.summary matches part 'prefectprode1e512\\\\b'"
                      }
                    ],
                    "disabled": false,
                    "id": "",
                    "label": "Events relating to Prefectprode1E512"
                  },
                  {
                    "actions": [
                      {
                        "route_to": "PFP7SZA"
                      }
                    ],
                    "condition": [
                      {
                        "expression": "event.summary matches part 'betfaircasinostg\\\\b'"
                      }
                    ],
                    "disabled": false,
                    "id": "",
                    "label": "Events relating to Betfaircasinostg"
                  },
                  {
                    "actions": [
                      {
                        "route_to": "P36BHOR"
                      }
                    ],
                    "condition": [
                      {
                        "expression": "event.summary matches part 'forbesproduction\\\\b'"
                      }
                    ],
                    "disabled": false,
                    "id": "",
                    "label": "Events relating to Forbesproduction"
                  },
                  {
                    "actions": [
                      {
                        "route_to": "PIDD9JK"
                      }
                    ],
                    "condition": [
                      {
                        "expression": "event.summary matches part 'lvpn527370280444\\\\b'"
                      }
                    ],
                    "disabled": false,
                    "id": "",
                    "label": "Events relating to Lvpn527370280444"
                  },
                  {
                    "actions": [
                      {
                        "route_to": "PRE9CNP"
                      }
                    ],
                    "condition": [
                      {
                        "expression": "event.summary matches part 'pnivpd7k5tsndoom\\\\b'"
                      }
                    ],
                    "disabled": false,
                    "id": "",
                    "label": "Events relating to Pnivpd7K5Tsndoom"
                  },
                  {
                    "actions": [
                      {
                        "route_to": "PQQ3DQS"
                      }
                    ],
                    "condition": [
                      {
                        "expression": "event.summary matches part 'rbzdevbratislava\\\\b'"
                      }
                    ],
                    "disabled": false,
                    "id": "",
                    "label": "Events relating to Rbzdevbratislava"
                  },
                  {
                    "actions": [
                      {
                        "route_to": "PGC7EDE"
                      }
                    ],
                    "condition": [
                      {
                        "expression": "event.summary matches part 'rbzdevtzury2202\\\\b'"
                      }
                    ],
                    "disabled": false,
                    "id": "",
                    "label": "Events relating to Rbzdevtzury2202"
                  },
                  {
                    "actions": [
                      {
                        "route_to": "PMQ1NZN"
                      }
                    ],
                    "condition": [
                      {
                        "expression": "event.summary matches part 'va2prodgisxiq15\\\\b'"
                      }
                    ],
                    "disabled": false,
                    "id": "",
                    "label": "Events relating to Va2Prodgisxiq15"
                  },
                  {
                    "actions": [
                      {
                        "route_to": "PNJ0IQ3"
                      }
                    ],
                    "condition": [
                      {
                        "expression": "event.summary matches part 'chargeafterstg\\\\b'"
                      }
                    ],
                    "disabled": false,
                    "id": "",
                    "label": "Events relating to Chargeafterstg"
                  },
                  {
                    "actions": [
                      {
                        "route_to": "P2V6B9P"
                      }
                    ],
                    "condition": [
                      {
                        "expression": "event.summary matches part 'gtaureblazestg\\\\b'"
                      }
                    ],
                    "disabled": false,
                    "id": "",
                    "label": "Events relating to Gtaureblazestg"
                  },
                  {
                    "actions": [
                      {
                        "route_to": "PW9I2TH"
                      }
                    ],
                    "condition": [
                      {
                        "expression": "event.summary matches part 'leonardohotels\\\\b'"
                      }
                    ],
                    "disabled": false,
                    "id": "",
                    "label": "Events relating to Leonardohotels"
                  },
                  {
                    "actions": [
                      {
                        "route_to": "P9X661F"
                      }
                    ],
                    "condition": [
                      {
                        "expression": "event.summary matches part 'rbcompliance2\\\\b'"
                      }
                    ],
                    "disabled": false,
                    "id": "",
                    "label": "Events relating to Rbcompliance2"
                  },
                  {
                    "actions": [
                      {
                        "route_to": "PU8PXNB"
                      }
                    ],
                    "condition": [
                      {
                        "expression": "event.summary matches part 'rbzdevmerge001\\\\b'"
                      }
                    ],
                    "disabled": false,
                    "id": "",
                    "label": "Events relating to Rbzdevmerge001"
                  },
                  {
                    "actions": [
                      {
                        "route_to": "P2E4UU8"
                      }
                    ],
                    "condition": [
                      {
                        "expression": "event.summary matches part 'rbzqasomething\\\\b'"
                      }
                    ],
                    "disabled": false,
                    "id": "",
                    "label": "Events relating to Rbzqasomething"
                  },
                  {
                    "actions": [
                      {
                        "route_to": "PJA0ZR2"
                      }
                    ],
                    "condition": [
                      {
                        "expression": "event.summary matches part 'va2devqvnx6mz0\\\\b'"
                      }
                    ],
                    "disabled": false,
                    "id": "",
                    "label": "Events relating to Va2Devqvnx6Mz0"
                  },
                  {
                    "actions": [
                      {
                        "route_to": "P17UYDH"
                      }
                    ],
                    "condition": [
                      {
                        "expression": "event.summary matches part 'betfaircasino\\\\b'"
                      }
                    ],
                    "disabled": false,
                    "id": "",
                    "label": "Events relating to Betfaircasino"
                  },
                  {
                    "actions": [
                      {
                        "route_to": "PKWNLI7"
                      }
                    ],
                    "condition": [
                      {
                        "expression": "event.summary matches part 'defaultstuff2\\\\b'"
                      }
                    ],
                    "disabled": false,
                    "id": "",
                    "label": "Events relating to Defaultstuff2"
                  },
                  {
                    "actions": [
                      {
                        "route_to": "P9DFCB2"
                      }
                    ],
                    "condition": [
                      {
                        "expression": "event.summary matches part 'hzreblazeprod\\\\b'"
                      }
                    ],
                    "disabled": false,
                    "id": "",
                    "label": "Events relating to Hzreblazeprod"
                  },
                  {
                    "actions": [
                      {
                        "route_to": "P0VMSBF"
                      }
                    ],
                    "condition": [
                      {
                        "expression": "event.summary matches part 'ironsolutions\\\\b'"
                      }
                    ],
                    "disabled": false,
                    "id": "",
                    "label": "Events relating to Ironsolutions"
                  },
                  {
                    "actions": [
                      {
                        "route_to": "PS7MBKO"
                      }
                    ],
                    "condition": [
                      {
                        "expression": "event.summary matches part 'machinerypete\\\\b'"
                      }
                    ],
                    "disabled": false,
                    "id": "",
                    "label": "Events relating to Machinerypete"
                  },
                  {
                    "actions": [
                      {
                        "route_to": "PGUSYOB"
                      }
                    ],
                    "condition": [
                      {
                        "expression": "event.summary matches part 'pplprodfephx2\\\\b'"
                      }
                    ],
                    "disabled": false,
                    "id": "",
                    "label": "Events relating to Pplprodfephx2"
                  },
                  {
                    "actions": [
                      {
                        "route_to": "PYMIDC2"
                      }
                    ],
                    "condition": [
                      {
                        "expression": "event.summary matches part 'zoomanalytics\\\\b'"
                      }
                    ],
                    "disabled": false,
                    "id": "",
                    "label": "Events relating to Zoomanalytics"
                  },
                  {
                    "actions": [
                      {
                        "route_to": "P7DSHNC"
                      }
                    ],
                    "condition": [
                      {
                        "expression": "event.summary matches part 'adtorqueedge\\\\b'"
                      }
                    ],
                    "disabled": false,
                    "id": "",
                    "label": "Events relating to AdTorqueEdgecom"
                  },
                  {
                    "actions": [
                      {
                        "route_to": "PBJVLWX"
                      }
                    ],
                    "condition": [
                      {
                        "expression": "event.summary matches part 'hzreblazestg\\\\b'"
                      }
                    ],
                    "disabled": false,
                    "id": "",
                    "label": "Events relating to Hzreblazestg"
                  },
                  {
                    "actions": [
                      {
                        "route_to": "PN8BP3H"
                      }
                    ],
                    "condition": [
                      {
                        "expression": "event.summary matches part 'payoneerxstg\\\\b'"
                      }
                    ],
                    "disabled": false,
                    "id": "",
                    "label": "Events relating to Payoneerxstg"
                  },
                  {
                    "actions": [
                      {
                        "route_to": "PSBCBXN"
                      }
                    ],
                    "condition": [
                      {
                        "expression": "event.summary matches part 'ppluatfephx2\\\\b'"
                      }
                    ],
                    "disabled": false,
                    "id": "",
                    "label": "Events relating to Ppluatfephx2"
                  },
                  {
                    "actions": [
                      {
                        "route_to": "PKNQ5AO"
                      }
                    ],
                    "condition": [
                      {
                        "expression": "event.summary matches part 'rbzqaprod001\\\\b'"
                      }
                    ],
                    "disabled": false,
                    "id": "",
                    "label": "Events relating to Rbzqaprod001"
                  },
                  {
                    "actions": [
                      {
                        "route_to": "PYDKKU6"
                      }
                    ],
                    "condition": [
                      {
                        "expression": "event.summary matches part 'rbzqaprod220\\\\b'"
                      }
                    ],
                    "disabled": false,
                    "id": "",
                    "label": "Events relating to Rbzqaprod220"
                  },
                  {
                    "actions": [
                      {
                        "route_to": "PNCRODG"
                      }
                    ],
                    "condition": [
                      {
                        "expression": "event.summary matches part 'stormferrero\\\\b'"
                      }
                    ],
                    "disabled": false,
                    "id": "",
                    "label": "Events relating to Stormferrero"
                  },
                  {
                    "actions": [
                      {
                        "route_to": "P6ZQORU"
                      }
                    ],
                    "condition": [
                      {
                        "expression": "event.summary matches part 'stormreplymt\\\\b'"
                      }
                    ],
                    "disabled": false,
                    "id": "",
                    "label": "Events relating to Stormreplymt"
                  },
                  {
                    "actions": [
                      {
                        "route_to": "P3TFNP3"
                      }
                    ],
                    "condition": [
                      {
                        "expression": "event.summary matches part 'threelayerst\\\\b'"
                      }
                    ],
                    "disabled": false,
                    "id": "",
                    "label": "Events relating to Threelayerst"
                  },
                  {
                    "actions": [
                      {
                        "route_to": "P013G90"
                      }
                    ],
                    "condition": [
                      {
                        "expression": "event.summary matches part 'tmprotection\\\\b'"
                      }
                    ],
                    "disabled": false,
                    "id": "",
                    "label": "Events relating to Tmprotection"
                  },
                  {
                    "actions": [
                      {
                        "route_to": "PAODT0Q"
                      }
                    ],
                    "condition": [
                      {
                        "expression": "event.summary matches part 'twobsecure02\\\\b'"
                      }
                    ],
                    "disabled": false,
                    "id": "",
                    "label": "Events relating to Twobsecure02"
                  },
                  {
                    "actions": [
                      {
                        "route_to": "P86074I"
                      }
                    ],
                    "condition": [
                      {
                        "expression": "event.summary matches part 'backlotcars\\\\b'"
                      }
                    ],
                    "disabled": false,
                    "id": "",
                    "label": "Events relating to Backlotcars"
                  },
                  {
                    "actions": [
                      {
                        "route_to": "PWO0C9A"
                      }
                    ],
                    "condition": [
                      {
                        "expression": "event.summary matches part 'boltreblaze\\\\b'"
                      }
                    ],
                    "disabled": false,
                    "id": "",
                    "label": "Events relating to Boltreblaze"
                  },
                  {
                    "actions": [
                      {
                        "route_to": "P94YG7Z"
                      }
                    ],
                    "condition": [
                      {
                        "expression": "event.summary matches part 'careblazeqa\\\\b'"
                      }
                    ],
                    "disabled": false,
                    "id": "",
                    "label": "Events relating to Careblazeqa"
                  },
                  {
                    "actions": [
                      {
                        "route_to": "PBCJRKN"
                      }
                    ],
                    "condition": [
                      {
                        "expression": "event.summary matches part 'cellexpertx\\\\b'"
                      }
                    ],
                    "disabled": false,
                    "id": "",
                    "label": "Events relating to Cellexpertx"
                  },
                  {
                    "actions": [
                      {
                        "route_to": "PZTYDP1"
                      }
                    ],
                    "condition": [
                      {
                        "expression": "event.summary matches part 'chargeafter\\\\b'"
                      }
                    ],
                    "disabled": false,
                    "id": "",
                    "label": "Events relating to Chargeafter"
                  },
                  {
                    "actions": [
                      {
                        "route_to": "PYXOQHJ"
                      }
                    ],
                    "condition": [
                      {
                        "expression": "event.summary matches part 'datagovtest\\\\b'"
                      }
                    ],
                    "disabled": false,
                    "id": "",
                    "label": "Events relating to Datagovtest"
                  },
                  {
                    "actions": [
                      {
                        "route_to": "PD9WNAB"
                      }
                    ],
                    "condition": [
                      {
                        "expression": "event.summary matches part 'flashcoffee\\\\b'"
                      }
                    ],
                    "disabled": false,
                    "id": "",
                    "label": "Events relating to Flashcoffee"
                  },
                  {
                    "actions": [
                      {
                        "route_to": "P1YJOF7"
                      }
                    ],
                    "condition": [
                      {
                        "expression": "event.summary matches part 'gearlaunchx\\\\b'"
                      }
                    ],
                    "disabled": false,
                    "id": "",
                    "label": "Events relating to Gearlaunchx"
                  },
                  {
                    "actions": [
                      {
                        "route_to": "PD1E48Y"
                      }
                    ],
                    "condition": [
                      {
                        "expression": "event.summary matches part 'gokturkteam\\\\b'"
                      }
                    ],
                    "disabled": false,
                    "id": "",
                    "label": "Events relating to Gokturkteam"
                  },
                  {
                    "actions": [
                      {
                        "route_to": "PJ54MLN"
                      }
                    ],
                    "condition": [
                      {
                        "expression": "event.summary matches part 'gtaureblaze\\\\b'"
                      }
                    ],
                    "disabled": false,
                    "id": "",
                    "label": "Events relating to Gtaureblaze"
                  },
                  {
                    "actions": [
                      {
                        "route_to": "PSRZ8WY"
                      }
                    ],
                    "condition": [
                      {
                        "expression": "event.summary matches part 'iolpbsalute\\\\b'"
                      }
                    ],
                    "disabled": false,
                    "id": "",
                    "label": "Events relating to Iolpbsalute"
                  },
                  {
                    "actions": [
                      {
                        "route_to": "PZI0TQR"
                      }
                    ],
                    "condition": [
                      {
                        "expression": "event.summary matches part 'israelhayom\\\\b'"
                      }
                    ],
                    "disabled": false,
                    "id": "",
                    "label": "Events relating to Israelhayom"
                  },
                  {
                    "actions": [
                      {
                        "route_to": "PSAX1EU"
                      }
                    ],
                    "condition": [
                      {
                        "expression": "event.summary matches part 'lifefitness\\\\b'"
                      }
                    ],
                    "disabled": false,
                    "id": "",
                    "label": "Events relating to Lifefitness"
                  },
                  {
                    "actions": [
                      {
                        "route_to": "P79CHAD"
                      }
                    ],
                    "condition": [
                      {
                        "expression": "event.summary matches part 'mifinitypay\\\\b'"
                      }
                    ],
                    "disabled": false,
                    "id": "",
                    "label": "Events relating to Mifinitypay"
                  },
                  {
                    "actions": [
                      {
                        "route_to": "PTEZXAC"
                      }
                    ],
                    "condition": [
                      {
                        "expression": "event.summary matches part 'movereblaze\\\\b'"
                      }
                    ],
                    "disabled": false,
                    "id": "",
                    "label": "Events relating to Movereblaze"
                  },
                  {
                    "actions": [
                      {
                        "route_to": "PVYPJRF"
                      }
                    ],
                    "condition": [
                      {
                        "expression": "event.summary matches part 'openfintech\\\\b'"
                      }
                    ],
                    "disabled": false,
                    "id": "",
                    "label": "Events relating to Openfintech"
                  },
                  {
                    "actions": [
                      {
                        "route_to": "PTMRE2F"
                      }
                    ],
                    "condition": [
                      {
                        "expression": "event.summary matches part 'rbzdevmp004\\\\b'"
                      }
                    ],
                    "disabled": false,
                    "id": "",
                    "label": "Events relating to Rbzdevmp004"
                  },
                  {
                    "actions": [
                      {
                        "route_to": "PP19124"
                      }
                    ],
                    "condition": [
                      {
                        "expression": "event.summary matches part 'rbzdevqnomy\\\\b'"
                      }
                    ],
                    "disabled": false,
                    "id": "",
                    "label": "Events relating to Rbzdevqnomy"
                  },
                  {
                    "actions": [
                      {
                        "route_to": "P93T6RG"
                      }
                    ],
                    "condition": [
                      {
                        "expression": "event.summary matches part 'rbzopsazr01\\\\b'"
                      }
                    ],
                    "disabled": false,
                    "id": "",
                    "label": "Events relating to Rbzopsazr01"
                  },
                  {
                    "actions": [
                      {
                        "route_to": "PAFTSAP"
                      }
                    ],
                    "condition": [
                      {
                        "expression": "event.summary matches part 'samanageeur\\\\b'"
                      }
                    ],
                    "disabled": false,
                    "id": "",
                    "label": "Events relating to Samanageeur"
                  },
                  {
                    "actions": [
                      {
                        "route_to": "PQHMPG7"
                      }
                    ],
                    "condition": [
                      {
                        "expression": "event.summary matches part 'shikunbinui\\\\b'"
                      }
                    ],
                    "disabled": false,
                    "id": "",
                    "label": "Events relating to Shikunbinui"
                  },
                  {
                    "actions": [
                      {
                        "route_to": "PHGNNZM"
                      }
                    ],
                    "condition": [
                      {
                        "expression": "event.summary matches part 'tipranksstg\\\\b'"
                      }
                    ],
                    "disabled": false,
                    "id": "",
                    "label": "Events relating to Tipranksstg"
                  },
                  {
                    "actions": [
                      {
                        "route_to": "P8AIGXA"
                      }
                    ],
                    "condition": [
                      {
                        "expression": "event.summary matches part 'ventureslab\\\\b'"
                      }
                    ],
                    "disabled": false,
                    "id": "",
                    "label": "Events relating to Ventureslab"
                  },
                  {
                    "actions": [
                      {
                        "route_to": "PZST3W8"
                      }
                    ],
                    "condition": [
                      {
                        "expression": "event.summary matches part 'aerolineas\\\\b'"
                      }
                    ],
                    "disabled": false,
                    "id": "",
                    "label": "Events relating to AeroLines"
                  },
                  {
                    "actions": [
                      {
                        "route_to": "PWVFIBD"
                      }
                    ],
                    "condition": [
                      {
                        "expression": "event.summary matches part 'betfairstg\\\\b'"
                      }
                    ],
                    "disabled": false,
                    "id": "",
                    "label": "Events relating to Betfairstg"
                  },
                  {
                    "actions": [
                      {
                        "route_to": "P6H5UGX"
                      }
                    ],
                    "condition": [
                      {
                        "expression": "event.summary matches part 'bitsofgold\\\\b'"
                      }
                    ],
                    "disabled": false,
                    "id": "",
                    "label": "Events relating to Bitsofgold"
                  },
                  {
                    "actions": [
                      {
                        "route_to": "P5VNFV9"
                      }
                    ],
                    "condition": [
                      {
                        "expression": "event.summary matches part 'callkeysys\\\\b'"
                      }
                    ],
                    "disabled": false,
                    "id": "",
                    "label": "Events relating to Callkeysys"
                  },
                  {
                    "actions": [
                      {
                        "route_to": "P3SZAWN"
                      }
                    ],
                    "condition": [
                      {
                        "expression": "event.summary matches part 'carrefoure\\\\b'"
                      }
                    ],
                    "disabled": false,
                    "id": "",
                    "label": "Events relating to Carrefoure"
                  },
                  {
                    "actions": [
                      {
                        "route_to": "PB80FUV"
                      }
                    ],
                    "condition": [
                      {
                        "expression": "event.summary matches part 'cettesting\\\\b'"
                      }
                    ],
                    "disabled": false,
                    "id": "",
                    "label": "Events relating to Cettesting"
                  },
                  {
                    "actions": [
                      {
                        "route_to": "P9ELPTI"
                      }
                    ],
                    "condition": [
                      {
                        "expression": "event.summary matches part 'digicenter\\\\b'"
                      }
                    ],
                    "disabled": false,
                    "id": "",
                    "label": "Events relating to Digicenter"
                  },
                  {
                    "actions": [
                      {
                        "route_to": "P71KB8A"
                      }
                    ],
                    "condition": [
                      {
                        "expression": "event.summary matches part 'dstuff2200\\\\b'"
                      }
                    ],
                    "disabled": false,
                    "id": "",
                    "label": "Events relating to Dstuff2200"
                  },
                  {
                    "actions": [
                      {
                        "route_to": "P5U55CT"
                      }
                    ],
                    "condition": [
                      {
                        "expression": "event.summary matches part 'eshettours\\\\b'"
                      }
                    ],
                    "disabled": false,
                    "id": "",
                    "label": "Events relating to Eshettours"
                  },
                  {
                    "actions": [
                      {
                        "route_to": "P50S62U"
                      }
                    ],
                    "condition": [
                      {
                        "expression": "event.summary matches part 'glassesusa\\\\b'"
                      }
                    ],
                    "disabled": false,
                    "id": "",
                    "label": "Events relating to Glassesusa"
                  },
                  {
                    "actions": [
                      {
                        "route_to": "PWUA8IK"
                      }
                    ],
                    "condition": [
                      {
                        "expression": "event.summary matches part 'iectesttls\\\\b'"
                      }
                    ],
                    "disabled": false,
                    "id": "",
                    "label": "Events relating to Iectesttls"
                  },
                  {
                    "actions": [
                      {
                        "route_to": "PDERK3T"
                      }
                    ],
                    "condition": [
                      {
                        "expression": "event.summary matches part 'mcureblaze\\\\b'"
                      }
                    ],
                    "disabled": false,
                    "id": "",
                    "label": "Events relating to Mcureblaze"
                  },
                  {
                    "actions": [
                      {
                        "route_to": "P733O1T"
                      }
                    ],
                    "condition": [
                      {
                        "expression": "event.summary matches part 'megazonesb\\\\b'"
                      }
                    ],
                    "disabled": false,
                    "id": "",
                    "label": "Events relating to Megazonesb"
                  },
                  {
                    "actions": [
                      {
                        "route_to": "POQJUFI"
                      }
                    ],
                    "condition": [
                      {
                        "expression": "event.summary matches part 'menoramivt\\\\b'"
                      }
                    ],
                    "disabled": false,
                    "id": "",
                    "label": "Events relating to Menoramivt"
                  },
                  {
                    "actions": [
                      {
                        "route_to": "P3ARGLQ"
                      }
                    ],
                    "condition": [
                      {
                        "expression": "event.summary matches part 'platformsh\\\\b'"
                      }
                    ],
                    "disabled": false,
                    "id": "",
                    "label": "Events relating to Platformsh"
                  },
                  {
                    "actions": [
                      {
                        "route_to": "P1GBV7N"
                      }
                    ],
                    "condition": [
                      {
                        "expression": "event.summary matches part 'rbzacademy\\\\b'"
                      }
                    ],
                    "disabled": false,
                    "id": "",
                    "label": "Events relating to Rbzacademy"
                  },
                  {
                    "actions": [
                      {
                        "route_to": "P4OK00S"
                      }
                    ],
                    "condition": [
                      {
                        "expression": "event.summary matches part 'rbzdevtest\\\\b'"
                      }
                    ],
                    "disabled": false,
                    "id": "",
                    "label": "Events relating to Rbzdevtest"
                  },
                  {
                    "actions": [
                      {
                        "route_to": "PHYV47J"
                      }
                    ],
                    "condition": [
                      {
                        "expression": "event.summary matches part 'rbzwebsite\\\\b'"
                      }
                    ],
                    "disabled": false,
                    "id": "",
                    "label": "Events relating to Rbzwebsite"
                  },
                  {
                    "actions": [
                      {
                        "route_to": "PH3ZUF4"
                      }
                    ],
                    "condition": [
                      {
                        "expression": "event.summary matches part 'rbzwizprod\\\\b'"
                      }
                    ],
                    "disabled": false,
                    "id": "",
                    "label": "Events relating to Rbzwizprod"
                  },
                  {
                    "actions": [
                      {
                        "route_to": "PSIP86X"
                      }
                    ],
                    "condition": [
                      {
                        "expression": "event.summary matches part 'salefreaks\\\\b'"
                      }
                    ],
                    "disabled": false,
                    "id": "",
                    "label": "Events relating to Salefreaks"
                  },
                  {
                    "actions": [
                      {
                        "route_to": "PBKBYPQ"
                      }
                    ],
                    "condition": [
                      {
                        "expression": "event.summary matches part 'stormreply\\\\b'"
                      }
                    ],
                    "disabled": false,
                    "id": "",
                    "label": "Events relating to Stormreply"
                  },
                  {
                    "actions": [
                      {
                        "route_to": "PE84JDS"
                      }
                    ],
                    "condition": [
                      {
                        "expression": "event.summary matches part 'superpharm\\\\b'"
                      }
                    ],
                    "disabled": false,
                    "id": "",
                    "label": "Events relating to Superpharm"
                  },
                  {
                    "actions": [
                      {
                        "route_to": "PNB8BL0"
                      }
                    ],
                    "condition": [
                      {
                        "expression": "event.summary matches part 'twobsecure\\\\b'"
                      }
                    ],
                    "disabled": false,
                    "id": "",
                    "label": "Events relating to Twobsecure"
                  },
                  {
                    "actions": [
                      {
                        "route_to": "PD2JE1R"
                      }
                    ],
                    "condition": [
                      {
                        "expression": "event.summary matches part 'wallashops\\\\b'"
                      }
                    ],
                    "disabled": false,
                    "id": "",
                    "label": "Events relating to Wallashops"
                  },
                  {
                    "actions": [
                      {
                        "route_to": "PITZGJ8"
                      }
                    ],
                    "condition": [
                      {
                        "expression": "event.summary matches part 'wallatours\\\\b'"
                      }
                    ],
                    "disabled": false,
                    "id": "",
                    "label": "Events relating to Wallatours"
                  },
                  {
                    "actions": [
                      {
                        "route_to": "PVG52GI"
                      }
                    ],
                    "condition": [
                      {
                        "expression": "event.summary matches part 'bdirector\\\\b'"
                      }
                    ],
                    "disabled": false,
                    "id": "",
                    "label": "Events relating to Bdirector"
                  },
                  {
                    "actions": [
                      {
                        "route_to": "PM2KHYY"
                      }
                    ],
                    "condition": [
                      {
                        "expression": "event.summary matches part 'brasilseg\\\\b'"
                      }
                    ],
                    "disabled": false,
                    "id": "",
                    "label": "Events relating to Brasilseg"
                  },
                  {
                    "actions": [
                      {
                        "route_to": "PKLIOCQ"
                      }
                    ],
                    "condition": [
                      {
                        "expression": "event.summary matches part 'careblaze\\\\b'"
                      }
                    ],
                    "disabled": false,
                    "id": "",
                    "label": "Events relating to Careblaze"
                  },
                  {
                    "actions": [
                      {
                        "route_to": "PYLD3J9"
                      }
                    ],
                    "condition": [
                      {
                        "expression": "event.summary matches part 'cleartrip\\\\b'"
                      }
                    ],
                    "disabled": false,
                    "id": "",
                    "label": "Events relating to Cleartrip"
                  },
                  {
                    "actions": [
                      {
                        "route_to": "P8ZD6EH"
                      }
                    ],
                    "condition": [
                      {
                        "expression": "event.summary matches part 'coinberry\\\\b'"
                      }
                    ],
                    "disabled": false,
                    "id": "",
                    "label": "Events relating to Coinberry"
                  },
                  {
                    "actions": [
                      {
                        "route_to": "PHXPUS3"
                      }
                    ],
                    "condition": [
                      {
                        "expression": "event.summary matches part 'datanomik\\\\b'"
                      }
                    ],
                    "disabled": false,
                    "id": "",
                    "label": "Events relating to Datanomik"
                  },
                  {
                    "actions": [
                      {
                        "route_to": "P4WC6SV"
                      }
                    ],
                    "condition": [
                      {
                        "expression": "event.summary matches part 'delasport\\\\b'"
                      }
                    ],
                    "disabled": false,
                    "id": "",
                    "label": "Events relating to Delasport"
                  },
                  {
                    "actions": [
                      {
                        "route_to": "PTNJY0D"
                      }
                    ],
                    "condition": [
                      {
                        "expression": "event.summary matches part 'directa24\\\\b'"
                      }
                    ],
                    "disabled": false,
                    "id": "",
                    "label": "Events relating to Directa24"
                  },
                  {
                    "actions": [
                      {
                        "route_to": "PW22J1E"
                      }
                    ],
                    "condition": [
                      {
                        "expression": "event.summary matches part 'dlocalapi\\\\b'"
                      }
                    ],
                    "disabled": false,
                    "id": "",
                    "label": "Events relating to Dlocalapi"
                  },
                  {
                    "actions": [
                      {
                        "route_to": "P8IAMMD"
                      }
                    ],
                    "condition": [
                      {
                        "expression": "event.summary matches part 'dshepherd\\\\b'"
                      }
                    ],
                    "disabled": false,
                    "id": "",
                    "label": "Events relating to Dshepherd"
                  },
                  {
                    "actions": [
                      {
                        "route_to": "P7NIUTW"
                      }
                    ],
                    "condition": [
                      {
                        "expression": "event.summary matches part 'efimatica\\\\b'"
                      }
                    ],
                    "disabled": false,
                    "id": "",
                    "label": "Events relating to Efimatica"
                  },
                  {
                    "actions": [
                      {
                        "route_to": "PLTDL55"
                      }
                    ],
                    "condition": [
                      {
                        "expression": "event.summary matches part 'ekreblaze\\\\b'"
                      }
                    ],
                    "disabled": false,
                    "id": "",
                    "label": "Events relating to Ekreblaze"
                  },
                  {
                    "actions": [
                      {
                        "route_to": "PO4LBXM"
                      }
                    ],
                    "condition": [
                      {
                        "expression": "event.summary matches part 'elalstage\\\\b'"
                      }
                    ],
                    "disabled": false,
                    "id": "",
                    "label": "Events relating to Elalstage"
                  },
                  {
                    "actions": [
                      {
                        "route_to": "PTP27GW"
                      }
                    ],
                    "condition": [
                      {
                        "expression": "event.summary matches part 'erosgroup\\\\b'"
                      }
                    ],
                    "disabled": false,
                    "id": "",
                    "label": "Events relating to Erosgroup"
                  },
                  {
                    "actions": [
                      {
                        "route_to": "PKE35NN"
                      }
                    ],
                    "condition": [
                      {
                        "expression": "event.summary matches part 'fishbrain\\\\b'"
                      }
                    ],
                    "disabled": false,
                    "id": "",
                    "label": "Events relating to Fishbrain"
                  },
                  {
                    "actions": [
                      {
                        "route_to": "PIUFTC1"
                      }
                    ],
                    "condition": [
                      {
                        "expression": "event.summary matches part 'formatemp\\\\b'"
                      }
                    ],
                    "disabled": false,
                    "id": "",
                    "label": "Events relating to Formatemp"
                  },
                  {
                    "actions": [
                      {
                        "route_to": "PG0CYBC"
                      }
                    ],
                    "condition": [
                      {
                        "expression": "event.summary matches part 'gtreblaze\\\\b'"
                      }
                    ],
                    "disabled": false,
                    "id": "",
                    "label": "Events relating to Gtreblaze"
                  },
                  {
                    "actions": [
                      {
                        "route_to": "PC6ZRX9"
                      }
                    ],
                    "condition": [
                      {
                        "expression": "event.summary matches part 'haifamuni\\\\b'"
                      }
                    ],
                    "disabled": false,
                    "id": "",
                    "label": "Events relating to Haifamuni"
                  },
                  {
                    "actions": [
                      {
                        "route_to": "PG8UF3F"
                      }
                    ],
                    "condition": [
                      {
                        "expression": "event.summary matches part 'hirematic\\\\b'"
                      }
                    ],
                    "disabled": false,
                    "id": "",
                    "label": "Events relating to Hirematic"
                  },
                  {
                    "actions": [
                      {
                        "route_to": "PK3DZ11"
                      }
                    ],
                    "condition": [
                      {
                        "expression": "event.summary matches part 'hmnetwork\\\\b'"
                      }
                    ],
                    "disabled": false,
                    "id": "",
                    "label": "Events relating to Hmnetwork"
                  },
                  {
                    "actions": [
                      {
                        "route_to": "P1IMEFJ"
                      }
                    ],
                    "condition": [
                      {
                        "expression": "event.summary matches part 'hyposwiss\\\\b'"
                      }
                    ],
                    "disabled": false,
                    "id": "",
                    "label": "Events relating to Hyposwiss"
                  },
                  {
                    "actions": [
                      {
                        "route_to": "PVX79YM"
                      }
                    ],
                    "condition": [
                      {
                        "expression": "event.summary matches part 'idreblaze\\\\b'"
                      }
                    ],
                    "disabled": false,
                    "id": "",
                    "label": "Events relating to Idreblaze"
                  },
                  {
                    "actions": [
                      {
                        "route_to": "PI8HAU5"
                      }
                    ],
                    "condition": [
                      {
                        "expression": "event.summary matches part 'mfsafrica\\\\b'"
                      }
                    ],
                    "disabled": false,
                    "id": "",
                    "label": "Events relating to Mfsafrica"
                  },
                  {
                    "actions": [
                      {
                        "route_to": "PT34RYA"
                      }
                    ],
                    "condition": [
                      {
                        "expression": "event.summary matches part 'moovitstg\\\\b'"
                      }
                    ],
                    "disabled": false,
                    "id": "",
                    "label": "Events relating to Moovitstg"
                  },
                  {
                    "actions": [
                      {
                        "route_to": "PEIUSMB"
                      }
                    ],
                    "condition": [
                      {
                        "expression": "event.summary matches part 'multipass\\\\b'"
                      }
                    ],
                    "disabled": false,
                    "id": "",
                    "label": "Events relating to Multipass"
                  },
                  {
                    "actions": [
                      {
                        "route_to": "PU9V73U"
                      }
                    ],
                    "condition": [
                      {
                        "expression": "event.summary matches part 'northgate\\\\b'"
                      }
                    ],
                    "disabled": false,
                    "id": "",
                    "label": "Events relating to Northgate"
                  },
                  {
                    "actions": [
                      {
                        "route_to": "PUUNQVX"
                      }
                    ],
                    "condition": [
                      {
                        "expression": "event.summary matches part 'olga12345\\\\b'"
                      }
                    ],
                    "disabled": false,
                    "id": "",
                    "label": "Events relating to Olga12345"
                  },
                  {
                    "actions": [
                      {
                        "route_to": "PL7G4K9"
                      }
                    ],
                    "condition": [
                      {
                        "expression": "event.summary matches part 'orbograph\\\\b'"
                      }
                    ],
                    "disabled": false,
                    "id": "",
                    "label": "Events relating to Orbograph"
                  },
                  {
                    "actions": [
                      {
                        "route_to": "PAXB989"
                      }
                    ],
                    "condition": [
                      {
                        "expression": "event.summary matches part 'payoneerx\\\\b'"
                      }
                    ],
                    "disabled": false,
                    "id": "",
                    "label": "Events relating to Payoneerx"
                  },
                  {
                    "actions": [
                      {
                        "route_to": "P65AOEV"
                      }
                    ],
                    "condition": [
                      {
                        "expression": "event.summary matches part 'smartpldt\\\\b'"
                      }
                    ],
                    "disabled": false,
                    "id": "",
                    "label": "Events relating to Smartpldt"
                  },
                  {
                    "actions": [
                      {
                        "route_to": "PVZVW7Y"
                      }
                    ],
                    "condition": [
                      {
                        "expression": "event.summary matches part 'stg2202xa\\\\b'"
                      }
                    ],
                    "disabled": false,
                    "id": "",
                    "label": "Events relating to Stg2202Xa"
                  },
                  {
                    "actions": [
                      {
                        "route_to": "P08IMB3"
                      }
                    ],
                    "condition": [
                      {
                        "expression": "event.summary matches part 'tkgbridge\\\\b'"
                      }
                    ],
                    "disabled": false,
                    "id": "",
                    "label": "Events relating to Tkgbridge"
                  },
                  {
                    "actions": [
                      {
                        "route_to": "P3I70QT"
                      }
                    ],
                    "condition": [
                      {
                        "expression": "event.summary matches part 'wesureusa\\\\b'"
                      }
                    ],
                    "disabled": false,
                    "id": "",
                    "label": "Events relating to Wesureusa"
                  },
                  {
                    "actions": [
                      {
                        "route_to": "PFMWLIJ"
                      }
                    ],
                    "condition": [
                      {
                        "expression": "event.summary matches part 'wscsports\\\\b'"
                      }
                    ],
                    "disabled": false,
                    "id": "",
                    "label": "Events relating to Wscsports"
                  },
                  {
                    "actions": [
                      {
                        "route_to": "PBTLYCR"
                      }
                    ],
                    "condition": [
                      {
                        "expression": "event.summary matches part 'betterup\\\\b'"
                      }
                    ],
                    "disabled": false,
                    "id": "",
                    "label": "Events relating to Betterup"
                  },
                  {
                    "actions": [
                      {
                        "route_to": "PN7VCO1"
                      }
                    ],
                    "condition": [
                      {
                        "expression": "event.summary matches part 'bookaway\\\\b'"
                      }
                    ],
                    "disabled": false,
                    "id": "",
                    "label": "Events relating to Bookaway"
                  },
                  {
                    "actions": [
                      {
                        "route_to": "PB96SNO"
                      }
                    ],
                    "condition": [
                      {
                        "expression": "event.summary matches part 'champion\\\\b'"
                      }
                    ],
                    "disabled": false,
                    "id": "",
                    "label": "Events relating to Champion"
                  },
                  {
                    "actions": [
                      {
                        "route_to": "POOY879"
                      }
                    ],
                    "condition": [
                      {
                        "expression": "event.summary matches part 'chingari\\\\b'"
                      }
                    ],
                    "disabled": false,
                    "id": "",
                    "label": "Events relating to Chingari"
                  },
                  {
                    "actions": [
                      {
                        "route_to": "PKOVFT4"
                      }
                    ],
                    "condition": [
                      {
                        "expression": "event.summary matches part 'cruiseit\\\\b'"
                      }
                    ],
                    "disabled": false,
                    "id": "",
                    "label": "Events relating to Cruiseit"
                  },
                  {
                    "actions": [
                      {
                        "route_to": "PTWHR8Z"
                      }
                    ],
                    "condition": [
                      {
                        "expression": "event.summary matches part 'demossdk\\\\b'"
                      }
                    ],
                    "disabled": false,
                    "id": "",
                    "label": "Events relating to Demossdk"
                  },
                  {
                    "actions": [
                      {
                        "route_to": "PS6H24V"
                      }
                    ],
                    "condition": [
                      {
                        "expression": "event.summary matches part 'flexport\\\\b'"
                      }
                    ],
                    "disabled": false,
                    "id": "",
                    "label": "Events relating to Flexport"
                  },
                  {
                    "actions": [
                      {
                        "route_to": "PRD42UW"
                      }
                    ],
                    "condition": [
                      {
                        "expression": "event.summary matches part 'flipkart\\\\b'"
                      }
                    ],
                    "disabled": false,
                    "id": "",
                    "label": "Events relating to Flipkart"
                  },
                  {
                    "actions": [
                      {
                        "route_to": "PJGA60P"
                      }
                    ],
                    "condition": [
                      {
                        "expression": "event.summary matches part 'holdprod\\\\b'"
                      }
                    ],
                    "disabled": false,
                    "id": "",
                    "label": "Events relating to Holdprod"
                  },
                  {
                    "actions": [
                      {
                        "route_to": "P2LJAJO"
                      }
                    ],
                    "condition": [
                      {
                        "expression": "event.summary matches part 'iclgroup\\\\b'"
                      }
                    ],
                    "disabled": false,
                    "id": "",
                    "label": "Events relating to Iclgroup"
                  },
                  {
                    "actions": [
                      {
                        "route_to": "PDWZDBQ"
                      }
                    ],
                    "condition": [
                      {
                        "expression": "event.summary matches part 'iconnect\\\\b'"
                      }
                    ],
                    "disabled": false,
                    "id": "",
                    "label": "Events relating to Iconnect"
                  },
                  {
                    "actions": [
                      {
                        "route_to": "P0DEZ3I"
                      }
                    ],
                    "condition": [
                      {
                        "expression": "event.summary matches part 'ituranar\\\\b'"
                      }
                    ],
                    "disabled": false,
                    "id": "",
                    "label": "Events relating to Ituranar"
                  },
                  {
                    "actions": [
                      {
                        "route_to": "P16OLL1"
                      }
                    ],
                    "condition": [
                      {
                        "expression": "event.summary matches part 'ituranbr\\\\b'"
                      }
                    ],
                    "disabled": false,
                    "id": "",
                    "label": "Events relating to Ituranbr"
                  },
                  {
                    "actions": [
                      {
                        "route_to": "P59PMNQ"
                      }
                    ],
                    "condition": [
                      {
                        "expression": "event.summary matches part 'liveustg\\\\b'"
                      }
                    ],
                    "disabled": false,
                    "id": "",
                    "label": "Events relating to Liveustg"
                  },
                  {
                    "actions": [
                      {
                        "route_to": "POGTHA1"
                      }
                    ],
                    "condition": [
                      {
                        "expression": "event.summary matches part 'luzzatto\\\\b'"
                      }
                    ],
                    "disabled": false,
                    "id": "",
                    "label": "Events relating to Luzzatto"
                  },
                  {
                    "actions": [
                      {
                        "route_to": "PT4N1RT"
                      }
                    ],
                    "condition": [
                      {
                        "expression": "event.summary matches part 'mellanox\\\\b'"
                      }
                    ],
                    "disabled": false,
                    "id": "",
                    "label": "Events relating to Mellanox"
                  },
                  {
                    "actions": [
                      {
                        "route_to": "P444GYP"
                      }
                    ],
                    "condition": [
                      {
                        "expression": "event.summary matches part 'meteorit\\\\b'"
                      }
                    ],
                    "disabled": false,
                    "id": "",
                    "label": "Events relating to Meteorit"
                  },
                  {
                    "actions": [
                      {
                        "route_to": "P3BXTE6"
                      }
                    ],
                    "condition": [
                      {
                        "expression": "event.summary matches part 'meuhedet\\\\b'"
                      }
                    ],
                    "disabled": false,
                    "id": "",
                    "label": "Events relating to Meuhedet"
                  },
                  {
                    "actions": [
                      {
                        "route_to": "PXZIRXL"
                      }
                    ],
                    "condition": [
                      {
                        "expression": "event.summary matches part 'mindgeek\\\\b'"
                      }
                    ],
                    "disabled": false,
                    "id": "",
                    "label": "Events relating to Mindgeek"
                  },
                  {
                    "actions": [
                      {
                        "route_to": "PQ5OWLP"
                      }
                    ],
                    "condition": [
                      {
                        "expression": "event.summary matches part 'moovitqa\\\\b'"
                      }
                    ],
                    "disabled": false,
                    "id": "",
                    "label": "Events relating to Moovitqa"
                  },
                  {
                    "actions": [
                      {
                        "route_to": "P1R45Q4"
                      }
                    ],
                    "condition": [
                      {
                        "expression": "event.summary matches part 'musicbuk\\\\b'"
                      }
                    ],
                    "disabled": false,
                    "id": "",
                    "label": "Events relating to Musicbuk"
                  },
                  {
                    "actions": [
                      {
                        "route_to": "P156P58"
                      }
                    ],
                    "condition": [
                      {
                        "expression": "event.summary matches part 'opaltech\\\\b'"
                      }
                    ],
                    "disabled": false,
                    "id": "",
                    "label": "Events relating to Opaltech"
                  },
                  {
                    "actions": [
                      {
                        "route_to": "PPKWQW9"
                      }
                    ],
                    "condition": [
                      {
                        "expression": "event.summary matches part 'p4refuel\\\\b'"
                      }
                    ],
                    "disabled": false,
                    "id": "",
                    "label": "Events relating to P4Refuel"
                  },
                  {
                    "actions": [
                      {
                        "route_to": "P5SMVJA"
                      }
                    ],
                    "condition": [
                      {
                        "expression": "event.summary matches part 'payoneer\\\\b'"
                      }
                    ],
                    "disabled": false,
                    "id": "",
                    "label": "Events relating to Payoneer"
                  },
                  {
                    "actions": [
                      {
                        "route_to": "PWLQ8VJ"
                      }
                    ],
                    "condition": [
                      {
                        "expression": "event.summary matches part 'priority\\\\b'"
                      }
                    ],
                    "disabled": false,
                    "id": "",
                    "label": "Events relating to Priority"
                  },
                  {
                    "actions": [
                      {
                        "route_to": "PCI4XZO"
                      }
                    ],
                    "condition": [
                      {
                        "expression": "event.summary matches part 'proficio\\\\b'"
                      }
                    ],
                    "disabled": false,
                    "id": "",
                    "label": "Events relating to Proficio"
                  },
                  {
                    "actions": [
                      {
                        "route_to": "PJYHMY9"
                      }
                    ],
                    "condition": [
                      {
                        "expression": "event.summary matches part 'qa21210y\\\\b'"
                      }
                    ],
                    "disabled": false,
                    "id": "",
                    "label": "Events relating to Qa21210Y"
                  },
                  {
                    "actions": [
                      {
                        "route_to": "PVPS36J"
                      }
                    ],
                    "condition": [
                      {
                        "expression": "event.summary matches part 'qa21260g\\\\b'"
                      }
                    ],
                    "disabled": false,
                    "id": "",
                    "label": "Events relating to Qa21260G"
                  },
                  {
                    "actions": [
                      {
                        "route_to": "PXS385I"
                      }
                    ],
                    "condition": [
                      {
                        "expression": "event.summary matches part 'samanage\\\\b'"
                      }
                    ],
                    "disabled": false,
                    "id": "",
                    "label": "Events relating to Samanage"
                  },
                  {
                    "actions": [
                      {
                        "route_to": "PZA89LO"
                      }
                    ],
                    "condition": [
                      {
                        "expression": "event.summary matches part 'smartnpv\\\\b'"
                      }
                    ],
                    "disabled": false,
                    "id": "",
                    "label": "Events relating to Smartnpv"
                  },
                  {
                    "actions": [
                      {
                        "route_to": "PW8CSB1"
                      }
                    ],
                    "condition": [
                      {
                        "expression": "event.summary matches part 'sodexoin\\\\b'"
                      }
                    ],
                    "disabled": false,
                    "id": "",
                    "label": "Events relating to Sodexoin"
                  },
                  {
                    "actions": [
                      {
                        "route_to": "P5D2LKP"
                      }
                    ],
                    "condition": [
                      {
                        "expression": "event.summary matches part 'stg2160e\\\\b'"
                      }
                    ],
                    "disabled": false,
                    "id": "",
                    "label": "Events relating to Stg2160E"
                  },
                  {
                    "actions": [
                      {
                        "route_to": "PKCKVUU"
                      }
                    ],
                    "condition": [
                      {
                        "expression": "event.summary matches part 'stg2161b\\\\b'"
                      }
                    ],
                    "disabled": false,
                    "id": "",
                    "label": "Events relating to Stg2161B"
                  },
                  {
                    "actions": [
                      {
                        "route_to": "PLAQUES"
                      }
                    ],
                    "condition": [
                      {
                        "expression": "event.summary matches part 'stg2180b\\\\b'"
                      }
                    ],
                    "disabled": false,
                    "id": "",
                    "label": "Events relating to Stg2180B"
                  },
                  {
                    "actions": [
                      {
                        "route_to": "PYOQXA0"
                      }
                    ],
                    "condition": [
                      {
                        "expression": "event.summary matches part 'stg2180c\\\\b'"
                      }
                    ],
                    "disabled": false,
                    "id": "",
                    "label": "Events relating to Stg2180C"
                  },
                  {
                    "actions": [
                      {
                        "route_to": "P5BKP4W"
                      }
                    ],
                    "condition": [
                      {
                        "expression": "event.summary matches part 'stg2201b\\\\b'"
                      }
                    ],
                    "disabled": false,
                    "id": "",
                    "label": "Events relating to Stg2201B"
                  },
                  {
                    "actions": [
                      {
                        "route_to": "PFVGM8K"
                      }
                    ],
                    "condition": [
                      {
                        "expression": "event.summary matches part 'stg2202a\\\\b'"
                      }
                    ],
                    "disabled": false,
                    "id": "",
                    "label": "Events relating to Stg2202A"
                  },
                  {
                    "actions": [
                      {
                        "route_to": "PBBDF4U"
                      }
                    ],
                    "condition": [
                      {
                        "expression": "event.summary matches part 'stg2202x\\\\b'"
                      }
                    ],
                    "disabled": false,
                    "id": "",
                    "label": "Events relating to Stg2202X"
                  },
                  {
                    "actions": [
                      {
                        "route_to": "P0CYMO2"
                      }
                    ],
                    "condition": [
                      {
                        "expression": "event.summary matches part 'tipranks\\\\b'"
                      }
                    ],
                    "disabled": false,
                    "id": "",
                    "label": "Events relating to Tipranks"
                  },
                  {
                    "actions": [
                      {
                        "route_to": "PGJML5H"
                      }
                    ],
                    "condition": [
                      {
                        "expression": "event.summary matches part 'tradairx\\\\b'"
                      }
                    ],
                    "disabled": false,
                    "id": "",
                    "label": "Events relating to Tradairx"
                  },
                  {
                    "actions": [
                      {
                        "route_to": "P2XUKHL"
                      }
                    ],
                    "condition": [
                      {
                        "expression": "event.summary matches part 'virtisus\\\\b'"
                      }
                    ],
                    "disabled": false,
                    "id": "",
                    "label": "Events relating to Virtisus"
                  },
                  {
                    "actions": [
                      {
                        "route_to": "PI12U22"
                      }
                    ],
                    "condition": [
                      {
                        "expression": "event.summary matches part 'wavesuat\\\\b'"
                      }
                    ],
                    "disabled": false,
                    "id": "",
                    "label": "Events relating to Wavesuat"
                  },
                  {
                    "actions": [
                      {
                        "route_to": "P37HU47"
                      }
                    ],
                    "condition": [
                      {
                        "expression": "event.summary matches part 'zegnarow\\\\b'"
                      }
                    ],
                    "disabled": false,
                    "id": "",
                    "label": "Events relating to Zegnarow"
                  },
                  {
                    "actions": [
                      {
                        "route_to": "PLSYOPP"
                      }
                    ],
                    "condition": [
                      {
                        "expression": "event.summary matches part 'alljobs\\\\b'"
                      }
                    ],
                    "disabled": false,
                    "id": "",
                    "label": "Events relating to Alljobs"
                  },
                  {
                    "actions": [
                      {
                        "route_to": "PERETPC"
                      }
                    ],
                    "condition": [
                      {
                        "expression": "event.summary matches part 'betfair\\\\b'"
                      }
                    ],
                    "disabled": false,
                    "id": "",
                    "label": "Events relating to Betfair"
                  },
                  {
                    "actions": [
                      {
                        "route_to": "P0N1ZTJ"
                      }
                    ],
                    "condition": [
                      {
                        "expression": "event.summary matches part 'biodata\\\\b'"
                      }
                    ],
                    "disabled": false,
                    "id": "",
                    "label": "Events relating to Biodata"
                  },
                  {
                    "actions": [
                      {
                        "route_to": "P8T3A5X"
                      }
                    ],
                    "condition": [
                      {
                        "expression": "event.summary matches part 'bnology\\\\b'"
                      }
                    ],
                    "disabled": false,
                    "id": "",
                    "label": "Events relating to Bnology"
                  },
                  {
                    "actions": [
                      {
                        "route_to": "PFFKS9Z"
                      }
                    ],
                    "condition": [
                      {
                        "expression": "event.summary matches part 'cachcow\\\\b'"
                      }
                    ],
                    "disabled": false,
                    "id": "",
                    "label": "Events relating to Cachcow"
                  },
                  {
                    "actions": [
                      {
                        "route_to": "PKF8F33"
                      }
                    ],
                    "condition": [
                      {
                        "expression": "event.summary matches part 'cashcow\\\\b'"
                      }
                    ],
                    "disabled": false,
                    "id": "",
                    "label": "Events relating to Cashcow"
                  },
                  {
                    "actions": [
                      {
                        "route_to": "PIN0N9L"
                      }
                    ],
                    "condition": [
                      {
                        "expression": "event.summary matches part 'cellp02\\\\b'"
                      }
                    ],
                    "disabled": false,
                    "id": "",
                    "label": "Events relating to Cellp02"
                  },
                  {
                    "actions": [
                      {
                        "route_to": "PVHNCZB"
                      }
                    ],
                    "condition": [
                      {
                        "expression": "event.summary matches part 'cetprep\\\\b'"
                      }
                    ],
                    "disabled": false,
                    "id": "",
                    "label": "Events relating to Cetprep"
                  },
                  {
                    "actions": [
                      {
                        "route_to": "PRWUVI9"
                      }
                    ],
                    "condition": [
                      {
                        "expression": "event.summary matches part 'cloudmd\\\\b'"
                      }
                    ],
                    "disabled": false,
                    "id": "",
                    "label": "Events relating to Cloudmd"
                  },
                  {
                    "actions": [
                      {
                        "route_to": "PFEEFTG"
                      }
                    ],
                    "condition": [
                      {
                        "expression": "event.summary matches part 'cloudwm\\\\b'"
                      }
                    ],
                    "disabled": false,
                    "id": "",
                    "label": "Events relating to Cloudwm"
                  },
                  {
                    "actions": [
                      {
                        "route_to": "PPUM0C3"
                      }
                    ],
                    "condition": [
                      {
                        "expression": "event.summary matches part 'datasec\\\\b'"
                      }
                    ],
                    "disabled": false,
                    "id": "",
                    "label": "Events relating to Datasec"
                  },
                  {
                    "actions": [
                      {
                        "route_to": "PY2SES4"
                      }
                    ],
                    "condition": [
                      {
                        "expression": "event.summary matches part 'dermpro\\\\b'"
                      }
                    ],
                    "disabled": false,
                    "id": "",
                    "label": "Events relating to Dermpro"
                  },
                  {
                    "actions": [
                      {
                        "route_to": "PMOIAGU"
                      }
                    ],
                    "condition": [
                      {
                        "expression": "event.summary matches part 'doralon\\\\b'"
                      }
                    ],
                    "disabled": false,
                    "id": "",
                    "label": "Events relating to Doralon"
                  },
                  {
                    "actions": [
                      {
                        "route_to": "P6Y7BYB"
                      }
                    ],
                    "condition": [
                      {
                        "expression": "event.summary matches part 'electra\\\\b'"
                      }
                    ],
                    "disabled": false,
                    "id": "",
                    "label": "Events relating to Electra"
                  },
                  {
                    "actions": [
                      {
                        "route_to": "P4GFZT7"
                      }
                    ],
                    "condition": [
                      {
                        "expression": "event.summary matches part 'gazprom\\\\b'"
                      }
                    ],
                    "disabled": false,
                    "id": "",
                    "label": "Events relating to Gazprom"
                  },
                  {
                    "actions": [
                      {
                        "route_to": "P9O8PGJ"
                      }
                    ],
                    "condition": [
                      {
                        "expression": "event.summary matches part 'hagihon\\\\b'"
                      }
                    ],
                    "disabled": false,
                    "id": "",
                    "label": "Events relating to Hagihon"
                  },
                  {
                    "actions": [
                      {
                        "route_to": "PL6AV4T"
                      }
                    ],
                    "condition": [
                      {
                        "expression": "event.summary matches part 'horizon\\\\b'"
                      }
                    ],
                    "disabled": false,
                    "id": "",
                    "label": "Events relating to Horizon"
                  },
                  {
                    "actions": [
                      {
                        "route_to": "PYN7KH7"
                      }
                    ],
                    "condition": [
                      {
                        "expression": "event.summary matches part 'ituranx\\\\b'"
                      }
                    ],
                    "disabled": false,
                    "id": "",
                    "label": "Events relating to Ituranx"
                  },
                  {
                    "actions": [
                      {
                        "route_to": "PEAC9XY"
                      }
                    ],
                    "condition": [
                      {
                        "expression": "event.summary matches part 'knesset\\\\b'"
                      }
                    ],
                    "disabled": false,
                    "id": "",
                    "label": "Events relating to Knesset"
                  },
                  {
                    "actions": [
                      {
                        "route_to": "PJHFFG5"
                      }
                    ],
                    "condition": [
                      {
                        "expression": "event.summary matches part 'matrixc\\\\b'"
                      }
                    ],
                    "disabled": false,
                    "id": "",
                    "label": "Events relating to Matrixc"
                  },
                  {
                    "actions": [
                      {
                        "route_to": "PGIHOQ1"
                      }
                    ],
                    "condition": [
                      {
                        "expression": "event.summary matches part 'mycheck\\\\b'"
                      }
                    ],
                    "disabled": false,
                    "id": "",
                    "label": "Events relating to Mycheck"
                  },
                  {
                    "actions": [
                      {
                        "route_to": "POPDI02"
                      }
                    ],
                    "condition": [
                      {
                        "expression": "event.summary matches part 'openpay\\\\b'"
                      }
                    ],
                    "disabled": false,
                    "id": "",
                    "label": "Events relating to Openpay"
                  },
                  {
                    "actions": [
                      {
                        "route_to": "PQGGD0R"
                      }
                    ],
                    "condition": [
                      {
                        "expression": "event.summary matches part 'pointer\\\\b'"
                      }
                    ],
                    "disabled": false,
                    "id": "",
                    "label": "Events relating to Pointer"
                  },
                  {
                    "actions": [
                      {
                        "route_to": "PUC2WKA"
                      }
                    ],
                    "condition": [
                      {
                        "expression": "event.summary matches part 'popmart\\\\b'"
                      }
                    ],
                    "disabled": false,
                    "id": "",
                    "label": "Events relating to Popmart"
                  },
                  {
                    "actions": [
                      {
                        "route_to": "PZKOCM0"
                      }
                    ],
                    "condition": [
                      {
                        "expression": "event.summary matches part 'prudent\\\\b'"
                      }
                    ],
                    "disabled": false,
                    "id": "",
                    "label": "Events relating to Prudent"
                  },
                  {
                    "actions": [
                      {
                        "route_to": "P0UGFIM"
                      }
                    ],
                    "condition": [
                      {
                        "expression": "event.summary matches part 'purplle\\\\b'"
                      }
                    ],
                    "disabled": false,
                    "id": "",
                    "label": "Events relating to Purplle"
                  },
                  {
                    "actions": [
                      {
                        "route_to": "PLI5B6V"
                      }
                    ],
                    "condition": [
                      {
                        "expression": "event.summary matches part 'qa21210\\\\b'"
                      }
                    ],
                    "disabled": false,
                    "id": "",
                    "label": "Events relating to Qa21210"
                  },
                  {
                    "actions": [
                      {
                        "route_to": "P587PUX"
                      }
                    ],
                    "condition": [
                      {
                        "expression": "event.summary matches part 'qa21212\\\\b'"
                      }
                    ],
                    "disabled": false,
                    "id": "",
                    "label": "Events relating to Qa21212"
                  },
                  {
                    "actions": [
                      {
                        "route_to": "PR1YJSU"
                      }
                    ],
                    "condition": [
                      {
                        "expression": "event.summary matches part 'qa2140d\\\\b'"
                      }
                    ],
                    "disabled": false,
                    "id": "",
                    "label": "Events relating to Qa2140D"
                  },
                  {
                    "actions": [
                      {
                        "route_to": "PUAJK4H"
                      }
                    ],
                    "condition": [
                      {
                        "expression": "event.summary matches part 'qa2140e\\\\b'"
                      }
                    ],
                    "disabled": false,
                    "id": "",
                    "label": "Events relating to Qa2140E"
                  },
                  {
                    "actions": [
                      {
                        "route_to": "P029T1G"
                      }
                    ],
                    "condition": [
                      {
                        "expression": "event.summary matches part 'quacom\\\\b'"
                      }
                    ],
                    "disabled": false,
                    "id": "",
                    "label": "Events relating to Quacom"
                  },
                  {
                    "actions": [
                      {
                        "route_to": "PWMVIOC"
                      }
                    ],
                    "condition": [
                      {
                        "expression": "event.summary matches part 'rbztest\\\\b'"
                      }
                    ],
                    "disabled": false,
                    "id": "",
                    "label": "Events relating to Rbztest"
                  },
                  {
                    "actions": [
                      {
                        "route_to": "PSSEIPR"
                      }
                    ],
                    "condition": [
                      {
                        "expression": "event.summary matches part 'rentoza\\\\b'"
                      }
                    ],
                    "disabled": false,
                    "id": "",
                    "label": "Events relating to Rentoza"
                  },
                  {
                    "actions": [
                      {
                        "route_to": "PFWMZ1D"
                      }
                    ],
                    "condition": [
                      {
                        "expression": "event.summary matches part 'segment\\\\b'"
                      }
                    ],
                    "disabled": false,
                    "id": "",
                    "label": "Events relating to Segment"
                  },
                  {
                    "actions": [
                      {
                        "route_to": "P4EUPHY"
                      }
                    ],
                    "condition": [
                      {
                        "expression": "event.summary matches part 'shostak\\\\b'"
                      }
                    ],
                    "disabled": false,
                    "id": "",
                    "label": "Events relating to Shostak"
                  },
                  {
                    "actions": [
                      {
                        "route_to": "P92NWZ0"
                      }
                    ],
                    "condition": [
                      {
                        "expression": "event.summary matches part 'skylabs\\\\b'"
                      }
                    ],
                    "disabled": false,
                    "id": "",
                    "label": "Events relating to Skylabs"
                  },
                  {
                    "actions": [
                      {
                        "route_to": "PCY14YZ"
                      }
                    ],
                    "condition": [
                      {
                        "expression": "event.summary matches part 'sonaefs\\\\b'"
                      }
                    ],
                    "disabled": false,
                    "id": "",
                    "label": "Events relating to Sonaefs"
                  },
                  {
                    "actions": [
                      {
                        "route_to": "PRKJ8JZ"
                      }
                    ],
                    "condition": [
                      {
                        "expression": "event.summary matches part 'sonaemc\\\\b'"
                      }
                    ],
                    "disabled": false,
                    "id": "",
                    "label": "Events relating to Sonaemc"
                  },
                  {
                    "actions": [
                      {
                        "route_to": "PRM1ICS"
                      }
                    ],
                    "condition": [
                      {
                        "expression": "event.summary matches part 'sphereo\\\\b'"
                      }
                    ],
                    "disabled": false,
                    "id": "",
                    "label": "Events relating to Sphereo"
                  },
                  {
                    "actions": [
                      {
                        "route_to": "PI283HI"
                      }
                    ],
                    "condition": [
                      {
                        "expression": "event.summary matches part 'stg2200\\\\b'"
                      }
                    ],
                    "disabled": false,
                    "id": "",
                    "label": "Events relating to Stg2200"
                  },
                  {
                    "actions": [
                      {
                        "route_to": "P22ZOS6"
                      }
                    ],
                    "condition": [
                      {
                        "expression": "event.summary matches part 'strauss\\\\b'"
                      }
                    ],
                    "disabled": false,
                    "id": "",
                    "label": "Events relating to Strauss"
                  },
                  {
                    "actions": [
                      {
                        "route_to": "PZJ6367"
                      }
                    ],
                    "condition": [
                      {
                        "expression": "event.summary matches part 'sysbind\\\\b'"
                      }
                    ],
                    "disabled": false,
                    "id": "",
                    "label": "Events relating to Sysbind"
                  },
                  {
                    "actions": [
                      {
                        "route_to": "PKV5P2R"
                      }
                    ],
                    "condition": [
                      {
                        "expression": "event.summary matches part 'taasuka\\\\b'"
                      }
                    ],
                    "disabled": false,
                    "id": "",
                    "label": "Events relating to Taasuka"
                  },
                  {
                    "actions": [
                      {
                        "route_to": "PTFF7TV"
                      }
                    ],
                    "condition": [
                      {
                        "expression": "event.summary matches part 'tenurex\\\\b'"
                      }
                    ],
                    "disabled": false,
                    "id": "",
                    "label": "Events relating to Tenurex"
                  },
                  {
                    "actions": [
                      {
                        "route_to": "PB1R8I8"
                      }
                    ],
                    "condition": [
                      {
                        "expression": "event.summary matches part 'amidar\\\\b'"
                      }
                    ],
                    "disabled": false,
                    "id": "",
                    "label": "Events relating to Amidar"
                  },
                  {
                    "actions": [
                      {
                        "route_to": "P2OX4A2"
                      }
                    ],
                    "condition": [
                      {
                        "expression": "event.summary matches part 'armyph\\\\b'"
                      }
                    ],
                    "disabled": false,
                    "id": "",
                    "label": "Events relating to Armyph"
                  },
                  {
                    "actions": [
                      {
                        "route_to": "PO3G1F6"
                      }
                    ],
                    "condition": [
                      {
                        "expression": "event.summary matches part 'avesta\\\\b'"
                      }
                    ],
                    "disabled": false,
                    "id": "",
                    "label": "Events relating to Avesta"
                  },
                  {
                    "actions": [
                      {
                        "route_to": "PY3YR7K"
                      }
                    ],
                    "condition": [
                      {
                        "expression": "event.summary matches part 'cetnew\\\\b'"
                      }
                    ],
                    "disabled": false,
                    "id": "",
                    "label": "Events relating to Cetnew"
                  },
                  {
                    "actions": [
                      {
                        "route_to": "PC5TEET"
                      }
                    ],
                    "condition": [
                      {
                        "expression": "event.summary matches part 'colman\\\\b'"
                      }
                    ],
                    "disabled": false,
                    "id": "",
                    "label": "Events relating to Colman"
                  },
                  {
                    "actions": [
                      {
                        "route_to": "P1S9F5K"
                      }
                    ],
                    "condition": [
                      {
                        "expression": "event.summary matches part 'cycura\\\\b'"
                      }
                    ],
                    "disabled": false,
                    "id": "",
                    "label": "Events relating to Cycura"
                  },
                  {
                    "actions": [
                      {
                        "route_to": "PROCPT6"
                      }
                    ],
                    "condition": [
                      {
                        "expression": "event.summary matches part 'demos2\\\\b'"
                      }
                    ],
                    "disabled": false,
                    "id": "",
                    "label": "Events relating to Demos2"
                  },
                  {
                    "actions": [
                      {
                        "route_to": "PRNWCAQ"
                      }
                    ],
                    "condition": [
                      {
                        "expression": "event.summary matches part 'fattal\\\\b'"
                      }
                    ],
                    "disabled": false,
                    "id": "",
                    "label": "Events relating to Fattal"
                  },
                  {
                    "actions": [
                      {
                        "route_to": "PDUOU2E"
                      }
                    ],
                    "condition": [
                      {
                        "expression": "event.summary matches part 'goniyo\\\\b'"
                      }
                    ],
                    "disabled": false,
                    "id": "",
                    "label": "Events relating to Goniyo"
                  },
                  {
                    "actions": [
                      {
                        "route_to": "PP2RAHK"
                      }
                    ],
                    "condition": [
                      {
                        "expression": "event.summary matches part 'halman\\\\b'"
                      }
                    ],
                    "disabled": false,
                    "id": "",
                    "label": "Events relating to Halman"
                  },
                  {
                    "actions": [
                      {
                        "route_to": "PQR9Q68"
                      }
                    ],
                    "condition": [
                      {
                        "expression": "event.summary matches part 'inatec\\\\b'"
                      }
                    ],
                    "disabled": false,
                    "id": "",
                    "label": "Events relating to Inatec"
                  },
                  {
                    "actions": [
                      {
                        "route_to": "PUJHDPD"
                      }
                    ],
                    "condition": [
                      {
                        "expression": "event.summary matches part 'iremit\\\\b'"
                      }
                    ],
                    "disabled": false,
                    "id": "",
                    "label": "Events relating to Iremit"
                  },
                  {
                    "actions": [
                      {
                        "route_to": "PAPJ2G6"
                      }
                    ],
                    "condition": [
                      {
                        "expression": "event.summary matches part 'isstax\\\\b'"
                      }
                    ],
                    "disabled": false,
                    "id": "",
                    "label": "Events relating to Isstax"
                  },
                  {
                    "actions": [
                      {
                        "route_to": "PHF4AH6"
                      }
                    ],
                    "condition": [
                      {
                        "expression": "event.summary matches part 'kahane\\\\b'"
                      }
                    ],
                    "disabled": false,
                    "id": "",
                    "label": "Events relating to Kahane"
                  },
                  {
                    "actions": [
                      {
                        "route_to": "PX65RKM"
                      }
                    ],
                    "condition": [
                      {
                        "expression": "event.summary matches part 'mohawk\\\\b'"
                      }
                    ],
                    "disabled": false,
                    "id": "",
                    "label": "Events relating to Mohawk"
                  },
                  {
                    "actions": [
                      {
                        "route_to": "PSZRRLB"
                      }
                    ],
                    "condition": [
                      {
                        "expression": "event.summary matches part 'moovit\\\\b'"
                      }
                    ],
                    "disabled": false,
                    "id": "",
                    "label": "Events relating to Moovit"
                  },
                  {
                    "actions": [
                      {
                        "route_to": "P1A1LY0"
                      }
                    ],
                    "condition": [
                      {
                        "expression": "event.summary matches part 'pnistg\\\\b'"
                      }
                    ],
                    "disabled": false,
                    "id": "",
                    "label": "Events relating to Pnistg"
                  },
                  {
                    "actions": [
                      {
                        "route_to": "PH4F4XK"
                      }
                    ],
                    "condition": [
                      {
                        "expression": "event.summary matches part 'qa2126\\\\b'"
                      }
                    ],
                    "disabled": false,
                    "id": "",
                    "label": "Events relating to Qa2126"
                  },
                  {
                    "actions": [
                      {
                        "route_to": "PSJUHMQ"
                      }
                    ],
                    "condition": [
                      {
                        "expression": "event.summary matches part 'qa2128\\\\b'"
                      }
                    ],
                    "disabled": false,
                    "id": "",
                    "label": "Events relating to Qa2128"
                  },
                  {
                    "actions": [
                      {
                        "route_to": "PXYCEF5"
                      }
                    ],
                    "condition": [
                      {
                        "expression": "event.summary matches part 'rafael\\\\b'"
                      }
                    ],
                    "disabled": false,
                    "id": "",
                    "label": "Events relating to Rafael"
                  },
                  {
                    "actions": [
                      {
                        "route_to": "PA53JR3"
                      }
                    ],
                    "condition": [
                      {
                        "expression": "event.summary matches part 'ruppin\\\\b'"
                      }
                    ],
                    "disabled": false,
                    "id": "",
                    "label": "Events relating to Ruppin"
                  },
                  {
                    "actions": [
                      {
                        "route_to": "P7UV12G"
                      }
                    ],
                    "condition": [
                      {
                        "expression": "event.summary matches part 'sodexo\\\\b'"
                      }
                    ],
                    "disabled": false,
                    "id": "",
                    "label": "Events relating to Sodexo"
                  },
                  {
                    "actions": [
                      {
                        "route_to": "P5KI5PS"
                      }
                    ],
                    "condition": [
                      {
                        "expression": "event.summary matches part 'tchain\\\\b'"
                      }
                    ],
                    "disabled": false,
                    "id": "",
                    "label": "Events relating to Tchain"
                  },
                  {
                    "actions": [
                      {
                        "route_to": "P7VAAIZ"
                      }
                    ],
                    "condition": [
                      {
                        "expression": "event.summary matches part 'viaaus\\\\b'"
                      }
                    ],
                    "disabled": false,
                    "id": "",
                    "label": "Events relating to Viaaus"
                  },
                  {
                    "actions": [
                      {
                        "route_to": "PL00LV6"
                      }
                    ],
                    "condition": [
                      {
                        "expression": "event.summary matches part 'viastg\\\\b'"
                      }
                    ],
                    "disabled": false,
                    "id": "",
                    "label": "Events relating to Viastg"
                  },
                  {
                    "actions": [
                      {
                        "route_to": "PZ7AK45"
                      }
                    ],
                    "condition": [
                      {
                        "expression": "event.summary matches part 'viatyo\\\\b'"
                      }
                    ],
                    "disabled": false,
                    "id": "",
                    "label": "Events relating to Viatyo"
                  },
                  {
                    "actions": [
                      {
                        "route_to": "PDD9NNA"
                      }
                    ],
                    "condition": [
                      {
                        "expression": "event.summary matches part 'virtis\\\\b'"
                      }
                    ],
                    "disabled": false,
                    "id": "",
                    "label": "Events relating to Virtis"
                  },
                  {
                    "actions": [
                      {
                        "route_to": "PH5KEQD"
                      }
                    ],
                    "condition": [
                      {
                        "expression": "event.summary matches part 'wellht\\\\b'"
                      }
                    ],
                    "disabled": false,
                    "id": "",
                    "label": "Events relating to Wellht"
                  },
                  {
                    "actions": [
                      {
                        "route_to": "PV5FWXZ"
                      }
                    ],
                    "condition": [
                      {
                        "expression": "event.summary matches part 'wesure\\\\b'"
                      }
                    ],
                    "disabled": false,
                    "id": "",
                    "label": "Events relating to Wesure"
                  },
                  {
                    "actions": [
                      {
                        "route_to": "PTQ7HZP"
                      }
                    ],
                    "condition": [
                      {
                        "expression": "event.summary matches part 'yarkon\\\\b'"
                      }
                    ],
                    "disabled": false,
                    "id": "",
                    "label": "Events relating to Yarkon"
                  },
                  {
                    "actions": [
                      {
                        "route_to": "PA3L9YN"
                      }
                    ],
                    "condition": [
                      {
                        "expression": "event.summary matches part 'zimmer\\\\b'"
                      }
                    ],
                    "disabled": false,
                    "id": "",
                    "label": "Events relating to Zimmer"
                  },
                  {
                    "actions": [
                      {
                        "route_to": "P302NC4"
                      }
                    ],
                    "condition": [
                      {
                        "expression": "event.summary matches part 'adama\\\\b'"
                      }
                    ],
                    "disabled": false,
                    "id": "",
                    "label": "Events relating to Adama"
                  },
                  {
                    "actions": [
                      {
                        "route_to": "PFO1FGH"
                      }
                    ],
                    "condition": [
                      {
                        "expression": "event.summary matches part 'alice\\\\b'"
                      }
                    ],
                    "disabled": false,
                    "id": "",
                    "label": "Events relating to Alice"
                  },
                  {
                    "actions": [
                      {
                        "route_to": "P3JPA69"
                      }
                    ],
                    "condition": [
                      {
                        "expression": "event.summary matches part 'allot\\\\b'"
                      }
                    ],
                    "disabled": false,
                    "id": "",
                    "label": "Events relating to Allot"
                  },
                  {
                    "actions": [
                      {
                        "route_to": "P51XFIN"
                      }
                    ],
                    "condition": [
                      {
                        "expression": "event.summary matches part 'alpha\\\\b'"
                      }
                    ],
                    "disabled": false,
                    "id": "",
                    "label": "Events relating to Alpha"
                  },
                  {
                    "actions": [
                      {
                        "route_to": "P1HH503"
                      }
                    ],
                    "condition": [
                      {
                        "expression": "event.summary matches part 'ariel\\\\b'"
                      }
                    ],
                    "disabled": false,
                    "id": "",
                    "label": "Events relating to Ariel"
                  },
                  {
                    "actions": [
                      {
                        "route_to": "PYW5E23"
                      }
                    ],
                    "condition": [
                      {
                        "expression": "event.summary matches part 'astro\\\\b'"
                      }
                    ],
                    "disabled": false,
                    "id": "",
                    "label": "Events relating to Astro"
                  },
                  {
                    "actions": [
                      {
                        "route_to": "PR2EW8N"
                      }
                    ],
                    "condition": [
                      {
                        "expression": "event.summary matches part 'baoyi\\\\b'"
                      }
                    ],
                    "disabled": false,
                    "id": "",
                    "label": "Events relating to Baoyi"
                  },
                  {
                    "actions": [
                      {
                        "route_to": "PDM73VW"
                      }
                    ],
                    "condition": [
                      {
                        "expression": "event.summary matches part 'cetqa\\\\b'"
                      }
                    ],
                    "disabled": false,
                    "id": "",
                    "label": "Events relating to Cetqa"
                  },
                  {
                    "actions": [
                      {
                        "route_to": "PZ6VNOP"
                      }
                    ],
                    "condition": [
                      {
                        "expression": "event.summary matches part 'comda\\\\b'"
                      }
                    ],
                    "disabled": false,
                    "id": "",
                    "label": "Events relating to Comda"
                  },
                  {
                    "actions": [
                      {
                        "route_to": "PILVTP0"
                      }
                    ],
                    "condition": [
                      {
                        "expression": "event.summary matches part 'copia\\\\b'"
                      }
                    ],
                    "disabled": false,
                    "id": "",
                    "label": "Events relating to Copia"
                  },
                  {
                    "actions": [
                      {
                        "route_to": "P2WPO25"
                      }
                    ],
                    "condition": [
                      {
                        "expression": "event.summary matches part 'csirt\\\\b'"
                      }
                    ],
                    "disabled": false,
                    "id": "",
                    "label": "Events relating to Csirt"
                  },
                  {
                    "actions": [
                      {
                        "route_to": "PV4ZJEG"
                      }
                    ],
                    "condition": [
                      {
                        "expression": "event.summary matches part 'demos\\\\b'"
                      }
                    ],
                    "disabled": false,
                    "id": "",
                    "label": "Events relating to Demos"
                  },
                  {
                    "actions": [
                      {
                        "route_to": "PPTGQJN"
                      }
                    ],
                    "condition": [
                      {
                        "expression": "event.summary matches part 'eloan\\\\b'"
                      }
                    ],
                    "disabled": false,
                    "id": "",
                    "label": "Events relating to Eloan"
                  },
                  {
                    "actions": [
                      {
                        "route_to": "POXW1S5"
                      }
                    ],
                    "condition": [
                      {
                        "expression": "event.summary matches part 'epldt\\\\b'"
                      }
                    ],
                    "disabled": false,
                    "id": "",
                    "label": "Events relating to Epldt"
                  },
                  {
                    "actions": [
                      {
                        "route_to": "PE6M9KZ"
                      }
                    ],
                    "condition": [
                      {
                        "expression": "event.summary matches part 'flink\\\\b'"
                      }
                    ],
                    "disabled": false,
                    "id": "",
                    "label": "Events relating to Flink"
                  },
                  {
                    "actions": [
                      {
                        "route_to": "PCRRXMP"
                      }
                    ],
                    "condition": [
                      {
                        "expression": "event.summary matches part 'katzd\\\\b'"
                      }
                    ],
                    "disabled": false,
                    "id": "",
                    "label": "Events relating to Katzd"
                  },
                  {
                    "actions": [
                      {
                        "route_to": "P4FZMAR"
                      }
                    ],
                    "condition": [
                      {
                        "expression": "event.summary matches part 'liveu\\\\b'"
                      }
                    ],
                    "disabled": false,
                    "id": "",
                    "label": "Events relating to Liveu"
                  },
                  {
                    "actions": [
                      {
                        "route_to": "P2FN4N1"
                      }
                    ],
                    "condition": [
                      {
                        "expression": "event.summary matches part 'lusha\\\\b'"
                      }
                    ],
                    "disabled": false,
                    "id": "",
                    "label": "Events relating to Lusha"
                  },
                  {
                    "actions": [
                      {
                        "route_to": "P45NTR5"
                      }
                    ],
                    "condition": [
                      {
                        "expression": "event.summary matches part 'maman\\\\b'"
                      }
                    ],
                    "disabled": false,
                    "id": "",
                    "label": "Events relating to Maman"
                  },
                  {
                    "actions": [
                      {
                        "route_to": "PB08Z2S"
                      }
                    ],
                    "condition": [
                      {
                        "expression": "event.summary matches part 'matav\\\\b'"
                      }
                    ],
                    "disabled": false,
                    "id": "",
                    "label": "Events relating to Matav"
                  },
                  {
                    "actions": [
                      {
                        "route_to": "P64UBLC"
                      }
                    ],
                    "condition": [
                      {
                        "expression": "event.summary matches part 'metro\\\\b'"
                      }
                    ],
                    "disabled": false,
                    "id": "",
                    "label": "Events relating to Metro"
                  },
                  {
                    "actions": [
                      {
                        "route_to": "P9MDVIL"
                      }
                    ],
                    "condition": [
                      {
                        "expression": "event.summary matches part 'mwell\\\\b'"
                      }
                    ],
                    "disabled": false,
                    "id": "",
                    "label": "Events relating to Mwell"
                  },
                  {
                    "actions": [
                      {
                        "route_to": "PBV48V7"
                      }
                    ],
                    "condition": [
                      {
                        "expression": "event.summary matches part 'nsure\\\\b'"
                      }
                    ],
                    "disabled": false,
                    "id": "",
                    "label": "Events relating to Nsure"
                  },
                  {
                    "actions": [
                      {
                        "route_to": "PJR2G66"
                      }
                    ],
                    "condition": [
                      {
                        "expression": "event.summary matches part 'ortil\\\\b'"
                      }
                    ],
                    "disabled": false,
                    "id": "",
                    "label": "Events relating to Ortil"
                  },
                  {
                    "actions": [
                      {
                        "route_to": "PS07VV8"
                      }
                    ],
                    "condition": [
                      {
                        "expression": "event.summary matches part 'panda\\\\b'"
                      }
                    ],
                    "disabled": false,
                    "id": "",
                    "label": "Events relating to Panda"
                  },
                  {
                    "actions": [
                      {
                        "route_to": "PQZ1WYO"
                      }
                    ],
                    "condition": [
                      {
                        "expression": "event.summary matches part 'pango\\\\b'"
                      }
                    ],
                    "disabled": false,
                    "id": "",
                    "label": "Events relating to Pango"
                  },
                  {
                    "actions": [
                      {
                        "route_to": "PUT4DCE"
                      }
                    ],
                    "condition": [
                      {
                        "expression": "event.summary matches part 'qnomy\\\\b'"
                      }
                    ],
                    "disabled": false,
                    "id": "",
                    "label": "Events relating to Qnomy"
                  },
                  {
                    "actions": [
                      {
                        "route_to": "PDVU3IX"
                      }
                    ],
                    "condition": [
                      {
                        "expression": "event.summary matches part 'reali\\\\b'"
                      }
                    ],
                    "disabled": false,
                    "id": "",
                    "label": "Events relating to Reali"
                  },
                  {
                    "actions": [
                      {
                        "route_to": "PNK6V5J"
                      }
                    ],
                    "condition": [
                      {
                        "expression": "event.summary matches part 'reign\\\\b'"
                      }
                    ],
                    "disabled": false,
                    "id": "",
                    "label": "Events relating to Reign"
                  },
                  {
                    "actions": [
                      {
                        "route_to": "PGT9LVI"
                      }
                    ],
                    "condition": [
                      {
                        "expression": "event.summary matches part 'ronbs\\\\b'"
                      }
                    ],
                    "disabled": false,
                    "id": "",
                    "label": "Events relating to Ronbs"
                  },
                  {
                    "actions": [
                      {
                        "route_to": "P7CN7UJ"
                      }
                    ],
                    "condition": [
                      {
                        "expression": "event.summary matches part 'synel\\\\b'"
                      }
                    ],
                    "disabled": false,
                    "id": "",
                    "label": "Events relating to Synel"
                  },
                  {
                    "actions": [
                      {
                        "route_to": "PJS8SLM"
                      }
                    ],
                    "condition": [
                      {
                        "expression": "event.summary matches part 'tomax\\\\b'"
                      }
                    ],
                    "disabled": false,
                    "id": "",
                    "label": "Events relating to Tomax"
                  },
                  {
                    "actions": [
                      {
                        "route_to": "PYF3X9M"
                      }
                    ],
                    "condition": [
                      {
                        "expression": "event.summary matches part 'waves\\\\b'"
                      }
                    ],
                    "disabled": false,
                    "id": "",
                    "label": "Events relating to Waves"
                  },
                  {
                    "actions": [
                      {
                        "route_to": "P6RY4MR"
                      }
                    ],
                    "condition": [
                      {
                        "expression": "event.summary matches part 'zegna\\\\b'"
                      }
                    ],
                    "disabled": false,
                    "id": "",
                    "label": "Events relating to Zegna"
                  },
                  {
                    "actions": [
                      {
                        "route_to": "PQA76R4"
                      }
                    ],
                    "condition": [
                      {
                        "expression": "event.summary matches part 'alef\\\\b'"
                      }
                    ],
                    "disabled": false,
                    "id": "",
                    "label": "Events relating to Alef"
                  },
                  {
                    "actions": [
                      {
                        "route_to": "PCGLKGV"
                      }
                    ],
                    "condition": [
                      {
                        "expression": "event.summary matches part 'apna\\\\b'"
                      }
                    ],
                    "disabled": false,
                    "id": "",
                    "label": "Events relating to Apna"
                  },
                  {
                    "actions": [
                      {
                        "route_to": "PWCSSO0"
                      }
                    ],
                    "condition": [
                      {
                        "expression": "event.summary matches part 'berl\\\\b'"
                      }
                    ],
                    "disabled": false,
                    "id": "",
                    "label": "Events relating to Berl"
                  },
                  {
                    "actions": [
                      {
                        "route_to": "P5JCVWZ"
                      }
                    ],
                    "condition": [
                      {
                        "expression": "event.summary matches part 'bnhp\\\\b'"
                      }
                    ],
                    "disabled": false,
                    "id": "",
                    "label": "Events relating to Bnhp"
                  },
                  {
                    "actions": [
                      {
                        "route_to": "PG7P5NM"
                      }
                    ],
                    "condition": [
                      {
                        "expression": "event.summary matches part 'cams\\\\b'"
                      }
                    ],
                    "disabled": false,
                    "id": "",
                    "label": "Events relating to Cams"
                  },
                  {
                    "actions": [
                      {
                        "route_to": "PCFGO0C"
                      }
                    ],
                    "condition": [
                      {
                        "expression": "event.summary matches part 'como\\\\b'"
                      }
                    ],
                    "disabled": false,
                    "id": "",
                    "label": "Events relating to Como"
                  },
                  {
                    "actions": [
                      {
                        "route_to": "PPLC0P2"
                      }
                    ],
                    "condition": [
                      {
                        "expression": "event.summary matches part 'elal\\\\b'"
                      }
                    ],
                    "disabled": false,
                    "id": "",
                    "label": "Events relating to Elal"
                  },
                  {
                    "actions": [
                      {
                        "route_to": "PP917U7"
                      }
                    ],
                    "condition": [
                      {
                        "expression": "event.summary matches part 'fibi\\\\b'"
                      }
                    ],
                    "disabled": false,
                    "id": "",
                    "label": "Events relating to Fibi"
                  },
                  {
                    "actions": [
                      {
                        "route_to": "PXQKYQ2"
                      }
                    ],
                    "condition": [
                      {
                        "expression": "event.summary matches part 'inss\\\\b'"
                      }
                    ],
                    "disabled": false,
                    "id": "",
                    "label": "Events relating to Inss"
                  },
                  {
                    "actions": [
                      {
                        "route_to": "PAGZ2T5"
                      }
                    ],
                    "condition": [
                      {
                        "expression": "event.summary matches part 'itgx\\\\b'"
                      }
                    ],
                    "disabled": false,
                    "id": "",
                    "label": "Events relating to Itgx"
                  },
                  {
                    "actions": [
                      {
                        "route_to": "P8HVQ6K"
                      }
                    ],
                    "condition": [
                      {
                        "expression": "event.summary matches part 'kolh\\\\b'"
                      }
                    ],
                    "disabled": false,
                    "id": "",
                    "label": "Events relating to Kolh"
                  },
                  {
                    "actions": [
                      {
                        "route_to": "PRVOJ2T"
                      }
                    ],
                    "condition": [
                      {
                        "expression": "event.summary matches part 'mako\\\\b'"
                      }
                    ],
                    "disabled": false,
                    "id": "",
                    "label": "Events relating to Mako"
                  },
                  {
                    "actions": [
                      {
                        "route_to": "PK1SPSS"
                      }
                    ],
                    "condition": [
                      {
                        "expression": "event.summary matches part 'mchp\\\\b'"
                      }
                    ],
                    "disabled": false,
                    "id": "",
                    "label": "Events relating to Mchp"
                  },
                  {
                    "actions": [
                      {
                        "route_to": "PW0K98L"
                      }
                    ],
                    "condition": [
                      {
                        "expression": "event.summary matches part 'mgar\\\\b'"
                      }
                    ],
                    "disabled": false,
                    "id": "",
                    "label": "Events relating to Mgar"
                  },
                  {
                    "actions": [
                      {
                        "route_to": "PLJONMO"
                      }
                    ],
                    "condition": [
                      {
                        "expression": "event.summary matches part 'moch\\\\b'"
                      }
                    ],
                    "disabled": false,
                    "id": "",
                    "label": "Events relating to Moch"
                  },
                  {
                    "actions": [
                      {
                        "route_to": "PLBW4X8"
                      }
                    ],
                    "condition": [
                      {
                        "expression": "event.summary matches part 'ntuc\\\\b'"
                      }
                    ],
                    "disabled": false,
                    "id": "",
                    "label": "Events relating to Ntuc"
                  },
                  {
                    "actions": [
                      {
                        "route_to": "PUL0Q5W"
                      }
                    ],
                    "condition": [
                      {
                        "expression": "event.summary matches part 'sidn\\\\b'"
                      }
                    ],
                    "disabled": false,
                    "id": "",
                    "label": "Events relating to Sidn"
                  },
                  {
                    "actions": [
                      {
                        "route_to": "PICXA44"
                      }
                    ],
                    "condition": [
                      {
                        "expression": "event.summary matches part 'umtb\\\\b'"
                      }
                    ],
                    "disabled": false,
                    "id": "",
                    "label": "Events relating to Umtb"
                  },
                  {
                    "actions": [
                      {
                        "route_to": "PWK7YD3"
                      }
                    ],
                    "condition": [
                      {
                        "expression": "event.summary matches part 'wego\\\\b'"
                      }
                    ],
                    "disabled": false,
                    "id": "",
                    "label": "Events relating to Wego"
                  },
                  {
                    "actions": [
                      {
                        "route_to": "P7MQAVY"
                      }
                    ],
                    "condition": [
                      {
                        "expression": "event.summary matches part 'wisp\\\\b'"
                      }
                    ],
                    "disabled": false,
                    "id": "",
                    "label": "Events relating to Wisp"
                  },
                  {
                    "actions": [
                      {
                        "route_to": "P7EYU3V"
                      }
                    ],
                    "condition": [
                      {
                        "expression": "event.summary matches part 'wobi\\\\b'"
                      }
                    ],
                    "disabled": false,
                    "id": "",
                    "label": "Events relating to Wobi"
                  },
                  {
                    "actions": [
                      {
                        "route_to": "PLRSBWW"
                      }
                    ],
                    "condition": [
                      {
                        "expression": "event.summary matches part 'xnes\\\\b'"
                      }
                    ],
                    "disabled": false,
                    "id": "",
                    "label": "Events relating to Xnes"
                  },
                  {
                    "actions": [
                      {
                        "route_to": "P9PQMZC"
                      }
                    ],
                    "condition": [
                      {
                        "expression": "event.summary matches part 'ace\\\\b'"
                      }
                    ],
                    "disabled": false,
                    "id": "",
                    "label": "Events relating to Ace"
                  },
                  {
                    "actions": [
                      {
                        "route_to": "POYBB7L"
                      }
                    ],
                    "condition": [
                      {
                        "expression": "event.summary matches part 'box\\\\b'"
                      }
                    ],
                    "disabled": false,
                    "id": "",
                    "label": "Events relating to Box"
                  },
                  {
                    "actions": [
                      {
                        "route_to": "PF39ZRE"
                      }
                    ],
                    "condition": [
                      {
                        "expression": "event.summary matches part 'fwd\\\\b'"
                      }
                    ],
                    "disabled": false,
                    "id": "",
                    "label": "Events relating to Fwd"
                  },
                  {
                    "actions": [
                      {
                        "route_to": "PDNBKTU"
                      }
                    ],
                    "condition": [
                      {
                        "expression": "event.summary matches part 'gmc\\\\b'"
                      }
                    ],
                    "disabled": false,
                    "id": "",
                    "label": "Events relating to Gmc"
                  },
                  {
                    "actions": [
                      {
                        "route_to": "PJ6NZE3"
                      }
                    ],
                    "condition": [
                      {
                        "expression": "event.summary matches part 'iai\\\\b'"
                      }
                    ],
                    "disabled": false,
                    "id": "",
                    "label": "Events relating to Iai"
                  },
                  {
                    "actions": [
                      {
                        "route_to": "P4Q2ZG8"
                      }
                    ],
                    "condition": [
                      {
                        "expression": "event.summary matches part 'iec\\\\b'"
                      }
                    ],
                    "disabled": false,
                    "id": "",
                    "label": "Events relating to Iec"
                  },
                  {
                    "actions": [
                      {
                        "route_to": "P8QFQWL"
                      }
                    ],
                    "condition": [
                      {
                        "expression": "event.summary matches part 'mda\\\\b'"
                      }
                    ],
                    "disabled": false,
                    "id": "",
                    "label": "Events relating to Mda"
                  },
                  {
                    "actions": [
                      {
                        "route_to": "PGS4OD2"
                      }
                    ],
                    "condition": [
                      {
                        "expression": "event.summary matches part 'ort\\\\b'"
                      }
                    ],
                    "disabled": false,
                    "id": "",
                    "label": "Events relating to Ort"
                  },
                  {
                    "actions": [
                      {
                        "route_to": "PXIG7FH"
                      }
                    ],
                    "condition": [
                      {
                        "expression": "event.summary matches part 'rpx\\\\b'"
                      }
                    ],
                    "disabled": false,
                    "id": "",
                    "label": "Events relating to Rpx"
                  },
                  {
                    "actions": [
                      {
                        "route_to": "PX7O1DF"
                      }
                    ],
                    "condition": [
                      {
                        "expression": "event.summary matches part 's21\\\\b'"
                      }
                    ],
                    "disabled": false,
                    "id": "",
                    "label": "Events relating to S21"
                  },
                  {
                    "actions": [
                      {
                        "route_to": "P7L80CF"
                      }
                    ],
                    "condition": [
                      {
                        "expression": "event.summary matches part 'stm\\\\b'"
                      }
                    ],
                    "disabled": false,
                    "id": "",
                    "label": "Events relating to Stm"
                  },
                  {
                    "actions": [
                      {
                        "route_to": "P4XHG8O"
                      }
                    ],
                    "condition": [
                      {
                        "expression": "event.summary matches part 'tlv\\\\b'"
                      }
                    ],
                    "disabled": false,
                    "id": "",
                    "label": "Events relating to Tlv"
                  },
                  {
                    "actions": [
                      {
                        "route_to": "PDL1TCD"
                      }
                    ],
                    "condition": [
                      {
                        "expression": "event.summary matches part 'ubi\\\\b'"
                      }
                    ],
                    "disabled": false,
                    "id": "",
                    "label": "Events relating to Ubi"
                  },
                  {
                    "actions": [
                      {
                        "route_to": "PESK35V"
                      }
                    ],
                    "condition": [
                      {
                        "expression": "event.summary matches part 'via\\\\b'"
                      }
                    ],
                    "disabled": false,
                    "id": "",
                    "label": "Events relating to Via"
                  },
                  {
                    "actions": [
                      {
                        "route_to": "PHHSKSF"
                      }
                    ],
                    "condition": [
                      {
                        "expression": "event.summary matches part 'pm\\\\b'"
                      }
                    ],
                    "disabled": false,
                    "id": "",
                    "label": "Events relating to Pm"
                  }
                ]
              }
            ]
          },
          "sensitive_attributes": [],
          "private": "bnVsbA==",
          "dependencies": [
            "pagerduty_event_orchestration.devops",
            "pagerduty_service.Ace",
            "pagerduty_service.AdTorqueEdgecom",
            "pagerduty_service.Adama",
            "pagerduty_service.AeroLines",
            "pagerduty_service.Agcpartn724293144879715090",
            "pagerduty_service.Alef",
            "pagerduty_service.Alice",
            "pagerduty_service.Alljobs",
            "pagerduty_service.Allot",
            "pagerduty_service.Alpha",
            "pagerduty_service.Americane82018410522879632",
            "pagerduty_service.Amidar",
            "pagerduty_service.Apna",
            "pagerduty_service.Appviewx816140081204059790",
            "pagerduty_service.Ariel",
            "pagerduty_service.Armyph",
            "pagerduty_service.Astro",
            "pagerduty_service.Avesta",
            "pagerduty_service.Backlotcars",
            "pagerduty_service.Baoyi",
            "pagerduty_service.Bdirector",
            "pagerduty_service.Berl",
            "pagerduty_service.Betfair",
            "pagerduty_service.Betfaircasino",
            "pagerduty_service.Betfaircasinostg",
            "pagerduty_service.Betfairstg",
            "pagerduty_service.Betterup",
            "pagerduty_service.Bigimmer281521707765566363",
            "pagerduty_service.Biodata",
            "pagerduty_service.Bitsofgold",
            "pagerduty_service.Bluegrid92868745751327215",
            "pagerduty_service.Bnhp",
            "pagerduty_service.Bnology",
            "pagerduty_service.Boltreblaze",
            "pagerduty_service.Bookaway",
            "pagerduty_service.Box",
            "pagerduty_service.Brasilseg",
            "pagerduty_service.Cachcow",
            "pagerduty_service.Callkeysys",
            "pagerduty_service.Cams",
            "pagerduty_service.Careblaze",
            "pagerduty_service.Careblazeqa",
            "pagerduty_service.Carrefoure",
            "pagerduty_service.Cashcow",
            "pagerduty_service.Cecomhostproject01",
            "pagerduty_service.Cecomhostprojectproduction",
            "pagerduty_service.Cellexpertx",
            "pagerduty_service.Cellp02",
            "pagerduty_service.Cetnew",
            "pagerduty_service.Cetprep",
            "pagerduty_service.Cetqa",
            "pagerduty_service.Cettesting",
            "pagerduty_service.Champion",
            "pagerduty_service.Chargeafter",
            "pagerduty_service.Chargeafterstg",
            "pagerduty_service.Chingari",
            "pagerduty_service.Chiper639237995632723462",
            "pagerduty_service.Cleartrip",
            "pagerduty_service.Cloudmd",
            "pagerduty_service.Cloudwm",
            "pagerduty_service.Coinberry",
            "pagerduty_service.Colman",
            "pagerduty_service.Comda",
            "pagerduty_service.Como",
            "pagerduty_service.Copia",
            "pagerduty_service.Cotohacfgwservice6Epszaaf",
            "pagerduty_service.Cruiseit",
            "pagerduty_service.Csirt",
            "pagerduty_service.Cth2Prod1Zxnri8X8",
            "pagerduty_service.Cycura",
            "pagerduty_service.Cyqurex52970321352494334",
            "pagerduty_service.Datagovp633462572263654780",
            "pagerduty_service.Datagovtest",
            "pagerduty_service.Datanomik",
            "pagerduty_service.Datasec",
            "pagerduty_service.Defaultstuff2",
            "pagerduty_service.Delasport",
            "pagerduty_service.Demos",
            "pagerduty_service.Demos2",
            "pagerduty_service.Demossdk",
            "pagerduty_service.Dermpro",
            "pagerduty_service.Digicenter",
            "pagerduty_service.Directa24",
            "pagerduty_service.Dlocalapi",
            "pagerduty_service.Doralon",
            "pagerduty_service.Dshepherd",
            "pagerduty_service.Dstuff2200",
            "pagerduty_service.Efimatica",
            "pagerduty_service.Ekreblaze",
            "pagerduty_service.Elal",
            "pagerduty_service.Elalstage",
            "pagerduty_service.Electra",
            "pagerduty_service.Elefftest64895039768164394",
            "pagerduty_service.Eloan",
            "pagerduty_service.Epldt",
            "pagerduty_service.Erosgroup",
            "pagerduty_service.Eshettours",
            "pagerduty_service.Estoreproduction194504",
            "pagerduty_service.Fattal",
            "pagerduty_service.Fibi",
            "pagerduty_service.Fishbrain",
            "pagerduty_service.Flashcoffee",
            "pagerduty_service.Flexport",
            "pagerduty_service.Flink",
            "pagerduty_service.Flipkart",
            "pagerduty_service.Forbesdevelopment",
            "pagerduty_service.Forbesproduction",
            "pagerduty_service.Formatemp",
            "pagerduty_service.Formativ718648307850097729",
            "pagerduty_service.Fwd",
            "pagerduty_service.Gazprom",
            "pagerduty_service.Gearlaunchx",
            "pagerduty_service.Glassesusa",
            "pagerduty_service.Gmc",
            "pagerduty_service.Gokturkteam",
            "pagerduty_service.Goniyo",
            "pagerduty_service.Gtaureblaze",
            "pagerduty_service.Gtaureblazestg",
            "pagerduty_service.Gtreblaze",
            "pagerduty_service.Hagihon",
            "pagerduty_service.Haifamuni",
            "pagerduty_service.Halman",
            "pagerduty_service.Hirematic",
            "pagerduty_service.Hmnetwork",
            "pagerduty_service.Holdprod",
            "pagerduty_service.Horizon",
            "pagerduty_service.Hyposwiss",
            "pagerduty_service.Hzreblazeprod",
            "pagerduty_service.Hzreblazestg",
            "pagerduty_service.Iai",
            "pagerduty_service.Iclgroup",
            "pagerduty_service.Iconnect",
            "pagerduty_service.Idreblaze",
            "pagerduty_service.Iec",
            "pagerduty_service.Iectesttls",
            "pagerduty_service.Inatec",
            "pagerduty_service.Inetwebs152061635206655917",
            "pagerduty_service.Inss",
            "pagerduty_service.Iolpbsalute",
            "pagerduty_service.Iremit",
            "pagerduty_service.Ironsolutions",
            "pagerduty_service.Israel69595972334368573",
            "pagerduty_service.Israelhayom",
            "pagerduty_service.Israelrai27963377783270403",
            "pagerduty_service.Isstax",
            "pagerduty_service.Itgx",
            "pagerduty_service.Ituranar",
            "pagerduty_service.Ituranbr",
            "pagerduty_service.Ituranx",
            "pagerduty_service.Kahane",
            "pagerduty_service.Katzd",
            "pagerduty_service.Knesset",
            "pagerduty_service.Kolh",
            "pagerduty_service.Leonardohotels",
            "pagerduty_service.Lifefitness",
            "pagerduty_service.Liveu",
            "pagerduty_service.Liveustg",
            "pagerduty_service.Lusha",
            "pagerduty_service.Luzzatto",
            "pagerduty_service.Lvpn527370280444",
            "pagerduty_service.Machinerypete",
            "pagerduty_service.Mako",
            "pagerduty_service.Maman",
            "pagerduty_service.Matav",
            "pagerduty_service.Matrixc",
            "pagerduty_service.Mchp",
            "pagerduty_service.Mcureblaze",
            "pagerduty_service.Mda",
            "pagerduty_service.Megazonesb",
            "pagerduty_service.Mellanox",
            "pagerduty_service.Menoramivt",
            "pagerduty_service.Meteorit",
            "pagerduty_service.Metro",
            "pagerduty_service.Meuhedet",
            "pagerduty_service.Mfsafrica",
            "pagerduty_service.Mgar",
            "pagerduty_service.Mifinitypay",
            "pagerduty_service.Mindgeek",
            "pagerduty_service.Moch",
            "pagerduty_service.Mohawk",
            "pagerduty_service.Moovit",
            "pagerduty_service.Moovitqa",
            "pagerduty_service.Moovitstg",
            "pagerduty_service.Movereblaze",
            "pagerduty_service.Mpprodreblazeteststg",
            "pagerduty_service.Multipass",
            "pagerduty_service.Musicbuk",
            "pagerduty_service.Mwell",
            "pagerduty_service.Mycheck",
            "pagerduty_service.Newrbzqa103306614922995878",
            "pagerduty_service.Northgate",
            "pagerduty_service.Notrbztestproject",
            "pagerduty_service.Nsure",
            "pagerduty_service.Ntuc",
            "pagerduty_service.Olga12345",
            "pagerduty_service.Opaltech",
            "pagerduty_service.Opencuri696928180841517713",
            "pagerduty_service.Openfintech",
            "pagerduty_service.Openpay",
            "pagerduty_service.Orbograph",
            "pagerduty_service.Ort",
            "pagerduty_service.Ortil",
            "pagerduty_service.P4Refuel",
            "pagerduty_service.Panda",
            "pagerduty_service.Pango",
            "pagerduty_service.Payoneer",
            "pagerduty_service.Payoneerx",
            "pagerduty_service.Payoneerxstg",
            "pagerduty_service.Platformsh",
            "pagerduty_service.Pm",
            "pagerduty_service.Pnistg",
            "pagerduty_service.Pnivpd7K5Tsndoom",
            "pagerduty_service.Pointer",
            "pagerduty_service.Popmart",
            "pagerduty_service.Pplprodfephx2",
            "pagerduty_service.Ppluatfephx2",
            "pagerduty_service.Prefectprode1E512",
            "pagerduty_service.Priority",
            "pagerduty_service.Proficio",
            "pagerduty_service.Prudent",
            "pagerduty_service.Purplle",
            "pagerduty_service.Qa21210",
            "pagerduty_service.Qa21210Y",
            "pagerduty_service.Qa21212",
            "pagerduty_service.Qa2126",
            "pagerduty_service.Qa21260G",
            "pagerduty_service.Qa2128",
            "pagerduty_service.Qa2140D",
            "pagerduty_service.Qa2140E",
            "pagerduty_service.Qaolga3953602350965345",
            "pagerduty_service.Qavadim847914756549420121",
            "pagerduty_service.Qnomy",
            "pagerduty_service.Quacom",
            "pagerduty_service.Rafael",
            "pagerduty_service.Rbcompliance2",
            "pagerduty_service.Rbzacademy",
            "pagerduty_service.Rbzaws221986932086",
            "pagerduty_service.Rbzaws232079419768",
            "pagerduty_service.Rbzaws479335881964",
            "pagerduty_service.Rbzaws589416701894",
            "pagerduty_service.Rbzaws667713386313",
            "pagerduty_service.Rbzaws78972580297192148311",
            "pagerduty_service.Rbzaws789809902545",
            "pagerduty_service.Rbzdevbratislava",
            "pagerduty_service.Rbzdevmerge001",
            "pagerduty_service.Rbzdevmp004",
            "pagerduty_service.Rbzdevqnomy",
            "pagerduty_service.Rbzdevtest",
            "pagerduty_service.Rbzdevtzury2202",
            "pagerduty_service.Rbzolga753103565707641934",
            "pagerduty_service.Rbzopsazr01",
            "pagerduty_service.Rbzqamp0030160679959478244",
            "pagerduty_service.Rbzqamp0073595184297896571",
            "pagerduty_service.Rbzqaprod001",
            "pagerduty_service.Rbzqaprod220",
            "pagerduty_service.Rbzqasomething",
            "pagerduty_service.Rbztest",
            "pagerduty_service.Rbzwebsite",
            "pagerduty_service.Rbzwizprod",
            "pagerduty_service.Reali",
            "pagerduty_service.Reblaze74690738161970604",
            "pagerduty_service.Reblazed706840781522387801",
            "pagerduty_service.Reblazede37304730316182808",
            "pagerduty_service.Reign",
            "pagerduty_service.Rentoza",
            "pagerduty_service.Ronbs",
            "pagerduty_service.Rpx",
            "pagerduty_service.Ruppin",
            "pagerduty_service.S21",
            "pagerduty_service.Salefreaks",
            "pagerduty_service.Samanage",
            "pagerduty_service.Samanageeur",
            "pagerduty_service.Searce597402607595260740",
            "pagerduty_service.Segment",
            "pagerduty_service.Shikunbinui",
            "pagerduty_service.Shostak",
            "pagerduty_service.Sidn",
            "pagerduty_service.Skylabs",
            "pagerduty_service.Smartnpv",
            "pagerduty_service.Smartpldt",
            "pagerduty_service.Sodexo",
            "pagerduty_service.Sodexoin",
            "pagerduty_service.Sonaefs",
            "pagerduty_service.Sonaemc",
            "pagerduty_service.Sphereo",
            "pagerduty_service.Stg2160E",
            "pagerduty_service.Stg2161B",
            "pagerduty_service.Stg2180B",
            "pagerduty_service.Stg2180C",
            "pagerduty_service.Stg2200",
            "pagerduty_service.Stg2201B",
            "pagerduty_service.Stg2202A",
            "pagerduty_service.Stg2202X",
            "pagerduty_service.Stg2202Xa",
            "pagerduty_service.Stm",
            "pagerduty_service.Stormferrero",
            "pagerduty_service.Stormreply",
            "pagerduty_service.Stormreplymt",
            "pagerduty_service.Strauss",
            "pagerduty_service.Superpharm",
            "pagerduty_service.Synel",
            "pagerduty_service.Sysbind",
            "pagerduty_service.Taasuka",
            "pagerduty_service.Tchain",
            "pagerduty_service.Tenurex",
            "pagerduty_service.Threelayerst",
            "pagerduty_service.Tipranks",
            "pagerduty_service.Tipranksstg",
            "pagerduty_service.Tkgbridge",
            "pagerduty_service.Tlv",
            "pagerduty_service.Tmprotection",
            "pagerduty_service.Tomax",
            "pagerduty_service.Tradairx",
            "pagerduty_service.Twobsecure",
            "pagerduty_service.Twobsecure02",
            "pagerduty_service.Ubi",
            "pagerduty_service.Umtb",
            "pagerduty_service.Va2Devqvn57129192392208814",
            "pagerduty_service.Va2Devqvnx6Mz0",
            "pagerduty_service.Va2Prodgisxiq15",
            "pagerduty_service.Ventureslab",
            "pagerduty_service.Via",
            "pagerduty_service.Viaaus",
            "pagerduty_service.Viastg",
            "pagerduty_service.Viatyo",
            "pagerduty_service.Virtis",
            "pagerduty_service.Virtisus",
            "pagerduty_service.Wallashops",
            "pagerduty_service.Wallatours",
            "pagerduty_service.Waves",
            "pagerduty_service.Wavesuat",
            "pagerduty_service.Wego",
            "pagerduty_service.Wellht",
            "pagerduty_service.Wesure",
            "pagerduty_service.Wesureusa",
            "pagerduty_service.Wisp",
            "pagerduty_service.Wobi",
            "pagerduty_service.Wscsports",
            "pagerduty_service.Xnes",
            "pagerduty_service.Yarkon",
            "pagerduty_service.Zegna",
            "pagerduty_service.Zegnarow",
            "pagerduty_service.Zimmer",
            "pagerduty_service.Zoomanalytics"
          ]
        }
      ]
    },
    {
      "mode": "managed",
      "type": "pagerduty_service",
      "name": "Ace",
      "provider": "provider[\"registry.terraform.io/pagerduty/pagerduty\"]",
      "instances": [
        {
          "schema_version": 0,
          "attributes": {
            "acknowledgement_timeout": "1800",
            "alert_creation": "create_incidents",
            "alert_grouping": null,
            "alert_grouping_parameters": [],
            "alert_grouping_timeout": "null",
            "auto_pause_notifications_parameters": [],
            "auto_resolve_timeout": "14400",
            "created_at": "2023-02-26T17:27:12+02:00",
            "description": "Ace (ace)",
            "escalation_policy": "PQAH7SD",
            "html_url": "https://partner-webiscope.eu.pagerduty.com/service-directory/P9PQMZC",
            "id": "P9PQMZC",
            "incident_urgency_rule": [
              {
                "during_support_hours": [],
                "outside_support_hours": [],
                "type": "constant",
                "urgency": "high"
              }
            ],
            "last_incident_timestamp": "",
            "name": "Ace",
            "response_play": null,
            "scheduled_actions": [],
            "status": "active",
            "support_hours": [],
            "type": "service"
          },
          "sensitive_attributes": [],
          "private": "bnVsbA==",
          "dependencies": [
            "data.pagerduty_escalation_policy.default"
          ]
        }
      ]
    },
    {
      "mode": "managed",
      "type": "pagerduty_service",
      "name": "AdTorqueEdgecom",
      "provider": "provider[\"registry.terraform.io/pagerduty/pagerduty\"]",
      "instances": [
        {
          "schema_version": 0,
          "attributes": {
            "acknowledgement_timeout": "1800",
            "alert_creation": "create_incidents",
            "alert_grouping": null,
            "alert_grouping_parameters": [],
            "alert_grouping_timeout": "null",
            "auto_pause_notifications_parameters": [],
            "auto_resolve_timeout": "14400",
            "created_at": "2023-02-26T17:27:38+02:00",
            "description": "AdTorqueEdgecom (adtorqueedge)",
            "escalation_policy": "PQAH7SD",
            "html_url": "https://partner-webiscope.eu.pagerduty.com/service-directory/P7DSHNC",
            "id": "P7DSHNC",
            "incident_urgency_rule": [
              {
                "during_support_hours": [],
                "outside_support_hours": [],
                "type": "constant",
                "urgency": "high"
              }
            ],
            "last_incident_timestamp": "",
            "name": "AdTorqueEdgecom",
            "response_play": null,
            "scheduled_actions": [],
            "status": "active",
            "support_hours": [],
            "type": "service"
          },
          "sensitive_attributes": [],
          "private": "bnVsbA==",
          "dependencies": [
            "data.pagerduty_escalation_policy.default"
          ]
        }
      ]
    },
    {
      "mode": "managed",
      "type": "pagerduty_service",
      "name": "Adama",
      "provider": "provider[\"registry.terraform.io/pagerduty/pagerduty\"]",
      "instances": [
        {
          "schema_version": 0,
          "attributes": {
            "acknowledgement_timeout": "1800",
            "alert_creation": "create_incidents",
            "alert_grouping": null,
            "alert_grouping_parameters": [],
            "alert_grouping_timeout": "null",
            "auto_pause_notifications_parameters": [],
            "auto_resolve_timeout": "14400",
            "created_at": "2023-02-26T17:27:20+02:00",
            "description": "Adama (adama)",
            "escalation_policy": "PQAH7SD",
            "html_url": "https://partner-webiscope.eu.pagerduty.com/service-directory/P302NC4",
            "id": "P302NC4",
            "incident_urgency_rule": [
              {
                "during_support_hours": [],
                "outside_support_hours": [],
                "type": "constant",
                "urgency": "high"
              }
            ],
            "last_incident_timestamp": "",
            "name": "Adama",
            "response_play": null,
            "scheduled_actions": [],
            "status": "active",
            "support_hours": [],
            "type": "service"
          },
          "sensitive_attributes": [],
          "private": "bnVsbA==",
          "dependencies": [
            "data.pagerduty_escalation_policy.default"
          ]
        }
      ]
    },
    {
      "mode": "managed",
      "type": "pagerduty_service",
      "name": "AeroLines",
      "provider": "provider[\"registry.terraform.io/pagerduty/pagerduty\"]",
      "instances": [
        {
          "schema_version": 0,
          "attributes": {
            "acknowledgement_timeout": "1800",
            "alert_creation": "create_incidents",
            "alert_grouping": null,
            "alert_grouping_parameters": [],
            "alert_grouping_timeout": "null",
            "auto_pause_notifications_parameters": [],
            "auto_resolve_timeout": "14400",
            "created_at": "2023-02-26T17:27:48+02:00",
            "description": "AeroLines (aerolineas)",
            "escalation_policy": "PQAH7SD",
            "html_url": "https://partner-webiscope.eu.pagerduty.com/service-directory/PZST3W8",
            "id": "PZST3W8",
            "incident_urgency_rule": [
              {
                "during_support_hours": [],
                "outside_support_hours": [],
                "type": "constant",
                "urgency": "high"
              }
            ],
            "last_incident_timestamp": "",
            "name": "AeroLines",
            "response_play": null,
            "scheduled_actions": [],
            "status": "active",
            "support_hours": [],
            "type": "service"
          },
          "sensitive_attributes": [],
          "private": "bnVsbA==",
          "dependencies": [
            "data.pagerduty_escalation_policy.default"
          ]
        }
      ]
    },
    {
      "mode": "managed",
      "type": "pagerduty_service",
      "name": "Agcpartn724293144879715090",
      "provider": "provider[\"registry.terraform.io/pagerduty/pagerduty\"]",
      "instances": [
        {
          "schema_version": 0,
          "attributes": {
            "acknowledgement_timeout": "1800",
            "alert_creation": "create_incidents",
            "alert_grouping": null,
            "alert_grouping_parameters": [],
            "alert_grouping_timeout": "null",
            "auto_pause_notifications_parameters": [],
            "auto_resolve_timeout": "14400",
            "created_at": "2023-02-26T17:27:26+02:00",
            "description": "Agcpartn724293144879715090 (agcpartn724293144879715090)",
            "escalation_policy": "PQAH7SD",
            "html_url": "https://partner-webiscope.eu.pagerduty.com/service-directory/P875GKB",
            "id": "P875GKB",
            "incident_urgency_rule": [
              {
                "during_support_hours": [],
                "outside_support_hours": [],
                "type": "constant",
                "urgency": "high"
              }
            ],
            "last_incident_timestamp": "",
            "name": "Agcpartn724293144879715090",
            "response_play": null,
            "scheduled_actions": [],
            "status": "active",
            "support_hours": [],
            "type": "service"
          },
          "sensitive_attributes": [],
          "private": "bnVsbA==",
          "dependencies": [
            "data.pagerduty_escalation_policy.default"
          ]
        }
      ]
    },
    {
      "mode": "managed",
      "type": "pagerduty_service",
      "name": "Alef",
      "provider": "provider[\"registry.terraform.io/pagerduty/pagerduty\"]",
      "instances": [
        {
          "schema_version": 0,
          "attributes": {
            "acknowledgement_timeout": "1800",
            "alert_creation": "create_incidents",
            "alert_grouping": null,
            "alert_grouping_parameters": [],
            "alert_grouping_timeout": "null",
            "auto_pause_notifications_parameters": [],
            "auto_resolve_timeout": "14400",
            "created_at": "2023-02-26T17:27:10+02:00",
            "description": "Alef (alef)",
            "escalation_policy": "PQAH7SD",
            "html_url": "https://partner-webiscope.eu.pagerduty.com/service-directory/PQA76R4",
            "id": "PQA76R4",
            "incident_urgency_rule": [
              {
                "during_support_hours": [],
                "outside_support_hours": [],
                "type": "constant",
                "urgency": "high"
              }
            ],
            "last_incident_timestamp": "",
            "name": "Alef",
            "response_play": null,
            "scheduled_actions": [],
            "status": "active",
            "support_hours": [],
            "type": "service"
          },
          "sensitive_attributes": [],
          "private": "bnVsbA==",
          "dependencies": [
            "data.pagerduty_escalation_policy.default"
          ]
        }
      ]
    },
    {
      "mode": "managed",
      "type": "pagerduty_service",
      "name": "Alice",
      "provider": "provider[\"registry.terraform.io/pagerduty/pagerduty\"]",
      "instances": [
        {
          "schema_version": 0,
          "attributes": {
            "acknowledgement_timeout": "1800",
            "alert_creation": "create_incidents",
            "alert_grouping": null,
            "alert_grouping_parameters": [],
            "alert_grouping_timeout": "null",
            "auto_pause_notifications_parameters": [],
            "auto_resolve_timeout": "14400",
            "created_at": "2023-02-26T17:27:51+02:00",
            "description": "Alice (alice)",
            "escalation_policy": "PQAH7SD",
            "html_url": "https://partner-webiscope.eu.pagerduty.com/service-directory/PFO1FGH",
            "id": "PFO1FGH",
            "incident_urgency_rule": [
              {
                "during_support_hours": [],
                "outside_support_hours": [],
                "type": "constant",
                "urgency": "high"
              }
            ],
            "last_incident_timestamp": "",
            "name": "Alice",
            "response_play": null,
            "scheduled_actions": [],
            "status": "active",
            "support_hours": [],
            "type": "service"
          },
          "sensitive_attributes": [],
          "private": "bnVsbA==",
          "dependencies": [
            "data.pagerduty_escalation_policy.default"
          ]
        }
      ]
    },
    {
      "mode": "managed",
      "type": "pagerduty_service",
      "name": "Alljobs",
      "provider": "provider[\"registry.terraform.io/pagerduty/pagerduty\"]",
      "instances": [
        {
          "schema_version": 0,
          "attributes": {
            "acknowledgement_timeout": "1800",
            "alert_creation": "create_incidents",
            "alert_grouping": null,
            "alert_grouping_parameters": [],
            "alert_grouping_timeout": "null",
            "auto_pause_notifications_parameters": [],
            "auto_resolve_timeout": "14400",
            "created_at": "2023-02-26T17:27:33+02:00",
            "description": "Alljobs (alljobs)",
            "escalation_policy": "PQAH7SD",
            "html_url": "https://partner-webiscope.eu.pagerduty.com/service-directory/PLSYOPP",
            "id": "PLSYOPP",
            "incident_urgency_rule": [
              {
                "during_support_hours": [],
                "outside_support_hours": [],
                "type": "constant",
                "urgency": "high"
              }
            ],
            "last_incident_timestamp": "",
            "name": "Alljobs",
            "response_play": null,
            "scheduled_actions": [],
            "status": "active",
            "support_hours": [],
            "type": "service"
          },
          "sensitive_attributes": [],
          "private": "bnVsbA==",
          "dependencies": [
            "data.pagerduty_escalation_policy.default"
          ]
        }
      ]
    },
    {
      "mode": "managed",
      "type": "pagerduty_service",
      "name": "Allot",
      "provider": "provider[\"registry.terraform.io/pagerduty/pagerduty\"]",
      "instances": [
        {
          "schema_version": 0,
          "attributes": {
            "acknowledgement_timeout": "1800",
            "alert_creation": "create_incidents",
            "alert_grouping": null,
            "alert_grouping_parameters": [],
            "alert_grouping_timeout": "null",
            "auto_pause_notifications_parameters": [],
            "auto_resolve_timeout": "14400",
            "created_at": "2023-02-26T17:27:28+02:00",
            "description": "Allot (allot)",
            "escalation_policy": "PQAH7SD",
            "html_url": "https://partner-webiscope.eu.pagerduty.com/service-directory/P3JPA69",
            "id": "P3JPA69",
            "incident_urgency_rule": [
              {
                "during_support_hours": [],
                "outside_support_hours": [],
                "type": "constant",
                "urgency": "high"
              }
            ],
            "last_incident_timestamp": "",
            "name": "Allot",
            "response_play": null,
            "scheduled_actions": [],
            "status": "active",
            "support_hours": [],
            "type": "service"
          },
          "sensitive_attributes": [],
          "private": "bnVsbA==",
          "dependencies": [
            "data.pagerduty_escalation_policy.default"
          ]
        }
      ]
    },
    {
      "mode": "managed",
      "type": "pagerduty_service",
      "name": "Alpha",
      "provider": "provider[\"registry.terraform.io/pagerduty/pagerduty\"]",
      "instances": [
        {
          "schema_version": 0,
          "attributes": {
            "acknowledgement_timeout": "1800",
            "alert_creation": "create_incidents",
            "alert_grouping": null,
            "alert_grouping_parameters": [],
            "alert_grouping_timeout": "null",
            "auto_pause_notifications_parameters": [],
            "auto_resolve_timeout": "14400",
            "created_at": "2023-02-26T17:27:15+02:00",
            "description": "Alpha (alpha)",
            "escalation_policy": "PQAH7SD",
            "html_url": "https://partner-webiscope.eu.pagerduty.com/service-directory/P51XFIN",
            "id": "P51XFIN",
            "incident_urgency_rule": [
              {
                "during_support_hours": [],
                "outside_support_hours": [],
                "type": "constant",
                "urgency": "high"
              }
            ],
            "last_incident_timestamp": "",
            "name": "Alpha",
            "response_play": null,
            "scheduled_actions": [],
            "status": "active",
            "support_hours": [],
            "type": "service"
          },
          "sensitive_attributes": [],
          "private": "bnVsbA==",
          "dependencies": [
            "data.pagerduty_escalation_policy.default"
          ]
        }
      ]
    },
    {
      "mode": "managed",
      "type": "pagerduty_service",
      "name": "Americane82018410522879632",
      "provider": "provider[\"registry.terraform.io/pagerduty/pagerduty\"]",
      "instances": [
        {
          "schema_version": 0,
          "attributes": {
            "acknowledgement_timeout": "1800",
            "alert_creation": "create_incidents",
            "alert_grouping": null,
            "alert_grouping_parameters": [],
            "alert_grouping_timeout": "null",
            "auto_pause_notifications_parameters": [],
            "auto_resolve_timeout": "14400",
            "created_at": "2023-02-26T17:27:49+02:00",
            "description": "Americane82018410522879632 (americane82018410522879632)",
            "escalation_policy": "PQAH7SD",
            "html_url": "https://partner-webiscope.eu.pagerduty.com/service-directory/PCQ8L6W",
            "id": "PCQ8L6W",
            "incident_urgency_rule": [
              {
                "during_support_hours": [],
                "outside_support_hours": [],
                "type": "constant",
                "urgency": "high"
              }
            ],
            "last_incident_timestamp": "",
            "name": "Americane82018410522879632",
            "response_play": null,
            "scheduled_actions": [],
            "status": "active",
            "support_hours": [],
            "type": "service"
          },
          "sensitive_attributes": [],
          "private": "bnVsbA==",
          "dependencies": [
            "data.pagerduty_escalation_policy.default"
          ]
        }
      ]
    },
    {
      "mode": "managed",
      "type": "pagerduty_service",
      "name": "Amidar",
      "provider": "provider[\"registry.terraform.io/pagerduty/pagerduty\"]",
      "instances": [
        {
          "schema_version": 0,
          "attributes": {
            "acknowledgement_timeout": "1800",
            "alert_creation": "create_incidents",
            "alert_grouping": null,
            "alert_grouping_parameters": [],
            "alert_grouping_timeout": "null",
            "auto_pause_notifications_parameters": [],
            "auto_resolve_timeout": "14400",
            "created_at": "2023-02-26T17:27:22+02:00",
            "description": "Amidar (amidar)",
            "escalation_policy": "PQAH7SD",
            "html_url": "https://partner-webiscope.eu.pagerduty.com/service-directory/PB1R8I8",
            "id": "PB1R8I8",
            "incident_urgency_rule": [
              {
                "during_support_hours": [],
                "outside_support_hours": [],
                "type": "constant",
                "urgency": "high"
              }
            ],
            "last_incident_timestamp": "",
            "name": "Amidar",
            "response_play": null,
            "scheduled_actions": [],
            "status": "active",
            "support_hours": [],
            "type": "service"
          },
          "sensitive_attributes": [],
          "private": "bnVsbA==",
          "dependencies": [
            "data.pagerduty_escalation_policy.default"
          ]
        }
      ]
    },
    {
      "mode": "managed",
      "type": "pagerduty_service",
      "name": "Apna",
      "provider": "provider[\"registry.terraform.io/pagerduty/pagerduty\"]",
      "instances": [
        {
          "schema_version": 0,
          "attributes": {
            "acknowledgement_timeout": "1800",
            "alert_creation": "create_incidents",
            "alert_grouping": null,
            "alert_grouping_parameters": [],
            "alert_grouping_timeout": "null",
            "auto_pause_notifications_parameters": [],
            "auto_resolve_timeout": "14400",
            "created_at": "2023-02-26T17:27:37+02:00",
            "description": "Apna (apna)",
            "escalation_policy": "PQAH7SD",
            "html_url": "https://partner-webiscope.eu.pagerduty.com/service-directory/PCGLKGV",
            "id": "PCGLKGV",
            "incident_urgency_rule": [
              {
                "during_support_hours": [],
                "outside_support_hours": [],
                "type": "constant",
                "urgency": "high"
              }
            ],
            "last_incident_timestamp": "",
            "name": "Apna",
            "response_play": null,
            "scheduled_actions": [],
            "status": "active",
            "support_hours": [],
            "type": "service"
          },
          "sensitive_attributes": [],
          "private": "bnVsbA==",
          "dependencies": [
            "data.pagerduty_escalation_policy.default"
          ]
        }
      ]
    },
    {
      "mode": "managed",
      "type": "pagerduty_service",
      "name": "Appviewx816140081204059790",
      "provider": "provider[\"registry.terraform.io/pagerduty/pagerduty\"]",
      "instances": [
        {
          "schema_version": 0,
          "attributes": {
            "acknowledgement_timeout": "1800",
            "alert_creation": "create_incidents",
            "alert_grouping": null,
            "alert_grouping_parameters": [],
            "alert_grouping_timeout": "null",
            "auto_pause_notifications_parameters": [],
            "auto_resolve_timeout": "14400",
            "created_at": "2023-02-26T17:27:37+02:00",
            "description": "Appviewx816140081204059790 (appviewx816140081204059790)",
            "escalation_policy": "PQAH7SD",
            "html_url": "https://partner-webiscope.eu.pagerduty.com/service-directory/PK2XM88",
            "id": "PK2XM88",
            "incident_urgency_rule": [
              {
                "during_support_hours": [],
                "outside_support_hours": [],
                "type": "constant",
                "urgency": "high"
              }
            ],
            "last_incident_timestamp": "",
            "name": "Appviewx816140081204059790",
            "response_play": null,
            "scheduled_actions": [],
            "status": "active",
            "support_hours": [],
            "type": "service"
          },
          "sensitive_attributes": [],
          "private": "bnVsbA==",
          "dependencies": [
            "data.pagerduty_escalation_policy.default"
          ]
        }
      ]
    },
    {
      "mode": "managed",
      "type": "pagerduty_service",
      "name": "Ariel",
      "provider": "provider[\"registry.terraform.io/pagerduty/pagerduty\"]",
      "instances": [
        {
          "schema_version": 0,
          "attributes": {
            "acknowledgement_timeout": "1800",
            "alert_creation": "create_incidents",
            "alert_grouping": null,
            "alert_grouping_parameters": [],
            "alert_grouping_timeout": "null",
            "auto_pause_notifications_parameters": [],
            "auto_resolve_timeout": "14400",
            "created_at": "2023-02-26T17:27:35+02:00",
            "description": "Ariel (ariel)",
            "escalation_policy": "PQAH7SD",
            "html_url": "https://partner-webiscope.eu.pagerduty.com/service-directory/P1HH503",
            "id": "P1HH503",
            "incident_urgency_rule": [
              {
                "during_support_hours": [],
                "outside_support_hours": [],
                "type": "constant",
                "urgency": "high"
              }
            ],
            "last_incident_timestamp": "",
            "name": "Ariel",
            "response_play": null,
            "scheduled_actions": [],
            "status": "active",
            "support_hours": [],
            "type": "service"
          },
          "sensitive_attributes": [],
          "private": "bnVsbA==",
          "dependencies": [
            "data.pagerduty_escalation_policy.default"
          ]
        }
      ]
    },
    {
      "mode": "managed",
      "type": "pagerduty_service",
      "name": "Armyph",
      "provider": "provider[\"registry.terraform.io/pagerduty/pagerduty\"]",
      "instances": [
        {
          "schema_version": 0,
          "attributes": {
            "acknowledgement_timeout": "1800",
            "alert_creation": "create_incidents",
            "alert_grouping": null,
            "alert_grouping_parameters": [],
            "alert_grouping_timeout": "null",
            "auto_pause_notifications_parameters": [],
            "auto_resolve_timeout": "14400",
            "created_at": "2023-02-26T17:27:23+02:00",
            "description": "Armyph (armyph)",
            "escalation_policy": "PQAH7SD",
            "html_url": "https://partner-webiscope.eu.pagerduty.com/service-directory/P2OX4A2",
            "id": "P2OX4A2",
            "incident_urgency_rule": [
              {
                "during_support_hours": [],
                "outside_support_hours": [],
                "type": "constant",
                "urgency": "high"
              }
            ],
            "last_incident_timestamp": "",
            "name": "Armyph",
            "response_play": null,
            "scheduled_actions": [],
            "status": "active",
            "support_hours": [],
            "type": "service"
          },
          "sensitive_attributes": [],
          "private": "bnVsbA==",
          "dependencies": [
            "data.pagerduty_escalation_policy.default"
          ]
        }
      ]
    },
    {
      "mode": "managed",
      "type": "pagerduty_service",
      "name": "Astro",
      "provider": "provider[\"registry.terraform.io/pagerduty/pagerduty\"]",
      "instances": [
        {
          "schema_version": 0,
          "attributes": {
            "acknowledgement_timeout": "1800",
            "alert_creation": "create_incidents",
            "alert_grouping": null,
            "alert_grouping_parameters": [],
            "alert_grouping_timeout": "null",
            "auto_pause_notifications_parameters": [],
            "auto_resolve_timeout": "14400",
            "created_at": "2023-02-26T17:27:40+02:00",
            "description": "Astro (astro)",
            "escalation_policy": "PQAH7SD",
            "html_url": "https://partner-webiscope.eu.pagerduty.com/service-directory/PYW5E23",
            "id": "PYW5E23",
            "incident_urgency_rule": [
              {
                "during_support_hours": [],
                "outside_support_hours": [],
                "type": "constant",
                "urgency": "high"
              }
            ],
            "last_incident_timestamp": "",
            "name": "Astro",
            "response_play": null,
            "scheduled_actions": [],
            "status": "active",
            "support_hours": [],
            "type": "service"
          },
          "sensitive_attributes": [],
          "private": "bnVsbA==",
          "dependencies": [
            "data.pagerduty_escalation_policy.default"
          ]
        }
      ]
    },
    {
      "mode": "managed",
      "type": "pagerduty_service",
      "name": "Avesta",
      "provider": "provider[\"registry.terraform.io/pagerduty/pagerduty\"]",
      "instances": [
        {
          "schema_version": 0,
          "attributes": {
            "acknowledgement_timeout": "1800",
            "alert_creation": "create_incidents",
            "alert_grouping": null,
            "alert_grouping_parameters": [],
            "alert_grouping_timeout": "null",
            "auto_pause_notifications_parameters": [],
            "auto_resolve_timeout": "14400",
            "created_at": "2023-02-26T17:28:00+02:00",
            "description": "Avesta (avesta)",
            "escalation_policy": "PQAH7SD",
            "html_url": "https://partner-webiscope.eu.pagerduty.com/service-directory/PO3G1F6",
            "id": "PO3G1F6",
            "incident_urgency_rule": [
              {
                "during_support_hours": [],
                "outside_support_hours": [],
                "type": "constant",
                "urgency": "high"
              }
            ],
            "last_incident_timestamp": "",
            "name": "Avesta",
            "response_play": null,
            "scheduled_actions": [],
            "status": "active",
            "support_hours": [],
            "type": "service"
          },
          "sensitive_attributes": [],
          "private": "bnVsbA==",
          "dependencies": [
            "data.pagerduty_escalation_policy.default"
          ]
        }
      ]
    },
    {
      "mode": "managed",
      "type": "pagerduty_service",
      "name": "Backlotcars",
      "provider": "provider[\"registry.terraform.io/pagerduty/pagerduty\"]",
      "instances": [
        {
          "schema_version": 0,
          "attributes": {
            "acknowledgement_timeout": "1800",
            "alert_creation": "create_incidents",
            "alert_grouping": null,
            "alert_grouping_parameters": [],
            "alert_grouping_timeout": "null",
            "auto_pause_notifications_parameters": [],
            "auto_resolve_timeout": "14400",
            "created_at": "2023-02-26T17:27:58+02:00",
            "description": "Backlotcars (backlotcars)",
            "escalation_policy": "PQAH7SD",
            "html_url": "https://partner-webiscope.eu.pagerduty.com/service-directory/P86074I",
            "id": "P86074I",
            "incident_urgency_rule": [
              {
                "during_support_hours": [],
                "outside_support_hours": [],
                "type": "constant",
                "urgency": "high"
              }
            ],
            "last_incident_timestamp": "",
            "name": "Backlotcars",
            "response_play": null,
            "scheduled_actions": [],
            "status": "active",
            "support_hours": [],
            "type": "service"
          },
          "sensitive_attributes": [],
          "private": "bnVsbA==",
          "dependencies": [
            "data.pagerduty_escalation_policy.default"
          ]
        }
      ]
    },
    {
      "mode": "managed",
      "type": "pagerduty_service",
      "name": "Baoyi",
      "provider": "provider[\"registry.terraform.io/pagerduty/pagerduty\"]",
      "instances": [
        {
          "schema_version": 0,
          "attributes": {
            "acknowledgement_timeout": "1800",
            "alert_creation": "create_incidents",
            "alert_grouping": null,
            "alert_grouping_parameters": [],
            "alert_grouping_timeout": "null",
            "auto_pause_notifications_parameters": [],
            "auto_resolve_timeout": "14400",
            "created_at": "2023-02-26T17:27:30+02:00",
            "description": "Baoyi (baoyi)",
            "escalation_policy": "PQAH7SD",
            "html_url": "https://partner-webiscope.eu.pagerduty.com/service-directory/PR2EW8N",
            "id": "PR2EW8N",
            "incident_urgency_rule": [
              {
                "during_support_hours": [],
                "outside_support_hours": [],
                "type": "constant",
                "urgency": "high"
              }
            ],
            "last_incident_timestamp": "",
            "name": "Baoyi",
            "response_play": null,
            "scheduled_actions": [],
            "status": "active",
            "support_hours": [],
            "type": "service"
          },
          "sensitive_attributes": [],
          "private": "bnVsbA==",
          "dependencies": [
            "data.pagerduty_escalation_policy.default"
          ]
        }
      ]
    },
    {
      "mode": "managed",
      "type": "pagerduty_service",
      "name": "Bdirector",
      "provider": "provider[\"registry.terraform.io/pagerduty/pagerduty\"]",
      "instances": [
        {
          "schema_version": 0,
          "attributes": {
            "acknowledgement_timeout": "1800",
            "alert_creation": "create_incidents",
            "alert_grouping": null,
            "alert_grouping_parameters": [],
            "alert_grouping_timeout": "null",
            "auto_pause_notifications_parameters": [],
            "auto_resolve_timeout": "14400",
            "created_at": "2023-02-26T17:27:48+02:00",
            "description": "Bdirector (bdirector)",
            "escalation_policy": "PQAH7SD",
            "html_url": "https://partner-webiscope.eu.pagerduty.com/service-directory/PVG52GI",
            "id": "PVG52GI",
            "incident_urgency_rule": [
              {
                "during_support_hours": [],
                "outside_support_hours": [],
                "type": "constant",
                "urgency": "high"
              }
            ],
            "last_incident_timestamp": "",
            "name": "Bdirector",
            "response_play": null,
            "scheduled_actions": [],
            "status": "active",
            "support_hours": [],
            "type": "service"
          },
          "sensitive_attributes": [],
          "private": "bnVsbA==",
          "dependencies": [
            "data.pagerduty_escalation_policy.default"
          ]
        }
      ]
    },
    {
      "mode": "managed",
      "type": "pagerduty_service",
      "name": "Berl",
      "provider": "provider[\"registry.terraform.io/pagerduty/pagerduty\"]",
      "instances": [
        {
          "schema_version": 0,
          "attributes": {
            "acknowledgement_timeout": "1800",
            "alert_creation": "create_incidents",
            "alert_grouping": null,
            "alert_grouping_parameters": [],
            "alert_grouping_timeout": "null",
            "auto_pause_notifications_parameters": [],
            "auto_resolve_timeout": "14400",
            "created_at": "2023-02-26T17:27:56+02:00",
            "description": "Berl (berl)",
            "escalation_policy": "PQAH7SD",
            "html_url": "https://partner-webiscope.eu.pagerduty.com/service-directory/PWCSSO0",
            "id": "PWCSSO0",
            "incident_urgency_rule": [
              {
                "during_support_hours": [],
                "outside_support_hours": [],
                "type": "constant",
                "urgency": "high"
              }
            ],
            "last_incident_timestamp": "",
            "name": "Berl",
            "response_play": null,
            "scheduled_actions": [],
            "status": "active",
            "support_hours": [],
            "type": "service"
          },
          "sensitive_attributes": [],
          "private": "bnVsbA==",
          "dependencies": [
            "data.pagerduty_escalation_policy.default"
          ]
        }
      ]
    },
    {
      "mode": "managed",
      "type": "pagerduty_service",
      "name": "Betfair",
      "provider": "provider[\"registry.terraform.io/pagerduty/pagerduty\"]",
      "instances": [
        {
          "schema_version": 0,
          "attributes": {
            "acknowledgement_timeout": "1800",
            "alert_creation": "create_incidents",
            "alert_grouping": null,
            "alert_grouping_parameters": [],
            "alert_grouping_timeout": "null",
            "auto_pause_notifications_parameters": [],
            "auto_resolve_timeout": "14400",
            "created_at": "2023-02-26T17:27:44+02:00",
            "description": "Betfair (betfair)",
            "escalation_policy": "PQAH7SD",
            "html_url": "https://partner-webiscope.eu.pagerduty.com/service-directory/PERETPC",
            "id": "PERETPC",
            "incident_urgency_rule": [
              {
                "during_support_hours": [],
                "outside_support_hours": [],
                "type": "constant",
                "urgency": "high"
              }
            ],
            "last_incident_timestamp": "",
            "name": "Betfair",
            "response_play": null,
            "scheduled_actions": [],
            "status": "active",
            "support_hours": [],
            "type": "service"
          },
          "sensitive_attributes": [],
          "private": "bnVsbA==",
          "dependencies": [
            "data.pagerduty_escalation_policy.default"
          ]
        }
      ]
    },
    {
      "mode": "managed",
      "type": "pagerduty_service",
      "name": "Betfaircasino",
      "provider": "provider[\"registry.terraform.io/pagerduty/pagerduty\"]",
      "instances": [
        {
          "schema_version": 0,
          "attributes": {
            "acknowledgement_timeout": "1800",
            "alert_creation": "create_incidents",
            "alert_grouping": null,
            "alert_grouping_parameters": [],
            "alert_grouping_timeout": "null",
            "auto_pause_notifications_parameters": [],
            "auto_resolve_timeout": "14400",
            "created_at": "2023-02-26T17:27:05+02:00",
            "description": "Betfaircasino (betfaircasino)",
            "escalation_policy": "PQAH7SD",
            "html_url": "https://partner-webiscope.eu.pagerduty.com/service-directory/P17UYDH",
            "id": "P17UYDH",
            "incident_urgency_rule": [
              {
                "during_support_hours": [],
                "outside_support_hours": [],
                "type": "constant",
                "urgency": "high"
              }
            ],
            "last_incident_timestamp": "",
            "name": "Betfaircasino",
            "response_play": null,
            "scheduled_actions": [],
            "status": "active",
            "support_hours": [],
            "type": "service"
          },
          "sensitive_attributes": [],
          "private": "bnVsbA==",
          "dependencies": [
            "data.pagerduty_escalation_policy.default"
          ]
        }
      ]
    },
    {
      "mode": "managed",
      "type": "pagerduty_service",
      "name": "Betfaircasinostg",
      "provider": "provider[\"registry.terraform.io/pagerduty/pagerduty\"]",
      "instances": [
        {
          "schema_version": 0,
          "attributes": {
            "acknowledgement_timeout": "1800",
            "alert_creation": "create_incidents",
            "alert_grouping": null,
            "alert_grouping_parameters": [],
            "alert_grouping_timeout": "null",
            "auto_pause_notifications_parameters": [],
            "auto_resolve_timeout": "14400",
            "created_at": "2023-02-26T17:27:19+02:00",
            "description": "Betfaircasinostg (betfaircasinostg)",
            "escalation_policy": "PQAH7SD",
            "html_url": "https://partner-webiscope.eu.pagerduty.com/service-directory/PFP7SZA",
            "id": "PFP7SZA",
            "incident_urgency_rule": [
              {
                "during_support_hours": [],
                "outside_support_hours": [],
                "type": "constant",
                "urgency": "high"
              }
            ],
            "last_incident_timestamp": "",
            "name": "Betfaircasinostg",
            "response_play": null,
            "scheduled_actions": [],
            "status": "active",
            "support_hours": [],
            "type": "service"
          },
          "sensitive_attributes": [],
          "private": "bnVsbA==",
          "dependencies": [
            "data.pagerduty_escalation_policy.default"
          ]
        }
      ]
    },
    {
      "mode": "managed",
      "type": "pagerduty_service",
      "name": "Betfairstg",
      "provider": "provider[\"registry.terraform.io/pagerduty/pagerduty\"]",
      "instances": [
        {
          "schema_version": 0,
          "attributes": {
            "acknowledgement_timeout": "1800",
            "alert_creation": "create_incidents",
            "alert_grouping": null,
            "alert_grouping_parameters": [],
            "alert_grouping_timeout": "null",
            "auto_pause_notifications_parameters": [],
            "auto_resolve_timeout": "14400",
            "created_at": "2023-02-26T17:27:14+02:00",
            "description": "Betfairstg (betfairstg)",
            "escalation_policy": "PQAH7SD",
            "html_url": "https://partner-webiscope.eu.pagerduty.com/service-directory/PWVFIBD",
            "id": "PWVFIBD",
            "incident_urgency_rule": [
              {
                "during_support_hours": [],
                "outside_support_hours": [],
                "type": "constant",
                "urgency": "high"
              }
            ],
            "last_incident_timestamp": "",
            "name": "Betfairstg",
            "response_play": null,
            "scheduled_actions": [],
            "status": "active",
            "support_hours": [],
            "type": "service"
          },
          "sensitive_attributes": [],
          "private": "bnVsbA==",
          "dependencies": [
            "data.pagerduty_escalation_policy.default"
          ]
        }
      ]
    },
    {
      "mode": "managed",
      "type": "pagerduty_service",
      "name": "Betterup",
      "provider": "provider[\"registry.terraform.io/pagerduty/pagerduty\"]",
      "instances": [
        {
          "schema_version": 0,
          "attributes": {
            "acknowledgement_timeout": "1800",
            "alert_creation": "create_incidents",
            "alert_grouping": null,
            "alert_grouping_parameters": [],
            "alert_grouping_timeout": "null",
            "auto_pause_notifications_parameters": [],
            "auto_resolve_timeout": "14400",
            "created_at": "2023-02-26T17:27:41+02:00",
            "description": "Betterup (betterup)",
            "escalation_policy": "PQAH7SD",
            "html_url": "https://partner-webiscope.eu.pagerduty.com/service-directory/PBTLYCR",
            "id": "PBTLYCR",
            "incident_urgency_rule": [
              {
                "during_support_hours": [],
                "outside_support_hours": [],
                "type": "constant",
                "urgency": "high"
              }
            ],
            "last_incident_timestamp": "",
            "name": "Betterup",
            "response_play": null,
            "scheduled_actions": [],
            "status": "active",
            "support_hours": [],
            "type": "service"
          },
          "sensitive_attributes": [],
          "private": "bnVsbA==",
          "dependencies": [
            "data.pagerduty_escalation_policy.default"
          ]
        }
      ]
    },
    {
      "mode": "managed",
      "type": "pagerduty_service",
      "name": "Bigimmer281521707765566363",
      "provider": "provider[\"registry.terraform.io/pagerduty/pagerduty\"]",
      "instances": [
        {
          "schema_version": 0,
          "attributes": {
            "acknowledgement_timeout": "1800",
            "alert_creation": "create_incidents",
            "alert_grouping": null,
            "alert_grouping_parameters": [],
            "alert_grouping_timeout": "null",
            "auto_pause_notifications_parameters": [],
            "auto_resolve_timeout": "14400",
            "created_at": "2023-02-26T17:28:02+02:00",
            "description": "Bigimmer281521707765566363 (bigimmer281521707765566363)",
            "escalation_policy": "PQAH7SD",
            "html_url": "https://partner-webiscope.eu.pagerduty.com/service-directory/PNSNID4",
            "id": "PNSNID4",
            "incident_urgency_rule": [
              {
                "during_support_hours": [],
                "outside_support_hours": [],
                "type": "constant",
                "urgency": "high"
              }
            ],
            "last_incident_timestamp": "",
            "name": "Bigimmer281521707765566363",
            "response_play": null,
            "scheduled_actions": [],
            "status": "active",
            "support_hours": [],
            "type": "service"
          },
          "sensitive_attributes": [],
          "private": "bnVsbA==",
          "dependencies": [
            "data.pagerduty_escalation_policy.default"
          ]
        }
      ]
    },
    {
      "mode": "managed",
      "type": "pagerduty_service",
      "name": "Biodata",
      "provider": "provider[\"registry.terraform.io/pagerduty/pagerduty\"]",
      "instances": [
        {
          "schema_version": 0,
          "attributes": {
            "acknowledgement_timeout": "1800",
            "alert_creation": "create_incidents",
            "alert_grouping": null,
            "alert_grouping_parameters": [],
            "alert_grouping_timeout": "null",
            "auto_pause_notifications_parameters": [],
            "auto_resolve_timeout": "14400",
            "created_at": "2023-02-26T17:27:28+02:00",
            "description": "Biodata (biodata)",
            "escalation_policy": "PQAH7SD",
            "html_url": "https://partner-webiscope.eu.pagerduty.com/service-directory/P0N1ZTJ",
            "id": "P0N1ZTJ",
            "incident_urgency_rule": [
              {
                "during_support_hours": [],
                "outside_support_hours": [],
                "type": "constant",
                "urgency": "high"
              }
            ],
            "last_incident_timestamp": "",
            "name": "Biodata",
            "response_play": null,
            "scheduled_actions": [],
            "status": "active",
            "support_hours": [],
            "type": "service"
          },
          "sensitive_attributes": [],
          "private": "bnVsbA==",
          "dependencies": [
            "data.pagerduty_escalation_policy.default"
          ]
        }
      ]
    },
    {
      "mode": "managed",
      "type": "pagerduty_service",
      "name": "Bitsofgold",
      "provider": "provider[\"registry.terraform.io/pagerduty/pagerduty\"]",
      "instances": [
        {
          "schema_version": 0,
          "attributes": {
            "acknowledgement_timeout": "1800",
            "alert_creation": "create_incidents",
            "alert_grouping": null,
            "alert_grouping_parameters": [],
            "alert_grouping_timeout": "null",
            "auto_pause_notifications_parameters": [],
            "auto_resolve_timeout": "14400",
            "created_at": "2023-02-26T17:27:30+02:00",
            "description": "Bitsofgold (bitsofgold)",
            "escalation_policy": "PQAH7SD",
            "html_url": "https://partner-webiscope.eu.pagerduty.com/service-directory/P6H5UGX",
            "id": "P6H5UGX",
            "incident_urgency_rule": [
              {
                "during_support_hours": [],
                "outside_support_hours": [],
                "type": "constant",
                "urgency": "high"
              }
            ],
            "last_incident_timestamp": "",
            "name": "Bitsofgold",
            "response_play": null,
            "scheduled_actions": [],
            "status": "active",
            "support_hours": [],
            "type": "service"
          },
          "sensitive_attributes": [],
          "private": "bnVsbA==",
          "dependencies": [
            "data.pagerduty_escalation_policy.default"
          ]
        }
      ]
    },
    {
      "mode": "managed",
      "type": "pagerduty_service",
      "name": "Bluegrid92868745751327215",
      "provider": "provider[\"registry.terraform.io/pagerduty/pagerduty\"]",
      "instances": [
        {
          "schema_version": 0,
          "attributes": {
            "acknowledgement_timeout": "1800",
            "alert_creation": "create_incidents",
            "alert_grouping": null,
            "alert_grouping_parameters": [],
            "alert_grouping_timeout": "null",
            "auto_pause_notifications_parameters": [],
            "auto_resolve_timeout": "14400",
            "created_at": "2023-02-26T17:27:42+02:00",
            "description": "Bluegrid92868745751327215 (bluegrid92868745751327215)",
            "escalation_policy": "PQAH7SD",
            "html_url": "https://partner-webiscope.eu.pagerduty.com/service-directory/P6QSV6Y",
            "id": "P6QSV6Y",
            "incident_urgency_rule": [
              {
                "during_support_hours": [],
                "outside_support_hours": [],
                "type": "constant",
                "urgency": "high"
              }
            ],
            "last_incident_timestamp": "",
            "name": "Bluegrid92868745751327215",
            "response_play": null,
            "scheduled_actions": [],
            "status": "active",
            "support_hours": [],
            "type": "service"
          },
          "sensitive_attributes": [],
          "private": "bnVsbA==",
          "dependencies": [
            "data.pagerduty_escalation_policy.default"
          ]
        }
      ]
    },
    {
      "mode": "managed",
      "type": "pagerduty_service",
      "name": "Bnhp",
      "provider": "provider[\"registry.terraform.io/pagerduty/pagerduty\"]",
      "instances": [
        {
          "schema_version": 0,
          "attributes": {
            "acknowledgement_timeout": "1800",
            "alert_creation": "create_incidents",
            "alert_grouping": null,
            "alert_grouping_parameters": [],
            "alert_grouping_timeout": "null",
            "auto_pause_notifications_parameters": [],
            "auto_resolve_timeout": "14400",
            "created_at": "2023-02-26T17:27:54+02:00",
            "description": "Bnhp (bnhp)",
            "escalation_policy": "PQAH7SD",
            "html_url": "https://partner-webiscope.eu.pagerduty.com/service-directory/P5JCVWZ",
            "id": "P5JCVWZ",
            "incident_urgency_rule": [
              {
                "during_support_hours": [],
                "outside_support_hours": [],
                "type": "constant",
                "urgency": "high"
              }
            ],
            "last_incident_timestamp": "",
            "name": "Bnhp",
            "response_play": null,
            "scheduled_actions": [],
            "status": "active",
            "support_hours": [],
            "type": "service"
          },
          "sensitive_attributes": [],
          "private": "bnVsbA==",
          "dependencies": [
            "data.pagerduty_escalation_policy.default"
          ]
        }
      ]
    },
    {
      "mode": "managed",
      "type": "pagerduty_service",
      "name": "Bnology",
      "provider": "provider[\"registry.terraform.io/pagerduty/pagerduty\"]",
      "instances": [
        {
          "schema_version": 0,
          "attributes": {
            "acknowledgement_timeout": "1800",
            "alert_creation": "create_incidents",
            "alert_grouping": null,
            "alert_grouping_parameters": [],
            "alert_grouping_timeout": "null",
            "auto_pause_notifications_parameters": [],
            "auto_resolve_timeout": "14400",
            "created_at": "2023-02-26T17:27:04+02:00",
            "description": "Bnology (bnology)",
            "escalation_policy": "PQAH7SD",
            "html_url": "https://partner-webiscope.eu.pagerduty.com/service-directory/P8T3A5X",
            "id": "P8T3A5X",
            "incident_urgency_rule": [
              {
                "during_support_hours": [],
                "outside_support_hours": [],
                "type": "constant",
                "urgency": "high"
              }
            ],
            "last_incident_timestamp": "",
            "name": "Bnology",
            "response_play": null,
            "scheduled_actions": [],
            "status": "active",
            "support_hours": [],
            "type": "service"
          },
          "sensitive_attributes": [],
          "private": "bnVsbA==",
          "dependencies": [
            "data.pagerduty_escalation_policy.default"
          ]
        }
      ]
    },
    {
      "mode": "managed",
      "type": "pagerduty_service",
      "name": "Boltreblaze",
      "provider": "provider[\"registry.terraform.io/pagerduty/pagerduty\"]",
      "instances": [
        {
          "schema_version": 0,
          "attributes": {
            "acknowledgement_timeout": "1800",
            "alert_creation": "create_incidents",
            "alert_grouping": null,
            "alert_grouping_parameters": [],
            "alert_grouping_timeout": "null",
            "auto_pause_notifications_parameters": [],
            "auto_resolve_timeout": "14400",
            "created_at": "2023-02-26T17:27:04+02:00",
            "description": "Boltreblaze (boltreblaze)",
            "escalation_policy": "PQAH7SD",
            "html_url": "https://partner-webiscope.eu.pagerduty.com/service-directory/PWO0C9A",
            "id": "PWO0C9A",
            "incident_urgency_rule": [
              {
                "during_support_hours": [],
                "outside_support_hours": [],
                "type": "constant",
                "urgency": "high"
              }
            ],
            "last_incident_timestamp": "",
            "name": "Boltreblaze",
            "response_play": null,
            "scheduled_actions": [],
            "status": "active",
            "support_hours": [],
            "type": "service"
          },
          "sensitive_attributes": [],
          "private": "bnVsbA==",
          "dependencies": [
            "data.pagerduty_escalation_policy.default"
          ]
        }
      ]
    },
    {
      "mode": "managed",
      "type": "pagerduty_service",
      "name": "Bookaway",
      "provider": "provider[\"registry.terraform.io/pagerduty/pagerduty\"]",
      "instances": [
        {
          "schema_version": 0,
          "attributes": {
            "acknowledgement_timeout": "1800",
            "alert_creation": "create_incidents",
            "alert_grouping": null,
            "alert_grouping_parameters": [],
            "alert_grouping_timeout": "null",
            "auto_pause_notifications_parameters": [],
            "auto_resolve_timeout": "14400",
            "created_at": "2023-02-26T17:27:52+02:00",
            "description": "Bookaway (bookaway)",
            "escalation_policy": "PQAH7SD",
            "html_url": "https://partner-webiscope.eu.pagerduty.com/service-directory/PN7VCO1",
            "id": "PN7VCO1",
            "incident_urgency_rule": [
              {
                "during_support_hours": [],
                "outside_support_hours": [],
                "type": "constant",
                "urgency": "high"
              }
            ],
            "last_incident_timestamp": "",
            "name": "Bookaway",
            "response_play": null,
            "scheduled_actions": [],
            "status": "active",
            "support_hours": [],
            "type": "service"
          },
          "sensitive_attributes": [],
          "private": "bnVsbA==",
          "dependencies": [
            "data.pagerduty_escalation_policy.default"
          ]
        }
      ]
    },
    {
      "mode": "managed",
      "type": "pagerduty_service",
      "name": "Box",
      "provider": "provider[\"registry.terraform.io/pagerduty/pagerduty\"]",
      "instances": [
        {
          "schema_version": 0,
          "attributes": {
            "acknowledgement_timeout": "1800",
            "alert_creation": "create_incidents",
            "alert_grouping": null,
            "alert_grouping_parameters": [],
            "alert_grouping_timeout": "null",
            "auto_pause_notifications_parameters": [],
            "auto_resolve_timeout": "14400",
            "created_at": "2023-02-26T17:27:16+02:00",
            "description": "Box (box)",
            "escalation_policy": "PQAH7SD",
            "html_url": "https://partner-webiscope.eu.pagerduty.com/service-directory/POYBB7L",
            "id": "POYBB7L",
            "incident_urgency_rule": [
              {
                "during_support_hours": [],
                "outside_support_hours": [],
                "type": "constant",
                "urgency": "high"
              }
            ],
            "last_incident_timestamp": "",
            "name": "Box",
            "response_play": null,
            "scheduled_actions": [],
            "status": "active",
            "support_hours": [],
            "type": "service"
          },
          "sensitive_attributes": [],
          "private": "bnVsbA==",
          "dependencies": [
            "data.pagerduty_escalation_policy.default"
          ]
        }
      ]
    },
    {
      "mode": "managed",
      "type": "pagerduty_service",
      "name": "Brasilseg",
      "provider": "provider[\"registry.terraform.io/pagerduty/pagerduty\"]",
      "instances": [
        {
          "schema_version": 0,
          "attributes": {
            "acknowledgement_timeout": "1800",
            "alert_creation": "create_incidents",
            "alert_grouping": null,
            "alert_grouping_parameters": [],
            "alert_grouping_timeout": "null",
            "auto_pause_notifications_parameters": [],
            "auto_resolve_timeout": "14400",
            "created_at": "2023-02-26T17:28:03+02:00",
            "description": "Brasilseg (brasilseg)",
            "escalation_policy": "PQAH7SD",
            "html_url": "https://partner-webiscope.eu.pagerduty.com/service-directory/PM2KHYY",
            "id": "PM2KHYY",
            "incident_urgency_rule": [
              {
                "during_support_hours": [],
                "outside_support_hours": [],
                "type": "constant",
                "urgency": "high"
              }
            ],
            "last_incident_timestamp": "",
            "name": "Brasilseg",
            "response_play": null,
            "scheduled_actions": [],
            "status": "active",
            "support_hours": [],
            "type": "service"
          },
          "sensitive_attributes": [],
          "private": "bnVsbA==",
          "dependencies": [
            "data.pagerduty_escalation_policy.default"
          ]
        }
      ]
    },
    {
      "mode": "managed",
      "type": "pagerduty_service",
      "name": "Cachcow",
      "provider": "provider[\"registry.terraform.io/pagerduty/pagerduty\"]",
      "instances": [
        {
          "schema_version": 0,
          "attributes": {
            "acknowledgement_timeout": "1800",
            "alert_creation": "create_incidents",
            "alert_grouping": null,
            "alert_grouping_parameters": [],
            "alert_grouping_timeout": "null",
            "auto_pause_notifications_parameters": [],
            "auto_resolve_timeout": "14400",
            "created_at": "2023-02-26T17:27:08+02:00",
            "description": "Cachcow (cachcow)",
            "escalation_policy": "PQAH7SD",
            "html_url": "https://partner-webiscope.eu.pagerduty.com/service-directory/PFFKS9Z",
            "id": "PFFKS9Z",
            "incident_urgency_rule": [
              {
                "during_support_hours": [],
                "outside_support_hours": [],
                "type": "constant",
                "urgency": "high"
              }
            ],
            "last_incident_timestamp": "",
            "name": "Cachcow",
            "response_play": null,
            "scheduled_actions": [],
            "status": "active",
            "support_hours": [],
            "type": "service"
          },
          "sensitive_attributes": [],
          "private": "bnVsbA==",
          "dependencies": [
            "data.pagerduty_escalation_policy.default"
          ]
        }
      ]
    },
    {
      "mode": "managed",
      "type": "pagerduty_service",
      "name": "Callkeysys",
      "provider": "provider[\"registry.terraform.io/pagerduty/pagerduty\"]",
      "instances": [
        {
          "schema_version": 0,
          "attributes": {
            "acknowledgement_timeout": "1800",
            "alert_creation": "create_incidents",
            "alert_grouping": null,
            "alert_grouping_parameters": [],
            "alert_grouping_timeout": "null",
            "auto_pause_notifications_parameters": [],
            "auto_resolve_timeout": "14400",
            "created_at": "2023-02-26T17:27:03+02:00",
            "description": "Callkeysys (callkeysys)",
            "escalation_policy": "PQAH7SD",
            "html_url": "https://partner-webiscope.eu.pagerduty.com/service-directory/P5VNFV9",
            "id": "P5VNFV9",
            "incident_urgency_rule": [
              {
                "during_support_hours": [],
                "outside_support_hours": [],
                "type": "constant",
                "urgency": "high"
              }
            ],
            "last_incident_timestamp": "",
            "name": "Callkeysys",
            "response_play": null,
            "scheduled_actions": [],
            "status": "active",
            "support_hours": [],
            "type": "service"
          },
          "sensitive_attributes": [],
          "private": "bnVsbA==",
          "dependencies": [
            "data.pagerduty_escalation_policy.default"
          ]
        }
      ]
    },
    {
      "mode": "managed",
      "type": "pagerduty_service",
      "name": "Cams",
      "provider": "provider[\"registry.terraform.io/pagerduty/pagerduty\"]",
      "instances": [
        {
          "schema_version": 0,
          "attributes": {
            "acknowledgement_timeout": "1800",
            "alert_creation": "create_incidents",
            "alert_grouping": null,
            "alert_grouping_parameters": [],
            "alert_grouping_timeout": "null",
            "auto_pause_notifications_parameters": [],
            "auto_resolve_timeout": "14400",
            "created_at": "2023-02-26T17:27:59+02:00",
            "description": "Cams (cams)",
            "escalation_policy": "PQAH7SD",
            "html_url": "https://partner-webiscope.eu.pagerduty.com/service-directory/PG7P5NM",
            "id": "PG7P5NM",
            "incident_urgency_rule": [
              {
                "during_support_hours": [],
                "outside_support_hours": [],
                "type": "constant",
                "urgency": "high"
              }
            ],
            "last_incident_timestamp": "",
            "name": "Cams",
            "response_play": null,
            "scheduled_actions": [],
            "status": "active",
            "support_hours": [],
            "type": "service"
          },
          "sensitive_attributes": [],
          "private": "bnVsbA==",
          "dependencies": [
            "data.pagerduty_escalation_policy.default"
          ]
        }
      ]
    },
    {
      "mode": "managed",
      "type": "pagerduty_service",
      "name": "Careblaze",
      "provider": "provider[\"registry.terraform.io/pagerduty/pagerduty\"]",
      "instances": [
        {
          "schema_version": 0,
          "attributes": {
            "acknowledgement_timeout": "1800",
            "alert_creation": "create_incidents",
            "alert_grouping": null,
            "alert_grouping_parameters": [],
            "alert_grouping_timeout": "null",
            "auto_pause_notifications_parameters": [],
            "auto_resolve_timeout": "14400",
            "created_at": "2023-02-26T17:27:45+02:00",
            "description": "Careblaze (careblaze)",
            "escalation_policy": "PQAH7SD",
            "html_url": "https://partner-webiscope.eu.pagerduty.com/service-directory/PKLIOCQ",
            "id": "PKLIOCQ",
            "incident_urgency_rule": [
              {
                "during_support_hours": [],
                "outside_support_hours": [],
                "type": "constant",
                "urgency": "high"
              }
            ],
            "last_incident_timestamp": "",
            "name": "Careblaze",
            "response_play": null,
            "scheduled_actions": [],
            "status": "active",
            "support_hours": [],
            "type": "service"
          },
          "sensitive_attributes": [],
          "private": "bnVsbA==",
          "dependencies": [
            "data.pagerduty_escalation_policy.default"
          ]
        }
      ]
    },
    {
      "mode": "managed",
      "type": "pagerduty_service",
      "name": "Careblazeqa",
      "provider": "provider[\"registry.terraform.io/pagerduty/pagerduty\"]",
      "instances": [
        {
          "schema_version": 0,
          "attributes": {
            "acknowledgement_timeout": "1800",
            "alert_creation": "create_incidents",
            "alert_grouping": null,
            "alert_grouping_parameters": [],
            "alert_grouping_timeout": "null",
            "auto_pause_notifications_parameters": [],
            "auto_resolve_timeout": "14400",
            "created_at": "2023-02-26T17:27:02+02:00",
            "description": "Careblazeqa (careblazeqa)",
            "escalation_policy": "PQAH7SD",
            "html_url": "https://partner-webiscope.eu.pagerduty.com/service-directory/P94YG7Z",
            "id": "P94YG7Z",
            "incident_urgency_rule": [
              {
                "during_support_hours": [],
                "outside_support_hours": [],
                "type": "constant",
                "urgency": "high"
              }
            ],
            "last_incident_timestamp": "",
            "name": "Careblazeqa",
            "response_play": null,
            "scheduled_actions": [],
            "status": "active",
            "support_hours": [],
            "type": "service"
          },
          "sensitive_attributes": [],
          "private": "bnVsbA==",
          "dependencies": [
            "data.pagerduty_escalation_policy.default"
          ]
        }
      ]
    },
    {
      "mode": "managed",
      "type": "pagerduty_service",
      "name": "Carrefoure",
      "provider": "provider[\"registry.terraform.io/pagerduty/pagerduty\"]",
      "instances": [
        {
          "schema_version": 0,
          "attributes": {
            "acknowledgement_timeout": "1800",
            "alert_creation": "create_incidents",
            "alert_grouping": null,
            "alert_grouping_parameters": [],
            "alert_grouping_timeout": "null",
            "auto_pause_notifications_parameters": [],
            "auto_resolve_timeout": "14400",
            "created_at": "2023-02-26T17:27:40+02:00",
            "description": "Carrefoure (carrefoure)",
            "escalation_policy": "PQAH7SD",
            "html_url": "https://partner-webiscope.eu.pagerduty.com/service-directory/P3SZAWN",
            "id": "P3SZAWN",
            "incident_urgency_rule": [
              {
                "during_support_hours": [],
                "outside_support_hours": [],
                "type": "constant",
                "urgency": "high"
              }
            ],
            "last_incident_timestamp": "",
            "name": "Carrefoure",
            "response_play": null,
            "scheduled_actions": [],
            "status": "active",
            "support_hours": [],
            "type": "service"
          },
          "sensitive_attributes": [],
          "private": "bnVsbA==",
          "dependencies": [
            "data.pagerduty_escalation_policy.default"
          ]
        }
      ]
    },
    {
      "mode": "managed",
      "type": "pagerduty_service",
      "name": "Cashcow",
      "provider": "provider[\"registry.terraform.io/pagerduty/pagerduty\"]",
      "instances": [
        {
          "schema_version": 0,
          "attributes": {
            "acknowledgement_timeout": "1800",
            "alert_creation": "create_incidents",
            "alert_grouping": null,
            "alert_grouping_parameters": [],
            "alert_grouping_timeout": "null",
            "auto_pause_notifications_parameters": [],
            "auto_resolve_timeout": "14400",
            "created_at": "2023-02-26T17:27:04+02:00",
            "description": "Cashcow (cashcow)",
            "escalation_policy": "PQAH7SD",
            "html_url": "https://partner-webiscope.eu.pagerduty.com/service-directory/PKF8F33",
            "id": "PKF8F33",
            "incident_urgency_rule": [
              {
                "during_support_hours": [],
                "outside_support_hours": [],
                "type": "constant",
                "urgency": "high"
              }
            ],
            "last_incident_timestamp": "",
            "name": "Cashcow",
            "response_play": null,
            "scheduled_actions": [],
            "status": "active",
            "support_hours": [],
            "type": "service"
          },
          "sensitive_attributes": [],
          "private": "bnVsbA==",
          "dependencies": [
            "data.pagerduty_escalation_policy.default"
          ]
        }
      ]
    },
    {
      "mode": "managed",
      "type": "pagerduty_service",
      "name": "Cecomhostproject01",
      "provider": "provider[\"registry.terraform.io/pagerduty/pagerduty\"]",
      "instances": [
        {
          "schema_version": 0,
          "attributes": {
            "acknowledgement_timeout": "1800",
            "alert_creation": "create_incidents",
            "alert_grouping": null,
            "alert_grouping_parameters": [],
            "alert_grouping_timeout": "null",
            "auto_pause_notifications_parameters": [],
            "auto_resolve_timeout": "14400",
            "created_at": "2023-02-26T17:28:03+02:00",
            "description": "Cecomhostproject01 (cecomhostproject01)",
            "escalation_policy": "PQAH7SD",
            "html_url": "https://partner-webiscope.eu.pagerduty.com/service-directory/P6FMI0E",
            "id": "P6FMI0E",
            "incident_urgency_rule": [
              {
                "during_support_hours": [],
                "outside_support_hours": [],
                "type": "constant",
                "urgency": "high"
              }
            ],
            "last_incident_timestamp": "",
            "name": "Cecomhostproject01",
            "response_play": null,
            "scheduled_actions": [],
            "status": "active",
            "support_hours": [],
            "type": "service"
          },
          "sensitive_attributes": [],
          "private": "bnVsbA==",
          "dependencies": [
            "data.pagerduty_escalation_policy.default"
          ]
        }
      ]
    },
    {
      "mode": "managed",
      "type": "pagerduty_service",
      "name": "Cecomhostprojectproduction",
      "provider": "provider[\"registry.terraform.io/pagerduty/pagerduty\"]",
      "instances": [
        {
          "schema_version": 0,
          "attributes": {
            "acknowledgement_timeout": "1800",
            "alert_creation": "create_incidents",
            "alert_grouping": null,
            "alert_grouping_parameters": [],
            "alert_grouping_timeout": "null",
            "auto_pause_notifications_parameters": [],
            "auto_resolve_timeout": "14400",
            "created_at": "2023-02-26T17:27:14+02:00",
            "description": "Cecomhostprojectproduction (cecomhostprojectproduction)",
            "escalation_policy": "PQAH7SD",
            "html_url": "https://partner-webiscope.eu.pagerduty.com/service-directory/PPN6HN0",
            "id": "PPN6HN0",
            "incident_urgency_rule": [
              {
                "during_support_hours": [],
                "outside_support_hours": [],
                "type": "constant",
                "urgency": "high"
              }
            ],
            "last_incident_timestamp": "",
            "name": "Cecomhostprojectproduction",
            "response_play": null,
            "scheduled_actions": [],
            "status": "active",
            "support_hours": [],
            "type": "service"
          },
          "sensitive_attributes": [],
          "private": "bnVsbA==",
          "dependencies": [
            "data.pagerduty_escalation_policy.default"
          ]
        }
      ]
    },
    {
      "mode": "managed",
      "type": "pagerduty_service",
      "name": "Cellexpertx",
      "provider": "provider[\"registry.terraform.io/pagerduty/pagerduty\"]",
      "instances": [
        {
          "schema_version": 0,
          "attributes": {
            "acknowledgement_timeout": "1800",
            "alert_creation": "create_incidents",
            "alert_grouping": null,
            "alert_grouping_parameters": [],
            "alert_grouping_timeout": "null",
            "auto_pause_notifications_parameters": [],
            "auto_resolve_timeout": "14400",
            "created_at": "2023-02-26T17:27:19+02:00",
            "description": "Cellexpertx (cellexpertx)",
            "escalation_policy": "PQAH7SD",
            "html_url": "https://partner-webiscope.eu.pagerduty.com/service-directory/PBCJRKN",
            "id": "PBCJRKN",
            "incident_urgency_rule": [
              {
                "during_support_hours": [],
                "outside_support_hours": [],
                "type": "constant",
                "urgency": "high"
              }
            ],
            "last_incident_timestamp": "",
            "name": "Cellexpertx",
            "response_play": null,
            "scheduled_actions": [],
            "status": "active",
            "support_hours": [],
            "type": "service"
          },
          "sensitive_attributes": [],
          "private": "bnVsbA==",
          "dependencies": [
            "data.pagerduty_escalation_policy.default"
          ]
        }
      ]
    },
    {
      "mode": "managed",
      "type": "pagerduty_service",
      "name": "Cellp02",
      "provider": "provider[\"registry.terraform.io/pagerduty/pagerduty\"]",
      "instances": [
        {
          "schema_version": 0,
          "attributes": {
            "acknowledgement_timeout": "1800",
            "alert_creation": "create_incidents",
            "alert_grouping": null,
            "alert_grouping_parameters": [],
            "alert_grouping_timeout": "null",
            "auto_pause_notifications_parameters": [],
            "auto_resolve_timeout": "14400",
            "created_at": "2023-02-26T17:27:22+02:00",
            "description": "Cellp02 (cellp02)",
            "escalation_policy": "PQAH7SD",
            "html_url": "https://partner-webiscope.eu.pagerduty.com/service-directory/PIN0N9L",
            "id": "PIN0N9L",
            "incident_urgency_rule": [
              {
                "during_support_hours": [],
                "outside_support_hours": [],
                "type": "constant",
                "urgency": "high"
              }
            ],
            "last_incident_timestamp": "",
            "name": "Cellp02",
            "response_play": null,
            "scheduled_actions": [],
            "status": "active",
            "support_hours": [],
            "type": "service"
          },
          "sensitive_attributes": [],
          "private": "bnVsbA==",
          "dependencies": [
            "data.pagerduty_escalation_policy.default"
          ]
        }
      ]
    },
    {
      "mode": "managed",
      "type": "pagerduty_service",
      "name": "Cetnew",
      "provider": "provider[\"registry.terraform.io/pagerduty/pagerduty\"]",
      "instances": [
        {
          "schema_version": 0,
          "attributes": {
            "acknowledgement_timeout": "1800",
            "alert_creation": "create_incidents",
            "alert_grouping": null,
            "alert_grouping_parameters": [],
            "alert_grouping_timeout": "null",
            "auto_pause_notifications_parameters": [],
            "auto_resolve_timeout": "14400",
            "created_at": "2023-02-26T17:27:20+02:00",
            "description": "Cetnew (cetnew)",
            "escalation_policy": "PQAH7SD",
            "html_url": "https://partner-webiscope.eu.pagerduty.com/service-directory/PY3YR7K",
            "id": "PY3YR7K",
            "incident_urgency_rule": [
              {
                "during_support_hours": [],
                "outside_support_hours": [],
                "type": "constant",
                "urgency": "high"
              }
            ],
            "last_incident_timestamp": "",
            "name": "Cetnew",
            "response_play": null,
            "scheduled_actions": [],
            "status": "active",
            "support_hours": [],
            "type": "service"
          },
          "sensitive_attributes": [],
          "private": "bnVsbA==",
          "dependencies": [
            "data.pagerduty_escalation_policy.default"
          ]
        }
      ]
    },
    {
      "mode": "managed",
      "type": "pagerduty_service",
      "name": "Cetprep",
      "provider": "provider[\"registry.terraform.io/pagerduty/pagerduty\"]",
      "instances": [
        {
          "schema_version": 0,
          "attributes": {
            "acknowledgement_timeout": "1800",
            "alert_creation": "create_incidents",
            "alert_grouping": null,
            "alert_grouping_parameters": [],
            "alert_grouping_timeout": "null",
            "auto_pause_notifications_parameters": [],
            "auto_resolve_timeout": "14400",
            "created_at": "2023-02-26T17:27:16+02:00",
            "description": "Cetprep (cetprep)",
            "escalation_policy": "PQAH7SD",
            "html_url": "https://partner-webiscope.eu.pagerduty.com/service-directory/PVHNCZB",
            "id": "PVHNCZB",
            "incident_urgency_rule": [
              {
                "during_support_hours": [],
                "outside_support_hours": [],
                "type": "constant",
                "urgency": "high"
              }
            ],
            "last_incident_timestamp": "",
            "name": "Cetprep",
            "response_play": null,
            "scheduled_actions": [],
            "status": "active",
            "support_hours": [],
            "type": "service"
          },
          "sensitive_attributes": [],
          "private": "bnVsbA==",
          "dependencies": [
            "data.pagerduty_escalation_policy.default"
          ]
        }
      ]
    },
    {
      "mode": "managed",
      "type": "pagerduty_service",
      "name": "Cetqa",
      "provider": "provider[\"registry.terraform.io/pagerduty/pagerduty\"]",
      "instances": [
        {
          "schema_version": 0,
          "attributes": {
            "acknowledgement_timeout": "1800",
            "alert_creation": "create_incidents",
            "alert_grouping": null,
            "alert_grouping_parameters": [],
            "alert_grouping_timeout": "null",
            "auto_pause_notifications_parameters": [],
            "auto_resolve_timeout": "14400",
            "created_at": "2023-02-26T17:27:24+02:00",
            "description": "Cetqa (cetqa)",
            "escalation_policy": "PQAH7SD",
            "html_url": "https://partner-webiscope.eu.pagerduty.com/service-directory/PDM73VW",
            "id": "PDM73VW",
            "incident_urgency_rule": [
              {
                "during_support_hours": [],
                "outside_support_hours": [],
                "type": "constant",
                "urgency": "high"
              }
            ],
            "last_incident_timestamp": "",
            "name": "Cetqa",
            "response_play": null,
            "scheduled_actions": [],
            "status": "active",
            "support_hours": [],
            "type": "service"
          },
          "sensitive_attributes": [],
          "private": "bnVsbA==",
          "dependencies": [
            "data.pagerduty_escalation_policy.default"
          ]
        }
      ]
    },
    {
      "mode": "managed",
      "type": "pagerduty_service",
      "name": "Cettesting",
      "provider": "provider[\"registry.terraform.io/pagerduty/pagerduty\"]",
      "instances": [
        {
          "schema_version": 0,
          "attributes": {
            "acknowledgement_timeout": "1800",
            "alert_creation": "create_incidents",
            "alert_grouping": null,
            "alert_grouping_parameters": [],
            "alert_grouping_timeout": "null",
            "auto_pause_notifications_parameters": [],
            "auto_resolve_timeout": "14400",
            "created_at": "2023-02-26T17:28:04+02:00",
            "description": "Cettesting (cettesting)",
            "escalation_policy": "PQAH7SD",
            "html_url": "https://partner-webiscope.eu.pagerduty.com/service-directory/PB80FUV",
            "id": "PB80FUV",
            "incident_urgency_rule": [
              {
                "during_support_hours": [],
                "outside_support_hours": [],
                "type": "constant",
                "urgency": "high"
              }
            ],
            "last_incident_timestamp": "",
            "name": "Cettesting",
            "response_play": null,
            "scheduled_actions": [],
            "status": "active",
            "support_hours": [],
            "type": "service"
          },
          "sensitive_attributes": [],
          "private": "bnVsbA==",
          "dependencies": [
            "data.pagerduty_escalation_policy.default"
          ]
        }
      ]
    },
    {
      "mode": "managed",
      "type": "pagerduty_service",
      "name": "Champion",
      "provider": "provider[\"registry.terraform.io/pagerduty/pagerduty\"]",
      "instances": [
        {
          "schema_version": 0,
          "attributes": {
            "acknowledgement_timeout": "1800",
            "alert_creation": "create_incidents",
            "alert_grouping": null,
            "alert_grouping_parameters": [],
            "alert_grouping_timeout": "null",
            "auto_pause_notifications_parameters": [],
            "auto_resolve_timeout": "14400",
            "created_at": "2023-02-26T17:27:32+02:00",
            "description": "Champion (champion)",
            "escalation_policy": "PQAH7SD",
            "html_url": "https://partner-webiscope.eu.pagerduty.com/service-directory/PB96SNO",
            "id": "PB96SNO",
            "incident_urgency_rule": [
              {
                "during_support_hours": [],
                "outside_support_hours": [],
                "type": "constant",
                "urgency": "high"
              }
            ],
            "last_incident_timestamp": "",
            "name": "Champion",
            "response_play": null,
            "scheduled_actions": [],
            "status": "active",
            "support_hours": [],
            "type": "service"
          },
          "sensitive_attributes": [],
          "private": "bnVsbA==",
          "dependencies": [
            "data.pagerduty_escalation_policy.default"
          ]
        }
      ]
    },
    {
      "mode": "managed",
      "type": "pagerduty_service",
      "name": "Chargeafter",
      "provider": "provider[\"registry.terraform.io/pagerduty/pagerduty\"]",
      "instances": [
        {
          "schema_version": 0,
          "attributes": {
            "acknowledgement_timeout": "1800",
            "alert_creation": "create_incidents",
            "alert_grouping": null,
            "alert_grouping_parameters": [],
            "alert_grouping_timeout": "null",
            "auto_pause_notifications_parameters": [],
            "auto_resolve_timeout": "14400",
            "created_at": "2023-02-26T17:27:16+02:00",
            "description": "Chargeafter (chargeafter)",
            "escalation_policy": "PQAH7SD",
            "html_url": "https://partner-webiscope.eu.pagerduty.com/service-directory/PZTYDP1",
            "id": "PZTYDP1",
            "incident_urgency_rule": [
              {
                "during_support_hours": [],
                "outside_support_hours": [],
                "type": "constant",
                "urgency": "high"
              }
            ],
            "last_incident_timestamp": "",
            "name": "Chargeafter",
            "response_play": null,
            "scheduled_actions": [],
            "status": "active",
            "support_hours": [],
            "type": "service"
          },
          "sensitive_attributes": [],
          "private": "bnVsbA==",
          "dependencies": [
            "data.pagerduty_escalation_policy.default"
          ]
        }
      ]
    },
    {
      "mode": "managed",
      "type": "pagerduty_service",
      "name": "Chargeafterstg",
      "provider": "provider[\"registry.terraform.io/pagerduty/pagerduty\"]",
      "instances": [
        {
          "schema_version": 0,
          "attributes": {
            "acknowledgement_timeout": "1800",
            "alert_creation": "create_incidents",
            "alert_grouping": null,
            "alert_grouping_parameters": [],
            "alert_grouping_timeout": "null",
            "auto_pause_notifications_parameters": [],
            "auto_resolve_timeout": "14400",
            "created_at": "2023-02-26T17:27:50+02:00",
            "description": "Chargeafterstg (chargeafterstg)",
            "escalation_policy": "PQAH7SD",
            "html_url": "https://partner-webiscope.eu.pagerduty.com/service-directory/PNJ0IQ3",
            "id": "PNJ0IQ3",
            "incident_urgency_rule": [
              {
                "during_support_hours": [],
                "outside_support_hours": [],
                "type": "constant",
                "urgency": "high"
              }
            ],
            "last_incident_timestamp": "",
            "name": "Chargeafterstg",
            "response_play": null,
            "scheduled_actions": [],
            "status": "active",
            "support_hours": [],
            "type": "service"
          },
          "sensitive_attributes": [],
          "private": "bnVsbA==",
          "dependencies": [
            "data.pagerduty_escalation_policy.default"
          ]
        }
      ]
    },
    {
      "mode": "managed",
      "type": "pagerduty_service",
      "name": "Chingari",
      "provider": "provider[\"registry.terraform.io/pagerduty/pagerduty\"]",
      "instances": [
        {
          "schema_version": 0,
          "attributes": {
            "acknowledgement_timeout": "1800",
            "alert_creation": "create_incidents",
            "alert_grouping": null,
            "alert_grouping_parameters": [],
            "alert_grouping_timeout": "null",
            "auto_pause_notifications_parameters": [],
            "auto_resolve_timeout": "14400",
            "created_at": "2023-02-26T17:28:10+02:00",
            "description": "Chingari (chingari)",
            "escalation_policy": "PQAH7SD",
            "html_url": "https://partner-webiscope.eu.pagerduty.com/service-directory/POOY879",
            "id": "POOY879",
            "incident_urgency_rule": [
              {
                "during_support_hours": [],
                "outside_support_hours": [],
                "type": "constant",
                "urgency": "high"
              }
            ],
            "last_incident_timestamp": "",
            "name": "Chingari",
            "response_play": null,
            "scheduled_actions": [],
            "status": "active",
            "support_hours": [],
            "type": "service"
          },
          "sensitive_attributes": [],
          "private": "bnVsbA==",
          "dependencies": [
            "data.pagerduty_escalation_policy.default"
          ]
        }
      ]
    },
    {
      "mode": "managed",
      "type": "pagerduty_service",
      "name": "Chiper639237995632723462",
      "provider": "provider[\"registry.terraform.io/pagerduty/pagerduty\"]",
      "instances": [
        {
          "schema_version": 0,
          "attributes": {
            "acknowledgement_timeout": "1800",
            "alert_creation": "create_incidents",
            "alert_grouping": null,
            "alert_grouping_parameters": [],
            "alert_grouping_timeout": "null",
            "auto_pause_notifications_parameters": [],
            "auto_resolve_timeout": "14400",
            "created_at": "2023-02-26T17:27:58+02:00",
            "description": "Chiper639237995632723462 (chiper639237995632723462)",
            "escalation_policy": "PQAH7SD",
            "html_url": "https://partner-webiscope.eu.pagerduty.com/service-directory/POFO7H8",
            "id": "POFO7H8",
            "incident_urgency_rule": [
              {
                "during_support_hours": [],
                "outside_support_hours": [],
                "type": "constant",
                "urgency": "high"
              }
            ],
            "last_incident_timestamp": "",
            "name": "Chiper639237995632723462",
            "response_play": null,
            "scheduled_actions": [],
            "status": "active",
            "support_hours": [],
            "type": "service"
          },
          "sensitive_attributes": [],
          "private": "bnVsbA==",
          "dependencies": [
            "data.pagerduty_escalation_policy.default"
          ]
        }
      ]
    },
    {
      "mode": "managed",
      "type": "pagerduty_service",
      "name": "Cleartrip",
      "provider": "provider[\"registry.terraform.io/pagerduty/pagerduty\"]",
      "instances": [
        {
          "schema_version": 0,
          "attributes": {
            "acknowledgement_timeout": "1800",
            "alert_creation": "create_incidents",
            "alert_grouping": null,
            "alert_grouping_parameters": [],
            "alert_grouping_timeout": "null",
            "auto_pause_notifications_parameters": [],
            "auto_resolve_timeout": "14400",
            "created_at": "2023-02-26T17:27:59+02:00",
            "description": "Cleartrip (cleartrip)",
            "escalation_policy": "PQAH7SD",
            "html_url": "https://partner-webiscope.eu.pagerduty.com/service-directory/PYLD3J9",
            "id": "PYLD3J9",
            "incident_urgency_rule": [
              {
                "during_support_hours": [],
                "outside_support_hours": [],
                "type": "constant",
                "urgency": "high"
              }
            ],
            "last_incident_timestamp": "",
            "name": "Cleartrip",
            "response_play": null,
            "scheduled_actions": [],
            "status": "active",
            "support_hours": [],
            "type": "service"
          },
          "sensitive_attributes": [],
          "private": "bnVsbA==",
          "dependencies": [
            "data.pagerduty_escalation_policy.default"
          ]
        }
      ]
    },
    {
      "mode": "managed",
      "type": "pagerduty_service",
      "name": "Cloudmd",
      "provider": "provider[\"registry.terraform.io/pagerduty/pagerduty\"]",
      "instances": [
        {
          "schema_version": 0,
          "attributes": {
            "acknowledgement_timeout": "1800",
            "alert_creation": "create_incidents",
            "alert_grouping": null,
            "alert_grouping_parameters": [],
            "alert_grouping_timeout": "null",
            "auto_pause_notifications_parameters": [],
            "auto_resolve_timeout": "14400",
            "created_at": "2023-02-26T17:27:18+02:00",
            "description": "Cloudmd (cloudmd)",
            "escalation_policy": "PQAH7SD",
            "html_url": "https://partner-webiscope.eu.pagerduty.com/service-directory/PRWUVI9",
            "id": "PRWUVI9",
            "incident_urgency_rule": [
              {
                "during_support_hours": [],
                "outside_support_hours": [],
                "type": "constant",
                "urgency": "high"
              }
            ],
            "last_incident_timestamp": "",
            "name": "Cloudmd",
            "response_play": null,
            "scheduled_actions": [],
            "status": "active",
            "support_hours": [],
            "type": "service"
          },
          "sensitive_attributes": [],
          "private": "bnVsbA==",
          "dependencies": [
            "data.pagerduty_escalation_policy.default"
          ]
        }
      ]
    },
    {
      "mode": "managed",
      "type": "pagerduty_service",
      "name": "Cloudwm",
      "provider": "provider[\"registry.terraform.io/pagerduty/pagerduty\"]",
      "instances": [
        {
          "schema_version": 0,
          "attributes": {
            "acknowledgement_timeout": "1800",
            "alert_creation": "create_incidents",
            "alert_grouping": null,
            "alert_grouping_parameters": [],
            "alert_grouping_timeout": "null",
            "auto_pause_notifications_parameters": [],
            "auto_resolve_timeout": "14400",
            "created_at": "2023-02-26T17:27:39+02:00",
            "description": "Cloudwm (cloudwm)",
            "escalation_policy": "PQAH7SD",
            "html_url": "https://partner-webiscope.eu.pagerduty.com/service-directory/PFEEFTG",
            "id": "PFEEFTG",
            "incident_urgency_rule": [
              {
                "during_support_hours": [],
                "outside_support_hours": [],
                "type": "constant",
                "urgency": "high"
              }
            ],
            "last_incident_timestamp": "",
            "name": "Cloudwm",
            "response_play": null,
            "scheduled_actions": [],
            "status": "active",
            "support_hours": [],
            "type": "service"
          },
          "sensitive_attributes": [],
          "private": "bnVsbA==",
          "dependencies": [
            "data.pagerduty_escalation_policy.default"
          ]
        }
      ]
    },
    {
      "mode": "managed",
      "type": "pagerduty_service",
      "name": "Coinberry",
      "provider": "provider[\"registry.terraform.io/pagerduty/pagerduty\"]",
      "instances": [
        {
          "schema_version": 0,
          "attributes": {
            "acknowledgement_timeout": "1800",
            "alert_creation": "create_incidents",
            "alert_grouping": null,
            "alert_grouping_parameters": [],
            "alert_grouping_timeout": "null",
            "auto_pause_notifications_parameters": [],
            "auto_resolve_timeout": "14400",
            "created_at": "2023-02-26T17:27:46+02:00",
            "description": "Coinberry (coinberry)",
            "escalation_policy": "PQAH7SD",
            "html_url": "https://partner-webiscope.eu.pagerduty.com/service-directory/P8ZD6EH",
            "id": "P8ZD6EH",
            "incident_urgency_rule": [
              {
                "during_support_hours": [],
                "outside_support_hours": [],
                "type": "constant",
                "urgency": "high"
              }
            ],
            "last_incident_timestamp": "",
            "name": "Coinberry",
            "response_play": null,
            "scheduled_actions": [],
            "status": "active",
            "support_hours": [],
            "type": "service"
          },
          "sensitive_attributes": [],
          "private": "bnVsbA==",
          "dependencies": [
            "data.pagerduty_escalation_policy.default"
          ]
        }
      ]
    },
    {
      "mode": "managed",
      "type": "pagerduty_service",
      "name": "Colman",
      "provider": "provider[\"registry.terraform.io/pagerduty/pagerduty\"]",
      "instances": [
        {
          "schema_version": 0,
          "attributes": {
            "acknowledgement_timeout": "1800",
            "alert_creation": "create_incidents",
            "alert_grouping": null,
            "alert_grouping_parameters": [],
            "alert_grouping_timeout": "null",
            "auto_pause_notifications_parameters": [],
            "auto_resolve_timeout": "14400",
            "created_at": "2023-02-26T17:27:39+02:00",
            "description": "Colman (colman)",
            "escalation_policy": "PQAH7SD",
            "html_url": "https://partner-webiscope.eu.pagerduty.com/service-directory/PC5TEET",
            "id": "PC5TEET",
            "incident_urgency_rule": [
              {
                "during_support_hours": [],
                "outside_support_hours": [],
                "type": "constant",
                "urgency": "high"
              }
            ],
            "last_incident_timestamp": "",
            "name": "Colman",
            "response_play": null,
            "scheduled_actions": [],
            "status": "active",
            "support_hours": [],
            "type": "service"
          },
          "sensitive_attributes": [],
          "private": "bnVsbA==",
          "dependencies": [
            "data.pagerduty_escalation_policy.default"
          ]
        }
      ]
    },
    {
      "mode": "managed",
      "type": "pagerduty_service",
      "name": "Comda",
      "provider": "provider[\"registry.terraform.io/pagerduty/pagerduty\"]",
      "instances": [
        {
          "schema_version": 0,
          "attributes": {
            "acknowledgement_timeout": "1800",
            "alert_creation": "create_incidents",
            "alert_grouping": null,
            "alert_grouping_parameters": [],
            "alert_grouping_timeout": "null",
            "auto_pause_notifications_parameters": [],
            "auto_resolve_timeout": "14400",
            "created_at": "2023-02-26T17:28:09+02:00",
            "description": "Comda comda)",
            "escalation_policy": "PQAH7SD",
            "html_url": "https://partner-webiscope.eu.pagerduty.com/service-directory/PZ6VNOP",
            "id": "PZ6VNOP",
            "incident_urgency_rule": [
              {
                "during_support_hours": [],
                "outside_support_hours": [],
                "type": "constant",
                "urgency": "high"
              }
            ],
            "last_incident_timestamp": "",
            "name": "Comda",
            "response_play": null,
            "scheduled_actions": [],
            "status": "active",
            "support_hours": [],
            "type": "service"
          },
          "sensitive_attributes": [],
          "private": "bnVsbA==",
          "dependencies": [
            "data.pagerduty_escalation_policy.default"
          ]
        }
      ]
    },
    {
      "mode": "managed",
      "type": "pagerduty_service",
      "name": "Como",
      "provider": "provider[\"registry.terraform.io/pagerduty/pagerduty\"]",
      "instances": [
        {
          "schema_version": 0,
          "attributes": {
            "acknowledgement_timeout": "1800",
            "alert_creation": "create_incidents",
            "alert_grouping": null,
            "alert_grouping_parameters": [],
            "alert_grouping_timeout": "null",
            "auto_pause_notifications_parameters": [],
            "auto_resolve_timeout": "14400",
            "created_at": "2023-02-26T17:28:09+02:00",
            "description": "Como como)",
            "escalation_policy": "PQAH7SD",
            "html_url": "https://partner-webiscope.eu.pagerduty.com/service-directory/PCFGO0C",
            "id": "PCFGO0C",
            "incident_urgency_rule": [
              {
                "during_support_hours": [],
                "outside_support_hours": [],
                "type": "constant",
                "urgency": "high"
              }
            ],
            "last_incident_timestamp": "",
            "name": "Como",
            "response_play": null,
            "scheduled_actions": [],
            "status": "active",
            "support_hours": [],
            "type": "service"
          },
          "sensitive_attributes": [],
          "private": "bnVsbA==",
          "dependencies": [
            "data.pagerduty_escalation_policy.default"
          ]
        }
      ]
    },
    {
      "mode": "managed",
      "type": "pagerduty_service",
      "name": "Copia",
      "provider": "provider[\"registry.terraform.io/pagerduty/pagerduty\"]",
      "instances": [
        {
          "schema_version": 0,
          "attributes": {
            "acknowledgement_timeout": "1800",
            "alert_creation": "create_incidents",
            "alert_grouping": null,
            "alert_grouping_parameters": [],
            "alert_grouping_timeout": "null",
            "auto_pause_notifications_parameters": [],
            "auto_resolve_timeout": "14400",
            "created_at": "2023-02-26T17:27:19+02:00",
            "description": "Copia (copia)",
            "escalation_policy": "PQAH7SD",
            "html_url": "https://partner-webiscope.eu.pagerduty.com/service-directory/PILVTP0",
            "id": "PILVTP0",
            "incident_urgency_rule": [
              {
                "during_support_hours": [],
                "outside_support_hours": [],
                "type": "constant",
                "urgency": "high"
              }
            ],
            "last_incident_timestamp": "",
            "name": "Copia",
            "response_play": null,
            "scheduled_actions": [],
            "status": "active",
            "support_hours": [],
            "type": "service"
          },
          "sensitive_attributes": [],
          "private": "bnVsbA==",
          "dependencies": [
            "data.pagerduty_escalation_policy.default"
          ]
        }
      ]
    },
    {
      "mode": "managed",
      "type": "pagerduty_service",
      "name": "Cotohacfgwservice6Epszaaf",
      "provider": "provider[\"registry.terraform.io/pagerduty/pagerduty\"]",
      "instances": [
        {
          "schema_version": 0,
          "attributes": {
            "acknowledgement_timeout": "1800",
            "alert_creation": "create_incidents",
            "alert_grouping": null,
            "alert_grouping_parameters": [],
            "alert_grouping_timeout": "null",
            "auto_pause_notifications_parameters": [],
            "auto_resolve_timeout": "14400",
            "created_at": "2023-02-26T17:27:09+02:00",
            "description": "Cotohacfgwservice6Epszaaf (cotohacfgwservice6epszaaf)",
            "escalation_policy": "PQAH7SD",
            "html_url": "https://partner-webiscope.eu.pagerduty.com/service-directory/PF4S97X",
            "id": "PF4S97X",
            "incident_urgency_rule": [
              {
                "during_support_hours": [],
                "outside_support_hours": [],
                "type": "constant",
                "urgency": "high"
              }
            ],
            "last_incident_timestamp": "",
            "name": "Cotohacfgwservice6Epszaaf",
            "response_play": null,
            "scheduled_actions": [],
            "status": "active",
            "support_hours": [],
            "type": "service"
          },
          "sensitive_attributes": [],
          "private": "bnVsbA==",
          "dependencies": [
            "data.pagerduty_escalation_policy.default"
          ]
        }
      ]
    },
    {
      "mode": "managed",
      "type": "pagerduty_service",
      "name": "Cruiseit",
      "provider": "provider[\"registry.terraform.io/pagerduty/pagerduty\"]",
      "instances": [
        {
          "schema_version": 0,
          "attributes": {
            "acknowledgement_timeout": "1800",
            "alert_creation": "create_incidents",
            "alert_grouping": null,
            "alert_grouping_parameters": [],
            "alert_grouping_timeout": "null",
            "auto_pause_notifications_parameters": [],
            "auto_resolve_timeout": "14400",
            "created_at": "2023-02-26T17:27:15+02:00",
            "description": "Cruiseit (cruiseit)",
            "escalation_policy": "PQAH7SD",
            "html_url": "https://partner-webiscope.eu.pagerduty.com/service-directory/PKOVFT4",
            "id": "PKOVFT4",
            "incident_urgency_rule": [
              {
                "during_support_hours": [],
                "outside_support_hours": [],
                "type": "constant",
                "urgency": "high"
              }
            ],
            "last_incident_timestamp": "",
            "name": "Cruiseit",
            "response_play": null,
            "scheduled_actions": [],
            "status": "active",
            "support_hours": [],
            "type": "service"
          },
          "sensitive_attributes": [],
          "private": "bnVsbA==",
          "dependencies": [
            "data.pagerduty_escalation_policy.default"
          ]
        }
      ]
    },
    {
      "mode": "managed",
      "type": "pagerduty_service",
      "name": "Csirt",
      "provider": "provider[\"registry.terraform.io/pagerduty/pagerduty\"]",
      "instances": [
        {
          "schema_version": 0,
          "attributes": {
            "acknowledgement_timeout": "1800",
            "alert_creation": "create_incidents",
            "alert_grouping": null,
            "alert_grouping_parameters": [],
            "alert_grouping_timeout": "null",
            "auto_pause_notifications_parameters": [],
            "auto_resolve_timeout": "14400",
            "created_at": "2023-02-26T17:27:33+02:00",
            "description": "Csirt (csirt)",
            "escalation_policy": "PQAH7SD",
            "html_url": "https://partner-webiscope.eu.pagerduty.com/service-directory/P2WPO25",
            "id": "P2WPO25",
            "incident_urgency_rule": [
              {
                "during_support_hours": [],
                "outside_support_hours": [],
                "type": "constant",
                "urgency": "high"
              }
            ],
            "last_incident_timestamp": "",
            "name": "Csirt",
            "response_play": null,
            "scheduled_actions": [],
            "status": "active",
            "support_hours": [],
            "type": "service"
          },
          "sensitive_attributes": [],
          "private": "bnVsbA==",
          "dependencies": [
            "data.pagerduty_escalation_policy.default"
          ]
        }
      ]
    },
    {
      "mode": "managed",
      "type": "pagerduty_service",
      "name": "Cth2Prod1Zxnri8X8",
      "provider": "provider[\"registry.terraform.io/pagerduty/pagerduty\"]",
      "instances": [
        {
          "schema_version": 0,
          "attributes": {
            "acknowledgement_timeout": "1800",
            "alert_creation": "create_incidents",
            "alert_grouping": null,
            "alert_grouping_parameters": [],
            "alert_grouping_timeout": "null",
            "auto_pause_notifications_parameters": [],
            "auto_resolve_timeout": "14400",
            "created_at": "2023-02-26T17:27:27+02:00",
            "description": "Cth2Prod1Zxnri8X8 (cth2prod1zxnri8x8)",
            "escalation_policy": "PQAH7SD",
            "html_url": "https://partner-webiscope.eu.pagerduty.com/service-directory/P0LWFVL",
            "id": "P0LWFVL",
            "incident_urgency_rule": [
              {
                "during_support_hours": [],
                "outside_support_hours": [],
                "type": "constant",
                "urgency": "high"
              }
            ],
            "last_incident_timestamp": "",
            "name": "Cth2Prod1Zxnri8X8",
            "response_play": null,
            "scheduled_actions": [],
            "status": "active",
            "support_hours": [],
            "type": "service"
          },
          "sensitive_attributes": [],
          "private": "bnVsbA==",
          "dependencies": [
            "data.pagerduty_escalation_policy.default"
          ]
        }
      ]
    },
    {
      "mode": "managed",
      "type": "pagerduty_service",
      "name": "Cycura",
      "provider": "provider[\"registry.terraform.io/pagerduty/pagerduty\"]",
      "instances": [
        {
          "schema_version": 0,
          "attributes": {
            "acknowledgement_timeout": "1800",
            "alert_creation": "create_incidents",
            "alert_grouping": null,
            "alert_grouping_parameters": [],
            "alert_grouping_timeout": "null",
            "auto_pause_notifications_parameters": [],
            "auto_resolve_timeout": "14400",
            "created_at": "2023-02-26T17:27:15+02:00",
            "description": "Cycura (cycura)",
            "escalation_policy": "PQAH7SD",
            "html_url": "https://partner-webiscope.eu.pagerduty.com/service-directory/P1S9F5K",
            "id": "P1S9F5K",
            "incident_urgency_rule": [
              {
                "during_support_hours": [],
                "outside_support_hours": [],
                "type": "constant",
                "urgency": "high"
              }
            ],
            "last_incident_timestamp": "",
            "name": "Cycura",
            "response_play": null,
            "scheduled_actions": [],
            "status": "active",
            "support_hours": [],
            "type": "service"
          },
          "sensitive_attributes": [],
          "private": "bnVsbA==",
          "dependencies": [
            "data.pagerduty_escalation_policy.default"
          ]
        }
      ]
    },
    {
      "mode": "managed",
      "type": "pagerduty_service",
      "name": "Cyqurex52970321352494334",
      "provider": "provider[\"registry.terraform.io/pagerduty/pagerduty\"]",
      "instances": [
        {
          "schema_version": 0,
          "attributes": {
            "acknowledgement_timeout": "1800",
            "alert_creation": "create_incidents",
            "alert_grouping": null,
            "alert_grouping_parameters": [],
            "alert_grouping_timeout": "null",
            "auto_pause_notifications_parameters": [],
            "auto_resolve_timeout": "14400",
            "created_at": "2023-02-26T17:27:28+02:00",
            "description": "Cyqurex52970321352494334 (cyqurex52970321352494334)",
            "escalation_policy": "PQAH7SD",
            "html_url": "https://partner-webiscope.eu.pagerduty.com/service-directory/PVQXCMC",
            "id": "PVQXCMC",
            "incident_urgency_rule": [
              {
                "during_support_hours": [],
                "outside_support_hours": [],
                "type": "constant",
                "urgency": "high"
              }
            ],
            "last_incident_timestamp": "",
            "name": "Cyqurex52970321352494334",
            "response_play": null,
            "scheduled_actions": [],
            "status": "active",
            "support_hours": [],
            "type": "service"
          },
          "sensitive_attributes": [],
          "private": "bnVsbA==",
          "dependencies": [
            "data.pagerduty_escalation_policy.default"
          ]
        }
      ]
    },
    {
      "mode": "managed",
      "type": "pagerduty_service",
      "name": "Datagovp633462572263654780",
      "provider": "provider[\"registry.terraform.io/pagerduty/pagerduty\"]",
      "instances": [
        {
          "schema_version": 0,
          "attributes": {
            "acknowledgement_timeout": "1800",
            "alert_creation": "create_incidents",
            "alert_grouping": null,
            "alert_grouping_parameters": [],
            "alert_grouping_timeout": "null",
            "auto_pause_notifications_parameters": [],
            "auto_resolve_timeout": "14400",
            "created_at": "2023-02-26T17:27:53+02:00",
            "description": "Datagovp633462572263654780 (datagovp633462572263654780)",
            "escalation_policy": "PQAH7SD",
            "html_url": "https://partner-webiscope.eu.pagerduty.com/service-directory/PEZWZEF",
            "id": "PEZWZEF",
            "incident_urgency_rule": [
              {
                "during_support_hours": [],
                "outside_support_hours": [],
                "type": "constant",
                "urgency": "high"
              }
            ],
            "last_incident_timestamp": "",
            "name": "Datagovp633462572263654780",
            "response_play": null,
            "scheduled_actions": [],
            "status": "active",
            "support_hours": [],
            "type": "service"
          },
          "sensitive_attributes": [],
          "private": "bnVsbA==",
          "dependencies": [
            "data.pagerduty_escalation_policy.default"
          ]
        }
      ]
    },
    {
      "mode": "managed",
      "type": "pagerduty_service",
      "name": "Datagovtest",
      "provider": "provider[\"registry.terraform.io/pagerduty/pagerduty\"]",
      "instances": [
        {
          "schema_version": 0,
          "attributes": {
            "acknowledgement_timeout": "1800",
            "alert_creation": "create_incidents",
            "alert_grouping": null,
            "alert_grouping_parameters": [],
            "alert_grouping_timeout": "null",
            "auto_pause_notifications_parameters": [],
            "auto_resolve_timeout": "14400",
            "created_at": "2023-02-26T17:27:08+02:00",
            "description": "Datagovtest (datagovtest)",
            "escalation_policy": "PQAH7SD",
            "html_url": "https://partner-webiscope.eu.pagerduty.com/service-directory/PYXOQHJ",
            "id": "PYXOQHJ",
            "incident_urgency_rule": [
              {
                "during_support_hours": [],
                "outside_support_hours": [],
                "type": "constant",
                "urgency": "high"
              }
            ],
            "last_incident_timestamp": "",
            "name": "Datagovtest",
            "response_play": null,
            "scheduled_actions": [],
            "status": "active",
            "support_hours": [],
            "type": "service"
          },
          "sensitive_attributes": [],
          "private": "bnVsbA==",
          "dependencies": [
            "data.pagerduty_escalation_policy.default"
          ]
        }
      ]
    },
    {
      "mode": "managed",
      "type": "pagerduty_service",
      "name": "Datanomik",
      "provider": "provider[\"registry.terraform.io/pagerduty/pagerduty\"]",
      "instances": [
        {
          "schema_version": 0,
          "attributes": {
            "acknowledgement_timeout": "1800",
            "alert_creation": "create_incidents",
            "alert_grouping": null,
            "alert_grouping_parameters": [],
            "alert_grouping_timeout": "null",
            "auto_pause_notifications_parameters": [],
            "auto_resolve_timeout": "14400",
            "created_at": "2023-02-26T17:27:55+02:00",
            "description": "Datanomik (datanomik)",
            "escalation_policy": "PQAH7SD",
            "html_url": "https://partner-webiscope.eu.pagerduty.com/service-directory/PHXPUS3",
            "id": "PHXPUS3",
            "incident_urgency_rule": [
              {
                "during_support_hours": [],
                "outside_support_hours": [],
                "type": "constant",
                "urgency": "high"
              }
            ],
            "last_incident_timestamp": "",
            "name": "Datanomik",
            "response_play": null,
            "scheduled_actions": [],
            "status": "active",
            "support_hours": [],
            "type": "service"
          },
          "sensitive_attributes": [],
          "private": "bnVsbA==",
          "dependencies": [
            "data.pagerduty_escalation_policy.default"
          ]
        }
      ]
    },
    {
      "mode": "managed",
      "type": "pagerduty_service",
      "name": "Datasec",
      "provider": "provider[\"registry.terraform.io/pagerduty/pagerduty\"]",
      "instances": [
        {
          "schema_version": 0,
          "attributes": {
            "acknowledgement_timeout": "1800",
            "alert_creation": "create_incidents",
            "alert_grouping": null,
            "alert_grouping_parameters": [],
            "alert_grouping_timeout": "null",
            "auto_pause_notifications_parameters": [],
            "auto_resolve_timeout": "14400",
            "created_at": "2023-02-26T17:27:24+02:00",
            "description": "Datasec (datasec)",
            "escalation_policy": "PQAH7SD",
            "html_url": "https://partner-webiscope.eu.pagerduty.com/service-directory/PPUM0C3",
            "id": "PPUM0C3",
            "incident_urgency_rule": [
              {
                "during_support_hours": [],
                "outside_support_hours": [],
                "type": "constant",
                "urgency": "high"
              }
            ],
            "last_incident_timestamp": "",
            "name": "Datasec",
            "response_play": null,
            "scheduled_actions": [],
            "status": "active",
            "support_hours": [],
            "type": "service"
          },
          "sensitive_attributes": [],
          "private": "bnVsbA==",
          "dependencies": [
            "data.pagerduty_escalation_policy.default"
          ]
        }
      ]
    },
    {
      "mode": "managed",
      "type": "pagerduty_service",
      "name": "Defaultstuff2",
      "provider": "provider[\"registry.terraform.io/pagerduty/pagerduty\"]",
      "instances": [
        {
          "schema_version": 0,
          "attributes": {
            "acknowledgement_timeout": "1800",
            "alert_creation": "create_incidents",
            "alert_grouping": null,
            "alert_grouping_parameters": [],
            "alert_grouping_timeout": "null",
            "auto_pause_notifications_parameters": [],
            "auto_resolve_timeout": "14400",
            "created_at": "2023-02-26T17:27:25+02:00",
            "description": "Defaultstuff2 (defaultstuff2)",
            "escalation_policy": "PQAH7SD",
            "html_url": "https://partner-webiscope.eu.pagerduty.com/service-directory/PKWNLI7",
            "id": "PKWNLI7",
            "incident_urgency_rule": [
              {
                "during_support_hours": [],
                "outside_support_hours": [],
                "type": "constant",
                "urgency": "high"
              }
            ],
            "last_incident_timestamp": "",
            "name": "Defaultstuff2",
            "response_play": null,
            "scheduled_actions": [],
            "status": "active",
            "support_hours": [],
            "type": "service"
          },
          "sensitive_attributes": [],
          "private": "bnVsbA==",
          "dependencies": [
            "data.pagerduty_escalation_policy.default"
          ]
        }
      ]
    },
    {
      "mode": "managed",
      "type": "pagerduty_service",
      "name": "Delasport",
      "provider": "provider[\"registry.terraform.io/pagerduty/pagerduty\"]",
      "instances": [
        {
          "schema_version": 0,
          "attributes": {
            "acknowledgement_timeout": "1800",
            "alert_creation": "create_incidents",
            "alert_grouping": null,
            "alert_grouping_parameters": [],
            "alert_grouping_timeout": "null",
            "auto_pause_notifications_parameters": [],
            "auto_resolve_timeout": "14400",
            "created_at": "2023-02-26T17:27:58+02:00",
            "description": "Delasport (delasport)",
            "escalation_policy": "PQAH7SD",
            "html_url": "https://partner-webiscope.eu.pagerduty.com/service-directory/P4WC6SV",
            "id": "P4WC6SV",
            "incident_urgency_rule": [
              {
                "during_support_hours": [],
                "outside_support_hours": [],
                "type": "constant",
                "urgency": "high"
              }
            ],
            "last_incident_timestamp": "",
            "name": "Delasport",
            "response_play": null,
            "scheduled_actions": [],
            "status": "active",
            "support_hours": [],
            "type": "service"
          },
          "sensitive_attributes": [],
          "private": "bnVsbA==",
          "dependencies": [
            "data.pagerduty_escalation_policy.default"
          ]
        }
      ]
    },
    {
      "mode": "managed",
      "type": "pagerduty_service",
      "name": "Demos",
      "provider": "provider[\"registry.terraform.io/pagerduty/pagerduty\"]",
      "instances": [
        {
          "schema_version": 0,
          "attributes": {
            "acknowledgement_timeout": "1800",
            "alert_creation": "create_incidents",
            "alert_grouping": null,
            "alert_grouping_parameters": [],
            "alert_grouping_timeout": "null",
            "auto_pause_notifications_parameters": [],
            "auto_resolve_timeout": "14400",
            "created_at": "2023-02-26T17:27:49+02:00",
            "description": "Demos (demos)",
            "escalation_policy": "PQAH7SD",
            "html_url": "https://partner-webiscope.eu.pagerduty.com/service-directory/PV4ZJEG",
            "id": "PV4ZJEG",
            "incident_urgency_rule": [
              {
                "during_support_hours": [],
                "outside_support_hours": [],
                "type": "constant",
                "urgency": "high"
              }
            ],
            "last_incident_timestamp": "",
            "name": "Demos",
            "response_play": null,
            "scheduled_actions": [],
            "status": "active",
            "support_hours": [],
            "type": "service"
          },
          "sensitive_attributes": [],
          "private": "bnVsbA==",
          "dependencies": [
            "data.pagerduty_escalation_policy.default"
          ]
        }
      ]
    },
    {
      "mode": "managed",
      "type": "pagerduty_service",
      "name": "Demos2",
      "provider": "provider[\"registry.terraform.io/pagerduty/pagerduty\"]",
      "instances": [
        {
          "schema_version": 0,
          "attributes": {
            "acknowledgement_timeout": "1800",
            "alert_creation": "create_incidents",
            "alert_grouping": null,
            "alert_grouping_parameters": [],
            "alert_grouping_timeout": "null",
            "auto_pause_notifications_parameters": [],
            "auto_resolve_timeout": "14400",
            "created_at": "2023-02-26T17:27:08+02:00",
            "description": "Demos2 (demos2)",
            "escalation_policy": "PQAH7SD",
            "html_url": "https://partner-webiscope.eu.pagerduty.com/service-directory/PROCPT6",
            "id": "PROCPT6",
            "incident_urgency_rule": [
              {
                "during_support_hours": [],
                "outside_support_hours": [],
                "type": "constant",
                "urgency": "high"
              }
            ],
            "last_incident_timestamp": "",
            "name": "Demos2",
            "response_play": null,
            "scheduled_actions": [],
            "status": "active",
            "support_hours": [],
            "type": "service"
          },
          "sensitive_attributes": [],
          "private": "bnVsbA==",
          "dependencies": [
            "data.pagerduty_escalation_policy.default"
          ]
        }
      ]
    },
    {
      "mode": "managed",
      "type": "pagerduty_service",
      "name": "Demossdk",
      "provider": "provider[\"registry.terraform.io/pagerduty/pagerduty\"]",
      "instances": [
        {
          "schema_version": 0,
          "attributes": {
            "acknowledgement_timeout": "1800",
            "alert_creation": "create_incidents",
            "alert_grouping": null,
            "alert_grouping_parameters": [],
            "alert_grouping_timeout": "null",
            "auto_pause_notifications_parameters": [],
            "auto_resolve_timeout": "14400",
            "created_at": "2023-02-26T17:27:44+02:00",
            "description": "Demossdk (demossdk)",
            "escalation_policy": "PQAH7SD",
            "html_url": "https://partner-webiscope.eu.pagerduty.com/service-directory/PTWHR8Z",
            "id": "PTWHR8Z",
            "incident_urgency_rule": [
              {
                "during_support_hours": [],
                "outside_support_hours": [],
                "type": "constant",
                "urgency": "high"
              }
            ],
            "last_incident_timestamp": "",
            "name": "Demossdk",
            "response_play": null,
            "scheduled_actions": [],
            "status": "active",
            "support_hours": [],
            "type": "service"
          },
          "sensitive_attributes": [],
          "private": "bnVsbA==",
          "dependencies": [
            "data.pagerduty_escalation_policy.default"
          ]
        }
      ]
    },
    {
      "mode": "managed",
      "type": "pagerduty_service",
      "name": "Dermpro",
      "provider": "provider[\"registry.terraform.io/pagerduty/pagerduty\"]",
      "instances": [
        {
          "schema_version": 0,
          "attributes": {
            "acknowledgement_timeout": "1800",
            "alert_creation": "create_incidents",
            "alert_grouping": null,
            "alert_grouping_parameters": [],
            "alert_grouping_timeout": "null",
            "auto_pause_notifications_parameters": [],
            "auto_resolve_timeout": "14400",
            "created_at": "2023-02-26T17:27:51+02:00",
            "description": "Dermpro (dermpro)",
            "escalation_policy": "PQAH7SD",
            "html_url": "https://partner-webiscope.eu.pagerduty.com/service-directory/PY2SES4",
            "id": "PY2SES4",
            "incident_urgency_rule": [
              {
                "during_support_hours": [],
                "outside_support_hours": [],
                "type": "constant",
                "urgency": "high"
              }
            ],
            "last_incident_timestamp": "",
            "name": "Dermpro",
            "response_play": null,
            "scheduled_actions": [],
            "status": "active",
            "support_hours": [],
            "type": "service"
          },
          "sensitive_attributes": [],
          "private": "bnVsbA==",
          "dependencies": [
            "data.pagerduty_escalation_policy.default"
          ]
        }
      ]
    },
    {
      "mode": "managed",
      "type": "pagerduty_service",
      "name": "Digicenter",
      "provider": "provider[\"registry.terraform.io/pagerduty/pagerduty\"]",
      "instances": [
        {
          "schema_version": 0,
          "attributes": {
            "acknowledgement_timeout": "1800",
            "alert_creation": "create_incidents",
            "alert_grouping": null,
            "alert_grouping_parameters": [],
            "alert_grouping_timeout": "null",
            "auto_pause_notifications_parameters": [],
            "auto_resolve_timeout": "14400",
            "created_at": "2023-02-26T17:27:32+02:00",
            "description": "Digicenter (digicenter)",
            "escalation_policy": "PQAH7SD",
            "html_url": "https://partner-webiscope.eu.pagerduty.com/service-directory/P9ELPTI",
            "id": "P9ELPTI",
            "incident_urgency_rule": [
              {
                "during_support_hours": [],
                "outside_support_hours": [],
                "type": "constant",
                "urgency": "high"
              }
            ],
            "last_incident_timestamp": "",
            "name": "Digicenter",
            "response_play": null,
            "scheduled_actions": [],
            "status": "active",
            "support_hours": [],
            "type": "service"
          },
          "sensitive_attributes": [],
          "private": "bnVsbA==",
          "dependencies": [
            "data.pagerduty_escalation_policy.default"
          ]
        }
      ]
    },
    {
      "mode": "managed",
      "type": "pagerduty_service",
      "name": "Directa24",
      "provider": "provider[\"registry.terraform.io/pagerduty/pagerduty\"]",
      "instances": [
        {
          "schema_version": 0,
          "attributes": {
            "acknowledgement_timeout": "1800",
            "alert_creation": "create_incidents",
            "alert_grouping": null,
            "alert_grouping_parameters": [],
            "alert_grouping_timeout": "null",
            "auto_pause_notifications_parameters": [],
            "auto_resolve_timeout": "14400",
            "created_at": "2023-02-26T17:28:06+02:00",
            "description": "Directa24 (directa24)",
            "escalation_policy": "PQAH7SD",
            "html_url": "https://partner-webiscope.eu.pagerduty.com/service-directory/PTNJY0D",
            "id": "PTNJY0D",
            "incident_urgency_rule": [
              {
                "during_support_hours": [],
                "outside_support_hours": [],
                "type": "constant",
                "urgency": "high"
              }
            ],
            "last_incident_timestamp": "",
            "name": "Directa24",
            "response_play": null,
            "scheduled_actions": [],
            "status": "active",
            "support_hours": [],
            "type": "service"
          },
          "sensitive_attributes": [],
          "private": "bnVsbA==",
          "dependencies": [
            "data.pagerduty_escalation_policy.default"
          ]
        }
      ]
    },
    {
      "mode": "managed",
      "type": "pagerduty_service",
      "name": "Dlocalapi",
      "provider": "provider[\"registry.terraform.io/pagerduty/pagerduty\"]",
      "instances": [
        {
          "schema_version": 0,
          "attributes": {
            "acknowledgement_timeout": "1800",
            "alert_creation": "create_incidents",
            "alert_grouping": null,
            "alert_grouping_parameters": [],
            "alert_grouping_timeout": "null",
            "auto_pause_notifications_parameters": [],
            "auto_resolve_timeout": "14400",
            "created_at": "2023-02-26T17:27:26+02:00",
            "description": "Dlocalapi (dlocalapi)",
            "escalation_policy": "PQAH7SD",
            "html_url": "https://partner-webiscope.eu.pagerduty.com/service-directory/PW22J1E",
            "id": "PW22J1E",
            "incident_urgency_rule": [
              {
                "during_support_hours": [],
                "outside_support_hours": [],
                "type": "constant",
                "urgency": "high"
              }
            ],
            "last_incident_timestamp": "",
            "name": "Dlocalapi",
            "response_play": null,
            "scheduled_actions": [],
            "status": "active",
            "support_hours": [],
            "type": "service"
          },
          "sensitive_attributes": [],
          "private": "bnVsbA==",
          "dependencies": [
            "data.pagerduty_escalation_policy.default"
          ]
        }
      ]
    },
    {
      "mode": "managed",
      "type": "pagerduty_service",
      "name": "Doralon",
      "provider": "provider[\"registry.terraform.io/pagerduty/pagerduty\"]",
      "instances": [
        {
          "schema_version": 0,
          "attributes": {
            "acknowledgement_timeout": "1800",
            "alert_creation": "create_incidents",
            "alert_grouping": null,
            "alert_grouping_parameters": [],
            "alert_grouping_timeout": "null",
            "auto_pause_notifications_parameters": [],
            "auto_resolve_timeout": "14400",
            "created_at": "2023-02-26T17:27:41+02:00",
            "description": "Doralon (doralon)",
            "escalation_policy": "PQAH7SD",
            "html_url": "https://partner-webiscope.eu.pagerduty.com/service-directory/PMOIAGU",
            "id": "PMOIAGU",
            "incident_urgency_rule": [
              {
                "during_support_hours": [],
                "outside_support_hours": [],
                "type": "constant",
                "urgency": "high"
              }
            ],
            "last_incident_timestamp": "",
            "name": "Doralon",
            "response_play": null,
            "scheduled_actions": [],
            "status": "active",
            "support_hours": [],
            "type": "service"
          },
          "sensitive_attributes": [],
          "private": "bnVsbA==",
          "dependencies": [
            "data.pagerduty_escalation_policy.default"
          ]
        }
      ]
    },
    {
      "mode": "managed",
      "type": "pagerduty_service",
      "name": "Dshepherd",
      "provider": "provider[\"registry.terraform.io/pagerduty/pagerduty\"]",
      "instances": [
        {
          "schema_version": 0,
          "attributes": {
            "acknowledgement_timeout": "1800",
            "alert_creation": "create_incidents",
            "alert_grouping": null,
            "alert_grouping_parameters": [],
            "alert_grouping_timeout": "null",
            "auto_pause_notifications_parameters": [],
            "auto_resolve_timeout": "14400",
            "created_at": "2023-02-26T17:27:24+02:00",
            "description": "Dshepherd (dshepherd)",
            "escalation_policy": "PQAH7SD",
            "html_url": "https://partner-webiscope.eu.pagerduty.com/service-directory/P8IAMMD",
            "id": "P8IAMMD",
            "incident_urgency_rule": [
              {
                "during_support_hours": [],
                "outside_support_hours": [],
                "type": "constant",
                "urgency": "high"
              }
            ],
            "last_incident_timestamp": "",
            "name": "Dshepherd",
            "response_play": null,
            "scheduled_actions": [],
            "status": "active",
            "support_hours": [],
            "type": "service"
          },
          "sensitive_attributes": [],
          "private": "bnVsbA==",
          "dependencies": [
            "data.pagerduty_escalation_policy.default"
          ]
        }
      ]
    },
    {
      "mode": "managed",
      "type": "pagerduty_service",
      "name": "Dstuff2200",
      "provider": "provider[\"registry.terraform.io/pagerduty/pagerduty\"]",
      "instances": [
        {
          "schema_version": 0,
          "attributes": {
            "acknowledgement_timeout": "1800",
            "alert_creation": "create_incidents",
            "alert_grouping": null,
            "alert_grouping_parameters": [],
            "alert_grouping_timeout": "null",
            "auto_pause_notifications_parameters": [],
            "auto_resolve_timeout": "14400",
            "created_at": "2023-02-26T17:27:40+02:00",
            "description": "Dstuff2200 (dstuff2200)",
            "escalation_policy": "PQAH7SD",
            "html_url": "https://partner-webiscope.eu.pagerduty.com/service-directory/P71KB8A",
            "id": "P71KB8A",
            "incident_urgency_rule": [
              {
                "during_support_hours": [],
                "outside_support_hours": [],
                "type": "constant",
                "urgency": "high"
              }
            ],
            "last_incident_timestamp": "",
            "name": "Dstuff2200",
            "response_play": null,
            "scheduled_actions": [],
            "status": "active",
            "support_hours": [],
            "type": "service"
          },
          "sensitive_attributes": [],
          "private": "bnVsbA==",
          "dependencies": [
            "data.pagerduty_escalation_policy.default"
          ]
        }
      ]
    },
    {
      "mode": "managed",
      "type": "pagerduty_service",
      "name": "Efimatica",
      "provider": "provider[\"registry.terraform.io/pagerduty/pagerduty\"]",
      "instances": [
        {
          "schema_version": 0,
          "attributes": {
            "acknowledgement_timeout": "1800",
            "alert_creation": "create_incidents",
            "alert_grouping": null,
            "alert_grouping_parameters": [],
            "alert_grouping_timeout": "null",
            "auto_pause_notifications_parameters": [],
            "auto_resolve_timeout": "14400",
            "created_at": "2023-02-26T17:27:18+02:00",
            "description": "Efimatica (efimatica)",
            "escalation_policy": "PQAH7SD",
            "html_url": "https://partner-webiscope.eu.pagerduty.com/service-directory/P7NIUTW",
            "id": "P7NIUTW",
            "incident_urgency_rule": [
              {
                "during_support_hours": [],
                "outside_support_hours": [],
                "type": "constant",
                "urgency": "high"
              }
            ],
            "last_incident_timestamp": "",
            "name": "Efimatica",
            "response_play": null,
            "scheduled_actions": [],
            "status": "active",
            "support_hours": [],
            "type": "service"
          },
          "sensitive_attributes": [],
          "private": "bnVsbA==",
          "dependencies": [
            "data.pagerduty_escalation_policy.default"
          ]
        }
      ]
    },
    {
      "mode": "managed",
      "type": "pagerduty_service",
      "name": "Ekreblaze",
      "provider": "provider[\"registry.terraform.io/pagerduty/pagerduty\"]",
      "instances": [
        {
          "schema_version": 0,
          "attributes": {
            "acknowledgement_timeout": "1800",
            "alert_creation": "create_incidents",
            "alert_grouping": null,
            "alert_grouping_parameters": [],
            "alert_grouping_timeout": "null",
            "auto_pause_notifications_parameters": [],
            "auto_resolve_timeout": "14400",
            "created_at": "2023-02-26T17:27:02+02:00",
            "description": "Ekreblaze (ekreblaze)",
            "escalation_policy": "PQAH7SD",
            "html_url": "https://partner-webiscope.eu.pagerduty.com/service-directory/PLTDL55",
            "id": "PLTDL55",
            "incident_urgency_rule": [
              {
                "during_support_hours": [],
                "outside_support_hours": [],
                "type": "constant",
                "urgency": "high"
              }
            ],
            "last_incident_timestamp": "",
            "name": "Ekreblaze",
            "response_play": null,
            "scheduled_actions": [],
            "status": "active",
            "support_hours": [],
            "type": "service"
          },
          "sensitive_attributes": [],
          "private": "bnVsbA==",
          "dependencies": [
            "data.pagerduty_escalation_policy.default"
          ]
        }
      ]
    },
    {
      "mode": "managed",
      "type": "pagerduty_service",
      "name": "Elal",
      "provider": "provider[\"registry.terraform.io/pagerduty/pagerduty\"]",
      "instances": [
        {
          "schema_version": 0,
          "attributes": {
            "acknowledgement_timeout": "1800",
            "alert_creation": "create_incidents",
            "alert_grouping": null,
            "alert_grouping_parameters": [],
            "alert_grouping_timeout": "null",
            "auto_pause_notifications_parameters": [],
            "auto_resolve_timeout": "14400",
            "created_at": "2023-02-26T17:27:12+02:00",
            "description": "Elal (elal)",
            "escalation_policy": "PQAH7SD",
            "html_url": "https://partner-webiscope.eu.pagerduty.com/service-directory/PPLC0P2",
            "id": "PPLC0P2",
            "incident_urgency_rule": [
              {
                "during_support_hours": [],
                "outside_support_hours": [],
                "type": "constant",
                "urgency": "high"
              }
            ],
            "last_incident_timestamp": "",
            "name": "Elal",
            "response_play": null,
            "scheduled_actions": [],
            "status": "active",
            "support_hours": [],
            "type": "service"
          },
          "sensitive_attributes": [],
          "private": "bnVsbA==",
          "dependencies": [
            "data.pagerduty_escalation_policy.default"
          ]
        }
      ]
    },
    {
      "mode": "managed",
      "type": "pagerduty_service",
      "name": "Elalstage",
      "provider": "provider[\"registry.terraform.io/pagerduty/pagerduty\"]",
      "instances": [
        {
          "schema_version": 0,
          "attributes": {
            "acknowledgement_timeout": "1800",
            "alert_creation": "create_incidents",
            "alert_grouping": null,
            "alert_grouping_parameters": [],
            "alert_grouping_timeout": "null",
            "auto_pause_notifications_parameters": [],
            "auto_resolve_timeout": "14400",
            "created_at": "2023-02-26T17:27:28+02:00",
            "description": "Elalstage (elalstage)",
            "escalation_policy": "PQAH7SD",
            "html_url": "https://partner-webiscope.eu.pagerduty.com/service-directory/PO4LBXM",
            "id": "PO4LBXM",
            "incident_urgency_rule": [
              {
                "during_support_hours": [],
                "outside_support_hours": [],
                "type": "constant",
                "urgency": "high"
              }
            ],
            "last_incident_timestamp": "",
            "name": "Elalstage",
            "response_play": null,
            "scheduled_actions": [],
            "status": "active",
            "support_hours": [],
            "type": "service"
          },
          "sensitive_attributes": [],
          "private": "bnVsbA==",
          "dependencies": [
            "data.pagerduty_escalation_policy.default"
          ]
        }
      ]
    },
    {
      "mode": "managed",
      "type": "pagerduty_service",
      "name": "Electra",
      "provider": "provider[\"registry.terraform.io/pagerduty/pagerduty\"]",
      "instances": [
        {
          "schema_version": 0,
          "attributes": {
            "acknowledgement_timeout": "1800",
            "alert_creation": "create_incidents",
            "alert_grouping": null,
            "alert_grouping_parameters": [],
            "alert_grouping_timeout": "null",
            "auto_pause_notifications_parameters": [],
            "auto_resolve_timeout": "14400",
            "created_at": "2023-02-26T17:27:52+02:00",
            "description": "Electra (electra)",
            "escalation_policy": "PQAH7SD",
            "html_url": "https://partner-webiscope.eu.pagerduty.com/service-directory/P6Y7BYB",
            "id": "P6Y7BYB",
            "incident_urgency_rule": [
              {
                "during_support_hours": [],
                "outside_support_hours": [],
                "type": "constant",
                "urgency": "high"
              }
            ],
            "last_incident_timestamp": "",
            "name": "Electra",
            "response_play": null,
            "scheduled_actions": [],
            "status": "active",
            "support_hours": [],
            "type": "service"
          },
          "sensitive_attributes": [],
          "private": "bnVsbA==",
          "dependencies": [
            "data.pagerduty_escalation_policy.default"
          ]
        }
      ]
    },
    {
      "mode": "managed",
      "type": "pagerduty_service",
      "name": "Elefftest64895039768164394",
      "provider": "provider[\"registry.terraform.io/pagerduty/pagerduty\"]",
      "instances": [
        {
          "schema_version": 0,
          "attributes": {
            "acknowledgement_timeout": "1800",
            "alert_creation": "create_incidents",
            "alert_grouping": null,
            "alert_grouping_parameters": [],
            "alert_grouping_timeout": "null",
            "auto_pause_notifications_parameters": [],
            "auto_resolve_timeout": "14400",
            "created_at": "2023-02-26T17:27:02+02:00",
            "description": "Elefftest64895039768164394 (elefftest64895039768164394)",
            "escalation_policy": "PQAH7SD",
            "html_url": "https://partner-webiscope.eu.pagerduty.com/service-directory/PPDJGJM",
            "id": "PPDJGJM",
            "incident_urgency_rule": [
              {
                "during_support_hours": [],
                "outside_support_hours": [],
                "type": "constant",
                "urgency": "high"
              }
            ],
            "last_incident_timestamp": "",
            "name": "Elefftest64895039768164394",
            "response_play": null,
            "scheduled_actions": [],
            "status": "active",
            "support_hours": [],
            "type": "service"
          },
          "sensitive_attributes": [],
          "private": "bnVsbA==",
          "dependencies": [
            "data.pagerduty_escalation_policy.default"
          ]
        }
      ]
    },
    {
      "mode": "managed",
      "type": "pagerduty_service",
      "name": "Eloan",
      "provider": "provider[\"registry.terraform.io/pagerduty/pagerduty\"]",
      "instances": [
        {
          "schema_version": 0,
          "attributes": {
            "acknowledgement_timeout": "1800",
            "alert_creation": "create_incidents",
            "alert_grouping": null,
            "alert_grouping_parameters": [],
            "alert_grouping_timeout": "null",
            "auto_pause_notifications_parameters": [],
            "auto_resolve_timeout": "14400",
            "created_at": "2023-02-26T17:27:56+02:00",
            "description": "Eloan (eloan)",
            "escalation_policy": "PQAH7SD",
            "html_url": "https://partner-webiscope.eu.pagerduty.com/service-directory/PPTGQJN",
            "id": "PPTGQJN",
            "incident_urgency_rule": [
              {
                "during_support_hours": [],
                "outside_support_hours": [],
                "type": "constant",
                "urgency": "high"
              }
            ],
            "last_incident_timestamp": "",
            "name": "Eloan",
            "response_play": null,
            "scheduled_actions": [],
            "status": "active",
            "support_hours": [],
            "type": "service"
          },
          "sensitive_attributes": [],
          "private": "bnVsbA==",
          "dependencies": [
            "data.pagerduty_escalation_policy.default"
          ]
        }
      ]
    },
    {
      "mode": "managed",
      "type": "pagerduty_service",
      "name": "Epldt",
      "provider": "provider[\"registry.terraform.io/pagerduty/pagerduty\"]",
      "instances": [
        {
          "schema_version": 0,
          "attributes": {
            "acknowledgement_timeout": "1800",
            "alert_creation": "create_incidents",
            "alert_grouping": null,
            "alert_grouping_parameters": [],
            "alert_grouping_timeout": "null",
            "auto_pause_notifications_parameters": [],
            "auto_resolve_timeout": "14400",
            "created_at": "2023-02-26T17:27:48+02:00",
            "description": "Epldt (epldt)",
            "escalation_policy": "PQAH7SD",
            "html_url": "https://partner-webiscope.eu.pagerduty.com/service-directory/POXW1S5",
            "id": "POXW1S5",
            "incident_urgency_rule": [
              {
                "during_support_hours": [],
                "outside_support_hours": [],
                "type": "constant",
                "urgency": "high"
              }
            ],
            "last_incident_timestamp": "",
            "name": "Epldt",
            "response_play": null,
            "scheduled_actions": [],
            "status": "active",
            "support_hours": [],
            "type": "service"
          },
          "sensitive_attributes": [],
          "private": "bnVsbA==",
          "dependencies": [
            "data.pagerduty_escalation_policy.default"
          ]
        }
      ]
    },
    {
      "mode": "managed",
      "type": "pagerduty_service",
      "name": "Erosgroup",
      "provider": "provider[\"registry.terraform.io/pagerduty/pagerduty\"]",
      "instances": [
        {
          "schema_version": 0,
          "attributes": {
            "acknowledgement_timeout": "1800",
            "alert_creation": "create_incidents",
            "alert_grouping": null,
            "alert_grouping_parameters": [],
            "alert_grouping_timeout": "null",
            "auto_pause_notifications_parameters": [],
            "auto_resolve_timeout": "14400",
            "created_at": "2023-02-26T17:27:34+02:00",
            "description": "Erosgroup (erosgroup)",
            "escalation_policy": "PQAH7SD",
            "html_url": "https://partner-webiscope.eu.pagerduty.com/service-directory/PTP27GW",
            "id": "PTP27GW",
            "incident_urgency_rule": [
              {
                "during_support_hours": [],
                "outside_support_hours": [],
                "type": "constant",
                "urgency": "high"
              }
            ],
            "last_incident_timestamp": "",
            "name": "Erosgroup",
            "response_play": null,
            "scheduled_actions": [],
            "status": "active",
            "support_hours": [],
            "type": "service"
          },
          "sensitive_attributes": [],
          "private": "bnVsbA==",
          "dependencies": [
            "data.pagerduty_escalation_policy.default"
          ]
        }
      ]
    },
    {
      "mode": "managed",
      "type": "pagerduty_service",
      "name": "Eshettours",
      "provider": "provider[\"registry.terraform.io/pagerduty/pagerduty\"]",
      "instances": [
        {
          "schema_version": 0,
          "attributes": {
            "acknowledgement_timeout": "1800",
            "alert_creation": "create_incidents",
            "alert_grouping": null,
            "alert_grouping_parameters": [],
            "alert_grouping_timeout": "null",
            "auto_pause_notifications_parameters": [],
            "auto_resolve_timeout": "14400",
            "created_at": "2023-02-26T17:27:34+02:00",
            "description": "Eshettours (eshettours)",
            "escalation_policy": "PQAH7SD",
            "html_url": "https://partner-webiscope.eu.pagerduty.com/service-directory/P5U55CT",
            "id": "P5U55CT",
            "incident_urgency_rule": [
              {
                "during_support_hours": [],
                "outside_support_hours": [],
                "type": "constant",
                "urgency": "high"
              }
            ],
            "last_incident_timestamp": "",
            "name": "Eshettours",
            "response_play": null,
            "scheduled_actions": [],
            "status": "active",
            "support_hours": [],
            "type": "service"
          },
          "sensitive_attributes": [],
          "private": "bnVsbA==",
          "dependencies": [
            "data.pagerduty_escalation_policy.default"
          ]
        }
      ]
    },
    {
      "mode": "managed",
      "type": "pagerduty_service",
      "name": "Estoreproduction194504",
      "provider": "provider[\"registry.terraform.io/pagerduty/pagerduty\"]",
      "instances": [
        {
          "schema_version": 0,
          "attributes": {
            "acknowledgement_timeout": "1800",
            "alert_creation": "create_incidents",
            "alert_grouping": null,
            "alert_grouping_parameters": [],
            "alert_grouping_timeout": "null",
            "auto_pause_notifications_parameters": [],
            "auto_resolve_timeout": "14400",
            "created_at": "2023-02-26T17:28:06+02:00",
            "description": "Estoreproduction194504 (estoreproduction194504)",
            "escalation_policy": "PQAH7SD",
            "html_url": "https://partner-webiscope.eu.pagerduty.com/service-directory/PAWVZST",
            "id": "PAWVZST",
            "incident_urgency_rule": [
              {
                "during_support_hours": [],
                "outside_support_hours": [],
                "type": "constant",
                "urgency": "high"
              }
            ],
            "last_incident_timestamp": "",
            "name": "Estoreproduction194504",
            "response_play": null,
            "scheduled_actions": [],
            "status": "active",
            "support_hours": [],
            "type": "service"
          },
          "sensitive_attributes": [],
          "private": "bnVsbA==",
          "dependencies": [
            "data.pagerduty_escalation_policy.default"
          ]
        }
      ]
    },
    {
      "mode": "managed",
      "type": "pagerduty_service",
      "name": "Fattal",
      "provider": "provider[\"registry.terraform.io/pagerduty/pagerduty\"]",
      "instances": [
        {
          "schema_version": 0,
          "attributes": {
            "acknowledgement_timeout": "1800",
            "alert_creation": "create_incidents",
            "alert_grouping": null,
            "alert_grouping_parameters": [],
            "alert_grouping_timeout": "null",
            "auto_pause_notifications_parameters": [],
            "auto_resolve_timeout": "14400",
            "created_at": "2023-02-26T17:27:40+02:00",
            "description": "Fattal (fattal)",
            "escalation_policy": "PQAH7SD",
            "html_url": "https://partner-webiscope.eu.pagerduty.com/service-directory/PRNWCAQ",
            "id": "PRNWCAQ",
            "incident_urgency_rule": [
              {
                "during_support_hours": [],
                "outside_support_hours": [],
                "type": "constant",
                "urgency": "high"
              }
            ],
            "last_incident_timestamp": "",
            "name": "Fattal",
            "response_play": null,
            "scheduled_actions": [],
            "status": "active",
            "support_hours": [],
            "type": "service"
          },
          "sensitive_attributes": [],
          "private": "bnVsbA==",
          "dependencies": [
            "data.pagerduty_escalation_policy.default"
          ]
        }
      ]
    },
    {
      "mode": "managed",
      "type": "pagerduty_service",
      "name": "Fibi",
      "provider": "provider[\"registry.terraform.io/pagerduty/pagerduty\"]",
      "instances": [
        {
          "schema_version": 0,
          "attributes": {
            "acknowledgement_timeout": "1800",
            "alert_creation": "create_incidents",
            "alert_grouping": null,
            "alert_grouping_parameters": [],
            "alert_grouping_timeout": "null",
            "auto_pause_notifications_parameters": [],
            "auto_resolve_timeout": "14400",
            "created_at": "2023-02-26T17:27:46+02:00",
            "description": "Fibi (fibi)",
            "escalation_policy": "PQAH7SD",
            "html_url": "https://partner-webiscope.eu.pagerduty.com/service-directory/PP917U7",
            "id": "PP917U7",
            "incident_urgency_rule": [
              {
                "during_support_hours": [],
                "outside_support_hours": [],
                "type": "constant",
                "urgency": "high"
              }
            ],
            "last_incident_timestamp": "",
            "name": "Fibi",
            "response_play": null,
            "scheduled_actions": [],
            "status": "active",
            "support_hours": [],
            "type": "service"
          },
          "sensitive_attributes": [],
          "private": "bnVsbA==",
          "dependencies": [
            "data.pagerduty_escalation_policy.default"
          ]
        }
      ]
    },
    {
      "mode": "managed",
      "type": "pagerduty_service",
      "name": "Fishbrain",
      "provider": "provider[\"registry.terraform.io/pagerduty/pagerduty\"]",
      "instances": [
        {
          "schema_version": 0,
          "attributes": {
            "acknowledgement_timeout": "1800",
            "alert_creation": "create_incidents",
            "alert_grouping": null,
            "alert_grouping_parameters": [],
            "alert_grouping_timeout": "null",
            "auto_pause_notifications_parameters": [],
            "auto_resolve_timeout": "14400",
            "created_at": "2023-02-26T17:27:35+02:00",
            "description": "Fishbrain (fishbrain)",
            "escalation_policy": "PQAH7SD",
            "html_url": "https://partner-webiscope.eu.pagerduty.com/service-directory/PKE35NN",
            "id": "PKE35NN",
            "incident_urgency_rule": [
              {
                "during_support_hours": [],
                "outside_support_hours": [],
                "type": "constant",
                "urgency": "high"
              }
            ],
            "last_incident_timestamp": "",
            "name": "Fishbrain",
            "response_play": null,
            "scheduled_actions": [],
            "status": "active",
            "support_hours": [],
            "type": "service"
          },
          "sensitive_attributes": [],
          "private": "bnVsbA==",
          "dependencies": [
            "data.pagerduty_escalation_policy.default"
          ]
        }
      ]
    },
    {
      "mode": "managed",
      "type": "pagerduty_service",
      "name": "Flashcoffee",
      "provider": "provider[\"registry.terraform.io/pagerduty/pagerduty\"]",
      "instances": [
        {
          "schema_version": 0,
          "attributes": {
            "acknowledgement_timeout": "1800",
            "alert_creation": "create_incidents",
            "alert_grouping": null,
            "alert_grouping_parameters": [],
            "alert_grouping_timeout": "null",
            "auto_pause_notifications_parameters": [],
            "auto_resolve_timeout": "14400",
            "created_at": "2023-02-26T17:27:57+02:00",
            "description": "Flashcoffee (flashcoffee)",
            "escalation_policy": "PQAH7SD",
            "html_url": "https://partner-webiscope.eu.pagerduty.com/service-directory/PD9WNAB",
            "id": "PD9WNAB",
            "incident_urgency_rule": [
              {
                "during_support_hours": [],
                "outside_support_hours": [],
                "type": "constant",
                "urgency": "high"
              }
            ],
            "last_incident_timestamp": "",
            "name": "Flashcoffee",
            "response_play": null,
            "scheduled_actions": [],
            "status": "active",
            "support_hours": [],
            "type": "service"
          },
          "sensitive_attributes": [],
          "private": "bnVsbA==",
          "dependencies": [
            "data.pagerduty_escalation_policy.default"
          ]
        }
      ]
    },
    {
      "mode": "managed",
      "type": "pagerduty_service",
      "name": "Flexport",
      "provider": "provider[\"registry.terraform.io/pagerduty/pagerduty\"]",
      "instances": [
        {
          "schema_version": 0,
          "attributes": {
            "acknowledgement_timeout": "1800",
            "alert_creation": "create_incidents",
            "alert_grouping": null,
            "alert_grouping_parameters": [],
            "alert_grouping_timeout": "null",
            "auto_pause_notifications_parameters": [],
            "auto_resolve_timeout": "14400",
            "created_at": "2023-02-26T17:27:48+02:00",
            "description": "Flexport (flexport)",
            "escalation_policy": "PQAH7SD",
            "html_url": "https://partner-webiscope.eu.pagerduty.com/service-directory/PS6H24V",
            "id": "PS6H24V",
            "incident_urgency_rule": [
              {
                "during_support_hours": [],
                "outside_support_hours": [],
                "type": "constant",
                "urgency": "high"
              }
            ],
            "last_incident_timestamp": "",
            "name": "Flexport",
            "response_play": null,
            "scheduled_actions": [],
            "status": "active",
            "support_hours": [],
            "type": "service"
          },
          "sensitive_attributes": [],
          "private": "bnVsbA==",
          "dependencies": [
            "data.pagerduty_escalation_policy.default"
          ]
        }
      ]
    },
    {
      "mode": "managed",
      "type": "pagerduty_service",
      "name": "Flink",
      "provider": "provider[\"registry.terraform.io/pagerduty/pagerduty\"]",
      "instances": [
        {
          "schema_version": 0,
          "attributes": {
            "acknowledgement_timeout": "1800",
            "alert_creation": "create_incidents",
            "alert_grouping": null,
            "alert_grouping_parameters": [],
            "alert_grouping_timeout": "null",
            "auto_pause_notifications_parameters": [],
            "auto_resolve_timeout": "14400",
            "created_at": "2023-02-26T17:27:33+02:00",
            "description": "Flink (flink)",
            "escalation_policy": "PQAH7SD",
            "html_url": "https://partner-webiscope.eu.pagerduty.com/service-directory/PE6M9KZ",
            "id": "PE6M9KZ",
            "incident_urgency_rule": [
              {
                "during_support_hours": [],
                "outside_support_hours": [],
                "type": "constant",
                "urgency": "high"
              }
            ],
            "last_incident_timestamp": "",
            "name": "Flink",
            "response_play": null,
            "scheduled_actions": [],
            "status": "active",
            "support_hours": [],
            "type": "service"
          },
          "sensitive_attributes": [],
          "private": "bnVsbA==",
          "dependencies": [
            "data.pagerduty_escalation_policy.default"
          ]
        }
      ]
    },
    {
      "mode": "managed",
      "type": "pagerduty_service",
      "name": "Flipkart",
      "provider": "provider[\"registry.terraform.io/pagerduty/pagerduty\"]",
      "instances": [
        {
          "schema_version": 0,
          "attributes": {
            "acknowledgement_timeout": "1800",
            "alert_creation": "create_incidents",
            "alert_grouping": null,
            "alert_grouping_parameters": [],
            "alert_grouping_timeout": "null",
            "auto_pause_notifications_parameters": [],
            "auto_resolve_timeout": "14400",
            "created_at": "2023-02-26T17:28:00+02:00",
            "description": "Flipkart (flipkart)",
            "escalation_policy": "PQAH7SD",
            "html_url": "https://partner-webiscope.eu.pagerduty.com/service-directory/PRD42UW",
            "id": "PRD42UW",
            "incident_urgency_rule": [
              {
                "during_support_hours": [],
                "outside_support_hours": [],
                "type": "constant",
                "urgency": "high"
              }
            ],
            "last_incident_timestamp": "",
            "name": "Flipkart",
            "response_play": null,
            "scheduled_actions": [],
            "status": "active",
            "support_hours": [],
            "type": "service"
          },
          "sensitive_attributes": [],
          "private": "bnVsbA==",
          "dependencies": [
            "data.pagerduty_escalation_policy.default"
          ]
        }
      ]
    },
    {
      "mode": "managed",
      "type": "pagerduty_service",
      "name": "Forbesdevelopment",
      "provider": "provider[\"registry.terraform.io/pagerduty/pagerduty\"]",
      "instances": [
        {
          "schema_version": 0,
          "attributes": {
            "acknowledgement_timeout": "1800",
            "alert_creation": "create_incidents",
            "alert_grouping": null,
            "alert_grouping_parameters": [],
            "alert_grouping_timeout": "null",
            "auto_pause_notifications_parameters": [],
            "auto_resolve_timeout": "14400",
            "created_at": "2023-02-26T17:27:13+02:00",
            "description": "Forbesdevelopment (forbesdevelopment)",
            "escalation_policy": "PQAH7SD",
            "html_url": "https://partner-webiscope.eu.pagerduty.com/service-directory/P23EL7M",
            "id": "P23EL7M",
            "incident_urgency_rule": [
              {
                "during_support_hours": [],
                "outside_support_hours": [],
                "type": "constant",
                "urgency": "high"
              }
            ],
            "last_incident_timestamp": "",
            "name": "Forbesdevelopment",
            "response_play": null,
            "scheduled_actions": [],
            "status": "active",
            "support_hours": [],
            "type": "service"
          },
          "sensitive_attributes": [],
          "private": "bnVsbA==",
          "dependencies": [
            "data.pagerduty_escalation_policy.default"
          ]
        }
      ]
    },
    {
      "mode": "managed",
      "type": "pagerduty_service",
      "name": "Forbesproduction",
      "provider": "provider[\"registry.terraform.io/pagerduty/pagerduty\"]",
      "instances": [
        {
          "schema_version": 0,
          "attributes": {
            "acknowledgement_timeout": "1800",
            "alert_creation": "create_incidents",
            "alert_grouping": null,
            "alert_grouping_parameters": [],
            "alert_grouping_timeout": "null",
            "auto_pause_notifications_parameters": [],
            "auto_resolve_timeout": "14400",
            "created_at": "2023-02-26T17:28:03+02:00",
            "description": "Forbesproduction (forbesproduction)",
            "escalation_policy": "PQAH7SD",
            "html_url": "https://partner-webiscope.eu.pagerduty.com/service-directory/P36BHOR",
            "id": "P36BHOR",
            "incident_urgency_rule": [
              {
                "during_support_hours": [],
                "outside_support_hours": [],
                "type": "constant",
                "urgency": "high"
              }
            ],
            "last_incident_timestamp": "",
            "name": "Forbesproduction",
            "response_play": null,
            "scheduled_actions": [],
            "status": "active",
            "support_hours": [],
            "type": "service"
          },
          "sensitive_attributes": [],
          "private": "bnVsbA==",
          "dependencies": [
            "data.pagerduty_escalation_policy.default"
          ]
        }
      ]
    },
    {
      "mode": "managed",
      "type": "pagerduty_service",
      "name": "Formatemp",
      "provider": "provider[\"registry.terraform.io/pagerduty/pagerduty\"]",
      "instances": [
        {
          "schema_version": 0,
          "attributes": {
            "acknowledgement_timeout": "1800",
            "alert_creation": "create_incidents",
            "alert_grouping": null,
            "alert_grouping_parameters": [],
            "alert_grouping_timeout": "null",
            "auto_pause_notifications_parameters": [],
            "auto_resolve_timeout": "14400",
            "created_at": "2023-02-26T17:27:31+02:00",
            "description": "Formatemp (formatemp)",
            "escalation_policy": "PQAH7SD",
            "html_url": "https://partner-webiscope.eu.pagerduty.com/service-directory/PIUFTC1",
            "id": "PIUFTC1",
            "incident_urgency_rule": [
              {
                "during_support_hours": [],
                "outside_support_hours": [],
                "type": "constant",
                "urgency": "high"
              }
            ],
            "last_incident_timestamp": "",
            "name": "Formatemp",
            "response_play": null,
            "scheduled_actions": [],
            "status": "active",
            "support_hours": [],
            "type": "service"
          },
          "sensitive_attributes": [],
          "private": "bnVsbA==",
          "dependencies": [
            "data.pagerduty_escalation_policy.default"
          ]
        }
      ]
    },
    {
      "mode": "managed",
      "type": "pagerduty_service",
      "name": "Formativ718648307850097729",
      "provider": "provider[\"registry.terraform.io/pagerduty/pagerduty\"]",
      "instances": [
        {
          "schema_version": 0,
          "attributes": {
            "acknowledgement_timeout": "1800",
            "alert_creation": "create_incidents",
            "alert_grouping": null,
            "alert_grouping_parameters": [],
            "alert_grouping_timeout": "null",
            "auto_pause_notifications_parameters": [],
            "auto_resolve_timeout": "14400",
            "created_at": "2023-02-26T17:27:22+02:00",
            "description": "Formativ718648307850097729 (formativ718648307850097729)",
            "escalation_policy": "PQAH7SD",
            "html_url": "https://partner-webiscope.eu.pagerduty.com/service-directory/PQ6U6E5",
            "id": "PQ6U6E5",
            "incident_urgency_rule": [
              {
                "during_support_hours": [],
                "outside_support_hours": [],
                "type": "constant",
                "urgency": "high"
              }
            ],
            "last_incident_timestamp": "",
            "name": "Formativ718648307850097729",
            "response_play": null,
            "scheduled_actions": [],
            "status": "active",
            "support_hours": [],
            "type": "service"
          },
          "sensitive_attributes": [],
          "private": "bnVsbA==",
          "dependencies": [
            "data.pagerduty_escalation_policy.default"
          ]
        }
      ]
    },
    {
      "mode": "managed",
      "type": "pagerduty_service",
      "name": "Fwd",
      "provider": "provider[\"registry.terraform.io/pagerduty/pagerduty\"]",
      "instances": [
        {
          "schema_version": 0,
          "attributes": {
            "acknowledgement_timeout": "1800",
            "alert_creation": "create_incidents",
            "alert_grouping": null,
            "alert_grouping_parameters": [],
            "alert_grouping_timeout": "null",
            "auto_pause_notifications_parameters": [],
            "auto_resolve_timeout": "14400",
            "created_at": "2023-02-26T17:27:41+02:00",
            "description": "Fwd (fwd)",
            "escalation_policy": "PQAH7SD",
            "html_url": "https://partner-webiscope.eu.pagerduty.com/service-directory/PF39ZRE",
            "id": "PF39ZRE",
            "incident_urgency_rule": [
              {
                "during_support_hours": [],
                "outside_support_hours": [],
                "type": "constant",
                "urgency": "high"
              }
            ],
            "last_incident_timestamp": "",
            "name": "Fwd",
            "response_play": null,
            "scheduled_actions": [],
            "status": "active",
            "support_hours": [],
            "type": "service"
          },
          "sensitive_attributes": [],
          "private": "bnVsbA==",
          "dependencies": [
            "data.pagerduty_escalation_policy.default"
          ]
        }
      ]
    },
    {
      "mode": "managed",
      "type": "pagerduty_service",
      "name": "Gazprom",
      "provider": "provider[\"registry.terraform.io/pagerduty/pagerduty\"]",
      "instances": [
        {
          "schema_version": 0,
          "attributes": {
            "acknowledgement_timeout": "1800",
            "alert_creation": "create_incidents",
            "alert_grouping": null,
            "alert_grouping_parameters": [],
            "alert_grouping_timeout": "null",
            "auto_pause_notifications_parameters": [],
            "auto_resolve_timeout": "14400",
            "created_at": "2023-02-26T17:27:05+02:00",
            "description": "Gazprom (gazprom)",
            "escalation_policy": "PQAH7SD",
            "html_url": "https://partner-webiscope.eu.pagerduty.com/service-directory/P4GFZT7",
            "id": "P4GFZT7",
            "incident_urgency_rule": [
              {
                "during_support_hours": [],
                "outside_support_hours": [],
                "type": "constant",
                "urgency": "high"
              }
            ],
            "last_incident_timestamp": "",
            "name": "Gazprom",
            "response_play": null,
            "scheduled_actions": [],
            "status": "active",
            "support_hours": [],
            "type": "service"
          },
          "sensitive_attributes": [],
          "private": "bnVsbA==",
          "dependencies": [
            "data.pagerduty_escalation_policy.default"
          ]
        }
      ]
    },
    {
      "mode": "managed",
      "type": "pagerduty_service",
      "name": "Gearlaunchx",
      "provider": "provider[\"registry.terraform.io/pagerduty/pagerduty\"]",
      "instances": [
        {
          "schema_version": 0,
          "attributes": {
            "acknowledgement_timeout": "1800",
            "alert_creation": "create_incidents",
            "alert_grouping": null,
            "alert_grouping_parameters": [],
            "alert_grouping_timeout": "null",
            "auto_pause_notifications_parameters": [],
            "auto_resolve_timeout": "14400",
            "created_at": "2023-02-26T17:27:56+02:00",
            "description": "Gearlaunchx (gearlaunchx)",
            "escalation_policy": "PQAH7SD",
            "html_url": "https://partner-webiscope.eu.pagerduty.com/service-directory/P1YJOF7",
            "id": "P1YJOF7",
            "incident_urgency_rule": [
              {
                "during_support_hours": [],
                "outside_support_hours": [],
                "type": "constant",
                "urgency": "high"
              }
            ],
            "last_incident_timestamp": "",
            "name": "Gearlaunchx",
            "response_play": null,
            "scheduled_actions": [],
            "status": "active",
            "support_hours": [],
            "type": "service"
          },
          "sensitive_attributes": [],
          "private": "bnVsbA==",
          "dependencies": [
            "data.pagerduty_escalation_policy.default"
          ]
        }
      ]
    },
    {
      "mode": "managed",
      "type": "pagerduty_service",
      "name": "Glassesusa",
      "provider": "provider[\"registry.terraform.io/pagerduty/pagerduty\"]",
      "instances": [
        {
          "schema_version": 0,
          "attributes": {
            "acknowledgement_timeout": "1800",
            "alert_creation": "create_incidents",
            "alert_grouping": null,
            "alert_grouping_parameters": [],
            "alert_grouping_timeout": "null",
            "auto_pause_notifications_parameters": [],
            "auto_resolve_timeout": "14400",
            "created_at": "2023-02-26T17:27:46+02:00",
            "description": "Glassesusa (glassesusa)",
            "escalation_policy": "PQAH7SD",
            "html_url": "https://partner-webiscope.eu.pagerduty.com/service-directory/P50S62U",
            "id": "P50S62U",
            "incident_urgency_rule": [
              {
                "during_support_hours": [],
                "outside_support_hours": [],
                "type": "constant",
                "urgency": "high"
              }
            ],
            "last_incident_timestamp": "",
            "name": "Glassesusa",
            "response_play": null,
            "scheduled_actions": [],
            "status": "active",
            "support_hours": [],
            "type": "service"
          },
          "sensitive_attributes": [],
          "private": "bnVsbA==",
          "dependencies": [
            "data.pagerduty_escalation_policy.default"
          ]
        }
      ]
    },
    {
      "mode": "managed",
      "type": "pagerduty_service",
      "name": "Gmc",
      "provider": "provider[\"registry.terraform.io/pagerduty/pagerduty\"]",
      "instances": [
        {
          "schema_version": 0,
          "attributes": {
            "acknowledgement_timeout": "1800",
            "alert_creation": "create_incidents",
            "alert_grouping": null,
            "alert_grouping_parameters": [],
            "alert_grouping_timeout": "null",
            "auto_pause_notifications_parameters": [],
            "auto_resolve_timeout": "14400",
            "created_at": "2023-02-26T17:27:26+02:00",
            "description": "Gmc (gmc)",
            "escalation_policy": "PQAH7SD",
            "html_url": "https://partner-webiscope.eu.pagerduty.com/service-directory/PDNBKTU",
            "id": "PDNBKTU",
            "incident_urgency_rule": [
              {
                "during_support_hours": [],
                "outside_support_hours": [],
                "type": "constant",
                "urgency": "high"
              }
            ],
            "last_incident_timestamp": "",
            "name": "Gmc",
            "response_play": null,
            "scheduled_actions": [],
            "status": "active",
            "support_hours": [],
            "type": "service"
          },
          "sensitive_attributes": [],
          "private": "bnVsbA==",
          "dependencies": [
            "data.pagerduty_escalation_policy.default"
          ]
        }
      ]
    },
    {
      "mode": "managed",
      "type": "pagerduty_service",
      "name": "Gokturkteam",
      "provider": "provider[\"registry.terraform.io/pagerduty/pagerduty\"]",
      "instances": [
        {
          "schema_version": 0,
          "attributes": {
            "acknowledgement_timeout": "1800",
            "alert_creation": "create_incidents",
            "alert_grouping": null,
            "alert_grouping_parameters": [],
            "alert_grouping_timeout": "null",
            "auto_pause_notifications_parameters": [],
            "auto_resolve_timeout": "14400",
            "created_at": "2023-02-26T17:27:47+02:00",
            "description": "Gokturkteam (gokturkteam)",
            "escalation_policy": "PQAH7SD",
            "html_url": "https://partner-webiscope.eu.pagerduty.com/service-directory/PD1E48Y",
            "id": "PD1E48Y",
            "incident_urgency_rule": [
              {
                "during_support_hours": [],
                "outside_support_hours": [],
                "type": "constant",
                "urgency": "high"
              }
            ],
            "last_incident_timestamp": "",
            "name": "Gokturkteam",
            "response_play": null,
            "scheduled_actions": [],
            "status": "active",
            "support_hours": [],
            "type": "service"
          },
          "sensitive_attributes": [],
          "private": "bnVsbA==",
          "dependencies": [
            "data.pagerduty_escalation_policy.default"
          ]
        }
      ]
    },
    {
      "mode": "managed",
      "type": "pagerduty_service",
      "name": "Goniyo",
      "provider": "provider[\"registry.terraform.io/pagerduty/pagerduty\"]",
      "instances": [
        {
          "schema_version": 0,
          "attributes": {
            "acknowledgement_timeout": "1800",
            "alert_creation": "create_incidents",
            "alert_grouping": null,
            "alert_grouping_parameters": [],
            "alert_grouping_timeout": "null",
            "auto_pause_notifications_parameters": [],
            "auto_resolve_timeout": "14400",
            "created_at": "2023-02-26T17:28:08+02:00",
            "description": "Goniyo (goniyo)",
            "escalation_policy": "PQAH7SD",
            "html_url": "https://partner-webiscope.eu.pagerduty.com/service-directory/PDUOU2E",
            "id": "PDUOU2E",
            "incident_urgency_rule": [
              {
                "during_support_hours": [],
                "outside_support_hours": [],
                "type": "constant",
                "urgency": "high"
              }
            ],
            "last_incident_timestamp": "",
            "name": "Goniyo",
            "response_play": null,
            "scheduled_actions": [],
            "status": "active",
            "support_hours": [],
            "type": "service"
          },
          "sensitive_attributes": [],
          "private": "bnVsbA==",
          "dependencies": [
            "data.pagerduty_escalation_policy.default"
          ]
        }
      ]
    },
    {
      "mode": "managed",
      "type": "pagerduty_service",
      "name": "Gtaureblaze",
      "provider": "provider[\"registry.terraform.io/pagerduty/pagerduty\"]",
      "instances": [
        {
          "schema_version": 0,
          "attributes": {
            "acknowledgement_timeout": "1800",
            "alert_creation": "create_incidents",
            "alert_grouping": null,
            "alert_grouping_parameters": [],
            "alert_grouping_timeout": "null",
            "auto_pause_notifications_parameters": [],
            "auto_resolve_timeout": "14400",
            "created_at": "2023-02-26T17:28:01+02:00",
            "description": "Gtaureblaze (gtaureblaze)",
            "escalation_policy": "PQAH7SD",
            "html_url": "https://partner-webiscope.eu.pagerduty.com/service-directory/PJ54MLN",
            "id": "PJ54MLN",
            "incident_urgency_rule": [
              {
                "during_support_hours": [],
                "outside_support_hours": [],
                "type": "constant",
                "urgency": "high"
              }
            ],
            "last_incident_timestamp": "",
            "name": "Gtaureblaze",
            "response_play": null,
            "scheduled_actions": [],
            "status": "active",
            "support_hours": [],
            "type": "service"
          },
          "sensitive_attributes": [],
          "private": "bnVsbA==",
          "dependencies": [
            "data.pagerduty_escalation_policy.default"
          ]
        }
      ]
    },
    {
      "mode": "managed",
      "type": "pagerduty_service",
      "name": "Gtaureblazestg",
      "provider": "provider[\"registry.terraform.io/pagerduty/pagerduty\"]",
      "instances": [
        {
          "schema_version": 0,
          "attributes": {
            "acknowledgement_timeout": "1800",
            "alert_creation": "create_incidents",
            "alert_grouping": null,
            "alert_grouping_parameters": [],
            "alert_grouping_timeout": "null",
            "auto_pause_notifications_parameters": [],
            "auto_resolve_timeout": "14400",
            "created_at": "2023-02-26T17:28:04+02:00",
            "description": "Gtaureblazestg (gtaureblazestg)",
            "escalation_policy": "PQAH7SD",
            "html_url": "https://partner-webiscope.eu.pagerduty.com/service-directory/P2V6B9P",
            "id": "P2V6B9P",
            "incident_urgency_rule": [
              {
                "during_support_hours": [],
                "outside_support_hours": [],
                "type": "constant",
                "urgency": "high"
              }
            ],
            "last_incident_timestamp": "",
            "name": "Gtaureblazestg",
            "response_play": null,
            "scheduled_actions": [],
            "status": "active",
            "support_hours": [],
            "type": "service"
          },
          "sensitive_attributes": [],
          "private": "bnVsbA==",
          "dependencies": [
            "data.pagerduty_escalation_policy.default"
          ]
        }
      ]
    },
    {
      "mode": "managed",
      "type": "pagerduty_service",
      "name": "Gtreblaze",
      "provider": "provider[\"registry.terraform.io/pagerduty/pagerduty\"]",
      "instances": [
        {
          "schema_version": 0,
          "attributes": {
            "acknowledgement_timeout": "1800",
            "alert_creation": "create_incidents",
            "alert_grouping": null,
            "alert_grouping_parameters": [],
            "alert_grouping_timeout": "null",
            "auto_pause_notifications_parameters": [],
            "auto_resolve_timeout": "14400",
            "created_at": "2023-02-26T17:27:17+02:00",
            "description": "Gtreblaze (gtreblaze)",
            "escalation_policy": "PQAH7SD",
            "html_url": "https://partner-webiscope.eu.pagerduty.com/service-directory/PG0CYBC",
            "id": "PG0CYBC",
            "incident_urgency_rule": [
              {
                "during_support_hours": [],
                "outside_support_hours": [],
                "type": "constant",
                "urgency": "high"
              }
            ],
            "last_incident_timestamp": "",
            "name": "Gtreblaze",
            "response_play": null,
            "scheduled_actions": [],
            "status": "active",
            "support_hours": [],
            "type": "service"
          },
          "sensitive_attributes": [],
          "private": "bnVsbA==",
          "dependencies": [
            "data.pagerduty_escalation_policy.default"
          ]
        }
      ]
    },
    {
      "mode": "managed",
      "type": "pagerduty_service",
      "name": "Hagihon",
      "provider": "provider[\"registry.terraform.io/pagerduty/pagerduty\"]",
      "instances": [
        {
          "schema_version": 0,
          "attributes": {
            "acknowledgement_timeout": "1800",
            "alert_creation": "create_incidents",
            "alert_grouping": null,
            "alert_grouping_parameters": [],
            "alert_grouping_timeout": "null",
            "auto_pause_notifications_parameters": [],
            "auto_resolve_timeout": "14400",
            "created_at": "2023-02-26T17:27:44+02:00",
            "description": "Hagihon (hagihon)",
            "escalation_policy": "PQAH7SD",
            "html_url": "https://partner-webiscope.eu.pagerduty.com/service-directory/P9O8PGJ",
            "id": "P9O8PGJ",
            "incident_urgency_rule": [
              {
                "during_support_hours": [],
                "outside_support_hours": [],
                "type": "constant",
                "urgency": "high"
              }
            ],
            "last_incident_timestamp": "",
            "name": "Hagihon",
            "response_play": null,
            "scheduled_actions": [],
            "status": "active",
            "support_hours": [],
            "type": "service"
          },
          "sensitive_attributes": [],
          "private": "bnVsbA==",
          "dependencies": [
            "data.pagerduty_escalation_policy.default"
          ]
        }
      ]
    },
    {
      "mode": "managed",
      "type": "pagerduty_service",
      "name": "Haifamuni",
      "provider": "provider[\"registry.terraform.io/pagerduty/pagerduty\"]",
      "instances": [
        {
          "schema_version": 0,
          "attributes": {
            "acknowledgement_timeout": "1800",
            "alert_creation": "create_incidents",
            "alert_grouping": null,
            "alert_grouping_parameters": [],
            "alert_grouping_timeout": "null",
            "auto_pause_notifications_parameters": [],
            "auto_resolve_timeout": "14400",
            "created_at": "2023-02-26T17:27:08+02:00",
            "description": "Haifamuni (haifamuni)",
            "escalation_policy": "PQAH7SD",
            "html_url": "https://partner-webiscope.eu.pagerduty.com/service-directory/PC6ZRX9",
            "id": "PC6ZRX9",
            "incident_urgency_rule": [
              {
                "during_support_hours": [],
                "outside_support_hours": [],
                "type": "constant",
                "urgency": "high"
              }
            ],
            "last_incident_timestamp": "",
            "name": "Haifamuni",
            "response_play": null,
            "scheduled_actions": [],
            "status": "active",
            "support_hours": [],
            "type": "service"
          },
          "sensitive_attributes": [],
          "private": "bnVsbA==",
          "dependencies": [
            "data.pagerduty_escalation_policy.default"
          ]
        }
      ]
    },
    {
      "mode": "managed",
      "type": "pagerduty_service",
      "name": "Halman",
      "provider": "provider[\"registry.terraform.io/pagerduty/pagerduty\"]",
      "instances": [
        {
          "schema_version": 0,
          "attributes": {
            "acknowledgement_timeout": "1800",
            "alert_creation": "create_incidents",
            "alert_grouping": null,
            "alert_grouping_parameters": [],
            "alert_grouping_timeout": "null",
            "auto_pause_notifications_parameters": [],
            "auto_resolve_timeout": "14400",
            "created_at": "2023-02-26T17:27:04+02:00",
            "description": "Halman (halman)",
            "escalation_policy": "PQAH7SD",
            "html_url": "https://partner-webiscope.eu.pagerduty.com/service-directory/PP2RAHK",
            "id": "PP2RAHK",
            "incident_urgency_rule": [
              {
                "during_support_hours": [],
                "outside_support_hours": [],
                "type": "constant",
                "urgency": "high"
              }
            ],
            "last_incident_timestamp": "",
            "name": "Halman",
            "response_play": null,
            "scheduled_actions": [],
            "status": "active",
            "support_hours": [],
            "type": "service"
          },
          "sensitive_attributes": [],
          "private": "bnVsbA==",
          "dependencies": [
            "data.pagerduty_escalation_policy.default"
          ]
        }
      ]
    },
    {
      "mode": "managed",
      "type": "pagerduty_service",
      "name": "Hirematic",
      "provider": "provider[\"registry.terraform.io/pagerduty/pagerduty\"]",
      "instances": [
        {
          "schema_version": 0,
          "attributes": {
            "acknowledgement_timeout": "1800",
            "alert_creation": "create_incidents",
            "alert_grouping": null,
            "alert_grouping_parameters": [],
            "alert_grouping_timeout": "null",
            "auto_pause_notifications_parameters": [],
            "auto_resolve_timeout": "14400",
            "created_at": "2023-02-26T17:27:27+02:00",
            "description": "Hirematic (hirematic)",
            "escalation_policy": "PQAH7SD",
            "html_url": "https://partner-webiscope.eu.pagerduty.com/service-directory/PG8UF3F",
            "id": "PG8UF3F",
            "incident_urgency_rule": [
              {
                "during_support_hours": [],
                "outside_support_hours": [],
                "type": "constant",
                "urgency": "high"
              }
            ],
            "last_incident_timestamp": "",
            "name": "Hirematic",
            "response_play": null,
            "scheduled_actions": [],
            "status": "active",
            "support_hours": [],
            "type": "service"
          },
          "sensitive_attributes": [],
          "private": "bnVsbA==",
          "dependencies": [
            "data.pagerduty_escalation_policy.default"
          ]
        }
      ]
    },
    {
      "mode": "managed",
      "type": "pagerduty_service",
      "name": "Hmnetwork",
      "provider": "provider[\"registry.terraform.io/pagerduty/pagerduty\"]",
      "instances": [
        {
          "schema_version": 0,
          "attributes": {
            "acknowledgement_timeout": "1800",
            "alert_creation": "create_incidents",
            "alert_grouping": null,
            "alert_grouping_parameters": [],
            "alert_grouping_timeout": "null",
            "auto_pause_notifications_parameters": [],
            "auto_resolve_timeout": "14400",
            "created_at": "2023-02-26T17:27:06+02:00",
            "description": "Hmnetwork (hmnetwork)",
            "escalation_policy": "PQAH7SD",
            "html_url": "https://partner-webiscope.eu.pagerduty.com/service-directory/PK3DZ11",
            "id": "PK3DZ11",
            "incident_urgency_rule": [
              {
                "during_support_hours": [],
                "outside_support_hours": [],
                "type": "constant",
                "urgency": "high"
              }
            ],
            "last_incident_timestamp": "",
            "name": "Hmnetwork",
            "response_play": null,
            "scheduled_actions": [],
            "status": "active",
            "support_hours": [],
            "type": "service"
          },
          "sensitive_attributes": [],
          "private": "bnVsbA==",
          "dependencies": [
            "data.pagerduty_escalation_policy.default"
          ]
        }
      ]
    },
    {
      "mode": "managed",
      "type": "pagerduty_service",
      "name": "Holdprod",
      "provider": "provider[\"registry.terraform.io/pagerduty/pagerduty\"]",
      "instances": [
        {
          "schema_version": 0,
          "attributes": {
            "acknowledgement_timeout": "1800",
            "alert_creation": "create_incidents",
            "alert_grouping": null,
            "alert_grouping_parameters": [],
            "alert_grouping_timeout": "null",
            "auto_pause_notifications_parameters": [],
            "auto_resolve_timeout": "14400",
            "created_at": "2023-02-26T17:27:58+02:00",
            "description": "Holdprod (holdprod)",
            "escalation_policy": "PQAH7SD",
            "html_url": "https://partner-webiscope.eu.pagerduty.com/service-directory/PJGA60P",
            "id": "PJGA60P",
            "incident_urgency_rule": [
              {
                "during_support_hours": [],
                "outside_support_hours": [],
                "type": "constant",
                "urgency": "high"
              }
            ],
            "last_incident_timestamp": "",
            "name": "Holdprod",
            "response_play": null,
            "scheduled_actions": [],
            "status": "active",
            "support_hours": [],
            "type": "service"
          },
          "sensitive_attributes": [],
          "private": "bnVsbA==",
          "dependencies": [
            "data.pagerduty_escalation_policy.default"
          ]
        }
      ]
    },
    {
      "mode": "managed",
      "type": "pagerduty_service",
      "name": "Horizon",
      "provider": "provider[\"registry.terraform.io/pagerduty/pagerduty\"]",
      "instances": [
        {
          "schema_version": 0,
          "attributes": {
            "acknowledgement_timeout": "1800",
            "alert_creation": "create_incidents",
            "alert_grouping": null,
            "alert_grouping_parameters": [],
            "alert_grouping_timeout": "null",
            "auto_pause_notifications_parameters": [],
            "auto_resolve_timeout": "14400",
            "created_at": "2023-02-26T17:27:55+02:00",
            "description": "Horizon (horizon)",
            "escalation_policy": "PQAH7SD",
            "html_url": "https://partner-webiscope.eu.pagerduty.com/service-directory/PL6AV4T",
            "id": "PL6AV4T",
            "incident_urgency_rule": [
              {
                "during_support_hours": [],
                "outside_support_hours": [],
                "type": "constant",
                "urgency": "high"
              }
            ],
            "last_incident_timestamp": "",
            "name": "Horizon",
            "response_play": null,
            "scheduled_actions": [],
            "status": "active",
            "support_hours": [],
            "type": "service"
          },
          "sensitive_attributes": [],
          "private": "bnVsbA==",
          "dependencies": [
            "data.pagerduty_escalation_policy.default"
          ]
        }
      ]
    },
    {
      "mode": "managed",
      "type": "pagerduty_service",
      "name": "Hyposwiss",
      "provider": "provider[\"registry.terraform.io/pagerduty/pagerduty\"]",
      "instances": [
        {
          "schema_version": 0,
          "attributes": {
            "acknowledgement_timeout": "1800",
            "alert_creation": "create_incidents",
            "alert_grouping": null,
            "alert_grouping_parameters": [],
            "alert_grouping_timeout": "null",
            "auto_pause_notifications_parameters": [],
            "auto_resolve_timeout": "14400",
            "created_at": "2023-02-26T17:27:03+02:00",
            "description": "Hyposwiss (hyposwiss)",
            "escalation_policy": "PQAH7SD",
            "html_url": "https://partner-webiscope.eu.pagerduty.com/service-directory/P1IMEFJ",
            "id": "P1IMEFJ",
            "incident_urgency_rule": [
              {
                "during_support_hours": [],
                "outside_support_hours": [],
                "type": "constant",
                "urgency": "high"
              }
            ],
            "last_incident_timestamp": "",
            "name": "Hyposwiss",
            "response_play": null,
            "scheduled_actions": [],
            "status": "active",
            "support_hours": [],
            "type": "service"
          },
          "sensitive_attributes": [],
          "private": "bnVsbA==",
          "dependencies": [
            "data.pagerduty_escalation_policy.default"
          ]
        }
      ]
    },
    {
      "mode": "managed",
      "type": "pagerduty_service",
      "name": "Hzreblazeprod",
      "provider": "provider[\"registry.terraform.io/pagerduty/pagerduty\"]",
      "instances": [
        {
          "schema_version": 0,
          "attributes": {
            "acknowledgement_timeout": "1800",
            "alert_creation": "create_incidents",
            "alert_grouping": null,
            "alert_grouping_parameters": [],
            "alert_grouping_timeout": "null",
            "auto_pause_notifications_parameters": [],
            "auto_resolve_timeout": "14400",
            "created_at": "2023-02-26T17:28:04+02:00",
            "description": "Hzreblazeprod (hzreblazeprod)",
            "escalation_policy": "PQAH7SD",
            "html_url": "https://partner-webiscope.eu.pagerduty.com/service-directory/P9DFCB2",
            "id": "P9DFCB2",
            "incident_urgency_rule": [
              {
                "during_support_hours": [],
                "outside_support_hours": [],
                "type": "constant",
                "urgency": "high"
              }
            ],
            "last_incident_timestamp": "",
            "name": "Hzreblazeprod",
            "response_play": null,
            "scheduled_actions": [],
            "status": "active",
            "support_hours": [],
            "type": "service"
          },
          "sensitive_attributes": [],
          "private": "bnVsbA==",
          "dependencies": [
            "data.pagerduty_escalation_policy.default"
          ]
        }
      ]
    },
    {
      "mode": "managed",
      "type": "pagerduty_service",
      "name": "Hzreblazestg",
      "provider": "provider[\"registry.terraform.io/pagerduty/pagerduty\"]",
      "instances": [
        {
          "schema_version": 0,
          "attributes": {
            "acknowledgement_timeout": "1800",
            "alert_creation": "create_incidents",
            "alert_grouping": null,
            "alert_grouping_parameters": [],
            "alert_grouping_timeout": "null",
            "auto_pause_notifications_parameters": [],
            "auto_resolve_timeout": "14400",
            "created_at": "2023-02-26T17:28:01+02:00",
            "description": "Hzreblazestg (hzreblazestg)",
            "escalation_policy": "PQAH7SD",
            "html_url": "https://partner-webiscope.eu.pagerduty.com/service-directory/PBJVLWX",
            "id": "PBJVLWX",
            "incident_urgency_rule": [
              {
                "during_support_hours": [],
                "outside_support_hours": [],
                "type": "constant",
                "urgency": "high"
              }
            ],
            "last_incident_timestamp": "",
            "name": "Hzreblazestg",
            "response_play": null,
            "scheduled_actions": [],
            "status": "active",
            "support_hours": [],
            "type": "service"
          },
          "sensitive_attributes": [],
          "private": "bnVsbA==",
          "dependencies": [
            "data.pagerduty_escalation_policy.default"
          ]
        }
      ]
    },
    {
      "mode": "managed",
      "type": "pagerduty_service",
      "name": "Iai",
      "provider": "provider[\"registry.terraform.io/pagerduty/pagerduty\"]",
      "instances": [
        {
          "schema_version": 0,
          "attributes": {
            "acknowledgement_timeout": "1800",
            "alert_creation": "create_incidents",
            "alert_grouping": null,
            "alert_grouping_parameters": [],
            "alert_grouping_timeout": "null",
            "auto_pause_notifications_parameters": [],
            "auto_resolve_timeout": "14400",
            "created_at": "2023-02-26T17:27:29+02:00",
            "description": "Iai (iai)",
            "escalation_policy": "PQAH7SD",
            "html_url": "https://partner-webiscope.eu.pagerduty.com/service-directory/PJ6NZE3",
            "id": "PJ6NZE3",
            "incident_urgency_rule": [
              {
                "during_support_hours": [],
                "outside_support_hours": [],
                "type": "constant",
                "urgency": "high"
              }
            ],
            "last_incident_timestamp": "",
            "name": "Iai",
            "response_play": null,
            "scheduled_actions": [],
            "status": "active",
            "support_hours": [],
            "type": "service"
          },
          "sensitive_attributes": [],
          "private": "bnVsbA==",
          "dependencies": [
            "data.pagerduty_escalation_policy.default"
          ]
        }
      ]
    },
    {
      "mode": "managed",
      "type": "pagerduty_service",
      "name": "Iclgroup",
      "provider": "provider[\"registry.terraform.io/pagerduty/pagerduty\"]",
      "instances": [
        {
          "schema_version": 0,
          "attributes": {
            "acknowledgement_timeout": "1800",
            "alert_creation": "create_incidents",
            "alert_grouping": null,
            "alert_grouping_parameters": [],
            "alert_grouping_timeout": "null",
            "auto_pause_notifications_parameters": [],
            "auto_resolve_timeout": "14400",
            "created_at": "2023-02-26T17:27:53+02:00",
            "description": "Iclgroup (iclgroup)",
            "escalation_policy": "PQAH7SD",
            "html_url": "https://partner-webiscope.eu.pagerduty.com/service-directory/P2LJAJO",
            "id": "P2LJAJO",
            "incident_urgency_rule": [
              {
                "during_support_hours": [],
                "outside_support_hours": [],
                "type": "constant",
                "urgency": "high"
              }
            ],
            "last_incident_timestamp": "",
            "name": "Iclgroup",
            "response_play": null,
            "scheduled_actions": [],
            "status": "active",
            "support_hours": [],
            "type": "service"
          },
          "sensitive_attributes": [],
          "private": "bnVsbA==",
          "dependencies": [
            "data.pagerduty_escalation_policy.default"
          ]
        }
      ]
    },
    {
      "mode": "managed",
      "type": "pagerduty_service",
      "name": "Iconnect",
      "provider": "provider[\"registry.terraform.io/pagerduty/pagerduty\"]",
      "instances": [
        {
          "schema_version": 0,
          "attributes": {
            "acknowledgement_timeout": "1800",
            "alert_creation": "create_incidents",
            "alert_grouping": null,
            "alert_grouping_parameters": [],
            "alert_grouping_timeout": "null",
            "auto_pause_notifications_parameters": [],
            "auto_resolve_timeout": "14400",
            "created_at": "2023-02-26T17:27:04+02:00",
            "description": "Iconnect (iconnect)",
            "escalation_policy": "PQAH7SD",
            "html_url": "https://partner-webiscope.eu.pagerduty.com/service-directory/PDWZDBQ",
            "id": "PDWZDBQ",
            "incident_urgency_rule": [
              {
                "during_support_hours": [],
                "outside_support_hours": [],
                "type": "constant",
                "urgency": "high"
              }
            ],
            "last_incident_timestamp": "",
            "name": "Iconnect",
            "response_play": null,
            "scheduled_actions": [],
            "status": "active",
            "support_hours": [],
            "type": "service"
          },
          "sensitive_attributes": [],
          "private": "bnVsbA==",
          "dependencies": [
            "data.pagerduty_escalation_policy.default"
          ]
        }
      ]
    },
    {
      "mode": "managed",
      "type": "pagerduty_service",
      "name": "Idreblaze",
      "provider": "provider[\"registry.terraform.io/pagerduty/pagerduty\"]",
      "instances": [
        {
          "schema_version": 0,
          "attributes": {
            "acknowledgement_timeout": "1800",
            "alert_creation": "create_incidents",
            "alert_grouping": null,
            "alert_grouping_parameters": [],
            "alert_grouping_timeout": "null",
            "auto_pause_notifications_parameters": [],
            "auto_resolve_timeout": "14400",
            "created_at": "2023-02-26T17:28:09+02:00",
            "description": "Idreblaze (idreblaze)",
            "escalation_policy": "PQAH7SD",
            "html_url": "https://partner-webiscope.eu.pagerduty.com/service-directory/PVX79YM",
            "id": "PVX79YM",
            "incident_urgency_rule": [
              {
                "during_support_hours": [],
                "outside_support_hours": [],
                "type": "constant",
                "urgency": "high"
              }
            ],
            "last_incident_timestamp": "",
            "name": "Idreblaze",
            "response_play": null,
            "scheduled_actions": [],
            "status": "active",
            "support_hours": [],
            "type": "service"
          },
          "sensitive_attributes": [],
          "private": "bnVsbA==",
          "dependencies": [
            "data.pagerduty_escalation_policy.default"
          ]
        }
      ]
    },
    {
      "mode": "managed",
      "type": "pagerduty_service",
      "name": "Iec",
      "provider": "provider[\"registry.terraform.io/pagerduty/pagerduty\"]",
      "instances": [
        {
          "schema_version": 0,
          "attributes": {
            "acknowledgement_timeout": "1800",
            "alert_creation": "create_incidents",
            "alert_grouping": null,
            "alert_grouping_parameters": [],
            "alert_grouping_timeout": "null",
            "auto_pause_notifications_parameters": [],
            "auto_resolve_timeout": "14400",
            "created_at": "2023-02-26T17:27:17+02:00",
            "description": "Iec (iec)",
            "escalation_policy": "PQAH7SD",
            "html_url": "https://partner-webiscope.eu.pagerduty.com/service-directory/P4Q2ZG8",
            "id": "P4Q2ZG8",
            "incident_urgency_rule": [
              {
                "during_support_hours": [],
                "outside_support_hours": [],
                "type": "constant",
                "urgency": "high"
              }
            ],
            "last_incident_timestamp": "",
            "name": "Iec",
            "response_play": null,
            "scheduled_actions": [],
            "status": "active",
            "support_hours": [],
            "type": "service"
          },
          "sensitive_attributes": [],
          "private": "bnVsbA==",
          "dependencies": [
            "data.pagerduty_escalation_policy.default"
          ]
        }
      ]
    },
    {
      "mode": "managed",
      "type": "pagerduty_service",
      "name": "Iectesttls",
      "provider": "provider[\"registry.terraform.io/pagerduty/pagerduty\"]",
      "instances": [
        {
          "schema_version": 0,
          "attributes": {
            "acknowledgement_timeout": "1800",
            "alert_creation": "create_incidents",
            "alert_grouping": null,
            "alert_grouping_parameters": [],
            "alert_grouping_timeout": "null",
            "auto_pause_notifications_parameters": [],
            "auto_resolve_timeout": "14400",
            "created_at": "2023-02-26T17:27:46+02:00",
            "description": "Iectesttls (iectesttls)",
            "escalation_policy": "PQAH7SD",
            "html_url": "https://partner-webiscope.eu.pagerduty.com/service-directory/PWUA8IK",
            "id": "PWUA8IK",
            "incident_urgency_rule": [
              {
                "during_support_hours": [],
                "outside_support_hours": [],
                "type": "constant",
                "urgency": "high"
              }
            ],
            "last_incident_timestamp": "",
            "name": "Iectesttls",
            "response_play": null,
            "scheduled_actions": [],
            "status": "active",
            "support_hours": [],
            "type": "service"
          },
          "sensitive_attributes": [],
          "private": "bnVsbA==",
          "dependencies": [
            "data.pagerduty_escalation_policy.default"
          ]
        }
      ]
    },
    {
      "mode": "managed",
      "type": "pagerduty_service",
      "name": "Inatec",
      "provider": "provider[\"registry.terraform.io/pagerduty/pagerduty\"]",
      "instances": [
        {
          "schema_version": 0,
          "attributes": {
            "acknowledgement_timeout": "1800",
            "alert_creation": "create_incidents",
            "alert_grouping": null,
            "alert_grouping_parameters": [],
            "alert_grouping_timeout": "null",
            "auto_pause_notifications_parameters": [],
            "auto_resolve_timeout": "14400",
            "created_at": "2023-02-26T17:27:32+02:00",
            "description": "Inatec (inatec)",
            "escalation_policy": "PQAH7SD",
            "html_url": "https://partner-webiscope.eu.pagerduty.com/service-directory/PQR9Q68",
            "id": "PQR9Q68",
            "incident_urgency_rule": [
              {
                "during_support_hours": [],
                "outside_support_hours": [],
                "type": "constant",
                "urgency": "high"
              }
            ],
            "last_incident_timestamp": "",
            "name": "Inatec",
            "response_play": null,
            "scheduled_actions": [],
            "status": "active",
            "support_hours": [],
            "type": "service"
          },
          "sensitive_attributes": [],
          "private": "bnVsbA==",
          "dependencies": [
            "data.pagerduty_escalation_policy.default"
          ]
        }
      ]
    },
    {
      "mode": "managed",
      "type": "pagerduty_service",
      "name": "Inetwebs152061635206655917",
      "provider": "provider[\"registry.terraform.io/pagerduty/pagerduty\"]",
      "instances": [
        {
          "schema_version": 0,
          "attributes": {
            "acknowledgement_timeout": "1800",
            "alert_creation": "create_incidents",
            "alert_grouping": null,
            "alert_grouping_parameters": [],
            "alert_grouping_timeout": "null",
            "auto_pause_notifications_parameters": [],
            "auto_resolve_timeout": "14400",
            "created_at": "2023-02-26T17:28:06+02:00",
            "description": "Inetwebs152061635206655917 (inetwebs152061635206655917)",
            "escalation_policy": "PQAH7SD",
            "html_url": "https://partner-webiscope.eu.pagerduty.com/service-directory/PPBYXOQ",
            "id": "PPBYXOQ",
            "incident_urgency_rule": [
              {
                "during_support_hours": [],
                "outside_support_hours": [],
                "type": "constant",
                "urgency": "high"
              }
            ],
            "last_incident_timestamp": "",
            "name": "Inetwebs152061635206655917",
            "response_play": null,
            "scheduled_actions": [],
            "status": "active",
            "support_hours": [],
            "type": "service"
          },
          "sensitive_attributes": [],
          "private": "bnVsbA==",
          "dependencies": [
            "data.pagerduty_escalation_policy.default"
          ]
        }
      ]
    },
    {
      "mode": "managed",
      "type": "pagerduty_service",
      "name": "Inss",
      "provider": "provider[\"registry.terraform.io/pagerduty/pagerduty\"]",
      "instances": [
        {
          "schema_version": 0,
          "attributes": {
            "acknowledgement_timeout": "1800",
            "alert_creation": "create_incidents",
            "alert_grouping": null,
            "alert_grouping_parameters": [],
            "alert_grouping_timeout": "null",
            "auto_pause_notifications_parameters": [],
            "auto_resolve_timeout": "14400",
            "created_at": "2023-02-26T17:27:54+02:00",
            "description": "Inss (inss)",
            "escalation_policy": "PQAH7SD",
            "html_url": "https://partner-webiscope.eu.pagerduty.com/service-directory/PXQKYQ2",
            "id": "PXQKYQ2",
            "incident_urgency_rule": [
              {
                "during_support_hours": [],
                "outside_support_hours": [],
                "type": "constant",
                "urgency": "high"
              }
            ],
            "last_incident_timestamp": "",
            "name": "Inss",
            "response_play": null,
            "scheduled_actions": [],
            "status": "active",
            "support_hours": [],
            "type": "service"
          },
          "sensitive_attributes": [],
          "private": "bnVsbA==",
          "dependencies": [
            "data.pagerduty_escalation_policy.default"
          ]
        }
      ]
    },
    {
      "mode": "managed",
      "type": "pagerduty_service",
      "name": "Iolpbsalute",
      "provider": "provider[\"registry.terraform.io/pagerduty/pagerduty\"]",
      "instances": [
        {
          "schema_version": 0,
          "attributes": {
            "acknowledgement_timeout": "1800",
            "alert_creation": "create_incidents",
            "alert_grouping": null,
            "alert_grouping_parameters": [],
            "alert_grouping_timeout": "null",
            "auto_pause_notifications_parameters": [],
            "auto_resolve_timeout": "14400",
            "created_at": "2023-02-26T17:27:58+02:00",
            "description": "Iolpbsalute (iolpbsalute)",
            "escalation_policy": "PQAH7SD",
            "html_url": "https://partner-webiscope.eu.pagerduty.com/service-directory/PSRZ8WY",
            "id": "PSRZ8WY",
            "incident_urgency_rule": [
              {
                "during_support_hours": [],
                "outside_support_hours": [],
                "type": "constant",
                "urgency": "high"
              }
            ],
            "last_incident_timestamp": "",
            "name": "Iolpbsalute",
            "response_play": null,
            "scheduled_actions": [],
            "status": "active",
            "support_hours": [],
            "type": "service"
          },
          "sensitive_attributes": [],
          "private": "bnVsbA==",
          "dependencies": [
            "data.pagerduty_escalation_policy.default"
          ]
        }
      ]
    },
    {
      "mode": "managed",
      "type": "pagerduty_service",
      "name": "Iremit",
      "provider": "provider[\"registry.terraform.io/pagerduty/pagerduty\"]",
      "instances": [
        {
          "schema_version": 0,
          "attributes": {
            "acknowledgement_timeout": "1800",
            "alert_creation": "create_incidents",
            "alert_grouping": null,
            "alert_grouping_parameters": [],
            "alert_grouping_timeout": "null",
            "auto_pause_notifications_parameters": [],
            "auto_resolve_timeout": "14400",
            "created_at": "2023-02-26T17:27:40+02:00",
            "description": "Iremit (iremit)",
            "escalation_policy": "PQAH7SD",
            "html_url": "https://partner-webiscope.eu.pagerduty.com/service-directory/PUJHDPD",
            "id": "PUJHDPD",
            "incident_urgency_rule": [
              {
                "during_support_hours": [],
                "outside_support_hours": [],
                "type": "constant",
                "urgency": "high"
              }
            ],
            "last_incident_timestamp": "",
            "name": "Iremit",
            "response_play": null,
            "scheduled_actions": [],
            "status": "active",
            "support_hours": [],
            "type": "service"
          },
          "sensitive_attributes": [],
          "private": "bnVsbA==",
          "dependencies": [
            "data.pagerduty_escalation_policy.default"
          ]
        }
      ]
    },
    {
      "mode": "managed",
      "type": "pagerduty_service",
      "name": "Ironsolutions",
      "provider": "provider[\"registry.terraform.io/pagerduty/pagerduty\"]",
      "instances": [
        {
          "schema_version": 0,
          "attributes": {
            "acknowledgement_timeout": "1800",
            "alert_creation": "create_incidents",
            "alert_grouping": null,
            "alert_grouping_parameters": [],
            "alert_grouping_timeout": "null",
            "auto_pause_notifications_parameters": [],
            "auto_resolve_timeout": "14400",
            "created_at": "2023-02-26T17:27:07+02:00",
            "description": "Ironsolutions (ironsolutions)",
            "escalation_policy": "PQAH7SD",
            "html_url": "https://partner-webiscope.eu.pagerduty.com/service-directory/P0VMSBF",
            "id": "P0VMSBF",
            "incident_urgency_rule": [
              {
                "during_support_hours": [],
                "outside_support_hours": [],
                "type": "constant",
                "urgency": "high"
              }
            ],
            "last_incident_timestamp": "",
            "name": "Ironsolutions",
            "response_play": null,
            "scheduled_actions": [],
            "status": "active",
            "support_hours": [],
            "type": "service"
          },
          "sensitive_attributes": [],
          "private": "bnVsbA==",
          "dependencies": [
            "data.pagerduty_escalation_policy.default"
          ]
        }
      ]
    },
    {
      "mode": "managed",
      "type": "pagerduty_service",
      "name": "Israel69595972334368573",
      "provider": "provider[\"registry.terraform.io/pagerduty/pagerduty\"]",
      "instances": [
        {
          "schema_version": 0,
          "attributes": {
            "acknowledgement_timeout": "1800",
            "alert_creation": "create_incidents",
            "alert_grouping": null,
            "alert_grouping_parameters": [],
            "alert_grouping_timeout": "null",
            "auto_pause_notifications_parameters": [],
            "auto_resolve_timeout": "14400",
            "created_at": "2023-02-26T17:27:27+02:00",
            "description": "Israel69595972334368573 (israel69595972334368573)",
            "escalation_policy": "PQAH7SD",
            "html_url": "https://partner-webiscope.eu.pagerduty.com/service-directory/PCZ6ERS",
            "id": "PCZ6ERS",
            "incident_urgency_rule": [
              {
                "during_support_hours": [],
                "outside_support_hours": [],
                "type": "constant",
                "urgency": "high"
              }
            ],
            "last_incident_timestamp": "",
            "name": "Israel69595972334368573",
            "response_play": null,
            "scheduled_actions": [],
            "status": "active",
            "support_hours": [],
            "type": "service"
          },
          "sensitive_attributes": [],
          "private": "bnVsbA==",
          "dependencies": [
            "data.pagerduty_escalation_policy.default"
          ]
        }
      ]
    },
    {
      "mode": "managed",
      "type": "pagerduty_service",
      "name": "Israelhayom",
      "provider": "provider[\"registry.terraform.io/pagerduty/pagerduty\"]",
      "instances": [
        {
          "schema_version": 0,
          "attributes": {
            "acknowledgement_timeout": "1800",
            "alert_creation": "create_incidents",
            "alert_grouping": null,
            "alert_grouping_parameters": [],
            "alert_grouping_timeout": "null",
            "auto_pause_notifications_parameters": [],
            "auto_resolve_timeout": "14400",
            "created_at": "2023-02-26T17:28:08+02:00",
            "description": "Israelhayom (israelhayom)",
            "escalation_policy": "PQAH7SD",
            "html_url": "https://partner-webiscope.eu.pagerduty.com/service-directory/PZI0TQR",
            "id": "PZI0TQR",
            "incident_urgency_rule": [
              {
                "during_support_hours": [],
                "outside_support_hours": [],
                "type": "constant",
                "urgency": "high"
              }
            ],
            "last_incident_timestamp": "",
            "name": "Israelhayom",
            "response_play": null,
            "scheduled_actions": [],
            "status": "active",
            "support_hours": [],
            "type": "service"
          },
          "sensitive_attributes": [],
          "private": "bnVsbA==",
          "dependencies": [
            "data.pagerduty_escalation_policy.default"
          ]
        }
      ]
    },
    {
      "mode": "managed",
      "type": "pagerduty_service",
      "name": "Israelrai27963377783270403",
      "provider": "provider[\"registry.terraform.io/pagerduty/pagerduty\"]",
      "instances": [
        {
          "schema_version": 0,
          "attributes": {
            "acknowledgement_timeout": "1800",
            "alert_creation": "create_incidents",
            "alert_grouping": null,
            "alert_grouping_parameters": [],
            "alert_grouping_timeout": "null",
            "auto_pause_notifications_parameters": [],
            "auto_resolve_timeout": "14400",
            "created_at": "2023-02-26T17:27:54+02:00",
            "description": "Israelrai27963377783270403 (israelrai27963377783270403)",
            "escalation_policy": "PQAH7SD",
            "html_url": "https://partner-webiscope.eu.pagerduty.com/service-directory/P9W0W8M",
            "id": "P9W0W8M",
            "incident_urgency_rule": [
              {
                "during_support_hours": [],
                "outside_support_hours": [],
                "type": "constant",
                "urgency": "high"
              }
            ],
            "last_incident_timestamp": "",
            "name": "Israelrai27963377783270403",
            "response_play": null,
            "scheduled_actions": [],
            "status": "active",
            "support_hours": [],
            "type": "service"
          },
          "sensitive_attributes": [],
          "private": "bnVsbA==",
          "dependencies": [
            "data.pagerduty_escalation_policy.default"
          ]
        }
      ]
    },
    {
      "mode": "managed",
      "type": "pagerduty_service",
      "name": "Isstax",
      "provider": "provider[\"registry.terraform.io/pagerduty/pagerduty\"]",
      "instances": [
        {
          "schema_version": 0,
          "attributes": {
            "acknowledgement_timeout": "1800",
            "alert_creation": "create_incidents",
            "alert_grouping": null,
            "alert_grouping_parameters": [],
            "alert_grouping_timeout": "null",
            "auto_pause_notifications_parameters": [],
            "auto_resolve_timeout": "14400",
            "created_at": "2023-02-26T17:27:24+02:00",
            "description": "Isstax (isstax)",
            "escalation_policy": "PQAH7SD",
            "html_url": "https://partner-webiscope.eu.pagerduty.com/service-directory/PAPJ2G6",
            "id": "PAPJ2G6",
            "incident_urgency_rule": [
              {
                "during_support_hours": [],
                "outside_support_hours": [],
                "type": "constant",
                "urgency": "high"
              }
            ],
            "last_incident_timestamp": "",
            "name": "Isstax",
            "response_play": null,
            "scheduled_actions": [],
            "status": "active",
            "support_hours": [],
            "type": "service"
          },
          "sensitive_attributes": [],
          "private": "bnVsbA==",
          "dependencies": [
            "data.pagerduty_escalation_policy.default"
          ]
        }
      ]
    },
    {
      "mode": "managed",
      "type": "pagerduty_service",
      "name": "Itgx",
      "provider": "provider[\"registry.terraform.io/pagerduty/pagerduty\"]",
      "instances": [
        {
          "schema_version": 0,
          "attributes": {
            "acknowledgement_timeout": "1800",
            "alert_creation": "create_incidents",
            "alert_grouping": null,
            "alert_grouping_parameters": [],
            "alert_grouping_timeout": "null",
            "auto_pause_notifications_parameters": [],
            "auto_resolve_timeout": "14400",
            "created_at": "2023-02-26T17:27:12+02:00",
            "description": "Itgx (itgx)",
            "escalation_policy": "PQAH7SD",
            "html_url": "https://partner-webiscope.eu.pagerduty.com/service-directory/PAGZ2T5",
            "id": "PAGZ2T5",
            "incident_urgency_rule": [
              {
                "during_support_hours": [],
                "outside_support_hours": [],
                "type": "constant",
                "urgency": "high"
              }
            ],
            "last_incident_timestamp": "",
            "name": "Itgx",
            "response_play": null,
            "scheduled_actions": [],
            "status": "active",
            "support_hours": [],
            "type": "service"
          },
          "sensitive_attributes": [],
          "private": "bnVsbA==",
          "dependencies": [
            "data.pagerduty_escalation_policy.default"
          ]
        }
      ]
    },
    {
      "mode": "managed",
      "type": "pagerduty_service",
      "name": "Ituranar",
      "provider": "provider[\"registry.terraform.io/pagerduty/pagerduty\"]",
      "instances": [
        {
          "schema_version": 0,
          "attributes": {
            "acknowledgement_timeout": "1800",
            "alert_creation": "create_incidents",
            "alert_grouping": null,
            "alert_grouping_parameters": [],
            "alert_grouping_timeout": "null",
            "auto_pause_notifications_parameters": [],
            "auto_resolve_timeout": "14400",
            "created_at": "2023-02-26T17:27:17+02:00",
            "description": "Ituranar (ituranar)",
            "escalation_policy": "PQAH7SD",
            "html_url": "https://partner-webiscope.eu.pagerduty.com/service-directory/P0DEZ3I",
            "id": "P0DEZ3I",
            "incident_urgency_rule": [
              {
                "during_support_hours": [],
                "outside_support_hours": [],
                "type": "constant",
                "urgency": "high"
              }
            ],
            "last_incident_timestamp": "",
            "name": "Ituranar",
            "response_play": null,
            "scheduled_actions": [],
            "status": "active",
            "support_hours": [],
            "type": "service"
          },
          "sensitive_attributes": [],
          "private": "bnVsbA==",
          "dependencies": [
            "data.pagerduty_escalation_policy.default"
          ]
        }
      ]
    },
    {
      "mode": "managed",
      "type": "pagerduty_service",
      "name": "Ituranbr",
      "provider": "provider[\"registry.terraform.io/pagerduty/pagerduty\"]",
      "instances": [
        {
          "schema_version": 0,
          "attributes": {
            "acknowledgement_timeout": "1800",
            "alert_creation": "create_incidents",
            "alert_grouping": null,
            "alert_grouping_parameters": [],
            "alert_grouping_timeout": "null",
            "auto_pause_notifications_parameters": [],
            "auto_resolve_timeout": "14400",
            "created_at": "2023-02-26T17:27:36+02:00",
            "description": "Ituranbr (ituranbr)",
            "escalation_policy": "PQAH7SD",
            "html_url": "https://partner-webiscope.eu.pagerduty.com/service-directory/P16OLL1",
            "id": "P16OLL1",
            "incident_urgency_rule": [
              {
                "during_support_hours": [],
                "outside_support_hours": [],
                "type": "constant",
                "urgency": "high"
              }
            ],
            "last_incident_timestamp": "",
            "name": "Ituranbr",
            "response_play": null,
            "scheduled_actions": [],
            "status": "active",
            "support_hours": [],
            "type": "service"
          },
          "sensitive_attributes": [],
          "private": "bnVsbA==",
          "dependencies": [
            "data.pagerduty_escalation_policy.default"
          ]
        }
      ]
    },
    {
      "mode": "managed",
      "type": "pagerduty_service",
      "name": "Ituranx",
      "provider": "provider[\"registry.terraform.io/pagerduty/pagerduty\"]",
      "instances": [
        {
          "schema_version": 0,
          "attributes": {
            "acknowledgement_timeout": "1800",
            "alert_creation": "create_incidents",
            "alert_grouping": null,
            "alert_grouping_parameters": [],
            "alert_grouping_timeout": "null",
            "auto_pause_notifications_parameters": [],
            "auto_resolve_timeout": "14400",
            "created_at": "2023-02-26T17:28:01+02:00",
            "description": "Ituranx (ituranx)",
            "escalation_policy": "PQAH7SD",
            "html_url": "https://partner-webiscope.eu.pagerduty.com/service-directory/PYN7KH7",
            "id": "PYN7KH7",
            "incident_urgency_rule": [
              {
                "during_support_hours": [],
                "outside_support_hours": [],
                "type": "constant",
                "urgency": "high"
              }
            ],
            "last_incident_timestamp": "",
            "name": "Ituranx",
            "response_play": null,
            "scheduled_actions": [],
            "status": "active",
            "support_hours": [],
            "type": "service"
          },
          "sensitive_attributes": [],
          "private": "bnVsbA==",
          "dependencies": [
            "data.pagerduty_escalation_policy.default"
          ]
        }
      ]
    },
    {
      "mode": "managed",
      "type": "pagerduty_service",
      "name": "Kahane",
      "provider": "provider[\"registry.terraform.io/pagerduty/pagerduty\"]",
      "instances": [
        {
          "schema_version": 0,
          "attributes": {
            "acknowledgement_timeout": "1800",
            "alert_creation": "create_incidents",
            "alert_grouping": null,
            "alert_grouping_parameters": [],
            "alert_grouping_timeout": "null",
            "auto_pause_notifications_parameters": [],
            "auto_resolve_timeout": "14400",
            "created_at": "2023-02-26T17:28:05+02:00",
            "description": "Kahane (kahane)",
            "escalation_policy": "PQAH7SD",
            "html_url": "https://partner-webiscope.eu.pagerduty.com/service-directory/PHF4AH6",
            "id": "PHF4AH6",
            "incident_urgency_rule": [
              {
                "during_support_hours": [],
                "outside_support_hours": [],
                "type": "constant",
                "urgency": "high"
              }
            ],
            "last_incident_timestamp": "",
            "name": "Kahane",
            "response_play": null,
            "scheduled_actions": [],
            "status": "active",
            "support_hours": [],
            "type": "service"
          },
          "sensitive_attributes": [],
          "private": "bnVsbA==",
          "dependencies": [
            "data.pagerduty_escalation_policy.default"
          ]
        }
      ]
    },
    {
      "mode": "managed",
      "type": "pagerduty_service",
      "name": "Katzd",
      "provider": "provider[\"registry.terraform.io/pagerduty/pagerduty\"]",
      "instances": [
        {
          "schema_version": 0,
          "attributes": {
            "acknowledgement_timeout": "1800",
            "alert_creation": "create_incidents",
            "alert_grouping": null,
            "alert_grouping_parameters": [],
            "alert_grouping_timeout": "null",
            "auto_pause_notifications_parameters": [],
            "auto_resolve_timeout": "14400",
            "created_at": "2023-02-26T17:27:17+02:00",
            "description": "Katzd (katzd)",
            "escalation_policy": "PQAH7SD",
            "html_url": "https://partner-webiscope.eu.pagerduty.com/service-directory/PCRRXMP",
            "id": "PCRRXMP",
            "incident_urgency_rule": [
              {
                "during_support_hours": [],
                "outside_support_hours": [],
                "type": "constant",
                "urgency": "high"
              }
            ],
            "last_incident_timestamp": "",
            "name": "Katzd",
            "response_play": null,
            "scheduled_actions": [],
            "status": "active",
            "support_hours": [],
            "type": "service"
          },
          "sensitive_attributes": [],
          "private": "bnVsbA==",
          "dependencies": [
            "data.pagerduty_escalation_policy.default"
          ]
        }
      ]
    },
    {
      "mode": "managed",
      "type": "pagerduty_service",
      "name": "Knesset",
      "provider": "provider[\"registry.terraform.io/pagerduty/pagerduty\"]",
      "instances": [
        {
          "schema_version": 0,
          "attributes": {
            "acknowledgement_timeout": "1800",
            "alert_creation": "create_incidents",
            "alert_grouping": null,
            "alert_grouping_parameters": [],
            "alert_grouping_timeout": "null",
            "auto_pause_notifications_parameters": [],
            "auto_resolve_timeout": "14400",
            "created_at": "2023-02-26T17:27:22+02:00",
            "description": "Knesset (knesset)",
            "escalation_policy": "PQAH7SD",
            "html_url": "https://partner-webiscope.eu.pagerduty.com/service-directory/PEAC9XY",
            "id": "PEAC9XY",
            "incident_urgency_rule": [
              {
                "during_support_hours": [],
                "outside_support_hours": [],
                "type": "constant",
                "urgency": "high"
              }
            ],
            "last_incident_timestamp": "",
            "name": "Knesset",
            "response_play": null,
            "scheduled_actions": [],
            "status": "active",
            "support_hours": [],
            "type": "service"
          },
          "sensitive_attributes": [],
          "private": "bnVsbA==",
          "dependencies": [
            "data.pagerduty_escalation_policy.default"
          ]
        }
      ]
    },
    {
      "mode": "managed",
      "type": "pagerduty_service",
      "name": "Kolh",
      "provider": "provider[\"registry.terraform.io/pagerduty/pagerduty\"]",
      "instances": [
        {
          "schema_version": 0,
          "attributes": {
            "acknowledgement_timeout": "1800",
            "alert_creation": "create_incidents",
            "alert_grouping": null,
            "alert_grouping_parameters": [],
            "alert_grouping_timeout": "null",
            "auto_pause_notifications_parameters": [],
            "auto_resolve_timeout": "14400",
            "created_at": "2023-02-26T17:27:56+02:00",
            "description": "Kolh (kolh)",
            "escalation_policy": "PQAH7SD",
            "html_url": "https://partner-webiscope.eu.pagerduty.com/service-directory/P8HVQ6K",
            "id": "P8HVQ6K",
            "incident_urgency_rule": [
              {
                "during_support_hours": [],
                "outside_support_hours": [],
                "type": "constant",
                "urgency": "high"
              }
            ],
            "last_incident_timestamp": "",
            "name": "Kolh",
            "response_play": null,
            "scheduled_actions": [],
            "status": "active",
            "support_hours": [],
            "type": "service"
          },
          "sensitive_attributes": [],
          "private": "bnVsbA==",
          "dependencies": [
            "data.pagerduty_escalation_policy.default"
          ]
        }
      ]
    },
    {
      "mode": "managed",
      "type": "pagerduty_service",
      "name": "Leonardohotels",
      "provider": "provider[\"registry.terraform.io/pagerduty/pagerduty\"]",
      "instances": [
        {
          "schema_version": 0,
          "attributes": {
            "acknowledgement_timeout": "1800",
            "alert_creation": "create_incidents",
            "alert_grouping": null,
            "alert_grouping_parameters": [],
            "alert_grouping_timeout": "null",
            "auto_pause_notifications_parameters": [],
            "auto_resolve_timeout": "14400",
            "created_at": "2023-02-26T17:27:36+02:00",
            "description": "Leonardohotels (leonardohotels)",
            "escalation_policy": "PQAH7SD",
            "html_url": "https://partner-webiscope.eu.pagerduty.com/service-directory/PW9I2TH",
            "id": "PW9I2TH",
            "incident_urgency_rule": [
              {
                "during_support_hours": [],
                "outside_support_hours": [],
                "type": "constant",
                "urgency": "high"
              }
            ],
            "last_incident_timestamp": "",
            "name": "Leonardohotels",
            "response_play": null,
            "scheduled_actions": [],
            "status": "active",
            "support_hours": [],
            "type": "service"
          },
          "sensitive_attributes": [],
          "private": "bnVsbA==",
          "dependencies": [
            "data.pagerduty_escalation_policy.default"
          ]
        }
      ]
    },
    {
      "mode": "managed",
      "type": "pagerduty_service",
      "name": "Lifefitness",
      "provider": "provider[\"registry.terraform.io/pagerduty/pagerduty\"]",
      "instances": [
        {
          "schema_version": 0,
          "attributes": {
            "acknowledgement_timeout": "1800",
            "alert_creation": "create_incidents",
            "alert_grouping": null,
            "alert_grouping_parameters": [],
            "alert_grouping_timeout": "null",
            "auto_pause_notifications_parameters": [],
            "auto_resolve_timeout": "14400",
            "created_at": "2023-02-26T17:27:36+02:00",
            "description": "Lifefitness (lifefitness)",
            "escalation_policy": "PQAH7SD",
            "html_url": "https://partner-webiscope.eu.pagerduty.com/service-directory/PSAX1EU",
            "id": "PSAX1EU",
            "incident_urgency_rule": [
              {
                "during_support_hours": [],
                "outside_support_hours": [],
                "type": "constant",
                "urgency": "high"
              }
            ],
            "last_incident_timestamp": "",
            "name": "Lifefitness",
            "response_play": null,
            "scheduled_actions": [],
            "status": "active",
            "support_hours": [],
            "type": "service"
          },
          "sensitive_attributes": [],
          "private": "bnVsbA==",
          "dependencies": [
            "data.pagerduty_escalation_policy.default"
          ]
        }
      ]
    },
    {
      "mode": "managed",
      "type": "pagerduty_service",
      "name": "Liveu",
      "provider": "provider[\"registry.terraform.io/pagerduty/pagerduty\"]",
      "instances": [
        {
          "schema_version": 0,
          "attributes": {
            "acknowledgement_timeout": "1800",
            "alert_creation": "create_incidents",
            "alert_grouping": null,
            "alert_grouping_parameters": [],
            "alert_grouping_timeout": "null",
            "auto_pause_notifications_parameters": [],
            "auto_resolve_timeout": "14400",
            "created_at": "2023-02-26T17:27:36+02:00",
            "description": "Liveu (liveu)",
            "escalation_policy": "PQAH7SD",
            "html_url": "https://partner-webiscope.eu.pagerduty.com/service-directory/P4FZMAR",
            "id": "P4FZMAR",
            "incident_urgency_rule": [
              {
                "during_support_hours": [],
                "outside_support_hours": [],
                "type": "constant",
                "urgency": "high"
              }
            ],
            "last_incident_timestamp": "",
            "name": "Liveu",
            "response_play": null,
            "scheduled_actions": [],
            "status": "active",
            "support_hours": [],
            "type": "service"
          },
          "sensitive_attributes": [],
          "private": "bnVsbA==",
          "dependencies": [
            "data.pagerduty_escalation_policy.default"
          ]
        }
      ]
    },
    {
      "mode": "managed",
      "type": "pagerduty_service",
      "name": "Liveustg",
      "provider": "provider[\"registry.terraform.io/pagerduty/pagerduty\"]",
      "instances": [
        {
          "schema_version": 0,
          "attributes": {
            "acknowledgement_timeout": "1800",
            "alert_creation": "create_incidents",
            "alert_grouping": null,
            "alert_grouping_parameters": [],
            "alert_grouping_timeout": "null",
            "auto_pause_notifications_parameters": [],
            "auto_resolve_timeout": "14400",
            "created_at": "2023-02-26T17:27:24+02:00",
            "description": "Liveustg (liveustg)",
            "escalation_policy": "PQAH7SD",
            "html_url": "https://partner-webiscope.eu.pagerduty.com/service-directory/P59PMNQ",
            "id": "P59PMNQ",
            "incident_urgency_rule": [
              {
                "during_support_hours": [],
                "outside_support_hours": [],
                "type": "constant",
                "urgency": "high"
              }
            ],
            "last_incident_timestamp": "",
            "name": "Liveustg",
            "response_play": null,
            "scheduled_actions": [],
            "status": "active",
            "support_hours": [],
            "type": "service"
          },
          "sensitive_attributes": [],
          "private": "bnVsbA==",
          "dependencies": [
            "data.pagerduty_escalation_policy.default"
          ]
        }
      ]
    },
    {
      "mode": "managed",
      "type": "pagerduty_service",
      "name": "Lusha",
      "provider": "provider[\"registry.terraform.io/pagerduty/pagerduty\"]",
      "instances": [
        {
          "schema_version": 0,
          "attributes": {
            "acknowledgement_timeout": "1800",
            "alert_creation": "create_incidents",
            "alert_grouping": null,
            "alert_grouping_parameters": [],
            "alert_grouping_timeout": "null",
            "auto_pause_notifications_parameters": [],
            "auto_resolve_timeout": "14400",
            "created_at": "2023-02-26T17:27:10+02:00",
            "description": "Lusha (lusha)",
            "escalation_policy": "PQAH7SD",
            "html_url": "https://partner-webiscope.eu.pagerduty.com/service-directory/P2FN4N1",
            "id": "P2FN4N1",
            "incident_urgency_rule": [
              {
                "during_support_hours": [],
                "outside_support_hours": [],
                "type": "constant",
                "urgency": "high"
              }
            ],
            "last_incident_timestamp": "",
            "name": "Lusha",
            "response_play": null,
            "scheduled_actions": [],
            "status": "active",
            "support_hours": [],
            "type": "service"
          },
          "sensitive_attributes": [],
          "private": "bnVsbA==",
          "dependencies": [
            "data.pagerduty_escalation_policy.default"
          ]
        }
      ]
    },
    {
      "mode": "managed",
      "type": "pagerduty_service",
      "name": "Luzzatto",
      "provider": "provider[\"registry.terraform.io/pagerduty/pagerduty\"]",
      "instances": [
        {
          "schema_version": 0,
          "attributes": {
            "acknowledgement_timeout": "1800",
            "alert_creation": "create_incidents",
            "alert_grouping": null,
            "alert_grouping_parameters": [],
            "alert_grouping_timeout": "null",
            "auto_pause_notifications_parameters": [],
            "auto_resolve_timeout": "14400",
            "created_at": "2023-02-26T17:27:26+02:00",
            "description": "Luzzatto (luzzatto)",
            "escalation_policy": "PQAH7SD",
            "html_url": "https://partner-webiscope.eu.pagerduty.com/service-directory/POGTHA1",
            "id": "POGTHA1",
            "incident_urgency_rule": [
              {
                "during_support_hours": [],
                "outside_support_hours": [],
                "type": "constant",
                "urgency": "high"
              }
            ],
            "last_incident_timestamp": "",
            "name": "Luzzatto",
            "response_play": null,
            "scheduled_actions": [],
            "status": "active",
            "support_hours": [],
            "type": "service"
          },
          "sensitive_attributes": [],
          "private": "bnVsbA==",
          "dependencies": [
            "data.pagerduty_escalation_policy.default"
          ]
        }
      ]
    },
    {
      "mode": "managed",
      "type": "pagerduty_service",
      "name": "Lvpn527370280444",
      "provider": "provider[\"registry.terraform.io/pagerduty/pagerduty\"]",
      "instances": [
        {
          "schema_version": 0,
          "attributes": {
            "acknowledgement_timeout": "1800",
            "alert_creation": "create_incidents",
            "alert_grouping": null,
            "alert_grouping_parameters": [],
            "alert_grouping_timeout": "null",
            "auto_pause_notifications_parameters": [],
            "auto_resolve_timeout": "14400",
            "created_at": "2023-02-26T17:27:09+02:00",
            "description": "Lvpn527370280444 (lvpn527370280444)",
            "escalation_policy": "PQAH7SD",
            "html_url": "https://partner-webiscope.eu.pagerduty.com/service-directory/PIDD9JK",
            "id": "PIDD9JK",
            "incident_urgency_rule": [
              {
                "during_support_hours": [],
                "outside_support_hours": [],
                "type": "constant",
                "urgency": "high"
              }
            ],
            "last_incident_timestamp": "",
            "name": "Lvpn527370280444",
            "response_play": null,
            "scheduled_actions": [],
            "status": "active",
            "support_hours": [],
            "type": "service"
          },
          "sensitive_attributes": [],
          "private": "bnVsbA==",
          "dependencies": [
            "data.pagerduty_escalation_policy.default"
          ]
        }
      ]
    },
    {
      "mode": "managed",
      "type": "pagerduty_service",
      "name": "Machinerypete",
      "provider": "provider[\"registry.terraform.io/pagerduty/pagerduty\"]",
      "instances": [
        {
          "schema_version": 0,
          "attributes": {
            "acknowledgement_timeout": "1800",
            "alert_creation": "create_incidents",
            "alert_grouping": null,
            "alert_grouping_parameters": [],
            "alert_grouping_timeout": "null",
            "auto_pause_notifications_parameters": [],
            "auto_resolve_timeout": "14400",
            "created_at": "2023-02-26T17:27:16+02:00",
            "description": "Machinerypete (machinerypete)",
            "escalation_policy": "PQAH7SD",
            "html_url": "https://partner-webiscope.eu.pagerduty.com/service-directory/PS7MBKO",
            "id": "PS7MBKO",
            "incident_urgency_rule": [
              {
                "during_support_hours": [],
                "outside_support_hours": [],
                "type": "constant",
                "urgency": "high"
              }
            ],
            "last_incident_timestamp": "",
            "name": "Machinerypete",
            "response_play": null,
            "scheduled_actions": [],
            "status": "active",
            "support_hours": [],
            "type": "service"
          },
          "sensitive_attributes": [],
          "private": "bnVsbA==",
          "dependencies": [
            "data.pagerduty_escalation_policy.default"
          ]
        }
      ]
    },
    {
      "mode": "managed",
      "type": "pagerduty_service",
      "name": "Mako",
      "provider": "provider[\"registry.terraform.io/pagerduty/pagerduty\"]",
      "instances": [
        {
          "schema_version": 0,
          "attributes": {
            "acknowledgement_timeout": "1800",
            "alert_creation": "create_incidents",
            "alert_grouping": null,
            "alert_grouping_parameters": [],
            "alert_grouping_timeout": "null",
            "auto_pause_notifications_parameters": [],
            "auto_resolve_timeout": "14400",
            "created_at": "2023-02-26T17:27:50+02:00",
            "description": "Mako (mako)",
            "escalation_policy": "PQAH7SD",
            "html_url": "https://partner-webiscope.eu.pagerduty.com/service-directory/PRVOJ2T",
            "id": "PRVOJ2T",
            "incident_urgency_rule": [
              {
                "during_support_hours": [],
                "outside_support_hours": [],
                "type": "constant",
                "urgency": "high"
              }
            ],
            "last_incident_timestamp": "",
            "name": "Mako",
            "response_play": null,
            "scheduled_actions": [],
            "status": "active",
            "support_hours": [],
            "type": "service"
          },
          "sensitive_attributes": [],
          "private": "bnVsbA==",
          "dependencies": [
            "data.pagerduty_escalation_policy.default"
          ]
        }
      ]
    },
    {
      "mode": "managed",
      "type": "pagerduty_service",
      "name": "Maman",
      "provider": "provider[\"registry.terraform.io/pagerduty/pagerduty\"]",
      "instances": [
        {
          "schema_version": 0,
          "attributes": {
            "acknowledgement_timeout": "1800",
            "alert_creation": "create_incidents",
            "alert_grouping": null,
            "alert_grouping_parameters": [],
            "alert_grouping_timeout": "null",
            "auto_pause_notifications_parameters": [],
            "auto_resolve_timeout": "14400",
            "created_at": "2023-02-26T17:27:07+02:00",
            "description": "Maman (maman)",
            "escalation_policy": "PQAH7SD",
            "html_url": "https://partner-webiscope.eu.pagerduty.com/service-directory/P45NTR5",
            "id": "P45NTR5",
            "incident_urgency_rule": [
              {
                "during_support_hours": [],
                "outside_support_hours": [],
                "type": "constant",
                "urgency": "high"
              }
            ],
            "last_incident_timestamp": "",
            "name": "Maman",
            "response_play": null,
            "scheduled_actions": [],
            "status": "active",
            "support_hours": [],
            "type": "service"
          },
          "sensitive_attributes": [],
          "private": "bnVsbA==",
          "dependencies": [
            "data.pagerduty_escalation_policy.default"
          ]
        }
      ]
    },
    {
      "mode": "managed",
      "type": "pagerduty_service",
      "name": "Matav",
      "provider": "provider[\"registry.terraform.io/pagerduty/pagerduty\"]",
      "instances": [
        {
          "schema_version": 0,
          "attributes": {
            "acknowledgement_timeout": "1800",
            "alert_creation": "create_incidents",
            "alert_grouping": null,
            "alert_grouping_parameters": [],
            "alert_grouping_timeout": "null",
            "auto_pause_notifications_parameters": [],
            "auto_resolve_timeout": "14400",
            "created_at": "2023-02-26T17:27:53+02:00",
            "description": "Matav (matav)",
            "escalation_policy": "PQAH7SD",
            "html_url": "https://partner-webiscope.eu.pagerduty.com/service-directory/PB08Z2S",
            "id": "PB08Z2S",
            "incident_urgency_rule": [
              {
                "during_support_hours": [],
                "outside_support_hours": [],
                "type": "constant",
                "urgency": "high"
              }
            ],
            "last_incident_timestamp": "",
            "name": "Matav",
            "response_play": null,
            "scheduled_actions": [],
            "status": "active",
            "support_hours": [],
            "type": "service"
          },
          "sensitive_attributes": [],
          "private": "bnVsbA==",
          "dependencies": [
            "data.pagerduty_escalation_policy.default"
          ]
        }
      ]
    },
    {
      "mode": "managed",
      "type": "pagerduty_service",
      "name": "Matrixc",
      "provider": "provider[\"registry.terraform.io/pagerduty/pagerduty\"]",
      "instances": [
        {
          "schema_version": 0,
          "attributes": {
            "acknowledgement_timeout": "1800",
            "alert_creation": "create_incidents",
            "alert_grouping": null,
            "alert_grouping_parameters": [],
            "alert_grouping_timeout": "null",
            "auto_pause_notifications_parameters": [],
            "auto_resolve_timeout": "14400",
            "created_at": "2023-02-26T17:27:27+02:00",
            "description": "Matrixc (matrixc)",
            "escalation_policy": "PQAH7SD",
            "html_url": "https://partner-webiscope.eu.pagerduty.com/service-directory/PJHFFG5",
            "id": "PJHFFG5",
            "incident_urgency_rule": [
              {
                "during_support_hours": [],
                "outside_support_hours": [],
                "type": "constant",
                "urgency": "high"
              }
            ],
            "last_incident_timestamp": "",
            "name": "Matrixc",
            "response_play": null,
            "scheduled_actions": [],
            "status": "active",
            "support_hours": [],
            "type": "service"
          },
          "sensitive_attributes": [],
          "private": "bnVsbA==",
          "dependencies": [
            "data.pagerduty_escalation_policy.default"
          ]
        }
      ]
    },
    {
      "mode": "managed",
      "type": "pagerduty_service",
      "name": "Mchp",
      "provider": "provider[\"registry.terraform.io/pagerduty/pagerduty\"]",
      "instances": [
        {
          "schema_version": 0,
          "attributes": {
            "acknowledgement_timeout": "1800",
            "alert_creation": "create_incidents",
            "alert_grouping": null,
            "alert_grouping_parameters": [],
            "alert_grouping_timeout": "null",
            "auto_pause_notifications_parameters": [],
            "auto_resolve_timeout": "14400",
            "created_at": "2023-02-26T17:28:08+02:00",
            "description": "Mchp (mchp)",
            "escalation_policy": "PQAH7SD",
            "html_url": "https://partner-webiscope.eu.pagerduty.com/service-directory/PK1SPSS",
            "id": "PK1SPSS",
            "incident_urgency_rule": [
              {
                "during_support_hours": [],
                "outside_support_hours": [],
                "type": "constant",
                "urgency": "high"
              }
            ],
            "last_incident_timestamp": "",
            "name": "Mchp",
            "response_play": null,
            "scheduled_actions": [],
            "status": "active",
            "support_hours": [],
            "type": "service"
          },
          "sensitive_attributes": [],
          "private": "bnVsbA==",
          "dependencies": [
            "data.pagerduty_escalation_policy.default"
          ]
        }
      ]
    },
    {
      "mode": "managed",
      "type": "pagerduty_service",
      "name": "Mcureblaze",
      "provider": "provider[\"registry.terraform.io/pagerduty/pagerduty\"]",
      "instances": [
        {
          "schema_version": 0,
          "attributes": {
            "acknowledgement_timeout": "1800",
            "alert_creation": "create_incidents",
            "alert_grouping": null,
            "alert_grouping_parameters": [],
            "alert_grouping_timeout": "null",
            "auto_pause_notifications_parameters": [],
            "auto_resolve_timeout": "14400",
            "created_at": "2023-02-26T17:27:14+02:00",
            "description": "Mcureblaze (mcureblaze)",
            "escalation_policy": "PQAH7SD",
            "html_url": "https://partner-webiscope.eu.pagerduty.com/service-directory/PDERK3T",
            "id": "PDERK3T",
            "incident_urgency_rule": [
              {
                "during_support_hours": [],
                "outside_support_hours": [],
                "type": "constant",
                "urgency": "high"
              }
            ],
            "last_incident_timestamp": "",
            "name": "Mcureblaze",
            "response_play": null,
            "scheduled_actions": [],
            "status": "active",
            "support_hours": [],
            "type": "service"
          },
          "sensitive_attributes": [],
          "private": "bnVsbA==",
          "dependencies": [
            "data.pagerduty_escalation_policy.default"
          ]
        }
      ]
    },
    {
      "mode": "managed",
      "type": "pagerduty_service",
      "name": "Mda",
      "provider": "provider[\"registry.terraform.io/pagerduty/pagerduty\"]",
      "instances": [
        {
          "schema_version": 0,
          "attributes": {
            "acknowledgement_timeout": "1800",
            "alert_creation": "create_incidents",
            "alert_grouping": null,
            "alert_grouping_parameters": [],
            "alert_grouping_timeout": "null",
            "auto_pause_notifications_parameters": [],
            "auto_resolve_timeout": "14400",
            "created_at": "2023-02-26T17:28:08+02:00",
            "description": "Mda (mda)",
            "escalation_policy": "PQAH7SD",
            "html_url": "https://partner-webiscope.eu.pagerduty.com/service-directory/P8QFQWL",
            "id": "P8QFQWL",
            "incident_urgency_rule": [
              {
                "during_support_hours": [],
                "outside_support_hours": [],
                "type": "constant",
                "urgency": "high"
              }
            ],
            "last_incident_timestamp": "",
            "name": "Mda",
            "response_play": null,
            "scheduled_actions": [],
            "status": "active",
            "support_hours": [],
            "type": "service"
          },
          "sensitive_attributes": [],
          "private": "bnVsbA==",
          "dependencies": [
            "data.pagerduty_escalation_policy.default"
          ]
        }
      ]
    },
    {
      "mode": "managed",
      "type": "pagerduty_service",
      "name": "Megazonesb",
      "provider": "provider[\"registry.terraform.io/pagerduty/pagerduty\"]",
      "instances": [
        {
          "schema_version": 0,
          "attributes": {
            "acknowledgement_timeout": "1800",
            "alert_creation": "create_incidents",
            "alert_grouping": null,
            "alert_grouping_parameters": [],
            "alert_grouping_timeout": "null",
            "auto_pause_notifications_parameters": [],
            "auto_resolve_timeout": "14400",
            "created_at": "2023-02-26T17:27:08+02:00",
            "description": "Megazonesb (megazonesb)",
            "escalation_policy": "PQAH7SD",
            "html_url": "https://partner-webiscope.eu.pagerduty.com/service-directory/P733O1T",
            "id": "P733O1T",
            "incident_urgency_rule": [
              {
                "during_support_hours": [],
                "outside_support_hours": [],
                "type": "constant",
                "urgency": "high"
              }
            ],
            "last_incident_timestamp": "",
            "name": "Megazonesb",
            "response_play": null,
            "scheduled_actions": [],
            "status": "active",
            "support_hours": [],
            "type": "service"
          },
          "sensitive_attributes": [],
          "private": "bnVsbA==",
          "dependencies": [
            "data.pagerduty_escalation_policy.default"
          ]
        }
      ]
    },
    {
      "mode": "managed",
      "type": "pagerduty_service",
      "name": "Mellanox",
      "provider": "provider[\"registry.terraform.io/pagerduty/pagerduty\"]",
      "instances": [
        {
          "schema_version": 0,
          "attributes": {
            "acknowledgement_timeout": "1800",
            "alert_creation": "create_incidents",
            "alert_grouping": null,
            "alert_grouping_parameters": [],
            "alert_grouping_timeout": "null",
            "auto_pause_notifications_parameters": [],
            "auto_resolve_timeout": "14400",
            "created_at": "2023-02-26T17:27:24+02:00",
            "description": "Mellanox (mellanox)",
            "escalation_policy": "PQAH7SD",
            "html_url": "https://partner-webiscope.eu.pagerduty.com/service-directory/PT4N1RT",
            "id": "PT4N1RT",
            "incident_urgency_rule": [
              {
                "during_support_hours": [],
                "outside_support_hours": [],
                "type": "constant",
                "urgency": "high"
              }
            ],
            "last_incident_timestamp": "",
            "name": "Mellanox",
            "response_play": null,
            "scheduled_actions": [],
            "status": "active",
            "support_hours": [],
            "type": "service"
          },
          "sensitive_attributes": [],
          "private": "bnVsbA==",
          "dependencies": [
            "data.pagerduty_escalation_policy.default"
          ]
        }
      ]
    },
    {
      "mode": "managed",
      "type": "pagerduty_service",
      "name": "Menoramivt",
      "provider": "provider[\"registry.terraform.io/pagerduty/pagerduty\"]",
      "instances": [
        {
          "schema_version": 0,
          "attributes": {
            "acknowledgement_timeout": "1800",
            "alert_creation": "create_incidents",
            "alert_grouping": null,
            "alert_grouping_parameters": [],
            "alert_grouping_timeout": "null",
            "auto_pause_notifications_parameters": [],
            "auto_resolve_timeout": "14400",
            "created_at": "2023-02-26T17:27:06+02:00",
            "description": "Menoramivt (menoramivt)",
            "escalation_policy": "PQAH7SD",
            "html_url": "https://partner-webiscope.eu.pagerduty.com/service-directory/POQJUFI",
            "id": "POQJUFI",
            "incident_urgency_rule": [
              {
                "during_support_hours": [],
                "outside_support_hours": [],
                "type": "constant",
                "urgency": "high"
              }
            ],
            "last_incident_timestamp": "",
            "name": "Menoramivt",
            "response_play": null,
            "scheduled_actions": [],
            "status": "active",
            "support_hours": [],
            "type": "service"
          },
          "sensitive_attributes": [],
          "private": "bnVsbA==",
          "dependencies": [
            "data.pagerduty_escalation_policy.default"
          ]
        }
      ]
    },
    {
      "mode": "managed",
      "type": "pagerduty_service",
      "name": "Meteorit",
      "provider": "provider[\"registry.terraform.io/pagerduty/pagerduty\"]",
      "instances": [
        {
          "schema_version": 0,
          "attributes": {
            "acknowledgement_timeout": "1800",
            "alert_creation": "create_incidents",
            "alert_grouping": null,
            "alert_grouping_parameters": [],
            "alert_grouping_timeout": "null",
            "auto_pause_notifications_parameters": [],
            "auto_resolve_timeout": "14400",
            "created_at": "2023-02-26T17:27:38+02:00",
            "description": "Meteorit (meteorit)",
            "escalation_policy": "PQAH7SD",
            "html_url": "https://partner-webiscope.eu.pagerduty.com/service-directory/P444GYP",
            "id": "P444GYP",
            "incident_urgency_rule": [
              {
                "during_support_hours": [],
                "outside_support_hours": [],
                "type": "constant",
                "urgency": "high"
              }
            ],
            "last_incident_timestamp": "",
            "name": "Meteorit",
            "response_play": null,
            "scheduled_actions": [],
            "status": "active",
            "support_hours": [],
            "type": "service"
          },
          "sensitive_attributes": [],
          "private": "bnVsbA==",
          "dependencies": [
            "data.pagerduty_escalation_policy.default"
          ]
        }
      ]
    },
    {
      "mode": "managed",
      "type": "pagerduty_service",
      "name": "Metro",
      "provider": "provider[\"registry.terraform.io/pagerduty/pagerduty\"]",
      "instances": [
        {
          "schema_version": 0,
          "attributes": {
            "acknowledgement_timeout": "1800",
            "alert_creation": "create_incidents",
            "alert_grouping": null,
            "alert_grouping_parameters": [],
            "alert_grouping_timeout": "null",
            "auto_pause_notifications_parameters": [],
            "auto_resolve_timeout": "14400",
            "created_at": "2023-02-26T17:28:04+02:00",
            "description": "Metro (metro)",
            "escalation_policy": "PQAH7SD",
            "html_url": "https://partner-webiscope.eu.pagerduty.com/service-directory/P64UBLC",
            "id": "P64UBLC",
            "incident_urgency_rule": [
              {
                "during_support_hours": [],
                "outside_support_hours": [],
                "type": "constant",
                "urgency": "high"
              }
            ],
            "last_incident_timestamp": "",
            "name": "Metro",
            "response_play": null,
            "scheduled_actions": [],
            "status": "active",
            "support_hours": [],
            "type": "service"
          },
          "sensitive_attributes": [],
          "private": "bnVsbA==",
          "dependencies": [
            "data.pagerduty_escalation_policy.default"
          ]
        }
      ]
    },
    {
      "mode": "managed",
      "type": "pagerduty_service",
      "name": "Meuhedet",
      "provider": "provider[\"registry.terraform.io/pagerduty/pagerduty\"]",
      "instances": [
        {
          "schema_version": 0,
          "attributes": {
            "acknowledgement_timeout": "1800",
            "alert_creation": "create_incidents",
            "alert_grouping": null,
            "alert_grouping_parameters": [],
            "alert_grouping_timeout": "null",
            "auto_pause_notifications_parameters": [],
            "auto_resolve_timeout": "14400",
            "created_at": "2023-02-26T17:27:19+02:00",
            "description": "Meuhedet (meuhedet)",
            "escalation_policy": "PQAH7SD",
            "html_url": "https://partner-webiscope.eu.pagerduty.com/service-directory/P3BXTE6",
            "id": "P3BXTE6",
            "incident_urgency_rule": [
              {
                "during_support_hours": [],
                "outside_support_hours": [],
                "type": "constant",
                "urgency": "high"
              }
            ],
            "last_incident_timestamp": "",
            "name": "Meuhedet",
            "response_play": null,
            "scheduled_actions": [],
            "status": "active",
            "support_hours": [],
            "type": "service"
          },
          "sensitive_attributes": [],
          "private": "bnVsbA==",
          "dependencies": [
            "data.pagerduty_escalation_policy.default"
          ]
        }
      ]
    },
    {
      "mode": "managed",
      "type": "pagerduty_service",
      "name": "Mfsafrica",
      "provider": "provider[\"registry.terraform.io/pagerduty/pagerduty\"]",
      "instances": [
        {
          "schema_version": 0,
          "attributes": {
            "acknowledgement_timeout": "1800",
            "alert_creation": "create_incidents",
            "alert_grouping": null,
            "alert_grouping_parameters": [],
            "alert_grouping_timeout": "null",
            "auto_pause_notifications_parameters": [],
            "auto_resolve_timeout": "14400",
            "created_at": "2023-02-26T17:27:53+02:00",
            "description": "Mfsafrica (mfsafrica)",
            "escalation_policy": "PQAH7SD",
            "html_url": "https://partner-webiscope.eu.pagerduty.com/service-directory/PI8HAU5",
            "id": "PI8HAU5",
            "incident_urgency_rule": [
              {
                "during_support_hours": [],
                "outside_support_hours": [],
                "type": "constant",
                "urgency": "high"
              }
            ],
            "last_incident_timestamp": "",
            "name": "Mfsafrica",
            "response_play": null,
            "scheduled_actions": [],
            "status": "active",
            "support_hours": [],
            "type": "service"
          },
          "sensitive_attributes": [],
          "private": "bnVsbA==",
          "dependencies": [
            "data.pagerduty_escalation_policy.default"
          ]
        }
      ]
    },
    {
      "mode": "managed",
      "type": "pagerduty_service",
      "name": "Mgar",
      "provider": "provider[\"registry.terraform.io/pagerduty/pagerduty\"]",
      "instances": [
        {
          "schema_version": 0,
          "attributes": {
            "acknowledgement_timeout": "1800",
            "alert_creation": "create_incidents",
            "alert_grouping": null,
            "alert_grouping_parameters": [],
            "alert_grouping_timeout": "null",
            "auto_pause_notifications_parameters": [],
            "auto_resolve_timeout": "14400",
            "created_at": "2023-02-26T17:27:57+02:00",
            "description": "Mgar (mgar)",
            "escalation_policy": "PQAH7SD",
            "html_url": "https://partner-webiscope.eu.pagerduty.com/service-directory/PW0K98L",
            "id": "PW0K98L",
            "incident_urgency_rule": [
              {
                "during_support_hours": [],
                "outside_support_hours": [],
                "type": "constant",
                "urgency": "high"
              }
            ],
            "last_incident_timestamp": "",
            "name": "Mgar",
            "response_play": null,
            "scheduled_actions": [],
            "status": "active",
            "support_hours": [],
            "type": "service"
          },
          "sensitive_attributes": [],
          "private": "bnVsbA==",
          "dependencies": [
            "data.pagerduty_escalation_policy.default"
          ]
        }
      ]
    },
    {
      "mode": "managed",
      "type": "pagerduty_service",
      "name": "Mifinitypay",
      "provider": "provider[\"registry.terraform.io/pagerduty/pagerduty\"]",
      "instances": [
        {
          "schema_version": 0,
          "attributes": {
            "acknowledgement_timeout": "1800",
            "alert_creation": "create_incidents",
            "alert_grouping": null,
            "alert_grouping_parameters": [],
            "alert_grouping_timeout": "null",
            "auto_pause_notifications_parameters": [],
            "auto_resolve_timeout": "14400",
            "created_at": "2023-02-26T17:27:50+02:00",
            "description": "Mifinitypay (mifinitypay)",
            "escalation_policy": "PQAH7SD",
            "html_url": "https://partner-webiscope.eu.pagerduty.com/service-directory/P79CHAD",
            "id": "P79CHAD",
            "incident_urgency_rule": [
              {
                "during_support_hours": [],
                "outside_support_hours": [],
                "type": "constant",
                "urgency": "high"
              }
            ],
            "last_incident_timestamp": "",
            "name": "Mifinitypay",
            "response_play": null,
            "scheduled_actions": [],
            "status": "active",
            "support_hours": [],
            "type": "service"
          },
          "sensitive_attributes": [],
          "private": "bnVsbA==",
          "dependencies": [
            "data.pagerduty_escalation_policy.default"
          ]
        }
      ]
    },
    {
      "mode": "managed",
      "type": "pagerduty_service",
      "name": "Mindgeek",
      "provider": "provider[\"registry.terraform.io/pagerduty/pagerduty\"]",
      "instances": [
        {
          "schema_version": 0,
          "attributes": {
            "acknowledgement_timeout": "1800",
            "alert_creation": "create_incidents",
            "alert_grouping": null,
            "alert_grouping_parameters": [],
            "alert_grouping_timeout": "null",
            "auto_pause_notifications_parameters": [],
            "auto_resolve_timeout": "14400",
            "created_at": "2023-02-26T17:27:32+02:00",
            "description": "Mindgeek (mindgeek)",
            "escalation_policy": "PQAH7SD",
            "html_url": "https://partner-webiscope.eu.pagerduty.com/service-directory/PXZIRXL",
            "id": "PXZIRXL",
            "incident_urgency_rule": [
              {
                "during_support_hours": [],
                "outside_support_hours": [],
                "type": "constant",
                "urgency": "high"
              }
            ],
            "last_incident_timestamp": "",
            "name": "Mindgeek",
            "response_play": null,
            "scheduled_actions": [],
            "status": "active",
            "support_hours": [],
            "type": "service"
          },
          "sensitive_attributes": [],
          "private": "bnVsbA==",
          "dependencies": [
            "data.pagerduty_escalation_policy.default"
          ]
        }
      ]
    },
    {
      "mode": "managed",
      "type": "pagerduty_service",
      "name": "Moch",
      "provider": "provider[\"registry.terraform.io/pagerduty/pagerduty\"]",
      "instances": [
        {
          "schema_version": 0,
          "attributes": {
            "acknowledgement_timeout": "1800",
            "alert_creation": "create_incidents",
            "alert_grouping": null,
            "alert_grouping_parameters": [],
            "alert_grouping_timeout": "null",
            "auto_pause_notifications_parameters": [],
            "auto_resolve_timeout": "14400",
            "created_at": "2023-02-26T17:27:20+02:00",
            "description": "Moch (moch)",
            "escalation_policy": "PQAH7SD",
            "html_url": "https://partner-webiscope.eu.pagerduty.com/service-directory/PLJONMO",
            "id": "PLJONMO",
            "incident_urgency_rule": [
              {
                "during_support_hours": [],
                "outside_support_hours": [],
                "type": "constant",
                "urgency": "high"
              }
            ],
            "last_incident_timestamp": "",
            "name": "Moch",
            "response_play": null,
            "scheduled_actions": [],
            "status": "active",
            "support_hours": [],
            "type": "service"
          },
          "sensitive_attributes": [],
          "private": "bnVsbA==",
          "dependencies": [
            "data.pagerduty_escalation_policy.default"
          ]
        }
      ]
    },
    {
      "mode": "managed",
      "type": "pagerduty_service",
      "name": "Mohawk",
      "provider": "provider[\"registry.terraform.io/pagerduty/pagerduty\"]",
      "instances": [
        {
          "schema_version": 0,
          "attributes": {
            "acknowledgement_timeout": "1800",
            "alert_creation": "create_incidents",
            "alert_grouping": null,
            "alert_grouping_parameters": [],
            "alert_grouping_timeout": "null",
            "auto_pause_notifications_parameters": [],
            "auto_resolve_timeout": "14400",
            "created_at": "2023-02-26T17:27:44+02:00",
            "description": "Mohawk (mohawk)",
            "escalation_policy": "PQAH7SD",
            "html_url": "https://partner-webiscope.eu.pagerduty.com/service-directory/PX65RKM",
            "id": "PX65RKM",
            "incident_urgency_rule": [
              {
                "during_support_hours": [],
                "outside_support_hours": [],
                "type": "constant",
                "urgency": "high"
              }
            ],
            "last_incident_timestamp": "",
            "name": "Mohawk",
            "response_play": null,
            "scheduled_actions": [],
            "status": "active",
            "support_hours": [],
            "type": "service"
          },
          "sensitive_attributes": [],
          "private": "bnVsbA==",
          "dependencies": [
            "data.pagerduty_escalation_policy.default"
          ]
        }
      ]
    },
    {
      "mode": "managed",
      "type": "pagerduty_service",
      "name": "Moovit",
      "provider": "provider[\"registry.terraform.io/pagerduty/pagerduty\"]",
      "instances": [
        {
          "schema_version": 0,
          "attributes": {
            "acknowledgement_timeout": "1800",
            "alert_creation": "create_incidents",
            "alert_grouping": null,
            "alert_grouping_parameters": [],
            "alert_grouping_timeout": "null",
            "auto_pause_notifications_parameters": [],
            "auto_resolve_timeout": "14400",
            "created_at": "2023-02-26T17:28:08+02:00",
            "description": "Moovit (moovit)",
            "escalation_policy": "PQAH7SD",
            "html_url": "https://partner-webiscope.eu.pagerduty.com/service-directory/PSZRRLB",
            "id": "PSZRRLB",
            "incident_urgency_rule": [
              {
                "during_support_hours": [],
                "outside_support_hours": [],
                "type": "constant",
                "urgency": "high"
              }
            ],
            "last_incident_timestamp": "",
            "name": "Moovit",
            "response_play": null,
            "scheduled_actions": [],
            "status": "active",
            "support_hours": [],
            "type": "service"
          },
          "sensitive_attributes": [],
          "private": "bnVsbA==",
          "dependencies": [
            "data.pagerduty_escalation_policy.default"
          ]
        }
      ]
    },
    {
      "mode": "managed",
      "type": "pagerduty_service",
      "name": "Moovitqa",
      "provider": "provider[\"registry.terraform.io/pagerduty/pagerduty\"]",
      "instances": [
        {
          "schema_version": 0,
          "attributes": {
            "acknowledgement_timeout": "1800",
            "alert_creation": "create_incidents",
            "alert_grouping": null,
            "alert_grouping_parameters": [],
            "alert_grouping_timeout": "null",
            "auto_pause_notifications_parameters": [],
            "auto_resolve_timeout": "14400",
            "created_at": "2023-02-26T17:27:54+02:00",
            "description": "Moovitqa (moovitqa)",
            "escalation_policy": "PQAH7SD",
            "html_url": "https://partner-webiscope.eu.pagerduty.com/service-directory/PQ5OWLP",
            "id": "PQ5OWLP",
            "incident_urgency_rule": [
              {
                "during_support_hours": [],
                "outside_support_hours": [],
                "type": "constant",
                "urgency": "high"
              }
            ],
            "last_incident_timestamp": "",
            "name": "Moovitqa",
            "response_play": null,
            "scheduled_actions": [],
            "status": "active",
            "support_hours": [],
            "type": "service"
          },
          "sensitive_attributes": [],
          "private": "bnVsbA==",
          "dependencies": [
            "data.pagerduty_escalation_policy.default"
          ]
        }
      ]
    },
    {
      "mode": "managed",
      "type": "pagerduty_service",
      "name": "Moovitstg",
      "provider": "provider[\"registry.terraform.io/pagerduty/pagerduty\"]",
      "instances": [
        {
          "schema_version": 0,
          "attributes": {
            "acknowledgement_timeout": "1800",
            "alert_creation": "create_incidents",
            "alert_grouping": null,
            "alert_grouping_parameters": [],
            "alert_grouping_timeout": "null",
            "auto_pause_notifications_parameters": [],
            "auto_resolve_timeout": "14400",
            "created_at": "2023-02-26T17:27:56+02:00",
            "description": "Moovitstg (moovitstg)",
            "escalation_policy": "PQAH7SD",
            "html_url": "https://partner-webiscope.eu.pagerduty.com/service-directory/PT34RYA",
            "id": "PT34RYA",
            "incident_urgency_rule": [
              {
                "during_support_hours": [],
                "outside_support_hours": [],
                "type": "constant",
                "urgency": "high"
              }
            ],
            "last_incident_timestamp": "",
            "name": "Moovitstg",
            "response_play": null,
            "scheduled_actions": [],
            "status": "active",
            "support_hours": [],
            "type": "service"
          },
          "sensitive_attributes": [],
          "private": "bnVsbA==",
          "dependencies": [
            "data.pagerduty_escalation_policy.default"
          ]
        }
      ]
    },
    {
      "mode": "managed",
      "type": "pagerduty_service",
      "name": "Movereblaze",
      "provider": "provider[\"registry.terraform.io/pagerduty/pagerduty\"]",
      "instances": [
        {
          "schema_version": 0,
          "attributes": {
            "acknowledgement_timeout": "1800",
            "alert_creation": "create_incidents",
            "alert_grouping": null,
            "alert_grouping_parameters": [],
            "alert_grouping_timeout": "null",
            "auto_pause_notifications_parameters": [],
            "auto_resolve_timeout": "14400",
            "created_at": "2023-02-26T17:27:54+02:00",
            "description": "Movereblaze (movereblaze)",
            "escalation_policy": "PQAH7SD",
            "html_url": "https://partner-webiscope.eu.pagerduty.com/service-directory/PTEZXAC",
            "id": "PTEZXAC",
            "incident_urgency_rule": [
              {
                "during_support_hours": [],
                "outside_support_hours": [],
                "type": "constant",
                "urgency": "high"
              }
            ],
            "last_incident_timestamp": "",
            "name": "Movereblaze",
            "response_play": null,
            "scheduled_actions": [],
            "status": "active",
            "support_hours": [],
            "type": "service"
          },
          "sensitive_attributes": [],
          "private": "bnVsbA==",
          "dependencies": [
            "data.pagerduty_escalation_policy.default"
          ]
        }
      ]
    },
    {
      "mode": "managed",
      "type": "pagerduty_service",
      "name": "Mpprodreblazeteststg",
      "provider": "provider[\"registry.terraform.io/pagerduty/pagerduty\"]",
      "instances": [
        {
          "schema_version": 0,
          "attributes": {
            "acknowledgement_timeout": "1800",
            "alert_creation": "create_incidents",
            "alert_grouping": null,
            "alert_grouping_parameters": [],
            "alert_grouping_timeout": "null",
            "auto_pause_notifications_parameters": [],
            "auto_resolve_timeout": "14400",
            "created_at": "2023-02-26T17:27:02+02:00",
            "description": "Mpprodreblazeteststg (mpprodreblazeteststg)",
            "escalation_policy": "PQAH7SD",
            "html_url": "https://partner-webiscope.eu.pagerduty.com/service-directory/PAYGJ12",
            "id": "PAYGJ12",
            "incident_urgency_rule": [
              {
                "during_support_hours": [],
                "outside_support_hours": [],
                "type": "constant",
                "urgency": "high"
              }
            ],
            "last_incident_timestamp": "",
            "name": "Mpprodreblazeteststg",
            "response_play": null,
            "scheduled_actions": [],
            "status": "active",
            "support_hours": [],
            "type": "service"
          },
          "sensitive_attributes": [],
          "private": "bnVsbA==",
          "dependencies": [
            "data.pagerduty_escalation_policy.default"
          ]
        }
      ]
    },
    {
      "mode": "managed",
      "type": "pagerduty_service",
      "name": "Multipass",
      "provider": "provider[\"registry.terraform.io/pagerduty/pagerduty\"]",
      "instances": [
        {
          "schema_version": 0,
          "attributes": {
            "acknowledgement_timeout": "1800",
            "alert_creation": "create_incidents",
            "alert_grouping": null,
            "alert_grouping_parameters": [],
            "alert_grouping_timeout": "null",
            "auto_pause_notifications_parameters": [],
            "auto_resolve_timeout": "14400",
            "created_at": "2023-02-26T17:27:31+02:00",
            "description": "Multipass (multipass)",
            "escalation_policy": "PQAH7SD",
            "html_url": "https://partner-webiscope.eu.pagerduty.com/service-directory/PEIUSMB",
            "id": "PEIUSMB",
            "incident_urgency_rule": [
              {
                "during_support_hours": [],
                "outside_support_hours": [],
                "type": "constant",
                "urgency": "high"
              }
            ],
            "last_incident_timestamp": "",
            "name": "Multipass",
            "response_play": null,
            "scheduled_actions": [],
            "status": "active",
            "support_hours": [],
            "type": "service"
          },
          "sensitive_attributes": [],
          "private": "bnVsbA==",
          "dependencies": [
            "data.pagerduty_escalation_policy.default"
          ]
        }
      ]
    },
    {
      "mode": "managed",
      "type": "pagerduty_service",
      "name": "Musicbuk",
      "provider": "provider[\"registry.terraform.io/pagerduty/pagerduty\"]",
      "instances": [
        {
          "schema_version": 0,
          "attributes": {
            "acknowledgement_timeout": "1800",
            "alert_creation": "create_incidents",
            "alert_grouping": null,
            "alert_grouping_parameters": [],
            "alert_grouping_timeout": "null",
            "auto_pause_notifications_parameters": [],
            "auto_resolve_timeout": "14400",
            "created_at": "2023-02-26T17:27:47+02:00",
            "description": "Musicbuk (musicbuk)",
            "escalation_policy": "PQAH7SD",
            "html_url": "https://partner-webiscope.eu.pagerduty.com/service-directory/P1R45Q4",
            "id": "P1R45Q4",
            "incident_urgency_rule": [
              {
                "during_support_hours": [],
                "outside_support_hours": [],
                "type": "constant",
                "urgency": "high"
              }
            ],
            "last_incident_timestamp": "",
            "name": "Musicbuk",
            "response_play": null,
            "scheduled_actions": [],
            "status": "active",
            "support_hours": [],
            "type": "service"
          },
          "sensitive_attributes": [],
          "private": "bnVsbA==",
          "dependencies": [
            "data.pagerduty_escalation_policy.default"
          ]
        }
      ]
    },
    {
      "mode": "managed",
      "type": "pagerduty_service",
      "name": "Mwell",
      "provider": "provider[\"registry.terraform.io/pagerduty/pagerduty\"]",
      "instances": [
        {
          "schema_version": 0,
          "attributes": {
            "acknowledgement_timeout": "1800",
            "alert_creation": "create_incidents",
            "alert_grouping": null,
            "alert_grouping_parameters": [],
            "alert_grouping_timeout": "null",
            "auto_pause_notifications_parameters": [],
            "auto_resolve_timeout": "14400",
            "created_at": "2023-02-26T17:27:42+02:00",
            "description": "Mwell (mwell)",
            "escalation_policy": "PQAH7SD",
            "html_url": "https://partner-webiscope.eu.pagerduty.com/service-directory/P9MDVIL",
            "id": "P9MDVIL",
            "incident_urgency_rule": [
              {
                "during_support_hours": [],
                "outside_support_hours": [],
                "type": "constant",
                "urgency": "high"
              }
            ],
            "last_incident_timestamp": "",
            "name": "Mwell",
            "response_play": null,
            "scheduled_actions": [],
            "status": "active",
            "support_hours": [],
            "type": "service"
          },
          "sensitive_attributes": [],
          "private": "bnVsbA==",
          "dependencies": [
            "data.pagerduty_escalation_policy.default"
          ]
        }
      ]
    },
    {
      "mode": "managed",
      "type": "pagerduty_service",
      "name": "Mycheck",
      "provider": "provider[\"registry.terraform.io/pagerduty/pagerduty\"]",
      "instances": [
        {
          "schema_version": 0,
          "attributes": {
            "acknowledgement_timeout": "1800",
            "alert_creation": "create_incidents",
            "alert_grouping": null,
            "alert_grouping_parameters": [],
            "alert_grouping_timeout": "null",
            "auto_pause_notifications_parameters": [],
            "auto_resolve_timeout": "14400",
            "created_at": "2023-02-26T17:27:57+02:00",
            "description": "Mycheck (mycheck)",
            "escalation_policy": "PQAH7SD",
            "html_url": "https://partner-webiscope.eu.pagerduty.com/service-directory/PGIHOQ1",
            "id": "PGIHOQ1",
            "incident_urgency_rule": [
              {
                "during_support_hours": [],
                "outside_support_hours": [],
                "type": "constant",
                "urgency": "high"
              }
            ],
            "last_incident_timestamp": "",
            "name": "Mycheck",
            "response_play": null,
            "scheduled_actions": [],
            "status": "active",
            "support_hours": [],
            "type": "service"
          },
          "sensitive_attributes": [],
          "private": "bnVsbA==",
          "dependencies": [
            "data.pagerduty_escalation_policy.default"
          ]
        }
      ]
    },
    {
      "mode": "managed",
      "type": "pagerduty_service",
      "name": "Newrbzqa103306614922995878",
      "provider": "provider[\"registry.terraform.io/pagerduty/pagerduty\"]",
      "instances": [
        {
          "schema_version": 0,
          "attributes": {
            "acknowledgement_timeout": "1800",
            "alert_creation": "create_incidents",
            "alert_grouping": null,
            "alert_grouping_parameters": [],
            "alert_grouping_timeout": "null",
            "auto_pause_notifications_parameters": [],
            "auto_resolve_timeout": "14400",
            "created_at": "2023-02-26T17:27:10+02:00",
            "description": "Newrbzqa103306614922995878 (newrbzqa103306614922995878)",
            "escalation_policy": "PQAH7SD",
            "html_url": "https://partner-webiscope.eu.pagerduty.com/service-directory/PN0J5BE",
            "id": "PN0J5BE",
            "incident_urgency_rule": [
              {
                "during_support_hours": [],
                "outside_support_hours": [],
                "type": "constant",
                "urgency": "high"
              }
            ],
            "last_incident_timestamp": "",
            "name": "Newrbzqa103306614922995878",
            "response_play": null,
            "scheduled_actions": [],
            "status": "active",
            "support_hours": [],
            "type": "service"
          },
          "sensitive_attributes": [],
          "private": "bnVsbA==",
          "dependencies": [
            "data.pagerduty_escalation_policy.default"
          ]
        }
      ]
    },
    {
      "mode": "managed",
      "type": "pagerduty_service",
      "name": "Northgate",
      "provider": "provider[\"registry.terraform.io/pagerduty/pagerduty\"]",
      "instances": [
        {
          "schema_version": 0,
          "attributes": {
            "acknowledgement_timeout": "1800",
            "alert_creation": "create_incidents",
            "alert_grouping": null,
            "alert_grouping_parameters": [],
            "alert_grouping_timeout": "null",
            "auto_pause_notifications_parameters": [],
            "auto_resolve_timeout": "14400",
            "created_at": "2023-02-26T17:27:10+02:00",
            "description": "Northgate (northgate)",
            "escalation_policy": "PQAH7SD",
            "html_url": "https://partner-webiscope.eu.pagerduty.com/service-directory/PU9V73U",
            "id": "PU9V73U",
            "incident_urgency_rule": [
              {
                "during_support_hours": [],
                "outside_support_hours": [],
                "type": "constant",
                "urgency": "high"
              }
            ],
            "last_incident_timestamp": "",
            "name": "Northgate",
            "response_play": null,
            "scheduled_actions": [],
            "status": "active",
            "support_hours": [],
            "type": "service"
          },
          "sensitive_attributes": [],
          "private": "bnVsbA==",
          "dependencies": [
            "data.pagerduty_escalation_policy.default"
          ]
        }
      ]
    },
    {
      "mode": "managed",
      "type": "pagerduty_service",
      "name": "Notrbztestproject",
      "provider": "provider[\"registry.terraform.io/pagerduty/pagerduty\"]",
      "instances": [
        {
          "schema_version": 0,
          "attributes": {
            "acknowledgement_timeout": "1800",
            "alert_creation": "create_incidents",
            "alert_grouping": null,
            "alert_grouping_parameters": [],
            "alert_grouping_timeout": "null",
            "auto_pause_notifications_parameters": [],
            "auto_resolve_timeout": "14400",
            "created_at": "2023-02-26T17:27:47+02:00",
            "description": "Notrbztestproject (notrbztestproject)",
            "escalation_policy": "PQAH7SD",
            "html_url": "https://partner-webiscope.eu.pagerduty.com/service-directory/PGB24KL",
            "id": "PGB24KL",
            "incident_urgency_rule": [
              {
                "during_support_hours": [],
                "outside_support_hours": [],
                "type": "constant",
                "urgency": "high"
              }
            ],
            "last_incident_timestamp": "",
            "name": "Notrbztestproject",
            "response_play": null,
            "scheduled_actions": [],
            "status": "active",
            "support_hours": [],
            "type": "service"
          },
          "sensitive_attributes": [],
          "private": "bnVsbA==",
          "dependencies": [
            "data.pagerduty_escalation_policy.default"
          ]
        }
      ]
    },
    {
      "mode": "managed",
      "type": "pagerduty_service",
      "name": "Nsure",
      "provider": "provider[\"registry.terraform.io/pagerduty/pagerduty\"]",
      "instances": [
        {
          "schema_version": 0,
          "attributes": {
            "acknowledgement_timeout": "1800",
            "alert_creation": "create_incidents",
            "alert_grouping": null,
            "alert_grouping_parameters": [],
            "alert_grouping_timeout": "null",
            "auto_pause_notifications_parameters": [],
            "auto_resolve_timeout": "14400",
            "created_at": "2023-02-26T17:27:09+02:00",
            "description": "Nsure (nsure)",
            "escalation_policy": "PQAH7SD",
            "html_url": "https://partner-webiscope.eu.pagerduty.com/service-directory/PBV48V7",
            "id": "PBV48V7",
            "incident_urgency_rule": [
              {
                "during_support_hours": [],
                "outside_support_hours": [],
                "type": "constant",
                "urgency": "high"
              }
            ],
            "last_incident_timestamp": "",
            "name": "Nsure",
            "response_play": null,
            "scheduled_actions": [],
            "status": "active",
            "support_hours": [],
            "type": "service"
          },
          "sensitive_attributes": [],
          "private": "bnVsbA==",
          "dependencies": [
            "data.pagerduty_escalation_policy.default"
          ]
        }
      ]
    },
    {
      "mode": "managed",
      "type": "pagerduty_service",
      "name": "Ntuc",
      "provider": "provider[\"registry.terraform.io/pagerduty/pagerduty\"]",
      "instances": [
        {
          "schema_version": 0,
          "attributes": {
            "acknowledgement_timeout": "1800",
            "alert_creation": "create_incidents",
            "alert_grouping": null,
            "alert_grouping_parameters": [],
            "alert_grouping_timeout": "null",
            "auto_pause_notifications_parameters": [],
            "auto_resolve_timeout": "14400",
            "created_at": "2023-02-26T17:27:12+02:00",
            "description": "Ntuc (ntuc)",
            "escalation_policy": "PQAH7SD",
            "html_url": "https://partner-webiscope.eu.pagerduty.com/service-directory/PLBW4X8",
            "id": "PLBW4X8",
            "incident_urgency_rule": [
              {
                "during_support_hours": [],
                "outside_support_hours": [],
                "type": "constant",
                "urgency": "high"
              }
            ],
            "last_incident_timestamp": "",
            "name": "Ntuc",
            "response_play": null,
            "scheduled_actions": [],
            "status": "active",
            "support_hours": [],
            "type": "service"
          },
          "sensitive_attributes": [],
          "private": "bnVsbA==",
          "dependencies": [
            "data.pagerduty_escalation_policy.default"
          ]
        }
      ]
    },
    {
      "mode": "managed",
      "type": "pagerduty_service",
      "name": "Olga12345",
      "provider": "provider[\"registry.terraform.io/pagerduty/pagerduty\"]",
      "instances": [
        {
          "schema_version": 0,
          "attributes": {
            "acknowledgement_timeout": "1800",
            "alert_creation": "create_incidents",
            "alert_grouping": null,
            "alert_grouping_parameters": [],
            "alert_grouping_timeout": "null",
            "auto_pause_notifications_parameters": [],
            "auto_resolve_timeout": "14400",
            "created_at": "2023-02-26T17:27:20+02:00",
            "description": "Olga12345 (olga12345)",
            "escalation_policy": "PQAH7SD",
            "html_url": "https://partner-webiscope.eu.pagerduty.com/service-directory/PUUNQVX",
            "id": "PUUNQVX",
            "incident_urgency_rule": [
              {
                "during_support_hours": [],
                "outside_support_hours": [],
                "type": "constant",
                "urgency": "high"
              }
            ],
            "last_incident_timestamp": "",
            "name": "Olga12345",
            "response_play": null,
            "scheduled_actions": [],
            "status": "active",
            "support_hours": [],
            "type": "service"
          },
          "sensitive_attributes": [],
          "private": "bnVsbA==",
          "dependencies": [
            "data.pagerduty_escalation_policy.default"
          ]
        }
      ]
    },
    {
      "mode": "managed",
      "type": "pagerduty_service",
      "name": "Opaltech",
      "provider": "provider[\"registry.terraform.io/pagerduty/pagerduty\"]",
      "instances": [
        {
          "schema_version": 0,
          "attributes": {
            "acknowledgement_timeout": "1800",
            "alert_creation": "create_incidents",
            "alert_grouping": null,
            "alert_grouping_parameters": [],
            "alert_grouping_timeout": "null",
            "auto_pause_notifications_parameters": [],
            "auto_resolve_timeout": "14400",
            "created_at": "2023-02-26T17:28:08+02:00",
            "description": "Opaltech (opaltech)",
            "escalation_policy": "PQAH7SD",
            "html_url": "https://partner-webiscope.eu.pagerduty.com/service-directory/P156P58",
            "id": "P156P58",
            "incident_urgency_rule": [
              {
                "during_support_hours": [],
                "outside_support_hours": [],
                "type": "constant",
                "urgency": "high"
              }
            ],
            "last_incident_timestamp": "",
            "name": "Opaltech",
            "response_play": null,
            "scheduled_actions": [],
            "status": "active",
            "support_hours": [],
            "type": "service"
          },
          "sensitive_attributes": [],
          "private": "bnVsbA==",
          "dependencies": [
            "data.pagerduty_escalation_policy.default"
          ]
        }
      ]
    },
    {
      "mode": "managed",
      "type": "pagerduty_service",
      "name": "Opencuri696928180841517713",
      "provider": "provider[\"registry.terraform.io/pagerduty/pagerduty\"]",
      "instances": [
        {
          "schema_version": 0,
          "attributes": {
            "acknowledgement_timeout": "1800",
            "alert_creation": "create_incidents",
            "alert_grouping": null,
            "alert_grouping_parameters": [],
            "alert_grouping_timeout": "null",
            "auto_pause_notifications_parameters": [],
            "auto_resolve_timeout": "14400",
            "created_at": "2023-02-26T17:27:24+02:00",
            "description": "Opencuri696928180841517713 (opencuri696928180841517713)",
            "escalation_policy": "PQAH7SD",
            "html_url": "https://partner-webiscope.eu.pagerduty.com/service-directory/PWDY23G",
            "id": "PWDY23G",
            "incident_urgency_rule": [
              {
                "during_support_hours": [],
                "outside_support_hours": [],
                "type": "constant",
                "urgency": "high"
              }
            ],
            "last_incident_timestamp": "",
            "name": "Opencuri696928180841517713",
            "response_play": null,
            "scheduled_actions": [],
            "status": "active",
            "support_hours": [],
            "type": "service"
          },
          "sensitive_attributes": [],
          "private": "bnVsbA==",
          "dependencies": [
            "data.pagerduty_escalation_policy.default"
          ]
        }
      ]
    },
    {
      "mode": "managed",
      "type": "pagerduty_service",
      "name": "Openfintech",
      "provider": "provider[\"registry.terraform.io/pagerduty/pagerduty\"]",
      "instances": [
        {
          "schema_version": 0,
          "attributes": {
            "acknowledgement_timeout": "1800",
            "alert_creation": "create_incidents",
            "alert_grouping": null,
            "alert_grouping_parameters": [],
            "alert_grouping_timeout": "null",
            "auto_pause_notifications_parameters": [],
            "auto_resolve_timeout": "14400",
            "created_at": "2023-02-26T17:27:38+02:00",
            "description": "Openfintech (openfintech)",
            "escalation_policy": "PQAH7SD",
            "html_url": "https://partner-webiscope.eu.pagerduty.com/service-directory/PVYPJRF",
            "id": "PVYPJRF",
            "incident_urgency_rule": [
              {
                "during_support_hours": [],
                "outside_support_hours": [],
                "type": "constant",
                "urgency": "high"
              }
            ],
            "last_incident_timestamp": "",
            "name": "Openfintech",
            "response_play": null,
            "scheduled_actions": [],
            "status": "active",
            "support_hours": [],
            "type": "service"
          },
          "sensitive_attributes": [],
          "private": "bnVsbA==",
          "dependencies": [
            "data.pagerduty_escalation_policy.default"
          ]
        }
      ]
    },
    {
      "mode": "managed",
      "type": "pagerduty_service",
      "name": "Openpay",
      "provider": "provider[\"registry.terraform.io/pagerduty/pagerduty\"]",
      "instances": [
        {
          "schema_version": 0,
          "attributes": {
            "acknowledgement_timeout": "1800",
            "alert_creation": "create_incidents",
            "alert_grouping": null,
            "alert_grouping_parameters": [],
            "alert_grouping_timeout": "null",
            "auto_pause_notifications_parameters": [],
            "auto_resolve_timeout": "14400",
            "created_at": "2023-02-26T17:27:38+02:00",
            "description": "Openpay (openpay)",
            "escalation_policy": "PQAH7SD",
            "html_url": "https://partner-webiscope.eu.pagerduty.com/service-directory/POPDI02",
            "id": "POPDI02",
            "incident_urgency_rule": [
              {
                "during_support_hours": [],
                "outside_support_hours": [],
                "type": "constant",
                "urgency": "high"
              }
            ],
            "last_incident_timestamp": "",
            "name": "Openpay",
            "response_play": null,
            "scheduled_actions": [],
            "status": "active",
            "support_hours": [],
            "type": "service"
          },
          "sensitive_attributes": [],
          "private": "bnVsbA==",
          "dependencies": [
            "data.pagerduty_escalation_policy.default"
          ]
        }
      ]
    },
    {
      "mode": "managed",
      "type": "pagerduty_service",
      "name": "Orbograph",
      "provider": "provider[\"registry.terraform.io/pagerduty/pagerduty\"]",
      "instances": [
        {
          "schema_version": 0,
          "attributes": {
            "acknowledgement_timeout": "1800",
            "alert_creation": "create_incidents",
            "alert_grouping": null,
            "alert_grouping_parameters": [],
            "alert_grouping_timeout": "null",
            "auto_pause_notifications_parameters": [],
            "auto_resolve_timeout": "14400",
            "created_at": "2023-02-26T17:27:23+02:00",
            "description": "Orbograph (orbograph)",
            "escalation_policy": "PQAH7SD",
            "html_url": "https://partner-webiscope.eu.pagerduty.com/service-directory/PL7G4K9",
            "id": "PL7G4K9",
            "incident_urgency_rule": [
              {
                "during_support_hours": [],
                "outside_support_hours": [],
                "type": "constant",
                "urgency": "high"
              }
            ],
            "last_incident_timestamp": "",
            "name": "Orbograph",
            "response_play": null,
            "scheduled_actions": [],
            "status": "active",
            "support_hours": [],
            "type": "service"
          },
          "sensitive_attributes": [],
          "private": "bnVsbA==",
          "dependencies": [
            "data.pagerduty_escalation_policy.default"
          ]
        }
      ]
    },
    {
      "mode": "managed",
      "type": "pagerduty_service",
      "name": "Ort",
      "provider": "provider[\"registry.terraform.io/pagerduty/pagerduty\"]",
      "instances": [
        {
          "schema_version": 0,
          "attributes": {
            "acknowledgement_timeout": "1800",
            "alert_creation": "create_incidents",
            "alert_grouping": null,
            "alert_grouping_parameters": [],
            "alert_grouping_timeout": "null",
            "auto_pause_notifications_parameters": [],
            "auto_resolve_timeout": "14400",
            "created_at": "2023-02-26T17:28:09+02:00",
            "description": "Ort (ort)",
            "escalation_policy": "PQAH7SD",
            "html_url": "https://partner-webiscope.eu.pagerduty.com/service-directory/PGS4OD2",
            "id": "PGS4OD2",
            "incident_urgency_rule": [
              {
                "during_support_hours": [],
                "outside_support_hours": [],
                "type": "constant",
                "urgency": "high"
              }
            ],
            "last_incident_timestamp": "",
            "name": "Ort",
            "response_play": null,
            "scheduled_actions": [],
            "status": "active",
            "support_hours": [],
            "type": "service"
          },
          "sensitive_attributes": [],
          "private": "bnVsbA==",
          "dependencies": [
            "data.pagerduty_escalation_policy.default"
          ]
        }
      ]
    },
    {
      "mode": "managed",
      "type": "pagerduty_service",
      "name": "Ortil",
      "provider": "provider[\"registry.terraform.io/pagerduty/pagerduty\"]",
      "instances": [
        {
          "schema_version": 0,
          "attributes": {
            "acknowledgement_timeout": "1800",
            "alert_creation": "create_incidents",
            "alert_grouping": null,
            "alert_grouping_parameters": [],
            "alert_grouping_timeout": "null",
            "auto_pause_notifications_parameters": [],
            "auto_resolve_timeout": "14400",
            "created_at": "2023-02-26T17:27:39+02:00",
            "description": "Ortil (ortil)",
            "escalation_policy": "PQAH7SD",
            "html_url": "https://partner-webiscope.eu.pagerduty.com/service-directory/PJR2G66",
            "id": "PJR2G66",
            "incident_urgency_rule": [
              {
                "during_support_hours": [],
                "outside_support_hours": [],
                "type": "constant",
                "urgency": "high"
              }
            ],
            "last_incident_timestamp": "",
            "name": "Ortil",
            "response_play": null,
            "scheduled_actions": [],
            "status": "active",
            "support_hours": [],
            "type": "service"
          },
          "sensitive_attributes": [],
          "private": "bnVsbA==",
          "dependencies": [
            "data.pagerduty_escalation_policy.default"
          ]
        }
      ]
    },
    {
      "mode": "managed",
      "type": "pagerduty_service",
      "name": "P4Refuel",
      "provider": "provider[\"registry.terraform.io/pagerduty/pagerduty\"]",
      "instances": [
        {
          "schema_version": 0,
          "attributes": {
            "acknowledgement_timeout": "1800",
            "alert_creation": "create_incidents",
            "alert_grouping": null,
            "alert_grouping_parameters": [],
            "alert_grouping_timeout": "null",
            "auto_pause_notifications_parameters": [],
            "auto_resolve_timeout": "14400",
            "created_at": "2023-02-26T17:27:44+02:00",
            "description": "P4Refuel (p4refuel)",
            "escalation_policy": "PQAH7SD",
            "html_url": "https://partner-webiscope.eu.pagerduty.com/service-directory/PPKWQW9",
            "id": "PPKWQW9",
            "incident_urgency_rule": [
              {
                "during_support_hours": [],
                "outside_support_hours": [],
                "type": "constant",
                "urgency": "high"
              }
            ],
            "last_incident_timestamp": "",
            "name": "P4Refuel",
            "response_play": null,
            "scheduled_actions": [],
            "status": "active",
            "support_hours": [],
            "type": "service"
          },
          "sensitive_attributes": [],
          "private": "bnVsbA==",
          "dependencies": [
            "data.pagerduty_escalation_policy.default"
          ]
        }
      ]
    },
    {
      "mode": "managed",
      "type": "pagerduty_service",
      "name": "Panda",
      "provider": "provider[\"registry.terraform.io/pagerduty/pagerduty\"]",
      "instances": [
        {
          "schema_version": 0,
          "attributes": {
            "acknowledgement_timeout": "1800",
            "alert_creation": "create_incidents",
            "alert_grouping": null,
            "alert_grouping_parameters": [],
            "alert_grouping_timeout": "null",
            "auto_pause_notifications_parameters": [],
            "auto_resolve_timeout": "14400",
            "created_at": "2023-02-26T17:27:06+02:00",
            "description": "Panda (panda)",
            "escalation_policy": "PQAH7SD",
            "html_url": "https://partner-webiscope.eu.pagerduty.com/service-directory/PS07VV8",
            "id": "PS07VV8",
            "incident_urgency_rule": [
              {
                "during_support_hours": [],
                "outside_support_hours": [],
                "type": "constant",
                "urgency": "high"
              }
            ],
            "last_incident_timestamp": "",
            "name": "Panda",
            "response_play": null,
            "scheduled_actions": [],
            "status": "active",
            "support_hours": [],
            "type": "service"
          },
          "sensitive_attributes": [],
          "private": "bnVsbA==",
          "dependencies": [
            "data.pagerduty_escalation_policy.default"
          ]
        }
      ]
    },
    {
      "mode": "managed",
      "type": "pagerduty_service",
      "name": "Pango",
      "provider": "provider[\"registry.terraform.io/pagerduty/pagerduty\"]",
      "instances": [
        {
          "schema_version": 0,
          "attributes": {
            "acknowledgement_timeout": "1800",
            "alert_creation": "create_incidents",
            "alert_grouping": null,
            "alert_grouping_parameters": [],
            "alert_grouping_timeout": "null",
            "auto_pause_notifications_parameters": [],
            "auto_resolve_timeout": "14400",
            "created_at": "2023-02-26T17:27:42+02:00",
            "description": "Pango (pango)",
            "escalation_policy": "PQAH7SD",
            "html_url": "https://partner-webiscope.eu.pagerduty.com/service-directory/PQZ1WYO",
            "id": "PQZ1WYO",
            "incident_urgency_rule": [
              {
                "during_support_hours": [],
                "outside_support_hours": [],
                "type": "constant",
                "urgency": "high"
              }
            ],
            "last_incident_timestamp": "",
            "name": "Pango",
            "response_play": null,
            "scheduled_actions": [],
            "status": "active",
            "support_hours": [],
            "type": "service"
          },
          "sensitive_attributes": [],
          "private": "bnVsbA==",
          "dependencies": [
            "data.pagerduty_escalation_policy.default"
          ]
        }
      ]
    },
    {
      "mode": "managed",
      "type": "pagerduty_service",
      "name": "Payoneer",
      "provider": "provider[\"registry.terraform.io/pagerduty/pagerduty\"]",
      "instances": [
        {
          "schema_version": 0,
          "attributes": {
            "acknowledgement_timeout": "1800",
            "alert_creation": "create_incidents",
            "alert_grouping": null,
            "alert_grouping_parameters": [],
            "alert_grouping_timeout": "null",
            "auto_pause_notifications_parameters": [],
            "auto_resolve_timeout": "14400",
            "created_at": "2023-02-26T17:28:06+02:00",
            "description": "Payoneer (payoneer)",
            "escalation_policy": "PQAH7SD",
            "html_url": "https://partner-webiscope.eu.pagerduty.com/service-directory/P5SMVJA",
            "id": "P5SMVJA",
            "incident_urgency_rule": [
              {
                "during_support_hours": [],
                "outside_support_hours": [],
                "type": "constant",
                "urgency": "high"
              }
            ],
            "last_incident_timestamp": "",
            "name": "Payoneer",
            "response_play": null,
            "scheduled_actions": [],
            "status": "active",
            "support_hours": [],
            "type": "service"
          },
          "sensitive_attributes": [],
          "private": "bnVsbA==",
          "dependencies": [
            "data.pagerduty_escalation_policy.default"
          ]
        }
      ]
    },
    {
      "mode": "managed",
      "type": "pagerduty_service",
      "name": "Payoneerx",
      "provider": "provider[\"registry.terraform.io/pagerduty/pagerduty\"]",
      "instances": [
        {
          "schema_version": 0,
          "attributes": {
            "acknowledgement_timeout": "1800",
            "alert_creation": "create_incidents",
            "alert_grouping": null,
            "alert_grouping_parameters": [],
            "alert_grouping_timeout": "null",
            "auto_pause_notifications_parameters": [],
            "auto_resolve_timeout": "14400",
            "created_at": "2023-02-26T17:27:34+02:00",
            "description": "Payoneerx (payoneerx)",
            "escalation_policy": "PQAH7SD",
            "html_url": "https://partner-webiscope.eu.pagerduty.com/service-directory/PAXB989",
            "id": "PAXB989",
            "incident_urgency_rule": [
              {
                "during_support_hours": [],
                "outside_support_hours": [],
                "type": "constant",
                "urgency": "high"
              }
            ],
            "last_incident_timestamp": "",
            "name": "Payoneerx",
            "response_play": null,
            "scheduled_actions": [],
            "status": "active",
            "support_hours": [],
            "type": "service"
          },
          "sensitive_attributes": [],
          "private": "bnVsbA==",
          "dependencies": [
            "data.pagerduty_escalation_policy.default"
          ]
        }
      ]
    },
    {
      "mode": "managed",
      "type": "pagerduty_service",
      "name": "Payoneerxstg",
      "provider": "provider[\"registry.terraform.io/pagerduty/pagerduty\"]",
      "instances": [
        {
          "schema_version": 0,
          "attributes": {
            "acknowledgement_timeout": "1800",
            "alert_creation": "create_incidents",
            "alert_grouping": null,
            "alert_grouping_parameters": [],
            "alert_grouping_timeout": "null",
            "auto_pause_notifications_parameters": [],
            "auto_resolve_timeout": "14400",
            "created_at": "2023-02-26T17:27:20+02:00",
            "description": "Payoneerxstg (payoneerxstg)",
            "escalation_policy": "PQAH7SD",
            "html_url": "https://partner-webiscope.eu.pagerduty.com/service-directory/PN8BP3H",
            "id": "PN8BP3H",
            "incident_urgency_rule": [
              {
                "during_support_hours": [],
                "outside_support_hours": [],
                "type": "constant",
                "urgency": "high"
              }
            ],
            "last_incident_timestamp": "",
            "name": "Payoneerxstg",
            "response_play": null,
            "scheduled_actions": [],
            "status": "active",
            "support_hours": [],
            "type": "service"
          },
          "sensitive_attributes": [],
          "private": "bnVsbA==",
          "dependencies": [
            "data.pagerduty_escalation_policy.default"
          ]
        }
      ]
    },
    {
      "mode": "managed",
      "type": "pagerduty_service",
      "name": "Platformsh",
      "provider": "provider[\"registry.terraform.io/pagerduty/pagerduty\"]",
      "instances": [
        {
          "schema_version": 0,
          "attributes": {
            "acknowledgement_timeout": "1800",
            "alert_creation": "create_incidents",
            "alert_grouping": null,
            "alert_grouping_parameters": [],
            "alert_grouping_timeout": "null",
            "auto_pause_notifications_parameters": [],
            "auto_resolve_timeout": "14400",
            "created_at": "2023-02-26T17:27:50+02:00",
            "description": "Platformsh (platformsh)",
            "escalation_policy": "PQAH7SD",
            "html_url": "https://partner-webiscope.eu.pagerduty.com/service-directory/P3ARGLQ",
            "id": "P3ARGLQ",
            "incident_urgency_rule": [
              {
                "during_support_hours": [],
                "outside_support_hours": [],
                "type": "constant",
                "urgency": "high"
              }
            ],
            "last_incident_timestamp": "",
            "name": "Platformsh",
            "response_play": null,
            "scheduled_actions": [],
            "status": "active",
            "support_hours": [],
            "type": "service"
          },
          "sensitive_attributes": [],
          "private": "bnVsbA==",
          "dependencies": [
            "data.pagerduty_escalation_policy.default"
          ]
        }
      ]
    },
    {
      "mode": "managed",
      "type": "pagerduty_service",
      "name": "Pm",
      "provider": "provider[\"registry.terraform.io/pagerduty/pagerduty\"]",
      "instances": [
        {
          "schema_version": 0,
          "attributes": {
            "acknowledgement_timeout": "1800",
            "alert_creation": "create_incidents",
            "alert_grouping": null,
            "alert_grouping_parameters": [],
            "alert_grouping_timeout": "null",
            "auto_pause_notifications_parameters": [],
            "auto_resolve_timeout": "14400",
            "created_at": "2023-02-26T17:27:02+02:00",
            "description": "Pm (pm)",
            "escalation_policy": "PQAH7SD",
            "html_url": "https://partner-webiscope.eu.pagerduty.com/service-directory/PHHSKSF",
            "id": "PHHSKSF",
            "incident_urgency_rule": [
              {
                "during_support_hours": [],
                "outside_support_hours": [],
                "type": "constant",
                "urgency": "high"
              }
            ],
            "last_incident_timestamp": "",
            "name": "Pm",
            "response_play": null,
            "scheduled_actions": [],
            "status": "active",
            "support_hours": [],
            "type": "service"
          },
          "sensitive_attributes": [],
          "private": "bnVsbA==",
          "dependencies": [
            "data.pagerduty_escalation_policy.default"
          ]
        }
      ]
    },
    {
      "mode": "managed",
      "type": "pagerduty_service",
      "name": "Pnistg",
      "provider": "provider[\"registry.terraform.io/pagerduty/pagerduty\"]",
      "instances": [
        {
          "schema_version": 0,
          "attributes": {
            "acknowledgement_timeout": "1800",
            "alert_creation": "create_incidents",
            "alert_grouping": null,
            "alert_grouping_parameters": [],
            "alert_grouping_timeout": "null",
            "auto_pause_notifications_parameters": [],
            "auto_resolve_timeout": "14400",
            "created_at": "2023-02-26T17:27:25+02:00",
            "description": "Pnistg (pnistg)",
            "escalation_policy": "PQAH7SD",
            "html_url": "https://partner-webiscope.eu.pagerduty.com/service-directory/P1A1LY0",
            "id": "P1A1LY0",
            "incident_urgency_rule": [
              {
                "during_support_hours": [],
                "outside_support_hours": [],
                "type": "constant",
                "urgency": "high"
              }
            ],
            "last_incident_timestamp": "",
            "name": "Pnistg",
            "response_play": null,
            "scheduled_actions": [],
            "status": "active",
            "support_hours": [],
            "type": "service"
          },
          "sensitive_attributes": [],
          "private": "bnVsbA==",
          "dependencies": [
            "data.pagerduty_escalation_policy.default"
          ]
        }
      ]
    },
    {
      "mode": "managed",
      "type": "pagerduty_service",
      "name": "Pnivpd7K5Tsndoom",
      "provider": "provider[\"registry.terraform.io/pagerduty/pagerduty\"]",
      "instances": [
        {
          "schema_version": 0,
          "attributes": {
            "acknowledgement_timeout": "1800",
            "alert_creation": "create_incidents",
            "alert_grouping": null,
            "alert_grouping_parameters": [],
            "alert_grouping_timeout": "null",
            "auto_pause_notifications_parameters": [],
            "auto_resolve_timeout": "14400",
            "created_at": "2023-02-26T17:27:28+02:00",
            "description": "Pnivpd7K5Tsndoom (pnivpd7k5tsndoom)",
            "escalation_policy": "PQAH7SD",
            "html_url": "https://partner-webiscope.eu.pagerduty.com/service-directory/PRE9CNP",
            "id": "PRE9CNP",
            "incident_urgency_rule": [
              {
                "during_support_hours": [],
                "outside_support_hours": [],
                "type": "constant",
                "urgency": "high"
              }
            ],
            "last_incident_timestamp": "",
            "name": "Pnivpd7K5Tsndoom",
            "response_play": null,
            "scheduled_actions": [],
            "status": "active",
            "support_hours": [],
            "type": "service"
          },
          "sensitive_attributes": [],
          "private": "bnVsbA==",
          "dependencies": [
            "data.pagerduty_escalation_policy.default"
          ]
        }
      ]
    },
    {
      "mode": "managed",
      "type": "pagerduty_service",
      "name": "Pointer",
      "provider": "provider[\"registry.terraform.io/pagerduty/pagerduty\"]",
      "instances": [
        {
          "schema_version": 0,
          "attributes": {
            "acknowledgement_timeout": "1800",
            "alert_creation": "create_incidents",
            "alert_grouping": null,
            "alert_grouping_parameters": [],
            "alert_grouping_timeout": "null",
            "auto_pause_notifications_parameters": [],
            "auto_resolve_timeout": "14400",
            "created_at": "2023-02-26T17:27:52+02:00",
            "description": "Pointer (pointer)",
            "escalation_policy": "PQAH7SD",
            "html_url": "https://partner-webiscope.eu.pagerduty.com/service-directory/PQGGD0R",
            "id": "PQGGD0R",
            "incident_urgency_rule": [
              {
                "during_support_hours": [],
                "outside_support_hours": [],
                "type": "constant",
                "urgency": "high"
              }
            ],
            "last_incident_timestamp": "",
            "name": "Pointer",
            "response_play": null,
            "scheduled_actions": [],
            "status": "active",
            "support_hours": [],
            "type": "service"
          },
          "sensitive_attributes": [],
          "private": "bnVsbA==",
          "dependencies": [
            "data.pagerduty_escalation_policy.default"
          ]
        }
      ]
    },
    {
      "mode": "managed",
      "type": "pagerduty_service",
      "name": "Popmart",
      "provider": "provider[\"registry.terraform.io/pagerduty/pagerduty\"]",
      "instances": [
        {
          "schema_version": 0,
          "attributes": {
            "acknowledgement_timeout": "1800",
            "alert_creation": "create_incidents",
            "alert_grouping": null,
            "alert_grouping_parameters": [],
            "alert_grouping_timeout": "null",
            "auto_pause_notifications_parameters": [],
            "auto_resolve_timeout": "14400",
            "created_at": "2023-02-26T17:27:30+02:00",
            "description": "Popmart (popmart)",
            "escalation_policy": "PQAH7SD",
            "html_url": "https://partner-webiscope.eu.pagerduty.com/service-directory/PUC2WKA",
            "id": "PUC2WKA",
            "incident_urgency_rule": [
              {
                "during_support_hours": [],
                "outside_support_hours": [],
                "type": "constant",
                "urgency": "high"
              }
            ],
            "last_incident_timestamp": "",
            "name": "Popmart",
            "response_play": null,
            "scheduled_actions": [],
            "status": "active",
            "support_hours": [],
            "type": "service"
          },
          "sensitive_attributes": [],
          "private": "bnVsbA==",
          "dependencies": [
            "data.pagerduty_escalation_policy.default"
          ]
        }
      ]
    },
    {
      "mode": "managed",
      "type": "pagerduty_service",
      "name": "Pplprodfephx2",
      "provider": "provider[\"registry.terraform.io/pagerduty/pagerduty\"]",
      "instances": [
        {
          "schema_version": 0,
          "attributes": {
            "acknowledgement_timeout": "1800",
            "alert_creation": "create_incidents",
            "alert_grouping": null,
            "alert_grouping_parameters": [],
            "alert_grouping_timeout": "null",
            "auto_pause_notifications_parameters": [],
            "auto_resolve_timeout": "14400",
            "created_at": "2023-02-26T17:27:06+02:00",
            "description": "Pplprodfephx2 (pplprodfephx2)",
            "escalation_policy": "PQAH7SD",
            "html_url": "https://partner-webiscope.eu.pagerduty.com/service-directory/PGUSYOB",
            "id": "PGUSYOB",
            "incident_urgency_rule": [
              {
                "during_support_hours": [],
                "outside_support_hours": [],
                "type": "constant",
                "urgency": "high"
              }
            ],
            "last_incident_timestamp": "",
            "name": "Pplprodfephx2",
            "response_play": null,
            "scheduled_actions": [],
            "status": "active",
            "support_hours": [],
            "type": "service"
          },
          "sensitive_attributes": [],
          "private": "bnVsbA==",
          "dependencies": [
            "data.pagerduty_escalation_policy.default"
          ]
        }
      ]
    },
    {
      "mode": "managed",
      "type": "pagerduty_service",
      "name": "Ppluatfephx2",
      "provider": "provider[\"registry.terraform.io/pagerduty/pagerduty\"]",
      "instances": [
        {
          "schema_version": 0,
          "attributes": {
            "acknowledgement_timeout": "1800",
            "alert_creation": "create_incidents",
            "alert_grouping": null,
            "alert_grouping_parameters": [],
            "alert_grouping_timeout": "null",
            "auto_pause_notifications_parameters": [],
            "auto_resolve_timeout": "14400",
            "created_at": "2023-02-26T17:27:04+02:00",
            "description": "Ppluatfephx2 (ppluatfephx2)",
            "escalation_policy": "PQAH7SD",
            "html_url": "https://partner-webiscope.eu.pagerduty.com/service-directory/PSBCBXN",
            "id": "PSBCBXN",
            "incident_urgency_rule": [
              {
                "during_support_hours": [],
                "outside_support_hours": [],
                "type": "constant",
                "urgency": "high"
              }
            ],
            "last_incident_timestamp": "",
            "name": "Ppluatfephx2",
            "response_play": null,
            "scheduled_actions": [],
            "status": "active",
            "support_hours": [],
            "type": "service"
          },
          "sensitive_attributes": [],
          "private": "bnVsbA==",
          "dependencies": [
            "data.pagerduty_escalation_policy.default"
          ]
        }
      ]
    },
    {
      "mode": "managed",
      "type": "pagerduty_service",
      "name": "Prefectprode1E512",
      "provider": "provider[\"registry.terraform.io/pagerduty/pagerduty\"]",
      "instances": [
        {
          "schema_version": 0,
          "attributes": {
            "acknowledgement_timeout": "1800",
            "alert_creation": "create_incidents",
            "alert_grouping": null,
            "alert_grouping_parameters": [],
            "alert_grouping_timeout": "null",
            "auto_pause_notifications_parameters": [],
            "auto_resolve_timeout": "14400",
            "created_at": "2023-02-26T17:27:51+02:00",
            "description": "Prefectprode1E512 (prefectprode1e512)",
            "escalation_policy": "PQAH7SD",
            "html_url": "https://partner-webiscope.eu.pagerduty.com/service-directory/PIKPGW7",
            "id": "PIKPGW7",
            "incident_urgency_rule": [
              {
                "during_support_hours": [],
                "outside_support_hours": [],
                "type": "constant",
                "urgency": "high"
              }
            ],
            "last_incident_timestamp": "",
            "name": "Prefectprode1E512",
            "response_play": null,
            "scheduled_actions": [],
            "status": "active",
            "support_hours": [],
            "type": "service"
          },
          "sensitive_attributes": [],
          "private": "bnVsbA==",
          "dependencies": [
            "data.pagerduty_escalation_policy.default"
          ]
        }
      ]
    },
    {
      "mode": "managed",
      "type": "pagerduty_service",
      "name": "Priority",
      "provider": "provider[\"registry.terraform.io/pagerduty/pagerduty\"]",
      "instances": [
        {
          "schema_version": 0,
          "attributes": {
            "acknowledgement_timeout": "1800",
            "alert_creation": "create_incidents",
            "alert_grouping": null,
            "alert_grouping_parameters": [],
            "alert_grouping_timeout": "null",
            "auto_pause_notifications_parameters": [],
            "auto_resolve_timeout": "14400",
            "created_at": "2023-02-26T17:27:34+02:00",
            "description": "Priority (priority)",
            "escalation_policy": "PQAH7SD",
            "html_url": "https://partner-webiscope.eu.pagerduty.com/service-directory/PWLQ8VJ",
            "id": "PWLQ8VJ",
            "incident_urgency_rule": [
              {
                "during_support_hours": [],
                "outside_support_hours": [],
                "type": "constant",
                "urgency": "high"
              }
            ],
            "last_incident_timestamp": "",
            "name": "Priority",
            "response_play": null,
            "scheduled_actions": [],
            "status": "active",
            "support_hours": [],
            "type": "service"
          },
          "sensitive_attributes": [],
          "private": "bnVsbA==",
          "dependencies": [
            "data.pagerduty_escalation_policy.default"
          ]
        }
      ]
    },
    {
      "mode": "managed",
      "type": "pagerduty_service",
      "name": "Proficio",
      "provider": "provider[\"registry.terraform.io/pagerduty/pagerduty\"]",
      "instances": [
        {
          "schema_version": 0,
          "attributes": {
            "acknowledgement_timeout": "1800",
            "alert_creation": "create_incidents",
            "alert_grouping": null,
            "alert_grouping_parameters": [],
            "alert_grouping_timeout": "null",
            "auto_pause_notifications_parameters": [],
            "auto_resolve_timeout": "14400",
            "created_at": "2023-02-26T17:27:06+02:00",
            "description": "Proficio (proficio)",
            "escalation_policy": "PQAH7SD",
            "html_url": "https://partner-webiscope.eu.pagerduty.com/service-directory/PCI4XZO",
            "id": "PCI4XZO",
            "incident_urgency_rule": [
              {
                "during_support_hours": [],
                "outside_support_hours": [],
                "type": "constant",
                "urgency": "high"
              }
            ],
            "last_incident_timestamp": "",
            "name": "Proficio",
            "response_play": null,
            "scheduled_actions": [],
            "status": "active",
            "support_hours": [],
            "type": "service"
          },
          "sensitive_attributes": [],
          "private": "bnVsbA==",
          "dependencies": [
            "data.pagerduty_escalation_policy.default"
          ]
        }
      ]
    },
    {
      "mode": "managed",
      "type": "pagerduty_service",
      "name": "Prudent",
      "provider": "provider[\"registry.terraform.io/pagerduty/pagerduty\"]",
      "instances": [
        {
          "schema_version": 0,
          "attributes": {
            "acknowledgement_timeout": "1800",
            "alert_creation": "create_incidents",
            "alert_grouping": null,
            "alert_grouping_parameters": [],
            "alert_grouping_timeout": "null",
            "auto_pause_notifications_parameters": [],
            "auto_resolve_timeout": "14400",
            "created_at": "2023-02-26T17:27:04+02:00",
            "description": "Prudent (prudent)",
            "escalation_policy": "PQAH7SD",
            "html_url": "https://partner-webiscope.eu.pagerduty.com/service-directory/PZKOCM0",
            "id": "PZKOCM0",
            "incident_urgency_rule": [
              {
                "during_support_hours": [],
                "outside_support_hours": [],
                "type": "constant",
                "urgency": "high"
              }
            ],
            "last_incident_timestamp": "",
            "name": "Prudent",
            "response_play": null,
            "scheduled_actions": [],
            "status": "active",
            "support_hours": [],
            "type": "service"
          },
          "sensitive_attributes": [],
          "private": "bnVsbA==",
          "dependencies": [
            "data.pagerduty_escalation_policy.default"
          ]
        }
      ]
    },
    {
      "mode": "managed",
      "type": "pagerduty_service",
      "name": "Purplle",
      "provider": "provider[\"registry.terraform.io/pagerduty/pagerduty\"]",
      "instances": [
        {
          "schema_version": 0,
          "attributes": {
            "acknowledgement_timeout": "1800",
            "alert_creation": "create_incidents",
            "alert_grouping": null,
            "alert_grouping_parameters": [],
            "alert_grouping_timeout": "null",
            "auto_pause_notifications_parameters": [],
            "auto_resolve_timeout": "14400",
            "created_at": "2023-02-26T17:27:39+02:00",
            "description": "Purplle (purplle)",
            "escalation_policy": "PQAH7SD",
            "html_url": "https://partner-webiscope.eu.pagerduty.com/service-directory/P0UGFIM",
            "id": "P0UGFIM",
            "incident_urgency_rule": [
              {
                "during_support_hours": [],
                "outside_support_hours": [],
                "type": "constant",
                "urgency": "high"
              }
            ],
            "last_incident_timestamp": "",
            "name": "Purplle",
            "response_play": null,
            "scheduled_actions": [],
            "status": "active",
            "support_hours": [],
            "type": "service"
          },
          "sensitive_attributes": [],
          "private": "bnVsbA==",
          "dependencies": [
            "data.pagerduty_escalation_policy.default"
          ]
        }
      ]
    },
    {
      "mode": "managed",
      "type": "pagerduty_service",
      "name": "Qa21210",
      "provider": "provider[\"registry.terraform.io/pagerduty/pagerduty\"]",
      "instances": [
        {
          "schema_version": 0,
          "attributes": {
            "acknowledgement_timeout": "1800",
            "alert_creation": "create_incidents",
            "alert_grouping": null,
            "alert_grouping_parameters": [],
            "alert_grouping_timeout": "null",
            "auto_pause_notifications_parameters": [],
            "auto_resolve_timeout": "14400",
            "created_at": "2023-02-26T17:27:53+02:00",
            "description": "Qa21210 (qa21210)",
            "escalation_policy": "PQAH7SD",
            "html_url": "https://partner-webiscope.eu.pagerduty.com/service-directory/PLI5B6V",
            "id": "PLI5B6V",
            "incident_urgency_rule": [
              {
                "during_support_hours": [],
                "outside_support_hours": [],
                "type": "constant",
                "urgency": "high"
              }
            ],
            "last_incident_timestamp": "",
            "name": "Qa21210",
            "response_play": null,
            "scheduled_actions": [],
            "status": "active",
            "support_hours": [],
            "type": "service"
          },
          "sensitive_attributes": [],
          "private": "bnVsbA==",
          "dependencies": [
            "data.pagerduty_escalation_policy.default"
          ]
        }
      ]
    },
    {
      "mode": "managed",
      "type": "pagerduty_service",
      "name": "Qa21210Y",
      "provider": "provider[\"registry.terraform.io/pagerduty/pagerduty\"]",
      "instances": [
        {
          "schema_version": 0,
          "attributes": {
            "acknowledgement_timeout": "1800",
            "alert_creation": "create_incidents",
            "alert_grouping": null,
            "alert_grouping_parameters": [],
            "alert_grouping_timeout": "null",
            "auto_pause_notifications_parameters": [],
            "auto_resolve_timeout": "14400",
            "created_at": "2023-02-26T17:27:49+02:00",
            "description": "Qa21210Y (qa21210y)",
            "escalation_policy": "PQAH7SD",
            "html_url": "https://partner-webiscope.eu.pagerduty.com/service-directory/PJYHMY9",
            "id": "PJYHMY9",
            "incident_urgency_rule": [
              {
                "during_support_hours": [],
                "outside_support_hours": [],
                "type": "constant",
                "urgency": "high"
              }
            ],
            "last_incident_timestamp": "",
            "name": "Qa21210Y",
            "response_play": null,
            "scheduled_actions": [],
            "status": "active",
            "support_hours": [],
            "type": "service"
          },
          "sensitive_attributes": [],
          "private": "bnVsbA==",
          "dependencies": [
            "data.pagerduty_escalation_policy.default"
          ]
        }
      ]
    },
    {
      "mode": "managed",
      "type": "pagerduty_service",
      "name": "Qa21212",
      "provider": "provider[\"registry.terraform.io/pagerduty/pagerduty\"]",
      "instances": [
        {
          "schema_version": 0,
          "attributes": {
            "acknowledgement_timeout": "1800",
            "alert_creation": "create_incidents",
            "alert_grouping": null,
            "alert_grouping_parameters": [],
            "alert_grouping_timeout": "null",
            "auto_pause_notifications_parameters": [],
            "auto_resolve_timeout": "14400",
            "created_at": "2023-02-26T17:27:56+02:00",
            "description": "Qa21212 (qa21212)",
            "escalation_policy": "PQAH7SD",
            "html_url": "https://partner-webiscope.eu.pagerduty.com/service-directory/P587PUX",
            "id": "P587PUX",
            "incident_urgency_rule": [
              {
                "during_support_hours": [],
                "outside_support_hours": [],
                "type": "constant",
                "urgency": "high"
              }
            ],
            "last_incident_timestamp": "",
            "name": "Qa21212",
            "response_play": null,
            "scheduled_actions": [],
            "status": "active",
            "support_hours": [],
            "type": "service"
          },
          "sensitive_attributes": [],
          "private": "bnVsbA==",
          "dependencies": [
            "data.pagerduty_escalation_policy.default"
          ]
        }
      ]
    },
    {
      "mode": "managed",
      "type": "pagerduty_service",
      "name": "Qa2126",
      "provider": "provider[\"registry.terraform.io/pagerduty/pagerduty\"]",
      "instances": [
        {
          "schema_version": 0,
          "attributes": {
            "acknowledgement_timeout": "1800",
            "alert_creation": "create_incidents",
            "alert_grouping": null,
            "alert_grouping_parameters": [],
            "alert_grouping_timeout": "null",
            "auto_pause_notifications_parameters": [],
            "auto_resolve_timeout": "14400",
            "created_at": "2023-02-26T17:27:35+02:00",
            "description": "Qa2126 (qa2126)",
            "escalation_policy": "PQAH7SD",
            "html_url": "https://partner-webiscope.eu.pagerduty.com/service-directory/PH4F4XK",
            "id": "PH4F4XK",
            "incident_urgency_rule": [
              {
                "during_support_hours": [],
                "outside_support_hours": [],
                "type": "constant",
                "urgency": "high"
              }
            ],
            "last_incident_timestamp": "",
            "name": "Qa2126",
            "response_play": null,
            "scheduled_actions": [],
            "status": "active",
            "support_hours": [],
            "type": "service"
          },
          "sensitive_attributes": [],
          "private": "bnVsbA==",
          "dependencies": [
            "data.pagerduty_escalation_policy.default"
          ]
        }
      ]
    },
    {
      "mode": "managed",
      "type": "pagerduty_service",
      "name": "Qa21260G",
      "provider": "provider[\"registry.terraform.io/pagerduty/pagerduty\"]",
      "instances": [
        {
          "schema_version": 0,
          "attributes": {
            "acknowledgement_timeout": "1800",
            "alert_creation": "create_incidents",
            "alert_grouping": null,
            "alert_grouping_parameters": [],
            "alert_grouping_timeout": "null",
            "auto_pause_notifications_parameters": [],
            "auto_resolve_timeout": "14400",
            "created_at": "2023-02-26T17:27:59+02:00",
            "description": "Qa21260G (qa21260g)",
            "escalation_policy": "PQAH7SD",
            "html_url": "https://partner-webiscope.eu.pagerduty.com/service-directory/PVPS36J",
            "id": "PVPS36J",
            "incident_urgency_rule": [
              {
                "during_support_hours": [],
                "outside_support_hours": [],
                "type": "constant",
                "urgency": "high"
              }
            ],
            "last_incident_timestamp": "",
            "name": "Qa21260G",
            "response_play": null,
            "scheduled_actions": [],
            "status": "active",
            "support_hours": [],
            "type": "service"
          },
          "sensitive_attributes": [],
          "private": "bnVsbA==",
          "dependencies": [
            "data.pagerduty_escalation_policy.default"
          ]
        }
      ]
    },
    {
      "mode": "managed",
      "type": "pagerduty_service",
      "name": "Qa2128",
      "provider": "provider[\"registry.terraform.io/pagerduty/pagerduty\"]",
      "instances": [
        {
          "schema_version": 0,
          "attributes": {
            "acknowledgement_timeout": "1800",
            "alert_creation": "create_incidents",
            "alert_grouping": null,
            "alert_grouping_parameters": [],
            "alert_grouping_timeout": "null",
            "auto_pause_notifications_parameters": [],
            "auto_resolve_timeout": "14400",
            "created_at": "2023-02-26T17:27:14+02:00",
            "description": "Qa2128 (qa2128)",
            "escalation_policy": "PQAH7SD",
            "html_url": "https://partner-webiscope.eu.pagerduty.com/service-directory/PSJUHMQ",
            "id": "PSJUHMQ",
            "incident_urgency_rule": [
              {
                "during_support_hours": [],
                "outside_support_hours": [],
                "type": "constant",
                "urgency": "high"
              }
            ],
            "last_incident_timestamp": "",
            "name": "Qa2128",
            "response_play": null,
            "scheduled_actions": [],
            "status": "active",
            "support_hours": [],
            "type": "service"
          },
          "sensitive_attributes": [],
          "private": "bnVsbA==",
          "dependencies": [
            "data.pagerduty_escalation_policy.default"
          ]
        }
      ]
    },
    {
      "mode": "managed",
      "type": "pagerduty_service",
      "name": "Qa2140D",
      "provider": "provider[\"registry.terraform.io/pagerduty/pagerduty\"]",
      "instances": [
        {
          "schema_version": 0,
          "attributes": {
            "acknowledgement_timeout": "1800",
            "alert_creation": "create_incidents",
            "alert_grouping": null,
            "alert_grouping_parameters": [],
            "alert_grouping_timeout": "null",
            "auto_pause_notifications_parameters": [],
            "auto_resolve_timeout": "14400",
            "created_at": "2023-02-26T17:28:02+02:00",
            "description": "Qa2140D (qa2140d)",
            "escalation_policy": "PQAH7SD",
            "html_url": "https://partner-webiscope.eu.pagerduty.com/service-directory/PR1YJSU",
            "id": "PR1YJSU",
            "incident_urgency_rule": [
              {
                "during_support_hours": [],
                "outside_support_hours": [],
                "type": "constant",
                "urgency": "high"
              }
            ],
            "last_incident_timestamp": "",
            "name": "Qa2140D",
            "response_play": null,
            "scheduled_actions": [],
            "status": "active",
            "support_hours": [],
            "type": "service"
          },
          "sensitive_attributes": [],
          "private": "bnVsbA==",
          "dependencies": [
            "data.pagerduty_escalation_policy.default"
          ]
        }
      ]
    },
    {
      "mode": "managed",
      "type": "pagerduty_service",
      "name": "Qa2140E",
      "provider": "provider[\"registry.terraform.io/pagerduty/pagerduty\"]",
      "instances": [
        {
          "schema_version": 0,
          "attributes": {
            "acknowledgement_timeout": "1800",
            "alert_creation": "create_incidents",
            "alert_grouping": null,
            "alert_grouping_parameters": [],
            "alert_grouping_timeout": "null",
            "auto_pause_notifications_parameters": [],
            "auto_resolve_timeout": "14400",
            "created_at": "2023-02-26T17:28:02+02:00",
            "description": "Qa2140E (qa2140e)",
            "escalation_policy": "PQAH7SD",
            "html_url": "https://partner-webiscope.eu.pagerduty.com/service-directory/PUAJK4H",
            "id": "PUAJK4H",
            "incident_urgency_rule": [
              {
                "during_support_hours": [],
                "outside_support_hours": [],
                "type": "constant",
                "urgency": "high"
              }
            ],
            "last_incident_timestamp": "",
            "name": "Qa2140E",
            "response_play": null,
            "scheduled_actions": [],
            "status": "active",
            "support_hours": [],
            "type": "service"
          },
          "sensitive_attributes": [],
          "private": "bnVsbA==",
          "dependencies": [
            "data.pagerduty_escalation_policy.default"
          ]
        }
      ]
    },
    {
      "mode": "managed",
      "type": "pagerduty_service",
      "name": "Qaolga3953602350965345",
      "provider": "provider[\"registry.terraform.io/pagerduty/pagerduty\"]",
      "instances": [
        {
          "schema_version": 0,
          "attributes": {
            "acknowledgement_timeout": "1800",
            "alert_creation": "create_incidents",
            "alert_grouping": null,
            "alert_grouping_parameters": [],
            "alert_grouping_timeout": "null",
            "auto_pause_notifications_parameters": [],
            "auto_resolve_timeout": "14400",
            "created_at": "2023-02-26T17:27:30+02:00",
            "description": "Qaolga3953602350965345 (qaolga3953602350965345)",
            "escalation_policy": "PQAH7SD",
            "html_url": "https://partner-webiscope.eu.pagerduty.com/service-directory/PNTTVVK",
            "id": "PNTTVVK",
            "incident_urgency_rule": [
              {
                "during_support_hours": [],
                "outside_support_hours": [],
                "type": "constant",
                "urgency": "high"
              }
            ],
            "last_incident_timestamp": "",
            "name": "Qaolga3953602350965345",
            "response_play": null,
            "scheduled_actions": [],
            "status": "active",
            "support_hours": [],
            "type": "service"
          },
          "sensitive_attributes": [],
          "private": "bnVsbA==",
          "dependencies": [
            "data.pagerduty_escalation_policy.default"
          ]
        }
      ]
    },
    {
      "mode": "managed",
      "type": "pagerduty_service",
      "name": "Qavadim847914756549420121",
      "provider": "provider[\"registry.terraform.io/pagerduty/pagerduty\"]",
      "instances": [
        {
          "schema_version": 0,
          "attributes": {
            "acknowledgement_timeout": "1800",
            "alert_creation": "create_incidents",
            "alert_grouping": null,
            "alert_grouping_parameters": [],
            "alert_grouping_timeout": "null",
            "auto_pause_notifications_parameters": [],
            "auto_resolve_timeout": "14400",
            "created_at": "2023-02-26T17:27:34+02:00",
            "description": "Qavadim847914756549420121 (qavadim847914756549420121)",
            "escalation_policy": "PQAH7SD",
            "html_url": "https://partner-webiscope.eu.pagerduty.com/service-directory/PPCE746",
            "id": "PPCE746",
            "incident_urgency_rule": [
              {
                "during_support_hours": [],
                "outside_support_hours": [],
                "type": "constant",
                "urgency": "high"
              }
            ],
            "last_incident_timestamp": "",
            "name": "Qavadim847914756549420121",
            "response_play": null,
            "scheduled_actions": [],
            "status": "active",
            "support_hours": [],
            "type": "service"
          },
          "sensitive_attributes": [],
          "private": "bnVsbA==",
          "dependencies": [
            "data.pagerduty_escalation_policy.default"
          ]
        }
      ]
    },
    {
      "mode": "managed",
      "type": "pagerduty_service",
      "name": "Qnomy",
      "provider": "provider[\"registry.terraform.io/pagerduty/pagerduty\"]",
      "instances": [
        {
          "schema_version": 0,
          "attributes": {
            "acknowledgement_timeout": "1800",
            "alert_creation": "create_incidents",
            "alert_grouping": null,
            "alert_grouping_parameters": [],
            "alert_grouping_timeout": "null",
            "auto_pause_notifications_parameters": [],
            "auto_resolve_timeout": "14400",
            "created_at": "2023-02-26T17:27:52+02:00",
            "description": "Qnomy (qnomy)",
            "escalation_policy": "PQAH7SD",
            "html_url": "https://partner-webiscope.eu.pagerduty.com/service-directory/PUT4DCE",
            "id": "PUT4DCE",
            "incident_urgency_rule": [
              {
                "during_support_hours": [],
                "outside_support_hours": [],
                "type": "constant",
                "urgency": "high"
              }
            ],
            "last_incident_timestamp": "",
            "name": "Qnomy",
            "response_play": null,
            "scheduled_actions": [],
            "status": "active",
            "support_hours": [],
            "type": "service"
          },
          "sensitive_attributes": [],
          "private": "bnVsbA==",
          "dependencies": [
            "data.pagerduty_escalation_policy.default"
          ]
        }
      ]
    },
    {
      "mode": "managed",
      "type": "pagerduty_service",
      "name": "Quacom",
      "provider": "provider[\"registry.terraform.io/pagerduty/pagerduty\"]",
      "instances": [
        {
          "schema_version": 0,
          "attributes": {
            "acknowledgement_timeout": "1800",
            "alert_creation": "create_incidents",
            "alert_grouping": null,
            "alert_grouping_parameters": [],
            "alert_grouping_timeout": "null",
            "auto_pause_notifications_parameters": [],
            "auto_resolve_timeout": "14400",
            "created_at": "2023-02-26T17:27:19+02:00",
            "description": "Quacom (quacom)",
            "escalation_policy": "PQAH7SD",
            "html_url": "https://partner-webiscope.eu.pagerduty.com/service-directory/P029T1G",
            "id": "P029T1G",
            "incident_urgency_rule": [
              {
                "during_support_hours": [],
                "outside_support_hours": [],
                "type": "constant",
                "urgency": "high"
              }
            ],
            "last_incident_timestamp": "",
            "name": "Quacom",
            "response_play": null,
            "scheduled_actions": [],
            "status": "active",
            "support_hours": [],
            "type": "service"
          },
          "sensitive_attributes": [],
          "private": "bnVsbA==",
          "dependencies": [
            "data.pagerduty_escalation_policy.default"
          ]
        }
      ]
    },
    {
      "mode": "managed",
      "type": "pagerduty_service",
      "name": "Rafael",
      "provider": "provider[\"registry.terraform.io/pagerduty/pagerduty\"]",
      "instances": [
        {
          "schema_version": 0,
          "attributes": {
            "acknowledgement_timeout": "1800",
            "alert_creation": "create_incidents",
            "alert_grouping": null,
            "alert_grouping_parameters": [],
            "alert_grouping_timeout": "null",
            "auto_pause_notifications_parameters": [],
            "auto_resolve_timeout": "14400",
            "created_at": "2023-02-26T17:28:04+02:00",
            "description": "Rafael (rafael)",
            "escalation_policy": "PQAH7SD",
            "html_url": "https://partner-webiscope.eu.pagerduty.com/service-directory/PXYCEF5",
            "id": "PXYCEF5",
            "incident_urgency_rule": [
              {
                "during_support_hours": [],
                "outside_support_hours": [],
                "type": "constant",
                "urgency": "high"
              }
            ],
            "last_incident_timestamp": "",
            "name": "Rafael",
            "response_play": null,
            "scheduled_actions": [],
            "status": "active",
            "support_hours": [],
            "type": "service"
          },
          "sensitive_attributes": [],
          "private": "bnVsbA==",
          "dependencies": [
            "data.pagerduty_escalation_policy.default"
          ]
        }
      ]
    },
    {
      "mode": "managed",
      "type": "pagerduty_service",
      "name": "Rbcompliance2",
      "provider": "provider[\"registry.terraform.io/pagerduty/pagerduty\"]",
      "instances": [
        {
          "schema_version": 0,
          "attributes": {
            "acknowledgement_timeout": "1800",
            "alert_creation": "create_incidents",
            "alert_grouping": null,
            "alert_grouping_parameters": [],
            "alert_grouping_timeout": "null",
            "auto_pause_notifications_parameters": [],
            "auto_resolve_timeout": "14400",
            "created_at": "2023-02-26T17:27:22+02:00",
            "description": "Rbcompliance2 (rbcompliance2)",
            "escalation_policy": "PQAH7SD",
            "html_url": "https://partner-webiscope.eu.pagerduty.com/service-directory/P9X661F",
            "id": "P9X661F",
            "incident_urgency_rule": [
              {
                "during_support_hours": [],
                "outside_support_hours": [],
                "type": "constant",
                "urgency": "high"
              }
            ],
            "last_incident_timestamp": "",
            "name": "Rbcompliance2",
            "response_play": null,
            "scheduled_actions": [],
            "status": "active",
            "support_hours": [],
            "type": "service"
          },
          "sensitive_attributes": [],
          "private": "bnVsbA==",
          "dependencies": [
            "data.pagerduty_escalation_policy.default"
          ]
        }
      ]
    },
    {
      "mode": "managed",
      "type": "pagerduty_service",
      "name": "Rbzacademy",
      "provider": "provider[\"registry.terraform.io/pagerduty/pagerduty\"]",
      "instances": [
        {
          "schema_version": 0,
          "attributes": {
            "acknowledgement_timeout": "1800",
            "alert_creation": "create_incidents",
            "alert_grouping": null,
            "alert_grouping_parameters": [],
            "alert_grouping_timeout": "null",
            "auto_pause_notifications_parameters": [],
            "auto_resolve_timeout": "14400",
            "created_at": "2023-02-26T17:28:06+02:00",
            "description": "Rbzacademy (rbzacademy)",
            "escalation_policy": "PQAH7SD",
            "html_url": "https://partner-webiscope.eu.pagerduty.com/service-directory/P1GBV7N",
            "id": "P1GBV7N",
            "incident_urgency_rule": [
              {
                "during_support_hours": [],
                "outside_support_hours": [],
                "type": "constant",
                "urgency": "high"
              }
            ],
            "last_incident_timestamp": "",
            "name": "Rbzacademy",
            "response_play": null,
            "scheduled_actions": [],
            "status": "active",
            "support_hours": [],
            "type": "service"
          },
          "sensitive_attributes": [],
          "private": "bnVsbA==",
          "dependencies": [
            "data.pagerduty_escalation_policy.default"
          ]
        }
      ]
    },
    {
      "mode": "managed",
      "type": "pagerduty_service",
      "name": "Rbzaws221986932086",
      "provider": "provider[\"registry.terraform.io/pagerduty/pagerduty\"]",
      "instances": [
        {
          "schema_version": 0,
          "attributes": {
            "acknowledgement_timeout": "1800",
            "alert_creation": "create_incidents",
            "alert_grouping": null,
            "alert_grouping_parameters": [],
            "alert_grouping_timeout": "null",
            "auto_pause_notifications_parameters": [],
            "auto_resolve_timeout": "14400",
            "created_at": "2023-02-26T17:27:36+02:00",
            "description": "Rbzaws221986932086 (rbzaws221986932086)",
            "escalation_policy": "PQAH7SD",
            "html_url": "https://partner-webiscope.eu.pagerduty.com/service-directory/P8RL0PE",
            "id": "P8RL0PE",
            "incident_urgency_rule": [
              {
                "during_support_hours": [],
                "outside_support_hours": [],
                "type": "constant",
                "urgency": "high"
              }
            ],
            "last_incident_timestamp": "",
            "name": "Rbzaws221986932086",
            "response_play": null,
            "scheduled_actions": [],
            "status": "active",
            "support_hours": [],
            "type": "service"
          },
          "sensitive_attributes": [],
          "private": "bnVsbA==",
          "dependencies": [
            "data.pagerduty_escalation_policy.default"
          ]
        }
      ]
    },
    {
      "mode": "managed",
      "type": "pagerduty_service",
      "name": "Rbzaws232079419768",
      "provider": "provider[\"registry.terraform.io/pagerduty/pagerduty\"]",
      "instances": [
        {
          "schema_version": 0,
          "attributes": {
            "acknowledgement_timeout": "1800",
            "alert_creation": "create_incidents",
            "alert_grouping": null,
            "alert_grouping_parameters": [],
            "alert_grouping_timeout": "null",
            "auto_pause_notifications_parameters": [],
            "auto_resolve_timeout": "14400",
            "created_at": "2023-02-26T17:27:30+02:00",
            "description": "Rbzaws232079419768 (rbzaws232079419768)",
            "escalation_policy": "PQAH7SD",
            "html_url": "https://partner-webiscope.eu.pagerduty.com/service-directory/PM43URR",
            "id": "PM43URR",
            "incident_urgency_rule": [
              {
                "during_support_hours": [],
                "outside_support_hours": [],
                "type": "constant",
                "urgency": "high"
              }
            ],
            "last_incident_timestamp": "",
            "name": "Rbzaws232079419768",
            "response_play": null,
            "scheduled_actions": [],
            "status": "active",
            "support_hours": [],
            "type": "service"
          },
          "sensitive_attributes": [],
          "private": "bnVsbA==",
          "dependencies": [
            "data.pagerduty_escalation_policy.default"
          ]
        }
      ]
    },
    {
      "mode": "managed",
      "type": "pagerduty_service",
      "name": "Rbzaws479335881964",
      "provider": "provider[\"registry.terraform.io/pagerduty/pagerduty\"]",
      "instances": [
        {
          "schema_version": 0,
          "attributes": {
            "acknowledgement_timeout": "1800",
            "alert_creation": "create_incidents",
            "alert_grouping": null,
            "alert_grouping_parameters": [],
            "alert_grouping_timeout": "null",
            "auto_pause_notifications_parameters": [],
            "auto_resolve_timeout": "14400",
            "created_at": "2023-02-26T17:27:42+02:00",
            "description": "Rbzaws479335881964 (rbzaws479335881964)",
            "escalation_policy": "PQAH7SD",
            "html_url": "https://partner-webiscope.eu.pagerduty.com/service-directory/PXHAY01",
            "id": "PXHAY01",
            "incident_urgency_rule": [
              {
                "during_support_hours": [],
                "outside_support_hours": [],
                "type": "constant",
                "urgency": "high"
              }
            ],
            "last_incident_timestamp": "",
            "name": "Rbzaws479335881964",
            "response_play": null,
            "scheduled_actions": [],
            "status": "active",
            "support_hours": [],
            "type": "service"
          },
          "sensitive_attributes": [],
          "private": "bnVsbA==",
          "dependencies": [
            "data.pagerduty_escalation_policy.default"
          ]
        }
      ]
    },
    {
      "mode": "managed",
      "type": "pagerduty_service",
      "name": "Rbzaws589416701894",
      "provider": "provider[\"registry.terraform.io/pagerduty/pagerduty\"]",
      "instances": [
        {
          "schema_version": 0,
          "attributes": {
            "acknowledgement_timeout": "1800",
            "alert_creation": "create_incidents",
            "alert_grouping": null,
            "alert_grouping_parameters": [],
            "alert_grouping_timeout": "null",
            "auto_pause_notifications_parameters": [],
            "auto_resolve_timeout": "14400",
            "created_at": "2023-02-26T17:27:32+02:00",
            "description": "Rbzaws589416701894 (rbzaws589416701894)",
            "escalation_policy": "PQAH7SD",
            "html_url": "https://partner-webiscope.eu.pagerduty.com/service-directory/PU0XQIY",
            "id": "PU0XQIY",
            "incident_urgency_rule": [
              {
                "during_support_hours": [],
                "outside_support_hours": [],
                "type": "constant",
                "urgency": "high"
              }
            ],
            "last_incident_timestamp": "",
            "name": "Rbzaws589416701894",
            "response_play": null,
            "scheduled_actions": [],
            "status": "active",
            "support_hours": [],
            "type": "service"
          },
          "sensitive_attributes": [],
          "private": "bnVsbA==",
          "dependencies": [
            "data.pagerduty_escalation_policy.default"
          ]
        }
      ]
    },
    {
      "mode": "managed",
      "type": "pagerduty_service",
      "name": "Rbzaws667713386313",
      "provider": "provider[\"registry.terraform.io/pagerduty/pagerduty\"]",
      "instances": [
        {
          "schema_version": 0,
          "attributes": {
            "acknowledgement_timeout": "1800",
            "alert_creation": "create_incidents",
            "alert_grouping": null,
            "alert_grouping_parameters": [],
            "alert_grouping_timeout": "null",
            "auto_pause_notifications_parameters": [],
            "auto_resolve_timeout": "14400",
            "created_at": "2023-02-26T17:28:10+02:00",
            "description": "Rbzaws667713386313 (rbzaws667713386313)",
            "escalation_policy": "PQAH7SD",
            "html_url": "https://partner-webiscope.eu.pagerduty.com/service-directory/P42M6FW",
            "id": "P42M6FW",
            "incident_urgency_rule": [
              {
                "during_support_hours": [],
                "outside_support_hours": [],
                "type": "constant",
                "urgency": "high"
              }
            ],
            "last_incident_timestamp": "",
            "name": "Rbzaws667713386313",
            "response_play": null,
            "scheduled_actions": [],
            "status": "active",
            "support_hours": [],
            "type": "service"
          },
          "sensitive_attributes": [],
          "private": "bnVsbA==",
          "dependencies": [
            "data.pagerduty_escalation_policy.default"
          ]
        }
      ]
    },
    {
      "mode": "managed",
      "type": "pagerduty_service",
      "name": "Rbzaws78972580297192148311",
      "provider": "provider[\"registry.terraform.io/pagerduty/pagerduty\"]",
      "instances": [
        {
          "schema_version": 0,
          "attributes": {
            "acknowledgement_timeout": "1800",
            "alert_creation": "create_incidents",
            "alert_grouping": null,
            "alert_grouping_parameters": [],
            "alert_grouping_timeout": "null",
            "auto_pause_notifications_parameters": [],
            "auto_resolve_timeout": "14400",
            "created_at": "2023-02-26T17:27:54+02:00",
            "description": "Rbzaws78972580297192148311 (rbzaws78972580297192148311)",
            "escalation_policy": "PQAH7SD",
            "html_url": "https://partner-webiscope.eu.pagerduty.com/service-directory/P2NRUH9",
            "id": "P2NRUH9",
            "incident_urgency_rule": [
              {
                "during_support_hours": [],
                "outside_support_hours": [],
                "type": "constant",
                "urgency": "high"
              }
            ],
            "last_incident_timestamp": "",
            "name": "Rbzaws78972580297192148311",
            "response_play": null,
            "scheduled_actions": [],
            "status": "active",
            "support_hours": [],
            "type": "service"
          },
          "sensitive_attributes": [],
          "private": "bnVsbA==",
          "dependencies": [
            "data.pagerduty_escalation_policy.default"
          ]
        }
      ]
    },
    {
      "mode": "managed",
      "type": "pagerduty_service",
      "name": "Rbzaws789809902545",
      "provider": "provider[\"registry.terraform.io/pagerduty/pagerduty\"]",
      "instances": [
        {
          "schema_version": 0,
          "attributes": {
            "acknowledgement_timeout": "1800",
            "alert_creation": "create_incidents",
            "alert_grouping": null,
            "alert_grouping_parameters": [],
            "alert_grouping_timeout": "null",
            "auto_pause_notifications_parameters": [],
            "auto_resolve_timeout": "14400",
            "created_at": "2023-02-26T17:27:14+02:00",
            "description": "Rbzaws789809902545 (rbzaws789809902545)",
            "escalation_policy": "PQAH7SD",
            "html_url": "https://partner-webiscope.eu.pagerduty.com/service-directory/PHQCKFG",
            "id": "PHQCKFG",
            "incident_urgency_rule": [
              {
                "during_support_hours": [],
                "outside_support_hours": [],
                "type": "constant",
                "urgency": "high"
              }
            ],
            "last_incident_timestamp": "",
            "name": "Rbzaws789809902545",
            "response_play": null,
            "scheduled_actions": [],
            "status": "active",
            "support_hours": [],
            "type": "service"
          },
          "sensitive_attributes": [],
          "private": "bnVsbA==",
          "dependencies": [
            "data.pagerduty_escalation_policy.default"
          ]
        }
      ]
    },
    {
      "mode": "managed",
      "type": "pagerduty_service",
      "name": "Rbzdevbratislava",
      "provider": "provider[\"registry.terraform.io/pagerduty/pagerduty\"]",
      "instances": [
        {
          "schema_version": 0,
          "attributes": {
            "acknowledgement_timeout": "1800",
            "alert_creation": "create_incidents",
            "alert_grouping": null,
            "alert_grouping_parameters": [],
            "alert_grouping_timeout": "null",
            "auto_pause_notifications_parameters": [],
            "auto_resolve_timeout": "14400",
            "created_at": "2023-02-26T17:28:04+02:00",
            "description": "Rbzdevbratislava (rbzdevbratislava)",
            "escalation_policy": "PQAH7SD",
            "html_url": "https://partner-webiscope.eu.pagerduty.com/service-directory/PQQ3DQS",
            "id": "PQQ3DQS",
            "incident_urgency_rule": [
              {
                "during_support_hours": [],
                "outside_support_hours": [],
                "type": "constant",
                "urgency": "high"
              }
            ],
            "last_incident_timestamp": "",
            "name": "Rbzdevbratislava",
            "response_play": null,
            "scheduled_actions": [],
            "status": "active",
            "support_hours": [],
            "type": "service"
          },
          "sensitive_attributes": [],
          "private": "bnVsbA==",
          "dependencies": [
            "data.pagerduty_escalation_policy.default"
          ]
        }
      ]
    },
    {
      "mode": "managed",
      "type": "pagerduty_service",
      "name": "Rbzdevmerge001",
      "provider": "provider[\"registry.terraform.io/pagerduty/pagerduty\"]",
      "instances": [
        {
          "schema_version": 0,
          "attributes": {
            "acknowledgement_timeout": "1800",
            "alert_creation": "create_incidents",
            "alert_grouping": null,
            "alert_grouping_parameters": [],
            "alert_grouping_timeout": "null",
            "auto_pause_notifications_parameters": [],
            "auto_resolve_timeout": "14400",
            "created_at": "2023-02-26T17:27:42+02:00",
            "description": "Rbzdevmerge001 (rbzdevmerge001)",
            "escalation_policy": "PQAH7SD",
            "html_url": "https://partner-webiscope.eu.pagerduty.com/service-directory/PU8PXNB",
            "id": "PU8PXNB",
            "incident_urgency_rule": [
              {
                "during_support_hours": [],
                "outside_support_hours": [],
                "type": "constant",
                "urgency": "high"
              }
            ],
            "last_incident_timestamp": "",
            "name": "Rbzdevmerge001",
            "response_play": null,
            "scheduled_actions": [],
            "status": "active",
            "support_hours": [],
            "type": "service"
          },
          "sensitive_attributes": [],
          "private": "bnVsbA==",
          "dependencies": [
            "data.pagerduty_escalation_policy.default"
          ]
        }
      ]
    },
    {
      "mode": "managed",
      "type": "pagerduty_service",
      "name": "Rbzdevmp004",
      "provider": "provider[\"registry.terraform.io/pagerduty/pagerduty\"]",
      "instances": [
        {
          "schema_version": 0,
          "attributes": {
            "acknowledgement_timeout": "1800",
            "alert_creation": "create_incidents",
            "alert_grouping": null,
            "alert_grouping_parameters": [],
            "alert_grouping_timeout": "null",
            "auto_pause_notifications_parameters": [],
            "auto_resolve_timeout": "14400",
            "created_at": "2023-02-26T17:28:04+02:00",
            "description": "Rbzdevmp004 (rbzdevmp004)",
            "escalation_policy": "PQAH7SD",
            "html_url": "https://partner-webiscope.eu.pagerduty.com/service-directory/PTMRE2F",
            "id": "PTMRE2F",
            "incident_urgency_rule": [
              {
                "during_support_hours": [],
                "outside_support_hours": [],
                "type": "constant",
                "urgency": "high"
              }
            ],
            "last_incident_timestamp": "",
            "name": "Rbzdevmp004",
            "response_play": null,
            "scheduled_actions": [],
            "status": "active",
            "support_hours": [],
            "type": "service"
          },
          "sensitive_attributes": [],
          "private": "bnVsbA==",
          "dependencies": [
            "data.pagerduty_escalation_policy.default"
          ]
        }
      ]
    },
    {
      "mode": "managed",
      "type": "pagerduty_service",
      "name": "Rbzdevqnomy",
      "provider": "provider[\"registry.terraform.io/pagerduty/pagerduty\"]",
      "instances": [
        {
          "schema_version": 0,
          "attributes": {
            "acknowledgement_timeout": "1800",
            "alert_creation": "create_incidents",
            "alert_grouping": null,
            "alert_grouping_parameters": [],
            "alert_grouping_timeout": "null",
            "auto_pause_notifications_parameters": [],
            "auto_resolve_timeout": "14400",
            "created_at": "2023-02-26T17:27:36+02:00",
            "description": "Rbzdevqnomy (rbzdevqnomy)",
            "escalation_policy": "PQAH7SD",
            "html_url": "https://partner-webiscope.eu.pagerduty.com/service-directory/PP19124",
            "id": "PP19124",
            "incident_urgency_rule": [
              {
                "during_support_hours": [],
                "outside_support_hours": [],
                "type": "constant",
                "urgency": "high"
              }
            ],
            "last_incident_timestamp": "",
            "name": "Rbzdevqnomy",
            "response_play": null,
            "scheduled_actions": [],
            "status": "active",
            "support_hours": [],
            "type": "service"
          },
          "sensitive_attributes": [],
          "private": "bnVsbA==",
          "dependencies": [
            "data.pagerduty_escalation_policy.default"
          ]
        }
      ]
    },
    {
      "mode": "managed",
      "type": "pagerduty_service",
      "name": "Rbzdevtest",
      "provider": "provider[\"registry.terraform.io/pagerduty/pagerduty\"]",
      "instances": [
        {
          "schema_version": 0,
          "attributes": {
            "acknowledgement_timeout": "1800",
            "alert_creation": "create_incidents",
            "alert_grouping": null,
            "alert_grouping_parameters": [],
            "alert_grouping_timeout": "null",
            "auto_pause_notifications_parameters": [],
            "auto_resolve_timeout": "14400",
            "created_at": "2023-02-26T17:27:48+02:00",
            "description": "Rbzdevtest (rbzdevtest)",
            "escalation_policy": "PQAH7SD",
            "html_url": "https://partner-webiscope.eu.pagerduty.com/service-directory/P4OK00S",
            "id": "P4OK00S",
            "incident_urgency_rule": [
              {
                "during_support_hours": [],
                "outside_support_hours": [],
                "type": "constant",
                "urgency": "high"
              }
            ],
            "last_incident_timestamp": "",
            "name": "Rbzdevtest",
            "response_play": null,
            "scheduled_actions": [],
            "status": "active",
            "support_hours": [],
            "type": "service"
          },
          "sensitive_attributes": [],
          "private": "bnVsbA==",
          "dependencies": [
            "data.pagerduty_escalation_policy.default"
          ]
        }
      ]
    },
    {
      "mode": "managed",
      "type": "pagerduty_service",
      "name": "Rbzdevtzury2202",
      "provider": "provider[\"registry.terraform.io/pagerduty/pagerduty\"]",
      "instances": [
        {
          "schema_version": 0,
          "attributes": {
            "acknowledgement_timeout": "1800",
            "alert_creation": "create_incidents",
            "alert_grouping": null,
            "alert_grouping_parameters": [],
            "alert_grouping_timeout": "null",
            "auto_pause_notifications_parameters": [],
            "auto_resolve_timeout": "14400",
            "created_at": "2023-02-26T17:27:15+02:00",
            "description": "Rbzdevtzury2202 (rbzdevtzury2202)",
            "escalation_policy": "PQAH7SD",
            "html_url": "https://partner-webiscope.eu.pagerduty.com/service-directory/PGC7EDE",
            "id": "PGC7EDE",
            "incident_urgency_rule": [
              {
                "during_support_hours": [],
                "outside_support_hours": [],
                "type": "constant",
                "urgency": "high"
              }
            ],
            "last_incident_timestamp": "",
            "name": "Rbzdevtzury2202",
            "response_play": null,
            "scheduled_actions": [],
            "status": "active",
            "support_hours": [],
            "type": "service"
          },
          "sensitive_attributes": [],
          "private": "bnVsbA==",
          "dependencies": [
            "data.pagerduty_escalation_policy.default"
          ]
        }
      ]
    },
    {
      "mode": "managed",
      "type": "pagerduty_service",
      "name": "Rbzolga753103565707641934",
      "provider": "provider[\"registry.terraform.io/pagerduty/pagerduty\"]",
      "instances": [
        {
          "schema_version": 0,
          "attributes": {
            "acknowledgement_timeout": "1800",
            "alert_creation": "create_incidents",
            "alert_grouping": null,
            "alert_grouping_parameters": [],
            "alert_grouping_timeout": "null",
            "auto_pause_notifications_parameters": [],
            "auto_resolve_timeout": "14400",
            "created_at": "2023-02-26T17:27:12+02:00",
            "description": "Rbzolga753103565707641934 (rbzolga753103565707641934)",
            "escalation_policy": "PQAH7SD",
            "html_url": "https://partner-webiscope.eu.pagerduty.com/service-directory/PTY011S",
            "id": "PTY011S",
            "incident_urgency_rule": [
              {
                "during_support_hours": [],
                "outside_support_hours": [],
                "type": "constant",
                "urgency": "high"
              }
            ],
            "last_incident_timestamp": "",
            "name": "Rbzolga753103565707641934",
            "response_play": null,
            "scheduled_actions": [],
            "status": "active",
            "support_hours": [],
            "type": "service"
          },
          "sensitive_attributes": [],
          "private": "bnVsbA==",
          "dependencies": [
            "data.pagerduty_escalation_policy.default"
          ]
        }
      ]
    },
    {
      "mode": "managed",
      "type": "pagerduty_service",
      "name": "Rbzopsazr01",
      "provider": "provider[\"registry.terraform.io/pagerduty/pagerduty\"]",
      "instances": [
        {
          "schema_version": 0,
          "attributes": {
            "acknowledgement_timeout": "1800",
            "alert_creation": "create_incidents",
            "alert_grouping": null,
            "alert_grouping_parameters": [],
            "alert_grouping_timeout": "null",
            "auto_pause_notifications_parameters": [],
            "auto_resolve_timeout": "14400",
            "created_at": "2023-02-26T17:27:34+02:00",
            "description": "Rbzopsazr01 (rbzopsazr01)",
            "escalation_policy": "PQAH7SD",
            "html_url": "https://partner-webiscope.eu.pagerduty.com/service-directory/P93T6RG",
            "id": "P93T6RG",
            "incident_urgency_rule": [
              {
                "during_support_hours": [],
                "outside_support_hours": [],
                "type": "constant",
                "urgency": "high"
              }
            ],
            "last_incident_timestamp": "",
            "name": "Rbzopsazr01",
            "response_play": null,
            "scheduled_actions": [],
            "status": "active",
            "support_hours": [],
            "type": "service"
          },
          "sensitive_attributes": [],
          "private": "bnVsbA==",
          "dependencies": [
            "data.pagerduty_escalation_policy.default"
          ]
        }
      ]
    },
    {
      "mode": "managed",
      "type": "pagerduty_service",
      "name": "Rbzqamp0030160679959478244",
      "provider": "provider[\"registry.terraform.io/pagerduty/pagerduty\"]",
      "instances": [
        {
          "schema_version": 0,
          "attributes": {
            "acknowledgement_timeout": "1800",
            "alert_creation": "create_incidents",
            "alert_grouping": null,
            "alert_grouping_parameters": [],
            "alert_grouping_timeout": "null",
            "auto_pause_notifications_parameters": [],
            "auto_resolve_timeout": "14400",
            "created_at": "2023-02-26T17:27:58+02:00",
            "description": "Rbzqamp0030160679959478244 (rbzqamp0030160679959478244)",
            "escalation_policy": "PQAH7SD",
            "html_url": "https://partner-webiscope.eu.pagerduty.com/service-directory/P0KR5D5",
            "id": "P0KR5D5",
            "incident_urgency_rule": [
              {
                "during_support_hours": [],
                "outside_support_hours": [],
                "type": "constant",
                "urgency": "high"
              }
            ],
            "last_incident_timestamp": "",
            "name": "Rbzqamp0030160679959478244",
            "response_play": null,
            "scheduled_actions": [],
            "status": "active",
            "support_hours": [],
            "type": "service"
          },
          "sensitive_attributes": [],
          "private": "bnVsbA==",
          "dependencies": [
            "data.pagerduty_escalation_policy.default"
          ]
        }
      ]
    },
    {
      "mode": "managed",
      "type": "pagerduty_service",
      "name": "Rbzqamp0073595184297896571",
      "provider": "provider[\"registry.terraform.io/pagerduty/pagerduty\"]",
      "instances": [
        {
          "schema_version": 0,
          "attributes": {
            "acknowledgement_timeout": "1800",
            "alert_creation": "create_incidents",
            "alert_grouping": null,
            "alert_grouping_parameters": [],
            "alert_grouping_timeout": "null",
            "auto_pause_notifications_parameters": [],
            "auto_resolve_timeout": "14400",
            "created_at": "2023-02-26T17:27:45+02:00",
            "description": "Rbzqamp0073595184297896571 (rbzqamp0073595184297896571)",
            "escalation_policy": "PQAH7SD",
            "html_url": "https://partner-webiscope.eu.pagerduty.com/service-directory/PHPXO00",
            "id": "PHPXO00",
            "incident_urgency_rule": [
              {
                "during_support_hours": [],
                "outside_support_hours": [],
                "type": "constant",
                "urgency": "high"
              }
            ],
            "last_incident_timestamp": "",
            "name": "Rbzqamp0073595184297896571",
            "response_play": null,
            "scheduled_actions": [],
            "status": "active",
            "support_hours": [],
            "type": "service"
          },
          "sensitive_attributes": [],
          "private": "bnVsbA==",
          "dependencies": [
            "data.pagerduty_escalation_policy.default"
          ]
        }
      ]
    },
    {
      "mode": "managed",
      "type": "pagerduty_service",
      "name": "Rbzqaprod001",
      "provider": "provider[\"registry.terraform.io/pagerduty/pagerduty\"]",
      "instances": [
        {
          "schema_version": 0,
          "attributes": {
            "acknowledgement_timeout": "1800",
            "alert_creation": "create_incidents",
            "alert_grouping": null,
            "alert_grouping_parameters": [],
            "alert_grouping_timeout": "null",
            "auto_pause_notifications_parameters": [],
            "auto_resolve_timeout": "14400",
            "created_at": "2023-02-26T17:27:47+02:00",
            "description": "Rbzqaprod001 (rbzqaprod001)",
            "escalation_policy": "PQAH7SD",
            "html_url": "https://partner-webiscope.eu.pagerduty.com/service-directory/PKNQ5AO",
            "id": "PKNQ5AO",
            "incident_urgency_rule": [
              {
                "during_support_hours": [],
                "outside_support_hours": [],
                "type": "constant",
                "urgency": "high"
              }
            ],
            "last_incident_timestamp": "",
            "name": "Rbzqaprod001",
            "response_play": null,
            "scheduled_actions": [],
            "status": "active",
            "support_hours": [],
            "type": "service"
          },
          "sensitive_attributes": [],
          "private": "bnVsbA==",
          "dependencies": [
            "data.pagerduty_escalation_policy.default"
          ]
        }
      ]
    },
    {
      "mode": "managed",
      "type": "pagerduty_service",
      "name": "Rbzqaprod220",
      "provider": "provider[\"registry.terraform.io/pagerduty/pagerduty\"]",
      "instances": [
        {
          "schema_version": 0,
          "attributes": {
            "acknowledgement_timeout": "1800",
            "alert_creation": "create_incidents",
            "alert_grouping": null,
            "alert_grouping_parameters": [],
            "alert_grouping_timeout": "null",
            "auto_pause_notifications_parameters": [],
            "auto_resolve_timeout": "14400",
            "created_at": "2023-02-26T17:27:49+02:00",
            "description": "Rbzqaprod220 (rbzqaprod220)",
            "escalation_policy": "PQAH7SD",
            "html_url": "https://partner-webiscope.eu.pagerduty.com/service-directory/PYDKKU6",
            "id": "PYDKKU6",
            "incident_urgency_rule": [
              {
                "during_support_hours": [],
                "outside_support_hours": [],
                "type": "constant",
                "urgency": "high"
              }
            ],
            "last_incident_timestamp": "",
            "name": "Rbzqaprod220",
            "response_play": null,
            "scheduled_actions": [],
            "status": "active",
            "support_hours": [],
            "type": "service"
          },
          "sensitive_attributes": [],
          "private": "bnVsbA==",
          "dependencies": [
            "data.pagerduty_escalation_policy.default"
          ]
        }
      ]
    },
    {
      "mode": "managed",
      "type": "pagerduty_service",
      "name": "Rbzqasomething",
      "provider": "provider[\"registry.terraform.io/pagerduty/pagerduty\"]",
      "instances": [
        {
          "schema_version": 0,
          "attributes": {
            "acknowledgement_timeout": "1800",
            "alert_creation": "create_incidents",
            "alert_grouping": null,
            "alert_grouping_parameters": [],
            "alert_grouping_timeout": "null",
            "auto_pause_notifications_parameters": [],
            "auto_resolve_timeout": "14400",
            "created_at": "2023-02-26T17:27:43+02:00",
            "description": "Rbzqasomething (rbzqasomething)",
            "escalation_policy": "PQAH7SD",
            "html_url": "https://partner-webiscope.eu.pagerduty.com/service-directory/P2E4UU8",
            "id": "P2E4UU8",
            "incident_urgency_rule": [
              {
                "during_support_hours": [],
                "outside_support_hours": [],
                "type": "constant",
                "urgency": "high"
              }
            ],
            "last_incident_timestamp": "",
            "name": "Rbzqasomething",
            "response_play": null,
            "scheduled_actions": [],
            "status": "active",
            "support_hours": [],
            "type": "service"
          },
          "sensitive_attributes": [],
          "private": "bnVsbA==",
          "dependencies": [
            "data.pagerduty_escalation_policy.default"
          ]
        }
      ]
    },
    {
      "mode": "managed",
      "type": "pagerduty_service",
      "name": "Rbztest",
      "provider": "provider[\"registry.terraform.io/pagerduty/pagerduty\"]",
      "instances": [
        {
          "schema_version": 0,
          "attributes": {
            "acknowledgement_timeout": "1800",
            "alert_creation": "create_incidents",
            "alert_grouping": null,
            "alert_grouping_parameters": [],
            "alert_grouping_timeout": "null",
            "auto_pause_notifications_parameters": [],
            "auto_resolve_timeout": "14400",
            "created_at": "2023-02-26T17:27:02+02:00",
            "description": "Rbztest (rbztest)",
            "escalation_policy": "PQAH7SD",
            "html_url": "https://partner-webiscope.eu.pagerduty.com/service-directory/PWMVIOC",
            "id": "PWMVIOC",
            "incident_urgency_rule": [
              {
                "during_support_hours": [],
                "outside_support_hours": [],
                "type": "constant",
                "urgency": "high"
              }
            ],
            "last_incident_timestamp": "",
            "name": "Rbztest",
            "response_play": null,
            "scheduled_actions": [],
            "status": "active",
            "support_hours": [],
            "type": "service"
          },
          "sensitive_attributes": [],
          "private": "bnVsbA==",
          "dependencies": [
            "data.pagerduty_escalation_policy.default"
          ]
        }
      ]
    },
    {
      "mode": "managed",
      "type": "pagerduty_service",
      "name": "Rbzwebsite",
      "provider": "provider[\"registry.terraform.io/pagerduty/pagerduty\"]",
      "instances": [
        {
          "schema_version": 0,
          "attributes": {
            "acknowledgement_timeout": "1800",
            "alert_creation": "create_incidents",
            "alert_grouping": null,
            "alert_grouping_parameters": [],
            "alert_grouping_timeout": "null",
            "auto_pause_notifications_parameters": [],
            "auto_resolve_timeout": "14400",
            "created_at": "2023-02-26T17:27:24+02:00",
            "description": "Rbzwebsite (rbzwebsite)",
            "escalation_policy": "PQAH7SD",
            "html_url": "https://partner-webiscope.eu.pagerduty.com/service-directory/PHYV47J",
            "id": "PHYV47J",
            "incident_urgency_rule": [
              {
                "during_support_hours": [],
                "outside_support_hours": [],
                "type": "constant",
                "urgency": "high"
              }
            ],
            "last_incident_timestamp": "",
            "name": "Rbzwebsite",
            "response_play": null,
            "scheduled_actions": [],
            "status": "active",
            "support_hours": [],
            "type": "service"
          },
          "sensitive_attributes": [],
          "private": "bnVsbA==",
          "dependencies": [
            "data.pagerduty_escalation_policy.default"
          ]
        }
      ]
    },
    {
      "mode": "managed",
      "type": "pagerduty_service",
      "name": "Rbzwizprod",
      "provider": "provider[\"registry.terraform.io/pagerduty/pagerduty\"]",
      "instances": [
        {
          "schema_version": 0,
          "attributes": {
            "acknowledgement_timeout": "1800",
            "alert_creation": "create_incidents",
            "alert_grouping": null,
            "alert_grouping_parameters": [],
            "alert_grouping_timeout": "null",
            "auto_pause_notifications_parameters": [],
            "auto_resolve_timeout": "14400",
            "created_at": "2023-02-26T17:28:07+02:00",
            "description": "Rbzwizprod (rbzwizprod)",
            "escalation_policy": "PQAH7SD",
            "html_url": "https://partner-webiscope.eu.pagerduty.com/service-directory/PH3ZUF4",
            "id": "PH3ZUF4",
            "incident_urgency_rule": [
              {
                "during_support_hours": [],
                "outside_support_hours": [],
                "type": "constant",
                "urgency": "high"
              }
            ],
            "last_incident_timestamp": "",
            "name": "Rbzwizprod",
            "response_play": null,
            "scheduled_actions": [],
            "status": "active",
            "support_hours": [],
            "type": "service"
          },
          "sensitive_attributes": [],
          "private": "bnVsbA==",
          "dependencies": [
            "data.pagerduty_escalation_policy.default"
          ]
        }
      ]
    },
    {
      "mode": "managed",
      "type": "pagerduty_service",
      "name": "Reali",
      "provider": "provider[\"registry.terraform.io/pagerduty/pagerduty\"]",
      "instances": [
        {
          "schema_version": 0,
          "attributes": {
            "acknowledgement_timeout": "1800",
            "alert_creation": "create_incidents",
            "alert_grouping": null,
            "alert_grouping_parameters": [],
            "alert_grouping_timeout": "null",
            "auto_pause_notifications_parameters": [],
            "auto_resolve_timeout": "14400",
            "created_at": "2023-02-26T17:27:35+02:00",
            "description": "Reali (reali)",
            "escalation_policy": "PQAH7SD",
            "html_url": "https://partner-webiscope.eu.pagerduty.com/service-directory/PDVU3IX",
            "id": "PDVU3IX",
            "incident_urgency_rule": [
              {
                "during_support_hours": [],
                "outside_support_hours": [],
                "type": "constant",
                "urgency": "high"
              }
            ],
            "last_incident_timestamp": "",
            "name": "Reali",
            "response_play": null,
            "scheduled_actions": [],
            "status": "active",
            "support_hours": [],
            "type": "service"
          },
          "sensitive_attributes": [],
          "private": "bnVsbA==",
          "dependencies": [
            "data.pagerduty_escalation_policy.default"
          ]
        }
      ]
    },
    {
      "mode": "managed",
      "type": "pagerduty_service",
      "name": "Reblaze74690738161970604",
      "provider": "provider[\"registry.terraform.io/pagerduty/pagerduty\"]",
      "instances": [
        {
          "schema_version": 0,
          "attributes": {
            "acknowledgement_timeout": "1800",
            "alert_creation": "create_incidents",
            "alert_grouping": null,
            "alert_grouping_parameters": [],
            "alert_grouping_timeout": "null",
            "auto_pause_notifications_parameters": [],
            "auto_resolve_timeout": "14400",
            "created_at": "2023-02-26T17:27:06+02:00",
            "description": "Reblaze74690738161970604 (reblaze74690738161970604)",
            "escalation_policy": "PQAH7SD",
            "html_url": "https://partner-webiscope.eu.pagerduty.com/service-directory/PZ8GWJL",
            "id": "PZ8GWJL",
            "incident_urgency_rule": [
              {
                "during_support_hours": [],
                "outside_support_hours": [],
                "type": "constant",
                "urgency": "high"
              }
            ],
            "last_incident_timestamp": "",
            "name": "Reblaze74690738161970604",
            "response_play": null,
            "scheduled_actions": [],
            "status": "active",
            "support_hours": [],
            "type": "service"
          },
          "sensitive_attributes": [],
          "private": "bnVsbA==",
          "dependencies": [
            "data.pagerduty_escalation_policy.default"
          ]
        }
      ]
    },
    {
      "mode": "managed",
      "type": "pagerduty_service",
      "name": "Reblazed706840781522387801",
      "provider": "provider[\"registry.terraform.io/pagerduty/pagerduty\"]",
      "instances": [
        {
          "schema_version": 0,
          "attributes": {
            "acknowledgement_timeout": "1800",
            "alert_creation": "create_incidents",
            "alert_grouping": null,
            "alert_grouping_parameters": [],
            "alert_grouping_timeout": "null",
            "auto_pause_notifications_parameters": [],
            "auto_resolve_timeout": "14400",
            "created_at": "2023-02-26T17:27:26+02:00",
            "description": "Reblazed706840781522387801 (reblazed706840781522387801)",
            "escalation_policy": "PQAH7SD",
            "html_url": "https://partner-webiscope.eu.pagerduty.com/service-directory/PZBQJE4",
            "id": "PZBQJE4",
            "incident_urgency_rule": [
              {
                "during_support_hours": [],
                "outside_support_hours": [],
                "type": "constant",
                "urgency": "high"
              }
            ],
            "last_incident_timestamp": "",
            "name": "Reblazed706840781522387801",
            "response_play": null,
            "scheduled_actions": [],
            "status": "active",
            "support_hours": [],
            "type": "service"
          },
          "sensitive_attributes": [],
          "private": "bnVsbA==",
          "dependencies": [
            "data.pagerduty_escalation_policy.default"
          ]
        }
      ]
    },
    {
      "mode": "managed",
      "type": "pagerduty_service",
      "name": "Reblazede37304730316182808",
      "provider": "provider[\"registry.terraform.io/pagerduty/pagerduty\"]",
      "instances": [
        {
          "schema_version": 0,
          "attributes": {
            "acknowledgement_timeout": "1800",
            "alert_creation": "create_incidents",
            "alert_grouping": null,
            "alert_grouping_parameters": [],
            "alert_grouping_timeout": "null",
            "auto_pause_notifications_parameters": [],
            "auto_resolve_timeout": "14400",
            "created_at": "2023-02-26T17:28:04+02:00",
            "description": "Reblazede37304730316182808 (reblazede37304730316182808)",
            "escalation_policy": "PQAH7SD",
            "html_url": "https://partner-webiscope.eu.pagerduty.com/service-directory/PEHOG6I",
            "id": "PEHOG6I",
            "incident_urgency_rule": [
              {
                "during_support_hours": [],
                "outside_support_hours": [],
                "type": "constant",
                "urgency": "high"
              }
            ],
            "last_incident_timestamp": "",
            "name": "Reblazede37304730316182808",
            "response_play": null,
            "scheduled_actions": [],
            "status": "active",
            "support_hours": [],
            "type": "service"
          },
          "sensitive_attributes": [],
          "private": "bnVsbA==",
          "dependencies": [
            "data.pagerduty_escalation_policy.default"
          ]
        }
      ]
    },
    {
      "mode": "managed",
      "type": "pagerduty_service",
      "name": "Reign",
      "provider": "provider[\"registry.terraform.io/pagerduty/pagerduty\"]",
      "instances": [
        {
          "schema_version": 0,
          "attributes": {
            "acknowledgement_timeout": "1800",
            "alert_creation": "create_incidents",
            "alert_grouping": null,
            "alert_grouping_parameters": [],
            "alert_grouping_timeout": "null",
            "auto_pause_notifications_parameters": [],
            "auto_resolve_timeout": "14400",
            "created_at": "2023-02-26T17:27:18+02:00",
            "description": "Reign (reign)",
            "escalation_policy": "PQAH7SD",
            "html_url": "https://partner-webiscope.eu.pagerduty.com/service-directory/PNK6V5J",
            "id": "PNK6V5J",
            "incident_urgency_rule": [
              {
                "during_support_hours": [],
                "outside_support_hours": [],
                "type": "constant",
                "urgency": "high"
              }
            ],
            "last_incident_timestamp": "",
            "name": "Reign",
            "response_play": null,
            "scheduled_actions": [],
            "status": "active",
            "support_hours": [],
            "type": "service"
          },
          "sensitive_attributes": [],
          "private": "bnVsbA==",
          "dependencies": [
            "data.pagerduty_escalation_policy.default"
          ]
        }
      ]
    },
    {
      "mode": "managed",
      "type": "pagerduty_service",
      "name": "Rentoza",
      "provider": "provider[\"registry.terraform.io/pagerduty/pagerduty\"]",
      "instances": [
        {
          "schema_version": 0,
          "attributes": {
            "acknowledgement_timeout": "1800",
            "alert_creation": "create_incidents",
            "alert_grouping": null,
            "alert_grouping_parameters": [],
            "alert_grouping_timeout": "null",
            "auto_pause_notifications_parameters": [],
            "auto_resolve_timeout": "14400",
            "created_at": "2023-02-26T17:27:26+02:00",
            "description": "Rentoza (rentoza)",
            "escalation_policy": "PQAH7SD",
            "html_url": "https://partner-webiscope.eu.pagerduty.com/service-directory/PSSEIPR",
            "id": "PSSEIPR",
            "incident_urgency_rule": [
              {
                "during_support_hours": [],
                "outside_support_hours": [],
                "type": "constant",
                "urgency": "high"
              }
            ],
            "last_incident_timestamp": "",
            "name": "Rentoza",
            "response_play": null,
            "scheduled_actions": [],
            "status": "active",
            "support_hours": [],
            "type": "service"
          },
          "sensitive_attributes": [],
          "private": "bnVsbA==",
          "dependencies": [
            "data.pagerduty_escalation_policy.default"
          ]
        }
      ]
    },
    {
      "mode": "managed",
      "type": "pagerduty_service",
      "name": "Ronbs",
      "provider": "provider[\"registry.terraform.io/pagerduty/pagerduty\"]",
      "instances": [
        {
          "schema_version": 0,
          "attributes": {
            "acknowledgement_timeout": "1800",
            "alert_creation": "create_incidents",
            "alert_grouping": null,
            "alert_grouping_parameters": [],
            "alert_grouping_timeout": "null",
            "auto_pause_notifications_parameters": [],
            "auto_resolve_timeout": "14400",
            "created_at": "2023-02-26T17:27:37+02:00",
            "description": "Ronbs (ronbs)",
            "escalation_policy": "PQAH7SD",
            "html_url": "https://partner-webiscope.eu.pagerduty.com/service-directory/PGT9LVI",
            "id": "PGT9LVI",
            "incident_urgency_rule": [
              {
                "during_support_hours": [],
                "outside_support_hours": [],
                "type": "constant",
                "urgency": "high"
              }
            ],
            "last_incident_timestamp": "",
            "name": "Ronbs",
            "response_play": null,
            "scheduled_actions": [],
            "status": "active",
            "support_hours": [],
            "type": "service"
          },
          "sensitive_attributes": [],
          "private": "bnVsbA==",
          "dependencies": [
            "data.pagerduty_escalation_policy.default"
          ]
        }
      ]
    },
    {
      "mode": "managed",
      "type": "pagerduty_service",
      "name": "Rpx",
      "provider": "provider[\"registry.terraform.io/pagerduty/pagerduty\"]",
      "instances": [
        {
          "schema_version": 0,
          "attributes": {
            "acknowledgement_timeout": "1800",
            "alert_creation": "create_incidents",
            "alert_grouping": null,
            "alert_grouping_parameters": [],
            "alert_grouping_timeout": "null",
            "auto_pause_notifications_parameters": [],
            "auto_resolve_timeout": "14400",
            "created_at": "2023-02-26T17:27:10+02:00",
            "description": "Rpx (rpx)",
            "escalation_policy": "PQAH7SD",
            "html_url": "https://partner-webiscope.eu.pagerduty.com/service-directory/PXIG7FH",
            "id": "PXIG7FH",
            "incident_urgency_rule": [
              {
                "during_support_hours": [],
                "outside_support_hours": [],
                "type": "constant",
                "urgency": "high"
              }
            ],
            "last_incident_timestamp": "",
            "name": "Rpx",
            "response_play": null,
            "scheduled_actions": [],
            "status": "active",
            "support_hours": [],
            "type": "service"
          },
          "sensitive_attributes": [],
          "private": "bnVsbA==",
          "dependencies": [
            "data.pagerduty_escalation_policy.default"
          ]
        }
      ]
    },
    {
      "mode": "managed",
      "type": "pagerduty_service",
      "name": "Ruppin",
      "provider": "provider[\"registry.terraform.io/pagerduty/pagerduty\"]",
      "instances": [
        {
          "schema_version": 0,
          "attributes": {
            "acknowledgement_timeout": "1800",
            "alert_creation": "create_incidents",
            "alert_grouping": null,
            "alert_grouping_parameters": [],
            "alert_grouping_timeout": "null",
            "auto_pause_notifications_parameters": [],
            "auto_resolve_timeout": "14400",
            "created_at": "2023-02-26T17:27:14+02:00",
            "description": "Ruppin (ruppin)",
            "escalation_policy": "PQAH7SD",
            "html_url": "https://partner-webiscope.eu.pagerduty.com/service-directory/PA53JR3",
            "id": "PA53JR3",
            "incident_urgency_rule": [
              {
                "during_support_hours": [],
                "outside_support_hours": [],
                "type": "constant",
                "urgency": "high"
              }
            ],
            "last_incident_timestamp": "",
            "name": "Ruppin",
            "response_play": null,
            "scheduled_actions": [],
            "status": "active",
            "support_hours": [],
            "type": "service"
          },
          "sensitive_attributes": [],
          "private": "bnVsbA==",
          "dependencies": [
            "data.pagerduty_escalation_policy.default"
          ]
        }
      ]
    },
    {
      "mode": "managed",
      "type": "pagerduty_service",
      "name": "S21",
      "provider": "provider[\"registry.terraform.io/pagerduty/pagerduty\"]",
      "instances": [
        {
          "schema_version": 0,
          "attributes": {
            "acknowledgement_timeout": "1800",
            "alert_creation": "create_incidents",
            "alert_grouping": null,
            "alert_grouping_parameters": [],
            "alert_grouping_timeout": "null",
            "auto_pause_notifications_parameters": [],
            "auto_resolve_timeout": "14400",
            "created_at": "2023-02-26T17:27:12+02:00",
            "description": "S21 (s21)",
            "escalation_policy": "PQAH7SD",
            "html_url": "https://partner-webiscope.eu.pagerduty.com/service-directory/PX7O1DF",
            "id": "PX7O1DF",
            "incident_urgency_rule": [
              {
                "during_support_hours": [],
                "outside_support_hours": [],
                "type": "constant",
                "urgency": "high"
              }
            ],
            "last_incident_timestamp": "",
            "name": "S21",
            "response_play": null,
            "scheduled_actions": [],
            "status": "active",
            "support_hours": [],
            "type": "service"
          },
          "sensitive_attributes": [],
          "private": "bnVsbA==",
          "dependencies": [
            "data.pagerduty_escalation_policy.default"
          ]
        }
      ]
    },
    {
      "mode": "managed",
      "type": "pagerduty_service",
      "name": "Salefreaks",
      "provider": "provider[\"registry.terraform.io/pagerduty/pagerduty\"]",
      "instances": [
        {
          "schema_version": 0,
          "attributes": {
            "acknowledgement_timeout": "1800",
            "alert_creation": "create_incidents",
            "alert_grouping": null,
            "alert_grouping_parameters": [],
            "alert_grouping_timeout": "null",
            "auto_pause_notifications_parameters": [],
            "auto_resolve_timeout": "14400",
            "created_at": "2023-02-26T17:27:46+02:00",
            "description": "Salefreaks (salefreaks)",
            "escalation_policy": "PQAH7SD",
            "html_url": "https://partner-webiscope.eu.pagerduty.com/service-directory/PSIP86X",
            "id": "PSIP86X",
            "incident_urgency_rule": [
              {
                "during_support_hours": [],
                "outside_support_hours": [],
                "type": "constant",
                "urgency": "high"
              }
            ],
            "last_incident_timestamp": "",
            "name": "Salefreaks",
            "response_play": null,
            "scheduled_actions": [],
            "status": "active",
            "support_hours": [],
            "type": "service"
          },
          "sensitive_attributes": [],
          "private": "bnVsbA==",
          "dependencies": [
            "data.pagerduty_escalation_policy.default"
          ]
        }
      ]
    },
    {
      "mode": "managed",
      "type": "pagerduty_service",
      "name": "Samanage",
      "provider": "provider[\"registry.terraform.io/pagerduty/pagerduty\"]",
      "instances": [
        {
          "schema_version": 0,
          "attributes": {
            "acknowledgement_timeout": "1800",
            "alert_creation": "create_incidents",
            "alert_grouping": null,
            "alert_grouping_parameters": [],
            "alert_grouping_timeout": "null",
            "auto_pause_notifications_parameters": [],
            "auto_resolve_timeout": "14400",
            "created_at": "2023-02-26T17:27:22+02:00",
            "description": "Samanage (samanage)",
            "escalation_policy": "PQAH7SD",
            "html_url": "https://partner-webiscope.eu.pagerduty.com/service-directory/PXS385I",
            "id": "PXS385I",
            "incident_urgency_rule": [
              {
                "during_support_hours": [],
                "outside_support_hours": [],
                "type": "constant",
                "urgency": "high"
              }
            ],
            "last_incident_timestamp": "",
            "name": "Samanage",
            "response_play": null,
            "scheduled_actions": [],
            "status": "active",
            "support_hours": [],
            "type": "service"
          },
          "sensitive_attributes": [],
          "private": "bnVsbA==",
          "dependencies": [
            "data.pagerduty_escalation_policy.default"
          ]
        }
      ]
    },
    {
      "mode": "managed",
      "type": "pagerduty_service",
      "name": "Samanageeur",
      "provider": "provider[\"registry.terraform.io/pagerduty/pagerduty\"]",
      "instances": [
        {
          "schema_version": 0,
          "attributes": {
            "acknowledgement_timeout": "1800",
            "alert_creation": "create_incidents",
            "alert_grouping": null,
            "alert_grouping_parameters": [],
            "alert_grouping_timeout": "null",
            "auto_pause_notifications_parameters": [],
            "auto_resolve_timeout": "14400",
            "created_at": "2023-02-26T17:27:44+02:00",
            "description": "Samanageeur (samanageeur)",
            "escalation_policy": "PQAH7SD",
            "html_url": "https://partner-webiscope.eu.pagerduty.com/service-directory/PAFTSAP",
            "id": "PAFTSAP",
            "incident_urgency_rule": [
              {
                "during_support_hours": [],
                "outside_support_hours": [],
                "type": "constant",
                "urgency": "high"
              }
            ],
            "last_incident_timestamp": "",
            "name": "Samanageeur",
            "response_play": null,
            "scheduled_actions": [],
            "status": "active",
            "support_hours": [],
            "type": "service"
          },
          "sensitive_attributes": [],
          "private": "bnVsbA==",
          "dependencies": [
            "data.pagerduty_escalation_policy.default"
          ]
        }
      ]
    },
    {
      "mode": "managed",
      "type": "pagerduty_service",
      "name": "Searce597402607595260740",
      "provider": "provider[\"registry.terraform.io/pagerduty/pagerduty\"]",
      "instances": [
        {
          "schema_version": 0,
          "attributes": {
            "acknowledgement_timeout": "1800",
            "alert_creation": "create_incidents",
            "alert_grouping": null,
            "alert_grouping_parameters": [],
            "alert_grouping_timeout": "null",
            "auto_pause_notifications_parameters": [],
            "auto_resolve_timeout": "14400",
            "created_at": "2023-02-26T17:28:06+02:00",
            "description": "Searce597402607595260740 (searce597402607595260740)",
            "escalation_policy": "PQAH7SD",
            "html_url": "https://partner-webiscope.eu.pagerduty.com/service-directory/PE5GA4G",
            "id": "PE5GA4G",
            "incident_urgency_rule": [
              {
                "during_support_hours": [],
                "outside_support_hours": [],
                "type": "constant",
                "urgency": "high"
              }
            ],
            "last_incident_timestamp": "",
            "name": "Searce597402607595260740",
            "response_play": null,
            "scheduled_actions": [],
            "status": "active",
            "support_hours": [],
            "type": "service"
          },
          "sensitive_attributes": [],
          "private": "bnVsbA==",
          "dependencies": [
            "data.pagerduty_escalation_policy.default"
          ]
        }
      ]
    },
    {
      "mode": "managed",
      "type": "pagerduty_service",
      "name": "Segment",
      "provider": "provider[\"registry.terraform.io/pagerduty/pagerduty\"]",
      "instances": [
        {
          "schema_version": 0,
          "attributes": {
            "acknowledgement_timeout": "1800",
            "alert_creation": "create_incidents",
            "alert_grouping": null,
            "alert_grouping_parameters": [],
            "alert_grouping_timeout": "null",
            "auto_pause_notifications_parameters": [],
            "auto_resolve_timeout": "14400",
            "created_at": "2023-02-26T17:27:29+02:00",
            "description": "Segment (segment)",
            "escalation_policy": "PQAH7SD",
            "html_url": "https://partner-webiscope.eu.pagerduty.com/service-directory/PFWMZ1D",
            "id": "PFWMZ1D",
            "incident_urgency_rule": [
              {
                "during_support_hours": [],
                "outside_support_hours": [],
                "type": "constant",
                "urgency": "high"
              }
            ],
            "last_incident_timestamp": "",
            "name": "Segment",
            "response_play": null,
            "scheduled_actions": [],
            "status": "active",
            "support_hours": [],
            "type": "service"
          },
          "sensitive_attributes": [],
          "private": "bnVsbA==",
          "dependencies": [
            "data.pagerduty_escalation_policy.default"
          ]
        }
      ]
    },
    {
      "mode": "managed",
      "type": "pagerduty_service",
      "name": "Shikunbinui",
      "provider": "provider[\"registry.terraform.io/pagerduty/pagerduty\"]",
      "instances": [
        {
          "schema_version": 0,
          "attributes": {
            "acknowledgement_timeout": "1800",
            "alert_creation": "create_incidents",
            "alert_grouping": null,
            "alert_grouping_parameters": [],
            "alert_grouping_timeout": "null",
            "auto_pause_notifications_parameters": [],
            "auto_resolve_timeout": "14400",
            "created_at": "2023-02-26T17:27:20+02:00",
            "description": "Shikunbinui (shikunbinui)",
            "escalation_policy": "PQAH7SD",
            "html_url": "https://partner-webiscope.eu.pagerduty.com/service-directory/PQHMPG7",
            "id": "PQHMPG7",
            "incident_urgency_rule": [
              {
                "during_support_hours": [],
                "outside_support_hours": [],
                "type": "constant",
                "urgency": "high"
              }
            ],
            "last_incident_timestamp": "",
            "name": "Shikunbinui",
            "response_play": null,
            "scheduled_actions": [],
            "status": "active",
            "support_hours": [],
            "type": "service"
          },
          "sensitive_attributes": [],
          "private": "bnVsbA==",
          "dependencies": [
            "data.pagerduty_escalation_policy.default"
          ]
        }
      ]
    },
    {
      "mode": "managed",
      "type": "pagerduty_service",
      "name": "Shostak",
      "provider": "provider[\"registry.terraform.io/pagerduty/pagerduty\"]",
      "instances": [
        {
          "schema_version": 0,
          "attributes": {
            "acknowledgement_timeout": "1800",
            "alert_creation": "create_incidents",
            "alert_grouping": null,
            "alert_grouping_parameters": [],
            "alert_grouping_timeout": "null",
            "auto_pause_notifications_parameters": [],
            "auto_resolve_timeout": "14400",
            "created_at": "2023-02-26T17:28:08+02:00",
            "description": "Shostak (shostak)",
            "escalation_policy": "PQAH7SD",
            "html_url": "https://partner-webiscope.eu.pagerduty.com/service-directory/P4EUPHY",
            "id": "P4EUPHY",
            "incident_urgency_rule": [
              {
                "during_support_hours": [],
                "outside_support_hours": [],
                "type": "constant",
                "urgency": "high"
              }
            ],
            "last_incident_timestamp": "",
            "name": "Shostak",
            "response_play": null,
            "scheduled_actions": [],
            "status": "active",
            "support_hours": [],
            "type": "service"
          },
          "sensitive_attributes": [],
          "private": "bnVsbA==",
          "dependencies": [
            "data.pagerduty_escalation_policy.default"
          ]
        }
      ]
    },
    {
      "mode": "managed",
      "type": "pagerduty_service",
      "name": "Sidn",
      "provider": "provider[\"registry.terraform.io/pagerduty/pagerduty\"]",
      "instances": [
        {
          "schema_version": 0,
          "attributes": {
            "acknowledgement_timeout": "1800",
            "alert_creation": "create_incidents",
            "alert_grouping": null,
            "alert_grouping_parameters": [],
            "alert_grouping_timeout": "null",
            "auto_pause_notifications_parameters": [],
            "auto_resolve_timeout": "14400",
            "created_at": "2023-02-26T17:27:08+02:00",
            "description": "Sidn (sidn)",
            "escalation_policy": "PQAH7SD",
            "html_url": "https://partner-webiscope.eu.pagerduty.com/service-directory/PUL0Q5W",
            "id": "PUL0Q5W",
            "incident_urgency_rule": [
              {
                "during_support_hours": [],
                "outside_support_hours": [],
                "type": "constant",
                "urgency": "high"
              }
            ],
            "last_incident_timestamp": "",
            "name": "Sidn",
            "response_play": null,
            "scheduled_actions": [],
            "status": "active",
            "support_hours": [],
            "type": "service"
          },
          "sensitive_attributes": [],
          "private": "bnVsbA==",
          "dependencies": [
            "data.pagerduty_escalation_policy.default"
          ]
        }
      ]
    },
    {
      "mode": "managed",
      "type": "pagerduty_service",
      "name": "Skylabs",
      "provider": "provider[\"registry.terraform.io/pagerduty/pagerduty\"]",
      "instances": [
        {
          "schema_version": 0,
          "attributes": {
            "acknowledgement_timeout": "1800",
            "alert_creation": "create_incidents",
            "alert_grouping": null,
            "alert_grouping_parameters": [],
            "alert_grouping_timeout": "null",
            "auto_pause_notifications_parameters": [],
            "auto_resolve_timeout": "14400",
            "created_at": "2023-02-26T17:28:06+02:00",
            "description": "Skylabs (skylabs)",
            "escalation_policy": "PQAH7SD",
            "html_url": "https://partner-webiscope.eu.pagerduty.com/service-directory/P92NWZ0",
            "id": "P92NWZ0",
            "incident_urgency_rule": [
              {
                "during_support_hours": [],
                "outside_support_hours": [],
                "type": "constant",
                "urgency": "high"
              }
            ],
            "last_incident_timestamp": "",
            "name": "Skylabs",
            "response_play": null,
            "scheduled_actions": [],
            "status": "active",
            "support_hours": [],
            "type": "service"
          },
          "sensitive_attributes": [],
          "private": "bnVsbA==",
          "dependencies": [
            "data.pagerduty_escalation_policy.default"
          ]
        }
      ]
    },
    {
      "mode": "managed",
      "type": "pagerduty_service",
      "name": "Smartnpv",
      "provider": "provider[\"registry.terraform.io/pagerduty/pagerduty\"]",
      "instances": [
        {
          "schema_version": 0,
          "attributes": {
            "acknowledgement_timeout": "1800",
            "alert_creation": "create_incidents",
            "alert_grouping": null,
            "alert_grouping_parameters": [],
            "alert_grouping_timeout": "null",
            "auto_pause_notifications_parameters": [],
            "auto_resolve_timeout": "14400",
            "created_at": "2023-02-26T17:27:57+02:00",
            "description": "Smartnpv (smartnpv)",
            "escalation_policy": "PQAH7SD",
            "html_url": "https://partner-webiscope.eu.pagerduty.com/service-directory/PZA89LO",
            "id": "PZA89LO",
            "incident_urgency_rule": [
              {
                "during_support_hours": [],
                "outside_support_hours": [],
                "type": "constant",
                "urgency": "high"
              }
            ],
            "last_incident_timestamp": "",
            "name": "Smartnpv",
            "response_play": null,
            "scheduled_actions": [],
            "status": "active",
            "support_hours": [],
            "type": "service"
          },
          "sensitive_attributes": [],
          "private": "bnVsbA==",
          "dependencies": [
            "data.pagerduty_escalation_policy.default"
          ]
        }
      ]
    },
    {
      "mode": "managed",
      "type": "pagerduty_service",
      "name": "Smartpldt",
      "provider": "provider[\"registry.terraform.io/pagerduty/pagerduty\"]",
      "instances": [
        {
          "schema_version": 0,
          "attributes": {
            "acknowledgement_timeout": "1800",
            "alert_creation": "create_incidents",
            "alert_grouping": null,
            "alert_grouping_parameters": [],
            "alert_grouping_timeout": "null",
            "auto_pause_notifications_parameters": [],
            "auto_resolve_timeout": "14400",
            "created_at": "2023-02-26T17:27:32+02:00",
            "description": "Smartpldt (smartpldt)",
            "escalation_policy": "PQAH7SD",
            "html_url": "https://partner-webiscope.eu.pagerduty.com/service-directory/P65AOEV",
            "id": "P65AOEV",
            "incident_urgency_rule": [
              {
                "during_support_hours": [],
                "outside_support_hours": [],
                "type": "constant",
                "urgency": "high"
              }
            ],
            "last_incident_timestamp": "",
            "name": "Smartpldt",
            "response_play": null,
            "scheduled_actions": [],
            "status": "active",
            "support_hours": [],
            "type": "service"
          },
          "sensitive_attributes": [],
          "private": "bnVsbA==",
          "dependencies": [
            "data.pagerduty_escalation_policy.default"
          ]
        }
      ]
    },
    {
      "mode": "managed",
      "type": "pagerduty_service",
      "name": "Sodexo",
      "provider": "provider[\"registry.terraform.io/pagerduty/pagerduty\"]",
      "instances": [
        {
          "schema_version": 0,
          "attributes": {
            "acknowledgement_timeout": "1800",
            "alert_creation": "create_incidents",
            "alert_grouping": null,
            "alert_grouping_parameters": [],
            "alert_grouping_timeout": "null",
            "auto_pause_notifications_parameters": [],
            "auto_resolve_timeout": "14400",
            "created_at": "2023-02-26T17:28:00+02:00",
            "description": "Sodexo (sodexo)",
            "escalation_policy": "PQAH7SD",
            "html_url": "https://partner-webiscope.eu.pagerduty.com/service-directory/P7UV12G",
            "id": "P7UV12G",
            "incident_urgency_rule": [
              {
                "during_support_hours": [],
                "outside_support_hours": [],
                "type": "constant",
                "urgency": "high"
              }
            ],
            "last_incident_timestamp": "",
            "name": "Sodexo",
            "response_play": null,
            "scheduled_actions": [],
            "status": "active",
            "support_hours": [],
            "type": "service"
          },
          "sensitive_attributes": [],
          "private": "bnVsbA==",
          "dependencies": [
            "data.pagerduty_escalation_policy.default"
          ]
        }
      ]
    },
    {
      "mode": "managed",
      "type": "pagerduty_service",
      "name": "Sodexoin",
      "provider": "provider[\"registry.terraform.io/pagerduty/pagerduty\"]",
      "instances": [
        {
          "schema_version": 0,
          "attributes": {
            "acknowledgement_timeout": "1800",
            "alert_creation": "create_incidents",
            "alert_grouping": null,
            "alert_grouping_parameters": [],
            "alert_grouping_timeout": "null",
            "auto_pause_notifications_parameters": [],
            "auto_resolve_timeout": "14400",
            "created_at": "2023-02-26T17:28:08+02:00",
            "description": "Sodexoin (sodexoin)",
            "escalation_policy": "PQAH7SD",
            "html_url": "https://partner-webiscope.eu.pagerduty.com/service-directory/PW8CSB1",
            "id": "PW8CSB1",
            "incident_urgency_rule": [
              {
                "during_support_hours": [],
                "outside_support_hours": [],
                "type": "constant",
                "urgency": "high"
              }
            ],
            "last_incident_timestamp": "",
            "name": "Sodexoin",
            "response_play": null,
            "scheduled_actions": [],
            "status": "active",
            "support_hours": [],
            "type": "service"
          },
          "sensitive_attributes": [],
          "private": "bnVsbA==",
          "dependencies": [
            "data.pagerduty_escalation_policy.default"
          ]
        }
      ]
    },
    {
      "mode": "managed",
      "type": "pagerduty_service",
      "name": "Sonaefs",
      "provider": "provider[\"registry.terraform.io/pagerduty/pagerduty\"]",
      "instances": [
        {
          "schema_version": 0,
          "attributes": {
            "acknowledgement_timeout": "1800",
            "alert_creation": "create_incidents",
            "alert_grouping": null,
            "alert_grouping_parameters": [],
            "alert_grouping_timeout": "null",
            "auto_pause_notifications_parameters": [],
            "auto_resolve_timeout": "14400",
            "created_at": "2023-02-26T17:27:59+02:00",
            "description": "Sonaefs (sonaefs)",
            "escalation_policy": "PQAH7SD",
            "html_url": "https://partner-webiscope.eu.pagerduty.com/service-directory/PCY14YZ",
            "id": "PCY14YZ",
            "incident_urgency_rule": [
              {
                "during_support_hours": [],
                "outside_support_hours": [],
                "type": "constant",
                "urgency": "high"
              }
            ],
            "last_incident_timestamp": "",
            "name": "Sonaefs",
            "response_play": null,
            "scheduled_actions": [],
            "status": "active",
            "support_hours": [],
            "type": "service"
          },
          "sensitive_attributes": [],
          "private": "bnVsbA==",
          "dependencies": [
            "data.pagerduty_escalation_policy.default"
          ]
        }
      ]
    },
    {
      "mode": "managed",
      "type": "pagerduty_service",
      "name": "Sonaemc",
      "provider": "provider[\"registry.terraform.io/pagerduty/pagerduty\"]",
      "instances": [
        {
          "schema_version": 0,
          "attributes": {
            "acknowledgement_timeout": "1800",
            "alert_creation": "create_incidents",
            "alert_grouping": null,
            "alert_grouping_parameters": [],
            "alert_grouping_timeout": "null",
            "auto_pause_notifications_parameters": [],
            "auto_resolve_timeout": "14400",
            "created_at": "2023-02-26T17:28:10+02:00",
            "description": "Sonaemc (sonaemc)",
            "escalation_policy": "PQAH7SD",
            "html_url": "https://partner-webiscope.eu.pagerduty.com/service-directory/PRKJ8JZ",
            "id": "PRKJ8JZ",
            "incident_urgency_rule": [
              {
                "during_support_hours": [],
                "outside_support_hours": [],
                "type": "constant",
                "urgency": "high"
              }
            ],
            "last_incident_timestamp": "",
            "name": "Sonaemc",
            "response_play": null,
            "scheduled_actions": [],
            "status": "active",
            "support_hours": [],
            "type": "service"
          },
          "sensitive_attributes": [],
          "private": "bnVsbA==",
          "dependencies": [
            "data.pagerduty_escalation_policy.default"
          ]
        }
      ]
    },
    {
      "mode": "managed",
      "type": "pagerduty_service",
      "name": "Sphereo",
      "provider": "provider[\"registry.terraform.io/pagerduty/pagerduty\"]",
      "instances": [
        {
          "schema_version": 0,
          "attributes": {
            "acknowledgement_timeout": "1800",
            "alert_creation": "create_incidents",
            "alert_grouping": null,
            "alert_grouping_parameters": [],
            "alert_grouping_timeout": "null",
            "auto_pause_notifications_parameters": [],
            "auto_resolve_timeout": "14400",
            "created_at": "2023-02-26T17:27:38+02:00",
            "description": "Sphereo (sphereo)",
            "escalation_policy": "PQAH7SD",
            "html_url": "https://partner-webiscope.eu.pagerduty.com/service-directory/PRM1ICS",
            "id": "PRM1ICS",
            "incident_urgency_rule": [
              {
                "during_support_hours": [],
                "outside_support_hours": [],
                "type": "constant",
                "urgency": "high"
              }
            ],
            "last_incident_timestamp": "",
            "name": "Sphereo",
            "response_play": null,
            "scheduled_actions": [],
            "status": "active",
            "support_hours": [],
            "type": "service"
          },
          "sensitive_attributes": [],
          "private": "bnVsbA==",
          "dependencies": [
            "data.pagerduty_escalation_policy.default"
          ]
        }
      ]
    },
    {
      "mode": "managed",
      "type": "pagerduty_service",
      "name": "Stg2160E",
      "provider": "provider[\"registry.terraform.io/pagerduty/pagerduty\"]",
      "instances": [
        {
          "schema_version": 0,
          "attributes": {
            "acknowledgement_timeout": "1800",
            "alert_creation": "create_incidents",
            "alert_grouping": null,
            "alert_grouping_parameters": [],
            "alert_grouping_timeout": "null",
            "auto_pause_notifications_parameters": [],
            "auto_resolve_timeout": "14400",
            "created_at": "2023-02-26T17:27:13+02:00",
            "description": "Stg2160E (stg2160e)",
            "escalation_policy": "PQAH7SD",
            "html_url": "https://partner-webiscope.eu.pagerduty.com/service-directory/P5D2LKP",
            "id": "P5D2LKP",
            "incident_urgency_rule": [
              {
                "during_support_hours": [],
                "outside_support_hours": [],
                "type": "constant",
                "urgency": "high"
              }
            ],
            "last_incident_timestamp": "",
            "name": "Stg2160E",
            "response_play": null,
            "scheduled_actions": [],
            "status": "active",
            "support_hours": [],
            "type": "service"
          },
          "sensitive_attributes": [],
          "private": "bnVsbA==",
          "dependencies": [
            "data.pagerduty_escalation_policy.default"
          ]
        }
      ]
    },
    {
      "mode": "managed",
      "type": "pagerduty_service",
      "name": "Stg2161B",
      "provider": "provider[\"registry.terraform.io/pagerduty/pagerduty\"]",
      "instances": [
        {
          "schema_version": 0,
          "attributes": {
            "acknowledgement_timeout": "1800",
            "alert_creation": "create_incidents",
            "alert_grouping": null,
            "alert_grouping_parameters": [],
            "alert_grouping_timeout": "null",
            "auto_pause_notifications_parameters": [],
            "auto_resolve_timeout": "14400",
            "created_at": "2023-02-26T17:28:06+02:00",
            "description": "Stg2161B (stg2161b)",
            "escalation_policy": "PQAH7SD",
            "html_url": "https://partner-webiscope.eu.pagerduty.com/service-directory/PKCKVUU",
            "id": "PKCKVUU",
            "incident_urgency_rule": [
              {
                "during_support_hours": [],
                "outside_support_hours": [],
                "type": "constant",
                "urgency": "high"
              }
            ],
            "last_incident_timestamp": "",
            "name": "Stg2161B",
            "response_play": null,
            "scheduled_actions": [],
            "status": "active",
            "support_hours": [],
            "type": "service"
          },
          "sensitive_attributes": [],
          "private": "bnVsbA==",
          "dependencies": [
            "data.pagerduty_escalation_policy.default"
          ]
        }
      ]
    },
    {
      "mode": "managed",
      "type": "pagerduty_service",
      "name": "Stg2180B",
      "provider": "provider[\"registry.terraform.io/pagerduty/pagerduty\"]",
      "instances": [
        {
          "schema_version": 0,
          "attributes": {
            "acknowledgement_timeout": "1800",
            "alert_creation": "create_incidents",
            "alert_grouping": null,
            "alert_grouping_parameters": [],
            "alert_grouping_timeout": "null",
            "auto_pause_notifications_parameters": [],
            "auto_resolve_timeout": "14400",
            "created_at": "2023-02-26T17:27:43+02:00",
            "description": "Stg2180B (stg2180b)",
            "escalation_policy": "PQAH7SD",
            "html_url": "https://partner-webiscope.eu.pagerduty.com/service-directory/PLAQUES",
            "id": "PLAQUES",
            "incident_urgency_rule": [
              {
                "during_support_hours": [],
                "outside_support_hours": [],
                "type": "constant",
                "urgency": "high"
              }
            ],
            "last_incident_timestamp": "",
            "name": "Stg2180B",
            "response_play": null,
            "scheduled_actions": [],
            "status": "active",
            "support_hours": [],
            "type": "service"
          },
          "sensitive_attributes": [],
          "private": "bnVsbA==",
          "dependencies": [
            "data.pagerduty_escalation_policy.default"
          ]
        }
      ]
    },
    {
      "mode": "managed",
      "type": "pagerduty_service",
      "name": "Stg2180C",
      "provider": "provider[\"registry.terraform.io/pagerduty/pagerduty\"]",
      "instances": [
        {
          "schema_version": 0,
          "attributes": {
            "acknowledgement_timeout": "1800",
            "alert_creation": "create_incidents",
            "alert_grouping": null,
            "alert_grouping_parameters": [],
            "alert_grouping_timeout": "null",
            "auto_pause_notifications_parameters": [],
            "auto_resolve_timeout": "14400",
            "created_at": "2023-02-26T17:27:29+02:00",
            "description": "Stg2180C (stg2180c)",
            "escalation_policy": "PQAH7SD",
            "html_url": "https://partner-webiscope.eu.pagerduty.com/service-directory/PYOQXA0",
            "id": "PYOQXA0",
            "incident_urgency_rule": [
              {
                "during_support_hours": [],
                "outside_support_hours": [],
                "type": "constant",
                "urgency": "high"
              }
            ],
            "last_incident_timestamp": "",
            "name": "Stg2180C",
            "response_play": null,
            "scheduled_actions": [],
            "status": "active",
            "support_hours": [],
            "type": "service"
          },
          "sensitive_attributes": [],
          "private": "bnVsbA==",
          "dependencies": [
            "data.pagerduty_escalation_policy.default"
          ]
        }
      ]
    },
    {
      "mode": "managed",
      "type": "pagerduty_service",
      "name": "Stg2200",
      "provider": "provider[\"registry.terraform.io/pagerduty/pagerduty\"]",
      "instances": [
        {
          "schema_version": 0,
          "attributes": {
            "acknowledgement_timeout": "1800",
            "alert_creation": "create_incidents",
            "alert_grouping": null,
            "alert_grouping_parameters": [],
            "alert_grouping_timeout": "null",
            "auto_pause_notifications_parameters": [],
            "auto_resolve_timeout": "14400",
            "created_at": "2023-02-26T17:27:12+02:00",
            "description": "Stg2200 (stg2200)",
            "escalation_policy": "PQAH7SD",
            "html_url": "https://partner-webiscope.eu.pagerduty.com/service-directory/PI283HI",
            "id": "PI283HI",
            "incident_urgency_rule": [
              {
                "during_support_hours": [],
                "outside_support_hours": [],
                "type": "constant",
                "urgency": "high"
              }
            ],
            "last_incident_timestamp": "",
            "name": "Stg2200",
            "response_play": null,
            "scheduled_actions": [],
            "status": "active",
            "support_hours": [],
            "type": "service"
          },
          "sensitive_attributes": [],
          "private": "bnVsbA==",
          "dependencies": [
            "data.pagerduty_escalation_policy.default"
          ]
        }
      ]
    },
    {
      "mode": "managed",
      "type": "pagerduty_service",
      "name": "Stg2201B",
      "provider": "provider[\"registry.terraform.io/pagerduty/pagerduty\"]",
      "instances": [
        {
          "schema_version": 0,
          "attributes": {
            "acknowledgement_timeout": "1800",
            "alert_creation": "create_incidents",
            "alert_grouping": null,
            "alert_grouping_parameters": [],
            "alert_grouping_timeout": "null",
            "auto_pause_notifications_parameters": [],
            "auto_resolve_timeout": "14400",
            "created_at": "2023-02-26T17:27:44+02:00",
            "description": "Stg2201B (stg2201b)",
            "escalation_policy": "PQAH7SD",
            "html_url": "https://partner-webiscope.eu.pagerduty.com/service-directory/P5BKP4W",
            "id": "P5BKP4W",
            "incident_urgency_rule": [
              {
                "during_support_hours": [],
                "outside_support_hours": [],
                "type": "constant",
                "urgency": "high"
              }
            ],
            "last_incident_timestamp": "",
            "name": "Stg2201B",
            "response_play": null,
            "scheduled_actions": [],
            "status": "active",
            "support_hours": [],
            "type": "service"
          },
          "sensitive_attributes": [],
          "private": "bnVsbA==",
          "dependencies": [
            "data.pagerduty_escalation_policy.default"
          ]
        }
      ]
    },
    {
      "mode": "managed",
      "type": "pagerduty_service",
      "name": "Stg2202A",
      "provider": "provider[\"registry.terraform.io/pagerduty/pagerduty\"]",
      "instances": [
        {
          "schema_version": 0,
          "attributes": {
            "acknowledgement_timeout": "1800",
            "alert_creation": "create_incidents",
            "alert_grouping": null,
            "alert_grouping_parameters": [],
            "alert_grouping_timeout": "null",
            "auto_pause_notifications_parameters": [],
            "auto_resolve_timeout": "14400",
            "created_at": "2023-02-26T17:28:01+02:00",
            "description": "Stg2202A (stg2202a)",
            "escalation_policy": "PQAH7SD",
            "html_url": "https://partner-webiscope.eu.pagerduty.com/service-directory/PFVGM8K",
            "id": "PFVGM8K",
            "incident_urgency_rule": [
              {
                "during_support_hours": [],
                "outside_support_hours": [],
                "type": "constant",
                "urgency": "high"
              }
            ],
            "last_incident_timestamp": "",
            "name": "Stg2202A",
            "response_play": null,
            "scheduled_actions": [],
            "status": "active",
            "support_hours": [],
            "type": "service"
          },
          "sensitive_attributes": [],
          "private": "bnVsbA==",
          "dependencies": [
            "data.pagerduty_escalation_policy.default"
          ]
        }
      ]
    },
    {
      "mode": "managed",
      "type": "pagerduty_service",
      "name": "Stg2202X",
      "provider": "provider[\"registry.terraform.io/pagerduty/pagerduty\"]",
      "instances": [
        {
          "schema_version": 0,
          "attributes": {
            "acknowledgement_timeout": "1800",
            "alert_creation": "create_incidents",
            "alert_grouping": null,
            "alert_grouping_parameters": [],
            "alert_grouping_timeout": "null",
            "auto_pause_notifications_parameters": [],
            "auto_resolve_timeout": "14400",
            "created_at": "2023-02-26T17:27:51+02:00",
            "description": "Stg2202X (stg2202x)",
            "escalation_policy": "PQAH7SD",
            "html_url": "https://partner-webiscope.eu.pagerduty.com/service-directory/PBBDF4U",
            "id": "PBBDF4U",
            "incident_urgency_rule": [
              {
                "during_support_hours": [],
                "outside_support_hours": [],
                "type": "constant",
                "urgency": "high"
              }
            ],
            "last_incident_timestamp": "",
            "name": "Stg2202X",
            "response_play": null,
            "scheduled_actions": [],
            "status": "active",
            "support_hours": [],
            "type": "service"
          },
          "sensitive_attributes": [],
          "private": "bnVsbA==",
          "dependencies": [
            "data.pagerduty_escalation_policy.default"
          ]
        }
      ]
    },
    {
      "mode": "managed",
      "type": "pagerduty_service",
      "name": "Stg2202Xa",
      "provider": "provider[\"registry.terraform.io/pagerduty/pagerduty\"]",
      "instances": [
        {
          "schema_version": 0,
          "attributes": {
            "acknowledgement_timeout": "1800",
            "alert_creation": "create_incidents",
            "alert_grouping": null,
            "alert_grouping_parameters": [],
            "alert_grouping_timeout": "null",
            "auto_pause_notifications_parameters": [],
            "auto_resolve_timeout": "14400",
            "created_at": "2023-02-26T17:27:06+02:00",
            "description": "Stg2202Xa (stg2202xa)",
            "escalation_policy": "PQAH7SD",
            "html_url": "https://partner-webiscope.eu.pagerduty.com/service-directory/PVZVW7Y",
            "id": "PVZVW7Y",
            "incident_urgency_rule": [
              {
                "during_support_hours": [],
                "outside_support_hours": [],
                "type": "constant",
                "urgency": "high"
              }
            ],
            "last_incident_timestamp": "",
            "name": "Stg2202Xa",
            "response_play": null,
            "scheduled_actions": [],
            "status": "active",
            "support_hours": [],
            "type": "service"
          },
          "sensitive_attributes": [],
          "private": "bnVsbA==",
          "dependencies": [
            "data.pagerduty_escalation_policy.default"
          ]
        }
      ]
    },
    {
      "mode": "managed",
      "type": "pagerduty_service",
      "name": "Stm",
      "provider": "provider[\"registry.terraform.io/pagerduty/pagerduty\"]",
      "instances": [
        {
          "schema_version": 0,
          "attributes": {
            "acknowledgement_timeout": "1800",
            "alert_creation": "create_incidents",
            "alert_grouping": null,
            "alert_grouping_parameters": [],
            "alert_grouping_timeout": "null",
            "auto_pause_notifications_parameters": [],
            "auto_resolve_timeout": "14400",
            "created_at": "2023-02-26T17:27:48+02:00",
            "description": "Stm (stm)",
            "escalation_policy": "PQAH7SD",
            "html_url": "https://partner-webiscope.eu.pagerduty.com/service-directory/P7L80CF",
            "id": "P7L80CF",
            "incident_urgency_rule": [
              {
                "during_support_hours": [],
                "outside_support_hours": [],
                "type": "constant",
                "urgency": "high"
              }
            ],
            "last_incident_timestamp": "",
            "name": "Stm",
            "response_play": null,
            "scheduled_actions": [],
            "status": "active",
            "support_hours": [],
            "type": "service"
          },
          "sensitive_attributes": [],
          "private": "bnVsbA==",
          "dependencies": [
            "data.pagerduty_escalation_policy.default"
          ]
        }
      ]
    },
    {
      "mode": "managed",
      "type": "pagerduty_service",
      "name": "Stormferrero",
      "provider": "provider[\"registry.terraform.io/pagerduty/pagerduty\"]",
      "instances": [
        {
          "schema_version": 0,
          "attributes": {
            "acknowledgement_timeout": "1800",
            "alert_creation": "create_incidents",
            "alert_grouping": null,
            "alert_grouping_parameters": [],
            "alert_grouping_timeout": "null",
            "auto_pause_notifications_parameters": [],
            "auto_resolve_timeout": "14400",
            "created_at": "2023-02-26T17:27:08+02:00",
            "description": "Stormferrero (stormferrero)",
            "escalation_policy": "PQAH7SD",
            "html_url": "https://partner-webiscope.eu.pagerduty.com/service-directory/PNCRODG",
            "id": "PNCRODG",
            "incident_urgency_rule": [
              {
                "during_support_hours": [],
                "outside_support_hours": [],
                "type": "constant",
                "urgency": "high"
              }
            ],
            "last_incident_timestamp": "",
            "name": "Stormferrero",
            "response_play": null,
            "scheduled_actions": [],
            "status": "active",
            "support_hours": [],
            "type": "service"
          },
          "sensitive_attributes": [],
          "private": "bnVsbA==",
          "dependencies": [
            "data.pagerduty_escalation_policy.default"
          ]
        }
      ]
    },
    {
      "mode": "managed",
      "type": "pagerduty_service",
      "name": "Stormreply",
      "provider": "provider[\"registry.terraform.io/pagerduty/pagerduty\"]",
      "instances": [
        {
          "schema_version": 0,
          "attributes": {
            "acknowledgement_timeout": "1800",
            "alert_creation": "create_incidents",
            "alert_grouping": null,
            "alert_grouping_parameters": [],
            "alert_grouping_timeout": "null",
            "auto_pause_notifications_parameters": [],
            "auto_resolve_timeout": "14400",
            "created_at": "2023-02-26T17:27:29+02:00",
            "description": "Stormreply (stormreply)",
            "escalation_policy": "PQAH7SD",
            "html_url": "https://partner-webiscope.eu.pagerduty.com/service-directory/PBKBYPQ",
            "id": "PBKBYPQ",
            "incident_urgency_rule": [
              {
                "during_support_hours": [],
                "outside_support_hours": [],
                "type": "constant",
                "urgency": "high"
              }
            ],
            "last_incident_timestamp": "",
            "name": "Stormreply",
            "response_play": null,
            "scheduled_actions": [],
            "status": "active",
            "support_hours": [],
            "type": "service"
          },
          "sensitive_attributes": [],
          "private": "bnVsbA==",
          "dependencies": [
            "data.pagerduty_escalation_policy.default"
          ]
        }
      ]
    },
    {
      "mode": "managed",
      "type": "pagerduty_service",
      "name": "Stormreplymt",
      "provider": "provider[\"registry.terraform.io/pagerduty/pagerduty\"]",
      "instances": [
        {
          "schema_version": 0,
          "attributes": {
            "acknowledgement_timeout": "1800",
            "alert_creation": "create_incidents",
            "alert_grouping": null,
            "alert_grouping_parameters": [],
            "alert_grouping_timeout": "null",
            "auto_pause_notifications_parameters": [],
            "auto_resolve_timeout": "14400",
            "created_at": "2023-02-26T17:27:20+02:00",
            "description": "Stormreplymt (stormreplymt)",
            "escalation_policy": "PQAH7SD",
            "html_url": "https://partner-webiscope.eu.pagerduty.com/service-directory/P6ZQORU",
            "id": "P6ZQORU",
            "incident_urgency_rule": [
              {
                "during_support_hours": [],
                "outside_support_hours": [],
                "type": "constant",
                "urgency": "high"
              }
            ],
            "last_incident_timestamp": "",
            "name": "Stormreplymt",
            "response_play": null,
            "scheduled_actions": [],
            "status": "active",
            "support_hours": [],
            "type": "service"
          },
          "sensitive_attributes": [],
          "private": "bnVsbA==",
          "dependencies": [
            "data.pagerduty_escalation_policy.default"
          ]
        }
      ]
    },
    {
      "mode": "managed",
      "type": "pagerduty_service",
      "name": "Strauss",
      "provider": "provider[\"registry.terraform.io/pagerduty/pagerduty\"]",
      "instances": [
        {
          "schema_version": 0,
          "attributes": {
            "acknowledgement_timeout": "1800",
            "alert_creation": "create_incidents",
            "alert_grouping": null,
            "alert_grouping_parameters": [],
            "alert_grouping_timeout": "null",
            "auto_pause_notifications_parameters": [],
            "auto_resolve_timeout": "14400",
            "created_at": "2023-02-26T17:27:45+02:00",
            "description": "Strauss (strauss)",
            "escalation_policy": "PQAH7SD",
            "html_url": "https://partner-webiscope.eu.pagerduty.com/service-directory/P22ZOS6",
            "id": "P22ZOS6",
            "incident_urgency_rule": [
              {
                "during_support_hours": [],
                "outside_support_hours": [],
                "type": "constant",
                "urgency": "high"
              }
            ],
            "last_incident_timestamp": "",
            "name": "Strauss",
            "response_play": null,
            "scheduled_actions": [],
            "status": "active",
            "support_hours": [],
            "type": "service"
          },
          "sensitive_attributes": [],
          "private": "bnVsbA==",
          "dependencies": [
            "data.pagerduty_escalation_policy.default"
          ]
        }
      ]
    },
    {
      "mode": "managed",
      "type": "pagerduty_service",
      "name": "Superpharm",
      "provider": "provider[\"registry.terraform.io/pagerduty/pagerduty\"]",
      "instances": [
        {
          "schema_version": 0,
          "attributes": {
            "acknowledgement_timeout": "1800",
            "alert_creation": "create_incidents",
            "alert_grouping": null,
            "alert_grouping_parameters": [],
            "alert_grouping_timeout": "null",
            "auto_pause_notifications_parameters": [],
            "auto_resolve_timeout": "14400",
            "created_at": "2023-02-26T17:27:02+02:00",
            "description": "Superpharm (superpharm)",
            "escalation_policy": "PQAH7SD",
            "html_url": "https://partner-webiscope.eu.pagerduty.com/service-directory/PE84JDS",
            "id": "PE84JDS",
            "incident_urgency_rule": [
              {
                "during_support_hours": [],
                "outside_support_hours": [],
                "type": "constant",
                "urgency": "high"
              }
            ],
            "last_incident_timestamp": "",
            "name": "Superpharm",
            "response_play": null,
            "scheduled_actions": [],
            "status": "active",
            "support_hours": [],
            "type": "service"
          },
          "sensitive_attributes": [],
          "private": "bnVsbA==",
          "dependencies": [
            "data.pagerduty_escalation_policy.default"
          ]
        }
      ]
    },
    {
      "mode": "managed",
      "type": "pagerduty_service",
      "name": "Synel",
      "provider": "provider[\"registry.terraform.io/pagerduty/pagerduty\"]",
      "instances": [
        {
          "schema_version": 0,
          "attributes": {
            "acknowledgement_timeout": "1800",
            "alert_creation": "create_incidents",
            "alert_grouping": null,
            "alert_grouping_parameters": [],
            "alert_grouping_timeout": "null",
            "auto_pause_notifications_parameters": [],
            "auto_resolve_timeout": "14400",
            "created_at": "2023-02-26T17:28:10+02:00",
            "description": "Synel (synel)",
            "escalation_policy": "PQAH7SD",
            "html_url": "https://partner-webiscope.eu.pagerduty.com/service-directory/P7CN7UJ",
            "id": "P7CN7UJ",
            "incident_urgency_rule": [
              {
                "during_support_hours": [],
                "outside_support_hours": [],
                "type": "constant",
                "urgency": "high"
              }
            ],
            "last_incident_timestamp": "",
            "name": "Synel",
            "response_play": null,
            "scheduled_actions": [],
            "status": "active",
            "support_hours": [],
            "type": "service"
          },
          "sensitive_attributes": [],
          "private": "bnVsbA==",
          "dependencies": [
            "data.pagerduty_escalation_policy.default"
          ]
        }
      ]
    },
    {
      "mode": "managed",
      "type": "pagerduty_service",
      "name": "Sysbind",
      "provider": "provider[\"registry.terraform.io/pagerduty/pagerduty\"]",
      "instances": [
        {
          "schema_version": 0,
          "attributes": {
            "acknowledgement_timeout": "1800",
            "alert_creation": "create_incidents",
            "alert_grouping": null,
            "alert_grouping_parameters": [],
            "alert_grouping_timeout": "null",
            "auto_pause_notifications_parameters": [],
            "auto_resolve_timeout": "14400",
            "created_at": "2023-02-26T17:27:36+02:00",
            "description": "Sysbind (sysbind)",
            "escalation_policy": "PQAH7SD",
            "html_url": "https://partner-webiscope.eu.pagerduty.com/service-directory/PZJ6367",
            "id": "PZJ6367",
            "incident_urgency_rule": [
              {
                "during_support_hours": [],
                "outside_support_hours": [],
                "type": "constant",
                "urgency": "high"
              }
            ],
            "last_incident_timestamp": "",
            "name": "Sysbind",
            "response_play": null,
            "scheduled_actions": [],
            "status": "active",
            "support_hours": [],
            "type": "service"
          },
          "sensitive_attributes": [],
          "private": "bnVsbA==",
          "dependencies": [
            "data.pagerduty_escalation_policy.default"
          ]
        }
      ]
    },
    {
      "mode": "managed",
      "type": "pagerduty_service",
      "name": "Taasuka",
      "provider": "provider[\"registry.terraform.io/pagerduty/pagerduty\"]",
      "instances": [
        {
          "schema_version": 0,
          "attributes": {
            "acknowledgement_timeout": "1800",
            "alert_creation": "create_incidents",
            "alert_grouping": null,
            "alert_grouping_parameters": [],
            "alert_grouping_timeout": "null",
            "auto_pause_notifications_parameters": [],
            "auto_resolve_timeout": "14400",
            "created_at": "2023-02-26T17:27:57+02:00",
            "description": "Taasuka (taasuka)",
            "escalation_policy": "PQAH7SD",
            "html_url": "https://partner-webiscope.eu.pagerduty.com/service-directory/PKV5P2R",
            "id": "PKV5P2R",
            "incident_urgency_rule": [
              {
                "during_support_hours": [],
                "outside_support_hours": [],
                "type": "constant",
                "urgency": "high"
              }
            ],
            "last_incident_timestamp": "",
            "name": "Taasuka",
            "response_play": null,
            "scheduled_actions": [],
            "status": "active",
            "support_hours": [],
            "type": "service"
          },
          "sensitive_attributes": [],
          "private": "bnVsbA==",
          "dependencies": [
            "data.pagerduty_escalation_policy.default"
          ]
        }
      ]
    },
    {
      "mode": "managed",
      "type": "pagerduty_service",
      "name": "Tchain",
      "provider": "provider[\"registry.terraform.io/pagerduty/pagerduty\"]",
      "instances": [
        {
          "schema_version": 0,
          "attributes": {
            "acknowledgement_timeout": "1800",
            "alert_creation": "create_incidents",
            "alert_grouping": null,
            "alert_grouping_parameters": [],
            "alert_grouping_timeout": "null",
            "auto_pause_notifications_parameters": [],
            "auto_resolve_timeout": "14400",
            "created_at": "2023-02-26T17:27:23+02:00",
            "description": "Tchain (tchain)",
            "escalation_policy": "PQAH7SD",
            "html_url": "https://partner-webiscope.eu.pagerduty.com/service-directory/P5KI5PS",
            "id": "P5KI5PS",
            "incident_urgency_rule": [
              {
                "during_support_hours": [],
                "outside_support_hours": [],
                "type": "constant",
                "urgency": "high"
              }
            ],
            "last_incident_timestamp": "",
            "name": "Tchain",
            "response_play": null,
            "scheduled_actions": [],
            "status": "active",
            "support_hours": [],
            "type": "service"
          },
          "sensitive_attributes": [],
          "private": "bnVsbA==",
          "dependencies": [
            "data.pagerduty_escalation_policy.default"
          ]
        }
      ]
    },
    {
      "mode": "managed",
      "type": "pagerduty_service",
      "name": "Tenurex",
      "provider": "provider[\"registry.terraform.io/pagerduty/pagerduty\"]",
      "instances": [
        {
          "schema_version": 0,
          "attributes": {
            "acknowledgement_timeout": "1800",
            "alert_creation": "create_incidents",
            "alert_grouping": null,
            "alert_grouping_parameters": [],
            "alert_grouping_timeout": "null",
            "auto_pause_notifications_parameters": [],
            "auto_resolve_timeout": "14400",
            "created_at": "2023-02-26T17:27:22+02:00",
            "description": "Tenurex (tenurex)",
            "escalation_policy": "PQAH7SD",
            "html_url": "https://partner-webiscope.eu.pagerduty.com/service-directory/PTFF7TV",
            "id": "PTFF7TV",
            "incident_urgency_rule": [
              {
                "during_support_hours": [],
                "outside_support_hours": [],
                "type": "constant",
                "urgency": "high"
              }
            ],
            "last_incident_timestamp": "",
            "name": "Tenurex",
            "response_play": null,
            "scheduled_actions": [],
            "status": "active",
            "support_hours": [],
            "type": "service"
          },
          "sensitive_attributes": [],
          "private": "bnVsbA==",
          "dependencies": [
            "data.pagerduty_escalation_policy.default"
          ]
        }
      ]
    },
    {
      "mode": "managed",
      "type": "pagerduty_service",
      "name": "Threelayerst",
      "provider": "provider[\"registry.terraform.io/pagerduty/pagerduty\"]",
      "instances": [
        {
          "schema_version": 0,
          "attributes": {
            "acknowledgement_timeout": "1800",
            "alert_creation": "create_incidents",
            "alert_grouping": null,
            "alert_grouping_parameters": [],
            "alert_grouping_timeout": "null",
            "auto_pause_notifications_parameters": [],
            "auto_resolve_timeout": "14400",
            "created_at": "2023-02-26T17:27:09+02:00",
            "description": "Threelayerst (threelayerst)",
            "escalation_policy": "PQAH7SD",
            "html_url": "https://partner-webiscope.eu.pagerduty.com/service-directory/P3TFNP3",
            "id": "P3TFNP3",
            "incident_urgency_rule": [
              {
                "during_support_hours": [],
                "outside_support_hours": [],
                "type": "constant",
                "urgency": "high"
              }
            ],
            "last_incident_timestamp": "",
            "name": "Threelayerst",
            "response_play": null,
            "scheduled_actions": [],
            "status": "active",
            "support_hours": [],
            "type": "service"
          },
          "sensitive_attributes": [],
          "private": "bnVsbA==",
          "dependencies": [
            "data.pagerduty_escalation_policy.default"
          ]
        }
      ]
    },
    {
      "mode": "managed",
      "type": "pagerduty_service",
      "name": "Tipranks",
      "provider": "provider[\"registry.terraform.io/pagerduty/pagerduty\"]",
      "instances": [
        {
          "schema_version": 0,
          "attributes": {
            "acknowledgement_timeout": "1800",
            "alert_creation": "create_incidents",
            "alert_grouping": null,
            "alert_grouping_parameters": [],
            "alert_grouping_timeout": "null",
            "auto_pause_notifications_parameters": [],
            "auto_resolve_timeout": "14400",
            "created_at": "2023-02-26T17:27:48+02:00",
            "description": "Tipranks (tipranks)",
            "escalation_policy": "PQAH7SD",
            "html_url": "https://partner-webiscope.eu.pagerduty.com/service-directory/P0CYMO2",
            "id": "P0CYMO2",
            "incident_urgency_rule": [
              {
                "during_support_hours": [],
                "outside_support_hours": [],
                "type": "constant",
                "urgency": "high"
              }
            ],
            "last_incident_timestamp": "",
            "name": "Tipranks",
            "response_play": null,
            "scheduled_actions": [],
            "status": "active",
            "support_hours": [],
            "type": "service"
          },
          "sensitive_attributes": [],
          "private": "bnVsbA==",
          "dependencies": [
            "data.pagerduty_escalation_policy.default"
          ]
        }
      ]
    },
    {
      "mode": "managed",
      "type": "pagerduty_service",
      "name": "Tipranksstg",
      "provider": "provider[\"registry.terraform.io/pagerduty/pagerduty\"]",
      "instances": [
        {
          "schema_version": 0,
          "attributes": {
            "acknowledgement_timeout": "1800",
            "alert_creation": "create_incidents",
            "alert_grouping": null,
            "alert_grouping_parameters": [],
            "alert_grouping_timeout": "null",
            "auto_pause_notifications_parameters": [],
            "auto_resolve_timeout": "14400",
            "created_at": "2023-02-26T17:27:33+02:00",
            "description": "Tipranksstg (tipranksstg)",
            "escalation_policy": "PQAH7SD",
            "html_url": "https://partner-webiscope.eu.pagerduty.com/service-directory/PHGNNZM",
            "id": "PHGNNZM",
            "incident_urgency_rule": [
              {
                "during_support_hours": [],
                "outside_support_hours": [],
                "type": "constant",
                "urgency": "high"
              }
            ],
            "last_incident_timestamp": "",
            "name": "Tipranksstg",
            "response_play": null,
            "scheduled_actions": [],
            "status": "active",
            "support_hours": [],
            "type": "service"
          },
          "sensitive_attributes": [],
          "private": "bnVsbA==",
          "dependencies": [
            "data.pagerduty_escalation_policy.default"
          ]
        }
      ]
    },
    {
      "mode": "managed",
      "type": "pagerduty_service",
      "name": "Tkgbridge",
      "provider": "provider[\"registry.terraform.io/pagerduty/pagerduty\"]",
      "instances": [
        {
          "schema_version": 0,
          "attributes": {
            "acknowledgement_timeout": "1800",
            "alert_creation": "create_incidents",
            "alert_grouping": null,
            "alert_grouping_parameters": [],
            "alert_grouping_timeout": "null",
            "auto_pause_notifications_parameters": [],
            "auto_resolve_timeout": "14400",
            "created_at": "2023-02-26T17:28:00+02:00",
            "description": "Tkgbridge (tkgbridge)",
            "escalation_policy": "PQAH7SD",
            "html_url": "https://partner-webiscope.eu.pagerduty.com/service-directory/P08IMB3",
            "id": "P08IMB3",
            "incident_urgency_rule": [
              {
                "during_support_hours": [],
                "outside_support_hours": [],
                "type": "constant",
                "urgency": "high"
              }
            ],
            "last_incident_timestamp": "",
            "name": "Tkgbridge",
            "response_play": null,
            "scheduled_actions": [],
            "status": "active",
            "support_hours": [],
            "type": "service"
          },
          "sensitive_attributes": [],
          "private": "bnVsbA==",
          "dependencies": [
            "data.pagerduty_escalation_policy.default"
          ]
        }
      ]
    },
    {
      "mode": "managed",
      "type": "pagerduty_service",
      "name": "Tlv",
      "provider": "provider[\"registry.terraform.io/pagerduty/pagerduty\"]",
      "instances": [
        {
          "schema_version": 0,
          "attributes": {
            "acknowledgement_timeout": "1800",
            "alert_creation": "create_incidents",
            "alert_grouping": null,
            "alert_grouping_parameters": [],
            "alert_grouping_timeout": "null",
            "auto_pause_notifications_parameters": [],
            "auto_resolve_timeout": "14400",
            "created_at": "2023-02-26T17:27:26+02:00",
            "description": "Tlv (tlv)",
            "escalation_policy": "PQAH7SD",
            "html_url": "https://partner-webiscope.eu.pagerduty.com/service-directory/P4XHG8O",
            "id": "P4XHG8O",
            "incident_urgency_rule": [
              {
                "during_support_hours": [],
                "outside_support_hours": [],
                "type": "constant",
                "urgency": "high"
              }
            ],
            "last_incident_timestamp": "",
            "name": "Tlv",
            "response_play": null,
            "scheduled_actions": [],
            "status": "active",
            "support_hours": [],
            "type": "service"
          },
          "sensitive_attributes": [],
          "private": "bnVsbA==",
          "dependencies": [
            "data.pagerduty_escalation_policy.default"
          ]
        }
      ]
    },
    {
      "mode": "managed",
      "type": "pagerduty_service",
      "name": "Tmprotection",
      "provider": "provider[\"registry.terraform.io/pagerduty/pagerduty\"]",
      "instances": [
        {
          "schema_version": 0,
          "attributes": {
            "acknowledgement_timeout": "1800",
            "alert_creation": "create_incidents",
            "alert_grouping": null,
            "alert_grouping_parameters": [],
            "alert_grouping_timeout": "null",
            "auto_pause_notifications_parameters": [],
            "auto_resolve_timeout": "14400",
            "created_at": "2023-02-26T17:27:50+02:00",
            "description": "Tmprotection (tmprotection)",
            "escalation_policy": "PQAH7SD",
            "html_url": "https://partner-webiscope.eu.pagerduty.com/service-directory/P013G90",
            "id": "P013G90",
            "incident_urgency_rule": [
              {
                "during_support_hours": [],
                "outside_support_hours": [],
                "type": "constant",
                "urgency": "high"
              }
            ],
            "last_incident_timestamp": "",
            "name": "Tmprotection",
            "response_play": null,
            "scheduled_actions": [],
            "status": "active",
            "support_hours": [],
            "type": "service"
          },
          "sensitive_attributes": [],
          "private": "bnVsbA==",
          "dependencies": [
            "data.pagerduty_escalation_policy.default"
          ]
        }
      ]
    },
    {
      "mode": "managed",
      "type": "pagerduty_service",
      "name": "Tomax",
      "provider": "provider[\"registry.terraform.io/pagerduty/pagerduty\"]",
      "instances": [
        {
          "schema_version": 0,
          "attributes": {
            "acknowledgement_timeout": "1800",
            "alert_creation": "create_incidents",
            "alert_grouping": null,
            "alert_grouping_parameters": [],
            "alert_grouping_timeout": "null",
            "auto_pause_notifications_parameters": [],
            "auto_resolve_timeout": "14400",
            "created_at": "2023-02-26T17:27:07+02:00",
            "description": "Tomax (tomax)",
            "escalation_policy": "PQAH7SD",
            "html_url": "https://partner-webiscope.eu.pagerduty.com/service-directory/PJS8SLM",
            "id": "PJS8SLM",
            "incident_urgency_rule": [
              {
                "during_support_hours": [],
                "outside_support_hours": [],
                "type": "constant",
                "urgency": "high"
              }
            ],
            "last_incident_timestamp": "",
            "name": "Tomax",
            "response_play": null,
            "scheduled_actions": [],
            "status": "active",
            "support_hours": [],
            "type": "service"
          },
          "sensitive_attributes": [],
          "private": "bnVsbA==",
          "dependencies": [
            "data.pagerduty_escalation_policy.default"
          ]
        }
      ]
    },
    {
      "mode": "managed",
      "type": "pagerduty_service",
      "name": "Tradairx",
      "provider": "provider[\"registry.terraform.io/pagerduty/pagerduty\"]",
      "instances": [
        {
          "schema_version": 0,
          "attributes": {
            "acknowledgement_timeout": "1800",
            "alert_creation": "create_incidents",
            "alert_grouping": null,
            "alert_grouping_parameters": [],
            "alert_grouping_timeout": "null",
            "auto_pause_notifications_parameters": [],
            "auto_resolve_timeout": "14400",
            "created_at": "2023-02-26T17:27:25+02:00",
            "description": "Tradairx (tradairx)",
            "escalation_policy": "PQAH7SD",
            "html_url": "https://partner-webiscope.eu.pagerduty.com/service-directory/PGJML5H",
            "id": "PGJML5H",
            "incident_urgency_rule": [
              {
                "during_support_hours": [],
                "outside_support_hours": [],
                "type": "constant",
                "urgency": "high"
              }
            ],
            "last_incident_timestamp": "",
            "name": "Tradairx",
            "response_play": null,
            "scheduled_actions": [],
            "status": "active",
            "support_hours": [],
            "type": "service"
          },
          "sensitive_attributes": [],
          "private": "bnVsbA==",
          "dependencies": [
            "data.pagerduty_escalation_policy.default"
          ]
        }
      ]
    },
    {
      "mode": "managed",
      "type": "pagerduty_service",
      "name": "Twobsecure",
      "provider": "provider[\"registry.terraform.io/pagerduty/pagerduty\"]",
      "instances": [
        {
          "schema_version": 0,
          "attributes": {
            "acknowledgement_timeout": "1800",
            "alert_creation": "create_incidents",
            "alert_grouping": null,
            "alert_grouping_parameters": [],
            "alert_grouping_timeout": "null",
            "auto_pause_notifications_parameters": [],
            "auto_resolve_timeout": "14400",
            "created_at": "2023-02-26T17:27:40+02:00",
            "description": "Twobsecure (twobsecure)",
            "escalation_policy": "PQAH7SD",
            "html_url": "https://partner-webiscope.eu.pagerduty.com/service-directory/PNB8BL0",
            "id": "PNB8BL0",
            "incident_urgency_rule": [
              {
                "during_support_hours": [],
                "outside_support_hours": [],
                "type": "constant",
                "urgency": "high"
              }
            ],
            "last_incident_timestamp": "",
            "name": "Twobsecure",
            "response_play": null,
            "scheduled_actions": [],
            "status": "active",
            "support_hours": [],
            "type": "service"
          },
          "sensitive_attributes": [],
          "private": "bnVsbA==",
          "dependencies": [
            "data.pagerduty_escalation_policy.default"
          ]
        }
      ]
    },
    {
      "mode": "managed",
      "type": "pagerduty_service",
      "name": "Twobsecure02",
      "provider": "provider[\"registry.terraform.io/pagerduty/pagerduty\"]",
      "instances": [
        {
          "schema_version": 0,
          "attributes": {
            "acknowledgement_timeout": "1800",
            "alert_creation": "create_incidents",
            "alert_grouping": null,
            "alert_grouping_parameters": [],
            "alert_grouping_timeout": "null",
            "auto_pause_notifications_parameters": [],
            "auto_resolve_timeout": "14400",
            "created_at": "2023-02-26T17:27:55+02:00",
            "description": "Twobsecure02 (twobsecure02)",
            "escalation_policy": "PQAH7SD",
            "html_url": "https://partner-webiscope.eu.pagerduty.com/service-directory/PAODT0Q",
            "id": "PAODT0Q",
            "incident_urgency_rule": [
              {
                "during_support_hours": [],
                "outside_support_hours": [],
                "type": "constant",
                "urgency": "high"
              }
            ],
            "last_incident_timestamp": "",
            "name": "Twobsecure02",
            "response_play": null,
            "scheduled_actions": [],
            "status": "active",
            "support_hours": [],
            "type": "service"
          },
          "sensitive_attributes": [],
          "private": "bnVsbA==",
          "dependencies": [
            "data.pagerduty_escalation_policy.default"
          ]
        }
      ]
    },
    {
      "mode": "managed",
      "type": "pagerduty_service",
      "name": "Ubi",
      "provider": "provider[\"registry.terraform.io/pagerduty/pagerduty\"]",
      "instances": [
        {
          "schema_version": 0,
          "attributes": {
            "acknowledgement_timeout": "1800",
            "alert_creation": "create_incidents",
            "alert_grouping": null,
            "alert_grouping_parameters": [],
            "alert_grouping_timeout": "null",
            "auto_pause_notifications_parameters": [],
            "auto_resolve_timeout": "14400",
            "created_at": "2023-02-26T17:27:55+02:00",
            "description": "Ubi (ubi)",
            "escalation_policy": "PQAH7SD",
            "html_url": "https://partner-webiscope.eu.pagerduty.com/service-directory/PDL1TCD",
            "id": "PDL1TCD",
            "incident_urgency_rule": [
              {
                "during_support_hours": [],
                "outside_support_hours": [],
                "type": "constant",
                "urgency": "high"
              }
            ],
            "last_incident_timestamp": "",
            "name": "Ubi",
            "response_play": null,
            "scheduled_actions": [],
            "status": "active",
            "support_hours": [],
            "type": "service"
          },
          "sensitive_attributes": [],
          "private": "bnVsbA==",
          "dependencies": [
            "data.pagerduty_escalation_policy.default"
          ]
        }
      ]
    },
    {
      "mode": "managed",
      "type": "pagerduty_service",
      "name": "Umtb",
      "provider": "provider[\"registry.terraform.io/pagerduty/pagerduty\"]",
      "instances": [
        {
          "schema_version": 0,
          "attributes": {
            "acknowledgement_timeout": "1800",
            "alert_creation": "create_incidents",
            "alert_grouping": null,
            "alert_grouping_parameters": [],
            "alert_grouping_timeout": "null",
            "auto_pause_notifications_parameters": [],
            "auto_resolve_timeout": "14400",
            "created_at": "2023-02-26T17:27:41+02:00",
            "description": "Umtb (umtb)",
            "escalation_policy": "PQAH7SD",
            "html_url": "https://partner-webiscope.eu.pagerduty.com/service-directory/PICXA44",
            "id": "PICXA44",
            "incident_urgency_rule": [
              {
                "during_support_hours": [],
                "outside_support_hours": [],
                "type": "constant",
                "urgency": "high"
              }
            ],
            "last_incident_timestamp": "",
            "name": "Umtb",
            "response_play": null,
            "scheduled_actions": [],
            "status": "active",
            "support_hours": [],
            "type": "service"
          },
          "sensitive_attributes": [],
          "private": "bnVsbA==",
          "dependencies": [
            "data.pagerduty_escalation_policy.default"
          ]
        }
      ]
    },
    {
      "mode": "managed",
      "type": "pagerduty_service",
      "name": "Va2Devqvn57129192392208814",
      "provider": "provider[\"registry.terraform.io/pagerduty/pagerduty\"]",
      "instances": [
        {
          "schema_version": 0,
          "attributes": {
            "acknowledgement_timeout": "1800",
            "alert_creation": "create_incidents",
            "alert_grouping": null,
            "alert_grouping_parameters": [],
            "alert_grouping_timeout": "null",
            "auto_pause_notifications_parameters": [],
            "auto_resolve_timeout": "14400",
            "created_at": "2023-02-26T17:28:08+02:00",
            "description": "Va2Devqvn57129192392208814 (va2devqvn57129192392208814)",
            "escalation_policy": "PQAH7SD",
            "html_url": "https://partner-webiscope.eu.pagerduty.com/service-directory/PP03R9O",
            "id": "PP03R9O",
            "incident_urgency_rule": [
              {
                "during_support_hours": [],
                "outside_support_hours": [],
                "type": "constant",
                "urgency": "high"
              }
            ],
            "last_incident_timestamp": "",
            "name": "Va2Devqvn57129192392208814",
            "response_play": null,
            "scheduled_actions": [],
            "status": "active",
            "support_hours": [],
            "type": "service"
          },
          "sensitive_attributes": [],
          "private": "bnVsbA==",
          "dependencies": [
            "data.pagerduty_escalation_policy.default"
          ]
        }
      ]
    },
    {
      "mode": "managed",
      "type": "pagerduty_service",
      "name": "Va2Devqvnx6Mz0",
      "provider": "provider[\"registry.terraform.io/pagerduty/pagerduty\"]",
      "instances": [
        {
          "schema_version": 0,
          "attributes": {
            "acknowledgement_timeout": "1800",
            "alert_creation": "create_incidents",
            "alert_grouping": null,
            "alert_grouping_parameters": [],
            "alert_grouping_timeout": "null",
            "auto_pause_notifications_parameters": [],
            "auto_resolve_timeout": "14400",
            "created_at": "2023-02-26T17:27:17+02:00",
            "description": "Va2Devqvnx6Mz0 (va2devqvnx6mz0)",
            "escalation_policy": "PQAH7SD",
            "html_url": "https://partner-webiscope.eu.pagerduty.com/service-directory/PJA0ZR2",
            "id": "PJA0ZR2",
            "incident_urgency_rule": [
              {
                "during_support_hours": [],
                "outside_support_hours": [],
                "type": "constant",
                "urgency": "high"
              }
            ],
            "last_incident_timestamp": "",
            "name": "Va2Devqvnx6Mz0",
            "response_play": null,
            "scheduled_actions": [],
            "status": "active",
            "support_hours": [],
            "type": "service"
          },
          "sensitive_attributes": [],
          "private": "bnVsbA==",
          "dependencies": [
            "data.pagerduty_escalation_policy.default"
          ]
        }
      ]
    },
    {
      "mode": "managed",
      "type": "pagerduty_service",
      "name": "Va2Prodgisxiq15",
      "provider": "provider[\"registry.terraform.io/pagerduty/pagerduty\"]",
      "instances": [
        {
          "schema_version": 0,
          "attributes": {
            "acknowledgement_timeout": "1800",
            "alert_creation": "create_incidents",
            "alert_grouping": null,
            "alert_grouping_parameters": [],
            "alert_grouping_timeout": "null",
            "auto_pause_notifications_parameters": [],
            "auto_resolve_timeout": "14400",
            "created_at": "2023-02-26T17:27:09+02:00",
            "description": "Va2Prodgisxiq15 (va2prodgisxiq15)",
            "escalation_policy": "PQAH7SD",
            "html_url": "https://partner-webiscope.eu.pagerduty.com/service-directory/PMQ1NZN",
            "id": "PMQ1NZN",
            "incident_urgency_rule": [
              {
                "during_support_hours": [],
                "outside_support_hours": [],
                "type": "constant",
                "urgency": "high"
              }
            ],
            "last_incident_timestamp": "",
            "name": "Va2Prodgisxiq15",
            "response_play": null,
            "scheduled_actions": [],
            "status": "active",
            "support_hours": [],
            "type": "service"
          },
          "sensitive_attributes": [],
          "private": "bnVsbA==",
          "dependencies": [
            "data.pagerduty_escalation_policy.default"
          ]
        }
      ]
    },
    {
      "mode": "managed",
      "type": "pagerduty_service",
      "name": "Ventureslab",
      "provider": "provider[\"registry.terraform.io/pagerduty/pagerduty\"]",
      "instances": [
        {
          "schema_version": 0,
          "attributes": {
            "acknowledgement_timeout": "1800",
            "alert_creation": "create_incidents",
            "alert_grouping": null,
            "alert_grouping_parameters": [],
            "alert_grouping_timeout": "null",
            "auto_pause_notifications_parameters": [],
            "auto_resolve_timeout": "14400",
            "created_at": "2023-02-26T17:27:14+02:00",
            "description": "Ventureslab (ventureslab)",
            "escalation_policy": "PQAH7SD",
            "html_url": "https://partner-webiscope.eu.pagerduty.com/service-directory/P8AIGXA",
            "id": "P8AIGXA",
            "incident_urgency_rule": [
              {
                "during_support_hours": [],
                "outside_support_hours": [],
                "type": "constant",
                "urgency": "high"
              }
            ],
            "last_incident_timestamp": "",
            "name": "Ventureslab",
            "response_play": null,
            "scheduled_actions": [],
            "status": "active",
            "support_hours": [],
            "type": "service"
          },
          "sensitive_attributes": [],
          "private": "bnVsbA==",
          "dependencies": [
            "data.pagerduty_escalation_policy.default"
          ]
        }
      ]
    },
    {
      "mode": "managed",
      "type": "pagerduty_service",
      "name": "Via",
      "provider": "provider[\"registry.terraform.io/pagerduty/pagerduty\"]",
      "instances": [
        {
          "schema_version": 0,
          "attributes": {
            "acknowledgement_timeout": "1800",
            "alert_creation": "create_incidents",
            "alert_grouping": null,
            "alert_grouping_parameters": [],
            "alert_grouping_timeout": "null",
            "auto_pause_notifications_parameters": [],
            "auto_resolve_timeout": "14400",
            "created_at": "2023-02-26T17:27:12+02:00",
            "description": "Via (via)",
            "escalation_policy": "PQAH7SD",
            "html_url": "https://partner-webiscope.eu.pagerduty.com/service-directory/PESK35V",
            "id": "PESK35V",
            "incident_urgency_rule": [
              {
                "during_support_hours": [],
                "outside_support_hours": [],
                "type": "constant",
                "urgency": "high"
              }
            ],
            "last_incident_timestamp": "",
            "name": "Via",
            "response_play": null,
            "scheduled_actions": [],
            "status": "active",
            "support_hours": [],
            "type": "service"
          },
          "sensitive_attributes": [],
          "private": "bnVsbA==",
          "dependencies": [
            "data.pagerduty_escalation_policy.default"
          ]
        }
      ]
    },
    {
      "mode": "managed",
      "type": "pagerduty_service",
      "name": "Viaaus",
      "provider": "provider[\"registry.terraform.io/pagerduty/pagerduty\"]",
      "instances": [
        {
          "schema_version": 0,
          "attributes": {
            "acknowledgement_timeout": "1800",
            "alert_creation": "create_incidents",
            "alert_grouping": null,
            "alert_grouping_parameters": [],
            "alert_grouping_timeout": "null",
            "auto_pause_notifications_parameters": [],
            "auto_resolve_timeout": "14400",
            "created_at": "2023-02-26T17:27:28+02:00",
            "description": "Viaaus (viaaus)",
            "escalation_policy": "PQAH7SD",
            "html_url": "https://partner-webiscope.eu.pagerduty.com/service-directory/P7VAAIZ",
            "id": "P7VAAIZ",
            "incident_urgency_rule": [
              {
                "during_support_hours": [],
                "outside_support_hours": [],
                "type": "constant",
                "urgency": "high"
              }
            ],
            "last_incident_timestamp": "",
            "name": "Viaaus",
            "response_play": null,
            "scheduled_actions": [],
            "status": "active",
            "support_hours": [],
            "type": "service"
          },
          "sensitive_attributes": [],
          "private": "bnVsbA==",
          "dependencies": [
            "data.pagerduty_escalation_policy.default"
          ]
        }
      ]
    },
    {
      "mode": "managed",
      "type": "pagerduty_service",
      "name": "Viastg",
      "provider": "provider[\"registry.terraform.io/pagerduty/pagerduty\"]",
      "instances": [
        {
          "schema_version": 0,
          "attributes": {
            "acknowledgement_timeout": "1800",
            "alert_creation": "create_incidents",
            "alert_grouping": null,
            "alert_grouping_parameters": [],
            "alert_grouping_timeout": "null",
            "auto_pause_notifications_parameters": [],
            "auto_resolve_timeout": "14400",
            "created_at": "2023-02-26T17:27:13+02:00",
            "description": "Viastg (viastg)",
            "escalation_policy": "PQAH7SD",
            "html_url": "https://partner-webiscope.eu.pagerduty.com/service-directory/PL00LV6",
            "id": "PL00LV6",
            "incident_urgency_rule": [
              {
                "during_support_hours": [],
                "outside_support_hours": [],
                "type": "constant",
                "urgency": "high"
              }
            ],
            "last_incident_timestamp": "",
            "name": "Viastg",
            "response_play": null,
            "scheduled_actions": [],
            "status": "active",
            "support_hours": [],
            "type": "service"
          },
          "sensitive_attributes": [],
          "private": "bnVsbA==",
          "dependencies": [
            "data.pagerduty_escalation_policy.default"
          ]
        }
      ]
    },
    {
      "mode": "managed",
      "type": "pagerduty_service",
      "name": "Viatyo",
      "provider": "provider[\"registry.terraform.io/pagerduty/pagerduty\"]",
      "instances": [
        {
          "schema_version": 0,
          "attributes": {
            "acknowledgement_timeout": "1800",
            "alert_creation": "create_incidents",
            "alert_grouping": null,
            "alert_grouping_parameters": [],
            "alert_grouping_timeout": "null",
            "auto_pause_notifications_parameters": [],
            "auto_resolve_timeout": "14400",
            "created_at": "2023-02-26T17:27:38+02:00",
            "description": "Viatyo (viatyo)",
            "escalation_policy": "PQAH7SD",
            "html_url": "https://partner-webiscope.eu.pagerduty.com/service-directory/PZ7AK45",
            "id": "PZ7AK45",
            "incident_urgency_rule": [
              {
                "during_support_hours": [],
                "outside_support_hours": [],
                "type": "constant",
                "urgency": "high"
              }
            ],
            "last_incident_timestamp": "",
            "name": "Viatyo",
            "response_play": null,
            "scheduled_actions": [],
            "status": "active",
            "support_hours": [],
            "type": "service"
          },
          "sensitive_attributes": [],
          "private": "bnVsbA==",
          "dependencies": [
            "data.pagerduty_escalation_policy.default"
          ]
        }
      ]
    },
    {
      "mode": "managed",
      "type": "pagerduty_service",
      "name": "Virtis",
      "provider": "provider[\"registry.terraform.io/pagerduty/pagerduty\"]",
      "instances": [
        {
          "schema_version": 0,
          "attributes": {
            "acknowledgement_timeout": "1800",
            "alert_creation": "create_incidents",
            "alert_grouping": null,
            "alert_grouping_parameters": [],
            "alert_grouping_timeout": "null",
            "auto_pause_notifications_parameters": [],
            "auto_resolve_timeout": "14400",
            "created_at": "2023-02-26T17:27:45+02:00",
            "description": "Virtis (virtis)",
            "escalation_policy": "PQAH7SD",
            "html_url": "https://partner-webiscope.eu.pagerduty.com/service-directory/PDD9NNA",
            "id": "PDD9NNA",
            "incident_urgency_rule": [
              {
                "during_support_hours": [],
                "outside_support_hours": [],
                "type": "constant",
                "urgency": "high"
              }
            ],
            "last_incident_timestamp": "",
            "name": "Virtis",
            "response_play": null,
            "scheduled_actions": [],
            "status": "active",
            "support_hours": [],
            "type": "service"
          },
          "sensitive_attributes": [],
          "private": "bnVsbA==",
          "dependencies": [
            "data.pagerduty_escalation_policy.default"
          ]
        }
      ]
    },
    {
      "mode": "managed",
      "type": "pagerduty_service",
      "name": "Virtisus",
      "provider": "provider[\"registry.terraform.io/pagerduty/pagerduty\"]",
      "instances": [
        {
          "schema_version": 0,
          "attributes": {
            "acknowledgement_timeout": "1800",
            "alert_creation": "create_incidents",
            "alert_grouping": null,
            "alert_grouping_parameters": [],
            "alert_grouping_timeout": "null",
            "auto_pause_notifications_parameters": [],
            "auto_resolve_timeout": "14400",
            "created_at": "2023-02-26T17:27:02+02:00",
            "description": "Virtisus (virtisus)",
            "escalation_policy": "PQAH7SD",
            "html_url": "https://partner-webiscope.eu.pagerduty.com/service-directory/P2XUKHL",
            "id": "P2XUKHL",
            "incident_urgency_rule": [
              {
                "during_support_hours": [],
                "outside_support_hours": [],
                "type": "constant",
                "urgency": "high"
              }
            ],
            "last_incident_timestamp": "",
            "name": "Virtisus",
            "response_play": null,
            "scheduled_actions": [],
            "status": "active",
            "support_hours": [],
            "type": "service"
          },
          "sensitive_attributes": [],
          "private": "bnVsbA==",
          "dependencies": [
            "data.pagerduty_escalation_policy.default"
          ]
        }
      ]
    },
    {
      "mode": "managed",
      "type": "pagerduty_service",
      "name": "Wallashops",
      "provider": "provider[\"registry.terraform.io/pagerduty/pagerduty\"]",
      "instances": [
        {
          "schema_version": 0,
          "attributes": {
            "acknowledgement_timeout": "1800",
            "alert_creation": "create_incidents",
            "alert_grouping": null,
            "alert_grouping_parameters": [],
            "alert_grouping_timeout": "null",
            "auto_pause_notifications_parameters": [],
            "auto_resolve_timeout": "14400",
            "created_at": "2023-02-26T17:27:16+02:00",
            "description": "Wallashops (wallashops)",
            "escalation_policy": "PQAH7SD",
            "html_url": "https://partner-webiscope.eu.pagerduty.com/service-directory/PD2JE1R",
            "id": "PD2JE1R",
            "incident_urgency_rule": [
              {
                "during_support_hours": [],
                "outside_support_hours": [],
                "type": "constant",
                "urgency": "high"
              }
            ],
            "last_incident_timestamp": "",
            "name": "Wallashops",
            "response_play": null,
            "scheduled_actions": [],
            "status": "active",
            "support_hours": [],
            "type": "service"
          },
          "sensitive_attributes": [],
          "private": "bnVsbA==",
          "dependencies": [
            "data.pagerduty_escalation_policy.default"
          ]
        }
      ]
    },
    {
      "mode": "managed",
      "type": "pagerduty_service",
      "name": "Wallatours",
      "provider": "provider[\"registry.terraform.io/pagerduty/pagerduty\"]",
      "instances": [
        {
          "schema_version": 0,
          "attributes": {
            "acknowledgement_timeout": "1800",
            "alert_creation": "create_incidents",
            "alert_grouping": null,
            "alert_grouping_parameters": [],
            "alert_grouping_timeout": "null",
            "auto_pause_notifications_parameters": [],
            "auto_resolve_timeout": "14400",
            "created_at": "2023-02-26T17:28:03+02:00",
            "description": "Wallatours (wallatours)",
            "escalation_policy": "PQAH7SD",
            "html_url": "https://partner-webiscope.eu.pagerduty.com/service-directory/PITZGJ8",
            "id": "PITZGJ8",
            "incident_urgency_rule": [
              {
                "during_support_hours": [],
                "outside_support_hours": [],
                "type": "constant",
                "urgency": "high"
              }
            ],
            "last_incident_timestamp": "",
            "name": "Wallatours",
            "response_play": null,
            "scheduled_actions": [],
            "status": "active",
            "support_hours": [],
            "type": "service"
          },
          "sensitive_attributes": [],
          "private": "bnVsbA==",
          "dependencies": [
            "data.pagerduty_escalation_policy.default"
          ]
        }
      ]
    },
    {
      "mode": "managed",
      "type": "pagerduty_service",
      "name": "Waves",
      "provider": "provider[\"registry.terraform.io/pagerduty/pagerduty\"]",
      "instances": [
        {
          "schema_version": 0,
          "attributes": {
            "acknowledgement_timeout": "1800",
            "alert_creation": "create_incidents",
            "alert_grouping": null,
            "alert_grouping_parameters": [],
            "alert_grouping_timeout": "null",
            "auto_pause_notifications_parameters": [],
            "auto_resolve_timeout": "14400",
            "created_at": "2023-02-26T17:27:18+02:00",
            "description": "Waves (waves)",
            "escalation_policy": "PQAH7SD",
            "html_url": "https://partner-webiscope.eu.pagerduty.com/service-directory/PYF3X9M",
            "id": "PYF3X9M",
            "incident_urgency_rule": [
              {
                "during_support_hours": [],
                "outside_support_hours": [],
                "type": "constant",
                "urgency": "high"
              }
            ],
            "last_incident_timestamp": "",
            "name": "Waves",
            "response_play": null,
            "scheduled_actions": [],
            "status": "active",
            "support_hours": [],
            "type": "service"
          },
          "sensitive_attributes": [],
          "private": "bnVsbA==",
          "dependencies": [
            "data.pagerduty_escalation_policy.default"
          ]
        }
      ]
    },
    {
      "mode": "managed",
      "type": "pagerduty_service",
      "name": "Wavesuat",
      "provider": "provider[\"registry.terraform.io/pagerduty/pagerduty\"]",
      "instances": [
        {
          "schema_version": 0,
          "attributes": {
            "acknowledgement_timeout": "1800",
            "alert_creation": "create_incidents",
            "alert_grouping": null,
            "alert_grouping_parameters": [],
            "alert_grouping_timeout": "null",
            "auto_pause_notifications_parameters": [],
            "auto_resolve_timeout": "14400",
            "created_at": "2023-02-26T17:27:44+02:00",
            "description": "Wavesuat (wavesuat)",
            "escalation_policy": "PQAH7SD",
            "html_url": "https://partner-webiscope.eu.pagerduty.com/service-directory/PI12U22",
            "id": "PI12U22",
            "incident_urgency_rule": [
              {
                "during_support_hours": [],
                "outside_support_hours": [],
                "type": "constant",
                "urgency": "high"
              }
            ],
            "last_incident_timestamp": "",
            "name": "Wavesuat",
            "response_play": null,
            "scheduled_actions": [],
            "status": "active",
            "support_hours": [],
            "type": "service"
          },
          "sensitive_attributes": [],
          "private": "bnVsbA==",
          "dependencies": [
            "data.pagerduty_escalation_policy.default"
          ]
        }
      ]
    },
    {
      "mode": "managed",
      "type": "pagerduty_service",
      "name": "Wego",
      "provider": "provider[\"registry.terraform.io/pagerduty/pagerduty\"]",
      "instances": [
        {
          "schema_version": 0,
          "attributes": {
            "acknowledgement_timeout": "1800",
            "alert_creation": "create_incidents",
            "alert_grouping": null,
            "alert_grouping_parameters": [],
            "alert_grouping_timeout": "null",
            "auto_pause_notifications_parameters": [],
            "auto_resolve_timeout": "14400",
            "created_at": "2023-02-26T17:28:06+02:00",
            "description": "Wego (wego)",
            "escalation_policy": "PQAH7SD",
            "html_url": "https://partner-webiscope.eu.pagerduty.com/service-directory/PWK7YD3",
            "id": "PWK7YD3",
            "incident_urgency_rule": [
              {
                "during_support_hours": [],
                "outside_support_hours": [],
                "type": "constant",
                "urgency": "high"
              }
            ],
            "last_incident_timestamp": "",
            "name": "Wego",
            "response_play": null,
            "scheduled_actions": [],
            "status": "active",
            "support_hours": [],
            "type": "service"
          },
          "sensitive_attributes": [],
          "private": "bnVsbA==",
          "dependencies": [
            "data.pagerduty_escalation_policy.default"
          ]
        }
      ]
    },
    {
      "mode": "managed",
      "type": "pagerduty_service",
      "name": "Wellht",
      "provider": "provider[\"registry.terraform.io/pagerduty/pagerduty\"]",
      "instances": [
        {
          "schema_version": 0,
          "attributes": {
            "acknowledgement_timeout": "1800",
            "alert_creation": "create_incidents",
            "alert_grouping": null,
            "alert_grouping_parameters": [],
            "alert_grouping_timeout": "null",
            "auto_pause_notifications_parameters": [],
            "auto_resolve_timeout": "14400",
            "created_at": "2023-02-26T17:27:04+02:00",
            "description": "Wellht (wellht)",
            "escalation_policy": "PQAH7SD",
            "html_url": "https://partner-webiscope.eu.pagerduty.com/service-directory/PH5KEQD",
            "id": "PH5KEQD",
            "incident_urgency_rule": [
              {
                "during_support_hours": [],
                "outside_support_hours": [],
                "type": "constant",
                "urgency": "high"
              }
            ],
            "last_incident_timestamp": "",
            "name": "Wellht",
            "response_play": null,
            "scheduled_actions": [],
            "status": "active",
            "support_hours": [],
            "type": "service"
          },
          "sensitive_attributes": [],
          "private": "bnVsbA==",
          "dependencies": [
            "data.pagerduty_escalation_policy.default"
          ]
        }
      ]
    },
    {
      "mode": "managed",
      "type": "pagerduty_service",
      "name": "Wesure",
      "provider": "provider[\"registry.terraform.io/pagerduty/pagerduty\"]",
      "instances": [
        {
          "schema_version": 0,
          "attributes": {
            "acknowledgement_timeout": "1800",
            "alert_creation": "create_incidents",
            "alert_grouping": null,
            "alert_grouping_parameters": [],
            "alert_grouping_timeout": "null",
            "auto_pause_notifications_parameters": [],
            "auto_resolve_timeout": "14400",
            "created_at": "2023-02-26T17:27:18+02:00",
            "description": "Wesure (wesure)",
            "escalation_policy": "PQAH7SD",
            "html_url": "https://partner-webiscope.eu.pagerduty.com/service-directory/PV5FWXZ",
            "id": "PV5FWXZ",
            "incident_urgency_rule": [
              {
                "during_support_hours": [],
                "outside_support_hours": [],
                "type": "constant",
                "urgency": "high"
              }
            ],
            "last_incident_timestamp": "",
            "name": "Wesure",
            "response_play": null,
            "scheduled_actions": [],
            "status": "active",
            "support_hours": [],
            "type": "service"
          },
          "sensitive_attributes": [],
          "private": "bnVsbA==",
          "dependencies": [
            "data.pagerduty_escalation_policy.default"
          ]
        }
      ]
    },
    {
      "mode": "managed",
      "type": "pagerduty_service",
      "name": "Wesureusa",
      "provider": "provider[\"registry.terraform.io/pagerduty/pagerduty\"]",
      "instances": [
        {
          "schema_version": 0,
          "attributes": {
            "acknowledgement_timeout": "1800",
            "alert_creation": "create_incidents",
            "alert_grouping": null,
            "alert_grouping_parameters": [],
            "alert_grouping_timeout": "null",
            "auto_pause_notifications_parameters": [],
            "auto_resolve_timeout": "14400",
            "created_at": "2023-02-26T17:28:00+02:00",
            "description": "Wesureusa (wesureusa)",
            "escalation_policy": "PQAH7SD",
            "html_url": "https://partner-webiscope.eu.pagerduty.com/service-directory/P3I70QT",
            "id": "P3I70QT",
            "incident_urgency_rule": [
              {
                "during_support_hours": [],
                "outside_support_hours": [],
                "type": "constant",
                "urgency": "high"
              }
            ],
            "last_incident_timestamp": "",
            "name": "Wesureusa",
            "response_play": null,
            "scheduled_actions": [],
            "status": "active",
            "support_hours": [],
            "type": "service"
          },
          "sensitive_attributes": [],
          "private": "bnVsbA==",
          "dependencies": [
            "data.pagerduty_escalation_policy.default"
          ]
        }
      ]
    },
    {
      "mode": "managed",
      "type": "pagerduty_service",
      "name": "Wisp",
      "provider": "provider[\"registry.terraform.io/pagerduty/pagerduty\"]",
      "instances": [
        {
          "schema_version": 0,
          "attributes": {
            "acknowledgement_timeout": "1800",
            "alert_creation": "create_incidents",
            "alert_grouping": null,
            "alert_grouping_parameters": [],
            "alert_grouping_timeout": "null",
            "auto_pause_notifications_parameters": [],
            "auto_resolve_timeout": "14400",
            "created_at": "2023-02-26T17:27:16+02:00",
            "description": "Wisp (wisp)",
            "escalation_policy": "PQAH7SD",
            "html_url": "https://partner-webiscope.eu.pagerduty.com/service-directory/P7MQAVY",
            "id": "P7MQAVY",
            "incident_urgency_rule": [
              {
                "during_support_hours": [],
                "outside_support_hours": [],
                "type": "constant",
                "urgency": "high"
              }
            ],
            "last_incident_timestamp": "",
            "name": "Wisp",
            "response_play": null,
            "scheduled_actions": [],
            "status": "active",
            "support_hours": [],
            "type": "service"
          },
          "sensitive_attributes": [],
          "private": "bnVsbA==",
          "dependencies": [
            "data.pagerduty_escalation_policy.default"
          ]
        }
      ]
    },
    {
      "mode": "managed",
      "type": "pagerduty_service",
      "name": "Wobi",
      "provider": "provider[\"registry.terraform.io/pagerduty/pagerduty\"]",
      "instances": [
        {
          "schema_version": 0,
          "attributes": {
            "acknowledgement_timeout": "1800",
            "alert_creation": "create_incidents",
            "alert_grouping": null,
            "alert_grouping_parameters": [],
            "alert_grouping_timeout": "null",
            "auto_pause_notifications_parameters": [],
            "auto_resolve_timeout": "14400",
            "created_at": "2023-02-26T17:27:06+02:00",
            "description": "Wobi (wobi)",
            "escalation_policy": "PQAH7SD",
            "html_url": "https://partner-webiscope.eu.pagerduty.com/service-directory/P7EYU3V",
            "id": "P7EYU3V",
            "incident_urgency_rule": [
              {
                "during_support_hours": [],
                "outside_support_hours": [],
                "type": "constant",
                "urgency": "high"
              }
            ],
            "last_incident_timestamp": "",
            "name": "Wobi",
            "response_play": null,
            "scheduled_actions": [],
            "status": "active",
            "support_hours": [],
            "type": "service"
          },
          "sensitive_attributes": [],
          "private": "bnVsbA==",
          "dependencies": [
            "data.pagerduty_escalation_policy.default"
          ]
        }
      ]
    },
    {
      "mode": "managed",
      "type": "pagerduty_service",
      "name": "Wscsports",
      "provider": "provider[\"registry.terraform.io/pagerduty/pagerduty\"]",
      "instances": [
        {
          "schema_version": 0,
          "attributes": {
            "acknowledgement_timeout": "1800",
            "alert_creation": "create_incidents",
            "alert_grouping": null,
            "alert_grouping_parameters": [],
            "alert_grouping_timeout": "null",
            "auto_pause_notifications_parameters": [],
            "auto_resolve_timeout": "14400",
            "created_at": "2023-02-26T17:27:49+02:00",
            "description": "Wscsports (wscsports)",
            "escalation_policy": "PQAH7SD",
            "html_url": "https://partner-webiscope.eu.pagerduty.com/service-directory/PFMWLIJ",
            "id": "PFMWLIJ",
            "incident_urgency_rule": [
              {
                "during_support_hours": [],
                "outside_support_hours": [],
                "type": "constant",
                "urgency": "high"
              }
            ],
            "last_incident_timestamp": "",
            "name": "Wscsports",
            "response_play": null,
            "scheduled_actions": [],
            "status": "active",
            "support_hours": [],
            "type": "service"
          },
          "sensitive_attributes": [],
          "private": "bnVsbA==",
          "dependencies": [
            "data.pagerduty_escalation_policy.default"
          ]
        }
      ]
    },
    {
      "mode": "managed",
      "type": "pagerduty_service",
      "name": "Xnes",
      "provider": "provider[\"registry.terraform.io/pagerduty/pagerduty\"]",
      "instances": [
        {
          "schema_version": 0,
          "attributes": {
            "acknowledgement_timeout": "1800",
            "alert_creation": "create_incidents",
            "alert_grouping": null,
            "alert_grouping_parameters": [],
            "alert_grouping_timeout": "null",
            "auto_pause_notifications_parameters": [],
            "auto_resolve_timeout": "14400",
            "created_at": "2023-02-26T17:28:05+02:00",
            "description": "Xnes (xnes)",
            "escalation_policy": "PQAH7SD",
            "html_url": "https://partner-webiscope.eu.pagerduty.com/service-directory/PLRSBWW",
            "id": "PLRSBWW",
            "incident_urgency_rule": [
              {
                "during_support_hours": [],
                "outside_support_hours": [],
                "type": "constant",
                "urgency": "high"
              }
            ],
            "last_incident_timestamp": "",
            "name": "Xnes",
            "response_play": null,
            "scheduled_actions": [],
            "status": "active",
            "support_hours": [],
            "type": "service"
          },
          "sensitive_attributes": [],
          "private": "bnVsbA==",
          "dependencies": [
            "data.pagerduty_escalation_policy.default"
          ]
        }
      ]
    },
    {
      "mode": "managed",
      "type": "pagerduty_service",
      "name": "Yarkon",
      "provider": "provider[\"registry.terraform.io/pagerduty/pagerduty\"]",
      "instances": [
        {
          "schema_version": 0,
          "attributes": {
            "acknowledgement_timeout": "1800",
            "alert_creation": "create_incidents",
            "alert_grouping": null,
            "alert_grouping_parameters": [],
            "alert_grouping_timeout": "null",
            "auto_pause_notifications_parameters": [],
            "auto_resolve_timeout": "14400",
            "created_at": "2023-02-26T17:27:02+02:00",
            "description": "Yarkon (yarkon)",
            "escalation_policy": "PQAH7SD",
            "html_url": "https://partner-webiscope.eu.pagerduty.com/service-directory/PTQ7HZP",
            "id": "PTQ7HZP",
            "incident_urgency_rule": [
              {
                "during_support_hours": [],
                "outside_support_hours": [],
                "type": "constant",
                "urgency": "high"
              }
            ],
            "last_incident_timestamp": "",
            "name": "Yarkon",
            "response_play": null,
            "scheduled_actions": [],
            "status": "active",
            "support_hours": [],
            "type": "service"
          },
          "sensitive_attributes": [],
          "private": "bnVsbA==",
          "dependencies": [
            "data.pagerduty_escalation_policy.default"
          ]
        }
      ]
    },
    {
      "mode": "managed",
      "type": "pagerduty_service",
      "name": "Zegna",
      "provider": "provider[\"registry.terraform.io/pagerduty/pagerduty\"]",
      "instances": [
        {
          "schema_version": 0,
          "attributes": {
            "acknowledgement_timeout": "1800",
            "alert_creation": "create_incidents",
            "alert_grouping": null,
            "alert_grouping_parameters": [],
            "alert_grouping_timeout": "null",
            "auto_pause_notifications_parameters": [],
            "auto_resolve_timeout": "14400",
            "created_at": "2023-02-26T17:27:10+02:00",
            "description": "Zegna (zegna)",
            "escalation_policy": "PQAH7SD",
            "html_url": "https://partner-webiscope.eu.pagerduty.com/service-directory/P6RY4MR",
            "id": "P6RY4MR",
            "incident_urgency_rule": [
              {
                "during_support_hours": [],
                "outside_support_hours": [],
                "type": "constant",
                "urgency": "high"
              }
            ],
            "last_incident_timestamp": "",
            "name": "Zegna",
            "response_play": null,
            "scheduled_actions": [],
            "status": "active",
            "support_hours": [],
            "type": "service"
          },
          "sensitive_attributes": [],
          "private": "bnVsbA==",
          "dependencies": [
            "data.pagerduty_escalation_policy.default"
          ]
        }
      ]
    },
    {
      "mode": "managed",
      "type": "pagerduty_service",
      "name": "Zegnarow",
      "provider": "provider[\"registry.terraform.io/pagerduty/pagerduty\"]",
      "instances": [
        {
          "schema_version": 0,
          "attributes": {
            "acknowledgement_timeout": "1800",
            "alert_creation": "create_incidents",
            "alert_grouping": null,
            "alert_grouping_parameters": [],
            "alert_grouping_timeout": "null",
            "auto_pause_notifications_parameters": [],
            "auto_resolve_timeout": "14400",
            "created_at": "2023-02-26T17:27:30+02:00",
            "description": "Zegnarow (zegnarow)",
            "escalation_policy": "PQAH7SD",
            "html_url": "https://partner-webiscope.eu.pagerduty.com/service-directory/P37HU47",
            "id": "P37HU47",
            "incident_urgency_rule": [
              {
                "during_support_hours": [],
                "outside_support_hours": [],
                "type": "constant",
                "urgency": "high"
              }
            ],
            "last_incident_timestamp": "",
            "name": "Zegnarow",
            "response_play": null,
            "scheduled_actions": [],
            "status": "active",
            "support_hours": [],
            "type": "service"
          },
          "sensitive_attributes": [],
          "private": "bnVsbA==",
          "dependencies": [
            "data.pagerduty_escalation_policy.default"
          ]
        }
      ]
    },
    {
      "mode": "managed",
      "type": "pagerduty_service",
      "name": "Zimmer",
      "provider": "provider[\"registry.terraform.io/pagerduty/pagerduty\"]",
      "instances": [
        {
          "schema_version": 0,
          "attributes": {
            "acknowledgement_timeout": "1800",
            "alert_creation": "create_incidents",
            "alert_grouping": null,
            "alert_grouping_parameters": [],
            "alert_grouping_timeout": "null",
            "auto_pause_notifications_parameters": [],
            "auto_resolve_timeout": "14400",
            "created_at": "2023-02-26T17:27:46+02:00",
            "description": "Zimmer (zimmer)",
            "escalation_policy": "PQAH7SD",
            "html_url": "https://partner-webiscope.eu.pagerduty.com/service-directory/PA3L9YN",
            "id": "PA3L9YN",
            "incident_urgency_rule": [
              {
                "during_support_hours": [],
                "outside_support_hours": [],
                "type": "constant",
                "urgency": "high"
              }
            ],
            "last_incident_timestamp": "",
            "name": "Zimmer",
            "response_play": null,
            "scheduled_actions": [],
            "status": "active",
            "support_hours": [],
            "type": "service"
          },
          "sensitive_attributes": [],
          "private": "bnVsbA==",
          "dependencies": [
            "data.pagerduty_escalation_policy.default"
          ]
        }
      ]
    },
    {
      "mode": "managed",
      "type": "pagerduty_service",
      "name": "Zoomanalytics",
      "provider": "provider[\"registry.terraform.io/pagerduty/pagerduty\"]",
      "instances": [
        {
          "schema_version": 0,
          "attributes": {
            "acknowledgement_timeout": "1800",
            "alert_creation": "create_incidents",
            "alert_grouping": null,
            "alert_grouping_parameters": [],
            "alert_grouping_timeout": "null",
            "auto_pause_notifications_parameters": [],
            "auto_resolve_timeout": "14400",
            "created_at": "2023-02-26T17:27:28+02:00",
            "description": "Zoomanalytics (zoomanalytics)",
            "escalation_policy": "PQAH7SD",
            "html_url": "https://partner-webiscope.eu.pagerduty.com/service-directory/PYMIDC2",
            "id": "PYMIDC2",
            "incident_urgency_rule": [
              {
                "during_support_hours": [],
                "outside_support_hours": [],
                "type": "constant",
                "urgency": "high"
              }
            ],
            "last_incident_timestamp": "",
            "name": "Zoomanalytics",
            "response_play": null,
            "scheduled_actions": [],
            "status": "active",
            "support_hours": [],
            "type": "service"
          },
          "sensitive_attributes": [],
          "private": "bnVsbA==",
          "dependencies": [
            "data.pagerduty_escalation_policy.default"
          ]
        }
      ]
    }
  ],
  "check_results": null
}
