{
  "version": 4,
  "terraform_version": "1.3.6",
  "serial": 347,
  "lineage": "2692e54b-4dbf-3d34-6b62-22628a568ad6",
  "outputs": {},
  "resources": [
    {
      "mode": "data",
      "type": "pagerduty_escalation_policy",
      "name": "default",
      "provider": "provider[\"registry.terraform.io/pagerduty/pagerduty\"]",
      "instances": [
        {
          "schema_version": 0,
          "attributes": {
            "id": "PQAH7SD",
            "name": "Default"
          },
          "sensitive_attributes": []
        }
      ]
    },
    {
      "mode": "data",
      "type": "pagerduty_service",
      "name": "devops",
      "provider": "provider[\"registry.terraform.io/pagerduty/pagerduty\"]",
      "instances": [
        {
          "schema_version": 0,
          "attributes": {
            "id": "PQ5NTX1",
            "name": "Devops",
            "type": "service"
          },
          "sensitive_attributes": []
        }
      ]
    },
    {
      "mode": "managed",
      "type": "pagerduty_event_orchestration",
      "name": "devops",
      "provider": "provider[\"registry.terraform.io/pagerduty/pagerduty\"]",
      "instances": [
        {
          "schema_version": 0,
          "attributes": {
            "description": "Send events from DevOps to a list of services",
            "id": "ef517705-fb2b-4e97-a53f-264f7c458b90",
            "integration": [
              {
                "id": "2eb31f39-6fc8-43ab-8960-b3a70f230dfc",
                "parameters": [
                  {
                    "routing_key": "R03DRKXW33T6M0ADHRL53NPPZQ16ZID9",
                    "type": "global"
                  }
                ]
              }
            ],
            "name": "Devops",
            "routes": 0,
            "team": null
          },
          "sensitive_attributes": [],
          "private": "bnVsbA=="
        }
      ]
    },
    {
      "mode": "managed",
      "type": "pagerduty_service",
      "name": "Ace",
      "provider": "provider[\"registry.terraform.io/pagerduty/pagerduty\"]",
      "instances": [
        {
          "schema_version": 0,
          "attributes": {
            "acknowledgement_timeout": "1800",
            "alert_creation": "create_incidents",
            "alert_grouping": null,
            "alert_grouping_parameters": [],
            "alert_grouping_timeout": "null",
            "auto_pause_notifications_parameters": null,
            "auto_resolve_timeout": "14400",
            "created_at": "2023-02-26T17:27:12+02:00",
            "description": "Ace (ace)",
            "escalation_policy": "PQAH7SD",
            "html_url": "https://partner-webiscope.eu.pagerduty.com/service-directory/P9PQMZC",
            "id": "P9PQMZC",
            "incident_urgency_rule": [
              {
                "during_support_hours": [],
                "outside_support_hours": [],
                "type": "constant",
                "urgency": "high"
              }
            ],
            "last_incident_timestamp": "",
            "name": "Ace",
            "response_play": null,
            "scheduled_actions": [],
            "status": "active",
            "support_hours": [],
            "type": "service"
          },
          "sensitive_attributes": [],
          "private": "bnVsbA==",
          "dependencies": [
            "data.pagerduty_escalation_policy.default"
          ]
        }
      ]
    },
    {
      "mode": "managed",
      "type": "pagerduty_service",
      "name": "AdTorqueEdgecom",
      "provider": "provider[\"registry.terraform.io/pagerduty/pagerduty\"]",
      "instances": [
        {
          "schema_version": 0,
          "attributes": {
            "acknowledgement_timeout": "1800",
            "alert_creation": "create_incidents",
            "alert_grouping": null,
            "alert_grouping_parameters": [],
            "alert_grouping_timeout": "null",
            "auto_pause_notifications_parameters": null,
            "auto_resolve_timeout": "14400",
            "created_at": "2023-02-26T17:27:38+02:00",
            "description": "AdTorqueEdgecom (adtorqueedge)",
            "escalation_policy": "PQAH7SD",
            "html_url": "https://partner-webiscope.eu.pagerduty.com/service-directory/P7DSHNC",
            "id": "P7DSHNC",
            "incident_urgency_rule": [
              {
                "during_support_hours": [],
                "outside_support_hours": [],
                "type": "constant",
                "urgency": "high"
              }
            ],
            "last_incident_timestamp": "",
            "name": "AdTorqueEdgecom",
            "response_play": null,
            "scheduled_actions": [],
            "status": "active",
            "support_hours": [],
            "type": "service"
          },
          "sensitive_attributes": [],
          "private": "bnVsbA==",
          "dependencies": [
            "data.pagerduty_escalation_policy.default"
          ]
        }
      ]
    },
    {
      "mode": "managed",
      "type": "pagerduty_service",
      "name": "Adama",
      "provider": "provider[\"registry.terraform.io/pagerduty/pagerduty\"]",
      "instances": [
        {
          "schema_version": 0,
          "attributes": {
            "acknowledgement_timeout": "1800",
            "alert_creation": "create_incidents",
            "alert_grouping": null,
            "alert_grouping_parameters": [],
            "alert_grouping_timeout": "null",
            "auto_pause_notifications_parameters": null,
            "auto_resolve_timeout": "14400",
            "created_at": "2023-02-26T17:27:20+02:00",
            "description": "Adama (adama)",
            "escalation_policy": "PQAH7SD",
            "html_url": "https://partner-webiscope.eu.pagerduty.com/service-directory/P302NC4",
            "id": "P302NC4",
            "incident_urgency_rule": [
              {
                "during_support_hours": [],
                "outside_support_hours": [],
                "type": "constant",
                "urgency": "high"
              }
            ],
            "last_incident_timestamp": "",
            "name": "Adama",
            "response_play": null,
            "scheduled_actions": [],
            "status": "active",
            "support_hours": [],
            "type": "service"
          },
          "sensitive_attributes": [],
          "private": "bnVsbA==",
          "dependencies": [
            "data.pagerduty_escalation_policy.default"
          ]
        }
      ]
    },
    {
      "mode": "managed",
      "type": "pagerduty_service",
      "name": "AeroLines",
      "provider": "provider[\"registry.terraform.io/pagerduty/pagerduty\"]",
      "instances": [
        {
          "schema_version": 0,
          "attributes": {
            "acknowledgement_timeout": "1800",
            "alert_creation": "create_incidents",
            "alert_grouping": null,
            "alert_grouping_parameters": [],
            "alert_grouping_timeout": "null",
            "auto_pause_notifications_parameters": null,
            "auto_resolve_timeout": "14400",
            "created_at": "2023-02-26T17:27:48+02:00",
            "description": "AeroLines (aerolineas)",
            "escalation_policy": "PQAH7SD",
            "html_url": "https://partner-webiscope.eu.pagerduty.com/service-directory/PZST3W8",
            "id": "PZST3W8",
            "incident_urgency_rule": [
              {
                "during_support_hours": [],
                "outside_support_hours": [],
                "type": "constant",
                "urgency": "high"
              }
            ],
            "last_incident_timestamp": "",
            "name": "AeroLines",
            "response_play": null,
            "scheduled_actions": [],
            "status": "active",
            "support_hours": [],
            "type": "service"
          },
          "sensitive_attributes": [],
          "private": "bnVsbA==",
          "dependencies": [
            "data.pagerduty_escalation_policy.default"
          ]
        }
      ]
    },
    {
      "mode": "managed",
      "type": "pagerduty_service",
      "name": "Agcpartn724293144879715090",
      "provider": "provider[\"registry.terraform.io/pagerduty/pagerduty\"]",
      "instances": [
        {
          "schema_version": 0,
          "attributes": {
            "acknowledgement_timeout": "1800",
            "alert_creation": "create_incidents",
            "alert_grouping": null,
            "alert_grouping_parameters": [],
            "alert_grouping_timeout": "null",
            "auto_pause_notifications_parameters": null,
            "auto_resolve_timeout": "14400",
            "created_at": "2023-02-26T17:27:26+02:00",
            "description": "Agcpartn724293144879715090 (agcpartn724293144879715090)",
            "escalation_policy": "PQAH7SD",
            "html_url": "https://partner-webiscope.eu.pagerduty.com/service-directory/P875GKB",
            "id": "P875GKB",
            "incident_urgency_rule": [
              {
                "during_support_hours": [],
                "outside_support_hours": [],
                "type": "constant",
                "urgency": "high"
              }
            ],
            "last_incident_timestamp": "",
            "name": "Agcpartn724293144879715090",
            "response_play": null,
            "scheduled_actions": [],
            "status": "active",
            "support_hours": [],
            "type": "service"
          },
          "sensitive_attributes": [],
          "private": "bnVsbA==",
          "dependencies": [
            "data.pagerduty_escalation_policy.default"
          ]
        }
      ]
    },
    {
      "mode": "managed",
      "type": "pagerduty_service",
      "name": "Alef",
      "provider": "provider[\"registry.terraform.io/pagerduty/pagerduty\"]",
      "instances": [
        {
          "schema_version": 0,
          "attributes": {
            "acknowledgement_timeout": "1800",
            "alert_creation": "create_incidents",
            "alert_grouping": null,
            "alert_grouping_parameters": [],
            "alert_grouping_timeout": "null",
            "auto_pause_notifications_parameters": null,
            "auto_resolve_timeout": "14400",
            "created_at": "2023-02-26T17:27:10+02:00",
            "description": "Alef (alef)",
            "escalation_policy": "PQAH7SD",
            "html_url": "https://partner-webiscope.eu.pagerduty.com/service-directory/PQA76R4",
            "id": "PQA76R4",
            "incident_urgency_rule": [
              {
                "during_support_hours": [],
                "outside_support_hours": [],
                "type": "constant",
                "urgency": "high"
              }
            ],
            "last_incident_timestamp": "",
            "name": "Alef",
            "response_play": null,
            "scheduled_actions": [],
            "status": "active",
            "support_hours": [],
            "type": "service"
          },
          "sensitive_attributes": [],
          "private": "bnVsbA==",
          "dependencies": [
            "data.pagerduty_escalation_policy.default"
          ]
        }
      ]
    },
    {
      "mode": "managed",
      "type": "pagerduty_service",
      "name": "Alice",
      "provider": "provider[\"registry.terraform.io/pagerduty/pagerduty\"]",
      "instances": [
        {
          "schema_version": 0,
          "attributes": {
            "acknowledgement_timeout": "1800",
            "alert_creation": "create_incidents",
            "alert_grouping": null,
            "alert_grouping_parameters": [],
            "alert_grouping_timeout": "null",
            "auto_pause_notifications_parameters": null,
            "auto_resolve_timeout": "14400",
            "created_at": "2023-02-26T17:27:51+02:00",
            "description": "Alice (alice)",
            "escalation_policy": "PQAH7SD",
            "html_url": "https://partner-webiscope.eu.pagerduty.com/service-directory/PFO1FGH",
            "id": "PFO1FGH",
            "incident_urgency_rule": [
              {
                "during_support_hours": [],
                "outside_support_hours": [],
                "type": "constant",
                "urgency": "high"
              }
            ],
            "last_incident_timestamp": "",
            "name": "Alice",
            "response_play": null,
            "scheduled_actions": [],
            "status": "active",
            "support_hours": [],
            "type": "service"
          },
          "sensitive_attributes": [],
          "private": "bnVsbA==",
          "dependencies": [
            "data.pagerduty_escalation_policy.default"
          ]
        }
      ]
    },
    {
      "mode": "managed",
      "type": "pagerduty_service",
      "name": "Alljobs",
      "provider": "provider[\"registry.terraform.io/pagerduty/pagerduty\"]",
      "instances": [
        {
          "schema_version": 0,
          "attributes": {
            "acknowledgement_timeout": "1800",
            "alert_creation": "create_incidents",
            "alert_grouping": null,
            "alert_grouping_parameters": [],
            "alert_grouping_timeout": "null",
            "auto_pause_notifications_parameters": null,
            "auto_resolve_timeout": "14400",
            "created_at": "2023-02-26T17:27:33+02:00",
            "description": "Alljobs (alljobs)",
            "escalation_policy": "PQAH7SD",
            "html_url": "https://partner-webiscope.eu.pagerduty.com/service-directory/PLSYOPP",
            "id": "PLSYOPP",
            "incident_urgency_rule": [
              {
                "during_support_hours": [],
                "outside_support_hours": [],
                "type": "constant",
                "urgency": "high"
              }
            ],
            "last_incident_timestamp": "",
            "name": "Alljobs",
            "response_play": null,
            "scheduled_actions": [],
            "status": "active",
            "support_hours": [],
            "type": "service"
          },
          "sensitive_attributes": [],
          "private": "bnVsbA==",
          "dependencies": [
            "data.pagerduty_escalation_policy.default"
          ]
        }
      ]
    },
    {
      "mode": "managed",
      "type": "pagerduty_service",
      "name": "Allot",
      "provider": "provider[\"registry.terraform.io/pagerduty/pagerduty\"]",
      "instances": [
        {
          "schema_version": 0,
          "attributes": {
            "acknowledgement_timeout": "1800",
            "alert_creation": "create_incidents",
            "alert_grouping": null,
            "alert_grouping_parameters": [],
            "alert_grouping_timeout": "null",
            "auto_pause_notifications_parameters": null,
            "auto_resolve_timeout": "14400",
            "created_at": "2023-02-26T17:27:28+02:00",
            "description": "Allot (allot)",
            "escalation_policy": "PQAH7SD",
            "html_url": "https://partner-webiscope.eu.pagerduty.com/service-directory/P3JPA69",
            "id": "P3JPA69",
            "incident_urgency_rule": [
              {
                "during_support_hours": [],
                "outside_support_hours": [],
                "type": "constant",
                "urgency": "high"
              }
            ],
            "last_incident_timestamp": "",
            "name": "Allot",
            "response_play": null,
            "scheduled_actions": [],
            "status": "active",
            "support_hours": [],
            "type": "service"
          },
          "sensitive_attributes": [],
          "private": "bnVsbA==",
          "dependencies": [
            "data.pagerduty_escalation_policy.default"
          ]
        }
      ]
    },
    {
      "mode": "managed",
      "type": "pagerduty_service",
      "name": "Alpha",
      "provider": "provider[\"registry.terraform.io/pagerduty/pagerduty\"]",
      "instances": [
        {
          "schema_version": 0,
          "attributes": {
            "acknowledgement_timeout": "1800",
            "alert_creation": "create_incidents",
            "alert_grouping": null,
            "alert_grouping_parameters": [],
            "alert_grouping_timeout": "null",
            "auto_pause_notifications_parameters": null,
            "auto_resolve_timeout": "14400",
            "created_at": "2023-02-26T17:27:15+02:00",
            "description": "Alpha (alpha)",
            "escalation_policy": "PQAH7SD",
            "html_url": "https://partner-webiscope.eu.pagerduty.com/service-directory/P51XFIN",
            "id": "P51XFIN",
            "incident_urgency_rule": [
              {
                "during_support_hours": [],
                "outside_support_hours": [],
                "type": "constant",
                "urgency": "high"
              }
            ],
            "last_incident_timestamp": "",
            "name": "Alpha",
            "response_play": null,
            "scheduled_actions": [],
            "status": "active",
            "support_hours": [],
            "type": "service"
          },
          "sensitive_attributes": [],
          "private": "bnVsbA==",
          "dependencies": [
            "data.pagerduty_escalation_policy.default"
          ]
        }
      ]
    },
    {
      "mode": "managed",
      "type": "pagerduty_service",
      "name": "Americane82018410522879632",
      "provider": "provider[\"registry.terraform.io/pagerduty/pagerduty\"]",
      "instances": [
        {
          "schema_version": 0,
          "attributes": {
            "acknowledgement_timeout": "1800",
            "alert_creation": "create_incidents",
            "alert_grouping": null,
            "alert_grouping_parameters": [],
            "alert_grouping_timeout": "null",
            "auto_pause_notifications_parameters": null,
            "auto_resolve_timeout": "14400",
            "created_at": "2023-02-26T17:27:49+02:00",
            "description": "Americane82018410522879632 (americane82018410522879632)",
            "escalation_policy": "PQAH7SD",
            "html_url": "https://partner-webiscope.eu.pagerduty.com/service-directory/PCQ8L6W",
            "id": "PCQ8L6W",
            "incident_urgency_rule": [
              {
                "during_support_hours": [],
                "outside_support_hours": [],
                "type": "constant",
                "urgency": "high"
              }
            ],
            "last_incident_timestamp": "",
            "name": "Americane82018410522879632",
            "response_play": null,
            "scheduled_actions": [],
            "status": "active",
            "support_hours": [],
            "type": "service"
          },
          "sensitive_attributes": [],
          "private": "bnVsbA==",
          "dependencies": [
            "data.pagerduty_escalation_policy.default"
          ]
        }
      ]
    },
    {
      "mode": "managed",
      "type": "pagerduty_service",
      "name": "Amidar",
      "provider": "provider[\"registry.terraform.io/pagerduty/pagerduty\"]",
      "instances": [
        {
          "schema_version": 0,
          "attributes": {
            "acknowledgement_timeout": "1800",
            "alert_creation": "create_incidents",
            "alert_grouping": null,
            "alert_grouping_parameters": [],
            "alert_grouping_timeout": "null",
            "auto_pause_notifications_parameters": null,
            "auto_resolve_timeout": "14400",
            "created_at": "2023-02-26T17:27:22+02:00",
            "description": "Amidar (amidar)",
            "escalation_policy": "PQAH7SD",
            "html_url": "https://partner-webiscope.eu.pagerduty.com/service-directory/PB1R8I8",
            "id": "PB1R8I8",
            "incident_urgency_rule": [
              {
                "during_support_hours": [],
                "outside_support_hours": [],
                "type": "constant",
                "urgency": "high"
              }
            ],
            "last_incident_timestamp": "",
            "name": "Amidar",
            "response_play": null,
            "scheduled_actions": [],
            "status": "active",
            "support_hours": [],
            "type": "service"
          },
          "sensitive_attributes": [],
          "private": "bnVsbA==",
          "dependencies": [
            "data.pagerduty_escalation_policy.default"
          ]
        }
      ]
    },
    {
      "mode": "managed",
      "type": "pagerduty_service",
      "name": "Apna",
      "provider": "provider[\"registry.terraform.io/pagerduty/pagerduty\"]",
      "instances": [
        {
          "schema_version": 0,
          "attributes": {
            "acknowledgement_timeout": "1800",
            "alert_creation": "create_incidents",
            "alert_grouping": null,
            "alert_grouping_parameters": [],
            "alert_grouping_timeout": "null",
            "auto_pause_notifications_parameters": null,
            "auto_resolve_timeout": "14400",
            "created_at": "2023-02-26T17:27:37+02:00",
            "description": "Apna (apna)",
            "escalation_policy": "PQAH7SD",
            "html_url": "https://partner-webiscope.eu.pagerduty.com/service-directory/PCGLKGV",
            "id": "PCGLKGV",
            "incident_urgency_rule": [
              {
                "during_support_hours": [],
                "outside_support_hours": [],
                "type": "constant",
                "urgency": "high"
              }
            ],
            "last_incident_timestamp": "",
            "name": "Apna",
            "response_play": null,
            "scheduled_actions": [],
            "status": "active",
            "support_hours": [],
            "type": "service"
          },
          "sensitive_attributes": [],
          "private": "bnVsbA==",
          "dependencies": [
            "data.pagerduty_escalation_policy.default"
          ]
        }
      ]
    },
    {
      "mode": "managed",
      "type": "pagerduty_service",
      "name": "Appviewx816140081204059790",
      "provider": "provider[\"registry.terraform.io/pagerduty/pagerduty\"]",
      "instances": [
        {
          "schema_version": 0,
          "attributes": {
            "acknowledgement_timeout": "1800",
            "alert_creation": "create_incidents",
            "alert_grouping": null,
            "alert_grouping_parameters": [],
            "alert_grouping_timeout": "null",
            "auto_pause_notifications_parameters": null,
            "auto_resolve_timeout": "14400",
            "created_at": "2023-02-26T17:27:37+02:00",
            "description": "Appviewx816140081204059790 (appviewx816140081204059790)",
            "escalation_policy": "PQAH7SD",
            "html_url": "https://partner-webiscope.eu.pagerduty.com/service-directory/PK2XM88",
            "id": "PK2XM88",
            "incident_urgency_rule": [
              {
                "during_support_hours": [],
                "outside_support_hours": [],
                "type": "constant",
                "urgency": "high"
              }
            ],
            "last_incident_timestamp": "",
            "name": "Appviewx816140081204059790",
            "response_play": null,
            "scheduled_actions": [],
            "status": "active",
            "support_hours": [],
            "type": "service"
          },
          "sensitive_attributes": [],
          "private": "bnVsbA==",
          "dependencies": [
            "data.pagerduty_escalation_policy.default"
          ]
        }
      ]
    },
    {
      "mode": "managed",
      "type": "pagerduty_service",
      "name": "Ariel",
      "provider": "provider[\"registry.terraform.io/pagerduty/pagerduty\"]",
      "instances": [
        {
          "schema_version": 0,
          "attributes": {
            "acknowledgement_timeout": "1800",
            "alert_creation": "create_incidents",
            "alert_grouping": null,
            "alert_grouping_parameters": [],
            "alert_grouping_timeout": "null",
            "auto_pause_notifications_parameters": null,
            "auto_resolve_timeout": "14400",
            "created_at": "2023-02-26T17:27:35+02:00",
            "description": "Ariel (ariel)",
            "escalation_policy": "PQAH7SD",
            "html_url": "https://partner-webiscope.eu.pagerduty.com/service-directory/P1HH503",
            "id": "P1HH503",
            "incident_urgency_rule": [
              {
                "during_support_hours": [],
                "outside_support_hours": [],
                "type": "constant",
                "urgency": "high"
              }
            ],
            "last_incident_timestamp": "",
            "name": "Ariel",
            "response_play": null,
            "scheduled_actions": [],
            "status": "active",
            "support_hours": [],
            "type": "service"
          },
          "sensitive_attributes": [],
          "private": "bnVsbA==",
          "dependencies": [
            "data.pagerduty_escalation_policy.default"
          ]
        }
      ]
    },
    {
      "mode": "managed",
      "type": "pagerduty_service",
      "name": "Armyph",
      "provider": "provider[\"registry.terraform.io/pagerduty/pagerduty\"]",
      "instances": [
        {
          "schema_version": 0,
          "attributes": {
            "acknowledgement_timeout": "1800",
            "alert_creation": "create_incidents",
            "alert_grouping": null,
            "alert_grouping_parameters": [],
            "alert_grouping_timeout": "null",
            "auto_pause_notifications_parameters": null,
            "auto_resolve_timeout": "14400",
            "created_at": "2023-02-26T17:27:23+02:00",
            "description": "Armyph (armyph)",
            "escalation_policy": "PQAH7SD",
            "html_url": "https://partner-webiscope.eu.pagerduty.com/service-directory/P2OX4A2",
            "id": "P2OX4A2",
            "incident_urgency_rule": [
              {
                "during_support_hours": [],
                "outside_support_hours": [],
                "type": "constant",
                "urgency": "high"
              }
            ],
            "last_incident_timestamp": "",
            "name": "Armyph",
            "response_play": null,
            "scheduled_actions": [],
            "status": "active",
            "support_hours": [],
            "type": "service"
          },
          "sensitive_attributes": [],
          "private": "bnVsbA==",
          "dependencies": [
            "data.pagerduty_escalation_policy.default"
          ]
        }
      ]
    },
    {
      "mode": "managed",
      "type": "pagerduty_service",
      "name": "Astro",
      "provider": "provider[\"registry.terraform.io/pagerduty/pagerduty\"]",
      "instances": [
        {
          "schema_version": 0,
          "attributes": {
            "acknowledgement_timeout": "1800",
            "alert_creation": "create_incidents",
            "alert_grouping": null,
            "alert_grouping_parameters": [],
            "alert_grouping_timeout": "null",
            "auto_pause_notifications_parameters": null,
            "auto_resolve_timeout": "14400",
            "created_at": "2023-02-26T17:27:40+02:00",
            "description": "Astro (astro)",
            "escalation_policy": "PQAH7SD",
            "html_url": "https://partner-webiscope.eu.pagerduty.com/service-directory/PYW5E23",
            "id": "PYW5E23",
            "incident_urgency_rule": [
              {
                "during_support_hours": [],
                "outside_support_hours": [],
                "type": "constant",
                "urgency": "high"
              }
            ],
            "last_incident_timestamp": "",
            "name": "Astro",
            "response_play": null,
            "scheduled_actions": [],
            "status": "active",
            "support_hours": [],
            "type": "service"
          },
          "sensitive_attributes": [],
          "private": "bnVsbA==",
          "dependencies": [
            "data.pagerduty_escalation_policy.default"
          ]
        }
      ]
    },
    {
      "mode": "managed",
      "type": "pagerduty_service",
      "name": "Avesta",
      "provider": "provider[\"registry.terraform.io/pagerduty/pagerduty\"]",
      "instances": [
        {
          "schema_version": 0,
          "attributes": {
            "acknowledgement_timeout": "1800",
            "alert_creation": "create_incidents",
            "alert_grouping": null,
            "alert_grouping_parameters": [],
            "alert_grouping_timeout": "null",
            "auto_pause_notifications_parameters": null,
            "auto_resolve_timeout": "14400",
            "created_at": "2023-02-26T17:28:00+02:00",
            "description": "Avesta (avesta)",
            "escalation_policy": "PQAH7SD",
            "html_url": "https://partner-webiscope.eu.pagerduty.com/service-directory/PO3G1F6",
            "id": "PO3G1F6",
            "incident_urgency_rule": [
              {
                "during_support_hours": [],
                "outside_support_hours": [],
                "type": "constant",
                "urgency": "high"
              }
            ],
            "last_incident_timestamp": "",
            "name": "Avesta",
            "response_play": null,
            "scheduled_actions": [],
            "status": "active",
            "support_hours": [],
            "type": "service"
          },
          "sensitive_attributes": [],
          "private": "bnVsbA==",
          "dependencies": [
            "data.pagerduty_escalation_policy.default"
          ]
        }
      ]
    },
    {
      "mode": "managed",
      "type": "pagerduty_service",
      "name": "Backlotcars",
      "provider": "provider[\"registry.terraform.io/pagerduty/pagerduty\"]",
      "instances": [
        {
          "schema_version": 0,
          "attributes": {
            "acknowledgement_timeout": "1800",
            "alert_creation": "create_incidents",
            "alert_grouping": null,
            "alert_grouping_parameters": [],
            "alert_grouping_timeout": "null",
            "auto_pause_notifications_parameters": null,
            "auto_resolve_timeout": "14400",
            "created_at": "2023-02-26T17:27:58+02:00",
            "description": "Backlotcars (backlotcars)",
            "escalation_policy": "PQAH7SD",
            "html_url": "https://partner-webiscope.eu.pagerduty.com/service-directory/P86074I",
            "id": "P86074I",
            "incident_urgency_rule": [
              {
                "during_support_hours": [],
                "outside_support_hours": [],
                "type": "constant",
                "urgency": "high"
              }
            ],
            "last_incident_timestamp": "",
            "name": "Backlotcars",
            "response_play": null,
            "scheduled_actions": [],
            "status": "active",
            "support_hours": [],
            "type": "service"
          },
          "sensitive_attributes": [],
          "private": "bnVsbA==",
          "dependencies": [
            "data.pagerduty_escalation_policy.default"
          ]
        }
      ]
    },
    {
      "mode": "managed",
      "type": "pagerduty_service",
      "name": "Baoyi",
      "provider": "provider[\"registry.terraform.io/pagerduty/pagerduty\"]",
      "instances": [
        {
          "schema_version": 0,
          "attributes": {
            "acknowledgement_timeout": "1800",
            "alert_creation": "create_incidents",
            "alert_grouping": null,
            "alert_grouping_parameters": [],
            "alert_grouping_timeout": "null",
            "auto_pause_notifications_parameters": null,
            "auto_resolve_timeout": "14400",
            "created_at": "2023-02-26T17:27:30+02:00",
            "description": "Baoyi (baoyi)",
            "escalation_policy": "PQAH7SD",
            "html_url": "https://partner-webiscope.eu.pagerduty.com/service-directory/PR2EW8N",
            "id": "PR2EW8N",
            "incident_urgency_rule": [
              {
                "during_support_hours": [],
                "outside_support_hours": [],
                "type": "constant",
                "urgency": "high"
              }
            ],
            "last_incident_timestamp": "",
            "name": "Baoyi",
            "response_play": null,
            "scheduled_actions": [],
            "status": "active",
            "support_hours": [],
            "type": "service"
          },
          "sensitive_attributes": [],
          "private": "bnVsbA==",
          "dependencies": [
            "data.pagerduty_escalation_policy.default"
          ]
        }
      ]
    },
    {
      "mode": "managed",
      "type": "pagerduty_service",
      "name": "Bdirector",
      "provider": "provider[\"registry.terraform.io/pagerduty/pagerduty\"]",
      "instances": [
        {
          "schema_version": 0,
          "attributes": {
            "acknowledgement_timeout": "1800",
            "alert_creation": "create_incidents",
            "alert_grouping": null,
            "alert_grouping_parameters": [],
            "alert_grouping_timeout": "null",
            "auto_pause_notifications_parameters": null,
            "auto_resolve_timeout": "14400",
            "created_at": "2023-02-26T17:27:48+02:00",
            "description": "Bdirector (bdirector)",
            "escalation_policy": "PQAH7SD",
            "html_url": "https://partner-webiscope.eu.pagerduty.com/service-directory/PVG52GI",
            "id": "PVG52GI",
            "incident_urgency_rule": [
              {
                "during_support_hours": [],
                "outside_support_hours": [],
                "type": "constant",
                "urgency": "high"
              }
            ],
            "last_incident_timestamp": "",
            "name": "Bdirector",
            "response_play": null,
            "scheduled_actions": [],
            "status": "active",
            "support_hours": [],
            "type": "service"
          },
          "sensitive_attributes": [],
          "private": "bnVsbA==",
          "dependencies": [
            "data.pagerduty_escalation_policy.default"
          ]
        }
      ]
    },
    {
      "mode": "managed",
      "type": "pagerduty_service",
      "name": "Berl",
      "provider": "provider[\"registry.terraform.io/pagerduty/pagerduty\"]",
      "instances": [
        {
          "schema_version": 0,
          "attributes": {
            "acknowledgement_timeout": "1800",
            "alert_creation": "create_incidents",
            "alert_grouping": null,
            "alert_grouping_parameters": [],
            "alert_grouping_timeout": "null",
            "auto_pause_notifications_parameters": null,
            "auto_resolve_timeout": "14400",
            "created_at": "2023-02-26T17:27:56+02:00",
            "description": "Berl (berl)",
            "escalation_policy": "PQAH7SD",
            "html_url": "https://partner-webiscope.eu.pagerduty.com/service-directory/PWCSSO0",
            "id": "PWCSSO0",
            "incident_urgency_rule": [
              {
                "during_support_hours": [],
                "outside_support_hours": [],
                "type": "constant",
                "urgency": "high"
              }
            ],
            "last_incident_timestamp": "",
            "name": "Berl",
            "response_play": null,
            "scheduled_actions": [],
            "status": "active",
            "support_hours": [],
            "type": "service"
          },
          "sensitive_attributes": [],
          "private": "bnVsbA==",
          "dependencies": [
            "data.pagerduty_escalation_policy.default"
          ]
        }
      ]
    },
    {
      "mode": "managed",
      "type": "pagerduty_service",
      "name": "Betfair",
      "provider": "provider[\"registry.terraform.io/pagerduty/pagerduty\"]",
      "instances": [
        {
          "schema_version": 0,
          "attributes": {
            "acknowledgement_timeout": "1800",
            "alert_creation": "create_incidents",
            "alert_grouping": null,
            "alert_grouping_parameters": [],
            "alert_grouping_timeout": "null",
            "auto_pause_notifications_parameters": null,
            "auto_resolve_timeout": "14400",
            "created_at": "2023-02-26T17:27:44+02:00",
            "description": "Betfair (betfair)",
            "escalation_policy": "PQAH7SD",
            "html_url": "https://partner-webiscope.eu.pagerduty.com/service-directory/PERETPC",
            "id": "PERETPC",
            "incident_urgency_rule": [
              {
                "during_support_hours": [],
                "outside_support_hours": [],
                "type": "constant",
                "urgency": "high"
              }
            ],
            "last_incident_timestamp": "",
            "name": "Betfair",
            "response_play": null,
            "scheduled_actions": [],
            "status": "active",
            "support_hours": [],
            "type": "service"
          },
          "sensitive_attributes": [],
          "private": "bnVsbA==",
          "dependencies": [
            "data.pagerduty_escalation_policy.default"
          ]
        }
      ]
    },
    {
      "mode": "managed",
      "type": "pagerduty_service",
      "name": "Betfaircasino",
      "provider": "provider[\"registry.terraform.io/pagerduty/pagerduty\"]",
      "instances": [
        {
          "schema_version": 0,
          "attributes": {
            "acknowledgement_timeout": "1800",
            "alert_creation": "create_incidents",
            "alert_grouping": null,
            "alert_grouping_parameters": [],
            "alert_grouping_timeout": "null",
            "auto_pause_notifications_parameters": null,
            "auto_resolve_timeout": "14400",
            "created_at": "2023-02-26T17:27:05+02:00",
            "description": "Betfaircasino (betfaircasino)",
            "escalation_policy": "PQAH7SD",
            "html_url": "https://partner-webiscope.eu.pagerduty.com/service-directory/P17UYDH",
            "id": "P17UYDH",
            "incident_urgency_rule": [
              {
                "during_support_hours": [],
                "outside_support_hours": [],
                "type": "constant",
                "urgency": "high"
              }
            ],
            "last_incident_timestamp": "",
            "name": "Betfaircasino",
            "response_play": null,
            "scheduled_actions": [],
            "status": "active",
            "support_hours": [],
            "type": "service"
          },
          "sensitive_attributes": [],
          "private": "bnVsbA==",
          "dependencies": [
            "data.pagerduty_escalation_policy.default"
          ]
        }
      ]
    },
    {
      "mode": "managed",
      "type": "pagerduty_service",
      "name": "Betfaircasinostg",
      "provider": "provider[\"registry.terraform.io/pagerduty/pagerduty\"]",
      "instances": [
        {
          "schema_version": 0,
          "attributes": {
            "acknowledgement_timeout": "1800",
            "alert_creation": "create_incidents",
            "alert_grouping": null,
            "alert_grouping_parameters": [],
            "alert_grouping_timeout": "null",
            "auto_pause_notifications_parameters": null,
            "auto_resolve_timeout": "14400",
            "created_at": "2023-02-26T17:27:19+02:00",
            "description": "Betfaircasinostg (betfaircasinostg)",
            "escalation_policy": "PQAH7SD",
            "html_url": "https://partner-webiscope.eu.pagerduty.com/service-directory/PFP7SZA",
            "id": "PFP7SZA",
            "incident_urgency_rule": [
              {
                "during_support_hours": [],
                "outside_support_hours": [],
                "type": "constant",
                "urgency": "high"
              }
            ],
            "last_incident_timestamp": "",
            "name": "Betfaircasinostg",
            "response_play": null,
            "scheduled_actions": [],
            "status": "active",
            "support_hours": [],
            "type": "service"
          },
          "sensitive_attributes": [],
          "private": "bnVsbA==",
          "dependencies": [
            "data.pagerduty_escalation_policy.default"
          ]
        }
      ]
    },
    {
      "mode": "managed",
      "type": "pagerduty_service",
      "name": "Betfairstg",
      "provider": "provider[\"registry.terraform.io/pagerduty/pagerduty\"]",
      "instances": [
        {
          "schema_version": 0,
          "attributes": {
            "acknowledgement_timeout": "1800",
            "alert_creation": "create_incidents",
            "alert_grouping": null,
            "alert_grouping_parameters": [],
            "alert_grouping_timeout": "null",
            "auto_pause_notifications_parameters": null,
            "auto_resolve_timeout": "14400",
            "created_at": "2023-02-26T17:27:14+02:00",
            "description": "Betfairstg (betfairstg)",
            "escalation_policy": "PQAH7SD",
            "html_url": "https://partner-webiscope.eu.pagerduty.com/service-directory/PWVFIBD",
            "id": "PWVFIBD",
            "incident_urgency_rule": [
              {
                "during_support_hours": [],
                "outside_support_hours": [],
                "type": "constant",
                "urgency": "high"
              }
            ],
            "last_incident_timestamp": "",
            "name": "Betfairstg",
            "response_play": null,
            "scheduled_actions": [],
            "status": "active",
            "support_hours": [],
            "type": "service"
          },
          "sensitive_attributes": [],
          "private": "bnVsbA==",
          "dependencies": [
            "data.pagerduty_escalation_policy.default"
          ]
        }
      ]
    },
    {
      "mode": "managed",
      "type": "pagerduty_service",
      "name": "Betterup",
      "provider": "provider[\"registry.terraform.io/pagerduty/pagerduty\"]",
      "instances": [
        {
          "schema_version": 0,
          "attributes": {
            "acknowledgement_timeout": "1800",
            "alert_creation": "create_incidents",
            "alert_grouping": null,
            "alert_grouping_parameters": [],
            "alert_grouping_timeout": "null",
            "auto_pause_notifications_parameters": null,
            "auto_resolve_timeout": "14400",
            "created_at": "2023-02-26T17:27:41+02:00",
            "description": "Betterup (betterup)",
            "escalation_policy": "PQAH7SD",
            "html_url": "https://partner-webiscope.eu.pagerduty.com/service-directory/PBTLYCR",
            "id": "PBTLYCR",
            "incident_urgency_rule": [
              {
                "during_support_hours": [],
                "outside_support_hours": [],
                "type": "constant",
                "urgency": "high"
              }
            ],
            "last_incident_timestamp": "",
            "name": "Betterup",
            "response_play": null,
            "scheduled_actions": [],
            "status": "active",
            "support_hours": [],
            "type": "service"
          },
          "sensitive_attributes": [],
          "private": "bnVsbA==",
          "dependencies": [
            "data.pagerduty_escalation_policy.default"
          ]
        }
      ]
    },
    {
      "mode": "managed",
      "type": "pagerduty_service",
      "name": "Bigimmer281521707765566363",
      "provider": "provider[\"registry.terraform.io/pagerduty/pagerduty\"]",
      "instances": [
        {
          "schema_version": 0,
          "attributes": {
            "acknowledgement_timeout": "1800",
            "alert_creation": "create_incidents",
            "alert_grouping": null,
            "alert_grouping_parameters": [],
            "alert_grouping_timeout": "null",
            "auto_pause_notifications_parameters": null,
            "auto_resolve_timeout": "14400",
            "created_at": "2023-02-26T17:28:02+02:00",
            "description": "Bigimmer281521707765566363 (bigimmer281521707765566363)",
            "escalation_policy": "PQAH7SD",
            "html_url": "https://partner-webiscope.eu.pagerduty.com/service-directory/PNSNID4",
            "id": "PNSNID4",
            "incident_urgency_rule": [
              {
                "during_support_hours": [],
                "outside_support_hours": [],
                "type": "constant",
                "urgency": "high"
              }
            ],
            "last_incident_timestamp": "",
            "name": "Bigimmer281521707765566363",
            "response_play": null,
            "scheduled_actions": [],
            "status": "active",
            "support_hours": [],
            "type": "service"
          },
          "sensitive_attributes": [],
          "private": "bnVsbA==",
          "dependencies": [
            "data.pagerduty_escalation_policy.default"
          ]
        }
      ]
    },
    {
      "mode": "managed",
      "type": "pagerduty_service",
      "name": "Biodata",
      "provider": "provider[\"registry.terraform.io/pagerduty/pagerduty\"]",
      "instances": [
        {
          "schema_version": 0,
          "attributes": {
            "acknowledgement_timeout": "1800",
            "alert_creation": "create_incidents",
            "alert_grouping": null,
            "alert_grouping_parameters": [],
            "alert_grouping_timeout": "null",
            "auto_pause_notifications_parameters": null,
            "auto_resolve_timeout": "14400",
            "created_at": "2023-02-26T17:27:28+02:00",
            "description": "Biodata (biodata)",
            "escalation_policy": "PQAH7SD",
            "html_url": "https://partner-webiscope.eu.pagerduty.com/service-directory/P0N1ZTJ",
            "id": "P0N1ZTJ",
            "incident_urgency_rule": [
              {
                "during_support_hours": [],
                "outside_support_hours": [],
                "type": "constant",
                "urgency": "high"
              }
            ],
            "last_incident_timestamp": "",
            "name": "Biodata",
            "response_play": null,
            "scheduled_actions": [],
            "status": "active",
            "support_hours": [],
            "type": "service"
          },
          "sensitive_attributes": [],
          "private": "bnVsbA==",
          "dependencies": [
            "data.pagerduty_escalation_policy.default"
          ]
        }
      ]
    },
    {
      "mode": "managed",
      "type": "pagerduty_service",
      "name": "Bitsofgold",
      "provider": "provider[\"registry.terraform.io/pagerduty/pagerduty\"]",
      "instances": [
        {
          "schema_version": 0,
          "attributes": {
            "acknowledgement_timeout": "1800",
            "alert_creation": "create_incidents",
            "alert_grouping": null,
            "alert_grouping_parameters": [],
            "alert_grouping_timeout": "null",
            "auto_pause_notifications_parameters": null,
            "auto_resolve_timeout": "14400",
            "created_at": "2023-02-26T17:27:30+02:00",
            "description": "Bitsofgold (bitsofgold)",
            "escalation_policy": "PQAH7SD",
            "html_url": "https://partner-webiscope.eu.pagerduty.com/service-directory/P6H5UGX",
            "id": "P6H5UGX",
            "incident_urgency_rule": [
              {
                "during_support_hours": [],
                "outside_support_hours": [],
                "type": "constant",
                "urgency": "high"
              }
            ],
            "last_incident_timestamp": "",
            "name": "Bitsofgold",
            "response_play": null,
            "scheduled_actions": [],
            "status": "active",
            "support_hours": [],
            "type": "service"
          },
          "sensitive_attributes": [],
          "private": "bnVsbA==",
          "dependencies": [
            "data.pagerduty_escalation_policy.default"
          ]
        }
      ]
    },
    {
      "mode": "managed",
      "type": "pagerduty_service",
      "name": "Bluegrid92868745751327215",
      "provider": "provider[\"registry.terraform.io/pagerduty/pagerduty\"]",
      "instances": [
        {
          "schema_version": 0,
          "attributes": {
            "acknowledgement_timeout": "1800",
            "alert_creation": "create_incidents",
            "alert_grouping": null,
            "alert_grouping_parameters": [],
            "alert_grouping_timeout": "null",
            "auto_pause_notifications_parameters": null,
            "auto_resolve_timeout": "14400",
            "created_at": "2023-02-26T17:27:42+02:00",
            "description": "Bluegrid92868745751327215 (bluegrid92868745751327215)",
            "escalation_policy": "PQAH7SD",
            "html_url": "https://partner-webiscope.eu.pagerduty.com/service-directory/P6QSV6Y",
            "id": "P6QSV6Y",
            "incident_urgency_rule": [
              {
                "during_support_hours": [],
                "outside_support_hours": [],
                "type": "constant",
                "urgency": "high"
              }
            ],
            "last_incident_timestamp": "",
            "name": "Bluegrid92868745751327215",
            "response_play": null,
            "scheduled_actions": [],
            "status": "active",
            "support_hours": [],
            "type": "service"
          },
          "sensitive_attributes": [],
          "private": "bnVsbA==",
          "dependencies": [
            "data.pagerduty_escalation_policy.default"
          ]
        }
      ]
    },
    {
      "mode": "managed",
      "type": "pagerduty_service",
      "name": "Bnhp",
      "provider": "provider[\"registry.terraform.io/pagerduty/pagerduty\"]",
      "instances": [
        {
          "schema_version": 0,
          "attributes": {
            "acknowledgement_timeout": "1800",
            "alert_creation": "create_incidents",
            "alert_grouping": null,
            "alert_grouping_parameters": [],
            "alert_grouping_timeout": "null",
            "auto_pause_notifications_parameters": null,
            "auto_resolve_timeout": "14400",
            "created_at": "2023-02-26T17:27:54+02:00",
            "description": "Bnhp (bnhp)",
            "escalation_policy": "PQAH7SD",
            "html_url": "https://partner-webiscope.eu.pagerduty.com/service-directory/P5JCVWZ",
            "id": "P5JCVWZ",
            "incident_urgency_rule": [
              {
                "during_support_hours": [],
                "outside_support_hours": [],
                "type": "constant",
                "urgency": "high"
              }
            ],
            "last_incident_timestamp": "",
            "name": "Bnhp",
            "response_play": null,
            "scheduled_actions": [],
            "status": "active",
            "support_hours": [],
            "type": "service"
          },
          "sensitive_attributes": [],
          "private": "bnVsbA==",
          "dependencies": [
            "data.pagerduty_escalation_policy.default"
          ]
        }
      ]
    },
    {
      "mode": "managed",
      "type": "pagerduty_service",
      "name": "Bnology",
      "provider": "provider[\"registry.terraform.io/pagerduty/pagerduty\"]",
      "instances": [
        {
          "schema_version": 0,
          "attributes": {
            "acknowledgement_timeout": "1800",
            "alert_creation": "create_incidents",
            "alert_grouping": null,
            "alert_grouping_parameters": [],
            "alert_grouping_timeout": "null",
            "auto_pause_notifications_parameters": null,
            "auto_resolve_timeout": "14400",
            "created_at": "2023-02-26T17:27:04+02:00",
            "description": "Bnology (bnology)",
            "escalation_policy": "PQAH7SD",
            "html_url": "https://partner-webiscope.eu.pagerduty.com/service-directory/P8T3A5X",
            "id": "P8T3A5X",
            "incident_urgency_rule": [
              {
                "during_support_hours": [],
                "outside_support_hours": [],
                "type": "constant",
                "urgency": "high"
              }
            ],
            "last_incident_timestamp": "",
            "name": "Bnology",
            "response_play": null,
            "scheduled_actions": [],
            "status": "active",
            "support_hours": [],
            "type": "service"
          },
          "sensitive_attributes": [],
          "private": "bnVsbA==",
          "dependencies": [
            "data.pagerduty_escalation_policy.default"
          ]
        }
      ]
    },
    {
      "mode": "managed",
      "type": "pagerduty_service",
      "name": "Boltreblaze",
      "provider": "provider[\"registry.terraform.io/pagerduty/pagerduty\"]",
      "instances": [
        {
          "schema_version": 0,
          "attributes": {
            "acknowledgement_timeout": "1800",
            "alert_creation": "create_incidents",
            "alert_grouping": null,
            "alert_grouping_parameters": [],
            "alert_grouping_timeout": "null",
            "auto_pause_notifications_parameters": null,
            "auto_resolve_timeout": "14400",
            "created_at": "2023-02-26T17:27:04+02:00",
            "description": "Boltreblaze (boltreblaze)",
            "escalation_policy": "PQAH7SD",
            "html_url": "https://partner-webiscope.eu.pagerduty.com/service-directory/PWO0C9A",
            "id": "PWO0C9A",
            "incident_urgency_rule": [
              {
                "during_support_hours": [],
                "outside_support_hours": [],
                "type": "constant",
                "urgency": "high"
              }
            ],
            "last_incident_timestamp": "",
            "name": "Boltreblaze",
            "response_play": null,
            "scheduled_actions": [],
            "status": "active",
            "support_hours": [],
            "type": "service"
          },
          "sensitive_attributes": [],
          "private": "bnVsbA==",
          "dependencies": [
            "data.pagerduty_escalation_policy.default"
          ]
        }
      ]
    },
    {
      "mode": "managed",
      "type": "pagerduty_service",
      "name": "Bookaway",
      "provider": "provider[\"registry.terraform.io/pagerduty/pagerduty\"]",
      "instances": [
        {
          "schema_version": 0,
          "attributes": {
            "acknowledgement_timeout": "1800",
            "alert_creation": "create_incidents",
            "alert_grouping": null,
            "alert_grouping_parameters": [],
            "alert_grouping_timeout": "null",
            "auto_pause_notifications_parameters": null,
            "auto_resolve_timeout": "14400",
            "created_at": "2023-02-26T17:27:52+02:00",
            "description": "Bookaway (bookaway)",
            "escalation_policy": "PQAH7SD",
            "html_url": "https://partner-webiscope.eu.pagerduty.com/service-directory/PN7VCO1",
            "id": "PN7VCO1",
            "incident_urgency_rule": [
              {
                "during_support_hours": [],
                "outside_support_hours": [],
                "type": "constant",
                "urgency": "high"
              }
            ],
            "last_incident_timestamp": "",
            "name": "Bookaway",
            "response_play": null,
            "scheduled_actions": [],
            "status": "active",
            "support_hours": [],
            "type": "service"
          },
          "sensitive_attributes": [],
          "private": "bnVsbA==",
          "dependencies": [
            "data.pagerduty_escalation_policy.default"
          ]
        }
      ]
    },
    {
      "mode": "managed",
      "type": "pagerduty_service",
      "name": "Box",
      "provider": "provider[\"registry.terraform.io/pagerduty/pagerduty\"]",
      "instances": [
        {
          "schema_version": 0,
          "attributes": {
            "acknowledgement_timeout": "1800",
            "alert_creation": "create_incidents",
            "alert_grouping": null,
            "alert_grouping_parameters": [],
            "alert_grouping_timeout": "null",
            "auto_pause_notifications_parameters": null,
            "auto_resolve_timeout": "14400",
            "created_at": "2023-02-26T17:27:16+02:00",
            "description": "Box (box)",
            "escalation_policy": "PQAH7SD",
            "html_url": "https://partner-webiscope.eu.pagerduty.com/service-directory/POYBB7L",
            "id": "POYBB7L",
            "incident_urgency_rule": [
              {
                "during_support_hours": [],
                "outside_support_hours": [],
                "type": "constant",
                "urgency": "high"
              }
            ],
            "last_incident_timestamp": "",
            "name": "Box",
            "response_play": null,
            "scheduled_actions": [],
            "status": "active",
            "support_hours": [],
            "type": "service"
          },
          "sensitive_attributes": [],
          "private": "bnVsbA==",
          "dependencies": [
            "data.pagerduty_escalation_policy.default"
          ]
        }
      ]
    },
    {
      "mode": "managed",
      "type": "pagerduty_service",
      "name": "Brasilseg",
      "provider": "provider[\"registry.terraform.io/pagerduty/pagerduty\"]",
      "instances": [
        {
          "schema_version": 0,
          "attributes": {
            "acknowledgement_timeout": "1800",
            "alert_creation": "create_incidents",
            "alert_grouping": null,
            "alert_grouping_parameters": [],
            "alert_grouping_timeout": "null",
            "auto_pause_notifications_parameters": null,
            "auto_resolve_timeout": "14400",
            "created_at": "2023-02-26T17:28:03+02:00",
            "description": "Brasilseg (brasilseg)",
            "escalation_policy": "PQAH7SD",
            "html_url": "https://partner-webiscope.eu.pagerduty.com/service-directory/PM2KHYY",
            "id": "PM2KHYY",
            "incident_urgency_rule": [
              {
                "during_support_hours": [],
                "outside_support_hours": [],
                "type": "constant",
                "urgency": "high"
              }
            ],
            "last_incident_timestamp": "",
            "name": "Brasilseg",
            "response_play": null,
            "scheduled_actions": [],
            "status": "active",
            "support_hours": [],
            "type": "service"
          },
          "sensitive_attributes": [],
          "private": "bnVsbA==",
          "dependencies": [
            "data.pagerduty_escalation_policy.default"
          ]
        }
      ]
    },
    {
      "mode": "managed",
      "type": "pagerduty_service",
      "name": "Cachcow",
      "provider": "provider[\"registry.terraform.io/pagerduty/pagerduty\"]",
      "instances": [
        {
          "schema_version": 0,
          "attributes": {
            "acknowledgement_timeout": "1800",
            "alert_creation": "create_incidents",
            "alert_grouping": null,
            "alert_grouping_parameters": [],
            "alert_grouping_timeout": "null",
            "auto_pause_notifications_parameters": null,
            "auto_resolve_timeout": "14400",
            "created_at": "2023-02-26T17:27:08+02:00",
            "description": "Cachcow (cachcow)",
            "escalation_policy": "PQAH7SD",
            "html_url": "https://partner-webiscope.eu.pagerduty.com/service-directory/PFFKS9Z",
            "id": "PFFKS9Z",
            "incident_urgency_rule": [
              {
                "during_support_hours": [],
                "outside_support_hours": [],
                "type": "constant",
                "urgency": "high"
              }
            ],
            "last_incident_timestamp": "",
            "name": "Cachcow",
            "response_play": null,
            "scheduled_actions": [],
            "status": "active",
            "support_hours": [],
            "type": "service"
          },
          "sensitive_attributes": [],
          "private": "bnVsbA==",
          "dependencies": [
            "data.pagerduty_escalation_policy.default"
          ]
        }
      ]
    },
    {
      "mode": "managed",
      "type": "pagerduty_service",
      "name": "Callkeysys",
      "provider": "provider[\"registry.terraform.io/pagerduty/pagerduty\"]",
      "instances": [
        {
          "schema_version": 0,
          "attributes": {
            "acknowledgement_timeout": "1800",
            "alert_creation": "create_incidents",
            "alert_grouping": null,
            "alert_grouping_parameters": [],
            "alert_grouping_timeout": "null",
            "auto_pause_notifications_parameters": null,
            "auto_resolve_timeout": "14400",
            "created_at": "2023-02-26T17:27:03+02:00",
            "description": "Callkeysys (callkeysys)",
            "escalation_policy": "PQAH7SD",
            "html_url": "https://partner-webiscope.eu.pagerduty.com/service-directory/P5VNFV9",
            "id": "P5VNFV9",
            "incident_urgency_rule": [
              {
                "during_support_hours": [],
                "outside_support_hours": [],
                "type": "constant",
                "urgency": "high"
              }
            ],
            "last_incident_timestamp": "",
            "name": "Callkeysys",
            "response_play": null,
            "scheduled_actions": [],
            "status": "active",
            "support_hours": [],
            "type": "service"
          },
          "sensitive_attributes": [],
          "private": "bnVsbA==",
          "dependencies": [
            "data.pagerduty_escalation_policy.default"
          ]
        }
      ]
    },
    {
      "mode": "managed",
      "type": "pagerduty_service",
      "name": "Cams",
      "provider": "provider[\"registry.terraform.io/pagerduty/pagerduty\"]",
      "instances": [
        {
          "schema_version": 0,
          "attributes": {
            "acknowledgement_timeout": "1800",
            "alert_creation": "create_incidents",
            "alert_grouping": null,
            "alert_grouping_parameters": [],
            "alert_grouping_timeout": "null",
            "auto_pause_notifications_parameters": null,
            "auto_resolve_timeout": "14400",
            "created_at": "2023-02-26T17:27:59+02:00",
            "description": "Cams (cams)",
            "escalation_policy": "PQAH7SD",
            "html_url": "https://partner-webiscope.eu.pagerduty.com/service-directory/PG7P5NM",
            "id": "PG7P5NM",
            "incident_urgency_rule": [
              {
                "during_support_hours": [],
                "outside_support_hours": [],
                "type": "constant",
                "urgency": "high"
              }
            ],
            "last_incident_timestamp": "",
            "name": "Cams",
            "response_play": null,
            "scheduled_actions": [],
            "status": "active",
            "support_hours": [],
            "type": "service"
          },
          "sensitive_attributes": [],
          "private": "bnVsbA==",
          "dependencies": [
            "data.pagerduty_escalation_policy.default"
          ]
        }
      ]
    },
    {
      "mode": "managed",
      "type": "pagerduty_service",
      "name": "Careblaze",
      "provider": "provider[\"registry.terraform.io/pagerduty/pagerduty\"]",
      "instances": [
        {
          "schema_version": 0,
          "attributes": {
            "acknowledgement_timeout": "1800",
            "alert_creation": "create_incidents",
            "alert_grouping": null,
            "alert_grouping_parameters": [],
            "alert_grouping_timeout": "null",
            "auto_pause_notifications_parameters": null,
            "auto_resolve_timeout": "14400",
            "created_at": "2023-02-26T17:27:45+02:00",
            "description": "Careblaze (careblaze)",
            "escalation_policy": "PQAH7SD",
            "html_url": "https://partner-webiscope.eu.pagerduty.com/service-directory/PKLIOCQ",
            "id": "PKLIOCQ",
            "incident_urgency_rule": [
              {
                "during_support_hours": [],
                "outside_support_hours": [],
                "type": "constant",
                "urgency": "high"
              }
            ],
            "last_incident_timestamp": "",
            "name": "Careblaze",
            "response_play": null,
            "scheduled_actions": [],
            "status": "active",
            "support_hours": [],
            "type": "service"
          },
          "sensitive_attributes": [],
          "private": "bnVsbA==",
          "dependencies": [
            "data.pagerduty_escalation_policy.default"
          ]
        }
      ]
    },
    {
      "mode": "managed",
      "type": "pagerduty_service",
      "name": "Careblazeqa",
      "provider": "provider[\"registry.terraform.io/pagerduty/pagerduty\"]",
      "instances": [
        {
          "schema_version": 0,
          "attributes": {
            "acknowledgement_timeout": "1800",
            "alert_creation": "create_incidents",
            "alert_grouping": null,
            "alert_grouping_parameters": [],
            "alert_grouping_timeout": "null",
            "auto_pause_notifications_parameters": null,
            "auto_resolve_timeout": "14400",
            "created_at": "2023-02-26T17:27:02+02:00",
            "description": "Careblazeqa (careblazeqa)",
            "escalation_policy": "PQAH7SD",
            "html_url": "https://partner-webiscope.eu.pagerduty.com/service-directory/P94YG7Z",
            "id": "P94YG7Z",
            "incident_urgency_rule": [
              {
                "during_support_hours": [],
                "outside_support_hours": [],
                "type": "constant",
                "urgency": "high"
              }
            ],
            "last_incident_timestamp": "",
            "name": "Careblazeqa",
            "response_play": null,
            "scheduled_actions": [],
            "status": "active",
            "support_hours": [],
            "type": "service"
          },
          "sensitive_attributes": [],
          "private": "bnVsbA==",
          "dependencies": [
            "data.pagerduty_escalation_policy.default"
          ]
        }
      ]
    },
    {
      "mode": "managed",
      "type": "pagerduty_service",
      "name": "Carrefoure",
      "provider": "provider[\"registry.terraform.io/pagerduty/pagerduty\"]",
      "instances": [
        {
          "schema_version": 0,
          "attributes": {
            "acknowledgement_timeout": "1800",
            "alert_creation": "create_incidents",
            "alert_grouping": null,
            "alert_grouping_parameters": [],
            "alert_grouping_timeout": "null",
            "auto_pause_notifications_parameters": null,
            "auto_resolve_timeout": "14400",
            "created_at": "2023-02-26T17:27:40+02:00",
            "description": "Carrefoure (carrefoure)",
            "escalation_policy": "PQAH7SD",
            "html_url": "https://partner-webiscope.eu.pagerduty.com/service-directory/P3SZAWN",
            "id": "P3SZAWN",
            "incident_urgency_rule": [
              {
                "during_support_hours": [],
                "outside_support_hours": [],
                "type": "constant",
                "urgency": "high"
              }
            ],
            "last_incident_timestamp": "",
            "name": "Carrefoure",
            "response_play": null,
            "scheduled_actions": [],
            "status": "active",
            "support_hours": [],
            "type": "service"
          },
          "sensitive_attributes": [],
          "private": "bnVsbA==",
          "dependencies": [
            "data.pagerduty_escalation_policy.default"
          ]
        }
      ]
    },
    {
      "mode": "managed",
      "type": "pagerduty_service",
      "name": "Cashcow",
      "provider": "provider[\"registry.terraform.io/pagerduty/pagerduty\"]",
      "instances": [
        {
          "schema_version": 0,
          "attributes": {
            "acknowledgement_timeout": "1800",
            "alert_creation": "create_incidents",
            "alert_grouping": null,
            "alert_grouping_parameters": [],
            "alert_grouping_timeout": "null",
            "auto_pause_notifications_parameters": null,
            "auto_resolve_timeout": "14400",
            "created_at": "2023-02-26T17:27:04+02:00",
            "description": "Cashcow (cashcow)",
            "escalation_policy": "PQAH7SD",
            "html_url": "https://partner-webiscope.eu.pagerduty.com/service-directory/PKF8F33",
            "id": "PKF8F33",
            "incident_urgency_rule": [
              {
                "during_support_hours": [],
                "outside_support_hours": [],
                "type": "constant",
                "urgency": "high"
              }
            ],
            "last_incident_timestamp": "",
            "name": "Cashcow",
            "response_play": null,
            "scheduled_actions": [],
            "status": "active",
            "support_hours": [],
            "type": "service"
          },
          "sensitive_attributes": [],
          "private": "bnVsbA==",
          "dependencies": [
            "data.pagerduty_escalation_policy.default"
          ]
        }
      ]
    },
    {
      "mode": "managed",
      "type": "pagerduty_service",
      "name": "Cecomhostproject01",
      "provider": "provider[\"registry.terraform.io/pagerduty/pagerduty\"]",
      "instances": [
        {
          "schema_version": 0,
          "attributes": {
            "acknowledgement_timeout": "1800",
            "alert_creation": "create_incidents",
            "alert_grouping": null,
            "alert_grouping_parameters": [],
            "alert_grouping_timeout": "null",
            "auto_pause_notifications_parameters": null,
            "auto_resolve_timeout": "14400",
            "created_at": "2023-02-26T17:28:03+02:00",
            "description": "Cecomhostproject01 (cecomhostproject01)",
            "escalation_policy": "PQAH7SD",
            "html_url": "https://partner-webiscope.eu.pagerduty.com/service-directory/P6FMI0E",
            "id": "P6FMI0E",
            "incident_urgency_rule": [
              {
                "during_support_hours": [],
                "outside_support_hours": [],
                "type": "constant",
                "urgency": "high"
              }
            ],
            "last_incident_timestamp": "",
            "name": "Cecomhostproject01",
            "response_play": null,
            "scheduled_actions": [],
            "status": "active",
            "support_hours": [],
            "type": "service"
          },
          "sensitive_attributes": [],
          "private": "bnVsbA==",
          "dependencies": [
            "data.pagerduty_escalation_policy.default"
          ]
        }
      ]
    },
    {
      "mode": "managed",
      "type": "pagerduty_service",
      "name": "Cecomhostprojectproduction",
      "provider": "provider[\"registry.terraform.io/pagerduty/pagerduty\"]",
      "instances": [
        {
          "schema_version": 0,
          "attributes": {
            "acknowledgement_timeout": "1800",
            "alert_creation": "create_incidents",
            "alert_grouping": null,
            "alert_grouping_parameters": [],
            "alert_grouping_timeout": "null",
            "auto_pause_notifications_parameters": null,
            "auto_resolve_timeout": "14400",
            "created_at": "2023-02-26T17:27:14+02:00",
            "description": "Cecomhostprojectproduction (cecomhostprojectproduction)",
            "escalation_policy": "PQAH7SD",
            "html_url": "https://partner-webiscope.eu.pagerduty.com/service-directory/PPN6HN0",
            "id": "PPN6HN0",
            "incident_urgency_rule": [
              {
                "during_support_hours": [],
                "outside_support_hours": [],
                "type": "constant",
                "urgency": "high"
              }
            ],
            "last_incident_timestamp": "",
            "name": "Cecomhostprojectproduction",
            "response_play": null,
            "scheduled_actions": [],
            "status": "active",
            "support_hours": [],
            "type": "service"
          },
          "sensitive_attributes": [],
          "private": "bnVsbA==",
          "dependencies": [
            "data.pagerduty_escalation_policy.default"
          ]
        }
      ]
    },
    {
      "mode": "managed",
      "type": "pagerduty_service",
      "name": "Cellexpertx",
      "provider": "provider[\"registry.terraform.io/pagerduty/pagerduty\"]",
      "instances": [
        {
          "schema_version": 0,
          "attributes": {
            "acknowledgement_timeout": "1800",
            "alert_creation": "create_incidents",
            "alert_grouping": null,
            "alert_grouping_parameters": [],
            "alert_grouping_timeout": "null",
            "auto_pause_notifications_parameters": null,
            "auto_resolve_timeout": "14400",
            "created_at": "2023-02-26T17:27:19+02:00",
            "description": "Cellexpertx (cellexpertx)",
            "escalation_policy": "PQAH7SD",
            "html_url": "https://partner-webiscope.eu.pagerduty.com/service-directory/PBCJRKN",
            "id": "PBCJRKN",
            "incident_urgency_rule": [
              {
                "during_support_hours": [],
                "outside_support_hours": [],
                "type": "constant",
                "urgency": "high"
              }
            ],
            "last_incident_timestamp": "",
            "name": "Cellexpertx",
            "response_play": null,
            "scheduled_actions": [],
            "status": "active",
            "support_hours": [],
            "type": "service"
          },
          "sensitive_attributes": [],
          "private": "bnVsbA==",
          "dependencies": [
            "data.pagerduty_escalation_policy.default"
          ]
        }
      ]
    },
    {
      "mode": "managed",
      "type": "pagerduty_service",
      "name": "Cellp02",
      "provider": "provider[\"registry.terraform.io/pagerduty/pagerduty\"]",
      "instances": [
        {
          "schema_version": 0,
          "attributes": {
            "acknowledgement_timeout": "1800",
            "alert_creation": "create_incidents",
            "alert_grouping": null,
            "alert_grouping_parameters": [],
            "alert_grouping_timeout": "null",
            "auto_pause_notifications_parameters": null,
            "auto_resolve_timeout": "14400",
            "created_at": "2023-02-26T17:27:22+02:00",
            "description": "Cellp02 (cellp02)",
            "escalation_policy": "PQAH7SD",
            "html_url": "https://partner-webiscope.eu.pagerduty.com/service-directory/PIN0N9L",
            "id": "PIN0N9L",
            "incident_urgency_rule": [
              {
                "during_support_hours": [],
                "outside_support_hours": [],
                "type": "constant",
                "urgency": "high"
              }
            ],
            "last_incident_timestamp": "",
            "name": "Cellp02",
            "response_play": null,
            "scheduled_actions": [],
            "status": "active",
            "support_hours": [],
            "type": "service"
          },
          "sensitive_attributes": [],
          "private": "bnVsbA==",
          "dependencies": [
            "data.pagerduty_escalation_policy.default"
          ]
        }
      ]
    },
    {
      "mode": "managed",
      "type": "pagerduty_service",
      "name": "Cetnew",
      "provider": "provider[\"registry.terraform.io/pagerduty/pagerduty\"]",
      "instances": [
        {
          "schema_version": 0,
          "attributes": {
            "acknowledgement_timeout": "1800",
            "alert_creation": "create_incidents",
            "alert_grouping": null,
            "alert_grouping_parameters": [],
            "alert_grouping_timeout": "null",
            "auto_pause_notifications_parameters": null,
            "auto_resolve_timeout": "14400",
            "created_at": "2023-02-26T17:27:20+02:00",
            "description": "Cetnew (cetnew)",
            "escalation_policy": "PQAH7SD",
            "html_url": "https://partner-webiscope.eu.pagerduty.com/service-directory/PY3YR7K",
            "id": "PY3YR7K",
            "incident_urgency_rule": [
              {
                "during_support_hours": [],
                "outside_support_hours": [],
                "type": "constant",
                "urgency": "high"
              }
            ],
            "last_incident_timestamp": "",
            "name": "Cetnew",
            "response_play": null,
            "scheduled_actions": [],
            "status": "active",
            "support_hours": [],
            "type": "service"
          },
          "sensitive_attributes": [],
          "private": "bnVsbA==",
          "dependencies": [
            "data.pagerduty_escalation_policy.default"
          ]
        }
      ]
    },
    {
      "mode": "managed",
      "type": "pagerduty_service",
      "name": "Cetprep",
      "provider": "provider[\"registry.terraform.io/pagerduty/pagerduty\"]",
      "instances": [
        {
          "schema_version": 0,
          "attributes": {
            "acknowledgement_timeout": "1800",
            "alert_creation": "create_incidents",
            "alert_grouping": null,
            "alert_grouping_parameters": [],
            "alert_grouping_timeout": "null",
            "auto_pause_notifications_parameters": null,
            "auto_resolve_timeout": "14400",
            "created_at": "2023-02-26T17:27:16+02:00",
            "description": "Cetprep (cetprep)",
            "escalation_policy": "PQAH7SD",
            "html_url": "https://partner-webiscope.eu.pagerduty.com/service-directory/PVHNCZB",
            "id": "PVHNCZB",
            "incident_urgency_rule": [
              {
                "during_support_hours": [],
                "outside_support_hours": [],
                "type": "constant",
                "urgency": "high"
              }
            ],
            "last_incident_timestamp": "",
            "name": "Cetprep",
            "response_play": null,
            "scheduled_actions": [],
            "status": "active",
            "support_hours": [],
            "type": "service"
          },
          "sensitive_attributes": [],
          "private": "bnVsbA==",
          "dependencies": [
            "data.pagerduty_escalation_policy.default"
          ]
        }
      ]
    },
    {
      "mode": "managed",
      "type": "pagerduty_service",
      "name": "Cetqa",
      "provider": "provider[\"registry.terraform.io/pagerduty/pagerduty\"]",
      "instances": [
        {
          "schema_version": 0,
          "attributes": {
            "acknowledgement_timeout": "1800",
            "alert_creation": "create_incidents",
            "alert_grouping": null,
            "alert_grouping_parameters": [],
            "alert_grouping_timeout": "null",
            "auto_pause_notifications_parameters": null,
            "auto_resolve_timeout": "14400",
            "created_at": "2023-02-26T17:27:24+02:00",
            "description": "Cetqa (cetqa)",
            "escalation_policy": "PQAH7SD",
            "html_url": "https://partner-webiscope.eu.pagerduty.com/service-directory/PDM73VW",
            "id": "PDM73VW",
            "incident_urgency_rule": [
              {
                "during_support_hours": [],
                "outside_support_hours": [],
                "type": "constant",
                "urgency": "high"
              }
            ],
            "last_incident_timestamp": "",
            "name": "Cetqa",
            "response_play": null,
            "scheduled_actions": [],
            "status": "active",
            "support_hours": [],
            "type": "service"
          },
          "sensitive_attributes": [],
          "private": "bnVsbA==",
          "dependencies": [
            "data.pagerduty_escalation_policy.default"
          ]
        }
      ]
    },
    {
      "mode": "managed",
      "type": "pagerduty_service",
      "name": "Cettesting",
      "provider": "provider[\"registry.terraform.io/pagerduty/pagerduty\"]",
      "instances": [
        {
          "schema_version": 0,
          "attributes": {
            "acknowledgement_timeout": "1800",
            "alert_creation": "create_incidents",
            "alert_grouping": null,
            "alert_grouping_parameters": [],
            "alert_grouping_timeout": "null",
            "auto_pause_notifications_parameters": null,
            "auto_resolve_timeout": "14400",
            "created_at": "2023-02-26T17:28:04+02:00",
            "description": "Cettesting (cettesting)",
            "escalation_policy": "PQAH7SD",
            "html_url": "https://partner-webiscope.eu.pagerduty.com/service-directory/PB80FUV",
            "id": "PB80FUV",
            "incident_urgency_rule": [
              {
                "during_support_hours": [],
                "outside_support_hours": [],
                "type": "constant",
                "urgency": "high"
              }
            ],
            "last_incident_timestamp": "",
            "name": "Cettesting",
            "response_play": null,
            "scheduled_actions": [],
            "status": "active",
            "support_hours": [],
            "type": "service"
          },
          "sensitive_attributes": [],
          "private": "bnVsbA==",
          "dependencies": [
            "data.pagerduty_escalation_policy.default"
          ]
        }
      ]
    },
    {
      "mode": "managed",
      "type": "pagerduty_service",
      "name": "Champion",
      "provider": "provider[\"registry.terraform.io/pagerduty/pagerduty\"]",
      "instances": [
        {
          "schema_version": 0,
          "attributes": {
            "acknowledgement_timeout": "1800",
            "alert_creation": "create_incidents",
            "alert_grouping": null,
            "alert_grouping_parameters": [],
            "alert_grouping_timeout": "null",
            "auto_pause_notifications_parameters": null,
            "auto_resolve_timeout": "14400",
            "created_at": "2023-02-26T17:27:32+02:00",
            "description": "Champion (champion)",
            "escalation_policy": "PQAH7SD",
            "html_url": "https://partner-webiscope.eu.pagerduty.com/service-directory/PB96SNO",
            "id": "PB96SNO",
            "incident_urgency_rule": [
              {
                "during_support_hours": [],
                "outside_support_hours": [],
                "type": "constant",
                "urgency": "high"
              }
            ],
            "last_incident_timestamp": "",
            "name": "Champion",
            "response_play": null,
            "scheduled_actions": [],
            "status": "active",
            "support_hours": [],
            "type": "service"
          },
          "sensitive_attributes": [],
          "private": "bnVsbA==",
          "dependencies": [
            "data.pagerduty_escalation_policy.default"
          ]
        }
      ]
    },
    {
      "mode": "managed",
      "type": "pagerduty_service",
      "name": "Chargeafter",
      "provider": "provider[\"registry.terraform.io/pagerduty/pagerduty\"]",
      "instances": [
        {
          "schema_version": 0,
          "attributes": {
            "acknowledgement_timeout": "1800",
            "alert_creation": "create_incidents",
            "alert_grouping": null,
            "alert_grouping_parameters": [],
            "alert_grouping_timeout": "null",
            "auto_pause_notifications_parameters": null,
            "auto_resolve_timeout": "14400",
            "created_at": "2023-02-26T17:27:16+02:00",
            "description": "Chargeafter (chargeafter)",
            "escalation_policy": "PQAH7SD",
            "html_url": "https://partner-webiscope.eu.pagerduty.com/service-directory/PZTYDP1",
            "id": "PZTYDP1",
            "incident_urgency_rule": [
              {
                "during_support_hours": [],
                "outside_support_hours": [],
                "type": "constant",
                "urgency": "high"
              }
            ],
            "last_incident_timestamp": "",
            "name": "Chargeafter",
            "response_play": null,
            "scheduled_actions": [],
            "status": "active",
            "support_hours": [],
            "type": "service"
          },
          "sensitive_attributes": [],
          "private": "bnVsbA==",
          "dependencies": [
            "data.pagerduty_escalation_policy.default"
          ]
        }
      ]
    },
    {
      "mode": "managed",
      "type": "pagerduty_service",
      "name": "Chargeafterstg",
      "provider": "provider[\"registry.terraform.io/pagerduty/pagerduty\"]",
      "instances": [
        {
          "schema_version": 0,
          "attributes": {
            "acknowledgement_timeout": "1800",
            "alert_creation": "create_incidents",
            "alert_grouping": null,
            "alert_grouping_parameters": [],
            "alert_grouping_timeout": "null",
            "auto_pause_notifications_parameters": null,
            "auto_resolve_timeout": "14400",
            "created_at": "2023-02-26T17:27:50+02:00",
            "description": "Chargeafterstg (chargeafterstg)",
            "escalation_policy": "PQAH7SD",
            "html_url": "https://partner-webiscope.eu.pagerduty.com/service-directory/PNJ0IQ3",
            "id": "PNJ0IQ3",
            "incident_urgency_rule": [
              {
                "during_support_hours": [],
                "outside_support_hours": [],
                "type": "constant",
                "urgency": "high"
              }
            ],
            "last_incident_timestamp": "",
            "name": "Chargeafterstg",
            "response_play": null,
            "scheduled_actions": [],
            "status": "active",
            "support_hours": [],
            "type": "service"
          },
          "sensitive_attributes": [],
          "private": "bnVsbA==",
          "dependencies": [
            "data.pagerduty_escalation_policy.default"
          ]
        }
      ]
    },
    {
      "mode": "managed",
      "type": "pagerduty_service",
      "name": "Chingari",
      "provider": "provider[\"registry.terraform.io/pagerduty/pagerduty\"]",
      "instances": [
        {
          "schema_version": 0,
          "attributes": {
            "acknowledgement_timeout": "1800",
            "alert_creation": "create_incidents",
            "alert_grouping": null,
            "alert_grouping_parameters": [],
            "alert_grouping_timeout": "null",
            "auto_pause_notifications_parameters": null,
            "auto_resolve_timeout": "14400",
            "created_at": "2023-02-26T17:28:10+02:00",
            "description": "Chingari (chingari)",
            "escalation_policy": "PQAH7SD",
            "html_url": "https://partner-webiscope.eu.pagerduty.com/service-directory/POOY879",
            "id": "POOY879",
            "incident_urgency_rule": [
              {
                "during_support_hours": [],
                "outside_support_hours": [],
                "type": "constant",
                "urgency": "high"
              }
            ],
            "last_incident_timestamp": "",
            "name": "Chingari",
            "response_play": null,
            "scheduled_actions": [],
            "status": "active",
            "support_hours": [],
            "type": "service"
          },
          "sensitive_attributes": [],
          "private": "bnVsbA==",
          "dependencies": [
            "data.pagerduty_escalation_policy.default"
          ]
        }
      ]
    },
    {
      "mode": "managed",
      "type": "pagerduty_service",
      "name": "Chiper639237995632723462",
      "provider": "provider[\"registry.terraform.io/pagerduty/pagerduty\"]",
      "instances": [
        {
          "schema_version": 0,
          "attributes": {
            "acknowledgement_timeout": "1800",
            "alert_creation": "create_incidents",
            "alert_grouping": null,
            "alert_grouping_parameters": [],
            "alert_grouping_timeout": "null",
            "auto_pause_notifications_parameters": null,
            "auto_resolve_timeout": "14400",
            "created_at": "2023-02-26T17:27:58+02:00",
            "description": "Chiper639237995632723462 (chiper639237995632723462)",
            "escalation_policy": "PQAH7SD",
            "html_url": "https://partner-webiscope.eu.pagerduty.com/service-directory/POFO7H8",
            "id": "POFO7H8",
            "incident_urgency_rule": [
              {
                "during_support_hours": [],
                "outside_support_hours": [],
                "type": "constant",
                "urgency": "high"
              }
            ],
            "last_incident_timestamp": "",
            "name": "Chiper639237995632723462",
            "response_play": null,
            "scheduled_actions": [],
            "status": "active",
            "support_hours": [],
            "type": "service"
          },
          "sensitive_attributes": [],
          "private": "bnVsbA==",
          "dependencies": [
            "data.pagerduty_escalation_policy.default"
          ]
        }
      ]
    },
    {
      "mode": "managed",
      "type": "pagerduty_service",
      "name": "Cleartrip",
      "provider": "provider[\"registry.terraform.io/pagerduty/pagerduty\"]",
      "instances": [
        {
          "schema_version": 0,
          "attributes": {
            "acknowledgement_timeout": "1800",
            "alert_creation": "create_incidents",
            "alert_grouping": null,
            "alert_grouping_parameters": [],
            "alert_grouping_timeout": "null",
            "auto_pause_notifications_parameters": null,
            "auto_resolve_timeout": "14400",
            "created_at": "2023-02-26T17:27:59+02:00",
            "description": "Cleartrip (cleartrip)",
            "escalation_policy": "PQAH7SD",
            "html_url": "https://partner-webiscope.eu.pagerduty.com/service-directory/PYLD3J9",
            "id": "PYLD3J9",
            "incident_urgency_rule": [
              {
                "during_support_hours": [],
                "outside_support_hours": [],
                "type": "constant",
                "urgency": "high"
              }
            ],
            "last_incident_timestamp": "",
            "name": "Cleartrip",
            "response_play": null,
            "scheduled_actions": [],
            "status": "active",
            "support_hours": [],
            "type": "service"
          },
          "sensitive_attributes": [],
          "private": "bnVsbA==",
          "dependencies": [
            "data.pagerduty_escalation_policy.default"
          ]
        }
      ]
    },
    {
      "mode": "managed",
      "type": "pagerduty_service",
      "name": "Cloudmd",
      "provider": "provider[\"registry.terraform.io/pagerduty/pagerduty\"]",
      "instances": [
        {
          "schema_version": 0,
          "attributes": {
            "acknowledgement_timeout": "1800",
            "alert_creation": "create_incidents",
            "alert_grouping": null,
            "alert_grouping_parameters": [],
            "alert_grouping_timeout": "null",
            "auto_pause_notifications_parameters": null,
            "auto_resolve_timeout": "14400",
            "created_at": "2023-02-26T17:27:18+02:00",
            "description": "Cloudmd (cloudmd)",
            "escalation_policy": "PQAH7SD",
            "html_url": "https://partner-webiscope.eu.pagerduty.com/service-directory/PRWUVI9",
            "id": "PRWUVI9",
            "incident_urgency_rule": [
              {
                "during_support_hours": [],
                "outside_support_hours": [],
                "type": "constant",
                "urgency": "high"
              }
            ],
            "last_incident_timestamp": "",
            "name": "Cloudmd",
            "response_play": null,
            "scheduled_actions": [],
            "status": "active",
            "support_hours": [],
            "type": "service"
          },
          "sensitive_attributes": [],
          "private": "bnVsbA==",
          "dependencies": [
            "data.pagerduty_escalation_policy.default"
          ]
        }
      ]
    },
    {
      "mode": "managed",
      "type": "pagerduty_service",
      "name": "Cloudwm",
      "provider": "provider[\"registry.terraform.io/pagerduty/pagerduty\"]",
      "instances": [
        {
          "schema_version": 0,
          "attributes": {
            "acknowledgement_timeout": "1800",
            "alert_creation": "create_incidents",
            "alert_grouping": null,
            "alert_grouping_parameters": [],
            "alert_grouping_timeout": "null",
            "auto_pause_notifications_parameters": null,
            "auto_resolve_timeout": "14400",
            "created_at": "2023-02-26T17:27:39+02:00",
            "description": "Cloudwm (cloudwm)",
            "escalation_policy": "PQAH7SD",
            "html_url": "https://partner-webiscope.eu.pagerduty.com/service-directory/PFEEFTG",
            "id": "PFEEFTG",
            "incident_urgency_rule": [
              {
                "during_support_hours": [],
                "outside_support_hours": [],
                "type": "constant",
                "urgency": "high"
              }
            ],
            "last_incident_timestamp": "",
            "name": "Cloudwm",
            "response_play": null,
            "scheduled_actions": [],
            "status": "active",
            "support_hours": [],
            "type": "service"
          },
          "sensitive_attributes": [],
          "private": "bnVsbA==",
          "dependencies": [
            "data.pagerduty_escalation_policy.default"
          ]
        }
      ]
    },
    {
      "mode": "managed",
      "type": "pagerduty_service",
      "name": "Coinberry",
      "provider": "provider[\"registry.terraform.io/pagerduty/pagerduty\"]",
      "instances": [
        {
          "schema_version": 0,
          "attributes": {
            "acknowledgement_timeout": "1800",
            "alert_creation": "create_incidents",
            "alert_grouping": null,
            "alert_grouping_parameters": [],
            "alert_grouping_timeout": "null",
            "auto_pause_notifications_parameters": null,
            "auto_resolve_timeout": "14400",
            "created_at": "2023-02-26T17:27:46+02:00",
            "description": "Coinberry (coinberry)",
            "escalation_policy": "PQAH7SD",
            "html_url": "https://partner-webiscope.eu.pagerduty.com/service-directory/P8ZD6EH",
            "id": "P8ZD6EH",
            "incident_urgency_rule": [
              {
                "during_support_hours": [],
                "outside_support_hours": [],
                "type": "constant",
                "urgency": "high"
              }
            ],
            "last_incident_timestamp": "",
            "name": "Coinberry",
            "response_play": null,
            "scheduled_actions": [],
            "status": "active",
            "support_hours": [],
            "type": "service"
          },
          "sensitive_attributes": [],
          "private": "bnVsbA==",
          "dependencies": [
            "data.pagerduty_escalation_policy.default"
          ]
        }
      ]
    },
    {
      "mode": "managed",
      "type": "pagerduty_service",
      "name": "Colman",
      "provider": "provider[\"registry.terraform.io/pagerduty/pagerduty\"]",
      "instances": [
        {
          "schema_version": 0,
          "attributes": {
            "acknowledgement_timeout": "1800",
            "alert_creation": "create_incidents",
            "alert_grouping": null,
            "alert_grouping_parameters": [],
            "alert_grouping_timeout": "null",
            "auto_pause_notifications_parameters": null,
            "auto_resolve_timeout": "14400",
            "created_at": "2023-02-26T17:27:39+02:00",
            "description": "Colman (colman)",
            "escalation_policy": "PQAH7SD",
            "html_url": "https://partner-webiscope.eu.pagerduty.com/service-directory/PC5TEET",
            "id": "PC5TEET",
            "incident_urgency_rule": [
              {
                "during_support_hours": [],
                "outside_support_hours": [],
                "type": "constant",
                "urgency": "high"
              }
            ],
            "last_incident_timestamp": "",
            "name": "Colman",
            "response_play": null,
            "scheduled_actions": [],
            "status": "active",
            "support_hours": [],
            "type": "service"
          },
          "sensitive_attributes": [],
          "private": "bnVsbA==",
          "dependencies": [
            "data.pagerduty_escalation_policy.default"
          ]
        }
      ]
    },
    {
      "mode": "managed",
      "type": "pagerduty_service",
      "name": "Comda",
      "provider": "provider[\"registry.terraform.io/pagerduty/pagerduty\"]",
      "instances": [
        {
          "schema_version": 0,
          "attributes": {
            "acknowledgement_timeout": "1800",
            "alert_creation": "create_incidents",
            "alert_grouping": null,
            "alert_grouping_parameters": [],
            "alert_grouping_timeout": "null",
            "auto_pause_notifications_parameters": null,
            "auto_resolve_timeout": "14400",
            "created_at": "2023-02-26T17:28:09+02:00",
            "description": "Comda comda)",
            "escalation_policy": "PQAH7SD",
            "html_url": "https://partner-webiscope.eu.pagerduty.com/service-directory/PZ6VNOP",
            "id": "PZ6VNOP",
            "incident_urgency_rule": [
              {
                "during_support_hours": [],
                "outside_support_hours": [],
                "type": "constant",
                "urgency": "high"
              }
            ],
            "last_incident_timestamp": "",
            "name": "Comda",
            "response_play": null,
            "scheduled_actions": [],
            "status": "active",
            "support_hours": [],
            "type": "service"
          },
          "sensitive_attributes": [],
          "private": "bnVsbA==",
          "dependencies": [
            "data.pagerduty_escalation_policy.default"
          ]
        }
      ]
    },
    {
      "mode": "managed",
      "type": "pagerduty_service",
      "name": "Como",
      "provider": "provider[\"registry.terraform.io/pagerduty/pagerduty\"]",
      "instances": [
        {
          "schema_version": 0,
          "attributes": {
            "acknowledgement_timeout": "1800",
            "alert_creation": "create_incidents",
            "alert_grouping": null,
            "alert_grouping_parameters": [],
            "alert_grouping_timeout": "null",
            "auto_pause_notifications_parameters": null,
            "auto_resolve_timeout": "14400",
            "created_at": "2023-02-26T17:28:09+02:00",
            "description": "Como como)",
            "escalation_policy": "PQAH7SD",
            "html_url": "https://partner-webiscope.eu.pagerduty.com/service-directory/PCFGO0C",
            "id": "PCFGO0C",
            "incident_urgency_rule": [
              {
                "during_support_hours": [],
                "outside_support_hours": [],
                "type": "constant",
                "urgency": "high"
              }
            ],
            "last_incident_timestamp": "",
            "name": "Como",
            "response_play": null,
            "scheduled_actions": [],
            "status": "active",
            "support_hours": [],
            "type": "service"
          },
          "sensitive_attributes": [],
          "private": "bnVsbA==",
          "dependencies": [
            "data.pagerduty_escalation_policy.default"
          ]
        }
      ]
    },
    {
      "mode": "managed",
      "type": "pagerduty_service",
      "name": "Copia",
      "provider": "provider[\"registry.terraform.io/pagerduty/pagerduty\"]",
      "instances": [
        {
          "schema_version": 0,
          "attributes": {
            "acknowledgement_timeout": "1800",
            "alert_creation": "create_incidents",
            "alert_grouping": null,
            "alert_grouping_parameters": [],
            "alert_grouping_timeout": "null",
            "auto_pause_notifications_parameters": null,
            "auto_resolve_timeout": "14400",
            "created_at": "2023-02-26T17:27:19+02:00",
            "description": "Copia (copia)",
            "escalation_policy": "PQAH7SD",
            "html_url": "https://partner-webiscope.eu.pagerduty.com/service-directory/PILVTP0",
            "id": "PILVTP0",
            "incident_urgency_rule": [
              {
                "during_support_hours": [],
                "outside_support_hours": [],
                "type": "constant",
                "urgency": "high"
              }
            ],
            "last_incident_timestamp": "",
            "name": "Copia",
            "response_play": null,
            "scheduled_actions": [],
            "status": "active",
            "support_hours": [],
            "type": "service"
          },
          "sensitive_attributes": [],
          "private": "bnVsbA==",
          "dependencies": [
            "data.pagerduty_escalation_policy.default"
          ]
        }
      ]
    },
    {
      "mode": "managed",
      "type": "pagerduty_service",
      "name": "Cotohacfgwservice6Epszaaf",
      "provider": "provider[\"registry.terraform.io/pagerduty/pagerduty\"]",
      "instances": [
        {
          "schema_version": 0,
          "attributes": {
            "acknowledgement_timeout": "1800",
            "alert_creation": "create_incidents",
            "alert_grouping": null,
            "alert_grouping_parameters": [],
            "alert_grouping_timeout": "null",
            "auto_pause_notifications_parameters": null,
            "auto_resolve_timeout": "14400",
            "created_at": "2023-02-26T17:27:09+02:00",
            "description": "Cotohacfgwservice6Epszaaf (cotohacfgwservice6epszaaf)",
            "escalation_policy": "PQAH7SD",
            "html_url": "https://partner-webiscope.eu.pagerduty.com/service-directory/PF4S97X",
            "id": "PF4S97X",
            "incident_urgency_rule": [
              {
                "during_support_hours": [],
                "outside_support_hours": [],
                "type": "constant",
                "urgency": "high"
              }
            ],
            "last_incident_timestamp": "",
            "name": "Cotohacfgwservice6Epszaaf",
            "response_play": null,
            "scheduled_actions": [],
            "status": "active",
            "support_hours": [],
            "type": "service"
          },
          "sensitive_attributes": [],
          "private": "bnVsbA==",
          "dependencies": [
            "data.pagerduty_escalation_policy.default"
          ]
        }
      ]
    },
    {
      "mode": "managed",
      "type": "pagerduty_service",
      "name": "Cruiseit",
      "provider": "provider[\"registry.terraform.io/pagerduty/pagerduty\"]",
      "instances": [
        {
          "schema_version": 0,
          "attributes": {
            "acknowledgement_timeout": "1800",
            "alert_creation": "create_incidents",
            "alert_grouping": null,
            "alert_grouping_parameters": [],
            "alert_grouping_timeout": "null",
            "auto_pause_notifications_parameters": null,
            "auto_resolve_timeout": "14400",
            "created_at": "2023-02-26T17:27:15+02:00",
            "description": "Cruiseit (cruiseit)",
            "escalation_policy": "PQAH7SD",
            "html_url": "https://partner-webiscope.eu.pagerduty.com/service-directory/PKOVFT4",
            "id": "PKOVFT4",
            "incident_urgency_rule": [
              {
                "during_support_hours": [],
                "outside_support_hours": [],
                "type": "constant",
                "urgency": "high"
              }
            ],
            "last_incident_timestamp": "",
            "name": "Cruiseit",
            "response_play": null,
            "scheduled_actions": [],
            "status": "active",
            "support_hours": [],
            "type": "service"
          },
          "sensitive_attributes": [],
          "private": "bnVsbA==",
          "dependencies": [
            "data.pagerduty_escalation_policy.default"
          ]
        }
      ]
    },
    {
      "mode": "managed",
      "type": "pagerduty_service",
      "name": "Csirt",
      "provider": "provider[\"registry.terraform.io/pagerduty/pagerduty\"]",
      "instances": [
        {
          "schema_version": 0,
          "attributes": {
            "acknowledgement_timeout": "1800",
            "alert_creation": "create_incidents",
            "alert_grouping": null,
            "alert_grouping_parameters": [],
            "alert_grouping_timeout": "null",
            "auto_pause_notifications_parameters": null,
            "auto_resolve_timeout": "14400",
            "created_at": "2023-02-26T17:27:33+02:00",
            "description": "Csirt (csirt)",
            "escalation_policy": "PQAH7SD",
            "html_url": "https://partner-webiscope.eu.pagerduty.com/service-directory/P2WPO25",
            "id": "P2WPO25",
            "incident_urgency_rule": [
              {
                "during_support_hours": [],
                "outside_support_hours": [],
                "type": "constant",
                "urgency": "high"
              }
            ],
            "last_incident_timestamp": "",
            "name": "Csirt",
            "response_play": null,
            "scheduled_actions": [],
            "status": "active",
            "support_hours": [],
            "type": "service"
          },
          "sensitive_attributes": [],
          "private": "bnVsbA==",
          "dependencies": [
            "data.pagerduty_escalation_policy.default"
          ]
        }
      ]
    },
    {
      "mode": "managed",
      "type": "pagerduty_service",
      "name": "Cth2Prod1Zxnri8X8",
      "provider": "provider[\"registry.terraform.io/pagerduty/pagerduty\"]",
      "instances": [
        {
          "schema_version": 0,
          "attributes": {
            "acknowledgement_timeout": "1800",
            "alert_creation": "create_incidents",
            "alert_grouping": null,
            "alert_grouping_parameters": [],
            "alert_grouping_timeout": "null",
            "auto_pause_notifications_parameters": null,
            "auto_resolve_timeout": "14400",
            "created_at": "2023-02-26T17:27:27+02:00",
            "description": "Cth2Prod1Zxnri8X8 (cth2prod1zxnri8x8)",
            "escalation_policy": "PQAH7SD",
            "html_url": "https://partner-webiscope.eu.pagerduty.com/service-directory/P0LWFVL",
            "id": "P0LWFVL",
            "incident_urgency_rule": [
              {
                "during_support_hours": [],
                "outside_support_hours": [],
                "type": "constant",
                "urgency": "high"
              }
            ],
            "last_incident_timestamp": "",
            "name": "Cth2Prod1Zxnri8X8",
            "response_play": null,
            "scheduled_actions": [],
            "status": "active",
            "support_hours": [],
            "type": "service"
          },
          "sensitive_attributes": [],
          "private": "bnVsbA==",
          "dependencies": [
            "data.pagerduty_escalation_policy.default"
          ]
        }
      ]
    },
    {
      "mode": "managed",
      "type": "pagerduty_service",
      "name": "Cycura",
      "provider": "provider[\"registry.terraform.io/pagerduty/pagerduty\"]",
      "instances": [
        {
          "schema_version": 0,
          "attributes": {
            "acknowledgement_timeout": "1800",
            "alert_creation": "create_incidents",
            "alert_grouping": null,
            "alert_grouping_parameters": [],
            "alert_grouping_timeout": "null",
            "auto_pause_notifications_parameters": null,
            "auto_resolve_timeout": "14400",
            "created_at": "2023-02-26T17:27:15+02:00",
            "description": "Cycura (cycura)",
            "escalation_policy": "PQAH7SD",
            "html_url": "https://partner-webiscope.eu.pagerduty.com/service-directory/P1S9F5K",
            "id": "P1S9F5K",
            "incident_urgency_rule": [
              {
                "during_support_hours": [],
                "outside_support_hours": [],
                "type": "constant",
                "urgency": "high"
              }
            ],
            "last_incident_timestamp": "",
            "name": "Cycura",
            "response_play": null,
            "scheduled_actions": [],
            "status": "active",
            "support_hours": [],
            "type": "service"
          },
          "sensitive_attributes": [],
          "private": "bnVsbA==",
          "dependencies": [
            "data.pagerduty_escalation_policy.default"
          ]
        }
      ]
    },
    {
      "mode": "managed",
      "type": "pagerduty_service",
      "name": "Cyqurex52970321352494334",
      "provider": "provider[\"registry.terraform.io/pagerduty/pagerduty\"]",
      "instances": [
        {
          "schema_version": 0,
          "attributes": {
            "acknowledgement_timeout": "1800",
            "alert_creation": "create_incidents",
            "alert_grouping": null,
            "alert_grouping_parameters": [],
            "alert_grouping_timeout": "null",
            "auto_pause_notifications_parameters": null,
            "auto_resolve_timeout": "14400",
            "created_at": "2023-02-26T17:27:28+02:00",
            "description": "Cyqurex52970321352494334 (cyqurex52970321352494334)",
            "escalation_policy": "PQAH7SD",
            "html_url": "https://partner-webiscope.eu.pagerduty.com/service-directory/PVQXCMC",
            "id": "PVQXCMC",
            "incident_urgency_rule": [
              {
                "during_support_hours": [],
                "outside_support_hours": [],
                "type": "constant",
                "urgency": "high"
              }
            ],
            "last_incident_timestamp": "",
            "name": "Cyqurex52970321352494334",
            "response_play": null,
            "scheduled_actions": [],
            "status": "active",
            "support_hours": [],
            "type": "service"
          },
          "sensitive_attributes": [],
          "private": "bnVsbA==",
          "dependencies": [
            "data.pagerduty_escalation_policy.default"
          ]
        }
      ]
    },
    {
      "mode": "managed",
      "type": "pagerduty_service",
      "name": "Datagovp633462572263654780",
      "provider": "provider[\"registry.terraform.io/pagerduty/pagerduty\"]",
      "instances": [
        {
          "schema_version": 0,
          "attributes": {
            "acknowledgement_timeout": "1800",
            "alert_creation": "create_incidents",
            "alert_grouping": null,
            "alert_grouping_parameters": [],
            "alert_grouping_timeout": "null",
            "auto_pause_notifications_parameters": null,
            "auto_resolve_timeout": "14400",
            "created_at": "2023-02-26T17:27:53+02:00",
            "description": "Datagovp633462572263654780 (datagovp633462572263654780)",
            "escalation_policy": "PQAH7SD",
            "html_url": "https://partner-webiscope.eu.pagerduty.com/service-directory/PEZWZEF",
            "id": "PEZWZEF",
            "incident_urgency_rule": [
              {
                "during_support_hours": [],
                "outside_support_hours": [],
                "type": "constant",
                "urgency": "high"
              }
            ],
            "last_incident_timestamp": "",
            "name": "Datagovp633462572263654780",
            "response_play": null,
            "scheduled_actions": [],
            "status": "active",
            "support_hours": [],
            "type": "service"
          },
          "sensitive_attributes": [],
          "private": "bnVsbA==",
          "dependencies": [
            "data.pagerduty_escalation_policy.default"
          ]
        }
      ]
    },
    {
      "mode": "managed",
      "type": "pagerduty_service",
      "name": "Datagovtest",
      "provider": "provider[\"registry.terraform.io/pagerduty/pagerduty\"]",
      "instances": [
        {
          "schema_version": 0,
          "attributes": {
            "acknowledgement_timeout": "1800",
            "alert_creation": "create_incidents",
            "alert_grouping": null,
            "alert_grouping_parameters": [],
            "alert_grouping_timeout": "null",
            "auto_pause_notifications_parameters": null,
            "auto_resolve_timeout": "14400",
            "created_at": "2023-02-26T17:27:08+02:00",
            "description": "Datagovtest (datagovtest)",
            "escalation_policy": "PQAH7SD",
            "html_url": "https://partner-webiscope.eu.pagerduty.com/service-directory/PYXOQHJ",
            "id": "PYXOQHJ",
            "incident_urgency_rule": [
              {
                "during_support_hours": [],
                "outside_support_hours": [],
                "type": "constant",
                "urgency": "high"
              }
            ],
            "last_incident_timestamp": "",
            "name": "Datagovtest",
            "response_play": null,
            "scheduled_actions": [],
            "status": "active",
            "support_hours": [],
            "type": "service"
          },
          "sensitive_attributes": [],
          "private": "bnVsbA==",
          "dependencies": [
            "data.pagerduty_escalation_policy.default"
          ]
        }
      ]
    },
    {
      "mode": "managed",
      "type": "pagerduty_service",
      "name": "Datanomik",
      "provider": "provider[\"registry.terraform.io/pagerduty/pagerduty\"]",
      "instances": [
        {
          "schema_version": 0,
          "attributes": {
            "acknowledgement_timeout": "1800",
            "alert_creation": "create_incidents",
            "alert_grouping": null,
            "alert_grouping_parameters": [],
            "alert_grouping_timeout": "null",
            "auto_pause_notifications_parameters": null,
            "auto_resolve_timeout": "14400",
            "created_at": "2023-02-26T17:27:55+02:00",
            "description": "Datanomik (datanomik)",
            "escalation_policy": "PQAH7SD",
            "html_url": "https://partner-webiscope.eu.pagerduty.com/service-directory/PHXPUS3",
            "id": "PHXPUS3",
            "incident_urgency_rule": [
              {
                "during_support_hours": [],
                "outside_support_hours": [],
                "type": "constant",
                "urgency": "high"
              }
            ],
            "last_incident_timestamp": "",
            "name": "Datanomik",
            "response_play": null,
            "scheduled_actions": [],
            "status": "active",
            "support_hours": [],
            "type": "service"
          },
          "sensitive_attributes": [],
          "private": "bnVsbA==",
          "dependencies": [
            "data.pagerduty_escalation_policy.default"
          ]
        }
      ]
    },
    {
      "mode": "managed",
      "type": "pagerduty_service",
      "name": "Datasec",
      "provider": "provider[\"registry.terraform.io/pagerduty/pagerduty\"]",
      "instances": [
        {
          "schema_version": 0,
          "attributes": {
            "acknowledgement_timeout": "1800",
            "alert_creation": "create_incidents",
            "alert_grouping": null,
            "alert_grouping_parameters": [],
            "alert_grouping_timeout": "null",
            "auto_pause_notifications_parameters": null,
            "auto_resolve_timeout": "14400",
            "created_at": "2023-02-26T17:27:24+02:00",
            "description": "Datasec (datasec)",
            "escalation_policy": "PQAH7SD",
            "html_url": "https://partner-webiscope.eu.pagerduty.com/service-directory/PPUM0C3",
            "id": "PPUM0C3",
            "incident_urgency_rule": [
              {
                "during_support_hours": [],
                "outside_support_hours": [],
                "type": "constant",
                "urgency": "high"
              }
            ],
            "last_incident_timestamp": "",
            "name": "Datasec",
            "response_play": null,
            "scheduled_actions": [],
            "status": "active",
            "support_hours": [],
            "type": "service"
          },
          "sensitive_attributes": [],
          "private": "bnVsbA==",
          "dependencies": [
            "data.pagerduty_escalation_policy.default"
          ]
        }
      ]
    },
    {
      "mode": "managed",
      "type": "pagerduty_service",
      "name": "Defaultstuff2",
      "provider": "provider[\"registry.terraform.io/pagerduty/pagerduty\"]",
      "instances": [
        {
          "schema_version": 0,
          "attributes": {
            "acknowledgement_timeout": "1800",
            "alert_creation": "create_incidents",
            "alert_grouping": null,
            "alert_grouping_parameters": [],
            "alert_grouping_timeout": "null",
            "auto_pause_notifications_parameters": null,
            "auto_resolve_timeout": "14400",
            "created_at": "2023-02-26T17:27:25+02:00",
            "description": "Defaultstuff2 (defaultstuff2)",
            "escalation_policy": "PQAH7SD",
            "html_url": "https://partner-webiscope.eu.pagerduty.com/service-directory/PKWNLI7",
            "id": "PKWNLI7",
            "incident_urgency_rule": [
              {
                "during_support_hours": [],
                "outside_support_hours": [],
                "type": "constant",
                "urgency": "high"
              }
            ],
            "last_incident_timestamp": "",
            "name": "Defaultstuff2",
            "response_play": null,
            "scheduled_actions": [],
            "status": "active",
            "support_hours": [],
            "type": "service"
          },
          "sensitive_attributes": [],
          "private": "bnVsbA==",
          "dependencies": [
            "data.pagerduty_escalation_policy.default"
          ]
        }
      ]
    },
    {
      "mode": "managed",
      "type": "pagerduty_service",
      "name": "Delasport",
      "provider": "provider[\"registry.terraform.io/pagerduty/pagerduty\"]",
      "instances": [
        {
          "schema_version": 0,
          "attributes": {
            "acknowledgement_timeout": "1800",
            "alert_creation": "create_incidents",
            "alert_grouping": null,
            "alert_grouping_parameters": [],
            "alert_grouping_timeout": "null",
            "auto_pause_notifications_parameters": null,
            "auto_resolve_timeout": "14400",
            "created_at": "2023-02-26T17:27:58+02:00",
            "description": "Delasport (delasport)",
            "escalation_policy": "PQAH7SD",
            "html_url": "https://partner-webiscope.eu.pagerduty.com/service-directory/P4WC6SV",
            "id": "P4WC6SV",
            "incident_urgency_rule": [
              {
                "during_support_hours": [],
                "outside_support_hours": [],
                "type": "constant",
                "urgency": "high"
              }
            ],
            "last_incident_timestamp": "",
            "name": "Delasport",
            "response_play": null,
            "scheduled_actions": [],
            "status": "active",
            "support_hours": [],
            "type": "service"
          },
          "sensitive_attributes": [],
          "private": "bnVsbA==",
          "dependencies": [
            "data.pagerduty_escalation_policy.default"
          ]
        }
      ]
    },
    {
      "mode": "managed",
      "type": "pagerduty_service",
      "name": "Demos",
      "provider": "provider[\"registry.terraform.io/pagerduty/pagerduty\"]",
      "instances": [
        {
          "schema_version": 0,
          "attributes": {
            "acknowledgement_timeout": "1800",
            "alert_creation": "create_incidents",
            "alert_grouping": null,
            "alert_grouping_parameters": [],
            "alert_grouping_timeout": "null",
            "auto_pause_notifications_parameters": null,
            "auto_resolve_timeout": "14400",
            "created_at": "2023-02-26T17:27:49+02:00",
            "description": "Demos (demos)",
            "escalation_policy": "PQAH7SD",
            "html_url": "https://partner-webiscope.eu.pagerduty.com/service-directory/PV4ZJEG",
            "id": "PV4ZJEG",
            "incident_urgency_rule": [
              {
                "during_support_hours": [],
                "outside_support_hours": [],
                "type": "constant",
                "urgency": "high"
              }
            ],
            "last_incident_timestamp": "",
            "name": "Demos",
            "response_play": null,
            "scheduled_actions": [],
            "status": "active",
            "support_hours": [],
            "type": "service"
          },
          "sensitive_attributes": [],
          "private": "bnVsbA==",
          "dependencies": [
            "data.pagerduty_escalation_policy.default"
          ]
        }
      ]
    },
    {
      "mode": "managed",
      "type": "pagerduty_service",
      "name": "Demos2",
      "provider": "provider[\"registry.terraform.io/pagerduty/pagerduty\"]",
      "instances": [
        {
          "schema_version": 0,
          "attributes": {
            "acknowledgement_timeout": "1800",
            "alert_creation": "create_incidents",
            "alert_grouping": null,
            "alert_grouping_parameters": [],
            "alert_grouping_timeout": "null",
            "auto_pause_notifications_parameters": null,
            "auto_resolve_timeout": "14400",
            "created_at": "2023-02-26T17:27:08+02:00",
            "description": "Demos2 (demos2)",
            "escalation_policy": "PQAH7SD",
            "html_url": "https://partner-webiscope.eu.pagerduty.com/service-directory/PROCPT6",
            "id": "PROCPT6",
            "incident_urgency_rule": [
              {
                "during_support_hours": [],
                "outside_support_hours": [],
                "type": "constant",
                "urgency": "high"
              }
            ],
            "last_incident_timestamp": "",
            "name": "Demos2",
            "response_play": null,
            "scheduled_actions": [],
            "status": "active",
            "support_hours": [],
            "type": "service"
          },
          "sensitive_attributes": [],
          "private": "bnVsbA==",
          "dependencies": [
            "data.pagerduty_escalation_policy.default"
          ]
        }
      ]
    },
    {
      "mode": "managed",
      "type": "pagerduty_service",
      "name": "Demossdk",
      "provider": "provider[\"registry.terraform.io/pagerduty/pagerduty\"]",
      "instances": [
        {
          "schema_version": 0,
          "attributes": {
            "acknowledgement_timeout": "1800",
            "alert_creation": "create_incidents",
            "alert_grouping": null,
            "alert_grouping_parameters": [],
            "alert_grouping_timeout": "null",
            "auto_pause_notifications_parameters": null,
            "auto_resolve_timeout": "14400",
            "created_at": "2023-02-26T17:27:44+02:00",
            "description": "Demossdk (demossdk)",
            "escalation_policy": "PQAH7SD",
            "html_url": "https://partner-webiscope.eu.pagerduty.com/service-directory/PTWHR8Z",
            "id": "PTWHR8Z",
            "incident_urgency_rule": [
              {
                "during_support_hours": [],
                "outside_support_hours": [],
                "type": "constant",
                "urgency": "high"
              }
            ],
            "last_incident_timestamp": "",
            "name": "Demossdk",
            "response_play": null,
            "scheduled_actions": [],
            "status": "active",
            "support_hours": [],
            "type": "service"
          },
          "sensitive_attributes": [],
          "private": "bnVsbA==",
          "dependencies": [
            "data.pagerduty_escalation_policy.default"
          ]
        }
      ]
    },
    {
      "mode": "managed",
      "type": "pagerduty_service",
      "name": "Dermpro",
      "provider": "provider[\"registry.terraform.io/pagerduty/pagerduty\"]",
      "instances": [
        {
          "schema_version": 0,
          "attributes": {
            "acknowledgement_timeout": "1800",
            "alert_creation": "create_incidents",
            "alert_grouping": null,
            "alert_grouping_parameters": [],
            "alert_grouping_timeout": "null",
            "auto_pause_notifications_parameters": null,
            "auto_resolve_timeout": "14400",
            "created_at": "2023-02-26T17:27:51+02:00",
            "description": "Dermpro (dermpro)",
            "escalation_policy": "PQAH7SD",
            "html_url": "https://partner-webiscope.eu.pagerduty.com/service-directory/PY2SES4",
            "id": "PY2SES4",
            "incident_urgency_rule": [
              {
                "during_support_hours": [],
                "outside_support_hours": [],
                "type": "constant",
                "urgency": "high"
              }
            ],
            "last_incident_timestamp": "",
            "name": "Dermpro",
            "response_play": null,
            "scheduled_actions": [],
            "status": "active",
            "support_hours": [],
            "type": "service"
          },
          "sensitive_attributes": [],
          "private": "bnVsbA==",
          "dependencies": [
            "data.pagerduty_escalation_policy.default"
          ]
        }
      ]
    },
    {
      "mode": "managed",
      "type": "pagerduty_service",
      "name": "Digicenter",
      "provider": "provider[\"registry.terraform.io/pagerduty/pagerduty\"]",
      "instances": [
        {
          "schema_version": 0,
          "attributes": {
            "acknowledgement_timeout": "1800",
            "alert_creation": "create_incidents",
            "alert_grouping": null,
            "alert_grouping_parameters": [],
            "alert_grouping_timeout": "null",
            "auto_pause_notifications_parameters": null,
            "auto_resolve_timeout": "14400",
            "created_at": "2023-02-26T17:27:32+02:00",
            "description": "Digicenter (digicenter)",
            "escalation_policy": "PQAH7SD",
            "html_url": "https://partner-webiscope.eu.pagerduty.com/service-directory/P9ELPTI",
            "id": "P9ELPTI",
            "incident_urgency_rule": [
              {
                "during_support_hours": [],
                "outside_support_hours": [],
                "type": "constant",
                "urgency": "high"
              }
            ],
            "last_incident_timestamp": "",
            "name": "Digicenter",
            "response_play": null,
            "scheduled_actions": [],
            "status": "active",
            "support_hours": [],
            "type": "service"
          },
          "sensitive_attributes": [],
          "private": "bnVsbA==",
          "dependencies": [
            "data.pagerduty_escalation_policy.default"
          ]
        }
      ]
    },
    {
      "mode": "managed",
      "type": "pagerduty_service",
      "name": "Directa24",
      "provider": "provider[\"registry.terraform.io/pagerduty/pagerduty\"]",
      "instances": [
        {
          "schema_version": 0,
          "attributes": {
            "acknowledgement_timeout": "1800",
            "alert_creation": "create_incidents",
            "alert_grouping": null,
            "alert_grouping_parameters": [],
            "alert_grouping_timeout": "null",
            "auto_pause_notifications_parameters": null,
            "auto_resolve_timeout": "14400",
            "created_at": "2023-02-26T17:28:06+02:00",
            "description": "Directa24 (directa24)",
            "escalation_policy": "PQAH7SD",
            "html_url": "https://partner-webiscope.eu.pagerduty.com/service-directory/PTNJY0D",
            "id": "PTNJY0D",
            "incident_urgency_rule": [
              {
                "during_support_hours": [],
                "outside_support_hours": [],
                "type": "constant",
                "urgency": "high"
              }
            ],
            "last_incident_timestamp": "",
            "name": "Directa24",
            "response_play": null,
            "scheduled_actions": [],
            "status": "active",
            "support_hours": [],
            "type": "service"
          },
          "sensitive_attributes": [],
          "private": "bnVsbA==",
          "dependencies": [
            "data.pagerduty_escalation_policy.default"
          ]
        }
      ]
    },
    {
      "mode": "managed",
      "type": "pagerduty_service",
      "name": "Dlocalapi",
      "provider": "provider[\"registry.terraform.io/pagerduty/pagerduty\"]",
      "instances": [
        {
          "schema_version": 0,
          "attributes": {
            "acknowledgement_timeout": "1800",
            "alert_creation": "create_incidents",
            "alert_grouping": null,
            "alert_grouping_parameters": [],
            "alert_grouping_timeout": "null",
            "auto_pause_notifications_parameters": null,
            "auto_resolve_timeout": "14400",
            "created_at": "2023-02-26T17:27:26+02:00",
            "description": "Dlocalapi (dlocalapi)",
            "escalation_policy": "PQAH7SD",
            "html_url": "https://partner-webiscope.eu.pagerduty.com/service-directory/PW22J1E",
            "id": "PW22J1E",
            "incident_urgency_rule": [
              {
                "during_support_hours": [],
                "outside_support_hours": [],
                "type": "constant",
                "urgency": "high"
              }
            ],
            "last_incident_timestamp": "",
            "name": "Dlocalapi",
            "response_play": null,
            "scheduled_actions": [],
            "status": "active",
            "support_hours": [],
            "type": "service"
          },
          "sensitive_attributes": [],
          "private": "bnVsbA==",
          "dependencies": [
            "data.pagerduty_escalation_policy.default"
          ]
        }
      ]
    },
    {
      "mode": "managed",
      "type": "pagerduty_service",
      "name": "Doralon",
      "provider": "provider[\"registry.terraform.io/pagerduty/pagerduty\"]",
      "instances": [
        {
          "schema_version": 0,
          "attributes": {
            "acknowledgement_timeout": "1800",
            "alert_creation": "create_incidents",
            "alert_grouping": null,
            "alert_grouping_parameters": [],
            "alert_grouping_timeout": "null",
            "auto_pause_notifications_parameters": null,
            "auto_resolve_timeout": "14400",
            "created_at": "2023-02-26T17:27:41+02:00",
            "description": "Doralon (doralon)",
            "escalation_policy": "PQAH7SD",
            "html_url": "https://partner-webiscope.eu.pagerduty.com/service-directory/PMOIAGU",
            "id": "PMOIAGU",
            "incident_urgency_rule": [
              {
                "during_support_hours": [],
                "outside_support_hours": [],
                "type": "constant",
                "urgency": "high"
              }
            ],
            "last_incident_timestamp": "",
            "name": "Doralon",
            "response_play": null,
            "scheduled_actions": [],
            "status": "active",
            "support_hours": [],
            "type": "service"
          },
          "sensitive_attributes": [],
          "private": "bnVsbA==",
          "dependencies": [
            "data.pagerduty_escalation_policy.default"
          ]
        }
      ]
    },
    {
      "mode": "managed",
      "type": "pagerduty_service",
      "name": "Dshepherd",
      "provider": "provider[\"registry.terraform.io/pagerduty/pagerduty\"]",
      "instances": [
        {
          "schema_version": 0,
          "attributes": {
            "acknowledgement_timeout": "1800",
            "alert_creation": "create_incidents",
            "alert_grouping": null,
            "alert_grouping_parameters": [],
            "alert_grouping_timeout": "null",
            "auto_pause_notifications_parameters": null,
            "auto_resolve_timeout": "14400",
            "created_at": "2023-02-26T17:27:24+02:00",
            "description": "Dshepherd (dshepherd)",
            "escalation_policy": "PQAH7SD",
            "html_url": "https://partner-webiscope.eu.pagerduty.com/service-directory/P8IAMMD",
            "id": "P8IAMMD",
            "incident_urgency_rule": [
              {
                "during_support_hours": [],
                "outside_support_hours": [],
                "type": "constant",
                "urgency": "high"
              }
            ],
            "last_incident_timestamp": "",
            "name": "Dshepherd",
            "response_play": null,
            "scheduled_actions": [],
            "status": "active",
            "support_hours": [],
            "type": "service"
          },
          "sensitive_attributes": [],
          "private": "bnVsbA==",
          "dependencies": [
            "data.pagerduty_escalation_policy.default"
          ]
        }
      ]
    },
    {
      "mode": "managed",
      "type": "pagerduty_service",
      "name": "Dstuff2200",
      "provider": "provider[\"registry.terraform.io/pagerduty/pagerduty\"]",
      "instances": [
        {
          "schema_version": 0,
          "attributes": {
            "acknowledgement_timeout": "1800",
            "alert_creation": "create_incidents",
            "alert_grouping": null,
            "alert_grouping_parameters": [],
            "alert_grouping_timeout": "null",
            "auto_pause_notifications_parameters": null,
            "auto_resolve_timeout": "14400",
            "created_at": "2023-02-26T17:27:40+02:00",
            "description": "Dstuff2200 (dstuff2200)",
            "escalation_policy": "PQAH7SD",
            "html_url": "https://partner-webiscope.eu.pagerduty.com/service-directory/P71KB8A",
            "id": "P71KB8A",
            "incident_urgency_rule": [
              {
                "during_support_hours": [],
                "outside_support_hours": [],
                "type": "constant",
                "urgency": "high"
              }
            ],
            "last_incident_timestamp": "",
            "name": "Dstuff2200",
            "response_play": null,
            "scheduled_actions": [],
            "status": "active",
            "support_hours": [],
            "type": "service"
          },
          "sensitive_attributes": [],
          "private": "bnVsbA==",
          "dependencies": [
            "data.pagerduty_escalation_policy.default"
          ]
        }
      ]
    },
    {
      "mode": "managed",
      "type": "pagerduty_service",
      "name": "Efimatica",
      "provider": "provider[\"registry.terraform.io/pagerduty/pagerduty\"]",
      "instances": [
        {
          "schema_version": 0,
          "attributes": {
            "acknowledgement_timeout": "1800",
            "alert_creation": "create_incidents",
            "alert_grouping": null,
            "alert_grouping_parameters": [],
            "alert_grouping_timeout": "null",
            "auto_pause_notifications_parameters": null,
            "auto_resolve_timeout": "14400",
            "created_at": "2023-02-26T17:27:18+02:00",
            "description": "Efimatica (efimatica)",
            "escalation_policy": "PQAH7SD",
            "html_url": "https://partner-webiscope.eu.pagerduty.com/service-directory/P7NIUTW",
            "id": "P7NIUTW",
            "incident_urgency_rule": [
              {
                "during_support_hours": [],
                "outside_support_hours": [],
                "type": "constant",
                "urgency": "high"
              }
            ],
            "last_incident_timestamp": "",
            "name": "Efimatica",
            "response_play": null,
            "scheduled_actions": [],
            "status": "active",
            "support_hours": [],
            "type": "service"
          },
          "sensitive_attributes": [],
          "private": "bnVsbA==",
          "dependencies": [
            "data.pagerduty_escalation_policy.default"
          ]
        }
      ]
    },
    {
      "mode": "managed",
      "type": "pagerduty_service",
      "name": "Ekreblaze",
      "provider": "provider[\"registry.terraform.io/pagerduty/pagerduty\"]",
      "instances": [
        {
          "schema_version": 0,
          "attributes": {
            "acknowledgement_timeout": "1800",
            "alert_creation": "create_incidents",
            "alert_grouping": null,
            "alert_grouping_parameters": [],
            "alert_grouping_timeout": "null",
            "auto_pause_notifications_parameters": null,
            "auto_resolve_timeout": "14400",
            "created_at": "2023-02-26T17:27:02+02:00",
            "description": "Ekreblaze (ekreblaze)",
            "escalation_policy": "PQAH7SD",
            "html_url": "https://partner-webiscope.eu.pagerduty.com/service-directory/PLTDL55",
            "id": "PLTDL55",
            "incident_urgency_rule": [
              {
                "during_support_hours": [],
                "outside_support_hours": [],
                "type": "constant",
                "urgency": "high"
              }
            ],
            "last_incident_timestamp": "",
            "name": "Ekreblaze",
            "response_play": null,
            "scheduled_actions": [],
            "status": "active",
            "support_hours": [],
            "type": "service"
          },
          "sensitive_attributes": [],
          "private": "bnVsbA==",
          "dependencies": [
            "data.pagerduty_escalation_policy.default"
          ]
        }
      ]
    },
    {
      "mode": "managed",
      "type": "pagerduty_service",
      "name": "Elal",
      "provider": "provider[\"registry.terraform.io/pagerduty/pagerduty\"]",
      "instances": [
        {
          "schema_version": 0,
          "attributes": {
            "acknowledgement_timeout": "1800",
            "alert_creation": "create_incidents",
            "alert_grouping": null,
            "alert_grouping_parameters": [],
            "alert_grouping_timeout": "null",
            "auto_pause_notifications_parameters": null,
            "auto_resolve_timeout": "14400",
            "created_at": "2023-02-26T17:27:12+02:00",
            "description": "Elal (elal)",
            "escalation_policy": "PQAH7SD",
            "html_url": "https://partner-webiscope.eu.pagerduty.com/service-directory/PPLC0P2",
            "id": "PPLC0P2",
            "incident_urgency_rule": [
              {
                "during_support_hours": [],
                "outside_support_hours": [],
                "type": "constant",
                "urgency": "high"
              }
            ],
            "last_incident_timestamp": "",
            "name": "Elal",
            "response_play": null,
            "scheduled_actions": [],
            "status": "active",
            "support_hours": [],
            "type": "service"
          },
          "sensitive_attributes": [],
          "private": "bnVsbA==",
          "dependencies": [
            "data.pagerduty_escalation_policy.default"
          ]
        }
      ]
    },
    {
      "mode": "managed",
      "type": "pagerduty_service",
      "name": "Elalstage",
      "provider": "provider[\"registry.terraform.io/pagerduty/pagerduty\"]",
      "instances": [
        {
          "schema_version": 0,
          "attributes": {
            "acknowledgement_timeout": "1800",
            "alert_creation": "create_incidents",
            "alert_grouping": null,
            "alert_grouping_parameters": [],
            "alert_grouping_timeout": "null",
            "auto_pause_notifications_parameters": null,
            "auto_resolve_timeout": "14400",
            "created_at": "2023-02-26T17:27:28+02:00",
            "description": "Elalstage (elalstage)",
            "escalation_policy": "PQAH7SD",
            "html_url": "https://partner-webiscope.eu.pagerduty.com/service-directory/PO4LBXM",
            "id": "PO4LBXM",
            "incident_urgency_rule": [
              {
                "during_support_hours": [],
                "outside_support_hours": [],
                "type": "constant",
                "urgency": "high"
              }
            ],
            "last_incident_timestamp": "",
            "name": "Elalstage",
            "response_play": null,
            "scheduled_actions": [],
            "status": "active",
            "support_hours": [],
            "type": "service"
          },
          "sensitive_attributes": [],
          "private": "bnVsbA==",
          "dependencies": [
            "data.pagerduty_escalation_policy.default"
          ]
        }
      ]
    },
    {
      "mode": "managed",
      "type": "pagerduty_service",
      "name": "Electra",
      "provider": "provider[\"registry.terraform.io/pagerduty/pagerduty\"]",
      "instances": [
        {
          "schema_version": 0,
          "attributes": {
            "acknowledgement_timeout": "1800",
            "alert_creation": "create_incidents",
            "alert_grouping": null,
            "alert_grouping_parameters": [],
            "alert_grouping_timeout": "null",
            "auto_pause_notifications_parameters": null,
            "auto_resolve_timeout": "14400",
            "created_at": "2023-02-26T17:27:52+02:00",
            "description": "Electra (electra)",
            "escalation_policy": "PQAH7SD",
            "html_url": "https://partner-webiscope.eu.pagerduty.com/service-directory/P6Y7BYB",
            "id": "P6Y7BYB",
            "incident_urgency_rule": [
              {
                "during_support_hours": [],
                "outside_support_hours": [],
                "type": "constant",
                "urgency": "high"
              }
            ],
            "last_incident_timestamp": "",
            "name": "Electra",
            "response_play": null,
            "scheduled_actions": [],
            "status": "active",
            "support_hours": [],
            "type": "service"
          },
          "sensitive_attributes": [],
          "private": "bnVsbA==",
          "dependencies": [
            "data.pagerduty_escalation_policy.default"
          ]
        }
      ]
    },
    {
      "mode": "managed",
      "type": "pagerduty_service",
      "name": "Elefftest64895039768164394",
      "provider": "provider[\"registry.terraform.io/pagerduty/pagerduty\"]",
      "instances": [
        {
          "schema_version": 0,
          "attributes": {
            "acknowledgement_timeout": "1800",
            "alert_creation": "create_incidents",
            "alert_grouping": null,
            "alert_grouping_parameters": [],
            "alert_grouping_timeout": "null",
            "auto_pause_notifications_parameters": null,
            "auto_resolve_timeout": "14400",
            "created_at": "2023-02-26T17:27:02+02:00",
            "description": "Elefftest64895039768164394 (elefftest64895039768164394)",
            "escalation_policy": "PQAH7SD",
            "html_url": "https://partner-webiscope.eu.pagerduty.com/service-directory/PPDJGJM",
            "id": "PPDJGJM",
            "incident_urgency_rule": [
              {
                "during_support_hours": [],
                "outside_support_hours": [],
                "type": "constant",
                "urgency": "high"
              }
            ],
            "last_incident_timestamp": "",
            "name": "Elefftest64895039768164394",
            "response_play": null,
            "scheduled_actions": [],
            "status": "active",
            "support_hours": [],
            "type": "service"
          },
          "sensitive_attributes": [],
          "private": "bnVsbA==",
          "dependencies": [
            "data.pagerduty_escalation_policy.default"
          ]
        }
      ]
    },
    {
      "mode": "managed",
      "type": "pagerduty_service",
      "name": "Eloan",
      "provider": "provider[\"registry.terraform.io/pagerduty/pagerduty\"]",
      "instances": [
        {
          "schema_version": 0,
          "attributes": {
            "acknowledgement_timeout": "1800",
            "alert_creation": "create_incidents",
            "alert_grouping": null,
            "alert_grouping_parameters": [],
            "alert_grouping_timeout": "null",
            "auto_pause_notifications_parameters": null,
            "auto_resolve_timeout": "14400",
            "created_at": "2023-02-26T17:27:56+02:00",
            "description": "Eloan (eloan)",
            "escalation_policy": "PQAH7SD",
            "html_url": "https://partner-webiscope.eu.pagerduty.com/service-directory/PPTGQJN",
            "id": "PPTGQJN",
            "incident_urgency_rule": [
              {
                "during_support_hours": [],
                "outside_support_hours": [],
                "type": "constant",
                "urgency": "high"
              }
            ],
            "last_incident_timestamp": "",
            "name": "Eloan",
            "response_play": null,
            "scheduled_actions": [],
            "status": "active",
            "support_hours": [],
            "type": "service"
          },
          "sensitive_attributes": [],
          "private": "bnVsbA==",
          "dependencies": [
            "data.pagerduty_escalation_policy.default"
          ]
        }
      ]
    },
    {
      "mode": "managed",
      "type": "pagerduty_service",
      "name": "Epldt",
      "provider": "provider[\"registry.terraform.io/pagerduty/pagerduty\"]",
      "instances": [
        {
          "schema_version": 0,
          "attributes": {
            "acknowledgement_timeout": "1800",
            "alert_creation": "create_incidents",
            "alert_grouping": null,
            "alert_grouping_parameters": [],
            "alert_grouping_timeout": "null",
            "auto_pause_notifications_parameters": null,
            "auto_resolve_timeout": "14400",
            "created_at": "2023-02-26T17:27:48+02:00",
            "description": "Epldt (epldt)",
            "escalation_policy": "PQAH7SD",
            "html_url": "https://partner-webiscope.eu.pagerduty.com/service-directory/POXW1S5",
            "id": "POXW1S5",
            "incident_urgency_rule": [
              {
                "during_support_hours": [],
                "outside_support_hours": [],
                "type": "constant",
                "urgency": "high"
              }
            ],
            "last_incident_timestamp": "",
            "name": "Epldt",
            "response_play": null,
            "scheduled_actions": [],
            "status": "active",
            "support_hours": [],
            "type": "service"
          },
          "sensitive_attributes": [],
          "private": "bnVsbA==",
          "dependencies": [
            "data.pagerduty_escalation_policy.default"
          ]
        }
      ]
    },
    {
      "mode": "managed",
      "type": "pagerduty_service",
      "name": "Erosgroup",
      "provider": "provider[\"registry.terraform.io/pagerduty/pagerduty\"]",
      "instances": [
        {
          "schema_version": 0,
          "attributes": {
            "acknowledgement_timeout": "1800",
            "alert_creation": "create_incidents",
            "alert_grouping": null,
            "alert_grouping_parameters": [],
            "alert_grouping_timeout": "null",
            "auto_pause_notifications_parameters": null,
            "auto_resolve_timeout": "14400",
            "created_at": "2023-02-26T17:27:34+02:00",
            "description": "Erosgroup (erosgroup)",
            "escalation_policy": "PQAH7SD",
            "html_url": "https://partner-webiscope.eu.pagerduty.com/service-directory/PTP27GW",
            "id": "PTP27GW",
            "incident_urgency_rule": [
              {
                "during_support_hours": [],
                "outside_support_hours": [],
                "type": "constant",
                "urgency": "high"
              }
            ],
            "last_incident_timestamp": "",
            "name": "Erosgroup",
            "response_play": null,
            "scheduled_actions": [],
            "status": "active",
            "support_hours": [],
            "type": "service"
          },
          "sensitive_attributes": [],
          "private": "bnVsbA==",
          "dependencies": [
            "data.pagerduty_escalation_policy.default"
          ]
        }
      ]
    },
    {
      "mode": "managed",
      "type": "pagerduty_service",
      "name": "Eshettours",
      "provider": "provider[\"registry.terraform.io/pagerduty/pagerduty\"]",
      "instances": [
        {
          "schema_version": 0,
          "attributes": {
            "acknowledgement_timeout": "1800",
            "alert_creation": "create_incidents",
            "alert_grouping": null,
            "alert_grouping_parameters": [],
            "alert_grouping_timeout": "null",
            "auto_pause_notifications_parameters": null,
            "auto_resolve_timeout": "14400",
            "created_at": "2023-02-26T17:27:34+02:00",
            "description": "Eshettours (eshettours)",
            "escalation_policy": "PQAH7SD",
            "html_url": "https://partner-webiscope.eu.pagerduty.com/service-directory/P5U55CT",
            "id": "P5U55CT",
            "incident_urgency_rule": [
              {
                "during_support_hours": [],
                "outside_support_hours": [],
                "type": "constant",
                "urgency": "high"
              }
            ],
            "last_incident_timestamp": "",
            "name": "Eshettours",
            "response_play": null,
            "scheduled_actions": [],
            "status": "active",
            "support_hours": [],
            "type": "service"
          },
          "sensitive_attributes": [],
          "private": "bnVsbA==",
          "dependencies": [
            "data.pagerduty_escalation_policy.default"
          ]
        }
      ]
    },
    {
      "mode": "managed",
      "type": "pagerduty_service",
      "name": "Estoreproduction194504",
      "provider": "provider[\"registry.terraform.io/pagerduty/pagerduty\"]",
      "instances": [
        {
          "schema_version": 0,
          "attributes": {
            "acknowledgement_timeout": "1800",
            "alert_creation": "create_incidents",
            "alert_grouping": null,
            "alert_grouping_parameters": [],
            "alert_grouping_timeout": "null",
            "auto_pause_notifications_parameters": null,
            "auto_resolve_timeout": "14400",
            "created_at": "2023-02-26T17:28:06+02:00",
            "description": "Estoreproduction194504 (estoreproduction194504)",
            "escalation_policy": "PQAH7SD",
            "html_url": "https://partner-webiscope.eu.pagerduty.com/service-directory/PAWVZST",
            "id": "PAWVZST",
            "incident_urgency_rule": [
              {
                "during_support_hours": [],
                "outside_support_hours": [],
                "type": "constant",
                "urgency": "high"
              }
            ],
            "last_incident_timestamp": "",
            "name": "Estoreproduction194504",
            "response_play": null,
            "scheduled_actions": [],
            "status": "active",
            "support_hours": [],
            "type": "service"
          },
          "sensitive_attributes": [],
          "private": "bnVsbA==",
          "dependencies": [
            "data.pagerduty_escalation_policy.default"
          ]
        }
      ]
    },
    {
      "mode": "managed",
      "type": "pagerduty_service",
      "name": "Fattal",
      "provider": "provider[\"registry.terraform.io/pagerduty/pagerduty\"]",
      "instances": [
        {
          "schema_version": 0,
          "attributes": {
            "acknowledgement_timeout": "1800",
            "alert_creation": "create_incidents",
            "alert_grouping": null,
            "alert_grouping_parameters": [],
            "alert_grouping_timeout": "null",
            "auto_pause_notifications_parameters": null,
            "auto_resolve_timeout": "14400",
            "created_at": "2023-02-26T17:27:40+02:00",
            "description": "Fattal (fattal)",
            "escalation_policy": "PQAH7SD",
            "html_url": "https://partner-webiscope.eu.pagerduty.com/service-directory/PRNWCAQ",
            "id": "PRNWCAQ",
            "incident_urgency_rule": [
              {
                "during_support_hours": [],
                "outside_support_hours": [],
                "type": "constant",
                "urgency": "high"
              }
            ],
            "last_incident_timestamp": "",
            "name": "Fattal",
            "response_play": null,
            "scheduled_actions": [],
            "status": "active",
            "support_hours": [],
            "type": "service"
          },
          "sensitive_attributes": [],
          "private": "bnVsbA==",
          "dependencies": [
            "data.pagerduty_escalation_policy.default"
          ]
        }
      ]
    },
    {
      "mode": "managed",
      "type": "pagerduty_service",
      "name": "Fibi",
      "provider": "provider[\"registry.terraform.io/pagerduty/pagerduty\"]",
      "instances": [
        {
          "schema_version": 0,
          "attributes": {
            "acknowledgement_timeout": "1800",
            "alert_creation": "create_incidents",
            "alert_grouping": null,
            "alert_grouping_parameters": [],
            "alert_grouping_timeout": "null",
            "auto_pause_notifications_parameters": null,
            "auto_resolve_timeout": "14400",
            "created_at": "2023-02-26T17:27:46+02:00",
            "description": "Fibi (fibi)",
            "escalation_policy": "PQAH7SD",
            "html_url": "https://partner-webiscope.eu.pagerduty.com/service-directory/PP917U7",
            "id": "PP917U7",
            "incident_urgency_rule": [
              {
                "during_support_hours": [],
                "outside_support_hours": [],
                "type": "constant",
                "urgency": "high"
              }
            ],
            "last_incident_timestamp": "",
            "name": "Fibi",
            "response_play": null,
            "scheduled_actions": [],
            "status": "active",
            "support_hours": [],
            "type": "service"
          },
          "sensitive_attributes": [],
          "private": "bnVsbA==",
          "dependencies": [
            "data.pagerduty_escalation_policy.default"
          ]
        }
      ]
    },
    {
      "mode": "managed",
      "type": "pagerduty_service",
      "name": "Fishbrain",
      "provider": "provider[\"registry.terraform.io/pagerduty/pagerduty\"]",
      "instances": [
        {
          "schema_version": 0,
          "attributes": {
            "acknowledgement_timeout": "1800",
            "alert_creation": "create_incidents",
            "alert_grouping": null,
            "alert_grouping_parameters": [],
            "alert_grouping_timeout": "null",
            "auto_pause_notifications_parameters": null,
            "auto_resolve_timeout": "14400",
            "created_at": "2023-02-26T17:27:35+02:00",
            "description": "Fishbrain (fishbrain)",
            "escalation_policy": "PQAH7SD",
            "html_url": "https://partner-webiscope.eu.pagerduty.com/service-directory/PKE35NN",
            "id": "PKE35NN",
            "incident_urgency_rule": [
              {
                "during_support_hours": [],
                "outside_support_hours": [],
                "type": "constant",
                "urgency": "high"
              }
            ],
            "last_incident_timestamp": "",
            "name": "Fishbrain",
            "response_play": null,
            "scheduled_actions": [],
            "status": "active",
            "support_hours": [],
            "type": "service"
          },
          "sensitive_attributes": [],
          "private": "bnVsbA==",
          "dependencies": [
            "data.pagerduty_escalation_policy.default"
          ]
        }
      ]
    },
    {
      "mode": "managed",
      "type": "pagerduty_service",
      "name": "Flashcoffee",
      "provider": "provider[\"registry.terraform.io/pagerduty/pagerduty\"]",
      "instances": [
        {
          "schema_version": 0,
          "attributes": {
            "acknowledgement_timeout": "1800",
            "alert_creation": "create_incidents",
            "alert_grouping": null,
            "alert_grouping_parameters": [],
            "alert_grouping_timeout": "null",
            "auto_pause_notifications_parameters": null,
            "auto_resolve_timeout": "14400",
            "created_at": "2023-02-26T17:27:57+02:00",
            "description": "Flashcoffee (flashcoffee)",
            "escalation_policy": "PQAH7SD",
            "html_url": "https://partner-webiscope.eu.pagerduty.com/service-directory/PD9WNAB",
            "id": "PD9WNAB",
            "incident_urgency_rule": [
              {
                "during_support_hours": [],
                "outside_support_hours": [],
                "type": "constant",
                "urgency": "high"
              }
            ],
            "last_incident_timestamp": "",
            "name": "Flashcoffee",
            "response_play": null,
            "scheduled_actions": [],
            "status": "active",
            "support_hours": [],
            "type": "service"
          },
          "sensitive_attributes": [],
          "private": "bnVsbA==",
          "dependencies": [
            "data.pagerduty_escalation_policy.default"
          ]
        }
      ]
    },
    {
      "mode": "managed",
      "type": "pagerduty_service",
      "name": "Flexport",
      "provider": "provider[\"registry.terraform.io/pagerduty/pagerduty\"]",
      "instances": [
        {
          "schema_version": 0,
          "attributes": {
            "acknowledgement_timeout": "1800",
            "alert_creation": "create_incidents",
            "alert_grouping": null,
            "alert_grouping_parameters": [],
            "alert_grouping_timeout": "null",
            "auto_pause_notifications_parameters": null,
            "auto_resolve_timeout": "14400",
            "created_at": "2023-02-26T17:27:48+02:00",
            "description": "Flexport (flexport)",
            "escalation_policy": "PQAH7SD",
            "html_url": "https://partner-webiscope.eu.pagerduty.com/service-directory/PS6H24V",
            "id": "PS6H24V",
            "incident_urgency_rule": [
              {
                "during_support_hours": [],
                "outside_support_hours": [],
                "type": "constant",
                "urgency": "high"
              }
            ],
            "last_incident_timestamp": "",
            "name": "Flexport",
            "response_play": null,
            "scheduled_actions": [],
            "status": "active",
            "support_hours": [],
            "type": "service"
          },
          "sensitive_attributes": [],
          "private": "bnVsbA==",
          "dependencies": [
            "data.pagerduty_escalation_policy.default"
          ]
        }
      ]
    },
    {
      "mode": "managed",
      "type": "pagerduty_service",
      "name": "Flink",
      "provider": "provider[\"registry.terraform.io/pagerduty/pagerduty\"]",
      "instances": [
        {
          "schema_version": 0,
          "attributes": {
            "acknowledgement_timeout": "1800",
            "alert_creation": "create_incidents",
            "alert_grouping": null,
            "alert_grouping_parameters": [],
            "alert_grouping_timeout": "null",
            "auto_pause_notifications_parameters": null,
            "auto_resolve_timeout": "14400",
            "created_at": "2023-02-26T17:27:33+02:00",
            "description": "Flink (flink)",
            "escalation_policy": "PQAH7SD",
            "html_url": "https://partner-webiscope.eu.pagerduty.com/service-directory/PE6M9KZ",
            "id": "PE6M9KZ",
            "incident_urgency_rule": [
              {
                "during_support_hours": [],
                "outside_support_hours": [],
                "type": "constant",
                "urgency": "high"
              }
            ],
            "last_incident_timestamp": "",
            "name": "Flink",
            "response_play": null,
            "scheduled_actions": [],
            "status": "active",
            "support_hours": [],
            "type": "service"
          },
          "sensitive_attributes": [],
          "private": "bnVsbA==",
          "dependencies": [
            "data.pagerduty_escalation_policy.default"
          ]
        }
      ]
    },
    {
      "mode": "managed",
      "type": "pagerduty_service",
      "name": "Flipkart",
      "provider": "provider[\"registry.terraform.io/pagerduty/pagerduty\"]",
      "instances": [
        {
          "schema_version": 0,
          "attributes": {
            "acknowledgement_timeout": "1800",
            "alert_creation": "create_incidents",
            "alert_grouping": null,
            "alert_grouping_parameters": [],
            "alert_grouping_timeout": "null",
            "auto_pause_notifications_parameters": null,
            "auto_resolve_timeout": "14400",
            "created_at": "2023-02-26T17:28:00+02:00",
            "description": "Flipkart (flipkart)",
            "escalation_policy": "PQAH7SD",
            "html_url": "https://partner-webiscope.eu.pagerduty.com/service-directory/PRD42UW",
            "id": "PRD42UW",
            "incident_urgency_rule": [
              {
                "during_support_hours": [],
                "outside_support_hours": [],
                "type": "constant",
                "urgency": "high"
              }
            ],
            "last_incident_timestamp": "",
            "name": "Flipkart",
            "response_play": null,
            "scheduled_actions": [],
            "status": "active",
            "support_hours": [],
            "type": "service"
          },
          "sensitive_attributes": [],
          "private": "bnVsbA==",
          "dependencies": [
            "data.pagerduty_escalation_policy.default"
          ]
        }
      ]
    },
    {
      "mode": "managed",
      "type": "pagerduty_service",
      "name": "Forbesdevelopment",
      "provider": "provider[\"registry.terraform.io/pagerduty/pagerduty\"]",
      "instances": [
        {
          "schema_version": 0,
          "attributes": {
            "acknowledgement_timeout": "1800",
            "alert_creation": "create_incidents",
            "alert_grouping": null,
            "alert_grouping_parameters": [],
            "alert_grouping_timeout": "null",
            "auto_pause_notifications_parameters": null,
            "auto_resolve_timeout": "14400",
            "created_at": "2023-02-26T17:27:13+02:00",
            "description": "Forbesdevelopment (forbesdevelopment)",
            "escalation_policy": "PQAH7SD",
            "html_url": "https://partner-webiscope.eu.pagerduty.com/service-directory/P23EL7M",
            "id": "P23EL7M",
            "incident_urgency_rule": [
              {
                "during_support_hours": [],
                "outside_support_hours": [],
                "type": "constant",
                "urgency": "high"
              }
            ],
            "last_incident_timestamp": "",
            "name": "Forbesdevelopment",
            "response_play": null,
            "scheduled_actions": [],
            "status": "active",
            "support_hours": [],
            "type": "service"
          },
          "sensitive_attributes": [],
          "private": "bnVsbA==",
          "dependencies": [
            "data.pagerduty_escalation_policy.default"
          ]
        }
      ]
    },
    {
      "mode": "managed",
      "type": "pagerduty_service",
      "name": "Forbesproduction",
      "provider": "provider[\"registry.terraform.io/pagerduty/pagerduty\"]",
      "instances": [
        {
          "schema_version": 0,
          "attributes": {
            "acknowledgement_timeout": "1800",
            "alert_creation": "create_incidents",
            "alert_grouping": null,
            "alert_grouping_parameters": [],
            "alert_grouping_timeout": "null",
            "auto_pause_notifications_parameters": null,
            "auto_resolve_timeout": "14400",
            "created_at": "2023-02-26T17:28:03+02:00",
            "description": "Forbesproduction (forbesproduction)",
            "escalation_policy": "PQAH7SD",
            "html_url": "https://partner-webiscope.eu.pagerduty.com/service-directory/P36BHOR",
            "id": "P36BHOR",
            "incident_urgency_rule": [
              {
                "during_support_hours": [],
                "outside_support_hours": [],
                "type": "constant",
                "urgency": "high"
              }
            ],
            "last_incident_timestamp": "",
            "name": "Forbesproduction",
            "response_play": null,
            "scheduled_actions": [],
            "status": "active",
            "support_hours": [],
            "type": "service"
          },
          "sensitive_attributes": [],
          "private": "bnVsbA==",
          "dependencies": [
            "data.pagerduty_escalation_policy.default"
          ]
        }
      ]
    },
    {
      "mode": "managed",
      "type": "pagerduty_service",
      "name": "Formatemp",
      "provider": "provider[\"registry.terraform.io/pagerduty/pagerduty\"]",
      "instances": [
        {
          "schema_version": 0,
          "attributes": {
            "acknowledgement_timeout": "1800",
            "alert_creation": "create_incidents",
            "alert_grouping": null,
            "alert_grouping_parameters": [],
            "alert_grouping_timeout": "null",
            "auto_pause_notifications_parameters": null,
            "auto_resolve_timeout": "14400",
            "created_at": "2023-02-26T17:27:31+02:00",
            "description": "Formatemp (formatemp)",
            "escalation_policy": "PQAH7SD",
            "html_url": "https://partner-webiscope.eu.pagerduty.com/service-directory/PIUFTC1",
            "id": "PIUFTC1",
            "incident_urgency_rule": [
              {
                "during_support_hours": [],
                "outside_support_hours": [],
                "type": "constant",
                "urgency": "high"
              }
            ],
            "last_incident_timestamp": "",
            "name": "Formatemp",
            "response_play": null,
            "scheduled_actions": [],
            "status": "active",
            "support_hours": [],
            "type": "service"
          },
          "sensitive_attributes": [],
          "private": "bnVsbA==",
          "dependencies": [
            "data.pagerduty_escalation_policy.default"
          ]
        }
      ]
    },
    {
      "mode": "managed",
      "type": "pagerduty_service",
      "name": "Formativ718648307850097729",
      "provider": "provider[\"registry.terraform.io/pagerduty/pagerduty\"]",
      "instances": [
        {
          "schema_version": 0,
          "attributes": {
            "acknowledgement_timeout": "1800",
            "alert_creation": "create_incidents",
            "alert_grouping": null,
            "alert_grouping_parameters": [],
            "alert_grouping_timeout": "null",
            "auto_pause_notifications_parameters": null,
            "auto_resolve_timeout": "14400",
            "created_at": "2023-02-26T17:27:22+02:00",
            "description": "Formativ718648307850097729 (formativ718648307850097729)",
            "escalation_policy": "PQAH7SD",
            "html_url": "https://partner-webiscope.eu.pagerduty.com/service-directory/PQ6U6E5",
            "id": "PQ6U6E5",
            "incident_urgency_rule": [
              {
                "during_support_hours": [],
                "outside_support_hours": [],
                "type": "constant",
                "urgency": "high"
              }
            ],
            "last_incident_timestamp": "",
            "name": "Formativ718648307850097729",
            "response_play": null,
            "scheduled_actions": [],
            "status": "active",
            "support_hours": [],
            "type": "service"
          },
          "sensitive_attributes": [],
          "private": "bnVsbA==",
          "dependencies": [
            "data.pagerduty_escalation_policy.default"
          ]
        }
      ]
    },
    {
      "mode": "managed",
      "type": "pagerduty_service",
      "name": "Fwd",
      "provider": "provider[\"registry.terraform.io/pagerduty/pagerduty\"]",
      "instances": [
        {
          "schema_version": 0,
          "attributes": {
            "acknowledgement_timeout": "1800",
            "alert_creation": "create_incidents",
            "alert_grouping": null,
            "alert_grouping_parameters": [],
            "alert_grouping_timeout": "null",
            "auto_pause_notifications_parameters": null,
            "auto_resolve_timeout": "14400",
            "created_at": "2023-02-26T17:27:41+02:00",
            "description": "Fwd (fwd)",
            "escalation_policy": "PQAH7SD",
            "html_url": "https://partner-webiscope.eu.pagerduty.com/service-directory/PF39ZRE",
            "id": "PF39ZRE",
            "incident_urgency_rule": [
              {
                "during_support_hours": [],
                "outside_support_hours": [],
                "type": "constant",
                "urgency": "high"
              }
            ],
            "last_incident_timestamp": "",
            "name": "Fwd",
            "response_play": null,
            "scheduled_actions": [],
            "status": "active",
            "support_hours": [],
            "type": "service"
          },
          "sensitive_attributes": [],
          "private": "bnVsbA==",
          "dependencies": [
            "data.pagerduty_escalation_policy.default"
          ]
        }
      ]
    },
    {
      "mode": "managed",
      "type": "pagerduty_service",
      "name": "Gazprom",
      "provider": "provider[\"registry.terraform.io/pagerduty/pagerduty\"]",
      "instances": [
        {
          "schema_version": 0,
          "attributes": {
            "acknowledgement_timeout": "1800",
            "alert_creation": "create_incidents",
            "alert_grouping": null,
            "alert_grouping_parameters": [],
            "alert_grouping_timeout": "null",
            "auto_pause_notifications_parameters": null,
            "auto_resolve_timeout": "14400",
            "created_at": "2023-02-26T17:27:05+02:00",
            "description": "Gazprom (gazprom)",
            "escalation_policy": "PQAH7SD",
            "html_url": "https://partner-webiscope.eu.pagerduty.com/service-directory/P4GFZT7",
            "id": "P4GFZT7",
            "incident_urgency_rule": [
              {
                "during_support_hours": [],
                "outside_support_hours": [],
                "type": "constant",
                "urgency": "high"
              }
            ],
            "last_incident_timestamp": "",
            "name": "Gazprom",
            "response_play": null,
            "scheduled_actions": [],
            "status": "active",
            "support_hours": [],
            "type": "service"
          },
          "sensitive_attributes": [],
          "private": "bnVsbA==",
          "dependencies": [
            "data.pagerduty_escalation_policy.default"
          ]
        }
      ]
    },
    {
      "mode": "managed",
      "type": "pagerduty_service",
      "name": "Gearlaunchx",
      "provider": "provider[\"registry.terraform.io/pagerduty/pagerduty\"]",
      "instances": [
        {
          "schema_version": 0,
          "attributes": {
            "acknowledgement_timeout": "1800",
            "alert_creation": "create_incidents",
            "alert_grouping": null,
            "alert_grouping_parameters": [],
            "alert_grouping_timeout": "null",
            "auto_pause_notifications_parameters": null,
            "auto_resolve_timeout": "14400",
            "created_at": "2023-02-26T17:27:56+02:00",
            "description": "Gearlaunchx (gearlaunchx)",
            "escalation_policy": "PQAH7SD",
            "html_url": "https://partner-webiscope.eu.pagerduty.com/service-directory/P1YJOF7",
            "id": "P1YJOF7",
            "incident_urgency_rule": [
              {
                "during_support_hours": [],
                "outside_support_hours": [],
                "type": "constant",
                "urgency": "high"
              }
            ],
            "last_incident_timestamp": "",
            "name": "Gearlaunchx",
            "response_play": null,
            "scheduled_actions": [],
            "status": "active",
            "support_hours": [],
            "type": "service"
          },
          "sensitive_attributes": [],
          "private": "bnVsbA==",
          "dependencies": [
            "data.pagerduty_escalation_policy.default"
          ]
        }
      ]
    },
    {
      "mode": "managed",
      "type": "pagerduty_service",
      "name": "Glassesusa",
      "provider": "provider[\"registry.terraform.io/pagerduty/pagerduty\"]",
      "instances": [
        {
          "schema_version": 0,
          "attributes": {
            "acknowledgement_timeout": "1800",
            "alert_creation": "create_incidents",
            "alert_grouping": null,
            "alert_grouping_parameters": [],
            "alert_grouping_timeout": "null",
            "auto_pause_notifications_parameters": null,
            "auto_resolve_timeout": "14400",
            "created_at": "2023-02-26T17:27:46+02:00",
            "description": "Glassesusa (glassesusa)",
            "escalation_policy": "PQAH7SD",
            "html_url": "https://partner-webiscope.eu.pagerduty.com/service-directory/P50S62U",
            "id": "P50S62U",
            "incident_urgency_rule": [
              {
                "during_support_hours": [],
                "outside_support_hours": [],
                "type": "constant",
                "urgency": "high"
              }
            ],
            "last_incident_timestamp": "",
            "name": "Glassesusa",
            "response_play": null,
            "scheduled_actions": [],
            "status": "active",
            "support_hours": [],
            "type": "service"
          },
          "sensitive_attributes": [],
          "private": "bnVsbA==",
          "dependencies": [
            "data.pagerduty_escalation_policy.default"
          ]
        }
      ]
    },
    {
      "mode": "managed",
      "type": "pagerduty_service",
      "name": "Gmc",
      "provider": "provider[\"registry.terraform.io/pagerduty/pagerduty\"]",
      "instances": [
        {
          "schema_version": 0,
          "attributes": {
            "acknowledgement_timeout": "1800",
            "alert_creation": "create_incidents",
            "alert_grouping": null,
            "alert_grouping_parameters": [],
            "alert_grouping_timeout": "null",
            "auto_pause_notifications_parameters": null,
            "auto_resolve_timeout": "14400",
            "created_at": "2023-02-26T17:27:26+02:00",
            "description": "Gmc (gmc)",
            "escalation_policy": "PQAH7SD",
            "html_url": "https://partner-webiscope.eu.pagerduty.com/service-directory/PDNBKTU",
            "id": "PDNBKTU",
            "incident_urgency_rule": [
              {
                "during_support_hours": [],
                "outside_support_hours": [],
                "type": "constant",
                "urgency": "high"
              }
            ],
            "last_incident_timestamp": "",
            "name": "Gmc",
            "response_play": null,
            "scheduled_actions": [],
            "status": "active",
            "support_hours": [],
            "type": "service"
          },
          "sensitive_attributes": [],
          "private": "bnVsbA==",
          "dependencies": [
            "data.pagerduty_escalation_policy.default"
          ]
        }
      ]
    },
    {
      "mode": "managed",
      "type": "pagerduty_service",
      "name": "Gokturkteam",
      "provider": "provider[\"registry.terraform.io/pagerduty/pagerduty\"]",
      "instances": [
        {
          "schema_version": 0,
          "attributes": {
            "acknowledgement_timeout": "1800",
            "alert_creation": "create_incidents",
            "alert_grouping": null,
            "alert_grouping_parameters": [],
            "alert_grouping_timeout": "null",
            "auto_pause_notifications_parameters": null,
            "auto_resolve_timeout": "14400",
            "created_at": "2023-02-26T17:27:47+02:00",
            "description": "Gokturkteam (gokturkteam)",
            "escalation_policy": "PQAH7SD",
            "html_url": "https://partner-webiscope.eu.pagerduty.com/service-directory/PD1E48Y",
            "id": "PD1E48Y",
            "incident_urgency_rule": [
              {
                "during_support_hours": [],
                "outside_support_hours": [],
                "type": "constant",
                "urgency": "high"
              }
            ],
            "last_incident_timestamp": "",
            "name": "Gokturkteam",
            "response_play": null,
            "scheduled_actions": [],
            "status": "active",
            "support_hours": [],
            "type": "service"
          },
          "sensitive_attributes": [],
          "private": "bnVsbA==",
          "dependencies": [
            "data.pagerduty_escalation_policy.default"
          ]
        }
      ]
    },
    {
      "mode": "managed",
      "type": "pagerduty_service",
      "name": "Goniyo",
      "provider": "provider[\"registry.terraform.io/pagerduty/pagerduty\"]",
      "instances": [
        {
          "schema_version": 0,
          "attributes": {
            "acknowledgement_timeout": "1800",
            "alert_creation": "create_incidents",
            "alert_grouping": null,
            "alert_grouping_parameters": [],
            "alert_grouping_timeout": "null",
            "auto_pause_notifications_parameters": null,
            "auto_resolve_timeout": "14400",
            "created_at": "2023-02-26T17:28:08+02:00",
            "description": "Goniyo (goniyo)",
            "escalation_policy": "PQAH7SD",
            "html_url": "https://partner-webiscope.eu.pagerduty.com/service-directory/PDUOU2E",
            "id": "PDUOU2E",
            "incident_urgency_rule": [
              {
                "during_support_hours": [],
                "outside_support_hours": [],
                "type": "constant",
                "urgency": "high"
              }
            ],
            "last_incident_timestamp": "",
            "name": "Goniyo",
            "response_play": null,
            "scheduled_actions": [],
            "status": "active",
            "support_hours": [],
            "type": "service"
          },
          "sensitive_attributes": [],
          "private": "bnVsbA==",
          "dependencies": [
            "data.pagerduty_escalation_policy.default"
          ]
        }
      ]
    },
    {
      "mode": "managed",
      "type": "pagerduty_service",
      "name": "Gtaureblaze",
      "provider": "provider[\"registry.terraform.io/pagerduty/pagerduty\"]",
      "instances": [
        {
          "schema_version": 0,
          "attributes": {
            "acknowledgement_timeout": "1800",
            "alert_creation": "create_incidents",
            "alert_grouping": null,
            "alert_grouping_parameters": [],
            "alert_grouping_timeout": "null",
            "auto_pause_notifications_parameters": null,
            "auto_resolve_timeout": "14400",
            "created_at": "2023-02-26T17:28:01+02:00",
            "description": "Gtaureblaze (gtaureblaze)",
            "escalation_policy": "PQAH7SD",
            "html_url": "https://partner-webiscope.eu.pagerduty.com/service-directory/PJ54MLN",
            "id": "PJ54MLN",
            "incident_urgency_rule": [
              {
                "during_support_hours": [],
                "outside_support_hours": [],
                "type": "constant",
                "urgency": "high"
              }
            ],
            "last_incident_timestamp": "",
            "name": "Gtaureblaze",
            "response_play": null,
            "scheduled_actions": [],
            "status": "active",
            "support_hours": [],
            "type": "service"
          },
          "sensitive_attributes": [],
          "private": "bnVsbA==",
          "dependencies": [
            "data.pagerduty_escalation_policy.default"
          ]
        }
      ]
    },
    {
      "mode": "managed",
      "type": "pagerduty_service",
      "name": "Gtaureblazestg",
      "provider": "provider[\"registry.terraform.io/pagerduty/pagerduty\"]",
      "instances": [
        {
          "schema_version": 0,
          "attributes": {
            "acknowledgement_timeout": "1800",
            "alert_creation": "create_incidents",
            "alert_grouping": null,
            "alert_grouping_parameters": [],
            "alert_grouping_timeout": "null",
            "auto_pause_notifications_parameters": null,
            "auto_resolve_timeout": "14400",
            "created_at": "2023-02-26T17:28:04+02:00",
            "description": "Gtaureblazestg (gtaureblazestg)",
            "escalation_policy": "PQAH7SD",
            "html_url": "https://partner-webiscope.eu.pagerduty.com/service-directory/P2V6B9P",
            "id": "P2V6B9P",
            "incident_urgency_rule": [
              {
                "during_support_hours": [],
                "outside_support_hours": [],
                "type": "constant",
                "urgency": "high"
              }
            ],
            "last_incident_timestamp": "",
            "name": "Gtaureblazestg",
            "response_play": null,
            "scheduled_actions": [],
            "status": "active",
            "support_hours": [],
            "type": "service"
          },
          "sensitive_attributes": [],
          "private": "bnVsbA==",
          "dependencies": [
            "data.pagerduty_escalation_policy.default"
          ]
        }
      ]
    },
    {
      "mode": "managed",
      "type": "pagerduty_service",
      "name": "Gtreblaze",
      "provider": "provider[\"registry.terraform.io/pagerduty/pagerduty\"]",
      "instances": [
        {
          "schema_version": 0,
          "attributes": {
            "acknowledgement_timeout": "1800",
            "alert_creation": "create_incidents",
            "alert_grouping": null,
            "alert_grouping_parameters": [],
            "alert_grouping_timeout": "null",
            "auto_pause_notifications_parameters": null,
            "auto_resolve_timeout": "14400",
            "created_at": "2023-02-26T17:27:17+02:00",
            "description": "Gtreblaze (gtreblaze)",
            "escalation_policy": "PQAH7SD",
            "html_url": "https://partner-webiscope.eu.pagerduty.com/service-directory/PG0CYBC",
            "id": "PG0CYBC",
            "incident_urgency_rule": [
              {
                "during_support_hours": [],
                "outside_support_hours": [],
                "type": "constant",
                "urgency": "high"
              }
            ],
            "last_incident_timestamp": "",
            "name": "Gtreblaze",
            "response_play": null,
            "scheduled_actions": [],
            "status": "active",
            "support_hours": [],
            "type": "service"
          },
          "sensitive_attributes": [],
          "private": "bnVsbA==",
          "dependencies": [
            "data.pagerduty_escalation_policy.default"
          ]
        }
      ]
    },
    {
      "mode": "managed",
      "type": "pagerduty_service",
      "name": "Hagihon",
      "provider": "provider[\"registry.terraform.io/pagerduty/pagerduty\"]",
      "instances": [
        {
          "schema_version": 0,
          "attributes": {
            "acknowledgement_timeout": "1800",
            "alert_creation": "create_incidents",
            "alert_grouping": null,
            "alert_grouping_parameters": [],
            "alert_grouping_timeout": "null",
            "auto_pause_notifications_parameters": null,
            "auto_resolve_timeout": "14400",
            "created_at": "2023-02-26T17:27:44+02:00",
            "description": "Hagihon (hagihon)",
            "escalation_policy": "PQAH7SD",
            "html_url": "https://partner-webiscope.eu.pagerduty.com/service-directory/P9O8PGJ",
            "id": "P9O8PGJ",
            "incident_urgency_rule": [
              {
                "during_support_hours": [],
                "outside_support_hours": [],
                "type": "constant",
                "urgency": "high"
              }
            ],
            "last_incident_timestamp": "",
            "name": "Hagihon",
            "response_play": null,
            "scheduled_actions": [],
            "status": "active",
            "support_hours": [],
            "type": "service"
          },
          "sensitive_attributes": [],
          "private": "bnVsbA==",
          "dependencies": [
            "data.pagerduty_escalation_policy.default"
          ]
        }
      ]
    },
    {
      "mode": "managed",
      "type": "pagerduty_service",
      "name": "Haifamuni",
      "provider": "provider[\"registry.terraform.io/pagerduty/pagerduty\"]",
      "instances": [
        {
          "schema_version": 0,
          "attributes": {
            "acknowledgement_timeout": "1800",
            "alert_creation": "create_incidents",
            "alert_grouping": null,
            "alert_grouping_parameters": [],
            "alert_grouping_timeout": "null",
            "auto_pause_notifications_parameters": null,
            "auto_resolve_timeout": "14400",
            "created_at": "2023-02-26T17:27:08+02:00",
            "description": "Haifamuni (haifamuni)",
            "escalation_policy": "PQAH7SD",
            "html_url": "https://partner-webiscope.eu.pagerduty.com/service-directory/PC6ZRX9",
            "id": "PC6ZRX9",
            "incident_urgency_rule": [
              {
                "during_support_hours": [],
                "outside_support_hours": [],
                "type": "constant",
                "urgency": "high"
              }
            ],
            "last_incident_timestamp": "",
            "name": "Haifamuni",
            "response_play": null,
            "scheduled_actions": [],
            "status": "active",
            "support_hours": [],
            "type": "service"
          },
          "sensitive_attributes": [],
          "private": "bnVsbA==",
          "dependencies": [
            "data.pagerduty_escalation_policy.default"
          ]
        }
      ]
    },
    {
      "mode": "managed",
      "type": "pagerduty_service",
      "name": "Halman",
      "provider": "provider[\"registry.terraform.io/pagerduty/pagerduty\"]",
      "instances": [
        {
          "schema_version": 0,
          "attributes": {
            "acknowledgement_timeout": "1800",
            "alert_creation": "create_incidents",
            "alert_grouping": null,
            "alert_grouping_parameters": [],
            "alert_grouping_timeout": "null",
            "auto_pause_notifications_parameters": null,
            "auto_resolve_timeout": "14400",
            "created_at": "2023-02-26T17:27:04+02:00",
            "description": "Halman (halman)",
            "escalation_policy": "PQAH7SD",
            "html_url": "https://partner-webiscope.eu.pagerduty.com/service-directory/PP2RAHK",
            "id": "PP2RAHK",
            "incident_urgency_rule": [
              {
                "during_support_hours": [],
                "outside_support_hours": [],
                "type": "constant",
                "urgency": "high"
              }
            ],
            "last_incident_timestamp": "",
            "name": "Halman",
            "response_play": null,
            "scheduled_actions": [],
            "status": "active",
            "support_hours": [],
            "type": "service"
          },
          "sensitive_attributes": [],
          "private": "bnVsbA==",
          "dependencies": [
            "data.pagerduty_escalation_policy.default"
          ]
        }
      ]
    },
    {
      "mode": "managed",
      "type": "pagerduty_service",
      "name": "Hirematic",
      "provider": "provider[\"registry.terraform.io/pagerduty/pagerduty\"]",
      "instances": [
        {
          "schema_version": 0,
          "attributes": {
            "acknowledgement_timeout": "1800",
            "alert_creation": "create_incidents",
            "alert_grouping": null,
            "alert_grouping_parameters": [],
            "alert_grouping_timeout": "null",
            "auto_pause_notifications_parameters": null,
            "auto_resolve_timeout": "14400",
            "created_at": "2023-02-26T17:27:27+02:00",
            "description": "Hirematic (hirematic)",
            "escalation_policy": "PQAH7SD",
            "html_url": "https://partner-webiscope.eu.pagerduty.com/service-directory/PG8UF3F",
            "id": "PG8UF3F",
            "incident_urgency_rule": [
              {
                "during_support_hours": [],
                "outside_support_hours": [],
                "type": "constant",
                "urgency": "high"
              }
            ],
            "last_incident_timestamp": "",
            "name": "Hirematic",
            "response_play": null,
            "scheduled_actions": [],
            "status": "active",
            "support_hours": [],
            "type": "service"
          },
          "sensitive_attributes": [],
          "private": "bnVsbA==",
          "dependencies": [
            "data.pagerduty_escalation_policy.default"
          ]
        }
      ]
    },
    {
      "mode": "managed",
      "type": "pagerduty_service",
      "name": "Hmnetwork",
      "provider": "provider[\"registry.terraform.io/pagerduty/pagerduty\"]",
      "instances": [
        {
          "schema_version": 0,
          "attributes": {
            "acknowledgement_timeout": "1800",
            "alert_creation": "create_incidents",
            "alert_grouping": null,
            "alert_grouping_parameters": [],
            "alert_grouping_timeout": "null",
            "auto_pause_notifications_parameters": null,
            "auto_resolve_timeout": "14400",
            "created_at": "2023-02-26T17:27:06+02:00",
            "description": "Hmnetwork (hmnetwork)",
            "escalation_policy": "PQAH7SD",
            "html_url": "https://partner-webiscope.eu.pagerduty.com/service-directory/PK3DZ11",
            "id": "PK3DZ11",
            "incident_urgency_rule": [
              {
                "during_support_hours": [],
                "outside_support_hours": [],
                "type": "constant",
                "urgency": "high"
              }
            ],
            "last_incident_timestamp": "",
            "name": "Hmnetwork",
            "response_play": null,
            "scheduled_actions": [],
            "status": "active",
            "support_hours": [],
            "type": "service"
          },
          "sensitive_attributes": [],
          "private": "bnVsbA==",
          "dependencies": [
            "data.pagerduty_escalation_policy.default"
          ]
        }
      ]
    },
    {
      "mode": "managed",
      "type": "pagerduty_service",
      "name": "Holdprod",
      "provider": "provider[\"registry.terraform.io/pagerduty/pagerduty\"]",
      "instances": [
        {
          "schema_version": 0,
          "attributes": {
            "acknowledgement_timeout": "1800",
            "alert_creation": "create_incidents",
            "alert_grouping": null,
            "alert_grouping_parameters": [],
            "alert_grouping_timeout": "null",
            "auto_pause_notifications_parameters": null,
            "auto_resolve_timeout": "14400",
            "created_at": "2023-02-26T17:27:58+02:00",
            "description": "Holdprod (holdprod)",
            "escalation_policy": "PQAH7SD",
            "html_url": "https://partner-webiscope.eu.pagerduty.com/service-directory/PJGA60P",
            "id": "PJGA60P",
            "incident_urgency_rule": [
              {
                "during_support_hours": [],
                "outside_support_hours": [],
                "type": "constant",
                "urgency": "high"
              }
            ],
            "last_incident_timestamp": "",
            "name": "Holdprod",
            "response_play": null,
            "scheduled_actions": [],
            "status": "active",
            "support_hours": [],
            "type": "service"
          },
          "sensitive_attributes": [],
          "private": "bnVsbA==",
          "dependencies": [
            "data.pagerduty_escalation_policy.default"
          ]
        }
      ]
    },
    {
      "mode": "managed",
      "type": "pagerduty_service",
      "name": "Horizon",
      "provider": "provider[\"registry.terraform.io/pagerduty/pagerduty\"]",
      "instances": [
        {
          "schema_version": 0,
          "attributes": {
            "acknowledgement_timeout": "1800",
            "alert_creation": "create_incidents",
            "alert_grouping": null,
            "alert_grouping_parameters": [],
            "alert_grouping_timeout": "null",
            "auto_pause_notifications_parameters": null,
            "auto_resolve_timeout": "14400",
            "created_at": "2023-02-26T17:27:55+02:00",
            "description": "Horizon (horizon)",
            "escalation_policy": "PQAH7SD",
            "html_url": "https://partner-webiscope.eu.pagerduty.com/service-directory/PL6AV4T",
            "id": "PL6AV4T",
            "incident_urgency_rule": [
              {
                "during_support_hours": [],
                "outside_support_hours": [],
                "type": "constant",
                "urgency": "high"
              }
            ],
            "last_incident_timestamp": "",
            "name": "Horizon",
            "response_play": null,
            "scheduled_actions": [],
            "status": "active",
            "support_hours": [],
            "type": "service"
          },
          "sensitive_attributes": [],
          "private": "bnVsbA==",
          "dependencies": [
            "data.pagerduty_escalation_policy.default"
          ]
        }
      ]
    },
    {
      "mode": "managed",
      "type": "pagerduty_service",
      "name": "Hyposwiss",
      "provider": "provider[\"registry.terraform.io/pagerduty/pagerduty\"]",
      "instances": [
        {
          "schema_version": 0,
          "attributes": {
            "acknowledgement_timeout": "1800",
            "alert_creation": "create_incidents",
            "alert_grouping": null,
            "alert_grouping_parameters": [],
            "alert_grouping_timeout": "null",
            "auto_pause_notifications_parameters": null,
            "auto_resolve_timeout": "14400",
            "created_at": "2023-02-26T17:27:03+02:00",
            "description": "Hyposwiss (hyposwiss)",
            "escalation_policy": "PQAH7SD",
            "html_url": "https://partner-webiscope.eu.pagerduty.com/service-directory/P1IMEFJ",
            "id": "P1IMEFJ",
            "incident_urgency_rule": [
              {
                "during_support_hours": [],
                "outside_support_hours": [],
                "type": "constant",
                "urgency": "high"
              }
            ],
            "last_incident_timestamp": "",
            "name": "Hyposwiss",
            "response_play": null,
            "scheduled_actions": [],
            "status": "active",
            "support_hours": [],
            "type": "service"
          },
          "sensitive_attributes": [],
          "private": "bnVsbA==",
          "dependencies": [
            "data.pagerduty_escalation_policy.default"
          ]
        }
      ]
    },
    {
      "mode": "managed",
      "type": "pagerduty_service",
      "name": "Hzreblazeprod",
      "provider": "provider[\"registry.terraform.io/pagerduty/pagerduty\"]",
      "instances": [
        {
          "schema_version": 0,
          "attributes": {
            "acknowledgement_timeout": "1800",
            "alert_creation": "create_incidents",
            "alert_grouping": null,
            "alert_grouping_parameters": [],
            "alert_grouping_timeout": "null",
            "auto_pause_notifications_parameters": null,
            "auto_resolve_timeout": "14400",
            "created_at": "2023-02-26T17:28:04+02:00",
            "description": "Hzreblazeprod (hzreblazeprod)",
            "escalation_policy": "PQAH7SD",
            "html_url": "https://partner-webiscope.eu.pagerduty.com/service-directory/P9DFCB2",
            "id": "P9DFCB2",
            "incident_urgency_rule": [
              {
                "during_support_hours": [],
                "outside_support_hours": [],
                "type": "constant",
                "urgency": "high"
              }
            ],
            "last_incident_timestamp": "",
            "name": "Hzreblazeprod",
            "response_play": null,
            "scheduled_actions": [],
            "status": "active",
            "support_hours": [],
            "type": "service"
          },
          "sensitive_attributes": [],
          "private": "bnVsbA==",
          "dependencies": [
            "data.pagerduty_escalation_policy.default"
          ]
        }
      ]
    },
    {
      "mode": "managed",
      "type": "pagerduty_service",
      "name": "Hzreblazestg",
      "provider": "provider[\"registry.terraform.io/pagerduty/pagerduty\"]",
      "instances": [
        {
          "schema_version": 0,
          "attributes": {
            "acknowledgement_timeout": "1800",
            "alert_creation": "create_incidents",
            "alert_grouping": null,
            "alert_grouping_parameters": [],
            "alert_grouping_timeout": "null",
            "auto_pause_notifications_parameters": null,
            "auto_resolve_timeout": "14400",
            "created_at": "2023-02-26T17:28:01+02:00",
            "description": "Hzreblazestg (hzreblazestg)",
            "escalation_policy": "PQAH7SD",
            "html_url": "https://partner-webiscope.eu.pagerduty.com/service-directory/PBJVLWX",
            "id": "PBJVLWX",
            "incident_urgency_rule": [
              {
                "during_support_hours": [],
                "outside_support_hours": [],
                "type": "constant",
                "urgency": "high"
              }
            ],
            "last_incident_timestamp": "",
            "name": "Hzreblazestg",
            "response_play": null,
            "scheduled_actions": [],
            "status": "active",
            "support_hours": [],
            "type": "service"
          },
          "sensitive_attributes": [],
          "private": "bnVsbA==",
          "dependencies": [
            "data.pagerduty_escalation_policy.default"
          ]
        }
      ]
    },
    {
      "mode": "managed",
      "type": "pagerduty_service",
      "name": "Iai",
      "provider": "provider[\"registry.terraform.io/pagerduty/pagerduty\"]",
      "instances": [
        {
          "schema_version": 0,
          "attributes": {
            "acknowledgement_timeout": "1800",
            "alert_creation": "create_incidents",
            "alert_grouping": null,
            "alert_grouping_parameters": [],
            "alert_grouping_timeout": "null",
            "auto_pause_notifications_parameters": null,
            "auto_resolve_timeout": "14400",
            "created_at": "2023-02-26T17:27:29+02:00",
            "description": "Iai (iai)",
            "escalation_policy": "PQAH7SD",
            "html_url": "https://partner-webiscope.eu.pagerduty.com/service-directory/PJ6NZE3",
            "id": "PJ6NZE3",
            "incident_urgency_rule": [
              {
                "during_support_hours": [],
                "outside_support_hours": [],
                "type": "constant",
                "urgency": "high"
              }
            ],
            "last_incident_timestamp": "",
            "name": "Iai",
            "response_play": null,
            "scheduled_actions": [],
            "status": "active",
            "support_hours": [],
            "type": "service"
          },
          "sensitive_attributes": [],
          "private": "bnVsbA==",
          "dependencies": [
            "data.pagerduty_escalation_policy.default"
          ]
        }
      ]
    },
    {
      "mode": "managed",
      "type": "pagerduty_service",
      "name": "Iclgroup",
      "provider": "provider[\"registry.terraform.io/pagerduty/pagerduty\"]",
      "instances": [
        {
          "schema_version": 0,
          "attributes": {
            "acknowledgement_timeout": "1800",
            "alert_creation": "create_incidents",
            "alert_grouping": null,
            "alert_grouping_parameters": [],
            "alert_grouping_timeout": "null",
            "auto_pause_notifications_parameters": null,
            "auto_resolve_timeout": "14400",
            "created_at": "2023-02-26T17:27:53+02:00",
            "description": "Iclgroup (iclgroup)",
            "escalation_policy": "PQAH7SD",
            "html_url": "https://partner-webiscope.eu.pagerduty.com/service-directory/P2LJAJO",
            "id": "P2LJAJO",
            "incident_urgency_rule": [
              {
                "during_support_hours": [],
                "outside_support_hours": [],
                "type": "constant",
                "urgency": "high"
              }
            ],
            "last_incident_timestamp": "",
            "name": "Iclgroup",
            "response_play": null,
            "scheduled_actions": [],
            "status": "active",
            "support_hours": [],
            "type": "service"
          },
          "sensitive_attributes": [],
          "private": "bnVsbA==",
          "dependencies": [
            "data.pagerduty_escalation_policy.default"
          ]
        }
      ]
    },
    {
      "mode": "managed",
      "type": "pagerduty_service",
      "name": "Iconnect",
      "provider": "provider[\"registry.terraform.io/pagerduty/pagerduty\"]",
      "instances": [
        {
          "schema_version": 0,
          "attributes": {
            "acknowledgement_timeout": "1800",
            "alert_creation": "create_incidents",
            "alert_grouping": null,
            "alert_grouping_parameters": [],
            "alert_grouping_timeout": "null",
            "auto_pause_notifications_parameters": null,
            "auto_resolve_timeout": "14400",
            "created_at": "2023-02-26T17:27:04+02:00",
            "description": "Iconnect (iconnect)",
            "escalation_policy": "PQAH7SD",
            "html_url": "https://partner-webiscope.eu.pagerduty.com/service-directory/PDWZDBQ",
            "id": "PDWZDBQ",
            "incident_urgency_rule": [
              {
                "during_support_hours": [],
                "outside_support_hours": [],
                "type": "constant",
                "urgency": "high"
              }
            ],
            "last_incident_timestamp": "",
            "name": "Iconnect",
            "response_play": null,
            "scheduled_actions": [],
            "status": "active",
            "support_hours": [],
            "type": "service"
          },
          "sensitive_attributes": [],
          "private": "bnVsbA==",
          "dependencies": [
            "data.pagerduty_escalation_policy.default"
          ]
        }
      ]
    },
    {
      "mode": "managed",
      "type": "pagerduty_service",
      "name": "Idreblaze",
      "provider": "provider[\"registry.terraform.io/pagerduty/pagerduty\"]",
      "instances": [
        {
          "schema_version": 0,
          "attributes": {
            "acknowledgement_timeout": "1800",
            "alert_creation": "create_incidents",
            "alert_grouping": null,
            "alert_grouping_parameters": [],
            "alert_grouping_timeout": "null",
            "auto_pause_notifications_parameters": null,
            "auto_resolve_timeout": "14400",
            "created_at": "2023-02-26T17:28:09+02:00",
            "description": "Idreblaze (idreblaze)",
            "escalation_policy": "PQAH7SD",
            "html_url": "https://partner-webiscope.eu.pagerduty.com/service-directory/PVX79YM",
            "id": "PVX79YM",
            "incident_urgency_rule": [
              {
                "during_support_hours": [],
                "outside_support_hours": [],
                "type": "constant",
                "urgency": "high"
              }
            ],
            "last_incident_timestamp": "",
            "name": "Idreblaze",
            "response_play": null,
            "scheduled_actions": [],
            "status": "active",
            "support_hours": [],
            "type": "service"
          },
          "sensitive_attributes": [],
          "private": "bnVsbA==",
          "dependencies": [
            "data.pagerduty_escalation_policy.default"
          ]
        }
      ]
    },
    {
      "mode": "managed",
      "type": "pagerduty_service",
      "name": "Iec",
      "provider": "provider[\"registry.terraform.io/pagerduty/pagerduty\"]",
      "instances": [
        {
          "schema_version": 0,
          "attributes": {
            "acknowledgement_timeout": "1800",
            "alert_creation": "create_incidents",
            "alert_grouping": null,
            "alert_grouping_parameters": [],
            "alert_grouping_timeout": "null",
            "auto_pause_notifications_parameters": null,
            "auto_resolve_timeout": "14400",
            "created_at": "2023-02-26T17:27:17+02:00",
            "description": "Iec (iec)",
            "escalation_policy": "PQAH7SD",
            "html_url": "https://partner-webiscope.eu.pagerduty.com/service-directory/P4Q2ZG8",
            "id": "P4Q2ZG8",
            "incident_urgency_rule": [
              {
                "during_support_hours": [],
                "outside_support_hours": [],
                "type": "constant",
                "urgency": "high"
              }
            ],
            "last_incident_timestamp": "",
            "name": "Iec",
            "response_play": null,
            "scheduled_actions": [],
            "status": "active",
            "support_hours": [],
            "type": "service"
          },
          "sensitive_attributes": [],
          "private": "bnVsbA==",
          "dependencies": [
            "data.pagerduty_escalation_policy.default"
          ]
        }
      ]
    },
    {
      "mode": "managed",
      "type": "pagerduty_service",
      "name": "Iectesttls",
      "provider": "provider[\"registry.terraform.io/pagerduty/pagerduty\"]",
      "instances": [
        {
          "schema_version": 0,
          "attributes": {
            "acknowledgement_timeout": "1800",
            "alert_creation": "create_incidents",
            "alert_grouping": null,
            "alert_grouping_parameters": [],
            "alert_grouping_timeout": "null",
            "auto_pause_notifications_parameters": null,
            "auto_resolve_timeout": "14400",
            "created_at": "2023-02-26T17:27:46+02:00",
            "description": "Iectesttls (iectesttls)",
            "escalation_policy": "PQAH7SD",
            "html_url": "https://partner-webiscope.eu.pagerduty.com/service-directory/PWUA8IK",
            "id": "PWUA8IK",
            "incident_urgency_rule": [
              {
                "during_support_hours": [],
                "outside_support_hours": [],
                "type": "constant",
                "urgency": "high"
              }
            ],
            "last_incident_timestamp": "",
            "name": "Iectesttls",
            "response_play": null,
            "scheduled_actions": [],
            "status": "active",
            "support_hours": [],
            "type": "service"
          },
          "sensitive_attributes": [],
          "private": "bnVsbA==",
          "dependencies": [
            "data.pagerduty_escalation_policy.default"
          ]
        }
      ]
    },
    {
      "mode": "managed",
      "type": "pagerduty_service",
      "name": "Inatec",
      "provider": "provider[\"registry.terraform.io/pagerduty/pagerduty\"]",
      "instances": [
        {
          "schema_version": 0,
          "attributes": {
            "acknowledgement_timeout": "1800",
            "alert_creation": "create_incidents",
            "alert_grouping": null,
            "alert_grouping_parameters": [],
            "alert_grouping_timeout": "null",
            "auto_pause_notifications_parameters": null,
            "auto_resolve_timeout": "14400",
            "created_at": "2023-02-26T17:27:32+02:00",
            "description": "Inatec (inatec)",
            "escalation_policy": "PQAH7SD",
            "html_url": "https://partner-webiscope.eu.pagerduty.com/service-directory/PQR9Q68",
            "id": "PQR9Q68",
            "incident_urgency_rule": [
              {
                "during_support_hours": [],
                "outside_support_hours": [],
                "type": "constant",
                "urgency": "high"
              }
            ],
            "last_incident_timestamp": "",
            "name": "Inatec",
            "response_play": null,
            "scheduled_actions": [],
            "status": "active",
            "support_hours": [],
            "type": "service"
          },
          "sensitive_attributes": [],
          "private": "bnVsbA==",
          "dependencies": [
            "data.pagerduty_escalation_policy.default"
          ]
        }
      ]
    },
    {
      "mode": "managed",
      "type": "pagerduty_service",
      "name": "Inetwebs152061635206655917",
      "provider": "provider[\"registry.terraform.io/pagerduty/pagerduty\"]",
      "instances": [
        {
          "schema_version": 0,
          "attributes": {
            "acknowledgement_timeout": "1800",
            "alert_creation": "create_incidents",
            "alert_grouping": null,
            "alert_grouping_parameters": [],
            "alert_grouping_timeout": "null",
            "auto_pause_notifications_parameters": null,
            "auto_resolve_timeout": "14400",
            "created_at": "2023-02-26T17:28:06+02:00",
            "description": "Inetwebs152061635206655917 (inetwebs152061635206655917)",
            "escalation_policy": "PQAH7SD",
            "html_url": "https://partner-webiscope.eu.pagerduty.com/service-directory/PPBYXOQ",
            "id": "PPBYXOQ",
            "incident_urgency_rule": [
              {
                "during_support_hours": [],
                "outside_support_hours": [],
                "type": "constant",
                "urgency": "high"
              }
            ],
            "last_incident_timestamp": "",
            "name": "Inetwebs152061635206655917",
            "response_play": null,
            "scheduled_actions": [],
            "status": "active",
            "support_hours": [],
            "type": "service"
          },
          "sensitive_attributes": [],
          "private": "bnVsbA==",
          "dependencies": [
            "data.pagerduty_escalation_policy.default"
          ]
        }
      ]
    },
    {
      "mode": "managed",
      "type": "pagerduty_service",
      "name": "Inss",
      "provider": "provider[\"registry.terraform.io/pagerduty/pagerduty\"]",
      "instances": [
        {
          "schema_version": 0,
          "attributes": {
            "acknowledgement_timeout": "1800",
            "alert_creation": "create_incidents",
            "alert_grouping": null,
            "alert_grouping_parameters": [],
            "alert_grouping_timeout": "null",
            "auto_pause_notifications_parameters": null,
            "auto_resolve_timeout": "14400",
            "created_at": "2023-02-26T17:27:54+02:00",
            "description": "Inss (inss)",
            "escalation_policy": "PQAH7SD",
            "html_url": "https://partner-webiscope.eu.pagerduty.com/service-directory/PXQKYQ2",
            "id": "PXQKYQ2",
            "incident_urgency_rule": [
              {
                "during_support_hours": [],
                "outside_support_hours": [],
                "type": "constant",
                "urgency": "high"
              }
            ],
            "last_incident_timestamp": "",
            "name": "Inss",
            "response_play": null,
            "scheduled_actions": [],
            "status": "active",
            "support_hours": [],
            "type": "service"
          },
          "sensitive_attributes": [],
          "private": "bnVsbA==",
          "dependencies": [
            "data.pagerduty_escalation_policy.default"
          ]
        }
      ]
    },
    {
      "mode": "managed",
      "type": "pagerduty_service",
      "name": "Iolpbsalute",
      "provider": "provider[\"registry.terraform.io/pagerduty/pagerduty\"]",
      "instances": [
        {
          "schema_version": 0,
          "attributes": {
            "acknowledgement_timeout": "1800",
            "alert_creation": "create_incidents",
            "alert_grouping": null,
            "alert_grouping_parameters": [],
            "alert_grouping_timeout": "null",
            "auto_pause_notifications_parameters": null,
            "auto_resolve_timeout": "14400",
            "created_at": "2023-02-26T17:27:58+02:00",
            "description": "Iolpbsalute (iolpbsalute)",
            "escalation_policy": "PQAH7SD",
            "html_url": "https://partner-webiscope.eu.pagerduty.com/service-directory/PSRZ8WY",
            "id": "PSRZ8WY",
            "incident_urgency_rule": [
              {
                "during_support_hours": [],
                "outside_support_hours": [],
                "type": "constant",
                "urgency": "high"
              }
            ],
            "last_incident_timestamp": "",
            "name": "Iolpbsalute",
            "response_play": null,
            "scheduled_actions": [],
            "status": "active",
            "support_hours": [],
            "type": "service"
          },
          "sensitive_attributes": [],
          "private": "bnVsbA==",
          "dependencies": [
            "data.pagerduty_escalation_policy.default"
          ]
        }
      ]
    },
    {
      "mode": "managed",
      "type": "pagerduty_service",
      "name": "Iremit",
      "provider": "provider[\"registry.terraform.io/pagerduty/pagerduty\"]",
      "instances": [
        {
          "schema_version": 0,
          "attributes": {
            "acknowledgement_timeout": "1800",
            "alert_creation": "create_incidents",
            "alert_grouping": null,
            "alert_grouping_parameters": [],
            "alert_grouping_timeout": "null",
            "auto_pause_notifications_parameters": null,
            "auto_resolve_timeout": "14400",
            "created_at": "2023-02-26T17:27:40+02:00",
            "description": "Iremit (iremit)",
            "escalation_policy": "PQAH7SD",
            "html_url": "https://partner-webiscope.eu.pagerduty.com/service-directory/PUJHDPD",
            "id": "PUJHDPD",
            "incident_urgency_rule": [
              {
                "during_support_hours": [],
                "outside_support_hours": [],
                "type": "constant",
                "urgency": "high"
              }
            ],
            "last_incident_timestamp": "",
            "name": "Iremit",
            "response_play": null,
            "scheduled_actions": [],
            "status": "active",
            "support_hours": [],
            "type": "service"
          },
          "sensitive_attributes": [],
          "private": "bnVsbA==",
          "dependencies": [
            "data.pagerduty_escalation_policy.default"
          ]
        }
      ]
    },
    {
      "mode": "managed",
      "type": "pagerduty_service",
      "name": "Ironsolutions",
      "provider": "provider[\"registry.terraform.io/pagerduty/pagerduty\"]",
      "instances": [
        {
          "schema_version": 0,
          "attributes": {
            "acknowledgement_timeout": "1800",
            "alert_creation": "create_incidents",
            "alert_grouping": null,
            "alert_grouping_parameters": [],
            "alert_grouping_timeout": "null",
            "auto_pause_notifications_parameters": null,
            "auto_resolve_timeout": "14400",
            "created_at": "2023-02-26T17:27:07+02:00",
            "description": "Ironsolutions (ironsolutions)",
            "escalation_policy": "PQAH7SD",
            "html_url": "https://partner-webiscope.eu.pagerduty.com/service-directory/P0VMSBF",
            "id": "P0VMSBF",
            "incident_urgency_rule": [
              {
                "during_support_hours": [],
                "outside_support_hours": [],
                "type": "constant",
                "urgency": "high"
              }
            ],
            "last_incident_timestamp": "",
            "name": "Ironsolutions",
            "response_play": null,
            "scheduled_actions": [],
            "status": "active",
            "support_hours": [],
            "type": "service"
          },
          "sensitive_attributes": [],
          "private": "bnVsbA==",
          "dependencies": [
            "data.pagerduty_escalation_policy.default"
          ]
        }
      ]
    },
    {
      "mode": "managed",
      "type": "pagerduty_service",
      "name": "Israel69595972334368573",
      "provider": "provider[\"registry.terraform.io/pagerduty/pagerduty\"]",
      "instances": [
        {
          "schema_version": 0,
          "attributes": {
            "acknowledgement_timeout": "1800",
            "alert_creation": "create_incidents",
            "alert_grouping": null,
            "alert_grouping_parameters": [],
            "alert_grouping_timeout": "null",
            "auto_pause_notifications_parameters": null,
            "auto_resolve_timeout": "14400",
            "created_at": "2023-02-26T17:27:27+02:00",
            "description": "Israel69595972334368573 (israel69595972334368573)",
            "escalation_policy": "PQAH7SD",
            "html_url": "https://partner-webiscope.eu.pagerduty.com/service-directory/PCZ6ERS",
            "id": "PCZ6ERS",
            "incident_urgency_rule": [
              {
                "during_support_hours": [],
                "outside_support_hours": [],
                "type": "constant",
                "urgency": "high"
              }
            ],
            "last_incident_timestamp": "",
            "name": "Israel69595972334368573",
            "response_play": null,
            "scheduled_actions": [],
            "status": "active",
            "support_hours": [],
            "type": "service"
          },
          "sensitive_attributes": [],
          "private": "bnVsbA==",
          "dependencies": [
            "data.pagerduty_escalation_policy.default"
          ]
        }
      ]
    },
    {
      "mode": "managed",
      "type": "pagerduty_service",
      "name": "Israelhayom",
      "provider": "provider[\"registry.terraform.io/pagerduty/pagerduty\"]",
      "instances": [
        {
          "schema_version": 0,
          "attributes": {
            "acknowledgement_timeout": "1800",
            "alert_creation": "create_incidents",
            "alert_grouping": null,
            "alert_grouping_parameters": [],
            "alert_grouping_timeout": "null",
            "auto_pause_notifications_parameters": null,
            "auto_resolve_timeout": "14400",
            "created_at": "2023-02-26T17:28:08+02:00",
            "description": "Israelhayom (israelhayom)",
            "escalation_policy": "PQAH7SD",
            "html_url": "https://partner-webiscope.eu.pagerduty.com/service-directory/PZI0TQR",
            "id": "PZI0TQR",
            "incident_urgency_rule": [
              {
                "during_support_hours": [],
                "outside_support_hours": [],
                "type": "constant",
                "urgency": "high"
              }
            ],
            "last_incident_timestamp": "",
            "name": "Israelhayom",
            "response_play": null,
            "scheduled_actions": [],
            "status": "active",
            "support_hours": [],
            "type": "service"
          },
          "sensitive_attributes": [],
          "private": "bnVsbA==",
          "dependencies": [
            "data.pagerduty_escalation_policy.default"
          ]
        }
      ]
    },
    {
      "mode": "managed",
      "type": "pagerduty_service",
      "name": "Israelrai27963377783270403",
      "provider": "provider[\"registry.terraform.io/pagerduty/pagerduty\"]",
      "instances": [
        {
          "schema_version": 0,
          "attributes": {
            "acknowledgement_timeout": "1800",
            "alert_creation": "create_incidents",
            "alert_grouping": null,
            "alert_grouping_parameters": [],
            "alert_grouping_timeout": "null",
            "auto_pause_notifications_parameters": null,
            "auto_resolve_timeout": "14400",
            "created_at": "2023-02-26T17:27:54+02:00",
            "description": "Israelrai27963377783270403 (israelrai27963377783270403)",
            "escalation_policy": "PQAH7SD",
            "html_url": "https://partner-webiscope.eu.pagerduty.com/service-directory/P9W0W8M",
            "id": "P9W0W8M",
            "incident_urgency_rule": [
              {
                "during_support_hours": [],
                "outside_support_hours": [],
                "type": "constant",
                "urgency": "high"
              }
            ],
            "last_incident_timestamp": "",
            "name": "Israelrai27963377783270403",
            "response_play": null,
            "scheduled_actions": [],
            "status": "active",
            "support_hours": [],
            "type": "service"
          },
          "sensitive_attributes": [],
          "private": "bnVsbA==",
          "dependencies": [
            "data.pagerduty_escalation_policy.default"
          ]
        }
      ]
    },
    {
      "mode": "managed",
      "type": "pagerduty_service",
      "name": "Isstax",
      "provider": "provider[\"registry.terraform.io/pagerduty/pagerduty\"]",
      "instances": [
        {
          "schema_version": 0,
          "attributes": {
            "acknowledgement_timeout": "1800",
            "alert_creation": "create_incidents",
            "alert_grouping": null,
            "alert_grouping_parameters": [],
            "alert_grouping_timeout": "null",
            "auto_pause_notifications_parameters": null,
            "auto_resolve_timeout": "14400",
            "created_at": "2023-02-26T17:27:24+02:00",
            "description": "Isstax (isstax)",
            "escalation_policy": "PQAH7SD",
            "html_url": "https://partner-webiscope.eu.pagerduty.com/service-directory/PAPJ2G6",
            "id": "PAPJ2G6",
            "incident_urgency_rule": [
              {
                "during_support_hours": [],
                "outside_support_hours": [],
                "type": "constant",
                "urgency": "high"
              }
            ],
            "last_incident_timestamp": "",
            "name": "Isstax",
            "response_play": null,
            "scheduled_actions": [],
            "status": "active",
            "support_hours": [],
            "type": "service"
          },
          "sensitive_attributes": [],
          "private": "bnVsbA==",
          "dependencies": [
            "data.pagerduty_escalation_policy.default"
          ]
        }
      ]
    },
    {
      "mode": "managed",
      "type": "pagerduty_service",
      "name": "Itgx",
      "provider": "provider[\"registry.terraform.io/pagerduty/pagerduty\"]",
      "instances": [
        {
          "schema_version": 0,
          "attributes": {
            "acknowledgement_timeout": "1800",
            "alert_creation": "create_incidents",
            "alert_grouping": null,
            "alert_grouping_parameters": [],
            "alert_grouping_timeout": "null",
            "auto_pause_notifications_parameters": null,
            "auto_resolve_timeout": "14400",
            "created_at": "2023-02-26T17:27:12+02:00",
            "description": "Itgx (itgx)",
            "escalation_policy": "PQAH7SD",
            "html_url": "https://partner-webiscope.eu.pagerduty.com/service-directory/PAGZ2T5",
            "id": "PAGZ2T5",
            "incident_urgency_rule": [
              {
                "during_support_hours": [],
                "outside_support_hours": [],
                "type": "constant",
                "urgency": "high"
              }
            ],
            "last_incident_timestamp": "",
            "name": "Itgx",
            "response_play": null,
            "scheduled_actions": [],
            "status": "active",
            "support_hours": [],
            "type": "service"
          },
          "sensitive_attributes": [],
          "private": "bnVsbA==",
          "dependencies": [
            "data.pagerduty_escalation_policy.default"
          ]
        }
      ]
    },
    {
      "mode": "managed",
      "type": "pagerduty_service",
      "name": "Ituranar",
      "provider": "provider[\"registry.terraform.io/pagerduty/pagerduty\"]",
      "instances": [
        {
          "schema_version": 0,
          "attributes": {
            "acknowledgement_timeout": "1800",
            "alert_creation": "create_incidents",
            "alert_grouping": null,
            "alert_grouping_parameters": [],
            "alert_grouping_timeout": "null",
            "auto_pause_notifications_parameters": null,
            "auto_resolve_timeout": "14400",
            "created_at": "2023-02-26T17:27:17+02:00",
            "description": "Ituranar (ituranar)",
            "escalation_policy": "PQAH7SD",
            "html_url": "https://partner-webiscope.eu.pagerduty.com/service-directory/P0DEZ3I",
            "id": "P0DEZ3I",
            "incident_urgency_rule": [
              {
                "during_support_hours": [],
                "outside_support_hours": [],
                "type": "constant",
                "urgency": "high"
              }
            ],
            "last_incident_timestamp": "",
            "name": "Ituranar",
            "response_play": null,
            "scheduled_actions": [],
            "status": "active",
            "support_hours": [],
            "type": "service"
          },
          "sensitive_attributes": [],
          "private": "bnVsbA==",
          "dependencies": [
            "data.pagerduty_escalation_policy.default"
          ]
        }
      ]
    },
    {
      "mode": "managed",
      "type": "pagerduty_service",
      "name": "Ituranbr",
      "provider": "provider[\"registry.terraform.io/pagerduty/pagerduty\"]",
      "instances": [
        {
          "schema_version": 0,
          "attributes": {
            "acknowledgement_timeout": "1800",
            "alert_creation": "create_incidents",
            "alert_grouping": null,
            "alert_grouping_parameters": [],
            "alert_grouping_timeout": "null",
            "auto_pause_notifications_parameters": null,
            "auto_resolve_timeout": "14400",
            "created_at": "2023-02-26T17:27:36+02:00",
            "description": "Ituranbr (ituranbr)",
            "escalation_policy": "PQAH7SD",
            "html_url": "https://partner-webiscope.eu.pagerduty.com/service-directory/P16OLL1",
            "id": "P16OLL1",
            "incident_urgency_rule": [
              {
                "during_support_hours": [],
                "outside_support_hours": [],
                "type": "constant",
                "urgency": "high"
              }
            ],
            "last_incident_timestamp": "",
            "name": "Ituranbr",
            "response_play": null,
            "scheduled_actions": [],
            "status": "active",
            "support_hours": [],
            "type": "service"
          },
          "sensitive_attributes": [],
          "private": "bnVsbA==",
          "dependencies": [
            "data.pagerduty_escalation_policy.default"
          ]
        }
      ]
    },
    {
      "mode": "managed",
      "type": "pagerduty_service",
      "name": "Ituranx",
      "provider": "provider[\"registry.terraform.io/pagerduty/pagerduty\"]",
      "instances": [
        {
          "schema_version": 0,
          "attributes": {
            "acknowledgement_timeout": "1800",
            "alert_creation": "create_incidents",
            "alert_grouping": null,
            "alert_grouping_parameters": [],
            "alert_grouping_timeout": "null",
            "auto_pause_notifications_parameters": null,
            "auto_resolve_timeout": "14400",
            "created_at": "2023-02-26T17:28:01+02:00",
            "description": "Ituranx (ituranx)",
            "escalation_policy": "PQAH7SD",
            "html_url": "https://partner-webiscope.eu.pagerduty.com/service-directory/PYN7KH7",
            "id": "PYN7KH7",
            "incident_urgency_rule": [
              {
                "during_support_hours": [],
                "outside_support_hours": [],
                "type": "constant",
                "urgency": "high"
              }
            ],
            "last_incident_timestamp": "",
            "name": "Ituranx",
            "response_play": null,
            "scheduled_actions": [],
            "status": "active",
            "support_hours": [],
            "type": "service"
          },
          "sensitive_attributes": [],
          "private": "bnVsbA==",
          "dependencies": [
            "data.pagerduty_escalation_policy.default"
          ]
        }
      ]
    },
    {
      "mode": "managed",
      "type": "pagerduty_service",
      "name": "Kahane",
      "provider": "provider[\"registry.terraform.io/pagerduty/pagerduty\"]",
      "instances": [
        {
          "schema_version": 0,
          "attributes": {
            "acknowledgement_timeout": "1800",
            "alert_creation": "create_incidents",
            "alert_grouping": null,
            "alert_grouping_parameters": [],
            "alert_grouping_timeout": "null",
            "auto_pause_notifications_parameters": null,
            "auto_resolve_timeout": "14400",
            "created_at": "2023-02-26T17:28:05+02:00",
            "description": "Kahane (kahane)",
            "escalation_policy": "PQAH7SD",
            "html_url": "https://partner-webiscope.eu.pagerduty.com/service-directory/PHF4AH6",
            "id": "PHF4AH6",
            "incident_urgency_rule": [
              {
                "during_support_hours": [],
                "outside_support_hours": [],
                "type": "constant",
                "urgency": "high"
              }
            ],
            "last_incident_timestamp": "",
            "name": "Kahane",
            "response_play": null,
            "scheduled_actions": [],
            "status": "active",
            "support_hours": [],
            "type": "service"
          },
          "sensitive_attributes": [],
          "private": "bnVsbA==",
          "dependencies": [
            "data.pagerduty_escalation_policy.default"
          ]
        }
      ]
    },
    {
      "mode": "managed",
      "type": "pagerduty_service",
      "name": "Katzd",
      "provider": "provider[\"registry.terraform.io/pagerduty/pagerduty\"]",
      "instances": [
        {
          "schema_version": 0,
          "attributes": {
            "acknowledgement_timeout": "1800",
            "alert_creation": "create_incidents",
            "alert_grouping": null,
            "alert_grouping_parameters": [],
            "alert_grouping_timeout": "null",
            "auto_pause_notifications_parameters": null,
            "auto_resolve_timeout": "14400",
            "created_at": "2023-02-26T17:27:17+02:00",
            "description": "Katzd (katzd)",
            "escalation_policy": "PQAH7SD",
            "html_url": "https://partner-webiscope.eu.pagerduty.com/service-directory/PCRRXMP",
            "id": "PCRRXMP",
            "incident_urgency_rule": [
              {
                "during_support_hours": [],
                "outside_support_hours": [],
                "type": "constant",
                "urgency": "high"
              }
            ],
            "last_incident_timestamp": "",
            "name": "Katzd",
            "response_play": null,
            "scheduled_actions": [],
            "status": "active",
            "support_hours": [],
            "type": "service"
          },
          "sensitive_attributes": [],
          "private": "bnVsbA==",
          "dependencies": [
            "data.pagerduty_escalation_policy.default"
          ]
        }
      ]
    },
    {
      "mode": "managed",
      "type": "pagerduty_service",
      "name": "Knesset",
      "provider": "provider[\"registry.terraform.io/pagerduty/pagerduty\"]",
      "instances": [
        {
          "schema_version": 0,
          "attributes": {
            "acknowledgement_timeout": "1800",
            "alert_creation": "create_incidents",
            "alert_grouping": null,
            "alert_grouping_parameters": [],
            "alert_grouping_timeout": "null",
            "auto_pause_notifications_parameters": null,
            "auto_resolve_timeout": "14400",
            "created_at": "2023-02-26T17:27:22+02:00",
            "description": "Knesset (knesset)",
            "escalation_policy": "PQAH7SD",
            "html_url": "https://partner-webiscope.eu.pagerduty.com/service-directory/PEAC9XY",
            "id": "PEAC9XY",
            "incident_urgency_rule": [
              {
                "during_support_hours": [],
                "outside_support_hours": [],
                "type": "constant",
                "urgency": "high"
              }
            ],
            "last_incident_timestamp": "",
            "name": "Knesset",
            "response_play": null,
            "scheduled_actions": [],
            "status": "active",
            "support_hours": [],
            "type": "service"
          },
          "sensitive_attributes": [],
          "private": "bnVsbA==",
          "dependencies": [
            "data.pagerduty_escalation_policy.default"
          ]
        }
      ]
    },
    {
      "mode": "managed",
      "type": "pagerduty_service",
      "name": "Kolh",
      "provider": "provider[\"registry.terraform.io/pagerduty/pagerduty\"]",
      "instances": [
        {
          "schema_version": 0,
          "attributes": {
            "acknowledgement_timeout": "1800",
            "alert_creation": "create_incidents",
            "alert_grouping": null,
            "alert_grouping_parameters": [],
            "alert_grouping_timeout": "null",
            "auto_pause_notifications_parameters": null,
            "auto_resolve_timeout": "14400",
            "created_at": "2023-02-26T17:27:56+02:00",
            "description": "Kolh (kolh)",
            "escalation_policy": "PQAH7SD",
            "html_url": "https://partner-webiscope.eu.pagerduty.com/service-directory/P8HVQ6K",
            "id": "P8HVQ6K",
            "incident_urgency_rule": [
              {
                "during_support_hours": [],
                "outside_support_hours": [],
                "type": "constant",
                "urgency": "high"
              }
            ],
            "last_incident_timestamp": "",
            "name": "Kolh",
            "response_play": null,
            "scheduled_actions": [],
            "status": "active",
            "support_hours": [],
            "type": "service"
          },
          "sensitive_attributes": [],
          "private": "bnVsbA==",
          "dependencies": [
            "data.pagerduty_escalation_policy.default"
          ]
        }
      ]
    },
    {
      "mode": "managed",
      "type": "pagerduty_service",
      "name": "Leonardohotels",
      "provider": "provider[\"registry.terraform.io/pagerduty/pagerduty\"]",
      "instances": [
        {
          "schema_version": 0,
          "attributes": {
            "acknowledgement_timeout": "1800",
            "alert_creation": "create_incidents",
            "alert_grouping": null,
            "alert_grouping_parameters": [],
            "alert_grouping_timeout": "null",
            "auto_pause_notifications_parameters": null,
            "auto_resolve_timeout": "14400",
            "created_at": "2023-02-26T17:27:36+02:00",
            "description": "Leonardohotels (leonardohotels)",
            "escalation_policy": "PQAH7SD",
            "html_url": "https://partner-webiscope.eu.pagerduty.com/service-directory/PW9I2TH",
            "id": "PW9I2TH",
            "incident_urgency_rule": [
              {
                "during_support_hours": [],
                "outside_support_hours": [],
                "type": "constant",
                "urgency": "high"
              }
            ],
            "last_incident_timestamp": "",
            "name": "Leonardohotels",
            "response_play": null,
            "scheduled_actions": [],
            "status": "active",
            "support_hours": [],
            "type": "service"
          },
          "sensitive_attributes": [],
          "private": "bnVsbA==",
          "dependencies": [
            "data.pagerduty_escalation_policy.default"
          ]
        }
      ]
    },
    {
      "mode": "managed",
      "type": "pagerduty_service",
      "name": "Lifefitness",
      "provider": "provider[\"registry.terraform.io/pagerduty/pagerduty\"]",
      "instances": [
        {
          "schema_version": 0,
          "attributes": {
            "acknowledgement_timeout": "1800",
            "alert_creation": "create_incidents",
            "alert_grouping": null,
            "alert_grouping_parameters": [],
            "alert_grouping_timeout": "null",
            "auto_pause_notifications_parameters": null,
            "auto_resolve_timeout": "14400",
            "created_at": "2023-02-26T17:27:36+02:00",
            "description": "Lifefitness (lifefitness)",
            "escalation_policy": "PQAH7SD",
            "html_url": "https://partner-webiscope.eu.pagerduty.com/service-directory/PSAX1EU",
            "id": "PSAX1EU",
            "incident_urgency_rule": [
              {
                "during_support_hours": [],
                "outside_support_hours": [],
                "type": "constant",
                "urgency": "high"
              }
            ],
            "last_incident_timestamp": "",
            "name": "Lifefitness",
            "response_play": null,
            "scheduled_actions": [],
            "status": "active",
            "support_hours": [],
            "type": "service"
          },
          "sensitive_attributes": [],
          "private": "bnVsbA==",
          "dependencies": [
            "data.pagerduty_escalation_policy.default"
          ]
        }
      ]
    },
    {
      "mode": "managed",
      "type": "pagerduty_service",
      "name": "Liveu",
      "provider": "provider[\"registry.terraform.io/pagerduty/pagerduty\"]",
      "instances": [
        {
          "schema_version": 0,
          "attributes": {
            "acknowledgement_timeout": "1800",
            "alert_creation": "create_incidents",
            "alert_grouping": null,
            "alert_grouping_parameters": [],
            "alert_grouping_timeout": "null",
            "auto_pause_notifications_parameters": null,
            "auto_resolve_timeout": "14400",
            "created_at": "2023-02-26T17:27:36+02:00",
            "description": "Liveu (liveu)",
            "escalation_policy": "PQAH7SD",
            "html_url": "https://partner-webiscope.eu.pagerduty.com/service-directory/P4FZMAR",
            "id": "P4FZMAR",
            "incident_urgency_rule": [
              {
                "during_support_hours": [],
                "outside_support_hours": [],
                "type": "constant",
                "urgency": "high"
              }
            ],
            "last_incident_timestamp": "",
            "name": "Liveu",
            "response_play": null,
            "scheduled_actions": [],
            "status": "active",
            "support_hours": [],
            "type": "service"
          },
          "sensitive_attributes": [],
          "private": "bnVsbA==",
          "dependencies": [
            "data.pagerduty_escalation_policy.default"
          ]
        }
      ]
    },
    {
      "mode": "managed",
      "type": "pagerduty_service",
      "name": "Liveustg",
      "provider": "provider[\"registry.terraform.io/pagerduty/pagerduty\"]",
      "instances": [
        {
          "schema_version": 0,
          "attributes": {
            "acknowledgement_timeout": "1800",
            "alert_creation": "create_incidents",
            "alert_grouping": null,
            "alert_grouping_parameters": [],
            "alert_grouping_timeout": "null",
            "auto_pause_notifications_parameters": null,
            "auto_resolve_timeout": "14400",
            "created_at": "2023-02-26T17:27:24+02:00",
            "description": "Liveustg (liveustg)",
            "escalation_policy": "PQAH7SD",
            "html_url": "https://partner-webiscope.eu.pagerduty.com/service-directory/P59PMNQ",
            "id": "P59PMNQ",
            "incident_urgency_rule": [
              {
                "during_support_hours": [],
                "outside_support_hours": [],
                "type": "constant",
                "urgency": "high"
              }
            ],
            "last_incident_timestamp": "",
            "name": "Liveustg",
            "response_play": null,
            "scheduled_actions": [],
            "status": "active",
            "support_hours": [],
            "type": "service"
          },
          "sensitive_attributes": [],
          "private": "bnVsbA==",
          "dependencies": [
            "data.pagerduty_escalation_policy.default"
          ]
        }
      ]
    },
    {
      "mode": "managed",
      "type": "pagerduty_service",
      "name": "Lusha",
      "provider": "provider[\"registry.terraform.io/pagerduty/pagerduty\"]",
      "instances": [
        {
          "schema_version": 0,
          "attributes": {
            "acknowledgement_timeout": "1800",
            "alert_creation": "create_incidents",
            "alert_grouping": null,
            "alert_grouping_parameters": [],
            "alert_grouping_timeout": "null",
            "auto_pause_notifications_parameters": null,
            "auto_resolve_timeout": "14400",
            "created_at": "2023-02-26T17:27:10+02:00",
            "description": "Lusha (lusha)",
            "escalation_policy": "PQAH7SD",
            "html_url": "https://partner-webiscope.eu.pagerduty.com/service-directory/P2FN4N1",
            "id": "P2FN4N1",
            "incident_urgency_rule": [
              {
                "during_support_hours": [],
                "outside_support_hours": [],
                "type": "constant",
                "urgency": "high"
              }
            ],
            "last_incident_timestamp": "",
            "name": "Lusha",
            "response_play": null,
            "scheduled_actions": [],
            "status": "active",
            "support_hours": [],
            "type": "service"
          },
          "sensitive_attributes": [],
          "private": "bnVsbA==",
          "dependencies": [
            "data.pagerduty_escalation_policy.default"
          ]
        }
      ]
    },
    {
      "mode": "managed",
      "type": "pagerduty_service",
      "name": "Luzzatto",
      "provider": "provider[\"registry.terraform.io/pagerduty/pagerduty\"]",
      "instances": [
        {
          "schema_version": 0,
          "attributes": {
            "acknowledgement_timeout": "1800",
            "alert_creation": "create_incidents",
            "alert_grouping": null,
            "alert_grouping_parameters": [],
            "alert_grouping_timeout": "null",
            "auto_pause_notifications_parameters": null,
            "auto_resolve_timeout": "14400",
            "created_at": "2023-02-26T17:27:26+02:00",
            "description": "Luzzatto (luzzatto)",
            "escalation_policy": "PQAH7SD",
            "html_url": "https://partner-webiscope.eu.pagerduty.com/service-directory/POGTHA1",
            "id": "POGTHA1",
            "incident_urgency_rule": [
              {
                "during_support_hours": [],
                "outside_support_hours": [],
                "type": "constant",
                "urgency": "high"
              }
            ],
            "last_incident_timestamp": "",
            "name": "Luzzatto",
            "response_play": null,
            "scheduled_actions": [],
            "status": "active",
            "support_hours": [],
            "type": "service"
          },
          "sensitive_attributes": [],
          "private": "bnVsbA==",
          "dependencies": [
            "data.pagerduty_escalation_policy.default"
          ]
        }
      ]
    },
    {
      "mode": "managed",
      "type": "pagerduty_service",
      "name": "Lvpn527370280444",
      "provider": "provider[\"registry.terraform.io/pagerduty/pagerduty\"]",
      "instances": [
        {
          "schema_version": 0,
          "attributes": {
            "acknowledgement_timeout": "1800",
            "alert_creation": "create_incidents",
            "alert_grouping": null,
            "alert_grouping_parameters": [],
            "alert_grouping_timeout": "null",
            "auto_pause_notifications_parameters": null,
            "auto_resolve_timeout": "14400",
            "created_at": "2023-02-26T17:27:09+02:00",
            "description": "Lvpn527370280444 (lvpn527370280444)",
            "escalation_policy": "PQAH7SD",
            "html_url": "https://partner-webiscope.eu.pagerduty.com/service-directory/PIDD9JK",
            "id": "PIDD9JK",
            "incident_urgency_rule": [
              {
                "during_support_hours": [],
                "outside_support_hours": [],
                "type": "constant",
                "urgency": "high"
              }
            ],
            "last_incident_timestamp": "",
            "name": "Lvpn527370280444",
            "response_play": null,
            "scheduled_actions": [],
            "status": "active",
            "support_hours": [],
            "type": "service"
          },
          "sensitive_attributes": [],
          "private": "bnVsbA==",
          "dependencies": [
            "data.pagerduty_escalation_policy.default"
          ]
        }
      ]
    },
    {
      "mode": "managed",
      "type": "pagerduty_service",
      "name": "Machinerypete",
      "provider": "provider[\"registry.terraform.io/pagerduty/pagerduty\"]",
      "instances": [
        {
          "schema_version": 0,
          "attributes": {
            "acknowledgement_timeout": "1800",
            "alert_creation": "create_incidents",
            "alert_grouping": null,
            "alert_grouping_parameters": [],
            "alert_grouping_timeout": "null",
            "auto_pause_notifications_parameters": null,
            "auto_resolve_timeout": "14400",
            "created_at": "2023-02-26T17:27:16+02:00",
            "description": "Machinerypete (machinerypete)",
            "escalation_policy": "PQAH7SD",
            "html_url": "https://partner-webiscope.eu.pagerduty.com/service-directory/PS7MBKO",
            "id": "PS7MBKO",
            "incident_urgency_rule": [
              {
                "during_support_hours": [],
                "outside_support_hours": [],
                "type": "constant",
                "urgency": "high"
              }
            ],
            "last_incident_timestamp": "",
            "name": "Machinerypete",
            "response_play": null,
            "scheduled_actions": [],
            "status": "active",
            "support_hours": [],
            "type": "service"
          },
          "sensitive_attributes": [],
          "private": "bnVsbA==",
          "dependencies": [
            "data.pagerduty_escalation_policy.default"
          ]
        }
      ]
    },
    {
      "mode": "managed",
      "type": "pagerduty_service",
      "name": "Mako",
      "provider": "provider[\"registry.terraform.io/pagerduty/pagerduty\"]",
      "instances": [
        {
          "schema_version": 0,
          "attributes": {
            "acknowledgement_timeout": "1800",
            "alert_creation": "create_incidents",
            "alert_grouping": null,
            "alert_grouping_parameters": [],
            "alert_grouping_timeout": "null",
            "auto_pause_notifications_parameters": null,
            "auto_resolve_timeout": "14400",
            "created_at": "2023-02-26T17:27:50+02:00",
            "description": "Mako (mako)",
            "escalation_policy": "PQAH7SD",
            "html_url": "https://partner-webiscope.eu.pagerduty.com/service-directory/PRVOJ2T",
            "id": "PRVOJ2T",
            "incident_urgency_rule": [
              {
                "during_support_hours": [],
                "outside_support_hours": [],
                "type": "constant",
                "urgency": "high"
              }
            ],
            "last_incident_timestamp": "",
            "name": "Mako",
            "response_play": null,
            "scheduled_actions": [],
            "status": "active",
            "support_hours": [],
            "type": "service"
          },
          "sensitive_attributes": [],
          "private": "bnVsbA==",
          "dependencies": [
            "data.pagerduty_escalation_policy.default"
          ]
        }
      ]
    },
    {
      "mode": "managed",
      "type": "pagerduty_service",
      "name": "Maman",
      "provider": "provider[\"registry.terraform.io/pagerduty/pagerduty\"]",
      "instances": [
        {
          "schema_version": 0,
          "attributes": {
            "acknowledgement_timeout": "1800",
            "alert_creation": "create_incidents",
            "alert_grouping": null,
            "alert_grouping_parameters": [],
            "alert_grouping_timeout": "null",
            "auto_pause_notifications_parameters": null,
            "auto_resolve_timeout": "14400",
            "created_at": "2023-02-26T17:27:07+02:00",
            "description": "Maman (maman)",
            "escalation_policy": "PQAH7SD",
            "html_url": "https://partner-webiscope.eu.pagerduty.com/service-directory/P45NTR5",
            "id": "P45NTR5",
            "incident_urgency_rule": [
              {
                "during_support_hours": [],
                "outside_support_hours": [],
                "type": "constant",
                "urgency": "high"
              }
            ],
            "last_incident_timestamp": "",
            "name": "Maman",
            "response_play": null,
            "scheduled_actions": [],
            "status": "active",
            "support_hours": [],
            "type": "service"
          },
          "sensitive_attributes": [],
          "private": "bnVsbA==",
          "dependencies": [
            "data.pagerduty_escalation_policy.default"
          ]
        }
      ]
    },
    {
      "mode": "managed",
      "type": "pagerduty_service",
      "name": "Matav",
      "provider": "provider[\"registry.terraform.io/pagerduty/pagerduty\"]",
      "instances": [
        {
          "schema_version": 0,
          "attributes": {
            "acknowledgement_timeout": "1800",
            "alert_creation": "create_incidents",
            "alert_grouping": null,
            "alert_grouping_parameters": [],
            "alert_grouping_timeout": "null",
            "auto_pause_notifications_parameters": null,
            "auto_resolve_timeout": "14400",
            "created_at": "2023-02-26T17:27:53+02:00",
            "description": "Matav (matav)",
            "escalation_policy": "PQAH7SD",
            "html_url": "https://partner-webiscope.eu.pagerduty.com/service-directory/PB08Z2S",
            "id": "PB08Z2S",
            "incident_urgency_rule": [
              {
                "during_support_hours": [],
                "outside_support_hours": [],
                "type": "constant",
                "urgency": "high"
              }
            ],
            "last_incident_timestamp": "",
            "name": "Matav",
            "response_play": null,
            "scheduled_actions": [],
            "status": "active",
            "support_hours": [],
            "type": "service"
          },
          "sensitive_attributes": [],
          "private": "bnVsbA==",
          "dependencies": [
            "data.pagerduty_escalation_policy.default"
          ]
        }
      ]
    },
    {
      "mode": "managed",
      "type": "pagerduty_service",
      "name": "Matrixc",
      "provider": "provider[\"registry.terraform.io/pagerduty/pagerduty\"]",
      "instances": [
        {
          "schema_version": 0,
          "attributes": {
            "acknowledgement_timeout": "1800",
            "alert_creation": "create_incidents",
            "alert_grouping": null,
            "alert_grouping_parameters": [],
            "alert_grouping_timeout": "null",
            "auto_pause_notifications_parameters": null,
            "auto_resolve_timeout": "14400",
            "created_at": "2023-02-26T17:27:27+02:00",
            "description": "Matrixc (matrixc)",
            "escalation_policy": "PQAH7SD",
            "html_url": "https://partner-webiscope.eu.pagerduty.com/service-directory/PJHFFG5",
            "id": "PJHFFG5",
            "incident_urgency_rule": [
              {
                "during_support_hours": [],
                "outside_support_hours": [],
                "type": "constant",
                "urgency": "high"
              }
            ],
            "last_incident_timestamp": "",
            "name": "Matrixc",
            "response_play": null,
            "scheduled_actions": [],
            "status": "active",
            "support_hours": [],
            "type": "service"
          },
          "sensitive_attributes": [],
          "private": "bnVsbA==",
          "dependencies": [
            "data.pagerduty_escalation_policy.default"
          ]
        }
      ]
    },
    {
      "mode": "managed",
      "type": "pagerduty_service",
      "name": "Mchp",
      "provider": "provider[\"registry.terraform.io/pagerduty/pagerduty\"]",
      "instances": [
        {
          "schema_version": 0,
          "attributes": {
            "acknowledgement_timeout": "1800",
            "alert_creation": "create_incidents",
            "alert_grouping": null,
            "alert_grouping_parameters": [],
            "alert_grouping_timeout": "null",
            "auto_pause_notifications_parameters": null,
            "auto_resolve_timeout": "14400",
            "created_at": "2023-02-26T17:28:08+02:00",
            "description": "Mchp (mchp)",
            "escalation_policy": "PQAH7SD",
            "html_url": "https://partner-webiscope.eu.pagerduty.com/service-directory/PK1SPSS",
            "id": "PK1SPSS",
            "incident_urgency_rule": [
              {
                "during_support_hours": [],
                "outside_support_hours": [],
                "type": "constant",
                "urgency": "high"
              }
            ],
            "last_incident_timestamp": "",
            "name": "Mchp",
            "response_play": null,
            "scheduled_actions": [],
            "status": "active",
            "support_hours": [],
            "type": "service"
          },
          "sensitive_attributes": [],
          "private": "bnVsbA==",
          "dependencies": [
            "data.pagerduty_escalation_policy.default"
          ]
        }
      ]
    },
    {
      "mode": "managed",
      "type": "pagerduty_service",
      "name": "Mcureblaze",
      "provider": "provider[\"registry.terraform.io/pagerduty/pagerduty\"]",
      "instances": [
        {
          "schema_version": 0,
          "attributes": {
            "acknowledgement_timeout": "1800",
            "alert_creation": "create_incidents",
            "alert_grouping": null,
            "alert_grouping_parameters": [],
            "alert_grouping_timeout": "null",
            "auto_pause_notifications_parameters": null,
            "auto_resolve_timeout": "14400",
            "created_at": "2023-02-26T17:27:14+02:00",
            "description": "Mcureblaze (mcureblaze)",
            "escalation_policy": "PQAH7SD",
            "html_url": "https://partner-webiscope.eu.pagerduty.com/service-directory/PDERK3T",
            "id": "PDERK3T",
            "incident_urgency_rule": [
              {
                "during_support_hours": [],
                "outside_support_hours": [],
                "type": "constant",
                "urgency": "high"
              }
            ],
            "last_incident_timestamp": "",
            "name": "Mcureblaze",
            "response_play": null,
            "scheduled_actions": [],
            "status": "active",
            "support_hours": [],
            "type": "service"
          },
          "sensitive_attributes": [],
          "private": "bnVsbA==",
          "dependencies": [
            "data.pagerduty_escalation_policy.default"
          ]
        }
      ]
    },
    {
      "mode": "managed",
      "type": "pagerduty_service",
      "name": "Mda",
      "provider": "provider[\"registry.terraform.io/pagerduty/pagerduty\"]",
      "instances": [
        {
          "schema_version": 0,
          "attributes": {
            "acknowledgement_timeout": "1800",
            "alert_creation": "create_incidents",
            "alert_grouping": null,
            "alert_grouping_parameters": [],
            "alert_grouping_timeout": "null",
            "auto_pause_notifications_parameters": null,
            "auto_resolve_timeout": "14400",
            "created_at": "2023-02-26T17:28:08+02:00",
            "description": "Mda (mda)",
            "escalation_policy": "PQAH7SD",
            "html_url": "https://partner-webiscope.eu.pagerduty.com/service-directory/P8QFQWL",
            "id": "P8QFQWL",
            "incident_urgency_rule": [
              {
                "during_support_hours": [],
                "outside_support_hours": [],
                "type": "constant",
                "urgency": "high"
              }
            ],
            "last_incident_timestamp": "",
            "name": "Mda",
            "response_play": null,
            "scheduled_actions": [],
            "status": "active",
            "support_hours": [],
            "type": "service"
          },
          "sensitive_attributes": [],
          "private": "bnVsbA==",
          "dependencies": [
            "data.pagerduty_escalation_policy.default"
          ]
        }
      ]
    },
    {
      "mode": "managed",
      "type": "pagerduty_service",
      "name": "Megazonesb",
      "provider": "provider[\"registry.terraform.io/pagerduty/pagerduty\"]",
      "instances": [
        {
          "schema_version": 0,
          "attributes": {
            "acknowledgement_timeout": "1800",
            "alert_creation": "create_incidents",
            "alert_grouping": null,
            "alert_grouping_parameters": [],
            "alert_grouping_timeout": "null",
            "auto_pause_notifications_parameters": null,
            "auto_resolve_timeout": "14400",
            "created_at": "2023-02-26T17:27:08+02:00",
            "description": "Megazonesb (megazonesb)",
            "escalation_policy": "PQAH7SD",
            "html_url": "https://partner-webiscope.eu.pagerduty.com/service-directory/P733O1T",
            "id": "P733O1T",
            "incident_urgency_rule": [
              {
                "during_support_hours": [],
                "outside_support_hours": [],
                "type": "constant",
                "urgency": "high"
              }
            ],
            "last_incident_timestamp": "",
            "name": "Megazonesb",
            "response_play": null,
            "scheduled_actions": [],
            "status": "active",
            "support_hours": [],
            "type": "service"
          },
          "sensitive_attributes": [],
          "private": "bnVsbA==",
          "dependencies": [
            "data.pagerduty_escalation_policy.default"
          ]
        }
      ]
    },
    {
      "mode": "managed",
      "type": "pagerduty_service",
      "name": "Mellanox",
      "provider": "provider[\"registry.terraform.io/pagerduty/pagerduty\"]",
      "instances": [
        {
          "schema_version": 0,
          "attributes": {
            "acknowledgement_timeout": "1800",
            "alert_creation": "create_incidents",
            "alert_grouping": null,
            "alert_grouping_parameters": [],
            "alert_grouping_timeout": "null",
            "auto_pause_notifications_parameters": null,
            "auto_resolve_timeout": "14400",
            "created_at": "2023-02-26T17:27:24+02:00",
            "description": "Mellanox (mellanox)",
            "escalation_policy": "PQAH7SD",
            "html_url": "https://partner-webiscope.eu.pagerduty.com/service-directory/PT4N1RT",
            "id": "PT4N1RT",
            "incident_urgency_rule": [
              {
                "during_support_hours": [],
                "outside_support_hours": [],
                "type": "constant",
                "urgency": "high"
              }
            ],
            "last_incident_timestamp": "",
            "name": "Mellanox",
            "response_play": null,
            "scheduled_actions": [],
            "status": "active",
            "support_hours": [],
            "type": "service"
          },
          "sensitive_attributes": [],
          "private": "bnVsbA==",
          "dependencies": [
            "data.pagerduty_escalation_policy.default"
          ]
        }
      ]
    },
    {
      "mode": "managed",
      "type": "pagerduty_service",
      "name": "Menoramivt",
      "provider": "provider[\"registry.terraform.io/pagerduty/pagerduty\"]",
      "instances": [
        {
          "schema_version": 0,
          "attributes": {
            "acknowledgement_timeout": "1800",
            "alert_creation": "create_incidents",
            "alert_grouping": null,
            "alert_grouping_parameters": [],
            "alert_grouping_timeout": "null",
            "auto_pause_notifications_parameters": null,
            "auto_resolve_timeout": "14400",
            "created_at": "2023-02-26T17:27:06+02:00",
            "description": "Menoramivt (menoramivt)",
            "escalation_policy": "PQAH7SD",
            "html_url": "https://partner-webiscope.eu.pagerduty.com/service-directory/POQJUFI",
            "id": "POQJUFI",
            "incident_urgency_rule": [
              {
                "during_support_hours": [],
                "outside_support_hours": [],
                "type": "constant",
                "urgency": "high"
              }
            ],
            "last_incident_timestamp": "",
            "name": "Menoramivt",
            "response_play": null,
            "scheduled_actions": [],
            "status": "active",
            "support_hours": [],
            "type": "service"
          },
          "sensitive_attributes": [],
          "private": "bnVsbA==",
          "dependencies": [
            "data.pagerduty_escalation_policy.default"
          ]
        }
      ]
    },
    {
      "mode": "managed",
      "type": "pagerduty_service",
      "name": "Meteorit",
      "provider": "provider[\"registry.terraform.io/pagerduty/pagerduty\"]",
      "instances": [
        {
          "schema_version": 0,
          "attributes": {
            "acknowledgement_timeout": "1800",
            "alert_creation": "create_incidents",
            "alert_grouping": null,
            "alert_grouping_parameters": [],
            "alert_grouping_timeout": "null",
            "auto_pause_notifications_parameters": null,
            "auto_resolve_timeout": "14400",
            "created_at": "2023-02-26T17:27:38+02:00",
            "description": "Meteorit (meteorit)",
            "escalation_policy": "PQAH7SD",
            "html_url": "https://partner-webiscope.eu.pagerduty.com/service-directory/P444GYP",
            "id": "P444GYP",
            "incident_urgency_rule": [
              {
                "during_support_hours": [],
                "outside_support_hours": [],
                "type": "constant",
                "urgency": "high"
              }
            ],
            "last_incident_timestamp": "",
            "name": "Meteorit",
            "response_play": null,
            "scheduled_actions": [],
            "status": "active",
            "support_hours": [],
            "type": "service"
          },
          "sensitive_attributes": [],
          "private": "bnVsbA==",
          "dependencies": [
            "data.pagerduty_escalation_policy.default"
          ]
        }
      ]
    },
    {
      "mode": "managed",
      "type": "pagerduty_service",
      "name": "Metro",
      "provider": "provider[\"registry.terraform.io/pagerduty/pagerduty\"]",
      "instances": [
        {
          "schema_version": 0,
          "attributes": {
            "acknowledgement_timeout": "1800",
            "alert_creation": "create_incidents",
            "alert_grouping": null,
            "alert_grouping_parameters": [],
            "alert_grouping_timeout": "null",
            "auto_pause_notifications_parameters": null,
            "auto_resolve_timeout": "14400",
            "created_at": "2023-02-26T17:28:04+02:00",
            "description": "Metro (metro)",
            "escalation_policy": "PQAH7SD",
            "html_url": "https://partner-webiscope.eu.pagerduty.com/service-directory/P64UBLC",
            "id": "P64UBLC",
            "incident_urgency_rule": [
              {
                "during_support_hours": [],
                "outside_support_hours": [],
                "type": "constant",
                "urgency": "high"
              }
            ],
            "last_incident_timestamp": "",
            "name": "Metro",
            "response_play": null,
            "scheduled_actions": [],
            "status": "active",
            "support_hours": [],
            "type": "service"
          },
          "sensitive_attributes": [],
          "private": "bnVsbA==",
          "dependencies": [
            "data.pagerduty_escalation_policy.default"
          ]
        }
      ]
    },
    {
      "mode": "managed",
      "type": "pagerduty_service",
      "name": "Meuhedet",
      "provider": "provider[\"registry.terraform.io/pagerduty/pagerduty\"]",
      "instances": [
        {
          "schema_version": 0,
          "attributes": {
            "acknowledgement_timeout": "1800",
            "alert_creation": "create_incidents",
            "alert_grouping": null,
            "alert_grouping_parameters": [],
            "alert_grouping_timeout": "null",
            "auto_pause_notifications_parameters": null,
            "auto_resolve_timeout": "14400",
            "created_at": "2023-02-26T17:27:19+02:00",
            "description": "Meuhedet (meuhedet)",
            "escalation_policy": "PQAH7SD",
            "html_url": "https://partner-webiscope.eu.pagerduty.com/service-directory/P3BXTE6",
            "id": "P3BXTE6",
            "incident_urgency_rule": [
              {
                "during_support_hours": [],
                "outside_support_hours": [],
                "type": "constant",
                "urgency": "high"
              }
            ],
            "last_incident_timestamp": "",
            "name": "Meuhedet",
            "response_play": null,
            "scheduled_actions": [],
            "status": "active",
            "support_hours": [],
            "type": "service"
          },
          "sensitive_attributes": [],
          "private": "bnVsbA==",
          "dependencies": [
            "data.pagerduty_escalation_policy.default"
          ]
        }
      ]
    },
    {
      "mode": "managed",
      "type": "pagerduty_service",
      "name": "Mfsafrica",
      "provider": "provider[\"registry.terraform.io/pagerduty/pagerduty\"]",
      "instances": [
        {
          "schema_version": 0,
          "attributes": {
            "acknowledgement_timeout": "1800",
            "alert_creation": "create_incidents",
            "alert_grouping": null,
            "alert_grouping_parameters": [],
            "alert_grouping_timeout": "null",
            "auto_pause_notifications_parameters": null,
            "auto_resolve_timeout": "14400",
            "created_at": "2023-02-26T17:27:53+02:00",
            "description": "Mfsafrica (mfsafrica)",
            "escalation_policy": "PQAH7SD",
            "html_url": "https://partner-webiscope.eu.pagerduty.com/service-directory/PI8HAU5",
            "id": "PI8HAU5",
            "incident_urgency_rule": [
              {
                "during_support_hours": [],
                "outside_support_hours": [],
                "type": "constant",
                "urgency": "high"
              }
            ],
            "last_incident_timestamp": "",
            "name": "Mfsafrica",
            "response_play": null,
            "scheduled_actions": [],
            "status": "active",
            "support_hours": [],
            "type": "service"
          },
          "sensitive_attributes": [],
          "private": "bnVsbA==",
          "dependencies": [
            "data.pagerduty_escalation_policy.default"
          ]
        }
      ]
    },
    {
      "mode": "managed",
      "type": "pagerduty_service",
      "name": "Mgar",
      "provider": "provider[\"registry.terraform.io/pagerduty/pagerduty\"]",
      "instances": [
        {
          "schema_version": 0,
          "attributes": {
            "acknowledgement_timeout": "1800",
            "alert_creation": "create_incidents",
            "alert_grouping": null,
            "alert_grouping_parameters": [],
            "alert_grouping_timeout": "null",
            "auto_pause_notifications_parameters": null,
            "auto_resolve_timeout": "14400",
            "created_at": "2023-02-26T17:27:57+02:00",
            "description": "Mgar (mgar)",
            "escalation_policy": "PQAH7SD",
            "html_url": "https://partner-webiscope.eu.pagerduty.com/service-directory/PW0K98L",
            "id": "PW0K98L",
            "incident_urgency_rule": [
              {
                "during_support_hours": [],
                "outside_support_hours": [],
                "type": "constant",
                "urgency": "high"
              }
            ],
            "last_incident_timestamp": "",
            "name": "Mgar",
            "response_play": null,
            "scheduled_actions": [],
            "status": "active",
            "support_hours": [],
            "type": "service"
          },
          "sensitive_attributes": [],
          "private": "bnVsbA==",
          "dependencies": [
            "data.pagerduty_escalation_policy.default"
          ]
        }
      ]
    },
    {
      "mode": "managed",
      "type": "pagerduty_service",
      "name": "Mifinitypay",
      "provider": "provider[\"registry.terraform.io/pagerduty/pagerduty\"]",
      "instances": [
        {
          "schema_version": 0,
          "attributes": {
            "acknowledgement_timeout": "1800",
            "alert_creation": "create_incidents",
            "alert_grouping": null,
            "alert_grouping_parameters": [],
            "alert_grouping_timeout": "null",
            "auto_pause_notifications_parameters": null,
            "auto_resolve_timeout": "14400",
            "created_at": "2023-02-26T17:27:50+02:00",
            "description": "Mifinitypay (mifinitypay)",
            "escalation_policy": "PQAH7SD",
            "html_url": "https://partner-webiscope.eu.pagerduty.com/service-directory/P79CHAD",
            "id": "P79CHAD",
            "incident_urgency_rule": [
              {
                "during_support_hours": [],
                "outside_support_hours": [],
                "type": "constant",
                "urgency": "high"
              }
            ],
            "last_incident_timestamp": "",
            "name": "Mifinitypay",
            "response_play": null,
            "scheduled_actions": [],
            "status": "active",
            "support_hours": [],
            "type": "service"
          },
          "sensitive_attributes": [],
          "private": "bnVsbA==",
          "dependencies": [
            "data.pagerduty_escalation_policy.default"
          ]
        }
      ]
    },
    {
      "mode": "managed",
      "type": "pagerduty_service",
      "name": "Mindgeek",
      "provider": "provider[\"registry.terraform.io/pagerduty/pagerduty\"]",
      "instances": [
        {
          "schema_version": 0,
          "attributes": {
            "acknowledgement_timeout": "1800",
            "alert_creation": "create_incidents",
            "alert_grouping": null,
            "alert_grouping_parameters": [],
            "alert_grouping_timeout": "null",
            "auto_pause_notifications_parameters": null,
            "auto_resolve_timeout": "14400",
            "created_at": "2023-02-26T17:27:32+02:00",
            "description": "Mindgeek (mindgeek)",
            "escalation_policy": "PQAH7SD",
            "html_url": "https://partner-webiscope.eu.pagerduty.com/service-directory/PXZIRXL",
            "id": "PXZIRXL",
            "incident_urgency_rule": [
              {
                "during_support_hours": [],
                "outside_support_hours": [],
                "type": "constant",
                "urgency": "high"
              }
            ],
            "last_incident_timestamp": "",
            "name": "Mindgeek",
            "response_play": null,
            "scheduled_actions": [],
            "status": "active",
            "support_hours": [],
            "type": "service"
          },
          "sensitive_attributes": [],
          "private": "bnVsbA==",
          "dependencies": [
            "data.pagerduty_escalation_policy.default"
          ]
        }
      ]
    },
    {
      "mode": "managed",
      "type": "pagerduty_service",
      "name": "Moch",
      "provider": "provider[\"registry.terraform.io/pagerduty/pagerduty\"]",
      "instances": [
        {
          "schema_version": 0,
          "attributes": {
            "acknowledgement_timeout": "1800",
            "alert_creation": "create_incidents",
            "alert_grouping": null,
            "alert_grouping_parameters": [],
            "alert_grouping_timeout": "null",
            "auto_pause_notifications_parameters": null,
            "auto_resolve_timeout": "14400",
            "created_at": "2023-02-26T17:27:20+02:00",
            "description": "Moch (moch)",
            "escalation_policy": "PQAH7SD",
            "html_url": "https://partner-webiscope.eu.pagerduty.com/service-directory/PLJONMO",
            "id": "PLJONMO",
            "incident_urgency_rule": [
              {
                "during_support_hours": [],
                "outside_support_hours": [],
                "type": "constant",
                "urgency": "high"
              }
            ],
            "last_incident_timestamp": "",
            "name": "Moch",
            "response_play": null,
            "scheduled_actions": [],
            "status": "active",
            "support_hours": [],
            "type": "service"
          },
          "sensitive_attributes": [],
          "private": "bnVsbA==",
          "dependencies": [
            "data.pagerduty_escalation_policy.default"
          ]
        }
      ]
    },
    {
      "mode": "managed",
      "type": "pagerduty_service",
      "name": "Mohawk",
      "provider": "provider[\"registry.terraform.io/pagerduty/pagerduty\"]",
      "instances": [
        {
          "schema_version": 0,
          "attributes": {
            "acknowledgement_timeout": "1800",
            "alert_creation": "create_incidents",
            "alert_grouping": null,
            "alert_grouping_parameters": [],
            "alert_grouping_timeout": "null",
            "auto_pause_notifications_parameters": null,
            "auto_resolve_timeout": "14400",
            "created_at": "2023-02-26T17:27:44+02:00",
            "description": "Mohawk (mohawk)",
            "escalation_policy": "PQAH7SD",
            "html_url": "https://partner-webiscope.eu.pagerduty.com/service-directory/PX65RKM",
            "id": "PX65RKM",
            "incident_urgency_rule": [
              {
                "during_support_hours": [],
                "outside_support_hours": [],
                "type": "constant",
                "urgency": "high"
              }
            ],
            "last_incident_timestamp": "",
            "name": "Mohawk",
            "response_play": null,
            "scheduled_actions": [],
            "status": "active",
            "support_hours": [],
            "type": "service"
          },
          "sensitive_attributes": [],
          "private": "bnVsbA==",
          "dependencies": [
            "data.pagerduty_escalation_policy.default"
          ]
        }
      ]
    },
    {
      "mode": "managed",
      "type": "pagerduty_service",
      "name": "Moovit",
      "provider": "provider[\"registry.terraform.io/pagerduty/pagerduty\"]",
      "instances": [
        {
          "schema_version": 0,
          "attributes": {
            "acknowledgement_timeout": "1800",
            "alert_creation": "create_incidents",
            "alert_grouping": null,
            "alert_grouping_parameters": [],
            "alert_grouping_timeout": "null",
            "auto_pause_notifications_parameters": null,
            "auto_resolve_timeout": "14400",
            "created_at": "2023-02-26T17:28:08+02:00",
            "description": "Moovit (moovit)",
            "escalation_policy": "PQAH7SD",
            "html_url": "https://partner-webiscope.eu.pagerduty.com/service-directory/PSZRRLB",
            "id": "PSZRRLB",
            "incident_urgency_rule": [
              {
                "during_support_hours": [],
                "outside_support_hours": [],
                "type": "constant",
                "urgency": "high"
              }
            ],
            "last_incident_timestamp": "",
            "name": "Moovit",
            "response_play": null,
            "scheduled_actions": [],
            "status": "active",
            "support_hours": [],
            "type": "service"
          },
          "sensitive_attributes": [],
          "private": "bnVsbA==",
          "dependencies": [
            "data.pagerduty_escalation_policy.default"
          ]
        }
      ]
    },
    {
      "mode": "managed",
      "type": "pagerduty_service",
      "name": "Moovitqa",
      "provider": "provider[\"registry.terraform.io/pagerduty/pagerduty\"]",
      "instances": [
        {
          "schema_version": 0,
          "attributes": {
            "acknowledgement_timeout": "1800",
            "alert_creation": "create_incidents",
            "alert_grouping": null,
            "alert_grouping_parameters": [],
            "alert_grouping_timeout": "null",
            "auto_pause_notifications_parameters": null,
            "auto_resolve_timeout": "14400",
            "created_at": "2023-02-26T17:27:54+02:00",
            "description": "Moovitqa (moovitqa)",
            "escalation_policy": "PQAH7SD",
            "html_url": "https://partner-webiscope.eu.pagerduty.com/service-directory/PQ5OWLP",
            "id": "PQ5OWLP",
            "incident_urgency_rule": [
              {
                "during_support_hours": [],
                "outside_support_hours": [],
                "type": "constant",
                "urgency": "high"
              }
            ],
            "last_incident_timestamp": "",
            "name": "Moovitqa",
            "response_play": null,
            "scheduled_actions": [],
            "status": "active",
            "support_hours": [],
            "type": "service"
          },
          "sensitive_attributes": [],
          "private": "bnVsbA==",
          "dependencies": [
            "data.pagerduty_escalation_policy.default"
          ]
        }
      ]
    },
    {
      "mode": "managed",
      "type": "pagerduty_service",
      "name": "Moovitstg",
      "provider": "provider[\"registry.terraform.io/pagerduty/pagerduty\"]",
      "instances": [
        {
          "schema_version": 0,
          "attributes": {
            "acknowledgement_timeout": "1800",
            "alert_creation": "create_incidents",
            "alert_grouping": null,
            "alert_grouping_parameters": [],
            "alert_grouping_timeout": "null",
            "auto_pause_notifications_parameters": null,
            "auto_resolve_timeout": "14400",
            "created_at": "2023-02-26T17:27:56+02:00",
            "description": "Moovitstg (moovitstg)",
            "escalation_policy": "PQAH7SD",
            "html_url": "https://partner-webiscope.eu.pagerduty.com/service-directory/PT34RYA",
            "id": "PT34RYA",
            "incident_urgency_rule": [
              {
                "during_support_hours": [],
                "outside_support_hours": [],
                "type": "constant",
                "urgency": "high"
              }
            ],
            "last_incident_timestamp": "",
            "name": "Moovitstg",
            "response_play": null,
            "scheduled_actions": [],
            "status": "active",
            "support_hours": [],
            "type": "service"
          },
          "sensitive_attributes": [],
          "private": "bnVsbA==",
          "dependencies": [
            "data.pagerduty_escalation_policy.default"
          ]
        }
      ]
    },
    {
      "mode": "managed",
      "type": "pagerduty_service",
      "name": "Movereblaze",
      "provider": "provider[\"registry.terraform.io/pagerduty/pagerduty\"]",
      "instances": [
        {
          "schema_version": 0,
          "attributes": {
            "acknowledgement_timeout": "1800",
            "alert_creation": "create_incidents",
            "alert_grouping": null,
            "alert_grouping_parameters": [],
            "alert_grouping_timeout": "null",
            "auto_pause_notifications_parameters": null,
            "auto_resolve_timeout": "14400",
            "created_at": "2023-02-26T17:27:54+02:00",
            "description": "Movereblaze (movereblaze)",
            "escalation_policy": "PQAH7SD",
            "html_url": "https://partner-webiscope.eu.pagerduty.com/service-directory/PTEZXAC",
            "id": "PTEZXAC",
            "incident_urgency_rule": [
              {
                "during_support_hours": [],
                "outside_support_hours": [],
                "type": "constant",
                "urgency": "high"
              }
            ],
            "last_incident_timestamp": "",
            "name": "Movereblaze",
            "response_play": null,
            "scheduled_actions": [],
            "status": "active",
            "support_hours": [],
            "type": "service"
          },
          "sensitive_attributes": [],
          "private": "bnVsbA==",
          "dependencies": [
            "data.pagerduty_escalation_policy.default"
          ]
        }
      ]
    },
    {
      "mode": "managed",
      "type": "pagerduty_service",
      "name": "Mpprodreblazeteststg",
      "provider": "provider[\"registry.terraform.io/pagerduty/pagerduty\"]",
      "instances": [
        {
          "schema_version": 0,
          "attributes": {
            "acknowledgement_timeout": "1800",
            "alert_creation": "create_incidents",
            "alert_grouping": null,
            "alert_grouping_parameters": [],
            "alert_grouping_timeout": "null",
            "auto_pause_notifications_parameters": null,
            "auto_resolve_timeout": "14400",
            "created_at": "2023-02-26T17:27:02+02:00",
            "description": "Mpprodreblazeteststg (mpprodreblazeteststg)",
            "escalation_policy": "PQAH7SD",
            "html_url": "https://partner-webiscope.eu.pagerduty.com/service-directory/PAYGJ12",
            "id": "PAYGJ12",
            "incident_urgency_rule": [
              {
                "during_support_hours": [],
                "outside_support_hours": [],
                "type": "constant",
                "urgency": "high"
              }
            ],
            "last_incident_timestamp": "",
            "name": "Mpprodreblazeteststg",
            "response_play": null,
            "scheduled_actions": [],
            "status": "active",
            "support_hours": [],
            "type": "service"
          },
          "sensitive_attributes": [],
          "private": "bnVsbA==",
          "dependencies": [
            "data.pagerduty_escalation_policy.default"
          ]
        }
      ]
    },
    {
      "mode": "managed",
      "type": "pagerduty_service",
      "name": "Multipass",
      "provider": "provider[\"registry.terraform.io/pagerduty/pagerduty\"]",
      "instances": [
        {
          "schema_version": 0,
          "attributes": {
            "acknowledgement_timeout": "1800",
            "alert_creation": "create_incidents",
            "alert_grouping": null,
            "alert_grouping_parameters": [],
            "alert_grouping_timeout": "null",
            "auto_pause_notifications_parameters": null,
            "auto_resolve_timeout": "14400",
            "created_at": "2023-02-26T17:27:31+02:00",
            "description": "Multipass (multipass)",
            "escalation_policy": "PQAH7SD",
            "html_url": "https://partner-webiscope.eu.pagerduty.com/service-directory/PEIUSMB",
            "id": "PEIUSMB",
            "incident_urgency_rule": [
              {
                "during_support_hours": [],
                "outside_support_hours": [],
                "type": "constant",
                "urgency": "high"
              }
            ],
            "last_incident_timestamp": "",
            "name": "Multipass",
            "response_play": null,
            "scheduled_actions": [],
            "status": "active",
            "support_hours": [],
            "type": "service"
          },
          "sensitive_attributes": [],
          "private": "bnVsbA==",
          "dependencies": [
            "data.pagerduty_escalation_policy.default"
          ]
        }
      ]
    },
    {
      "mode": "managed",
      "type": "pagerduty_service",
      "name": "Musicbuk",
      "provider": "provider[\"registry.terraform.io/pagerduty/pagerduty\"]",
      "instances": [
        {
          "schema_version": 0,
          "attributes": {
            "acknowledgement_timeout": "1800",
            "alert_creation": "create_incidents",
            "alert_grouping": null,
            "alert_grouping_parameters": [],
            "alert_grouping_timeout": "null",
            "auto_pause_notifications_parameters": null,
            "auto_resolve_timeout": "14400",
            "created_at": "2023-02-26T17:27:47+02:00",
            "description": "Musicbuk (musicbuk)",
            "escalation_policy": "PQAH7SD",
            "html_url": "https://partner-webiscope.eu.pagerduty.com/service-directory/P1R45Q4",
            "id": "P1R45Q4",
            "incident_urgency_rule": [
              {
                "during_support_hours": [],
                "outside_support_hours": [],
                "type": "constant",
                "urgency": "high"
              }
            ],
            "last_incident_timestamp": "",
            "name": "Musicbuk",
            "response_play": null,
            "scheduled_actions": [],
            "status": "active",
            "support_hours": [],
            "type": "service"
          },
          "sensitive_attributes": [],
          "private": "bnVsbA==",
          "dependencies": [
            "data.pagerduty_escalation_policy.default"
          ]
        }
      ]
    },
    {
      "mode": "managed",
      "type": "pagerduty_service",
      "name": "Mwell",
      "provider": "provider[\"registry.terraform.io/pagerduty/pagerduty\"]",
      "instances": [
        {
          "schema_version": 0,
          "attributes": {
            "acknowledgement_timeout": "1800",
            "alert_creation": "create_incidents",
            "alert_grouping": null,
            "alert_grouping_parameters": [],
            "alert_grouping_timeout": "null",
            "auto_pause_notifications_parameters": null,
            "auto_resolve_timeout": "14400",
            "created_at": "2023-02-26T17:27:42+02:00",
            "description": "Mwell (mwell)",
            "escalation_policy": "PQAH7SD",
            "html_url": "https://partner-webiscope.eu.pagerduty.com/service-directory/P9MDVIL",
            "id": "P9MDVIL",
            "incident_urgency_rule": [
              {
                "during_support_hours": [],
                "outside_support_hours": [],
                "type": "constant",
                "urgency": "high"
              }
            ],
            "last_incident_timestamp": "",
            "name": "Mwell",
            "response_play": null,
            "scheduled_actions": [],
            "status": "active",
            "support_hours": [],
            "type": "service"
          },
          "sensitive_attributes": [],
          "private": "bnVsbA==",
          "dependencies": [
            "data.pagerduty_escalation_policy.default"
          ]
        }
      ]
    },
    {
      "mode": "managed",
      "type": "pagerduty_service",
      "name": "Mycheck",
      "provider": "provider[\"registry.terraform.io/pagerduty/pagerduty\"]",
      "instances": [
        {
          "schema_version": 0,
          "attributes": {
            "acknowledgement_timeout": "1800",
            "alert_creation": "create_incidents",
            "alert_grouping": null,
            "alert_grouping_parameters": [],
            "alert_grouping_timeout": "null",
            "auto_pause_notifications_parameters": null,
            "auto_resolve_timeout": "14400",
            "created_at": "2023-02-26T17:27:57+02:00",
            "description": "Mycheck (mycheck)",
            "escalation_policy": "PQAH7SD",
            "html_url": "https://partner-webiscope.eu.pagerduty.com/service-directory/PGIHOQ1",
            "id": "PGIHOQ1",
            "incident_urgency_rule": [
              {
                "during_support_hours": [],
                "outside_support_hours": [],
                "type": "constant",
                "urgency": "high"
              }
            ],
            "last_incident_timestamp": "",
            "name": "Mycheck",
            "response_play": null,
            "scheduled_actions": [],
            "status": "active",
            "support_hours": [],
            "type": "service"
          },
          "sensitive_attributes": [],
          "private": "bnVsbA==",
          "dependencies": [
            "data.pagerduty_escalation_policy.default"
          ]
        }
      ]
    },
    {
      "mode": "managed",
      "type": "pagerduty_service",
      "name": "Newrbzqa103306614922995878",
      "provider": "provider[\"registry.terraform.io/pagerduty/pagerduty\"]",
      "instances": [
        {
          "schema_version": 0,
          "attributes": {
            "acknowledgement_timeout": "1800",
            "alert_creation": "create_incidents",
            "alert_grouping": null,
            "alert_grouping_parameters": [],
            "alert_grouping_timeout": "null",
            "auto_pause_notifications_parameters": null,
            "auto_resolve_timeout": "14400",
            "created_at": "2023-02-26T17:27:10+02:00",
            "description": "Newrbzqa103306614922995878 (newrbzqa103306614922995878)",
            "escalation_policy": "PQAH7SD",
            "html_url": "https://partner-webiscope.eu.pagerduty.com/service-directory/PN0J5BE",
            "id": "PN0J5BE",
            "incident_urgency_rule": [
              {
                "during_support_hours": [],
                "outside_support_hours": [],
                "type": "constant",
                "urgency": "high"
              }
            ],
            "last_incident_timestamp": "",
            "name": "Newrbzqa103306614922995878",
            "response_play": null,
            "scheduled_actions": [],
            "status": "active",
            "support_hours": [],
            "type": "service"
          },
          "sensitive_attributes": [],
          "private": "bnVsbA==",
          "dependencies": [
            "data.pagerduty_escalation_policy.default"
          ]
        }
      ]
    },
    {
      "mode": "managed",
      "type": "pagerduty_service",
      "name": "Northgate",
      "provider": "provider[\"registry.terraform.io/pagerduty/pagerduty\"]",
      "instances": [
        {
          "schema_version": 0,
          "attributes": {
            "acknowledgement_timeout": "1800",
            "alert_creation": "create_incidents",
            "alert_grouping": null,
            "alert_grouping_parameters": [],
            "alert_grouping_timeout": "null",
            "auto_pause_notifications_parameters": null,
            "auto_resolve_timeout": "14400",
            "created_at": "2023-02-26T17:27:10+02:00",
            "description": "Northgate (northgate)",
            "escalation_policy": "PQAH7SD",
            "html_url": "https://partner-webiscope.eu.pagerduty.com/service-directory/PU9V73U",
            "id": "PU9V73U",
            "incident_urgency_rule": [
              {
                "during_support_hours": [],
                "outside_support_hours": [],
                "type": "constant",
                "urgency": "high"
              }
            ],
            "last_incident_timestamp": "",
            "name": "Northgate",
            "response_play": null,
            "scheduled_actions": [],
            "status": "active",
            "support_hours": [],
            "type": "service"
          },
          "sensitive_attributes": [],
          "private": "bnVsbA==",
          "dependencies": [
            "data.pagerduty_escalation_policy.default"
          ]
        }
      ]
    },
    {
      "mode": "managed",
      "type": "pagerduty_service",
      "name": "Notrbztestproject",
      "provider": "provider[\"registry.terraform.io/pagerduty/pagerduty\"]",
      "instances": [
        {
          "schema_version": 0,
          "attributes": {
            "acknowledgement_timeout": "1800",
            "alert_creation": "create_incidents",
            "alert_grouping": null,
            "alert_grouping_parameters": [],
            "alert_grouping_timeout": "null",
            "auto_pause_notifications_parameters": null,
            "auto_resolve_timeout": "14400",
            "created_at": "2023-02-26T17:27:47+02:00",
            "description": "Notrbztestproject (notrbztestproject)",
            "escalation_policy": "PQAH7SD",
            "html_url": "https://partner-webiscope.eu.pagerduty.com/service-directory/PGB24KL",
            "id": "PGB24KL",
            "incident_urgency_rule": [
              {
                "during_support_hours": [],
                "outside_support_hours": [],
                "type": "constant",
                "urgency": "high"
              }
            ],
            "last_incident_timestamp": "",
            "name": "Notrbztestproject",
            "response_play": null,
            "scheduled_actions": [],
            "status": "active",
            "support_hours": [],
            "type": "service"
          },
          "sensitive_attributes": [],
          "private": "bnVsbA==",
          "dependencies": [
            "data.pagerduty_escalation_policy.default"
          ]
        }
      ]
    },
    {
      "mode": "managed",
      "type": "pagerduty_service",
      "name": "Nsure",
      "provider": "provider[\"registry.terraform.io/pagerduty/pagerduty\"]",
      "instances": [
        {
          "schema_version": 0,
          "attributes": {
            "acknowledgement_timeout": "1800",
            "alert_creation": "create_incidents",
            "alert_grouping": null,
            "alert_grouping_parameters": [],
            "alert_grouping_timeout": "null",
            "auto_pause_notifications_parameters": null,
            "auto_resolve_timeout": "14400",
            "created_at": "2023-02-26T17:27:09+02:00",
            "description": "Nsure (nsure)",
            "escalation_policy": "PQAH7SD",
            "html_url": "https://partner-webiscope.eu.pagerduty.com/service-directory/PBV48V7",
            "id": "PBV48V7",
            "incident_urgency_rule": [
              {
                "during_support_hours": [],
                "outside_support_hours": [],
                "type": "constant",
                "urgency": "high"
              }
            ],
            "last_incident_timestamp": "",
            "name": "Nsure",
            "response_play": null,
            "scheduled_actions": [],
            "status": "active",
            "support_hours": [],
            "type": "service"
          },
          "sensitive_attributes": [],
          "private": "bnVsbA==",
          "dependencies": [
            "data.pagerduty_escalation_policy.default"
          ]
        }
      ]
    },
    {
      "mode": "managed",
      "type": "pagerduty_service",
      "name": "Ntuc",
      "provider": "provider[\"registry.terraform.io/pagerduty/pagerduty\"]",
      "instances": [
        {
          "schema_version": 0,
          "attributes": {
            "acknowledgement_timeout": "1800",
            "alert_creation": "create_incidents",
            "alert_grouping": null,
            "alert_grouping_parameters": [],
            "alert_grouping_timeout": "null",
            "auto_pause_notifications_parameters": null,
            "auto_resolve_timeout": "14400",
            "created_at": "2023-02-26T17:27:12+02:00",
            "description": "Ntuc (ntuc)",
            "escalation_policy": "PQAH7SD",
            "html_url": "https://partner-webiscope.eu.pagerduty.com/service-directory/PLBW4X8",
            "id": "PLBW4X8",
            "incident_urgency_rule": [
              {
                "during_support_hours": [],
                "outside_support_hours": [],
                "type": "constant",
                "urgency": "high"
              }
            ],
            "last_incident_timestamp": "",
            "name": "Ntuc",
            "response_play": null,
            "scheduled_actions": [],
            "status": "active",
            "support_hours": [],
            "type": "service"
          },
          "sensitive_attributes": [],
          "private": "bnVsbA==",
          "dependencies": [
            "data.pagerduty_escalation_policy.default"
          ]
        }
      ]
    },
    {
      "mode": "managed",
      "type": "pagerduty_service",
      "name": "Olga12345",
      "provider": "provider[\"registry.terraform.io/pagerduty/pagerduty\"]",
      "instances": [
        {
          "schema_version": 0,
          "attributes": {
            "acknowledgement_timeout": "1800",
            "alert_creation": "create_incidents",
            "alert_grouping": null,
            "alert_grouping_parameters": [],
            "alert_grouping_timeout": "null",
            "auto_pause_notifications_parameters": null,
            "auto_resolve_timeout": "14400",
            "created_at": "2023-02-26T17:27:20+02:00",
            "description": "Olga12345 (olga12345)",
            "escalation_policy": "PQAH7SD",
            "html_url": "https://partner-webiscope.eu.pagerduty.com/service-directory/PUUNQVX",
            "id": "PUUNQVX",
            "incident_urgency_rule": [
              {
                "during_support_hours": [],
                "outside_support_hours": [],
                "type": "constant",
                "urgency": "high"
              }
            ],
            "last_incident_timestamp": "",
            "name": "Olga12345",
            "response_play": null,
            "scheduled_actions": [],
            "status": "active",
            "support_hours": [],
            "type": "service"
          },
          "sensitive_attributes": [],
          "private": "bnVsbA==",
          "dependencies": [
            "data.pagerduty_escalation_policy.default"
          ]
        }
      ]
    },
    {
      "mode": "managed",
      "type": "pagerduty_service",
      "name": "Opaltech",
      "provider": "provider[\"registry.terraform.io/pagerduty/pagerduty\"]",
      "instances": [
        {
          "schema_version": 0,
          "attributes": {
            "acknowledgement_timeout": "1800",
            "alert_creation": "create_incidents",
            "alert_grouping": null,
            "alert_grouping_parameters": [],
            "alert_grouping_timeout": "null",
            "auto_pause_notifications_parameters": null,
            "auto_resolve_timeout": "14400",
            "created_at": "2023-02-26T17:28:08+02:00",
            "description": "Opaltech (opaltech)",
            "escalation_policy": "PQAH7SD",
            "html_url": "https://partner-webiscope.eu.pagerduty.com/service-directory/P156P58",
            "id": "P156P58",
            "incident_urgency_rule": [
              {
                "during_support_hours": [],
                "outside_support_hours": [],
                "type": "constant",
                "urgency": "high"
              }
            ],
            "last_incident_timestamp": "",
            "name": "Opaltech",
            "response_play": null,
            "scheduled_actions": [],
            "status": "active",
            "support_hours": [],
            "type": "service"
          },
          "sensitive_attributes": [],
          "private": "bnVsbA==",
          "dependencies": [
            "data.pagerduty_escalation_policy.default"
          ]
        }
      ]
    },
    {
      "mode": "managed",
      "type": "pagerduty_service",
      "name": "Opencuri696928180841517713",
      "provider": "provider[\"registry.terraform.io/pagerduty/pagerduty\"]",
      "instances": [
        {
          "schema_version": 0,
          "attributes": {
            "acknowledgement_timeout": "1800",
            "alert_creation": "create_incidents",
            "alert_grouping": null,
            "alert_grouping_parameters": [],
            "alert_grouping_timeout": "null",
            "auto_pause_notifications_parameters": null,
            "auto_resolve_timeout": "14400",
            "created_at": "2023-02-26T17:27:24+02:00",
            "description": "Opencuri696928180841517713 (opencuri696928180841517713)",
            "escalation_policy": "PQAH7SD",
            "html_url": "https://partner-webiscope.eu.pagerduty.com/service-directory/PWDY23G",
            "id": "PWDY23G",
            "incident_urgency_rule": [
              {
                "during_support_hours": [],
                "outside_support_hours": [],
                "type": "constant",
                "urgency": "high"
              }
            ],
            "last_incident_timestamp": "",
            "name": "Opencuri696928180841517713",
            "response_play": null,
            "scheduled_actions": [],
            "status": "active",
            "support_hours": [],
            "type": "service"
          },
          "sensitive_attributes": [],
          "private": "bnVsbA==",
          "dependencies": [
            "data.pagerduty_escalation_policy.default"
          ]
        }
      ]
    },
    {
      "mode": "managed",
      "type": "pagerduty_service",
      "name": "Openfintech",
      "provider": "provider[\"registry.terraform.io/pagerduty/pagerduty\"]",
      "instances": [
        {
          "schema_version": 0,
          "attributes": {
            "acknowledgement_timeout": "1800",
            "alert_creation": "create_incidents",
            "alert_grouping": null,
            "alert_grouping_parameters": [],
            "alert_grouping_timeout": "null",
            "auto_pause_notifications_parameters": null,
            "auto_resolve_timeout": "14400",
            "created_at": "2023-02-26T17:27:38+02:00",
            "description": "Openfintech (openfintech)",
            "escalation_policy": "PQAH7SD",
            "html_url": "https://partner-webiscope.eu.pagerduty.com/service-directory/PVYPJRF",
            "id": "PVYPJRF",
            "incident_urgency_rule": [
              {
                "during_support_hours": [],
                "outside_support_hours": [],
                "type": "constant",
                "urgency": "high"
              }
            ],
            "last_incident_timestamp": "",
            "name": "Openfintech",
            "response_play": null,
            "scheduled_actions": [],
            "status": "active",
            "support_hours": [],
            "type": "service"
          },
          "sensitive_attributes": [],
          "private": "bnVsbA==",
          "dependencies": [
            "data.pagerduty_escalation_policy.default"
          ]
        }
      ]
    },
    {
      "mode": "managed",
      "type": "pagerduty_service",
      "name": "Openpay",
      "provider": "provider[\"registry.terraform.io/pagerduty/pagerduty\"]",
      "instances": [
        {
          "schema_version": 0,
          "attributes": {
            "acknowledgement_timeout": "1800",
            "alert_creation": "create_incidents",
            "alert_grouping": null,
            "alert_grouping_parameters": [],
            "alert_grouping_timeout": "null",
            "auto_pause_notifications_parameters": null,
            "auto_resolve_timeout": "14400",
            "created_at": "2023-02-26T17:27:38+02:00",
            "description": "Openpay (openpay)",
            "escalation_policy": "PQAH7SD",
            "html_url": "https://partner-webiscope.eu.pagerduty.com/service-directory/POPDI02",
            "id": "POPDI02",
            "incident_urgency_rule": [
              {
                "during_support_hours": [],
                "outside_support_hours": [],
                "type": "constant",
                "urgency": "high"
              }
            ],
            "last_incident_timestamp": "",
            "name": "Openpay",
            "response_play": null,
            "scheduled_actions": [],
            "status": "active",
            "support_hours": [],
            "type": "service"
          },
          "sensitive_attributes": [],
          "private": "bnVsbA==",
          "dependencies": [
            "data.pagerduty_escalation_policy.default"
          ]
        }
      ]
    },
    {
      "mode": "managed",
      "type": "pagerduty_service",
      "name": "Orbograph",
      "provider": "provider[\"registry.terraform.io/pagerduty/pagerduty\"]",
      "instances": [
        {
          "schema_version": 0,
          "attributes": {
            "acknowledgement_timeout": "1800",
            "alert_creation": "create_incidents",
            "alert_grouping": null,
            "alert_grouping_parameters": [],
            "alert_grouping_timeout": "null",
            "auto_pause_notifications_parameters": null,
            "auto_resolve_timeout": "14400",
            "created_at": "2023-02-26T17:27:23+02:00",
            "description": "Orbograph (orbograph)",
            "escalation_policy": "PQAH7SD",
            "html_url": "https://partner-webiscope.eu.pagerduty.com/service-directory/PL7G4K9",
            "id": "PL7G4K9",
            "incident_urgency_rule": [
              {
                "during_support_hours": [],
                "outside_support_hours": [],
                "type": "constant",
                "urgency": "high"
              }
            ],
            "last_incident_timestamp": "",
            "name": "Orbograph",
            "response_play": null,
            "scheduled_actions": [],
            "status": "active",
            "support_hours": [],
            "type": "service"
          },
          "sensitive_attributes": [],
          "private": "bnVsbA==",
          "dependencies": [
            "data.pagerduty_escalation_policy.default"
          ]
        }
      ]
    },
    {
      "mode": "managed",
      "type": "pagerduty_service",
      "name": "Ort",
      "provider": "provider[\"registry.terraform.io/pagerduty/pagerduty\"]",
      "instances": [
        {
          "schema_version": 0,
          "attributes": {
            "acknowledgement_timeout": "1800",
            "alert_creation": "create_incidents",
            "alert_grouping": null,
            "alert_grouping_parameters": [],
            "alert_grouping_timeout": "null",
            "auto_pause_notifications_parameters": null,
            "auto_resolve_timeout": "14400",
            "created_at": "2023-02-26T17:28:09+02:00",
            "description": "Ort (ort)",
            "escalation_policy": "PQAH7SD",
            "html_url": "https://partner-webiscope.eu.pagerduty.com/service-directory/PGS4OD2",
            "id": "PGS4OD2",
            "incident_urgency_rule": [
              {
                "during_support_hours": [],
                "outside_support_hours": [],
                "type": "constant",
                "urgency": "high"
              }
            ],
            "last_incident_timestamp": "",
            "name": "Ort",
            "response_play": null,
            "scheduled_actions": [],
            "status": "active",
            "support_hours": [],
            "type": "service"
          },
          "sensitive_attributes": [],
          "private": "bnVsbA==",
          "dependencies": [
            "data.pagerduty_escalation_policy.default"
          ]
        }
      ]
    },
    {
      "mode": "managed",
      "type": "pagerduty_service",
      "name": "Ortil",
      "provider": "provider[\"registry.terraform.io/pagerduty/pagerduty\"]",
      "instances": [
        {
          "schema_version": 0,
          "attributes": {
            "acknowledgement_timeout": "1800",
            "alert_creation": "create_incidents",
            "alert_grouping": null,
            "alert_grouping_parameters": [],
            "alert_grouping_timeout": "null",
            "auto_pause_notifications_parameters": null,
            "auto_resolve_timeout": "14400",
            "created_at": "2023-02-26T17:27:39+02:00",
            "description": "Ortil (ortil)",
            "escalation_policy": "PQAH7SD",
            "html_url": "https://partner-webiscope.eu.pagerduty.com/service-directory/PJR2G66",
            "id": "PJR2G66",
            "incident_urgency_rule": [
              {
                "during_support_hours": [],
                "outside_support_hours": [],
                "type": "constant",
                "urgency": "high"
              }
            ],
            "last_incident_timestamp": "",
            "name": "Ortil",
            "response_play": null,
            "scheduled_actions": [],
            "status": "active",
            "support_hours": [],
            "type": "service"
          },
          "sensitive_attributes": [],
          "private": "bnVsbA==",
          "dependencies": [
            "data.pagerduty_escalation_policy.default"
          ]
        }
      ]
    },
    {
      "mode": "managed",
      "type": "pagerduty_service",
      "name": "P4Refuel",
      "provider": "provider[\"registry.terraform.io/pagerduty/pagerduty\"]",
      "instances": [
        {
          "schema_version": 0,
          "attributes": {
            "acknowledgement_timeout": "1800",
            "alert_creation": "create_incidents",
            "alert_grouping": null,
            "alert_grouping_parameters": [],
            "alert_grouping_timeout": "null",
            "auto_pause_notifications_parameters": null,
            "auto_resolve_timeout": "14400",
            "created_at": "2023-02-26T17:27:44+02:00",
            "description": "P4Refuel (p4refuel)",
            "escalation_policy": "PQAH7SD",
            "html_url": "https://partner-webiscope.eu.pagerduty.com/service-directory/PPKWQW9",
            "id": "PPKWQW9",
            "incident_urgency_rule": [
              {
                "during_support_hours": [],
                "outside_support_hours": [],
                "type": "constant",
                "urgency": "high"
              }
            ],
            "last_incident_timestamp": "",
            "name": "P4Refuel",
            "response_play": null,
            "scheduled_actions": [],
            "status": "active",
            "support_hours": [],
            "type": "service"
          },
          "sensitive_attributes": [],
          "private": "bnVsbA==",
          "dependencies": [
            "data.pagerduty_escalation_policy.default"
          ]
        }
      ]
    },
    {
      "mode": "managed",
      "type": "pagerduty_service",
      "name": "Panda",
      "provider": "provider[\"registry.terraform.io/pagerduty/pagerduty\"]",
      "instances": [
        {
          "schema_version": 0,
          "attributes": {
            "acknowledgement_timeout": "1800",
            "alert_creation": "create_incidents",
            "alert_grouping": null,
            "alert_grouping_parameters": [],
            "alert_grouping_timeout": "null",
            "auto_pause_notifications_parameters": null,
            "auto_resolve_timeout": "14400",
            "created_at": "2023-02-26T17:27:06+02:00",
            "description": "Panda (panda)",
            "escalation_policy": "PQAH7SD",
            "html_url": "https://partner-webiscope.eu.pagerduty.com/service-directory/PS07VV8",
            "id": "PS07VV8",
            "incident_urgency_rule": [
              {
                "during_support_hours": [],
                "outside_support_hours": [],
                "type": "constant",
                "urgency": "high"
              }
            ],
            "last_incident_timestamp": "",
            "name": "Panda",
            "response_play": null,
            "scheduled_actions": [],
            "status": "active",
            "support_hours": [],
            "type": "service"
          },
          "sensitive_attributes": [],
          "private": "bnVsbA==",
          "dependencies": [
            "data.pagerduty_escalation_policy.default"
          ]
        }
      ]
    },
    {
      "mode": "managed",
      "type": "pagerduty_service",
      "name": "Pango",
      "provider": "provider[\"registry.terraform.io/pagerduty/pagerduty\"]",
      "instances": [
        {
          "schema_version": 0,
          "attributes": {
            "acknowledgement_timeout": "1800",
            "alert_creation": "create_incidents",
            "alert_grouping": null,
            "alert_grouping_parameters": [],
            "alert_grouping_timeout": "null",
            "auto_pause_notifications_parameters": null,
            "auto_resolve_timeout": "14400",
            "created_at": "2023-02-26T17:27:42+02:00",
            "description": "Pango (pango)",
            "escalation_policy": "PQAH7SD",
            "html_url": "https://partner-webiscope.eu.pagerduty.com/service-directory/PQZ1WYO",
            "id": "PQZ1WYO",
            "incident_urgency_rule": [
              {
                "during_support_hours": [],
                "outside_support_hours": [],
                "type": "constant",
                "urgency": "high"
              }
            ],
            "last_incident_timestamp": "",
            "name": "Pango",
            "response_play": null,
            "scheduled_actions": [],
            "status": "active",
            "support_hours": [],
            "type": "service"
          },
          "sensitive_attributes": [],
          "private": "bnVsbA==",
          "dependencies": [
            "data.pagerduty_escalation_policy.default"
          ]
        }
      ]
    },
    {
      "mode": "managed",
      "type": "pagerduty_service",
      "name": "Payoneer",
      "provider": "provider[\"registry.terraform.io/pagerduty/pagerduty\"]",
      "instances": [
        {
          "schema_version": 0,
          "attributes": {
            "acknowledgement_timeout": "1800",
            "alert_creation": "create_incidents",
            "alert_grouping": null,
            "alert_grouping_parameters": [],
            "alert_grouping_timeout": "null",
            "auto_pause_notifications_parameters": null,
            "auto_resolve_timeout": "14400",
            "created_at": "2023-02-26T17:28:06+02:00",
            "description": "Payoneer (payoneer)",
            "escalation_policy": "PQAH7SD",
            "html_url": "https://partner-webiscope.eu.pagerduty.com/service-directory/P5SMVJA",
            "id": "P5SMVJA",
            "incident_urgency_rule": [
              {
                "during_support_hours": [],
                "outside_support_hours": [],
                "type": "constant",
                "urgency": "high"
              }
            ],
            "last_incident_timestamp": "",
            "name": "Payoneer",
            "response_play": null,
            "scheduled_actions": [],
            "status": "active",
            "support_hours": [],
            "type": "service"
          },
          "sensitive_attributes": [],
          "private": "bnVsbA==",
          "dependencies": [
            "data.pagerduty_escalation_policy.default"
          ]
        }
      ]
    },
    {
      "mode": "managed",
      "type": "pagerduty_service",
      "name": "Payoneerx",
      "provider": "provider[\"registry.terraform.io/pagerduty/pagerduty\"]",
      "instances": [
        {
          "schema_version": 0,
          "attributes": {
            "acknowledgement_timeout": "1800",
            "alert_creation": "create_incidents",
            "alert_grouping": null,
            "alert_grouping_parameters": [],
            "alert_grouping_timeout": "null",
            "auto_pause_notifications_parameters": null,
            "auto_resolve_timeout": "14400",
            "created_at": "2023-02-26T17:27:34+02:00",
            "description": "Payoneerx (payoneerx)",
            "escalation_policy": "PQAH7SD",
            "html_url": "https://partner-webiscope.eu.pagerduty.com/service-directory/PAXB989",
            "id": "PAXB989",
            "incident_urgency_rule": [
              {
                "during_support_hours": [],
                "outside_support_hours": [],
                "type": "constant",
                "urgency": "high"
              }
            ],
            "last_incident_timestamp": "",
            "name": "Payoneerx",
            "response_play": null,
            "scheduled_actions": [],
            "status": "active",
            "support_hours": [],
            "type": "service"
          },
          "sensitive_attributes": [],
          "private": "bnVsbA==",
          "dependencies": [
            "data.pagerduty_escalation_policy.default"
          ]
        }
      ]
    },
    {
      "mode": "managed",
      "type": "pagerduty_service",
      "name": "Payoneerxstg",
      "provider": "provider[\"registry.terraform.io/pagerduty/pagerduty\"]",
      "instances": [
        {
          "schema_version": 0,
          "attributes": {
            "acknowledgement_timeout": "1800",
            "alert_creation": "create_incidents",
            "alert_grouping": null,
            "alert_grouping_parameters": [],
            "alert_grouping_timeout": "null",
            "auto_pause_notifications_parameters": null,
            "auto_resolve_timeout": "14400",
            "created_at": "2023-02-26T17:27:20+02:00",
            "description": "Payoneerxstg (payoneerxstg)",
            "escalation_policy": "PQAH7SD",
            "html_url": "https://partner-webiscope.eu.pagerduty.com/service-directory/PN8BP3H",
            "id": "PN8BP3H",
            "incident_urgency_rule": [
              {
                "during_support_hours": [],
                "outside_support_hours": [],
                "type": "constant",
                "urgency": "high"
              }
            ],
            "last_incident_timestamp": "",
            "name": "Payoneerxstg",
            "response_play": null,
            "scheduled_actions": [],
            "status": "active",
            "support_hours": [],
            "type": "service"
          },
          "sensitive_attributes": [],
          "private": "bnVsbA==",
          "dependencies": [
            "data.pagerduty_escalation_policy.default"
          ]
        }
      ]
    },
    {
      "mode": "managed",
      "type": "pagerduty_service",
      "name": "Platformsh",
      "provider": "provider[\"registry.terraform.io/pagerduty/pagerduty\"]",
      "instances": [
        {
          "schema_version": 0,
          "attributes": {
            "acknowledgement_timeout": "1800",
            "alert_creation": "create_incidents",
            "alert_grouping": null,
            "alert_grouping_parameters": [],
            "alert_grouping_timeout": "null",
            "auto_pause_notifications_parameters": null,
            "auto_resolve_timeout": "14400",
            "created_at": "2023-02-26T17:27:50+02:00",
            "description": "Platformsh (platformsh)",
            "escalation_policy": "PQAH7SD",
            "html_url": "https://partner-webiscope.eu.pagerduty.com/service-directory/P3ARGLQ",
            "id": "P3ARGLQ",
            "incident_urgency_rule": [
              {
                "during_support_hours": [],
                "outside_support_hours": [],
                "type": "constant",
                "urgency": "high"
              }
            ],
            "last_incident_timestamp": "",
            "name": "Platformsh",
            "response_play": null,
            "scheduled_actions": [],
            "status": "active",
            "support_hours": [],
            "type": "service"
          },
          "sensitive_attributes": [],
          "private": "bnVsbA==",
          "dependencies": [
            "data.pagerduty_escalation_policy.default"
          ]
        }
      ]
    },
    {
      "mode": "managed",
      "type": "pagerduty_service",
      "name": "Pm",
      "provider": "provider[\"registry.terraform.io/pagerduty/pagerduty\"]",
      "instances": [
        {
          "schema_version": 0,
          "attributes": {
            "acknowledgement_timeout": "1800",
            "alert_creation": "create_incidents",
            "alert_grouping": null,
            "alert_grouping_parameters": [],
            "alert_grouping_timeout": "null",
            "auto_pause_notifications_parameters": null,
            "auto_resolve_timeout": "14400",
            "created_at": "2023-02-26T17:27:02+02:00",
            "description": "Pm (pm)",
            "escalation_policy": "PQAH7SD",
            "html_url": "https://partner-webiscope.eu.pagerduty.com/service-directory/PHHSKSF",
            "id": "PHHSKSF",
            "incident_urgency_rule": [
              {
                "during_support_hours": [],
                "outside_support_hours": [],
                "type": "constant",
                "urgency": "high"
              }
            ],
            "last_incident_timestamp": "",
            "name": "Pm",
            "response_play": null,
            "scheduled_actions": [],
            "status": "active",
            "support_hours": [],
            "type": "service"
          },
          "sensitive_attributes": [],
          "private": "bnVsbA==",
          "dependencies": [
            "data.pagerduty_escalation_policy.default"
          ]
        }
      ]
    },
    {
      "mode": "managed",
      "type": "pagerduty_service",
      "name": "Pnistg",
      "provider": "provider[\"registry.terraform.io/pagerduty/pagerduty\"]",
      "instances": [
        {
          "schema_version": 0,
          "attributes": {
            "acknowledgement_timeout": "1800",
            "alert_creation": "create_incidents",
            "alert_grouping": null,
            "alert_grouping_parameters": [],
            "alert_grouping_timeout": "null",
            "auto_pause_notifications_parameters": null,
            "auto_resolve_timeout": "14400",
            "created_at": "2023-02-26T17:27:25+02:00",
            "description": "Pnistg (pnistg)",
            "escalation_policy": "PQAH7SD",
            "html_url": "https://partner-webiscope.eu.pagerduty.com/service-directory/P1A1LY0",
            "id": "P1A1LY0",
            "incident_urgency_rule": [
              {
                "during_support_hours": [],
                "outside_support_hours": [],
                "type": "constant",
                "urgency": "high"
              }
            ],
            "last_incident_timestamp": "",
            "name": "Pnistg",
            "response_play": null,
            "scheduled_actions": [],
            "status": "active",
            "support_hours": [],
            "type": "service"
          },
          "sensitive_attributes": [],
          "private": "bnVsbA==",
          "dependencies": [
            "data.pagerduty_escalation_policy.default"
          ]
        }
      ]
    },
    {
      "mode": "managed",
      "type": "pagerduty_service",
      "name": "Pnivpd7K5Tsndoom",
      "provider": "provider[\"registry.terraform.io/pagerduty/pagerduty\"]",
      "instances": [
        {
          "schema_version": 0,
          "attributes": {
            "acknowledgement_timeout": "1800",
            "alert_creation": "create_incidents",
            "alert_grouping": null,
            "alert_grouping_parameters": [],
            "alert_grouping_timeout": "null",
            "auto_pause_notifications_parameters": null,
            "auto_resolve_timeout": "14400",
            "created_at": "2023-02-26T17:27:28+02:00",
            "description": "Pnivpd7K5Tsndoom (pnivpd7k5tsndoom)",
            "escalation_policy": "PQAH7SD",
            "html_url": "https://partner-webiscope.eu.pagerduty.com/service-directory/PRE9CNP",
            "id": "PRE9CNP",
            "incident_urgency_rule": [
              {
                "during_support_hours": [],
                "outside_support_hours": [],
                "type": "constant",
                "urgency": "high"
              }
            ],
            "last_incident_timestamp": "",
            "name": "Pnivpd7K5Tsndoom",
            "response_play": null,
            "scheduled_actions": [],
            "status": "active",
            "support_hours": [],
            "type": "service"
          },
          "sensitive_attributes": [],
          "private": "bnVsbA==",
          "dependencies": [
            "data.pagerduty_escalation_policy.default"
          ]
        }
      ]
    },
    {
      "mode": "managed",
      "type": "pagerduty_service",
      "name": "Pointer",
      "provider": "provider[\"registry.terraform.io/pagerduty/pagerduty\"]",
      "instances": [
        {
          "schema_version": 0,
          "attributes": {
            "acknowledgement_timeout": "1800",
            "alert_creation": "create_incidents",
            "alert_grouping": null,
            "alert_grouping_parameters": [],
            "alert_grouping_timeout": "null",
            "auto_pause_notifications_parameters": null,
            "auto_resolve_timeout": "14400",
            "created_at": "2023-02-26T17:27:52+02:00",
            "description": "Pointer (pointer)",
            "escalation_policy": "PQAH7SD",
            "html_url": "https://partner-webiscope.eu.pagerduty.com/service-directory/PQGGD0R",
            "id": "PQGGD0R",
            "incident_urgency_rule": [
              {
                "during_support_hours": [],
                "outside_support_hours": [],
                "type": "constant",
                "urgency": "high"
              }
            ],
            "last_incident_timestamp": "",
            "name": "Pointer",
            "response_play": null,
            "scheduled_actions": [],
            "status": "active",
            "support_hours": [],
            "type": "service"
          },
          "sensitive_attributes": [],
          "private": "bnVsbA==",
          "dependencies": [
            "data.pagerduty_escalation_policy.default"
          ]
        }
      ]
    },
    {
      "mode": "managed",
      "type": "pagerduty_service",
      "name": "Popmart",
      "provider": "provider[\"registry.terraform.io/pagerduty/pagerduty\"]",
      "instances": [
        {
          "schema_version": 0,
          "attributes": {
            "acknowledgement_timeout": "1800",
            "alert_creation": "create_incidents",
            "alert_grouping": null,
            "alert_grouping_parameters": [],
            "alert_grouping_timeout": "null",
            "auto_pause_notifications_parameters": null,
            "auto_resolve_timeout": "14400",
            "created_at": "2023-02-26T17:27:30+02:00",
            "description": "Popmart (popmart)",
            "escalation_policy": "PQAH7SD",
            "html_url": "https://partner-webiscope.eu.pagerduty.com/service-directory/PUC2WKA",
            "id": "PUC2WKA",
            "incident_urgency_rule": [
              {
                "during_support_hours": [],
                "outside_support_hours": [],
                "type": "constant",
                "urgency": "high"
              }
            ],
            "last_incident_timestamp": "",
            "name": "Popmart",
            "response_play": null,
            "scheduled_actions": [],
            "status": "active",
            "support_hours": [],
            "type": "service"
          },
          "sensitive_attributes": [],
          "private": "bnVsbA==",
          "dependencies": [
            "data.pagerduty_escalation_policy.default"
          ]
        }
      ]
    },
    {
      "mode": "managed",
      "type": "pagerduty_service",
      "name": "Pplprodfephx2",
      "provider": "provider[\"registry.terraform.io/pagerduty/pagerduty\"]",
      "instances": [
        {
          "schema_version": 0,
          "attributes": {
            "acknowledgement_timeout": "1800",
            "alert_creation": "create_incidents",
            "alert_grouping": null,
            "alert_grouping_parameters": [],
            "alert_grouping_timeout": "null",
            "auto_pause_notifications_parameters": null,
            "auto_resolve_timeout": "14400",
            "created_at": "2023-02-26T17:27:06+02:00",
            "description": "Pplprodfephx2 (pplprodfephx2)",
            "escalation_policy": "PQAH7SD",
            "html_url": "https://partner-webiscope.eu.pagerduty.com/service-directory/PGUSYOB",
            "id": "PGUSYOB",
            "incident_urgency_rule": [
              {
                "during_support_hours": [],
                "outside_support_hours": [],
                "type": "constant",
                "urgency": "high"
              }
            ],
            "last_incident_timestamp": "",
            "name": "Pplprodfephx2",
            "response_play": null,
            "scheduled_actions": [],
            "status": "active",
            "support_hours": [],
            "type": "service"
          },
          "sensitive_attributes": [],
          "private": "bnVsbA==",
          "dependencies": [
            "data.pagerduty_escalation_policy.default"
          ]
        }
      ]
    },
    {
      "mode": "managed",
      "type": "pagerduty_service",
      "name": "Ppluatfephx2",
      "provider": "provider[\"registry.terraform.io/pagerduty/pagerduty\"]",
      "instances": [
        {
          "schema_version": 0,
          "attributes": {
            "acknowledgement_timeout": "1800",
            "alert_creation": "create_incidents",
            "alert_grouping": null,
            "alert_grouping_parameters": [],
            "alert_grouping_timeout": "null",
            "auto_pause_notifications_parameters": null,
            "auto_resolve_timeout": "14400",
            "created_at": "2023-02-26T17:27:04+02:00",
            "description": "Ppluatfephx2 (ppluatfephx2)",
            "escalation_policy": "PQAH7SD",
            "html_url": "https://partner-webiscope.eu.pagerduty.com/service-directory/PSBCBXN",
            "id": "PSBCBXN",
            "incident_urgency_rule": [
              {
                "during_support_hours": [],
                "outside_support_hours": [],
                "type": "constant",
                "urgency": "high"
              }
            ],
            "last_incident_timestamp": "",
            "name": "Ppluatfephx2",
            "response_play": null,
            "scheduled_actions": [],
            "status": "active",
            "support_hours": [],
            "type": "service"
          },
          "sensitive_attributes": [],
          "private": "bnVsbA==",
          "dependencies": [
            "data.pagerduty_escalation_policy.default"
          ]
        }
      ]
    },
    {
      "mode": "managed",
      "type": "pagerduty_service",
      "name": "Prefectprode1E512",
      "provider": "provider[\"registry.terraform.io/pagerduty/pagerduty\"]",
      "instances": [
        {
          "schema_version": 0,
          "attributes": {
            "acknowledgement_timeout": "1800",
            "alert_creation": "create_incidents",
            "alert_grouping": null,
            "alert_grouping_parameters": [],
            "alert_grouping_timeout": "null",
            "auto_pause_notifications_parameters": null,
            "auto_resolve_timeout": "14400",
            "created_at": "2023-02-26T17:27:51+02:00",
            "description": "Prefectprode1E512 (prefectprode1e512)",
            "escalation_policy": "PQAH7SD",
            "html_url": "https://partner-webiscope.eu.pagerduty.com/service-directory/PIKPGW7",
            "id": "PIKPGW7",
            "incident_urgency_rule": [
              {
                "during_support_hours": [],
                "outside_support_hours": [],
                "type": "constant",
                "urgency": "high"
              }
            ],
            "last_incident_timestamp": "",
            "name": "Prefectprode1E512",
            "response_play": null,
            "scheduled_actions": [],
            "status": "active",
            "support_hours": [],
            "type": "service"
          },
          "sensitive_attributes": [],
          "private": "bnVsbA==",
          "dependencies": [
            "data.pagerduty_escalation_policy.default"
          ]
        }
      ]
    },
    {
      "mode": "managed",
      "type": "pagerduty_service",
      "name": "Priority",
      "provider": "provider[\"registry.terraform.io/pagerduty/pagerduty\"]",
      "instances": [
        {
          "schema_version": 0,
          "attributes": {
            "acknowledgement_timeout": "1800",
            "alert_creation": "create_incidents",
            "alert_grouping": null,
            "alert_grouping_parameters": [],
            "alert_grouping_timeout": "null",
            "auto_pause_notifications_parameters": null,
            "auto_resolve_timeout": "14400",
            "created_at": "2023-02-26T17:27:34+02:00",
            "description": "Priority (priority)",
            "escalation_policy": "PQAH7SD",
            "html_url": "https://partner-webiscope.eu.pagerduty.com/service-directory/PWLQ8VJ",
            "id": "PWLQ8VJ",
            "incident_urgency_rule": [
              {
                "during_support_hours": [],
                "outside_support_hours": [],
                "type": "constant",
                "urgency": "high"
              }
            ],
            "last_incident_timestamp": "",
            "name": "Priority",
            "response_play": null,
            "scheduled_actions": [],
            "status": "active",
            "support_hours": [],
            "type": "service"
          },
          "sensitive_attributes": [],
          "private": "bnVsbA==",
          "dependencies": [
            "data.pagerduty_escalation_policy.default"
          ]
        }
      ]
    },
    {
      "mode": "managed",
      "type": "pagerduty_service",
      "name": "Proficio",
      "provider": "provider[\"registry.terraform.io/pagerduty/pagerduty\"]",
      "instances": [
        {
          "schema_version": 0,
          "attributes": {
            "acknowledgement_timeout": "1800",
            "alert_creation": "create_incidents",
            "alert_grouping": null,
            "alert_grouping_parameters": [],
            "alert_grouping_timeout": "null",
            "auto_pause_notifications_parameters": null,
            "auto_resolve_timeout": "14400",
            "created_at": "2023-02-26T17:27:06+02:00",
            "description": "Proficio (proficio)",
            "escalation_policy": "PQAH7SD",
            "html_url": "https://partner-webiscope.eu.pagerduty.com/service-directory/PCI4XZO",
            "id": "PCI4XZO",
            "incident_urgency_rule": [
              {
                "during_support_hours": [],
                "outside_support_hours": [],
                "type": "constant",
                "urgency": "high"
              }
            ],
            "last_incident_timestamp": "",
            "name": "Proficio",
            "response_play": null,
            "scheduled_actions": [],
            "status": "active",
            "support_hours": [],
            "type": "service"
          },
          "sensitive_attributes": [],
          "private": "bnVsbA==",
          "dependencies": [
            "data.pagerduty_escalation_policy.default"
          ]
        }
      ]
    },
    {
      "mode": "managed",
      "type": "pagerduty_service",
      "name": "Prudent",
      "provider": "provider[\"registry.terraform.io/pagerduty/pagerduty\"]",
      "instances": [
        {
          "schema_version": 0,
          "attributes": {
            "acknowledgement_timeout": "1800",
            "alert_creation": "create_incidents",
            "alert_grouping": null,
            "alert_grouping_parameters": [],
            "alert_grouping_timeout": "null",
            "auto_pause_notifications_parameters": null,
            "auto_resolve_timeout": "14400",
            "created_at": "2023-02-26T17:27:04+02:00",
            "description": "Prudent (prudent)",
            "escalation_policy": "PQAH7SD",
            "html_url": "https://partner-webiscope.eu.pagerduty.com/service-directory/PZKOCM0",
            "id": "PZKOCM0",
            "incident_urgency_rule": [
              {
                "during_support_hours": [],
                "outside_support_hours": [],
                "type": "constant",
                "urgency": "high"
              }
            ],
            "last_incident_timestamp": "",
            "name": "Prudent",
            "response_play": null,
            "scheduled_actions": [],
            "status": "active",
            "support_hours": [],
            "type": "service"
          },
          "sensitive_attributes": [],
          "private": "bnVsbA==",
          "dependencies": [
            "data.pagerduty_escalation_policy.default"
          ]
        }
      ]
    },
    {
      "mode": "managed",
      "type": "pagerduty_service",
      "name": "Purplle",
      "provider": "provider[\"registry.terraform.io/pagerduty/pagerduty\"]",
      "instances": [
        {
          "schema_version": 0,
          "attributes": {
            "acknowledgement_timeout": "1800",
            "alert_creation": "create_incidents",
            "alert_grouping": null,
            "alert_grouping_parameters": [],
            "alert_grouping_timeout": "null",
            "auto_pause_notifications_parameters": null,
            "auto_resolve_timeout": "14400",
            "created_at": "2023-02-26T17:27:39+02:00",
            "description": "Purplle (purplle)",
            "escalation_policy": "PQAH7SD",
            "html_url": "https://partner-webiscope.eu.pagerduty.com/service-directory/P0UGFIM",
            "id": "P0UGFIM",
            "incident_urgency_rule": [
              {
                "during_support_hours": [],
                "outside_support_hours": [],
                "type": "constant",
                "urgency": "high"
              }
            ],
            "last_incident_timestamp": "",
            "name": "Purplle",
            "response_play": null,
            "scheduled_actions": [],
            "status": "active",
            "support_hours": [],
            "type": "service"
          },
          "sensitive_attributes": [],
          "private": "bnVsbA==",
          "dependencies": [
            "data.pagerduty_escalation_policy.default"
          ]
        }
      ]
    },
    {
      "mode": "managed",
      "type": "pagerduty_service",
      "name": "Qa21210",
      "provider": "provider[\"registry.terraform.io/pagerduty/pagerduty\"]",
      "instances": [
        {
          "schema_version": 0,
          "attributes": {
            "acknowledgement_timeout": "1800",
            "alert_creation": "create_incidents",
            "alert_grouping": null,
            "alert_grouping_parameters": [],
            "alert_grouping_timeout": "null",
            "auto_pause_notifications_parameters": null,
            "auto_resolve_timeout": "14400",
            "created_at": "2023-02-26T17:27:53+02:00",
            "description": "Qa21210 (qa21210)",
            "escalation_policy": "PQAH7SD",
            "html_url": "https://partner-webiscope.eu.pagerduty.com/service-directory/PLI5B6V",
            "id": "PLI5B6V",
            "incident_urgency_rule": [
              {
                "during_support_hours": [],
                "outside_support_hours": [],
                "type": "constant",
                "urgency": "high"
              }
            ],
            "last_incident_timestamp": "",
            "name": "Qa21210",
            "response_play": null,
            "scheduled_actions": [],
            "status": "active",
            "support_hours": [],
            "type": "service"
          },
          "sensitive_attributes": [],
          "private": "bnVsbA==",
          "dependencies": [
            "data.pagerduty_escalation_policy.default"
          ]
        }
      ]
    },
    {
      "mode": "managed",
      "type": "pagerduty_service",
      "name": "Qa21210Y",
      "provider": "provider[\"registry.terraform.io/pagerduty/pagerduty\"]",
      "instances": [
        {
          "schema_version": 0,
          "attributes": {
            "acknowledgement_timeout": "1800",
            "alert_creation": "create_incidents",
            "alert_grouping": null,
            "alert_grouping_parameters": [],
            "alert_grouping_timeout": "null",
            "auto_pause_notifications_parameters": null,
            "auto_resolve_timeout": "14400",
            "created_at": "2023-02-26T17:27:49+02:00",
            "description": "Qa21210Y (qa21210y)",
            "escalation_policy": "PQAH7SD",
            "html_url": "https://partner-webiscope.eu.pagerduty.com/service-directory/PJYHMY9",
            "id": "PJYHMY9",
            "incident_urgency_rule": [
              {
                "during_support_hours": [],
                "outside_support_hours": [],
                "type": "constant",
                "urgency": "high"
              }
            ],
            "last_incident_timestamp": "",
            "name": "Qa21210Y",
            "response_play": null,
            "scheduled_actions": [],
            "status": "active",
            "support_hours": [],
            "type": "service"
          },
          "sensitive_attributes": [],
          "private": "bnVsbA==",
          "dependencies": [
            "data.pagerduty_escalation_policy.default"
          ]
        }
      ]
    },
    {
      "mode": "managed",
      "type": "pagerduty_service",
      "name": "Qa21212",
      "provider": "provider[\"registry.terraform.io/pagerduty/pagerduty\"]",
      "instances": [
        {
          "schema_version": 0,
          "attributes": {
            "acknowledgement_timeout": "1800",
            "alert_creation": "create_incidents",
            "alert_grouping": null,
            "alert_grouping_parameters": [],
            "alert_grouping_timeout": "null",
            "auto_pause_notifications_parameters": null,
            "auto_resolve_timeout": "14400",
            "created_at": "2023-02-26T17:27:56+02:00",
            "description": "Qa21212 (qa21212)",
            "escalation_policy": "PQAH7SD",
            "html_url": "https://partner-webiscope.eu.pagerduty.com/service-directory/P587PUX",
            "id": "P587PUX",
            "incident_urgency_rule": [
              {
                "during_support_hours": [],
                "outside_support_hours": [],
                "type": "constant",
                "urgency": "high"
              }
            ],
            "last_incident_timestamp": "",
            "name": "Qa21212",
            "response_play": null,
            "scheduled_actions": [],
            "status": "active",
            "support_hours": [],
            "type": "service"
          },
          "sensitive_attributes": [],
          "private": "bnVsbA==",
          "dependencies": [
            "data.pagerduty_escalation_policy.default"
          ]
        }
      ]
    },
    {
      "mode": "managed",
      "type": "pagerduty_service",
      "name": "Qa2126",
      "provider": "provider[\"registry.terraform.io/pagerduty/pagerduty\"]",
      "instances": [
        {
          "schema_version": 0,
          "attributes": {
            "acknowledgement_timeout": "1800",
            "alert_creation": "create_incidents",
            "alert_grouping": null,
            "alert_grouping_parameters": [],
            "alert_grouping_timeout": "null",
            "auto_pause_notifications_parameters": null,
            "auto_resolve_timeout": "14400",
            "created_at": "2023-02-26T17:27:35+02:00",
            "description": "Qa2126 (qa2126)",
            "escalation_policy": "PQAH7SD",
            "html_url": "https://partner-webiscope.eu.pagerduty.com/service-directory/PH4F4XK",
            "id": "PH4F4XK",
            "incident_urgency_rule": [
              {
                "during_support_hours": [],
                "outside_support_hours": [],
                "type": "constant",
                "urgency": "high"
              }
            ],
            "last_incident_timestamp": "",
            "name": "Qa2126",
            "response_play": null,
            "scheduled_actions": [],
            "status": "active",
            "support_hours": [],
            "type": "service"
          },
          "sensitive_attributes": [],
          "private": "bnVsbA==",
          "dependencies": [
            "data.pagerduty_escalation_policy.default"
          ]
        }
      ]
    },
    {
      "mode": "managed",
      "type": "pagerduty_service",
      "name": "Qa21260G",
      "provider": "provider[\"registry.terraform.io/pagerduty/pagerduty\"]",
      "instances": [
        {
          "schema_version": 0,
          "attributes": {
            "acknowledgement_timeout": "1800",
            "alert_creation": "create_incidents",
            "alert_grouping": null,
            "alert_grouping_parameters": [],
            "alert_grouping_timeout": "null",
            "auto_pause_notifications_parameters": null,
            "auto_resolve_timeout": "14400",
            "created_at": "2023-02-26T17:27:59+02:00",
            "description": "Qa21260G (qa21260g)",
            "escalation_policy": "PQAH7SD",
            "html_url": "https://partner-webiscope.eu.pagerduty.com/service-directory/PVPS36J",
            "id": "PVPS36J",
            "incident_urgency_rule": [
              {
                "during_support_hours": [],
                "outside_support_hours": [],
                "type": "constant",
                "urgency": "high"
              }
            ],
            "last_incident_timestamp": "",
            "name": "Qa21260G",
            "response_play": null,
            "scheduled_actions": [],
            "status": "active",
            "support_hours": [],
            "type": "service"
          },
          "sensitive_attributes": [],
          "private": "bnVsbA==",
          "dependencies": [
            "data.pagerduty_escalation_policy.default"
          ]
        }
      ]
    },
    {
      "mode": "managed",
      "type": "pagerduty_service",
      "name": "Qa2128",
      "provider": "provider[\"registry.terraform.io/pagerduty/pagerduty\"]",
      "instances": [
        {
          "schema_version": 0,
          "attributes": {
            "acknowledgement_timeout": "1800",
            "alert_creation": "create_incidents",
            "alert_grouping": null,
            "alert_grouping_parameters": [],
            "alert_grouping_timeout": "null",
            "auto_pause_notifications_parameters": null,
            "auto_resolve_timeout": "14400",
            "created_at": "2023-02-26T17:27:14+02:00",
            "description": "Qa2128 (qa2128)",
            "escalation_policy": "PQAH7SD",
            "html_url": "https://partner-webiscope.eu.pagerduty.com/service-directory/PSJUHMQ",
            "id": "PSJUHMQ",
            "incident_urgency_rule": [
              {
                "during_support_hours": [],
                "outside_support_hours": [],
                "type": "constant",
                "urgency": "high"
              }
            ],
            "last_incident_timestamp": "",
            "name": "Qa2128",
            "response_play": null,
            "scheduled_actions": [],
            "status": "active",
            "support_hours": [],
            "type": "service"
          },
          "sensitive_attributes": [],
          "private": "bnVsbA==",
          "dependencies": [
            "data.pagerduty_escalation_policy.default"
          ]
        }
      ]
    },
    {
      "mode": "managed",
      "type": "pagerduty_service",
      "name": "Qa2140D",
      "provider": "provider[\"registry.terraform.io/pagerduty/pagerduty\"]",
      "instances": [
        {
          "schema_version": 0,
          "attributes": {
            "acknowledgement_timeout": "1800",
            "alert_creation": "create_incidents",
            "alert_grouping": null,
            "alert_grouping_parameters": [],
            "alert_grouping_timeout": "null",
            "auto_pause_notifications_parameters": null,
            "auto_resolve_timeout": "14400",
            "created_at": "2023-02-26T17:28:02+02:00",
            "description": "Qa2140D (qa2140d)",
            "escalation_policy": "PQAH7SD",
            "html_url": "https://partner-webiscope.eu.pagerduty.com/service-directory/PR1YJSU",
            "id": "PR1YJSU",
            "incident_urgency_rule": [
              {
                "during_support_hours": [],
                "outside_support_hours": [],
                "type": "constant",
                "urgency": "high"
              }
            ],
            "last_incident_timestamp": "",
            "name": "Qa2140D",
            "response_play": null,
            "scheduled_actions": [],
            "status": "active",
            "support_hours": [],
            "type": "service"
          },
          "sensitive_attributes": [],
          "private": "bnVsbA==",
          "dependencies": [
            "data.pagerduty_escalation_policy.default"
          ]
        }
      ]
    },
    {
      "mode": "managed",
      "type": "pagerduty_service",
      "name": "Qa2140E",
      "provider": "provider[\"registry.terraform.io/pagerduty/pagerduty\"]",
      "instances": [
        {
          "schema_version": 0,
          "attributes": {
            "acknowledgement_timeout": "1800",
            "alert_creation": "create_incidents",
            "alert_grouping": null,
            "alert_grouping_parameters": [],
            "alert_grouping_timeout": "null",
            "auto_pause_notifications_parameters": null,
            "auto_resolve_timeout": "14400",
            "created_at": "2023-02-26T17:28:02+02:00",
            "description": "Qa2140E (qa2140e)",
            "escalation_policy": "PQAH7SD",
            "html_url": "https://partner-webiscope.eu.pagerduty.com/service-directory/PUAJK4H",
            "id": "PUAJK4H",
            "incident_urgency_rule": [
              {
                "during_support_hours": [],
                "outside_support_hours": [],
                "type": "constant",
                "urgency": "high"
              }
            ],
            "last_incident_timestamp": "",
            "name": "Qa2140E",
            "response_play": null,
            "scheduled_actions": [],
            "status": "active",
            "support_hours": [],
            "type": "service"
          },
          "sensitive_attributes": [],
          "private": "bnVsbA==",
          "dependencies": [
            "data.pagerduty_escalation_policy.default"
          ]
        }
      ]
    },
    {
      "mode": "managed",
      "type": "pagerduty_service",
      "name": "Qaolga3953602350965345",
      "provider": "provider[\"registry.terraform.io/pagerduty/pagerduty\"]",
      "instances": [
        {
          "schema_version": 0,
          "attributes": {
            "acknowledgement_timeout": "1800",
            "alert_creation": "create_incidents",
            "alert_grouping": null,
            "alert_grouping_parameters": [],
            "alert_grouping_timeout": "null",
            "auto_pause_notifications_parameters": null,
            "auto_resolve_timeout": "14400",
            "created_at": "2023-02-26T17:27:30+02:00",
            "description": "Qaolga3953602350965345 (qaolga3953602350965345)",
            "escalation_policy": "PQAH7SD",
            "html_url": "https://partner-webiscope.eu.pagerduty.com/service-directory/PNTTVVK",
            "id": "PNTTVVK",
            "incident_urgency_rule": [
              {
                "during_support_hours": [],
                "outside_support_hours": [],
                "type": "constant",
                "urgency": "high"
              }
            ],
            "last_incident_timestamp": "",
            "name": "Qaolga3953602350965345",
            "response_play": null,
            "scheduled_actions": [],
            "status": "active",
            "support_hours": [],
            "type": "service"
          },
          "sensitive_attributes": [],
          "private": "bnVsbA==",
          "dependencies": [
            "data.pagerduty_escalation_policy.default"
          ]
        }
      ]
    },
    {
      "mode": "managed",
      "type": "pagerduty_service",
      "name": "Qavadim847914756549420121",
      "provider": "provider[\"registry.terraform.io/pagerduty/pagerduty\"]",
      "instances": [
        {
          "schema_version": 0,
          "attributes": {
            "acknowledgement_timeout": "1800",
            "alert_creation": "create_incidents",
            "alert_grouping": null,
            "alert_grouping_parameters": [],
            "alert_grouping_timeout": "null",
            "auto_pause_notifications_parameters": null,
            "auto_resolve_timeout": "14400",
            "created_at": "2023-02-26T17:27:34+02:00",
            "description": "Qavadim847914756549420121 (qavadim847914756549420121)",
            "escalation_policy": "PQAH7SD",
            "html_url": "https://partner-webiscope.eu.pagerduty.com/service-directory/PPCE746",
            "id": "PPCE746",
            "incident_urgency_rule": [
              {
                "during_support_hours": [],
                "outside_support_hours": [],
                "type": "constant",
                "urgency": "high"
              }
            ],
            "last_incident_timestamp": "",
            "name": "Qavadim847914756549420121",
            "response_play": null,
            "scheduled_actions": [],
            "status": "active",
            "support_hours": [],
            "type": "service"
          },
          "sensitive_attributes": [],
          "private": "bnVsbA==",
          "dependencies": [
            "data.pagerduty_escalation_policy.default"
          ]
        }
      ]
    },
    {
      "mode": "managed",
      "type": "pagerduty_service",
      "name": "Qnomy",
      "provider": "provider[\"registry.terraform.io/pagerduty/pagerduty\"]",
      "instances": [
        {
          "schema_version": 0,
          "attributes": {
            "acknowledgement_timeout": "1800",
            "alert_creation": "create_incidents",
            "alert_grouping": null,
            "alert_grouping_parameters": [],
            "alert_grouping_timeout": "null",
            "auto_pause_notifications_parameters": null,
            "auto_resolve_timeout": "14400",
            "created_at": "2023-02-26T17:27:52+02:00",
            "description": "Qnomy (qnomy)",
            "escalation_policy": "PQAH7SD",
            "html_url": "https://partner-webiscope.eu.pagerduty.com/service-directory/PUT4DCE",
            "id": "PUT4DCE",
            "incident_urgency_rule": [
              {
                "during_support_hours": [],
                "outside_support_hours": [],
                "type": "constant",
                "urgency": "high"
              }
            ],
            "last_incident_timestamp": "",
            "name": "Qnomy",
            "response_play": null,
            "scheduled_actions": [],
            "status": "active",
            "support_hours": [],
            "type": "service"
          },
          "sensitive_attributes": [],
          "private": "bnVsbA==",
          "dependencies": [
            "data.pagerduty_escalation_policy.default"
          ]
        }
      ]
    },
    {
      "mode": "managed",
      "type": "pagerduty_service",
      "name": "Quacom",
      "provider": "provider[\"registry.terraform.io/pagerduty/pagerduty\"]",
      "instances": [
        {
          "schema_version": 0,
          "attributes": {
            "acknowledgement_timeout": "1800",
            "alert_creation": "create_incidents",
            "alert_grouping": null,
            "alert_grouping_parameters": [],
            "alert_grouping_timeout": "null",
            "auto_pause_notifications_parameters": null,
            "auto_resolve_timeout": "14400",
            "created_at": "2023-02-26T17:27:19+02:00",
            "description": "Quacom (quacom)",
            "escalation_policy": "PQAH7SD",
            "html_url": "https://partner-webiscope.eu.pagerduty.com/service-directory/P029T1G",
            "id": "P029T1G",
            "incident_urgency_rule": [
              {
                "during_support_hours": [],
                "outside_support_hours": [],
                "type": "constant",
                "urgency": "high"
              }
            ],
            "last_incident_timestamp": "",
            "name": "Quacom",
            "response_play": null,
            "scheduled_actions": [],
            "status": "active",
            "support_hours": [],
            "type": "service"
          },
          "sensitive_attributes": [],
          "private": "bnVsbA==",
          "dependencies": [
            "data.pagerduty_escalation_policy.default"
          ]
        }
      ]
    },
    {
      "mode": "managed",
      "type": "pagerduty_service",
      "name": "Rafael",
      "provider": "provider[\"registry.terraform.io/pagerduty/pagerduty\"]",
      "instances": [
        {
          "schema_version": 0,
          "attributes": {
            "acknowledgement_timeout": "1800",
            "alert_creation": "create_incidents",
            "alert_grouping": null,
            "alert_grouping_parameters": [],
            "alert_grouping_timeout": "null",
            "auto_pause_notifications_parameters": null,
            "auto_resolve_timeout": "14400",
            "created_at": "2023-02-26T17:28:04+02:00",
            "description": "Rafael (rafael)",
            "escalation_policy": "PQAH7SD",
            "html_url": "https://partner-webiscope.eu.pagerduty.com/service-directory/PXYCEF5",
            "id": "PXYCEF5",
            "incident_urgency_rule": [
              {
                "during_support_hours": [],
                "outside_support_hours": [],
                "type": "constant",
                "urgency": "high"
              }
            ],
            "last_incident_timestamp": "",
            "name": "Rafael",
            "response_play": null,
            "scheduled_actions": [],
            "status": "active",
            "support_hours": [],
            "type": "service"
          },
          "sensitive_attributes": [],
          "private": "bnVsbA==",
          "dependencies": [
            "data.pagerduty_escalation_policy.default"
          ]
        }
      ]
    },
    {
      "mode": "managed",
      "type": "pagerduty_service",
      "name": "Rbcompliance2",
      "provider": "provider[\"registry.terraform.io/pagerduty/pagerduty\"]",
      "instances": [
        {
          "schema_version": 0,
          "attributes": {
            "acknowledgement_timeout": "1800",
            "alert_creation": "create_incidents",
            "alert_grouping": null,
            "alert_grouping_parameters": [],
            "alert_grouping_timeout": "null",
            "auto_pause_notifications_parameters": null,
            "auto_resolve_timeout": "14400",
            "created_at": "2023-02-26T17:27:22+02:00",
            "description": "Rbcompliance2 (rbcompliance2)",
            "escalation_policy": "PQAH7SD",
            "html_url": "https://partner-webiscope.eu.pagerduty.com/service-directory/P9X661F",
            "id": "P9X661F",
            "incident_urgency_rule": [
              {
                "during_support_hours": [],
                "outside_support_hours": [],
                "type": "constant",
                "urgency": "high"
              }
            ],
            "last_incident_timestamp": "",
            "name": "Rbcompliance2",
            "response_play": null,
            "scheduled_actions": [],
            "status": "active",
            "support_hours": [],
            "type": "service"
          },
          "sensitive_attributes": [],
          "private": "bnVsbA==",
          "dependencies": [
            "data.pagerduty_escalation_policy.default"
          ]
        }
      ]
    },
    {
      "mode": "managed",
      "type": "pagerduty_service",
      "name": "Rbzacademy",
      "provider": "provider[\"registry.terraform.io/pagerduty/pagerduty\"]",
      "instances": [
        {
          "schema_version": 0,
          "attributes": {
            "acknowledgement_timeout": "1800",
            "alert_creation": "create_incidents",
            "alert_grouping": null,
            "alert_grouping_parameters": [],
            "alert_grouping_timeout": "null",
            "auto_pause_notifications_parameters": null,
            "auto_resolve_timeout": "14400",
            "created_at": "2023-02-26T17:28:06+02:00",
            "description": "Rbzacademy (rbzacademy)",
            "escalation_policy": "PQAH7SD",
            "html_url": "https://partner-webiscope.eu.pagerduty.com/service-directory/P1GBV7N",
            "id": "P1GBV7N",
            "incident_urgency_rule": [
              {
                "during_support_hours": [],
                "outside_support_hours": [],
                "type": "constant",
                "urgency": "high"
              }
            ],
            "last_incident_timestamp": "",
            "name": "Rbzacademy",
            "response_play": null,
            "scheduled_actions": [],
            "status": "active",
            "support_hours": [],
            "type": "service"
          },
          "sensitive_attributes": [],
          "private": "bnVsbA==",
          "dependencies": [
            "data.pagerduty_escalation_policy.default"
          ]
        }
      ]
    },
    {
      "mode": "managed",
      "type": "pagerduty_service",
      "name": "Rbzaws221986932086",
      "provider": "provider[\"registry.terraform.io/pagerduty/pagerduty\"]",
      "instances": [
        {
          "schema_version": 0,
          "attributes": {
            "acknowledgement_timeout": "1800",
            "alert_creation": "create_incidents",
            "alert_grouping": null,
            "alert_grouping_parameters": [],
            "alert_grouping_timeout": "null",
            "auto_pause_notifications_parameters": null,
            "auto_resolve_timeout": "14400",
            "created_at": "2023-02-26T17:27:36+02:00",
            "description": "Rbzaws221986932086 (rbzaws221986932086)",
            "escalation_policy": "PQAH7SD",
            "html_url": "https://partner-webiscope.eu.pagerduty.com/service-directory/P8RL0PE",
            "id": "P8RL0PE",
            "incident_urgency_rule": [
              {
                "during_support_hours": [],
                "outside_support_hours": [],
                "type": "constant",
                "urgency": "high"
              }
            ],
            "last_incident_timestamp": "",
            "name": "Rbzaws221986932086",
            "response_play": null,
            "scheduled_actions": [],
            "status": "active",
            "support_hours": [],
            "type": "service"
          },
          "sensitive_attributes": [],
          "private": "bnVsbA==",
          "dependencies": [
            "data.pagerduty_escalation_policy.default"
          ]
        }
      ]
    },
    {
      "mode": "managed",
      "type": "pagerduty_service",
      "name": "Rbzaws232079419768",
      "provider": "provider[\"registry.terraform.io/pagerduty/pagerduty\"]",
      "instances": [
        {
          "schema_version": 0,
          "attributes": {
            "acknowledgement_timeout": "1800",
            "alert_creation": "create_incidents",
            "alert_grouping": null,
            "alert_grouping_parameters": [],
            "alert_grouping_timeout": "null",
            "auto_pause_notifications_parameters": null,
            "auto_resolve_timeout": "14400",
            "created_at": "2023-02-26T17:27:30+02:00",
            "description": "Rbzaws232079419768 (rbzaws232079419768)",
            "escalation_policy": "PQAH7SD",
            "html_url": "https://partner-webiscope.eu.pagerduty.com/service-directory/PM43URR",
            "id": "PM43URR",
            "incident_urgency_rule": [
              {
                "during_support_hours": [],
                "outside_support_hours": [],
                "type": "constant",
                "urgency": "high"
              }
            ],
            "last_incident_timestamp": "",
            "name": "Rbzaws232079419768",
            "response_play": null,
            "scheduled_actions": [],
            "status": "active",
            "support_hours": [],
            "type": "service"
          },
          "sensitive_attributes": [],
          "private": "bnVsbA==",
          "dependencies": [
            "data.pagerduty_escalation_policy.default"
          ]
        }
      ]
    },
    {
      "mode": "managed",
      "type": "pagerduty_service",
      "name": "Rbzaws479335881964",
      "provider": "provider[\"registry.terraform.io/pagerduty/pagerduty\"]",
      "instances": [
        {
          "schema_version": 0,
          "attributes": {
            "acknowledgement_timeout": "1800",
            "alert_creation": "create_incidents",
            "alert_grouping": null,
            "alert_grouping_parameters": [],
            "alert_grouping_timeout": "null",
            "auto_pause_notifications_parameters": null,
            "auto_resolve_timeout": "14400",
            "created_at": "2023-02-26T17:27:42+02:00",
            "description": "Rbzaws479335881964 (rbzaws479335881964)",
            "escalation_policy": "PQAH7SD",
            "html_url": "https://partner-webiscope.eu.pagerduty.com/service-directory/PXHAY01",
            "id": "PXHAY01",
            "incident_urgency_rule": [
              {
                "during_support_hours": [],
                "outside_support_hours": [],
                "type": "constant",
                "urgency": "high"
              }
            ],
            "last_incident_timestamp": "",
            "name": "Rbzaws479335881964",
            "response_play": null,
            "scheduled_actions": [],
            "status": "active",
            "support_hours": [],
            "type": "service"
          },
          "sensitive_attributes": [],
          "private": "bnVsbA==",
          "dependencies": [
            "data.pagerduty_escalation_policy.default"
          ]
        }
      ]
    },
    {
      "mode": "managed",
      "type": "pagerduty_service",
      "name": "Rbzaws589416701894",
      "provider": "provider[\"registry.terraform.io/pagerduty/pagerduty\"]",
      "instances": [
        {
          "schema_version": 0,
          "attributes": {
            "acknowledgement_timeout": "1800",
            "alert_creation": "create_incidents",
            "alert_grouping": null,
            "alert_grouping_parameters": [],
            "alert_grouping_timeout": "null",
            "auto_pause_notifications_parameters": null,
            "auto_resolve_timeout": "14400",
            "created_at": "2023-02-26T17:27:32+02:00",
            "description": "Rbzaws589416701894 (rbzaws589416701894)",
            "escalation_policy": "PQAH7SD",
            "html_url": "https://partner-webiscope.eu.pagerduty.com/service-directory/PU0XQIY",
            "id": "PU0XQIY",
            "incident_urgency_rule": [
              {
                "during_support_hours": [],
                "outside_support_hours": [],
                "type": "constant",
                "urgency": "high"
              }
            ],
            "last_incident_timestamp": "",
            "name": "Rbzaws589416701894",
            "response_play": null,
            "scheduled_actions": [],
            "status": "active",
            "support_hours": [],
            "type": "service"
          },
          "sensitive_attributes": [],
          "private": "bnVsbA==",
          "dependencies": [
            "data.pagerduty_escalation_policy.default"
          ]
        }
      ]
    },
    {
      "mode": "managed",
      "type": "pagerduty_service",
      "name": "Rbzaws667713386313",
      "provider": "provider[\"registry.terraform.io/pagerduty/pagerduty\"]",
      "instances": [
        {
          "schema_version": 0,
          "attributes": {
            "acknowledgement_timeout": "1800",
            "alert_creation": "create_incidents",
            "alert_grouping": null,
            "alert_grouping_parameters": [],
            "alert_grouping_timeout": "null",
            "auto_pause_notifications_parameters": null,
            "auto_resolve_timeout": "14400",
            "created_at": "2023-02-26T17:28:10+02:00",
            "description": "Rbzaws667713386313 (rbzaws667713386313)",
            "escalation_policy": "PQAH7SD",
            "html_url": "https://partner-webiscope.eu.pagerduty.com/service-directory/P42M6FW",
            "id": "P42M6FW",
            "incident_urgency_rule": [
              {
                "during_support_hours": [],
                "outside_support_hours": [],
                "type": "constant",
                "urgency": "high"
              }
            ],
            "last_incident_timestamp": "",
            "name": "Rbzaws667713386313",
            "response_play": null,
            "scheduled_actions": [],
            "status": "active",
            "support_hours": [],
            "type": "service"
          },
          "sensitive_attributes": [],
          "private": "bnVsbA==",
          "dependencies": [
            "data.pagerduty_escalation_policy.default"
          ]
        }
      ]
    },
    {
      "mode": "managed",
      "type": "pagerduty_service",
      "name": "Rbzaws78972580297192148311",
      "provider": "provider[\"registry.terraform.io/pagerduty/pagerduty\"]",
      "instances": [
        {
          "schema_version": 0,
          "attributes": {
            "acknowledgement_timeout": "1800",
            "alert_creation": "create_incidents",
            "alert_grouping": null,
            "alert_grouping_parameters": [],
            "alert_grouping_timeout": "null",
            "auto_pause_notifications_parameters": null,
            "auto_resolve_timeout": "14400",
            "created_at": "2023-02-26T17:27:54+02:00",
            "description": "Rbzaws78972580297192148311 (rbzaws78972580297192148311)",
            "escalation_policy": "PQAH7SD",
            "html_url": "https://partner-webiscope.eu.pagerduty.com/service-directory/P2NRUH9",
            "id": "P2NRUH9",
            "incident_urgency_rule": [
              {
                "during_support_hours": [],
                "outside_support_hours": [],
                "type": "constant",
                "urgency": "high"
              }
            ],
            "last_incident_timestamp": "",
            "name": "Rbzaws78972580297192148311",
            "response_play": null,
            "scheduled_actions": [],
            "status": "active",
            "support_hours": [],
            "type": "service"
          },
          "sensitive_attributes": [],
          "private": "bnVsbA==",
          "dependencies": [
            "data.pagerduty_escalation_policy.default"
          ]
        }
      ]
    },
    {
      "mode": "managed",
      "type": "pagerduty_service",
      "name": "Rbzaws789809902545",
      "provider": "provider[\"registry.terraform.io/pagerduty/pagerduty\"]",
      "instances": [
        {
          "schema_version": 0,
          "attributes": {
            "acknowledgement_timeout": "1800",
            "alert_creation": "create_incidents",
            "alert_grouping": null,
            "alert_grouping_parameters": [],
            "alert_grouping_timeout": "null",
            "auto_pause_notifications_parameters": null,
            "auto_resolve_timeout": "14400",
            "created_at": "2023-02-26T17:27:14+02:00",
            "description": "Rbzaws789809902545 (rbzaws789809902545)",
            "escalation_policy": "PQAH7SD",
            "html_url": "https://partner-webiscope.eu.pagerduty.com/service-directory/PHQCKFG",
            "id": "PHQCKFG",
            "incident_urgency_rule": [
              {
                "during_support_hours": [],
                "outside_support_hours": [],
                "type": "constant",
                "urgency": "high"
              }
            ],
            "last_incident_timestamp": "",
            "name": "Rbzaws789809902545",
            "response_play": null,
            "scheduled_actions": [],
            "status": "active",
            "support_hours": [],
            "type": "service"
          },
          "sensitive_attributes": [],
          "private": "bnVsbA==",
          "dependencies": [
            "data.pagerduty_escalation_policy.default"
          ]
        }
      ]
    },
    {
      "mode": "managed",
      "type": "pagerduty_service",
      "name": "Rbzdevbratislava",
      "provider": "provider[\"registry.terraform.io/pagerduty/pagerduty\"]",
      "instances": [
        {
          "schema_version": 0,
          "attributes": {
            "acknowledgement_timeout": "1800",
            "alert_creation": "create_incidents",
            "alert_grouping": null,
            "alert_grouping_parameters": [],
            "alert_grouping_timeout": "null",
            "auto_pause_notifications_parameters": null,
            "auto_resolve_timeout": "14400",
            "created_at": "2023-02-26T17:28:04+02:00",
            "description": "Rbzdevbratislava (rbzdevbratislava)",
            "escalation_policy": "PQAH7SD",
            "html_url": "https://partner-webiscope.eu.pagerduty.com/service-directory/PQQ3DQS",
            "id": "PQQ3DQS",
            "incident_urgency_rule": [
              {
                "during_support_hours": [],
                "outside_support_hours": [],
                "type": "constant",
                "urgency": "high"
              }
            ],
            "last_incident_timestamp": "",
            "name": "Rbzdevbratislava",
            "response_play": null,
            "scheduled_actions": [],
            "status": "active",
            "support_hours": [],
            "type": "service"
          },
          "sensitive_attributes": [],
          "private": "bnVsbA==",
          "dependencies": [
            "data.pagerduty_escalation_policy.default"
          ]
        }
      ]
    },
    {
      "mode": "managed",
      "type": "pagerduty_service",
      "name": "Rbzdevmerge001",
      "provider": "provider[\"registry.terraform.io/pagerduty/pagerduty\"]",
      "instances": [
        {
          "schema_version": 0,
          "attributes": {
            "acknowledgement_timeout": "1800",
            "alert_creation": "create_incidents",
            "alert_grouping": null,
            "alert_grouping_parameters": [],
            "alert_grouping_timeout": "null",
            "auto_pause_notifications_parameters": null,
            "auto_resolve_timeout": "14400",
            "created_at": "2023-02-26T17:27:42+02:00",
            "description": "Rbzdevmerge001 (rbzdevmerge001)",
            "escalation_policy": "PQAH7SD",
            "html_url": "https://partner-webiscope.eu.pagerduty.com/service-directory/PU8PXNB",
            "id": "PU8PXNB",
            "incident_urgency_rule": [
              {
                "during_support_hours": [],
                "outside_support_hours": [],
                "type": "constant",
                "urgency": "high"
              }
            ],
            "last_incident_timestamp": "",
            "name": "Rbzdevmerge001",
            "response_play": null,
            "scheduled_actions": [],
            "status": "active",
            "support_hours": [],
            "type": "service"
          },
          "sensitive_attributes": [],
          "private": "bnVsbA==",
          "dependencies": [
            "data.pagerduty_escalation_policy.default"
          ]
        }
      ]
    },
    {
      "mode": "managed",
      "type": "pagerduty_service",
      "name": "Rbzdevmp004",
      "provider": "provider[\"registry.terraform.io/pagerduty/pagerduty\"]",
      "instances": [
        {
          "schema_version": 0,
          "attributes": {
            "acknowledgement_timeout": "1800",
            "alert_creation": "create_incidents",
            "alert_grouping": null,
            "alert_grouping_parameters": [],
            "alert_grouping_timeout": "null",
            "auto_pause_notifications_parameters": null,
            "auto_resolve_timeout": "14400",
            "created_at": "2023-02-26T17:28:04+02:00",
            "description": "Rbzdevmp004 (rbzdevmp004)",
            "escalation_policy": "PQAH7SD",
            "html_url": "https://partner-webiscope.eu.pagerduty.com/service-directory/PTMRE2F",
            "id": "PTMRE2F",
            "incident_urgency_rule": [
              {
                "during_support_hours": [],
                "outside_support_hours": [],
                "type": "constant",
                "urgency": "high"
              }
            ],
            "last_incident_timestamp": "",
            "name": "Rbzdevmp004",
            "response_play": null,
            "scheduled_actions": [],
            "status": "active",
            "support_hours": [],
            "type": "service"
          },
          "sensitive_attributes": [],
          "private": "bnVsbA==",
          "dependencies": [
            "data.pagerduty_escalation_policy.default"
          ]
        }
      ]
    },
    {
      "mode": "managed",
      "type": "pagerduty_service",
      "name": "Rbzdevqnomy",
      "provider": "provider[\"registry.terraform.io/pagerduty/pagerduty\"]",
      "instances": [
        {
          "schema_version": 0,
          "attributes": {
            "acknowledgement_timeout": "1800",
            "alert_creation": "create_incidents",
            "alert_grouping": null,
            "alert_grouping_parameters": [],
            "alert_grouping_timeout": "null",
            "auto_pause_notifications_parameters": null,
            "auto_resolve_timeout": "14400",
            "created_at": "2023-02-26T17:27:36+02:00",
            "description": "Rbzdevqnomy (rbzdevqnomy)",
            "escalation_policy": "PQAH7SD",
            "html_url": "https://partner-webiscope.eu.pagerduty.com/service-directory/PP19124",
            "id": "PP19124",
            "incident_urgency_rule": [
              {
                "during_support_hours": [],
                "outside_support_hours": [],
                "type": "constant",
                "urgency": "high"
              }
            ],
            "last_incident_timestamp": "",
            "name": "Rbzdevqnomy",
            "response_play": null,
            "scheduled_actions": [],
            "status": "active",
            "support_hours": [],
            "type": "service"
          },
          "sensitive_attributes": [],
          "private": "bnVsbA==",
          "dependencies": [
            "data.pagerduty_escalation_policy.default"
          ]
        }
      ]
    },
    {
      "mode": "managed",
      "type": "pagerduty_service",
      "name": "Rbzdevtest",
      "provider": "provider[\"registry.terraform.io/pagerduty/pagerduty\"]",
      "instances": [
        {
          "schema_version": 0,
          "attributes": {
            "acknowledgement_timeout": "1800",
            "alert_creation": "create_incidents",
            "alert_grouping": null,
            "alert_grouping_parameters": [],
            "alert_grouping_timeout": "null",
            "auto_pause_notifications_parameters": null,
            "auto_resolve_timeout": "14400",
            "created_at": "2023-02-26T17:27:48+02:00",
            "description": "Rbzdevtest (rbzdevtest)",
            "escalation_policy": "PQAH7SD",
            "html_url": "https://partner-webiscope.eu.pagerduty.com/service-directory/P4OK00S",
            "id": "P4OK00S",
            "incident_urgency_rule": [
              {
                "during_support_hours": [],
                "outside_support_hours": [],
                "type": "constant",
                "urgency": "high"
              }
            ],
            "last_incident_timestamp": "",
            "name": "Rbzdevtest",
            "response_play": null,
            "scheduled_actions": [],
            "status": "active",
            "support_hours": [],
            "type": "service"
          },
          "sensitive_attributes": [],
          "private": "bnVsbA==",
          "dependencies": [
            "data.pagerduty_escalation_policy.default"
          ]
        }
      ]
    },
    {
      "mode": "managed",
      "type": "pagerduty_service",
      "name": "Rbzdevtzury2202",
      "provider": "provider[\"registry.terraform.io/pagerduty/pagerduty\"]",
      "instances": [
        {
          "schema_version": 0,
          "attributes": {
            "acknowledgement_timeout": "1800",
            "alert_creation": "create_incidents",
            "alert_grouping": null,
            "alert_grouping_parameters": [],
            "alert_grouping_timeout": "null",
            "auto_pause_notifications_parameters": null,
            "auto_resolve_timeout": "14400",
            "created_at": "2023-02-26T17:27:15+02:00",
            "description": "Rbzdevtzury2202 (rbzdevtzury2202)",
            "escalation_policy": "PQAH7SD",
            "html_url": "https://partner-webiscope.eu.pagerduty.com/service-directory/PGC7EDE",
            "id": "PGC7EDE",
            "incident_urgency_rule": [
              {
                "during_support_hours": [],
                "outside_support_hours": [],
                "type": "constant",
                "urgency": "high"
              }
            ],
            "last_incident_timestamp": "",
            "name": "Rbzdevtzury2202",
            "response_play": null,
            "scheduled_actions": [],
            "status": "active",
            "support_hours": [],
            "type": "service"
          },
          "sensitive_attributes": [],
          "private": "bnVsbA==",
          "dependencies": [
            "data.pagerduty_escalation_policy.default"
          ]
        }
      ]
    },
    {
      "mode": "managed",
      "type": "pagerduty_service",
      "name": "Rbzolga753103565707641934",
      "provider": "provider[\"registry.terraform.io/pagerduty/pagerduty\"]",
      "instances": [
        {
          "schema_version": 0,
          "attributes": {
            "acknowledgement_timeout": "1800",
            "alert_creation": "create_incidents",
            "alert_grouping": null,
            "alert_grouping_parameters": [],
            "alert_grouping_timeout": "null",
            "auto_pause_notifications_parameters": null,
            "auto_resolve_timeout": "14400",
            "created_at": "2023-02-26T17:27:12+02:00",
            "description": "Rbzolga753103565707641934 (rbzolga753103565707641934)",
            "escalation_policy": "PQAH7SD",
            "html_url": "https://partner-webiscope.eu.pagerduty.com/service-directory/PTY011S",
            "id": "PTY011S",
            "incident_urgency_rule": [
              {
                "during_support_hours": [],
                "outside_support_hours": [],
                "type": "constant",
                "urgency": "high"
              }
            ],
            "last_incident_timestamp": "",
            "name": "Rbzolga753103565707641934",
            "response_play": null,
            "scheduled_actions": [],
            "status": "active",
            "support_hours": [],
            "type": "service"
          },
          "sensitive_attributes": [],
          "private": "bnVsbA==",
          "dependencies": [
            "data.pagerduty_escalation_policy.default"
          ]
        }
      ]
    },
    {
      "mode": "managed",
      "type": "pagerduty_service",
      "name": "Rbzopsazr01",
      "provider": "provider[\"registry.terraform.io/pagerduty/pagerduty\"]",
      "instances": [
        {
          "schema_version": 0,
          "attributes": {
            "acknowledgement_timeout": "1800",
            "alert_creation": "create_incidents",
            "alert_grouping": null,
            "alert_grouping_parameters": [],
            "alert_grouping_timeout": "null",
            "auto_pause_notifications_parameters": null,
            "auto_resolve_timeout": "14400",
            "created_at": "2023-02-26T17:27:34+02:00",
            "description": "Rbzopsazr01 (rbzopsazr01)",
            "escalation_policy": "PQAH7SD",
            "html_url": "https://partner-webiscope.eu.pagerduty.com/service-directory/P93T6RG",
            "id": "P93T6RG",
            "incident_urgency_rule": [
              {
                "during_support_hours": [],
                "outside_support_hours": [],
                "type": "constant",
                "urgency": "high"
              }
            ],
            "last_incident_timestamp": "",
            "name": "Rbzopsazr01",
            "response_play": null,
            "scheduled_actions": [],
            "status": "active",
            "support_hours": [],
            "type": "service"
          },
          "sensitive_attributes": [],
          "private": "bnVsbA==",
          "dependencies": [
            "data.pagerduty_escalation_policy.default"
          ]
        }
      ]
    },
    {
      "mode": "managed",
      "type": "pagerduty_service",
      "name": "Rbzqamp0030160679959478244",
      "provider": "provider[\"registry.terraform.io/pagerduty/pagerduty\"]",
      "instances": [
        {
          "schema_version": 0,
          "attributes": {
            "acknowledgement_timeout": "1800",
            "alert_creation": "create_incidents",
            "alert_grouping": null,
            "alert_grouping_parameters": [],
            "alert_grouping_timeout": "null",
            "auto_pause_notifications_parameters": null,
            "auto_resolve_timeout": "14400",
            "created_at": "2023-02-26T17:27:58+02:00",
            "description": "Rbzqamp0030160679959478244 (rbzqamp0030160679959478244)",
            "escalation_policy": "PQAH7SD",
            "html_url": "https://partner-webiscope.eu.pagerduty.com/service-directory/P0KR5D5",
            "id": "P0KR5D5",
            "incident_urgency_rule": [
              {
                "during_support_hours": [],
                "outside_support_hours": [],
                "type": "constant",
                "urgency": "high"
              }
            ],
            "last_incident_timestamp": "",
            "name": "Rbzqamp0030160679959478244",
            "response_play": null,
            "scheduled_actions": [],
            "status": "active",
            "support_hours": [],
            "type": "service"
          },
          "sensitive_attributes": [],
          "private": "bnVsbA==",
          "dependencies": [
            "data.pagerduty_escalation_policy.default"
          ]
        }
      ]
    },
    {
      "mode": "managed",
      "type": "pagerduty_service",
      "name": "Rbzqamp0073595184297896571",
      "provider": "provider[\"registry.terraform.io/pagerduty/pagerduty\"]",
      "instances": [
        {
          "schema_version": 0,
          "attributes": {
            "acknowledgement_timeout": "1800",
            "alert_creation": "create_incidents",
            "alert_grouping": null,
            "alert_grouping_parameters": [],
            "alert_grouping_timeout": "null",
            "auto_pause_notifications_parameters": null,
            "auto_resolve_timeout": "14400",
            "created_at": "2023-02-26T17:27:45+02:00",
            "description": "Rbzqamp0073595184297896571 (rbzqamp0073595184297896571)",
            "escalation_policy": "PQAH7SD",
            "html_url": "https://partner-webiscope.eu.pagerduty.com/service-directory/PHPXO00",
            "id": "PHPXO00",
            "incident_urgency_rule": [
              {
                "during_support_hours": [],
                "outside_support_hours": [],
                "type": "constant",
                "urgency": "high"
              }
            ],
            "last_incident_timestamp": "",
            "name": "Rbzqamp0073595184297896571",
            "response_play": null,
            "scheduled_actions": [],
            "status": "active",
            "support_hours": [],
            "type": "service"
          },
          "sensitive_attributes": [],
          "private": "bnVsbA==",
          "dependencies": [
            "data.pagerduty_escalation_policy.default"
          ]
        }
      ]
    },
    {
      "mode": "managed",
      "type": "pagerduty_service",
      "name": "Rbzqaprod001",
      "provider": "provider[\"registry.terraform.io/pagerduty/pagerduty\"]",
      "instances": [
        {
          "schema_version": 0,
          "attributes": {
            "acknowledgement_timeout": "1800",
            "alert_creation": "create_incidents",
            "alert_grouping": null,
            "alert_grouping_parameters": [],
            "alert_grouping_timeout": "null",
            "auto_pause_notifications_parameters": null,
            "auto_resolve_timeout": "14400",
            "created_at": "2023-02-26T17:27:47+02:00",
            "description": "Rbzqaprod001 (rbzqaprod001)",
            "escalation_policy": "PQAH7SD",
            "html_url": "https://partner-webiscope.eu.pagerduty.com/service-directory/PKNQ5AO",
            "id": "PKNQ5AO",
            "incident_urgency_rule": [
              {
                "during_support_hours": [],
                "outside_support_hours": [],
                "type": "constant",
                "urgency": "high"
              }
            ],
            "last_incident_timestamp": "",
            "name": "Rbzqaprod001",
            "response_play": null,
            "scheduled_actions": [],
            "status": "active",
            "support_hours": [],
            "type": "service"
          },
          "sensitive_attributes": [],
          "private": "bnVsbA==",
          "dependencies": [
            "data.pagerduty_escalation_policy.default"
          ]
        }
      ]
    },
    {
      "mode": "managed",
      "type": "pagerduty_service",
      "name": "Rbzqaprod220",
      "provider": "provider[\"registry.terraform.io/pagerduty/pagerduty\"]",
      "instances": [
        {
          "schema_version": 0,
          "attributes": {
            "acknowledgement_timeout": "1800",
            "alert_creation": "create_incidents",
            "alert_grouping": null,
            "alert_grouping_parameters": [],
            "alert_grouping_timeout": "null",
            "auto_pause_notifications_parameters": null,
            "auto_resolve_timeout": "14400",
            "created_at": "2023-02-26T17:27:49+02:00",
            "description": "Rbzqaprod220 (rbzqaprod220)",
            "escalation_policy": "PQAH7SD",
            "html_url": "https://partner-webiscope.eu.pagerduty.com/service-directory/PYDKKU6",
            "id": "PYDKKU6",
            "incident_urgency_rule": [
              {
                "during_support_hours": [],
                "outside_support_hours": [],
                "type": "constant",
                "urgency": "high"
              }
            ],
            "last_incident_timestamp": "",
            "name": "Rbzqaprod220",
            "response_play": null,
            "scheduled_actions": [],
            "status": "active",
            "support_hours": [],
            "type": "service"
          },
          "sensitive_attributes": [],
          "private": "bnVsbA==",
          "dependencies": [
            "data.pagerduty_escalation_policy.default"
          ]
        }
      ]
    },
    {
      "mode": "managed",
      "type": "pagerduty_service",
      "name": "Rbzqasomething",
      "provider": "provider[\"registry.terraform.io/pagerduty/pagerduty\"]",
      "instances": [
        {
          "schema_version": 0,
          "attributes": {
            "acknowledgement_timeout": "1800",
            "alert_creation": "create_incidents",
            "alert_grouping": null,
            "alert_grouping_parameters": [],
            "alert_grouping_timeout": "null",
            "auto_pause_notifications_parameters": null,
            "auto_resolve_timeout": "14400",
            "created_at": "2023-02-26T17:27:43+02:00",
            "description": "Rbzqasomething (rbzqasomething)",
            "escalation_policy": "PQAH7SD",
            "html_url": "https://partner-webiscope.eu.pagerduty.com/service-directory/P2E4UU8",
            "id": "P2E4UU8",
            "incident_urgency_rule": [
              {
                "during_support_hours": [],
                "outside_support_hours": [],
                "type": "constant",
                "urgency": "high"
              }
            ],
            "last_incident_timestamp": "",
            "name": "Rbzqasomething",
            "response_play": null,
            "scheduled_actions": [],
            "status": "active",
            "support_hours": [],
            "type": "service"
          },
          "sensitive_attributes": [],
          "private": "bnVsbA==",
          "dependencies": [
            "data.pagerduty_escalation_policy.default"
          ]
        }
      ]
    },
    {
      "mode": "managed",
      "type": "pagerduty_service",
      "name": "Rbztest",
      "provider": "provider[\"registry.terraform.io/pagerduty/pagerduty\"]",
      "instances": [
        {
          "schema_version": 0,
          "attributes": {
            "acknowledgement_timeout": "1800",
            "alert_creation": "create_incidents",
            "alert_grouping": null,
            "alert_grouping_parameters": [],
            "alert_grouping_timeout": "null",
            "auto_pause_notifications_parameters": null,
            "auto_resolve_timeout": "14400",
            "created_at": "2023-02-26T17:27:02+02:00",
            "description": "Rbztest (rbztest)",
            "escalation_policy": "PQAH7SD",
            "html_url": "https://partner-webiscope.eu.pagerduty.com/service-directory/PWMVIOC",
            "id": "PWMVIOC",
            "incident_urgency_rule": [
              {
                "during_support_hours": [],
                "outside_support_hours": [],
                "type": "constant",
                "urgency": "high"
              }
            ],
            "last_incident_timestamp": "",
            "name": "Rbztest",
            "response_play": null,
            "scheduled_actions": [],
            "status": "active",
            "support_hours": [],
            "type": "service"
          },
          "sensitive_attributes": [],
          "private": "bnVsbA==",
          "dependencies": [
            "data.pagerduty_escalation_policy.default"
          ]
        }
      ]
    },
    {
      "mode": "managed",
      "type": "pagerduty_service",
      "name": "Rbzwebsite",
      "provider": "provider[\"registry.terraform.io/pagerduty/pagerduty\"]",
      "instances": [
        {
          "schema_version": 0,
          "attributes": {
            "acknowledgement_timeout": "1800",
            "alert_creation": "create_incidents",
            "alert_grouping": null,
            "alert_grouping_parameters": [],
            "alert_grouping_timeout": "null",
            "auto_pause_notifications_parameters": null,
            "auto_resolve_timeout": "14400",
            "created_at": "2023-02-26T17:27:24+02:00",
            "description": "Rbzwebsite (rbzwebsite)",
            "escalation_policy": "PQAH7SD",
            "html_url": "https://partner-webiscope.eu.pagerduty.com/service-directory/PHYV47J",
            "id": "PHYV47J",
            "incident_urgency_rule": [
              {
                "during_support_hours": [],
                "outside_support_hours": [],
                "type": "constant",
                "urgency": "high"
              }
            ],
            "last_incident_timestamp": "",
            "name": "Rbzwebsite",
            "response_play": null,
            "scheduled_actions": [],
            "status": "active",
            "support_hours": [],
            "type": "service"
          },
          "sensitive_attributes": [],
          "private": "bnVsbA==",
          "dependencies": [
            "data.pagerduty_escalation_policy.default"
          ]
        }
      ]
    },
    {
      "mode": "managed",
      "type": "pagerduty_service",
      "name": "Rbzwizprod",
      "provider": "provider[\"registry.terraform.io/pagerduty/pagerduty\"]",
      "instances": [
        {
          "schema_version": 0,
          "attributes": {
            "acknowledgement_timeout": "1800",
            "alert_creation": "create_incidents",
            "alert_grouping": null,
            "alert_grouping_parameters": [],
            "alert_grouping_timeout": "null",
            "auto_pause_notifications_parameters": null,
            "auto_resolve_timeout": "14400",
            "created_at": "2023-02-26T17:28:07+02:00",
            "description": "Rbzwizprod (rbzwizprod)",
            "escalation_policy": "PQAH7SD",
            "html_url": "https://partner-webiscope.eu.pagerduty.com/service-directory/PH3ZUF4",
            "id": "PH3ZUF4",
            "incident_urgency_rule": [
              {
                "during_support_hours": [],
                "outside_support_hours": [],
                "type": "constant",
                "urgency": "high"
              }
            ],
            "last_incident_timestamp": "",
            "name": "Rbzwizprod",
            "response_play": null,
            "scheduled_actions": [],
            "status": "active",
            "support_hours": [],
            "type": "service"
          },
          "sensitive_attributes": [],
          "private": "bnVsbA==",
          "dependencies": [
            "data.pagerduty_escalation_policy.default"
          ]
        }
      ]
    },
    {
      "mode": "managed",
      "type": "pagerduty_service",
      "name": "Reali",
      "provider": "provider[\"registry.terraform.io/pagerduty/pagerduty\"]",
      "instances": [
        {
          "schema_version": 0,
          "attributes": {
            "acknowledgement_timeout": "1800",
            "alert_creation": "create_incidents",
            "alert_grouping": null,
            "alert_grouping_parameters": [],
            "alert_grouping_timeout": "null",
            "auto_pause_notifications_parameters": null,
            "auto_resolve_timeout": "14400",
            "created_at": "2023-02-26T17:27:35+02:00",
            "description": "Reali (reali)",
            "escalation_policy": "PQAH7SD",
            "html_url": "https://partner-webiscope.eu.pagerduty.com/service-directory/PDVU3IX",
            "id": "PDVU3IX",
            "incident_urgency_rule": [
              {
                "during_support_hours": [],
                "outside_support_hours": [],
                "type": "constant",
                "urgency": "high"
              }
            ],
            "last_incident_timestamp": "",
            "name": "Reali",
            "response_play": null,
            "scheduled_actions": [],
            "status": "active",
            "support_hours": [],
            "type": "service"
          },
          "sensitive_attributes": [],
          "private": "bnVsbA==",
          "dependencies": [
            "data.pagerduty_escalation_policy.default"
          ]
        }
      ]
    },
    {
      "mode": "managed",
      "type": "pagerduty_service",
      "name": "Reblaze74690738161970604",
      "provider": "provider[\"registry.terraform.io/pagerduty/pagerduty\"]",
      "instances": [
        {
          "schema_version": 0,
          "attributes": {
            "acknowledgement_timeout": "1800",
            "alert_creation": "create_incidents",
            "alert_grouping": null,
            "alert_grouping_parameters": [],
            "alert_grouping_timeout": "null",
            "auto_pause_notifications_parameters": null,
            "auto_resolve_timeout": "14400",
            "created_at": "2023-02-26T17:27:06+02:00",
            "description": "Reblaze74690738161970604 (reblaze74690738161970604)",
            "escalation_policy": "PQAH7SD",
            "html_url": "https://partner-webiscope.eu.pagerduty.com/service-directory/PZ8GWJL",
            "id": "PZ8GWJL",
            "incident_urgency_rule": [
              {
                "during_support_hours": [],
                "outside_support_hours": [],
                "type": "constant",
                "urgency": "high"
              }
            ],
            "last_incident_timestamp": "",
            "name": "Reblaze74690738161970604",
            "response_play": null,
            "scheduled_actions": [],
            "status": "active",
            "support_hours": [],
            "type": "service"
          },
          "sensitive_attributes": [],
          "private": "bnVsbA==",
          "dependencies": [
            "data.pagerduty_escalation_policy.default"
          ]
        }
      ]
    },
    {
      "mode": "managed",
      "type": "pagerduty_service",
      "name": "Reblazed706840781522387801",
      "provider": "provider[\"registry.terraform.io/pagerduty/pagerduty\"]",
      "instances": [
        {
          "schema_version": 0,
          "attributes": {
            "acknowledgement_timeout": "1800",
            "alert_creation": "create_incidents",
            "alert_grouping": null,
            "alert_grouping_parameters": [],
            "alert_grouping_timeout": "null",
            "auto_pause_notifications_parameters": null,
            "auto_resolve_timeout": "14400",
            "created_at": "2023-02-26T17:27:26+02:00",
            "description": "Reblazed706840781522387801 (reblazed706840781522387801)",
            "escalation_policy": "PQAH7SD",
            "html_url": "https://partner-webiscope.eu.pagerduty.com/service-directory/PZBQJE4",
            "id": "PZBQJE4",
            "incident_urgency_rule": [
              {
                "during_support_hours": [],
                "outside_support_hours": [],
                "type": "constant",
                "urgency": "high"
              }
            ],
            "last_incident_timestamp": "",
            "name": "Reblazed706840781522387801",
            "response_play": null,
            "scheduled_actions": [],
            "status": "active",
            "support_hours": [],
            "type": "service"
          },
          "sensitive_attributes": [],
          "private": "bnVsbA==",
          "dependencies": [
            "data.pagerduty_escalation_policy.default"
          ]
        }
      ]
    },
    {
      "mode": "managed",
      "type": "pagerduty_service",
      "name": "Reblazede37304730316182808",
      "provider": "provider[\"registry.terraform.io/pagerduty/pagerduty\"]",
      "instances": [
        {
          "schema_version": 0,
          "attributes": {
            "acknowledgement_timeout": "1800",
            "alert_creation": "create_incidents",
            "alert_grouping": null,
            "alert_grouping_parameters": [],
            "alert_grouping_timeout": "null",
            "auto_pause_notifications_parameters": null,
            "auto_resolve_timeout": "14400",
            "created_at": "2023-02-26T17:28:04+02:00",
            "description": "Reblazede37304730316182808 (reblazede37304730316182808)",
            "escalation_policy": "PQAH7SD",
            "html_url": "https://partner-webiscope.eu.pagerduty.com/service-directory/PEHOG6I",
            "id": "PEHOG6I",
            "incident_urgency_rule": [
              {
                "during_support_hours": [],
                "outside_support_hours": [],
                "type": "constant",
                "urgency": "high"
              }
            ],
            "last_incident_timestamp": "",
            "name": "Reblazede37304730316182808",
            "response_play": null,
            "scheduled_actions": [],
            "status": "active",
            "support_hours": [],
            "type": "service"
          },
          "sensitive_attributes": [],
          "private": "bnVsbA==",
          "dependencies": [
            "data.pagerduty_escalation_policy.default"
          ]
        }
      ]
    },
    {
      "mode": "managed",
      "type": "pagerduty_service",
      "name": "Reign",
      "provider": "provider[\"registry.terraform.io/pagerduty/pagerduty\"]",
      "instances": [
        {
          "schema_version": 0,
          "attributes": {
            "acknowledgement_timeout": "1800",
            "alert_creation": "create_incidents",
            "alert_grouping": null,
            "alert_grouping_parameters": [],
            "alert_grouping_timeout": "null",
            "auto_pause_notifications_parameters": null,
            "auto_resolve_timeout": "14400",
            "created_at": "2023-02-26T17:27:18+02:00",
            "description": "Reign (reign)",
            "escalation_policy": "PQAH7SD",
            "html_url": "https://partner-webiscope.eu.pagerduty.com/service-directory/PNK6V5J",
            "id": "PNK6V5J",
            "incident_urgency_rule": [
              {
                "during_support_hours": [],
                "outside_support_hours": [],
                "type": "constant",
                "urgency": "high"
              }
            ],
            "last_incident_timestamp": "",
            "name": "Reign",
            "response_play": null,
            "scheduled_actions": [],
            "status": "active",
            "support_hours": [],
            "type": "service"
          },
          "sensitive_attributes": [],
          "private": "bnVsbA==",
          "dependencies": [
            "data.pagerduty_escalation_policy.default"
          ]
        }
      ]
    },
    {
      "mode": "managed",
      "type": "pagerduty_service",
      "name": "Rentoza",
      "provider": "provider[\"registry.terraform.io/pagerduty/pagerduty\"]",
      "instances": [
        {
          "schema_version": 0,
          "attributes": {
            "acknowledgement_timeout": "1800",
            "alert_creation": "create_incidents",
            "alert_grouping": null,
            "alert_grouping_parameters": [],
            "alert_grouping_timeout": "null",
            "auto_pause_notifications_parameters": null,
            "auto_resolve_timeout": "14400",
            "created_at": "2023-02-26T17:27:26+02:00",
            "description": "Rentoza (rentoza)",
            "escalation_policy": "PQAH7SD",
            "html_url": "https://partner-webiscope.eu.pagerduty.com/service-directory/PSSEIPR",
            "id": "PSSEIPR",
            "incident_urgency_rule": [
              {
                "during_support_hours": [],
                "outside_support_hours": [],
                "type": "constant",
                "urgency": "high"
              }
            ],
            "last_incident_timestamp": "",
            "name": "Rentoza",
            "response_play": null,
            "scheduled_actions": [],
            "status": "active",
            "support_hours": [],
            "type": "service"
          },
          "sensitive_attributes": [],
          "private": "bnVsbA==",
          "dependencies": [
            "data.pagerduty_escalation_policy.default"
          ]
        }
      ]
    },
    {
      "mode": "managed",
      "type": "pagerduty_service",
      "name": "Ronbs",
      "provider": "provider[\"registry.terraform.io/pagerduty/pagerduty\"]",
      "instances": [
        {
          "schema_version": 0,
          "attributes": {
            "acknowledgement_timeout": "1800",
            "alert_creation": "create_incidents",
            "alert_grouping": null,
            "alert_grouping_parameters": [],
            "alert_grouping_timeout": "null",
            "auto_pause_notifications_parameters": null,
            "auto_resolve_timeout": "14400",
            "created_at": "2023-02-26T17:27:37+02:00",
            "description": "Ronbs (ronbs)",
            "escalation_policy": "PQAH7SD",
            "html_url": "https://partner-webiscope.eu.pagerduty.com/service-directory/PGT9LVI",
            "id": "PGT9LVI",
            "incident_urgency_rule": [
              {
                "during_support_hours": [],
                "outside_support_hours": [],
                "type": "constant",
                "urgency": "high"
              }
            ],
            "last_incident_timestamp": "",
            "name": "Ronbs",
            "response_play": null,
            "scheduled_actions": [],
            "status": "active",
            "support_hours": [],
            "type": "service"
          },
          "sensitive_attributes": [],
          "private": "bnVsbA==",
          "dependencies": [
            "data.pagerduty_escalation_policy.default"
          ]
        }
      ]
    },
    {
      "mode": "managed",
      "type": "pagerduty_service",
      "name": "Rpx",
      "provider": "provider[\"registry.terraform.io/pagerduty/pagerduty\"]",
      "instances": [
        {
          "schema_version": 0,
          "attributes": {
            "acknowledgement_timeout": "1800",
            "alert_creation": "create_incidents",
            "alert_grouping": null,
            "alert_grouping_parameters": [],
            "alert_grouping_timeout": "null",
            "auto_pause_notifications_parameters": null,
            "auto_resolve_timeout": "14400",
            "created_at": "2023-02-26T17:27:10+02:00",
            "description": "Rpx (rpx)",
            "escalation_policy": "PQAH7SD",
            "html_url": "https://partner-webiscope.eu.pagerduty.com/service-directory/PXIG7FH",
            "id": "PXIG7FH",
            "incident_urgency_rule": [
              {
                "during_support_hours": [],
                "outside_support_hours": [],
                "type": "constant",
                "urgency": "high"
              }
            ],
            "last_incident_timestamp": "",
            "name": "Rpx",
            "response_play": null,
            "scheduled_actions": [],
            "status": "active",
            "support_hours": [],
            "type": "service"
          },
          "sensitive_attributes": [],
          "private": "bnVsbA==",
          "dependencies": [
            "data.pagerduty_escalation_policy.default"
          ]
        }
      ]
    },
    {
      "mode": "managed",
      "type": "pagerduty_service",
      "name": "Ruppin",
      "provider": "provider[\"registry.terraform.io/pagerduty/pagerduty\"]",
      "instances": [
        {
          "schema_version": 0,
          "attributes": {
            "acknowledgement_timeout": "1800",
            "alert_creation": "create_incidents",
            "alert_grouping": null,
            "alert_grouping_parameters": [],
            "alert_grouping_timeout": "null",
            "auto_pause_notifications_parameters": null,
            "auto_resolve_timeout": "14400",
            "created_at": "2023-02-26T17:27:14+02:00",
            "description": "Ruppin (ruppin)",
            "escalation_policy": "PQAH7SD",
            "html_url": "https://partner-webiscope.eu.pagerduty.com/service-directory/PA53JR3",
            "id": "PA53JR3",
            "incident_urgency_rule": [
              {
                "during_support_hours": [],
                "outside_support_hours": [],
                "type": "constant",
                "urgency": "high"
              }
            ],
            "last_incident_timestamp": "",
            "name": "Ruppin",
            "response_play": null,
            "scheduled_actions": [],
            "status": "active",
            "support_hours": [],
            "type": "service"
          },
          "sensitive_attributes": [],
          "private": "bnVsbA==",
          "dependencies": [
            "data.pagerduty_escalation_policy.default"
          ]
        }
      ]
    },
    {
      "mode": "managed",
      "type": "pagerduty_service",
      "name": "S21",
      "provider": "provider[\"registry.terraform.io/pagerduty/pagerduty\"]",
      "instances": [
        {
          "schema_version": 0,
          "attributes": {
            "acknowledgement_timeout": "1800",
            "alert_creation": "create_incidents",
            "alert_grouping": null,
            "alert_grouping_parameters": [],
            "alert_grouping_timeout": "null",
            "auto_pause_notifications_parameters": null,
            "auto_resolve_timeout": "14400",
            "created_at": "2023-02-26T17:27:12+02:00",
            "description": "S21 (s21)",
            "escalation_policy": "PQAH7SD",
            "html_url": "https://partner-webiscope.eu.pagerduty.com/service-directory/PX7O1DF",
            "id": "PX7O1DF",
            "incident_urgency_rule": [
              {
                "during_support_hours": [],
                "outside_support_hours": [],
                "type": "constant",
                "urgency": "high"
              }
            ],
            "last_incident_timestamp": "",
            "name": "S21",
            "response_play": null,
            "scheduled_actions": [],
            "status": "active",
            "support_hours": [],
            "type": "service"
          },
          "sensitive_attributes": [],
          "private": "bnVsbA==",
          "dependencies": [
            "data.pagerduty_escalation_policy.default"
          ]
        }
      ]
    },
    {
      "mode": "managed",
      "type": "pagerduty_service",
      "name": "Salefreaks",
      "provider": "provider[\"registry.terraform.io/pagerduty/pagerduty\"]",
      "instances": [
        {
          "schema_version": 0,
          "attributes": {
            "acknowledgement_timeout": "1800",
            "alert_creation": "create_incidents",
            "alert_grouping": null,
            "alert_grouping_parameters": [],
            "alert_grouping_timeout": "null",
            "auto_pause_notifications_parameters": null,
            "auto_resolve_timeout": "14400",
            "created_at": "2023-02-26T17:27:46+02:00",
            "description": "Salefreaks (salefreaks)",
            "escalation_policy": "PQAH7SD",
            "html_url": "https://partner-webiscope.eu.pagerduty.com/service-directory/PSIP86X",
            "id": "PSIP86X",
            "incident_urgency_rule": [
              {
                "during_support_hours": [],
                "outside_support_hours": [],
                "type": "constant",
                "urgency": "high"
              }
            ],
            "last_incident_timestamp": "",
            "name": "Salefreaks",
            "response_play": null,
            "scheduled_actions": [],
            "status": "active",
            "support_hours": [],
            "type": "service"
          },
          "sensitive_attributes": [],
          "private": "bnVsbA==",
          "dependencies": [
            "data.pagerduty_escalation_policy.default"
          ]
        }
      ]
    },
    {
      "mode": "managed",
      "type": "pagerduty_service",
      "name": "Samanage",
      "provider": "provider[\"registry.terraform.io/pagerduty/pagerduty\"]",
      "instances": [
        {
          "schema_version": 0,
          "attributes": {
            "acknowledgement_timeout": "1800",
            "alert_creation": "create_incidents",
            "alert_grouping": null,
            "alert_grouping_parameters": [],
            "alert_grouping_timeout": "null",
            "auto_pause_notifications_parameters": null,
            "auto_resolve_timeout": "14400",
            "created_at": "2023-02-26T17:27:22+02:00",
            "description": "Samanage (samanage)",
            "escalation_policy": "PQAH7SD",
            "html_url": "https://partner-webiscope.eu.pagerduty.com/service-directory/PXS385I",
            "id": "PXS385I",
            "incident_urgency_rule": [
              {
                "during_support_hours": [],
                "outside_support_hours": [],
                "type": "constant",
                "urgency": "high"
              }
            ],
            "last_incident_timestamp": "",
            "name": "Samanage",
            "response_play": null,
            "scheduled_actions": [],
            "status": "active",
            "support_hours": [],
            "type": "service"
          },
          "sensitive_attributes": [],
          "private": "bnVsbA==",
          "dependencies": [
            "data.pagerduty_escalation_policy.default"
          ]
        }
      ]
    },
    {
      "mode": "managed",
      "type": "pagerduty_service",
      "name": "Samanageeur",
      "provider": "provider[\"registry.terraform.io/pagerduty/pagerduty\"]",
      "instances": [
        {
          "schema_version": 0,
          "attributes": {
            "acknowledgement_timeout": "1800",
            "alert_creation": "create_incidents",
            "alert_grouping": null,
            "alert_grouping_parameters": [],
            "alert_grouping_timeout": "null",
            "auto_pause_notifications_parameters": null,
            "auto_resolve_timeout": "14400",
            "created_at": "2023-02-26T17:27:44+02:00",
            "description": "Samanageeur (samanageeur)",
            "escalation_policy": "PQAH7SD",
            "html_url": "https://partner-webiscope.eu.pagerduty.com/service-directory/PAFTSAP",
            "id": "PAFTSAP",
            "incident_urgency_rule": [
              {
                "during_support_hours": [],
                "outside_support_hours": [],
                "type": "constant",
                "urgency": "high"
              }
            ],
            "last_incident_timestamp": "",
            "name": "Samanageeur",
            "response_play": null,
            "scheduled_actions": [],
            "status": "active",
            "support_hours": [],
            "type": "service"
          },
          "sensitive_attributes": [],
          "private": "bnVsbA==",
          "dependencies": [
            "data.pagerduty_escalation_policy.default"
          ]
        }
      ]
    },
    {
      "mode": "managed",
      "type": "pagerduty_service",
      "name": "Searce597402607595260740",
      "provider": "provider[\"registry.terraform.io/pagerduty/pagerduty\"]",
      "instances": [
        {
          "schema_version": 0,
          "attributes": {
            "acknowledgement_timeout": "1800",
            "alert_creation": "create_incidents",
            "alert_grouping": null,
            "alert_grouping_parameters": [],
            "alert_grouping_timeout": "null",
            "auto_pause_notifications_parameters": null,
            "auto_resolve_timeout": "14400",
            "created_at": "2023-02-26T17:28:06+02:00",
            "description": "Searce597402607595260740 (searce597402607595260740)",
            "escalation_policy": "PQAH7SD",
            "html_url": "https://partner-webiscope.eu.pagerduty.com/service-directory/PE5GA4G",
            "id": "PE5GA4G",
            "incident_urgency_rule": [
              {
                "during_support_hours": [],
                "outside_support_hours": [],
                "type": "constant",
                "urgency": "high"
              }
            ],
            "last_incident_timestamp": "",
            "name": "Searce597402607595260740",
            "response_play": null,
            "scheduled_actions": [],
            "status": "active",
            "support_hours": [],
            "type": "service"
          },
          "sensitive_attributes": [],
          "private": "bnVsbA==",
          "dependencies": [
            "data.pagerduty_escalation_policy.default"
          ]
        }
      ]
    },
    {
      "mode": "managed",
      "type": "pagerduty_service",
      "name": "Segment",
      "provider": "provider[\"registry.terraform.io/pagerduty/pagerduty\"]",
      "instances": [
        {
          "schema_version": 0,
          "attributes": {
            "acknowledgement_timeout": "1800",
            "alert_creation": "create_incidents",
            "alert_grouping": null,
            "alert_grouping_parameters": [],
            "alert_grouping_timeout": "null",
            "auto_pause_notifications_parameters": null,
            "auto_resolve_timeout": "14400",
            "created_at": "2023-02-26T17:27:29+02:00",
            "description": "Segment (segment)",
            "escalation_policy": "PQAH7SD",
            "html_url": "https://partner-webiscope.eu.pagerduty.com/service-directory/PFWMZ1D",
            "id": "PFWMZ1D",
            "incident_urgency_rule": [
              {
                "during_support_hours": [],
                "outside_support_hours": [],
                "type": "constant",
                "urgency": "high"
              }
            ],
            "last_incident_timestamp": "",
            "name": "Segment",
            "response_play": null,
            "scheduled_actions": [],
            "status": "active",
            "support_hours": [],
            "type": "service"
          },
          "sensitive_attributes": [],
          "private": "bnVsbA==",
          "dependencies": [
            "data.pagerduty_escalation_policy.default"
          ]
        }
      ]
    },
    {
      "mode": "managed",
      "type": "pagerduty_service",
      "name": "Shikunbinui",
      "provider": "provider[\"registry.terraform.io/pagerduty/pagerduty\"]",
      "instances": [
        {
          "schema_version": 0,
          "attributes": {
            "acknowledgement_timeout": "1800",
            "alert_creation": "create_incidents",
            "alert_grouping": null,
            "alert_grouping_parameters": [],
            "alert_grouping_timeout": "null",
            "auto_pause_notifications_parameters": null,
            "auto_resolve_timeout": "14400",
            "created_at": "2023-02-26T17:27:20+02:00",
            "description": "Shikunbinui (shikunbinui)",
            "escalation_policy": "PQAH7SD",
            "html_url": "https://partner-webiscope.eu.pagerduty.com/service-directory/PQHMPG7",
            "id": "PQHMPG7",
            "incident_urgency_rule": [
              {
                "during_support_hours": [],
                "outside_support_hours": [],
                "type": "constant",
                "urgency": "high"
              }
            ],
            "last_incident_timestamp": "",
            "name": "Shikunbinui",
            "response_play": null,
            "scheduled_actions": [],
            "status": "active",
            "support_hours": [],
            "type": "service"
          },
          "sensitive_attributes": [],
          "private": "bnVsbA==",
          "dependencies": [
            "data.pagerduty_escalation_policy.default"
          ]
        }
      ]
    },
    {
      "mode": "managed",
      "type": "pagerduty_service",
      "name": "Shostak",
      "provider": "provider[\"registry.terraform.io/pagerduty/pagerduty\"]",
      "instances": [
        {
          "schema_version": 0,
          "attributes": {
            "acknowledgement_timeout": "1800",
            "alert_creation": "create_incidents",
            "alert_grouping": null,
            "alert_grouping_parameters": [],
            "alert_grouping_timeout": "null",
            "auto_pause_notifications_parameters": null,
            "auto_resolve_timeout": "14400",
            "created_at": "2023-02-26T17:28:08+02:00",
            "description": "Shostak (shostak)",
            "escalation_policy": "PQAH7SD",
            "html_url": "https://partner-webiscope.eu.pagerduty.com/service-directory/P4EUPHY",
            "id": "P4EUPHY",
            "incident_urgency_rule": [
              {
                "during_support_hours": [],
                "outside_support_hours": [],
                "type": "constant",
                "urgency": "high"
              }
            ],
            "last_incident_timestamp": "",
            "name": "Shostak",
            "response_play": null,
            "scheduled_actions": [],
            "status": "active",
            "support_hours": [],
            "type": "service"
          },
          "sensitive_attributes": [],
          "private": "bnVsbA==",
          "dependencies": [
            "data.pagerduty_escalation_policy.default"
          ]
        }
      ]
    },
    {
      "mode": "managed",
      "type": "pagerduty_service",
      "name": "Sidn",
      "provider": "provider[\"registry.terraform.io/pagerduty/pagerduty\"]",
      "instances": [
        {
          "schema_version": 0,
          "attributes": {
            "acknowledgement_timeout": "1800",
            "alert_creation": "create_incidents",
            "alert_grouping": null,
            "alert_grouping_parameters": [],
            "alert_grouping_timeout": "null",
            "auto_pause_notifications_parameters": null,
            "auto_resolve_timeout": "14400",
            "created_at": "2023-02-26T17:27:08+02:00",
            "description": "Sidn (sidn)",
            "escalation_policy": "PQAH7SD",
            "html_url": "https://partner-webiscope.eu.pagerduty.com/service-directory/PUL0Q5W",
            "id": "PUL0Q5W",
            "incident_urgency_rule": [
              {
                "during_support_hours": [],
                "outside_support_hours": [],
                "type": "constant",
                "urgency": "high"
              }
            ],
            "last_incident_timestamp": "",
            "name": "Sidn",
            "response_play": null,
            "scheduled_actions": [],
            "status": "active",
            "support_hours": [],
            "type": "service"
          },
          "sensitive_attributes": [],
          "private": "bnVsbA==",
          "dependencies": [
            "data.pagerduty_escalation_policy.default"
          ]
        }
      ]
    },
    {
      "mode": "managed",
      "type": "pagerduty_service",
      "name": "Skylabs",
      "provider": "provider[\"registry.terraform.io/pagerduty/pagerduty\"]",
      "instances": [
        {
          "schema_version": 0,
          "attributes": {
            "acknowledgement_timeout": "1800",
            "alert_creation": "create_incidents",
            "alert_grouping": null,
            "alert_grouping_parameters": [],
            "alert_grouping_timeout": "null",
            "auto_pause_notifications_parameters": null,
            "auto_resolve_timeout": "14400",
            "created_at": "2023-02-26T17:28:06+02:00",
            "description": "Skylabs (skylabs)",
            "escalation_policy": "PQAH7SD",
            "html_url": "https://partner-webiscope.eu.pagerduty.com/service-directory/P92NWZ0",
            "id": "P92NWZ0",
            "incident_urgency_rule": [
              {
                "during_support_hours": [],
                "outside_support_hours": [],
                "type": "constant",
                "urgency": "high"
              }
            ],
            "last_incident_timestamp": "",
            "name": "Skylabs",
            "response_play": null,
            "scheduled_actions": [],
            "status": "active",
            "support_hours": [],
            "type": "service"
          },
          "sensitive_attributes": [],
          "private": "bnVsbA==",
          "dependencies": [
            "data.pagerduty_escalation_policy.default"
          ]
        }
      ]
    },
    {
      "mode": "managed",
      "type": "pagerduty_service",
      "name": "Smartnpv",
      "provider": "provider[\"registry.terraform.io/pagerduty/pagerduty\"]",
      "instances": [
        {
          "schema_version": 0,
          "attributes": {
            "acknowledgement_timeout": "1800",
            "alert_creation": "create_incidents",
            "alert_grouping": null,
            "alert_grouping_parameters": [],
            "alert_grouping_timeout": "null",
            "auto_pause_notifications_parameters": null,
            "auto_resolve_timeout": "14400",
            "created_at": "2023-02-26T17:27:57+02:00",
            "description": "Smartnpv (smartnpv)",
            "escalation_policy": "PQAH7SD",
            "html_url": "https://partner-webiscope.eu.pagerduty.com/service-directory/PZA89LO",
            "id": "PZA89LO",
            "incident_urgency_rule": [
              {
                "during_support_hours": [],
                "outside_support_hours": [],
                "type": "constant",
                "urgency": "high"
              }
            ],
            "last_incident_timestamp": "",
            "name": "Smartnpv",
            "response_play": null,
            "scheduled_actions": [],
            "status": "active",
            "support_hours": [],
            "type": "service"
          },
          "sensitive_attributes": [],
          "private": "bnVsbA==",
          "dependencies": [
            "data.pagerduty_escalation_policy.default"
          ]
        }
      ]
    },
    {
      "mode": "managed",
      "type": "pagerduty_service",
      "name": "Smartpldt",
      "provider": "provider[\"registry.terraform.io/pagerduty/pagerduty\"]",
      "instances": [
        {
          "schema_version": 0,
          "attributes": {
            "acknowledgement_timeout": "1800",
            "alert_creation": "create_incidents",
            "alert_grouping": null,
            "alert_grouping_parameters": [],
            "alert_grouping_timeout": "null",
            "auto_pause_notifications_parameters": null,
            "auto_resolve_timeout": "14400",
            "created_at": "2023-02-26T17:27:32+02:00",
            "description": "Smartpldt (smartpldt)",
            "escalation_policy": "PQAH7SD",
            "html_url": "https://partner-webiscope.eu.pagerduty.com/service-directory/P65AOEV",
            "id": "P65AOEV",
            "incident_urgency_rule": [
              {
                "during_support_hours": [],
                "outside_support_hours": [],
                "type": "constant",
                "urgency": "high"
              }
            ],
            "last_incident_timestamp": "",
            "name": "Smartpldt",
            "response_play": null,
            "scheduled_actions": [],
            "status": "active",
            "support_hours": [],
            "type": "service"
          },
          "sensitive_attributes": [],
          "private": "bnVsbA==",
          "dependencies": [
            "data.pagerduty_escalation_policy.default"
          ]
        }
      ]
    },
    {
      "mode": "managed",
      "type": "pagerduty_service",
      "name": "Sodexo",
      "provider": "provider[\"registry.terraform.io/pagerduty/pagerduty\"]",
      "instances": [
        {
          "schema_version": 0,
          "attributes": {
            "acknowledgement_timeout": "1800",
            "alert_creation": "create_incidents",
            "alert_grouping": null,
            "alert_grouping_parameters": [],
            "alert_grouping_timeout": "null",
            "auto_pause_notifications_parameters": null,
            "auto_resolve_timeout": "14400",
            "created_at": "2023-02-26T17:28:00+02:00",
            "description": "Sodexo (sodexo)",
            "escalation_policy": "PQAH7SD",
            "html_url": "https://partner-webiscope.eu.pagerduty.com/service-directory/P7UV12G",
            "id": "P7UV12G",
            "incident_urgency_rule": [
              {
                "during_support_hours": [],
                "outside_support_hours": [],
                "type": "constant",
                "urgency": "high"
              }
            ],
            "last_incident_timestamp": "",
            "name": "Sodexo",
            "response_play": null,
            "scheduled_actions": [],
            "status": "active",
            "support_hours": [],
            "type": "service"
          },
          "sensitive_attributes": [],
          "private": "bnVsbA==",
          "dependencies": [
            "data.pagerduty_escalation_policy.default"
          ]
        }
      ]
    },
    {
      "mode": "managed",
      "type": "pagerduty_service",
      "name": "Sodexoin",
      "provider": "provider[\"registry.terraform.io/pagerduty/pagerduty\"]",
      "instances": [
        {
          "schema_version": 0,
          "attributes": {
            "acknowledgement_timeout": "1800",
            "alert_creation": "create_incidents",
            "alert_grouping": null,
            "alert_grouping_parameters": [],
            "alert_grouping_timeout": "null",
            "auto_pause_notifications_parameters": null,
            "auto_resolve_timeout": "14400",
            "created_at": "2023-02-26T17:28:08+02:00",
            "description": "Sodexoin (sodexoin)",
            "escalation_policy": "PQAH7SD",
            "html_url": "https://partner-webiscope.eu.pagerduty.com/service-directory/PW8CSB1",
            "id": "PW8CSB1",
            "incident_urgency_rule": [
              {
                "during_support_hours": [],
                "outside_support_hours": [],
                "type": "constant",
                "urgency": "high"
              }
            ],
            "last_incident_timestamp": "",
            "name": "Sodexoin",
            "response_play": null,
            "scheduled_actions": [],
            "status": "active",
            "support_hours": [],
            "type": "service"
          },
          "sensitive_attributes": [],
          "private": "bnVsbA==",
          "dependencies": [
            "data.pagerduty_escalation_policy.default"
          ]
        }
      ]
    },
    {
      "mode": "managed",
      "type": "pagerduty_service",
      "name": "Sonaefs",
      "provider": "provider[\"registry.terraform.io/pagerduty/pagerduty\"]",
      "instances": [
        {
          "schema_version": 0,
          "attributes": {
            "acknowledgement_timeout": "1800",
            "alert_creation": "create_incidents",
            "alert_grouping": null,
            "alert_grouping_parameters": [],
            "alert_grouping_timeout": "null",
            "auto_pause_notifications_parameters": null,
            "auto_resolve_timeout": "14400",
            "created_at": "2023-02-26T17:27:59+02:00",
            "description": "Sonaefs (sonaefs)",
            "escalation_policy": "PQAH7SD",
            "html_url": "https://partner-webiscope.eu.pagerduty.com/service-directory/PCY14YZ",
            "id": "PCY14YZ",
            "incident_urgency_rule": [
              {
                "during_support_hours": [],
                "outside_support_hours": [],
                "type": "constant",
                "urgency": "high"
              }
            ],
            "last_incident_timestamp": "",
            "name": "Sonaefs",
            "response_play": null,
            "scheduled_actions": [],
            "status": "active",
            "support_hours": [],
            "type": "service"
          },
          "sensitive_attributes": [],
          "private": "bnVsbA==",
          "dependencies": [
            "data.pagerduty_escalation_policy.default"
          ]
        }
      ]
    },
    {
      "mode": "managed",
      "type": "pagerduty_service",
      "name": "Sonaemc",
      "provider": "provider[\"registry.terraform.io/pagerduty/pagerduty\"]",
      "instances": [
        {
          "schema_version": 0,
          "attributes": {
            "acknowledgement_timeout": "1800",
            "alert_creation": "create_incidents",
            "alert_grouping": null,
            "alert_grouping_parameters": [],
            "alert_grouping_timeout": "null",
            "auto_pause_notifications_parameters": null,
            "auto_resolve_timeout": "14400",
            "created_at": "2023-02-26T17:28:10+02:00",
            "description": "Sonaemc (sonaemc)",
            "escalation_policy": "PQAH7SD",
            "html_url": "https://partner-webiscope.eu.pagerduty.com/service-directory/PRKJ8JZ",
            "id": "PRKJ8JZ",
            "incident_urgency_rule": [
              {
                "during_support_hours": [],
                "outside_support_hours": [],
                "type": "constant",
                "urgency": "high"
              }
            ],
            "last_incident_timestamp": "",
            "name": "Sonaemc",
            "response_play": null,
            "scheduled_actions": [],
            "status": "active",
            "support_hours": [],
            "type": "service"
          },
          "sensitive_attributes": [],
          "private": "bnVsbA==",
          "dependencies": [
            "data.pagerduty_escalation_policy.default"
          ]
        }
      ]
    },
    {
      "mode": "managed",
      "type": "pagerduty_service",
      "name": "Sphereo",
      "provider": "provider[\"registry.terraform.io/pagerduty/pagerduty\"]",
      "instances": [
        {
          "schema_version": 0,
          "attributes": {
            "acknowledgement_timeout": "1800",
            "alert_creation": "create_incidents",
            "alert_grouping": null,
            "alert_grouping_parameters": [],
            "alert_grouping_timeout": "null",
            "auto_pause_notifications_parameters": null,
            "auto_resolve_timeout": "14400",
            "created_at": "2023-02-26T17:27:38+02:00",
            "description": "Sphereo (sphereo)",
            "escalation_policy": "PQAH7SD",
            "html_url": "https://partner-webiscope.eu.pagerduty.com/service-directory/PRM1ICS",
            "id": "PRM1ICS",
            "incident_urgency_rule": [
              {
                "during_support_hours": [],
                "outside_support_hours": [],
                "type": "constant",
                "urgency": "high"
              }
            ],
            "last_incident_timestamp": "",
            "name": "Sphereo",
            "response_play": null,
            "scheduled_actions": [],
            "status": "active",
            "support_hours": [],
            "type": "service"
          },
          "sensitive_attributes": [],
          "private": "bnVsbA==",
          "dependencies": [
            "data.pagerduty_escalation_policy.default"
          ]
        }
      ]
    },
    {
      "mode": "managed",
      "type": "pagerduty_service",
      "name": "Stg2160E",
      "provider": "provider[\"registry.terraform.io/pagerduty/pagerduty\"]",
      "instances": [
        {
          "schema_version": 0,
          "attributes": {
            "acknowledgement_timeout": "1800",
            "alert_creation": "create_incidents",
            "alert_grouping": null,
            "alert_grouping_parameters": [],
            "alert_grouping_timeout": "null",
            "auto_pause_notifications_parameters": null,
            "auto_resolve_timeout": "14400",
            "created_at": "2023-02-26T17:27:13+02:00",
            "description": "Stg2160E (stg2160e)",
            "escalation_policy": "PQAH7SD",
            "html_url": "https://partner-webiscope.eu.pagerduty.com/service-directory/P5D2LKP",
            "id": "P5D2LKP",
            "incident_urgency_rule": [
              {
                "during_support_hours": [],
                "outside_support_hours": [],
                "type": "constant",
                "urgency": "high"
              }
            ],
            "last_incident_timestamp": "",
            "name": "Stg2160E",
            "response_play": null,
            "scheduled_actions": [],
            "status": "active",
            "support_hours": [],
            "type": "service"
          },
          "sensitive_attributes": [],
          "private": "bnVsbA==",
          "dependencies": [
            "data.pagerduty_escalation_policy.default"
          ]
        }
      ]
    },
    {
      "mode": "managed",
      "type": "pagerduty_service",
      "name": "Stg2161B",
      "provider": "provider[\"registry.terraform.io/pagerduty/pagerduty\"]",
      "instances": [
        {
          "schema_version": 0,
          "attributes": {
            "acknowledgement_timeout": "1800",
            "alert_creation": "create_incidents",
            "alert_grouping": null,
            "alert_grouping_parameters": [],
            "alert_grouping_timeout": "null",
            "auto_pause_notifications_parameters": null,
            "auto_resolve_timeout": "14400",
            "created_at": "2023-02-26T17:28:06+02:00",
            "description": "Stg2161B (stg2161b)",
            "escalation_policy": "PQAH7SD",
            "html_url": "https://partner-webiscope.eu.pagerduty.com/service-directory/PKCKVUU",
            "id": "PKCKVUU",
            "incident_urgency_rule": [
              {
                "during_support_hours": [],
                "outside_support_hours": [],
                "type": "constant",
                "urgency": "high"
              }
            ],
            "last_incident_timestamp": "",
            "name": "Stg2161B",
            "response_play": null,
            "scheduled_actions": [],
            "status": "active",
            "support_hours": [],
            "type": "service"
          },
          "sensitive_attributes": [],
          "private": "bnVsbA==",
          "dependencies": [
            "data.pagerduty_escalation_policy.default"
          ]
        }
      ]
    },
    {
      "mode": "managed",
      "type": "pagerduty_service",
      "name": "Stg2180B",
      "provider": "provider[\"registry.terraform.io/pagerduty/pagerduty\"]",
      "instances": [
        {
          "schema_version": 0,
          "attributes": {
            "acknowledgement_timeout": "1800",
            "alert_creation": "create_incidents",
            "alert_grouping": null,
            "alert_grouping_parameters": [],
            "alert_grouping_timeout": "null",
            "auto_pause_notifications_parameters": null,
            "auto_resolve_timeout": "14400",
            "created_at": "2023-02-26T17:27:43+02:00",
            "description": "Stg2180B (stg2180b)",
            "escalation_policy": "PQAH7SD",
            "html_url": "https://partner-webiscope.eu.pagerduty.com/service-directory/PLAQUES",
            "id": "PLAQUES",
            "incident_urgency_rule": [
              {
                "during_support_hours": [],
                "outside_support_hours": [],
                "type": "constant",
                "urgency": "high"
              }
            ],
            "last_incident_timestamp": "",
            "name": "Stg2180B",
            "response_play": null,
            "scheduled_actions": [],
            "status": "active",
            "support_hours": [],
            "type": "service"
          },
          "sensitive_attributes": [],
          "private": "bnVsbA==",
          "dependencies": [
            "data.pagerduty_escalation_policy.default"
          ]
        }
      ]
    },
    {
      "mode": "managed",
      "type": "pagerduty_service",
      "name": "Stg2180C",
      "provider": "provider[\"registry.terraform.io/pagerduty/pagerduty\"]",
      "instances": [
        {
          "schema_version": 0,
          "attributes": {
            "acknowledgement_timeout": "1800",
            "alert_creation": "create_incidents",
            "alert_grouping": null,
            "alert_grouping_parameters": [],
            "alert_grouping_timeout": "null",
            "auto_pause_notifications_parameters": null,
            "auto_resolve_timeout": "14400",
            "created_at": "2023-02-26T17:27:29+02:00",
            "description": "Stg2180C (stg2180c)",
            "escalation_policy": "PQAH7SD",
            "html_url": "https://partner-webiscope.eu.pagerduty.com/service-directory/PYOQXA0",
            "id": "PYOQXA0",
            "incident_urgency_rule": [
              {
                "during_support_hours": [],
                "outside_support_hours": [],
                "type": "constant",
                "urgency": "high"
              }
            ],
            "last_incident_timestamp": "",
            "name": "Stg2180C",
            "response_play": null,
            "scheduled_actions": [],
            "status": "active",
            "support_hours": [],
            "type": "service"
          },
          "sensitive_attributes": [],
          "private": "bnVsbA==",
          "dependencies": [
            "data.pagerduty_escalation_policy.default"
          ]
        }
      ]
    },
    {
      "mode": "managed",
      "type": "pagerduty_service",
      "name": "Stg2200",
      "provider": "provider[\"registry.terraform.io/pagerduty/pagerduty\"]",
      "instances": [
        {
          "schema_version": 0,
          "attributes": {
            "acknowledgement_timeout": "1800",
            "alert_creation": "create_incidents",
            "alert_grouping": null,
            "alert_grouping_parameters": [],
            "alert_grouping_timeout": "null",
            "auto_pause_notifications_parameters": null,
            "auto_resolve_timeout": "14400",
            "created_at": "2023-02-26T17:27:12+02:00",
            "description": "Stg2200 (stg2200)",
            "escalation_policy": "PQAH7SD",
            "html_url": "https://partner-webiscope.eu.pagerduty.com/service-directory/PI283HI",
            "id": "PI283HI",
            "incident_urgency_rule": [
              {
                "during_support_hours": [],
                "outside_support_hours": [],
                "type": "constant",
                "urgency": "high"
              }
            ],
            "last_incident_timestamp": "",
            "name": "Stg2200",
            "response_play": null,
            "scheduled_actions": [],
            "status": "active",
            "support_hours": [],
            "type": "service"
          },
          "sensitive_attributes": [],
          "private": "bnVsbA==",
          "dependencies": [
            "data.pagerduty_escalation_policy.default"
          ]
        }
      ]
    },
    {
      "mode": "managed",
      "type": "pagerduty_service",
      "name": "Stg2201B",
      "provider": "provider[\"registry.terraform.io/pagerduty/pagerduty\"]",
      "instances": [
        {
          "schema_version": 0,
          "attributes": {
            "acknowledgement_timeout": "1800",
            "alert_creation": "create_incidents",
            "alert_grouping": null,
            "alert_grouping_parameters": [],
            "alert_grouping_timeout": "null",
            "auto_pause_notifications_parameters": null,
            "auto_resolve_timeout": "14400",
            "created_at": "2023-02-26T17:27:44+02:00",
            "description": "Stg2201B (stg2201b)",
            "escalation_policy": "PQAH7SD",
            "html_url": "https://partner-webiscope.eu.pagerduty.com/service-directory/P5BKP4W",
            "id": "P5BKP4W",
            "incident_urgency_rule": [
              {
                "during_support_hours": [],
                "outside_support_hours": [],
                "type": "constant",
                "urgency": "high"
              }
            ],
            "last_incident_timestamp": "",
            "name": "Stg2201B",
            "response_play": null,
            "scheduled_actions": [],
            "status": "active",
            "support_hours": [],
            "type": "service"
          },
          "sensitive_attributes": [],
          "private": "bnVsbA==",
          "dependencies": [
            "data.pagerduty_escalation_policy.default"
          ]
        }
      ]
    },
    {
      "mode": "managed",
      "type": "pagerduty_service",
      "name": "Stg2202A",
      "provider": "provider[\"registry.terraform.io/pagerduty/pagerduty\"]",
      "instances": [
        {
          "schema_version": 0,
          "attributes": {
            "acknowledgement_timeout": "1800",
            "alert_creation": "create_incidents",
            "alert_grouping": null,
            "alert_grouping_parameters": [],
            "alert_grouping_timeout": "null",
            "auto_pause_notifications_parameters": null,
            "auto_resolve_timeout": "14400",
            "created_at": "2023-02-26T17:28:01+02:00",
            "description": "Stg2202A (stg2202a)",
            "escalation_policy": "PQAH7SD",
            "html_url": "https://partner-webiscope.eu.pagerduty.com/service-directory/PFVGM8K",
            "id": "PFVGM8K",
            "incident_urgency_rule": [
              {
                "during_support_hours": [],
                "outside_support_hours": [],
                "type": "constant",
                "urgency": "high"
              }
            ],
            "last_incident_timestamp": "",
            "name": "Stg2202A",
            "response_play": null,
            "scheduled_actions": [],
            "status": "active",
            "support_hours": [],
            "type": "service"
          },
          "sensitive_attributes": [],
          "private": "bnVsbA==",
          "dependencies": [
            "data.pagerduty_escalation_policy.default"
          ]
        }
      ]
    },
    {
      "mode": "managed",
      "type": "pagerduty_service",
      "name": "Stg2202X",
      "provider": "provider[\"registry.terraform.io/pagerduty/pagerduty\"]",
      "instances": [
        {
          "schema_version": 0,
          "attributes": {
            "acknowledgement_timeout": "1800",
            "alert_creation": "create_incidents",
            "alert_grouping": null,
            "alert_grouping_parameters": [],
            "alert_grouping_timeout": "null",
            "auto_pause_notifications_parameters": null,
            "auto_resolve_timeout": "14400",
            "created_at": "2023-02-26T17:27:51+02:00",
            "description": "Stg2202X (stg2202x)",
            "escalation_policy": "PQAH7SD",
            "html_url": "https://partner-webiscope.eu.pagerduty.com/service-directory/PBBDF4U",
            "id": "PBBDF4U",
            "incident_urgency_rule": [
              {
                "during_support_hours": [],
                "outside_support_hours": [],
                "type": "constant",
                "urgency": "high"
              }
            ],
            "last_incident_timestamp": "",
            "name": "Stg2202X",
            "response_play": null,
            "scheduled_actions": [],
            "status": "active",
            "support_hours": [],
            "type": "service"
          },
          "sensitive_attributes": [],
          "private": "bnVsbA==",
          "dependencies": [
            "data.pagerduty_escalation_policy.default"
          ]
        }
      ]
    },
    {
      "mode": "managed",
      "type": "pagerduty_service",
      "name": "Stg2202Xa",
      "provider": "provider[\"registry.terraform.io/pagerduty/pagerduty\"]",
      "instances": [
        {
          "schema_version": 0,
          "attributes": {
            "acknowledgement_timeout": "1800",
            "alert_creation": "create_incidents",
            "alert_grouping": null,
            "alert_grouping_parameters": [],
            "alert_grouping_timeout": "null",
            "auto_pause_notifications_parameters": null,
            "auto_resolve_timeout": "14400",
            "created_at": "2023-02-26T17:27:06+02:00",
            "description": "Stg2202Xa (stg2202xa)",
            "escalation_policy": "PQAH7SD",
            "html_url": "https://partner-webiscope.eu.pagerduty.com/service-directory/PVZVW7Y",
            "id": "PVZVW7Y",
            "incident_urgency_rule": [
              {
                "during_support_hours": [],
                "outside_support_hours": [],
                "type": "constant",
                "urgency": "high"
              }
            ],
            "last_incident_timestamp": "",
            "name": "Stg2202Xa",
            "response_play": null,
            "scheduled_actions": [],
            "status": "active",
            "support_hours": [],
            "type": "service"
          },
          "sensitive_attributes": [],
          "private": "bnVsbA==",
          "dependencies": [
            "data.pagerduty_escalation_policy.default"
          ]
        }
      ]
    },
    {
      "mode": "managed",
      "type": "pagerduty_service",
      "name": "Stm",
      "provider": "provider[\"registry.terraform.io/pagerduty/pagerduty\"]",
      "instances": [
        {
          "schema_version": 0,
          "attributes": {
            "acknowledgement_timeout": "1800",
            "alert_creation": "create_incidents",
            "alert_grouping": null,
            "alert_grouping_parameters": [],
            "alert_grouping_timeout": "null",
            "auto_pause_notifications_parameters": null,
            "auto_resolve_timeout": "14400",
            "created_at": "2023-02-26T17:27:48+02:00",
            "description": "Stm (stm)",
            "escalation_policy": "PQAH7SD",
            "html_url": "https://partner-webiscope.eu.pagerduty.com/service-directory/P7L80CF",
            "id": "P7L80CF",
            "incident_urgency_rule": [
              {
                "during_support_hours": [],
                "outside_support_hours": [],
                "type": "constant",
                "urgency": "high"
              }
            ],
            "last_incident_timestamp": "",
            "name": "Stm",
            "response_play": null,
            "scheduled_actions": [],
            "status": "active",
            "support_hours": [],
            "type": "service"
          },
          "sensitive_attributes": [],
          "private": "bnVsbA==",
          "dependencies": [
            "data.pagerduty_escalation_policy.default"
          ]
        }
      ]
    },
    {
      "mode": "managed",
      "type": "pagerduty_service",
      "name": "Stormferrero",
      "provider": "provider[\"registry.terraform.io/pagerduty/pagerduty\"]",
      "instances": [
        {
          "schema_version": 0,
          "attributes": {
            "acknowledgement_timeout": "1800",
            "alert_creation": "create_incidents",
            "alert_grouping": null,
            "alert_grouping_parameters": [],
            "alert_grouping_timeout": "null",
            "auto_pause_notifications_parameters": null,
            "auto_resolve_timeout": "14400",
            "created_at": "2023-02-26T17:27:08+02:00",
            "description": "Stormferrero (stormferrero)",
            "escalation_policy": "PQAH7SD",
            "html_url": "https://partner-webiscope.eu.pagerduty.com/service-directory/PNCRODG",
            "id": "PNCRODG",
            "incident_urgency_rule": [
              {
                "during_support_hours": [],
                "outside_support_hours": [],
                "type": "constant",
                "urgency": "high"
              }
            ],
            "last_incident_timestamp": "",
            "name": "Stormferrero",
            "response_play": null,
            "scheduled_actions": [],
            "status": "active",
            "support_hours": [],
            "type": "service"
          },
          "sensitive_attributes": [],
          "private": "bnVsbA==",
          "dependencies": [
            "data.pagerduty_escalation_policy.default"
          ]
        }
      ]
    },
    {
      "mode": "managed",
      "type": "pagerduty_service",
      "name": "Stormreply",
      "provider": "provider[\"registry.terraform.io/pagerduty/pagerduty\"]",
      "instances": [
        {
          "schema_version": 0,
          "attributes": {
            "acknowledgement_timeout": "1800",
            "alert_creation": "create_incidents",
            "alert_grouping": null,
            "alert_grouping_parameters": [],
            "alert_grouping_timeout": "null",
            "auto_pause_notifications_parameters": null,
            "auto_resolve_timeout": "14400",
            "created_at": "2023-02-26T17:27:29+02:00",
            "description": "Stormreply (stormreply)",
            "escalation_policy": "PQAH7SD",
            "html_url": "https://partner-webiscope.eu.pagerduty.com/service-directory/PBKBYPQ",
            "id": "PBKBYPQ",
            "incident_urgency_rule": [
              {
                "during_support_hours": [],
                "outside_support_hours": [],
                "type": "constant",
                "urgency": "high"
              }
            ],
            "last_incident_timestamp": "",
            "name": "Stormreply",
            "response_play": null,
            "scheduled_actions": [],
            "status": "active",
            "support_hours": [],
            "type": "service"
          },
          "sensitive_attributes": [],
          "private": "bnVsbA==",
          "dependencies": [
            "data.pagerduty_escalation_policy.default"
          ]
        }
      ]
    },
    {
      "mode": "managed",
      "type": "pagerduty_service",
      "name": "Stormreplymt",
      "provider": "provider[\"registry.terraform.io/pagerduty/pagerduty\"]",
      "instances": [
        {
          "schema_version": 0,
          "attributes": {
            "acknowledgement_timeout": "1800",
            "alert_creation": "create_incidents",
            "alert_grouping": null,
            "alert_grouping_parameters": [],
            "alert_grouping_timeout": "null",
            "auto_pause_notifications_parameters": null,
            "auto_resolve_timeout": "14400",
            "created_at": "2023-02-26T17:27:20+02:00",
            "description": "Stormreplymt (stormreplymt)",
            "escalation_policy": "PQAH7SD",
            "html_url": "https://partner-webiscope.eu.pagerduty.com/service-directory/P6ZQORU",
            "id": "P6ZQORU",
            "incident_urgency_rule": [
              {
                "during_support_hours": [],
                "outside_support_hours": [],
                "type": "constant",
                "urgency": "high"
              }
            ],
            "last_incident_timestamp": "",
            "name": "Stormreplymt",
            "response_play": null,
            "scheduled_actions": [],
            "status": "active",
            "support_hours": [],
            "type": "service"
          },
          "sensitive_attributes": [],
          "private": "bnVsbA==",
          "dependencies": [
            "data.pagerduty_escalation_policy.default"
          ]
        }
      ]
    },
    {
      "mode": "managed",
      "type": "pagerduty_service",
      "name": "Strauss",
      "provider": "provider[\"registry.terraform.io/pagerduty/pagerduty\"]",
      "instances": [
        {
          "schema_version": 0,
          "attributes": {
            "acknowledgement_timeout": "1800",
            "alert_creation": "create_incidents",
            "alert_grouping": null,
            "alert_grouping_parameters": [],
            "alert_grouping_timeout": "null",
            "auto_pause_notifications_parameters": null,
            "auto_resolve_timeout": "14400",
            "created_at": "2023-02-26T17:27:45+02:00",
            "description": "Strauss (strauss)",
            "escalation_policy": "PQAH7SD",
            "html_url": "https://partner-webiscope.eu.pagerduty.com/service-directory/P22ZOS6",
            "id": "P22ZOS6",
            "incident_urgency_rule": [
              {
                "during_support_hours": [],
                "outside_support_hours": [],
                "type": "constant",
                "urgency": "high"
              }
            ],
            "last_incident_timestamp": "",
            "name": "Strauss",
            "response_play": null,
            "scheduled_actions": [],
            "status": "active",
            "support_hours": [],
            "type": "service"
          },
          "sensitive_attributes": [],
          "private": "bnVsbA==",
          "dependencies": [
            "data.pagerduty_escalation_policy.default"
          ]
        }
      ]
    },
    {
      "mode": "managed",
      "type": "pagerduty_service",
      "name": "Superpharm",
      "provider": "provider[\"registry.terraform.io/pagerduty/pagerduty\"]",
      "instances": [
        {
          "schema_version": 0,
          "attributes": {
            "acknowledgement_timeout": "1800",
            "alert_creation": "create_incidents",
            "alert_grouping": null,
            "alert_grouping_parameters": [],
            "alert_grouping_timeout": "null",
            "auto_pause_notifications_parameters": null,
            "auto_resolve_timeout": "14400",
            "created_at": "2023-02-26T17:27:02+02:00",
            "description": "Superpharm (superpharm)",
            "escalation_policy": "PQAH7SD",
            "html_url": "https://partner-webiscope.eu.pagerduty.com/service-directory/PE84JDS",
            "id": "PE84JDS",
            "incident_urgency_rule": [
              {
                "during_support_hours": [],
                "outside_support_hours": [],
                "type": "constant",
                "urgency": "high"
              }
            ],
            "last_incident_timestamp": "",
            "name": "Superpharm",
            "response_play": null,
            "scheduled_actions": [],
            "status": "active",
            "support_hours": [],
            "type": "service"
          },
          "sensitive_attributes": [],
          "private": "bnVsbA==",
          "dependencies": [
            "data.pagerduty_escalation_policy.default"
          ]
        }
      ]
    },
    {
      "mode": "managed",
      "type": "pagerduty_service",
      "name": "Synel",
      "provider": "provider[\"registry.terraform.io/pagerduty/pagerduty\"]",
      "instances": [
        {
          "schema_version": 0,
          "attributes": {
            "acknowledgement_timeout": "1800",
            "alert_creation": "create_incidents",
            "alert_grouping": null,
            "alert_grouping_parameters": [],
            "alert_grouping_timeout": "null",
            "auto_pause_notifications_parameters": null,
            "auto_resolve_timeout": "14400",
            "created_at": "2023-02-26T17:28:10+02:00",
            "description": "Synel (synel)",
            "escalation_policy": "PQAH7SD",
            "html_url": "https://partner-webiscope.eu.pagerduty.com/service-directory/P7CN7UJ",
            "id": "P7CN7UJ",
            "incident_urgency_rule": [
              {
                "during_support_hours": [],
                "outside_support_hours": [],
                "type": "constant",
                "urgency": "high"
              }
            ],
            "last_incident_timestamp": "",
            "name": "Synel",
            "response_play": null,
            "scheduled_actions": [],
            "status": "active",
            "support_hours": [],
            "type": "service"
          },
          "sensitive_attributes": [],
          "private": "bnVsbA==",
          "dependencies": [
            "data.pagerduty_escalation_policy.default"
          ]
        }
      ]
    },
    {
      "mode": "managed",
      "type": "pagerduty_service",
      "name": "Sysbind",
      "provider": "provider[\"registry.terraform.io/pagerduty/pagerduty\"]",
      "instances": [
        {
          "schema_version": 0,
          "attributes": {
            "acknowledgement_timeout": "1800",
            "alert_creation": "create_incidents",
            "alert_grouping": null,
            "alert_grouping_parameters": [],
            "alert_grouping_timeout": "null",
            "auto_pause_notifications_parameters": null,
            "auto_resolve_timeout": "14400",
            "created_at": "2023-02-26T17:27:36+02:00",
            "description": "Sysbind (sysbind)",
            "escalation_policy": "PQAH7SD",
            "html_url": "https://partner-webiscope.eu.pagerduty.com/service-directory/PZJ6367",
            "id": "PZJ6367",
            "incident_urgency_rule": [
              {
                "during_support_hours": [],
                "outside_support_hours": [],
                "type": "constant",
                "urgency": "high"
              }
            ],
            "last_incident_timestamp": "",
            "name": "Sysbind",
            "response_play": null,
            "scheduled_actions": [],
            "status": "active",
            "support_hours": [],
            "type": "service"
          },
          "sensitive_attributes": [],
          "private": "bnVsbA==",
          "dependencies": [
            "data.pagerduty_escalation_policy.default"
          ]
        }
      ]
    },
    {
      "mode": "managed",
      "type": "pagerduty_service",
      "name": "Taasuka",
      "provider": "provider[\"registry.terraform.io/pagerduty/pagerduty\"]",
      "instances": [
        {
          "schema_version": 0,
          "attributes": {
            "acknowledgement_timeout": "1800",
            "alert_creation": "create_incidents",
            "alert_grouping": null,
            "alert_grouping_parameters": [],
            "alert_grouping_timeout": "null",
            "auto_pause_notifications_parameters": null,
            "auto_resolve_timeout": "14400",
            "created_at": "2023-02-26T17:27:57+02:00",
            "description": "Taasuka (taasuka)",
            "escalation_policy": "PQAH7SD",
            "html_url": "https://partner-webiscope.eu.pagerduty.com/service-directory/PKV5P2R",
            "id": "PKV5P2R",
            "incident_urgency_rule": [
              {
                "during_support_hours": [],
                "outside_support_hours": [],
                "type": "constant",
                "urgency": "high"
              }
            ],
            "last_incident_timestamp": "",
            "name": "Taasuka",
            "response_play": null,
            "scheduled_actions": [],
            "status": "active",
            "support_hours": [],
            "type": "service"
          },
          "sensitive_attributes": [],
          "private": "bnVsbA==",
          "dependencies": [
            "data.pagerduty_escalation_policy.default"
          ]
        }
      ]
    },
    {
      "mode": "managed",
      "type": "pagerduty_service",
      "name": "Tchain",
      "provider": "provider[\"registry.terraform.io/pagerduty/pagerduty\"]",
      "instances": [
        {
          "schema_version": 0,
          "attributes": {
            "acknowledgement_timeout": "1800",
            "alert_creation": "create_incidents",
            "alert_grouping": null,
            "alert_grouping_parameters": [],
            "alert_grouping_timeout": "null",
            "auto_pause_notifications_parameters": null,
            "auto_resolve_timeout": "14400",
            "created_at": "2023-02-26T17:27:23+02:00",
            "description": "Tchain (tchain)",
            "escalation_policy": "PQAH7SD",
            "html_url": "https://partner-webiscope.eu.pagerduty.com/service-directory/P5KI5PS",
            "id": "P5KI5PS",
            "incident_urgency_rule": [
              {
                "during_support_hours": [],
                "outside_support_hours": [],
                "type": "constant",
                "urgency": "high"
              }
            ],
            "last_incident_timestamp": "",
            "name": "Tchain",
            "response_play": null,
            "scheduled_actions": [],
            "status": "active",
            "support_hours": [],
            "type": "service"
          },
          "sensitive_attributes": [],
          "private": "bnVsbA==",
          "dependencies": [
            "data.pagerduty_escalation_policy.default"
          ]
        }
      ]
    },
    {
      "mode": "managed",
      "type": "pagerduty_service",
      "name": "Tenurex",
      "provider": "provider[\"registry.terraform.io/pagerduty/pagerduty\"]",
      "instances": [
        {
          "schema_version": 0,
          "attributes": {
            "acknowledgement_timeout": "1800",
            "alert_creation": "create_incidents",
            "alert_grouping": null,
            "alert_grouping_parameters": [],
            "alert_grouping_timeout": "null",
            "auto_pause_notifications_parameters": null,
            "auto_resolve_timeout": "14400",
            "created_at": "2023-02-26T17:27:22+02:00",
            "description": "Tenurex (tenurex)",
            "escalation_policy": "PQAH7SD",
            "html_url": "https://partner-webiscope.eu.pagerduty.com/service-directory/PTFF7TV",
            "id": "PTFF7TV",
            "incident_urgency_rule": [
              {
                "during_support_hours": [],
                "outside_support_hours": [],
                "type": "constant",
                "urgency": "high"
              }
            ],
            "last_incident_timestamp": "",
            "name": "Tenurex",
            "response_play": null,
            "scheduled_actions": [],
            "status": "active",
            "support_hours": [],
            "type": "service"
          },
          "sensitive_attributes": [],
          "private": "bnVsbA==",
          "dependencies": [
            "data.pagerduty_escalation_policy.default"
          ]
        }
      ]
    },
    {
      "mode": "managed",
      "type": "pagerduty_service",
      "name": "Threelayerst",
      "provider": "provider[\"registry.terraform.io/pagerduty/pagerduty\"]",
      "instances": [
        {
          "schema_version": 0,
          "attributes": {
            "acknowledgement_timeout": "1800",
            "alert_creation": "create_incidents",
            "alert_grouping": null,
            "alert_grouping_parameters": [],
            "alert_grouping_timeout": "null",
            "auto_pause_notifications_parameters": null,
            "auto_resolve_timeout": "14400",
            "created_at": "2023-02-26T17:27:09+02:00",
            "description": "Threelayerst (threelayerst)",
            "escalation_policy": "PQAH7SD",
            "html_url": "https://partner-webiscope.eu.pagerduty.com/service-directory/P3TFNP3",
            "id": "P3TFNP3",
            "incident_urgency_rule": [
              {
                "during_support_hours": [],
                "outside_support_hours": [],
                "type": "constant",
                "urgency": "high"
              }
            ],
            "last_incident_timestamp": "",
            "name": "Threelayerst",
            "response_play": null,
            "scheduled_actions": [],
            "status": "active",
            "support_hours": [],
            "type": "service"
          },
          "sensitive_attributes": [],
          "private": "bnVsbA==",
          "dependencies": [
            "data.pagerduty_escalation_policy.default"
          ]
        }
      ]
    },
    {
      "mode": "managed",
      "type": "pagerduty_service",
      "name": "Tipranks",
      "provider": "provider[\"registry.terraform.io/pagerduty/pagerduty\"]",
      "instances": [
        {
          "schema_version": 0,
          "attributes": {
            "acknowledgement_timeout": "1800",
            "alert_creation": "create_incidents",
            "alert_grouping": null,
            "alert_grouping_parameters": [],
            "alert_grouping_timeout": "null",
            "auto_pause_notifications_parameters": null,
            "auto_resolve_timeout": "14400",
            "created_at": "2023-02-26T17:27:48+02:00",
            "description": "Tipranks (tipranks)",
            "escalation_policy": "PQAH7SD",
            "html_url": "https://partner-webiscope.eu.pagerduty.com/service-directory/P0CYMO2",
            "id": "P0CYMO2",
            "incident_urgency_rule": [
              {
                "during_support_hours": [],
                "outside_support_hours": [],
                "type": "constant",
                "urgency": "high"
              }
            ],
            "last_incident_timestamp": "",
            "name": "Tipranks",
            "response_play": null,
            "scheduled_actions": [],
            "status": "active",
            "support_hours": [],
            "type": "service"
          },
          "sensitive_attributes": [],
          "private": "bnVsbA==",
          "dependencies": [
            "data.pagerduty_escalation_policy.default"
          ]
        }
      ]
    },
    {
      "mode": "managed",
      "type": "pagerduty_service",
      "name": "Tipranksstg",
      "provider": "provider[\"registry.terraform.io/pagerduty/pagerduty\"]",
      "instances": [
        {
          "schema_version": 0,
          "attributes": {
            "acknowledgement_timeout": "1800",
            "alert_creation": "create_incidents",
            "alert_grouping": null,
            "alert_grouping_parameters": [],
            "alert_grouping_timeout": "null",
            "auto_pause_notifications_parameters": null,
            "auto_resolve_timeout": "14400",
            "created_at": "2023-02-26T17:27:33+02:00",
            "description": "Tipranksstg (tipranksstg)",
            "escalation_policy": "PQAH7SD",
            "html_url": "https://partner-webiscope.eu.pagerduty.com/service-directory/PHGNNZM",
            "id": "PHGNNZM",
            "incident_urgency_rule": [
              {
                "during_support_hours": [],
                "outside_support_hours": [],
                "type": "constant",
                "urgency": "high"
              }
            ],
            "last_incident_timestamp": "",
            "name": "Tipranksstg",
            "response_play": null,
            "scheduled_actions": [],
            "status": "active",
            "support_hours": [],
            "type": "service"
          },
          "sensitive_attributes": [],
          "private": "bnVsbA==",
          "dependencies": [
            "data.pagerduty_escalation_policy.default"
          ]
        }
      ]
    },
    {
      "mode": "managed",
      "type": "pagerduty_service",
      "name": "Tkgbridge",
      "provider": "provider[\"registry.terraform.io/pagerduty/pagerduty\"]",
      "instances": [
        {
          "schema_version": 0,
          "attributes": {
            "acknowledgement_timeout": "1800",
            "alert_creation": "create_incidents",
            "alert_grouping": null,
            "alert_grouping_parameters": [],
            "alert_grouping_timeout": "null",
            "auto_pause_notifications_parameters": null,
            "auto_resolve_timeout": "14400",
            "created_at": "2023-02-26T17:28:00+02:00",
            "description": "Tkgbridge (tkgbridge)",
            "escalation_policy": "PQAH7SD",
            "html_url": "https://partner-webiscope.eu.pagerduty.com/service-directory/P08IMB3",
            "id": "P08IMB3",
            "incident_urgency_rule": [
              {
                "during_support_hours": [],
                "outside_support_hours": [],
                "type": "constant",
                "urgency": "high"
              }
            ],
            "last_incident_timestamp": "",
            "name": "Tkgbridge",
            "response_play": null,
            "scheduled_actions": [],
            "status": "active",
            "support_hours": [],
            "type": "service"
          },
          "sensitive_attributes": [],
          "private": "bnVsbA==",
          "dependencies": [
            "data.pagerduty_escalation_policy.default"
          ]
        }
      ]
    },
    {
      "mode": "managed",
      "type": "pagerduty_service",
      "name": "Tlv",
      "provider": "provider[\"registry.terraform.io/pagerduty/pagerduty\"]",
      "instances": [
        {
          "schema_version": 0,
          "attributes": {
            "acknowledgement_timeout": "1800",
            "alert_creation": "create_incidents",
            "alert_grouping": null,
            "alert_grouping_parameters": [],
            "alert_grouping_timeout": "null",
            "auto_pause_notifications_parameters": null,
            "auto_resolve_timeout": "14400",
            "created_at": "2023-02-26T17:27:26+02:00",
            "description": "Tlv (tlv)",
            "escalation_policy": "PQAH7SD",
            "html_url": "https://partner-webiscope.eu.pagerduty.com/service-directory/P4XHG8O",
            "id": "P4XHG8O",
            "incident_urgency_rule": [
              {
                "during_support_hours": [],
                "outside_support_hours": [],
                "type": "constant",
                "urgency": "high"
              }
            ],
            "last_incident_timestamp": "",
            "name": "Tlv",
            "response_play": null,
            "scheduled_actions": [],
            "status": "active",
            "support_hours": [],
            "type": "service"
          },
          "sensitive_attributes": [],
          "private": "bnVsbA==",
          "dependencies": [
            "data.pagerduty_escalation_policy.default"
          ]
        }
      ]
    },
    {
      "mode": "managed",
      "type": "pagerduty_service",
      "name": "Tmprotection",
      "provider": "provider[\"registry.terraform.io/pagerduty/pagerduty\"]",
      "instances": [
        {
          "schema_version": 0,
          "attributes": {
            "acknowledgement_timeout": "1800",
            "alert_creation": "create_incidents",
            "alert_grouping": null,
            "alert_grouping_parameters": [],
            "alert_grouping_timeout": "null",
            "auto_pause_notifications_parameters": null,
            "auto_resolve_timeout": "14400",
            "created_at": "2023-02-26T17:27:50+02:00",
            "description": "Tmprotection (tmprotection)",
            "escalation_policy": "PQAH7SD",
            "html_url": "https://partner-webiscope.eu.pagerduty.com/service-directory/P013G90",
            "id": "P013G90",
            "incident_urgency_rule": [
              {
                "during_support_hours": [],
                "outside_support_hours": [],
                "type": "constant",
                "urgency": "high"
              }
            ],
            "last_incident_timestamp": "",
            "name": "Tmprotection",
            "response_play": null,
            "scheduled_actions": [],
            "status": "active",
            "support_hours": [],
            "type": "service"
          },
          "sensitive_attributes": [],
          "private": "bnVsbA==",
          "dependencies": [
            "data.pagerduty_escalation_policy.default"
          ]
        }
      ]
    },
    {
      "mode": "managed",
      "type": "pagerduty_service",
      "name": "Tomax",
      "provider": "provider[\"registry.terraform.io/pagerduty/pagerduty\"]",
      "instances": [
        {
          "schema_version": 0,
          "attributes": {
            "acknowledgement_timeout": "1800",
            "alert_creation": "create_incidents",
            "alert_grouping": null,
            "alert_grouping_parameters": [],
            "alert_grouping_timeout": "null",
            "auto_pause_notifications_parameters": null,
            "auto_resolve_timeout": "14400",
            "created_at": "2023-02-26T17:27:07+02:00",
            "description": "Tomax (tomax)",
            "escalation_policy": "PQAH7SD",
            "html_url": "https://partner-webiscope.eu.pagerduty.com/service-directory/PJS8SLM",
            "id": "PJS8SLM",
            "incident_urgency_rule": [
              {
                "during_support_hours": [],
                "outside_support_hours": [],
                "type": "constant",
                "urgency": "high"
              }
            ],
            "last_incident_timestamp": "",
            "name": "Tomax",
            "response_play": null,
            "scheduled_actions": [],
            "status": "active",
            "support_hours": [],
            "type": "service"
          },
          "sensitive_attributes": [],
          "private": "bnVsbA==",
          "dependencies": [
            "data.pagerduty_escalation_policy.default"
          ]
        }
      ]
    },
    {
      "mode": "managed",
      "type": "pagerduty_service",
      "name": "Tradairx",
      "provider": "provider[\"registry.terraform.io/pagerduty/pagerduty\"]",
      "instances": [
        {
          "schema_version": 0,
          "attributes": {
            "acknowledgement_timeout": "1800",
            "alert_creation": "create_incidents",
            "alert_grouping": null,
            "alert_grouping_parameters": [],
            "alert_grouping_timeout": "null",
            "auto_pause_notifications_parameters": null,
            "auto_resolve_timeout": "14400",
            "created_at": "2023-02-26T17:27:25+02:00",
            "description": "Tradairx (tradairx)",
            "escalation_policy": "PQAH7SD",
            "html_url": "https://partner-webiscope.eu.pagerduty.com/service-directory/PGJML5H",
            "id": "PGJML5H",
            "incident_urgency_rule": [
              {
                "during_support_hours": [],
                "outside_support_hours": [],
                "type": "constant",
                "urgency": "high"
              }
            ],
            "last_incident_timestamp": "",
            "name": "Tradairx",
            "response_play": null,
            "scheduled_actions": [],
            "status": "active",
            "support_hours": [],
            "type": "service"
          },
          "sensitive_attributes": [],
          "private": "bnVsbA==",
          "dependencies": [
            "data.pagerduty_escalation_policy.default"
          ]
        }
      ]
    },
    {
      "mode": "managed",
      "type": "pagerduty_service",
      "name": "Twobsecure",
      "provider": "provider[\"registry.terraform.io/pagerduty/pagerduty\"]",
      "instances": [
        {
          "schema_version": 0,
          "attributes": {
            "acknowledgement_timeout": "1800",
            "alert_creation": "create_incidents",
            "alert_grouping": null,
            "alert_grouping_parameters": [],
            "alert_grouping_timeout": "null",
            "auto_pause_notifications_parameters": null,
            "auto_resolve_timeout": "14400",
            "created_at": "2023-02-26T17:27:40+02:00",
            "description": "Twobsecure (twobsecure)",
            "escalation_policy": "PQAH7SD",
            "html_url": "https://partner-webiscope.eu.pagerduty.com/service-directory/PNB8BL0",
            "id": "PNB8BL0",
            "incident_urgency_rule": [
              {
                "during_support_hours": [],
                "outside_support_hours": [],
                "type": "constant",
                "urgency": "high"
              }
            ],
            "last_incident_timestamp": "",
            "name": "Twobsecure",
            "response_play": null,
            "scheduled_actions": [],
            "status": "active",
            "support_hours": [],
            "type": "service"
          },
          "sensitive_attributes": [],
          "private": "bnVsbA==",
          "dependencies": [
            "data.pagerduty_escalation_policy.default"
          ]
        }
      ]
    },
    {
      "mode": "managed",
      "type": "pagerduty_service",
      "name": "Twobsecure02",
      "provider": "provider[\"registry.terraform.io/pagerduty/pagerduty\"]",
      "instances": [
        {
          "schema_version": 0,
          "attributes": {
            "acknowledgement_timeout": "1800",
            "alert_creation": "create_incidents",
            "alert_grouping": null,
            "alert_grouping_parameters": [],
            "alert_grouping_timeout": "null",
            "auto_pause_notifications_parameters": null,
            "auto_resolve_timeout": "14400",
            "created_at": "2023-02-26T17:27:55+02:00",
            "description": "Twobsecure02 (twobsecure02)",
            "escalation_policy": "PQAH7SD",
            "html_url": "https://partner-webiscope.eu.pagerduty.com/service-directory/PAODT0Q",
            "id": "PAODT0Q",
            "incident_urgency_rule": [
              {
                "during_support_hours": [],
                "outside_support_hours": [],
                "type": "constant",
                "urgency": "high"
              }
            ],
            "last_incident_timestamp": "",
            "name": "Twobsecure02",
            "response_play": null,
            "scheduled_actions": [],
            "status": "active",
            "support_hours": [],
            "type": "service"
          },
          "sensitive_attributes": [],
          "private": "bnVsbA==",
          "dependencies": [
            "data.pagerduty_escalation_policy.default"
          ]
        }
      ]
    },
    {
      "mode": "managed",
      "type": "pagerduty_service",
      "name": "Ubi",
      "provider": "provider[\"registry.terraform.io/pagerduty/pagerduty\"]",
      "instances": [
        {
          "schema_version": 0,
          "attributes": {
            "acknowledgement_timeout": "1800",
            "alert_creation": "create_incidents",
            "alert_grouping": null,
            "alert_grouping_parameters": [],
            "alert_grouping_timeout": "null",
            "auto_pause_notifications_parameters": null,
            "auto_resolve_timeout": "14400",
            "created_at": "2023-02-26T17:27:55+02:00",
            "description": "Ubi (ubi)",
            "escalation_policy": "PQAH7SD",
            "html_url": "https://partner-webiscope.eu.pagerduty.com/service-directory/PDL1TCD",
            "id": "PDL1TCD",
            "incident_urgency_rule": [
              {
                "during_support_hours": [],
                "outside_support_hours": [],
                "type": "constant",
                "urgency": "high"
              }
            ],
            "last_incident_timestamp": "",
            "name": "Ubi",
            "response_play": null,
            "scheduled_actions": [],
            "status": "active",
            "support_hours": [],
            "type": "service"
          },
          "sensitive_attributes": [],
          "private": "bnVsbA==",
          "dependencies": [
            "data.pagerduty_escalation_policy.default"
          ]
        }
      ]
    },
    {
      "mode": "managed",
      "type": "pagerduty_service",
      "name": "Umtb",
      "provider": "provider[\"registry.terraform.io/pagerduty/pagerduty\"]",
      "instances": [
        {
          "schema_version": 0,
          "attributes": {
            "acknowledgement_timeout": "1800",
            "alert_creation": "create_incidents",
            "alert_grouping": null,
            "alert_grouping_parameters": [],
            "alert_grouping_timeout": "null",
            "auto_pause_notifications_parameters": null,
            "auto_resolve_timeout": "14400",
            "created_at": "2023-02-26T17:27:41+02:00",
            "description": "Umtb (umtb)",
            "escalation_policy": "PQAH7SD",
            "html_url": "https://partner-webiscope.eu.pagerduty.com/service-directory/PICXA44",
            "id": "PICXA44",
            "incident_urgency_rule": [
              {
                "during_support_hours": [],
                "outside_support_hours": [],
                "type": "constant",
                "urgency": "high"
              }
            ],
            "last_incident_timestamp": "",
            "name": "Umtb",
            "response_play": null,
            "scheduled_actions": [],
            "status": "active",
            "support_hours": [],
            "type": "service"
          },
          "sensitive_attributes": [],
          "private": "bnVsbA==",
          "dependencies": [
            "data.pagerduty_escalation_policy.default"
          ]
        }
      ]
    },
    {
      "mode": "managed",
      "type": "pagerduty_service",
      "name": "Va2Devqvn57129192392208814",
      "provider": "provider[\"registry.terraform.io/pagerduty/pagerduty\"]",
      "instances": [
        {
          "schema_version": 0,
          "attributes": {
            "acknowledgement_timeout": "1800",
            "alert_creation": "create_incidents",
            "alert_grouping": null,
            "alert_grouping_parameters": [],
            "alert_grouping_timeout": "null",
            "auto_pause_notifications_parameters": null,
            "auto_resolve_timeout": "14400",
            "created_at": "2023-02-26T17:28:08+02:00",
            "description": "Va2Devqvn57129192392208814 (va2devqvn57129192392208814)",
            "escalation_policy": "PQAH7SD",
            "html_url": "https://partner-webiscope.eu.pagerduty.com/service-directory/PP03R9O",
            "id": "PP03R9O",
            "incident_urgency_rule": [
              {
                "during_support_hours": [],
                "outside_support_hours": [],
                "type": "constant",
                "urgency": "high"
              }
            ],
            "last_incident_timestamp": "",
            "name": "Va2Devqvn57129192392208814",
            "response_play": null,
            "scheduled_actions": [],
            "status": "active",
            "support_hours": [],
            "type": "service"
          },
          "sensitive_attributes": [],
          "private": "bnVsbA==",
          "dependencies": [
            "data.pagerduty_escalation_policy.default"
          ]
        }
      ]
    },
    {
      "mode": "managed",
      "type": "pagerduty_service",
      "name": "Va2Devqvnx6Mz0",
      "provider": "provider[\"registry.terraform.io/pagerduty/pagerduty\"]",
      "instances": [
        {
          "schema_version": 0,
          "attributes": {
            "acknowledgement_timeout": "1800",
            "alert_creation": "create_incidents",
            "alert_grouping": null,
            "alert_grouping_parameters": [],
            "alert_grouping_timeout": "null",
            "auto_pause_notifications_parameters": null,
            "auto_resolve_timeout": "14400",
            "created_at": "2023-02-26T17:27:17+02:00",
            "description": "Va2Devqvnx6Mz0 (va2devqvnx6mz0)",
            "escalation_policy": "PQAH7SD",
            "html_url": "https://partner-webiscope.eu.pagerduty.com/service-directory/PJA0ZR2",
            "id": "PJA0ZR2",
            "incident_urgency_rule": [
              {
                "during_support_hours": [],
                "outside_support_hours": [],
                "type": "constant",
                "urgency": "high"
              }
            ],
            "last_incident_timestamp": "",
            "name": "Va2Devqvnx6Mz0",
            "response_play": null,
            "scheduled_actions": [],
            "status": "active",
            "support_hours": [],
            "type": "service"
          },
          "sensitive_attributes": [],
          "private": "bnVsbA==",
          "dependencies": [
            "data.pagerduty_escalation_policy.default"
          ]
        }
      ]
    },
    {
      "mode": "managed",
      "type": "pagerduty_service",
      "name": "Va2Prodgisxiq15",
      "provider": "provider[\"registry.terraform.io/pagerduty/pagerduty\"]",
      "instances": [
        {
          "schema_version": 0,
          "attributes": {
            "acknowledgement_timeout": "1800",
            "alert_creation": "create_incidents",
            "alert_grouping": null,
            "alert_grouping_parameters": [],
            "alert_grouping_timeout": "null",
            "auto_pause_notifications_parameters": null,
            "auto_resolve_timeout": "14400",
            "created_at": "2023-02-26T17:27:09+02:00",
            "description": "Va2Prodgisxiq15 (va2prodgisxiq15)",
            "escalation_policy": "PQAH7SD",
            "html_url": "https://partner-webiscope.eu.pagerduty.com/service-directory/PMQ1NZN",
            "id": "PMQ1NZN",
            "incident_urgency_rule": [
              {
                "during_support_hours": [],
                "outside_support_hours": [],
                "type": "constant",
                "urgency": "high"
              }
            ],
            "last_incident_timestamp": "",
            "name": "Va2Prodgisxiq15",
            "response_play": null,
            "scheduled_actions": [],
            "status": "active",
            "support_hours": [],
            "type": "service"
          },
          "sensitive_attributes": [],
          "private": "bnVsbA==",
          "dependencies": [
            "data.pagerduty_escalation_policy.default"
          ]
        }
      ]
    },
    {
      "mode": "managed",
      "type": "pagerduty_service",
      "name": "Ventureslab",
      "provider": "provider[\"registry.terraform.io/pagerduty/pagerduty\"]",
      "instances": [
        {
          "schema_version": 0,
          "attributes": {
            "acknowledgement_timeout": "1800",
            "alert_creation": "create_incidents",
            "alert_grouping": null,
            "alert_grouping_parameters": [],
            "alert_grouping_timeout": "null",
            "auto_pause_notifications_parameters": null,
            "auto_resolve_timeout": "14400",
            "created_at": "2023-02-26T17:27:14+02:00",
            "description": "Ventureslab (ventureslab)",
            "escalation_policy": "PQAH7SD",
            "html_url": "https://partner-webiscope.eu.pagerduty.com/service-directory/P8AIGXA",
            "id": "P8AIGXA",
            "incident_urgency_rule": [
              {
                "during_support_hours": [],
                "outside_support_hours": [],
                "type": "constant",
                "urgency": "high"
              }
            ],
            "last_incident_timestamp": "",
            "name": "Ventureslab",
            "response_play": null,
            "scheduled_actions": [],
            "status": "active",
            "support_hours": [],
            "type": "service"
          },
          "sensitive_attributes": [],
          "private": "bnVsbA==",
          "dependencies": [
            "data.pagerduty_escalation_policy.default"
          ]
        }
      ]
    },
    {
      "mode": "managed",
      "type": "pagerduty_service",
      "name": "Via",
      "provider": "provider[\"registry.terraform.io/pagerduty/pagerduty\"]",
      "instances": [
        {
          "schema_version": 0,
          "attributes": {
            "acknowledgement_timeout": "1800",
            "alert_creation": "create_incidents",
            "alert_grouping": null,
            "alert_grouping_parameters": [],
            "alert_grouping_timeout": "null",
            "auto_pause_notifications_parameters": null,
            "auto_resolve_timeout": "14400",
            "created_at": "2023-02-26T17:27:12+02:00",
            "description": "Via (via)",
            "escalation_policy": "PQAH7SD",
            "html_url": "https://partner-webiscope.eu.pagerduty.com/service-directory/PESK35V",
            "id": "PESK35V",
            "incident_urgency_rule": [
              {
                "during_support_hours": [],
                "outside_support_hours": [],
                "type": "constant",
                "urgency": "high"
              }
            ],
            "last_incident_timestamp": "",
            "name": "Via",
            "response_play": null,
            "scheduled_actions": [],
            "status": "active",
            "support_hours": [],
            "type": "service"
          },
          "sensitive_attributes": [],
          "private": "bnVsbA==",
          "dependencies": [
            "data.pagerduty_escalation_policy.default"
          ]
        }
      ]
    },
    {
      "mode": "managed",
      "type": "pagerduty_service",
      "name": "Viaaus",
      "provider": "provider[\"registry.terraform.io/pagerduty/pagerduty\"]",
      "instances": [
        {
          "schema_version": 0,
          "attributes": {
            "acknowledgement_timeout": "1800",
            "alert_creation": "create_incidents",
            "alert_grouping": null,
            "alert_grouping_parameters": [],
            "alert_grouping_timeout": "null",
            "auto_pause_notifications_parameters": null,
            "auto_resolve_timeout": "14400",
            "created_at": "2023-02-26T17:27:28+02:00",
            "description": "Viaaus (viaaus)",
            "escalation_policy": "PQAH7SD",
            "html_url": "https://partner-webiscope.eu.pagerduty.com/service-directory/P7VAAIZ",
            "id": "P7VAAIZ",
            "incident_urgency_rule": [
              {
                "during_support_hours": [],
                "outside_support_hours": [],
                "type": "constant",
                "urgency": "high"
              }
            ],
            "last_incident_timestamp": "",
            "name": "Viaaus",
            "response_play": null,
            "scheduled_actions": [],
            "status": "active",
            "support_hours": [],
            "type": "service"
          },
          "sensitive_attributes": [],
          "private": "bnVsbA==",
          "dependencies": [
            "data.pagerduty_escalation_policy.default"
          ]
        }
      ]
    },
    {
      "mode": "managed",
      "type": "pagerduty_service",
      "name": "Viastg",
      "provider": "provider[\"registry.terraform.io/pagerduty/pagerduty\"]",
      "instances": [
        {
          "schema_version": 0,
          "attributes": {
            "acknowledgement_timeout": "1800",
            "alert_creation": "create_incidents",
            "alert_grouping": null,
            "alert_grouping_parameters": [],
            "alert_grouping_timeout": "null",
            "auto_pause_notifications_parameters": null,
            "auto_resolve_timeout": "14400",
            "created_at": "2023-02-26T17:27:13+02:00",
            "description": "Viastg (viastg)",
            "escalation_policy": "PQAH7SD",
            "html_url": "https://partner-webiscope.eu.pagerduty.com/service-directory/PL00LV6",
            "id": "PL00LV6",
            "incident_urgency_rule": [
              {
                "during_support_hours": [],
                "outside_support_hours": [],
                "type": "constant",
                "urgency": "high"
              }
            ],
            "last_incident_timestamp": "",
            "name": "Viastg",
            "response_play": null,
            "scheduled_actions": [],
            "status": "active",
            "support_hours": [],
            "type": "service"
          },
          "sensitive_attributes": [],
          "private": "bnVsbA==",
          "dependencies": [
            "data.pagerduty_escalation_policy.default"
          ]
        }
      ]
    },
    {
      "mode": "managed",
      "type": "pagerduty_service",
      "name": "Viatyo",
      "provider": "provider[\"registry.terraform.io/pagerduty/pagerduty\"]",
      "instances": [
        {
          "schema_version": 0,
          "attributes": {
            "acknowledgement_timeout": "1800",
            "alert_creation": "create_incidents",
            "alert_grouping": null,
            "alert_grouping_parameters": [],
            "alert_grouping_timeout": "null",
            "auto_pause_notifications_parameters": null,
            "auto_resolve_timeout": "14400",
            "created_at": "2023-02-26T17:27:38+02:00",
            "description": "Viatyo (viatyo)",
            "escalation_policy": "PQAH7SD",
            "html_url": "https://partner-webiscope.eu.pagerduty.com/service-directory/PZ7AK45",
            "id": "PZ7AK45",
            "incident_urgency_rule": [
              {
                "during_support_hours": [],
                "outside_support_hours": [],
                "type": "constant",
                "urgency": "high"
              }
            ],
            "last_incident_timestamp": "",
            "name": "Viatyo",
            "response_play": null,
            "scheduled_actions": [],
            "status": "active",
            "support_hours": [],
            "type": "service"
          },
          "sensitive_attributes": [],
          "private": "bnVsbA==",
          "dependencies": [
            "data.pagerduty_escalation_policy.default"
          ]
        }
      ]
    },
    {
      "mode": "managed",
      "type": "pagerduty_service",
      "name": "Virtis",
      "provider": "provider[\"registry.terraform.io/pagerduty/pagerduty\"]",
      "instances": [
        {
          "schema_version": 0,
          "attributes": {
            "acknowledgement_timeout": "1800",
            "alert_creation": "create_incidents",
            "alert_grouping": null,
            "alert_grouping_parameters": [],
            "alert_grouping_timeout": "null",
            "auto_pause_notifications_parameters": null,
            "auto_resolve_timeout": "14400",
            "created_at": "2023-02-26T17:27:45+02:00",
            "description": "Virtis (virtis)",
            "escalation_policy": "PQAH7SD",
            "html_url": "https://partner-webiscope.eu.pagerduty.com/service-directory/PDD9NNA",
            "id": "PDD9NNA",
            "incident_urgency_rule": [
              {
                "during_support_hours": [],
                "outside_support_hours": [],
                "type": "constant",
                "urgency": "high"
              }
            ],
            "last_incident_timestamp": "",
            "name": "Virtis",
            "response_play": null,
            "scheduled_actions": [],
            "status": "active",
            "support_hours": [],
            "type": "service"
          },
          "sensitive_attributes": [],
          "private": "bnVsbA==",
          "dependencies": [
            "data.pagerduty_escalation_policy.default"
          ]
        }
      ]
    },
    {
      "mode": "managed",
      "type": "pagerduty_service",
      "name": "Virtisus",
      "provider": "provider[\"registry.terraform.io/pagerduty/pagerduty\"]",
      "instances": [
        {
          "schema_version": 0,
          "attributes": {
            "acknowledgement_timeout": "1800",
            "alert_creation": "create_incidents",
            "alert_grouping": null,
            "alert_grouping_parameters": [],
            "alert_grouping_timeout": "null",
            "auto_pause_notifications_parameters": null,
            "auto_resolve_timeout": "14400",
            "created_at": "2023-02-26T17:27:02+02:00",
            "description": "Virtisus (virtisus)",
            "escalation_policy": "PQAH7SD",
            "html_url": "https://partner-webiscope.eu.pagerduty.com/service-directory/P2XUKHL",
            "id": "P2XUKHL",
            "incident_urgency_rule": [
              {
                "during_support_hours": [],
                "outside_support_hours": [],
                "type": "constant",
                "urgency": "high"
              }
            ],
            "last_incident_timestamp": "",
            "name": "Virtisus",
            "response_play": null,
            "scheduled_actions": [],
            "status": "active",
            "support_hours": [],
            "type": "service"
          },
          "sensitive_attributes": [],
          "private": "bnVsbA==",
          "dependencies": [
            "data.pagerduty_escalation_policy.default"
          ]
        }
      ]
    },
    {
      "mode": "managed",
      "type": "pagerduty_service",
      "name": "Wallashops",
      "provider": "provider[\"registry.terraform.io/pagerduty/pagerduty\"]",
      "instances": [
        {
          "schema_version": 0,
          "attributes": {
            "acknowledgement_timeout": "1800",
            "alert_creation": "create_incidents",
            "alert_grouping": null,
            "alert_grouping_parameters": [],
            "alert_grouping_timeout": "null",
            "auto_pause_notifications_parameters": null,
            "auto_resolve_timeout": "14400",
            "created_at": "2023-02-26T17:27:16+02:00",
            "description": "Wallashops (wallashops)",
            "escalation_policy": "PQAH7SD",
            "html_url": "https://partner-webiscope.eu.pagerduty.com/service-directory/PD2JE1R",
            "id": "PD2JE1R",
            "incident_urgency_rule": [
              {
                "during_support_hours": [],
                "outside_support_hours": [],
                "type": "constant",
                "urgency": "high"
              }
            ],
            "last_incident_timestamp": "",
            "name": "Wallashops",
            "response_play": null,
            "scheduled_actions": [],
            "status": "active",
            "support_hours": [],
            "type": "service"
          },
          "sensitive_attributes": [],
          "private": "bnVsbA==",
          "dependencies": [
            "data.pagerduty_escalation_policy.default"
          ]
        }
      ]
    },
    {
      "mode": "managed",
      "type": "pagerduty_service",
      "name": "Wallatours",
      "provider": "provider[\"registry.terraform.io/pagerduty/pagerduty\"]",
      "instances": [
        {
          "schema_version": 0,
          "attributes": {
            "acknowledgement_timeout": "1800",
            "alert_creation": "create_incidents",
            "alert_grouping": null,
            "alert_grouping_parameters": [],
            "alert_grouping_timeout": "null",
            "auto_pause_notifications_parameters": null,
            "auto_resolve_timeout": "14400",
            "created_at": "2023-02-26T17:28:03+02:00",
            "description": "Wallatours (wallatours)",
            "escalation_policy": "PQAH7SD",
            "html_url": "https://partner-webiscope.eu.pagerduty.com/service-directory/PITZGJ8",
            "id": "PITZGJ8",
            "incident_urgency_rule": [
              {
                "during_support_hours": [],
                "outside_support_hours": [],
                "type": "constant",
                "urgency": "high"
              }
            ],
            "last_incident_timestamp": "",
            "name": "Wallatours",
            "response_play": null,
            "scheduled_actions": [],
            "status": "active",
            "support_hours": [],
            "type": "service"
          },
          "sensitive_attributes": [],
          "private": "bnVsbA==",
          "dependencies": [
            "data.pagerduty_escalation_policy.default"
          ]
        }
      ]
    },
    {
      "mode": "managed",
      "type": "pagerduty_service",
      "name": "Waves",
      "provider": "provider[\"registry.terraform.io/pagerduty/pagerduty\"]",
      "instances": [
        {
          "schema_version": 0,
          "attributes": {
            "acknowledgement_timeout": "1800",
            "alert_creation": "create_incidents",
            "alert_grouping": null,
            "alert_grouping_parameters": [],
            "alert_grouping_timeout": "null",
            "auto_pause_notifications_parameters": null,
            "auto_resolve_timeout": "14400",
            "created_at": "2023-02-26T17:27:18+02:00",
            "description": "Waves (waves)",
            "escalation_policy": "PQAH7SD",
            "html_url": "https://partner-webiscope.eu.pagerduty.com/service-directory/PYF3X9M",
            "id": "PYF3X9M",
            "incident_urgency_rule": [
              {
                "during_support_hours": [],
                "outside_support_hours": [],
                "type": "constant",
                "urgency": "high"
              }
            ],
            "last_incident_timestamp": "",
            "name": "Waves",
            "response_play": null,
            "scheduled_actions": [],
            "status": "active",
            "support_hours": [],
            "type": "service"
          },
          "sensitive_attributes": [],
          "private": "bnVsbA==",
          "dependencies": [
            "data.pagerduty_escalation_policy.default"
          ]
        }
      ]
    },
    {
      "mode": "managed",
      "type": "pagerduty_service",
      "name": "Wavesuat",
      "provider": "provider[\"registry.terraform.io/pagerduty/pagerduty\"]",
      "instances": [
        {
          "schema_version": 0,
          "attributes": {
            "acknowledgement_timeout": "1800",
            "alert_creation": "create_incidents",
            "alert_grouping": null,
            "alert_grouping_parameters": [],
            "alert_grouping_timeout": "null",
            "auto_pause_notifications_parameters": null,
            "auto_resolve_timeout": "14400",
            "created_at": "2023-02-26T17:27:44+02:00",
            "description": "Wavesuat (wavesuat)",
            "escalation_policy": "PQAH7SD",
            "html_url": "https://partner-webiscope.eu.pagerduty.com/service-directory/PI12U22",
            "id": "PI12U22",
            "incident_urgency_rule": [
              {
                "during_support_hours": [],
                "outside_support_hours": [],
                "type": "constant",
                "urgency": "high"
              }
            ],
            "last_incident_timestamp": "",
            "name": "Wavesuat",
            "response_play": null,
            "scheduled_actions": [],
            "status": "active",
            "support_hours": [],
            "type": "service"
          },
          "sensitive_attributes": [],
          "private": "bnVsbA==",
          "dependencies": [
            "data.pagerduty_escalation_policy.default"
          ]
        }
      ]
    },
    {
      "mode": "managed",
      "type": "pagerduty_service",
      "name": "Wego",
      "provider": "provider[\"registry.terraform.io/pagerduty/pagerduty\"]",
      "instances": [
        {
          "schema_version": 0,
          "attributes": {
            "acknowledgement_timeout": "1800",
            "alert_creation": "create_incidents",
            "alert_grouping": null,
            "alert_grouping_parameters": [],
            "alert_grouping_timeout": "null",
            "auto_pause_notifications_parameters": null,
            "auto_resolve_timeout": "14400",
            "created_at": "2023-02-26T17:28:06+02:00",
            "description": "Wego (wego)",
            "escalation_policy": "PQAH7SD",
            "html_url": "https://partner-webiscope.eu.pagerduty.com/service-directory/PWK7YD3",
            "id": "PWK7YD3",
            "incident_urgency_rule": [
              {
                "during_support_hours": [],
                "outside_support_hours": [],
                "type": "constant",
                "urgency": "high"
              }
            ],
            "last_incident_timestamp": "",
            "name": "Wego",
            "response_play": null,
            "scheduled_actions": [],
            "status": "active",
            "support_hours": [],
            "type": "service"
          },
          "sensitive_attributes": [],
          "private": "bnVsbA==",
          "dependencies": [
            "data.pagerduty_escalation_policy.default"
          ]
        }
      ]
    },
    {
      "mode": "managed",
      "type": "pagerduty_service",
      "name": "Wellht",
      "provider": "provider[\"registry.terraform.io/pagerduty/pagerduty\"]",
      "instances": [
        {
          "schema_version": 0,
          "attributes": {
            "acknowledgement_timeout": "1800",
            "alert_creation": "create_incidents",
            "alert_grouping": null,
            "alert_grouping_parameters": [],
            "alert_grouping_timeout": "null",
            "auto_pause_notifications_parameters": null,
            "auto_resolve_timeout": "14400",
            "created_at": "2023-02-26T17:27:04+02:00",
            "description": "Wellht (wellht)",
            "escalation_policy": "PQAH7SD",
            "html_url": "https://partner-webiscope.eu.pagerduty.com/service-directory/PH5KEQD",
            "id": "PH5KEQD",
            "incident_urgency_rule": [
              {
                "during_support_hours": [],
                "outside_support_hours": [],
                "type": "constant",
                "urgency": "high"
              }
            ],
            "last_incident_timestamp": "",
            "name": "Wellht",
            "response_play": null,
            "scheduled_actions": [],
            "status": "active",
            "support_hours": [],
            "type": "service"
          },
          "sensitive_attributes": [],
          "private": "bnVsbA==",
          "dependencies": [
            "data.pagerduty_escalation_policy.default"
          ]
        }
      ]
    },
    {
      "mode": "managed",
      "type": "pagerduty_service",
      "name": "Wesure",
      "provider": "provider[\"registry.terraform.io/pagerduty/pagerduty\"]",
      "instances": [
        {
          "schema_version": 0,
          "attributes": {
            "acknowledgement_timeout": "1800",
            "alert_creation": "create_incidents",
            "alert_grouping": null,
            "alert_grouping_parameters": [],
            "alert_grouping_timeout": "null",
            "auto_pause_notifications_parameters": null,
            "auto_resolve_timeout": "14400",
            "created_at": "2023-02-26T17:27:18+02:00",
            "description": "Wesure (wesure)",
            "escalation_policy": "PQAH7SD",
            "html_url": "https://partner-webiscope.eu.pagerduty.com/service-directory/PV5FWXZ",
            "id": "PV5FWXZ",
            "incident_urgency_rule": [
              {
                "during_support_hours": [],
                "outside_support_hours": [],
                "type": "constant",
                "urgency": "high"
              }
            ],
            "last_incident_timestamp": "",
            "name": "Wesure",
            "response_play": null,
            "scheduled_actions": [],
            "status": "active",
            "support_hours": [],
            "type": "service"
          },
          "sensitive_attributes": [],
          "private": "bnVsbA==",
          "dependencies": [
            "data.pagerduty_escalation_policy.default"
          ]
        }
      ]
    },
    {
      "mode": "managed",
      "type": "pagerduty_service",
      "name": "Wesureusa",
      "provider": "provider[\"registry.terraform.io/pagerduty/pagerduty\"]",
      "instances": [
        {
          "schema_version": 0,
          "attributes": {
            "acknowledgement_timeout": "1800",
            "alert_creation": "create_incidents",
            "alert_grouping": null,
            "alert_grouping_parameters": [],
            "alert_grouping_timeout": "null",
            "auto_pause_notifications_parameters": null,
            "auto_resolve_timeout": "14400",
            "created_at": "2023-02-26T17:28:00+02:00",
            "description": "Wesureusa (wesureusa)",
            "escalation_policy": "PQAH7SD",
            "html_url": "https://partner-webiscope.eu.pagerduty.com/service-directory/P3I70QT",
            "id": "P3I70QT",
            "incident_urgency_rule": [
              {
                "during_support_hours": [],
                "outside_support_hours": [],
                "type": "constant",
                "urgency": "high"
              }
            ],
            "last_incident_timestamp": "",
            "name": "Wesureusa",
            "response_play": null,
            "scheduled_actions": [],
            "status": "active",
            "support_hours": [],
            "type": "service"
          },
          "sensitive_attributes": [],
          "private": "bnVsbA==",
          "dependencies": [
            "data.pagerduty_escalation_policy.default"
          ]
        }
      ]
    },
    {
      "mode": "managed",
      "type": "pagerduty_service",
      "name": "Wisp",
      "provider": "provider[\"registry.terraform.io/pagerduty/pagerduty\"]",
      "instances": [
        {
          "schema_version": 0,
          "attributes": {
            "acknowledgement_timeout": "1800",
            "alert_creation": "create_incidents",
            "alert_grouping": null,
            "alert_grouping_parameters": [],
            "alert_grouping_timeout": "null",
            "auto_pause_notifications_parameters": null,
            "auto_resolve_timeout": "14400",
            "created_at": "2023-02-26T17:27:16+02:00",
            "description": "Wisp (wisp)",
            "escalation_policy": "PQAH7SD",
            "html_url": "https://partner-webiscope.eu.pagerduty.com/service-directory/P7MQAVY",
            "id": "P7MQAVY",
            "incident_urgency_rule": [
              {
                "during_support_hours": [],
                "outside_support_hours": [],
                "type": "constant",
                "urgency": "high"
              }
            ],
            "last_incident_timestamp": "",
            "name": "Wisp",
            "response_play": null,
            "scheduled_actions": [],
            "status": "active",
            "support_hours": [],
            "type": "service"
          },
          "sensitive_attributes": [],
          "private": "bnVsbA==",
          "dependencies": [
            "data.pagerduty_escalation_policy.default"
          ]
        }
      ]
    },
    {
      "mode": "managed",
      "type": "pagerduty_service",
      "name": "Wobi",
      "provider": "provider[\"registry.terraform.io/pagerduty/pagerduty\"]",
      "instances": [
        {
          "schema_version": 0,
          "attributes": {
            "acknowledgement_timeout": "1800",
            "alert_creation": "create_incidents",
            "alert_grouping": null,
            "alert_grouping_parameters": [],
            "alert_grouping_timeout": "null",
            "auto_pause_notifications_parameters": null,
            "auto_resolve_timeout": "14400",
            "created_at": "2023-02-26T17:27:06+02:00",
            "description": "Wobi (wobi)",
            "escalation_policy": "PQAH7SD",
            "html_url": "https://partner-webiscope.eu.pagerduty.com/service-directory/P7EYU3V",
            "id": "P7EYU3V",
            "incident_urgency_rule": [
              {
                "during_support_hours": [],
                "outside_support_hours": [],
                "type": "constant",
                "urgency": "high"
              }
            ],
            "last_incident_timestamp": "",
            "name": "Wobi",
            "response_play": null,
            "scheduled_actions": [],
            "status": "active",
            "support_hours": [],
            "type": "service"
          },
          "sensitive_attributes": [],
          "private": "bnVsbA==",
          "dependencies": [
            "data.pagerduty_escalation_policy.default"
          ]
        }
      ]
    },
    {
      "mode": "managed",
      "type": "pagerduty_service",
      "name": "Wscsports",
      "provider": "provider[\"registry.terraform.io/pagerduty/pagerduty\"]",
      "instances": [
        {
          "schema_version": 0,
          "attributes": {
            "acknowledgement_timeout": "1800",
            "alert_creation": "create_incidents",
            "alert_grouping": null,
            "alert_grouping_parameters": [],
            "alert_grouping_timeout": "null",
            "auto_pause_notifications_parameters": null,
            "auto_resolve_timeout": "14400",
            "created_at": "2023-02-26T17:27:49+02:00",
            "description": "Wscsports (wscsports)",
            "escalation_policy": "PQAH7SD",
            "html_url": "https://partner-webiscope.eu.pagerduty.com/service-directory/PFMWLIJ",
            "id": "PFMWLIJ",
            "incident_urgency_rule": [
              {
                "during_support_hours": [],
                "outside_support_hours": [],
                "type": "constant",
                "urgency": "high"
              }
            ],
            "last_incident_timestamp": "",
            "name": "Wscsports",
            "response_play": null,
            "scheduled_actions": [],
            "status": "active",
            "support_hours": [],
            "type": "service"
          },
          "sensitive_attributes": [],
          "private": "bnVsbA==",
          "dependencies": [
            "data.pagerduty_escalation_policy.default"
          ]
        }
      ]
    },
    {
      "mode": "managed",
      "type": "pagerduty_service",
      "name": "Xnes",
      "provider": "provider[\"registry.terraform.io/pagerduty/pagerduty\"]",
      "instances": [
        {
          "schema_version": 0,
          "attributes": {
            "acknowledgement_timeout": "1800",
            "alert_creation": "create_incidents",
            "alert_grouping": null,
            "alert_grouping_parameters": [],
            "alert_grouping_timeout": "null",
            "auto_pause_notifications_parameters": null,
            "auto_resolve_timeout": "14400",
            "created_at": "2023-02-26T17:28:05+02:00",
            "description": "Xnes (xnes)",
            "escalation_policy": "PQAH7SD",
            "html_url": "https://partner-webiscope.eu.pagerduty.com/service-directory/PLRSBWW",
            "id": "PLRSBWW",
            "incident_urgency_rule": [
              {
                "during_support_hours": [],
                "outside_support_hours": [],
                "type": "constant",
                "urgency": "high"
              }
            ],
            "last_incident_timestamp": "",
            "name": "Xnes",
            "response_play": null,
            "scheduled_actions": [],
            "status": "active",
            "support_hours": [],
            "type": "service"
          },
          "sensitive_attributes": [],
          "private": "bnVsbA==",
          "dependencies": [
            "data.pagerduty_escalation_policy.default"
          ]
        }
      ]
    },
    {
      "mode": "managed",
      "type": "pagerduty_service",
      "name": "Yarkon",
      "provider": "provider[\"registry.terraform.io/pagerduty/pagerduty\"]",
      "instances": [
        {
          "schema_version": 0,
          "attributes": {
            "acknowledgement_timeout": "1800",
            "alert_creation": "create_incidents",
            "alert_grouping": null,
            "alert_grouping_parameters": [],
            "alert_grouping_timeout": "null",
            "auto_pause_notifications_parameters": null,
            "auto_resolve_timeout": "14400",
            "created_at": "2023-02-26T17:27:02+02:00",
            "description": "Yarkon (yarkon)",
            "escalation_policy": "PQAH7SD",
            "html_url": "https://partner-webiscope.eu.pagerduty.com/service-directory/PTQ7HZP",
            "id": "PTQ7HZP",
            "incident_urgency_rule": [
              {
                "during_support_hours": [],
                "outside_support_hours": [],
                "type": "constant",
                "urgency": "high"
              }
            ],
            "last_incident_timestamp": "",
            "name": "Yarkon",
            "response_play": null,
            "scheduled_actions": [],
            "status": "active",
            "support_hours": [],
            "type": "service"
          },
          "sensitive_attributes": [],
          "private": "bnVsbA==",
          "dependencies": [
            "data.pagerduty_escalation_policy.default"
          ]
        }
      ]
    },
    {
      "mode": "managed",
      "type": "pagerduty_service",
      "name": "Zegna",
      "provider": "provider[\"registry.terraform.io/pagerduty/pagerduty\"]",
      "instances": [
        {
          "schema_version": 0,
          "attributes": {
            "acknowledgement_timeout": "1800",
            "alert_creation": "create_incidents",
            "alert_grouping": null,
            "alert_grouping_parameters": [],
            "alert_grouping_timeout": "null",
            "auto_pause_notifications_parameters": null,
            "auto_resolve_timeout": "14400",
            "created_at": "2023-02-26T17:27:10+02:00",
            "description": "Zegna (zegna)",
            "escalation_policy": "PQAH7SD",
            "html_url": "https://partner-webiscope.eu.pagerduty.com/service-directory/P6RY4MR",
            "id": "P6RY4MR",
            "incident_urgency_rule": [
              {
                "during_support_hours": [],
                "outside_support_hours": [],
                "type": "constant",
                "urgency": "high"
              }
            ],
            "last_incident_timestamp": "",
            "name": "Zegna",
            "response_play": null,
            "scheduled_actions": [],
            "status": "active",
            "support_hours": [],
            "type": "service"
          },
          "sensitive_attributes": [],
          "private": "bnVsbA==",
          "dependencies": [
            "data.pagerduty_escalation_policy.default"
          ]
        }
      ]
    },
    {
      "mode": "managed",
      "type": "pagerduty_service",
      "name": "Zegnarow",
      "provider": "provider[\"registry.terraform.io/pagerduty/pagerduty\"]",
      "instances": [
        {
          "schema_version": 0,
          "attributes": {
            "acknowledgement_timeout": "1800",
            "alert_creation": "create_incidents",
            "alert_grouping": null,
            "alert_grouping_parameters": [],
            "alert_grouping_timeout": "null",
            "auto_pause_notifications_parameters": null,
            "auto_resolve_timeout": "14400",
            "created_at": "2023-02-26T17:27:30+02:00",
            "description": "Zegnarow (zegnarow)",
            "escalation_policy": "PQAH7SD",
            "html_url": "https://partner-webiscope.eu.pagerduty.com/service-directory/P37HU47",
            "id": "P37HU47",
            "incident_urgency_rule": [
              {
                "during_support_hours": [],
                "outside_support_hours": [],
                "type": "constant",
                "urgency": "high"
              }
            ],
            "last_incident_timestamp": "",
            "name": "Zegnarow",
            "response_play": null,
            "scheduled_actions": [],
            "status": "active",
            "support_hours": [],
            "type": "service"
          },
          "sensitive_attributes": [],
          "private": "bnVsbA==",
          "dependencies": [
            "data.pagerduty_escalation_policy.default"
          ]
        }
      ]
    },
    {
      "mode": "managed",
      "type": "pagerduty_service",
      "name": "Zimmer",
      "provider": "provider[\"registry.terraform.io/pagerduty/pagerduty\"]",
      "instances": [
        {
          "schema_version": 0,
          "attributes": {
            "acknowledgement_timeout": "1800",
            "alert_creation": "create_incidents",
            "alert_grouping": null,
            "alert_grouping_parameters": [],
            "alert_grouping_timeout": "null",
            "auto_pause_notifications_parameters": null,
            "auto_resolve_timeout": "14400",
            "created_at": "2023-02-26T17:27:46+02:00",
            "description": "Zimmer (zimmer)",
            "escalation_policy": "PQAH7SD",
            "html_url": "https://partner-webiscope.eu.pagerduty.com/service-directory/PA3L9YN",
            "id": "PA3L9YN",
            "incident_urgency_rule": [
              {
                "during_support_hours": [],
                "outside_support_hours": [],
                "type": "constant",
                "urgency": "high"
              }
            ],
            "last_incident_timestamp": "",
            "name": "Zimmer",
            "response_play": null,
            "scheduled_actions": [],
            "status": "active",
            "support_hours": [],
            "type": "service"
          },
          "sensitive_attributes": [],
          "private": "bnVsbA==",
          "dependencies": [
            "data.pagerduty_escalation_policy.default"
          ]
        }
      ]
    },
    {
      "mode": "managed",
      "type": "pagerduty_service",
      "name": "Zoomanalytics",
      "provider": "provider[\"registry.terraform.io/pagerduty/pagerduty\"]",
      "instances": [
        {
          "schema_version": 0,
          "attributes": {
            "acknowledgement_timeout": "1800",
            "alert_creation": "create_incidents",
            "alert_grouping": null,
            "alert_grouping_parameters": [],
            "alert_grouping_timeout": "null",
            "auto_pause_notifications_parameters": null,
            "auto_resolve_timeout": "14400",
            "created_at": "2023-02-26T17:27:28+02:00",
            "description": "Zoomanalytics (zoomanalytics)",
            "escalation_policy": "PQAH7SD",
            "html_url": "https://partner-webiscope.eu.pagerduty.com/service-directory/PYMIDC2",
            "id": "PYMIDC2",
            "incident_urgency_rule": [
              {
                "during_support_hours": [],
                "outside_support_hours": [],
                "type": "constant",
                "urgency": "high"
              }
            ],
            "last_incident_timestamp": "",
            "name": "Zoomanalytics",
            "response_play": null,
            "scheduled_actions": [],
            "status": "active",
            "support_hours": [],
            "type": "service"
          },
          "sensitive_attributes": [],
          "private": "bnVsbA==",
          "dependencies": [
            "data.pagerduty_escalation_policy.default"
          ]
        }
      ]
    }
  ],
  "check_results": null
}
