{
  "version": 4,
  "terraform_version": "1.3.6",
  "serial": 7,
  "lineage": "10c1af50-7585-d322-42b2-c60f26af82b7",
  "outputs": {},
  "resources": [
    {
      "mode": "data",
      "type": "pagerduty_escalation_policy",
      "name": "code_red",
      "provider": "provider[\"registry.terraform.io/pagerduty/pagerduty\"]",
      "instances": [
        {
          "schema_version": 0,
          "attributes": {
            "id": "P9JET1K",
            "name": "Code Red"
          },
          "sensitive_attributes": []
        }
      ]
    },
    {
      "mode": "data",
      "type": "pagerduty_escalation_policy",
      "name": "default",
      "provider": "provider[\"registry.terraform.io/pagerduty/pagerduty\"]",
      "instances": [
        {
          "schema_version": 0,
          "attributes": {
            "id": "PQAH7SD",
            "name": "Default"
          },
          "sensitive_attributes": []
        }
      ]
    },
    {
      "mode": "data",
      "type": "pagerduty_service",
      "name": "devops",
      "provider": "provider[\"registry.terraform.io/pagerduty/pagerduty\"]",
      "instances": [
        {
          "schema_version": 0,
          "attributes": {
            "id": "PQ5NTX1",
            "name": "Devops",
            "type": "service"
          },
          "sensitive_attributes": []
        }
      ]
    },
    {
      "mode": "managed",
      "type": "pagerduty_event_orchestration",
      "name": "devops",
      "provider": "provider[\"registry.terraform.io/pagerduty/pagerduty\"]",
      "instances": [
        {
          "schema_version": 0,
          "attributes": {
            "description": "Send events from DevOps to a list of services",
            "id": "5dc9f20a-0399-4ae5-b807-890480c29d0b",
            "integration": [
              {
                "id": "817cef58-7fb0-44c0-81af-cf598fa91be4",
                "parameters": [
                  {
                    "routing_key": "R03DRIS0VF3NN7IRNM8RF8LE5D0E1OPL",
                    "type": "global"
                  }
                ]
              }
            ],
            "name": "Devops",
            "routes": 0,
            "team": null
          },
          "sensitive_attributes": [],
          "private": "bnVsbA=="
        }
      ]
    },
    {
      "mode": "managed",
      "type": "pagerduty_service",
      "name": "ace",
      "provider": "provider[\"registry.terraform.io/pagerduty/pagerduty\"]",
      "instances": [
        {
          "schema_version": 0,
          "attributes": {
            "acknowledgement_timeout": "1800",
            "alert_creation": "create_incidents",
            "alert_grouping": null,
            "alert_grouping_parameters": [],
            "alert_grouping_timeout": "null",
            "auto_pause_notifications_parameters": null,
            "auto_resolve_timeout": "14400",
            "created_at": "2023-02-24T08:57:37+02:00",
            "description": "Ace (ace)",
            "escalation_policy": "PQAH7SD",
            "html_url": "https://partner-webiscope.eu.pagerduty.com/service-directory/PG2UDHZ",
            "id": "PG2UDHZ",
            "incident_urgency_rule": [
              {
                "during_support_hours": [],
                "outside_support_hours": [],
                "type": "constant",
                "urgency": "high"
              }
            ],
            "last_incident_timestamp": "",
            "name": "Ace",
            "response_play": null,
            "scheduled_actions": [],
            "status": "active",
            "support_hours": [],
            "type": "service"
          },
          "sensitive_attributes": [],
          "private": "bnVsbA==",
          "dependencies": [
            "data.pagerduty_escalation_policy.default"
          ]
        }
      ]
    },
    {
      "mode": "managed",
      "type": "pagerduty_service",
      "name": "adama",
      "provider": "provider[\"registry.terraform.io/pagerduty/pagerduty\"]",
      "instances": [
        {
          "schema_version": 0,
          "attributes": {
            "acknowledgement_timeout": "1800",
            "alert_creation": "create_incidents",
            "alert_grouping": null,
            "alert_grouping_parameters": [],
            "alert_grouping_timeout": "null",
            "auto_pause_notifications_parameters": null,
            "auto_resolve_timeout": "14400",
            "created_at": "2023-02-24T08:57:37+02:00",
            "description": "Adama (adama)",
            "escalation_policy": "PQAH7SD",
            "html_url": "https://partner-webiscope.eu.pagerduty.com/service-directory/PJBFEWM",
            "id": "PJBFEWM",
            "incident_urgency_rule": [
              {
                "during_support_hours": [],
                "outside_support_hours": [],
                "type": "constant",
                "urgency": "high"
              }
            ],
            "last_incident_timestamp": "",
            "name": "Adama",
            "response_play": null,
            "scheduled_actions": [],
            "status": "active",
            "support_hours": [],
            "type": "service"
          },
          "sensitive_attributes": [],
          "private": "bnVsbA==",
          "dependencies": [
            "data.pagerduty_escalation_policy.default"
          ]
        }
      ]
    },
    {
      "mode": "managed",
      "type": "pagerduty_service",
      "name": "adtorqueedge",
      "provider": "provider[\"registry.terraform.io/pagerduty/pagerduty\"]",
      "instances": [
        {
          "schema_version": 0,
          "attributes": {
            "acknowledgement_timeout": "1800",
            "alert_creation": "create_incidents",
            "alert_grouping": null,
            "alert_grouping_parameters": [],
            "alert_grouping_timeout": "null",
            "auto_pause_notifications_parameters": null,
            "auto_resolve_timeout": "14400",
            "created_at": "2023-02-24T08:57:37+02:00",
            "description": "AdTorqueEdge.com (adtorqueedge)",
            "escalation_policy": "PQAH7SD",
            "html_url": "https://partner-webiscope.eu.pagerduty.com/service-directory/P4RHEM5",
            "id": "P4RHEM5",
            "incident_urgency_rule": [
              {
                "during_support_hours": [],
                "outside_support_hours": [],
                "type": "constant",
                "urgency": "high"
              }
            ],
            "last_incident_timestamp": "",
            "name": "AdTorqueEdge.com",
            "response_play": null,
            "scheduled_actions": [],
            "status": "active",
            "support_hours": [],
            "type": "service"
          },
          "sensitive_attributes": [],
          "private": "bnVsbA==",
          "dependencies": [
            "data.pagerduty_escalation_policy.default"
          ]
        }
      ]
    },
    {
      "mode": "managed",
      "type": "pagerduty_service",
      "name": "aerolineas",
      "provider": "provider[\"registry.terraform.io/pagerduty/pagerduty\"]",
      "instances": [
        {
          "schema_version": 0,
          "attributes": {
            "acknowledgement_timeout": "1800",
            "alert_creation": "create_incidents",
            "alert_grouping": null,
            "alert_grouping_parameters": [],
            "alert_grouping_timeout": "null",
            "auto_pause_notifications_parameters": null,
            "auto_resolve_timeout": "14400",
            "created_at": "2023-02-24T08:57:37+02:00",
            "description": "AeroLines (aerolineas)",
            "escalation_policy": "PQAH7SD",
            "html_url": "https://partner-webiscope.eu.pagerduty.com/service-directory/P0FWE9F",
            "id": "P0FWE9F",
            "incident_urgency_rule": [
              {
                "during_support_hours": [],
                "outside_support_hours": [],
                "type": "constant",
                "urgency": "high"
              }
            ],
            "last_incident_timestamp": "",
            "name": "AeroLines",
            "response_play": null,
            "scheduled_actions": [],
            "status": "active",
            "support_hours": [],
            "type": "service"
          },
          "sensitive_attributes": [],
          "private": "bnVsbA==",
          "dependencies": [
            "data.pagerduty_escalation_policy.default"
          ]
        }
      ]
    }
  ],
  "check_results": null
}
